=== RUN   TestTerraformComputedRulesExample
TestTerraformComputedRulesExample 2022-08-26T22:30:25Z retry.go:91: terraform [init -upgrade=false]
TestTerraformComputedRulesExample 2022-08-26T22:30:25Z logger.go:66: Running command terraform with args [init -upgrade=false]
TestTerraformComputedRulesExample 2022-08-26T22:30:26Z logger.go:66: [0m[1mInitializing modules...[0m
TestTerraformComputedRulesExample 2022-08-26T22:30:26Z logger.go:66:
TestTerraformComputedRulesExample 2022-08-26T22:30:26Z logger.go:66: [0m[1mInitializing the backend...[0m
TestTerraformComputedRulesExample 2022-08-26T22:30:27Z logger.go:66:
TestTerraformComputedRulesExample 2022-08-26T22:30:27Z logger.go:66: [0m[1mInitializing provider plugins...[0m
TestTerraformComputedRulesExample 2022-08-26T22:30:27Z logger.go:66: - Reusing previous version of hashicorp/aws from the dependency lock file
TestTerraformComputedRulesExample 2022-08-26T22:30:28Z logger.go:66: - Using previously-installed hashicorp/aws v4.27.0
TestTerraformComputedRulesExample 2022-08-26T22:30:28Z logger.go:66:
TestTerraformComputedRulesExample 2022-08-26T22:30:28Z logger.go:66: [0m[1m[32mTerraform has been successfully initialized![0m[32m[0m
TestTerraformComputedRulesExample 2022-08-26T22:30:28Z logger.go:66: [0m[32m
TestTerraformComputedRulesExample 2022-08-26T22:30:28Z logger.go:66: You may now begin working with Terraform. Try running "terraform plan" to see
TestTerraformComputedRulesExample 2022-08-26T22:30:28Z logger.go:66: any changes that are required for your infrastructure. All Terraform commands
TestTerraformComputedRulesExample 2022-08-26T22:30:28Z logger.go:66: should now work.
TestTerraformComputedRulesExample 2022-08-26T22:30:28Z logger.go:66:
TestTerraformComputedRulesExample 2022-08-26T22:30:28Z logger.go:66: If you ever set or change modules or backend configuration for Terraform,
TestTerraformComputedRulesExample 2022-08-26T22:30:28Z logger.go:66: rerun this command to reinitialize your working directory. If you forget, other
TestTerraformComputedRulesExample 2022-08-26T22:30:28Z logger.go:66: commands will detect it and remind you to do so if necessary.[0m
TestTerraformComputedRulesExample 2022-08-26T22:30:28Z retry.go:91: terraform [apply -input=false -auto-approve -no-color -lock=false]
TestTerraformComputedRulesExample 2022-08-26T22:30:28Z logger.go:66: Running command terraform with args [apply -input=false -auto-approve -no-color -lock=false]
TestTerraformComputedRulesExample 2022-08-26T22:30:31Z logger.go:66: data.aws_vpc.default: Reading...
TestTerraformComputedRulesExample 2022-08-26T22:30:31Z logger.go:66: data.aws_vpc.default: Read complete after 1s [id=vpc-11111111]
TestTerraformComputedRulesExample 2022-08-26T22:30:32Z logger.go:66:
TestTerraformComputedRulesExample 2022-08-26T22:30:32Z logger.go:66: Terraform used the selected providers to generate the following execution
TestTerraformComputedRulesExample 2022-08-26T22:30:32Z logger.go:66: plan. Resource actions are indicated with the following symbols:
TestTerraformComputedRulesExample 2022-08-26T22:30:32Z logger.go:66:   + create
TestTerraformComputedRulesExample 2022-08-26T22:30:32Z logger.go:66:
TestTerraformComputedRulesExample 2022-08-26T22:30:32Z logger.go:66: Terraform will perform the following actions:
TestTerraformComputedRulesExample 2022-08-26T22:30:32Z logger.go:66:
TestTerraformComputedRulesExample 2022-08-26T22:30:32Z logger.go:66:   # aws_ec2_managed_prefix_list.other will be created
TestTerraformComputedRulesExample 2022-08-26T22:30:32Z logger.go:66:   + resource "aws_ec2_managed_prefix_list" "other" {
TestTerraformComputedRulesExample 2022-08-26T22:30:32Z logger.go:66:       + address_family = "IPv4"
TestTerraformComputedRulesExample 2022-08-26T22:30:32Z logger.go:66:       + arn            = (known after apply)
TestTerraformComputedRulesExample 2022-08-26T22:30:32Z logger.go:66:       + id             = (known after apply)
TestTerraformComputedRulesExample 2022-08-26T22:30:32Z logger.go:66:       + max_entries    = 5
TestTerraformComputedRulesExample 2022-08-26T22:30:32Z logger.go:66:       + name           = "ex-computed-rules-other"
TestTerraformComputedRulesExample 2022-08-26T22:30:32Z logger.go:66:       + owner_id       = (known after apply)
TestTerraformComputedRulesExample 2022-08-26T22:30:32Z logger.go:66:       + tags_all       = {
TestTerraformComputedRulesExample 2022-08-26T22:30:32Z logger.go:66:           + "Example"    = "ex-computed-rules"
TestTerraformComputedRulesExample 2022-08-26T22:30:32Z logger.go:66:           + "GithubOrg"  = "aidanmelen"
TestTerraformComputedRulesExample 2022-08-26T22:30:32Z logger.go:66:           + "GithubRepo" = "terraform-aws-security-group"
TestTerraformComputedRulesExample 2022-08-26T22:30:32Z logger.go:66:         }
TestTerraformComputedRulesExample 2022-08-26T22:30:32Z logger.go:66:       + version        = (known after apply)
TestTerraformComputedRulesExample 2022-08-26T22:30:32Z logger.go:66:
TestTerraformComputedRulesExample 2022-08-26T22:30:32Z logger.go:66:       + entry {
TestTerraformComputedRulesExample 2022-08-26T22:30:32Z logger.go:66:           + cidr        = "172.31.0.0/16"
TestTerraformComputedRulesExample 2022-08-26T22:30:32Z logger.go:66:           + description = "Primary"
TestTerraformComputedRulesExample 2022-08-26T22:30:32Z logger.go:66:         }
TestTerraformComputedRulesExample 2022-08-26T22:30:32Z logger.go:66:     }
TestTerraformComputedRulesExample 2022-08-26T22:30:32Z logger.go:66:
TestTerraformComputedRulesExample 2022-08-26T22:30:32Z logger.go:66:   # aws_security_group.other will be created
TestTerraformComputedRulesExample 2022-08-26T22:30:32Z logger.go:66:   + resource "aws_security_group" "other" {
TestTerraformComputedRulesExample 2022-08-26T22:30:32Z logger.go:66:       + arn                    = (known after apply)
TestTerraformComputedRulesExample 2022-08-26T22:30:32Z logger.go:66:       + description            = "ex-computed-rules-other"
TestTerraformComputedRulesExample 2022-08-26T22:30:32Z logger.go:66:       + egress                 = (known after apply)
TestTerraformComputedRulesExample 2022-08-26T22:30:32Z logger.go:66:       + id                     = (known after apply)
TestTerraformComputedRulesExample 2022-08-26T22:30:32Z logger.go:66:       + ingress                = (known after apply)
TestTerraformComputedRulesExample 2022-08-26T22:30:32Z logger.go:66:       + name                   = "ex-computed-rules-other"
TestTerraformComputedRulesExample 2022-08-26T22:30:32Z logger.go:66:       + name_prefix            = (known after apply)
TestTerraformComputedRulesExample 2022-08-26T22:30:32Z logger.go:66:       + owner_id               = (known after apply)
TestTerraformComputedRulesExample 2022-08-26T22:30:32Z logger.go:66:       + revoke_rules_on_delete = false
TestTerraformComputedRulesExample 2022-08-26T22:30:32Z logger.go:66:       + tags                   = {
TestTerraformComputedRulesExample 2022-08-26T22:30:32Z logger.go:66:           + "Name" = "ex-computed-rules-other"
TestTerraformComputedRulesExample 2022-08-26T22:30:32Z logger.go:66:         }
TestTerraformComputedRulesExample 2022-08-26T22:30:32Z logger.go:66:       + tags_all               = {
TestTerraformComputedRulesExample 2022-08-26T22:30:32Z logger.go:66:           + "Example"    = "ex-computed-rules"
TestTerraformComputedRulesExample 2022-08-26T22:30:32Z logger.go:66:           + "GithubOrg"  = "aidanmelen"
TestTerraformComputedRulesExample 2022-08-26T22:30:32Z logger.go:66:           + "GithubRepo" = "terraform-aws-security-group"
TestTerraformComputedRulesExample 2022-08-26T22:30:32Z logger.go:66:           + "Name"       = "ex-computed-rules-other"
TestTerraformComputedRulesExample 2022-08-26T22:30:32Z logger.go:66:         }
TestTerraformComputedRulesExample 2022-08-26T22:30:32Z logger.go:66:       + vpc_id                 = "vpc-11111111"
TestTerraformComputedRulesExample 2022-08-26T22:30:32Z logger.go:66:     }
TestTerraformComputedRulesExample 2022-08-26T22:30:32Z logger.go:66:
TestTerraformComputedRulesExample 2022-08-26T22:30:32Z logger.go:66:   # module.sg.aws_security_group.self[0] will be created
TestTerraformComputedRulesExample 2022-08-26T22:30:32Z logger.go:66:   + resource "aws_security_group" "self" {
TestTerraformComputedRulesExample 2022-08-26T22:30:32Z logger.go:66:       + arn                    = (known after apply)
TestTerraformComputedRulesExample 2022-08-26T22:30:32Z logger.go:66:       + description            = "ex-computed-rules"
TestTerraformComputedRulesExample 2022-08-26T22:30:32Z logger.go:66:       + egress                 = (known after apply)
TestTerraformComputedRulesExample 2022-08-26T22:30:32Z logger.go:66:       + id                     = (known after apply)
TestTerraformComputedRulesExample 2022-08-26T22:30:32Z logger.go:66:       + ingress                = (known after apply)
TestTerraformComputedRulesExample 2022-08-26T22:30:32Z logger.go:66:       + name                   = "ex-computed-rules"
TestTerraformComputedRulesExample 2022-08-26T22:30:32Z logger.go:66:       + name_prefix            = (known after apply)
TestTerraformComputedRulesExample 2022-08-26T22:30:32Z logger.go:66:       + owner_id               = (known after apply)
TestTerraformComputedRulesExample 2022-08-26T22:30:32Z logger.go:66:       + revoke_rules_on_delete = false
TestTerraformComputedRulesExample 2022-08-26T22:30:32Z logger.go:66:       + tags                   = {
TestTerraformComputedRulesExample 2022-08-26T22:30:32Z logger.go:66:           + "Name" = "ex-computed-rules"
TestTerraformComputedRulesExample 2022-08-26T22:30:32Z logger.go:66:         }
TestTerraformComputedRulesExample 2022-08-26T22:30:32Z logger.go:66:       + tags_all               = {
TestTerraformComputedRulesExample 2022-08-26T22:30:32Z logger.go:66:           + "Example"    = "ex-computed-rules"
TestTerraformComputedRulesExample 2022-08-26T22:30:32Z logger.go:66:           + "GithubOrg"  = "aidanmelen"
TestTerraformComputedRulesExample 2022-08-26T22:30:32Z logger.go:66:           + "GithubRepo" = "terraform-aws-security-group"
TestTerraformComputedRulesExample 2022-08-26T22:30:32Z logger.go:66:           + "Name"       = "ex-computed-rules"
TestTerraformComputedRulesExample 2022-08-26T22:30:32Z logger.go:66:         }
TestTerraformComputedRulesExample 2022-08-26T22:30:32Z logger.go:66:       + vpc_id                 = "vpc-11111111"
TestTerraformComputedRulesExample 2022-08-26T22:30:32Z logger.go:66:
TestTerraformComputedRulesExample 2022-08-26T22:30:32Z logger.go:66:       + timeouts {
TestTerraformComputedRulesExample 2022-08-26T22:30:32Z logger.go:66:           + create = "10m"
TestTerraformComputedRulesExample 2022-08-26T22:30:32Z logger.go:66:           + delete = "15m"
TestTerraformComputedRulesExample 2022-08-26T22:30:32Z logger.go:66:         }
TestTerraformComputedRulesExample 2022-08-26T22:30:32Z logger.go:66:     }
TestTerraformComputedRulesExample 2022-08-26T22:30:32Z logger.go:66:
TestTerraformComputedRulesExample 2022-08-26T22:30:32Z logger.go:66:   # module.sg.aws_security_group_rule.computed_egress_rules[0] will be created
TestTerraformComputedRulesExample 2022-08-26T22:30:32Z logger.go:66:   + resource "aws_security_group_rule" "computed_egress_rules" {
TestTerraformComputedRulesExample 2022-08-26T22:30:32Z logger.go:66:       + description              = "Managed by Terraform"
TestTerraformComputedRulesExample 2022-08-26T22:30:32Z logger.go:66:       + from_port                = 80
TestTerraformComputedRulesExample 2022-08-26T22:30:32Z logger.go:66:       + id                       = (known after apply)
TestTerraformComputedRulesExample 2022-08-26T22:30:32Z logger.go:66:       + prefix_list_ids          = (known after apply)
TestTerraformComputedRulesExample 2022-08-26T22:30:32Z logger.go:66:       + protocol                 = "tcp"
TestTerraformComputedRulesExample 2022-08-26T22:30:32Z logger.go:66:       + security_group_id        = (known after apply)
TestTerraformComputedRulesExample 2022-08-26T22:30:32Z logger.go:66:       + self                     = false
TestTerraformComputedRulesExample 2022-08-26T22:30:32Z logger.go:66:       + source_security_group_id = (known after apply)
TestTerraformComputedRulesExample 2022-08-26T22:30:32Z logger.go:66:       + to_port                  = 80
TestTerraformComputedRulesExample 2022-08-26T22:30:32Z logger.go:66:       + type                     = "egress"
TestTerraformComputedRulesExample 2022-08-26T22:30:32Z logger.go:66:     }
TestTerraformComputedRulesExample 2022-08-26T22:30:32Z logger.go:66:
TestTerraformComputedRulesExample 2022-08-26T22:30:32Z logger.go:66:   # module.sg.aws_security_group_rule.computed_ingress_rules[0] will be created
TestTerraformComputedRulesExample 2022-08-26T22:30:32Z logger.go:66:   + resource "aws_security_group_rule" "computed_ingress_rules" {
TestTerraformComputedRulesExample 2022-08-26T22:30:32Z logger.go:66:       + description              = "Managed by Terraform"
TestTerraformComputedRulesExample 2022-08-26T22:30:32Z logger.go:66:       + from_port                = 80
TestTerraformComputedRulesExample 2022-08-26T22:30:32Z logger.go:66:       + id                       = (known after apply)
TestTerraformComputedRulesExample 2022-08-26T22:30:32Z logger.go:66:       + protocol                 = "tcp"
TestTerraformComputedRulesExample 2022-08-26T22:30:32Z logger.go:66:       + security_group_id        = (known after apply)
TestTerraformComputedRulesExample 2022-08-26T22:30:32Z logger.go:66:       + self                     = false
TestTerraformComputedRulesExample 2022-08-26T22:30:32Z logger.go:66:       + source_security_group_id = (known after apply)
TestTerraformComputedRulesExample 2022-08-26T22:30:32Z logger.go:66:       + to_port                  = 80
TestTerraformComputedRulesExample 2022-08-26T22:30:32Z logger.go:66:       + type                     = "ingress"
TestTerraformComputedRulesExample 2022-08-26T22:30:32Z logger.go:66:     }
TestTerraformComputedRulesExample 2022-08-26T22:30:32Z logger.go:66:
TestTerraformComputedRulesExample 2022-08-26T22:30:32Z logger.go:66:   # module.sg.aws_security_group_rule.computed_managed_egress_rules[0] will be created
TestTerraformComputedRulesExample 2022-08-26T22:30:32Z logger.go:66:   + resource "aws_security_group_rule" "computed_managed_egress_rules" {
TestTerraformComputedRulesExample 2022-08-26T22:30:32Z logger.go:66:       + description              = "https-443-tcp"
TestTerraformComputedRulesExample 2022-08-26T22:30:32Z logger.go:66:       + from_port                = 443
TestTerraformComputedRulesExample 2022-08-26T22:30:32Z logger.go:66:       + id                       = (known after apply)
TestTerraformComputedRulesExample 2022-08-26T22:30:32Z logger.go:66:       + prefix_list_ids          = (known after apply)
TestTerraformComputedRulesExample 2022-08-26T22:30:32Z logger.go:66:       + protocol                 = "tcp"
TestTerraformComputedRulesExample 2022-08-26T22:30:32Z logger.go:66:       + security_group_id        = (known after apply)
TestTerraformComputedRulesExample 2022-08-26T22:30:32Z logger.go:66:       + self                     = false
TestTerraformComputedRulesExample 2022-08-26T22:30:32Z logger.go:66:       + source_security_group_id = (known after apply)
TestTerraformComputedRulesExample 2022-08-26T22:30:32Z logger.go:66:       + to_port                  = 443
TestTerraformComputedRulesExample 2022-08-26T22:30:32Z logger.go:66:       + type                     = "egress"
TestTerraformComputedRulesExample 2022-08-26T22:30:32Z logger.go:66:     }
TestTerraformComputedRulesExample 2022-08-26T22:30:32Z logger.go:66:
TestTerraformComputedRulesExample 2022-08-26T22:30:32Z logger.go:66:   # module.sg.aws_security_group_rule.computed_managed_ingress_rules[0] will be created
TestTerraformComputedRulesExample 2022-08-26T22:30:32Z logger.go:66:   + resource "aws_security_group_rule" "computed_managed_ingress_rules" {
TestTerraformComputedRulesExample 2022-08-26T22:30:32Z logger.go:66:       + description              = "https-443-tcp"
TestTerraformComputedRulesExample 2022-08-26T22:30:32Z logger.go:66:       + from_port                = 443
TestTerraformComputedRulesExample 2022-08-26T22:30:32Z logger.go:66:       + id                       = (known after apply)
TestTerraformComputedRulesExample 2022-08-26T22:30:32Z logger.go:66:       + protocol                 = "tcp"
TestTerraformComputedRulesExample 2022-08-26T22:30:32Z logger.go:66:       + security_group_id        = (known after apply)
TestTerraformComputedRulesExample 2022-08-26T22:30:32Z logger.go:66:       + self                     = false
TestTerraformComputedRulesExample 2022-08-26T22:30:32Z logger.go:66:       + source_security_group_id = (known after apply)
TestTerraformComputedRulesExample 2022-08-26T22:30:32Z logger.go:66:       + to_port                  = 443
TestTerraformComputedRulesExample 2022-08-26T22:30:32Z logger.go:66:       + type                     = "ingress"
TestTerraformComputedRulesExample 2022-08-26T22:30:32Z logger.go:66:     }
TestTerraformComputedRulesExample 2022-08-26T22:30:32Z logger.go:66:
TestTerraformComputedRulesExample 2022-08-26T22:30:32Z logger.go:66: Plan: 7 to add, 0 to change, 0 to destroy.
TestTerraformComputedRulesExample 2022-08-26T22:30:32Z logger.go:66:
TestTerraformComputedRulesExample 2022-08-26T22:30:32Z logger.go:66: Changes to Outputs:
TestTerraformComputedRulesExample 2022-08-26T22:30:32Z logger.go:66:   + arn          = (known after apply)
TestTerraformComputedRulesExample 2022-08-26T22:30:32Z logger.go:66:   + egress       = (known after apply)
TestTerraformComputedRulesExample 2022-08-26T22:30:32Z logger.go:66:   + egress_keys  = (known after apply)
TestTerraformComputedRulesExample 2022-08-26T22:30:32Z logger.go:66:   + id           = (known after apply)
TestTerraformComputedRulesExample 2022-08-26T22:30:32Z logger.go:66:   + ingress      = (known after apply)
TestTerraformComputedRulesExample 2022-08-26T22:30:32Z logger.go:66:   + ingress_keys = (known after apply)
TestTerraformComputedRulesExample 2022-08-26T22:30:32Z logger.go:66:   + terratest    = {
TestTerraformComputedRulesExample 2022-08-26T22:30:32Z logger.go:66:       + aws_ec2_managed_prefix_list_other_id = (known after apply)
TestTerraformComputedRulesExample 2022-08-26T22:30:32Z logger.go:66:       + aws_security_group_other_id          = (known after apply)
TestTerraformComputedRulesExample 2022-08-26T22:30:32Z logger.go:66:     }
TestTerraformComputedRulesExample 2022-08-26T22:30:34Z logger.go:66: module.sg.aws_security_group.self[0]: Creating...
TestTerraformComputedRulesExample 2022-08-26T22:30:34Z logger.go:66: aws_ec2_managed_prefix_list.other: Creating...
TestTerraformComputedRulesExample 2022-08-26T22:30:34Z logger.go:66: aws_security_group.other: Creating...
TestTerraformComputedRulesExample 2022-08-26T22:30:35Z logger.go:66: aws_ec2_managed_prefix_list.other: Creation complete after 2s [id=pl-1111111111]
TestTerraformComputedRulesExample 2022-08-26T22:30:36Z logger.go:66: aws_security_group.other: Creation complete after 3s [id=sg-1111111111111111]
TestTerraformComputedRulesExample 2022-08-26T22:30:36Z logger.go:66: module.sg.aws_security_group.self[0]: Creation complete after 3s [id=sg-1111111111111111]
TestTerraformComputedRulesExample 2022-08-26T22:30:36Z logger.go:66: module.sg.aws_security_group_rule.computed_egress_rules[0]: Creating...
TestTerraformComputedRulesExample 2022-08-26T22:30:36Z logger.go:66: module.sg.aws_security_group_rule.computed_managed_egress_rules[0]: Creating...
TestTerraformComputedRulesExample 2022-08-26T22:30:36Z logger.go:66: module.sg.aws_security_group_rule.computed_managed_ingress_rules[0]: Creating...
TestTerraformComputedRulesExample 2022-08-26T22:30:36Z logger.go:66: module.sg.aws_security_group_rule.computed_ingress_rules[0]: Creating...
TestTerraformComputedRulesExample 2022-08-26T22:30:37Z logger.go:66: module.sg.aws_security_group_rule.computed_egress_rules[0]: Creation complete after 1s [id=sgrule-1111111111]
TestTerraformComputedRulesExample 2022-08-26T22:30:38Z logger.go:66: module.sg.aws_security_group_rule.computed_managed_ingress_rules[0]: Creation complete after 2s [id=sgrule-1111111111]
TestTerraformComputedRulesExample 2022-08-26T22:30:39Z logger.go:66: module.sg.aws_security_group_rule.computed_managed_egress_rules[0]: Creation complete after 2s [id=sgrule-1111111111]
TestTerraformComputedRulesExample 2022-08-26T22:30:40Z logger.go:66: module.sg.aws_security_group_rule.computed_ingress_rules[0]: Creation complete after 3s [id=sgrule-1111111111]
TestTerraformComputedRulesExample 2022-08-26T22:30:40Z logger.go:66:
TestTerraformComputedRulesExample 2022-08-26T22:30:40Z logger.go:66: Apply complete! Resources: 7 added, 0 changed, 0 destroyed.
TestTerraformComputedRulesExample 2022-08-26T22:30:40Z logger.go:66:
TestTerraformComputedRulesExample 2022-08-26T22:30:40Z logger.go:66: Outputs:
TestTerraformComputedRulesExample 2022-08-26T22:30:40Z logger.go:66:
TestTerraformComputedRulesExample 2022-08-26T22:30:40Z logger.go:66: arn = "arn:aws:ec2:us-west-2:111111111111:security-group/sg-1111111111111111"
TestTerraformComputedRulesExample 2022-08-26T22:30:40Z logger.go:66: egress = {
TestTerraformComputedRulesExample 2022-08-26T22:30:40Z logger.go:66:   "egress-443-443-tcp-to-pl-1111111111" = {
TestTerraformComputedRulesExample 2022-08-26T22:30:40Z logger.go:66:     "cidr_blocks" = tolist(null) /* of string */
TestTerraformComputedRulesExample 2022-08-26T22:30:40Z logger.go:66:     "description" = "https-443-tcp"
TestTerraformComputedRulesExample 2022-08-26T22:30:40Z logger.go:66:     "from_port" = 443
TestTerraformComputedRulesExample 2022-08-26T22:30:40Z logger.go:66:     "id" = "sgrule-1111111111"
TestTerraformComputedRulesExample 2022-08-26T22:30:40Z logger.go:66:     "ipv6_cidr_blocks" = tolist(null) /* of string */
TestTerraformComputedRulesExample 2022-08-26T22:30:40Z logger.go:66:     "prefix_list_ids" = tolist([
TestTerraformComputedRulesExample 2022-08-26T22:30:40Z logger.go:66:       "pl-1111111111",
TestTerraformComputedRulesExample 2022-08-26T22:30:40Z logger.go:66:     ])
TestTerraformComputedRulesExample 2022-08-26T22:30:40Z logger.go:66:     "protocol" = "tcp"
TestTerraformComputedRulesExample 2022-08-26T22:30:40Z logger.go:66:     "security_group_id" = "sg-1111111111111111"
TestTerraformComputedRulesExample 2022-08-26T22:30:40Z logger.go:66:     "self" = false
TestTerraformComputedRulesExample 2022-08-26T22:30:40Z logger.go:66:     "source_security_group_id" = tostring(null)
TestTerraformComputedRulesExample 2022-08-26T22:30:40Z logger.go:66:     "timeouts" = null /* object */
TestTerraformComputedRulesExample 2022-08-26T22:30:40Z logger.go:66:     "to_port" = 443
TestTerraformComputedRulesExample 2022-08-26T22:30:40Z logger.go:66:     "type" = "egress"
TestTerraformComputedRulesExample 2022-08-26T22:30:40Z logger.go:66:   }
TestTerraformComputedRulesExample 2022-08-26T22:30:40Z logger.go:66:   "egress-80-80-tcp-to-pl-1111111111" = {
TestTerraformComputedRulesExample 2022-08-26T22:30:40Z logger.go:66:     "cidr_blocks" = tolist(null) /* of string */
TestTerraformComputedRulesExample 2022-08-26T22:30:40Z logger.go:66:     "description" = "Managed by Terraform"
TestTerraformComputedRulesExample 2022-08-26T22:30:40Z logger.go:66:     "from_port" = 80
TestTerraformComputedRulesExample 2022-08-26T22:30:40Z logger.go:66:     "id" = "sgrule-1111111111"
TestTerraformComputedRulesExample 2022-08-26T22:30:40Z logger.go:66:     "ipv6_cidr_blocks" = tolist(null) /* of string */
TestTerraformComputedRulesExample 2022-08-26T22:30:40Z logger.go:66:     "prefix_list_ids" = tolist([
TestTerraformComputedRulesExample 2022-08-26T22:30:40Z logger.go:66:       "pl-1111111111",
TestTerraformComputedRulesExample 2022-08-26T22:30:40Z logger.go:66:     ])
TestTerraformComputedRulesExample 2022-08-26T22:30:40Z logger.go:66:     "protocol" = "tcp"
TestTerraformComputedRulesExample 2022-08-26T22:30:40Z logger.go:66:     "security_group_id" = "sg-1111111111111111"
TestTerraformComputedRulesExample 2022-08-26T22:30:40Z logger.go:66:     "self" = false
TestTerraformComputedRulesExample 2022-08-26T22:30:40Z logger.go:66:     "source_security_group_id" = tostring(null)
TestTerraformComputedRulesExample 2022-08-26T22:30:40Z logger.go:66:     "timeouts" = null /* object */
TestTerraformComputedRulesExample 2022-08-26T22:30:40Z logger.go:66:     "to_port" = 80
TestTerraformComputedRulesExample 2022-08-26T22:30:40Z logger.go:66:     "type" = "egress"
TestTerraformComputedRulesExample 2022-08-26T22:30:40Z logger.go:66:   }
TestTerraformComputedRulesExample 2022-08-26T22:30:40Z logger.go:66: }
TestTerraformComputedRulesExample 2022-08-26T22:30:40Z logger.go:66: egress_keys = [
TestTerraformComputedRulesExample 2022-08-26T22:30:40Z logger.go:66:   "egress-443-443-tcp-to-pl-1111111111",
TestTerraformComputedRulesExample 2022-08-26T22:30:40Z logger.go:66:   "egress-80-80-tcp-to-pl-1111111111",
TestTerraformComputedRulesExample 2022-08-26T22:30:40Z logger.go:66: ]
TestTerraformComputedRulesExample 2022-08-26T22:30:40Z logger.go:66: id = "sg-1111111111111111"
TestTerraformComputedRulesExample 2022-08-26T22:30:40Z logger.go:66: ingress = {
TestTerraformComputedRulesExample 2022-08-26T22:30:40Z logger.go:66:   "ingress-443-443-tcp-from-sg-1111111111111111" = {
TestTerraformComputedRulesExample 2022-08-26T22:30:40Z logger.go:66:     "cidr_blocks" = tolist(null) /* of string */
TestTerraformComputedRulesExample 2022-08-26T22:30:40Z logger.go:66:     "description" = "https-443-tcp"
TestTerraformComputedRulesExample 2022-08-26T22:30:40Z logger.go:66:     "from_port" = 443
TestTerraformComputedRulesExample 2022-08-26T22:30:40Z logger.go:66:     "id" = "sgrule-1111111111"
TestTerraformComputedRulesExample 2022-08-26T22:30:40Z logger.go:66:     "ipv6_cidr_blocks" = tolist(null) /* of string */
TestTerraformComputedRulesExample 2022-08-26T22:30:40Z logger.go:66:     "prefix_list_ids" = tolist(null) /* of string */
TestTerraformComputedRulesExample 2022-08-26T22:30:40Z logger.go:66:     "protocol" = "tcp"
TestTerraformComputedRulesExample 2022-08-26T22:30:40Z logger.go:66:     "security_group_id" = "sg-1111111111111111"
TestTerraformComputedRulesExample 2022-08-26T22:30:40Z logger.go:66:     "self" = false
TestTerraformComputedRulesExample 2022-08-26T22:30:40Z logger.go:66:     "source_security_group_id" = "sg-1111111111111111"
TestTerraformComputedRulesExample 2022-08-26T22:30:40Z logger.go:66:     "timeouts" = null /* object */
TestTerraformComputedRulesExample 2022-08-26T22:30:40Z logger.go:66:     "to_port" = 443
TestTerraformComputedRulesExample 2022-08-26T22:30:40Z logger.go:66:     "type" = "ingress"
TestTerraformComputedRulesExample 2022-08-26T22:30:40Z logger.go:66:   }
TestTerraformComputedRulesExample 2022-08-26T22:30:40Z logger.go:66:   "ingress-80-80-tcp-from-sg-1111111111111111" = {
TestTerraformComputedRulesExample 2022-08-26T22:30:40Z logger.go:66:     "cidr_blocks" = tolist(null) /* of string */
TestTerraformComputedRulesExample 2022-08-26T22:30:40Z logger.go:66:     "description" = "Managed by Terraform"
TestTerraformComputedRulesExample 2022-08-26T22:30:40Z logger.go:66:     "from_port" = 80
TestTerraformComputedRulesExample 2022-08-26T22:30:40Z logger.go:66:     "id" = "sgrule-1111111111"
TestTerraformComputedRulesExample 2022-08-26T22:30:40Z logger.go:66:     "ipv6_cidr_blocks" = tolist(null) /* of string */
TestTerraformComputedRulesExample 2022-08-26T22:30:40Z logger.go:66:     "prefix_list_ids" = tolist(null) /* of string */
TestTerraformComputedRulesExample 2022-08-26T22:30:40Z logger.go:66:     "protocol" = "tcp"
TestTerraformComputedRulesExample 2022-08-26T22:30:40Z logger.go:66:     "security_group_id" = "sg-1111111111111111"
TestTerraformComputedRulesExample 2022-08-26T22:30:40Z logger.go:66:     "self" = false
TestTerraformComputedRulesExample 2022-08-26T22:30:40Z logger.go:66:     "source_security_group_id" = "sg-1111111111111111"
TestTerraformComputedRulesExample 2022-08-26T22:30:40Z logger.go:66:     "timeouts" = null /* object */
TestTerraformComputedRulesExample 2022-08-26T22:30:40Z logger.go:66:     "to_port" = 80
TestTerraformComputedRulesExample 2022-08-26T22:30:40Z logger.go:66:     "type" = "ingress"
TestTerraformComputedRulesExample 2022-08-26T22:30:40Z logger.go:66:   }
TestTerraformComputedRulesExample 2022-08-26T22:30:40Z logger.go:66: }
TestTerraformComputedRulesExample 2022-08-26T22:30:40Z logger.go:66: ingress_keys = [
TestTerraformComputedRulesExample 2022-08-26T22:30:40Z logger.go:66:   "ingress-443-443-tcp-from-sg-1111111111111111",
TestTerraformComputedRulesExample 2022-08-26T22:30:40Z logger.go:66:   "ingress-80-80-tcp-from-sg-1111111111111111",
TestTerraformComputedRulesExample 2022-08-26T22:30:40Z logger.go:66: ]
TestTerraformComputedRulesExample 2022-08-26T22:30:40Z logger.go:66: terratest = {
TestTerraformComputedRulesExample 2022-08-26T22:30:40Z logger.go:66:   "aws_ec2_managed_prefix_list_other_id" = "pl-1111111111"
TestTerraformComputedRulesExample 2022-08-26T22:30:40Z logger.go:66:   "aws_security_group_other_id" = "sg-1111111111111111"
TestTerraformComputedRulesExample 2022-08-26T22:30:40Z logger.go:66: }
TestTerraformComputedRulesExample 2022-08-26T22:30:40Z retry.go:91: terraform [output -no-color -json terratest]
TestTerraformComputedRulesExample 2022-08-26T22:30:40Z logger.go:66: Running command terraform with args [output -no-color -json terratest]
TestTerraformComputedRulesExample 2022-08-26T22:30:41Z logger.go:66: {"aws_ec2_managed_prefix_list_other_id":"pl-1111111111","aws_security_group_other_id":"sg-1111111111111111"}
TestTerraformComputedRulesExample 2022-08-26T22:30:41Z retry.go:91: terraform [output -no-color -json ingress_keys]
TestTerraformComputedRulesExample 2022-08-26T22:30:41Z logger.go:66: Running command terraform with args [output -no-color -json ingress_keys]
TestTerraformComputedRulesExample 2022-08-26T22:30:42Z logger.go:66: ["ingress-443-443-tcp-from-sg-1111111111111111","ingress-80-80-tcp-from-sg-1111111111111111"]
TestTerraformComputedRulesExample 2022-08-26T22:30:42Z retry.go:91: terraform [output -no-color -json egress_keys]
TestTerraformComputedRulesExample 2022-08-26T22:30:42Z logger.go:66: Running command terraform with args [output -no-color -json egress_keys]
TestTerraformComputedRulesExample 2022-08-26T22:30:42Z logger.go:66: ["egress-443-443-tcp-to-pl-1111111111","egress-80-80-tcp-to-pl-1111111111"]
TestTerraformComputedRulesExample 2022-08-26T22:30:42Z retry.go:91: terraform [apply -input=false -auto-approve -no-color -lock=false]
TestTerraformComputedRulesExample 2022-08-26T22:30:42Z logger.go:66: Running command terraform with args [apply -input=false -auto-approve -no-color -lock=false]
TestTerraformComputedRulesExample 2022-08-26T22:30:45Z logger.go:66: data.aws_vpc.default: Reading...
TestTerraformComputedRulesExample 2022-08-26T22:30:46Z logger.go:66: data.aws_vpc.default: Read complete after 0s [id=vpc-11111111]
TestTerraformComputedRulesExample 2022-08-26T22:30:46Z logger.go:66: aws_security_group.other: Refreshing state... [id=sg-1111111111111111]
TestTerraformComputedRulesExample 2022-08-26T22:30:46Z logger.go:66: aws_ec2_managed_prefix_list.other: Refreshing state... [id=pl-1111111111]
TestTerraformComputedRulesExample 2022-08-26T22:30:46Z logger.go:66: module.sg.aws_security_group.self[0]: Refreshing state... [id=sg-1111111111111111]
TestTerraformComputedRulesExample 2022-08-26T22:30:46Z logger.go:66: module.sg.aws_security_group_rule.computed_managed_ingress_rules[0]: Refreshing state... [id=sgrule-1111111111]
TestTerraformComputedRulesExample 2022-08-26T22:30:46Z logger.go:66: module.sg.aws_security_group_rule.computed_ingress_rules[0]: Refreshing state... [id=sgrule-1111111111]
TestTerraformComputedRulesExample 2022-08-26T22:30:46Z logger.go:66: module.sg.aws_security_group_rule.computed_managed_egress_rules[0]: Refreshing state... [id=sgrule-1111111111]
TestTerraformComputedRulesExample 2022-08-26T22:30:46Z logger.go:66: module.sg.aws_security_group_rule.computed_egress_rules[0]: Refreshing state... [id=sgrule-1111111111]
TestTerraformComputedRulesExample 2022-08-26T22:30:46Z logger.go:66:
TestTerraformComputedRulesExample 2022-08-26T22:30:46Z logger.go:66: No changes. Your infrastructure matches the configuration.
TestTerraformComputedRulesExample 2022-08-26T22:30:46Z logger.go:66:
TestTerraformComputedRulesExample 2022-08-26T22:30:46Z logger.go:66: Terraform has compared your real infrastructure against your configuration
TestTerraformComputedRulesExample 2022-08-26T22:30:46Z logger.go:66: and found no differences, so no changes are needed.
TestTerraformComputedRulesExample 2022-08-26T22:30:48Z logger.go:66:
TestTerraformComputedRulesExample 2022-08-26T22:30:48Z logger.go:66: Apply complete! Resources: 0 added, 0 changed, 0 destroyed.
TestTerraformComputedRulesExample 2022-08-26T22:30:48Z logger.go:66:
TestTerraformComputedRulesExample 2022-08-26T22:30:48Z logger.go:66: Outputs:
TestTerraformComputedRulesExample 2022-08-26T22:30:48Z logger.go:66:
TestTerraformComputedRulesExample 2022-08-26T22:30:48Z logger.go:66: arn = "arn:aws:ec2:us-west-2:111111111111:security-group/sg-1111111111111111"
TestTerraformComputedRulesExample 2022-08-26T22:30:48Z logger.go:66: egress = {
TestTerraformComputedRulesExample 2022-08-26T22:30:48Z logger.go:66:   "egress-443-443-tcp-to-pl-1111111111" = {
TestTerraformComputedRulesExample 2022-08-26T22:30:48Z logger.go:66:     "cidr_blocks" = tolist(null) /* of string */
TestTerraformComputedRulesExample 2022-08-26T22:30:48Z logger.go:66:     "description" = "https-443-tcp"
TestTerraformComputedRulesExample 2022-08-26T22:30:48Z logger.go:66:     "from_port" = 443
TestTerraformComputedRulesExample 2022-08-26T22:30:48Z logger.go:66:     "id" = "sgrule-1111111111"
TestTerraformComputedRulesExample 2022-08-26T22:30:48Z logger.go:66:     "ipv6_cidr_blocks" = tolist(null) /* of string */
TestTerraformComputedRulesExample 2022-08-26T22:30:48Z logger.go:66:     "prefix_list_ids" = tolist([
TestTerraformComputedRulesExample 2022-08-26T22:30:48Z logger.go:66:       "pl-1111111111",
TestTerraformComputedRulesExample 2022-08-26T22:30:48Z logger.go:66:     ])
TestTerraformComputedRulesExample 2022-08-26T22:30:48Z logger.go:66:     "protocol" = "tcp"
TestTerraformComputedRulesExample 2022-08-26T22:30:48Z logger.go:66:     "security_group_id" = "sg-1111111111111111"
TestTerraformComputedRulesExample 2022-08-26T22:30:48Z logger.go:66:     "self" = false
TestTerraformComputedRulesExample 2022-08-26T22:30:48Z logger.go:66:     "source_security_group_id" = tostring(null)
TestTerraformComputedRulesExample 2022-08-26T22:30:48Z logger.go:66:     "timeouts" = null /* object */
TestTerraformComputedRulesExample 2022-08-26T22:30:48Z logger.go:66:     "to_port" = 443
TestTerraformComputedRulesExample 2022-08-26T22:30:48Z logger.go:66:     "type" = "egress"
TestTerraformComputedRulesExample 2022-08-26T22:30:48Z logger.go:66:   }
TestTerraformComputedRulesExample 2022-08-26T22:30:48Z logger.go:66:   "egress-80-80-tcp-to-pl-1111111111" = {
TestTerraformComputedRulesExample 2022-08-26T22:30:48Z logger.go:66:     "cidr_blocks" = tolist(null) /* of string */
TestTerraformComputedRulesExample 2022-08-26T22:30:48Z logger.go:66:     "description" = "Managed by Terraform"
TestTerraformComputedRulesExample 2022-08-26T22:30:48Z logger.go:66:     "from_port" = 80
TestTerraformComputedRulesExample 2022-08-26T22:30:48Z logger.go:66:     "id" = "sgrule-1111111111"
TestTerraformComputedRulesExample 2022-08-26T22:30:48Z logger.go:66:     "ipv6_cidr_blocks" = tolist(null) /* of string */
TestTerraformComputedRulesExample 2022-08-26T22:30:48Z logger.go:66:     "prefix_list_ids" = tolist([
TestTerraformComputedRulesExample 2022-08-26T22:30:48Z logger.go:66:       "pl-1111111111",
TestTerraformComputedRulesExample 2022-08-26T22:30:48Z logger.go:66:     ])
TestTerraformComputedRulesExample 2022-08-26T22:30:48Z logger.go:66:     "protocol" = "tcp"
TestTerraformComputedRulesExample 2022-08-26T22:30:48Z logger.go:66:     "security_group_id" = "sg-1111111111111111"
TestTerraformComputedRulesExample 2022-08-26T22:30:48Z logger.go:66:     "self" = false
TestTerraformComputedRulesExample 2022-08-26T22:30:48Z logger.go:66:     "source_security_group_id" = tostring(null)
TestTerraformComputedRulesExample 2022-08-26T22:30:48Z logger.go:66:     "timeouts" = null /* object */
TestTerraformComputedRulesExample 2022-08-26T22:30:48Z logger.go:66:     "to_port" = 80
TestTerraformComputedRulesExample 2022-08-26T22:30:48Z logger.go:66:     "type" = "egress"
TestTerraformComputedRulesExample 2022-08-26T22:30:48Z logger.go:66:   }
TestTerraformComputedRulesExample 2022-08-26T22:30:48Z logger.go:66: }
TestTerraformComputedRulesExample 2022-08-26T22:30:48Z logger.go:66: egress_keys = [
TestTerraformComputedRulesExample 2022-08-26T22:30:48Z logger.go:66:   "egress-443-443-tcp-to-pl-1111111111",
TestTerraformComputedRulesExample 2022-08-26T22:30:48Z logger.go:66:   "egress-80-80-tcp-to-pl-1111111111",
TestTerraformComputedRulesExample 2022-08-26T22:30:48Z logger.go:66: ]
TestTerraformComputedRulesExample 2022-08-26T22:30:48Z logger.go:66: id = "sg-1111111111111111"
TestTerraformComputedRulesExample 2022-08-26T22:30:48Z logger.go:66: ingress = {
TestTerraformComputedRulesExample 2022-08-26T22:30:48Z logger.go:66:   "ingress-443-443-tcp-from-sg-1111111111111111" = {
TestTerraformComputedRulesExample 2022-08-26T22:30:48Z logger.go:66:     "cidr_blocks" = tolist(null) /* of string */
TestTerraformComputedRulesExample 2022-08-26T22:30:48Z logger.go:66:     "description" = "https-443-tcp"
TestTerraformComputedRulesExample 2022-08-26T22:30:48Z logger.go:66:     "from_port" = 443
TestTerraformComputedRulesExample 2022-08-26T22:30:48Z logger.go:66:     "id" = "sgrule-1111111111"
TestTerraformComputedRulesExample 2022-08-26T22:30:48Z logger.go:66:     "ipv6_cidr_blocks" = tolist(null) /* of string */
TestTerraformComputedRulesExample 2022-08-26T22:30:48Z logger.go:66:     "prefix_list_ids" = tolist(null) /* of string */
TestTerraformComputedRulesExample 2022-08-26T22:30:48Z logger.go:66:     "protocol" = "tcp"
TestTerraformComputedRulesExample 2022-08-26T22:30:48Z logger.go:66:     "security_group_id" = "sg-1111111111111111"
TestTerraformComputedRulesExample 2022-08-26T22:30:48Z logger.go:66:     "self" = false
TestTerraformComputedRulesExample 2022-08-26T22:30:48Z logger.go:66:     "source_security_group_id" = "sg-1111111111111111"
TestTerraformComputedRulesExample 2022-08-26T22:30:48Z logger.go:66:     "timeouts" = null /* object */
TestTerraformComputedRulesExample 2022-08-26T22:30:48Z logger.go:66:     "to_port" = 443
TestTerraformComputedRulesExample 2022-08-26T22:30:48Z logger.go:66:     "type" = "ingress"
TestTerraformComputedRulesExample 2022-08-26T22:30:48Z logger.go:66:   }
TestTerraformComputedRulesExample 2022-08-26T22:30:48Z logger.go:66:   "ingress-80-80-tcp-from-sg-1111111111111111" = {
TestTerraformComputedRulesExample 2022-08-26T22:30:48Z logger.go:66:     "cidr_blocks" = tolist(null) /* of string */
TestTerraformComputedRulesExample 2022-08-26T22:30:48Z logger.go:66:     "description" = "Managed by Terraform"
TestTerraformComputedRulesExample 2022-08-26T22:30:48Z logger.go:66:     "from_port" = 80
TestTerraformComputedRulesExample 2022-08-26T22:30:48Z logger.go:66:     "id" = "sgrule-1111111111"
TestTerraformComputedRulesExample 2022-08-26T22:30:48Z logger.go:66:     "ipv6_cidr_blocks" = tolist(null) /* of string */
TestTerraformComputedRulesExample 2022-08-26T22:30:48Z logger.go:66:     "prefix_list_ids" = tolist(null) /* of string */
TestTerraformComputedRulesExample 2022-08-26T22:30:48Z logger.go:66:     "protocol" = "tcp"
TestTerraformComputedRulesExample 2022-08-26T22:30:48Z logger.go:66:     "security_group_id" = "sg-1111111111111111"
TestTerraformComputedRulesExample 2022-08-26T22:30:48Z logger.go:66:     "self" = false
TestTerraformComputedRulesExample 2022-08-26T22:30:48Z logger.go:66:     "source_security_group_id" = "sg-1111111111111111"
TestTerraformComputedRulesExample 2022-08-26T22:30:48Z logger.go:66:     "timeouts" = null /* object */
TestTerraformComputedRulesExample 2022-08-26T22:30:48Z logger.go:66:     "to_port" = 80
TestTerraformComputedRulesExample 2022-08-26T22:30:48Z logger.go:66:     "type" = "ingress"
TestTerraformComputedRulesExample 2022-08-26T22:30:48Z logger.go:66:   }
TestTerraformComputedRulesExample 2022-08-26T22:30:48Z logger.go:66: }
TestTerraformComputedRulesExample 2022-08-26T22:30:48Z logger.go:66: ingress_keys = [
TestTerraformComputedRulesExample 2022-08-26T22:30:48Z logger.go:66:   "ingress-443-443-tcp-from-sg-1111111111111111",
TestTerraformComputedRulesExample 2022-08-26T22:30:48Z logger.go:66:   "ingress-80-80-tcp-from-sg-1111111111111111",
TestTerraformComputedRulesExample 2022-08-26T22:30:48Z logger.go:66: ]
TestTerraformComputedRulesExample 2022-08-26T22:30:48Z logger.go:66: terratest = {
TestTerraformComputedRulesExample 2022-08-26T22:30:48Z logger.go:66:   "aws_ec2_managed_prefix_list_other_id" = "pl-1111111111"
TestTerraformComputedRulesExample 2022-08-26T22:30:48Z logger.go:66:   "aws_security_group_other_id" = "sg-1111111111111111"
TestTerraformComputedRulesExample 2022-08-26T22:30:48Z logger.go:66: }
TestTerraformComputedRulesExample 2022-08-26T22:30:48Z logger.go:66: Running terraform with args [plan -input=false -detailed-exitcode -no-color -lock=false]
TestTerraformComputedRulesExample 2022-08-26T22:30:48Z logger.go:66: Running command terraform with args [plan -input=false -detailed-exitcode -no-color -lock=false]
TestTerraformComputedRulesExample 2022-08-26T22:30:50Z logger.go:66: data.aws_vpc.default: Reading...
TestTerraformComputedRulesExample 2022-08-26T22:30:51Z logger.go:66: data.aws_vpc.default: Read complete after 0s [id=vpc-11111111]
TestTerraformComputedRulesExample 2022-08-26T22:30:51Z logger.go:66: aws_ec2_managed_prefix_list.other: Refreshing state... [id=pl-1111111111]
TestTerraformComputedRulesExample 2022-08-26T22:30:51Z logger.go:66: aws_security_group.other: Refreshing state... [id=sg-1111111111111111]
TestTerraformComputedRulesExample 2022-08-26T22:30:51Z logger.go:66: module.sg.aws_security_group.self[0]: Refreshing state... [id=sg-1111111111111111]
TestTerraformComputedRulesExample 2022-08-26T22:30:51Z logger.go:66: module.sg.aws_security_group_rule.computed_managed_ingress_rules[0]: Refreshing state... [id=sgrule-1111111111]
TestTerraformComputedRulesExample 2022-08-26T22:30:51Z logger.go:66: module.sg.aws_security_group_rule.computed_ingress_rules[0]: Refreshing state... [id=sgrule-1111111111]
TestTerraformComputedRulesExample 2022-08-26T22:30:51Z logger.go:66: module.sg.aws_security_group_rule.computed_egress_rules[0]: Refreshing state... [id=sgrule-1111111111]
TestTerraformComputedRulesExample 2022-08-26T22:30:51Z logger.go:66: module.sg.aws_security_group_rule.computed_managed_egress_rules[0]: Refreshing state... [id=sgrule-1111111111]
TestTerraformComputedRulesExample 2022-08-26T22:30:51Z logger.go:66:
TestTerraformComputedRulesExample 2022-08-26T22:30:51Z logger.go:66: No changes. Your infrastructure matches the configuration.
TestTerraformComputedRulesExample 2022-08-26T22:30:51Z logger.go:66:
TestTerraformComputedRulesExample 2022-08-26T22:30:51Z logger.go:66: Terraform has compared your real infrastructure against your configuration
TestTerraformComputedRulesExample 2022-08-26T22:30:51Z logger.go:66: and found no differences, so no changes are needed.
TestTerraformComputedRulesExample 2022-08-26T22:30:51Z retry.go:91: terraform [destroy -auto-approve -input=false -no-color -lock=false]
TestTerraformComputedRulesExample 2022-08-26T22:30:51Z logger.go:66: Running command terraform with args [destroy -auto-approve -input=false -no-color -lock=false]
TestTerraformComputedRulesExample 2022-08-26T22:30:54Z logger.go:66: data.aws_vpc.default: Reading...
TestTerraformComputedRulesExample 2022-08-26T22:30:55Z logger.go:66: data.aws_vpc.default: Read complete after 0s [id=vpc-11111111]
TestTerraformComputedRulesExample 2022-08-26T22:30:55Z logger.go:66: aws_security_group.other: Refreshing state... [id=sg-1111111111111111]
TestTerraformComputedRulesExample 2022-08-26T22:30:55Z logger.go:66: aws_ec2_managed_prefix_list.other: Refreshing state... [id=pl-1111111111]
TestTerraformComputedRulesExample 2022-08-26T22:30:55Z logger.go:66: module.sg.aws_security_group.self[0]: Refreshing state... [id=sg-1111111111111111]
TestTerraformComputedRulesExample 2022-08-26T22:30:55Z logger.go:66: module.sg.aws_security_group_rule.computed_ingress_rules[0]: Refreshing state... [id=sgrule-1111111111]
TestTerraformComputedRulesExample 2022-08-26T22:30:55Z logger.go:66: module.sg.aws_security_group_rule.computed_managed_ingress_rules[0]: Refreshing state... [id=sgrule-1111111111]
TestTerraformComputedRulesExample 2022-08-26T22:30:55Z logger.go:66: module.sg.aws_security_group_rule.computed_egress_rules[0]: Refreshing state... [id=sgrule-1111111111]
TestTerraformComputedRulesExample 2022-08-26T22:30:55Z logger.go:66: module.sg.aws_security_group_rule.computed_managed_egress_rules[0]: Refreshing state... [id=sgrule-1111111111]
TestTerraformComputedRulesExample 2022-08-26T22:30:56Z logger.go:66:
TestTerraformComputedRulesExample 2022-08-26T22:30:56Z logger.go:66: Terraform used the selected providers to generate the following execution
TestTerraformComputedRulesExample 2022-08-26T22:30:56Z logger.go:66: plan. Resource actions are indicated with the following symbols:
TestTerraformComputedRulesExample 2022-08-26T22:30:56Z logger.go:66:   - destroy
TestTerraformComputedRulesExample 2022-08-26T22:30:56Z logger.go:66:
TestTerraformComputedRulesExample 2022-08-26T22:30:56Z logger.go:66: Terraform will perform the following actions:
TestTerraformComputedRulesExample 2022-08-26T22:30:56Z logger.go:66:
TestTerraformComputedRulesExample 2022-08-26T22:30:56Z logger.go:66:   # aws_ec2_managed_prefix_list.other will be destroyed
TestTerraformComputedRulesExample 2022-08-26T22:30:56Z logger.go:66:   - resource "aws_ec2_managed_prefix_list" "other" {
TestTerraformComputedRulesExample 2022-08-26T22:30:56Z logger.go:66:       - address_family = "IPv4" -> null
TestTerraformComputedRulesExample 2022-08-26T22:30:56Z logger.go:66:       - arn            = "arn:aws:ec2:us-west-2:111111111111:prefix-list/pl-1111111111" -> null
TestTerraformComputedRulesExample 2022-08-26T22:30:56Z logger.go:66:       - id             = "pl-1111111111" -> null
TestTerraformComputedRulesExample 2022-08-26T22:30:56Z logger.go:66:       - max_entries    = 5 -> null
TestTerraformComputedRulesExample 2022-08-26T22:30:56Z logger.go:66:       - name           = "ex-computed-rules-other" -> null
TestTerraformComputedRulesExample 2022-08-26T22:30:56Z logger.go:66:       - owner_id       = "111111111111" -> null
TestTerraformComputedRulesExample 2022-08-26T22:30:56Z logger.go:66:       - tags           = {} -> null
TestTerraformComputedRulesExample 2022-08-26T22:30:56Z logger.go:66:       - tags_all       = {
TestTerraformComputedRulesExample 2022-08-26T22:30:56Z logger.go:66:           - "Example"    = "ex-computed-rules"
TestTerraformComputedRulesExample 2022-08-26T22:30:56Z logger.go:66:           - "GithubOrg"  = "aidanmelen"
TestTerraformComputedRulesExample 2022-08-26T22:30:56Z logger.go:66:           - "GithubRepo" = "terraform-aws-security-group"
TestTerraformComputedRulesExample 2022-08-26T22:30:56Z logger.go:66:         } -> null
TestTerraformComputedRulesExample 2022-08-26T22:30:56Z logger.go:66:       - version        = 1 -> null
TestTerraformComputedRulesExample 2022-08-26T22:30:56Z logger.go:66:
TestTerraformComputedRulesExample 2022-08-26T22:30:56Z logger.go:66:       - entry {
TestTerraformComputedRulesExample 2022-08-26T22:30:56Z logger.go:66:           - cidr        = "172.31.0.0/16" -> null
TestTerraformComputedRulesExample 2022-08-26T22:30:56Z logger.go:66:           - description = "Primary" -> null
TestTerraformComputedRulesExample 2022-08-26T22:30:56Z logger.go:66:         }
TestTerraformComputedRulesExample 2022-08-26T22:30:56Z logger.go:66:     }
TestTerraformComputedRulesExample 2022-08-26T22:30:56Z logger.go:66:
TestTerraformComputedRulesExample 2022-08-26T22:30:56Z logger.go:66:   # aws_security_group.other will be destroyed
TestTerraformComputedRulesExample 2022-08-26T22:30:56Z logger.go:66:   - resource "aws_security_group" "other" {
TestTerraformComputedRulesExample 2022-08-26T22:30:56Z logger.go:66:       - arn                    = "arn:aws:ec2:us-west-2:111111111111:security-group/sg-1111111111111111" -> null
TestTerraformComputedRulesExample 2022-08-26T22:30:56Z logger.go:66:       - description            = "ex-computed-rules-other" -> null
TestTerraformComputedRulesExample 2022-08-26T22:30:56Z logger.go:66:       - egress                 = [] -> null
TestTerraformComputedRulesExample 2022-08-26T22:30:56Z logger.go:66:       - id                     = "sg-1111111111111111" -> null
TestTerraformComputedRulesExample 2022-08-26T22:30:56Z logger.go:66:       - ingress                = [] -> null
TestTerraformComputedRulesExample 2022-08-26T22:30:56Z logger.go:66:       - name                   = "ex-computed-rules-other" -> null
TestTerraformComputedRulesExample 2022-08-26T22:30:56Z logger.go:66:       - owner_id               = "111111111111" -> null
TestTerraformComputedRulesExample 2022-08-26T22:30:56Z logger.go:66:       - revoke_rules_on_delete = false -> null
TestTerraformComputedRulesExample 2022-08-26T22:30:56Z logger.go:66:       - tags                   = {
TestTerraformComputedRulesExample 2022-08-26T22:30:56Z logger.go:66:           - "Name" = "ex-computed-rules-other"
TestTerraformComputedRulesExample 2022-08-26T22:30:56Z logger.go:66:         } -> null
TestTerraformComputedRulesExample 2022-08-26T22:30:56Z logger.go:66:       - tags_all               = {
TestTerraformComputedRulesExample 2022-08-26T22:30:56Z logger.go:66:           - "Example"    = "ex-computed-rules"
TestTerraformComputedRulesExample 2022-08-26T22:30:56Z logger.go:66:           - "GithubOrg"  = "aidanmelen"
TestTerraformComputedRulesExample 2022-08-26T22:30:56Z logger.go:66:           - "GithubRepo" = "terraform-aws-security-group"
TestTerraformComputedRulesExample 2022-08-26T22:30:56Z logger.go:66:           - "Name"       = "ex-computed-rules-other"
TestTerraformComputedRulesExample 2022-08-26T22:30:56Z logger.go:66:         } -> null
TestTerraformComputedRulesExample 2022-08-26T22:30:56Z logger.go:66:       - vpc_id                 = "vpc-11111111" -> null
TestTerraformComputedRulesExample 2022-08-26T22:30:56Z logger.go:66:     }
TestTerraformComputedRulesExample 2022-08-26T22:30:56Z logger.go:66:
TestTerraformComputedRulesExample 2022-08-26T22:30:56Z logger.go:66:   # module.sg.aws_security_group.self[0] will be destroyed
TestTerraformComputedRulesExample 2022-08-26T22:30:56Z logger.go:66:   - resource "aws_security_group" "self" {
TestTerraformComputedRulesExample 2022-08-26T22:30:56Z logger.go:66:       - arn                    = "arn:aws:ec2:us-west-2:111111111111:security-group/sg-1111111111111111" -> null
TestTerraformComputedRulesExample 2022-08-26T22:30:56Z logger.go:66:       - description            = "ex-computed-rules" -> null
TestTerraformComputedRulesExample 2022-08-26T22:30:56Z logger.go:66:       - egress                 = [
TestTerraformComputedRulesExample 2022-08-26T22:30:56Z logger.go:66:           - {
TestTerraformComputedRulesExample 2022-08-26T22:30:56Z logger.go:66:               - cidr_blocks      = []
TestTerraformComputedRulesExample 2022-08-26T22:30:56Z logger.go:66:               - description      = "Managed by Terraform"
TestTerraformComputedRulesExample 2022-08-26T22:30:56Z logger.go:66:               - from_port        = 80
TestTerraformComputedRulesExample 2022-08-26T22:30:56Z logger.go:66:               - ipv6_cidr_blocks = []
TestTerraformComputedRulesExample 2022-08-26T22:30:56Z logger.go:66:               - prefix_list_ids  = [
TestTerraformComputedRulesExample 2022-08-26T22:30:56Z logger.go:66:                   - "pl-1111111111",
TestTerraformComputedRulesExample 2022-08-26T22:30:56Z logger.go:66:                 ]
TestTerraformComputedRulesExample 2022-08-26T22:30:56Z logger.go:66:               - protocol         = "tcp"
TestTerraformComputedRulesExample 2022-08-26T22:30:56Z logger.go:66:               - security_groups  = []
TestTerraformComputedRulesExample 2022-08-26T22:30:56Z logger.go:66:               - self             = false
TestTerraformComputedRulesExample 2022-08-26T22:30:56Z logger.go:66:               - to_port          = 80
TestTerraformComputedRulesExample 2022-08-26T22:30:56Z logger.go:66:             },
TestTerraformComputedRulesExample 2022-08-26T22:30:56Z logger.go:66:           - {
TestTerraformComputedRulesExample 2022-08-26T22:30:56Z logger.go:66:               - cidr_blocks      = []
TestTerraformComputedRulesExample 2022-08-26T22:30:56Z logger.go:66:               - description      = "https-443-tcp"
TestTerraformComputedRulesExample 2022-08-26T22:30:56Z logger.go:66:               - from_port        = 443
TestTerraformComputedRulesExample 2022-08-26T22:30:56Z logger.go:66:               - ipv6_cidr_blocks = []
TestTerraformComputedRulesExample 2022-08-26T22:30:56Z logger.go:66:               - prefix_list_ids  = [
TestTerraformComputedRulesExample 2022-08-26T22:30:56Z logger.go:66:                   - "pl-1111111111",
TestTerraformComputedRulesExample 2022-08-26T22:30:56Z logger.go:66:                 ]
TestTerraformComputedRulesExample 2022-08-26T22:30:56Z logger.go:66:               - protocol         = "tcp"
TestTerraformComputedRulesExample 2022-08-26T22:30:56Z logger.go:66:               - security_groups  = []
TestTerraformComputedRulesExample 2022-08-26T22:30:56Z logger.go:66:               - self             = false
TestTerraformComputedRulesExample 2022-08-26T22:30:56Z logger.go:66:               - to_port          = 443
TestTerraformComputedRulesExample 2022-08-26T22:30:56Z logger.go:66:             },
TestTerraformComputedRulesExample 2022-08-26T22:30:56Z logger.go:66:         ] -> null
TestTerraformComputedRulesExample 2022-08-26T22:30:56Z logger.go:66:       - id                     = "sg-1111111111111111" -> null
TestTerraformComputedRulesExample 2022-08-26T22:30:56Z logger.go:66:       - ingress                = [
TestTerraformComputedRulesExample 2022-08-26T22:30:56Z logger.go:66:           - {
TestTerraformComputedRulesExample 2022-08-26T22:30:56Z logger.go:66:               - cidr_blocks      = []
TestTerraformComputedRulesExample 2022-08-26T22:30:56Z logger.go:66:               - description      = "Managed by Terraform"
TestTerraformComputedRulesExample 2022-08-26T22:30:56Z logger.go:66:               - from_port        = 80
TestTerraformComputedRulesExample 2022-08-26T22:30:56Z logger.go:66:               - ipv6_cidr_blocks = []
TestTerraformComputedRulesExample 2022-08-26T22:30:56Z logger.go:66:               - prefix_list_ids  = []
TestTerraformComputedRulesExample 2022-08-26T22:30:56Z logger.go:66:               - protocol         = "tcp"
TestTerraformComputedRulesExample 2022-08-26T22:30:56Z logger.go:66:               - security_groups  = [
TestTerraformComputedRulesExample 2022-08-26T22:30:56Z logger.go:66:                   - "sg-1111111111111111",
TestTerraformComputedRulesExample 2022-08-26T22:30:56Z logger.go:66:                 ]
TestTerraformComputedRulesExample 2022-08-26T22:30:56Z logger.go:66:               - self             = false
TestTerraformComputedRulesExample 2022-08-26T22:30:56Z logger.go:66:               - to_port          = 80
TestTerraformComputedRulesExample 2022-08-26T22:30:56Z logger.go:66:             },
TestTerraformComputedRulesExample 2022-08-26T22:30:56Z logger.go:66:           - {
TestTerraformComputedRulesExample 2022-08-26T22:30:56Z logger.go:66:               - cidr_blocks      = []
TestTerraformComputedRulesExample 2022-08-26T22:30:56Z logger.go:66:               - description      = "https-443-tcp"
TestTerraformComputedRulesExample 2022-08-26T22:30:56Z logger.go:66:               - from_port        = 443
TestTerraformComputedRulesExample 2022-08-26T22:30:56Z logger.go:66:               - ipv6_cidr_blocks = []
TestTerraformComputedRulesExample 2022-08-26T22:30:56Z logger.go:66:               - prefix_list_ids  = []
TestTerraformComputedRulesExample 2022-08-26T22:30:56Z logger.go:66:               - protocol         = "tcp"
TestTerraformComputedRulesExample 2022-08-26T22:30:56Z logger.go:66:               - security_groups  = [
TestTerraformComputedRulesExample 2022-08-26T22:30:56Z logger.go:66:                   - "sg-1111111111111111",
TestTerraformComputedRulesExample 2022-08-26T22:30:56Z logger.go:66:                 ]
TestTerraformComputedRulesExample 2022-08-26T22:30:56Z logger.go:66:               - self             = false
TestTerraformComputedRulesExample 2022-08-26T22:30:56Z logger.go:66:               - to_port          = 443
TestTerraformComputedRulesExample 2022-08-26T22:30:56Z logger.go:66:             },
TestTerraformComputedRulesExample 2022-08-26T22:30:56Z logger.go:66:         ] -> null
TestTerraformComputedRulesExample 2022-08-26T22:30:56Z logger.go:66:       - name                   = "ex-computed-rules" -> null
TestTerraformComputedRulesExample 2022-08-26T22:30:56Z logger.go:66:       - owner_id               = "111111111111" -> null
TestTerraformComputedRulesExample 2022-08-26T22:30:56Z logger.go:66:       - revoke_rules_on_delete = false -> null
TestTerraformComputedRulesExample 2022-08-26T22:30:56Z logger.go:66:       - tags                   = {
TestTerraformComputedRulesExample 2022-08-26T22:30:56Z logger.go:66:           - "Name" = "ex-computed-rules"
TestTerraformComputedRulesExample 2022-08-26T22:30:56Z logger.go:66:         } -> null
TestTerraformComputedRulesExample 2022-08-26T22:30:56Z logger.go:66:       - tags_all               = {
TestTerraformComputedRulesExample 2022-08-26T22:30:56Z logger.go:66:           - "Example"    = "ex-computed-rules"
TestTerraformComputedRulesExample 2022-08-26T22:30:56Z logger.go:66:           - "GithubOrg"  = "aidanmelen"
TestTerraformComputedRulesExample 2022-08-26T22:30:56Z logger.go:66:           - "GithubRepo" = "terraform-aws-security-group"
TestTerraformComputedRulesExample 2022-08-26T22:30:56Z logger.go:66:           - "Name"       = "ex-computed-rules"
TestTerraformComputedRulesExample 2022-08-26T22:30:56Z logger.go:66:         } -> null
TestTerraformComputedRulesExample 2022-08-26T22:30:56Z logger.go:66:       - vpc_id                 = "vpc-11111111" -> null
TestTerraformComputedRulesExample 2022-08-26T22:30:56Z logger.go:66:
TestTerraformComputedRulesExample 2022-08-26T22:30:56Z logger.go:66:       - timeouts {
TestTerraformComputedRulesExample 2022-08-26T22:30:56Z logger.go:66:           - create = "10m" -> null
TestTerraformComputedRulesExample 2022-08-26T22:30:56Z logger.go:66:           - delete = "15m" -> null
TestTerraformComputedRulesExample 2022-08-26T22:30:56Z logger.go:66:         }
TestTerraformComputedRulesExample 2022-08-26T22:30:56Z logger.go:66:     }
TestTerraformComputedRulesExample 2022-08-26T22:30:56Z logger.go:66:
TestTerraformComputedRulesExample 2022-08-26T22:30:56Z logger.go:66:   # module.sg.aws_security_group_rule.computed_egress_rules[0] will be destroyed
TestTerraformComputedRulesExample 2022-08-26T22:30:56Z logger.go:66:   - resource "aws_security_group_rule" "computed_egress_rules" {
TestTerraformComputedRulesExample 2022-08-26T22:30:56Z logger.go:66:       - description       = "Managed by Terraform" -> null
TestTerraformComputedRulesExample 2022-08-26T22:30:56Z logger.go:66:       - from_port         = 80 -> null
TestTerraformComputedRulesExample 2022-08-26T22:30:56Z logger.go:66:       - id                = "sgrule-1111111111" -> null
TestTerraformComputedRulesExample 2022-08-26T22:30:56Z logger.go:66:       - prefix_list_ids   = [
TestTerraformComputedRulesExample 2022-08-26T22:30:56Z logger.go:66:           - "pl-1111111111",
TestTerraformComputedRulesExample 2022-08-26T22:30:56Z logger.go:66:         ] -> null
TestTerraformComputedRulesExample 2022-08-26T22:30:56Z logger.go:66:       - protocol          = "tcp" -> null
TestTerraformComputedRulesExample 2022-08-26T22:30:56Z logger.go:66:       - security_group_id = "sg-1111111111111111" -> null
TestTerraformComputedRulesExample 2022-08-26T22:30:56Z logger.go:66:       - self              = false -> null
TestTerraformComputedRulesExample 2022-08-26T22:30:56Z logger.go:66:       - to_port           = 80 -> null
TestTerraformComputedRulesExample 2022-08-26T22:30:56Z logger.go:66:       - type              = "egress" -> null
TestTerraformComputedRulesExample 2022-08-26T22:30:56Z logger.go:66:     }
TestTerraformComputedRulesExample 2022-08-26T22:30:56Z logger.go:66:
TestTerraformComputedRulesExample 2022-08-26T22:30:56Z logger.go:66:   # module.sg.aws_security_group_rule.computed_ingress_rules[0] will be destroyed
TestTerraformComputedRulesExample 2022-08-26T22:30:56Z logger.go:66:   - resource "aws_security_group_rule" "computed_ingress_rules" {
TestTerraformComputedRulesExample 2022-08-26T22:30:56Z logger.go:66:       - description              = "Managed by Terraform" -> null
TestTerraformComputedRulesExample 2022-08-26T22:30:56Z logger.go:66:       - from_port                = 80 -> null
TestTerraformComputedRulesExample 2022-08-26T22:30:56Z logger.go:66:       - id                       = "sgrule-1111111111" -> null
TestTerraformComputedRulesExample 2022-08-26T22:30:56Z logger.go:66:       - protocol                 = "tcp" -> null
TestTerraformComputedRulesExample 2022-08-26T22:30:56Z logger.go:66:       - security_group_id        = "sg-1111111111111111" -> null
TestTerraformComputedRulesExample 2022-08-26T22:30:56Z logger.go:66:       - self                     = false -> null
TestTerraformComputedRulesExample 2022-08-26T22:30:56Z logger.go:66:       - source_security_group_id = "sg-1111111111111111" -> null
TestTerraformComputedRulesExample 2022-08-26T22:30:56Z logger.go:66:       - to_port                  = 80 -> null
TestTerraformComputedRulesExample 2022-08-26T22:30:56Z logger.go:66:       - type                     = "ingress" -> null
TestTerraformComputedRulesExample 2022-08-26T22:30:56Z logger.go:66:     }
TestTerraformComputedRulesExample 2022-08-26T22:30:56Z logger.go:66:
TestTerraformComputedRulesExample 2022-08-26T22:30:56Z logger.go:66:   # module.sg.aws_security_group_rule.computed_managed_egress_rules[0] will be destroyed
TestTerraformComputedRulesExample 2022-08-26T22:30:56Z logger.go:66:   - resource "aws_security_group_rule" "computed_managed_egress_rules" {
TestTerraformComputedRulesExample 2022-08-26T22:30:56Z logger.go:66:       - description       = "https-443-tcp" -> null
TestTerraformComputedRulesExample 2022-08-26T22:30:56Z logger.go:66:       - from_port         = 443 -> null
TestTerraformComputedRulesExample 2022-08-26T22:30:56Z logger.go:66:       - id                = "sgrule-1111111111" -> null
TestTerraformComputedRulesExample 2022-08-26T22:30:56Z logger.go:66:       - prefix_list_ids   = [
TestTerraformComputedRulesExample 2022-08-26T22:30:56Z logger.go:66:           - "pl-1111111111",
TestTerraformComputedRulesExample 2022-08-26T22:30:56Z logger.go:66:         ] -> null
TestTerraformComputedRulesExample 2022-08-26T22:30:56Z logger.go:66:       - protocol          = "tcp" -> null
TestTerraformComputedRulesExample 2022-08-26T22:30:56Z logger.go:66:       - security_group_id = "sg-1111111111111111" -> null
TestTerraformComputedRulesExample 2022-08-26T22:30:56Z logger.go:66:       - self              = false -> null
TestTerraformComputedRulesExample 2022-08-26T22:30:56Z logger.go:66:       - to_port           = 443 -> null
TestTerraformComputedRulesExample 2022-08-26T22:30:56Z logger.go:66:       - type              = "egress" -> null
TestTerraformComputedRulesExample 2022-08-26T22:30:56Z logger.go:66:     }
TestTerraformComputedRulesExample 2022-08-26T22:30:56Z logger.go:66:
TestTerraformComputedRulesExample 2022-08-26T22:30:56Z logger.go:66:   # module.sg.aws_security_group_rule.computed_managed_ingress_rules[0] will be destroyed
TestTerraformComputedRulesExample 2022-08-26T22:30:56Z logger.go:66:   - resource "aws_security_group_rule" "computed_managed_ingress_rules" {
TestTerraformComputedRulesExample 2022-08-26T22:30:56Z logger.go:66:       - description              = "https-443-tcp" -> null
TestTerraformComputedRulesExample 2022-08-26T22:30:56Z logger.go:66:       - from_port                = 443 -> null
TestTerraformComputedRulesExample 2022-08-26T22:30:56Z logger.go:66:       - id                       = "sgrule-1111111111" -> null
TestTerraformComputedRulesExample 2022-08-26T22:30:56Z logger.go:66:       - protocol                 = "tcp" -> null
TestTerraformComputedRulesExample 2022-08-26T22:30:56Z logger.go:66:       - security_group_id        = "sg-1111111111111111" -> null
TestTerraformComputedRulesExample 2022-08-26T22:30:56Z logger.go:66:       - self                     = false -> null
TestTerraformComputedRulesExample 2022-08-26T22:30:56Z logger.go:66:       - source_security_group_id = "sg-1111111111111111" -> null
TestTerraformComputedRulesExample 2022-08-26T22:30:56Z logger.go:66:       - to_port                  = 443 -> null
TestTerraformComputedRulesExample 2022-08-26T22:30:56Z logger.go:66:       - type                     = "ingress" -> null
TestTerraformComputedRulesExample 2022-08-26T22:30:56Z logger.go:66:     }
TestTerraformComputedRulesExample 2022-08-26T22:30:56Z logger.go:66:
TestTerraformComputedRulesExample 2022-08-26T22:30:56Z logger.go:66: Plan: 0 to add, 0 to change, 7 to destroy.
TestTerraformComputedRulesExample 2022-08-26T22:30:56Z logger.go:66:
TestTerraformComputedRulesExample 2022-08-26T22:30:56Z logger.go:66: Changes to Outputs:
TestTerraformComputedRulesExample 2022-08-26T22:30:56Z logger.go:66:   - arn          = "arn:aws:ec2:us-west-2:111111111111:security-group/sg-1111111111111111" -> null
TestTerraformComputedRulesExample 2022-08-26T22:30:56Z logger.go:66:   - egress       = {
TestTerraformComputedRulesExample 2022-08-26T22:30:56Z logger.go:66:       - egress-443-443-tcp-to-pl-1111111111 = {
TestTerraformComputedRulesExample 2022-08-26T22:30:56Z logger.go:66:           - cidr_blocks              = null
TestTerraformComputedRulesExample 2022-08-26T22:30:56Z logger.go:66:           - description              = "https-443-tcp"
TestTerraformComputedRulesExample 2022-08-26T22:30:56Z logger.go:66:           - from_port                = 443
TestTerraformComputedRulesExample 2022-08-26T22:30:56Z logger.go:66:           - id                       = "sgrule-1111111111"
TestTerraformComputedRulesExample 2022-08-26T22:30:56Z logger.go:66:           - ipv6_cidr_blocks         = null
TestTerraformComputedRulesExample 2022-08-26T22:30:56Z logger.go:66:           - prefix_list_ids          = [
TestTerraformComputedRulesExample 2022-08-26T22:30:56Z logger.go:66:               - "pl-1111111111",
TestTerraformComputedRulesExample 2022-08-26T22:30:56Z logger.go:66:             ]
TestTerraformComputedRulesExample 2022-08-26T22:30:56Z logger.go:66:           - protocol                 = "tcp"
TestTerraformComputedRulesExample 2022-08-26T22:30:56Z logger.go:66:           - security_group_id        = "sg-1111111111111111"
TestTerraformComputedRulesExample 2022-08-26T22:30:56Z logger.go:66:           - self                     = false
TestTerraformComputedRulesExample 2022-08-26T22:30:56Z logger.go:66:           - source_security_group_id = null
TestTerraformComputedRulesExample 2022-08-26T22:30:56Z logger.go:66:           - timeouts                 = null
TestTerraformComputedRulesExample 2022-08-26T22:30:56Z logger.go:66:           - to_port                  = 443
TestTerraformComputedRulesExample 2022-08-26T22:30:56Z logger.go:66:           - type                     = "egress"
TestTerraformComputedRulesExample 2022-08-26T22:30:56Z logger.go:66:         }
TestTerraformComputedRulesExample 2022-08-26T22:30:56Z logger.go:66:       - egress-80-80-tcp-to-pl-1111111111   = {
TestTerraformComputedRulesExample 2022-08-26T22:30:56Z logger.go:66:           - cidr_blocks              = null
TestTerraformComputedRulesExample 2022-08-26T22:30:56Z logger.go:66:           - description              = "Managed by Terraform"
TestTerraformComputedRulesExample 2022-08-26T22:30:56Z logger.go:66:           - from_port                = 80
TestTerraformComputedRulesExample 2022-08-26T22:30:56Z logger.go:66:           - id                       = "sgrule-1111111111"
TestTerraformComputedRulesExample 2022-08-26T22:30:56Z logger.go:66:           - ipv6_cidr_blocks         = null
TestTerraformComputedRulesExample 2022-08-26T22:30:56Z logger.go:66:           - prefix_list_ids          = [
TestTerraformComputedRulesExample 2022-08-26T22:30:56Z logger.go:66:               - "pl-1111111111",
TestTerraformComputedRulesExample 2022-08-26T22:30:56Z logger.go:66:             ]
TestTerraformComputedRulesExample 2022-08-26T22:30:56Z logger.go:66:           - protocol                 = "tcp"
TestTerraformComputedRulesExample 2022-08-26T22:30:56Z logger.go:66:           - security_group_id        = "sg-1111111111111111"
TestTerraformComputedRulesExample 2022-08-26T22:30:56Z logger.go:66:           - self                     = false
TestTerraformComputedRulesExample 2022-08-26T22:30:56Z logger.go:66:           - source_security_group_id = null
TestTerraformComputedRulesExample 2022-08-26T22:30:56Z logger.go:66:           - timeouts                 = null
TestTerraformComputedRulesExample 2022-08-26T22:30:56Z logger.go:66:           - to_port                  = 80
TestTerraformComputedRulesExample 2022-08-26T22:30:56Z logger.go:66:           - type                     = "egress"
TestTerraformComputedRulesExample 2022-08-26T22:30:56Z logger.go:66:         }
TestTerraformComputedRulesExample 2022-08-26T22:30:56Z logger.go:66:     } -> null
TestTerraformComputedRulesExample 2022-08-26T22:30:56Z logger.go:66:   - egress_keys  = [
TestTerraformComputedRulesExample 2022-08-26T22:30:56Z logger.go:66:       - "egress-443-443-tcp-to-pl-1111111111",
TestTerraformComputedRulesExample 2022-08-26T22:30:56Z logger.go:66:       - "egress-80-80-tcp-to-pl-1111111111",
TestTerraformComputedRulesExample 2022-08-26T22:30:56Z logger.go:66:     ] -> null
TestTerraformComputedRulesExample 2022-08-26T22:30:56Z logger.go:66:   - id           = "sg-1111111111111111" -> null
TestTerraformComputedRulesExample 2022-08-26T22:30:56Z logger.go:66:   - ingress      = {
TestTerraformComputedRulesExample 2022-08-26T22:30:56Z logger.go:66:       - ingress-443-443-tcp-from-sg-1111111111111111 = {
TestTerraformComputedRulesExample 2022-08-26T22:30:56Z logger.go:66:           - cidr_blocks              = null
TestTerraformComputedRulesExample 2022-08-26T22:30:56Z logger.go:66:           - description              = "https-443-tcp"
TestTerraformComputedRulesExample 2022-08-26T22:30:56Z logger.go:66:           - from_port                = 443
TestTerraformComputedRulesExample 2022-08-26T22:30:56Z logger.go:66:           - id                       = "sgrule-1111111111"
TestTerraformComputedRulesExample 2022-08-26T22:30:56Z logger.go:66:           - ipv6_cidr_blocks         = null
TestTerraformComputedRulesExample 2022-08-26T22:30:56Z logger.go:66:           - prefix_list_ids          = null
TestTerraformComputedRulesExample 2022-08-26T22:30:56Z logger.go:66:           - protocol                 = "tcp"
TestTerraformComputedRulesExample 2022-08-26T22:30:56Z logger.go:66:           - security_group_id        = "sg-1111111111111111"
TestTerraformComputedRulesExample 2022-08-26T22:30:56Z logger.go:66:           - self                     = false
TestTerraformComputedRulesExample 2022-08-26T22:30:56Z logger.go:66:           - source_security_group_id = "sg-1111111111111111"
TestTerraformComputedRulesExample 2022-08-26T22:30:56Z logger.go:66:           - timeouts                 = null
TestTerraformComputedRulesExample 2022-08-26T22:30:56Z logger.go:66:           - to_port                  = 443
TestTerraformComputedRulesExample 2022-08-26T22:30:56Z logger.go:66:           - type                     = "ingress"
TestTerraformComputedRulesExample 2022-08-26T22:30:56Z logger.go:66:         }
TestTerraformComputedRulesExample 2022-08-26T22:30:56Z logger.go:66:       - ingress-80-80-tcp-from-sg-1111111111111111   = {
TestTerraformComputedRulesExample 2022-08-26T22:30:56Z logger.go:66:           - cidr_blocks              = null
TestTerraformComputedRulesExample 2022-08-26T22:30:56Z logger.go:66:           - description              = "Managed by Terraform"
TestTerraformComputedRulesExample 2022-08-26T22:30:56Z logger.go:66:           - from_port                = 80
TestTerraformComputedRulesExample 2022-08-26T22:30:56Z logger.go:66:           - id                       = "sgrule-1111111111"
TestTerraformComputedRulesExample 2022-08-26T22:30:56Z logger.go:66:           - ipv6_cidr_blocks         = null
TestTerraformComputedRulesExample 2022-08-26T22:30:56Z logger.go:66:           - prefix_list_ids          = null
TestTerraformComputedRulesExample 2022-08-26T22:30:56Z logger.go:66:           - protocol                 = "tcp"
TestTerraformComputedRulesExample 2022-08-26T22:30:56Z logger.go:66:           - security_group_id        = "sg-1111111111111111"
TestTerraformComputedRulesExample 2022-08-26T22:30:56Z logger.go:66:           - self                     = false
TestTerraformComputedRulesExample 2022-08-26T22:30:56Z logger.go:66:           - source_security_group_id = "sg-1111111111111111"
TestTerraformComputedRulesExample 2022-08-26T22:30:56Z logger.go:66:           - timeouts                 = null
TestTerraformComputedRulesExample 2022-08-26T22:30:56Z logger.go:66:           - to_port                  = 80
TestTerraformComputedRulesExample 2022-08-26T22:30:56Z logger.go:66:           - type                     = "ingress"
TestTerraformComputedRulesExample 2022-08-26T22:30:56Z logger.go:66:         }
TestTerraformComputedRulesExample 2022-08-26T22:30:56Z logger.go:66:     } -> null
TestTerraformComputedRulesExample 2022-08-26T22:30:56Z logger.go:66:   - ingress_keys = [
TestTerraformComputedRulesExample 2022-08-26T22:30:56Z logger.go:66:       - "ingress-443-443-tcp-from-sg-1111111111111111",
TestTerraformComputedRulesExample 2022-08-26T22:30:56Z logger.go:66:       - "ingress-80-80-tcp-from-sg-1111111111111111",
TestTerraformComputedRulesExample 2022-08-26T22:30:56Z logger.go:66:     ] -> null
TestTerraformComputedRulesExample 2022-08-26T22:30:56Z logger.go:66:   - terratest    = {
TestTerraformComputedRulesExample 2022-08-26T22:30:56Z logger.go:66:       - aws_ec2_managed_prefix_list_other_id = "pl-1111111111"
TestTerraformComputedRulesExample 2022-08-26T22:30:56Z logger.go:66:       - aws_security_group_other_id          = "sg-1111111111111111"
TestTerraformComputedRulesExample 2022-08-26T22:30:56Z logger.go:66:     } -> null
TestTerraformComputedRulesExample 2022-08-26T22:30:57Z logger.go:66: module.sg.aws_security_group_rule.computed_managed_egress_rules[0]: Destroying... [id=sgrule-1111111111]
TestTerraformComputedRulesExample 2022-08-26T22:30:57Z logger.go:66: module.sg.aws_security_group_rule.computed_managed_ingress_rules[0]: Destroying... [id=sgrule-1111111111]
TestTerraformComputedRulesExample 2022-08-26T22:30:57Z logger.go:66: module.sg.aws_security_group_rule.computed_egress_rules[0]: Destroying... [id=sgrule-1111111111]
TestTerraformComputedRulesExample 2022-08-26T22:30:57Z logger.go:66: module.sg.aws_security_group_rule.computed_ingress_rules[0]: Destroying... [id=sgrule-1111111111]
TestTerraformComputedRulesExample 2022-08-26T22:30:58Z logger.go:66: module.sg.aws_security_group_rule.computed_ingress_rules[0]: Destruction complete after 0s
TestTerraformComputedRulesExample 2022-08-26T22:30:58Z logger.go:66: module.sg.aws_security_group_rule.computed_egress_rules[0]: Destruction complete after 1s
TestTerraformComputedRulesExample 2022-08-26T22:30:59Z logger.go:66: module.sg.aws_security_group_rule.computed_managed_ingress_rules[0]: Destruction complete after 2s
TestTerraformComputedRulesExample 2022-08-26T22:31:00Z logger.go:66: module.sg.aws_security_group_rule.computed_managed_egress_rules[0]: Destruction complete after 2s
TestTerraformComputedRulesExample 2022-08-26T22:31:00Z logger.go:66: aws_security_group.other: Destroying... [id=sg-1111111111111111]
TestTerraformComputedRulesExample 2022-08-26T22:31:00Z logger.go:66: aws_ec2_managed_prefix_list.other: Destroying... [id=pl-1111111111]
TestTerraformComputedRulesExample 2022-08-26T22:31:00Z logger.go:66: module.sg.aws_security_group.self[0]: Destroying... [id=sg-1111111111111111]
TestTerraformComputedRulesExample 2022-08-26T22:31:01Z logger.go:66: aws_security_group.other: Destruction complete after 1s
TestTerraformComputedRulesExample 2022-08-26T22:31:01Z logger.go:66: module.sg.aws_security_group.self[0]: Destruction complete after 1s
TestTerraformComputedRulesExample 2022-08-26T22:31:07Z logger.go:66: aws_ec2_managed_prefix_list.other: Destruction complete after 7s
TestTerraformComputedRulesExample 2022-08-26T22:31:07Z logger.go:66:
TestTerraformComputedRulesExample 2022-08-26T22:31:07Z logger.go:66: Destroy complete! Resources: 7 destroyed.
--- PASS: TestTerraformComputedRulesExample (41.60s)
PASS
ok  	command-line-arguments	41.613s
