=== RUN   TestTerraformRulesOnlyExample
TestTerraformRulesOnlyExample 2022-10-07T18:28:58Z retry.go:91: terraform [init -upgrade=false]
TestTerraformRulesOnlyExample 2022-10-07T18:28:58Z logger.go:66: Running command terraform with args [init -upgrade=false]
TestTerraformRulesOnlyExample 2022-10-07T18:28:58Z logger.go:66: [0m[1mInitializing modules...[0m
TestTerraformRulesOnlyExample 2022-10-07T18:28:58Z logger.go:66:
TestTerraformRulesOnlyExample 2022-10-07T18:28:58Z logger.go:66: [0m[1mInitializing the backend...[0m
TestTerraformRulesOnlyExample 2022-10-07T18:28:59Z logger.go:66:
TestTerraformRulesOnlyExample 2022-10-07T18:28:59Z logger.go:66: [0m[1mInitializing provider plugins...[0m
TestTerraformRulesOnlyExample 2022-10-07T18:28:59Z logger.go:66: - Reusing previous version of hashicorp/aws from the dependency lock file
TestTerraformRulesOnlyExample 2022-10-07T18:29:00Z logger.go:66: - Using previously-installed hashicorp/aws v4.34.0
TestTerraformRulesOnlyExample 2022-10-07T18:29:00Z logger.go:66:
TestTerraformRulesOnlyExample 2022-10-07T18:29:00Z logger.go:66: [0m[1m[32mTerraform has been successfully initialized![0m[32m[0m
TestTerraformRulesOnlyExample 2022-10-07T18:29:00Z logger.go:66: [0m[32m
TestTerraformRulesOnlyExample 2022-10-07T18:29:00Z logger.go:66: You may now begin working with Terraform. Try running "terraform plan" to see
TestTerraformRulesOnlyExample 2022-10-07T18:29:00Z logger.go:66: any changes that are required for your infrastructure. All Terraform commands
TestTerraformRulesOnlyExample 2022-10-07T18:29:00Z logger.go:66: should now work.
TestTerraformRulesOnlyExample 2022-10-07T18:29:00Z logger.go:66:
TestTerraformRulesOnlyExample 2022-10-07T18:29:00Z logger.go:66: If you ever set or change modules or backend configuration for Terraform,
TestTerraformRulesOnlyExample 2022-10-07T18:29:00Z logger.go:66: rerun this command to reinitialize your working directory. If you forget, other
TestTerraformRulesOnlyExample 2022-10-07T18:29:00Z logger.go:66: commands will detect it and remind you to do so if necessary.[0m
TestTerraformRulesOnlyExample 2022-10-07T18:29:00Z retry.go:91: terraform [apply -input=false -auto-approve -no-color -lock=false]
TestTerraformRulesOnlyExample 2022-10-07T18:29:00Z logger.go:66: Running command terraform with args [apply -input=false -auto-approve -no-color -lock=false]
TestTerraformRulesOnlyExample 2022-10-07T18:29:04Z logger.go:66: data.aws_vpc.default: Reading...
TestTerraformRulesOnlyExample 2022-10-07T18:29:04Z logger.go:66: data.aws_vpc.default: Read complete after 0s [id=vpc-1111111111111111]
TestTerraformRulesOnlyExample 2022-10-07T18:29:04Z logger.go:66: data.aws_security_group.default: Reading...
TestTerraformRulesOnlyExample 2022-10-07T18:29:04Z logger.go:66: data.aws_security_group.default: Read complete after 1s [id=sg-1111111111111111]
TestTerraformRulesOnlyExample 2022-10-07T18:29:04Z logger.go:66:
TestTerraformRulesOnlyExample 2022-10-07T18:29:04Z logger.go:66: Terraform used the selected providers to generate the following execution
TestTerraformRulesOnlyExample 2022-10-07T18:29:04Z logger.go:66: plan. Resource actions are indicated with the following symbols:
TestTerraformRulesOnlyExample 2022-10-07T18:29:04Z logger.go:66:   + create
TestTerraformRulesOnlyExample 2022-10-07T18:29:04Z logger.go:66:
TestTerraformRulesOnlyExample 2022-10-07T18:29:04Z logger.go:66: Terraform will perform the following actions:
TestTerraformRulesOnlyExample 2022-10-07T18:29:04Z logger.go:66:
TestTerraformRulesOnlyExample 2022-10-07T18:29:04Z logger.go:66:   # module.pre_existing.aws_security_group.self[0] will be created
TestTerraformRulesOnlyExample 2022-10-07T18:29:04Z logger.go:66:   + resource "aws_security_group" "self" {
TestTerraformRulesOnlyExample 2022-10-07T18:29:04Z logger.go:66:       + arn                    = (known after apply)
TestTerraformRulesOnlyExample 2022-10-07T18:29:04Z logger.go:66:       + description            = "ex-rules-only-pre-existing"
TestTerraformRulesOnlyExample 2022-10-07T18:29:04Z logger.go:66:       + egress                 = (known after apply)
TestTerraformRulesOnlyExample 2022-10-07T18:29:04Z logger.go:66:       + id                     = (known after apply)
TestTerraformRulesOnlyExample 2022-10-07T18:29:04Z logger.go:66:       + ingress                = (known after apply)
TestTerraformRulesOnlyExample 2022-10-07T18:29:04Z logger.go:66:       + name                   = (known after apply)
TestTerraformRulesOnlyExample 2022-10-07T18:29:04Z logger.go:66:       + name_prefix            = (known after apply)
TestTerraformRulesOnlyExample 2022-10-07T18:29:04Z logger.go:66:       + owner_id               = (known after apply)
TestTerraformRulesOnlyExample 2022-10-07T18:29:04Z logger.go:66:       + revoke_rules_on_delete = false
TestTerraformRulesOnlyExample 2022-10-07T18:29:04Z logger.go:66:       + tags_all               = {
TestTerraformRulesOnlyExample 2022-10-07T18:29:04Z logger.go:66:           + "Example"    = "ex-rules-only"
TestTerraformRulesOnlyExample 2022-10-07T18:29:04Z logger.go:66:           + "GithubOrg"  = "aidanmelen"
TestTerraformRulesOnlyExample 2022-10-07T18:29:04Z logger.go:66:           + "GithubRepo" = "terraform-aws-security-group"
TestTerraformRulesOnlyExample 2022-10-07T18:29:04Z logger.go:66:         }
TestTerraformRulesOnlyExample 2022-10-07T18:29:04Z logger.go:66:       + vpc_id                 = "vpc-1111111111111111"
TestTerraformRulesOnlyExample 2022-10-07T18:29:04Z logger.go:66:
TestTerraformRulesOnlyExample 2022-10-07T18:29:04Z logger.go:66:       + timeouts {
TestTerraformRulesOnlyExample 2022-10-07T18:29:04Z logger.go:66:           + create = "10m"
TestTerraformRulesOnlyExample 2022-10-07T18:29:04Z logger.go:66:           + delete = "15m"
TestTerraformRulesOnlyExample 2022-10-07T18:29:04Z logger.go:66:         }
TestTerraformRulesOnlyExample 2022-10-07T18:29:04Z logger.go:66:     }
TestTerraformRulesOnlyExample 2022-10-07T18:29:04Z logger.go:66:
TestTerraformRulesOnlyExample 2022-10-07T18:29:04Z logger.go:66:   # module.security_group.aws_security_group_rule.egress["0-0-all-0.0.0.0/0-::/0"] will be created
TestTerraformRulesOnlyExample 2022-10-07T18:29:04Z logger.go:66:   + resource "aws_security_group_rule" "egress" {
TestTerraformRulesOnlyExample 2022-10-07T18:29:04Z logger.go:66:       + cidr_blocks              = [
TestTerraformRulesOnlyExample 2022-10-07T18:29:04Z logger.go:66:           + "0.0.0.0/0",
TestTerraformRulesOnlyExample 2022-10-07T18:29:04Z logger.go:66:         ]
TestTerraformRulesOnlyExample 2022-10-07T18:29:04Z logger.go:66:       + description              = "managed by Terraform"
TestTerraformRulesOnlyExample 2022-10-07T18:29:04Z logger.go:66:       + from_port                = 0
TestTerraformRulesOnlyExample 2022-10-07T18:29:04Z logger.go:66:       + id                       = (known after apply)
TestTerraformRulesOnlyExample 2022-10-07T18:29:04Z logger.go:66:       + ipv6_cidr_blocks         = [
TestTerraformRulesOnlyExample 2022-10-07T18:29:04Z logger.go:66:           + "::/0",
TestTerraformRulesOnlyExample 2022-10-07T18:29:04Z logger.go:66:         ]
TestTerraformRulesOnlyExample 2022-10-07T18:29:04Z logger.go:66:       + protocol                 = "-1"
TestTerraformRulesOnlyExample 2022-10-07T18:29:04Z logger.go:66:       + security_group_id        = (known after apply)
TestTerraformRulesOnlyExample 2022-10-07T18:29:04Z logger.go:66:       + self                     = false
TestTerraformRulesOnlyExample 2022-10-07T18:29:04Z logger.go:66:       + source_security_group_id = (known after apply)
TestTerraformRulesOnlyExample 2022-10-07T18:29:04Z logger.go:66:       + to_port                  = 0
TestTerraformRulesOnlyExample 2022-10-07T18:29:04Z logger.go:66:       + type                     = "egress"
TestTerraformRulesOnlyExample 2022-10-07T18:29:04Z logger.go:66:     }
TestTerraformRulesOnlyExample 2022-10-07T18:29:04Z logger.go:66:
TestTerraformRulesOnlyExample 2022-10-07T18:29:04Z logger.go:66:   # module.security_group.aws_security_group_rule.ingress["443-443-tcp-0.0.0.0/0-::/0"] will be created
TestTerraformRulesOnlyExample 2022-10-07T18:29:04Z logger.go:66:   + resource "aws_security_group_rule" "ingress" {
TestTerraformRulesOnlyExample 2022-10-07T18:29:04Z logger.go:66:       + cidr_blocks              = [
TestTerraformRulesOnlyExample 2022-10-07T18:29:04Z logger.go:66:           + "0.0.0.0/0",
TestTerraformRulesOnlyExample 2022-10-07T18:29:04Z logger.go:66:         ]
TestTerraformRulesOnlyExample 2022-10-07T18:29:04Z logger.go:66:       + description              = "managed by Terraform"
TestTerraformRulesOnlyExample 2022-10-07T18:29:04Z logger.go:66:       + from_port                = 443
TestTerraformRulesOnlyExample 2022-10-07T18:29:04Z logger.go:66:       + id                       = (known after apply)
TestTerraformRulesOnlyExample 2022-10-07T18:29:04Z logger.go:66:       + ipv6_cidr_blocks         = [
TestTerraformRulesOnlyExample 2022-10-07T18:29:04Z logger.go:66:           + "::/0",
TestTerraformRulesOnlyExample 2022-10-07T18:29:04Z logger.go:66:         ]
TestTerraformRulesOnlyExample 2022-10-07T18:29:04Z logger.go:66:       + protocol                 = "tcp"
TestTerraformRulesOnlyExample 2022-10-07T18:29:04Z logger.go:66:       + security_group_id        = (known after apply)
TestTerraformRulesOnlyExample 2022-10-07T18:29:04Z logger.go:66:       + self                     = false
TestTerraformRulesOnlyExample 2022-10-07T18:29:04Z logger.go:66:       + source_security_group_id = (known after apply)
TestTerraformRulesOnlyExample 2022-10-07T18:29:04Z logger.go:66:       + to_port                  = 443
TestTerraformRulesOnlyExample 2022-10-07T18:29:04Z logger.go:66:       + type                     = "ingress"
TestTerraformRulesOnlyExample 2022-10-07T18:29:04Z logger.go:66:     }
TestTerraformRulesOnlyExample 2022-10-07T18:29:04Z logger.go:66:
TestTerraformRulesOnlyExample 2022-10-07T18:29:04Z logger.go:66: Plan: 3 to add, 0 to change, 0 to destroy.
TestTerraformRulesOnlyExample 2022-10-07T18:29:04Z logger.go:66:
TestTerraformRulesOnlyExample 2022-10-07T18:29:04Z logger.go:66: Changes to Outputs:
TestTerraformRulesOnlyExample 2022-10-07T18:29:04Z logger.go:66:   + egress    = (known after apply)
TestTerraformRulesOnlyExample 2022-10-07T18:29:04Z logger.go:66:   + ingress   = (known after apply)
TestTerraformRulesOnlyExample 2022-10-07T18:29:04Z logger.go:66:   + terratest = {
TestTerraformRulesOnlyExample 2022-10-07T18:29:04Z logger.go:66:       + data_aws_security_group_default_id = "sg-1111111111111111"
TestTerraformRulesOnlyExample 2022-10-07T18:29:04Z logger.go:66:       + egress_count                       = (known after apply)
TestTerraformRulesOnlyExample 2022-10-07T18:29:04Z logger.go:66:       + ingress_count                      = (known after apply)
TestTerraformRulesOnlyExample 2022-10-07T18:29:04Z logger.go:66:       + pre_existing_security_group_id     = (known after apply)
TestTerraformRulesOnlyExample 2022-10-07T18:29:04Z logger.go:66:     }
TestTerraformRulesOnlyExample 2022-10-07T18:29:05Z logger.go:66: module.pre_existing.aws_security_group.self[0]: Creating...
TestTerraformRulesOnlyExample 2022-10-07T18:29:07Z logger.go:66: module.pre_existing.aws_security_group.self[0]: Creation complete after 2s [id=sg-1111111111111111]
TestTerraformRulesOnlyExample 2022-10-07T18:29:07Z logger.go:66: module.security_group.aws_security_group_rule.egress["0-0-all-0.0.0.0/0-::/0"]: Creating...
TestTerraformRulesOnlyExample 2022-10-07T18:29:07Z logger.go:66: module.security_group.aws_security_group_rule.ingress["443-443-tcp-0.0.0.0/0-::/0"]: Creating...
TestTerraformRulesOnlyExample 2022-10-07T18:29:08Z logger.go:66: module.security_group.aws_security_group_rule.ingress["443-443-tcp-0.0.0.0/0-::/0"]: Creation complete after 0s [id=sgrule-1111111111]
TestTerraformRulesOnlyExample 2022-10-07T18:29:08Z logger.go:66: module.security_group.aws_security_group_rule.egress["0-0-all-0.0.0.0/0-::/0"]: Creation complete after 1s [id=sgrule-1111111111]
TestTerraformRulesOnlyExample 2022-10-07T18:29:08Z logger.go:66:
TestTerraformRulesOnlyExample 2022-10-07T18:29:08Z logger.go:66: Apply complete! Resources: 3 added, 0 changed, 0 destroyed.
TestTerraformRulesOnlyExample 2022-10-07T18:29:08Z logger.go:66:
TestTerraformRulesOnlyExample 2022-10-07T18:29:08Z logger.go:66: Outputs:
TestTerraformRulesOnlyExample 2022-10-07T18:29:08Z logger.go:66:
TestTerraformRulesOnlyExample 2022-10-07T18:29:08Z logger.go:66: egress = [
TestTerraformRulesOnlyExample 2022-10-07T18:29:08Z logger.go:66:   {
TestTerraformRulesOnlyExample 2022-10-07T18:29:08Z logger.go:66:     "cidr_blocks" = tolist([
TestTerraformRulesOnlyExample 2022-10-07T18:29:08Z logger.go:66:       "0.0.0.0/0",
TestTerraformRulesOnlyExample 2022-10-07T18:29:08Z logger.go:66:     ])
TestTerraformRulesOnlyExample 2022-10-07T18:29:08Z logger.go:66:     "description" = "managed by Terraform"
TestTerraformRulesOnlyExample 2022-10-07T18:29:08Z logger.go:66:     "from_port" = 0
TestTerraformRulesOnlyExample 2022-10-07T18:29:08Z logger.go:66:     "id" = "sgrule-1111111111"
TestTerraformRulesOnlyExample 2022-10-07T18:29:08Z logger.go:66:     "ipv6_cidr_blocks" = tolist([
TestTerraformRulesOnlyExample 2022-10-07T18:29:08Z logger.go:66:       "::/0",
TestTerraformRulesOnlyExample 2022-10-07T18:29:08Z logger.go:66:     ])
TestTerraformRulesOnlyExample 2022-10-07T18:29:08Z logger.go:66:     "prefix_list_ids" = tolist(null) /* of string */
TestTerraformRulesOnlyExample 2022-10-07T18:29:08Z logger.go:66:     "protocol" = "-1"
TestTerraformRulesOnlyExample 2022-10-07T18:29:08Z logger.go:66:     "security_group_id" = "sg-1111111111111111"
TestTerraformRulesOnlyExample 2022-10-07T18:29:08Z logger.go:66:     "self" = false
TestTerraformRulesOnlyExample 2022-10-07T18:29:08Z logger.go:66:     "source_security_group_id" = tostring(null)
TestTerraformRulesOnlyExample 2022-10-07T18:29:08Z logger.go:66:     "timeouts" = null /* object */
TestTerraformRulesOnlyExample 2022-10-07T18:29:08Z logger.go:66:     "to_port" = 0
TestTerraformRulesOnlyExample 2022-10-07T18:29:08Z logger.go:66:     "type" = "egress"
TestTerraformRulesOnlyExample 2022-10-07T18:29:08Z logger.go:66:   },
TestTerraformRulesOnlyExample 2022-10-07T18:29:08Z logger.go:66: ]
TestTerraformRulesOnlyExample 2022-10-07T18:29:08Z logger.go:66: ingress = [
TestTerraformRulesOnlyExample 2022-10-07T18:29:08Z logger.go:66:   {
TestTerraformRulesOnlyExample 2022-10-07T18:29:08Z logger.go:66:     "cidr_blocks" = tolist([
TestTerraformRulesOnlyExample 2022-10-07T18:29:08Z logger.go:66:       "0.0.0.0/0",
TestTerraformRulesOnlyExample 2022-10-07T18:29:08Z logger.go:66:     ])
TestTerraformRulesOnlyExample 2022-10-07T18:29:08Z logger.go:66:     "description" = "managed by Terraform"
TestTerraformRulesOnlyExample 2022-10-07T18:29:08Z logger.go:66:     "from_port" = 443
TestTerraformRulesOnlyExample 2022-10-07T18:29:08Z logger.go:66:     "id" = "sgrule-1111111111"
TestTerraformRulesOnlyExample 2022-10-07T18:29:08Z logger.go:66:     "ipv6_cidr_blocks" = tolist([
TestTerraformRulesOnlyExample 2022-10-07T18:29:08Z logger.go:66:       "::/0",
TestTerraformRulesOnlyExample 2022-10-07T18:29:08Z logger.go:66:     ])
TestTerraformRulesOnlyExample 2022-10-07T18:29:08Z logger.go:66:     "prefix_list_ids" = tolist(null) /* of string */
TestTerraformRulesOnlyExample 2022-10-07T18:29:08Z logger.go:66:     "protocol" = "tcp"
TestTerraformRulesOnlyExample 2022-10-07T18:29:08Z logger.go:66:     "security_group_id" = "sg-1111111111111111"
TestTerraformRulesOnlyExample 2022-10-07T18:29:08Z logger.go:66:     "self" = false
TestTerraformRulesOnlyExample 2022-10-07T18:29:08Z logger.go:66:     "source_security_group_id" = tostring(null)
TestTerraformRulesOnlyExample 2022-10-07T18:29:08Z logger.go:66:     "timeouts" = null /* object */
TestTerraformRulesOnlyExample 2022-10-07T18:29:08Z logger.go:66:     "to_port" = 443
TestTerraformRulesOnlyExample 2022-10-07T18:29:08Z logger.go:66:     "type" = "ingress"
TestTerraformRulesOnlyExample 2022-10-07T18:29:08Z logger.go:66:   },
TestTerraformRulesOnlyExample 2022-10-07T18:29:08Z logger.go:66: ]
TestTerraformRulesOnlyExample 2022-10-07T18:29:08Z logger.go:66: terratest = {
TestTerraformRulesOnlyExample 2022-10-07T18:29:08Z logger.go:66:   "data_aws_security_group_default_id" = "sg-1111111111111111"
TestTerraformRulesOnlyExample 2022-10-07T18:29:08Z logger.go:66:   "egress_count" = 1
TestTerraformRulesOnlyExample 2022-10-07T18:29:08Z logger.go:66:   "ingress_count" = 1
TestTerraformRulesOnlyExample 2022-10-07T18:29:08Z logger.go:66:   "pre_existing_security_group_id" = "sg-1111111111111111"
TestTerraformRulesOnlyExample 2022-10-07T18:29:08Z logger.go:66: }
TestTerraformRulesOnlyExample 2022-10-07T18:29:08Z retry.go:91: terraform [output -no-color -json ingress]
TestTerraformRulesOnlyExample 2022-10-07T18:29:08Z logger.go:66: Running command terraform with args [output -no-color -json ingress]
TestTerraformRulesOnlyExample 2022-10-07T18:29:09Z logger.go:66: [{"cidr_blocks":["0.0.0.0/0"],"description":"managed by Terraform","from_port":443,"id":"sgrule-1111111111","ipv6_cidr_blocks":["::/0"],"prefix_list_ids":null,"protocol":"tcp","security_group_id":"sg-1111111111111111","self":false,"source_security_group_id":null,"timeouts":null,"to_port":443,"type":"ingress"}]
TestTerraformRulesOnlyExample 2022-10-07T18:29:09Z retry.go:91: terraform [output -no-color -json egress]
TestTerraformRulesOnlyExample 2022-10-07T18:29:09Z logger.go:66: Running command terraform with args [output -no-color -json egress]
TestTerraformRulesOnlyExample 2022-10-07T18:29:10Z logger.go:66: [{"cidr_blocks":["0.0.0.0/0"],"description":"managed by Terraform","from_port":0,"id":"sgrule-1111111111","ipv6_cidr_blocks":["::/0"],"prefix_list_ids":null,"protocol":"-1","security_group_id":"sg-1111111111111111","self":false,"source_security_group_id":null,"timeouts":null,"to_port":0,"type":"egress"}]
TestTerraformRulesOnlyExample 2022-10-07T18:29:10Z retry.go:91: terraform [output -no-color -json terratest]
TestTerraformRulesOnlyExample 2022-10-07T18:29:10Z logger.go:66: Running command terraform with args [output -no-color -json terratest]
TestTerraformRulesOnlyExample 2022-10-07T18:29:11Z logger.go:66: {"data_aws_security_group_default_id":"sg-1111111111111111","egress_count":1,"ingress_count":1,"pre_existing_security_group_id":"sg-1111111111111111"}
TestTerraformRulesOnlyExample 2022-10-07T18:29:11Z retry.go:91: terraform [destroy -auto-approve -input=false -no-color -lock=false]
TestTerraformRulesOnlyExample 2022-10-07T18:29:11Z logger.go:66: Running command terraform with args [destroy -auto-approve -input=false -no-color -lock=false]
TestTerraformRulesOnlyExample 2022-10-07T18:29:14Z logger.go:66: data.aws_vpc.default: Reading...
TestTerraformRulesOnlyExample 2022-10-07T18:29:15Z logger.go:66: data.aws_vpc.default: Read complete after 0s [id=vpc-1111111111111111]
TestTerraformRulesOnlyExample 2022-10-07T18:29:15Z logger.go:66: data.aws_security_group.default: Reading...
TestTerraformRulesOnlyExample 2022-10-07T18:29:15Z logger.go:66: module.pre_existing.aws_security_group.self[0]: Refreshing state... [id=sg-1111111111111111]
TestTerraformRulesOnlyExample 2022-10-07T18:29:15Z logger.go:66: module.security_group.aws_security_group_rule.ingress["443-443-tcp-0.0.0.0/0-::/0"]: Refreshing state... [id=sgrule-1111111111]
TestTerraformRulesOnlyExample 2022-10-07T18:29:15Z logger.go:66: module.security_group.aws_security_group_rule.egress["0-0-all-0.0.0.0/0-::/0"]: Refreshing state... [id=sgrule-1111111111]
TestTerraformRulesOnlyExample 2022-10-07T18:29:15Z logger.go:66: data.aws_security_group.default: Read complete after 0s [id=sg-1111111111111111]
TestTerraformRulesOnlyExample 2022-10-07T18:29:15Z logger.go:66:
TestTerraformRulesOnlyExample 2022-10-07T18:29:15Z logger.go:66: Terraform used the selected providers to generate the following execution
TestTerraformRulesOnlyExample 2022-10-07T18:29:15Z logger.go:66: plan. Resource actions are indicated with the following symbols:
TestTerraformRulesOnlyExample 2022-10-07T18:29:15Z logger.go:66:   - destroy
TestTerraformRulesOnlyExample 2022-10-07T18:29:15Z logger.go:66:
TestTerraformRulesOnlyExample 2022-10-07T18:29:15Z logger.go:66: Terraform will perform the following actions:
TestTerraformRulesOnlyExample 2022-10-07T18:29:15Z logger.go:66:
TestTerraformRulesOnlyExample 2022-10-07T18:29:15Z logger.go:66:   # module.pre_existing.aws_security_group.self[0] will be destroyed
TestTerraformRulesOnlyExample 2022-10-07T18:29:15Z logger.go:66:   - resource "aws_security_group" "self" {
TestTerraformRulesOnlyExample 2022-10-07T18:29:15Z logger.go:66:       - arn                    = "arn:aws:ec2:us-west-2:111111111111:security-group/sg-1111111111111111" -> null
TestTerraformRulesOnlyExample 2022-10-07T18:29:15Z logger.go:66:       - description            = "ex-rules-only-pre-existing" -> null
TestTerraformRulesOnlyExample 2022-10-07T18:29:15Z logger.go:66:       - egress                 = [
TestTerraformRulesOnlyExample 2022-10-07T18:29:15Z logger.go:66:           - {
TestTerraformRulesOnlyExample 2022-10-07T18:29:15Z logger.go:66:               - cidr_blocks      = [
TestTerraformRulesOnlyExample 2022-10-07T18:29:15Z logger.go:66:                   - "0.0.0.0/0",
TestTerraformRulesOnlyExample 2022-10-07T18:29:15Z logger.go:66:                 ]
TestTerraformRulesOnlyExample 2022-10-07T18:29:15Z logger.go:66:               - description      = "managed by Terraform"
TestTerraformRulesOnlyExample 2022-10-07T18:29:15Z logger.go:66:               - from_port        = 0
TestTerraformRulesOnlyExample 2022-10-07T18:29:15Z logger.go:66:               - ipv6_cidr_blocks = [
TestTerraformRulesOnlyExample 2022-10-07T18:29:15Z logger.go:66:                   - "::/0",
TestTerraformRulesOnlyExample 2022-10-07T18:29:15Z logger.go:66:                 ]
TestTerraformRulesOnlyExample 2022-10-07T18:29:15Z logger.go:66:               - prefix_list_ids  = []
TestTerraformRulesOnlyExample 2022-10-07T18:29:15Z logger.go:66:               - protocol         = "-1"
TestTerraformRulesOnlyExample 2022-10-07T18:29:15Z logger.go:66:               - security_groups  = []
TestTerraformRulesOnlyExample 2022-10-07T18:29:15Z logger.go:66:               - self             = false
TestTerraformRulesOnlyExample 2022-10-07T18:29:15Z logger.go:66:               - to_port          = 0
TestTerraformRulesOnlyExample 2022-10-07T18:29:15Z logger.go:66:             },
TestTerraformRulesOnlyExample 2022-10-07T18:29:15Z logger.go:66:         ] -> null
TestTerraformRulesOnlyExample 2022-10-07T18:29:15Z logger.go:66:       - id                     = "sg-1111111111111111" -> null
TestTerraformRulesOnlyExample 2022-10-07T18:29:15Z logger.go:66:       - ingress                = [
TestTerraformRulesOnlyExample 2022-10-07T18:29:15Z logger.go:66:           - {
TestTerraformRulesOnlyExample 2022-10-07T18:29:15Z logger.go:66:               - cidr_blocks      = [
TestTerraformRulesOnlyExample 2022-10-07T18:29:15Z logger.go:66:                   - "0.0.0.0/0",
TestTerraformRulesOnlyExample 2022-10-07T18:29:15Z logger.go:66:                 ]
TestTerraformRulesOnlyExample 2022-10-07T18:29:15Z logger.go:66:               - description      = "managed by Terraform"
TestTerraformRulesOnlyExample 2022-10-07T18:29:15Z logger.go:66:               - from_port        = 443
TestTerraformRulesOnlyExample 2022-10-07T18:29:15Z logger.go:66:               - ipv6_cidr_blocks = [
TestTerraformRulesOnlyExample 2022-10-07T18:29:15Z logger.go:66:                   - "::/0",
TestTerraformRulesOnlyExample 2022-10-07T18:29:15Z logger.go:66:                 ]
TestTerraformRulesOnlyExample 2022-10-07T18:29:15Z logger.go:66:               - prefix_list_ids  = []
TestTerraformRulesOnlyExample 2022-10-07T18:29:15Z logger.go:66:               - protocol         = "tcp"
TestTerraformRulesOnlyExample 2022-10-07T18:29:15Z logger.go:66:               - security_groups  = []
TestTerraformRulesOnlyExample 2022-10-07T18:29:15Z logger.go:66:               - self             = false
TestTerraformRulesOnlyExample 2022-10-07T18:29:15Z logger.go:66:               - to_port          = 443
TestTerraformRulesOnlyExample 2022-10-07T18:29:15Z logger.go:66:             },
TestTerraformRulesOnlyExample 2022-10-07T18:29:15Z logger.go:66:         ] -> null
TestTerraformRulesOnlyExample 2022-10-07T18:29:15Z logger.go:66:       - name                   = "terraform-11111111111111111111111101" -> null
TestTerraformRulesOnlyExample 2022-10-07T18:29:15Z logger.go:66:       - name_prefix            = "terraform-" -> null
TestTerraformRulesOnlyExample 2022-10-07T18:29:15Z logger.go:66:       - owner_id               = "111111111111" -> null
TestTerraformRulesOnlyExample 2022-10-07T18:29:15Z logger.go:66:       - revoke_rules_on_delete = false -> null
TestTerraformRulesOnlyExample 2022-10-07T18:29:15Z logger.go:66:       - tags                   = {} -> null
TestTerraformRulesOnlyExample 2022-10-07T18:29:15Z logger.go:66:       - tags_all               = {
TestTerraformRulesOnlyExample 2022-10-07T18:29:15Z logger.go:66:           - "Example"    = "ex-rules-only"
TestTerraformRulesOnlyExample 2022-10-07T18:29:15Z logger.go:66:           - "GithubOrg"  = "aidanmelen"
TestTerraformRulesOnlyExample 2022-10-07T18:29:15Z logger.go:66:           - "GithubRepo" = "terraform-aws-security-group"
TestTerraformRulesOnlyExample 2022-10-07T18:29:15Z logger.go:66:         } -> null
TestTerraformRulesOnlyExample 2022-10-07T18:29:15Z logger.go:66:       - vpc_id                 = "vpc-1111111111111111" -> null
TestTerraformRulesOnlyExample 2022-10-07T18:29:15Z logger.go:66:
TestTerraformRulesOnlyExample 2022-10-07T18:29:15Z logger.go:66:       - timeouts {
TestTerraformRulesOnlyExample 2022-10-07T18:29:15Z logger.go:66:           - create = "10m" -> null
TestTerraformRulesOnlyExample 2022-10-07T18:29:15Z logger.go:66:           - delete = "15m" -> null
TestTerraformRulesOnlyExample 2022-10-07T18:29:15Z logger.go:66:         }
TestTerraformRulesOnlyExample 2022-10-07T18:29:15Z logger.go:66:     }
TestTerraformRulesOnlyExample 2022-10-07T18:29:15Z logger.go:66:
TestTerraformRulesOnlyExample 2022-10-07T18:29:15Z logger.go:66:   # module.security_group.aws_security_group_rule.egress["0-0-all-0.0.0.0/0-::/0"] will be destroyed
TestTerraformRulesOnlyExample 2022-10-07T18:29:15Z logger.go:66:   - resource "aws_security_group_rule" "egress" {
TestTerraformRulesOnlyExample 2022-10-07T18:29:15Z logger.go:66:       - cidr_blocks       = [
TestTerraformRulesOnlyExample 2022-10-07T18:29:15Z logger.go:66:           - "0.0.0.0/0",
TestTerraformRulesOnlyExample 2022-10-07T18:29:15Z logger.go:66:         ] -> null
TestTerraformRulesOnlyExample 2022-10-07T18:29:15Z logger.go:66:       - description       = "managed by Terraform" -> null
TestTerraformRulesOnlyExample 2022-10-07T18:29:15Z logger.go:66:       - from_port         = 0 -> null
TestTerraformRulesOnlyExample 2022-10-07T18:29:15Z logger.go:66:       - id                = "sgrule-1111111111" -> null
TestTerraformRulesOnlyExample 2022-10-07T18:29:15Z logger.go:66:       - ipv6_cidr_blocks  = [
TestTerraformRulesOnlyExample 2022-10-07T18:29:15Z logger.go:66:           - "::/0",
TestTerraformRulesOnlyExample 2022-10-07T18:29:15Z logger.go:66:         ] -> null
TestTerraformRulesOnlyExample 2022-10-07T18:29:15Z logger.go:66:       - protocol          = "-1" -> null
TestTerraformRulesOnlyExample 2022-10-07T18:29:15Z logger.go:66:       - security_group_id = "sg-1111111111111111" -> null
TestTerraformRulesOnlyExample 2022-10-07T18:29:15Z logger.go:66:       - self              = false -> null
TestTerraformRulesOnlyExample 2022-10-07T18:29:15Z logger.go:66:       - to_port           = 0 -> null
TestTerraformRulesOnlyExample 2022-10-07T18:29:15Z logger.go:66:       - type              = "egress" -> null
TestTerraformRulesOnlyExample 2022-10-07T18:29:15Z logger.go:66:     }
TestTerraformRulesOnlyExample 2022-10-07T18:29:15Z logger.go:66:
TestTerraformRulesOnlyExample 2022-10-07T18:29:15Z logger.go:66:   # module.security_group.aws_security_group_rule.ingress["443-443-tcp-0.0.0.0/0-::/0"] will be destroyed
TestTerraformRulesOnlyExample 2022-10-07T18:29:15Z logger.go:66:   - resource "aws_security_group_rule" "ingress" {
TestTerraformRulesOnlyExample 2022-10-07T18:29:15Z logger.go:66:       - cidr_blocks       = [
TestTerraformRulesOnlyExample 2022-10-07T18:29:15Z logger.go:66:           - "0.0.0.0/0",
TestTerraformRulesOnlyExample 2022-10-07T18:29:15Z logger.go:66:         ] -> null
TestTerraformRulesOnlyExample 2022-10-07T18:29:15Z logger.go:66:       - description       = "managed by Terraform" -> null
TestTerraformRulesOnlyExample 2022-10-07T18:29:15Z logger.go:66:       - from_port         = 443 -> null
TestTerraformRulesOnlyExample 2022-10-07T18:29:15Z logger.go:66:       - id                = "sgrule-1111111111" -> null
TestTerraformRulesOnlyExample 2022-10-07T18:29:15Z logger.go:66:       - ipv6_cidr_blocks  = [
TestTerraformRulesOnlyExample 2022-10-07T18:29:15Z logger.go:66:           - "::/0",
TestTerraformRulesOnlyExample 2022-10-07T18:29:15Z logger.go:66:         ] -> null
TestTerraformRulesOnlyExample 2022-10-07T18:29:15Z logger.go:66:       - protocol          = "tcp" -> null
TestTerraformRulesOnlyExample 2022-10-07T18:29:15Z logger.go:66:       - security_group_id = "sg-1111111111111111" -> null
TestTerraformRulesOnlyExample 2022-10-07T18:29:15Z logger.go:66:       - self              = false -> null
TestTerraformRulesOnlyExample 2022-10-07T18:29:15Z logger.go:66:       - to_port           = 443 -> null
TestTerraformRulesOnlyExample 2022-10-07T18:29:15Z logger.go:66:       - type              = "ingress" -> null
TestTerraformRulesOnlyExample 2022-10-07T18:29:15Z logger.go:66:     }
TestTerraformRulesOnlyExample 2022-10-07T18:29:15Z logger.go:66:
TestTerraformRulesOnlyExample 2022-10-07T18:29:15Z logger.go:66: Plan: 0 to add, 0 to change, 3 to destroy.
TestTerraformRulesOnlyExample 2022-10-07T18:29:15Z logger.go:66:
TestTerraformRulesOnlyExample 2022-10-07T18:29:15Z logger.go:66: Changes to Outputs:
TestTerraformRulesOnlyExample 2022-10-07T18:29:15Z logger.go:66:   - egress    = [
TestTerraformRulesOnlyExample 2022-10-07T18:29:15Z logger.go:66:       - {
TestTerraformRulesOnlyExample 2022-10-07T18:29:15Z logger.go:66:           - cidr_blocks              = [
TestTerraformRulesOnlyExample 2022-10-07T18:29:15Z logger.go:66:               - "0.0.0.0/0",
TestTerraformRulesOnlyExample 2022-10-07T18:29:15Z logger.go:66:             ]
TestTerraformRulesOnlyExample 2022-10-07T18:29:15Z logger.go:66:           - description              = "managed by Terraform"
TestTerraformRulesOnlyExample 2022-10-07T18:29:15Z logger.go:66:           - from_port                = 0
TestTerraformRulesOnlyExample 2022-10-07T18:29:15Z logger.go:66:           - id                       = "sgrule-1111111111"
TestTerraformRulesOnlyExample 2022-10-07T18:29:15Z logger.go:66:           - ipv6_cidr_blocks         = [
TestTerraformRulesOnlyExample 2022-10-07T18:29:15Z logger.go:66:               - "::/0",
TestTerraformRulesOnlyExample 2022-10-07T18:29:15Z logger.go:66:             ]
TestTerraformRulesOnlyExample 2022-10-07T18:29:15Z logger.go:66:           - prefix_list_ids          = null
TestTerraformRulesOnlyExample 2022-10-07T18:29:15Z logger.go:66:           - protocol                 = "-1"
TestTerraformRulesOnlyExample 2022-10-07T18:29:15Z logger.go:66:           - security_group_id        = "sg-1111111111111111"
TestTerraformRulesOnlyExample 2022-10-07T18:29:15Z logger.go:66:           - self                     = false
TestTerraformRulesOnlyExample 2022-10-07T18:29:15Z logger.go:66:           - source_security_group_id = null
TestTerraformRulesOnlyExample 2022-10-07T18:29:15Z logger.go:66:           - timeouts                 = null
TestTerraformRulesOnlyExample 2022-10-07T18:29:15Z logger.go:66:           - to_port                  = 0
TestTerraformRulesOnlyExample 2022-10-07T18:29:15Z logger.go:66:           - type                     = "egress"
TestTerraformRulesOnlyExample 2022-10-07T18:29:15Z logger.go:66:         },
TestTerraformRulesOnlyExample 2022-10-07T18:29:15Z logger.go:66:     ] -> null
TestTerraformRulesOnlyExample 2022-10-07T18:29:15Z logger.go:66:   - ingress   = [
TestTerraformRulesOnlyExample 2022-10-07T18:29:15Z logger.go:66:       - {
TestTerraformRulesOnlyExample 2022-10-07T18:29:15Z logger.go:66:           - cidr_blocks              = [
TestTerraformRulesOnlyExample 2022-10-07T18:29:15Z logger.go:66:               - "0.0.0.0/0",
TestTerraformRulesOnlyExample 2022-10-07T18:29:15Z logger.go:66:             ]
TestTerraformRulesOnlyExample 2022-10-07T18:29:15Z logger.go:66:           - description              = "managed by Terraform"
TestTerraformRulesOnlyExample 2022-10-07T18:29:15Z logger.go:66:           - from_port                = 443
TestTerraformRulesOnlyExample 2022-10-07T18:29:15Z logger.go:66:           - id                       = "sgrule-1111111111"
TestTerraformRulesOnlyExample 2022-10-07T18:29:15Z logger.go:66:           - ipv6_cidr_blocks         = [
TestTerraformRulesOnlyExample 2022-10-07T18:29:15Z logger.go:66:               - "::/0",
TestTerraformRulesOnlyExample 2022-10-07T18:29:15Z logger.go:66:             ]
TestTerraformRulesOnlyExample 2022-10-07T18:29:15Z logger.go:66:           - prefix_list_ids          = null
TestTerraformRulesOnlyExample 2022-10-07T18:29:15Z logger.go:66:           - protocol                 = "tcp"
TestTerraformRulesOnlyExample 2022-10-07T18:29:15Z logger.go:66:           - security_group_id        = "sg-1111111111111111"
TestTerraformRulesOnlyExample 2022-10-07T18:29:15Z logger.go:66:           - self                     = false
TestTerraformRulesOnlyExample 2022-10-07T18:29:15Z logger.go:66:           - source_security_group_id = null
TestTerraformRulesOnlyExample 2022-10-07T18:29:15Z logger.go:66:           - timeouts                 = null
TestTerraformRulesOnlyExample 2022-10-07T18:29:15Z logger.go:66:           - to_port                  = 443
TestTerraformRulesOnlyExample 2022-10-07T18:29:15Z logger.go:66:           - type                     = "ingress"
TestTerraformRulesOnlyExample 2022-10-07T18:29:15Z logger.go:66:         },
TestTerraformRulesOnlyExample 2022-10-07T18:29:15Z logger.go:66:     ] -> null
TestTerraformRulesOnlyExample 2022-10-07T18:29:15Z logger.go:66:   - terratest = {
TestTerraformRulesOnlyExample 2022-10-07T18:29:15Z logger.go:66:       - data_aws_security_group_default_id = "sg-1111111111111111"
TestTerraformRulesOnlyExample 2022-10-07T18:29:15Z logger.go:66:       - egress_count                       = 1
TestTerraformRulesOnlyExample 2022-10-07T18:29:15Z logger.go:66:       - ingress_count                      = 1
TestTerraformRulesOnlyExample 2022-10-07T18:29:15Z logger.go:66:       - pre_existing_security_group_id     = "sg-1111111111111111"
TestTerraformRulesOnlyExample 2022-10-07T18:29:15Z logger.go:66:     } -> null
TestTerraformRulesOnlyExample 2022-10-07T18:29:17Z logger.go:66: module.security_group.aws_security_group_rule.egress["0-0-all-0.0.0.0/0-::/0"]: Destroying... [id=sgrule-1111111111]
TestTerraformRulesOnlyExample 2022-10-07T18:29:17Z logger.go:66: module.security_group.aws_security_group_rule.ingress["443-443-tcp-0.0.0.0/0-::/0"]: Destroying... [id=sgrule-1111111111]
TestTerraformRulesOnlyExample 2022-10-07T18:29:17Z logger.go:66: module.security_group.aws_security_group_rule.egress["0-0-all-0.0.0.0/0-::/0"]: Destruction complete after 0s
TestTerraformRulesOnlyExample 2022-10-07T18:29:18Z logger.go:66: module.security_group.aws_security_group_rule.ingress["443-443-tcp-0.0.0.0/0-::/0"]: Destruction complete after 1s
TestTerraformRulesOnlyExample 2022-10-07T18:29:18Z logger.go:66: module.pre_existing.aws_security_group.self[0]: Destroying... [id=sg-1111111111111111]
TestTerraformRulesOnlyExample 2022-10-07T18:29:18Z logger.go:66: module.pre_existing.aws_security_group.self[0]: Destruction complete after 1s
TestTerraformRulesOnlyExample 2022-10-07T18:29:18Z logger.go:66:
TestTerraformRulesOnlyExample 2022-10-07T18:29:18Z logger.go:66: Destroy complete! Resources: 3 destroyed.
--- PASS: TestTerraformRulesOnlyExample (20.33s)
PASS
ok  	command-line-arguments	20.342s
