=== RUN   TestTerraformManagedRulesExample
TestTerraformManagedRulesExample 2022-08-23T02:10:07Z retry.go:91: terraform [init -upgrade=false]
TestTerraformManagedRulesExample 2022-08-23T02:10:07Z logger.go:66: Running command terraform with args [init -upgrade=false]
TestTerraformManagedRulesExample 2022-08-23T02:10:07Z logger.go:66: [0m[1mInitializing modules...[0m
TestTerraformManagedRulesExample 2022-08-23T02:10:07Z logger.go:66:
TestTerraformManagedRulesExample 2022-08-23T02:10:07Z logger.go:66: [0m[1mInitializing the backend...[0m
TestTerraformManagedRulesExample 2022-08-23T02:10:08Z logger.go:66:
TestTerraformManagedRulesExample 2022-08-23T02:10:08Z logger.go:66: [0m[1mInitializing provider plugins...[0m
TestTerraformManagedRulesExample 2022-08-23T02:10:08Z logger.go:66: - Reusing previous version of hashicorp/aws from the dependency lock file
TestTerraformManagedRulesExample 2022-08-23T02:10:09Z logger.go:66: - Using previously-installed hashicorp/aws v4.27.0
TestTerraformManagedRulesExample 2022-08-23T02:10:09Z logger.go:66:
TestTerraformManagedRulesExample 2022-08-23T02:10:09Z logger.go:66: [0m[1m[32mTerraform has been successfully initialized![0m[32m[0m
TestTerraformManagedRulesExample 2022-08-23T02:10:09Z logger.go:66: [0m[32m
TestTerraformManagedRulesExample 2022-08-23T02:10:09Z logger.go:66: You may now begin working with Terraform. Try running "terraform plan" to see
TestTerraformManagedRulesExample 2022-08-23T02:10:09Z logger.go:66: any changes that are required for your infrastructure. All Terraform commands
TestTerraformManagedRulesExample 2022-08-23T02:10:09Z logger.go:66: should now work.
TestTerraformManagedRulesExample 2022-08-23T02:10:09Z logger.go:66:
TestTerraformManagedRulesExample 2022-08-23T02:10:09Z logger.go:66: If you ever set or change modules or backend configuration for Terraform,
TestTerraformManagedRulesExample 2022-08-23T02:10:09Z logger.go:66: rerun this command to reinitialize your working directory. If you forget, other
TestTerraformManagedRulesExample 2022-08-23T02:10:09Z logger.go:66: commands will detect it and remind you to do so if necessary.[0m
TestTerraformManagedRulesExample 2022-08-23T02:10:09Z retry.go:91: terraform [apply -input=false -auto-approve -no-color -lock=false]
TestTerraformManagedRulesExample 2022-08-23T02:10:09Z logger.go:66: Running command terraform with args [apply -input=false -auto-approve -no-color -lock=false]
TestTerraformManagedRulesExample 2022-08-23T02:10:12Z logger.go:66: data.aws_vpc.default: Reading...
TestTerraformManagedRulesExample 2022-08-23T02:10:12Z logger.go:66: data.aws_prefix_list.private_s3: Reading...
TestTerraformManagedRulesExample 2022-08-23T02:10:12Z logger.go:66: data.aws_prefix_list.private_s3: Read complete after 1s [id=pl-68a54001]
TestTerraformManagedRulesExample 2022-08-23T02:10:12Z logger.go:66: data.aws_vpc.default: Read complete after 1s [id=vpc-9ce7cafb]
TestTerraformManagedRulesExample 2022-08-23T02:10:12Z logger.go:66: data.aws_security_group.default: Reading...
TestTerraformManagedRulesExample 2022-08-23T02:10:13Z logger.go:66: data.aws_security_group.default: Read complete after 0s [id=sg-b551fece]
TestTerraformManagedRulesExample 2022-08-23T02:10:13Z logger.go:66:
TestTerraformManagedRulesExample 2022-08-23T02:10:13Z logger.go:66: Terraform used the selected providers to generate the following execution
TestTerraformManagedRulesExample 2022-08-23T02:10:13Z logger.go:66: plan. Resource actions are indicated with the following symbols:
TestTerraformManagedRulesExample 2022-08-23T02:10:13Z logger.go:66:   + create
TestTerraformManagedRulesExample 2022-08-23T02:10:13Z logger.go:66:
TestTerraformManagedRulesExample 2022-08-23T02:10:13Z logger.go:66: Terraform will perform the following actions:
TestTerraformManagedRulesExample 2022-08-23T02:10:13Z logger.go:66:
TestTerraformManagedRulesExample 2022-08-23T02:10:13Z logger.go:66:   # module.security_group.aws_security_group.self[0] will be created
TestTerraformManagedRulesExample 2022-08-23T02:10:13Z logger.go:66:   + resource "aws_security_group" "self" {
TestTerraformManagedRulesExample 2022-08-23T02:10:13Z logger.go:66:       + arn                    = (known after apply)
TestTerraformManagedRulesExample 2022-08-23T02:10:13Z logger.go:66:       + description            = "ex-managed-rules"
TestTerraformManagedRulesExample 2022-08-23T02:10:13Z logger.go:66:       + egress                 = (known after apply)
TestTerraformManagedRulesExample 2022-08-23T02:10:13Z logger.go:66:       + id                     = (known after apply)
TestTerraformManagedRulesExample 2022-08-23T02:10:13Z logger.go:66:       + ingress                = (known after apply)
TestTerraformManagedRulesExample 2022-08-23T02:10:13Z logger.go:66:       + name                   = "ex-managed-rules"
TestTerraformManagedRulesExample 2022-08-23T02:10:13Z logger.go:66:       + name_prefix            = (known after apply)
TestTerraformManagedRulesExample 2022-08-23T02:10:13Z logger.go:66:       + owner_id               = (known after apply)
TestTerraformManagedRulesExample 2022-08-23T02:10:13Z logger.go:66:       + revoke_rules_on_delete = false
TestTerraformManagedRulesExample 2022-08-23T02:10:13Z logger.go:66:       + tags                   = {
TestTerraformManagedRulesExample 2022-08-23T02:10:13Z logger.go:66:           + "Name" = "ex-managed-rules"
TestTerraformManagedRulesExample 2022-08-23T02:10:13Z logger.go:66:         }
TestTerraformManagedRulesExample 2022-08-23T02:10:13Z logger.go:66:       + tags_all               = {
TestTerraformManagedRulesExample 2022-08-23T02:10:13Z logger.go:66:           + "Example"    = "ex-managed-rules"
TestTerraformManagedRulesExample 2022-08-23T02:10:13Z logger.go:66:           + "GithubOrg"  = "aidanmelen"
TestTerraformManagedRulesExample 2022-08-23T02:10:13Z logger.go:66:           + "GithubRepo" = "terraform-aws-security-group"
TestTerraformManagedRulesExample 2022-08-23T02:10:13Z logger.go:66:           + "Name"       = "ex-managed-rules"
TestTerraformManagedRulesExample 2022-08-23T02:10:13Z logger.go:66:         }
TestTerraformManagedRulesExample 2022-08-23T02:10:13Z logger.go:66:       + vpc_id                 = "vpc-9ce7cafb"
TestTerraformManagedRulesExample 2022-08-23T02:10:13Z logger.go:66:
TestTerraformManagedRulesExample 2022-08-23T02:10:13Z logger.go:66:       + timeouts {
TestTerraformManagedRulesExample 2022-08-23T02:10:13Z logger.go:66:           + create = "10m"
TestTerraformManagedRulesExample 2022-08-23T02:10:13Z logger.go:66:           + delete = "15m"
TestTerraformManagedRulesExample 2022-08-23T02:10:13Z logger.go:66:         }
TestTerraformManagedRulesExample 2022-08-23T02:10:13Z logger.go:66:     }
TestTerraformManagedRulesExample 2022-08-23T02:10:13Z logger.go:66:
TestTerraformManagedRulesExample 2022-08-23T02:10:13Z logger.go:66:   # module.security_group.aws_security_group_rule.managed_rules["egress-all-all-to-self"] will be created
TestTerraformManagedRulesExample 2022-08-23T02:10:13Z logger.go:66:   + resource "aws_security_group_rule" "managed_rules" {
TestTerraformManagedRulesExample 2022-08-23T02:10:13Z logger.go:66:       + description              = "egress-all-all-to-self"
TestTerraformManagedRulesExample 2022-08-23T02:10:13Z logger.go:66:       + from_port                = -1
TestTerraformManagedRulesExample 2022-08-23T02:10:13Z logger.go:66:       + id                       = (known after apply)
TestTerraformManagedRulesExample 2022-08-23T02:10:13Z logger.go:66:       + protocol                 = "-1"
TestTerraformManagedRulesExample 2022-08-23T02:10:13Z logger.go:66:       + security_group_id        = (known after apply)
TestTerraformManagedRulesExample 2022-08-23T02:10:13Z logger.go:66:       + self                     = true
TestTerraformManagedRulesExample 2022-08-23T02:10:13Z logger.go:66:       + source_security_group_id = (known after apply)
TestTerraformManagedRulesExample 2022-08-23T02:10:13Z logger.go:66:       + to_port                  = -1
TestTerraformManagedRulesExample 2022-08-23T02:10:13Z logger.go:66:       + type                     = "egress"
TestTerraformManagedRulesExample 2022-08-23T02:10:13Z logger.go:66:     }
TestTerraformManagedRulesExample 2022-08-23T02:10:13Z logger.go:66:
TestTerraformManagedRulesExample 2022-08-23T02:10:13Z logger.go:66:   # module.security_group.aws_security_group_rule.managed_rules["egress-all-icmp-to-sg-b551fece"] will be created
TestTerraformManagedRulesExample 2022-08-23T02:10:13Z logger.go:66:   + resource "aws_security_group_rule" "managed_rules" {
TestTerraformManagedRulesExample 2022-08-23T02:10:13Z logger.go:66:       + description              = "egress-all-icmp-to-sg-b551fece"
TestTerraformManagedRulesExample 2022-08-23T02:10:13Z logger.go:66:       + from_port                = -1
TestTerraformManagedRulesExample 2022-08-23T02:10:13Z logger.go:66:       + id                       = (known after apply)
TestTerraformManagedRulesExample 2022-08-23T02:10:13Z logger.go:66:       + protocol                 = "icmp"
TestTerraformManagedRulesExample 2022-08-23T02:10:13Z logger.go:66:       + security_group_id        = (known after apply)
TestTerraformManagedRulesExample 2022-08-23T02:10:13Z logger.go:66:       + self                     = false
TestTerraformManagedRulesExample 2022-08-23T02:10:13Z logger.go:66:       + source_security_group_id = "sg-b551fece"
TestTerraformManagedRulesExample 2022-08-23T02:10:13Z logger.go:66:       + to_port                  = -1
TestTerraformManagedRulesExample 2022-08-23T02:10:13Z logger.go:66:       + type                     = "egress"
TestTerraformManagedRulesExample 2022-08-23T02:10:13Z logger.go:66:     }
TestTerraformManagedRulesExample 2022-08-23T02:10:13Z logger.go:66:
TestTerraformManagedRulesExample 2022-08-23T02:10:13Z logger.go:66:   # module.security_group.aws_security_group_rule.managed_rules["egress-https-443-tcp-to-10.10.0.0/16,10.20.0.0/24"] will be created
TestTerraformManagedRulesExample 2022-08-23T02:10:13Z logger.go:66:   + resource "aws_security_group_rule" "managed_rules" {
TestTerraformManagedRulesExample 2022-08-23T02:10:13Z logger.go:66:       + cidr_blocks              = [
TestTerraformManagedRulesExample 2022-08-23T02:10:13Z logger.go:66:           + "10.10.0.0/16",
TestTerraformManagedRulesExample 2022-08-23T02:10:13Z logger.go:66:           + "10.20.0.0/24",
TestTerraformManagedRulesExample 2022-08-23T02:10:13Z logger.go:66:         ]
TestTerraformManagedRulesExample 2022-08-23T02:10:13Z logger.go:66:       + description              = "egress-https-443-tcp-to-10.10.0.0/16,10.20.0.0/24"
TestTerraformManagedRulesExample 2022-08-23T02:10:13Z logger.go:66:       + from_port                = 443
TestTerraformManagedRulesExample 2022-08-23T02:10:13Z logger.go:66:       + id                       = (known after apply)
TestTerraformManagedRulesExample 2022-08-23T02:10:13Z logger.go:66:       + protocol                 = "tcp"
TestTerraformManagedRulesExample 2022-08-23T02:10:13Z logger.go:66:       + security_group_id        = (known after apply)
TestTerraformManagedRulesExample 2022-08-23T02:10:13Z logger.go:66:       + self                     = false
TestTerraformManagedRulesExample 2022-08-23T02:10:13Z logger.go:66:       + source_security_group_id = (known after apply)
TestTerraformManagedRulesExample 2022-08-23T02:10:13Z logger.go:66:       + to_port                  = 443
TestTerraformManagedRulesExample 2022-08-23T02:10:13Z logger.go:66:       + type                     = "egress"
TestTerraformManagedRulesExample 2022-08-23T02:10:13Z logger.go:66:     }
TestTerraformManagedRulesExample 2022-08-23T02:10:13Z logger.go:66:
TestTerraformManagedRulesExample 2022-08-23T02:10:13Z logger.go:66:   # module.security_group.aws_security_group_rule.managed_rules["egress-postgresql-tcp-to-2001:db8::/64"] will be created
TestTerraformManagedRulesExample 2022-08-23T02:10:13Z logger.go:66:   + resource "aws_security_group_rule" "managed_rules" {
TestTerraformManagedRulesExample 2022-08-23T02:10:13Z logger.go:66:       + description              = "egress-postgresql-tcp-to-2001:db8::/64"
TestTerraformManagedRulesExample 2022-08-23T02:10:13Z logger.go:66:       + from_port                = 5432
TestTerraformManagedRulesExample 2022-08-23T02:10:13Z logger.go:66:       + id                       = (known after apply)
TestTerraformManagedRulesExample 2022-08-23T02:10:13Z logger.go:66:       + ipv6_cidr_blocks         = [
TestTerraformManagedRulesExample 2022-08-23T02:10:13Z logger.go:66:           + "2001:db8::/64",
TestTerraformManagedRulesExample 2022-08-23T02:10:13Z logger.go:66:         ]
TestTerraformManagedRulesExample 2022-08-23T02:10:13Z logger.go:66:       + protocol                 = "tcp"
TestTerraformManagedRulesExample 2022-08-23T02:10:13Z logger.go:66:       + security_group_id        = (known after apply)
TestTerraformManagedRulesExample 2022-08-23T02:10:13Z logger.go:66:       + self                     = false
TestTerraformManagedRulesExample 2022-08-23T02:10:13Z logger.go:66:       + source_security_group_id = (known after apply)
TestTerraformManagedRulesExample 2022-08-23T02:10:13Z logger.go:66:       + to_port                  = 5432
TestTerraformManagedRulesExample 2022-08-23T02:10:13Z logger.go:66:       + type                     = "egress"
TestTerraformManagedRulesExample 2022-08-23T02:10:13Z logger.go:66:     }
TestTerraformManagedRulesExample 2022-08-23T02:10:13Z logger.go:66:
TestTerraformManagedRulesExample 2022-08-23T02:10:13Z logger.go:66:   # module.security_group.aws_security_group_rule.managed_rules["egress-ssh-tcp-to-pl-68a54001"] will be created
TestTerraformManagedRulesExample 2022-08-23T02:10:13Z logger.go:66:   + resource "aws_security_group_rule" "managed_rules" {
TestTerraformManagedRulesExample 2022-08-23T02:10:13Z logger.go:66:       + description              = "egress-ssh-tcp-to-pl-68a54001"
TestTerraformManagedRulesExample 2022-08-23T02:10:13Z logger.go:66:       + from_port                = 22
TestTerraformManagedRulesExample 2022-08-23T02:10:13Z logger.go:66:       + id                       = (known after apply)
TestTerraformManagedRulesExample 2022-08-23T02:10:13Z logger.go:66:       + prefix_list_ids          = [
TestTerraformManagedRulesExample 2022-08-23T02:10:13Z logger.go:66:           + "pl-68a54001",
TestTerraformManagedRulesExample 2022-08-23T02:10:13Z logger.go:66:         ]
TestTerraformManagedRulesExample 2022-08-23T02:10:13Z logger.go:66:       + protocol                 = "tcp"
TestTerraformManagedRulesExample 2022-08-23T02:10:13Z logger.go:66:       + security_group_id        = (known after apply)
TestTerraformManagedRulesExample 2022-08-23T02:10:13Z logger.go:66:       + self                     = false
TestTerraformManagedRulesExample 2022-08-23T02:10:13Z logger.go:66:       + source_security_group_id = (known after apply)
TestTerraformManagedRulesExample 2022-08-23T02:10:13Z logger.go:66:       + to_port                  = 22
TestTerraformManagedRulesExample 2022-08-23T02:10:13Z logger.go:66:       + type                     = "egress"
TestTerraformManagedRulesExample 2022-08-23T02:10:13Z logger.go:66:     }
TestTerraformManagedRulesExample 2022-08-23T02:10:13Z logger.go:66:
TestTerraformManagedRulesExample 2022-08-23T02:10:13Z logger.go:66:   # module.security_group.aws_security_group_rule.managed_rules["ingress-all-all-from-10.10.0.0/16,10.20.0.0/24"] will be created
TestTerraformManagedRulesExample 2022-08-23T02:10:13Z logger.go:66:   + resource "aws_security_group_rule" "managed_rules" {
TestTerraformManagedRulesExample 2022-08-23T02:10:13Z logger.go:66:       + cidr_blocks              = [
TestTerraformManagedRulesExample 2022-08-23T02:10:13Z logger.go:66:           + "10.10.0.0/16",
TestTerraformManagedRulesExample 2022-08-23T02:10:13Z logger.go:66:           + "10.20.0.0/24",
TestTerraformManagedRulesExample 2022-08-23T02:10:13Z logger.go:66:         ]
TestTerraformManagedRulesExample 2022-08-23T02:10:13Z logger.go:66:       + description              = "ingress-all-all-from-10.10.0.0/16,10.20.0.0/24"
TestTerraformManagedRulesExample 2022-08-23T02:10:13Z logger.go:66:       + from_port                = -1
TestTerraformManagedRulesExample 2022-08-23T02:10:13Z logger.go:66:       + id                       = (known after apply)
TestTerraformManagedRulesExample 2022-08-23T02:10:13Z logger.go:66:       + protocol                 = "-1"
TestTerraformManagedRulesExample 2022-08-23T02:10:13Z logger.go:66:       + security_group_id        = (known after apply)
TestTerraformManagedRulesExample 2022-08-23T02:10:13Z logger.go:66:       + self                     = false
TestTerraformManagedRulesExample 2022-08-23T02:10:13Z logger.go:66:       + source_security_group_id = (known after apply)
TestTerraformManagedRulesExample 2022-08-23T02:10:13Z logger.go:66:       + to_port                  = -1
TestTerraformManagedRulesExample 2022-08-23T02:10:13Z logger.go:66:       + type                     = "ingress"
TestTerraformManagedRulesExample 2022-08-23T02:10:13Z logger.go:66:     }
TestTerraformManagedRulesExample 2022-08-23T02:10:13Z logger.go:66:
TestTerraformManagedRulesExample 2022-08-23T02:10:13Z logger.go:66:   # module.security_group.aws_security_group_rule.managed_rules["ingress-all-all-from-self"] will be created
TestTerraformManagedRulesExample 2022-08-23T02:10:13Z logger.go:66:   + resource "aws_security_group_rule" "managed_rules" {
TestTerraformManagedRulesExample 2022-08-23T02:10:13Z logger.go:66:       + description              = "ingress-all-all-from-self"
TestTerraformManagedRulesExample 2022-08-23T02:10:13Z logger.go:66:       + from_port                = -1
TestTerraformManagedRulesExample 2022-08-23T02:10:13Z logger.go:66:       + id                       = (known after apply)
TestTerraformManagedRulesExample 2022-08-23T02:10:13Z logger.go:66:       + protocol                 = "-1"
TestTerraformManagedRulesExample 2022-08-23T02:10:13Z logger.go:66:       + security_group_id        = (known after apply)
TestTerraformManagedRulesExample 2022-08-23T02:10:13Z logger.go:66:       + self                     = true
TestTerraformManagedRulesExample 2022-08-23T02:10:13Z logger.go:66:       + source_security_group_id = (known after apply)
TestTerraformManagedRulesExample 2022-08-23T02:10:13Z logger.go:66:       + to_port                  = -1
TestTerraformManagedRulesExample 2022-08-23T02:10:13Z logger.go:66:       + type                     = "ingress"
TestTerraformManagedRulesExample 2022-08-23T02:10:13Z logger.go:66:     }
TestTerraformManagedRulesExample 2022-08-23T02:10:13Z logger.go:66:
TestTerraformManagedRulesExample 2022-08-23T02:10:13Z logger.go:66:   # module.security_group.aws_security_group_rule.managed_rules["ingress-all-icmp-from-sg-b551fece"] will be created
TestTerraformManagedRulesExample 2022-08-23T02:10:13Z logger.go:66:   + resource "aws_security_group_rule" "managed_rules" {
TestTerraformManagedRulesExample 2022-08-23T02:10:13Z logger.go:66:       + description              = "ingress-all-icmp-from-sg-b551fece"
TestTerraformManagedRulesExample 2022-08-23T02:10:13Z logger.go:66:       + from_port                = -1
TestTerraformManagedRulesExample 2022-08-23T02:10:13Z logger.go:66:       + id                       = (known after apply)
TestTerraformManagedRulesExample 2022-08-23T02:10:13Z logger.go:66:       + protocol                 = "icmp"
TestTerraformManagedRulesExample 2022-08-23T02:10:13Z logger.go:66:       + security_group_id        = (known after apply)
TestTerraformManagedRulesExample 2022-08-23T02:10:13Z logger.go:66:       + self                     = false
TestTerraformManagedRulesExample 2022-08-23T02:10:13Z logger.go:66:       + source_security_group_id = "sg-b551fece"
TestTerraformManagedRulesExample 2022-08-23T02:10:13Z logger.go:66:       + to_port                  = -1
TestTerraformManagedRulesExample 2022-08-23T02:10:13Z logger.go:66:       + type                     = "ingress"
TestTerraformManagedRulesExample 2022-08-23T02:10:13Z logger.go:66:     }
TestTerraformManagedRulesExample 2022-08-23T02:10:13Z logger.go:66:
TestTerraformManagedRulesExample 2022-08-23T02:10:13Z logger.go:66:   # module.security_group.aws_security_group_rule.managed_rules["ingress-postgresql-tcp-from-2001:db8::/64"] will be created
TestTerraformManagedRulesExample 2022-08-23T02:10:13Z logger.go:66:   + resource "aws_security_group_rule" "managed_rules" {
TestTerraformManagedRulesExample 2022-08-23T02:10:13Z logger.go:66:       + description              = "ingress-postgresql-tcp-from-2001:db8::/64"
TestTerraformManagedRulesExample 2022-08-23T02:10:13Z logger.go:66:       + from_port                = 5432
TestTerraformManagedRulesExample 2022-08-23T02:10:13Z logger.go:66:       + id                       = (known after apply)
TestTerraformManagedRulesExample 2022-08-23T02:10:13Z logger.go:66:       + ipv6_cidr_blocks         = [
TestTerraformManagedRulesExample 2022-08-23T02:10:13Z logger.go:66:           + "2001:db8::/64",
TestTerraformManagedRulesExample 2022-08-23T02:10:13Z logger.go:66:         ]
TestTerraformManagedRulesExample 2022-08-23T02:10:13Z logger.go:66:       + protocol                 = "tcp"
TestTerraformManagedRulesExample 2022-08-23T02:10:13Z logger.go:66:       + security_group_id        = (known after apply)
TestTerraformManagedRulesExample 2022-08-23T02:10:13Z logger.go:66:       + self                     = false
TestTerraformManagedRulesExample 2022-08-23T02:10:13Z logger.go:66:       + source_security_group_id = (known after apply)
TestTerraformManagedRulesExample 2022-08-23T02:10:13Z logger.go:66:       + to_port                  = 5432
TestTerraformManagedRulesExample 2022-08-23T02:10:13Z logger.go:66:       + type                     = "ingress"
TestTerraformManagedRulesExample 2022-08-23T02:10:13Z logger.go:66:     }
TestTerraformManagedRulesExample 2022-08-23T02:10:13Z logger.go:66:
TestTerraformManagedRulesExample 2022-08-23T02:10:13Z logger.go:66:   # module.security_group.aws_security_group_rule.managed_rules["ingress-ssh-tcp-from-pl-68a54001"] will be created
TestTerraformManagedRulesExample 2022-08-23T02:10:13Z logger.go:66:   + resource "aws_security_group_rule" "managed_rules" {
TestTerraformManagedRulesExample 2022-08-23T02:10:13Z logger.go:66:       + description              = "ingress-ssh-tcp-from-pl-68a54001"
TestTerraformManagedRulesExample 2022-08-23T02:10:13Z logger.go:66:       + from_port                = 22
TestTerraformManagedRulesExample 2022-08-23T02:10:13Z logger.go:66:       + id                       = (known after apply)
TestTerraformManagedRulesExample 2022-08-23T02:10:13Z logger.go:66:       + prefix_list_ids          = [
TestTerraformManagedRulesExample 2022-08-23T02:10:13Z logger.go:66:           + "pl-68a54001",
TestTerraformManagedRulesExample 2022-08-23T02:10:13Z logger.go:66:         ]
TestTerraformManagedRulesExample 2022-08-23T02:10:13Z logger.go:66:       + protocol                 = "tcp"
TestTerraformManagedRulesExample 2022-08-23T02:10:13Z logger.go:66:       + security_group_id        = (known after apply)
TestTerraformManagedRulesExample 2022-08-23T02:10:13Z logger.go:66:       + self                     = false
TestTerraformManagedRulesExample 2022-08-23T02:10:13Z logger.go:66:       + source_security_group_id = (known after apply)
TestTerraformManagedRulesExample 2022-08-23T02:10:13Z logger.go:66:       + to_port                  = 22
TestTerraformManagedRulesExample 2022-08-23T02:10:13Z logger.go:66:       + type                     = "ingress"
TestTerraformManagedRulesExample 2022-08-23T02:10:13Z logger.go:66:     }
TestTerraformManagedRulesExample 2022-08-23T02:10:13Z logger.go:66:
TestTerraformManagedRulesExample 2022-08-23T02:10:13Z logger.go:66: Plan: 11 to add, 0 to change, 0 to destroy.
TestTerraformManagedRulesExample 2022-08-23T02:10:13Z logger.go:66:
TestTerraformManagedRulesExample 2022-08-23T02:10:13Z logger.go:66: Changes to Outputs:
TestTerraformManagedRulesExample 2022-08-23T02:10:13Z logger.go:66:   + egress_rule_keys          = []
TestTerraformManagedRulesExample 2022-08-23T02:10:13Z logger.go:66:   + ingress_rule_keys         = []
TestTerraformManagedRulesExample 2022-08-23T02:10:13Z logger.go:66:   + managed_egress_rule_keys  = (known after apply)
TestTerraformManagedRulesExample 2022-08-23T02:10:13Z logger.go:66:   + managed_ingress_rule_keys = (known after apply)
TestTerraformManagedRulesExample 2022-08-23T02:10:14Z logger.go:66: module.security_group.aws_security_group.self[0]: Creating...
TestTerraformManagedRulesExample 2022-08-23T02:10:16Z logger.go:66: module.security_group.aws_security_group.self[0]: Creation complete after 2s [id=sg-06d133a195cc0a45c]
TestTerraformManagedRulesExample 2022-08-23T02:10:16Z logger.go:66: module.security_group.aws_security_group_rule.managed_rules["egress-postgresql-tcp-to-2001:db8::/64"]: Creating...
TestTerraformManagedRulesExample 2022-08-23T02:10:16Z logger.go:66: module.security_group.aws_security_group_rule.managed_rules["egress-https-443-tcp-to-10.10.0.0/16,10.20.0.0/24"]: Creating...
TestTerraformManagedRulesExample 2022-08-23T02:10:16Z logger.go:66: module.security_group.aws_security_group_rule.managed_rules["ingress-ssh-tcp-from-pl-68a54001"]: Creating...
TestTerraformManagedRulesExample 2022-08-23T02:10:16Z logger.go:66: module.security_group.aws_security_group_rule.managed_rules["ingress-all-icmp-from-sg-b551fece"]: Creating...
TestTerraformManagedRulesExample 2022-08-23T02:10:16Z logger.go:66: module.security_group.aws_security_group_rule.managed_rules["egress-all-icmp-to-sg-b551fece"]: Creating...
TestTerraformManagedRulesExample 2022-08-23T02:10:16Z logger.go:66: module.security_group.aws_security_group_rule.managed_rules["ingress-postgresql-tcp-from-2001:db8::/64"]: Creating...
TestTerraformManagedRulesExample 2022-08-23T02:10:16Z logger.go:66: module.security_group.aws_security_group_rule.managed_rules["egress-all-all-to-self"]: Creating...
TestTerraformManagedRulesExample 2022-08-23T02:10:16Z logger.go:66: module.security_group.aws_security_group_rule.managed_rules["egress-ssh-tcp-to-pl-68a54001"]: Creating...
TestTerraformManagedRulesExample 2022-08-23T02:10:16Z logger.go:66: module.security_group.aws_security_group_rule.managed_rules["ingress-all-all-from-10.10.0.0/16,10.20.0.0/24"]: Creating...
TestTerraformManagedRulesExample 2022-08-23T02:10:16Z logger.go:66: module.security_group.aws_security_group_rule.managed_rules["ingress-all-all-from-self"]: Creating...
TestTerraformManagedRulesExample 2022-08-23T02:10:17Z logger.go:66: module.security_group.aws_security_group_rule.managed_rules["egress-postgresql-tcp-to-2001:db8::/64"]: Creation complete after 1s [id=sgrule-19433736]
TestTerraformManagedRulesExample 2022-08-23T02:10:17Z logger.go:66: module.security_group.aws_security_group_rule.managed_rules["ingress-ssh-tcp-from-pl-68a54001"]: Creation complete after 2s [id=sgrule-2610013878]
TestTerraformManagedRulesExample 2022-08-23T02:10:18Z logger.go:66: module.security_group.aws_security_group_rule.managed_rules["ingress-all-icmp-from-sg-b551fece"]: Creation complete after 3s [id=sgrule-825188672]
TestTerraformManagedRulesExample 2022-08-23T02:10:19Z logger.go:66: module.security_group.aws_security_group_rule.managed_rules["egress-all-icmp-to-sg-b551fece"]: Creation complete after 4s [id=sgrule-3984142953]
TestTerraformManagedRulesExample 2022-08-23T02:10:20Z logger.go:66: module.security_group.aws_security_group_rule.managed_rules["egress-https-443-tcp-to-10.10.0.0/16,10.20.0.0/24"]: Creation complete after 4s [id=sgrule-163164593]
TestTerraformManagedRulesExample 2022-08-23T02:10:21Z logger.go:66: module.security_group.aws_security_group_rule.managed_rules["egress-ssh-tcp-to-pl-68a54001"]: Creation complete after 5s [id=sgrule-1560553381]
TestTerraformManagedRulesExample 2022-08-23T02:10:21Z logger.go:66: module.security_group.aws_security_group_rule.managed_rules["ingress-postgresql-tcp-from-2001:db8::/64"]: Creation complete after 6s [id=sgrule-1339172369]
TestTerraformManagedRulesExample 2022-08-23T02:10:22Z logger.go:66: module.security_group.aws_security_group_rule.managed_rules["egress-all-all-to-self"]: Creation complete after 7s [id=sgrule-594568172]
TestTerraformManagedRulesExample 2022-08-23T02:10:23Z logger.go:66: module.security_group.aws_security_group_rule.managed_rules["ingress-all-all-from-10.10.0.0/16,10.20.0.0/24"]: Creation complete after 7s [id=sgrule-1049828219]
TestTerraformManagedRulesExample 2022-08-23T02:10:24Z logger.go:66: module.security_group.aws_security_group_rule.managed_rules["ingress-all-all-from-self"]: Creation complete after 8s [id=sgrule-2459967782]
TestTerraformManagedRulesExample 2022-08-23T02:10:24Z logger.go:66:
TestTerraformManagedRulesExample 2022-08-23T02:10:24Z logger.go:66: Apply complete! Resources: 11 added, 0 changed, 0 destroyed.
TestTerraformManagedRulesExample 2022-08-23T02:10:24Z logger.go:66:
TestTerraformManagedRulesExample 2022-08-23T02:10:24Z logger.go:66: Outputs:
TestTerraformManagedRulesExample 2022-08-23T02:10:24Z logger.go:66:
TestTerraformManagedRulesExample 2022-08-23T02:10:24Z logger.go:66: egress_rule_keys = []
TestTerraformManagedRulesExample 2022-08-23T02:10:24Z logger.go:66: ingress_rule_keys = []
TestTerraformManagedRulesExample 2022-08-23T02:10:24Z logger.go:66: managed_egress_rule_keys = [
TestTerraformManagedRulesExample 2022-08-23T02:10:24Z logger.go:66:   "egress-all-all-to-self",
TestTerraformManagedRulesExample 2022-08-23T02:10:24Z logger.go:66:   "egress-all-icmp-to-sg-b551fece",
TestTerraformManagedRulesExample 2022-08-23T02:10:24Z logger.go:66:   "egress-https-443-tcp-to-10.10.0.0/16,10.20.0.0/24",
TestTerraformManagedRulesExample 2022-08-23T02:10:24Z logger.go:66:   "egress-postgresql-tcp-to-2001:db8::/64",
TestTerraformManagedRulesExample 2022-08-23T02:10:24Z logger.go:66:   "egress-ssh-tcp-to-pl-68a54001",
TestTerraformManagedRulesExample 2022-08-23T02:10:24Z logger.go:66: ]
TestTerraformManagedRulesExample 2022-08-23T02:10:24Z logger.go:66: managed_ingress_rule_keys = [
TestTerraformManagedRulesExample 2022-08-23T02:10:24Z logger.go:66:   "ingress-all-all-from-10.10.0.0/16,10.20.0.0/24",
TestTerraformManagedRulesExample 2022-08-23T02:10:24Z logger.go:66:   "ingress-all-all-from-self",
TestTerraformManagedRulesExample 2022-08-23T02:10:24Z logger.go:66:   "ingress-all-icmp-from-sg-b551fece",
TestTerraformManagedRulesExample 2022-08-23T02:10:24Z logger.go:66:   "ingress-postgresql-tcp-from-2001:db8::/64",
TestTerraformManagedRulesExample 2022-08-23T02:10:24Z logger.go:66:   "ingress-ssh-tcp-from-pl-68a54001",
TestTerraformManagedRulesExample 2022-08-23T02:10:24Z logger.go:66: ]
TestTerraformManagedRulesExample 2022-08-23T02:10:24Z retry.go:91: terraform [output -no-color -json ingress_rule_keys]
TestTerraformManagedRulesExample 2022-08-23T02:10:24Z logger.go:66: Running command terraform with args [output -no-color -json ingress_rule_keys]
TestTerraformManagedRulesExample 2022-08-23T02:10:24Z logger.go:66: []
TestTerraformManagedRulesExample 2022-08-23T02:10:24Z retry.go:91: terraform [output -no-color -json managed_ingress_rule_keys]
TestTerraformManagedRulesExample 2022-08-23T02:10:24Z logger.go:66: Running command terraform with args [output -no-color -json managed_ingress_rule_keys]
TestTerraformManagedRulesExample 2022-08-23T02:10:25Z logger.go:66: ["ingress-all-all-from-10.10.0.0/16,10.20.0.0/24","ingress-all-all-from-self","ingress-all-icmp-from-sg-b551fece","ingress-postgresql-tcp-from-2001:db8::/64","ingress-ssh-tcp-from-pl-68a54001"]
TestTerraformManagedRulesExample 2022-08-23T02:10:25Z retry.go:91: terraform [output -no-color -json egress_rule_keys]
TestTerraformManagedRulesExample 2022-08-23T02:10:25Z logger.go:66: Running command terraform with args [output -no-color -json egress_rule_keys]
TestTerraformManagedRulesExample 2022-08-23T02:10:26Z logger.go:66: []
TestTerraformManagedRulesExample 2022-08-23T02:10:26Z retry.go:91: terraform [output -no-color -json managed_egress_rule_keys]
TestTerraformManagedRulesExample 2022-08-23T02:10:26Z logger.go:66: Running command terraform with args [output -no-color -json managed_egress_rule_keys]
TestTerraformManagedRulesExample 2022-08-23T02:10:27Z logger.go:66: ["egress-all-all-to-self","egress-all-icmp-to-sg-b551fece","egress-https-443-tcp-to-10.10.0.0/16,10.20.0.0/24","egress-postgresql-tcp-to-2001:db8::/64","egress-ssh-tcp-to-pl-68a54001"]
TestTerraformManagedRulesExample 2022-08-23T02:10:27Z retry.go:91: terraform [destroy -auto-approve -input=false -no-color -lock=false]
TestTerraformManagedRulesExample 2022-08-23T02:10:27Z logger.go:66: Running command terraform with args [destroy -auto-approve -input=false -no-color -lock=false]
TestTerraformManagedRulesExample 2022-08-23T02:10:30Z logger.go:66: data.aws_prefix_list.private_s3: Reading...
TestTerraformManagedRulesExample 2022-08-23T02:10:30Z logger.go:66: data.aws_vpc.default: Reading...
TestTerraformManagedRulesExample 2022-08-23T02:10:30Z logger.go:66: data.aws_prefix_list.private_s3: Read complete after 0s [id=pl-68a54001]
TestTerraformManagedRulesExample 2022-08-23T02:10:30Z logger.go:66: data.aws_vpc.default: Read complete after 1s [id=vpc-9ce7cafb]
TestTerraformManagedRulesExample 2022-08-23T02:10:30Z logger.go:66: data.aws_security_group.default: Reading...
TestTerraformManagedRulesExample 2022-08-23T02:10:30Z logger.go:66: module.security_group.aws_security_group.self[0]: Refreshing state... [id=sg-06d133a195cc0a45c]
TestTerraformManagedRulesExample 2022-08-23T02:10:30Z logger.go:66: data.aws_security_group.default: Read complete after 0s [id=sg-b551fece]
TestTerraformManagedRulesExample 2022-08-23T02:10:30Z logger.go:66: module.security_group.aws_security_group_rule.managed_rules["ingress-all-all-from-10.10.0.0/16,10.20.0.0/24"]: Refreshing state... [id=sgrule-1049828219]
TestTerraformManagedRulesExample 2022-08-23T02:10:30Z logger.go:66: module.security_group.aws_security_group_rule.managed_rules["egress-https-443-tcp-to-10.10.0.0/16,10.20.0.0/24"]: Refreshing state... [id=sgrule-163164593]
TestTerraformManagedRulesExample 2022-08-23T02:10:30Z logger.go:66: module.security_group.aws_security_group_rule.managed_rules["ingress-all-icmp-from-sg-b551fece"]: Refreshing state... [id=sgrule-825188672]
TestTerraformManagedRulesExample 2022-08-23T02:10:30Z logger.go:66: module.security_group.aws_security_group_rule.managed_rules["ingress-all-all-from-self"]: Refreshing state... [id=sgrule-2459967782]
TestTerraformManagedRulesExample 2022-08-23T02:10:30Z logger.go:66: module.security_group.aws_security_group_rule.managed_rules["egress-all-icmp-to-sg-b551fece"]: Refreshing state... [id=sgrule-3984142953]
TestTerraformManagedRulesExample 2022-08-23T02:10:30Z logger.go:66: module.security_group.aws_security_group_rule.managed_rules["egress-postgresql-tcp-to-2001:db8::/64"]: Refreshing state... [id=sgrule-19433736]
TestTerraformManagedRulesExample 2022-08-23T02:10:30Z logger.go:66: module.security_group.aws_security_group_rule.managed_rules["ingress-ssh-tcp-from-pl-68a54001"]: Refreshing state... [id=sgrule-2610013878]
TestTerraformManagedRulesExample 2022-08-23T02:10:30Z logger.go:66: module.security_group.aws_security_group_rule.managed_rules["egress-all-all-to-self"]: Refreshing state... [id=sgrule-594568172]
TestTerraformManagedRulesExample 2022-08-23T02:10:30Z logger.go:66: module.security_group.aws_security_group_rule.managed_rules["egress-ssh-tcp-to-pl-68a54001"]: Refreshing state... [id=sgrule-1560553381]
TestTerraformManagedRulesExample 2022-08-23T02:10:30Z logger.go:66: module.security_group.aws_security_group_rule.managed_rules["ingress-postgresql-tcp-from-2001:db8::/64"]: Refreshing state... [id=sgrule-1339172369]
TestTerraformManagedRulesExample 2022-08-23T02:10:31Z logger.go:66:
TestTerraformManagedRulesExample 2022-08-23T02:10:31Z logger.go:66: Terraform used the selected providers to generate the following execution
TestTerraformManagedRulesExample 2022-08-23T02:10:31Z logger.go:66: plan. Resource actions are indicated with the following symbols:
TestTerraformManagedRulesExample 2022-08-23T02:10:31Z logger.go:66:   - destroy
TestTerraformManagedRulesExample 2022-08-23T02:10:31Z logger.go:66:
TestTerraformManagedRulesExample 2022-08-23T02:10:31Z logger.go:66: Terraform will perform the following actions:
TestTerraformManagedRulesExample 2022-08-23T02:10:31Z logger.go:66:
TestTerraformManagedRulesExample 2022-08-23T02:10:31Z logger.go:66:   # module.security_group.aws_security_group.self[0] will be destroyed
TestTerraformManagedRulesExample 2022-08-23T02:10:31Z logger.go:66:   - resource "aws_security_group" "self" {
TestTerraformManagedRulesExample 2022-08-23T02:10:31Z logger.go:66:       - arn                    = "arn:aws:ec2:us-west-2:326504147071:security-group/sg-06d133a195cc0a45c" -> null
TestTerraformManagedRulesExample 2022-08-23T02:10:31Z logger.go:66:       - description            = "ex-managed-rules" -> null
TestTerraformManagedRulesExample 2022-08-23T02:10:31Z logger.go:66:       - egress                 = [
TestTerraformManagedRulesExample 2022-08-23T02:10:31Z logger.go:66:           - {
TestTerraformManagedRulesExample 2022-08-23T02:10:31Z logger.go:66:               - cidr_blocks      = [
TestTerraformManagedRulesExample 2022-08-23T02:10:31Z logger.go:66:                   - "10.10.0.0/16",
TestTerraformManagedRulesExample 2022-08-23T02:10:31Z logger.go:66:                   - "10.20.0.0/24",
TestTerraformManagedRulesExample 2022-08-23T02:10:31Z logger.go:66:                 ]
TestTerraformManagedRulesExample 2022-08-23T02:10:31Z logger.go:66:               - description      = "egress-https-443-tcp-to-10.10.0.0/16,10.20.0.0/24"
TestTerraformManagedRulesExample 2022-08-23T02:10:31Z logger.go:66:               - from_port        = 443
TestTerraformManagedRulesExample 2022-08-23T02:10:31Z logger.go:66:               - ipv6_cidr_blocks = []
TestTerraformManagedRulesExample 2022-08-23T02:10:31Z logger.go:66:               - prefix_list_ids  = []
TestTerraformManagedRulesExample 2022-08-23T02:10:31Z logger.go:66:               - protocol         = "tcp"
TestTerraformManagedRulesExample 2022-08-23T02:10:31Z logger.go:66:               - security_groups  = []
TestTerraformManagedRulesExample 2022-08-23T02:10:31Z logger.go:66:               - self             = false
TestTerraformManagedRulesExample 2022-08-23T02:10:31Z logger.go:66:               - to_port          = 443
TestTerraformManagedRulesExample 2022-08-23T02:10:31Z logger.go:66:             },
TestTerraformManagedRulesExample 2022-08-23T02:10:31Z logger.go:66:           - {
TestTerraformManagedRulesExample 2022-08-23T02:10:31Z logger.go:66:               - cidr_blocks      = []
TestTerraformManagedRulesExample 2022-08-23T02:10:31Z logger.go:66:               - description      = "egress-all-all-to-self"
TestTerraformManagedRulesExample 2022-08-23T02:10:31Z logger.go:66:               - from_port        = 0
TestTerraformManagedRulesExample 2022-08-23T02:10:31Z logger.go:66:               - ipv6_cidr_blocks = []
TestTerraformManagedRulesExample 2022-08-23T02:10:31Z logger.go:66:               - prefix_list_ids  = []
TestTerraformManagedRulesExample 2022-08-23T02:10:31Z logger.go:66:               - protocol         = "-1"
TestTerraformManagedRulesExample 2022-08-23T02:10:31Z logger.go:66:               - security_groups  = []
TestTerraformManagedRulesExample 2022-08-23T02:10:31Z logger.go:66:               - self             = true
TestTerraformManagedRulesExample 2022-08-23T02:10:31Z logger.go:66:               - to_port          = 0
TestTerraformManagedRulesExample 2022-08-23T02:10:31Z logger.go:66:             },
TestTerraformManagedRulesExample 2022-08-23T02:10:31Z logger.go:66:           - {
TestTerraformManagedRulesExample 2022-08-23T02:10:31Z logger.go:66:               - cidr_blocks      = []
TestTerraformManagedRulesExample 2022-08-23T02:10:31Z logger.go:66:               - description      = "egress-all-icmp-to-sg-b551fece"
TestTerraformManagedRulesExample 2022-08-23T02:10:31Z logger.go:66:               - from_port        = -1
TestTerraformManagedRulesExample 2022-08-23T02:10:31Z logger.go:66:               - ipv6_cidr_blocks = []
TestTerraformManagedRulesExample 2022-08-23T02:10:31Z logger.go:66:               - prefix_list_ids  = []
TestTerraformManagedRulesExample 2022-08-23T02:10:31Z logger.go:66:               - protocol         = "icmp"
TestTerraformManagedRulesExample 2022-08-23T02:10:31Z logger.go:66:               - security_groups  = [
TestTerraformManagedRulesExample 2022-08-23T02:10:31Z logger.go:66:                   - "sg-b551fece",
TestTerraformManagedRulesExample 2022-08-23T02:10:31Z logger.go:66:                 ]
TestTerraformManagedRulesExample 2022-08-23T02:10:31Z logger.go:66:               - self             = false
TestTerraformManagedRulesExample 2022-08-23T02:10:31Z logger.go:66:               - to_port          = -1
TestTerraformManagedRulesExample 2022-08-23T02:10:31Z logger.go:66:             },
TestTerraformManagedRulesExample 2022-08-23T02:10:31Z logger.go:66:           - {
TestTerraformManagedRulesExample 2022-08-23T02:10:31Z logger.go:66:               - cidr_blocks      = []
TestTerraformManagedRulesExample 2022-08-23T02:10:31Z logger.go:66:               - description      = "egress-postgresql-tcp-to-2001:db8::/64"
TestTerraformManagedRulesExample 2022-08-23T02:10:31Z logger.go:66:               - from_port        = 5432
TestTerraformManagedRulesExample 2022-08-23T02:10:31Z logger.go:66:               - ipv6_cidr_blocks = [
TestTerraformManagedRulesExample 2022-08-23T02:10:31Z logger.go:66:                   - "2001:db8::/64",
TestTerraformManagedRulesExample 2022-08-23T02:10:31Z logger.go:66:                 ]
TestTerraformManagedRulesExample 2022-08-23T02:10:31Z logger.go:66:               - prefix_list_ids  = []
TestTerraformManagedRulesExample 2022-08-23T02:10:31Z logger.go:66:               - protocol         = "tcp"
TestTerraformManagedRulesExample 2022-08-23T02:10:31Z logger.go:66:               - security_groups  = []
TestTerraformManagedRulesExample 2022-08-23T02:10:31Z logger.go:66:               - self             = false
TestTerraformManagedRulesExample 2022-08-23T02:10:31Z logger.go:66:               - to_port          = 5432
TestTerraformManagedRulesExample 2022-08-23T02:10:31Z logger.go:66:             },
TestTerraformManagedRulesExample 2022-08-23T02:10:31Z logger.go:66:           - {
TestTerraformManagedRulesExample 2022-08-23T02:10:31Z logger.go:66:               - cidr_blocks      = []
TestTerraformManagedRulesExample 2022-08-23T02:10:31Z logger.go:66:               - description      = "egress-ssh-tcp-to-pl-68a54001"
TestTerraformManagedRulesExample 2022-08-23T02:10:31Z logger.go:66:               - from_port        = 22
TestTerraformManagedRulesExample 2022-08-23T02:10:31Z logger.go:66:               - ipv6_cidr_blocks = []
TestTerraformManagedRulesExample 2022-08-23T02:10:31Z logger.go:66:               - prefix_list_ids  = [
TestTerraformManagedRulesExample 2022-08-23T02:10:31Z logger.go:66:                   - "pl-68a54001",
TestTerraformManagedRulesExample 2022-08-23T02:10:31Z logger.go:66:                 ]
TestTerraformManagedRulesExample 2022-08-23T02:10:31Z logger.go:66:               - protocol         = "tcp"
TestTerraformManagedRulesExample 2022-08-23T02:10:31Z logger.go:66:               - security_groups  = []
TestTerraformManagedRulesExample 2022-08-23T02:10:31Z logger.go:66:               - self             = false
TestTerraformManagedRulesExample 2022-08-23T02:10:31Z logger.go:66:               - to_port          = 22
TestTerraformManagedRulesExample 2022-08-23T02:10:31Z logger.go:66:             },
TestTerraformManagedRulesExample 2022-08-23T02:10:31Z logger.go:66:         ] -> null
TestTerraformManagedRulesExample 2022-08-23T02:10:31Z logger.go:66:       - id                     = "sg-06d133a195cc0a45c" -> null
TestTerraformManagedRulesExample 2022-08-23T02:10:31Z logger.go:66:       - ingress                = [
TestTerraformManagedRulesExample 2022-08-23T02:10:31Z logger.go:66:           - {
TestTerraformManagedRulesExample 2022-08-23T02:10:31Z logger.go:66:               - cidr_blocks      = [
TestTerraformManagedRulesExample 2022-08-23T02:10:31Z logger.go:66:                   - "10.10.0.0/16",
TestTerraformManagedRulesExample 2022-08-23T02:10:31Z logger.go:66:                   - "10.20.0.0/24",
TestTerraformManagedRulesExample 2022-08-23T02:10:31Z logger.go:66:                 ]
TestTerraformManagedRulesExample 2022-08-23T02:10:31Z logger.go:66:               - description      = "ingress-all-all-from-10.10.0.0/16,10.20.0.0/24"
TestTerraformManagedRulesExample 2022-08-23T02:10:31Z logger.go:66:               - from_port        = 0
TestTerraformManagedRulesExample 2022-08-23T02:10:31Z logger.go:66:               - ipv6_cidr_blocks = []
TestTerraformManagedRulesExample 2022-08-23T02:10:31Z logger.go:66:               - prefix_list_ids  = []
TestTerraformManagedRulesExample 2022-08-23T02:10:31Z logger.go:66:               - protocol         = "-1"
TestTerraformManagedRulesExample 2022-08-23T02:10:31Z logger.go:66:               - security_groups  = []
TestTerraformManagedRulesExample 2022-08-23T02:10:31Z logger.go:66:               - self             = false
TestTerraformManagedRulesExample 2022-08-23T02:10:31Z logger.go:66:               - to_port          = 0
TestTerraformManagedRulesExample 2022-08-23T02:10:31Z logger.go:66:             },
TestTerraformManagedRulesExample 2022-08-23T02:10:31Z logger.go:66:           - {
TestTerraformManagedRulesExample 2022-08-23T02:10:31Z logger.go:66:               - cidr_blocks      = []
TestTerraformManagedRulesExample 2022-08-23T02:10:31Z logger.go:66:               - description      = "ingress-all-all-from-self"
TestTerraformManagedRulesExample 2022-08-23T02:10:31Z logger.go:66:               - from_port        = 0
TestTerraformManagedRulesExample 2022-08-23T02:10:31Z logger.go:66:               - ipv6_cidr_blocks = []
TestTerraformManagedRulesExample 2022-08-23T02:10:31Z logger.go:66:               - prefix_list_ids  = []
TestTerraformManagedRulesExample 2022-08-23T02:10:31Z logger.go:66:               - protocol         = "-1"
TestTerraformManagedRulesExample 2022-08-23T02:10:31Z logger.go:66:               - security_groups  = []
TestTerraformManagedRulesExample 2022-08-23T02:10:31Z logger.go:66:               - self             = true
TestTerraformManagedRulesExample 2022-08-23T02:10:31Z logger.go:66:               - to_port          = 0
TestTerraformManagedRulesExample 2022-08-23T02:10:31Z logger.go:66:             },
TestTerraformManagedRulesExample 2022-08-23T02:10:31Z logger.go:66:           - {
TestTerraformManagedRulesExample 2022-08-23T02:10:31Z logger.go:66:               - cidr_blocks      = []
TestTerraformManagedRulesExample 2022-08-23T02:10:31Z logger.go:66:               - description      = "ingress-all-icmp-from-sg-b551fece"
TestTerraformManagedRulesExample 2022-08-23T02:10:31Z logger.go:66:               - from_port        = -1
TestTerraformManagedRulesExample 2022-08-23T02:10:31Z logger.go:66:               - ipv6_cidr_blocks = []
TestTerraformManagedRulesExample 2022-08-23T02:10:31Z logger.go:66:               - prefix_list_ids  = []
TestTerraformManagedRulesExample 2022-08-23T02:10:31Z logger.go:66:               - protocol         = "icmp"
TestTerraformManagedRulesExample 2022-08-23T02:10:31Z logger.go:66:               - security_groups  = [
TestTerraformManagedRulesExample 2022-08-23T02:10:31Z logger.go:66:                   - "sg-b551fece",
TestTerraformManagedRulesExample 2022-08-23T02:10:31Z logger.go:66:                 ]
TestTerraformManagedRulesExample 2022-08-23T02:10:31Z logger.go:66:               - self             = false
TestTerraformManagedRulesExample 2022-08-23T02:10:31Z logger.go:66:               - to_port          = -1
TestTerraformManagedRulesExample 2022-08-23T02:10:31Z logger.go:66:             },
TestTerraformManagedRulesExample 2022-08-23T02:10:31Z logger.go:66:           - {
TestTerraformManagedRulesExample 2022-08-23T02:10:31Z logger.go:66:               - cidr_blocks      = []
TestTerraformManagedRulesExample 2022-08-23T02:10:31Z logger.go:66:               - description      = "ingress-postgresql-tcp-from-2001:db8::/64"
TestTerraformManagedRulesExample 2022-08-23T02:10:31Z logger.go:66:               - from_port        = 5432
TestTerraformManagedRulesExample 2022-08-23T02:10:31Z logger.go:66:               - ipv6_cidr_blocks = [
TestTerraformManagedRulesExample 2022-08-23T02:10:31Z logger.go:66:                   - "2001:db8::/64",
TestTerraformManagedRulesExample 2022-08-23T02:10:31Z logger.go:66:                 ]
TestTerraformManagedRulesExample 2022-08-23T02:10:31Z logger.go:66:               - prefix_list_ids  = []
TestTerraformManagedRulesExample 2022-08-23T02:10:31Z logger.go:66:               - protocol         = "tcp"
TestTerraformManagedRulesExample 2022-08-23T02:10:31Z logger.go:66:               - security_groups  = []
TestTerraformManagedRulesExample 2022-08-23T02:10:31Z logger.go:66:               - self             = false
TestTerraformManagedRulesExample 2022-08-23T02:10:31Z logger.go:66:               - to_port          = 5432
TestTerraformManagedRulesExample 2022-08-23T02:10:31Z logger.go:66:             },
TestTerraformManagedRulesExample 2022-08-23T02:10:31Z logger.go:66:           - {
TestTerraformManagedRulesExample 2022-08-23T02:10:31Z logger.go:66:               - cidr_blocks      = []
TestTerraformManagedRulesExample 2022-08-23T02:10:31Z logger.go:66:               - description      = "ingress-ssh-tcp-from-pl-68a54001"
TestTerraformManagedRulesExample 2022-08-23T02:10:31Z logger.go:66:               - from_port        = 22
TestTerraformManagedRulesExample 2022-08-23T02:10:31Z logger.go:66:               - ipv6_cidr_blocks = []
TestTerraformManagedRulesExample 2022-08-23T02:10:31Z logger.go:66:               - prefix_list_ids  = [
TestTerraformManagedRulesExample 2022-08-23T02:10:31Z logger.go:66:                   - "pl-68a54001",
TestTerraformManagedRulesExample 2022-08-23T02:10:31Z logger.go:66:                 ]
TestTerraformManagedRulesExample 2022-08-23T02:10:31Z logger.go:66:               - protocol         = "tcp"
TestTerraformManagedRulesExample 2022-08-23T02:10:31Z logger.go:66:               - security_groups  = []
TestTerraformManagedRulesExample 2022-08-23T02:10:31Z logger.go:66:               - self             = false
TestTerraformManagedRulesExample 2022-08-23T02:10:31Z logger.go:66:               - to_port          = 22
TestTerraformManagedRulesExample 2022-08-23T02:10:31Z logger.go:66:             },
TestTerraformManagedRulesExample 2022-08-23T02:10:31Z logger.go:66:         ] -> null
TestTerraformManagedRulesExample 2022-08-23T02:10:31Z logger.go:66:       - name                   = "ex-managed-rules" -> null
TestTerraformManagedRulesExample 2022-08-23T02:10:31Z logger.go:66:       - owner_id               = "326504147071" -> null
TestTerraformManagedRulesExample 2022-08-23T02:10:31Z logger.go:66:       - revoke_rules_on_delete = false -> null
TestTerraformManagedRulesExample 2022-08-23T02:10:31Z logger.go:66:       - tags                   = {
TestTerraformManagedRulesExample 2022-08-23T02:10:31Z logger.go:66:           - "Name" = "ex-managed-rules"
TestTerraformManagedRulesExample 2022-08-23T02:10:31Z logger.go:66:         } -> null
TestTerraformManagedRulesExample 2022-08-23T02:10:31Z logger.go:66:       - tags_all               = {
TestTerraformManagedRulesExample 2022-08-23T02:10:31Z logger.go:66:           - "Example"    = "ex-managed-rules"
TestTerraformManagedRulesExample 2022-08-23T02:10:31Z logger.go:66:           - "GithubOrg"  = "aidanmelen"
TestTerraformManagedRulesExample 2022-08-23T02:10:31Z logger.go:66:           - "GithubRepo" = "terraform-aws-security-group"
TestTerraformManagedRulesExample 2022-08-23T02:10:31Z logger.go:66:           - "Name"       = "ex-managed-rules"
TestTerraformManagedRulesExample 2022-08-23T02:10:31Z logger.go:66:         } -> null
TestTerraformManagedRulesExample 2022-08-23T02:10:31Z logger.go:66:       - vpc_id                 = "vpc-9ce7cafb" -> null
TestTerraformManagedRulesExample 2022-08-23T02:10:31Z logger.go:66:
TestTerraformManagedRulesExample 2022-08-23T02:10:31Z logger.go:66:       - timeouts {
TestTerraformManagedRulesExample 2022-08-23T02:10:31Z logger.go:66:           - create = "10m" -> null
TestTerraformManagedRulesExample 2022-08-23T02:10:31Z logger.go:66:           - delete = "15m" -> null
TestTerraformManagedRulesExample 2022-08-23T02:10:31Z logger.go:66:         }
TestTerraformManagedRulesExample 2022-08-23T02:10:31Z logger.go:66:     }
TestTerraformManagedRulesExample 2022-08-23T02:10:31Z logger.go:66:
TestTerraformManagedRulesExample 2022-08-23T02:10:31Z logger.go:66:   # module.security_group.aws_security_group_rule.managed_rules["egress-all-all-to-self"] will be destroyed
TestTerraformManagedRulesExample 2022-08-23T02:10:31Z logger.go:66:   - resource "aws_security_group_rule" "managed_rules" {
TestTerraformManagedRulesExample 2022-08-23T02:10:31Z logger.go:66:       - description       = "egress-all-all-to-self" -> null
TestTerraformManagedRulesExample 2022-08-23T02:10:31Z logger.go:66:       - from_port         = 0 -> null
TestTerraformManagedRulesExample 2022-08-23T02:10:31Z logger.go:66:       - id                = "sgrule-594568172" -> null
TestTerraformManagedRulesExample 2022-08-23T02:10:31Z logger.go:66:       - protocol          = "-1" -> null
TestTerraformManagedRulesExample 2022-08-23T02:10:31Z logger.go:66:       - security_group_id = "sg-06d133a195cc0a45c" -> null
TestTerraformManagedRulesExample 2022-08-23T02:10:31Z logger.go:66:       - self              = true -> null
TestTerraformManagedRulesExample 2022-08-23T02:10:31Z logger.go:66:       - to_port           = 0 -> null
TestTerraformManagedRulesExample 2022-08-23T02:10:31Z logger.go:66:       - type              = "egress" -> null
TestTerraformManagedRulesExample 2022-08-23T02:10:31Z logger.go:66:     }
TestTerraformManagedRulesExample 2022-08-23T02:10:31Z logger.go:66:
TestTerraformManagedRulesExample 2022-08-23T02:10:31Z logger.go:66:   # module.security_group.aws_security_group_rule.managed_rules["egress-all-icmp-to-sg-b551fece"] will be destroyed
TestTerraformManagedRulesExample 2022-08-23T02:10:31Z logger.go:66:   - resource "aws_security_group_rule" "managed_rules" {
TestTerraformManagedRulesExample 2022-08-23T02:10:31Z logger.go:66:       - description              = "egress-all-icmp-to-sg-b551fece" -> null
TestTerraformManagedRulesExample 2022-08-23T02:10:31Z logger.go:66:       - from_port                = -1 -> null
TestTerraformManagedRulesExample 2022-08-23T02:10:31Z logger.go:66:       - id                       = "sgrule-3984142953" -> null
TestTerraformManagedRulesExample 2022-08-23T02:10:31Z logger.go:66:       - protocol                 = "icmp" -> null
TestTerraformManagedRulesExample 2022-08-23T02:10:31Z logger.go:66:       - security_group_id        = "sg-06d133a195cc0a45c" -> null
TestTerraformManagedRulesExample 2022-08-23T02:10:31Z logger.go:66:       - self                     = false -> null
TestTerraformManagedRulesExample 2022-08-23T02:10:31Z logger.go:66:       - source_security_group_id = "sg-b551fece" -> null
TestTerraformManagedRulesExample 2022-08-23T02:10:31Z logger.go:66:       - to_port                  = -1 -> null
TestTerraformManagedRulesExample 2022-08-23T02:10:31Z logger.go:66:       - type                     = "egress" -> null
TestTerraformManagedRulesExample 2022-08-23T02:10:31Z logger.go:66:     }
TestTerraformManagedRulesExample 2022-08-23T02:10:31Z logger.go:66:
TestTerraformManagedRulesExample 2022-08-23T02:10:31Z logger.go:66:   # module.security_group.aws_security_group_rule.managed_rules["egress-https-443-tcp-to-10.10.0.0/16,10.20.0.0/24"] will be destroyed
TestTerraformManagedRulesExample 2022-08-23T02:10:31Z logger.go:66:   - resource "aws_security_group_rule" "managed_rules" {
TestTerraformManagedRulesExample 2022-08-23T02:10:31Z logger.go:66:       - cidr_blocks       = [
TestTerraformManagedRulesExample 2022-08-23T02:10:31Z logger.go:66:           - "10.10.0.0/16",
TestTerraformManagedRulesExample 2022-08-23T02:10:31Z logger.go:66:           - "10.20.0.0/24",
TestTerraformManagedRulesExample 2022-08-23T02:10:31Z logger.go:66:         ] -> null
TestTerraformManagedRulesExample 2022-08-23T02:10:31Z logger.go:66:       - description       = "egress-https-443-tcp-to-10.10.0.0/16,10.20.0.0/24" -> null
TestTerraformManagedRulesExample 2022-08-23T02:10:31Z logger.go:66:       - from_port         = 443 -> null
TestTerraformManagedRulesExample 2022-08-23T02:10:31Z logger.go:66:       - id                = "sgrule-163164593" -> null
TestTerraformManagedRulesExample 2022-08-23T02:10:31Z logger.go:66:       - protocol          = "tcp" -> null
TestTerraformManagedRulesExample 2022-08-23T02:10:31Z logger.go:66:       - security_group_id = "sg-06d133a195cc0a45c" -> null
TestTerraformManagedRulesExample 2022-08-23T02:10:31Z logger.go:66:       - self              = false -> null
TestTerraformManagedRulesExample 2022-08-23T02:10:31Z logger.go:66:       - to_port           = 443 -> null
TestTerraformManagedRulesExample 2022-08-23T02:10:31Z logger.go:66:       - type              = "egress" -> null
TestTerraformManagedRulesExample 2022-08-23T02:10:31Z logger.go:66:     }
TestTerraformManagedRulesExample 2022-08-23T02:10:31Z logger.go:66:
TestTerraformManagedRulesExample 2022-08-23T02:10:31Z logger.go:66:   # module.security_group.aws_security_group_rule.managed_rules["egress-postgresql-tcp-to-2001:db8::/64"] will be destroyed
TestTerraformManagedRulesExample 2022-08-23T02:10:31Z logger.go:66:   - resource "aws_security_group_rule" "managed_rules" {
TestTerraformManagedRulesExample 2022-08-23T02:10:31Z logger.go:66:       - description       = "egress-postgresql-tcp-to-2001:db8::/64" -> null
TestTerraformManagedRulesExample 2022-08-23T02:10:31Z logger.go:66:       - from_port         = 5432 -> null
TestTerraformManagedRulesExample 2022-08-23T02:10:31Z logger.go:66:       - id                = "sgrule-19433736" -> null
TestTerraformManagedRulesExample 2022-08-23T02:10:31Z logger.go:66:       - ipv6_cidr_blocks  = [
TestTerraformManagedRulesExample 2022-08-23T02:10:31Z logger.go:66:           - "2001:db8::/64",
TestTerraformManagedRulesExample 2022-08-23T02:10:31Z logger.go:66:         ] -> null
TestTerraformManagedRulesExample 2022-08-23T02:10:31Z logger.go:66:       - protocol          = "tcp" -> null
TestTerraformManagedRulesExample 2022-08-23T02:10:31Z logger.go:66:       - security_group_id = "sg-06d133a195cc0a45c" -> null
TestTerraformManagedRulesExample 2022-08-23T02:10:31Z logger.go:66:       - self              = false -> null
TestTerraformManagedRulesExample 2022-08-23T02:10:31Z logger.go:66:       - to_port           = 5432 -> null
TestTerraformManagedRulesExample 2022-08-23T02:10:31Z logger.go:66:       - type              = "egress" -> null
TestTerraformManagedRulesExample 2022-08-23T02:10:31Z logger.go:66:     }
TestTerraformManagedRulesExample 2022-08-23T02:10:31Z logger.go:66:
TestTerraformManagedRulesExample 2022-08-23T02:10:31Z logger.go:66:   # module.security_group.aws_security_group_rule.managed_rules["egress-ssh-tcp-to-pl-68a54001"] will be destroyed
TestTerraformManagedRulesExample 2022-08-23T02:10:31Z logger.go:66:   - resource "aws_security_group_rule" "managed_rules" {
TestTerraformManagedRulesExample 2022-08-23T02:10:31Z logger.go:66:       - description       = "egress-ssh-tcp-to-pl-68a54001" -> null
TestTerraformManagedRulesExample 2022-08-23T02:10:31Z logger.go:66:       - from_port         = 22 -> null
TestTerraformManagedRulesExample 2022-08-23T02:10:31Z logger.go:66:       - id                = "sgrule-1560553381" -> null
TestTerraformManagedRulesExample 2022-08-23T02:10:31Z logger.go:66:       - prefix_list_ids   = [
TestTerraformManagedRulesExample 2022-08-23T02:10:31Z logger.go:66:           - "pl-68a54001",
TestTerraformManagedRulesExample 2022-08-23T02:10:31Z logger.go:66:         ] -> null
TestTerraformManagedRulesExample 2022-08-23T02:10:31Z logger.go:66:       - protocol          = "tcp" -> null
TestTerraformManagedRulesExample 2022-08-23T02:10:31Z logger.go:66:       - security_group_id = "sg-06d133a195cc0a45c" -> null
TestTerraformManagedRulesExample 2022-08-23T02:10:31Z logger.go:66:       - self              = false -> null
TestTerraformManagedRulesExample 2022-08-23T02:10:31Z logger.go:66:       - to_port           = 22 -> null
TestTerraformManagedRulesExample 2022-08-23T02:10:31Z logger.go:66:       - type              = "egress" -> null
TestTerraformManagedRulesExample 2022-08-23T02:10:31Z logger.go:66:     }
TestTerraformManagedRulesExample 2022-08-23T02:10:31Z logger.go:66:
TestTerraformManagedRulesExample 2022-08-23T02:10:31Z logger.go:66:   # module.security_group.aws_security_group_rule.managed_rules["ingress-all-all-from-10.10.0.0/16,10.20.0.0/24"] will be destroyed
TestTerraformManagedRulesExample 2022-08-23T02:10:31Z logger.go:66:   - resource "aws_security_group_rule" "managed_rules" {
TestTerraformManagedRulesExample 2022-08-23T02:10:31Z logger.go:66:       - cidr_blocks       = [
TestTerraformManagedRulesExample 2022-08-23T02:10:31Z logger.go:66:           - "10.10.0.0/16",
TestTerraformManagedRulesExample 2022-08-23T02:10:31Z logger.go:66:           - "10.20.0.0/24",
TestTerraformManagedRulesExample 2022-08-23T02:10:31Z logger.go:66:         ] -> null
TestTerraformManagedRulesExample 2022-08-23T02:10:31Z logger.go:66:       - description       = "ingress-all-all-from-10.10.0.0/16,10.20.0.0/24" -> null
TestTerraformManagedRulesExample 2022-08-23T02:10:31Z logger.go:66:       - from_port         = 0 -> null
TestTerraformManagedRulesExample 2022-08-23T02:10:31Z logger.go:66:       - id                = "sgrule-1049828219" -> null
TestTerraformManagedRulesExample 2022-08-23T02:10:31Z logger.go:66:       - protocol          = "-1" -> null
TestTerraformManagedRulesExample 2022-08-23T02:10:31Z logger.go:66:       - security_group_id = "sg-06d133a195cc0a45c" -> null
TestTerraformManagedRulesExample 2022-08-23T02:10:31Z logger.go:66:       - self              = false -> null
TestTerraformManagedRulesExample 2022-08-23T02:10:31Z logger.go:66:       - to_port           = 0 -> null
TestTerraformManagedRulesExample 2022-08-23T02:10:31Z logger.go:66:       - type              = "ingress" -> null
TestTerraformManagedRulesExample 2022-08-23T02:10:31Z logger.go:66:     }
TestTerraformManagedRulesExample 2022-08-23T02:10:31Z logger.go:66:
TestTerraformManagedRulesExample 2022-08-23T02:10:31Z logger.go:66:   # module.security_group.aws_security_group_rule.managed_rules["ingress-all-all-from-self"] will be destroyed
TestTerraformManagedRulesExample 2022-08-23T02:10:31Z logger.go:66:   - resource "aws_security_group_rule" "managed_rules" {
TestTerraformManagedRulesExample 2022-08-23T02:10:31Z logger.go:66:       - description       = "ingress-all-all-from-self" -> null
TestTerraformManagedRulesExample 2022-08-23T02:10:31Z logger.go:66:       - from_port         = 0 -> null
TestTerraformManagedRulesExample 2022-08-23T02:10:31Z logger.go:66:       - id                = "sgrule-2459967782" -> null
TestTerraformManagedRulesExample 2022-08-23T02:10:31Z logger.go:66:       - protocol          = "-1" -> null
TestTerraformManagedRulesExample 2022-08-23T02:10:31Z logger.go:66:       - security_group_id = "sg-06d133a195cc0a45c" -> null
TestTerraformManagedRulesExample 2022-08-23T02:10:31Z logger.go:66:       - self              = true -> null
TestTerraformManagedRulesExample 2022-08-23T02:10:31Z logger.go:66:       - to_port           = 0 -> null
TestTerraformManagedRulesExample 2022-08-23T02:10:31Z logger.go:66:       - type              = "ingress" -> null
TestTerraformManagedRulesExample 2022-08-23T02:10:31Z logger.go:66:     }
TestTerraformManagedRulesExample 2022-08-23T02:10:31Z logger.go:66:
TestTerraformManagedRulesExample 2022-08-23T02:10:31Z logger.go:66:   # module.security_group.aws_security_group_rule.managed_rules["ingress-all-icmp-from-sg-b551fece"] will be destroyed
TestTerraformManagedRulesExample 2022-08-23T02:10:31Z logger.go:66:   - resource "aws_security_group_rule" "managed_rules" {
TestTerraformManagedRulesExample 2022-08-23T02:10:31Z logger.go:66:       - description              = "ingress-all-icmp-from-sg-b551fece" -> null
TestTerraformManagedRulesExample 2022-08-23T02:10:31Z logger.go:66:       - from_port                = -1 -> null
TestTerraformManagedRulesExample 2022-08-23T02:10:31Z logger.go:66:       - id                       = "sgrule-825188672" -> null
TestTerraformManagedRulesExample 2022-08-23T02:10:31Z logger.go:66:       - protocol                 = "icmp" -> null
TestTerraformManagedRulesExample 2022-08-23T02:10:31Z logger.go:66:       - security_group_id        = "sg-06d133a195cc0a45c" -> null
TestTerraformManagedRulesExample 2022-08-23T02:10:31Z logger.go:66:       - self                     = false -> null
TestTerraformManagedRulesExample 2022-08-23T02:10:31Z logger.go:66:       - source_security_group_id = "sg-b551fece" -> null
TestTerraformManagedRulesExample 2022-08-23T02:10:31Z logger.go:66:       - to_port                  = -1 -> null
TestTerraformManagedRulesExample 2022-08-23T02:10:31Z logger.go:66:       - type                     = "ingress" -> null
TestTerraformManagedRulesExample 2022-08-23T02:10:31Z logger.go:66:     }
TestTerraformManagedRulesExample 2022-08-23T02:10:31Z logger.go:66:
TestTerraformManagedRulesExample 2022-08-23T02:10:31Z logger.go:66:   # module.security_group.aws_security_group_rule.managed_rules["ingress-postgresql-tcp-from-2001:db8::/64"] will be destroyed
TestTerraformManagedRulesExample 2022-08-23T02:10:31Z logger.go:66:   - resource "aws_security_group_rule" "managed_rules" {
TestTerraformManagedRulesExample 2022-08-23T02:10:31Z logger.go:66:       - description       = "ingress-postgresql-tcp-from-2001:db8::/64" -> null
TestTerraformManagedRulesExample 2022-08-23T02:10:31Z logger.go:66:       - from_port         = 5432 -> null
TestTerraformManagedRulesExample 2022-08-23T02:10:31Z logger.go:66:       - id                = "sgrule-1339172369" -> null
TestTerraformManagedRulesExample 2022-08-23T02:10:31Z logger.go:66:       - ipv6_cidr_blocks  = [
TestTerraformManagedRulesExample 2022-08-23T02:10:31Z logger.go:66:           - "2001:db8::/64",
TestTerraformManagedRulesExample 2022-08-23T02:10:31Z logger.go:66:         ] -> null
TestTerraformManagedRulesExample 2022-08-23T02:10:31Z logger.go:66:       - protocol          = "tcp" -> null
TestTerraformManagedRulesExample 2022-08-23T02:10:31Z logger.go:66:       - security_group_id = "sg-06d133a195cc0a45c" -> null
TestTerraformManagedRulesExample 2022-08-23T02:10:31Z logger.go:66:       - self              = false -> null
TestTerraformManagedRulesExample 2022-08-23T02:10:31Z logger.go:66:       - to_port           = 5432 -> null
TestTerraformManagedRulesExample 2022-08-23T02:10:31Z logger.go:66:       - type              = "ingress" -> null
TestTerraformManagedRulesExample 2022-08-23T02:10:31Z logger.go:66:     }
TestTerraformManagedRulesExample 2022-08-23T02:10:31Z logger.go:66:
TestTerraformManagedRulesExample 2022-08-23T02:10:31Z logger.go:66:   # module.security_group.aws_security_group_rule.managed_rules["ingress-ssh-tcp-from-pl-68a54001"] will be destroyed
TestTerraformManagedRulesExample 2022-08-23T02:10:31Z logger.go:66:   - resource "aws_security_group_rule" "managed_rules" {
TestTerraformManagedRulesExample 2022-08-23T02:10:31Z logger.go:66:       - description       = "ingress-ssh-tcp-from-pl-68a54001" -> null
TestTerraformManagedRulesExample 2022-08-23T02:10:31Z logger.go:66:       - from_port         = 22 -> null
TestTerraformManagedRulesExample 2022-08-23T02:10:31Z logger.go:66:       - id                = "sgrule-2610013878" -> null
TestTerraformManagedRulesExample 2022-08-23T02:10:31Z logger.go:66:       - prefix_list_ids   = [
TestTerraformManagedRulesExample 2022-08-23T02:10:31Z logger.go:66:           - "pl-68a54001",
TestTerraformManagedRulesExample 2022-08-23T02:10:31Z logger.go:66:         ] -> null
TestTerraformManagedRulesExample 2022-08-23T02:10:31Z logger.go:66:       - protocol          = "tcp" -> null
TestTerraformManagedRulesExample 2022-08-23T02:10:31Z logger.go:66:       - security_group_id = "sg-06d133a195cc0a45c" -> null
TestTerraformManagedRulesExample 2022-08-23T02:10:31Z logger.go:66:       - self              = false -> null
TestTerraformManagedRulesExample 2022-08-23T02:10:31Z logger.go:66:       - to_port           = 22 -> null
TestTerraformManagedRulesExample 2022-08-23T02:10:31Z logger.go:66:       - type              = "ingress" -> null
TestTerraformManagedRulesExample 2022-08-23T02:10:31Z logger.go:66:     }
TestTerraformManagedRulesExample 2022-08-23T02:10:31Z logger.go:66:
TestTerraformManagedRulesExample 2022-08-23T02:10:31Z logger.go:66: Plan: 0 to add, 0 to change, 11 to destroy.
TestTerraformManagedRulesExample 2022-08-23T02:10:31Z logger.go:66:
TestTerraformManagedRulesExample 2022-08-23T02:10:31Z logger.go:66: Changes to Outputs:
TestTerraformManagedRulesExample 2022-08-23T02:10:31Z logger.go:66:   - egress_rule_keys          = [] -> null
TestTerraformManagedRulesExample 2022-08-23T02:10:31Z logger.go:66:   - ingress_rule_keys         = [] -> null
TestTerraformManagedRulesExample 2022-08-23T02:10:31Z logger.go:66:   - managed_egress_rule_keys  = [
TestTerraformManagedRulesExample 2022-08-23T02:10:31Z logger.go:66:       - "egress-all-all-to-self",
TestTerraformManagedRulesExample 2022-08-23T02:10:31Z logger.go:66:       - "egress-all-icmp-to-sg-b551fece",
TestTerraformManagedRulesExample 2022-08-23T02:10:31Z logger.go:66:       - "egress-https-443-tcp-to-10.10.0.0/16,10.20.0.0/24",
TestTerraformManagedRulesExample 2022-08-23T02:10:31Z logger.go:66:       - "egress-postgresql-tcp-to-2001:db8::/64",
TestTerraformManagedRulesExample 2022-08-23T02:10:31Z logger.go:66:       - "egress-ssh-tcp-to-pl-68a54001",
TestTerraformManagedRulesExample 2022-08-23T02:10:31Z logger.go:66:     ] -> null
TestTerraformManagedRulesExample 2022-08-23T02:10:31Z logger.go:66:   - managed_ingress_rule_keys = [
TestTerraformManagedRulesExample 2022-08-23T02:10:31Z logger.go:66:       - "ingress-all-all-from-10.10.0.0/16,10.20.0.0/24",
TestTerraformManagedRulesExample 2022-08-23T02:10:31Z logger.go:66:       - "ingress-all-all-from-self",
TestTerraformManagedRulesExample 2022-08-23T02:10:31Z logger.go:66:       - "ingress-all-icmp-from-sg-b551fece",
TestTerraformManagedRulesExample 2022-08-23T02:10:31Z logger.go:66:       - "ingress-postgresql-tcp-from-2001:db8::/64",
TestTerraformManagedRulesExample 2022-08-23T02:10:31Z logger.go:66:       - "ingress-ssh-tcp-from-pl-68a54001",
TestTerraformManagedRulesExample 2022-08-23T02:10:31Z logger.go:66:     ] -> null
TestTerraformManagedRulesExample 2022-08-23T02:10:32Z logger.go:66: module.security_group.aws_security_group_rule.managed_rules["egress-all-all-to-self"]: Destroying... [id=sgrule-594568172]
TestTerraformManagedRulesExample 2022-08-23T02:10:32Z logger.go:66: module.security_group.aws_security_group_rule.managed_rules["ingress-postgresql-tcp-from-2001:db8::/64"]: Destroying... [id=sgrule-1339172369]
TestTerraformManagedRulesExample 2022-08-23T02:10:32Z logger.go:66: module.security_group.aws_security_group_rule.managed_rules["egress-postgresql-tcp-to-2001:db8::/64"]: Destroying... [id=sgrule-19433736]
TestTerraformManagedRulesExample 2022-08-23T02:10:32Z logger.go:66: module.security_group.aws_security_group_rule.managed_rules["egress-https-443-tcp-to-10.10.0.0/16,10.20.0.0/24"]: Destroying... [id=sgrule-163164593]
TestTerraformManagedRulesExample 2022-08-23T02:10:32Z logger.go:66: module.security_group.aws_security_group_rule.managed_rules["ingress-all-all-from-self"]: Destroying... [id=sgrule-2459967782]
TestTerraformManagedRulesExample 2022-08-23T02:10:32Z logger.go:66: module.security_group.aws_security_group_rule.managed_rules["egress-ssh-tcp-to-pl-68a54001"]: Destroying... [id=sgrule-1560553381]
TestTerraformManagedRulesExample 2022-08-23T02:10:32Z logger.go:66: module.security_group.aws_security_group_rule.managed_rules["ingress-all-all-from-10.10.0.0/16,10.20.0.0/24"]: Destroying... [id=sgrule-1049828219]
TestTerraformManagedRulesExample 2022-08-23T02:10:32Z logger.go:66: module.security_group.aws_security_group_rule.managed_rules["egress-all-icmp-to-sg-b551fece"]: Destroying... [id=sgrule-3984142953]
TestTerraformManagedRulesExample 2022-08-23T02:10:32Z logger.go:66: module.security_group.aws_security_group_rule.managed_rules["ingress-all-icmp-from-sg-b551fece"]: Destroying... [id=sgrule-825188672]
TestTerraformManagedRulesExample 2022-08-23T02:10:32Z logger.go:66: module.security_group.aws_security_group_rule.managed_rules["ingress-ssh-tcp-from-pl-68a54001"]: Destroying... [id=sgrule-2610013878]
TestTerraformManagedRulesExample 2022-08-23T02:10:33Z logger.go:66: module.security_group.aws_security_group_rule.managed_rules["egress-all-all-to-self"]: Destruction complete after 0s
TestTerraformManagedRulesExample 2022-08-23T02:10:33Z logger.go:66: module.security_group.aws_security_group_rule.managed_rules["ingress-postgresql-tcp-from-2001:db8::/64"]: Destruction complete after 1s
TestTerraformManagedRulesExample 2022-08-23T02:10:34Z logger.go:66: module.security_group.aws_security_group_rule.managed_rules["ingress-all-icmp-from-sg-b551fece"]: Destruction complete after 2s
TestTerraformManagedRulesExample 2022-08-23T02:10:35Z logger.go:66: module.security_group.aws_security_group_rule.managed_rules["egress-postgresql-tcp-to-2001:db8::/64"]: Destruction complete after 2s
TestTerraformManagedRulesExample 2022-08-23T02:10:35Z logger.go:66: module.security_group.aws_security_group_rule.managed_rules["ingress-all-all-from-self"]: Destruction complete after 3s
TestTerraformManagedRulesExample 2022-08-23T02:10:36Z logger.go:66: module.security_group.aws_security_group_rule.managed_rules["egress-https-443-tcp-to-10.10.0.0/16,10.20.0.0/24"]: Destruction complete after 3s
TestTerraformManagedRulesExample 2022-08-23T02:10:36Z logger.go:66: module.security_group.aws_security_group_rule.managed_rules["ingress-all-all-from-10.10.0.0/16,10.20.0.0/24"]: Destruction complete after 4s
TestTerraformManagedRulesExample 2022-08-23T02:10:37Z logger.go:66: module.security_group.aws_security_group_rule.managed_rules["egress-ssh-tcp-to-pl-68a54001"]: Destruction complete after 5s
TestTerraformManagedRulesExample 2022-08-23T02:10:38Z logger.go:66: module.security_group.aws_security_group_rule.managed_rules["ingress-ssh-tcp-from-pl-68a54001"]: Destruction complete after 5s
TestTerraformManagedRulesExample 2022-08-23T02:10:38Z logger.go:66: module.security_group.aws_security_group_rule.managed_rules["egress-all-icmp-to-sg-b551fece"]: Destruction complete after 6s
TestTerraformManagedRulesExample 2022-08-23T02:10:38Z logger.go:66: module.security_group.aws_security_group.self[0]: Destroying... [id=sg-06d133a195cc0a45c]
TestTerraformManagedRulesExample 2022-08-23T02:10:39Z logger.go:66: module.security_group.aws_security_group.self[0]: Destruction complete after 1s
TestTerraformManagedRulesExample 2022-08-23T02:10:39Z logger.go:66:
TestTerraformManagedRulesExample 2022-08-23T02:10:39Z logger.go:66: Destroy complete! Resources: 11 destroyed.
--- PASS: TestTerraformManagedRulesExample (32.16s)
PASS
ok  	command-line-arguments	32.175s
