=== RUN   TestTerraformCompleteExample
TestTerraformCompleteExample 2022-08-26T05:05:39Z retry.go:91: terraform [init -upgrade=false]
TestTerraformCompleteExample 2022-08-26T05:05:39Z logger.go:66: Running command terraform with args [init -upgrade=false]
TestTerraformCompleteExample 2022-08-26T05:05:39Z logger.go:66: [0m[1mInitializing modules...[0m
TestTerraformCompleteExample 2022-08-26T05:05:39Z logger.go:66:
TestTerraformCompleteExample 2022-08-26T05:05:39Z logger.go:66: [0m[1mInitializing the backend...[0m
TestTerraformCompleteExample 2022-08-26T05:05:40Z logger.go:66:
TestTerraformCompleteExample 2022-08-26T05:05:40Z logger.go:66: [0m[1mInitializing provider plugins...[0m
TestTerraformCompleteExample 2022-08-26T05:05:40Z logger.go:66: - Reusing previous version of hashicorp/aws from the dependency lock file
TestTerraformCompleteExample 2022-08-26T05:05:41Z logger.go:66: - Using previously-installed hashicorp/aws v4.27.0
TestTerraformCompleteExample 2022-08-26T05:05:41Z logger.go:66:
TestTerraformCompleteExample 2022-08-26T05:05:41Z logger.go:66: [0m[1m[32mTerraform has been successfully initialized![0m[32m[0m
TestTerraformCompleteExample 2022-08-26T05:05:41Z logger.go:66: [0m[32m
TestTerraformCompleteExample 2022-08-26T05:05:41Z logger.go:66: You may now begin working with Terraform. Try running "terraform plan" to see
TestTerraformCompleteExample 2022-08-26T05:05:41Z logger.go:66: any changes that are required for your infrastructure. All Terraform commands
TestTerraformCompleteExample 2022-08-26T05:05:41Z logger.go:66: should now work.
TestTerraformCompleteExample 2022-08-26T05:05:41Z logger.go:66:
TestTerraformCompleteExample 2022-08-26T05:05:41Z logger.go:66: If you ever set or change modules or backend configuration for Terraform,
TestTerraformCompleteExample 2022-08-26T05:05:41Z logger.go:66: rerun this command to reinitialize your working directory. If you forget, other
TestTerraformCompleteExample 2022-08-26T05:05:41Z logger.go:66: commands will detect it and remind you to do so if necessary.[0m
TestTerraformCompleteExample 2022-08-26T05:05:41Z retry.go:91: terraform [apply -input=false -auto-approve -no-color -lock=false]
TestTerraformCompleteExample 2022-08-26T05:05:41Z logger.go:66: Running command terraform with args [apply -input=false -auto-approve -no-color -lock=false]
TestTerraformCompleteExample 2022-08-26T05:05:44Z logger.go:66: data.aws_vpc.default: Reading...
TestTerraformCompleteExample 2022-08-26T05:05:44Z logger.go:66: data.aws_prefix_list.private_s3: Reading...
TestTerraformCompleteExample 2022-08-26T05:05:44Z logger.go:66: data.aws_prefix_list.private_s3: Read complete after 0s [id=pl-1111111111]
TestTerraformCompleteExample 2022-08-26T05:05:45Z logger.go:66: data.aws_vpc.default: Read complete after 0s [id=vpc-11111111]
TestTerraformCompleteExample 2022-08-26T05:05:45Z logger.go:66: data.aws_security_group.default: Reading...
TestTerraformCompleteExample 2022-08-26T05:05:45Z logger.go:66: data.aws_security_group.default: Read complete after 1s [id=sg-1111111111111111]
TestTerraformCompleteExample 2022-08-26T05:05:45Z logger.go:66:
TestTerraformCompleteExample 2022-08-26T05:05:45Z logger.go:66: Terraform used the selected providers to generate the following execution
TestTerraformCompleteExample 2022-08-26T05:05:45Z logger.go:66: plan. Resource actions are indicated with the following symbols:
TestTerraformCompleteExample 2022-08-26T05:05:45Z logger.go:66:   + create
TestTerraformCompleteExample 2022-08-26T05:05:45Z logger.go:66:
TestTerraformCompleteExample 2022-08-26T05:05:45Z logger.go:66: Terraform will perform the following actions:
TestTerraformCompleteExample 2022-08-26T05:05:45Z logger.go:66:
TestTerraformCompleteExample 2022-08-26T05:05:45Z logger.go:66:   # aws_ec2_managed_prefix_list.other will be created
TestTerraformCompleteExample 2022-08-26T05:05:45Z logger.go:66:   + resource "aws_ec2_managed_prefix_list" "other" {
TestTerraformCompleteExample 2022-08-26T05:05:45Z logger.go:66:       + address_family = "IPv4"
TestTerraformCompleteExample 2022-08-26T05:05:45Z logger.go:66:       + arn            = (known after apply)
TestTerraformCompleteExample 2022-08-26T05:05:45Z logger.go:66:       + id             = (known after apply)
TestTerraformCompleteExample 2022-08-26T05:05:45Z logger.go:66:       + max_entries    = 5
TestTerraformCompleteExample 2022-08-26T05:05:45Z logger.go:66:       + name           = "ex-complete-other"
TestTerraformCompleteExample 2022-08-26T05:05:45Z logger.go:66:       + owner_id       = (known after apply)
TestTerraformCompleteExample 2022-08-26T05:05:45Z logger.go:66:       + tags_all       = {
TestTerraformCompleteExample 2022-08-26T05:05:45Z logger.go:66:           + "Example"    = "ex-complete"
TestTerraformCompleteExample 2022-08-26T05:05:45Z logger.go:66:           + "GithubOrg"  = "aidanmelen"
TestTerraformCompleteExample 2022-08-26T05:05:45Z logger.go:66:           + "GithubRepo" = "terraform-aws-security-group"
TestTerraformCompleteExample 2022-08-26T05:05:45Z logger.go:66:         }
TestTerraformCompleteExample 2022-08-26T05:05:45Z logger.go:66:       + version        = (known after apply)
TestTerraformCompleteExample 2022-08-26T05:05:45Z logger.go:66:
TestTerraformCompleteExample 2022-08-26T05:05:45Z logger.go:66:       + entry {
TestTerraformCompleteExample 2022-08-26T05:05:45Z logger.go:66:           + cidr        = "172.31.0.0/16"
TestTerraformCompleteExample 2022-08-26T05:05:45Z logger.go:66:           + description = "Primary"
TestTerraformCompleteExample 2022-08-26T05:05:45Z logger.go:66:         }
TestTerraformCompleteExample 2022-08-26T05:05:45Z logger.go:66:     }
TestTerraformCompleteExample 2022-08-26T05:05:45Z logger.go:66:
TestTerraformCompleteExample 2022-08-26T05:05:45Z logger.go:66:   # aws_security_group.other will be created
TestTerraformCompleteExample 2022-08-26T05:05:45Z logger.go:66:   + resource "aws_security_group" "other" {
TestTerraformCompleteExample 2022-08-26T05:05:45Z logger.go:66:       + arn                    = (known after apply)
TestTerraformCompleteExample 2022-08-26T05:05:45Z logger.go:66:       + description            = "ex-complete-other"
TestTerraformCompleteExample 2022-08-26T05:05:45Z logger.go:66:       + egress                 = (known after apply)
TestTerraformCompleteExample 2022-08-26T05:05:45Z logger.go:66:       + id                     = (known after apply)
TestTerraformCompleteExample 2022-08-26T05:05:45Z logger.go:66:       + ingress                = (known after apply)
TestTerraformCompleteExample 2022-08-26T05:05:45Z logger.go:66:       + name                   = "ex-complete-other"
TestTerraformCompleteExample 2022-08-26T05:05:45Z logger.go:66:       + name_prefix            = (known after apply)
TestTerraformCompleteExample 2022-08-26T05:05:45Z logger.go:66:       + owner_id               = (known after apply)
TestTerraformCompleteExample 2022-08-26T05:05:45Z logger.go:66:       + revoke_rules_on_delete = false
TestTerraformCompleteExample 2022-08-26T05:05:45Z logger.go:66:       + tags                   = {
TestTerraformCompleteExample 2022-08-26T05:05:45Z logger.go:66:           + "Name" = "ex-complete-other"
TestTerraformCompleteExample 2022-08-26T05:05:45Z logger.go:66:         }
TestTerraformCompleteExample 2022-08-26T05:05:45Z logger.go:66:       + tags_all               = {
TestTerraformCompleteExample 2022-08-26T05:05:45Z logger.go:66:           + "Example"    = "ex-complete"
TestTerraformCompleteExample 2022-08-26T05:05:45Z logger.go:66:           + "GithubOrg"  = "aidanmelen"
TestTerraformCompleteExample 2022-08-26T05:05:45Z logger.go:66:           + "GithubRepo" = "terraform-aws-security-group"
TestTerraformCompleteExample 2022-08-26T05:05:45Z logger.go:66:           + "Name"       = "ex-complete-other"
TestTerraformCompleteExample 2022-08-26T05:05:45Z logger.go:66:         }
TestTerraformCompleteExample 2022-08-26T05:05:45Z logger.go:66:       + vpc_id                 = "vpc-11111111"
TestTerraformCompleteExample 2022-08-26T05:05:45Z logger.go:66:     }
TestTerraformCompleteExample 2022-08-26T05:05:45Z logger.go:66:
TestTerraformCompleteExample 2022-08-26T05:05:45Z logger.go:66:   # module.security_group.aws_security_group.self[0] will be created
TestTerraformCompleteExample 2022-08-26T05:05:45Z logger.go:66:   + resource "aws_security_group" "self" {
TestTerraformCompleteExample 2022-08-26T05:05:45Z logger.go:66:       + arn                    = (known after apply)
TestTerraformCompleteExample 2022-08-26T05:05:45Z logger.go:66:       + description            = "ex-complete"
TestTerraformCompleteExample 2022-08-26T05:05:45Z logger.go:66:       + egress                 = (known after apply)
TestTerraformCompleteExample 2022-08-26T05:05:45Z logger.go:66:       + id                     = (known after apply)
TestTerraformCompleteExample 2022-08-26T05:05:45Z logger.go:66:       + ingress                = (known after apply)
TestTerraformCompleteExample 2022-08-26T05:05:45Z logger.go:66:       + name                   = "ex-complete"
TestTerraformCompleteExample 2022-08-26T05:05:45Z logger.go:66:       + name_prefix            = (known after apply)
TestTerraformCompleteExample 2022-08-26T05:05:45Z logger.go:66:       + owner_id               = (known after apply)
TestTerraformCompleteExample 2022-08-26T05:05:45Z logger.go:66:       + revoke_rules_on_delete = false
TestTerraformCompleteExample 2022-08-26T05:05:45Z logger.go:66:       + tags                   = {
TestTerraformCompleteExample 2022-08-26T05:05:45Z logger.go:66:           + "Name" = "ex-complete"
TestTerraformCompleteExample 2022-08-26T05:05:45Z logger.go:66:         }
TestTerraformCompleteExample 2022-08-26T05:05:45Z logger.go:66:       + tags_all               = {
TestTerraformCompleteExample 2022-08-26T05:05:45Z logger.go:66:           + "Example"    = "ex-complete"
TestTerraformCompleteExample 2022-08-26T05:05:45Z logger.go:66:           + "GithubOrg"  = "aidanmelen"
TestTerraformCompleteExample 2022-08-26T05:05:45Z logger.go:66:           + "GithubRepo" = "terraform-aws-security-group"
TestTerraformCompleteExample 2022-08-26T05:05:45Z logger.go:66:           + "Name"       = "ex-complete"
TestTerraformCompleteExample 2022-08-26T05:05:45Z logger.go:66:         }
TestTerraformCompleteExample 2022-08-26T05:05:45Z logger.go:66:       + vpc_id                 = "vpc-11111111"
TestTerraformCompleteExample 2022-08-26T05:05:45Z logger.go:66:
TestTerraformCompleteExample 2022-08-26T05:05:45Z logger.go:66:       + timeouts {
TestTerraformCompleteExample 2022-08-26T05:05:45Z logger.go:66:           + create = "10m"
TestTerraformCompleteExample 2022-08-26T05:05:45Z logger.go:66:           + delete = "15m"
TestTerraformCompleteExample 2022-08-26T05:05:45Z logger.go:66:         }
TestTerraformCompleteExample 2022-08-26T05:05:45Z logger.go:66:     }
TestTerraformCompleteExample 2022-08-26T05:05:45Z logger.go:66:
TestTerraformCompleteExample 2022-08-26T05:05:45Z logger.go:66:   # module.security_group.aws_security_group_rule.computed_egress_rules[0] will be created
TestTerraformCompleteExample 2022-08-26T05:05:45Z logger.go:66:   + resource "aws_security_group_rule" "computed_egress_rules" {
TestTerraformCompleteExample 2022-08-26T05:05:45Z logger.go:66:       + from_port                = 80
TestTerraformCompleteExample 2022-08-26T05:05:45Z logger.go:66:       + id                       = (known after apply)
TestTerraformCompleteExample 2022-08-26T05:05:45Z logger.go:66:       + prefix_list_ids          = (known after apply)
TestTerraformCompleteExample 2022-08-26T05:05:45Z logger.go:66:       + protocol                 = "tcp"
TestTerraformCompleteExample 2022-08-26T05:05:45Z logger.go:66:       + security_group_id        = (known after apply)
TestTerraformCompleteExample 2022-08-26T05:05:45Z logger.go:66:       + self                     = false
TestTerraformCompleteExample 2022-08-26T05:05:45Z logger.go:66:       + source_security_group_id = (known after apply)
TestTerraformCompleteExample 2022-08-26T05:05:45Z logger.go:66:       + to_port                  = 80
TestTerraformCompleteExample 2022-08-26T05:05:45Z logger.go:66:       + type                     = "egress"
TestTerraformCompleteExample 2022-08-26T05:05:45Z logger.go:66:     }
TestTerraformCompleteExample 2022-08-26T05:05:45Z logger.go:66:
TestTerraformCompleteExample 2022-08-26T05:05:45Z logger.go:66:   # module.security_group.aws_security_group_rule.computed_ingress_rules[0] will be created
TestTerraformCompleteExample 2022-08-26T05:05:45Z logger.go:66:   + resource "aws_security_group_rule" "computed_ingress_rules" {
TestTerraformCompleteExample 2022-08-26T05:05:45Z logger.go:66:       + from_port                = 80
TestTerraformCompleteExample 2022-08-26T05:05:45Z logger.go:66:       + id                       = (known after apply)
TestTerraformCompleteExample 2022-08-26T05:05:45Z logger.go:66:       + protocol                 = "tcp"
TestTerraformCompleteExample 2022-08-26T05:05:45Z logger.go:66:       + security_group_id        = (known after apply)
TestTerraformCompleteExample 2022-08-26T05:05:45Z logger.go:66:       + self                     = false
TestTerraformCompleteExample 2022-08-26T05:05:45Z logger.go:66:       + source_security_group_id = (known after apply)
TestTerraformCompleteExample 2022-08-26T05:05:45Z logger.go:66:       + to_port                  = 80
TestTerraformCompleteExample 2022-08-26T05:05:45Z logger.go:66:       + type                     = "ingress"
TestTerraformCompleteExample 2022-08-26T05:05:45Z logger.go:66:     }
TestTerraformCompleteExample 2022-08-26T05:05:45Z logger.go:66:
TestTerraformCompleteExample 2022-08-26T05:05:45Z logger.go:66:   # module.security_group.aws_security_group_rule.computed_managed_egress_rules[0] will be created
TestTerraformCompleteExample 2022-08-26T05:05:45Z logger.go:66:   + resource "aws_security_group_rule" "computed_managed_egress_rules" {
TestTerraformCompleteExample 2022-08-26T05:05:45Z logger.go:66:       + description              = "https-443-tcp"
TestTerraformCompleteExample 2022-08-26T05:05:45Z logger.go:66:       + from_port                = 443
TestTerraformCompleteExample 2022-08-26T05:05:45Z logger.go:66:       + id                       = (known after apply)
TestTerraformCompleteExample 2022-08-26T05:05:45Z logger.go:66:       + prefix_list_ids          = (known after apply)
TestTerraformCompleteExample 2022-08-26T05:05:45Z logger.go:66:       + protocol                 = "tcp"
TestTerraformCompleteExample 2022-08-26T05:05:45Z logger.go:66:       + security_group_id        = (known after apply)
TestTerraformCompleteExample 2022-08-26T05:05:45Z logger.go:66:       + self                     = false
TestTerraformCompleteExample 2022-08-26T05:05:45Z logger.go:66:       + source_security_group_id = (known after apply)
TestTerraformCompleteExample 2022-08-26T05:05:45Z logger.go:66:       + to_port                  = 443
TestTerraformCompleteExample 2022-08-26T05:05:45Z logger.go:66:       + type                     = "egress"
TestTerraformCompleteExample 2022-08-26T05:05:45Z logger.go:66:     }
TestTerraformCompleteExample 2022-08-26T05:05:45Z logger.go:66:
TestTerraformCompleteExample 2022-08-26T05:05:45Z logger.go:66:   # module.security_group.aws_security_group_rule.computed_managed_ingress_rules[0] will be created
TestTerraformCompleteExample 2022-08-26T05:05:45Z logger.go:66:   + resource "aws_security_group_rule" "computed_managed_ingress_rules" {
TestTerraformCompleteExample 2022-08-26T05:05:45Z logger.go:66:       + description              = "https-443-tcp"
TestTerraformCompleteExample 2022-08-26T05:05:45Z logger.go:66:       + from_port                = 443
TestTerraformCompleteExample 2022-08-26T05:05:45Z logger.go:66:       + id                       = (known after apply)
TestTerraformCompleteExample 2022-08-26T05:05:45Z logger.go:66:       + protocol                 = "tcp"
TestTerraformCompleteExample 2022-08-26T05:05:45Z logger.go:66:       + security_group_id        = (known after apply)
TestTerraformCompleteExample 2022-08-26T05:05:45Z logger.go:66:       + self                     = false
TestTerraformCompleteExample 2022-08-26T05:05:45Z logger.go:66:       + source_security_group_id = (known after apply)
TestTerraformCompleteExample 2022-08-26T05:05:45Z logger.go:66:       + to_port                  = 443
TestTerraformCompleteExample 2022-08-26T05:05:45Z logger.go:66:       + type                     = "ingress"
TestTerraformCompleteExample 2022-08-26T05:05:45Z logger.go:66:     }
TestTerraformCompleteExample 2022-08-26T05:05:45Z logger.go:66:
TestTerraformCompleteExample 2022-08-26T05:05:45Z logger.go:66:   # module.security_group.aws_security_group_rule.egress_all_to_public_rules["egress-all-all-to-public"] will be created
TestTerraformCompleteExample 2022-08-26T05:05:45Z logger.go:66:   + resource "aws_security_group_rule" "egress_all_to_public_rules" {
TestTerraformCompleteExample 2022-08-26T05:05:45Z logger.go:66:       + cidr_blocks              = [
TestTerraformCompleteExample 2022-08-26T05:05:45Z logger.go:66:           + "0.0.0.0/0",
TestTerraformCompleteExample 2022-08-26T05:05:45Z logger.go:66:         ]
TestTerraformCompleteExample 2022-08-26T05:05:45Z logger.go:66:       + description              = "Opening up ports to connect out to the public internet is generally to be avoided. Please see [no-public-egress-sgr](https://aquasecurity.github.io/tfsec/v0.61.3/checks/aws/vpc/no-public-egress-sgr/) for more information"
TestTerraformCompleteExample 2022-08-26T05:05:45Z logger.go:66:       + from_port                = 0
TestTerraformCompleteExample 2022-08-26T05:05:45Z logger.go:66:       + id                       = (known after apply)
TestTerraformCompleteExample 2022-08-26T05:05:45Z logger.go:66:       + ipv6_cidr_blocks         = [
TestTerraformCompleteExample 2022-08-26T05:05:45Z logger.go:66:           + "::/0",
TestTerraformCompleteExample 2022-08-26T05:05:45Z logger.go:66:         ]
TestTerraformCompleteExample 2022-08-26T05:05:45Z logger.go:66:       + protocol                 = "-1"
TestTerraformCompleteExample 2022-08-26T05:05:45Z logger.go:66:       + security_group_id        = (known after apply)
TestTerraformCompleteExample 2022-08-26T05:05:45Z logger.go:66:       + self                     = false
TestTerraformCompleteExample 2022-08-26T05:05:45Z logger.go:66:       + source_security_group_id = (known after apply)
TestTerraformCompleteExample 2022-08-26T05:05:45Z logger.go:66:       + to_port                  = 0
TestTerraformCompleteExample 2022-08-26T05:05:45Z logger.go:66:       + type                     = "egress"
TestTerraformCompleteExample 2022-08-26T05:05:45Z logger.go:66:     }
TestTerraformCompleteExample 2022-08-26T05:05:45Z logger.go:66:
TestTerraformCompleteExample 2022-08-26T05:05:45Z logger.go:66:   # module.security_group.aws_security_group_rule.managed_rules["egress-https-443-tcp-to-10.10.0.0/16,10.20.0.0/24"] will be created
TestTerraformCompleteExample 2022-08-26T05:05:45Z logger.go:66:   + resource "aws_security_group_rule" "managed_rules" {
TestTerraformCompleteExample 2022-08-26T05:05:45Z logger.go:66:       + cidr_blocks              = [
TestTerraformCompleteExample 2022-08-26T05:05:45Z logger.go:66:           + "10.10.0.0/16",
TestTerraformCompleteExample 2022-08-26T05:05:45Z logger.go:66:           + "10.20.0.0/24",
TestTerraformCompleteExample 2022-08-26T05:05:45Z logger.go:66:         ]
TestTerraformCompleteExample 2022-08-26T05:05:45Z logger.go:66:       + description              = "egress-https-443-tcp-to-10.10.0.0/16,10.20.0.0/24"
TestTerraformCompleteExample 2022-08-26T05:05:45Z logger.go:66:       + from_port                = 443
TestTerraformCompleteExample 2022-08-26T05:05:45Z logger.go:66:       + id                       = (known after apply)
TestTerraformCompleteExample 2022-08-26T05:05:45Z logger.go:66:       + protocol                 = "tcp"
TestTerraformCompleteExample 2022-08-26T05:05:45Z logger.go:66:       + security_group_id        = (known after apply)
TestTerraformCompleteExample 2022-08-26T05:05:45Z logger.go:66:       + self                     = false
TestTerraformCompleteExample 2022-08-26T05:05:45Z logger.go:66:       + source_security_group_id = (known after apply)
TestTerraformCompleteExample 2022-08-26T05:05:45Z logger.go:66:       + to_port                  = 443
TestTerraformCompleteExample 2022-08-26T05:05:45Z logger.go:66:       + type                     = "egress"
TestTerraformCompleteExample 2022-08-26T05:05:45Z logger.go:66:     }
TestTerraformCompleteExample 2022-08-26T05:05:45Z logger.go:66:
TestTerraformCompleteExample 2022-08-26T05:05:45Z logger.go:66:   # module.security_group.aws_security_group_rule.managed_rules["egress-postgresql-tcp-to-2001:db8::/64"] will be created
TestTerraformCompleteExample 2022-08-26T05:05:45Z logger.go:66:   + resource "aws_security_group_rule" "managed_rules" {
TestTerraformCompleteExample 2022-08-26T05:05:45Z logger.go:66:       + description              = "egress-postgresql-tcp-to-2001:db8::/64"
TestTerraformCompleteExample 2022-08-26T05:05:45Z logger.go:66:       + from_port                = 5432
TestTerraformCompleteExample 2022-08-26T05:05:45Z logger.go:66:       + id                       = (known after apply)
TestTerraformCompleteExample 2022-08-26T05:05:45Z logger.go:66:       + ipv6_cidr_blocks         = [
TestTerraformCompleteExample 2022-08-26T05:05:45Z logger.go:66:           + "2001:db8::/64",
TestTerraformCompleteExample 2022-08-26T05:05:45Z logger.go:66:         ]
TestTerraformCompleteExample 2022-08-26T05:05:45Z logger.go:66:       + protocol                 = "tcp"
TestTerraformCompleteExample 2022-08-26T05:05:45Z logger.go:66:       + security_group_id        = (known after apply)
TestTerraformCompleteExample 2022-08-26T05:05:45Z logger.go:66:       + self                     = false
TestTerraformCompleteExample 2022-08-26T05:05:45Z logger.go:66:       + source_security_group_id = (known after apply)
TestTerraformCompleteExample 2022-08-26T05:05:45Z logger.go:66:       + to_port                  = 5432
TestTerraformCompleteExample 2022-08-26T05:05:45Z logger.go:66:       + type                     = "egress"
TestTerraformCompleteExample 2022-08-26T05:05:45Z logger.go:66:     }
TestTerraformCompleteExample 2022-08-26T05:05:45Z logger.go:66:
TestTerraformCompleteExample 2022-08-26T05:05:45Z logger.go:66:   # module.security_group.aws_security_group_rule.managed_rules["egress-ssh-tcp-to-pl-1111111111"] will be created
TestTerraformCompleteExample 2022-08-26T05:05:45Z logger.go:66:   + resource "aws_security_group_rule" "managed_rules" {
TestTerraformCompleteExample 2022-08-26T05:05:45Z logger.go:66:       + description              = "egress-ssh-tcp-to-pl-1111111111"
TestTerraformCompleteExample 2022-08-26T05:05:45Z logger.go:66:       + from_port                = 22
TestTerraformCompleteExample 2022-08-26T05:05:45Z logger.go:66:       + id                       = (known after apply)
TestTerraformCompleteExample 2022-08-26T05:05:45Z logger.go:66:       + prefix_list_ids          = [
TestTerraformCompleteExample 2022-08-26T05:05:45Z logger.go:66:           + "pl-1111111111",
TestTerraformCompleteExample 2022-08-26T05:05:45Z logger.go:66:         ]
TestTerraformCompleteExample 2022-08-26T05:05:45Z logger.go:66:       + protocol                 = "tcp"
TestTerraformCompleteExample 2022-08-26T05:05:45Z logger.go:66:       + security_group_id        = (known after apply)
TestTerraformCompleteExample 2022-08-26T05:05:45Z logger.go:66:       + self                     = false
TestTerraformCompleteExample 2022-08-26T05:05:45Z logger.go:66:       + source_security_group_id = (known after apply)
TestTerraformCompleteExample 2022-08-26T05:05:45Z logger.go:66:       + to_port                  = 22
TestTerraformCompleteExample 2022-08-26T05:05:45Z logger.go:66:       + type                     = "egress"
TestTerraformCompleteExample 2022-08-26T05:05:45Z logger.go:66:     }
TestTerraformCompleteExample 2022-08-26T05:05:45Z logger.go:66:
TestTerraformCompleteExample 2022-08-26T05:05:45Z logger.go:66:   # module.security_group.aws_security_group_rule.managed_rules["ingress-all-all-from-10.10.0.0/16,10.20.0.0/24"] will be created
TestTerraformCompleteExample 2022-08-26T05:05:45Z logger.go:66:   + resource "aws_security_group_rule" "managed_rules" {
TestTerraformCompleteExample 2022-08-26T05:05:45Z logger.go:66:       + cidr_blocks              = [
TestTerraformCompleteExample 2022-08-26T05:05:45Z logger.go:66:           + "10.10.0.0/16",
TestTerraformCompleteExample 2022-08-26T05:05:45Z logger.go:66:           + "10.20.0.0/24",
TestTerraformCompleteExample 2022-08-26T05:05:45Z logger.go:66:         ]
TestTerraformCompleteExample 2022-08-26T05:05:45Z logger.go:66:       + description              = "ingress-all-all-from-10.10.0.0/16,10.20.0.0/24"
TestTerraformCompleteExample 2022-08-26T05:05:45Z logger.go:66:       + from_port                = 0
TestTerraformCompleteExample 2022-08-26T05:05:45Z logger.go:66:       + id                       = (known after apply)
TestTerraformCompleteExample 2022-08-26T05:05:45Z logger.go:66:       + protocol                 = "-1"
TestTerraformCompleteExample 2022-08-26T05:05:45Z logger.go:66:       + security_group_id        = (known after apply)
TestTerraformCompleteExample 2022-08-26T05:05:45Z logger.go:66:       + self                     = false
TestTerraformCompleteExample 2022-08-26T05:05:45Z logger.go:66:       + source_security_group_id = (known after apply)
TestTerraformCompleteExample 2022-08-26T05:05:45Z logger.go:66:       + to_port                  = 0
TestTerraformCompleteExample 2022-08-26T05:05:45Z logger.go:66:       + type                     = "ingress"
TestTerraformCompleteExample 2022-08-26T05:05:45Z logger.go:66:     }
TestTerraformCompleteExample 2022-08-26T05:05:45Z logger.go:66:
TestTerraformCompleteExample 2022-08-26T05:05:45Z logger.go:66:   # module.security_group.aws_security_group_rule.managed_rules["ingress-postgresql-tcp-from-2001:db8::/64"] will be created
TestTerraformCompleteExample 2022-08-26T05:05:45Z logger.go:66:   + resource "aws_security_group_rule" "managed_rules" {
TestTerraformCompleteExample 2022-08-26T05:05:45Z logger.go:66:       + description              = "ingress-postgresql-tcp-from-2001:db8::/64"
TestTerraformCompleteExample 2022-08-26T05:05:45Z logger.go:66:       + from_port                = 5432
TestTerraformCompleteExample 2022-08-26T05:05:45Z logger.go:66:       + id                       = (known after apply)
TestTerraformCompleteExample 2022-08-26T05:05:45Z logger.go:66:       + ipv6_cidr_blocks         = [
TestTerraformCompleteExample 2022-08-26T05:05:45Z logger.go:66:           + "2001:db8::/64",
TestTerraformCompleteExample 2022-08-26T05:05:45Z logger.go:66:         ]
TestTerraformCompleteExample 2022-08-26T05:05:45Z logger.go:66:       + protocol                 = "tcp"
TestTerraformCompleteExample 2022-08-26T05:05:45Z logger.go:66:       + security_group_id        = (known after apply)
TestTerraformCompleteExample 2022-08-26T05:05:45Z logger.go:66:       + self                     = false
TestTerraformCompleteExample 2022-08-26T05:05:45Z logger.go:66:       + source_security_group_id = (known after apply)
TestTerraformCompleteExample 2022-08-26T05:05:45Z logger.go:66:       + to_port                  = 5432
TestTerraformCompleteExample 2022-08-26T05:05:45Z logger.go:66:       + type                     = "ingress"
TestTerraformCompleteExample 2022-08-26T05:05:45Z logger.go:66:     }
TestTerraformCompleteExample 2022-08-26T05:05:45Z logger.go:66:
TestTerraformCompleteExample 2022-08-26T05:05:45Z logger.go:66:   # module.security_group.aws_security_group_rule.managed_rules["ingress-ssh-tcp-from-pl-1111111111"] will be created
TestTerraformCompleteExample 2022-08-26T05:05:45Z logger.go:66:   + resource "aws_security_group_rule" "managed_rules" {
TestTerraformCompleteExample 2022-08-26T05:05:45Z logger.go:66:       + description              = "ingress-ssh-tcp-from-pl-1111111111"
TestTerraformCompleteExample 2022-08-26T05:05:45Z logger.go:66:       + from_port                = 22
TestTerraformCompleteExample 2022-08-26T05:05:45Z logger.go:66:       + id                       = (known after apply)
TestTerraformCompleteExample 2022-08-26T05:05:45Z logger.go:66:       + prefix_list_ids          = [
TestTerraformCompleteExample 2022-08-26T05:05:45Z logger.go:66:           + "pl-1111111111",
TestTerraformCompleteExample 2022-08-26T05:05:45Z logger.go:66:         ]
TestTerraformCompleteExample 2022-08-26T05:05:45Z logger.go:66:       + protocol                 = "tcp"
TestTerraformCompleteExample 2022-08-26T05:05:45Z logger.go:66:       + security_group_id        = (known after apply)
TestTerraformCompleteExample 2022-08-26T05:05:45Z logger.go:66:       + self                     = false
TestTerraformCompleteExample 2022-08-26T05:05:45Z logger.go:66:       + source_security_group_id = (known after apply)
TestTerraformCompleteExample 2022-08-26T05:05:45Z logger.go:66:       + to_port                  = 22
TestTerraformCompleteExample 2022-08-26T05:05:45Z logger.go:66:       + type                     = "ingress"
TestTerraformCompleteExample 2022-08-26T05:05:45Z logger.go:66:     }
TestTerraformCompleteExample 2022-08-26T05:05:45Z logger.go:66:
TestTerraformCompleteExample 2022-08-26T05:05:45Z logger.go:66:   # module.security_group.aws_security_group_rule.rules["egress-all-all-all-to-self"] will be created
TestTerraformCompleteExample 2022-08-26T05:05:45Z logger.go:66:   + resource "aws_security_group_rule" "rules" {
TestTerraformCompleteExample 2022-08-26T05:05:45Z logger.go:66:       + description              = "egress-all-all-all-to-self"
TestTerraformCompleteExample 2022-08-26T05:05:45Z logger.go:66:       + from_port                = -1
TestTerraformCompleteExample 2022-08-26T05:05:45Z logger.go:66:       + id                       = (known after apply)
TestTerraformCompleteExample 2022-08-26T05:05:45Z logger.go:66:       + protocol                 = "-1"
TestTerraformCompleteExample 2022-08-26T05:05:45Z logger.go:66:       + security_group_id        = (known after apply)
TestTerraformCompleteExample 2022-08-26T05:05:45Z logger.go:66:       + self                     = true
TestTerraformCompleteExample 2022-08-26T05:05:45Z logger.go:66:       + source_security_group_id = (known after apply)
TestTerraformCompleteExample 2022-08-26T05:05:45Z logger.go:66:       + to_port                  = -1
TestTerraformCompleteExample 2022-08-26T05:05:45Z logger.go:66:       + type                     = "egress"
TestTerraformCompleteExample 2022-08-26T05:05:45Z logger.go:66:     }
TestTerraformCompleteExample 2022-08-26T05:05:45Z logger.go:66:
TestTerraformCompleteExample 2022-08-26T05:05:45Z logger.go:66:   # module.security_group.aws_security_group_rule.rules["egress-all-all-icmp-to-sg-1111111111111111"] will be created
TestTerraformCompleteExample 2022-08-26T05:05:45Z logger.go:66:   + resource "aws_security_group_rule" "rules" {
TestTerraformCompleteExample 2022-08-26T05:05:45Z logger.go:66:       + description              = "egress-all-all-icmp-to-sg-1111111111111111"
TestTerraformCompleteExample 2022-08-26T05:05:45Z logger.go:66:       + from_port                = -1
TestTerraformCompleteExample 2022-08-26T05:05:45Z logger.go:66:       + id                       = (known after apply)
TestTerraformCompleteExample 2022-08-26T05:05:45Z logger.go:66:       + protocol                 = "icmp"
TestTerraformCompleteExample 2022-08-26T05:05:45Z logger.go:66:       + security_group_id        = (known after apply)
TestTerraformCompleteExample 2022-08-26T05:05:45Z logger.go:66:       + self                     = false
TestTerraformCompleteExample 2022-08-26T05:05:45Z logger.go:66:       + source_security_group_id = "sg-1111111111111111"
TestTerraformCompleteExample 2022-08-26T05:05:45Z logger.go:66:       + to_port                  = -1
TestTerraformCompleteExample 2022-08-26T05:05:45Z logger.go:66:       + type                     = "egress"
TestTerraformCompleteExample 2022-08-26T05:05:45Z logger.go:66:     }
TestTerraformCompleteExample 2022-08-26T05:05:45Z logger.go:66:
TestTerraformCompleteExample 2022-08-26T05:05:45Z logger.go:66:   # module.security_group.aws_security_group_rule.rules["ingress-all-all-all-from-self"] will be created
TestTerraformCompleteExample 2022-08-26T05:05:45Z logger.go:66:   + resource "aws_security_group_rule" "rules" {
TestTerraformCompleteExample 2022-08-26T05:05:45Z logger.go:66:       + description              = "ingress-all-all-all-from-self"
TestTerraformCompleteExample 2022-08-26T05:05:45Z logger.go:66:       + from_port                = -1
TestTerraformCompleteExample 2022-08-26T05:05:45Z logger.go:66:       + id                       = (known after apply)
TestTerraformCompleteExample 2022-08-26T05:05:45Z logger.go:66:       + protocol                 = "-1"
TestTerraformCompleteExample 2022-08-26T05:05:45Z logger.go:66:       + security_group_id        = (known after apply)
TestTerraformCompleteExample 2022-08-26T05:05:45Z logger.go:66:       + self                     = true
TestTerraformCompleteExample 2022-08-26T05:05:45Z logger.go:66:       + source_security_group_id = (known after apply)
TestTerraformCompleteExample 2022-08-26T05:05:45Z logger.go:66:       + to_port                  = -1
TestTerraformCompleteExample 2022-08-26T05:05:45Z logger.go:66:       + type                     = "ingress"
TestTerraformCompleteExample 2022-08-26T05:05:45Z logger.go:66:     }
TestTerraformCompleteExample 2022-08-26T05:05:45Z logger.go:66:
TestTerraformCompleteExample 2022-08-26T05:05:45Z logger.go:66:   # module.security_group.aws_security_group_rule.rules["ingress-all-all-icmp-from-sg-1111111111111111"] will be created
TestTerraformCompleteExample 2022-08-26T05:05:45Z logger.go:66:   + resource "aws_security_group_rule" "rules" {
TestTerraformCompleteExample 2022-08-26T05:05:45Z logger.go:66:       + description              = "ingress-all-all-icmp-from-sg-1111111111111111"
TestTerraformCompleteExample 2022-08-26T05:05:45Z logger.go:66:       + from_port                = -1
TestTerraformCompleteExample 2022-08-26T05:05:45Z logger.go:66:       + id                       = (known after apply)
TestTerraformCompleteExample 2022-08-26T05:05:45Z logger.go:66:       + protocol                 = "icmp"
TestTerraformCompleteExample 2022-08-26T05:05:45Z logger.go:66:       + security_group_id        = (known after apply)
TestTerraformCompleteExample 2022-08-26T05:05:45Z logger.go:66:       + self                     = false
TestTerraformCompleteExample 2022-08-26T05:05:45Z logger.go:66:       + source_security_group_id = "sg-1111111111111111"
TestTerraformCompleteExample 2022-08-26T05:05:45Z logger.go:66:       + to_port                  = -1
TestTerraformCompleteExample 2022-08-26T05:05:45Z logger.go:66:       + type                     = "ingress"
TestTerraformCompleteExample 2022-08-26T05:05:45Z logger.go:66:     }
TestTerraformCompleteExample 2022-08-26T05:05:45Z logger.go:66:
TestTerraformCompleteExample 2022-08-26T05:05:45Z logger.go:66: Plan: 18 to add, 0 to change, 0 to destroy.
TestTerraformCompleteExample 2022-08-26T05:05:45Z logger.go:66:
TestTerraformCompleteExample 2022-08-26T05:05:45Z logger.go:66: Changes to Outputs:
TestTerraformCompleteExample 2022-08-26T05:05:45Z logger.go:66:   + aws_ec2_managed_prefix_list_other_id = (known after apply)
TestTerraformCompleteExample 2022-08-26T05:05:45Z logger.go:66:   + aws_security_group_other_id          = (known after apply)
TestTerraformCompleteExample 2022-08-26T05:05:45Z logger.go:66:   + data_aws_prefix_list_private_s3_id   = "pl-1111111111"
TestTerraformCompleteExample 2022-08-26T05:05:45Z logger.go:66:   + data_aws_security_group_default_id   = "sg-1111111111111111"
TestTerraformCompleteExample 2022-08-26T05:05:45Z logger.go:66:   + disabled_sg_id                       = "I was not created"
TestTerraformCompleteExample 2022-08-26T05:05:45Z logger.go:66:   + egress                               = (known after apply)
TestTerraformCompleteExample 2022-08-26T05:05:45Z logger.go:66:   + egress_keys                          = (known after apply)
TestTerraformCompleteExample 2022-08-26T05:05:45Z logger.go:66:   + ingress                              = (known after apply)
TestTerraformCompleteExample 2022-08-26T05:05:45Z logger.go:66:   + ingress_keys                         = (known after apply)
TestTerraformCompleteExample 2022-08-26T05:05:46Z logger.go:66: aws_ec2_managed_prefix_list.other: Creating...
TestTerraformCompleteExample 2022-08-26T05:05:46Z logger.go:66: aws_security_group.other: Creating...
TestTerraformCompleteExample 2022-08-26T05:05:46Z logger.go:66: module.security_group.aws_security_group.self[0]: Creating...
TestTerraformCompleteExample 2022-08-26T05:05:47Z logger.go:66: aws_ec2_managed_prefix_list.other: Creation complete after 1s [id=pl-1111111111]
TestTerraformCompleteExample 2022-08-26T05:05:49Z logger.go:66: aws_security_group.other: Creation complete after 2s [id=sg-1111111111111111]
TestTerraformCompleteExample 2022-08-26T05:05:49Z logger.go:66: module.security_group.aws_security_group.self[0]: Creation complete after 2s [id=sg-1111111111111111]
TestTerraformCompleteExample 2022-08-26T05:05:49Z logger.go:66: module.security_group.aws_security_group_rule.egress_all_to_public_rules["egress-all-all-to-public"]: Creating...
TestTerraformCompleteExample 2022-08-26T05:05:49Z logger.go:66: module.security_group.aws_security_group_rule.managed_rules["ingress-postgresql-tcp-from-2001:db8::/64"]: Creating...
TestTerraformCompleteExample 2022-08-26T05:05:49Z logger.go:66: module.security_group.aws_security_group_rule.rules["ingress-all-all-all-from-self"]: Creating...
TestTerraformCompleteExample 2022-08-26T05:05:49Z logger.go:66: module.security_group.aws_security_group_rule.computed_egress_rules[0]: Creating...
TestTerraformCompleteExample 2022-08-26T05:05:49Z logger.go:66: module.security_group.aws_security_group_rule.managed_rules["egress-postgresql-tcp-to-2001:db8::/64"]: Creating...
TestTerraformCompleteExample 2022-08-26T05:05:49Z logger.go:66: module.security_group.aws_security_group_rule.computed_managed_ingress_rules[0]: Creating...
TestTerraformCompleteExample 2022-08-26T05:05:49Z logger.go:66: module.security_group.aws_security_group_rule.managed_rules["ingress-all-all-from-10.10.0.0/16,10.20.0.0/24"]: Creating...
TestTerraformCompleteExample 2022-08-26T05:05:49Z logger.go:66: module.security_group.aws_security_group_rule.managed_rules["ingress-ssh-tcp-from-pl-1111111111"]: Creating...
TestTerraformCompleteExample 2022-08-26T05:05:49Z logger.go:66: module.security_group.aws_security_group_rule.computed_ingress_rules[0]: Creating...
TestTerraformCompleteExample 2022-08-26T05:05:49Z logger.go:66: module.security_group.aws_security_group_rule.rules["egress-all-all-all-to-self"]: Creating...
TestTerraformCompleteExample 2022-08-26T05:05:49Z logger.go:66: module.security_group.aws_security_group_rule.managed_rules["ingress-postgresql-tcp-from-2001:db8::/64"]: Creation complete after 1s [id=sgrule-1111111111]
TestTerraformCompleteExample 2022-08-26T05:05:49Z logger.go:66: module.security_group.aws_security_group_rule.rules["ingress-all-all-icmp-from-sg-1111111111111111"]: Creating...
TestTerraformCompleteExample 2022-08-26T05:05:50Z logger.go:66: module.security_group.aws_security_group_rule.egress_all_to_public_rules["egress-all-all-to-public"]: Creation complete after 2s [id=sgrule-1111111111]
TestTerraformCompleteExample 2022-08-26T05:05:50Z logger.go:66: module.security_group.aws_security_group_rule.managed_rules["egress-ssh-tcp-to-pl-1111111111"]: Creating...
TestTerraformCompleteExample 2022-08-26T05:05:51Z logger.go:66: module.security_group.aws_security_group_rule.managed_rules["egress-postgresql-tcp-to-2001:db8::/64"]: Creation complete after 2s [id=sgrule-1111111111]
TestTerraformCompleteExample 2022-08-26T05:05:51Z logger.go:66: module.security_group.aws_security_group_rule.managed_rules["egress-https-443-tcp-to-10.10.0.0/16,10.20.0.0/24"]: Creating...
TestTerraformCompleteExample 2022-08-26T05:05:52Z logger.go:66: module.security_group.aws_security_group_rule.managed_rules["ingress-all-all-from-10.10.0.0/16,10.20.0.0/24"]: Creation complete after 3s [id=sgrule-1111111111]
TestTerraformCompleteExample 2022-08-26T05:05:52Z logger.go:66: module.security_group.aws_security_group_rule.computed_managed_egress_rules[0]: Creating...
TestTerraformCompleteExample 2022-08-26T05:05:52Z logger.go:66: module.security_group.aws_security_group_rule.managed_rules["ingress-ssh-tcp-from-pl-1111111111"]: Creation complete after 4s [id=sgrule-1111111111]
TestTerraformCompleteExample 2022-08-26T05:05:52Z logger.go:66: module.security_group.aws_security_group_rule.rules["egress-all-all-icmp-to-sg-1111111111111111"]: Creating...
TestTerraformCompleteExample 2022-08-26T05:05:53Z logger.go:66: module.security_group.aws_security_group_rule.computed_ingress_rules[0]: Creation complete after 5s [id=sgrule-1111111111]
TestTerraformCompleteExample 2022-08-26T05:05:54Z logger.go:66: module.security_group.aws_security_group_rule.rules["ingress-all-all-all-from-self"]: Creation complete after 5s [id=sgrule-1111111111]
TestTerraformCompleteExample 2022-08-26T05:05:55Z logger.go:66: module.security_group.aws_security_group_rule.computed_managed_ingress_rules[0]: Creation complete after 6s [id=sgrule-1111111111]
TestTerraformCompleteExample 2022-08-26T05:05:55Z logger.go:66: module.security_group.aws_security_group_rule.computed_egress_rules[0]: Creation complete after 7s [id=sgrule-1111111111]
TestTerraformCompleteExample 2022-08-26T05:05:56Z logger.go:66: module.security_group.aws_security_group_rule.rules["egress-all-all-all-to-self"]: Creation complete after 8s [id=sgrule-1111111111]
TestTerraformCompleteExample 2022-08-26T05:05:57Z logger.go:66: module.security_group.aws_security_group_rule.rules["ingress-all-all-icmp-from-sg-1111111111111111"]: Creation complete after 7s [id=sgrule-1111111111]
TestTerraformCompleteExample 2022-08-26T05:05:58Z logger.go:66: module.security_group.aws_security_group_rule.managed_rules["egress-ssh-tcp-to-pl-1111111111"]: Creation complete after 7s [id=sgrule-1111111111]
TestTerraformCompleteExample 2022-08-26T05:05:58Z logger.go:66: module.security_group.aws_security_group_rule.managed_rules["egress-https-443-tcp-to-10.10.0.0/16,10.20.0.0/24"]: Creation complete after 8s [id=sgrule-1111111111]
TestTerraformCompleteExample 2022-08-26T05:05:59Z logger.go:66: module.security_group.aws_security_group_rule.computed_managed_egress_rules[0]: Creation complete after 8s [id=sgrule-1111111111]
TestTerraformCompleteExample 2022-08-26T05:06:00Z logger.go:66: module.security_group.aws_security_group_rule.rules["egress-all-all-icmp-to-sg-1111111111111111"]: Creation complete after 8s [id=sgrule-1111111111]
TestTerraformCompleteExample 2022-08-26T05:06:00Z logger.go:66:
TestTerraformCompleteExample 2022-08-26T05:06:00Z logger.go:66: Apply complete! Resources: 18 added, 0 changed, 0 destroyed.
TestTerraformCompleteExample 2022-08-26T05:06:00Z logger.go:66:
TestTerraformCompleteExample 2022-08-26T05:06:00Z logger.go:66: Outputs:
TestTerraformCompleteExample 2022-08-26T05:06:00Z logger.go:66:
TestTerraformCompleteExample 2022-08-26T05:06:00Z logger.go:66: aws_ec2_managed_prefix_list_other_id = "pl-1111111111"
TestTerraformCompleteExample 2022-08-26T05:06:00Z logger.go:66: aws_security_group_other_id = "sg-1111111111111111"
TestTerraformCompleteExample 2022-08-26T05:06:00Z logger.go:66: data_aws_prefix_list_private_s3_id = "pl-1111111111"
TestTerraformCompleteExample 2022-08-26T05:06:00Z logger.go:66: data_aws_security_group_default_id = "sg-1111111111111111"
TestTerraformCompleteExample 2022-08-26T05:06:00Z logger.go:66: disabled_sg_id = "I was not created"
TestTerraformCompleteExample 2022-08-26T05:06:00Z logger.go:66: egress = {
TestTerraformCompleteExample 2022-08-26T05:06:00Z logger.go:66:   "egress-443-443-tcp-to-pl-1111111111" = {
TestTerraformCompleteExample 2022-08-26T05:06:00Z logger.go:66:     "cidr_blocks" = tolist(null) /* of string */
TestTerraformCompleteExample 2022-08-26T05:06:00Z logger.go:66:     "description" = "https-443-tcp"
TestTerraformCompleteExample 2022-08-26T05:06:00Z logger.go:66:     "from_port" = 443
TestTerraformCompleteExample 2022-08-26T05:06:00Z logger.go:66:     "id" = "sgrule-1111111111"
TestTerraformCompleteExample 2022-08-26T05:06:00Z logger.go:66:     "ipv6_cidr_blocks" = tolist(null) /* of string */
TestTerraformCompleteExample 2022-08-26T05:06:00Z logger.go:66:     "prefix_list_ids" = tolist([
TestTerraformCompleteExample 2022-08-26T05:06:00Z logger.go:66:       "pl-1111111111",
TestTerraformCompleteExample 2022-08-26T05:06:00Z logger.go:66:     ])
TestTerraformCompleteExample 2022-08-26T05:06:00Z logger.go:66:     "protocol" = "tcp"
TestTerraformCompleteExample 2022-08-26T05:06:00Z logger.go:66:     "security_group_id" = "sg-1111111111111111"
TestTerraformCompleteExample 2022-08-26T05:06:00Z logger.go:66:     "self" = false
TestTerraformCompleteExample 2022-08-26T05:06:00Z logger.go:66:     "source_security_group_id" = tostring(null)
TestTerraformCompleteExample 2022-08-26T05:06:00Z logger.go:66:     "timeouts" = null /* object */
TestTerraformCompleteExample 2022-08-26T05:06:00Z logger.go:66:     "to_port" = 443
TestTerraformCompleteExample 2022-08-26T05:06:00Z logger.go:66:     "type" = "egress"
TestTerraformCompleteExample 2022-08-26T05:06:00Z logger.go:66:   }
TestTerraformCompleteExample 2022-08-26T05:06:00Z logger.go:66:   "egress-80-80-tcp-to-pl-1111111111" = {
TestTerraformCompleteExample 2022-08-26T05:06:00Z logger.go:66:     "cidr_blocks" = tolist(null) /* of string */
TestTerraformCompleteExample 2022-08-26T05:06:00Z logger.go:66:     "description" = tostring(null)
TestTerraformCompleteExample 2022-08-26T05:06:00Z logger.go:66:     "from_port" = 80
TestTerraformCompleteExample 2022-08-26T05:06:00Z logger.go:66:     "id" = "sgrule-1111111111"
TestTerraformCompleteExample 2022-08-26T05:06:00Z logger.go:66:     "ipv6_cidr_blocks" = tolist(null) /* of string */
TestTerraformCompleteExample 2022-08-26T05:06:00Z logger.go:66:     "prefix_list_ids" = tolist([
TestTerraformCompleteExample 2022-08-26T05:06:00Z logger.go:66:       "pl-1111111111",
TestTerraformCompleteExample 2022-08-26T05:06:00Z logger.go:66:     ])
TestTerraformCompleteExample 2022-08-26T05:06:00Z logger.go:66:     "protocol" = "tcp"
TestTerraformCompleteExample 2022-08-26T05:06:00Z logger.go:66:     "security_group_id" = "sg-1111111111111111"
TestTerraformCompleteExample 2022-08-26T05:06:00Z logger.go:66:     "self" = false
TestTerraformCompleteExample 2022-08-26T05:06:00Z logger.go:66:     "source_security_group_id" = tostring(null)
TestTerraformCompleteExample 2022-08-26T05:06:00Z logger.go:66:     "timeouts" = null /* object */
TestTerraformCompleteExample 2022-08-26T05:06:00Z logger.go:66:     "to_port" = 80
TestTerraformCompleteExample 2022-08-26T05:06:00Z logger.go:66:     "type" = "egress"
TestTerraformCompleteExample 2022-08-26T05:06:00Z logger.go:66:   }
TestTerraformCompleteExample 2022-08-26T05:06:00Z logger.go:66:   "egress-all-all-all-to-self" = {
TestTerraformCompleteExample 2022-08-26T05:06:00Z logger.go:66:     "cidr_blocks" = tolist(null) /* of string */
TestTerraformCompleteExample 2022-08-26T05:06:00Z logger.go:66:     "description" = "egress-all-all-all-to-self"
TestTerraformCompleteExample 2022-08-26T05:06:00Z logger.go:66:     "from_port" = -1
TestTerraformCompleteExample 2022-08-26T05:06:00Z logger.go:66:     "id" = "sgrule-1111111111"
TestTerraformCompleteExample 2022-08-26T05:06:00Z logger.go:66:     "ipv6_cidr_blocks" = tolist(null) /* of string */
TestTerraformCompleteExample 2022-08-26T05:06:00Z logger.go:66:     "prefix_list_ids" = tolist(null) /* of string */
TestTerraformCompleteExample 2022-08-26T05:06:00Z logger.go:66:     "protocol" = "-1"
TestTerraformCompleteExample 2022-08-26T05:06:00Z logger.go:66:     "security_group_id" = "sg-1111111111111111"
TestTerraformCompleteExample 2022-08-26T05:06:00Z logger.go:66:     "self" = true
TestTerraformCompleteExample 2022-08-26T05:06:00Z logger.go:66:     "source_security_group_id" = tostring(null)
TestTerraformCompleteExample 2022-08-26T05:06:00Z logger.go:66:     "timeouts" = null /* object */
TestTerraformCompleteExample 2022-08-26T05:06:00Z logger.go:66:     "to_port" = -1
TestTerraformCompleteExample 2022-08-26T05:06:00Z logger.go:66:     "type" = "egress"
TestTerraformCompleteExample 2022-08-26T05:06:00Z logger.go:66:   }
TestTerraformCompleteExample 2022-08-26T05:06:00Z logger.go:66:   "egress-all-all-icmp-to-sg-1111111111111111" = {
TestTerraformCompleteExample 2022-08-26T05:06:00Z logger.go:66:     "cidr_blocks" = tolist(null) /* of string */
TestTerraformCompleteExample 2022-08-26T05:06:00Z logger.go:66:     "description" = "egress-all-all-icmp-to-sg-1111111111111111"
TestTerraformCompleteExample 2022-08-26T05:06:00Z logger.go:66:     "from_port" = -1
TestTerraformCompleteExample 2022-08-26T05:06:00Z logger.go:66:     "id" = "sgrule-1111111111"
TestTerraformCompleteExample 2022-08-26T05:06:00Z logger.go:66:     "ipv6_cidr_blocks" = tolist(null) /* of string */
TestTerraformCompleteExample 2022-08-26T05:06:00Z logger.go:66:     "prefix_list_ids" = tolist(null) /* of string */
TestTerraformCompleteExample 2022-08-26T05:06:00Z logger.go:66:     "protocol" = "icmp"
TestTerraformCompleteExample 2022-08-26T05:06:00Z logger.go:66:     "security_group_id" = "sg-1111111111111111"
TestTerraformCompleteExample 2022-08-26T05:06:00Z logger.go:66:     "self" = false
TestTerraformCompleteExample 2022-08-26T05:06:00Z logger.go:66:     "source_security_group_id" = "sg-1111111111111111"
TestTerraformCompleteExample 2022-08-26T05:06:00Z logger.go:66:     "timeouts" = null /* object */
TestTerraformCompleteExample 2022-08-26T05:06:00Z logger.go:66:     "to_port" = -1
TestTerraformCompleteExample 2022-08-26T05:06:00Z logger.go:66:     "type" = "egress"
TestTerraformCompleteExample 2022-08-26T05:06:00Z logger.go:66:   }
TestTerraformCompleteExample 2022-08-26T05:06:00Z logger.go:66:   "egress-all-all-to-public" = {
TestTerraformCompleteExample 2022-08-26T05:06:00Z logger.go:66:     "cidr_blocks" = tolist([
TestTerraformCompleteExample 2022-08-26T05:06:00Z logger.go:66:       "0.0.0.0/0",
TestTerraformCompleteExample 2022-08-26T05:06:00Z logger.go:66:     ])
TestTerraformCompleteExample 2022-08-26T05:06:00Z logger.go:66:     "description" = "Opening up ports to connect out to the public internet is generally to be avoided. Please see [no-public-egress-sgr](https://aquasecurity.github.io/tfsec/v0.61.3/checks/aws/vpc/no-public-egress-sgr/) for more information"
TestTerraformCompleteExample 2022-08-26T05:06:00Z logger.go:66:     "from_port" = 0
TestTerraformCompleteExample 2022-08-26T05:06:00Z logger.go:66:     "id" = "sgrule-1111111111"
TestTerraformCompleteExample 2022-08-26T05:06:00Z logger.go:66:     "ipv6_cidr_blocks" = tolist([
TestTerraformCompleteExample 2022-08-26T05:06:00Z logger.go:66:       "::/0",
TestTerraformCompleteExample 2022-08-26T05:06:00Z logger.go:66:     ])
TestTerraformCompleteExample 2022-08-26T05:06:00Z logger.go:66:     "prefix_list_ids" = tolist(null) /* of string */
TestTerraformCompleteExample 2022-08-26T05:06:00Z logger.go:66:     "protocol" = "-1"
TestTerraformCompleteExample 2022-08-26T05:06:00Z logger.go:66:     "security_group_id" = "sg-1111111111111111"
TestTerraformCompleteExample 2022-08-26T05:06:00Z logger.go:66:     "self" = false
TestTerraformCompleteExample 2022-08-26T05:06:00Z logger.go:66:     "source_security_group_id" = tostring(null)
TestTerraformCompleteExample 2022-08-26T05:06:00Z logger.go:66:     "timeouts" = null /* object */
TestTerraformCompleteExample 2022-08-26T05:06:00Z logger.go:66:     "to_port" = 0
TestTerraformCompleteExample 2022-08-26T05:06:00Z logger.go:66:     "type" = "egress"
TestTerraformCompleteExample 2022-08-26T05:06:00Z logger.go:66:   }
TestTerraformCompleteExample 2022-08-26T05:06:00Z logger.go:66:   "egress-https-443-tcp-to-10.10.0.0/16,10.20.0.0/24" = {
TestTerraformCompleteExample 2022-08-26T05:06:00Z logger.go:66:     "cidr_blocks" = tolist([
TestTerraformCompleteExample 2022-08-26T05:06:00Z logger.go:66:       "10.10.0.0/16",
TestTerraformCompleteExample 2022-08-26T05:06:00Z logger.go:66:       "10.20.0.0/24",
TestTerraformCompleteExample 2022-08-26T05:06:00Z logger.go:66:     ])
TestTerraformCompleteExample 2022-08-26T05:06:00Z logger.go:66:     "description" = "egress-https-443-tcp-to-10.10.0.0/16,10.20.0.0/24"
TestTerraformCompleteExample 2022-08-26T05:06:00Z logger.go:66:     "from_port" = 443
TestTerraformCompleteExample 2022-08-26T05:06:00Z logger.go:66:     "id" = "sgrule-1111111111"
TestTerraformCompleteExample 2022-08-26T05:06:00Z logger.go:66:     "ipv6_cidr_blocks" = tolist(null) /* of string */
TestTerraformCompleteExample 2022-08-26T05:06:00Z logger.go:66:     "prefix_list_ids" = tolist(null) /* of string */
TestTerraformCompleteExample 2022-08-26T05:06:00Z logger.go:66:     "protocol" = "tcp"
TestTerraformCompleteExample 2022-08-26T05:06:00Z logger.go:66:     "security_group_id" = "sg-1111111111111111"
TestTerraformCompleteExample 2022-08-26T05:06:00Z logger.go:66:     "self" = false
TestTerraformCompleteExample 2022-08-26T05:06:00Z logger.go:66:     "source_security_group_id" = tostring(null)
TestTerraformCompleteExample 2022-08-26T05:06:00Z logger.go:66:     "timeouts" = null /* object */
TestTerraformCompleteExample 2022-08-26T05:06:00Z logger.go:66:     "to_port" = 443
TestTerraformCompleteExample 2022-08-26T05:06:00Z logger.go:66:     "type" = "egress"
TestTerraformCompleteExample 2022-08-26T05:06:00Z logger.go:66:   }
TestTerraformCompleteExample 2022-08-26T05:06:00Z logger.go:66:   "egress-postgresql-tcp-to-2001:db8::/64" = {
TestTerraformCompleteExample 2022-08-26T05:06:00Z logger.go:66:     "cidr_blocks" = tolist(null) /* of string */
TestTerraformCompleteExample 2022-08-26T05:06:00Z logger.go:66:     "description" = "egress-postgresql-tcp-to-2001:db8::/64"
TestTerraformCompleteExample 2022-08-26T05:06:00Z logger.go:66:     "from_port" = 5432
TestTerraformCompleteExample 2022-08-26T05:06:00Z logger.go:66:     "id" = "sgrule-1111111111"
TestTerraformCompleteExample 2022-08-26T05:06:00Z logger.go:66:     "ipv6_cidr_blocks" = tolist([
TestTerraformCompleteExample 2022-08-26T05:06:00Z logger.go:66:       "2001:db8::/64",
TestTerraformCompleteExample 2022-08-26T05:06:00Z logger.go:66:     ])
TestTerraformCompleteExample 2022-08-26T05:06:00Z logger.go:66:     "prefix_list_ids" = tolist(null) /* of string */
TestTerraformCompleteExample 2022-08-26T05:06:00Z logger.go:66:     "protocol" = "tcp"
TestTerraformCompleteExample 2022-08-26T05:06:00Z logger.go:66:     "security_group_id" = "sg-1111111111111111"
TestTerraformCompleteExample 2022-08-26T05:06:00Z logger.go:66:     "self" = false
TestTerraformCompleteExample 2022-08-26T05:06:00Z logger.go:66:     "source_security_group_id" = tostring(null)
TestTerraformCompleteExample 2022-08-26T05:06:00Z logger.go:66:     "timeouts" = null /* object */
TestTerraformCompleteExample 2022-08-26T05:06:00Z logger.go:66:     "to_port" = 5432
TestTerraformCompleteExample 2022-08-26T05:06:00Z logger.go:66:     "type" = "egress"
TestTerraformCompleteExample 2022-08-26T05:06:00Z logger.go:66:   }
TestTerraformCompleteExample 2022-08-26T05:06:00Z logger.go:66:   "egress-ssh-tcp-to-pl-1111111111" = {
TestTerraformCompleteExample 2022-08-26T05:06:00Z logger.go:66:     "cidr_blocks" = tolist(null) /* of string */
TestTerraformCompleteExample 2022-08-26T05:06:00Z logger.go:66:     "description" = "egress-ssh-tcp-to-pl-1111111111"
TestTerraformCompleteExample 2022-08-26T05:06:00Z logger.go:66:     "from_port" = 22
TestTerraformCompleteExample 2022-08-26T05:06:00Z logger.go:66:     "id" = "sgrule-1111111111"
TestTerraformCompleteExample 2022-08-26T05:06:00Z logger.go:66:     "ipv6_cidr_blocks" = tolist(null) /* of string */
TestTerraformCompleteExample 2022-08-26T05:06:00Z logger.go:66:     "prefix_list_ids" = tolist([
TestTerraformCompleteExample 2022-08-26T05:06:00Z logger.go:66:       "pl-1111111111",
TestTerraformCompleteExample 2022-08-26T05:06:00Z logger.go:66:     ])
TestTerraformCompleteExample 2022-08-26T05:06:00Z logger.go:66:     "protocol" = "tcp"
TestTerraformCompleteExample 2022-08-26T05:06:00Z logger.go:66:     "security_group_id" = "sg-1111111111111111"
TestTerraformCompleteExample 2022-08-26T05:06:00Z logger.go:66:     "self" = false
TestTerraformCompleteExample 2022-08-26T05:06:00Z logger.go:66:     "source_security_group_id" = tostring(null)
TestTerraformCompleteExample 2022-08-26T05:06:00Z logger.go:66:     "timeouts" = null /* object */
TestTerraformCompleteExample 2022-08-26T05:06:00Z logger.go:66:     "to_port" = 22
TestTerraformCompleteExample 2022-08-26T05:06:00Z logger.go:66:     "type" = "egress"
TestTerraformCompleteExample 2022-08-26T05:06:00Z logger.go:66:   }
TestTerraformCompleteExample 2022-08-26T05:06:00Z logger.go:66: }
TestTerraformCompleteExample 2022-08-26T05:06:00Z logger.go:66: egress_keys = [
TestTerraformCompleteExample 2022-08-26T05:06:00Z logger.go:66:   "egress-443-443-tcp-to-pl-1111111111",
TestTerraformCompleteExample 2022-08-26T05:06:00Z logger.go:66:   "egress-80-80-tcp-to-pl-1111111111",
TestTerraformCompleteExample 2022-08-26T05:06:00Z logger.go:66:   "egress-all-all-all-to-self",
TestTerraformCompleteExample 2022-08-26T05:06:00Z logger.go:66:   "egress-all-all-icmp-to-sg-1111111111111111",
TestTerraformCompleteExample 2022-08-26T05:06:00Z logger.go:66:   "egress-all-all-to-public",
TestTerraformCompleteExample 2022-08-26T05:06:00Z logger.go:66:   "egress-https-443-tcp-to-10.10.0.0/16,10.20.0.0/24",
TestTerraformCompleteExample 2022-08-26T05:06:00Z logger.go:66:   "egress-postgresql-tcp-to-2001:db8::/64",
TestTerraformCompleteExample 2022-08-26T05:06:00Z logger.go:66:   "egress-ssh-tcp-to-pl-1111111111",
TestTerraformCompleteExample 2022-08-26T05:06:00Z logger.go:66: ]
TestTerraformCompleteExample 2022-08-26T05:06:00Z logger.go:66: ingress = {
TestTerraformCompleteExample 2022-08-26T05:06:00Z logger.go:66:   "ingress-443-443-tcp-from-sg-1111111111111111" = {
TestTerraformCompleteExample 2022-08-26T05:06:00Z logger.go:66:     "cidr_blocks" = tolist(null) /* of string */
TestTerraformCompleteExample 2022-08-26T05:06:00Z logger.go:66:     "description" = "https-443-tcp"
TestTerraformCompleteExample 2022-08-26T05:06:00Z logger.go:66:     "from_port" = 443
TestTerraformCompleteExample 2022-08-26T05:06:00Z logger.go:66:     "id" = "sgrule-1111111111"
TestTerraformCompleteExample 2022-08-26T05:06:00Z logger.go:66:     "ipv6_cidr_blocks" = tolist(null) /* of string */
TestTerraformCompleteExample 2022-08-26T05:06:00Z logger.go:66:     "prefix_list_ids" = tolist(null) /* of string */
TestTerraformCompleteExample 2022-08-26T05:06:00Z logger.go:66:     "protocol" = "tcp"
TestTerraformCompleteExample 2022-08-26T05:06:00Z logger.go:66:     "security_group_id" = "sg-1111111111111111"
TestTerraformCompleteExample 2022-08-26T05:06:00Z logger.go:66:     "self" = false
TestTerraformCompleteExample 2022-08-26T05:06:00Z logger.go:66:     "source_security_group_id" = "sg-1111111111111111"
TestTerraformCompleteExample 2022-08-26T05:06:00Z logger.go:66:     "timeouts" = null /* object */
TestTerraformCompleteExample 2022-08-26T05:06:00Z logger.go:66:     "to_port" = 443
TestTerraformCompleteExample 2022-08-26T05:06:00Z logger.go:66:     "type" = "ingress"
TestTerraformCompleteExample 2022-08-26T05:06:00Z logger.go:66:   }
TestTerraformCompleteExample 2022-08-26T05:06:00Z logger.go:66:   "ingress-80-80-tcp-from-sg-1111111111111111" = {
TestTerraformCompleteExample 2022-08-26T05:06:00Z logger.go:66:     "cidr_blocks" = tolist(null) /* of string */
TestTerraformCompleteExample 2022-08-26T05:06:00Z logger.go:66:     "description" = tostring(null)
TestTerraformCompleteExample 2022-08-26T05:06:00Z logger.go:66:     "from_port" = 80
TestTerraformCompleteExample 2022-08-26T05:06:00Z logger.go:66:     "id" = "sgrule-1111111111"
TestTerraformCompleteExample 2022-08-26T05:06:00Z logger.go:66:     "ipv6_cidr_blocks" = tolist(null) /* of string */
TestTerraformCompleteExample 2022-08-26T05:06:00Z logger.go:66:     "prefix_list_ids" = tolist(null) /* of string */
TestTerraformCompleteExample 2022-08-26T05:06:00Z logger.go:66:     "protocol" = "tcp"
TestTerraformCompleteExample 2022-08-26T05:06:00Z logger.go:66:     "security_group_id" = "sg-1111111111111111"
TestTerraformCompleteExample 2022-08-26T05:06:00Z logger.go:66:     "self" = false
TestTerraformCompleteExample 2022-08-26T05:06:00Z logger.go:66:     "source_security_group_id" = "sg-1111111111111111"
TestTerraformCompleteExample 2022-08-26T05:06:00Z logger.go:66:     "timeouts" = null /* object */
TestTerraformCompleteExample 2022-08-26T05:06:00Z logger.go:66:     "to_port" = 80
TestTerraformCompleteExample 2022-08-26T05:06:00Z logger.go:66:     "type" = "ingress"
TestTerraformCompleteExample 2022-08-26T05:06:00Z logger.go:66:   }
TestTerraformCompleteExample 2022-08-26T05:06:00Z logger.go:66:   "ingress-all-all-all-from-self" = {
TestTerraformCompleteExample 2022-08-26T05:06:00Z logger.go:66:     "cidr_blocks" = tolist(null) /* of string */
TestTerraformCompleteExample 2022-08-26T05:06:00Z logger.go:66:     "description" = "ingress-all-all-all-from-self"
TestTerraformCompleteExample 2022-08-26T05:06:00Z logger.go:66:     "from_port" = -1
TestTerraformCompleteExample 2022-08-26T05:06:00Z logger.go:66:     "id" = "sgrule-1111111111"
TestTerraformCompleteExample 2022-08-26T05:06:00Z logger.go:66:     "ipv6_cidr_blocks" = tolist(null) /* of string */
TestTerraformCompleteExample 2022-08-26T05:06:00Z logger.go:66:     "prefix_list_ids" = tolist(null) /* of string */
TestTerraformCompleteExample 2022-08-26T05:06:00Z logger.go:66:     "protocol" = "-1"
TestTerraformCompleteExample 2022-08-26T05:06:00Z logger.go:66:     "security_group_id" = "sg-1111111111111111"
TestTerraformCompleteExample 2022-08-26T05:06:00Z logger.go:66:     "self" = true
TestTerraformCompleteExample 2022-08-26T05:06:00Z logger.go:66:     "source_security_group_id" = tostring(null)
TestTerraformCompleteExample 2022-08-26T05:06:00Z logger.go:66:     "timeouts" = null /* object */
TestTerraformCompleteExample 2022-08-26T05:06:00Z logger.go:66:     "to_port" = -1
TestTerraformCompleteExample 2022-08-26T05:06:00Z logger.go:66:     "type" = "ingress"
TestTerraformCompleteExample 2022-08-26T05:06:00Z logger.go:66:   }
TestTerraformCompleteExample 2022-08-26T05:06:00Z logger.go:66:   "ingress-all-all-from-10.10.0.0/16,10.20.0.0/24" = {
TestTerraformCompleteExample 2022-08-26T05:06:00Z logger.go:66:     "cidr_blocks" = tolist([
TestTerraformCompleteExample 2022-08-26T05:06:00Z logger.go:66:       "10.10.0.0/16",
TestTerraformCompleteExample 2022-08-26T05:06:00Z logger.go:66:       "10.20.0.0/24",
TestTerraformCompleteExample 2022-08-26T05:06:00Z logger.go:66:     ])
TestTerraformCompleteExample 2022-08-26T05:06:00Z logger.go:66:     "description" = "ingress-all-all-from-10.10.0.0/16,10.20.0.0/24"
TestTerraformCompleteExample 2022-08-26T05:06:00Z logger.go:66:     "from_port" = 0
TestTerraformCompleteExample 2022-08-26T05:06:00Z logger.go:66:     "id" = "sgrule-1111111111"
TestTerraformCompleteExample 2022-08-26T05:06:00Z logger.go:66:     "ipv6_cidr_blocks" = tolist(null) /* of string */
TestTerraformCompleteExample 2022-08-26T05:06:00Z logger.go:66:     "prefix_list_ids" = tolist(null) /* of string */
TestTerraformCompleteExample 2022-08-26T05:06:00Z logger.go:66:     "protocol" = "-1"
TestTerraformCompleteExample 2022-08-26T05:06:00Z logger.go:66:     "security_group_id" = "sg-1111111111111111"
TestTerraformCompleteExample 2022-08-26T05:06:00Z logger.go:66:     "self" = false
TestTerraformCompleteExample 2022-08-26T05:06:00Z logger.go:66:     "source_security_group_id" = tostring(null)
TestTerraformCompleteExample 2022-08-26T05:06:00Z logger.go:66:     "timeouts" = null /* object */
TestTerraformCompleteExample 2022-08-26T05:06:00Z logger.go:66:     "to_port" = 0
TestTerraformCompleteExample 2022-08-26T05:06:00Z logger.go:66:     "type" = "ingress"
TestTerraformCompleteExample 2022-08-26T05:06:00Z logger.go:66:   }
TestTerraformCompleteExample 2022-08-26T05:06:00Z logger.go:66:   "ingress-all-all-icmp-from-sg-1111111111111111" = {
TestTerraformCompleteExample 2022-08-26T05:06:00Z logger.go:66:     "cidr_blocks" = tolist(null) /* of string */
TestTerraformCompleteExample 2022-08-26T05:06:00Z logger.go:66:     "description" = "ingress-all-all-icmp-from-sg-1111111111111111"
TestTerraformCompleteExample 2022-08-26T05:06:00Z logger.go:66:     "from_port" = -1
TestTerraformCompleteExample 2022-08-26T05:06:00Z logger.go:66:     "id" = "sgrule-1111111111"
TestTerraformCompleteExample 2022-08-26T05:06:00Z logger.go:66:     "ipv6_cidr_blocks" = tolist(null) /* of string */
TestTerraformCompleteExample 2022-08-26T05:06:00Z logger.go:66:     "prefix_list_ids" = tolist(null) /* of string */
TestTerraformCompleteExample 2022-08-26T05:06:00Z logger.go:66:     "protocol" = "icmp"
TestTerraformCompleteExample 2022-08-26T05:06:00Z logger.go:66:     "security_group_id" = "sg-1111111111111111"
TestTerraformCompleteExample 2022-08-26T05:06:00Z logger.go:66:     "self" = false
TestTerraformCompleteExample 2022-08-26T05:06:00Z logger.go:66:     "source_security_group_id" = "sg-1111111111111111"
TestTerraformCompleteExample 2022-08-26T05:06:00Z logger.go:66:     "timeouts" = null /* object */
TestTerraformCompleteExample 2022-08-26T05:06:00Z logger.go:66:     "to_port" = -1
TestTerraformCompleteExample 2022-08-26T05:06:00Z logger.go:66:     "type" = "ingress"
TestTerraformCompleteExample 2022-08-26T05:06:00Z logger.go:66:   }
TestTerraformCompleteExample 2022-08-26T05:06:00Z logger.go:66:   "ingress-postgresql-tcp-from-2001:db8::/64" = {
TestTerraformCompleteExample 2022-08-26T05:06:00Z logger.go:66:     "cidr_blocks" = tolist(null) /* of string */
TestTerraformCompleteExample 2022-08-26T05:06:00Z logger.go:66:     "description" = "ingress-postgresql-tcp-from-2001:db8::/64"
TestTerraformCompleteExample 2022-08-26T05:06:00Z logger.go:66:     "from_port" = 5432
TestTerraformCompleteExample 2022-08-26T05:06:00Z logger.go:66:     "id" = "sgrule-1111111111"
TestTerraformCompleteExample 2022-08-26T05:06:00Z logger.go:66:     "ipv6_cidr_blocks" = tolist([
TestTerraformCompleteExample 2022-08-26T05:06:00Z logger.go:66:       "2001:db8::/64",
TestTerraformCompleteExample 2022-08-26T05:06:00Z logger.go:66:     ])
TestTerraformCompleteExample 2022-08-26T05:06:00Z logger.go:66:     "prefix_list_ids" = tolist(null) /* of string */
TestTerraformCompleteExample 2022-08-26T05:06:00Z logger.go:66:     "protocol" = "tcp"
TestTerraformCompleteExample 2022-08-26T05:06:00Z logger.go:66:     "security_group_id" = "sg-1111111111111111"
TestTerraformCompleteExample 2022-08-26T05:06:00Z logger.go:66:     "self" = false
TestTerraformCompleteExample 2022-08-26T05:06:00Z logger.go:66:     "source_security_group_id" = tostring(null)
TestTerraformCompleteExample 2022-08-26T05:06:00Z logger.go:66:     "timeouts" = null /* object */
TestTerraformCompleteExample 2022-08-26T05:06:00Z logger.go:66:     "to_port" = 5432
TestTerraformCompleteExample 2022-08-26T05:06:00Z logger.go:66:     "type" = "ingress"
TestTerraformCompleteExample 2022-08-26T05:06:00Z logger.go:66:   }
TestTerraformCompleteExample 2022-08-26T05:06:00Z logger.go:66:   "ingress-ssh-tcp-from-pl-1111111111" = {
TestTerraformCompleteExample 2022-08-26T05:06:00Z logger.go:66:     "cidr_blocks" = tolist(null) /* of string */
TestTerraformCompleteExample 2022-08-26T05:06:00Z logger.go:66:     "description" = "ingress-ssh-tcp-from-pl-1111111111"
TestTerraformCompleteExample 2022-08-26T05:06:00Z logger.go:66:     "from_port" = 22
TestTerraformCompleteExample 2022-08-26T05:06:00Z logger.go:66:     "id" = "sgrule-1111111111"
TestTerraformCompleteExample 2022-08-26T05:06:00Z logger.go:66:     "ipv6_cidr_blocks" = tolist(null) /* of string */
TestTerraformCompleteExample 2022-08-26T05:06:00Z logger.go:66:     "prefix_list_ids" = tolist([
TestTerraformCompleteExample 2022-08-26T05:06:00Z logger.go:66:       "pl-1111111111",
TestTerraformCompleteExample 2022-08-26T05:06:00Z logger.go:66:     ])
TestTerraformCompleteExample 2022-08-26T05:06:00Z logger.go:66:     "protocol" = "tcp"
TestTerraformCompleteExample 2022-08-26T05:06:00Z logger.go:66:     "security_group_id" = "sg-1111111111111111"
TestTerraformCompleteExample 2022-08-26T05:06:00Z logger.go:66:     "self" = false
TestTerraformCompleteExample 2022-08-26T05:06:00Z logger.go:66:     "source_security_group_id" = tostring(null)
TestTerraformCompleteExample 2022-08-26T05:06:00Z logger.go:66:     "timeouts" = null /* object */
TestTerraformCompleteExample 2022-08-26T05:06:00Z logger.go:66:     "to_port" = 22
TestTerraformCompleteExample 2022-08-26T05:06:00Z logger.go:66:     "type" = "ingress"
TestTerraformCompleteExample 2022-08-26T05:06:00Z logger.go:66:   }
TestTerraformCompleteExample 2022-08-26T05:06:00Z logger.go:66: }
TestTerraformCompleteExample 2022-08-26T05:06:00Z logger.go:66: ingress_keys = [
TestTerraformCompleteExample 2022-08-26T05:06:00Z logger.go:66:   "ingress-443-443-tcp-from-sg-1111111111111111",
TestTerraformCompleteExample 2022-08-26T05:06:00Z logger.go:66:   "ingress-80-80-tcp-from-sg-1111111111111111",
TestTerraformCompleteExample 2022-08-26T05:06:00Z logger.go:66:   "ingress-all-all-all-from-self",
TestTerraformCompleteExample 2022-08-26T05:06:00Z logger.go:66:   "ingress-all-all-from-10.10.0.0/16,10.20.0.0/24",
TestTerraformCompleteExample 2022-08-26T05:06:00Z logger.go:66:   "ingress-all-all-icmp-from-sg-1111111111111111",
TestTerraformCompleteExample 2022-08-26T05:06:00Z logger.go:66:   "ingress-postgresql-tcp-from-2001:db8::/64",
TestTerraformCompleteExample 2022-08-26T05:06:00Z logger.go:66:   "ingress-ssh-tcp-from-pl-1111111111",
TestTerraformCompleteExample 2022-08-26T05:06:00Z logger.go:66: ]
TestTerraformCompleteExample 2022-08-26T05:06:00Z retry.go:91: terraform [output -no-color -json data_aws_security_group_default_id]
TestTerraformCompleteExample 2022-08-26T05:06:00Z logger.go:66: Running command terraform with args [output -no-color -json data_aws_security_group_default_id]
TestTerraformCompleteExample 2022-08-26T05:06:01Z logger.go:66: "sg-1111111111111111"
TestTerraformCompleteExample 2022-08-26T05:06:01Z retry.go:91: terraform [output -no-color -json data_aws_prefix_list_private_s3_id]
TestTerraformCompleteExample 2022-08-26T05:06:01Z logger.go:66: Running command terraform with args [output -no-color -json data_aws_prefix_list_private_s3_id]
TestTerraformCompleteExample 2022-08-26T05:06:02Z logger.go:66: "pl-1111111111"
TestTerraformCompleteExample 2022-08-26T05:06:02Z retry.go:91: terraform [output -no-color -json aws_security_group_other_id]
TestTerraformCompleteExample 2022-08-26T05:06:02Z logger.go:66: Running command terraform with args [output -no-color -json aws_security_group_other_id]
TestTerraformCompleteExample 2022-08-26T05:06:03Z logger.go:66: "sg-1111111111111111"
TestTerraformCompleteExample 2022-08-26T05:06:03Z retry.go:91: terraform [output -no-color -json aws_ec2_managed_prefix_list_other_id]
TestTerraformCompleteExample 2022-08-26T05:06:03Z logger.go:66: Running command terraform with args [output -no-color -json aws_ec2_managed_prefix_list_other_id]
TestTerraformCompleteExample 2022-08-26T05:06:04Z logger.go:66: "pl-1111111111"
TestTerraformCompleteExample 2022-08-26T05:06:04Z retry.go:91: terraform [output -no-color -json ingress_keys]
TestTerraformCompleteExample 2022-08-26T05:06:04Z logger.go:66: Running command terraform with args [output -no-color -json ingress_keys]
TestTerraformCompleteExample 2022-08-26T05:06:05Z logger.go:66: ["ingress-443-443-tcp-from-sg-1111111111111111","ingress-80-80-tcp-from-sg-1111111111111111","ingress-all-all-all-from-self","ingress-all-all-from-10.10.0.0/16,10.20.0.0/24","ingress-all-all-icmp-from-sg-1111111111111111","ingress-postgresql-tcp-from-2001:db8::/64","ingress-ssh-tcp-from-pl-1111111111"]
TestTerraformCompleteExample 2022-08-26T05:06:05Z retry.go:91: terraform [output -no-color -json egress_keys]
TestTerraformCompleteExample 2022-08-26T05:06:05Z logger.go:66: Running command terraform with args [output -no-color -json egress_keys]
TestTerraformCompleteExample 2022-08-26T05:06:06Z logger.go:66: ["egress-443-443-tcp-to-pl-1111111111","egress-80-80-tcp-to-pl-1111111111","egress-all-all-all-to-self","egress-all-all-icmp-to-sg-1111111111111111","egress-all-all-to-public","egress-https-443-tcp-to-10.10.0.0/16,10.20.0.0/24","egress-postgresql-tcp-to-2001:db8::/64","egress-ssh-tcp-to-pl-1111111111"]
TestTerraformCompleteExample 2022-08-26T05:06:06Z retry.go:91: terraform [output -no-color -json disabled_sg_id]
TestTerraformCompleteExample 2022-08-26T05:06:06Z logger.go:66: Running command terraform with args [output -no-color -json disabled_sg_id]
TestTerraformCompleteExample 2022-08-26T05:06:06Z logger.go:66: "I was not created"
TestTerraformCompleteExample 2022-08-26T05:06:06Z retry.go:91: terraform [destroy -auto-approve -input=false -no-color -lock=false]
TestTerraformCompleteExample 2022-08-26T05:06:06Z logger.go:66: Running command terraform with args [destroy -auto-approve -input=false -no-color -lock=false]
TestTerraformCompleteExample 2022-08-26T05:06:09Z logger.go:66: data.aws_prefix_list.private_s3: Reading...
TestTerraformCompleteExample 2022-08-26T05:06:09Z logger.go:66: data.aws_vpc.default: Reading...
TestTerraformCompleteExample 2022-08-26T05:06:09Z logger.go:66: data.aws_prefix_list.private_s3: Read complete after 0s [id=pl-1111111111]
TestTerraformCompleteExample 2022-08-26T05:06:10Z logger.go:66: data.aws_vpc.default: Read complete after 0s [id=vpc-11111111]
TestTerraformCompleteExample 2022-08-26T05:06:10Z logger.go:66: data.aws_security_group.default: Reading...
TestTerraformCompleteExample 2022-08-26T05:06:10Z logger.go:66: aws_security_group.other: Refreshing state... [id=sg-1111111111111111]
TestTerraformCompleteExample 2022-08-26T05:06:10Z logger.go:66: aws_ec2_managed_prefix_list.other: Refreshing state... [id=pl-1111111111]
TestTerraformCompleteExample 2022-08-26T05:06:10Z logger.go:66: module.security_group.aws_security_group.self[0]: Refreshing state... [id=sg-1111111111111111]
TestTerraformCompleteExample 2022-08-26T05:06:10Z logger.go:66: data.aws_security_group.default: Read complete after 1s [id=sg-1111111111111111]
TestTerraformCompleteExample 2022-08-26T05:06:10Z logger.go:66: module.security_group.aws_security_group_rule.rules["ingress-all-all-icmp-from-sg-1111111111111111"]: Refreshing state... [id=sgrule-1111111111]
TestTerraformCompleteExample 2022-08-26T05:06:10Z logger.go:66: module.security_group.aws_security_group_rule.rules["ingress-all-all-all-from-self"]: Refreshing state... [id=sgrule-1111111111]
TestTerraformCompleteExample 2022-08-26T05:06:10Z logger.go:66: module.security_group.aws_security_group_rule.computed_managed_ingress_rules[0]: Refreshing state... [id=sgrule-1111111111]
TestTerraformCompleteExample 2022-08-26T05:06:10Z logger.go:66: module.security_group.aws_security_group_rule.managed_rules["egress-https-443-tcp-to-10.10.0.0/16,10.20.0.0/24"]: Refreshing state... [id=sgrule-1111111111]
TestTerraformCompleteExample 2022-08-26T05:06:10Z logger.go:66: module.security_group.aws_security_group_rule.managed_rules["ingress-ssh-tcp-from-pl-1111111111"]: Refreshing state... [id=sgrule-1111111111]
TestTerraformCompleteExample 2022-08-26T05:06:10Z logger.go:66: module.security_group.aws_security_group_rule.managed_rules["ingress-postgresql-tcp-from-2001:db8::/64"]: Refreshing state... [id=sgrule-1111111111]
TestTerraformCompleteExample 2022-08-26T05:06:10Z logger.go:66: module.security_group.aws_security_group_rule.rules["egress-all-all-icmp-to-sg-1111111111111111"]: Refreshing state... [id=sgrule-1111111111]
TestTerraformCompleteExample 2022-08-26T05:06:10Z logger.go:66: module.security_group.aws_security_group_rule.egress_all_to_public_rules["egress-all-all-to-public"]: Refreshing state... [id=sgrule-1111111111]
TestTerraformCompleteExample 2022-08-26T05:06:10Z logger.go:66: module.security_group.aws_security_group_rule.rules["egress-all-all-all-to-self"]: Refreshing state... [id=sgrule-1111111111]
TestTerraformCompleteExample 2022-08-26T05:06:10Z logger.go:66: module.security_group.aws_security_group_rule.managed_rules["egress-postgresql-tcp-to-2001:db8::/64"]: Refreshing state... [id=sgrule-1111111111]
TestTerraformCompleteExample 2022-08-26T05:06:10Z logger.go:66: module.security_group.aws_security_group_rule.managed_rules["egress-ssh-tcp-to-pl-1111111111"]: Refreshing state... [id=sgrule-1111111111]
TestTerraformCompleteExample 2022-08-26T05:06:10Z logger.go:66: module.security_group.aws_security_group_rule.managed_rules["ingress-all-all-from-10.10.0.0/16,10.20.0.0/24"]: Refreshing state... [id=sgrule-1111111111]
TestTerraformCompleteExample 2022-08-26T05:06:10Z logger.go:66: module.security_group.aws_security_group_rule.computed_ingress_rules[0]: Refreshing state... [id=sgrule-1111111111]
TestTerraformCompleteExample 2022-08-26T05:06:10Z logger.go:66: module.security_group.aws_security_group_rule.computed_egress_rules[0]: Refreshing state... [id=sgrule-1111111111]
TestTerraformCompleteExample 2022-08-26T05:06:10Z logger.go:66: module.security_group.aws_security_group_rule.computed_managed_egress_rules[0]: Refreshing state... [id=sgrule-1111111111]
TestTerraformCompleteExample 2022-08-26T05:06:11Z logger.go:66:
TestTerraformCompleteExample 2022-08-26T05:06:11Z logger.go:66: Terraform used the selected providers to generate the following execution
TestTerraformCompleteExample 2022-08-26T05:06:11Z logger.go:66: plan. Resource actions are indicated with the following symbols:
TestTerraformCompleteExample 2022-08-26T05:06:11Z logger.go:66:   - destroy
TestTerraformCompleteExample 2022-08-26T05:06:11Z logger.go:66:
TestTerraformCompleteExample 2022-08-26T05:06:11Z logger.go:66: Terraform will perform the following actions:
TestTerraformCompleteExample 2022-08-26T05:06:11Z logger.go:66:
TestTerraformCompleteExample 2022-08-26T05:06:11Z logger.go:66:   # aws_ec2_managed_prefix_list.other will be destroyed
TestTerraformCompleteExample 2022-08-26T05:06:11Z logger.go:66:   - resource "aws_ec2_managed_prefix_list" "other" {
TestTerraformCompleteExample 2022-08-26T05:06:11Z logger.go:66:       - address_family = "IPv4" -> null
TestTerraformCompleteExample 2022-08-26T05:06:11Z logger.go:66:       - arn            = "arn:aws:ec2:us-west-2:111111111111:prefix-list/pl-1111111111" -> null
TestTerraformCompleteExample 2022-08-26T05:06:11Z logger.go:66:       - id             = "pl-1111111111" -> null
TestTerraformCompleteExample 2022-08-26T05:06:11Z logger.go:66:       - max_entries    = 5 -> null
TestTerraformCompleteExample 2022-08-26T05:06:11Z logger.go:66:       - name           = "ex-complete-other" -> null
TestTerraformCompleteExample 2022-08-26T05:06:11Z logger.go:66:       - owner_id       = "111111111111" -> null
TestTerraformCompleteExample 2022-08-26T05:06:11Z logger.go:66:       - tags           = {} -> null
TestTerraformCompleteExample 2022-08-26T05:06:11Z logger.go:66:       - tags_all       = {
TestTerraformCompleteExample 2022-08-26T05:06:11Z logger.go:66:           - "Example"    = "ex-complete"
TestTerraformCompleteExample 2022-08-26T05:06:11Z logger.go:66:           - "GithubOrg"  = "aidanmelen"
TestTerraformCompleteExample 2022-08-26T05:06:11Z logger.go:66:           - "GithubRepo" = "terraform-aws-security-group"
TestTerraformCompleteExample 2022-08-26T05:06:11Z logger.go:66:         } -> null
TestTerraformCompleteExample 2022-08-26T05:06:11Z logger.go:66:       - version        = 1 -> null
TestTerraformCompleteExample 2022-08-26T05:06:11Z logger.go:66:
TestTerraformCompleteExample 2022-08-26T05:06:11Z logger.go:66:       - entry {
TestTerraformCompleteExample 2022-08-26T05:06:11Z logger.go:66:           - cidr        = "172.31.0.0/16" -> null
TestTerraformCompleteExample 2022-08-26T05:06:11Z logger.go:66:           - description = "Primary" -> null
TestTerraformCompleteExample 2022-08-26T05:06:11Z logger.go:66:         }
TestTerraformCompleteExample 2022-08-26T05:06:11Z logger.go:66:     }
TestTerraformCompleteExample 2022-08-26T05:06:11Z logger.go:66:
TestTerraformCompleteExample 2022-08-26T05:06:11Z logger.go:66:   # aws_security_group.other will be destroyed
TestTerraformCompleteExample 2022-08-26T05:06:11Z logger.go:66:   - resource "aws_security_group" "other" {
TestTerraformCompleteExample 2022-08-26T05:06:11Z logger.go:66:       - arn                    = "arn:aws:ec2:us-west-2:111111111111:security-group/sg-1111111111111111" -> null
TestTerraformCompleteExample 2022-08-26T05:06:11Z logger.go:66:       - description            = "ex-complete-other" -> null
TestTerraformCompleteExample 2022-08-26T05:06:11Z logger.go:66:       - egress                 = [] -> null
TestTerraformCompleteExample 2022-08-26T05:06:11Z logger.go:66:       - id                     = "sg-1111111111111111" -> null
TestTerraformCompleteExample 2022-08-26T05:06:11Z logger.go:66:       - ingress                = [] -> null
TestTerraformCompleteExample 2022-08-26T05:06:11Z logger.go:66:       - name                   = "ex-complete-other" -> null
TestTerraformCompleteExample 2022-08-26T05:06:11Z logger.go:66:       - owner_id               = "111111111111" -> null
TestTerraformCompleteExample 2022-08-26T05:06:11Z logger.go:66:       - revoke_rules_on_delete = false -> null
TestTerraformCompleteExample 2022-08-26T05:06:11Z logger.go:66:       - tags                   = {
TestTerraformCompleteExample 2022-08-26T05:06:11Z logger.go:66:           - "Name" = "ex-complete-other"
TestTerraformCompleteExample 2022-08-26T05:06:11Z logger.go:66:         } -> null
TestTerraformCompleteExample 2022-08-26T05:06:11Z logger.go:66:       - tags_all               = {
TestTerraformCompleteExample 2022-08-26T05:06:11Z logger.go:66:           - "Example"    = "ex-complete"
TestTerraformCompleteExample 2022-08-26T05:06:11Z logger.go:66:           - "GithubOrg"  = "aidanmelen"
TestTerraformCompleteExample 2022-08-26T05:06:11Z logger.go:66:           - "GithubRepo" = "terraform-aws-security-group"
TestTerraformCompleteExample 2022-08-26T05:06:11Z logger.go:66:           - "Name"       = "ex-complete-other"
TestTerraformCompleteExample 2022-08-26T05:06:11Z logger.go:66:         } -> null
TestTerraformCompleteExample 2022-08-26T05:06:11Z logger.go:66:       - vpc_id                 = "vpc-11111111" -> null
TestTerraformCompleteExample 2022-08-26T05:06:11Z logger.go:66:     }
TestTerraformCompleteExample 2022-08-26T05:06:11Z logger.go:66:
TestTerraformCompleteExample 2022-08-26T05:06:11Z logger.go:66:   # module.security_group.aws_security_group.self[0] will be destroyed
TestTerraformCompleteExample 2022-08-26T05:06:11Z logger.go:66:   - resource "aws_security_group" "self" {
TestTerraformCompleteExample 2022-08-26T05:06:11Z logger.go:66:       - arn                    = "arn:aws:ec2:us-west-2:111111111111:security-group/sg-1111111111111111" -> null
TestTerraformCompleteExample 2022-08-26T05:06:11Z logger.go:66:       - description            = "ex-complete" -> null
TestTerraformCompleteExample 2022-08-26T05:06:11Z logger.go:66:       - egress                 = [
TestTerraformCompleteExample 2022-08-26T05:06:11Z logger.go:66:           - {
TestTerraformCompleteExample 2022-08-26T05:06:11Z logger.go:66:               - cidr_blocks      = [
TestTerraformCompleteExample 2022-08-26T05:06:11Z logger.go:66:                   - "0.0.0.0/0",
TestTerraformCompleteExample 2022-08-26T05:06:11Z logger.go:66:                 ]
TestTerraformCompleteExample 2022-08-26T05:06:11Z logger.go:66:               - description      = "Opening up ports to connect out to the public internet is generally to be avoided. Please see [no-public-egress-sgr](https://aquasecurity.github.io/tfsec/v0.61.3/checks/aws/vpc/no-public-egress-sgr/) for more information"
TestTerraformCompleteExample 2022-08-26T05:06:11Z logger.go:66:               - from_port        = 0
TestTerraformCompleteExample 2022-08-26T05:06:11Z logger.go:66:               - ipv6_cidr_blocks = [
TestTerraformCompleteExample 2022-08-26T05:06:11Z logger.go:66:                   - "::/0",
TestTerraformCompleteExample 2022-08-26T05:06:11Z logger.go:66:                 ]
TestTerraformCompleteExample 2022-08-26T05:06:11Z logger.go:66:               - prefix_list_ids  = []
TestTerraformCompleteExample 2022-08-26T05:06:11Z logger.go:66:               - protocol         = "-1"
TestTerraformCompleteExample 2022-08-26T05:06:11Z logger.go:66:               - security_groups  = []
TestTerraformCompleteExample 2022-08-26T05:06:11Z logger.go:66:               - self             = false
TestTerraformCompleteExample 2022-08-26T05:06:11Z logger.go:66:               - to_port          = 0
TestTerraformCompleteExample 2022-08-26T05:06:11Z logger.go:66:             },
TestTerraformCompleteExample 2022-08-26T05:06:11Z logger.go:66:           - {
TestTerraformCompleteExample 2022-08-26T05:06:11Z logger.go:66:               - cidr_blocks      = [
TestTerraformCompleteExample 2022-08-26T05:06:11Z logger.go:66:                   - "10.10.0.0/16",
TestTerraformCompleteExample 2022-08-26T05:06:11Z logger.go:66:                   - "10.20.0.0/24",
TestTerraformCompleteExample 2022-08-26T05:06:11Z logger.go:66:                 ]
TestTerraformCompleteExample 2022-08-26T05:06:11Z logger.go:66:               - description      = "egress-https-443-tcp-to-10.10.0.0/16,10.20.0.0/24"
TestTerraformCompleteExample 2022-08-26T05:06:11Z logger.go:66:               - from_port        = 443
TestTerraformCompleteExample 2022-08-26T05:06:11Z logger.go:66:               - ipv6_cidr_blocks = []
TestTerraformCompleteExample 2022-08-26T05:06:11Z logger.go:66:               - prefix_list_ids  = []
TestTerraformCompleteExample 2022-08-26T05:06:11Z logger.go:66:               - protocol         = "tcp"
TestTerraformCompleteExample 2022-08-26T05:06:11Z logger.go:66:               - security_groups  = []
TestTerraformCompleteExample 2022-08-26T05:06:11Z logger.go:66:               - self             = false
TestTerraformCompleteExample 2022-08-26T05:06:11Z logger.go:66:               - to_port          = 443
TestTerraformCompleteExample 2022-08-26T05:06:11Z logger.go:66:             },
TestTerraformCompleteExample 2022-08-26T05:06:11Z logger.go:66:           - {
TestTerraformCompleteExample 2022-08-26T05:06:11Z logger.go:66:               - cidr_blocks      = []
TestTerraformCompleteExample 2022-08-26T05:06:11Z logger.go:66:               - description      = ""
TestTerraformCompleteExample 2022-08-26T05:06:11Z logger.go:66:               - from_port        = 80
TestTerraformCompleteExample 2022-08-26T05:06:11Z logger.go:66:               - ipv6_cidr_blocks = []
TestTerraformCompleteExample 2022-08-26T05:06:11Z logger.go:66:               - prefix_list_ids  = [
TestTerraformCompleteExample 2022-08-26T05:06:11Z logger.go:66:                   - "pl-1111111111",
TestTerraformCompleteExample 2022-08-26T05:06:11Z logger.go:66:                 ]
TestTerraformCompleteExample 2022-08-26T05:06:11Z logger.go:66:               - protocol         = "tcp"
TestTerraformCompleteExample 2022-08-26T05:06:11Z logger.go:66:               - security_groups  = []
TestTerraformCompleteExample 2022-08-26T05:06:11Z logger.go:66:               - self             = false
TestTerraformCompleteExample 2022-08-26T05:06:11Z logger.go:66:               - to_port          = 80
TestTerraformCompleteExample 2022-08-26T05:06:11Z logger.go:66:             },
TestTerraformCompleteExample 2022-08-26T05:06:11Z logger.go:66:           - {
TestTerraformCompleteExample 2022-08-26T05:06:11Z logger.go:66:               - cidr_blocks      = []
TestTerraformCompleteExample 2022-08-26T05:06:11Z logger.go:66:               - description      = "egress-all-all-all-to-self"
TestTerraformCompleteExample 2022-08-26T05:06:11Z logger.go:66:               - from_port        = 0
TestTerraformCompleteExample 2022-08-26T05:06:11Z logger.go:66:               - ipv6_cidr_blocks = []
TestTerraformCompleteExample 2022-08-26T05:06:11Z logger.go:66:               - prefix_list_ids  = []
TestTerraformCompleteExample 2022-08-26T05:06:11Z logger.go:66:               - protocol         = "-1"
TestTerraformCompleteExample 2022-08-26T05:06:11Z logger.go:66:               - security_groups  = []
TestTerraformCompleteExample 2022-08-26T05:06:11Z logger.go:66:               - self             = true
TestTerraformCompleteExample 2022-08-26T05:06:11Z logger.go:66:               - to_port          = 0
TestTerraformCompleteExample 2022-08-26T05:06:11Z logger.go:66:             },
TestTerraformCompleteExample 2022-08-26T05:06:11Z logger.go:66:           - {
TestTerraformCompleteExample 2022-08-26T05:06:11Z logger.go:66:               - cidr_blocks      = []
TestTerraformCompleteExample 2022-08-26T05:06:11Z logger.go:66:               - description      = "egress-all-all-icmp-to-sg-1111111111111111"
TestTerraformCompleteExample 2022-08-26T05:06:11Z logger.go:66:               - from_port        = -1
TestTerraformCompleteExample 2022-08-26T05:06:11Z logger.go:66:               - ipv6_cidr_blocks = []
TestTerraformCompleteExample 2022-08-26T05:06:11Z logger.go:66:               - prefix_list_ids  = []
TestTerraformCompleteExample 2022-08-26T05:06:11Z logger.go:66:               - protocol         = "icmp"
TestTerraformCompleteExample 2022-08-26T05:06:11Z logger.go:66:               - security_groups  = [
TestTerraformCompleteExample 2022-08-26T05:06:11Z logger.go:66:                   - "sg-1111111111111111",
TestTerraformCompleteExample 2022-08-26T05:06:11Z logger.go:66:                 ]
TestTerraformCompleteExample 2022-08-26T05:06:11Z logger.go:66:               - self             = false
TestTerraformCompleteExample 2022-08-26T05:06:11Z logger.go:66:               - to_port          = -1
TestTerraformCompleteExample 2022-08-26T05:06:11Z logger.go:66:             },
TestTerraformCompleteExample 2022-08-26T05:06:11Z logger.go:66:           - {
TestTerraformCompleteExample 2022-08-26T05:06:11Z logger.go:66:               - cidr_blocks      = []
TestTerraformCompleteExample 2022-08-26T05:06:11Z logger.go:66:               - description      = "egress-postgresql-tcp-to-2001:db8::/64"
TestTerraformCompleteExample 2022-08-26T05:06:11Z logger.go:66:               - from_port        = 5432
TestTerraformCompleteExample 2022-08-26T05:06:11Z logger.go:66:               - ipv6_cidr_blocks = [
TestTerraformCompleteExample 2022-08-26T05:06:11Z logger.go:66:                   - "2001:db8::/64",
TestTerraformCompleteExample 2022-08-26T05:06:11Z logger.go:66:                 ]
TestTerraformCompleteExample 2022-08-26T05:06:11Z logger.go:66:               - prefix_list_ids  = []
TestTerraformCompleteExample 2022-08-26T05:06:11Z logger.go:66:               - protocol         = "tcp"
TestTerraformCompleteExample 2022-08-26T05:06:11Z logger.go:66:               - security_groups  = []
TestTerraformCompleteExample 2022-08-26T05:06:11Z logger.go:66:               - self             = false
TestTerraformCompleteExample 2022-08-26T05:06:11Z logger.go:66:               - to_port          = 5432
TestTerraformCompleteExample 2022-08-26T05:06:11Z logger.go:66:             },
TestTerraformCompleteExample 2022-08-26T05:06:11Z logger.go:66:           - {
TestTerraformCompleteExample 2022-08-26T05:06:11Z logger.go:66:               - cidr_blocks      = []
TestTerraformCompleteExample 2022-08-26T05:06:11Z logger.go:66:               - description      = "egress-ssh-tcp-to-pl-1111111111"
TestTerraformCompleteExample 2022-08-26T05:06:11Z logger.go:66:               - from_port        = 22
TestTerraformCompleteExample 2022-08-26T05:06:11Z logger.go:66:               - ipv6_cidr_blocks = []
TestTerraformCompleteExample 2022-08-26T05:06:11Z logger.go:66:               - prefix_list_ids  = [
TestTerraformCompleteExample 2022-08-26T05:06:11Z logger.go:66:                   - "pl-1111111111",
TestTerraformCompleteExample 2022-08-26T05:06:11Z logger.go:66:                 ]
TestTerraformCompleteExample 2022-08-26T05:06:11Z logger.go:66:               - protocol         = "tcp"
TestTerraformCompleteExample 2022-08-26T05:06:11Z logger.go:66:               - security_groups  = []
TestTerraformCompleteExample 2022-08-26T05:06:11Z logger.go:66:               - self             = false
TestTerraformCompleteExample 2022-08-26T05:06:11Z logger.go:66:               - to_port          = 22
TestTerraformCompleteExample 2022-08-26T05:06:11Z logger.go:66:             },
TestTerraformCompleteExample 2022-08-26T05:06:11Z logger.go:66:           - {
TestTerraformCompleteExample 2022-08-26T05:06:11Z logger.go:66:               - cidr_blocks      = []
TestTerraformCompleteExample 2022-08-26T05:06:11Z logger.go:66:               - description      = "https-443-tcp"
TestTerraformCompleteExample 2022-08-26T05:06:11Z logger.go:66:               - from_port        = 443
TestTerraformCompleteExample 2022-08-26T05:06:11Z logger.go:66:               - ipv6_cidr_blocks = []
TestTerraformCompleteExample 2022-08-26T05:06:11Z logger.go:66:               - prefix_list_ids  = [
TestTerraformCompleteExample 2022-08-26T05:06:11Z logger.go:66:                   - "pl-1111111111",
TestTerraformCompleteExample 2022-08-26T05:06:11Z logger.go:66:                 ]
TestTerraformCompleteExample 2022-08-26T05:06:11Z logger.go:66:               - protocol         = "tcp"
TestTerraformCompleteExample 2022-08-26T05:06:11Z logger.go:66:               - security_groups  = []
TestTerraformCompleteExample 2022-08-26T05:06:11Z logger.go:66:               - self             = false
TestTerraformCompleteExample 2022-08-26T05:06:11Z logger.go:66:               - to_port          = 443
TestTerraformCompleteExample 2022-08-26T05:06:11Z logger.go:66:             },
TestTerraformCompleteExample 2022-08-26T05:06:11Z logger.go:66:         ] -> null
TestTerraformCompleteExample 2022-08-26T05:06:11Z logger.go:66:       - id                     = "sg-1111111111111111" -> null
TestTerraformCompleteExample 2022-08-26T05:06:11Z logger.go:66:       - ingress                = [
TestTerraformCompleteExample 2022-08-26T05:06:11Z logger.go:66:           - {
TestTerraformCompleteExample 2022-08-26T05:06:11Z logger.go:66:               - cidr_blocks      = [
TestTerraformCompleteExample 2022-08-26T05:06:11Z logger.go:66:                   - "10.10.0.0/16",
TestTerraformCompleteExample 2022-08-26T05:06:11Z logger.go:66:                   - "10.20.0.0/24",
TestTerraformCompleteExample 2022-08-26T05:06:11Z logger.go:66:                 ]
TestTerraformCompleteExample 2022-08-26T05:06:11Z logger.go:66:               - description      = "ingress-all-all-from-10.10.0.0/16,10.20.0.0/24"
TestTerraformCompleteExample 2022-08-26T05:06:11Z logger.go:66:               - from_port        = 0
TestTerraformCompleteExample 2022-08-26T05:06:11Z logger.go:66:               - ipv6_cidr_blocks = []
TestTerraformCompleteExample 2022-08-26T05:06:11Z logger.go:66:               - prefix_list_ids  = []
TestTerraformCompleteExample 2022-08-26T05:06:11Z logger.go:66:               - protocol         = "-1"
TestTerraformCompleteExample 2022-08-26T05:06:11Z logger.go:66:               - security_groups  = []
TestTerraformCompleteExample 2022-08-26T05:06:11Z logger.go:66:               - self             = false
TestTerraformCompleteExample 2022-08-26T05:06:11Z logger.go:66:               - to_port          = 0
TestTerraformCompleteExample 2022-08-26T05:06:11Z logger.go:66:             },
TestTerraformCompleteExample 2022-08-26T05:06:11Z logger.go:66:           - {
TestTerraformCompleteExample 2022-08-26T05:06:11Z logger.go:66:               - cidr_blocks      = []
TestTerraformCompleteExample 2022-08-26T05:06:11Z logger.go:66:               - description      = ""
TestTerraformCompleteExample 2022-08-26T05:06:11Z logger.go:66:               - from_port        = 80
TestTerraformCompleteExample 2022-08-26T05:06:11Z logger.go:66:               - ipv6_cidr_blocks = []
TestTerraformCompleteExample 2022-08-26T05:06:11Z logger.go:66:               - prefix_list_ids  = []
TestTerraformCompleteExample 2022-08-26T05:06:11Z logger.go:66:               - protocol         = "tcp"
TestTerraformCompleteExample 2022-08-26T05:06:11Z logger.go:66:               - security_groups  = [
TestTerraformCompleteExample 2022-08-26T05:06:11Z logger.go:66:                   - "sg-1111111111111111",
TestTerraformCompleteExample 2022-08-26T05:06:11Z logger.go:66:                 ]
TestTerraformCompleteExample 2022-08-26T05:06:11Z logger.go:66:               - self             = false
TestTerraformCompleteExample 2022-08-26T05:06:11Z logger.go:66:               - to_port          = 80
TestTerraformCompleteExample 2022-08-26T05:06:11Z logger.go:66:             },
TestTerraformCompleteExample 2022-08-26T05:06:11Z logger.go:66:           - {
TestTerraformCompleteExample 2022-08-26T05:06:11Z logger.go:66:               - cidr_blocks      = []
TestTerraformCompleteExample 2022-08-26T05:06:11Z logger.go:66:               - description      = "https-443-tcp"
TestTerraformCompleteExample 2022-08-26T05:06:11Z logger.go:66:               - from_port        = 443
TestTerraformCompleteExample 2022-08-26T05:06:11Z logger.go:66:               - ipv6_cidr_blocks = []
TestTerraformCompleteExample 2022-08-26T05:06:11Z logger.go:66:               - prefix_list_ids  = []
TestTerraformCompleteExample 2022-08-26T05:06:11Z logger.go:66:               - protocol         = "tcp"
TestTerraformCompleteExample 2022-08-26T05:06:11Z logger.go:66:               - security_groups  = [
TestTerraformCompleteExample 2022-08-26T05:06:11Z logger.go:66:                   - "sg-1111111111111111",
TestTerraformCompleteExample 2022-08-26T05:06:11Z logger.go:66:                 ]
TestTerraformCompleteExample 2022-08-26T05:06:11Z logger.go:66:               - self             = false
TestTerraformCompleteExample 2022-08-26T05:06:11Z logger.go:66:               - to_port          = 443
TestTerraformCompleteExample 2022-08-26T05:06:11Z logger.go:66:             },
TestTerraformCompleteExample 2022-08-26T05:06:11Z logger.go:66:           - {
TestTerraformCompleteExample 2022-08-26T05:06:11Z logger.go:66:               - cidr_blocks      = []
TestTerraformCompleteExample 2022-08-26T05:06:11Z logger.go:66:               - description      = "ingress-all-all-all-from-self"
TestTerraformCompleteExample 2022-08-26T05:06:11Z logger.go:66:               - from_port        = 0
TestTerraformCompleteExample 2022-08-26T05:06:11Z logger.go:66:               - ipv6_cidr_blocks = []
TestTerraformCompleteExample 2022-08-26T05:06:11Z logger.go:66:               - prefix_list_ids  = []
TestTerraformCompleteExample 2022-08-26T05:06:11Z logger.go:66:               - protocol         = "-1"
TestTerraformCompleteExample 2022-08-26T05:06:11Z logger.go:66:               - security_groups  = []
TestTerraformCompleteExample 2022-08-26T05:06:11Z logger.go:66:               - self             = true
TestTerraformCompleteExample 2022-08-26T05:06:11Z logger.go:66:               - to_port          = 0
TestTerraformCompleteExample 2022-08-26T05:06:11Z logger.go:66:             },
TestTerraformCompleteExample 2022-08-26T05:06:11Z logger.go:66:           - {
TestTerraformCompleteExample 2022-08-26T05:06:11Z logger.go:66:               - cidr_blocks      = []
TestTerraformCompleteExample 2022-08-26T05:06:11Z logger.go:66:               - description      = "ingress-all-all-icmp-from-sg-1111111111111111"
TestTerraformCompleteExample 2022-08-26T05:06:11Z logger.go:66:               - from_port        = -1
TestTerraformCompleteExample 2022-08-26T05:06:11Z logger.go:66:               - ipv6_cidr_blocks = []
TestTerraformCompleteExample 2022-08-26T05:06:11Z logger.go:66:               - prefix_list_ids  = []
TestTerraformCompleteExample 2022-08-26T05:06:11Z logger.go:66:               - protocol         = "icmp"
TestTerraformCompleteExample 2022-08-26T05:06:11Z logger.go:66:               - security_groups  = [
TestTerraformCompleteExample 2022-08-26T05:06:11Z logger.go:66:                   - "sg-1111111111111111",
TestTerraformCompleteExample 2022-08-26T05:06:11Z logger.go:66:                 ]
TestTerraformCompleteExample 2022-08-26T05:06:11Z logger.go:66:               - self             = false
TestTerraformCompleteExample 2022-08-26T05:06:11Z logger.go:66:               - to_port          = -1
TestTerraformCompleteExample 2022-08-26T05:06:11Z logger.go:66:             },
TestTerraformCompleteExample 2022-08-26T05:06:11Z logger.go:66:           - {
TestTerraformCompleteExample 2022-08-26T05:06:11Z logger.go:66:               - cidr_blocks      = []
TestTerraformCompleteExample 2022-08-26T05:06:11Z logger.go:66:               - description      = "ingress-postgresql-tcp-from-2001:db8::/64"
TestTerraformCompleteExample 2022-08-26T05:06:11Z logger.go:66:               - from_port        = 5432
TestTerraformCompleteExample 2022-08-26T05:06:11Z logger.go:66:               - ipv6_cidr_blocks = [
TestTerraformCompleteExample 2022-08-26T05:06:11Z logger.go:66:                   - "2001:db8::/64",
TestTerraformCompleteExample 2022-08-26T05:06:11Z logger.go:66:                 ]
TestTerraformCompleteExample 2022-08-26T05:06:11Z logger.go:66:               - prefix_list_ids  = []
TestTerraformCompleteExample 2022-08-26T05:06:11Z logger.go:66:               - protocol         = "tcp"
TestTerraformCompleteExample 2022-08-26T05:06:11Z logger.go:66:               - security_groups  = []
TestTerraformCompleteExample 2022-08-26T05:06:11Z logger.go:66:               - self             = false
TestTerraformCompleteExample 2022-08-26T05:06:11Z logger.go:66:               - to_port          = 5432
TestTerraformCompleteExample 2022-08-26T05:06:11Z logger.go:66:             },
TestTerraformCompleteExample 2022-08-26T05:06:11Z logger.go:66:           - {
TestTerraformCompleteExample 2022-08-26T05:06:11Z logger.go:66:               - cidr_blocks      = []
TestTerraformCompleteExample 2022-08-26T05:06:11Z logger.go:66:               - description      = "ingress-ssh-tcp-from-pl-1111111111"
TestTerraformCompleteExample 2022-08-26T05:06:11Z logger.go:66:               - from_port        = 22
TestTerraformCompleteExample 2022-08-26T05:06:11Z logger.go:66:               - ipv6_cidr_blocks = []
TestTerraformCompleteExample 2022-08-26T05:06:11Z logger.go:66:               - prefix_list_ids  = [
TestTerraformCompleteExample 2022-08-26T05:06:11Z logger.go:66:                   - "pl-1111111111",
TestTerraformCompleteExample 2022-08-26T05:06:11Z logger.go:66:                 ]
TestTerraformCompleteExample 2022-08-26T05:06:11Z logger.go:66:               - protocol         = "tcp"
TestTerraformCompleteExample 2022-08-26T05:06:11Z logger.go:66:               - security_groups  = []
TestTerraformCompleteExample 2022-08-26T05:06:11Z logger.go:66:               - self             = false
TestTerraformCompleteExample 2022-08-26T05:06:11Z logger.go:66:               - to_port          = 22
TestTerraformCompleteExample 2022-08-26T05:06:11Z logger.go:66:             },
TestTerraformCompleteExample 2022-08-26T05:06:11Z logger.go:66:         ] -> null
TestTerraformCompleteExample 2022-08-26T05:06:11Z logger.go:66:       - name                   = "ex-complete" -> null
TestTerraformCompleteExample 2022-08-26T05:06:11Z logger.go:66:       - owner_id               = "111111111111" -> null
TestTerraformCompleteExample 2022-08-26T05:06:11Z logger.go:66:       - revoke_rules_on_delete = false -> null
TestTerraformCompleteExample 2022-08-26T05:06:11Z logger.go:66:       - tags                   = {
TestTerraformCompleteExample 2022-08-26T05:06:11Z logger.go:66:           - "Name" = "ex-complete"
TestTerraformCompleteExample 2022-08-26T05:06:11Z logger.go:66:         } -> null
TestTerraformCompleteExample 2022-08-26T05:06:11Z logger.go:66:       - tags_all               = {
TestTerraformCompleteExample 2022-08-26T05:06:11Z logger.go:66:           - "Example"    = "ex-complete"
TestTerraformCompleteExample 2022-08-26T05:06:11Z logger.go:66:           - "GithubOrg"  = "aidanmelen"
TestTerraformCompleteExample 2022-08-26T05:06:11Z logger.go:66:           - "GithubRepo" = "terraform-aws-security-group"
TestTerraformCompleteExample 2022-08-26T05:06:11Z logger.go:66:           - "Name"       = "ex-complete"
TestTerraformCompleteExample 2022-08-26T05:06:11Z logger.go:66:         } -> null
TestTerraformCompleteExample 2022-08-26T05:06:11Z logger.go:66:       - vpc_id                 = "vpc-11111111" -> null
TestTerraformCompleteExample 2022-08-26T05:06:11Z logger.go:66:
TestTerraformCompleteExample 2022-08-26T05:06:11Z logger.go:66:       - timeouts {
TestTerraformCompleteExample 2022-08-26T05:06:11Z logger.go:66:           - create = "10m" -> null
TestTerraformCompleteExample 2022-08-26T05:06:11Z logger.go:66:           - delete = "15m" -> null
TestTerraformCompleteExample 2022-08-26T05:06:11Z logger.go:66:         }
TestTerraformCompleteExample 2022-08-26T05:06:11Z logger.go:66:     }
TestTerraformCompleteExample 2022-08-26T05:06:11Z logger.go:66:
TestTerraformCompleteExample 2022-08-26T05:06:11Z logger.go:66:   # module.security_group.aws_security_group_rule.computed_egress_rules[0] will be destroyed
TestTerraformCompleteExample 2022-08-26T05:06:11Z logger.go:66:   - resource "aws_security_group_rule" "computed_egress_rules" {
TestTerraformCompleteExample 2022-08-26T05:06:11Z logger.go:66:       - from_port         = 80 -> null
TestTerraformCompleteExample 2022-08-26T05:06:11Z logger.go:66:       - id                = "sgrule-1111111111" -> null
TestTerraformCompleteExample 2022-08-26T05:06:11Z logger.go:66:       - prefix_list_ids   = [
TestTerraformCompleteExample 2022-08-26T05:06:11Z logger.go:66:           - "pl-1111111111",
TestTerraformCompleteExample 2022-08-26T05:06:11Z logger.go:66:         ] -> null
TestTerraformCompleteExample 2022-08-26T05:06:11Z logger.go:66:       - protocol          = "tcp" -> null
TestTerraformCompleteExample 2022-08-26T05:06:11Z logger.go:66:       - security_group_id = "sg-1111111111111111" -> null
TestTerraformCompleteExample 2022-08-26T05:06:11Z logger.go:66:       - self              = false -> null
TestTerraformCompleteExample 2022-08-26T05:06:11Z logger.go:66:       - to_port           = 80 -> null
TestTerraformCompleteExample 2022-08-26T05:06:11Z logger.go:66:       - type              = "egress" -> null
TestTerraformCompleteExample 2022-08-26T05:06:11Z logger.go:66:     }
TestTerraformCompleteExample 2022-08-26T05:06:11Z logger.go:66:
TestTerraformCompleteExample 2022-08-26T05:06:11Z logger.go:66:   # module.security_group.aws_security_group_rule.computed_ingress_rules[0] will be destroyed
TestTerraformCompleteExample 2022-08-26T05:06:11Z logger.go:66:   - resource "aws_security_group_rule" "computed_ingress_rules" {
TestTerraformCompleteExample 2022-08-26T05:06:11Z logger.go:66:       - from_port                = 80 -> null
TestTerraformCompleteExample 2022-08-26T05:06:11Z logger.go:66:       - id                       = "sgrule-1111111111" -> null
TestTerraformCompleteExample 2022-08-26T05:06:11Z logger.go:66:       - protocol                 = "tcp" -> null
TestTerraformCompleteExample 2022-08-26T05:06:11Z logger.go:66:       - security_group_id        = "sg-1111111111111111" -> null
TestTerraformCompleteExample 2022-08-26T05:06:11Z logger.go:66:       - self                     = false -> null
TestTerraformCompleteExample 2022-08-26T05:06:11Z logger.go:66:       - source_security_group_id = "sg-1111111111111111" -> null
TestTerraformCompleteExample 2022-08-26T05:06:11Z logger.go:66:       - to_port                  = 80 -> null
TestTerraformCompleteExample 2022-08-26T05:06:11Z logger.go:66:       - type                     = "ingress" -> null
TestTerraformCompleteExample 2022-08-26T05:06:11Z logger.go:66:     }
TestTerraformCompleteExample 2022-08-26T05:06:11Z logger.go:66:
TestTerraformCompleteExample 2022-08-26T05:06:11Z logger.go:66:   # module.security_group.aws_security_group_rule.computed_managed_egress_rules[0] will be destroyed
TestTerraformCompleteExample 2022-08-26T05:06:11Z logger.go:66:   - resource "aws_security_group_rule" "computed_managed_egress_rules" {
TestTerraformCompleteExample 2022-08-26T05:06:11Z logger.go:66:       - description       = "https-443-tcp" -> null
TestTerraformCompleteExample 2022-08-26T05:06:11Z logger.go:66:       - from_port         = 443 -> null
TestTerraformCompleteExample 2022-08-26T05:06:11Z logger.go:66:       - id                = "sgrule-1111111111" -> null
TestTerraformCompleteExample 2022-08-26T05:06:11Z logger.go:66:       - prefix_list_ids   = [
TestTerraformCompleteExample 2022-08-26T05:06:11Z logger.go:66:           - "pl-1111111111",
TestTerraformCompleteExample 2022-08-26T05:06:11Z logger.go:66:         ] -> null
TestTerraformCompleteExample 2022-08-26T05:06:11Z logger.go:66:       - protocol          = "tcp" -> null
TestTerraformCompleteExample 2022-08-26T05:06:11Z logger.go:66:       - security_group_id = "sg-1111111111111111" -> null
TestTerraformCompleteExample 2022-08-26T05:06:11Z logger.go:66:       - self              = false -> null
TestTerraformCompleteExample 2022-08-26T05:06:11Z logger.go:66:       - to_port           = 443 -> null
TestTerraformCompleteExample 2022-08-26T05:06:11Z logger.go:66:       - type              = "egress" -> null
TestTerraformCompleteExample 2022-08-26T05:06:11Z logger.go:66:     }
TestTerraformCompleteExample 2022-08-26T05:06:11Z logger.go:66:
TestTerraformCompleteExample 2022-08-26T05:06:11Z logger.go:66:   # module.security_group.aws_security_group_rule.computed_managed_ingress_rules[0] will be destroyed
TestTerraformCompleteExample 2022-08-26T05:06:11Z logger.go:66:   - resource "aws_security_group_rule" "computed_managed_ingress_rules" {
TestTerraformCompleteExample 2022-08-26T05:06:11Z logger.go:66:       - description              = "https-443-tcp" -> null
TestTerraformCompleteExample 2022-08-26T05:06:11Z logger.go:66:       - from_port                = 443 -> null
TestTerraformCompleteExample 2022-08-26T05:06:11Z logger.go:66:       - id                       = "sgrule-1111111111" -> null
TestTerraformCompleteExample 2022-08-26T05:06:11Z logger.go:66:       - protocol                 = "tcp" -> null
TestTerraformCompleteExample 2022-08-26T05:06:11Z logger.go:66:       - security_group_id        = "sg-1111111111111111" -> null
TestTerraformCompleteExample 2022-08-26T05:06:11Z logger.go:66:       - self                     = false -> null
TestTerraformCompleteExample 2022-08-26T05:06:11Z logger.go:66:       - source_security_group_id = "sg-1111111111111111" -> null
TestTerraformCompleteExample 2022-08-26T05:06:11Z logger.go:66:       - to_port                  = 443 -> null
TestTerraformCompleteExample 2022-08-26T05:06:11Z logger.go:66:       - type                     = "ingress" -> null
TestTerraformCompleteExample 2022-08-26T05:06:11Z logger.go:66:     }
TestTerraformCompleteExample 2022-08-26T05:06:11Z logger.go:66:
TestTerraformCompleteExample 2022-08-26T05:06:11Z logger.go:66:   # module.security_group.aws_security_group_rule.egress_all_to_public_rules["egress-all-all-to-public"] will be destroyed
TestTerraformCompleteExample 2022-08-26T05:06:11Z logger.go:66:   - resource "aws_security_group_rule" "egress_all_to_public_rules" {
TestTerraformCompleteExample 2022-08-26T05:06:11Z logger.go:66:       - cidr_blocks       = [
TestTerraformCompleteExample 2022-08-26T05:06:11Z logger.go:66:           - "0.0.0.0/0",
TestTerraformCompleteExample 2022-08-26T05:06:11Z logger.go:66:         ] -> null
TestTerraformCompleteExample 2022-08-26T05:06:11Z logger.go:66:       - description       = "Opening up ports to connect out to the public internet is generally to be avoided. Please see [no-public-egress-sgr](https://aquasecurity.github.io/tfsec/v0.61.3/checks/aws/vpc/no-public-egress-sgr/) for more information" -> null
TestTerraformCompleteExample 2022-08-26T05:06:11Z logger.go:66:       - from_port         = 0 -> null
TestTerraformCompleteExample 2022-08-26T05:06:11Z logger.go:66:       - id                = "sgrule-1111111111" -> null
TestTerraformCompleteExample 2022-08-26T05:06:11Z logger.go:66:       - ipv6_cidr_blocks  = [
TestTerraformCompleteExample 2022-08-26T05:06:11Z logger.go:66:           - "::/0",
TestTerraformCompleteExample 2022-08-26T05:06:11Z logger.go:66:         ] -> null
TestTerraformCompleteExample 2022-08-26T05:06:11Z logger.go:66:       - protocol          = "-1" -> null
TestTerraformCompleteExample 2022-08-26T05:06:11Z logger.go:66:       - security_group_id = "sg-1111111111111111" -> null
TestTerraformCompleteExample 2022-08-26T05:06:11Z logger.go:66:       - self              = false -> null
TestTerraformCompleteExample 2022-08-26T05:06:11Z logger.go:66:       - to_port           = 0 -> null
TestTerraformCompleteExample 2022-08-26T05:06:11Z logger.go:66:       - type              = "egress" -> null
TestTerraformCompleteExample 2022-08-26T05:06:11Z logger.go:66:     }
TestTerraformCompleteExample 2022-08-26T05:06:11Z logger.go:66:
TestTerraformCompleteExample 2022-08-26T05:06:11Z logger.go:66:   # module.security_group.aws_security_group_rule.managed_rules["egress-https-443-tcp-to-10.10.0.0/16,10.20.0.0/24"] will be destroyed
TestTerraformCompleteExample 2022-08-26T05:06:11Z logger.go:66:   - resource "aws_security_group_rule" "managed_rules" {
TestTerraformCompleteExample 2022-08-26T05:06:11Z logger.go:66:       - cidr_blocks       = [
TestTerraformCompleteExample 2022-08-26T05:06:11Z logger.go:66:           - "10.10.0.0/16",
TestTerraformCompleteExample 2022-08-26T05:06:11Z logger.go:66:           - "10.20.0.0/24",
TestTerraformCompleteExample 2022-08-26T05:06:11Z logger.go:66:         ] -> null
TestTerraformCompleteExample 2022-08-26T05:06:11Z logger.go:66:       - description       = "egress-https-443-tcp-to-10.10.0.0/16,10.20.0.0/24" -> null
TestTerraformCompleteExample 2022-08-26T05:06:11Z logger.go:66:       - from_port         = 443 -> null
TestTerraformCompleteExample 2022-08-26T05:06:11Z logger.go:66:       - id                = "sgrule-1111111111" -> null
TestTerraformCompleteExample 2022-08-26T05:06:11Z logger.go:66:       - protocol          = "tcp" -> null
TestTerraformCompleteExample 2022-08-26T05:06:11Z logger.go:66:       - security_group_id = "sg-1111111111111111" -> null
TestTerraformCompleteExample 2022-08-26T05:06:11Z logger.go:66:       - self              = false -> null
TestTerraformCompleteExample 2022-08-26T05:06:11Z logger.go:66:       - to_port           = 443 -> null
TestTerraformCompleteExample 2022-08-26T05:06:11Z logger.go:66:       - type              = "egress" -> null
TestTerraformCompleteExample 2022-08-26T05:06:11Z logger.go:66:     }
TestTerraformCompleteExample 2022-08-26T05:06:11Z logger.go:66:
TestTerraformCompleteExample 2022-08-26T05:06:11Z logger.go:66:   # module.security_group.aws_security_group_rule.managed_rules["egress-postgresql-tcp-to-2001:db8::/64"] will be destroyed
TestTerraformCompleteExample 2022-08-26T05:06:11Z logger.go:66:   - resource "aws_security_group_rule" "managed_rules" {
TestTerraformCompleteExample 2022-08-26T05:06:11Z logger.go:66:       - description       = "egress-postgresql-tcp-to-2001:db8::/64" -> null
TestTerraformCompleteExample 2022-08-26T05:06:11Z logger.go:66:       - from_port         = 5432 -> null
TestTerraformCompleteExample 2022-08-26T05:06:11Z logger.go:66:       - id                = "sgrule-1111111111" -> null
TestTerraformCompleteExample 2022-08-26T05:06:11Z logger.go:66:       - ipv6_cidr_blocks  = [
TestTerraformCompleteExample 2022-08-26T05:06:11Z logger.go:66:           - "2001:db8::/64",
TestTerraformCompleteExample 2022-08-26T05:06:11Z logger.go:66:         ] -> null
TestTerraformCompleteExample 2022-08-26T05:06:11Z logger.go:66:       - protocol          = "tcp" -> null
TestTerraformCompleteExample 2022-08-26T05:06:11Z logger.go:66:       - security_group_id = "sg-1111111111111111" -> null
TestTerraformCompleteExample 2022-08-26T05:06:11Z logger.go:66:       - self              = false -> null
TestTerraformCompleteExample 2022-08-26T05:06:11Z logger.go:66:       - to_port           = 5432 -> null
TestTerraformCompleteExample 2022-08-26T05:06:11Z logger.go:66:       - type              = "egress" -> null
TestTerraformCompleteExample 2022-08-26T05:06:11Z logger.go:66:     }
TestTerraformCompleteExample 2022-08-26T05:06:11Z logger.go:66:
TestTerraformCompleteExample 2022-08-26T05:06:11Z logger.go:66:   # module.security_group.aws_security_group_rule.managed_rules["egress-ssh-tcp-to-pl-1111111111"] will be destroyed
TestTerraformCompleteExample 2022-08-26T05:06:11Z logger.go:66:   - resource "aws_security_group_rule" "managed_rules" {
TestTerraformCompleteExample 2022-08-26T05:06:11Z logger.go:66:       - description       = "egress-ssh-tcp-to-pl-1111111111" -> null
TestTerraformCompleteExample 2022-08-26T05:06:11Z logger.go:66:       - from_port         = 22 -> null
TestTerraformCompleteExample 2022-08-26T05:06:11Z logger.go:66:       - id                = "sgrule-1111111111" -> null
TestTerraformCompleteExample 2022-08-26T05:06:11Z logger.go:66:       - prefix_list_ids   = [
TestTerraformCompleteExample 2022-08-26T05:06:11Z logger.go:66:           - "pl-1111111111",
TestTerraformCompleteExample 2022-08-26T05:06:11Z logger.go:66:         ] -> null
TestTerraformCompleteExample 2022-08-26T05:06:11Z logger.go:66:       - protocol          = "tcp" -> null
TestTerraformCompleteExample 2022-08-26T05:06:11Z logger.go:66:       - security_group_id = "sg-1111111111111111" -> null
TestTerraformCompleteExample 2022-08-26T05:06:11Z logger.go:66:       - self              = false -> null
TestTerraformCompleteExample 2022-08-26T05:06:11Z logger.go:66:       - to_port           = 22 -> null
TestTerraformCompleteExample 2022-08-26T05:06:11Z logger.go:66:       - type              = "egress" -> null
TestTerraformCompleteExample 2022-08-26T05:06:11Z logger.go:66:     }
TestTerraformCompleteExample 2022-08-26T05:06:11Z logger.go:66:
TestTerraformCompleteExample 2022-08-26T05:06:11Z logger.go:66:   # module.security_group.aws_security_group_rule.managed_rules["ingress-all-all-from-10.10.0.0/16,10.20.0.0/24"] will be destroyed
TestTerraformCompleteExample 2022-08-26T05:06:11Z logger.go:66:   - resource "aws_security_group_rule" "managed_rules" {
TestTerraformCompleteExample 2022-08-26T05:06:11Z logger.go:66:       - cidr_blocks       = [
TestTerraformCompleteExample 2022-08-26T05:06:11Z logger.go:66:           - "10.10.0.0/16",
TestTerraformCompleteExample 2022-08-26T05:06:11Z logger.go:66:           - "10.20.0.0/24",
TestTerraformCompleteExample 2022-08-26T05:06:11Z logger.go:66:         ] -> null
TestTerraformCompleteExample 2022-08-26T05:06:11Z logger.go:66:       - description       = "ingress-all-all-from-10.10.0.0/16,10.20.0.0/24" -> null
TestTerraformCompleteExample 2022-08-26T05:06:11Z logger.go:66:       - from_port         = 0 -> null
TestTerraformCompleteExample 2022-08-26T05:06:11Z logger.go:66:       - id                = "sgrule-1111111111" -> null
TestTerraformCompleteExample 2022-08-26T05:06:11Z logger.go:66:       - protocol          = "-1" -> null
TestTerraformCompleteExample 2022-08-26T05:06:11Z logger.go:66:       - security_group_id = "sg-1111111111111111" -> null
TestTerraformCompleteExample 2022-08-26T05:06:11Z logger.go:66:       - self              = false -> null
TestTerraformCompleteExample 2022-08-26T05:06:11Z logger.go:66:       - to_port           = 0 -> null
TestTerraformCompleteExample 2022-08-26T05:06:11Z logger.go:66:       - type              = "ingress" -> null
TestTerraformCompleteExample 2022-08-26T05:06:11Z logger.go:66:     }
TestTerraformCompleteExample 2022-08-26T05:06:11Z logger.go:66:
TestTerraformCompleteExample 2022-08-26T05:06:11Z logger.go:66:   # module.security_group.aws_security_group_rule.managed_rules["ingress-postgresql-tcp-from-2001:db8::/64"] will be destroyed
TestTerraformCompleteExample 2022-08-26T05:06:11Z logger.go:66:   - resource "aws_security_group_rule" "managed_rules" {
TestTerraformCompleteExample 2022-08-26T05:06:11Z logger.go:66:       - description       = "ingress-postgresql-tcp-from-2001:db8::/64" -> null
TestTerraformCompleteExample 2022-08-26T05:06:11Z logger.go:66:       - from_port         = 5432 -> null
TestTerraformCompleteExample 2022-08-26T05:06:11Z logger.go:66:       - id                = "sgrule-1111111111" -> null
TestTerraformCompleteExample 2022-08-26T05:06:11Z logger.go:66:       - ipv6_cidr_blocks  = [
TestTerraformCompleteExample 2022-08-26T05:06:11Z logger.go:66:           - "2001:db8::/64",
TestTerraformCompleteExample 2022-08-26T05:06:11Z logger.go:66:         ] -> null
TestTerraformCompleteExample 2022-08-26T05:06:11Z logger.go:66:       - protocol          = "tcp" -> null
TestTerraformCompleteExample 2022-08-26T05:06:11Z logger.go:66:       - security_group_id = "sg-1111111111111111" -> null
TestTerraformCompleteExample 2022-08-26T05:06:11Z logger.go:66:       - self              = false -> null
TestTerraformCompleteExample 2022-08-26T05:06:11Z logger.go:66:       - to_port           = 5432 -> null
TestTerraformCompleteExample 2022-08-26T05:06:11Z logger.go:66:       - type              = "ingress" -> null
TestTerraformCompleteExample 2022-08-26T05:06:11Z logger.go:66:     }
TestTerraformCompleteExample 2022-08-26T05:06:11Z logger.go:66:
TestTerraformCompleteExample 2022-08-26T05:06:11Z logger.go:66:   # module.security_group.aws_security_group_rule.managed_rules["ingress-ssh-tcp-from-pl-1111111111"] will be destroyed
TestTerraformCompleteExample 2022-08-26T05:06:11Z logger.go:66:   - resource "aws_security_group_rule" "managed_rules" {
TestTerraformCompleteExample 2022-08-26T05:06:11Z logger.go:66:       - description       = "ingress-ssh-tcp-from-pl-1111111111" -> null
TestTerraformCompleteExample 2022-08-26T05:06:11Z logger.go:66:       - from_port         = 22 -> null
TestTerraformCompleteExample 2022-08-26T05:06:11Z logger.go:66:       - id                = "sgrule-1111111111" -> null
TestTerraformCompleteExample 2022-08-26T05:06:11Z logger.go:66:       - prefix_list_ids   = [
TestTerraformCompleteExample 2022-08-26T05:06:11Z logger.go:66:           - "pl-1111111111",
TestTerraformCompleteExample 2022-08-26T05:06:11Z logger.go:66:         ] -> null
TestTerraformCompleteExample 2022-08-26T05:06:11Z logger.go:66:       - protocol          = "tcp" -> null
TestTerraformCompleteExample 2022-08-26T05:06:11Z logger.go:66:       - security_group_id = "sg-1111111111111111" -> null
TestTerraformCompleteExample 2022-08-26T05:06:11Z logger.go:66:       - self              = false -> null
TestTerraformCompleteExample 2022-08-26T05:06:11Z logger.go:66:       - to_port           = 22 -> null
TestTerraformCompleteExample 2022-08-26T05:06:11Z logger.go:66:       - type              = "ingress" -> null
TestTerraformCompleteExample 2022-08-26T05:06:11Z logger.go:66:     }
TestTerraformCompleteExample 2022-08-26T05:06:11Z logger.go:66:
TestTerraformCompleteExample 2022-08-26T05:06:11Z logger.go:66:   # module.security_group.aws_security_group_rule.rules["egress-all-all-all-to-self"] will be destroyed
TestTerraformCompleteExample 2022-08-26T05:06:11Z logger.go:66:   - resource "aws_security_group_rule" "rules" {
TestTerraformCompleteExample 2022-08-26T05:06:11Z logger.go:66:       - description       = "egress-all-all-all-to-self" -> null
TestTerraformCompleteExample 2022-08-26T05:06:11Z logger.go:66:       - from_port         = 0 -> null
TestTerraformCompleteExample 2022-08-26T05:06:11Z logger.go:66:       - id                = "sgrule-1111111111" -> null
TestTerraformCompleteExample 2022-08-26T05:06:11Z logger.go:66:       - protocol          = "-1" -> null
TestTerraformCompleteExample 2022-08-26T05:06:11Z logger.go:66:       - security_group_id = "sg-1111111111111111" -> null
TestTerraformCompleteExample 2022-08-26T05:06:11Z logger.go:66:       - self              = true -> null
TestTerraformCompleteExample 2022-08-26T05:06:11Z logger.go:66:       - to_port           = 0 -> null
TestTerraformCompleteExample 2022-08-26T05:06:11Z logger.go:66:       - type              = "egress" -> null
TestTerraformCompleteExample 2022-08-26T05:06:11Z logger.go:66:     }
TestTerraformCompleteExample 2022-08-26T05:06:11Z logger.go:66:
TestTerraformCompleteExample 2022-08-26T05:06:11Z logger.go:66:   # module.security_group.aws_security_group_rule.rules["egress-all-all-icmp-to-sg-1111111111111111"] will be destroyed
TestTerraformCompleteExample 2022-08-26T05:06:11Z logger.go:66:   - resource "aws_security_group_rule" "rules" {
TestTerraformCompleteExample 2022-08-26T05:06:11Z logger.go:66:       - description              = "egress-all-all-icmp-to-sg-1111111111111111" -> null
TestTerraformCompleteExample 2022-08-26T05:06:11Z logger.go:66:       - from_port                = -1 -> null
TestTerraformCompleteExample 2022-08-26T05:06:11Z logger.go:66:       - id                       = "sgrule-1111111111" -> null
TestTerraformCompleteExample 2022-08-26T05:06:11Z logger.go:66:       - protocol                 = "icmp" -> null
TestTerraformCompleteExample 2022-08-26T05:06:11Z logger.go:66:       - security_group_id        = "sg-1111111111111111" -> null
TestTerraformCompleteExample 2022-08-26T05:06:11Z logger.go:66:       - self                     = false -> null
TestTerraformCompleteExample 2022-08-26T05:06:11Z logger.go:66:       - source_security_group_id = "sg-1111111111111111" -> null
TestTerraformCompleteExample 2022-08-26T05:06:11Z logger.go:66:       - to_port                  = -1 -> null
TestTerraformCompleteExample 2022-08-26T05:06:11Z logger.go:66:       - type                     = "egress" -> null
TestTerraformCompleteExample 2022-08-26T05:06:11Z logger.go:66:     }
TestTerraformCompleteExample 2022-08-26T05:06:11Z logger.go:66:
TestTerraformCompleteExample 2022-08-26T05:06:11Z logger.go:66:   # module.security_group.aws_security_group_rule.rules["ingress-all-all-all-from-self"] will be destroyed
TestTerraformCompleteExample 2022-08-26T05:06:11Z logger.go:66:   - resource "aws_security_group_rule" "rules" {
TestTerraformCompleteExample 2022-08-26T05:06:11Z logger.go:66:       - description       = "ingress-all-all-all-from-self" -> null
TestTerraformCompleteExample 2022-08-26T05:06:11Z logger.go:66:       - from_port         = 0 -> null
TestTerraformCompleteExample 2022-08-26T05:06:11Z logger.go:66:       - id                = "sgrule-1111111111" -> null
TestTerraformCompleteExample 2022-08-26T05:06:11Z logger.go:66:       - protocol          = "-1" -> null
TestTerraformCompleteExample 2022-08-26T05:06:11Z logger.go:66:       - security_group_id = "sg-1111111111111111" -> null
TestTerraformCompleteExample 2022-08-26T05:06:11Z logger.go:66:       - self              = true -> null
TestTerraformCompleteExample 2022-08-26T05:06:11Z logger.go:66:       - to_port           = 0 -> null
TestTerraformCompleteExample 2022-08-26T05:06:11Z logger.go:66:       - type              = "ingress" -> null
TestTerraformCompleteExample 2022-08-26T05:06:11Z logger.go:66:     }
TestTerraformCompleteExample 2022-08-26T05:06:11Z logger.go:66:
TestTerraformCompleteExample 2022-08-26T05:06:11Z logger.go:66:   # module.security_group.aws_security_group_rule.rules["ingress-all-all-icmp-from-sg-1111111111111111"] will be destroyed
TestTerraformCompleteExample 2022-08-26T05:06:11Z logger.go:66:   - resource "aws_security_group_rule" "rules" {
TestTerraformCompleteExample 2022-08-26T05:06:11Z logger.go:66:       - description              = "ingress-all-all-icmp-from-sg-1111111111111111" -> null
TestTerraformCompleteExample 2022-08-26T05:06:11Z logger.go:66:       - from_port                = -1 -> null
TestTerraformCompleteExample 2022-08-26T05:06:11Z logger.go:66:       - id                       = "sgrule-1111111111" -> null
TestTerraformCompleteExample 2022-08-26T05:06:11Z logger.go:66:       - protocol                 = "icmp" -> null
TestTerraformCompleteExample 2022-08-26T05:06:11Z logger.go:66:       - security_group_id        = "sg-1111111111111111" -> null
TestTerraformCompleteExample 2022-08-26T05:06:11Z logger.go:66:       - self                     = false -> null
TestTerraformCompleteExample 2022-08-26T05:06:11Z logger.go:66:       - source_security_group_id = "sg-1111111111111111" -> null
TestTerraformCompleteExample 2022-08-26T05:06:11Z logger.go:66:       - to_port                  = -1 -> null
TestTerraformCompleteExample 2022-08-26T05:06:11Z logger.go:66:       - type                     = "ingress" -> null
TestTerraformCompleteExample 2022-08-26T05:06:11Z logger.go:66:     }
TestTerraformCompleteExample 2022-08-26T05:06:11Z logger.go:66:
TestTerraformCompleteExample 2022-08-26T05:06:11Z logger.go:66: Plan: 0 to add, 0 to change, 18 to destroy.
TestTerraformCompleteExample 2022-08-26T05:06:11Z logger.go:66:
TestTerraformCompleteExample 2022-08-26T05:06:11Z logger.go:66: Changes to Outputs:
TestTerraformCompleteExample 2022-08-26T05:06:11Z logger.go:66:   - aws_ec2_managed_prefix_list_other_id = "pl-1111111111" -> null
TestTerraformCompleteExample 2022-08-26T05:06:11Z logger.go:66:   - aws_security_group_other_id          = "sg-1111111111111111" -> null
TestTerraformCompleteExample 2022-08-26T05:06:11Z logger.go:66:   - data_aws_prefix_list_private_s3_id   = "pl-1111111111" -> null
TestTerraformCompleteExample 2022-08-26T05:06:11Z logger.go:66:   - data_aws_security_group_default_id   = "sg-1111111111111111" -> null
TestTerraformCompleteExample 2022-08-26T05:06:11Z logger.go:66:   - disabled_sg_id                       = "I was not created" -> null
TestTerraformCompleteExample 2022-08-26T05:06:11Z logger.go:66:   - egress                               = {
TestTerraformCompleteExample 2022-08-26T05:06:11Z logger.go:66:       - egress-443-443-tcp-to-pl-1111111111          = {
TestTerraformCompleteExample 2022-08-26T05:06:11Z logger.go:66:           - cidr_blocks              = null
TestTerraformCompleteExample 2022-08-26T05:06:11Z logger.go:66:           - description              = "https-443-tcp"
TestTerraformCompleteExample 2022-08-26T05:06:11Z logger.go:66:           - from_port                = 443
TestTerraformCompleteExample 2022-08-26T05:06:11Z logger.go:66:           - id                       = "sgrule-1111111111"
TestTerraformCompleteExample 2022-08-26T05:06:11Z logger.go:66:           - ipv6_cidr_blocks         = null
TestTerraformCompleteExample 2022-08-26T05:06:11Z logger.go:66:           - prefix_list_ids          = [
TestTerraformCompleteExample 2022-08-26T05:06:11Z logger.go:66:               - "pl-1111111111",
TestTerraformCompleteExample 2022-08-26T05:06:11Z logger.go:66:             ]
TestTerraformCompleteExample 2022-08-26T05:06:11Z logger.go:66:           - protocol                 = "tcp"
TestTerraformCompleteExample 2022-08-26T05:06:11Z logger.go:66:           - security_group_id        = "sg-1111111111111111"
TestTerraformCompleteExample 2022-08-26T05:06:11Z logger.go:66:           - self                     = false
TestTerraformCompleteExample 2022-08-26T05:06:11Z logger.go:66:           - source_security_group_id = null
TestTerraformCompleteExample 2022-08-26T05:06:11Z logger.go:66:           - timeouts                 = null
TestTerraformCompleteExample 2022-08-26T05:06:11Z logger.go:66:           - to_port                  = 443
TestTerraformCompleteExample 2022-08-26T05:06:11Z logger.go:66:           - type                     = "egress"
TestTerraformCompleteExample 2022-08-26T05:06:11Z logger.go:66:         }
TestTerraformCompleteExample 2022-08-26T05:06:11Z logger.go:66:       - egress-80-80-tcp-to-pl-1111111111            = {
TestTerraformCompleteExample 2022-08-26T05:06:11Z logger.go:66:           - cidr_blocks              = null
TestTerraformCompleteExample 2022-08-26T05:06:11Z logger.go:66:           - description              = ""
TestTerraformCompleteExample 2022-08-26T05:06:11Z logger.go:66:           - from_port                = 80
TestTerraformCompleteExample 2022-08-26T05:06:11Z logger.go:66:           - id                       = "sgrule-1111111111"
TestTerraformCompleteExample 2022-08-26T05:06:11Z logger.go:66:           - ipv6_cidr_blocks         = null
TestTerraformCompleteExample 2022-08-26T05:06:11Z logger.go:66:           - prefix_list_ids          = [
TestTerraformCompleteExample 2022-08-26T05:06:11Z logger.go:66:               - "pl-1111111111",
TestTerraformCompleteExample 2022-08-26T05:06:11Z logger.go:66:             ]
TestTerraformCompleteExample 2022-08-26T05:06:11Z logger.go:66:           - protocol                 = "tcp"
TestTerraformCompleteExample 2022-08-26T05:06:11Z logger.go:66:           - security_group_id        = "sg-1111111111111111"
TestTerraformCompleteExample 2022-08-26T05:06:11Z logger.go:66:           - self                     = false
TestTerraformCompleteExample 2022-08-26T05:06:11Z logger.go:66:           - source_security_group_id = null
TestTerraformCompleteExample 2022-08-26T05:06:11Z logger.go:66:           - timeouts                 = null
TestTerraformCompleteExample 2022-08-26T05:06:11Z logger.go:66:           - to_port                  = 80
TestTerraformCompleteExample 2022-08-26T05:06:11Z logger.go:66:           - type                     = "egress"
TestTerraformCompleteExample 2022-08-26T05:06:11Z logger.go:66:         }
TestTerraformCompleteExample 2022-08-26T05:06:11Z logger.go:66:       - egress-all-all-all-to-self                          = {
TestTerraformCompleteExample 2022-08-26T05:06:11Z logger.go:66:           - cidr_blocks              = null
TestTerraformCompleteExample 2022-08-26T05:06:11Z logger.go:66:           - description              = "egress-all-all-all-to-self"
TestTerraformCompleteExample 2022-08-26T05:06:11Z logger.go:66:           - from_port                = 0
TestTerraformCompleteExample 2022-08-26T05:06:11Z logger.go:66:           - id                       = "sgrule-1111111111"
TestTerraformCompleteExample 2022-08-26T05:06:11Z logger.go:66:           - ipv6_cidr_blocks         = null
TestTerraformCompleteExample 2022-08-26T05:06:11Z logger.go:66:           - prefix_list_ids          = null
TestTerraformCompleteExample 2022-08-26T05:06:11Z logger.go:66:           - protocol                 = "-1"
TestTerraformCompleteExample 2022-08-26T05:06:11Z logger.go:66:           - security_group_id        = "sg-1111111111111111"
TestTerraformCompleteExample 2022-08-26T05:06:11Z logger.go:66:           - self                     = true
TestTerraformCompleteExample 2022-08-26T05:06:11Z logger.go:66:           - source_security_group_id = null
TestTerraformCompleteExample 2022-08-26T05:06:11Z logger.go:66:           - timeouts                 = null
TestTerraformCompleteExample 2022-08-26T05:06:11Z logger.go:66:           - to_port                  = 0
TestTerraformCompleteExample 2022-08-26T05:06:11Z logger.go:66:           - type                     = "egress"
TestTerraformCompleteExample 2022-08-26T05:06:11Z logger.go:66:         }
TestTerraformCompleteExample 2022-08-26T05:06:11Z logger.go:66:       - egress-all-all-icmp-to-sg-1111111111111111                  = {
TestTerraformCompleteExample 2022-08-26T05:06:11Z logger.go:66:           - cidr_blocks              = null
TestTerraformCompleteExample 2022-08-26T05:06:11Z logger.go:66:           - description              = "egress-all-all-icmp-to-sg-1111111111111111"
TestTerraformCompleteExample 2022-08-26T05:06:11Z logger.go:66:           - from_port                = -1
TestTerraformCompleteExample 2022-08-26T05:06:11Z logger.go:66:           - id                       = "sgrule-1111111111"
TestTerraformCompleteExample 2022-08-26T05:06:11Z logger.go:66:           - ipv6_cidr_blocks         = null
TestTerraformCompleteExample 2022-08-26T05:06:11Z logger.go:66:           - prefix_list_ids          = null
TestTerraformCompleteExample 2022-08-26T05:06:11Z logger.go:66:           - protocol                 = "icmp"
TestTerraformCompleteExample 2022-08-26T05:06:11Z logger.go:66:           - security_group_id        = "sg-1111111111111111"
TestTerraformCompleteExample 2022-08-26T05:06:11Z logger.go:66:           - self                     = false
TestTerraformCompleteExample 2022-08-26T05:06:11Z logger.go:66:           - source_security_group_id = "sg-1111111111111111"
TestTerraformCompleteExample 2022-08-26T05:06:11Z logger.go:66:           - timeouts                 = null
TestTerraformCompleteExample 2022-08-26T05:06:11Z logger.go:66:           - to_port                  = -1
TestTerraformCompleteExample 2022-08-26T05:06:11Z logger.go:66:           - type                     = "egress"
TestTerraformCompleteExample 2022-08-26T05:06:11Z logger.go:66:         }
TestTerraformCompleteExample 2022-08-26T05:06:11Z logger.go:66:       - egress-all-all-to-public                            = {
TestTerraformCompleteExample 2022-08-26T05:06:11Z logger.go:66:           - cidr_blocks              = [
TestTerraformCompleteExample 2022-08-26T05:06:11Z logger.go:66:               - "0.0.0.0/0",
TestTerraformCompleteExample 2022-08-26T05:06:11Z logger.go:66:             ]
TestTerraformCompleteExample 2022-08-26T05:06:11Z logger.go:66:           - description              = "Opening up ports to connect out to the public internet is generally to be avoided. Please see [no-public-egress-sgr](https://aquasecurity.github.io/tfsec/v0.61.3/checks/aws/vpc/no-public-egress-sgr/) for more information"
TestTerraformCompleteExample 2022-08-26T05:06:11Z logger.go:66:           - from_port                = 0
TestTerraformCompleteExample 2022-08-26T05:06:11Z logger.go:66:           - id                       = "sgrule-1111111111"
TestTerraformCompleteExample 2022-08-26T05:06:11Z logger.go:66:           - ipv6_cidr_blocks         = [
TestTerraformCompleteExample 2022-08-26T05:06:11Z logger.go:66:               - "::/0",
TestTerraformCompleteExample 2022-08-26T05:06:11Z logger.go:66:             ]
TestTerraformCompleteExample 2022-08-26T05:06:11Z logger.go:66:           - prefix_list_ids          = null
TestTerraformCompleteExample 2022-08-26T05:06:11Z logger.go:66:           - protocol                 = "-1"
TestTerraformCompleteExample 2022-08-26T05:06:11Z logger.go:66:           - security_group_id        = "sg-1111111111111111"
TestTerraformCompleteExample 2022-08-26T05:06:11Z logger.go:66:           - self                     = false
TestTerraformCompleteExample 2022-08-26T05:06:11Z logger.go:66:           - source_security_group_id = null
TestTerraformCompleteExample 2022-08-26T05:06:11Z logger.go:66:           - timeouts                 = null
TestTerraformCompleteExample 2022-08-26T05:06:11Z logger.go:66:           - to_port                  = 0
TestTerraformCompleteExample 2022-08-26T05:06:11Z logger.go:66:           - type                     = "egress"
TestTerraformCompleteExample 2022-08-26T05:06:11Z logger.go:66:         }
TestTerraformCompleteExample 2022-08-26T05:06:11Z logger.go:66:       - "egress-https-443-tcp-to-10.10.0.0/16,10.20.0.0/24" = {
TestTerraformCompleteExample 2022-08-26T05:06:11Z logger.go:66:           - cidr_blocks              = [
TestTerraformCompleteExample 2022-08-26T05:06:11Z logger.go:66:               - "10.10.0.0/16",
TestTerraformCompleteExample 2022-08-26T05:06:11Z logger.go:66:               - "10.20.0.0/24",
TestTerraformCompleteExample 2022-08-26T05:06:11Z logger.go:66:             ]
TestTerraformCompleteExample 2022-08-26T05:06:11Z logger.go:66:           - description              = "egress-https-443-tcp-to-10.10.0.0/16,10.20.0.0/24"
TestTerraformCompleteExample 2022-08-26T05:06:11Z logger.go:66:           - from_port                = 443
TestTerraformCompleteExample 2022-08-26T05:06:11Z logger.go:66:           - id                       = "sgrule-1111111111"
TestTerraformCompleteExample 2022-08-26T05:06:11Z logger.go:66:           - ipv6_cidr_blocks         = null
TestTerraformCompleteExample 2022-08-26T05:06:11Z logger.go:66:           - prefix_list_ids          = null
TestTerraformCompleteExample 2022-08-26T05:06:11Z logger.go:66:           - protocol                 = "tcp"
TestTerraformCompleteExample 2022-08-26T05:06:11Z logger.go:66:           - security_group_id        = "sg-1111111111111111"
TestTerraformCompleteExample 2022-08-26T05:06:11Z logger.go:66:           - self                     = false
TestTerraformCompleteExample 2022-08-26T05:06:11Z logger.go:66:           - source_security_group_id = null
TestTerraformCompleteExample 2022-08-26T05:06:11Z logger.go:66:           - timeouts                 = null
TestTerraformCompleteExample 2022-08-26T05:06:11Z logger.go:66:           - to_port                  = 443
TestTerraformCompleteExample 2022-08-26T05:06:11Z logger.go:66:           - type                     = "egress"
TestTerraformCompleteExample 2022-08-26T05:06:11Z logger.go:66:         }
TestTerraformCompleteExample 2022-08-26T05:06:11Z logger.go:66:       - "egress-postgresql-tcp-to-2001:db8::/64"            = {
TestTerraformCompleteExample 2022-08-26T05:06:11Z logger.go:66:           - cidr_blocks              = null
TestTerraformCompleteExample 2022-08-26T05:06:11Z logger.go:66:           - description              = "egress-postgresql-tcp-to-2001:db8::/64"
TestTerraformCompleteExample 2022-08-26T05:06:11Z logger.go:66:           - from_port                = 5432
TestTerraformCompleteExample 2022-08-26T05:06:11Z logger.go:66:           - id                       = "sgrule-1111111111"
TestTerraformCompleteExample 2022-08-26T05:06:11Z logger.go:66:           - ipv6_cidr_blocks         = [
TestTerraformCompleteExample 2022-08-26T05:06:11Z logger.go:66:               - "2001:db8::/64",
TestTerraformCompleteExample 2022-08-26T05:06:11Z logger.go:66:             ]
TestTerraformCompleteExample 2022-08-26T05:06:11Z logger.go:66:           - prefix_list_ids          = null
TestTerraformCompleteExample 2022-08-26T05:06:11Z logger.go:66:           - protocol                 = "tcp"
TestTerraformCompleteExample 2022-08-26T05:06:11Z logger.go:66:           - security_group_id        = "sg-1111111111111111"
TestTerraformCompleteExample 2022-08-26T05:06:11Z logger.go:66:           - self                     = false
TestTerraformCompleteExample 2022-08-26T05:06:11Z logger.go:66:           - source_security_group_id = null
TestTerraformCompleteExample 2022-08-26T05:06:11Z logger.go:66:           - timeouts                 = null
TestTerraformCompleteExample 2022-08-26T05:06:11Z logger.go:66:           - to_port                  = 5432
TestTerraformCompleteExample 2022-08-26T05:06:11Z logger.go:66:           - type                     = "egress"
TestTerraformCompleteExample 2022-08-26T05:06:11Z logger.go:66:         }
TestTerraformCompleteExample 2022-08-26T05:06:11Z logger.go:66:       - egress-ssh-tcp-to-pl-1111111111                       = {
TestTerraformCompleteExample 2022-08-26T05:06:11Z logger.go:66:           - cidr_blocks              = null
TestTerraformCompleteExample 2022-08-26T05:06:11Z logger.go:66:           - description              = "egress-ssh-tcp-to-pl-1111111111"
TestTerraformCompleteExample 2022-08-26T05:06:11Z logger.go:66:           - from_port                = 22
TestTerraformCompleteExample 2022-08-26T05:06:11Z logger.go:66:           - id                       = "sgrule-1111111111"
TestTerraformCompleteExample 2022-08-26T05:06:11Z logger.go:66:           - ipv6_cidr_blocks         = null
TestTerraformCompleteExample 2022-08-26T05:06:11Z logger.go:66:           - prefix_list_ids          = [
TestTerraformCompleteExample 2022-08-26T05:06:11Z logger.go:66:               - "pl-1111111111",
TestTerraformCompleteExample 2022-08-26T05:06:11Z logger.go:66:             ]
TestTerraformCompleteExample 2022-08-26T05:06:11Z logger.go:66:           - protocol                 = "tcp"
TestTerraformCompleteExample 2022-08-26T05:06:11Z logger.go:66:           - security_group_id        = "sg-1111111111111111"
TestTerraformCompleteExample 2022-08-26T05:06:11Z logger.go:66:           - self                     = false
TestTerraformCompleteExample 2022-08-26T05:06:11Z logger.go:66:           - source_security_group_id = null
TestTerraformCompleteExample 2022-08-26T05:06:11Z logger.go:66:           - timeouts                 = null
TestTerraformCompleteExample 2022-08-26T05:06:11Z logger.go:66:           - to_port                  = 22
TestTerraformCompleteExample 2022-08-26T05:06:11Z logger.go:66:           - type                     = "egress"
TestTerraformCompleteExample 2022-08-26T05:06:11Z logger.go:66:         }
TestTerraformCompleteExample 2022-08-26T05:06:11Z logger.go:66:     } -> null
TestTerraformCompleteExample 2022-08-26T05:06:11Z logger.go:66:   - egress_keys                          = [
TestTerraformCompleteExample 2022-08-26T05:06:11Z logger.go:66:       - "egress-443-443-tcp-to-pl-1111111111",
TestTerraformCompleteExample 2022-08-26T05:06:11Z logger.go:66:       - "egress-80-80-tcp-to-pl-1111111111",
TestTerraformCompleteExample 2022-08-26T05:06:11Z logger.go:66:       - "egress-all-all-all-to-self",
TestTerraformCompleteExample 2022-08-26T05:06:11Z logger.go:66:       - "egress-all-all-icmp-to-sg-1111111111111111",
TestTerraformCompleteExample 2022-08-26T05:06:11Z logger.go:66:       - "egress-all-all-to-public",
TestTerraformCompleteExample 2022-08-26T05:06:11Z logger.go:66:       - "egress-https-443-tcp-to-10.10.0.0/16,10.20.0.0/24",
TestTerraformCompleteExample 2022-08-26T05:06:11Z logger.go:66:       - "egress-postgresql-tcp-to-2001:db8::/64",
TestTerraformCompleteExample 2022-08-26T05:06:11Z logger.go:66:       - "egress-ssh-tcp-to-pl-1111111111",
TestTerraformCompleteExample 2022-08-26T05:06:11Z logger.go:66:     ] -> null
TestTerraformCompleteExample 2022-08-26T05:06:11Z logger.go:66:   - ingress                              = {
TestTerraformCompleteExample 2022-08-26T05:06:11Z logger.go:66:       - ingress-443-443-tcp-from-sg-1111111111111111    = {
TestTerraformCompleteExample 2022-08-26T05:06:11Z logger.go:66:           - cidr_blocks              = null
TestTerraformCompleteExample 2022-08-26T05:06:11Z logger.go:66:           - description              = "https-443-tcp"
TestTerraformCompleteExample 2022-08-26T05:06:11Z logger.go:66:           - from_port                = 443
TestTerraformCompleteExample 2022-08-26T05:06:11Z logger.go:66:           - id                       = "sgrule-1111111111"
TestTerraformCompleteExample 2022-08-26T05:06:11Z logger.go:66:           - ipv6_cidr_blocks         = null
TestTerraformCompleteExample 2022-08-26T05:06:11Z logger.go:66:           - prefix_list_ids          = null
TestTerraformCompleteExample 2022-08-26T05:06:11Z logger.go:66:           - protocol                 = "tcp"
TestTerraformCompleteExample 2022-08-26T05:06:11Z logger.go:66:           - security_group_id        = "sg-1111111111111111"
TestTerraformCompleteExample 2022-08-26T05:06:11Z logger.go:66:           - self                     = false
TestTerraformCompleteExample 2022-08-26T05:06:11Z logger.go:66:           - source_security_group_id = "sg-1111111111111111"
TestTerraformCompleteExample 2022-08-26T05:06:11Z logger.go:66:           - timeouts                 = null
TestTerraformCompleteExample 2022-08-26T05:06:11Z logger.go:66:           - to_port                  = 443
TestTerraformCompleteExample 2022-08-26T05:06:11Z logger.go:66:           - type                     = "ingress"
TestTerraformCompleteExample 2022-08-26T05:06:11Z logger.go:66:         }
TestTerraformCompleteExample 2022-08-26T05:06:11Z logger.go:66:       - ingress-80-80-tcp-from-sg-1111111111111111      = {
TestTerraformCompleteExample 2022-08-26T05:06:11Z logger.go:66:           - cidr_blocks              = null
TestTerraformCompleteExample 2022-08-26T05:06:11Z logger.go:66:           - description              = ""
TestTerraformCompleteExample 2022-08-26T05:06:11Z logger.go:66:           - from_port                = 80
TestTerraformCompleteExample 2022-08-26T05:06:11Z logger.go:66:           - id                       = "sgrule-1111111111"
TestTerraformCompleteExample 2022-08-26T05:06:11Z logger.go:66:           - ipv6_cidr_blocks         = null
TestTerraformCompleteExample 2022-08-26T05:06:11Z logger.go:66:           - prefix_list_ids          = null
TestTerraformCompleteExample 2022-08-26T05:06:11Z logger.go:66:           - protocol                 = "tcp"
TestTerraformCompleteExample 2022-08-26T05:06:11Z logger.go:66:           - security_group_id        = "sg-1111111111111111"
TestTerraformCompleteExample 2022-08-26T05:06:11Z logger.go:66:           - self                     = false
TestTerraformCompleteExample 2022-08-26T05:06:11Z logger.go:66:           - source_security_group_id = "sg-1111111111111111"
TestTerraformCompleteExample 2022-08-26T05:06:11Z logger.go:66:           - timeouts                 = null
TestTerraformCompleteExample 2022-08-26T05:06:11Z logger.go:66:           - to_port                  = 80
TestTerraformCompleteExample 2022-08-26T05:06:11Z logger.go:66:           - type                     = "ingress"
TestTerraformCompleteExample 2022-08-26T05:06:11Z logger.go:66:         }
TestTerraformCompleteExample 2022-08-26T05:06:11Z logger.go:66:       - ingress-all-all-all-from-self                    = {
TestTerraformCompleteExample 2022-08-26T05:06:11Z logger.go:66:           - cidr_blocks              = null
TestTerraformCompleteExample 2022-08-26T05:06:11Z logger.go:66:           - description              = "ingress-all-all-all-from-self"
TestTerraformCompleteExample 2022-08-26T05:06:11Z logger.go:66:           - from_port                = 0
TestTerraformCompleteExample 2022-08-26T05:06:11Z logger.go:66:           - id                       = "sgrule-1111111111"
TestTerraformCompleteExample 2022-08-26T05:06:11Z logger.go:66:           - ipv6_cidr_blocks         = null
TestTerraformCompleteExample 2022-08-26T05:06:11Z logger.go:66:           - prefix_list_ids          = null
TestTerraformCompleteExample 2022-08-26T05:06:11Z logger.go:66:           - protocol                 = "-1"
TestTerraformCompleteExample 2022-08-26T05:06:11Z logger.go:66:           - security_group_id        = "sg-1111111111111111"
TestTerraformCompleteExample 2022-08-26T05:06:11Z logger.go:66:           - self                     = true
TestTerraformCompleteExample 2022-08-26T05:06:11Z logger.go:66:           - source_security_group_id = null
TestTerraformCompleteExample 2022-08-26T05:06:11Z logger.go:66:           - timeouts                 = null
TestTerraformCompleteExample 2022-08-26T05:06:11Z logger.go:66:           - to_port                  = 0
TestTerraformCompleteExample 2022-08-26T05:06:11Z logger.go:66:           - type                     = "ingress"
TestTerraformCompleteExample 2022-08-26T05:06:11Z logger.go:66:         }
TestTerraformCompleteExample 2022-08-26T05:06:11Z logger.go:66:       - "ingress-all-all-from-10.10.0.0/16,10.20.0.0/24" = {
TestTerraformCompleteExample 2022-08-26T05:06:11Z logger.go:66:           - cidr_blocks              = [
TestTerraformCompleteExample 2022-08-26T05:06:11Z logger.go:66:               - "10.10.0.0/16",
TestTerraformCompleteExample 2022-08-26T05:06:11Z logger.go:66:               - "10.20.0.0/24",
TestTerraformCompleteExample 2022-08-26T05:06:11Z logger.go:66:             ]
TestTerraformCompleteExample 2022-08-26T05:06:11Z logger.go:66:           - description              = "ingress-all-all-from-10.10.0.0/16,10.20.0.0/24"
TestTerraformCompleteExample 2022-08-26T05:06:11Z logger.go:66:           - from_port                = 0
TestTerraformCompleteExample 2022-08-26T05:06:11Z logger.go:66:           - id                       = "sgrule-1111111111"
TestTerraformCompleteExample 2022-08-26T05:06:11Z logger.go:66:           - ipv6_cidr_blocks         = null
TestTerraformCompleteExample 2022-08-26T05:06:11Z logger.go:66:           - prefix_list_ids          = null
TestTerraformCompleteExample 2022-08-26T05:06:11Z logger.go:66:           - protocol                 = "-1"
TestTerraformCompleteExample 2022-08-26T05:06:11Z logger.go:66:           - security_group_id        = "sg-1111111111111111"
TestTerraformCompleteExample 2022-08-26T05:06:11Z logger.go:66:           - self                     = false
TestTerraformCompleteExample 2022-08-26T05:06:11Z logger.go:66:           - source_security_group_id = null
TestTerraformCompleteExample 2022-08-26T05:06:11Z logger.go:66:           - timeouts                 = null
TestTerraformCompleteExample 2022-08-26T05:06:11Z logger.go:66:           - to_port                  = 0
TestTerraformCompleteExample 2022-08-26T05:06:11Z logger.go:66:           - type                     = "ingress"
TestTerraformCompleteExample 2022-08-26T05:06:11Z logger.go:66:         }
TestTerraformCompleteExample 2022-08-26T05:06:11Z logger.go:66:       - ingress-all-all-icmp-from-sg-1111111111111111            = {
TestTerraformCompleteExample 2022-08-26T05:06:11Z logger.go:66:           - cidr_blocks              = null
TestTerraformCompleteExample 2022-08-26T05:06:11Z logger.go:66:           - description              = "ingress-all-all-icmp-from-sg-1111111111111111"
TestTerraformCompleteExample 2022-08-26T05:06:11Z logger.go:66:           - from_port                = -1
TestTerraformCompleteExample 2022-08-26T05:06:11Z logger.go:66:           - id                       = "sgrule-1111111111"
TestTerraformCompleteExample 2022-08-26T05:06:11Z logger.go:66:           - ipv6_cidr_blocks         = null
TestTerraformCompleteExample 2022-08-26T05:06:11Z logger.go:66:           - prefix_list_ids          = null
TestTerraformCompleteExample 2022-08-26T05:06:11Z logger.go:66:           - protocol                 = "icmp"
TestTerraformCompleteExample 2022-08-26T05:06:11Z logger.go:66:           - security_group_id        = "sg-1111111111111111"
TestTerraformCompleteExample 2022-08-26T05:06:11Z logger.go:66:           - self                     = false
TestTerraformCompleteExample 2022-08-26T05:06:11Z logger.go:66:           - source_security_group_id = "sg-1111111111111111"
TestTerraformCompleteExample 2022-08-26T05:06:11Z logger.go:66:           - timeouts                 = null
TestTerraformCompleteExample 2022-08-26T05:06:11Z logger.go:66:           - to_port                  = -1
TestTerraformCompleteExample 2022-08-26T05:06:11Z logger.go:66:           - type                     = "ingress"
TestTerraformCompleteExample 2022-08-26T05:06:11Z logger.go:66:         }
TestTerraformCompleteExample 2022-08-26T05:06:11Z logger.go:66:       - "ingress-postgresql-tcp-from-2001:db8::/64"      = {
TestTerraformCompleteExample 2022-08-26T05:06:11Z logger.go:66:           - cidr_blocks              = null
TestTerraformCompleteExample 2022-08-26T05:06:11Z logger.go:66:           - description              = "ingress-postgresql-tcp-from-2001:db8::/64"
TestTerraformCompleteExample 2022-08-26T05:06:11Z logger.go:66:           - from_port                = 5432
TestTerraformCompleteExample 2022-08-26T05:06:11Z logger.go:66:           - id                       = "sgrule-1111111111"
TestTerraformCompleteExample 2022-08-26T05:06:11Z logger.go:66:           - ipv6_cidr_blocks         = [
TestTerraformCompleteExample 2022-08-26T05:06:11Z logger.go:66:               - "2001:db8::/64",
TestTerraformCompleteExample 2022-08-26T05:06:11Z logger.go:66:             ]
TestTerraformCompleteExample 2022-08-26T05:06:11Z logger.go:66:           - prefix_list_ids          = null
TestTerraformCompleteExample 2022-08-26T05:06:11Z logger.go:66:           - protocol                 = "tcp"
TestTerraformCompleteExample 2022-08-26T05:06:11Z logger.go:66:           - security_group_id        = "sg-1111111111111111"
TestTerraformCompleteExample 2022-08-26T05:06:11Z logger.go:66:           - self                     = false
TestTerraformCompleteExample 2022-08-26T05:06:11Z logger.go:66:           - source_security_group_id = null
TestTerraformCompleteExample 2022-08-26T05:06:11Z logger.go:66:           - timeouts                 = null
TestTerraformCompleteExample 2022-08-26T05:06:11Z logger.go:66:           - to_port                  = 5432
TestTerraformCompleteExample 2022-08-26T05:06:11Z logger.go:66:           - type                     = "ingress"
TestTerraformCompleteExample 2022-08-26T05:06:11Z logger.go:66:         }
TestTerraformCompleteExample 2022-08-26T05:06:11Z logger.go:66:       - ingress-ssh-tcp-from-pl-1111111111                 = {
TestTerraformCompleteExample 2022-08-26T05:06:11Z logger.go:66:           - cidr_blocks              = null
TestTerraformCompleteExample 2022-08-26T05:06:11Z logger.go:66:           - description              = "ingress-ssh-tcp-from-pl-1111111111"
TestTerraformCompleteExample 2022-08-26T05:06:11Z logger.go:66:           - from_port                = 22
TestTerraformCompleteExample 2022-08-26T05:06:11Z logger.go:66:           - id                       = "sgrule-1111111111"
TestTerraformCompleteExample 2022-08-26T05:06:11Z logger.go:66:           - ipv6_cidr_blocks         = null
TestTerraformCompleteExample 2022-08-26T05:06:11Z logger.go:66:           - prefix_list_ids          = [
TestTerraformCompleteExample 2022-08-26T05:06:11Z logger.go:66:               - "pl-1111111111",
TestTerraformCompleteExample 2022-08-26T05:06:11Z logger.go:66:             ]
TestTerraformCompleteExample 2022-08-26T05:06:11Z logger.go:66:           - protocol                 = "tcp"
TestTerraformCompleteExample 2022-08-26T05:06:11Z logger.go:66:           - security_group_id        = "sg-1111111111111111"
TestTerraformCompleteExample 2022-08-26T05:06:11Z logger.go:66:           - self                     = false
TestTerraformCompleteExample 2022-08-26T05:06:11Z logger.go:66:           - source_security_group_id = null
TestTerraformCompleteExample 2022-08-26T05:06:11Z logger.go:66:           - timeouts                 = null
TestTerraformCompleteExample 2022-08-26T05:06:11Z logger.go:66:           - to_port                  = 22
TestTerraformCompleteExample 2022-08-26T05:06:11Z logger.go:66:           - type                     = "ingress"
TestTerraformCompleteExample 2022-08-26T05:06:11Z logger.go:66:         }
TestTerraformCompleteExample 2022-08-26T05:06:11Z logger.go:66:     } -> null
TestTerraformCompleteExample 2022-08-26T05:06:11Z logger.go:66:   - ingress_keys                         = [
TestTerraformCompleteExample 2022-08-26T05:06:11Z logger.go:66:       - "ingress-443-443-tcp-from-sg-1111111111111111",
TestTerraformCompleteExample 2022-08-26T05:06:11Z logger.go:66:       - "ingress-80-80-tcp-from-sg-1111111111111111",
TestTerraformCompleteExample 2022-08-26T05:06:11Z logger.go:66:       - "ingress-all-all-all-from-self",
TestTerraformCompleteExample 2022-08-26T05:06:11Z logger.go:66:       - "ingress-all-all-from-10.10.0.0/16,10.20.0.0/24",
TestTerraformCompleteExample 2022-08-26T05:06:11Z logger.go:66:       - "ingress-all-all-icmp-from-sg-1111111111111111",
TestTerraformCompleteExample 2022-08-26T05:06:11Z logger.go:66:       - "ingress-postgresql-tcp-from-2001:db8::/64",
TestTerraformCompleteExample 2022-08-26T05:06:11Z logger.go:66:       - "ingress-ssh-tcp-from-pl-1111111111",
TestTerraformCompleteExample 2022-08-26T05:06:11Z logger.go:66:     ] -> null
TestTerraformCompleteExample 2022-08-26T05:06:12Z logger.go:66: module.security_group.aws_security_group_rule.managed_rules["ingress-ssh-tcp-from-pl-1111111111"]: Destroying... [id=sgrule-1111111111]
TestTerraformCompleteExample 2022-08-26T05:06:12Z logger.go:66: module.security_group.aws_security_group_rule.rules["ingress-all-all-icmp-from-sg-1111111111111111"]: Destroying... [id=sgrule-1111111111]
TestTerraformCompleteExample 2022-08-26T05:06:12Z logger.go:66: module.security_group.aws_security_group_rule.computed_managed_ingress_rules[0]: Destroying... [id=sgrule-1111111111]
TestTerraformCompleteExample 2022-08-26T05:06:12Z logger.go:66: module.security_group.aws_security_group_rule.managed_rules["ingress-all-all-from-10.10.0.0/16,10.20.0.0/24"]: Destroying... [id=sgrule-1111111111]
TestTerraformCompleteExample 2022-08-26T05:06:12Z logger.go:66: module.security_group.aws_security_group_rule.managed_rules["egress-ssh-tcp-to-pl-1111111111"]: Destroying... [id=sgrule-1111111111]
TestTerraformCompleteExample 2022-08-26T05:06:12Z logger.go:66: module.security_group.aws_security_group_rule.rules["egress-all-all-icmp-to-sg-1111111111111111"]: Destroying... [id=sgrule-1111111111]
TestTerraformCompleteExample 2022-08-26T05:06:12Z logger.go:66: module.security_group.aws_security_group_rule.rules["ingress-all-all-all-from-self"]: Destroying... [id=sgrule-1111111111]
TestTerraformCompleteExample 2022-08-26T05:06:12Z logger.go:66: module.security_group.aws_security_group_rule.computed_egress_rules[0]: Destroying... [id=sgrule-1111111111]
TestTerraformCompleteExample 2022-08-26T05:06:12Z logger.go:66: module.security_group.aws_security_group_rule.computed_managed_egress_rules[0]: Destroying... [id=sgrule-1111111111]
TestTerraformCompleteExample 2022-08-26T05:06:12Z logger.go:66: module.security_group.aws_security_group_rule.managed_rules["egress-https-443-tcp-to-10.10.0.0/16,10.20.0.0/24"]: Destroying... [id=sgrule-1111111111]
TestTerraformCompleteExample 2022-08-26T05:06:13Z logger.go:66: module.security_group.aws_security_group_rule.managed_rules["ingress-all-all-from-10.10.0.0/16,10.20.0.0/24"]: Destruction complete after 0s
TestTerraformCompleteExample 2022-08-26T05:06:13Z logger.go:66: module.security_group.aws_security_group_rule.rules["egress-all-all-all-to-self"]: Destroying... [id=sgrule-1111111111]
TestTerraformCompleteExample 2022-08-26T05:06:13Z logger.go:66: module.security_group.aws_security_group_rule.rules["egress-all-all-icmp-to-sg-1111111111111111"]: Destruction complete after 1s
TestTerraformCompleteExample 2022-08-26T05:06:13Z logger.go:66: module.security_group.aws_security_group_rule.managed_rules["egress-postgresql-tcp-to-2001:db8::/64"]: Destroying... [id=sgrule-1111111111]
TestTerraformCompleteExample 2022-08-26T05:06:14Z logger.go:66: module.security_group.aws_security_group_rule.managed_rules["egress-ssh-tcp-to-pl-1111111111"]: Destruction complete after 2s
TestTerraformCompleteExample 2022-08-26T05:06:14Z logger.go:66: module.security_group.aws_security_group_rule.managed_rules["ingress-postgresql-tcp-from-2001:db8::/64"]: Destroying... [id=sgrule-1111111111]
TestTerraformCompleteExample 2022-08-26T05:06:15Z logger.go:66: module.security_group.aws_security_group_rule.managed_rules["egress-https-443-tcp-to-10.10.0.0/16,10.20.0.0/24"]: Destruction complete after 2s
TestTerraformCompleteExample 2022-08-26T05:06:15Z logger.go:66: module.security_group.aws_security_group_rule.computed_ingress_rules[0]: Destroying... [id=sgrule-1111111111]
TestTerraformCompleteExample 2022-08-26T05:06:15Z logger.go:66: module.security_group.aws_security_group_rule.computed_egress_rules[0]: Destruction complete after 3s
TestTerraformCompleteExample 2022-08-26T05:06:15Z logger.go:66: module.security_group.aws_security_group_rule.egress_all_to_public_rules["egress-all-all-to-public"]: Destroying... [id=sgrule-1111111111]
TestTerraformCompleteExample 2022-08-26T05:06:16Z logger.go:66: module.security_group.aws_security_group_rule.computed_managed_egress_rules[0]: Destruction complete after 3s
TestTerraformCompleteExample 2022-08-26T05:06:16Z logger.go:66: aws_ec2_managed_prefix_list.other: Destroying... [id=pl-1111111111]
TestTerraformCompleteExample 2022-08-26T05:06:17Z logger.go:66: module.security_group.aws_security_group_rule.managed_rules["ingress-ssh-tcp-from-pl-1111111111"]: Destruction complete after 4s
TestTerraformCompleteExample 2022-08-26T05:06:17Z logger.go:66: module.security_group.aws_security_group_rule.rules["ingress-all-all-all-from-self"]: Destruction complete after 5s
TestTerraformCompleteExample 2022-08-26T05:06:18Z logger.go:66: module.security_group.aws_security_group_rule.computed_managed_ingress_rules[0]: Destruction complete after 5s
TestTerraformCompleteExample 2022-08-26T05:06:19Z logger.go:66: module.security_group.aws_security_group_rule.rules["ingress-all-all-icmp-from-sg-1111111111111111"]: Destruction complete after 6s
TestTerraformCompleteExample 2022-08-26T05:06:19Z logger.go:66: module.security_group.aws_security_group_rule.rules["egress-all-all-all-to-self"]: Destruction complete after 7s
TestTerraformCompleteExample 2022-08-26T05:06:20Z logger.go:66: module.security_group.aws_security_group_rule.managed_rules["egress-postgresql-tcp-to-2001:db8::/64"]: Destruction complete after 6s
TestTerraformCompleteExample 2022-08-26T05:06:21Z logger.go:66: module.security_group.aws_security_group_rule.managed_rules["ingress-postgresql-tcp-from-2001:db8::/64"]: Destruction complete after 6s
TestTerraformCompleteExample 2022-08-26T05:06:22Z logger.go:66: module.security_group.aws_security_group_rule.computed_ingress_rules[0]: Destruction complete after 7s
TestTerraformCompleteExample 2022-08-26T05:06:22Z logger.go:66: aws_security_group.other: Destroying... [id=sg-1111111111111111]
TestTerraformCompleteExample 2022-08-26T05:06:22Z logger.go:66: module.security_group.aws_security_group_rule.egress_all_to_public_rules["egress-all-all-to-public"]: Destruction complete after 7s
TestTerraformCompleteExample 2022-08-26T05:06:22Z logger.go:66: module.security_group.aws_security_group.self[0]: Destroying... [id=sg-1111111111111111]
TestTerraformCompleteExample 2022-08-26T05:06:22Z logger.go:66: aws_security_group.other: Destruction complete after 1s
TestTerraformCompleteExample 2022-08-26T05:06:23Z logger.go:66: module.security_group.aws_security_group.self[0]: Destruction complete after 1s
TestTerraformCompleteExample 2022-08-26T05:06:24Z logger.go:66: aws_ec2_managed_prefix_list.other: Destruction complete after 8s
TestTerraformCompleteExample 2022-08-26T05:06:24Z logger.go:66:
TestTerraformCompleteExample 2022-08-26T05:06:24Z logger.go:66: Destroy complete! Resources: 18 destroyed.
--- PASS: TestTerraformCompleteExample (44.47s)
PASS
ok  	command-line-arguments	44.483s
