=== RUN   TestTerraformCustomerRulesExample
TestTerraformCustomerRulesExample 2022-11-30T02:48:25Z retry.go:91: terraform [init -upgrade=false]
TestTerraformCustomerRulesExample 2022-11-30T02:48:25Z logger.go:66: Running command terraform with args [init -upgrade=false]
TestTerraformCustomerRulesExample 2022-11-30T02:48:25Z logger.go:66: [0m[1mInitializing modules...[0m
TestTerraformCustomerRulesExample 2022-11-30T02:48:25Z logger.go:66:
TestTerraformCustomerRulesExample 2022-11-30T02:48:25Z logger.go:66: [0m[1mInitializing the backend...[0m
TestTerraformCustomerRulesExample 2022-11-30T02:48:27Z logger.go:66:
TestTerraformCustomerRulesExample 2022-11-30T02:48:27Z logger.go:66: [0m[1mInitializing provider plugins...[0m
TestTerraformCustomerRulesExample 2022-11-30T02:48:27Z logger.go:66: - Reusing previous version of hashicorp/aws from the dependency lock file
TestTerraformCustomerRulesExample 2022-11-30T02:48:28Z logger.go:66: - Using previously-installed hashicorp/aws v4.34.0
TestTerraformCustomerRulesExample 2022-11-30T02:48:28Z logger.go:66:
TestTerraformCustomerRulesExample 2022-11-30T02:48:28Z logger.go:66: [0m[1m[32mTerraform has been successfully initialized![0m[32m[0m
TestTerraformCustomerRulesExample 2022-11-30T02:48:28Z logger.go:66: [0m[32m
TestTerraformCustomerRulesExample 2022-11-30T02:48:28Z logger.go:66: You may now begin working with Terraform. Try running "terraform plan" to see
TestTerraformCustomerRulesExample 2022-11-30T02:48:28Z logger.go:66: any changes that are required for your infrastructure. All Terraform commands
TestTerraformCustomerRulesExample 2022-11-30T02:48:28Z logger.go:66: should now work.
TestTerraformCustomerRulesExample 2022-11-30T02:48:28Z logger.go:66:
TestTerraformCustomerRulesExample 2022-11-30T02:48:28Z logger.go:66: If you ever set or change modules or backend configuration for Terraform,
TestTerraformCustomerRulesExample 2022-11-30T02:48:28Z logger.go:66: rerun this command to reinitialize your working directory. If you forget, other
TestTerraformCustomerRulesExample 2022-11-30T02:48:28Z logger.go:66: commands will detect it and remind you to do so if necessary.[0m
TestTerraformCustomerRulesExample 2022-11-30T02:48:28Z retry.go:91: terraform [apply -input=false -auto-approve -no-color -lock=false]
TestTerraformCustomerRulesExample 2022-11-30T02:48:28Z logger.go:66: Running command terraform with args [apply -input=false -auto-approve -no-color -lock=false]
TestTerraformCustomerRulesExample 2022-11-30T02:48:32Z logger.go:66: data.aws_prefix_list.private_s3: Reading...
TestTerraformCustomerRulesExample 2022-11-30T02:48:32Z logger.go:66: data.aws_vpc.default: Reading...
TestTerraformCustomerRulesExample 2022-11-30T02:48:32Z logger.go:66: data.aws_prefix_list.private_s3: Read complete after 1s [id=pl-1111111111111111]
TestTerraformCustomerRulesExample 2022-11-30T02:48:32Z logger.go:66: data.aws_vpc.default: Read complete after 1s [id=vpc-1111111111111111]
TestTerraformCustomerRulesExample 2022-11-30T02:48:32Z logger.go:66: data.aws_security_group.default: Reading...
TestTerraformCustomerRulesExample 2022-11-30T02:48:33Z logger.go:66: data.aws_security_group.default: Read complete after 0s [id=sg-1111111111111111]
TestTerraformCustomerRulesExample 2022-11-30T02:48:33Z logger.go:66:
TestTerraformCustomerRulesExample 2022-11-30T02:48:33Z logger.go:66: Terraform used the selected providers to generate the following execution
TestTerraformCustomerRulesExample 2022-11-30T02:48:33Z logger.go:66: plan. Resource actions are indicated with the following symbols:
TestTerraformCustomerRulesExample 2022-11-30T02:48:33Z logger.go:66:   + create
TestTerraformCustomerRulesExample 2022-11-30T02:48:33Z logger.go:66:
TestTerraformCustomerRulesExample 2022-11-30T02:48:33Z logger.go:66: Terraform will perform the following actions:
TestTerraformCustomerRulesExample 2022-11-30T02:48:33Z logger.go:66:
TestTerraformCustomerRulesExample 2022-11-30T02:48:33Z logger.go:66:   # module.security_group.aws_security_group.self[0] will be created
TestTerraformCustomerRulesExample 2022-11-30T02:48:33Z logger.go:66:   + resource "aws_security_group" "self" {
TestTerraformCustomerRulesExample 2022-11-30T02:48:33Z logger.go:66:       + arn                    = (known after apply)
TestTerraformCustomerRulesExample 2022-11-30T02:48:33Z logger.go:66:       + description            = "ex-customer"
TestTerraformCustomerRulesExample 2022-11-30T02:48:33Z logger.go:66:       + egress                 = (known after apply)
TestTerraformCustomerRulesExample 2022-11-30T02:48:33Z logger.go:66:       + id                     = (known after apply)
TestTerraformCustomerRulesExample 2022-11-30T02:48:33Z logger.go:66:       + ingress                = (known after apply)
TestTerraformCustomerRulesExample 2022-11-30T02:48:33Z logger.go:66:       + name                   = "ex-customer"
TestTerraformCustomerRulesExample 2022-11-30T02:48:33Z logger.go:66:       + name_prefix            = (known after apply)
TestTerraformCustomerRulesExample 2022-11-30T02:48:33Z logger.go:66:       + owner_id               = (known after apply)
TestTerraformCustomerRulesExample 2022-11-30T02:48:33Z logger.go:66:       + revoke_rules_on_delete = false
TestTerraformCustomerRulesExample 2022-11-30T02:48:33Z logger.go:66:       + tags                   = {
TestTerraformCustomerRulesExample 2022-11-30T02:48:33Z logger.go:66:           + "Name" = "ex-customer"
TestTerraformCustomerRulesExample 2022-11-30T02:48:33Z logger.go:66:         }
TestTerraformCustomerRulesExample 2022-11-30T02:48:33Z logger.go:66:       + tags_all               = {
TestTerraformCustomerRulesExample 2022-11-30T02:48:33Z logger.go:66:           + "Example"    = "ex-customer"
TestTerraformCustomerRulesExample 2022-11-30T02:48:33Z logger.go:66:           + "GithubOrg"  = "aidanmelen"
TestTerraformCustomerRulesExample 2022-11-30T02:48:33Z logger.go:66:           + "GithubRepo" = "terraform-aws-security-group"
TestTerraformCustomerRulesExample 2022-11-30T02:48:33Z logger.go:66:           + "Name"       = "ex-customer"
TestTerraformCustomerRulesExample 2022-11-30T02:48:33Z logger.go:66:         }
TestTerraformCustomerRulesExample 2022-11-30T02:48:33Z logger.go:66:       + vpc_id                 = "vpc-1111111111111111"
TestTerraformCustomerRulesExample 2022-11-30T02:48:33Z logger.go:66:
TestTerraformCustomerRulesExample 2022-11-30T02:48:33Z logger.go:66:       + timeouts {
TestTerraformCustomerRulesExample 2022-11-30T02:48:33Z logger.go:66:           + create = "10m"
TestTerraformCustomerRulesExample 2022-11-30T02:48:33Z logger.go:66:           + delete = "15m"
TestTerraformCustomerRulesExample 2022-11-30T02:48:33Z logger.go:66:         }
TestTerraformCustomerRulesExample 2022-11-30T02:48:33Z logger.go:66:     }
TestTerraformCustomerRulesExample 2022-11-30T02:48:33Z logger.go:66:
TestTerraformCustomerRulesExample 2022-11-30T02:48:33Z logger.go:66:   # module.security_group.aws_security_group_rule.egress["0-0--1-true"] will be created
TestTerraformCustomerRulesExample 2022-11-30T02:48:33Z logger.go:66:   + resource "aws_security_group_rule" "egress" {
TestTerraformCustomerRulesExample 2022-11-30T02:48:33Z logger.go:66:       + description              = "managed by Terraform"
TestTerraformCustomerRulesExample 2022-11-30T02:48:33Z logger.go:66:       + from_port                = 0
TestTerraformCustomerRulesExample 2022-11-30T02:48:33Z logger.go:66:       + id                       = (known after apply)
TestTerraformCustomerRulesExample 2022-11-30T02:48:33Z logger.go:66:       + protocol                 = "-1"
TestTerraformCustomerRulesExample 2022-11-30T02:48:33Z logger.go:66:       + security_group_id        = (known after apply)
TestTerraformCustomerRulesExample 2022-11-30T02:48:33Z logger.go:66:       + self                     = true
TestTerraformCustomerRulesExample 2022-11-30T02:48:33Z logger.go:66:       + source_security_group_id = (known after apply)
TestTerraformCustomerRulesExample 2022-11-30T02:48:33Z logger.go:66:       + to_port                  = 0
TestTerraformCustomerRulesExample 2022-11-30T02:48:33Z logger.go:66:       + type                     = "egress"
TestTerraformCustomerRulesExample 2022-11-30T02:48:33Z logger.go:66:     }
TestTerraformCustomerRulesExample 2022-11-30T02:48:33Z logger.go:66:
TestTerraformCustomerRulesExample 2022-11-30T02:48:33Z logger.go:66:   # module.security_group.aws_security_group_rule.egress["0-0-icmp-sg-1111111111111111"] will be created
TestTerraformCustomerRulesExample 2022-11-30T02:48:33Z logger.go:66:   + resource "aws_security_group_rule" "egress" {
TestTerraformCustomerRulesExample 2022-11-30T02:48:33Z logger.go:66:       + description              = "managed by Terraform"
TestTerraformCustomerRulesExample 2022-11-30T02:48:33Z logger.go:66:       + from_port                = 0
TestTerraformCustomerRulesExample 2022-11-30T02:48:33Z logger.go:66:       + id                       = (known after apply)
TestTerraformCustomerRulesExample 2022-11-30T02:48:33Z logger.go:66:       + protocol                 = "icmp"
TestTerraformCustomerRulesExample 2022-11-30T02:48:33Z logger.go:66:       + security_group_id        = (known after apply)
TestTerraformCustomerRulesExample 2022-11-30T02:48:33Z logger.go:66:       + self                     = false
TestTerraformCustomerRulesExample 2022-11-30T02:48:33Z logger.go:66:       + source_security_group_id = "sg-1111111111111111"
TestTerraformCustomerRulesExample 2022-11-30T02:48:33Z logger.go:66:       + to_port                  = 0
TestTerraformCustomerRulesExample 2022-11-30T02:48:33Z logger.go:66:       + type                     = "egress"
TestTerraformCustomerRulesExample 2022-11-30T02:48:33Z logger.go:66:     }
TestTerraformCustomerRulesExample 2022-11-30T02:48:33Z logger.go:66:
TestTerraformCustomerRulesExample 2022-11-30T02:48:33Z logger.go:66:   # module.security_group.aws_security_group_rule.egress["22-22-tcp-pl-1111111111111111"] will be created
TestTerraformCustomerRulesExample 2022-11-30T02:48:33Z logger.go:66:   + resource "aws_security_group_rule" "egress" {
TestTerraformCustomerRulesExample 2022-11-30T02:48:33Z logger.go:66:       + description              = "managed by Terraform"
TestTerraformCustomerRulesExample 2022-11-30T02:48:33Z logger.go:66:       + from_port                = 22
TestTerraformCustomerRulesExample 2022-11-30T02:48:33Z logger.go:66:       + id                       = (known after apply)
TestTerraformCustomerRulesExample 2022-11-30T02:48:33Z logger.go:66:       + prefix_list_ids          = [
TestTerraformCustomerRulesExample 2022-11-30T02:48:33Z logger.go:66:           + "pl-1111111111111111",
TestTerraformCustomerRulesExample 2022-11-30T02:48:33Z logger.go:66:         ]
TestTerraformCustomerRulesExample 2022-11-30T02:48:33Z logger.go:66:       + protocol                 = "tcp"
TestTerraformCustomerRulesExample 2022-11-30T02:48:33Z logger.go:66:       + security_group_id        = (known after apply)
TestTerraformCustomerRulesExample 2022-11-30T02:48:33Z logger.go:66:       + self                     = false
TestTerraformCustomerRulesExample 2022-11-30T02:48:33Z logger.go:66:       + source_security_group_id = (known after apply)
TestTerraformCustomerRulesExample 2022-11-30T02:48:33Z logger.go:66:       + to_port                  = 22
TestTerraformCustomerRulesExample 2022-11-30T02:48:33Z logger.go:66:       + type                     = "egress"
TestTerraformCustomerRulesExample 2022-11-30T02:48:33Z logger.go:66:     }
TestTerraformCustomerRulesExample 2022-11-30T02:48:33Z logger.go:66:
TestTerraformCustomerRulesExample 2022-11-30T02:48:33Z logger.go:66:   # module.security_group.aws_security_group_rule.egress["350-450-tcp-2001:db8::/64"] will be created
TestTerraformCustomerRulesExample 2022-11-30T02:48:33Z logger.go:66:   + resource "aws_security_group_rule" "egress" {
TestTerraformCustomerRulesExample 2022-11-30T02:48:33Z logger.go:66:       + description              = "managed by Terraform"
TestTerraformCustomerRulesExample 2022-11-30T02:48:33Z logger.go:66:       + from_port                = 350
TestTerraformCustomerRulesExample 2022-11-30T02:48:33Z logger.go:66:       + id                       = (known after apply)
TestTerraformCustomerRulesExample 2022-11-30T02:48:33Z logger.go:66:       + ipv6_cidr_blocks         = [
TestTerraformCustomerRulesExample 2022-11-30T02:48:33Z logger.go:66:           + "2001:db8::/64",
TestTerraformCustomerRulesExample 2022-11-30T02:48:33Z logger.go:66:         ]
TestTerraformCustomerRulesExample 2022-11-30T02:48:33Z logger.go:66:       + protocol                 = "tcp"
TestTerraformCustomerRulesExample 2022-11-30T02:48:33Z logger.go:66:       + security_group_id        = (known after apply)
TestTerraformCustomerRulesExample 2022-11-30T02:48:33Z logger.go:66:       + self                     = false
TestTerraformCustomerRulesExample 2022-11-30T02:48:33Z logger.go:66:       + source_security_group_id = (known after apply)
TestTerraformCustomerRulesExample 2022-11-30T02:48:33Z logger.go:66:       + to_port                  = 450
TestTerraformCustomerRulesExample 2022-11-30T02:48:33Z logger.go:66:       + type                     = "egress"
TestTerraformCustomerRulesExample 2022-11-30T02:48:33Z logger.go:66:     }
TestTerraformCustomerRulesExample 2022-11-30T02:48:33Z logger.go:66:
TestTerraformCustomerRulesExample 2022-11-30T02:48:33Z logger.go:66:   # module.security_group.aws_security_group_rule.egress["443-443-tcp-10.10.0.0/16-10.20.0.0/24"] will be created
TestTerraformCustomerRulesExample 2022-11-30T02:48:33Z logger.go:66:   + resource "aws_security_group_rule" "egress" {
TestTerraformCustomerRulesExample 2022-11-30T02:48:33Z logger.go:66:       + cidr_blocks              = [
TestTerraformCustomerRulesExample 2022-11-30T02:48:33Z logger.go:66:           + "10.10.0.0/16",
TestTerraformCustomerRulesExample 2022-11-30T02:48:33Z logger.go:66:           + "10.20.0.0/24",
TestTerraformCustomerRulesExample 2022-11-30T02:48:33Z logger.go:66:         ]
TestTerraformCustomerRulesExample 2022-11-30T02:48:33Z logger.go:66:       + description              = "managed by Terraform"
TestTerraformCustomerRulesExample 2022-11-30T02:48:33Z logger.go:66:       + from_port                = 443
TestTerraformCustomerRulesExample 2022-11-30T02:48:33Z logger.go:66:       + id                       = (known after apply)
TestTerraformCustomerRulesExample 2022-11-30T02:48:33Z logger.go:66:       + protocol                 = "tcp"
TestTerraformCustomerRulesExample 2022-11-30T02:48:33Z logger.go:66:       + security_group_id        = (known after apply)
TestTerraformCustomerRulesExample 2022-11-30T02:48:33Z logger.go:66:       + self                     = false
TestTerraformCustomerRulesExample 2022-11-30T02:48:33Z logger.go:66:       + source_security_group_id = (known after apply)
TestTerraformCustomerRulesExample 2022-11-30T02:48:33Z logger.go:66:       + to_port                  = 443
TestTerraformCustomerRulesExample 2022-11-30T02:48:33Z logger.go:66:       + type                     = "egress"
TestTerraformCustomerRulesExample 2022-11-30T02:48:33Z logger.go:66:     }
TestTerraformCustomerRulesExample 2022-11-30T02:48:33Z logger.go:66:
TestTerraformCustomerRulesExample 2022-11-30T02:48:33Z logger.go:66:   # module.security_group.aws_security_group_rule.ingress["0-0--1-true"] will be created
TestTerraformCustomerRulesExample 2022-11-30T02:48:33Z logger.go:66:   + resource "aws_security_group_rule" "ingress" {
TestTerraformCustomerRulesExample 2022-11-30T02:48:33Z logger.go:66:       + description              = "managed by Terraform"
TestTerraformCustomerRulesExample 2022-11-30T02:48:33Z logger.go:66:       + from_port                = 0
TestTerraformCustomerRulesExample 2022-11-30T02:48:33Z logger.go:66:       + id                       = (known after apply)
TestTerraformCustomerRulesExample 2022-11-30T02:48:33Z logger.go:66:       + protocol                 = "-1"
TestTerraformCustomerRulesExample 2022-11-30T02:48:33Z logger.go:66:       + security_group_id        = (known after apply)
TestTerraformCustomerRulesExample 2022-11-30T02:48:33Z logger.go:66:       + self                     = true
TestTerraformCustomerRulesExample 2022-11-30T02:48:33Z logger.go:66:       + source_security_group_id = (known after apply)
TestTerraformCustomerRulesExample 2022-11-30T02:48:33Z logger.go:66:       + to_port                  = 0
TestTerraformCustomerRulesExample 2022-11-30T02:48:33Z logger.go:66:       + type                     = "ingress"
TestTerraformCustomerRulesExample 2022-11-30T02:48:33Z logger.go:66:     }
TestTerraformCustomerRulesExample 2022-11-30T02:48:33Z logger.go:66:
TestTerraformCustomerRulesExample 2022-11-30T02:48:33Z logger.go:66:   # module.security_group.aws_security_group_rule.ingress["0-0-icmp-sg-1111111111111111"] will be created
TestTerraformCustomerRulesExample 2022-11-30T02:48:33Z logger.go:66:   + resource "aws_security_group_rule" "ingress" {
TestTerraformCustomerRulesExample 2022-11-30T02:48:33Z logger.go:66:       + description              = "managed by Terraform"
TestTerraformCustomerRulesExample 2022-11-30T02:48:33Z logger.go:66:       + from_port                = 0
TestTerraformCustomerRulesExample 2022-11-30T02:48:33Z logger.go:66:       + id                       = (known after apply)
TestTerraformCustomerRulesExample 2022-11-30T02:48:33Z logger.go:66:       + protocol                 = "icmp"
TestTerraformCustomerRulesExample 2022-11-30T02:48:33Z logger.go:66:       + security_group_id        = (known after apply)
TestTerraformCustomerRulesExample 2022-11-30T02:48:33Z logger.go:66:       + self                     = false
TestTerraformCustomerRulesExample 2022-11-30T02:48:33Z logger.go:66:       + source_security_group_id = "sg-1111111111111111"
TestTerraformCustomerRulesExample 2022-11-30T02:48:33Z logger.go:66:       + to_port                  = 0
TestTerraformCustomerRulesExample 2022-11-30T02:48:33Z logger.go:66:       + type                     = "ingress"
TestTerraformCustomerRulesExample 2022-11-30T02:48:33Z logger.go:66:     }
TestTerraformCustomerRulesExample 2022-11-30T02:48:33Z logger.go:66:
TestTerraformCustomerRulesExample 2022-11-30T02:48:33Z logger.go:66:   # module.security_group.aws_security_group_rule.ingress["22-22-tcp-pl-1111111111111111"] will be created
TestTerraformCustomerRulesExample 2022-11-30T02:48:33Z logger.go:66:   + resource "aws_security_group_rule" "ingress" {
TestTerraformCustomerRulesExample 2022-11-30T02:48:33Z logger.go:66:       + description              = "managed by Terraform"
TestTerraformCustomerRulesExample 2022-11-30T02:48:33Z logger.go:66:       + from_port                = 22
TestTerraformCustomerRulesExample 2022-11-30T02:48:33Z logger.go:66:       + id                       = (known after apply)
TestTerraformCustomerRulesExample 2022-11-30T02:48:33Z logger.go:66:       + prefix_list_ids          = [
TestTerraformCustomerRulesExample 2022-11-30T02:48:33Z logger.go:66:           + "pl-1111111111111111",
TestTerraformCustomerRulesExample 2022-11-30T02:48:33Z logger.go:66:         ]
TestTerraformCustomerRulesExample 2022-11-30T02:48:33Z logger.go:66:       + protocol                 = "tcp"
TestTerraformCustomerRulesExample 2022-11-30T02:48:33Z logger.go:66:       + security_group_id        = (known after apply)
TestTerraformCustomerRulesExample 2022-11-30T02:48:33Z logger.go:66:       + self                     = false
TestTerraformCustomerRulesExample 2022-11-30T02:48:33Z logger.go:66:       + source_security_group_id = (known after apply)
TestTerraformCustomerRulesExample 2022-11-30T02:48:33Z logger.go:66:       + to_port                  = 22
TestTerraformCustomerRulesExample 2022-11-30T02:48:33Z logger.go:66:       + type                     = "ingress"
TestTerraformCustomerRulesExample 2022-11-30T02:48:33Z logger.go:66:     }
TestTerraformCustomerRulesExample 2022-11-30T02:48:33Z logger.go:66:
TestTerraformCustomerRulesExample 2022-11-30T02:48:33Z logger.go:66:   # module.security_group.aws_security_group_rule.ingress["350-450-tcp-2001:db8::/64"] will be created
TestTerraformCustomerRulesExample 2022-11-30T02:48:33Z logger.go:66:   + resource "aws_security_group_rule" "ingress" {
TestTerraformCustomerRulesExample 2022-11-30T02:48:33Z logger.go:66:       + description              = "managed by Terraform"
TestTerraformCustomerRulesExample 2022-11-30T02:48:33Z logger.go:66:       + from_port                = 350
TestTerraformCustomerRulesExample 2022-11-30T02:48:33Z logger.go:66:       + id                       = (known after apply)
TestTerraformCustomerRulesExample 2022-11-30T02:48:33Z logger.go:66:       + ipv6_cidr_blocks         = [
TestTerraformCustomerRulesExample 2022-11-30T02:48:33Z logger.go:66:           + "2001:db8::/64",
TestTerraformCustomerRulesExample 2022-11-30T02:48:33Z logger.go:66:         ]
TestTerraformCustomerRulesExample 2022-11-30T02:48:33Z logger.go:66:       + protocol                 = "tcp"
TestTerraformCustomerRulesExample 2022-11-30T02:48:33Z logger.go:66:       + security_group_id        = (known after apply)
TestTerraformCustomerRulesExample 2022-11-30T02:48:33Z logger.go:66:       + self                     = false
TestTerraformCustomerRulesExample 2022-11-30T02:48:33Z logger.go:66:       + source_security_group_id = (known after apply)
TestTerraformCustomerRulesExample 2022-11-30T02:48:33Z logger.go:66:       + to_port                  = 450
TestTerraformCustomerRulesExample 2022-11-30T02:48:33Z logger.go:66:       + type                     = "ingress"
TestTerraformCustomerRulesExample 2022-11-30T02:48:33Z logger.go:66:     }
TestTerraformCustomerRulesExample 2022-11-30T02:48:33Z logger.go:66:
TestTerraformCustomerRulesExample 2022-11-30T02:48:33Z logger.go:66:   # module.security_group.aws_security_group_rule.ingress["443-443-tcp-10.10.0.0/16-10.20.0.0/24"] will be created
TestTerraformCustomerRulesExample 2022-11-30T02:48:33Z logger.go:66:   + resource "aws_security_group_rule" "ingress" {
TestTerraformCustomerRulesExample 2022-11-30T02:48:33Z logger.go:66:       + cidr_blocks              = [
TestTerraformCustomerRulesExample 2022-11-30T02:48:33Z logger.go:66:           + "10.10.0.0/16",
TestTerraformCustomerRulesExample 2022-11-30T02:48:33Z logger.go:66:           + "10.20.0.0/24",
TestTerraformCustomerRulesExample 2022-11-30T02:48:33Z logger.go:66:         ]
TestTerraformCustomerRulesExample 2022-11-30T02:48:33Z logger.go:66:       + description              = "managed by Terraform"
TestTerraformCustomerRulesExample 2022-11-30T02:48:33Z logger.go:66:       + from_port                = 443
TestTerraformCustomerRulesExample 2022-11-30T02:48:33Z logger.go:66:       + id                       = (known after apply)
TestTerraformCustomerRulesExample 2022-11-30T02:48:33Z logger.go:66:       + protocol                 = "tcp"
TestTerraformCustomerRulesExample 2022-11-30T02:48:33Z logger.go:66:       + security_group_id        = (known after apply)
TestTerraformCustomerRulesExample 2022-11-30T02:48:33Z logger.go:66:       + self                     = false
TestTerraformCustomerRulesExample 2022-11-30T02:48:33Z logger.go:66:       + source_security_group_id = (known after apply)
TestTerraformCustomerRulesExample 2022-11-30T02:48:33Z logger.go:66:       + to_port                  = 443
TestTerraformCustomerRulesExample 2022-11-30T02:48:33Z logger.go:66:       + type                     = "ingress"
TestTerraformCustomerRulesExample 2022-11-30T02:48:33Z logger.go:66:     }
TestTerraformCustomerRulesExample 2022-11-30T02:48:33Z logger.go:66:
TestTerraformCustomerRulesExample 2022-11-30T02:48:33Z logger.go:66: Plan: 11 to add, 0 to change, 0 to destroy.
TestTerraformCustomerRulesExample 2022-11-30T02:48:33Z logger.go:66:
TestTerraformCustomerRulesExample 2022-11-30T02:48:33Z logger.go:66: Changes to Outputs:
TestTerraformCustomerRulesExample 2022-11-30T02:48:33Z logger.go:66:   + arn       = (known after apply)
TestTerraformCustomerRulesExample 2022-11-30T02:48:33Z logger.go:66:   + egress    = (known after apply)
TestTerraformCustomerRulesExample 2022-11-30T02:48:33Z logger.go:66:   + id        = (known after apply)
TestTerraformCustomerRulesExample 2022-11-30T02:48:33Z logger.go:66:   + ingress   = (known after apply)
TestTerraformCustomerRulesExample 2022-11-30T02:48:33Z logger.go:66:   + terratest = {
TestTerraformCustomerRulesExample 2022-11-30T02:48:33Z logger.go:66:       + data_aws_prefix_list_private_s3_id = "pl-1111111111111111"
TestTerraformCustomerRulesExample 2022-11-30T02:48:33Z logger.go:66:       + data_aws_security_group_default_id = "sg-1111111111111111"
TestTerraformCustomerRulesExample 2022-11-30T02:48:33Z logger.go:66:       + egress_count                       = (known after apply)
TestTerraformCustomerRulesExample 2022-11-30T02:48:33Z logger.go:66:       + ingress_count                      = (known after apply)
TestTerraformCustomerRulesExample 2022-11-30T02:48:33Z logger.go:66:     }
TestTerraformCustomerRulesExample 2022-11-30T02:48:34Z logger.go:66: module.security_group.aws_security_group.self[0]: Creating...
TestTerraformCustomerRulesExample 2022-11-30T02:48:35Z logger.go:66: module.security_group.aws_security_group.self[0]: Creation complete after 2s [id=sg-1111111111111111]
TestTerraformCustomerRulesExample 2022-11-30T02:48:35Z logger.go:66: module.security_group.aws_security_group_rule.ingress["22-22-tcp-pl-1111111111111111"]: Creating...
TestTerraformCustomerRulesExample 2022-11-30T02:48:35Z logger.go:66: module.security_group.aws_security_group_rule.egress["443-443-tcp-10.10.0.0/16-10.20.0.0/24"]: Creating...
TestTerraformCustomerRulesExample 2022-11-30T02:48:35Z logger.go:66: module.security_group.aws_security_group_rule.ingress["0-0--1-true"]: Creating...
TestTerraformCustomerRulesExample 2022-11-30T02:48:35Z logger.go:66: module.security_group.aws_security_group_rule.ingress["0-0-icmp-sg-1111111111111111"]: Creating...
TestTerraformCustomerRulesExample 2022-11-30T02:48:35Z logger.go:66: module.security_group.aws_security_group_rule.egress["0-0-icmp-sg-1111111111111111"]: Creating...
TestTerraformCustomerRulesExample 2022-11-30T02:48:35Z logger.go:66: module.security_group.aws_security_group_rule.egress["350-450-tcp-2001:db8::/64"]: Creating...
TestTerraformCustomerRulesExample 2022-11-30T02:48:35Z logger.go:66: module.security_group.aws_security_group_rule.ingress["443-443-tcp-10.10.0.0/16-10.20.0.0/24"]: Creating...
TestTerraformCustomerRulesExample 2022-11-30T02:48:35Z logger.go:66: module.security_group.aws_security_group_rule.egress["0-0--1-true"]: Creating...
TestTerraformCustomerRulesExample 2022-11-30T02:48:35Z logger.go:66: module.security_group.aws_security_group_rule.ingress["350-450-tcp-2001:db8::/64"]: Creating...
TestTerraformCustomerRulesExample 2022-11-30T02:48:35Z logger.go:66: module.security_group.aws_security_group_rule.egress["22-22-tcp-pl-1111111111111111"]: Creating...
TestTerraformCustomerRulesExample 2022-11-30T02:48:36Z logger.go:66: module.security_group.aws_security_group_rule.ingress["22-22-tcp-pl-1111111111111111"]: Creation complete after 0s [id=sgrule-1111111111]
TestTerraformCustomerRulesExample 2022-11-30T02:48:37Z logger.go:66: module.security_group.aws_security_group_rule.egress["443-443-tcp-10.10.0.0/16-10.20.0.0/24"]: Creation complete after 1s [id=sgrule-1111111111]
TestTerraformCustomerRulesExample 2022-11-30T02:48:37Z logger.go:66: module.security_group.aws_security_group_rule.egress["350-450-tcp-2001:db8::/64"]: Creation complete after 2s [id=sgrule-1111111111]
TestTerraformCustomerRulesExample 2022-11-30T02:48:38Z logger.go:66: module.security_group.aws_security_group_rule.ingress["0-0-icmp-sg-1111111111111111"]: Creation complete after 2s [id=sgrule-1111111111]
TestTerraformCustomerRulesExample 2022-11-30T02:48:38Z logger.go:66: module.security_group.aws_security_group_rule.ingress["0-0--1-true"]: Creation complete after 3s [id=sgrule-1111111111]
TestTerraformCustomerRulesExample 2022-11-30T02:48:39Z logger.go:66: module.security_group.aws_security_group_rule.ingress["443-443-tcp-10.10.0.0/16-10.20.0.0/24"]: Creation complete after 3s [id=sgrule-1111111111]
TestTerraformCustomerRulesExample 2022-11-30T02:48:39Z logger.go:66: module.security_group.aws_security_group_rule.ingress["350-450-tcp-2001:db8::/64"]: Creation complete after 4s [id=sgrule-1111111111]
TestTerraformCustomerRulesExample 2022-11-30T02:48:40Z logger.go:66: module.security_group.aws_security_group_rule.egress["0-0--1-true"]: Creation complete after 4s [id=sgrule-1111111111]
TestTerraformCustomerRulesExample 2022-11-30T02:48:40Z logger.go:66: module.security_group.aws_security_group_rule.egress["0-0-icmp-sg-1111111111111111"]: Creation complete after 5s [id=sgrule-1111111111]
TestTerraformCustomerRulesExample 2022-11-30T02:48:41Z logger.go:66: module.security_group.aws_security_group_rule.egress["22-22-tcp-pl-1111111111111111"]: Creation complete after 5s [id=sgrule-1111111111]
TestTerraformCustomerRulesExample 2022-11-30T02:48:41Z logger.go:66:
TestTerraformCustomerRulesExample 2022-11-30T02:48:41Z logger.go:66: Apply complete! Resources: 11 added, 0 changed, 0 destroyed.
TestTerraformCustomerRulesExample 2022-11-30T02:48:41Z logger.go:66:
TestTerraformCustomerRulesExample 2022-11-30T02:48:41Z logger.go:66: Outputs:
TestTerraformCustomerRulesExample 2022-11-30T02:48:41Z logger.go:66:
TestTerraformCustomerRulesExample 2022-11-30T02:48:41Z logger.go:66: arn = "arn:aws:ec2:us-west-2:111111111111:security-group/sg-1111111111111111"
TestTerraformCustomerRulesExample 2022-11-30T02:48:41Z logger.go:66: egress = [
TestTerraformCustomerRulesExample 2022-11-30T02:48:41Z logger.go:66:   {
TestTerraformCustomerRulesExample 2022-11-30T02:48:41Z logger.go:66:     "cidr_blocks" = tolist(null) /* of string */
TestTerraformCustomerRulesExample 2022-11-30T02:48:41Z logger.go:66:     "description" = "managed by Terraform"
TestTerraformCustomerRulesExample 2022-11-30T02:48:41Z logger.go:66:     "from_port" = 0
TestTerraformCustomerRulesExample 2022-11-30T02:48:41Z logger.go:66:     "id" = "sgrule-1111111111"
TestTerraformCustomerRulesExample 2022-11-30T02:48:41Z logger.go:66:     "ipv6_cidr_blocks" = tolist(null) /* of string */
TestTerraformCustomerRulesExample 2022-11-30T02:48:41Z logger.go:66:     "prefix_list_ids" = tolist(null) /* of string */
TestTerraformCustomerRulesExample 2022-11-30T02:48:41Z logger.go:66:     "protocol" = "-1"
TestTerraformCustomerRulesExample 2022-11-30T02:48:41Z logger.go:66:     "security_group_id" = "sg-1111111111111111"
TestTerraformCustomerRulesExample 2022-11-30T02:48:41Z logger.go:66:     "self" = true
TestTerraformCustomerRulesExample 2022-11-30T02:48:41Z logger.go:66:     "source_security_group_id" = tostring(null)
TestTerraformCustomerRulesExample 2022-11-30T02:48:41Z logger.go:66:     "timeouts" = null /* object */
TestTerraformCustomerRulesExample 2022-11-30T02:48:41Z logger.go:66:     "to_port" = 0
TestTerraformCustomerRulesExample 2022-11-30T02:48:41Z logger.go:66:     "type" = "egress"
TestTerraformCustomerRulesExample 2022-11-30T02:48:41Z logger.go:66:   },
TestTerraformCustomerRulesExample 2022-11-30T02:48:41Z logger.go:66:   {
TestTerraformCustomerRulesExample 2022-11-30T02:48:41Z logger.go:66:     "cidr_blocks" = tolist(null) /* of string */
TestTerraformCustomerRulesExample 2022-11-30T02:48:41Z logger.go:66:     "description" = "managed by Terraform"
TestTerraformCustomerRulesExample 2022-11-30T02:48:41Z logger.go:66:     "from_port" = 0
TestTerraformCustomerRulesExample 2022-11-30T02:48:41Z logger.go:66:     "id" = "sgrule-1111111111"
TestTerraformCustomerRulesExample 2022-11-30T02:48:41Z logger.go:66:     "ipv6_cidr_blocks" = tolist(null) /* of string */
TestTerraformCustomerRulesExample 2022-11-30T02:48:41Z logger.go:66:     "prefix_list_ids" = tolist(null) /* of string */
TestTerraformCustomerRulesExample 2022-11-30T02:48:41Z logger.go:66:     "protocol" = "icmp"
TestTerraformCustomerRulesExample 2022-11-30T02:48:41Z logger.go:66:     "security_group_id" = "sg-1111111111111111"
TestTerraformCustomerRulesExample 2022-11-30T02:48:41Z logger.go:66:     "self" = false
TestTerraformCustomerRulesExample 2022-11-30T02:48:41Z logger.go:66:     "source_security_group_id" = "sg-1111111111111111"
TestTerraformCustomerRulesExample 2022-11-30T02:48:41Z logger.go:66:     "timeouts" = null /* object */
TestTerraformCustomerRulesExample 2022-11-30T02:48:41Z logger.go:66:     "to_port" = 0
TestTerraformCustomerRulesExample 2022-11-30T02:48:41Z logger.go:66:     "type" = "egress"
TestTerraformCustomerRulesExample 2022-11-30T02:48:41Z logger.go:66:   },
TestTerraformCustomerRulesExample 2022-11-30T02:48:41Z logger.go:66:   {
TestTerraformCustomerRulesExample 2022-11-30T02:48:41Z logger.go:66:     "cidr_blocks" = tolist(null) /* of string */
TestTerraformCustomerRulesExample 2022-11-30T02:48:41Z logger.go:66:     "description" = "managed by Terraform"
TestTerraformCustomerRulesExample 2022-11-30T02:48:41Z logger.go:66:     "from_port" = 22
TestTerraformCustomerRulesExample 2022-11-30T02:48:41Z logger.go:66:     "id" = "sgrule-1111111111"
TestTerraformCustomerRulesExample 2022-11-30T02:48:41Z logger.go:66:     "ipv6_cidr_blocks" = tolist(null) /* of string */
TestTerraformCustomerRulesExample 2022-11-30T02:48:41Z logger.go:66:     "prefix_list_ids" = tolist([
TestTerraformCustomerRulesExample 2022-11-30T02:48:41Z logger.go:66:       "pl-1111111111111111",
TestTerraformCustomerRulesExample 2022-11-30T02:48:41Z logger.go:66:     ])
TestTerraformCustomerRulesExample 2022-11-30T02:48:41Z logger.go:66:     "protocol" = "tcp"
TestTerraformCustomerRulesExample 2022-11-30T02:48:41Z logger.go:66:     "security_group_id" = "sg-1111111111111111"
TestTerraformCustomerRulesExample 2022-11-30T02:48:41Z logger.go:66:     "self" = false
TestTerraformCustomerRulesExample 2022-11-30T02:48:41Z logger.go:66:     "source_security_group_id" = tostring(null)
TestTerraformCustomerRulesExample 2022-11-30T02:48:41Z logger.go:66:     "timeouts" = null /* object */
TestTerraformCustomerRulesExample 2022-11-30T02:48:41Z logger.go:66:     "to_port" = 22
TestTerraformCustomerRulesExample 2022-11-30T02:48:41Z logger.go:66:     "type" = "egress"
TestTerraformCustomerRulesExample 2022-11-30T02:48:41Z logger.go:66:   },
TestTerraformCustomerRulesExample 2022-11-30T02:48:41Z logger.go:66:   {
TestTerraformCustomerRulesExample 2022-11-30T02:48:41Z logger.go:66:     "cidr_blocks" = tolist(null) /* of string */
TestTerraformCustomerRulesExample 2022-11-30T02:48:41Z logger.go:66:     "description" = "managed by Terraform"
TestTerraformCustomerRulesExample 2022-11-30T02:48:41Z logger.go:66:     "from_port" = 350
TestTerraformCustomerRulesExample 2022-11-30T02:48:41Z logger.go:66:     "id" = "sgrule-1111111111"
TestTerraformCustomerRulesExample 2022-11-30T02:48:41Z logger.go:66:     "ipv6_cidr_blocks" = tolist([
TestTerraformCustomerRulesExample 2022-11-30T02:48:41Z logger.go:66:       "2001:db8::/64",
TestTerraformCustomerRulesExample 2022-11-30T02:48:41Z logger.go:66:     ])
TestTerraformCustomerRulesExample 2022-11-30T02:48:41Z logger.go:66:     "prefix_list_ids" = tolist(null) /* of string */
TestTerraformCustomerRulesExample 2022-11-30T02:48:41Z logger.go:66:     "protocol" = "tcp"
TestTerraformCustomerRulesExample 2022-11-30T02:48:41Z logger.go:66:     "security_group_id" = "sg-1111111111111111"
TestTerraformCustomerRulesExample 2022-11-30T02:48:41Z logger.go:66:     "self" = false
TestTerraformCustomerRulesExample 2022-11-30T02:48:41Z logger.go:66:     "source_security_group_id" = tostring(null)
TestTerraformCustomerRulesExample 2022-11-30T02:48:41Z logger.go:66:     "timeouts" = null /* object */
TestTerraformCustomerRulesExample 2022-11-30T02:48:41Z logger.go:66:     "to_port" = 450
TestTerraformCustomerRulesExample 2022-11-30T02:48:41Z logger.go:66:     "type" = "egress"
TestTerraformCustomerRulesExample 2022-11-30T02:48:41Z logger.go:66:   },
TestTerraformCustomerRulesExample 2022-11-30T02:48:41Z logger.go:66:   {
TestTerraformCustomerRulesExample 2022-11-30T02:48:41Z logger.go:66:     "cidr_blocks" = tolist([
TestTerraformCustomerRulesExample 2022-11-30T02:48:41Z logger.go:66:       "10.10.0.0/16",
TestTerraformCustomerRulesExample 2022-11-30T02:48:41Z logger.go:66:       "10.20.0.0/24",
TestTerraformCustomerRulesExample 2022-11-30T02:48:41Z logger.go:66:     ])
TestTerraformCustomerRulesExample 2022-11-30T02:48:41Z logger.go:66:     "description" = "managed by Terraform"
TestTerraformCustomerRulesExample 2022-11-30T02:48:41Z logger.go:66:     "from_port" = 443
TestTerraformCustomerRulesExample 2022-11-30T02:48:41Z logger.go:66:     "id" = "sgrule-1111111111"
TestTerraformCustomerRulesExample 2022-11-30T02:48:41Z logger.go:66:     "ipv6_cidr_blocks" = tolist(null) /* of string */
TestTerraformCustomerRulesExample 2022-11-30T02:48:41Z logger.go:66:     "prefix_list_ids" = tolist(null) /* of string */
TestTerraformCustomerRulesExample 2022-11-30T02:48:41Z logger.go:66:     "protocol" = "tcp"
TestTerraformCustomerRulesExample 2022-11-30T02:48:41Z logger.go:66:     "security_group_id" = "sg-1111111111111111"
TestTerraformCustomerRulesExample 2022-11-30T02:48:41Z logger.go:66:     "self" = false
TestTerraformCustomerRulesExample 2022-11-30T02:48:41Z logger.go:66:     "source_security_group_id" = tostring(null)
TestTerraformCustomerRulesExample 2022-11-30T02:48:41Z logger.go:66:     "timeouts" = null /* object */
TestTerraformCustomerRulesExample 2022-11-30T02:48:41Z logger.go:66:     "to_port" = 443
TestTerraformCustomerRulesExample 2022-11-30T02:48:41Z logger.go:66:     "type" = "egress"
TestTerraformCustomerRulesExample 2022-11-30T02:48:41Z logger.go:66:   },
TestTerraformCustomerRulesExample 2022-11-30T02:48:41Z logger.go:66: ]
TestTerraformCustomerRulesExample 2022-11-30T02:48:41Z logger.go:66: id = "sg-1111111111111111"
TestTerraformCustomerRulesExample 2022-11-30T02:48:41Z logger.go:66: ingress = [
TestTerraformCustomerRulesExample 2022-11-30T02:48:41Z logger.go:66:   {
TestTerraformCustomerRulesExample 2022-11-30T02:48:41Z logger.go:66:     "cidr_blocks" = tolist(null) /* of string */
TestTerraformCustomerRulesExample 2022-11-30T02:48:41Z logger.go:66:     "description" = "managed by Terraform"
TestTerraformCustomerRulesExample 2022-11-30T02:48:41Z logger.go:66:     "from_port" = 0
TestTerraformCustomerRulesExample 2022-11-30T02:48:41Z logger.go:66:     "id" = "sgrule-1111111111"
TestTerraformCustomerRulesExample 2022-11-30T02:48:41Z logger.go:66:     "ipv6_cidr_blocks" = tolist(null) /* of string */
TestTerraformCustomerRulesExample 2022-11-30T02:48:41Z logger.go:66:     "prefix_list_ids" = tolist(null) /* of string */
TestTerraformCustomerRulesExample 2022-11-30T02:48:41Z logger.go:66:     "protocol" = "-1"
TestTerraformCustomerRulesExample 2022-11-30T02:48:41Z logger.go:66:     "security_group_id" = "sg-1111111111111111"
TestTerraformCustomerRulesExample 2022-11-30T02:48:41Z logger.go:66:     "self" = true
TestTerraformCustomerRulesExample 2022-11-30T02:48:41Z logger.go:66:     "source_security_group_id" = tostring(null)
TestTerraformCustomerRulesExample 2022-11-30T02:48:41Z logger.go:66:     "timeouts" = null /* object */
TestTerraformCustomerRulesExample 2022-11-30T02:48:41Z logger.go:66:     "to_port" = 0
TestTerraformCustomerRulesExample 2022-11-30T02:48:41Z logger.go:66:     "type" = "ingress"
TestTerraformCustomerRulesExample 2022-11-30T02:48:41Z logger.go:66:   },
TestTerraformCustomerRulesExample 2022-11-30T02:48:41Z logger.go:66:   {
TestTerraformCustomerRulesExample 2022-11-30T02:48:41Z logger.go:66:     "cidr_blocks" = tolist(null) /* of string */
TestTerraformCustomerRulesExample 2022-11-30T02:48:41Z logger.go:66:     "description" = "managed by Terraform"
TestTerraformCustomerRulesExample 2022-11-30T02:48:41Z logger.go:66:     "from_port" = 0
TestTerraformCustomerRulesExample 2022-11-30T02:48:41Z logger.go:66:     "id" = "sgrule-1111111111"
TestTerraformCustomerRulesExample 2022-11-30T02:48:41Z logger.go:66:     "ipv6_cidr_blocks" = tolist(null) /* of string */
TestTerraformCustomerRulesExample 2022-11-30T02:48:41Z logger.go:66:     "prefix_list_ids" = tolist(null) /* of string */
TestTerraformCustomerRulesExample 2022-11-30T02:48:41Z logger.go:66:     "protocol" = "icmp"
TestTerraformCustomerRulesExample 2022-11-30T02:48:41Z logger.go:66:     "security_group_id" = "sg-1111111111111111"
TestTerraformCustomerRulesExample 2022-11-30T02:48:41Z logger.go:66:     "self" = false
TestTerraformCustomerRulesExample 2022-11-30T02:48:41Z logger.go:66:     "source_security_group_id" = "sg-1111111111111111"
TestTerraformCustomerRulesExample 2022-11-30T02:48:41Z logger.go:66:     "timeouts" = null /* object */
TestTerraformCustomerRulesExample 2022-11-30T02:48:41Z logger.go:66:     "to_port" = 0
TestTerraformCustomerRulesExample 2022-11-30T02:48:41Z logger.go:66:     "type" = "ingress"
TestTerraformCustomerRulesExample 2022-11-30T02:48:41Z logger.go:66:   },
TestTerraformCustomerRulesExample 2022-11-30T02:48:41Z logger.go:66:   {
TestTerraformCustomerRulesExample 2022-11-30T02:48:41Z logger.go:66:     "cidr_blocks" = tolist(null) /* of string */
TestTerraformCustomerRulesExample 2022-11-30T02:48:41Z logger.go:66:     "description" = "managed by Terraform"
TestTerraformCustomerRulesExample 2022-11-30T02:48:41Z logger.go:66:     "from_port" = 22
TestTerraformCustomerRulesExample 2022-11-30T02:48:41Z logger.go:66:     "id" = "sgrule-1111111111"
TestTerraformCustomerRulesExample 2022-11-30T02:48:41Z logger.go:66:     "ipv6_cidr_blocks" = tolist(null) /* of string */
TestTerraformCustomerRulesExample 2022-11-30T02:48:41Z logger.go:66:     "prefix_list_ids" = tolist([
TestTerraformCustomerRulesExample 2022-11-30T02:48:41Z logger.go:66:       "pl-1111111111111111",
TestTerraformCustomerRulesExample 2022-11-30T02:48:41Z logger.go:66:     ])
TestTerraformCustomerRulesExample 2022-11-30T02:48:41Z logger.go:66:     "protocol" = "tcp"
TestTerraformCustomerRulesExample 2022-11-30T02:48:41Z logger.go:66:     "security_group_id" = "sg-1111111111111111"
TestTerraformCustomerRulesExample 2022-11-30T02:48:41Z logger.go:66:     "self" = false
TestTerraformCustomerRulesExample 2022-11-30T02:48:41Z logger.go:66:     "source_security_group_id" = tostring(null)
TestTerraformCustomerRulesExample 2022-11-30T02:48:41Z logger.go:66:     "timeouts" = null /* object */
TestTerraformCustomerRulesExample 2022-11-30T02:48:41Z logger.go:66:     "to_port" = 22
TestTerraformCustomerRulesExample 2022-11-30T02:48:41Z logger.go:66:     "type" = "ingress"
TestTerraformCustomerRulesExample 2022-11-30T02:48:41Z logger.go:66:   },
TestTerraformCustomerRulesExample 2022-11-30T02:48:41Z logger.go:66:   {
TestTerraformCustomerRulesExample 2022-11-30T02:48:41Z logger.go:66:     "cidr_blocks" = tolist(null) /* of string */
TestTerraformCustomerRulesExample 2022-11-30T02:48:41Z logger.go:66:     "description" = "managed by Terraform"
TestTerraformCustomerRulesExample 2022-11-30T02:48:41Z logger.go:66:     "from_port" = 350
TestTerraformCustomerRulesExample 2022-11-30T02:48:41Z logger.go:66:     "id" = "sgrule-1111111111"
TestTerraformCustomerRulesExample 2022-11-30T02:48:41Z logger.go:66:     "ipv6_cidr_blocks" = tolist([
TestTerraformCustomerRulesExample 2022-11-30T02:48:41Z logger.go:66:       "2001:db8::/64",
TestTerraformCustomerRulesExample 2022-11-30T02:48:41Z logger.go:66:     ])
TestTerraformCustomerRulesExample 2022-11-30T02:48:41Z logger.go:66:     "prefix_list_ids" = tolist(null) /* of string */
TestTerraformCustomerRulesExample 2022-11-30T02:48:41Z logger.go:66:     "protocol" = "tcp"
TestTerraformCustomerRulesExample 2022-11-30T02:48:41Z logger.go:66:     "security_group_id" = "sg-1111111111111111"
TestTerraformCustomerRulesExample 2022-11-30T02:48:41Z logger.go:66:     "self" = false
TestTerraformCustomerRulesExample 2022-11-30T02:48:41Z logger.go:66:     "source_security_group_id" = tostring(null)
TestTerraformCustomerRulesExample 2022-11-30T02:48:41Z logger.go:66:     "timeouts" = null /* object */
TestTerraformCustomerRulesExample 2022-11-30T02:48:41Z logger.go:66:     "to_port" = 450
TestTerraformCustomerRulesExample 2022-11-30T02:48:41Z logger.go:66:     "type" = "ingress"
TestTerraformCustomerRulesExample 2022-11-30T02:48:41Z logger.go:66:   },
TestTerraformCustomerRulesExample 2022-11-30T02:48:41Z logger.go:66:   {
TestTerraformCustomerRulesExample 2022-11-30T02:48:41Z logger.go:66:     "cidr_blocks" = tolist([
TestTerraformCustomerRulesExample 2022-11-30T02:48:41Z logger.go:66:       "10.10.0.0/16",
TestTerraformCustomerRulesExample 2022-11-30T02:48:41Z logger.go:66:       "10.20.0.0/24",
TestTerraformCustomerRulesExample 2022-11-30T02:48:41Z logger.go:66:     ])
TestTerraformCustomerRulesExample 2022-11-30T02:48:41Z logger.go:66:     "description" = "managed by Terraform"
TestTerraformCustomerRulesExample 2022-11-30T02:48:41Z logger.go:66:     "from_port" = 443
TestTerraformCustomerRulesExample 2022-11-30T02:48:41Z logger.go:66:     "id" = "sgrule-1111111111"
TestTerraformCustomerRulesExample 2022-11-30T02:48:41Z logger.go:66:     "ipv6_cidr_blocks" = tolist(null) /* of string */
TestTerraformCustomerRulesExample 2022-11-30T02:48:41Z logger.go:66:     "prefix_list_ids" = tolist(null) /* of string */
TestTerraformCustomerRulesExample 2022-11-30T02:48:41Z logger.go:66:     "protocol" = "tcp"
TestTerraformCustomerRulesExample 2022-11-30T02:48:41Z logger.go:66:     "security_group_id" = "sg-1111111111111111"
TestTerraformCustomerRulesExample 2022-11-30T02:48:41Z logger.go:66:     "self" = false
TestTerraformCustomerRulesExample 2022-11-30T02:48:41Z logger.go:66:     "source_security_group_id" = tostring(null)
TestTerraformCustomerRulesExample 2022-11-30T02:48:41Z logger.go:66:     "timeouts" = null /* object */
TestTerraformCustomerRulesExample 2022-11-30T02:48:41Z logger.go:66:     "to_port" = 443
TestTerraformCustomerRulesExample 2022-11-30T02:48:41Z logger.go:66:     "type" = "ingress"
TestTerraformCustomerRulesExample 2022-11-30T02:48:41Z logger.go:66:   },
TestTerraformCustomerRulesExample 2022-11-30T02:48:41Z logger.go:66: ]
TestTerraformCustomerRulesExample 2022-11-30T02:48:41Z logger.go:66: terratest = {
TestTerraformCustomerRulesExample 2022-11-30T02:48:41Z logger.go:66:   "data_aws_prefix_list_private_s3_id" = "pl-1111111111111111"
TestTerraformCustomerRulesExample 2022-11-30T02:48:41Z logger.go:66:   "data_aws_security_group_default_id" = "sg-1111111111111111"
TestTerraformCustomerRulesExample 2022-11-30T02:48:41Z logger.go:66:   "egress_count" = 5
TestTerraformCustomerRulesExample 2022-11-30T02:48:41Z logger.go:66:   "ingress_count" = 5
TestTerraformCustomerRulesExample 2022-11-30T02:48:41Z logger.go:66: }
TestTerraformCustomerRulesExample 2022-11-30T02:48:41Z retry.go:91: terraform [output -no-color -json id]
TestTerraformCustomerRulesExample 2022-11-30T02:48:41Z logger.go:66: Running command terraform with args [output -no-color -json id]
TestTerraformCustomerRulesExample 2022-11-30T02:48:42Z logger.go:66: "sg-1111111111111111"
TestTerraformCustomerRulesExample 2022-11-30T02:48:42Z retry.go:91: terraform [output -no-color -json ingress]
TestTerraformCustomerRulesExample 2022-11-30T02:48:42Z logger.go:66: Running command terraform with args [output -no-color -json ingress]
TestTerraformCustomerRulesExample 2022-11-30T02:48:43Z logger.go:66: [{"cidr_blocks":null,"description":"managed by Terraform","from_port":0,"id":"sgrule-1111111111","ipv6_cidr_blocks":null,"prefix_list_ids":null,"protocol":"-1","security_group_id":"sg-1111111111111111","self":true,"source_security_group_id":null,"timeouts":null,"to_port":0,"type":"ingress"},{"cidr_blocks":null,"description":"managed by Terraform","from_port":0,"id":"sgrule-1111111111","ipv6_cidr_blocks":null,"prefix_list_ids":null,"protocol":"icmp","security_group_id":"sg-1111111111111111","self":false,"source_security_group_id":"sg-1111111111111111","timeouts":null,"to_port":0,"type":"ingress"},{"cidr_blocks":null,"description":"managed by Terraform","from_port":22,"id":"sgrule-1111111111","ipv6_cidr_blocks":null,"prefix_list_ids":["pl-1111111111111111"],"protocol":"tcp","security_group_id":"sg-1111111111111111","self":false,"source_security_group_id":null,"timeouts":null,"to_port":22,"type":"ingress"},{"cidr_blocks":null,"description":"managed by Terraform","from_port":350,"id":"sgrule-1111111111","ipv6_cidr_blocks":["2001:db8::/64"],"prefix_list_ids":null,"protocol":"tcp","security_group_id":"sg-1111111111111111","self":false,"source_security_group_id":null,"timeouts":null,"to_port":450,"type":"ingress"},{"cidr_blocks":["10.10.0.0/16","10.20.0.0/24"],"description":"managed by Terraform","from_port":443,"id":"sgrule-1111111111","ipv6_cidr_blocks":null,"prefix_list_ids":null,"protocol":"tcp","security_group_id":"sg-1111111111111111","self":false,"source_security_group_id":null,"timeouts":null,"to_port":443,"type":"ingress"}]
TestTerraformCustomerRulesExample 2022-11-30T02:48:43Z retry.go:91: terraform [output -no-color -json egress]
TestTerraformCustomerRulesExample 2022-11-30T02:48:43Z logger.go:66: Running command terraform with args [output -no-color -json egress]
TestTerraformCustomerRulesExample 2022-11-30T02:48:44Z logger.go:66: [{"cidr_blocks":null,"description":"managed by Terraform","from_port":0,"id":"sgrule-1111111111","ipv6_cidr_blocks":null,"prefix_list_ids":null,"protocol":"-1","security_group_id":"sg-1111111111111111","self":true,"source_security_group_id":null,"timeouts":null,"to_port":0,"type":"egress"},{"cidr_blocks":null,"description":"managed by Terraform","from_port":0,"id":"sgrule-1111111111","ipv6_cidr_blocks":null,"prefix_list_ids":null,"protocol":"icmp","security_group_id":"sg-1111111111111111","self":false,"source_security_group_id":"sg-1111111111111111","timeouts":null,"to_port":0,"type":"egress"},{"cidr_blocks":null,"description":"managed by Terraform","from_port":22,"id":"sgrule-1111111111","ipv6_cidr_blocks":null,"prefix_list_ids":["pl-1111111111111111"],"protocol":"tcp","security_group_id":"sg-1111111111111111","self":false,"source_security_group_id":null,"timeouts":null,"to_port":22,"type":"egress"},{"cidr_blocks":null,"description":"managed by Terraform","from_port":350,"id":"sgrule-1111111111","ipv6_cidr_blocks":["2001:db8::/64"],"prefix_list_ids":null,"protocol":"tcp","security_group_id":"sg-1111111111111111","self":false,"source_security_group_id":null,"timeouts":null,"to_port":450,"type":"egress"},{"cidr_blocks":["10.10.0.0/16","10.20.0.0/24"],"description":"managed by Terraform","from_port":443,"id":"sgrule-1111111111","ipv6_cidr_blocks":null,"prefix_list_ids":null,"protocol":"tcp","security_group_id":"sg-1111111111111111","self":false,"source_security_group_id":null,"timeouts":null,"to_port":443,"type":"egress"}]
TestTerraformCustomerRulesExample 2022-11-30T02:48:44Z retry.go:91: terraform [output -no-color -json terratest]
TestTerraformCustomerRulesExample 2022-11-30T02:48:44Z logger.go:66: Running command terraform with args [output -no-color -json terratest]
TestTerraformCustomerRulesExample 2022-11-30T02:48:44Z logger.go:66: {"data_aws_prefix_list_private_s3_id":"pl-1111111111111111","data_aws_security_group_default_id":"sg-1111111111111111","egress_count":5,"ingress_count":5}
TestTerraformCustomerRulesExample 2022-11-30T02:48:44Z retry.go:91: terraform [destroy -auto-approve -input=false -no-color -lock=false]
TestTerraformCustomerRulesExample 2022-11-30T02:48:44Z logger.go:66: Running command terraform with args [destroy -auto-approve -input=false -no-color -lock=false]
TestTerraformCustomerRulesExample 2022-11-30T02:48:48Z logger.go:66: data.aws_prefix_list.private_s3: Reading...
TestTerraformCustomerRulesExample 2022-11-30T02:48:48Z logger.go:66: data.aws_vpc.default: Reading...
TestTerraformCustomerRulesExample 2022-11-30T02:48:48Z logger.go:66: data.aws_prefix_list.private_s3: Read complete after 0s [id=pl-1111111111111111]
TestTerraformCustomerRulesExample 2022-11-30T02:48:48Z logger.go:66: data.aws_vpc.default: Read complete after 1s [id=vpc-1111111111111111]
TestTerraformCustomerRulesExample 2022-11-30T02:48:48Z logger.go:66: data.aws_security_group.default: Reading...
TestTerraformCustomerRulesExample 2022-11-30T02:48:48Z logger.go:66: module.security_group.aws_security_group.self[0]: Refreshing state... [id=sg-1111111111111111]
TestTerraformCustomerRulesExample 2022-11-30T02:48:48Z logger.go:66: data.aws_security_group.default: Read complete after 0s [id=sg-1111111111111111]
TestTerraformCustomerRulesExample 2022-11-30T02:48:48Z logger.go:66: module.security_group.aws_security_group_rule.ingress["22-22-tcp-pl-1111111111111111"]: Refreshing state... [id=sgrule-1111111111]
TestTerraformCustomerRulesExample 2022-11-30T02:48:48Z logger.go:66: module.security_group.aws_security_group_rule.ingress["0-0--1-true"]: Refreshing state... [id=sgrule-1111111111]
TestTerraformCustomerRulesExample 2022-11-30T02:48:48Z logger.go:66: module.security_group.aws_security_group_rule.ingress["443-443-tcp-10.10.0.0/16-10.20.0.0/24"]: Refreshing state... [id=sgrule-1111111111]
TestTerraformCustomerRulesExample 2022-11-30T02:48:48Z logger.go:66: module.security_group.aws_security_group_rule.ingress["350-450-tcp-2001:db8::/64"]: Refreshing state... [id=sgrule-1111111111]
TestTerraformCustomerRulesExample 2022-11-30T02:48:48Z logger.go:66: module.security_group.aws_security_group_rule.egress["0-0-icmp-sg-1111111111111111"]: Refreshing state... [id=sgrule-1111111111]
TestTerraformCustomerRulesExample 2022-11-30T02:48:48Z logger.go:66: module.security_group.aws_security_group_rule.egress["443-443-tcp-10.10.0.0/16-10.20.0.0/24"]: Refreshing state... [id=sgrule-1111111111]
TestTerraformCustomerRulesExample 2022-11-30T02:48:48Z logger.go:66: module.security_group.aws_security_group_rule.egress["0-0--1-true"]: Refreshing state... [id=sgrule-1111111111]
TestTerraformCustomerRulesExample 2022-11-30T02:48:48Z logger.go:66: module.security_group.aws_security_group_rule.ingress["0-0-icmp-sg-1111111111111111"]: Refreshing state... [id=sgrule-1111111111]
TestTerraformCustomerRulesExample 2022-11-30T02:48:48Z logger.go:66: module.security_group.aws_security_group_rule.egress["350-450-tcp-2001:db8::/64"]: Refreshing state... [id=sgrule-1111111111]
TestTerraformCustomerRulesExample 2022-11-30T02:48:48Z logger.go:66: module.security_group.aws_security_group_rule.egress["22-22-tcp-pl-1111111111111111"]: Refreshing state... [id=sgrule-1111111111]
TestTerraformCustomerRulesExample 2022-11-30T02:48:50Z logger.go:66:
TestTerraformCustomerRulesExample 2022-11-30T02:48:50Z logger.go:66: Terraform used the selected providers to generate the following execution
TestTerraformCustomerRulesExample 2022-11-30T02:48:50Z logger.go:66: plan. Resource actions are indicated with the following symbols:
TestTerraformCustomerRulesExample 2022-11-30T02:48:50Z logger.go:66:   - destroy
TestTerraformCustomerRulesExample 2022-11-30T02:48:50Z logger.go:66:
TestTerraformCustomerRulesExample 2022-11-30T02:48:50Z logger.go:66: Terraform will perform the following actions:
TestTerraformCustomerRulesExample 2022-11-30T02:48:50Z logger.go:66:
TestTerraformCustomerRulesExample 2022-11-30T02:48:50Z logger.go:66:   # module.security_group.aws_security_group.self[0] will be destroyed
TestTerraformCustomerRulesExample 2022-11-30T02:48:50Z logger.go:66:   - resource "aws_security_group" "self" {
TestTerraformCustomerRulesExample 2022-11-30T02:48:50Z logger.go:66:       - arn                    = "arn:aws:ec2:us-west-2:111111111111:security-group/sg-1111111111111111" -> null
TestTerraformCustomerRulesExample 2022-11-30T02:48:50Z logger.go:66:       - description            = "ex-customer" -> null
TestTerraformCustomerRulesExample 2022-11-30T02:48:50Z logger.go:66:       - egress                 = [
TestTerraformCustomerRulesExample 2022-11-30T02:48:50Z logger.go:66:           - {
TestTerraformCustomerRulesExample 2022-11-30T02:48:50Z logger.go:66:               - cidr_blocks      = [
TestTerraformCustomerRulesExample 2022-11-30T02:48:50Z logger.go:66:                   - "10.10.0.0/16",
TestTerraformCustomerRulesExample 2022-11-30T02:48:50Z logger.go:66:                   - "10.20.0.0/24",
TestTerraformCustomerRulesExample 2022-11-30T02:48:50Z logger.go:66:                 ]
TestTerraformCustomerRulesExample 2022-11-30T02:48:50Z logger.go:66:               - description      = "managed by Terraform"
TestTerraformCustomerRulesExample 2022-11-30T02:48:50Z logger.go:66:               - from_port        = 443
TestTerraformCustomerRulesExample 2022-11-30T02:48:50Z logger.go:66:               - ipv6_cidr_blocks = []
TestTerraformCustomerRulesExample 2022-11-30T02:48:50Z logger.go:66:               - prefix_list_ids  = []
TestTerraformCustomerRulesExample 2022-11-30T02:48:50Z logger.go:66:               - protocol         = "tcp"
TestTerraformCustomerRulesExample 2022-11-30T02:48:50Z logger.go:66:               - security_groups  = []
TestTerraformCustomerRulesExample 2022-11-30T02:48:50Z logger.go:66:               - self             = false
TestTerraformCustomerRulesExample 2022-11-30T02:48:50Z logger.go:66:               - to_port          = 443
TestTerraformCustomerRulesExample 2022-11-30T02:48:50Z logger.go:66:             },
TestTerraformCustomerRulesExample 2022-11-30T02:48:50Z logger.go:66:           - {
TestTerraformCustomerRulesExample 2022-11-30T02:48:50Z logger.go:66:               - cidr_blocks      = []
TestTerraformCustomerRulesExample 2022-11-30T02:48:50Z logger.go:66:               - description      = "managed by Terraform"
TestTerraformCustomerRulesExample 2022-11-30T02:48:50Z logger.go:66:               - from_port        = 0
TestTerraformCustomerRulesExample 2022-11-30T02:48:50Z logger.go:66:               - ipv6_cidr_blocks = []
TestTerraformCustomerRulesExample 2022-11-30T02:48:50Z logger.go:66:               - prefix_list_ids  = []
TestTerraformCustomerRulesExample 2022-11-30T02:48:50Z logger.go:66:               - protocol         = "-1"
TestTerraformCustomerRulesExample 2022-11-30T02:48:50Z logger.go:66:               - security_groups  = []
TestTerraformCustomerRulesExample 2022-11-30T02:48:50Z logger.go:66:               - self             = true
TestTerraformCustomerRulesExample 2022-11-30T02:48:50Z logger.go:66:               - to_port          = 0
TestTerraformCustomerRulesExample 2022-11-30T02:48:50Z logger.go:66:             },
TestTerraformCustomerRulesExample 2022-11-30T02:48:50Z logger.go:66:           - {
TestTerraformCustomerRulesExample 2022-11-30T02:48:50Z logger.go:66:               - cidr_blocks      = []
TestTerraformCustomerRulesExample 2022-11-30T02:48:50Z logger.go:66:               - description      = "managed by Terraform"
TestTerraformCustomerRulesExample 2022-11-30T02:48:50Z logger.go:66:               - from_port        = 0
TestTerraformCustomerRulesExample 2022-11-30T02:48:50Z logger.go:66:               - ipv6_cidr_blocks = []
TestTerraformCustomerRulesExample 2022-11-30T02:48:50Z logger.go:66:               - prefix_list_ids  = []
TestTerraformCustomerRulesExample 2022-11-30T02:48:50Z logger.go:66:               - protocol         = "icmp"
TestTerraformCustomerRulesExample 2022-11-30T02:48:50Z logger.go:66:               - security_groups  = [
TestTerraformCustomerRulesExample 2022-11-30T02:48:50Z logger.go:66:                   - "sg-1111111111111111",
TestTerraformCustomerRulesExample 2022-11-30T02:48:50Z logger.go:66:                 ]
TestTerraformCustomerRulesExample 2022-11-30T02:48:50Z logger.go:66:               - self             = false
TestTerraformCustomerRulesExample 2022-11-30T02:48:50Z logger.go:66:               - to_port          = 0
TestTerraformCustomerRulesExample 2022-11-30T02:48:50Z logger.go:66:             },
TestTerraformCustomerRulesExample 2022-11-30T02:48:50Z logger.go:66:           - {
TestTerraformCustomerRulesExample 2022-11-30T02:48:50Z logger.go:66:               - cidr_blocks      = []
TestTerraformCustomerRulesExample 2022-11-30T02:48:50Z logger.go:66:               - description      = "managed by Terraform"
TestTerraformCustomerRulesExample 2022-11-30T02:48:50Z logger.go:66:               - from_port        = 22
TestTerraformCustomerRulesExample 2022-11-30T02:48:50Z logger.go:66:               - ipv6_cidr_blocks = []
TestTerraformCustomerRulesExample 2022-11-30T02:48:50Z logger.go:66:               - prefix_list_ids  = [
TestTerraformCustomerRulesExample 2022-11-30T02:48:50Z logger.go:66:                   - "pl-1111111111111111",
TestTerraformCustomerRulesExample 2022-11-30T02:48:50Z logger.go:66:                 ]
TestTerraformCustomerRulesExample 2022-11-30T02:48:50Z logger.go:66:               - protocol         = "tcp"
TestTerraformCustomerRulesExample 2022-11-30T02:48:50Z logger.go:66:               - security_groups  = []
TestTerraformCustomerRulesExample 2022-11-30T02:48:50Z logger.go:66:               - self             = false
TestTerraformCustomerRulesExample 2022-11-30T02:48:50Z logger.go:66:               - to_port          = 22
TestTerraformCustomerRulesExample 2022-11-30T02:48:50Z logger.go:66:             },
TestTerraformCustomerRulesExample 2022-11-30T02:48:50Z logger.go:66:           - {
TestTerraformCustomerRulesExample 2022-11-30T02:48:50Z logger.go:66:               - cidr_blocks      = []
TestTerraformCustomerRulesExample 2022-11-30T02:48:50Z logger.go:66:               - description      = "managed by Terraform"
TestTerraformCustomerRulesExample 2022-11-30T02:48:50Z logger.go:66:               - from_port        = 350
TestTerraformCustomerRulesExample 2022-11-30T02:48:50Z logger.go:66:               - ipv6_cidr_blocks = [
TestTerraformCustomerRulesExample 2022-11-30T02:48:50Z logger.go:66:                   - "2001:db8::/64",
TestTerraformCustomerRulesExample 2022-11-30T02:48:50Z logger.go:66:                 ]
TestTerraformCustomerRulesExample 2022-11-30T02:48:50Z logger.go:66:               - prefix_list_ids  = []
TestTerraformCustomerRulesExample 2022-11-30T02:48:50Z logger.go:66:               - protocol         = "tcp"
TestTerraformCustomerRulesExample 2022-11-30T02:48:50Z logger.go:66:               - security_groups  = []
TestTerraformCustomerRulesExample 2022-11-30T02:48:50Z logger.go:66:               - self             = false
TestTerraformCustomerRulesExample 2022-11-30T02:48:50Z logger.go:66:               - to_port          = 450
TestTerraformCustomerRulesExample 2022-11-30T02:48:50Z logger.go:66:             },
TestTerraformCustomerRulesExample 2022-11-30T02:48:50Z logger.go:66:         ] -> null
TestTerraformCustomerRulesExample 2022-11-30T02:48:50Z logger.go:66:       - id                     = "sg-1111111111111111" -> null
TestTerraformCustomerRulesExample 2022-11-30T02:48:50Z logger.go:66:       - ingress                = [
TestTerraformCustomerRulesExample 2022-11-30T02:48:50Z logger.go:66:           - {
TestTerraformCustomerRulesExample 2022-11-30T02:48:50Z logger.go:66:               - cidr_blocks      = [
TestTerraformCustomerRulesExample 2022-11-30T02:48:50Z logger.go:66:                   - "10.10.0.0/16",
TestTerraformCustomerRulesExample 2022-11-30T02:48:50Z logger.go:66:                   - "10.20.0.0/24",
TestTerraformCustomerRulesExample 2022-11-30T02:48:50Z logger.go:66:                 ]
TestTerraformCustomerRulesExample 2022-11-30T02:48:50Z logger.go:66:               - description      = "managed by Terraform"
TestTerraformCustomerRulesExample 2022-11-30T02:48:50Z logger.go:66:               - from_port        = 443
TestTerraformCustomerRulesExample 2022-11-30T02:48:50Z logger.go:66:               - ipv6_cidr_blocks = []
TestTerraformCustomerRulesExample 2022-11-30T02:48:50Z logger.go:66:               - prefix_list_ids  = []
TestTerraformCustomerRulesExample 2022-11-30T02:48:50Z logger.go:66:               - protocol         = "tcp"
TestTerraformCustomerRulesExample 2022-11-30T02:48:50Z logger.go:66:               - security_groups  = []
TestTerraformCustomerRulesExample 2022-11-30T02:48:50Z logger.go:66:               - self             = false
TestTerraformCustomerRulesExample 2022-11-30T02:48:50Z logger.go:66:               - to_port          = 443
TestTerraformCustomerRulesExample 2022-11-30T02:48:50Z logger.go:66:             },
TestTerraformCustomerRulesExample 2022-11-30T02:48:50Z logger.go:66:           - {
TestTerraformCustomerRulesExample 2022-11-30T02:48:50Z logger.go:66:               - cidr_blocks      = []
TestTerraformCustomerRulesExample 2022-11-30T02:48:50Z logger.go:66:               - description      = "managed by Terraform"
TestTerraformCustomerRulesExample 2022-11-30T02:48:50Z logger.go:66:               - from_port        = 0
TestTerraformCustomerRulesExample 2022-11-30T02:48:50Z logger.go:66:               - ipv6_cidr_blocks = []
TestTerraformCustomerRulesExample 2022-11-30T02:48:50Z logger.go:66:               - prefix_list_ids  = []
TestTerraformCustomerRulesExample 2022-11-30T02:48:50Z logger.go:66:               - protocol         = "-1"
TestTerraformCustomerRulesExample 2022-11-30T02:48:50Z logger.go:66:               - security_groups  = []
TestTerraformCustomerRulesExample 2022-11-30T02:48:50Z logger.go:66:               - self             = true
TestTerraformCustomerRulesExample 2022-11-30T02:48:50Z logger.go:66:               - to_port          = 0
TestTerraformCustomerRulesExample 2022-11-30T02:48:50Z logger.go:66:             },
TestTerraformCustomerRulesExample 2022-11-30T02:48:50Z logger.go:66:           - {
TestTerraformCustomerRulesExample 2022-11-30T02:48:50Z logger.go:66:               - cidr_blocks      = []
TestTerraformCustomerRulesExample 2022-11-30T02:48:50Z logger.go:66:               - description      = "managed by Terraform"
TestTerraformCustomerRulesExample 2022-11-30T02:48:50Z logger.go:66:               - from_port        = 0
TestTerraformCustomerRulesExample 2022-11-30T02:48:50Z logger.go:66:               - ipv6_cidr_blocks = []
TestTerraformCustomerRulesExample 2022-11-30T02:48:50Z logger.go:66:               - prefix_list_ids  = []
TestTerraformCustomerRulesExample 2022-11-30T02:48:50Z logger.go:66:               - protocol         = "icmp"
TestTerraformCustomerRulesExample 2022-11-30T02:48:50Z logger.go:66:               - security_groups  = [
TestTerraformCustomerRulesExample 2022-11-30T02:48:50Z logger.go:66:                   - "sg-1111111111111111",
TestTerraformCustomerRulesExample 2022-11-30T02:48:50Z logger.go:66:                 ]
TestTerraformCustomerRulesExample 2022-11-30T02:48:50Z logger.go:66:               - self             = false
TestTerraformCustomerRulesExample 2022-11-30T02:48:50Z logger.go:66:               - to_port          = 0
TestTerraformCustomerRulesExample 2022-11-30T02:48:50Z logger.go:66:             },
TestTerraformCustomerRulesExample 2022-11-30T02:48:50Z logger.go:66:           - {
TestTerraformCustomerRulesExample 2022-11-30T02:48:50Z logger.go:66:               - cidr_blocks      = []
TestTerraformCustomerRulesExample 2022-11-30T02:48:50Z logger.go:66:               - description      = "managed by Terraform"
TestTerraformCustomerRulesExample 2022-11-30T02:48:50Z logger.go:66:               - from_port        = 22
TestTerraformCustomerRulesExample 2022-11-30T02:48:50Z logger.go:66:               - ipv6_cidr_blocks = []
TestTerraformCustomerRulesExample 2022-11-30T02:48:50Z logger.go:66:               - prefix_list_ids  = [
TestTerraformCustomerRulesExample 2022-11-30T02:48:50Z logger.go:66:                   - "pl-1111111111111111",
TestTerraformCustomerRulesExample 2022-11-30T02:48:50Z logger.go:66:                 ]
TestTerraformCustomerRulesExample 2022-11-30T02:48:50Z logger.go:66:               - protocol         = "tcp"
TestTerraformCustomerRulesExample 2022-11-30T02:48:50Z logger.go:66:               - security_groups  = []
TestTerraformCustomerRulesExample 2022-11-30T02:48:50Z logger.go:66:               - self             = false
TestTerraformCustomerRulesExample 2022-11-30T02:48:50Z logger.go:66:               - to_port          = 22
TestTerraformCustomerRulesExample 2022-11-30T02:48:50Z logger.go:66:             },
TestTerraformCustomerRulesExample 2022-11-30T02:48:50Z logger.go:66:           - {
TestTerraformCustomerRulesExample 2022-11-30T02:48:50Z logger.go:66:               - cidr_blocks      = []
TestTerraformCustomerRulesExample 2022-11-30T02:48:50Z logger.go:66:               - description      = "managed by Terraform"
TestTerraformCustomerRulesExample 2022-11-30T02:48:50Z logger.go:66:               - from_port        = 350
TestTerraformCustomerRulesExample 2022-11-30T02:48:50Z logger.go:66:               - ipv6_cidr_blocks = [
TestTerraformCustomerRulesExample 2022-11-30T02:48:50Z logger.go:66:                   - "2001:db8::/64",
TestTerraformCustomerRulesExample 2022-11-30T02:48:50Z logger.go:66:                 ]
TestTerraformCustomerRulesExample 2022-11-30T02:48:50Z logger.go:66:               - prefix_list_ids  = []
TestTerraformCustomerRulesExample 2022-11-30T02:48:50Z logger.go:66:               - protocol         = "tcp"
TestTerraformCustomerRulesExample 2022-11-30T02:48:50Z logger.go:66:               - security_groups  = []
TestTerraformCustomerRulesExample 2022-11-30T02:48:50Z logger.go:66:               - self             = false
TestTerraformCustomerRulesExample 2022-11-30T02:48:50Z logger.go:66:               - to_port          = 450
TestTerraformCustomerRulesExample 2022-11-30T02:48:50Z logger.go:66:             },
TestTerraformCustomerRulesExample 2022-11-30T02:48:50Z logger.go:66:         ] -> null
TestTerraformCustomerRulesExample 2022-11-30T02:48:50Z logger.go:66:       - name                   = "ex-customer" -> null
TestTerraformCustomerRulesExample 2022-11-30T02:48:50Z logger.go:66:       - owner_id               = "111111111111" -> null
TestTerraformCustomerRulesExample 2022-11-30T02:48:50Z logger.go:66:       - revoke_rules_on_delete = false -> null
TestTerraformCustomerRulesExample 2022-11-30T02:48:50Z logger.go:66:       - tags                   = {
TestTerraformCustomerRulesExample 2022-11-30T02:48:50Z logger.go:66:           - "Name" = "ex-customer"
TestTerraformCustomerRulesExample 2022-11-30T02:48:50Z logger.go:66:         } -> null
TestTerraformCustomerRulesExample 2022-11-30T02:48:50Z logger.go:66:       - tags_all               = {
TestTerraformCustomerRulesExample 2022-11-30T02:48:50Z logger.go:66:           - "Example"    = "ex-customer"
TestTerraformCustomerRulesExample 2022-11-30T02:48:50Z logger.go:66:           - "GithubOrg"  = "aidanmelen"
TestTerraformCustomerRulesExample 2022-11-30T02:48:50Z logger.go:66:           - "GithubRepo" = "terraform-aws-security-group"
TestTerraformCustomerRulesExample 2022-11-30T02:48:50Z logger.go:66:           - "Name"       = "ex-customer"
TestTerraformCustomerRulesExample 2022-11-30T02:48:50Z logger.go:66:         } -> null
TestTerraformCustomerRulesExample 2022-11-30T02:48:50Z logger.go:66:       - vpc_id                 = "vpc-1111111111111111" -> null
TestTerraformCustomerRulesExample 2022-11-30T02:48:50Z logger.go:66:
TestTerraformCustomerRulesExample 2022-11-30T02:48:50Z logger.go:66:       - timeouts {
TestTerraformCustomerRulesExample 2022-11-30T02:48:50Z logger.go:66:           - create = "10m" -> null
TestTerraformCustomerRulesExample 2022-11-30T02:48:50Z logger.go:66:           - delete = "15m" -> null
TestTerraformCustomerRulesExample 2022-11-30T02:48:50Z logger.go:66:         }
TestTerraformCustomerRulesExample 2022-11-30T02:48:50Z logger.go:66:     }
TestTerraformCustomerRulesExample 2022-11-30T02:48:50Z logger.go:66:
TestTerraformCustomerRulesExample 2022-11-30T02:48:50Z logger.go:66:   # module.security_group.aws_security_group_rule.egress["0-0--1-true"] will be destroyed
TestTerraformCustomerRulesExample 2022-11-30T02:48:50Z logger.go:66:   - resource "aws_security_group_rule" "egress" {
TestTerraformCustomerRulesExample 2022-11-30T02:48:50Z logger.go:66:       - description       = "managed by Terraform" -> null
TestTerraformCustomerRulesExample 2022-11-30T02:48:50Z logger.go:66:       - from_port         = 0 -> null
TestTerraformCustomerRulesExample 2022-11-30T02:48:50Z logger.go:66:       - id                = "sgrule-1111111111" -> null
TestTerraformCustomerRulesExample 2022-11-30T02:48:50Z logger.go:66:       - protocol          = "-1" -> null
TestTerraformCustomerRulesExample 2022-11-30T02:48:50Z logger.go:66:       - security_group_id = "sg-1111111111111111" -> null
TestTerraformCustomerRulesExample 2022-11-30T02:48:50Z logger.go:66:       - self              = true -> null
TestTerraformCustomerRulesExample 2022-11-30T02:48:50Z logger.go:66:       - to_port           = 0 -> null
TestTerraformCustomerRulesExample 2022-11-30T02:48:50Z logger.go:66:       - type              = "egress" -> null
TestTerraformCustomerRulesExample 2022-11-30T02:48:50Z logger.go:66:     }
TestTerraformCustomerRulesExample 2022-11-30T02:48:50Z logger.go:66:
TestTerraformCustomerRulesExample 2022-11-30T02:48:50Z logger.go:66:   # module.security_group.aws_security_group_rule.egress["0-0-icmp-sg-1111111111111111"] will be destroyed
TestTerraformCustomerRulesExample 2022-11-30T02:48:50Z logger.go:66:   - resource "aws_security_group_rule" "egress" {
TestTerraformCustomerRulesExample 2022-11-30T02:48:50Z logger.go:66:       - description              = "managed by Terraform" -> null
TestTerraformCustomerRulesExample 2022-11-30T02:48:50Z logger.go:66:       - from_port                = 0 -> null
TestTerraformCustomerRulesExample 2022-11-30T02:48:50Z logger.go:66:       - id                       = "sgrule-1111111111" -> null
TestTerraformCustomerRulesExample 2022-11-30T02:48:50Z logger.go:66:       - protocol                 = "icmp" -> null
TestTerraformCustomerRulesExample 2022-11-30T02:48:50Z logger.go:66:       - security_group_id        = "sg-1111111111111111" -> null
TestTerraformCustomerRulesExample 2022-11-30T02:48:50Z logger.go:66:       - self                     = false -> null
TestTerraformCustomerRulesExample 2022-11-30T02:48:50Z logger.go:66:       - source_security_group_id = "sg-1111111111111111" -> null
TestTerraformCustomerRulesExample 2022-11-30T02:48:50Z logger.go:66:       - to_port                  = 0 -> null
TestTerraformCustomerRulesExample 2022-11-30T02:48:50Z logger.go:66:       - type                     = "egress" -> null
TestTerraformCustomerRulesExample 2022-11-30T02:48:50Z logger.go:66:     }
TestTerraformCustomerRulesExample 2022-11-30T02:48:50Z logger.go:66:
TestTerraformCustomerRulesExample 2022-11-30T02:48:50Z logger.go:66:   # module.security_group.aws_security_group_rule.egress["22-22-tcp-pl-1111111111111111"] will be destroyed
TestTerraformCustomerRulesExample 2022-11-30T02:48:50Z logger.go:66:   - resource "aws_security_group_rule" "egress" {
TestTerraformCustomerRulesExample 2022-11-30T02:48:50Z logger.go:66:       - description       = "managed by Terraform" -> null
TestTerraformCustomerRulesExample 2022-11-30T02:48:50Z logger.go:66:       - from_port         = 22 -> null
TestTerraformCustomerRulesExample 2022-11-30T02:48:50Z logger.go:66:       - id                = "sgrule-1111111111" -> null
TestTerraformCustomerRulesExample 2022-11-30T02:48:50Z logger.go:66:       - prefix_list_ids   = [
TestTerraformCustomerRulesExample 2022-11-30T02:48:50Z logger.go:66:           - "pl-1111111111111111",
TestTerraformCustomerRulesExample 2022-11-30T02:48:50Z logger.go:66:         ] -> null
TestTerraformCustomerRulesExample 2022-11-30T02:48:50Z logger.go:66:       - protocol          = "tcp" -> null
TestTerraformCustomerRulesExample 2022-11-30T02:48:50Z logger.go:66:       - security_group_id = "sg-1111111111111111" -> null
TestTerraformCustomerRulesExample 2022-11-30T02:48:50Z logger.go:66:       - self              = false -> null
TestTerraformCustomerRulesExample 2022-11-30T02:48:50Z logger.go:66:       - to_port           = 22 -> null
TestTerraformCustomerRulesExample 2022-11-30T02:48:50Z logger.go:66:       - type              = "egress" -> null
TestTerraformCustomerRulesExample 2022-11-30T02:48:50Z logger.go:66:     }
TestTerraformCustomerRulesExample 2022-11-30T02:48:50Z logger.go:66:
TestTerraformCustomerRulesExample 2022-11-30T02:48:50Z logger.go:66:   # module.security_group.aws_security_group_rule.egress["350-450-tcp-2001:db8::/64"] will be destroyed
TestTerraformCustomerRulesExample 2022-11-30T02:48:50Z logger.go:66:   - resource "aws_security_group_rule" "egress" {
TestTerraformCustomerRulesExample 2022-11-30T02:48:50Z logger.go:66:       - description       = "managed by Terraform" -> null
TestTerraformCustomerRulesExample 2022-11-30T02:48:50Z logger.go:66:       - from_port         = 350 -> null
TestTerraformCustomerRulesExample 2022-11-30T02:48:50Z logger.go:66:       - id                = "sgrule-1111111111" -> null
TestTerraformCustomerRulesExample 2022-11-30T02:48:50Z logger.go:66:       - ipv6_cidr_blocks  = [
TestTerraformCustomerRulesExample 2022-11-30T02:48:50Z logger.go:66:           - "2001:db8::/64",
TestTerraformCustomerRulesExample 2022-11-30T02:48:50Z logger.go:66:         ] -> null
TestTerraformCustomerRulesExample 2022-11-30T02:48:50Z logger.go:66:       - protocol          = "tcp" -> null
TestTerraformCustomerRulesExample 2022-11-30T02:48:50Z logger.go:66:       - security_group_id = "sg-1111111111111111" -> null
TestTerraformCustomerRulesExample 2022-11-30T02:48:50Z logger.go:66:       - self              = false -> null
TestTerraformCustomerRulesExample 2022-11-30T02:48:50Z logger.go:66:       - to_port           = 450 -> null
TestTerraformCustomerRulesExample 2022-11-30T02:48:50Z logger.go:66:       - type              = "egress" -> null
TestTerraformCustomerRulesExample 2022-11-30T02:48:50Z logger.go:66:     }
TestTerraformCustomerRulesExample 2022-11-30T02:48:50Z logger.go:66:
TestTerraformCustomerRulesExample 2022-11-30T02:48:50Z logger.go:66:   # module.security_group.aws_security_group_rule.egress["443-443-tcp-10.10.0.0/16-10.20.0.0/24"] will be destroyed
TestTerraformCustomerRulesExample 2022-11-30T02:48:50Z logger.go:66:   - resource "aws_security_group_rule" "egress" {
TestTerraformCustomerRulesExample 2022-11-30T02:48:50Z logger.go:66:       - cidr_blocks       = [
TestTerraformCustomerRulesExample 2022-11-30T02:48:50Z logger.go:66:           - "10.10.0.0/16",
TestTerraformCustomerRulesExample 2022-11-30T02:48:50Z logger.go:66:           - "10.20.0.0/24",
TestTerraformCustomerRulesExample 2022-11-30T02:48:50Z logger.go:66:         ] -> null
TestTerraformCustomerRulesExample 2022-11-30T02:48:50Z logger.go:66:       - description       = "managed by Terraform" -> null
TestTerraformCustomerRulesExample 2022-11-30T02:48:50Z logger.go:66:       - from_port         = 443 -> null
TestTerraformCustomerRulesExample 2022-11-30T02:48:50Z logger.go:66:       - id                = "sgrule-1111111111" -> null
TestTerraformCustomerRulesExample 2022-11-30T02:48:50Z logger.go:66:       - protocol          = "tcp" -> null
TestTerraformCustomerRulesExample 2022-11-30T02:48:50Z logger.go:66:       - security_group_id = "sg-1111111111111111" -> null
TestTerraformCustomerRulesExample 2022-11-30T02:48:50Z logger.go:66:       - self              = false -> null
TestTerraformCustomerRulesExample 2022-11-30T02:48:50Z logger.go:66:       - to_port           = 443 -> null
TestTerraformCustomerRulesExample 2022-11-30T02:48:50Z logger.go:66:       - type              = "egress" -> null
TestTerraformCustomerRulesExample 2022-11-30T02:48:50Z logger.go:66:     }
TestTerraformCustomerRulesExample 2022-11-30T02:48:50Z logger.go:66:
TestTerraformCustomerRulesExample 2022-11-30T02:48:50Z logger.go:66:   # module.security_group.aws_security_group_rule.ingress["0-0--1-true"] will be destroyed
TestTerraformCustomerRulesExample 2022-11-30T02:48:50Z logger.go:66:   - resource "aws_security_group_rule" "ingress" {
TestTerraformCustomerRulesExample 2022-11-30T02:48:50Z logger.go:66:       - description       = "managed by Terraform" -> null
TestTerraformCustomerRulesExample 2022-11-30T02:48:50Z logger.go:66:       - from_port         = 0 -> null
TestTerraformCustomerRulesExample 2022-11-30T02:48:50Z logger.go:66:       - id                = "sgrule-1111111111" -> null
TestTerraformCustomerRulesExample 2022-11-30T02:48:50Z logger.go:66:       - protocol          = "-1" -> null
TestTerraformCustomerRulesExample 2022-11-30T02:48:50Z logger.go:66:       - security_group_id = "sg-1111111111111111" -> null
TestTerraformCustomerRulesExample 2022-11-30T02:48:50Z logger.go:66:       - self              = true -> null
TestTerraformCustomerRulesExample 2022-11-30T02:48:50Z logger.go:66:       - to_port           = 0 -> null
TestTerraformCustomerRulesExample 2022-11-30T02:48:50Z logger.go:66:       - type              = "ingress" -> null
TestTerraformCustomerRulesExample 2022-11-30T02:48:50Z logger.go:66:     }
TestTerraformCustomerRulesExample 2022-11-30T02:48:50Z logger.go:66:
TestTerraformCustomerRulesExample 2022-11-30T02:48:50Z logger.go:66:   # module.security_group.aws_security_group_rule.ingress["0-0-icmp-sg-1111111111111111"] will be destroyed
TestTerraformCustomerRulesExample 2022-11-30T02:48:50Z logger.go:66:   - resource "aws_security_group_rule" "ingress" {
TestTerraformCustomerRulesExample 2022-11-30T02:48:50Z logger.go:66:       - description              = "managed by Terraform" -> null
TestTerraformCustomerRulesExample 2022-11-30T02:48:50Z logger.go:66:       - from_port                = 0 -> null
TestTerraformCustomerRulesExample 2022-11-30T02:48:50Z logger.go:66:       - id                       = "sgrule-1111111111" -> null
TestTerraformCustomerRulesExample 2022-11-30T02:48:50Z logger.go:66:       - protocol                 = "icmp" -> null
TestTerraformCustomerRulesExample 2022-11-30T02:48:50Z logger.go:66:       - security_group_id        = "sg-1111111111111111" -> null
TestTerraformCustomerRulesExample 2022-11-30T02:48:50Z logger.go:66:       - self                     = false -> null
TestTerraformCustomerRulesExample 2022-11-30T02:48:50Z logger.go:66:       - source_security_group_id = "sg-1111111111111111" -> null
TestTerraformCustomerRulesExample 2022-11-30T02:48:50Z logger.go:66:       - to_port                  = 0 -> null
TestTerraformCustomerRulesExample 2022-11-30T02:48:50Z logger.go:66:       - type                     = "ingress" -> null
TestTerraformCustomerRulesExample 2022-11-30T02:48:50Z logger.go:66:     }
TestTerraformCustomerRulesExample 2022-11-30T02:48:50Z logger.go:66:
TestTerraformCustomerRulesExample 2022-11-30T02:48:50Z logger.go:66:   # module.security_group.aws_security_group_rule.ingress["22-22-tcp-pl-1111111111111111"] will be destroyed
TestTerraformCustomerRulesExample 2022-11-30T02:48:50Z logger.go:66:   - resource "aws_security_group_rule" "ingress" {
TestTerraformCustomerRulesExample 2022-11-30T02:48:50Z logger.go:66:       - description       = "managed by Terraform" -> null
TestTerraformCustomerRulesExample 2022-11-30T02:48:50Z logger.go:66:       - from_port         = 22 -> null
TestTerraformCustomerRulesExample 2022-11-30T02:48:50Z logger.go:66:       - id                = "sgrule-1111111111" -> null
TestTerraformCustomerRulesExample 2022-11-30T02:48:50Z logger.go:66:       - prefix_list_ids   = [
TestTerraformCustomerRulesExample 2022-11-30T02:48:50Z logger.go:66:           - "pl-1111111111111111",
TestTerraformCustomerRulesExample 2022-11-30T02:48:50Z logger.go:66:         ] -> null
TestTerraformCustomerRulesExample 2022-11-30T02:48:50Z logger.go:66:       - protocol          = "tcp" -> null
TestTerraformCustomerRulesExample 2022-11-30T02:48:50Z logger.go:66:       - security_group_id = "sg-1111111111111111" -> null
TestTerraformCustomerRulesExample 2022-11-30T02:48:50Z logger.go:66:       - self              = false -> null
TestTerraformCustomerRulesExample 2022-11-30T02:48:50Z logger.go:66:       - to_port           = 22 -> null
TestTerraformCustomerRulesExample 2022-11-30T02:48:50Z logger.go:66:       - type              = "ingress" -> null
TestTerraformCustomerRulesExample 2022-11-30T02:48:50Z logger.go:66:     }
TestTerraformCustomerRulesExample 2022-11-30T02:48:50Z logger.go:66:
TestTerraformCustomerRulesExample 2022-11-30T02:48:50Z logger.go:66:   # module.security_group.aws_security_group_rule.ingress["350-450-tcp-2001:db8::/64"] will be destroyed
TestTerraformCustomerRulesExample 2022-11-30T02:48:50Z logger.go:66:   - resource "aws_security_group_rule" "ingress" {
TestTerraformCustomerRulesExample 2022-11-30T02:48:50Z logger.go:66:       - description       = "managed by Terraform" -> null
TestTerraformCustomerRulesExample 2022-11-30T02:48:50Z logger.go:66:       - from_port         = 350 -> null
TestTerraformCustomerRulesExample 2022-11-30T02:48:50Z logger.go:66:       - id                = "sgrule-1111111111" -> null
TestTerraformCustomerRulesExample 2022-11-30T02:48:50Z logger.go:66:       - ipv6_cidr_blocks  = [
TestTerraformCustomerRulesExample 2022-11-30T02:48:50Z logger.go:66:           - "2001:db8::/64",
TestTerraformCustomerRulesExample 2022-11-30T02:48:50Z logger.go:66:         ] -> null
TestTerraformCustomerRulesExample 2022-11-30T02:48:50Z logger.go:66:       - protocol          = "tcp" -> null
TestTerraformCustomerRulesExample 2022-11-30T02:48:50Z logger.go:66:       - security_group_id = "sg-1111111111111111" -> null
TestTerraformCustomerRulesExample 2022-11-30T02:48:50Z logger.go:66:       - self              = false -> null
TestTerraformCustomerRulesExample 2022-11-30T02:48:50Z logger.go:66:       - to_port           = 450 -> null
TestTerraformCustomerRulesExample 2022-11-30T02:48:50Z logger.go:66:       - type              = "ingress" -> null
TestTerraformCustomerRulesExample 2022-11-30T02:48:50Z logger.go:66:     }
TestTerraformCustomerRulesExample 2022-11-30T02:48:50Z logger.go:66:
TestTerraformCustomerRulesExample 2022-11-30T02:48:50Z logger.go:66:   # module.security_group.aws_security_group_rule.ingress["443-443-tcp-10.10.0.0/16-10.20.0.0/24"] will be destroyed
TestTerraformCustomerRulesExample 2022-11-30T02:48:50Z logger.go:66:   - resource "aws_security_group_rule" "ingress" {
TestTerraformCustomerRulesExample 2022-11-30T02:48:50Z logger.go:66:       - cidr_blocks       = [
TestTerraformCustomerRulesExample 2022-11-30T02:48:50Z logger.go:66:           - "10.10.0.0/16",
TestTerraformCustomerRulesExample 2022-11-30T02:48:50Z logger.go:66:           - "10.20.0.0/24",
TestTerraformCustomerRulesExample 2022-11-30T02:48:50Z logger.go:66:         ] -> null
TestTerraformCustomerRulesExample 2022-11-30T02:48:50Z logger.go:66:       - description       = "managed by Terraform" -> null
TestTerraformCustomerRulesExample 2022-11-30T02:48:50Z logger.go:66:       - from_port         = 443 -> null
TestTerraformCustomerRulesExample 2022-11-30T02:48:50Z logger.go:66:       - id                = "sgrule-1111111111" -> null
TestTerraformCustomerRulesExample 2022-11-30T02:48:50Z logger.go:66:       - protocol          = "tcp" -> null
TestTerraformCustomerRulesExample 2022-11-30T02:48:50Z logger.go:66:       - security_group_id = "sg-1111111111111111" -> null
TestTerraformCustomerRulesExample 2022-11-30T02:48:50Z logger.go:66:       - self              = false -> null
TestTerraformCustomerRulesExample 2022-11-30T02:48:50Z logger.go:66:       - to_port           = 443 -> null
TestTerraformCustomerRulesExample 2022-11-30T02:48:50Z logger.go:66:       - type              = "ingress" -> null
TestTerraformCustomerRulesExample 2022-11-30T02:48:50Z logger.go:66:     }
TestTerraformCustomerRulesExample 2022-11-30T02:48:50Z logger.go:66:
TestTerraformCustomerRulesExample 2022-11-30T02:48:50Z logger.go:66: Plan: 0 to add, 0 to change, 11 to destroy.
TestTerraformCustomerRulesExample 2022-11-30T02:48:50Z logger.go:66:
TestTerraformCustomerRulesExample 2022-11-30T02:48:50Z logger.go:66: Changes to Outputs:
TestTerraformCustomerRulesExample 2022-11-30T02:48:50Z logger.go:66:   - arn       = "arn:aws:ec2:us-west-2:111111111111:security-group/sg-1111111111111111" -> null
TestTerraformCustomerRulesExample 2022-11-30T02:48:50Z logger.go:66:   - egress    = [
TestTerraformCustomerRulesExample 2022-11-30T02:48:50Z logger.go:66:       - {
TestTerraformCustomerRulesExample 2022-11-30T02:48:50Z logger.go:66:           - cidr_blocks              = null
TestTerraformCustomerRulesExample 2022-11-30T02:48:50Z logger.go:66:           - description              = "managed by Terraform"
TestTerraformCustomerRulesExample 2022-11-30T02:48:50Z logger.go:66:           - from_port                = 0
TestTerraformCustomerRulesExample 2022-11-30T02:48:50Z logger.go:66:           - id                       = "sgrule-1111111111"
TestTerraformCustomerRulesExample 2022-11-30T02:48:50Z logger.go:66:           - ipv6_cidr_blocks         = null
TestTerraformCustomerRulesExample 2022-11-30T02:48:50Z logger.go:66:           - prefix_list_ids          = null
TestTerraformCustomerRulesExample 2022-11-30T02:48:50Z logger.go:66:           - protocol                 = "-1"
TestTerraformCustomerRulesExample 2022-11-30T02:48:50Z logger.go:66:           - security_group_id        = "sg-1111111111111111"
TestTerraformCustomerRulesExample 2022-11-30T02:48:50Z logger.go:66:           - self                     = true
TestTerraformCustomerRulesExample 2022-11-30T02:48:50Z logger.go:66:           - source_security_group_id = null
TestTerraformCustomerRulesExample 2022-11-30T02:48:50Z logger.go:66:           - timeouts                 = null
TestTerraformCustomerRulesExample 2022-11-30T02:48:50Z logger.go:66:           - to_port                  = 0
TestTerraformCustomerRulesExample 2022-11-30T02:48:50Z logger.go:66:           - type                     = "egress"
TestTerraformCustomerRulesExample 2022-11-30T02:48:50Z logger.go:66:         },
TestTerraformCustomerRulesExample 2022-11-30T02:48:50Z logger.go:66:       - {
TestTerraformCustomerRulesExample 2022-11-30T02:48:50Z logger.go:66:           - cidr_blocks              = null
TestTerraformCustomerRulesExample 2022-11-30T02:48:50Z logger.go:66:           - description              = "managed by Terraform"
TestTerraformCustomerRulesExample 2022-11-30T02:48:50Z logger.go:66:           - from_port                = 0
TestTerraformCustomerRulesExample 2022-11-30T02:48:50Z logger.go:66:           - id                       = "sgrule-1111111111"
TestTerraformCustomerRulesExample 2022-11-30T02:48:50Z logger.go:66:           - ipv6_cidr_blocks         = null
TestTerraformCustomerRulesExample 2022-11-30T02:48:50Z logger.go:66:           - prefix_list_ids          = null
TestTerraformCustomerRulesExample 2022-11-30T02:48:50Z logger.go:66:           - protocol                 = "icmp"
TestTerraformCustomerRulesExample 2022-11-30T02:48:50Z logger.go:66:           - security_group_id        = "sg-1111111111111111"
TestTerraformCustomerRulesExample 2022-11-30T02:48:50Z logger.go:66:           - self                     = false
TestTerraformCustomerRulesExample 2022-11-30T02:48:50Z logger.go:66:           - source_security_group_id = "sg-1111111111111111"
TestTerraformCustomerRulesExample 2022-11-30T02:48:50Z logger.go:66:           - timeouts                 = null
TestTerraformCustomerRulesExample 2022-11-30T02:48:50Z logger.go:66:           - to_port                  = 0
TestTerraformCustomerRulesExample 2022-11-30T02:48:50Z logger.go:66:           - type                     = "egress"
TestTerraformCustomerRulesExample 2022-11-30T02:48:50Z logger.go:66:         },
TestTerraformCustomerRulesExample 2022-11-30T02:48:50Z logger.go:66:       - {
TestTerraformCustomerRulesExample 2022-11-30T02:48:50Z logger.go:66:           - cidr_blocks              = null
TestTerraformCustomerRulesExample 2022-11-30T02:48:50Z logger.go:66:           - description              = "managed by Terraform"
TestTerraformCustomerRulesExample 2022-11-30T02:48:50Z logger.go:66:           - from_port                = 22
TestTerraformCustomerRulesExample 2022-11-30T02:48:50Z logger.go:66:           - id                       = "sgrule-1111111111"
TestTerraformCustomerRulesExample 2022-11-30T02:48:50Z logger.go:66:           - ipv6_cidr_blocks         = null
TestTerraformCustomerRulesExample 2022-11-30T02:48:50Z logger.go:66:           - prefix_list_ids          = [
TestTerraformCustomerRulesExample 2022-11-30T02:48:50Z logger.go:66:               - "pl-1111111111111111",
TestTerraformCustomerRulesExample 2022-11-30T02:48:50Z logger.go:66:             ]
TestTerraformCustomerRulesExample 2022-11-30T02:48:50Z logger.go:66:           - protocol                 = "tcp"
TestTerraformCustomerRulesExample 2022-11-30T02:48:50Z logger.go:66:           - security_group_id        = "sg-1111111111111111"
TestTerraformCustomerRulesExample 2022-11-30T02:48:50Z logger.go:66:           - self                     = false
TestTerraformCustomerRulesExample 2022-11-30T02:48:50Z logger.go:66:           - source_security_group_id = null
TestTerraformCustomerRulesExample 2022-11-30T02:48:50Z logger.go:66:           - timeouts                 = null
TestTerraformCustomerRulesExample 2022-11-30T02:48:50Z logger.go:66:           - to_port                  = 22
TestTerraformCustomerRulesExample 2022-11-30T02:48:50Z logger.go:66:           - type                     = "egress"
TestTerraformCustomerRulesExample 2022-11-30T02:48:50Z logger.go:66:         },
TestTerraformCustomerRulesExample 2022-11-30T02:48:50Z logger.go:66:       - {
TestTerraformCustomerRulesExample 2022-11-30T02:48:50Z logger.go:66:           - cidr_blocks              = null
TestTerraformCustomerRulesExample 2022-11-30T02:48:50Z logger.go:66:           - description              = "managed by Terraform"
TestTerraformCustomerRulesExample 2022-11-30T02:48:50Z logger.go:66:           - from_port                = 350
TestTerraformCustomerRulesExample 2022-11-30T02:48:50Z logger.go:66:           - id                       = "sgrule-1111111111"
TestTerraformCustomerRulesExample 2022-11-30T02:48:50Z logger.go:66:           - ipv6_cidr_blocks         = [
TestTerraformCustomerRulesExample 2022-11-30T02:48:50Z logger.go:66:               - "2001:db8::/64",
TestTerraformCustomerRulesExample 2022-11-30T02:48:50Z logger.go:66:             ]
TestTerraformCustomerRulesExample 2022-11-30T02:48:50Z logger.go:66:           - prefix_list_ids          = null
TestTerraformCustomerRulesExample 2022-11-30T02:48:50Z logger.go:66:           - protocol                 = "tcp"
TestTerraformCustomerRulesExample 2022-11-30T02:48:50Z logger.go:66:           - security_group_id        = "sg-1111111111111111"
TestTerraformCustomerRulesExample 2022-11-30T02:48:50Z logger.go:66:           - self                     = false
TestTerraformCustomerRulesExample 2022-11-30T02:48:50Z logger.go:66:           - source_security_group_id = null
TestTerraformCustomerRulesExample 2022-11-30T02:48:50Z logger.go:66:           - timeouts                 = null
TestTerraformCustomerRulesExample 2022-11-30T02:48:50Z logger.go:66:           - to_port                  = 450
TestTerraformCustomerRulesExample 2022-11-30T02:48:50Z logger.go:66:           - type                     = "egress"
TestTerraformCustomerRulesExample 2022-11-30T02:48:50Z logger.go:66:         },
TestTerraformCustomerRulesExample 2022-11-30T02:48:50Z logger.go:66:       - {
TestTerraformCustomerRulesExample 2022-11-30T02:48:50Z logger.go:66:           - cidr_blocks              = [
TestTerraformCustomerRulesExample 2022-11-30T02:48:50Z logger.go:66:               - "10.10.0.0/16",
TestTerraformCustomerRulesExample 2022-11-30T02:48:50Z logger.go:66:               - "10.20.0.0/24",
TestTerraformCustomerRulesExample 2022-11-30T02:48:50Z logger.go:66:             ]
TestTerraformCustomerRulesExample 2022-11-30T02:48:50Z logger.go:66:           - description              = "managed by Terraform"
TestTerraformCustomerRulesExample 2022-11-30T02:48:50Z logger.go:66:           - from_port                = 443
TestTerraformCustomerRulesExample 2022-11-30T02:48:50Z logger.go:66:           - id                       = "sgrule-1111111111"
TestTerraformCustomerRulesExample 2022-11-30T02:48:50Z logger.go:66:           - ipv6_cidr_blocks         = null
TestTerraformCustomerRulesExample 2022-11-30T02:48:50Z logger.go:66:           - prefix_list_ids          = null
TestTerraformCustomerRulesExample 2022-11-30T02:48:50Z logger.go:66:           - protocol                 = "tcp"
TestTerraformCustomerRulesExample 2022-11-30T02:48:50Z logger.go:66:           - security_group_id        = "sg-1111111111111111"
TestTerraformCustomerRulesExample 2022-11-30T02:48:50Z logger.go:66:           - self                     = false
TestTerraformCustomerRulesExample 2022-11-30T02:48:50Z logger.go:66:           - source_security_group_id = null
TestTerraformCustomerRulesExample 2022-11-30T02:48:50Z logger.go:66:           - timeouts                 = null
TestTerraformCustomerRulesExample 2022-11-30T02:48:50Z logger.go:66:           - to_port                  = 443
TestTerraformCustomerRulesExample 2022-11-30T02:48:50Z logger.go:66:           - type                     = "egress"
TestTerraformCustomerRulesExample 2022-11-30T02:48:50Z logger.go:66:         },
TestTerraformCustomerRulesExample 2022-11-30T02:48:50Z logger.go:66:     ] -> null
TestTerraformCustomerRulesExample 2022-11-30T02:48:50Z logger.go:66:   - id        = "sg-1111111111111111" -> null
TestTerraformCustomerRulesExample 2022-11-30T02:48:50Z logger.go:66:   - ingress   = [
TestTerraformCustomerRulesExample 2022-11-30T02:48:50Z logger.go:66:       - {
TestTerraformCustomerRulesExample 2022-11-30T02:48:50Z logger.go:66:           - cidr_blocks              = null
TestTerraformCustomerRulesExample 2022-11-30T02:48:50Z logger.go:66:           - description              = "managed by Terraform"
TestTerraformCustomerRulesExample 2022-11-30T02:48:50Z logger.go:66:           - from_port                = 0
TestTerraformCustomerRulesExample 2022-11-30T02:48:50Z logger.go:66:           - id                       = "sgrule-1111111111"
TestTerraformCustomerRulesExample 2022-11-30T02:48:50Z logger.go:66:           - ipv6_cidr_blocks         = null
TestTerraformCustomerRulesExample 2022-11-30T02:48:50Z logger.go:66:           - prefix_list_ids          = null
TestTerraformCustomerRulesExample 2022-11-30T02:48:50Z logger.go:66:           - protocol                 = "-1"
TestTerraformCustomerRulesExample 2022-11-30T02:48:50Z logger.go:66:           - security_group_id        = "sg-1111111111111111"
TestTerraformCustomerRulesExample 2022-11-30T02:48:50Z logger.go:66:           - self                     = true
TestTerraformCustomerRulesExample 2022-11-30T02:48:50Z logger.go:66:           - source_security_group_id = null
TestTerraformCustomerRulesExample 2022-11-30T02:48:50Z logger.go:66:           - timeouts                 = null
TestTerraformCustomerRulesExample 2022-11-30T02:48:50Z logger.go:66:           - to_port                  = 0
TestTerraformCustomerRulesExample 2022-11-30T02:48:50Z logger.go:66:           - type                     = "ingress"
TestTerraformCustomerRulesExample 2022-11-30T02:48:50Z logger.go:66:         },
TestTerraformCustomerRulesExample 2022-11-30T02:48:50Z logger.go:66:       - {
TestTerraformCustomerRulesExample 2022-11-30T02:48:50Z logger.go:66:           - cidr_blocks              = null
TestTerraformCustomerRulesExample 2022-11-30T02:48:50Z logger.go:66:           - description              = "managed by Terraform"
TestTerraformCustomerRulesExample 2022-11-30T02:48:50Z logger.go:66:           - from_port                = 0
TestTerraformCustomerRulesExample 2022-11-30T02:48:50Z logger.go:66:           - id                       = "sgrule-1111111111"
TestTerraformCustomerRulesExample 2022-11-30T02:48:50Z logger.go:66:           - ipv6_cidr_blocks         = null
TestTerraformCustomerRulesExample 2022-11-30T02:48:50Z logger.go:66:           - prefix_list_ids          = null
TestTerraformCustomerRulesExample 2022-11-30T02:48:50Z logger.go:66:           - protocol                 = "icmp"
TestTerraformCustomerRulesExample 2022-11-30T02:48:50Z logger.go:66:           - security_group_id        = "sg-1111111111111111"
TestTerraformCustomerRulesExample 2022-11-30T02:48:50Z logger.go:66:           - self                     = false
TestTerraformCustomerRulesExample 2022-11-30T02:48:50Z logger.go:66:           - source_security_group_id = "sg-1111111111111111"
TestTerraformCustomerRulesExample 2022-11-30T02:48:50Z logger.go:66:           - timeouts                 = null
TestTerraformCustomerRulesExample 2022-11-30T02:48:50Z logger.go:66:           - to_port                  = 0
TestTerraformCustomerRulesExample 2022-11-30T02:48:50Z logger.go:66:           - type                     = "ingress"
TestTerraformCustomerRulesExample 2022-11-30T02:48:50Z logger.go:66:         },
TestTerraformCustomerRulesExample 2022-11-30T02:48:50Z logger.go:66:       - {
TestTerraformCustomerRulesExample 2022-11-30T02:48:50Z logger.go:66:           - cidr_blocks              = null
TestTerraformCustomerRulesExample 2022-11-30T02:48:50Z logger.go:66:           - description              = "managed by Terraform"
TestTerraformCustomerRulesExample 2022-11-30T02:48:50Z logger.go:66:           - from_port                = 22
TestTerraformCustomerRulesExample 2022-11-30T02:48:50Z logger.go:66:           - id                       = "sgrule-1111111111"
TestTerraformCustomerRulesExample 2022-11-30T02:48:50Z logger.go:66:           - ipv6_cidr_blocks         = null
TestTerraformCustomerRulesExample 2022-11-30T02:48:50Z logger.go:66:           - prefix_list_ids          = [
TestTerraformCustomerRulesExample 2022-11-30T02:48:50Z logger.go:66:               - "pl-1111111111111111",
TestTerraformCustomerRulesExample 2022-11-30T02:48:50Z logger.go:66:             ]
TestTerraformCustomerRulesExample 2022-11-30T02:48:50Z logger.go:66:           - protocol                 = "tcp"
TestTerraformCustomerRulesExample 2022-11-30T02:48:50Z logger.go:66:           - security_group_id        = "sg-1111111111111111"
TestTerraformCustomerRulesExample 2022-11-30T02:48:50Z logger.go:66:           - self                     = false
TestTerraformCustomerRulesExample 2022-11-30T02:48:50Z logger.go:66:           - source_security_group_id = null
TestTerraformCustomerRulesExample 2022-11-30T02:48:50Z logger.go:66:           - timeouts                 = null
TestTerraformCustomerRulesExample 2022-11-30T02:48:50Z logger.go:66:           - to_port                  = 22
TestTerraformCustomerRulesExample 2022-11-30T02:48:50Z logger.go:66:           - type                     = "ingress"
TestTerraformCustomerRulesExample 2022-11-30T02:48:50Z logger.go:66:         },
TestTerraformCustomerRulesExample 2022-11-30T02:48:50Z logger.go:66:       - {
TestTerraformCustomerRulesExample 2022-11-30T02:48:50Z logger.go:66:           - cidr_blocks              = null
TestTerraformCustomerRulesExample 2022-11-30T02:48:50Z logger.go:66:           - description              = "managed by Terraform"
TestTerraformCustomerRulesExample 2022-11-30T02:48:50Z logger.go:66:           - from_port                = 350
TestTerraformCustomerRulesExample 2022-11-30T02:48:50Z logger.go:66:           - id                       = "sgrule-1111111111"
TestTerraformCustomerRulesExample 2022-11-30T02:48:50Z logger.go:66:           - ipv6_cidr_blocks         = [
TestTerraformCustomerRulesExample 2022-11-30T02:48:50Z logger.go:66:               - "2001:db8::/64",
TestTerraformCustomerRulesExample 2022-11-30T02:48:50Z logger.go:66:             ]
TestTerraformCustomerRulesExample 2022-11-30T02:48:50Z logger.go:66:           - prefix_list_ids          = null
TestTerraformCustomerRulesExample 2022-11-30T02:48:50Z logger.go:66:           - protocol                 = "tcp"
TestTerraformCustomerRulesExample 2022-11-30T02:48:50Z logger.go:66:           - security_group_id        = "sg-1111111111111111"
TestTerraformCustomerRulesExample 2022-11-30T02:48:50Z logger.go:66:           - self                     = false
TestTerraformCustomerRulesExample 2022-11-30T02:48:50Z logger.go:66:           - source_security_group_id = null
TestTerraformCustomerRulesExample 2022-11-30T02:48:50Z logger.go:66:           - timeouts                 = null
TestTerraformCustomerRulesExample 2022-11-30T02:48:50Z logger.go:66:           - to_port                  = 450
TestTerraformCustomerRulesExample 2022-11-30T02:48:50Z logger.go:66:           - type                     = "ingress"
TestTerraformCustomerRulesExample 2022-11-30T02:48:50Z logger.go:66:         },
TestTerraformCustomerRulesExample 2022-11-30T02:48:50Z logger.go:66:       - {
TestTerraformCustomerRulesExample 2022-11-30T02:48:50Z logger.go:66:           - cidr_blocks              = [
TestTerraformCustomerRulesExample 2022-11-30T02:48:50Z logger.go:66:               - "10.10.0.0/16",
TestTerraformCustomerRulesExample 2022-11-30T02:48:50Z logger.go:66:               - "10.20.0.0/24",
TestTerraformCustomerRulesExample 2022-11-30T02:48:50Z logger.go:66:             ]
TestTerraformCustomerRulesExample 2022-11-30T02:48:50Z logger.go:66:           - description              = "managed by Terraform"
TestTerraformCustomerRulesExample 2022-11-30T02:48:50Z logger.go:66:           - from_port                = 443
TestTerraformCustomerRulesExample 2022-11-30T02:48:50Z logger.go:66:           - id                       = "sgrule-1111111111"
TestTerraformCustomerRulesExample 2022-11-30T02:48:50Z logger.go:66:           - ipv6_cidr_blocks         = null
TestTerraformCustomerRulesExample 2022-11-30T02:48:50Z logger.go:66:           - prefix_list_ids          = null
TestTerraformCustomerRulesExample 2022-11-30T02:48:50Z logger.go:66:           - protocol                 = "tcp"
TestTerraformCustomerRulesExample 2022-11-30T02:48:50Z logger.go:66:           - security_group_id        = "sg-1111111111111111"
TestTerraformCustomerRulesExample 2022-11-30T02:48:50Z logger.go:66:           - self                     = false
TestTerraformCustomerRulesExample 2022-11-30T02:48:50Z logger.go:66:           - source_security_group_id = null
TestTerraformCustomerRulesExample 2022-11-30T02:48:50Z logger.go:66:           - timeouts                 = null
TestTerraformCustomerRulesExample 2022-11-30T02:48:50Z logger.go:66:           - to_port                  = 443
TestTerraformCustomerRulesExample 2022-11-30T02:48:50Z logger.go:66:           - type                     = "ingress"
TestTerraformCustomerRulesExample 2022-11-30T02:48:50Z logger.go:66:         },
TestTerraformCustomerRulesExample 2022-11-30T02:48:50Z logger.go:66:     ] -> null
TestTerraformCustomerRulesExample 2022-11-30T02:48:50Z logger.go:66:   - terratest = {
TestTerraformCustomerRulesExample 2022-11-30T02:48:50Z logger.go:66:       - data_aws_prefix_list_private_s3_id = "pl-1111111111111111"
TestTerraformCustomerRulesExample 2022-11-30T02:48:50Z logger.go:66:       - data_aws_security_group_default_id = "sg-1111111111111111"
TestTerraformCustomerRulesExample 2022-11-30T02:48:50Z logger.go:66:       - egress_count                       = 5
TestTerraformCustomerRulesExample 2022-11-30T02:48:50Z logger.go:66:       - ingress_count                      = 5
TestTerraformCustomerRulesExample 2022-11-30T02:48:50Z logger.go:66:     } -> null
TestTerraformCustomerRulesExample 2022-11-30T02:48:51Z logger.go:66: module.security_group.aws_security_group_rule.egress["0-0-icmp-sg-1111111111111111"]: Destroying... [id=sgrule-1111111111]
TestTerraformCustomerRulesExample 2022-11-30T02:48:51Z logger.go:66: module.security_group.aws_security_group_rule.egress["22-22-tcp-pl-1111111111111111"]: Destroying... [id=sgrule-1111111111]
TestTerraformCustomerRulesExample 2022-11-30T02:48:51Z logger.go:66: module.security_group.aws_security_group_rule.ingress["443-443-tcp-10.10.0.0/16-10.20.0.0/24"]: Destroying... [id=sgrule-1111111111]
TestTerraformCustomerRulesExample 2022-11-30T02:48:51Z logger.go:66: module.security_group.aws_security_group_rule.egress["0-0--1-true"]: Destroying... [id=sgrule-1111111111]
TestTerraformCustomerRulesExample 2022-11-30T02:48:51Z logger.go:66: module.security_group.aws_security_group_rule.ingress["0-0--1-true"]: Destroying... [id=sgrule-1111111111]
TestTerraformCustomerRulesExample 2022-11-30T02:48:51Z logger.go:66: module.security_group.aws_security_group_rule.egress["443-443-tcp-10.10.0.0/16-10.20.0.0/24"]: Destroying... [id=sgrule-1111111111]
TestTerraformCustomerRulesExample 2022-11-30T02:48:51Z logger.go:66: module.security_group.aws_security_group_rule.ingress["0-0-icmp-sg-1111111111111111"]: Destroying... [id=sgrule-1111111111]
TestTerraformCustomerRulesExample 2022-11-30T02:48:51Z logger.go:66: module.security_group.aws_security_group_rule.ingress["350-450-tcp-2001:db8::/64"]: Destroying... [id=sgrule-1111111111]
TestTerraformCustomerRulesExample 2022-11-30T02:48:51Z logger.go:66: module.security_group.aws_security_group_rule.egress["350-450-tcp-2001:db8::/64"]: Destroying... [id=sgrule-1111111111]
TestTerraformCustomerRulesExample 2022-11-30T02:48:51Z logger.go:66: module.security_group.aws_security_group_rule.ingress["22-22-tcp-pl-1111111111111111"]: Destroying... [id=sgrule-1111111111]
TestTerraformCustomerRulesExample 2022-11-30T02:48:52Z logger.go:66: module.security_group.aws_security_group_rule.egress["0-0-icmp-sg-1111111111111111"]: Destruction complete after 0s
TestTerraformCustomerRulesExample 2022-11-30T02:48:52Z logger.go:66: module.security_group.aws_security_group_rule.egress["22-22-tcp-pl-1111111111111111"]: Destruction complete after 0s
TestTerraformCustomerRulesExample 2022-11-30T02:48:52Z logger.go:66: module.security_group.aws_security_group_rule.ingress["443-443-tcp-10.10.0.0/16-10.20.0.0/24"]: Destruction complete after 1s
TestTerraformCustomerRulesExample 2022-11-30T02:48:53Z logger.go:66: module.security_group.aws_security_group_rule.egress["443-443-tcp-10.10.0.0/16-10.20.0.0/24"]: Destruction complete after 1s
TestTerraformCustomerRulesExample 2022-11-30T02:48:53Z logger.go:66: module.security_group.aws_security_group_rule.ingress["0-0-icmp-sg-1111111111111111"]: Destruction complete after 2s
TestTerraformCustomerRulesExample 2022-11-30T02:48:54Z logger.go:66: module.security_group.aws_security_group_rule.egress["0-0--1-true"]: Destruction complete after 2s
TestTerraformCustomerRulesExample 2022-11-30T02:48:54Z logger.go:66: module.security_group.aws_security_group_rule.ingress["350-450-tcp-2001:db8::/64"]: Destruction complete after 3s
TestTerraformCustomerRulesExample 2022-11-30T02:48:55Z logger.go:66: module.security_group.aws_security_group_rule.ingress["0-0--1-true"]: Destruction complete after 3s
TestTerraformCustomerRulesExample 2022-11-30T02:48:55Z logger.go:66: module.security_group.aws_security_group_rule.egress["350-450-tcp-2001:db8::/64"]: Destruction complete after 4s
TestTerraformCustomerRulesExample 2022-11-30T02:48:56Z logger.go:66: module.security_group.aws_security_group_rule.ingress["22-22-tcp-pl-1111111111111111"]: Destruction complete after 4s
TestTerraformCustomerRulesExample 2022-11-30T02:48:56Z logger.go:66: module.security_group.aws_security_group.self[0]: Destroying... [id=sg-1111111111111111]
TestTerraformCustomerRulesExample 2022-11-30T02:48:57Z logger.go:66: module.security_group.aws_security_group.self[0]: Destruction complete after 1s
TestTerraformCustomerRulesExample 2022-11-30T02:48:57Z logger.go:66:
TestTerraformCustomerRulesExample 2022-11-30T02:48:57Z logger.go:66: Destroy complete! Resources: 11 destroyed.
--- PASS: TestTerraformCustomerRulesExample (31.73s)
PASS
ok  	command-line-arguments	31.740s
