=== RUN   TestTerraformComputedRulesExample
TestTerraformComputedRulesExample 2022-08-24T15:16:56Z retry.go:91: terraform [init -upgrade=false]
TestTerraformComputedRulesExample 2022-08-24T15:16:56Z logger.go:66: Running command terraform with args [init -upgrade=false]
TestTerraformComputedRulesExample 2022-08-24T15:16:56Z logger.go:66: [0m[1mInitializing modules...[0m
TestTerraformComputedRulesExample 2022-08-24T15:16:56Z logger.go:66:
TestTerraformComputedRulesExample 2022-08-24T15:16:56Z logger.go:66: [0m[1mInitializing the backend...[0m
TestTerraformComputedRulesExample 2022-08-24T15:16:56Z logger.go:66:
TestTerraformComputedRulesExample 2022-08-24T15:16:56Z logger.go:66: [0m[1mInitializing provider plugins...[0m
TestTerraformComputedRulesExample 2022-08-24T15:16:56Z logger.go:66: - Reusing previous version of hashicorp/aws from the dependency lock file
TestTerraformComputedRulesExample 2022-08-24T15:16:57Z logger.go:66: - Using previously-installed hashicorp/aws v4.27.0
TestTerraformComputedRulesExample 2022-08-24T15:16:57Z logger.go:66:
TestTerraformComputedRulesExample 2022-08-24T15:16:57Z logger.go:66: [0m[1m[32mTerraform has been successfully initialized![0m[32m[0m
TestTerraformComputedRulesExample 2022-08-24T15:16:57Z logger.go:66: [0m[32m
TestTerraformComputedRulesExample 2022-08-24T15:16:57Z logger.go:66: You may now begin working with Terraform. Try running "terraform plan" to see
TestTerraformComputedRulesExample 2022-08-24T15:16:57Z logger.go:66: any changes that are required for your infrastructure. All Terraform commands
TestTerraformComputedRulesExample 2022-08-24T15:16:57Z logger.go:66: should now work.
TestTerraformComputedRulesExample 2022-08-24T15:16:57Z logger.go:66:
TestTerraformComputedRulesExample 2022-08-24T15:16:57Z logger.go:66: If you ever set or change modules or backend configuration for Terraform,
TestTerraformComputedRulesExample 2022-08-24T15:16:57Z logger.go:66: rerun this command to reinitialize your working directory. If you forget, other
TestTerraformComputedRulesExample 2022-08-24T15:16:57Z logger.go:66: commands will detect it and remind you to do so if necessary.[0m
TestTerraformComputedRulesExample 2022-08-24T15:16:57Z retry.go:91: terraform [apply -input=false -auto-approve -no-color -lock=false]
TestTerraformComputedRulesExample 2022-08-24T15:16:57Z logger.go:66: Running command terraform with args [apply -input=false -auto-approve -no-color -lock=false]
TestTerraformComputedRulesExample 2022-08-24T15:17:00Z logger.go:66: data.aws_vpc.default: Reading...
TestTerraformComputedRulesExample 2022-08-24T15:17:01Z logger.go:66: data.aws_vpc.default: Read complete after 0s [id=vpc-9ce7cafb]
TestTerraformComputedRulesExample 2022-08-24T15:17:01Z logger.go:66:
TestTerraformComputedRulesExample 2022-08-24T15:17:01Z logger.go:66: Terraform used the selected providers to generate the following execution
TestTerraformComputedRulesExample 2022-08-24T15:17:01Z logger.go:66: plan. Resource actions are indicated with the following symbols:
TestTerraformComputedRulesExample 2022-08-24T15:17:01Z logger.go:66:   + create
TestTerraformComputedRulesExample 2022-08-24T15:17:01Z logger.go:66:
TestTerraformComputedRulesExample 2022-08-24T15:17:01Z logger.go:66: Terraform will perform the following actions:
TestTerraformComputedRulesExample 2022-08-24T15:17:01Z logger.go:66:
TestTerraformComputedRulesExample 2022-08-24T15:17:01Z logger.go:66:   # aws_ec2_managed_prefix_list.other will be created
TestTerraformComputedRulesExample 2022-08-24T15:17:01Z logger.go:66:   + resource "aws_ec2_managed_prefix_list" "other" {
TestTerraformComputedRulesExample 2022-08-24T15:17:01Z logger.go:66:       + address_family = "IPv4"
TestTerraformComputedRulesExample 2022-08-24T15:17:01Z logger.go:66:       + arn            = (known after apply)
TestTerraformComputedRulesExample 2022-08-24T15:17:01Z logger.go:66:       + id             = (known after apply)
TestTerraformComputedRulesExample 2022-08-24T15:17:01Z logger.go:66:       + max_entries    = 5
TestTerraformComputedRulesExample 2022-08-24T15:17:01Z logger.go:66:       + name           = "ex-computed-rules-other"
TestTerraformComputedRulesExample 2022-08-24T15:17:01Z logger.go:66:       + owner_id       = (known after apply)
TestTerraformComputedRulesExample 2022-08-24T15:17:01Z logger.go:66:       + tags_all       = {
TestTerraformComputedRulesExample 2022-08-24T15:17:01Z logger.go:66:           + "Example"    = "ex-computed-rules"
TestTerraformComputedRulesExample 2022-08-24T15:17:01Z logger.go:66:           + "GithubOrg"  = "aidanmelen"
TestTerraformComputedRulesExample 2022-08-24T15:17:01Z logger.go:66:           + "GithubRepo" = "terraform-aws-security-group"
TestTerraformComputedRulesExample 2022-08-24T15:17:01Z logger.go:66:         }
TestTerraformComputedRulesExample 2022-08-24T15:17:01Z logger.go:66:       + version        = (known after apply)
TestTerraformComputedRulesExample 2022-08-24T15:17:01Z logger.go:66:
TestTerraformComputedRulesExample 2022-08-24T15:17:01Z logger.go:66:       + entry {
TestTerraformComputedRulesExample 2022-08-24T15:17:01Z logger.go:66:           + cidr        = "172.31.0.0/16"
TestTerraformComputedRulesExample 2022-08-24T15:17:01Z logger.go:66:           + description = "Primary"
TestTerraformComputedRulesExample 2022-08-24T15:17:01Z logger.go:66:         }
TestTerraformComputedRulesExample 2022-08-24T15:17:01Z logger.go:66:     }
TestTerraformComputedRulesExample 2022-08-24T15:17:01Z logger.go:66:
TestTerraformComputedRulesExample 2022-08-24T15:17:01Z logger.go:66:   # aws_security_group.other will be created
TestTerraformComputedRulesExample 2022-08-24T15:17:01Z logger.go:66:   + resource "aws_security_group" "other" {
TestTerraformComputedRulesExample 2022-08-24T15:17:01Z logger.go:66:       + arn                    = (known after apply)
TestTerraformComputedRulesExample 2022-08-24T15:17:01Z logger.go:66:       + description            = "ex-computed-rules-other"
TestTerraformComputedRulesExample 2022-08-24T15:17:01Z logger.go:66:       + egress                 = (known after apply)
TestTerraformComputedRulesExample 2022-08-24T15:17:01Z logger.go:66:       + id                     = (known after apply)
TestTerraformComputedRulesExample 2022-08-24T15:17:01Z logger.go:66:       + ingress                = (known after apply)
TestTerraformComputedRulesExample 2022-08-24T15:17:01Z logger.go:66:       + name                   = "ex-computed-rules-other"
TestTerraformComputedRulesExample 2022-08-24T15:17:01Z logger.go:66:       + name_prefix            = (known after apply)
TestTerraformComputedRulesExample 2022-08-24T15:17:01Z logger.go:66:       + owner_id               = (known after apply)
TestTerraformComputedRulesExample 2022-08-24T15:17:01Z logger.go:66:       + revoke_rules_on_delete = false
TestTerraformComputedRulesExample 2022-08-24T15:17:01Z logger.go:66:       + tags                   = {
TestTerraformComputedRulesExample 2022-08-24T15:17:01Z logger.go:66:           + "Name" = "ex-computed-rules-other"
TestTerraformComputedRulesExample 2022-08-24T15:17:01Z logger.go:66:         }
TestTerraformComputedRulesExample 2022-08-24T15:17:01Z logger.go:66:       + tags_all               = {
TestTerraformComputedRulesExample 2022-08-24T15:17:01Z logger.go:66:           + "Example"    = "ex-computed-rules"
TestTerraformComputedRulesExample 2022-08-24T15:17:01Z logger.go:66:           + "GithubOrg"  = "aidanmelen"
TestTerraformComputedRulesExample 2022-08-24T15:17:01Z logger.go:66:           + "GithubRepo" = "terraform-aws-security-group"
TestTerraformComputedRulesExample 2022-08-24T15:17:01Z logger.go:66:           + "Name"       = "ex-computed-rules-other"
TestTerraformComputedRulesExample 2022-08-24T15:17:01Z logger.go:66:         }
TestTerraformComputedRulesExample 2022-08-24T15:17:01Z logger.go:66:       + vpc_id                 = "vpc-9ce7cafb"
TestTerraformComputedRulesExample 2022-08-24T15:17:01Z logger.go:66:     }
TestTerraformComputedRulesExample 2022-08-24T15:17:01Z logger.go:66:
TestTerraformComputedRulesExample 2022-08-24T15:17:01Z logger.go:66:   # module.security_group.aws_security_group.self[0] will be created
TestTerraformComputedRulesExample 2022-08-24T15:17:01Z logger.go:66:   + resource "aws_security_group" "self" {
TestTerraformComputedRulesExample 2022-08-24T15:17:01Z logger.go:66:       + arn                    = (known after apply)
TestTerraformComputedRulesExample 2022-08-24T15:17:01Z logger.go:66:       + description            = "ex-computed-rules"
TestTerraformComputedRulesExample 2022-08-24T15:17:01Z logger.go:66:       + egress                 = (known after apply)
TestTerraformComputedRulesExample 2022-08-24T15:17:01Z logger.go:66:       + id                     = (known after apply)
TestTerraformComputedRulesExample 2022-08-24T15:17:01Z logger.go:66:       + ingress                = (known after apply)
TestTerraformComputedRulesExample 2022-08-24T15:17:01Z logger.go:66:       + name                   = "ex-computed-rules"
TestTerraformComputedRulesExample 2022-08-24T15:17:01Z logger.go:66:       + name_prefix            = (known after apply)
TestTerraformComputedRulesExample 2022-08-24T15:17:01Z logger.go:66:       + owner_id               = (known after apply)
TestTerraformComputedRulesExample 2022-08-24T15:17:01Z logger.go:66:       + revoke_rules_on_delete = false
TestTerraformComputedRulesExample 2022-08-24T15:17:01Z logger.go:66:       + tags                   = {
TestTerraformComputedRulesExample 2022-08-24T15:17:01Z logger.go:66:           + "Name" = "ex-computed-rules"
TestTerraformComputedRulesExample 2022-08-24T15:17:01Z logger.go:66:         }
TestTerraformComputedRulesExample 2022-08-24T15:17:01Z logger.go:66:       + tags_all               = {
TestTerraformComputedRulesExample 2022-08-24T15:17:01Z logger.go:66:           + "Example"    = "ex-computed-rules"
TestTerraformComputedRulesExample 2022-08-24T15:17:01Z logger.go:66:           + "GithubOrg"  = "aidanmelen"
TestTerraformComputedRulesExample 2022-08-24T15:17:01Z logger.go:66:           + "GithubRepo" = "terraform-aws-security-group"
TestTerraformComputedRulesExample 2022-08-24T15:17:01Z logger.go:66:           + "Name"       = "ex-computed-rules"
TestTerraformComputedRulesExample 2022-08-24T15:17:01Z logger.go:66:         }
TestTerraformComputedRulesExample 2022-08-24T15:17:01Z logger.go:66:       + vpc_id                 = "vpc-9ce7cafb"
TestTerraformComputedRulesExample 2022-08-24T15:17:01Z logger.go:66:
TestTerraformComputedRulesExample 2022-08-24T15:17:01Z logger.go:66:       + timeouts {
TestTerraformComputedRulesExample 2022-08-24T15:17:01Z logger.go:66:           + create = "10m"
TestTerraformComputedRulesExample 2022-08-24T15:17:01Z logger.go:66:           + delete = "15m"
TestTerraformComputedRulesExample 2022-08-24T15:17:01Z logger.go:66:         }
TestTerraformComputedRulesExample 2022-08-24T15:17:01Z logger.go:66:     }
TestTerraformComputedRulesExample 2022-08-24T15:17:01Z logger.go:66:
TestTerraformComputedRulesExample 2022-08-24T15:17:01Z logger.go:66:   # module.security_group.aws_security_group_rule.computed_egress_rules[0] will be created
TestTerraformComputedRulesExample 2022-08-24T15:17:01Z logger.go:66:   + resource "aws_security_group_rule" "computed_egress_rules" {
TestTerraformComputedRulesExample 2022-08-24T15:17:01Z logger.go:66:       + from_port                = 80
TestTerraformComputedRulesExample 2022-08-24T15:17:01Z logger.go:66:       + id                       = (known after apply)
TestTerraformComputedRulesExample 2022-08-24T15:17:01Z logger.go:66:       + prefix_list_ids          = (known after apply)
TestTerraformComputedRulesExample 2022-08-24T15:17:01Z logger.go:66:       + protocol                 = "tcp"
TestTerraformComputedRulesExample 2022-08-24T15:17:01Z logger.go:66:       + security_group_id        = (known after apply)
TestTerraformComputedRulesExample 2022-08-24T15:17:01Z logger.go:66:       + self                     = false
TestTerraformComputedRulesExample 2022-08-24T15:17:01Z logger.go:66:       + source_security_group_id = (known after apply)
TestTerraformComputedRulesExample 2022-08-24T15:17:01Z logger.go:66:       + to_port                  = 80
TestTerraformComputedRulesExample 2022-08-24T15:17:01Z logger.go:66:       + type                     = "egress"
TestTerraformComputedRulesExample 2022-08-24T15:17:01Z logger.go:66:     }
TestTerraformComputedRulesExample 2022-08-24T15:17:01Z logger.go:66:
TestTerraformComputedRulesExample 2022-08-24T15:17:01Z logger.go:66:   # module.security_group.aws_security_group_rule.computed_ingress_rules[0] will be created
TestTerraformComputedRulesExample 2022-08-24T15:17:01Z logger.go:66:   + resource "aws_security_group_rule" "computed_ingress_rules" {
TestTerraformComputedRulesExample 2022-08-24T15:17:01Z logger.go:66:       + from_port                = 80
TestTerraformComputedRulesExample 2022-08-24T15:17:01Z logger.go:66:       + id                       = (known after apply)
TestTerraformComputedRulesExample 2022-08-24T15:17:01Z logger.go:66:       + protocol                 = "tcp"
TestTerraformComputedRulesExample 2022-08-24T15:17:01Z logger.go:66:       + security_group_id        = (known after apply)
TestTerraformComputedRulesExample 2022-08-24T15:17:01Z logger.go:66:       + self                     = false
TestTerraformComputedRulesExample 2022-08-24T15:17:01Z logger.go:66:       + source_security_group_id = (known after apply)
TestTerraformComputedRulesExample 2022-08-24T15:17:01Z logger.go:66:       + to_port                  = 80
TestTerraformComputedRulesExample 2022-08-24T15:17:01Z logger.go:66:       + type                     = "ingress"
TestTerraformComputedRulesExample 2022-08-24T15:17:01Z logger.go:66:     }
TestTerraformComputedRulesExample 2022-08-24T15:17:01Z logger.go:66:
TestTerraformComputedRulesExample 2022-08-24T15:17:01Z logger.go:66:   # module.security_group.aws_security_group_rule.computed_managed_egress_rules[0] will be created
TestTerraformComputedRulesExample 2022-08-24T15:17:01Z logger.go:66:   + resource "aws_security_group_rule" "computed_managed_egress_rules" {
TestTerraformComputedRulesExample 2022-08-24T15:17:01Z logger.go:66:       + description              = "https-443-tcp"
TestTerraformComputedRulesExample 2022-08-24T15:17:01Z logger.go:66:       + from_port                = 443
TestTerraformComputedRulesExample 2022-08-24T15:17:01Z logger.go:66:       + id                       = (known after apply)
TestTerraformComputedRulesExample 2022-08-24T15:17:01Z logger.go:66:       + prefix_list_ids          = (known after apply)
TestTerraformComputedRulesExample 2022-08-24T15:17:01Z logger.go:66:       + protocol                 = "tcp"
TestTerraformComputedRulesExample 2022-08-24T15:17:01Z logger.go:66:       + security_group_id        = (known after apply)
TestTerraformComputedRulesExample 2022-08-24T15:17:01Z logger.go:66:       + self                     = false
TestTerraformComputedRulesExample 2022-08-24T15:17:01Z logger.go:66:       + source_security_group_id = (known after apply)
TestTerraformComputedRulesExample 2022-08-24T15:17:01Z logger.go:66:       + to_port                  = 443
TestTerraformComputedRulesExample 2022-08-24T15:17:01Z logger.go:66:       + type                     = "egress"
TestTerraformComputedRulesExample 2022-08-24T15:17:01Z logger.go:66:     }
TestTerraformComputedRulesExample 2022-08-24T15:17:01Z logger.go:66:
TestTerraformComputedRulesExample 2022-08-24T15:17:01Z logger.go:66:   # module.security_group.aws_security_group_rule.computed_managed_ingress_rules[0] will be created
TestTerraformComputedRulesExample 2022-08-24T15:17:01Z logger.go:66:   + resource "aws_security_group_rule" "computed_managed_ingress_rules" {
TestTerraformComputedRulesExample 2022-08-24T15:17:01Z logger.go:66:       + description              = "https-443-tcp"
TestTerraformComputedRulesExample 2022-08-24T15:17:01Z logger.go:66:       + from_port                = 443
TestTerraformComputedRulesExample 2022-08-24T15:17:01Z logger.go:66:       + id                       = (known after apply)
TestTerraformComputedRulesExample 2022-08-24T15:17:01Z logger.go:66:       + protocol                 = "tcp"
TestTerraformComputedRulesExample 2022-08-24T15:17:01Z logger.go:66:       + security_group_id        = (known after apply)
TestTerraformComputedRulesExample 2022-08-24T15:17:01Z logger.go:66:       + self                     = false
TestTerraformComputedRulesExample 2022-08-24T15:17:01Z logger.go:66:       + source_security_group_id = (known after apply)
TestTerraformComputedRulesExample 2022-08-24T15:17:01Z logger.go:66:       + to_port                  = 443
TestTerraformComputedRulesExample 2022-08-24T15:17:01Z logger.go:66:       + type                     = "ingress"
TestTerraformComputedRulesExample 2022-08-24T15:17:01Z logger.go:66:     }
TestTerraformComputedRulesExample 2022-08-24T15:17:01Z logger.go:66:
TestTerraformComputedRulesExample 2022-08-24T15:17:01Z logger.go:66: Plan: 7 to add, 0 to change, 0 to destroy.
TestTerraformComputedRulesExample 2022-08-24T15:17:01Z logger.go:66:
TestTerraformComputedRulesExample 2022-08-24T15:17:01Z logger.go:66: Changes to Outputs:
TestTerraformComputedRulesExample 2022-08-24T15:17:01Z logger.go:66:   + auto_group_egress_all_to_public_internet_rule_keys      = []
TestTerraformComputedRulesExample 2022-08-24T15:17:01Z logger.go:66:   + auto_group_ingress_all_from_self_rule_keys              = []
TestTerraformComputedRulesExample 2022-08-24T15:17:01Z logger.go:66:   + auto_group_ingress_http_from_public_internet_rule_keys  = []
TestTerraformComputedRulesExample 2022-08-24T15:17:01Z logger.go:66:   + auto_group_ingress_https_from_public_internet_rule_keys = []
TestTerraformComputedRulesExample 2022-08-24T15:17:01Z logger.go:66:   + computed_egress_rule_ids                                = (known after apply)
TestTerraformComputedRulesExample 2022-08-24T15:17:01Z logger.go:66:   + computed_ingress_rule_ids                               = (known after apply)
TestTerraformComputedRulesExample 2022-08-24T15:17:01Z logger.go:66:   + computed_managed_egress_rule_ids                        = (known after apply)
TestTerraformComputedRulesExample 2022-08-24T15:17:01Z logger.go:66:   + computed_managed_ingress_rule_ids                       = (known after apply)
TestTerraformComputedRulesExample 2022-08-24T15:17:01Z logger.go:66:   + egress_rule_keys                                        = []
TestTerraformComputedRulesExample 2022-08-24T15:17:01Z logger.go:66:   + ingress_rule_keys                                       = []
TestTerraformComputedRulesExample 2022-08-24T15:17:01Z logger.go:66:   + managed_egress_rule_keys                                = []
TestTerraformComputedRulesExample 2022-08-24T15:17:01Z logger.go:66:   + managed_ingress_rule_keys                               = []
TestTerraformComputedRulesExample 2022-08-24T15:17:02Z logger.go:66: module.security_group.aws_security_group.self[0]: Creating...
TestTerraformComputedRulesExample 2022-08-24T15:17:02Z logger.go:66: aws_ec2_managed_prefix_list.other: Creating...
TestTerraformComputedRulesExample 2022-08-24T15:17:02Z logger.go:66: aws_security_group.other: Creating...
TestTerraformComputedRulesExample 2022-08-24T15:17:03Z logger.go:66: aws_ec2_managed_prefix_list.other: Creation complete after 1s [id=pl-0c20dde7f83785486]
TestTerraformComputedRulesExample 2022-08-24T15:17:04Z logger.go:66: aws_security_group.other: Creation complete after 2s [id=sg-048c90cc78ba719b0]
TestTerraformComputedRulesExample 2022-08-24T15:17:04Z logger.go:66: module.security_group.aws_security_group.self[0]: Creation complete after 2s [id=sg-0e325bb0e97fd9e86]
TestTerraformComputedRulesExample 2022-08-24T15:17:04Z logger.go:66: module.security_group.aws_security_group_rule.computed_egress_rules[0]: Creating...
TestTerraformComputedRulesExample 2022-08-24T15:17:04Z logger.go:66: module.security_group.aws_security_group_rule.computed_managed_ingress_rules[0]: Creating...
TestTerraformComputedRulesExample 2022-08-24T15:17:04Z logger.go:66: module.security_group.aws_security_group_rule.computed_ingress_rules[0]: Creating...
TestTerraformComputedRulesExample 2022-08-24T15:17:04Z logger.go:66: module.security_group.aws_security_group_rule.computed_managed_egress_rules[0]: Creating...
TestTerraformComputedRulesExample 2022-08-24T15:17:05Z logger.go:66: module.security_group.aws_security_group_rule.computed_egress_rules[0]: Creation complete after 1s [id=sgrule-3753907564]
TestTerraformComputedRulesExample 2022-08-24T15:17:05Z logger.go:66: module.security_group.aws_security_group_rule.computed_ingress_rules[0]: Creation complete after 2s [id=sgrule-3895611692]
TestTerraformComputedRulesExample 2022-08-24T15:17:06Z logger.go:66: module.security_group.aws_security_group_rule.computed_managed_egress_rules[0]: Creation complete after 3s [id=sgrule-2662239063]
TestTerraformComputedRulesExample 2022-08-24T15:17:07Z logger.go:66: module.security_group.aws_security_group_rule.computed_managed_ingress_rules[0]: Creation complete after 4s [id=sgrule-3275178297]
TestTerraformComputedRulesExample 2022-08-24T15:17:07Z logger.go:66:
TestTerraformComputedRulesExample 2022-08-24T15:17:07Z logger.go:66: Apply complete! Resources: 7 added, 0 changed, 0 destroyed.
TestTerraformComputedRulesExample 2022-08-24T15:17:07Z logger.go:66:
TestTerraformComputedRulesExample 2022-08-24T15:17:07Z logger.go:66: Outputs:
TestTerraformComputedRulesExample 2022-08-24T15:17:07Z logger.go:66:
TestTerraformComputedRulesExample 2022-08-24T15:17:07Z logger.go:66: auto_group_egress_all_to_public_internet_rule_keys = []
TestTerraformComputedRulesExample 2022-08-24T15:17:07Z logger.go:66: auto_group_ingress_all_from_self_rule_keys = []
TestTerraformComputedRulesExample 2022-08-24T15:17:07Z logger.go:66: auto_group_ingress_http_from_public_internet_rule_keys = []
TestTerraformComputedRulesExample 2022-08-24T15:17:07Z logger.go:66: auto_group_ingress_https_from_public_internet_rule_keys = []
TestTerraformComputedRulesExample 2022-08-24T15:17:07Z logger.go:66: computed_egress_rule_ids = [
TestTerraformComputedRulesExample 2022-08-24T15:17:07Z logger.go:66:   "sgrule-3753907564",
TestTerraformComputedRulesExample 2022-08-24T15:17:07Z logger.go:66: ]
TestTerraformComputedRulesExample 2022-08-24T15:17:07Z logger.go:66: computed_ingress_rule_ids = [
TestTerraformComputedRulesExample 2022-08-24T15:17:07Z logger.go:66:   "sgrule-3895611692",
TestTerraformComputedRulesExample 2022-08-24T15:17:07Z logger.go:66: ]
TestTerraformComputedRulesExample 2022-08-24T15:17:07Z logger.go:66: computed_managed_egress_rule_ids = [
TestTerraformComputedRulesExample 2022-08-24T15:17:07Z logger.go:66:   "sgrule-2662239063",
TestTerraformComputedRulesExample 2022-08-24T15:17:07Z logger.go:66: ]
TestTerraformComputedRulesExample 2022-08-24T15:17:07Z logger.go:66: computed_managed_ingress_rule_ids = [
TestTerraformComputedRulesExample 2022-08-24T15:17:07Z logger.go:66:   "sgrule-3275178297",
TestTerraformComputedRulesExample 2022-08-24T15:17:07Z logger.go:66: ]
TestTerraformComputedRulesExample 2022-08-24T15:17:07Z logger.go:66: egress_rule_keys = []
TestTerraformComputedRulesExample 2022-08-24T15:17:07Z logger.go:66: ingress_rule_keys = []
TestTerraformComputedRulesExample 2022-08-24T15:17:07Z logger.go:66: managed_egress_rule_keys = []
TestTerraformComputedRulesExample 2022-08-24T15:17:07Z logger.go:66: managed_ingress_rule_keys = []
TestTerraformComputedRulesExample 2022-08-24T15:17:07Z retry.go:91: terraform [output -no-color -json ingress_rule_keys]
TestTerraformComputedRulesExample 2022-08-24T15:17:07Z logger.go:66: Running command terraform with args [output -no-color -json ingress_rule_keys]
TestTerraformComputedRulesExample 2022-08-24T15:17:08Z logger.go:66: []
TestTerraformComputedRulesExample 2022-08-24T15:17:08Z retry.go:91: terraform [output -no-color -json managed_ingress_rule_keys]
TestTerraformComputedRulesExample 2022-08-24T15:17:08Z logger.go:66: Running command terraform with args [output -no-color -json managed_ingress_rule_keys]
TestTerraformComputedRulesExample 2022-08-24T15:17:09Z logger.go:66: []
TestTerraformComputedRulesExample 2022-08-24T15:17:09Z retry.go:91: terraform [output -no-color -json egress_rule_keys]
TestTerraformComputedRulesExample 2022-08-24T15:17:09Z logger.go:66: Running command terraform with args [output -no-color -json egress_rule_keys]
TestTerraformComputedRulesExample 2022-08-24T15:17:10Z logger.go:66: []
TestTerraformComputedRulesExample 2022-08-24T15:17:10Z retry.go:91: terraform [output -no-color -json managed_egress_rule_keys]
TestTerraformComputedRulesExample 2022-08-24T15:17:10Z logger.go:66: Running command terraform with args [output -no-color -json managed_egress_rule_keys]
TestTerraformComputedRulesExample 2022-08-24T15:17:11Z logger.go:66: []
TestTerraformComputedRulesExample 2022-08-24T15:17:11Z retry.go:91: terraform [output -no-color -json computed_egress_rule_ids]
TestTerraformComputedRulesExample 2022-08-24T15:17:11Z logger.go:66: Running command terraform with args [output -no-color -json computed_egress_rule_ids]
TestTerraformComputedRulesExample 2022-08-24T15:17:12Z logger.go:66: ["sgrule-3753907564"]
TestTerraformComputedRulesExample 2022-08-24T15:17:12Z retry.go:91: terraform [output -no-color -json computed_ingress_rule_ids]
TestTerraformComputedRulesExample 2022-08-24T15:17:12Z logger.go:66: Running command terraform with args [output -no-color -json computed_ingress_rule_ids]
TestTerraformComputedRulesExample 2022-08-24T15:17:12Z logger.go:66: ["sgrule-3895611692"]
TestTerraformComputedRulesExample 2022-08-24T15:17:12Z retry.go:91: terraform [output -no-color -json computed_managed_egress_rule_ids]
TestTerraformComputedRulesExample 2022-08-24T15:17:12Z logger.go:66: Running command terraform with args [output -no-color -json computed_managed_egress_rule_ids]
TestTerraformComputedRulesExample 2022-08-24T15:17:13Z logger.go:66: ["sgrule-2662239063"]
TestTerraformComputedRulesExample 2022-08-24T15:17:13Z retry.go:91: terraform [output -no-color -json computed_managed_ingress_rule_ids]
TestTerraformComputedRulesExample 2022-08-24T15:17:13Z logger.go:66: Running command terraform with args [output -no-color -json computed_managed_ingress_rule_ids]
TestTerraformComputedRulesExample 2022-08-24T15:17:14Z logger.go:66: ["sgrule-3275178297"]
TestTerraformComputedRulesExample 2022-08-24T15:17:14Z retry.go:91: terraform [output -no-color -json auto_group_ingress_all_from_self_rule_keys]
TestTerraformComputedRulesExample 2022-08-24T15:17:14Z logger.go:66: Running command terraform with args [output -no-color -json auto_group_ingress_all_from_self_rule_keys]
TestTerraformComputedRulesExample 2022-08-24T15:17:15Z logger.go:66: []
TestTerraformComputedRulesExample 2022-08-24T15:17:15Z retry.go:91: terraform [output -no-color -json auto_group_egress_all_to_public_internet_rule_keys]
TestTerraformComputedRulesExample 2022-08-24T15:17:15Z logger.go:66: Running command terraform with args [output -no-color -json auto_group_egress_all_to_public_internet_rule_keys]
TestTerraformComputedRulesExample 2022-08-24T15:17:16Z logger.go:66: []
TestTerraformComputedRulesExample 2022-08-24T15:17:16Z retry.go:91: terraform [destroy -auto-approve -input=false -no-color -lock=false]
TestTerraformComputedRulesExample 2022-08-24T15:17:16Z logger.go:66: Running command terraform with args [destroy -auto-approve -input=false -no-color -lock=false]
TestTerraformComputedRulesExample 2022-08-24T15:17:19Z logger.go:66: data.aws_vpc.default: Reading...
TestTerraformComputedRulesExample 2022-08-24T15:17:20Z logger.go:66: data.aws_vpc.default: Read complete after 0s [id=vpc-9ce7cafb]
TestTerraformComputedRulesExample 2022-08-24T15:17:20Z logger.go:66: aws_security_group.other: Refreshing state... [id=sg-048c90cc78ba719b0]
TestTerraformComputedRulesExample 2022-08-24T15:17:20Z logger.go:66: module.security_group.aws_security_group.self[0]: Refreshing state... [id=sg-0e325bb0e97fd9e86]
TestTerraformComputedRulesExample 2022-08-24T15:17:20Z logger.go:66: aws_ec2_managed_prefix_list.other: Refreshing state... [id=pl-0c20dde7f83785486]
TestTerraformComputedRulesExample 2022-08-24T15:17:20Z logger.go:66: module.security_group.aws_security_group_rule.computed_managed_ingress_rules[0]: Refreshing state... [id=sgrule-3275178297]
TestTerraformComputedRulesExample 2022-08-24T15:17:20Z logger.go:66: module.security_group.aws_security_group_rule.computed_ingress_rules[0]: Refreshing state... [id=sgrule-3895611692]
TestTerraformComputedRulesExample 2022-08-24T15:17:20Z logger.go:66: module.security_group.aws_security_group_rule.computed_egress_rules[0]: Refreshing state... [id=sgrule-3753907564]
TestTerraformComputedRulesExample 2022-08-24T15:17:20Z logger.go:66: module.security_group.aws_security_group_rule.computed_managed_egress_rules[0]: Refreshing state... [id=sgrule-2662239063]
TestTerraformComputedRulesExample 2022-08-24T15:17:21Z logger.go:66:
TestTerraformComputedRulesExample 2022-08-24T15:17:21Z logger.go:66: Terraform used the selected providers to generate the following execution
TestTerraformComputedRulesExample 2022-08-24T15:17:21Z logger.go:66: plan. Resource actions are indicated with the following symbols:
TestTerraformComputedRulesExample 2022-08-24T15:17:21Z logger.go:66:   - destroy
TestTerraformComputedRulesExample 2022-08-24T15:17:21Z logger.go:66:
TestTerraformComputedRulesExample 2022-08-24T15:17:21Z logger.go:66: Terraform will perform the following actions:
TestTerraformComputedRulesExample 2022-08-24T15:17:21Z logger.go:66:
TestTerraformComputedRulesExample 2022-08-24T15:17:21Z logger.go:66:   # aws_ec2_managed_prefix_list.other will be destroyed
TestTerraformComputedRulesExample 2022-08-24T15:17:21Z logger.go:66:   - resource "aws_ec2_managed_prefix_list" "other" {
TestTerraformComputedRulesExample 2022-08-24T15:17:21Z logger.go:66:       - address_family = "IPv4" -> null
TestTerraformComputedRulesExample 2022-08-24T15:17:21Z logger.go:66:       - arn            = "arn:aws:ec2:us-west-2:326504147071:prefix-list/pl-0c20dde7f83785486" -> null
TestTerraformComputedRulesExample 2022-08-24T15:17:21Z logger.go:66:       - id             = "pl-0c20dde7f83785486" -> null
TestTerraformComputedRulesExample 2022-08-24T15:17:21Z logger.go:66:       - max_entries    = 5 -> null
TestTerraformComputedRulesExample 2022-08-24T15:17:21Z logger.go:66:       - name           = "ex-computed-rules-other" -> null
TestTerraformComputedRulesExample 2022-08-24T15:17:21Z logger.go:66:       - owner_id       = "326504147071" -> null
TestTerraformComputedRulesExample 2022-08-24T15:17:21Z logger.go:66:       - tags           = {} -> null
TestTerraformComputedRulesExample 2022-08-24T15:17:21Z logger.go:66:       - tags_all       = {
TestTerraformComputedRulesExample 2022-08-24T15:17:21Z logger.go:66:           - "Example"    = "ex-computed-rules"
TestTerraformComputedRulesExample 2022-08-24T15:17:21Z logger.go:66:           - "GithubOrg"  = "aidanmelen"
TestTerraformComputedRulesExample 2022-08-24T15:17:21Z logger.go:66:           - "GithubRepo" = "terraform-aws-security-group"
TestTerraformComputedRulesExample 2022-08-24T15:17:21Z logger.go:66:         } -> null
TestTerraformComputedRulesExample 2022-08-24T15:17:21Z logger.go:66:       - version        = 1 -> null
TestTerraformComputedRulesExample 2022-08-24T15:17:21Z logger.go:66:
TestTerraformComputedRulesExample 2022-08-24T15:17:21Z logger.go:66:       - entry {
TestTerraformComputedRulesExample 2022-08-24T15:17:21Z logger.go:66:           - cidr        = "172.31.0.0/16" -> null
TestTerraformComputedRulesExample 2022-08-24T15:17:21Z logger.go:66:           - description = "Primary" -> null
TestTerraformComputedRulesExample 2022-08-24T15:17:21Z logger.go:66:         }
TestTerraformComputedRulesExample 2022-08-24T15:17:21Z logger.go:66:     }
TestTerraformComputedRulesExample 2022-08-24T15:17:21Z logger.go:66:
TestTerraformComputedRulesExample 2022-08-24T15:17:21Z logger.go:66:   # aws_security_group.other will be destroyed
TestTerraformComputedRulesExample 2022-08-24T15:17:21Z logger.go:66:   - resource "aws_security_group" "other" {
TestTerraformComputedRulesExample 2022-08-24T15:17:21Z logger.go:66:       - arn                    = "arn:aws:ec2:us-west-2:326504147071:security-group/sg-048c90cc78ba719b0" -> null
TestTerraformComputedRulesExample 2022-08-24T15:17:21Z logger.go:66:       - description            = "ex-computed-rules-other" -> null
TestTerraformComputedRulesExample 2022-08-24T15:17:21Z logger.go:66:       - egress                 = [] -> null
TestTerraformComputedRulesExample 2022-08-24T15:17:21Z logger.go:66:       - id                     = "sg-048c90cc78ba719b0" -> null
TestTerraformComputedRulesExample 2022-08-24T15:17:21Z logger.go:66:       - ingress                = [] -> null
TestTerraformComputedRulesExample 2022-08-24T15:17:21Z logger.go:66:       - name                   = "ex-computed-rules-other" -> null
TestTerraformComputedRulesExample 2022-08-24T15:17:21Z logger.go:66:       - owner_id               = "326504147071" -> null
TestTerraformComputedRulesExample 2022-08-24T15:17:21Z logger.go:66:       - revoke_rules_on_delete = false -> null
TestTerraformComputedRulesExample 2022-08-24T15:17:21Z logger.go:66:       - tags                   = {
TestTerraformComputedRulesExample 2022-08-24T15:17:21Z logger.go:66:           - "Name" = "ex-computed-rules-other"
TestTerraformComputedRulesExample 2022-08-24T15:17:21Z logger.go:66:         } -> null
TestTerraformComputedRulesExample 2022-08-24T15:17:21Z logger.go:66:       - tags_all               = {
TestTerraformComputedRulesExample 2022-08-24T15:17:21Z logger.go:66:           - "Example"    = "ex-computed-rules"
TestTerraformComputedRulesExample 2022-08-24T15:17:21Z logger.go:66:           - "GithubOrg"  = "aidanmelen"
TestTerraformComputedRulesExample 2022-08-24T15:17:21Z logger.go:66:           - "GithubRepo" = "terraform-aws-security-group"
TestTerraformComputedRulesExample 2022-08-24T15:17:21Z logger.go:66:           - "Name"       = "ex-computed-rules-other"
TestTerraformComputedRulesExample 2022-08-24T15:17:21Z logger.go:66:         } -> null
TestTerraformComputedRulesExample 2022-08-24T15:17:21Z logger.go:66:       - vpc_id                 = "vpc-9ce7cafb" -> null
TestTerraformComputedRulesExample 2022-08-24T15:17:21Z logger.go:66:     }
TestTerraformComputedRulesExample 2022-08-24T15:17:21Z logger.go:66:
TestTerraformComputedRulesExample 2022-08-24T15:17:21Z logger.go:66:   # module.security_group.aws_security_group.self[0] will be destroyed
TestTerraformComputedRulesExample 2022-08-24T15:17:21Z logger.go:66:   - resource "aws_security_group" "self" {
TestTerraformComputedRulesExample 2022-08-24T15:17:21Z logger.go:66:       - arn                    = "arn:aws:ec2:us-west-2:326504147071:security-group/sg-0e325bb0e97fd9e86" -> null
TestTerraformComputedRulesExample 2022-08-24T15:17:21Z logger.go:66:       - description            = "ex-computed-rules" -> null
TestTerraformComputedRulesExample 2022-08-24T15:17:21Z logger.go:66:       - egress                 = [
TestTerraformComputedRulesExample 2022-08-24T15:17:21Z logger.go:66:           - {
TestTerraformComputedRulesExample 2022-08-24T15:17:21Z logger.go:66:               - cidr_blocks      = []
TestTerraformComputedRulesExample 2022-08-24T15:17:21Z logger.go:66:               - description      = ""
TestTerraformComputedRulesExample 2022-08-24T15:17:21Z logger.go:66:               - from_port        = 80
TestTerraformComputedRulesExample 2022-08-24T15:17:21Z logger.go:66:               - ipv6_cidr_blocks = []
TestTerraformComputedRulesExample 2022-08-24T15:17:21Z logger.go:66:               - prefix_list_ids  = [
TestTerraformComputedRulesExample 2022-08-24T15:17:21Z logger.go:66:                   - "pl-0c20dde7f83785486",
TestTerraformComputedRulesExample 2022-08-24T15:17:21Z logger.go:66:                 ]
TestTerraformComputedRulesExample 2022-08-24T15:17:21Z logger.go:66:               - protocol         = "tcp"
TestTerraformComputedRulesExample 2022-08-24T15:17:21Z logger.go:66:               - security_groups  = []
TestTerraformComputedRulesExample 2022-08-24T15:17:21Z logger.go:66:               - self             = false
TestTerraformComputedRulesExample 2022-08-24T15:17:21Z logger.go:66:               - to_port          = 80
TestTerraformComputedRulesExample 2022-08-24T15:17:21Z logger.go:66:             },
TestTerraformComputedRulesExample 2022-08-24T15:17:21Z logger.go:66:           - {
TestTerraformComputedRulesExample 2022-08-24T15:17:21Z logger.go:66:               - cidr_blocks      = []
TestTerraformComputedRulesExample 2022-08-24T15:17:21Z logger.go:66:               - description      = "https-443-tcp"
TestTerraformComputedRulesExample 2022-08-24T15:17:21Z logger.go:66:               - from_port        = 443
TestTerraformComputedRulesExample 2022-08-24T15:17:21Z logger.go:66:               - ipv6_cidr_blocks = []
TestTerraformComputedRulesExample 2022-08-24T15:17:21Z logger.go:66:               - prefix_list_ids  = [
TestTerraformComputedRulesExample 2022-08-24T15:17:21Z logger.go:66:                   - "pl-0c20dde7f83785486",
TestTerraformComputedRulesExample 2022-08-24T15:17:21Z logger.go:66:                 ]
TestTerraformComputedRulesExample 2022-08-24T15:17:21Z logger.go:66:               - protocol         = "tcp"
TestTerraformComputedRulesExample 2022-08-24T15:17:21Z logger.go:66:               - security_groups  = []
TestTerraformComputedRulesExample 2022-08-24T15:17:21Z logger.go:66:               - self             = false
TestTerraformComputedRulesExample 2022-08-24T15:17:21Z logger.go:66:               - to_port          = 443
TestTerraformComputedRulesExample 2022-08-24T15:17:21Z logger.go:66:             },
TestTerraformComputedRulesExample 2022-08-24T15:17:21Z logger.go:66:         ] -> null
TestTerraformComputedRulesExample 2022-08-24T15:17:21Z logger.go:66:       - id                     = "sg-0e325bb0e97fd9e86" -> null
TestTerraformComputedRulesExample 2022-08-24T15:17:21Z logger.go:66:       - ingress                = [
TestTerraformComputedRulesExample 2022-08-24T15:17:21Z logger.go:66:           - {
TestTerraformComputedRulesExample 2022-08-24T15:17:21Z logger.go:66:               - cidr_blocks      = []
TestTerraformComputedRulesExample 2022-08-24T15:17:21Z logger.go:66:               - description      = ""
TestTerraformComputedRulesExample 2022-08-24T15:17:21Z logger.go:66:               - from_port        = 80
TestTerraformComputedRulesExample 2022-08-24T15:17:21Z logger.go:66:               - ipv6_cidr_blocks = []
TestTerraformComputedRulesExample 2022-08-24T15:17:21Z logger.go:66:               - prefix_list_ids  = []
TestTerraformComputedRulesExample 2022-08-24T15:17:21Z logger.go:66:               - protocol         = "tcp"
TestTerraformComputedRulesExample 2022-08-24T15:17:21Z logger.go:66:               - security_groups  = [
TestTerraformComputedRulesExample 2022-08-24T15:17:21Z logger.go:66:                   - "sg-048c90cc78ba719b0",
TestTerraformComputedRulesExample 2022-08-24T15:17:21Z logger.go:66:                 ]
TestTerraformComputedRulesExample 2022-08-24T15:17:21Z logger.go:66:               - self             = false
TestTerraformComputedRulesExample 2022-08-24T15:17:21Z logger.go:66:               - to_port          = 80
TestTerraformComputedRulesExample 2022-08-24T15:17:21Z logger.go:66:             },
TestTerraformComputedRulesExample 2022-08-24T15:17:21Z logger.go:66:           - {
TestTerraformComputedRulesExample 2022-08-24T15:17:21Z logger.go:66:               - cidr_blocks      = []
TestTerraformComputedRulesExample 2022-08-24T15:17:21Z logger.go:66:               - description      = "https-443-tcp"
TestTerraformComputedRulesExample 2022-08-24T15:17:21Z logger.go:66:               - from_port        = 443
TestTerraformComputedRulesExample 2022-08-24T15:17:21Z logger.go:66:               - ipv6_cidr_blocks = []
TestTerraformComputedRulesExample 2022-08-24T15:17:21Z logger.go:66:               - prefix_list_ids  = []
TestTerraformComputedRulesExample 2022-08-24T15:17:21Z logger.go:66:               - protocol         = "tcp"
TestTerraformComputedRulesExample 2022-08-24T15:17:21Z logger.go:66:               - security_groups  = [
TestTerraformComputedRulesExample 2022-08-24T15:17:21Z logger.go:66:                   - "sg-048c90cc78ba719b0",
TestTerraformComputedRulesExample 2022-08-24T15:17:21Z logger.go:66:                 ]
TestTerraformComputedRulesExample 2022-08-24T15:17:21Z logger.go:66:               - self             = false
TestTerraformComputedRulesExample 2022-08-24T15:17:21Z logger.go:66:               - to_port          = 443
TestTerraformComputedRulesExample 2022-08-24T15:17:21Z logger.go:66:             },
TestTerraformComputedRulesExample 2022-08-24T15:17:21Z logger.go:66:         ] -> null
TestTerraformComputedRulesExample 2022-08-24T15:17:21Z logger.go:66:       - name                   = "ex-computed-rules" -> null
TestTerraformComputedRulesExample 2022-08-24T15:17:21Z logger.go:66:       - owner_id               = "326504147071" -> null
TestTerraformComputedRulesExample 2022-08-24T15:17:21Z logger.go:66:       - revoke_rules_on_delete = false -> null
TestTerraformComputedRulesExample 2022-08-24T15:17:21Z logger.go:66:       - tags                   = {
TestTerraformComputedRulesExample 2022-08-24T15:17:21Z logger.go:66:           - "Name" = "ex-computed-rules"
TestTerraformComputedRulesExample 2022-08-24T15:17:21Z logger.go:66:         } -> null
TestTerraformComputedRulesExample 2022-08-24T15:17:21Z logger.go:66:       - tags_all               = {
TestTerraformComputedRulesExample 2022-08-24T15:17:21Z logger.go:66:           - "Example"    = "ex-computed-rules"
TestTerraformComputedRulesExample 2022-08-24T15:17:21Z logger.go:66:           - "GithubOrg"  = "aidanmelen"
TestTerraformComputedRulesExample 2022-08-24T15:17:21Z logger.go:66:           - "GithubRepo" = "terraform-aws-security-group"
TestTerraformComputedRulesExample 2022-08-24T15:17:21Z logger.go:66:           - "Name"       = "ex-computed-rules"
TestTerraformComputedRulesExample 2022-08-24T15:17:21Z logger.go:66:         } -> null
TestTerraformComputedRulesExample 2022-08-24T15:17:21Z logger.go:66:       - vpc_id                 = "vpc-9ce7cafb" -> null
TestTerraformComputedRulesExample 2022-08-24T15:17:21Z logger.go:66:
TestTerraformComputedRulesExample 2022-08-24T15:17:21Z logger.go:66:       - timeouts {
TestTerraformComputedRulesExample 2022-08-24T15:17:21Z logger.go:66:           - create = "10m" -> null
TestTerraformComputedRulesExample 2022-08-24T15:17:21Z logger.go:66:           - delete = "15m" -> null
TestTerraformComputedRulesExample 2022-08-24T15:17:21Z logger.go:66:         }
TestTerraformComputedRulesExample 2022-08-24T15:17:21Z logger.go:66:     }
TestTerraformComputedRulesExample 2022-08-24T15:17:21Z logger.go:66:
TestTerraformComputedRulesExample 2022-08-24T15:17:21Z logger.go:66:   # module.security_group.aws_security_group_rule.computed_egress_rules[0] will be destroyed
TestTerraformComputedRulesExample 2022-08-24T15:17:21Z logger.go:66:   - resource "aws_security_group_rule" "computed_egress_rules" {
TestTerraformComputedRulesExample 2022-08-24T15:17:21Z logger.go:66:       - from_port         = 80 -> null
TestTerraformComputedRulesExample 2022-08-24T15:17:21Z logger.go:66:       - id                = "sgrule-3753907564" -> null
TestTerraformComputedRulesExample 2022-08-24T15:17:21Z logger.go:66:       - prefix_list_ids   = [
TestTerraformComputedRulesExample 2022-08-24T15:17:21Z logger.go:66:           - "pl-0c20dde7f83785486",
TestTerraformComputedRulesExample 2022-08-24T15:17:21Z logger.go:66:         ] -> null
TestTerraformComputedRulesExample 2022-08-24T15:17:21Z logger.go:66:       - protocol          = "tcp" -> null
TestTerraformComputedRulesExample 2022-08-24T15:17:21Z logger.go:66:       - security_group_id = "sg-0e325bb0e97fd9e86" -> null
TestTerraformComputedRulesExample 2022-08-24T15:17:21Z logger.go:66:       - self              = false -> null
TestTerraformComputedRulesExample 2022-08-24T15:17:21Z logger.go:66:       - to_port           = 80 -> null
TestTerraformComputedRulesExample 2022-08-24T15:17:21Z logger.go:66:       - type              = "egress" -> null
TestTerraformComputedRulesExample 2022-08-24T15:17:21Z logger.go:66:     }
TestTerraformComputedRulesExample 2022-08-24T15:17:21Z logger.go:66:
TestTerraformComputedRulesExample 2022-08-24T15:17:21Z logger.go:66:   # module.security_group.aws_security_group_rule.computed_ingress_rules[0] will be destroyed
TestTerraformComputedRulesExample 2022-08-24T15:17:21Z logger.go:66:   - resource "aws_security_group_rule" "computed_ingress_rules" {
TestTerraformComputedRulesExample 2022-08-24T15:17:21Z logger.go:66:       - from_port                = 80 -> null
TestTerraformComputedRulesExample 2022-08-24T15:17:21Z logger.go:66:       - id                       = "sgrule-3895611692" -> null
TestTerraformComputedRulesExample 2022-08-24T15:17:21Z logger.go:66:       - protocol                 = "tcp" -> null
TestTerraformComputedRulesExample 2022-08-24T15:17:21Z logger.go:66:       - security_group_id        = "sg-0e325bb0e97fd9e86" -> null
TestTerraformComputedRulesExample 2022-08-24T15:17:21Z logger.go:66:       - self                     = false -> null
TestTerraformComputedRulesExample 2022-08-24T15:17:21Z logger.go:66:       - source_security_group_id = "sg-048c90cc78ba719b0" -> null
TestTerraformComputedRulesExample 2022-08-24T15:17:21Z logger.go:66:       - to_port                  = 80 -> null
TestTerraformComputedRulesExample 2022-08-24T15:17:21Z logger.go:66:       - type                     = "ingress" -> null
TestTerraformComputedRulesExample 2022-08-24T15:17:21Z logger.go:66:     }
TestTerraformComputedRulesExample 2022-08-24T15:17:21Z logger.go:66:
TestTerraformComputedRulesExample 2022-08-24T15:17:21Z logger.go:66:   # module.security_group.aws_security_group_rule.computed_managed_egress_rules[0] will be destroyed
TestTerraformComputedRulesExample 2022-08-24T15:17:21Z logger.go:66:   - resource "aws_security_group_rule" "computed_managed_egress_rules" {
TestTerraformComputedRulesExample 2022-08-24T15:17:21Z logger.go:66:       - description       = "https-443-tcp" -> null
TestTerraformComputedRulesExample 2022-08-24T15:17:21Z logger.go:66:       - from_port         = 443 -> null
TestTerraformComputedRulesExample 2022-08-24T15:17:21Z logger.go:66:       - id                = "sgrule-2662239063" -> null
TestTerraformComputedRulesExample 2022-08-24T15:17:21Z logger.go:66:       - prefix_list_ids   = [
TestTerraformComputedRulesExample 2022-08-24T15:17:21Z logger.go:66:           - "pl-0c20dde7f83785486",
TestTerraformComputedRulesExample 2022-08-24T15:17:21Z logger.go:66:         ] -> null
TestTerraformComputedRulesExample 2022-08-24T15:17:21Z logger.go:66:       - protocol          = "tcp" -> null
TestTerraformComputedRulesExample 2022-08-24T15:17:21Z logger.go:66:       - security_group_id = "sg-0e325bb0e97fd9e86" -> null
TestTerraformComputedRulesExample 2022-08-24T15:17:21Z logger.go:66:       - self              = false -> null
TestTerraformComputedRulesExample 2022-08-24T15:17:21Z logger.go:66:       - to_port           = 443 -> null
TestTerraformComputedRulesExample 2022-08-24T15:17:21Z logger.go:66:       - type              = "egress" -> null
TestTerraformComputedRulesExample 2022-08-24T15:17:21Z logger.go:66:     }
TestTerraformComputedRulesExample 2022-08-24T15:17:21Z logger.go:66:
TestTerraformComputedRulesExample 2022-08-24T15:17:21Z logger.go:66:   # module.security_group.aws_security_group_rule.computed_managed_ingress_rules[0] will be destroyed
TestTerraformComputedRulesExample 2022-08-24T15:17:21Z logger.go:66:   - resource "aws_security_group_rule" "computed_managed_ingress_rules" {
TestTerraformComputedRulesExample 2022-08-24T15:17:21Z logger.go:66:       - description              = "https-443-tcp" -> null
TestTerraformComputedRulesExample 2022-08-24T15:17:21Z logger.go:66:       - from_port                = 443 -> null
TestTerraformComputedRulesExample 2022-08-24T15:17:21Z logger.go:66:       - id                       = "sgrule-3275178297" -> null
TestTerraformComputedRulesExample 2022-08-24T15:17:21Z logger.go:66:       - protocol                 = "tcp" -> null
TestTerraformComputedRulesExample 2022-08-24T15:17:21Z logger.go:66:       - security_group_id        = "sg-0e325bb0e97fd9e86" -> null
TestTerraformComputedRulesExample 2022-08-24T15:17:21Z logger.go:66:       - self                     = false -> null
TestTerraformComputedRulesExample 2022-08-24T15:17:21Z logger.go:66:       - source_security_group_id = "sg-048c90cc78ba719b0" -> null
TestTerraformComputedRulesExample 2022-08-24T15:17:21Z logger.go:66:       - to_port                  = 443 -> null
TestTerraformComputedRulesExample 2022-08-24T15:17:21Z logger.go:66:       - type                     = "ingress" -> null
TestTerraformComputedRulesExample 2022-08-24T15:17:21Z logger.go:66:     }
TestTerraformComputedRulesExample 2022-08-24T15:17:21Z logger.go:66:
TestTerraformComputedRulesExample 2022-08-24T15:17:21Z logger.go:66: Plan: 0 to add, 0 to change, 7 to destroy.
TestTerraformComputedRulesExample 2022-08-24T15:17:21Z logger.go:66:
TestTerraformComputedRulesExample 2022-08-24T15:17:21Z logger.go:66: Changes to Outputs:
TestTerraformComputedRulesExample 2022-08-24T15:17:21Z logger.go:66:   - auto_group_egress_all_to_public_internet_rule_keys      = [] -> null
TestTerraformComputedRulesExample 2022-08-24T15:17:21Z logger.go:66:   - auto_group_ingress_all_from_self_rule_keys              = [] -> null
TestTerraformComputedRulesExample 2022-08-24T15:17:21Z logger.go:66:   - auto_group_ingress_http_from_public_internet_rule_keys  = [] -> null
TestTerraformComputedRulesExample 2022-08-24T15:17:21Z logger.go:66:   - auto_group_ingress_https_from_public_internet_rule_keys = [] -> null
TestTerraformComputedRulesExample 2022-08-24T15:17:21Z logger.go:66:   - computed_egress_rule_ids                                = [
TestTerraformComputedRulesExample 2022-08-24T15:17:21Z logger.go:66:       - "sgrule-3753907564",
TestTerraformComputedRulesExample 2022-08-24T15:17:21Z logger.go:66:     ] -> null
TestTerraformComputedRulesExample 2022-08-24T15:17:21Z logger.go:66:   - computed_ingress_rule_ids                               = [
TestTerraformComputedRulesExample 2022-08-24T15:17:21Z logger.go:66:       - "sgrule-3895611692",
TestTerraformComputedRulesExample 2022-08-24T15:17:21Z logger.go:66:     ] -> null
TestTerraformComputedRulesExample 2022-08-24T15:17:21Z logger.go:66:   - computed_managed_egress_rule_ids                        = [
TestTerraformComputedRulesExample 2022-08-24T15:17:21Z logger.go:66:       - "sgrule-2662239063",
TestTerraformComputedRulesExample 2022-08-24T15:17:21Z logger.go:66:     ] -> null
TestTerraformComputedRulesExample 2022-08-24T15:17:21Z logger.go:66:   - computed_managed_ingress_rule_ids                       = [
TestTerraformComputedRulesExample 2022-08-24T15:17:21Z logger.go:66:       - "sgrule-3275178297",
TestTerraformComputedRulesExample 2022-08-24T15:17:21Z logger.go:66:     ] -> null
TestTerraformComputedRulesExample 2022-08-24T15:17:21Z logger.go:66:   - egress_rule_keys                                        = [] -> null
TestTerraformComputedRulesExample 2022-08-24T15:17:21Z logger.go:66:   - ingress_rule_keys                                       = [] -> null
TestTerraformComputedRulesExample 2022-08-24T15:17:21Z logger.go:66:   - managed_egress_rule_keys                                = [] -> null
TestTerraformComputedRulesExample 2022-08-24T15:17:21Z logger.go:66:   - managed_ingress_rule_keys                               = [] -> null
TestTerraformComputedRulesExample 2022-08-24T15:17:22Z logger.go:66: module.security_group.aws_security_group_rule.computed_managed_egress_rules[0]: Destroying... [id=sgrule-2662239063]
TestTerraformComputedRulesExample 2022-08-24T15:17:22Z logger.go:66: module.security_group.aws_security_group_rule.computed_ingress_rules[0]: Destroying... [id=sgrule-3895611692]
TestTerraformComputedRulesExample 2022-08-24T15:17:22Z logger.go:66: module.security_group.aws_security_group_rule.computed_egress_rules[0]: Destroying... [id=sgrule-3753907564]
TestTerraformComputedRulesExample 2022-08-24T15:17:22Z logger.go:66: module.security_group.aws_security_group_rule.computed_managed_ingress_rules[0]: Destroying... [id=sgrule-3275178297]
TestTerraformComputedRulesExample 2022-08-24T15:17:22Z logger.go:66: module.security_group.aws_security_group_rule.computed_ingress_rules[0]: Destruction complete after 1s
TestTerraformComputedRulesExample 2022-08-24T15:17:23Z logger.go:66: module.security_group.aws_security_group_rule.computed_managed_egress_rules[0]: Destruction complete after 1s
TestTerraformComputedRulesExample 2022-08-24T15:17:23Z logger.go:66: module.security_group.aws_security_group_rule.computed_egress_rules[0]: Destruction complete after 2s
TestTerraformComputedRulesExample 2022-08-24T15:17:23Z logger.go:66: aws_ec2_managed_prefix_list.other: Destroying... [id=pl-0c20dde7f83785486]
TestTerraformComputedRulesExample 2022-08-24T15:17:24Z logger.go:66: module.security_group.aws_security_group_rule.computed_managed_ingress_rules[0]: Destruction complete after 2s
TestTerraformComputedRulesExample 2022-08-24T15:17:24Z logger.go:66: aws_security_group.other: Destroying... [id=sg-048c90cc78ba719b0]
TestTerraformComputedRulesExample 2022-08-24T15:17:24Z logger.go:66: module.security_group.aws_security_group.self[0]: Destroying... [id=sg-0e325bb0e97fd9e86]
TestTerraformComputedRulesExample 2022-08-24T15:17:25Z logger.go:66: aws_security_group.other: Destruction complete after 1s
TestTerraformComputedRulesExample 2022-08-24T15:17:25Z logger.go:66: module.security_group.aws_security_group.self[0]: Destruction complete after 1s
TestTerraformComputedRulesExample 2022-08-24T15:17:31Z logger.go:66: aws_ec2_managed_prefix_list.other: Destruction complete after 7s
TestTerraformComputedRulesExample 2022-08-24T15:17:31Z logger.go:66:
TestTerraformComputedRulesExample 2022-08-24T15:17:31Z logger.go:66: Destroy complete! Resources: 7 destroyed.
--- PASS: TestTerraformComputedRulesExample (35.14s)
PASS
ok  	command-line-arguments	35.151s
