=== RUN   TestTerraformCommonRulesExample
TestTerraformCommonRulesExample 2022-11-29T13:56:01Z retry.go:91: terraform [init -upgrade=false]
TestTerraformCommonRulesExample 2022-11-29T13:56:01Z logger.go:66: Running command terraform with args [init -upgrade=false]
TestTerraformCommonRulesExample 2022-11-29T13:56:01Z logger.go:66: [0m[1mInitializing modules...[0m
TestTerraformCommonRulesExample 2022-11-29T13:56:01Z logger.go:66:
TestTerraformCommonRulesExample 2022-11-29T13:56:01Z logger.go:66: [0m[1mInitializing the backend...[0m
TestTerraformCommonRulesExample 2022-11-29T13:56:04Z logger.go:66:
TestTerraformCommonRulesExample 2022-11-29T13:56:04Z logger.go:66: [0m[1mInitializing provider plugins...[0m
TestTerraformCommonRulesExample 2022-11-29T13:56:04Z logger.go:66: - Reusing previous version of hashicorp/aws from the dependency lock file
TestTerraformCommonRulesExample 2022-11-29T13:56:05Z logger.go:66: - Using previously-installed hashicorp/aws v4.34.0
TestTerraformCommonRulesExample 2022-11-29T13:56:05Z logger.go:66:
TestTerraformCommonRulesExample 2022-11-29T13:56:05Z logger.go:66: [0m[1m[32mTerraform has been successfully initialized![0m[32m[0m
TestTerraformCommonRulesExample 2022-11-29T13:56:05Z logger.go:66: [0m[32m
TestTerraformCommonRulesExample 2022-11-29T13:56:05Z logger.go:66: You may now begin working with Terraform. Try running "terraform plan" to see
TestTerraformCommonRulesExample 2022-11-29T13:56:05Z logger.go:66: any changes that are required for your infrastructure. All Terraform commands
TestTerraformCommonRulesExample 2022-11-29T13:56:05Z logger.go:66: should now work.
TestTerraformCommonRulesExample 2022-11-29T13:56:05Z logger.go:66:
TestTerraformCommonRulesExample 2022-11-29T13:56:05Z logger.go:66: If you ever set or change modules or backend configuration for Terraform,
TestTerraformCommonRulesExample 2022-11-29T13:56:05Z logger.go:66: rerun this command to reinitialize your working directory. If you forget, other
TestTerraformCommonRulesExample 2022-11-29T13:56:05Z logger.go:66: commands will detect it and remind you to do so if necessary.[0m
TestTerraformCommonRulesExample 2022-11-29T13:56:05Z retry.go:91: terraform [apply -input=false -auto-approve -no-color -lock=false]
TestTerraformCommonRulesExample 2022-11-29T13:56:05Z logger.go:66: Running command terraform with args [apply -input=false -auto-approve -no-color -lock=false]
TestTerraformCommonRulesExample 2022-11-29T13:56:08Z logger.go:66: data.aws_vpc.default: Reading...
TestTerraformCommonRulesExample 2022-11-29T13:56:09Z logger.go:66: data.aws_vpc.default: Read complete after 0s [id=vpc-9ce7cafb]
TestTerraformCommonRulesExample 2022-11-29T13:56:09Z logger.go:66:
TestTerraformCommonRulesExample 2022-11-29T13:56:09Z logger.go:66: Terraform used the selected providers to generate the following execution
TestTerraformCommonRulesExample 2022-11-29T13:56:09Z logger.go:66: plan. Resource actions are indicated with the following symbols:
TestTerraformCommonRulesExample 2022-11-29T13:56:09Z logger.go:66:   + create
TestTerraformCommonRulesExample 2022-11-29T13:56:09Z logger.go:66:
TestTerraformCommonRulesExample 2022-11-29T13:56:09Z logger.go:66: Terraform will perform the following actions:
TestTerraformCommonRulesExample 2022-11-29T13:56:09Z logger.go:66:
TestTerraformCommonRulesExample 2022-11-29T13:56:09Z logger.go:66:   # module.public_http_sg.aws_security_group.self[0] will be created
TestTerraformCommonRulesExample 2022-11-29T13:56:09Z logger.go:66:   + resource "aws_security_group" "self" {
TestTerraformCommonRulesExample 2022-11-29T13:56:09Z logger.go:66:       + arn                    = (known after apply)
TestTerraformCommonRulesExample 2022-11-29T13:56:09Z logger.go:66:       + description            = "ex-common-http"
TestTerraformCommonRulesExample 2022-11-29T13:56:09Z logger.go:66:       + egress                 = (known after apply)
TestTerraformCommonRulesExample 2022-11-29T13:56:09Z logger.go:66:       + id                     = (known after apply)
TestTerraformCommonRulesExample 2022-11-29T13:56:09Z logger.go:66:       + ingress                = (known after apply)
TestTerraformCommonRulesExample 2022-11-29T13:56:09Z logger.go:66:       + name                   = "ex-common-http"
TestTerraformCommonRulesExample 2022-11-29T13:56:09Z logger.go:66:       + name_prefix            = (known after apply)
TestTerraformCommonRulesExample 2022-11-29T13:56:09Z logger.go:66:       + owner_id               = (known after apply)
TestTerraformCommonRulesExample 2022-11-29T13:56:09Z logger.go:66:       + revoke_rules_on_delete = false
TestTerraformCommonRulesExample 2022-11-29T13:56:09Z logger.go:66:       + tags                   = {
TestTerraformCommonRulesExample 2022-11-29T13:56:09Z logger.go:66:           + "Name" = "ex-common-http"
TestTerraformCommonRulesExample 2022-11-29T13:56:09Z logger.go:66:         }
TestTerraformCommonRulesExample 2022-11-29T13:56:09Z logger.go:66:       + tags_all               = {
TestTerraformCommonRulesExample 2022-11-29T13:56:09Z logger.go:66:           + "Example"    = "ex-common"
TestTerraformCommonRulesExample 2022-11-29T13:56:09Z logger.go:66:           + "GithubOrg"  = "aidanmelen"
TestTerraformCommonRulesExample 2022-11-29T13:56:09Z logger.go:66:           + "GithubRepo" = "terraform-aws-security-group"
TestTerraformCommonRulesExample 2022-11-29T13:56:09Z logger.go:66:           + "Name"       = "ex-common-http"
TestTerraformCommonRulesExample 2022-11-29T13:56:09Z logger.go:66:         }
TestTerraformCommonRulesExample 2022-11-29T13:56:09Z logger.go:66:       + vpc_id                 = "vpc-9ce7cafb"
TestTerraformCommonRulesExample 2022-11-29T13:56:09Z logger.go:66:
TestTerraformCommonRulesExample 2022-11-29T13:56:09Z logger.go:66:       + timeouts {
TestTerraformCommonRulesExample 2022-11-29T13:56:09Z logger.go:66:           + create = "10m"
TestTerraformCommonRulesExample 2022-11-29T13:56:09Z logger.go:66:           + delete = "15m"
TestTerraformCommonRulesExample 2022-11-29T13:56:09Z logger.go:66:         }
TestTerraformCommonRulesExample 2022-11-29T13:56:09Z logger.go:66:     }
TestTerraformCommonRulesExample 2022-11-29T13:56:09Z logger.go:66:
TestTerraformCommonRulesExample 2022-11-29T13:56:09Z logger.go:66:   # module.public_http_sg.aws_security_group_rule.egress["0-0-all-0.0.0.0/0-::/0"] will be created
TestTerraformCommonRulesExample 2022-11-29T13:56:09Z logger.go:66:   + resource "aws_security_group_rule" "egress" {
TestTerraformCommonRulesExample 2022-11-29T13:56:09Z logger.go:66:       + cidr_blocks              = [
TestTerraformCommonRulesExample 2022-11-29T13:56:09Z logger.go:66:           + "0.0.0.0/0",
TestTerraformCommonRulesExample 2022-11-29T13:56:09Z logger.go:66:         ]
TestTerraformCommonRulesExample 2022-11-29T13:56:09Z logger.go:66:       + description              = "All to public"
TestTerraformCommonRulesExample 2022-11-29T13:56:09Z logger.go:66:       + from_port                = 0
TestTerraformCommonRulesExample 2022-11-29T13:56:09Z logger.go:66:       + id                       = (known after apply)
TestTerraformCommonRulesExample 2022-11-29T13:56:09Z logger.go:66:       + ipv6_cidr_blocks         = [
TestTerraformCommonRulesExample 2022-11-29T13:56:09Z logger.go:66:           + "::/0",
TestTerraformCommonRulesExample 2022-11-29T13:56:09Z logger.go:66:         ]
TestTerraformCommonRulesExample 2022-11-29T13:56:09Z logger.go:66:       + protocol                 = "-1"
TestTerraformCommonRulesExample 2022-11-29T13:56:09Z logger.go:66:       + security_group_id        = (known after apply)
TestTerraformCommonRulesExample 2022-11-29T13:56:09Z logger.go:66:       + self                     = false
TestTerraformCommonRulesExample 2022-11-29T13:56:09Z logger.go:66:       + source_security_group_id = (known after apply)
TestTerraformCommonRulesExample 2022-11-29T13:56:09Z logger.go:66:       + to_port                  = 0
TestTerraformCommonRulesExample 2022-11-29T13:56:09Z logger.go:66:       + type                     = "egress"
TestTerraformCommonRulesExample 2022-11-29T13:56:09Z logger.go:66:     }
TestTerraformCommonRulesExample 2022-11-29T13:56:09Z logger.go:66:
TestTerraformCommonRulesExample 2022-11-29T13:56:09Z logger.go:66:   # module.public_http_sg.aws_security_group_rule.ingress["0-0-all-true"] will be created
TestTerraformCommonRulesExample 2022-11-29T13:56:09Z logger.go:66:   + resource "aws_security_group_rule" "ingress" {
TestTerraformCommonRulesExample 2022-11-29T13:56:09Z logger.go:66:       + description              = "All protocols to self"
TestTerraformCommonRulesExample 2022-11-29T13:56:09Z logger.go:66:       + from_port                = 0
TestTerraformCommonRulesExample 2022-11-29T13:56:09Z logger.go:66:       + id                       = (known after apply)
TestTerraformCommonRulesExample 2022-11-29T13:56:09Z logger.go:66:       + protocol                 = "-1"
TestTerraformCommonRulesExample 2022-11-29T13:56:09Z logger.go:66:       + security_group_id        = (known after apply)
TestTerraformCommonRulesExample 2022-11-29T13:56:09Z logger.go:66:       + self                     = true
TestTerraformCommonRulesExample 2022-11-29T13:56:09Z logger.go:66:       + source_security_group_id = (known after apply)
TestTerraformCommonRulesExample 2022-11-29T13:56:09Z logger.go:66:       + to_port                  = 0
TestTerraformCommonRulesExample 2022-11-29T13:56:09Z logger.go:66:       + type                     = "ingress"
TestTerraformCommonRulesExample 2022-11-29T13:56:09Z logger.go:66:     }
TestTerraformCommonRulesExample 2022-11-29T13:56:09Z logger.go:66:
TestTerraformCommonRulesExample 2022-11-29T13:56:09Z logger.go:66:   # module.public_http_sg.aws_security_group_rule.ingress["80-80-tcp-0.0.0.0/0-::/0"] will be created
TestTerraformCommonRulesExample 2022-11-29T13:56:09Z logger.go:66:   + resource "aws_security_group_rule" "ingress" {
TestTerraformCommonRulesExample 2022-11-29T13:56:09Z logger.go:66:       + cidr_blocks              = [
TestTerraformCommonRulesExample 2022-11-29T13:56:09Z logger.go:66:           + "0.0.0.0/0",
TestTerraformCommonRulesExample 2022-11-29T13:56:09Z logger.go:66:         ]
TestTerraformCommonRulesExample 2022-11-29T13:56:09Z logger.go:66:       + description              = "HTTP from public"
TestTerraformCommonRulesExample 2022-11-29T13:56:09Z logger.go:66:       + from_port                = 80
TestTerraformCommonRulesExample 2022-11-29T13:56:09Z logger.go:66:       + id                       = (known after apply)
TestTerraformCommonRulesExample 2022-11-29T13:56:09Z logger.go:66:       + ipv6_cidr_blocks         = [
TestTerraformCommonRulesExample 2022-11-29T13:56:09Z logger.go:66:           + "::/0",
TestTerraformCommonRulesExample 2022-11-29T13:56:09Z logger.go:66:         ]
TestTerraformCommonRulesExample 2022-11-29T13:56:09Z logger.go:66:       + protocol                 = "tcp"
TestTerraformCommonRulesExample 2022-11-29T13:56:09Z logger.go:66:       + security_group_id        = (known after apply)
TestTerraformCommonRulesExample 2022-11-29T13:56:09Z logger.go:66:       + self                     = false
TestTerraformCommonRulesExample 2022-11-29T13:56:09Z logger.go:66:       + source_security_group_id = (known after apply)
TestTerraformCommonRulesExample 2022-11-29T13:56:09Z logger.go:66:       + to_port                  = 80
TestTerraformCommonRulesExample 2022-11-29T13:56:09Z logger.go:66:       + type                     = "ingress"
TestTerraformCommonRulesExample 2022-11-29T13:56:09Z logger.go:66:     }
TestTerraformCommonRulesExample 2022-11-29T13:56:09Z logger.go:66:
TestTerraformCommonRulesExample 2022-11-29T13:56:09Z logger.go:66:   # module.public_https_sg.aws_security_group.self[0] will be created
TestTerraformCommonRulesExample 2022-11-29T13:56:09Z logger.go:66:   + resource "aws_security_group" "self" {
TestTerraformCommonRulesExample 2022-11-29T13:56:09Z logger.go:66:       + arn                    = (known after apply)
TestTerraformCommonRulesExample 2022-11-29T13:56:09Z logger.go:66:       + description            = "ex-common-https"
TestTerraformCommonRulesExample 2022-11-29T13:56:09Z logger.go:66:       + egress                 = (known after apply)
TestTerraformCommonRulesExample 2022-11-29T13:56:09Z logger.go:66:       + id                     = (known after apply)
TestTerraformCommonRulesExample 2022-11-29T13:56:09Z logger.go:66:       + ingress                = (known after apply)
TestTerraformCommonRulesExample 2022-11-29T13:56:09Z logger.go:66:       + name                   = "ex-common-https"
TestTerraformCommonRulesExample 2022-11-29T13:56:09Z logger.go:66:       + name_prefix            = (known after apply)
TestTerraformCommonRulesExample 2022-11-29T13:56:09Z logger.go:66:       + owner_id               = (known after apply)
TestTerraformCommonRulesExample 2022-11-29T13:56:09Z logger.go:66:       + revoke_rules_on_delete = false
TestTerraformCommonRulesExample 2022-11-29T13:56:09Z logger.go:66:       + tags                   = {
TestTerraformCommonRulesExample 2022-11-29T13:56:09Z logger.go:66:           + "Name" = "ex-common-https"
TestTerraformCommonRulesExample 2022-11-29T13:56:09Z logger.go:66:         }
TestTerraformCommonRulesExample 2022-11-29T13:56:09Z logger.go:66:       + tags_all               = {
TestTerraformCommonRulesExample 2022-11-29T13:56:09Z logger.go:66:           + "Example"    = "ex-common"
TestTerraformCommonRulesExample 2022-11-29T13:56:09Z logger.go:66:           + "GithubOrg"  = "aidanmelen"
TestTerraformCommonRulesExample 2022-11-29T13:56:09Z logger.go:66:           + "GithubRepo" = "terraform-aws-security-group"
TestTerraformCommonRulesExample 2022-11-29T13:56:09Z logger.go:66:           + "Name"       = "ex-common-https"
TestTerraformCommonRulesExample 2022-11-29T13:56:09Z logger.go:66:         }
TestTerraformCommonRulesExample 2022-11-29T13:56:09Z logger.go:66:       + vpc_id                 = "vpc-9ce7cafb"
TestTerraformCommonRulesExample 2022-11-29T13:56:09Z logger.go:66:
TestTerraformCommonRulesExample 2022-11-29T13:56:09Z logger.go:66:       + timeouts {
TestTerraformCommonRulesExample 2022-11-29T13:56:09Z logger.go:66:           + create = "10m"
TestTerraformCommonRulesExample 2022-11-29T13:56:09Z logger.go:66:           + delete = "15m"
TestTerraformCommonRulesExample 2022-11-29T13:56:09Z logger.go:66:         }
TestTerraformCommonRulesExample 2022-11-29T13:56:09Z logger.go:66:     }
TestTerraformCommonRulesExample 2022-11-29T13:56:09Z logger.go:66:
TestTerraformCommonRulesExample 2022-11-29T13:56:09Z logger.go:66:   # module.public_https_sg.aws_security_group_rule.egress["0-0-all-0.0.0.0/0-::/0"] will be created
TestTerraformCommonRulesExample 2022-11-29T13:56:09Z logger.go:66:   + resource "aws_security_group_rule" "egress" {
TestTerraformCommonRulesExample 2022-11-29T13:56:09Z logger.go:66:       + cidr_blocks              = [
TestTerraformCommonRulesExample 2022-11-29T13:56:09Z logger.go:66:           + "0.0.0.0/0",
TestTerraformCommonRulesExample 2022-11-29T13:56:09Z logger.go:66:         ]
TestTerraformCommonRulesExample 2022-11-29T13:56:09Z logger.go:66:       + description              = "All to public"
TestTerraformCommonRulesExample 2022-11-29T13:56:09Z logger.go:66:       + from_port                = 0
TestTerraformCommonRulesExample 2022-11-29T13:56:09Z logger.go:66:       + id                       = (known after apply)
TestTerraformCommonRulesExample 2022-11-29T13:56:09Z logger.go:66:       + ipv6_cidr_blocks         = [
TestTerraformCommonRulesExample 2022-11-29T13:56:09Z logger.go:66:           + "::/0",
TestTerraformCommonRulesExample 2022-11-29T13:56:09Z logger.go:66:         ]
TestTerraformCommonRulesExample 2022-11-29T13:56:09Z logger.go:66:       + protocol                 = "-1"
TestTerraformCommonRulesExample 2022-11-29T13:56:09Z logger.go:66:       + security_group_id        = (known after apply)
TestTerraformCommonRulesExample 2022-11-29T13:56:09Z logger.go:66:       + self                     = false
TestTerraformCommonRulesExample 2022-11-29T13:56:09Z logger.go:66:       + source_security_group_id = (known after apply)
TestTerraformCommonRulesExample 2022-11-29T13:56:09Z logger.go:66:       + to_port                  = 0
TestTerraformCommonRulesExample 2022-11-29T13:56:09Z logger.go:66:       + type                     = "egress"
TestTerraformCommonRulesExample 2022-11-29T13:56:09Z logger.go:66:     }
TestTerraformCommonRulesExample 2022-11-29T13:56:09Z logger.go:66:
TestTerraformCommonRulesExample 2022-11-29T13:56:09Z logger.go:66:   # module.public_https_sg.aws_security_group_rule.ingress["0-0-all-true"] will be created
TestTerraformCommonRulesExample 2022-11-29T13:56:09Z logger.go:66:   + resource "aws_security_group_rule" "ingress" {
TestTerraformCommonRulesExample 2022-11-29T13:56:09Z logger.go:66:       + description              = "All protocols to self"
TestTerraformCommonRulesExample 2022-11-29T13:56:09Z logger.go:66:       + from_port                = 0
TestTerraformCommonRulesExample 2022-11-29T13:56:09Z logger.go:66:       + id                       = (known after apply)
TestTerraformCommonRulesExample 2022-11-29T13:56:09Z logger.go:66:       + protocol                 = "-1"
TestTerraformCommonRulesExample 2022-11-29T13:56:09Z logger.go:66:       + security_group_id        = (known after apply)
TestTerraformCommonRulesExample 2022-11-29T13:56:09Z logger.go:66:       + self                     = true
TestTerraformCommonRulesExample 2022-11-29T13:56:09Z logger.go:66:       + source_security_group_id = (known after apply)
TestTerraformCommonRulesExample 2022-11-29T13:56:09Z logger.go:66:       + to_port                  = 0
TestTerraformCommonRulesExample 2022-11-29T13:56:09Z logger.go:66:       + type                     = "ingress"
TestTerraformCommonRulesExample 2022-11-29T13:56:09Z logger.go:66:     }
TestTerraformCommonRulesExample 2022-11-29T13:56:09Z logger.go:66:
TestTerraformCommonRulesExample 2022-11-29T13:56:09Z logger.go:66:   # module.public_https_sg.aws_security_group_rule.ingress["443-443-tcp-0.0.0.0/0-::/0"] will be created
TestTerraformCommonRulesExample 2022-11-29T13:56:09Z logger.go:66:   + resource "aws_security_group_rule" "ingress" {
TestTerraformCommonRulesExample 2022-11-29T13:56:09Z logger.go:66:       + cidr_blocks              = [
TestTerraformCommonRulesExample 2022-11-29T13:56:09Z logger.go:66:           + "0.0.0.0/0",
TestTerraformCommonRulesExample 2022-11-29T13:56:09Z logger.go:66:         ]
TestTerraformCommonRulesExample 2022-11-29T13:56:09Z logger.go:66:       + description              = "HTTPS from public"
TestTerraformCommonRulesExample 2022-11-29T13:56:09Z logger.go:66:       + from_port                = 443
TestTerraformCommonRulesExample 2022-11-29T13:56:09Z logger.go:66:       + id                       = (known after apply)
TestTerraformCommonRulesExample 2022-11-29T13:56:09Z logger.go:66:       + ipv6_cidr_blocks         = [
TestTerraformCommonRulesExample 2022-11-29T13:56:09Z logger.go:66:           + "::/0",
TestTerraformCommonRulesExample 2022-11-29T13:56:09Z logger.go:66:         ]
TestTerraformCommonRulesExample 2022-11-29T13:56:09Z logger.go:66:       + protocol                 = "tcp"
TestTerraformCommonRulesExample 2022-11-29T13:56:09Z logger.go:66:       + security_group_id        = (known after apply)
TestTerraformCommonRulesExample 2022-11-29T13:56:09Z logger.go:66:       + self                     = false
TestTerraformCommonRulesExample 2022-11-29T13:56:09Z logger.go:66:       + source_security_group_id = (known after apply)
TestTerraformCommonRulesExample 2022-11-29T13:56:09Z logger.go:66:       + to_port                  = 443
TestTerraformCommonRulesExample 2022-11-29T13:56:09Z logger.go:66:       + type                     = "ingress"
TestTerraformCommonRulesExample 2022-11-29T13:56:09Z logger.go:66:     }
TestTerraformCommonRulesExample 2022-11-29T13:56:09Z logger.go:66:
TestTerraformCommonRulesExample 2022-11-29T13:56:09Z logger.go:66: Plan: 8 to add, 0 to change, 0 to destroy.
TestTerraformCommonRulesExample 2022-11-29T13:56:09Z logger.go:66:
TestTerraformCommonRulesExample 2022-11-29T13:56:09Z logger.go:66: Changes to Outputs:
TestTerraformCommonRulesExample 2022-11-29T13:56:09Z logger.go:66:   + public_http_egress   = (known after apply)
TestTerraformCommonRulesExample 2022-11-29T13:56:09Z logger.go:66:   + public_http_ingress  = (known after apply)
TestTerraformCommonRulesExample 2022-11-29T13:56:09Z logger.go:66:   + public_http_sg_id    = (known after apply)
TestTerraformCommonRulesExample 2022-11-29T13:56:09Z logger.go:66:   + public_https_egress  = (known after apply)
TestTerraformCommonRulesExample 2022-11-29T13:56:09Z logger.go:66:   + public_https_ingress = (known after apply)
TestTerraformCommonRulesExample 2022-11-29T13:56:09Z logger.go:66:   + public_https_sg_id   = (known after apply)
TestTerraformCommonRulesExample 2022-11-29T13:56:10Z logger.go:66: module.public_http_sg.aws_security_group.self[0]: Creating...
TestTerraformCommonRulesExample 2022-11-29T13:56:10Z logger.go:66: module.public_https_sg.aws_security_group.self[0]: Creating...
TestTerraformCommonRulesExample 2022-11-29T13:56:12Z logger.go:66: module.public_http_sg.aws_security_group.self[0]: Creation complete after 1s [id=sg-0d90d1aab910f621a]
TestTerraformCommonRulesExample 2022-11-29T13:56:12Z logger.go:66: module.public_http_sg.aws_security_group_rule.ingress["0-0-all-true"]: Creating...
TestTerraformCommonRulesExample 2022-11-29T13:56:12Z logger.go:66: module.public_https_sg.aws_security_group.self[0]: Creation complete after 1s [id=sg-02d411a8c58febcab]
TestTerraformCommonRulesExample 2022-11-29T13:56:12Z logger.go:66: module.public_http_sg.aws_security_group_rule.egress["0-0-all-0.0.0.0/0-::/0"]: Creating...
TestTerraformCommonRulesExample 2022-11-29T13:56:12Z logger.go:66: module.public_http_sg.aws_security_group_rule.ingress["80-80-tcp-0.0.0.0/0-::/0"]: Creating...
TestTerraformCommonRulesExample 2022-11-29T13:56:12Z logger.go:66: module.public_https_sg.aws_security_group_rule.ingress["0-0-all-true"]: Creating...
TestTerraformCommonRulesExample 2022-11-29T13:56:12Z logger.go:66: module.public_https_sg.aws_security_group_rule.ingress["443-443-tcp-0.0.0.0/0-::/0"]: Creating...
TestTerraformCommonRulesExample 2022-11-29T13:56:12Z logger.go:66: module.public_https_sg.aws_security_group_rule.egress["0-0-all-0.0.0.0/0-::/0"]: Creating...
TestTerraformCommonRulesExample 2022-11-29T13:56:13Z logger.go:66: module.public_http_sg.aws_security_group_rule.ingress["0-0-all-true"]: Creation complete after 1s [id=sgrule-4210906840]
TestTerraformCommonRulesExample 2022-11-29T13:56:13Z logger.go:66: module.public_https_sg.aws_security_group_rule.ingress["0-0-all-true"]: Creation complete after 1s [id=sgrule-3331571371]
TestTerraformCommonRulesExample 2022-11-29T13:56:13Z logger.go:66: module.public_https_sg.aws_security_group_rule.ingress["443-443-tcp-0.0.0.0/0-::/0"]: Creation complete after 1s [id=sgrule-2308008142]
TestTerraformCommonRulesExample 2022-11-29T13:56:13Z logger.go:66: module.public_http_sg.aws_security_group_rule.egress["0-0-all-0.0.0.0/0-::/0"]: Creation complete after 2s [id=sgrule-2732692799]
TestTerraformCommonRulesExample 2022-11-29T13:56:14Z logger.go:66: module.public_https_sg.aws_security_group_rule.egress["0-0-all-0.0.0.0/0-::/0"]: Creation complete after 1s [id=sgrule-74810193]
TestTerraformCommonRulesExample 2022-11-29T13:56:14Z logger.go:66: module.public_http_sg.aws_security_group_rule.ingress["80-80-tcp-0.0.0.0/0-::/0"]: Creation complete after 2s [id=sgrule-741228279]
TestTerraformCommonRulesExample 2022-11-29T13:56:14Z logger.go:66:
TestTerraformCommonRulesExample 2022-11-29T13:56:14Z logger.go:66: Apply complete! Resources: 8 added, 0 changed, 0 destroyed.
TestTerraformCommonRulesExample 2022-11-29T13:56:14Z logger.go:66:
TestTerraformCommonRulesExample 2022-11-29T13:56:14Z logger.go:66: Outputs:
TestTerraformCommonRulesExample 2022-11-29T13:56:14Z logger.go:66:
TestTerraformCommonRulesExample 2022-11-29T13:56:14Z logger.go:66: public_http_egress = [
TestTerraformCommonRulesExample 2022-11-29T13:56:14Z logger.go:66:   {
TestTerraformCommonRulesExample 2022-11-29T13:56:14Z logger.go:66:     "cidr_blocks" = tolist([
TestTerraformCommonRulesExample 2022-11-29T13:56:14Z logger.go:66:       "0.0.0.0/0",
TestTerraformCommonRulesExample 2022-11-29T13:56:14Z logger.go:66:     ])
TestTerraformCommonRulesExample 2022-11-29T13:56:14Z logger.go:66:     "description" = "All to public"
TestTerraformCommonRulesExample 2022-11-29T13:56:14Z logger.go:66:     "from_port" = 0
TestTerraformCommonRulesExample 2022-11-29T13:56:14Z logger.go:66:     "id" = "sgrule-2732692799"
TestTerraformCommonRulesExample 2022-11-29T13:56:14Z logger.go:66:     "ipv6_cidr_blocks" = tolist([
TestTerraformCommonRulesExample 2022-11-29T13:56:14Z logger.go:66:       "::/0",
TestTerraformCommonRulesExample 2022-11-29T13:56:14Z logger.go:66:     ])
TestTerraformCommonRulesExample 2022-11-29T13:56:14Z logger.go:66:     "prefix_list_ids" = tolist(null) /* of string */
TestTerraformCommonRulesExample 2022-11-29T13:56:14Z logger.go:66:     "protocol" = "-1"
TestTerraformCommonRulesExample 2022-11-29T13:56:14Z logger.go:66:     "security_group_id" = "sg-0d90d1aab910f621a"
TestTerraformCommonRulesExample 2022-11-29T13:56:14Z logger.go:66:     "self" = false
TestTerraformCommonRulesExample 2022-11-29T13:56:14Z logger.go:66:     "source_security_group_id" = tostring(null)
TestTerraformCommonRulesExample 2022-11-29T13:56:14Z logger.go:66:     "timeouts" = null /* object */
TestTerraformCommonRulesExample 2022-11-29T13:56:14Z logger.go:66:     "to_port" = 0
TestTerraformCommonRulesExample 2022-11-29T13:56:14Z logger.go:66:     "type" = "egress"
TestTerraformCommonRulesExample 2022-11-29T13:56:14Z logger.go:66:   },
TestTerraformCommonRulesExample 2022-11-29T13:56:14Z logger.go:66: ]
TestTerraformCommonRulesExample 2022-11-29T13:56:14Z logger.go:66: public_http_ingress = [
TestTerraformCommonRulesExample 2022-11-29T13:56:14Z logger.go:66:   {
TestTerraformCommonRulesExample 2022-11-29T13:56:14Z logger.go:66:     "cidr_blocks" = tolist(null) /* of string */
TestTerraformCommonRulesExample 2022-11-29T13:56:14Z logger.go:66:     "description" = "All protocols to self"
TestTerraformCommonRulesExample 2022-11-29T13:56:14Z logger.go:66:     "from_port" = 0
TestTerraformCommonRulesExample 2022-11-29T13:56:14Z logger.go:66:     "id" = "sgrule-4210906840"
TestTerraformCommonRulesExample 2022-11-29T13:56:14Z logger.go:66:     "ipv6_cidr_blocks" = tolist(null) /* of string */
TestTerraformCommonRulesExample 2022-11-29T13:56:14Z logger.go:66:     "prefix_list_ids" = tolist(null) /* of string */
TestTerraformCommonRulesExample 2022-11-29T13:56:14Z logger.go:66:     "protocol" = "-1"
TestTerraformCommonRulesExample 2022-11-29T13:56:14Z logger.go:66:     "security_group_id" = "sg-0d90d1aab910f621a"
TestTerraformCommonRulesExample 2022-11-29T13:56:14Z logger.go:66:     "self" = true
TestTerraformCommonRulesExample 2022-11-29T13:56:14Z logger.go:66:     "source_security_group_id" = tostring(null)
TestTerraformCommonRulesExample 2022-11-29T13:56:14Z logger.go:66:     "timeouts" = null /* object */
TestTerraformCommonRulesExample 2022-11-29T13:56:14Z logger.go:66:     "to_port" = 0
TestTerraformCommonRulesExample 2022-11-29T13:56:14Z logger.go:66:     "type" = "ingress"
TestTerraformCommonRulesExample 2022-11-29T13:56:14Z logger.go:66:   },
TestTerraformCommonRulesExample 2022-11-29T13:56:14Z logger.go:66:   {
TestTerraformCommonRulesExample 2022-11-29T13:56:14Z logger.go:66:     "cidr_blocks" = tolist([
TestTerraformCommonRulesExample 2022-11-29T13:56:14Z logger.go:66:       "0.0.0.0/0",
TestTerraformCommonRulesExample 2022-11-29T13:56:14Z logger.go:66:     ])
TestTerraformCommonRulesExample 2022-11-29T13:56:14Z logger.go:66:     "description" = "HTTP from public"
TestTerraformCommonRulesExample 2022-11-29T13:56:14Z logger.go:66:     "from_port" = 80
TestTerraformCommonRulesExample 2022-11-29T13:56:14Z logger.go:66:     "id" = "sgrule-741228279"
TestTerraformCommonRulesExample 2022-11-29T13:56:14Z logger.go:66:     "ipv6_cidr_blocks" = tolist([
TestTerraformCommonRulesExample 2022-11-29T13:56:14Z logger.go:66:       "::/0",
TestTerraformCommonRulesExample 2022-11-29T13:56:14Z logger.go:66:     ])
TestTerraformCommonRulesExample 2022-11-29T13:56:14Z logger.go:66:     "prefix_list_ids" = tolist(null) /* of string */
TestTerraformCommonRulesExample 2022-11-29T13:56:14Z logger.go:66:     "protocol" = "tcp"
TestTerraformCommonRulesExample 2022-11-29T13:56:14Z logger.go:66:     "security_group_id" = "sg-0d90d1aab910f621a"
TestTerraformCommonRulesExample 2022-11-29T13:56:14Z logger.go:66:     "self" = false
TestTerraformCommonRulesExample 2022-11-29T13:56:14Z logger.go:66:     "source_security_group_id" = tostring(null)
TestTerraformCommonRulesExample 2022-11-29T13:56:14Z logger.go:66:     "timeouts" = null /* object */
TestTerraformCommonRulesExample 2022-11-29T13:56:14Z logger.go:66:     "to_port" = 80
TestTerraformCommonRulesExample 2022-11-29T13:56:14Z logger.go:66:     "type" = "ingress"
TestTerraformCommonRulesExample 2022-11-29T13:56:14Z logger.go:66:   },
TestTerraformCommonRulesExample 2022-11-29T13:56:14Z logger.go:66: ]
TestTerraformCommonRulesExample 2022-11-29T13:56:14Z logger.go:66: public_http_sg_id = "sg-0d90d1aab910f621a"
TestTerraformCommonRulesExample 2022-11-29T13:56:14Z logger.go:66: public_https_egress = [
TestTerraformCommonRulesExample 2022-11-29T13:56:14Z logger.go:66:   {
TestTerraformCommonRulesExample 2022-11-29T13:56:14Z logger.go:66:     "cidr_blocks" = tolist([
TestTerraformCommonRulesExample 2022-11-29T13:56:14Z logger.go:66:       "0.0.0.0/0",
TestTerraformCommonRulesExample 2022-11-29T13:56:14Z logger.go:66:     ])
TestTerraformCommonRulesExample 2022-11-29T13:56:14Z logger.go:66:     "description" = "All to public"
TestTerraformCommonRulesExample 2022-11-29T13:56:14Z logger.go:66:     "from_port" = 0
TestTerraformCommonRulesExample 2022-11-29T13:56:14Z logger.go:66:     "id" = "sgrule-74810193"
TestTerraformCommonRulesExample 2022-11-29T13:56:14Z logger.go:66:     "ipv6_cidr_blocks" = tolist([
TestTerraformCommonRulesExample 2022-11-29T13:56:14Z logger.go:66:       "::/0",
TestTerraformCommonRulesExample 2022-11-29T13:56:14Z logger.go:66:     ])
TestTerraformCommonRulesExample 2022-11-29T13:56:14Z logger.go:66:     "prefix_list_ids" = tolist(null) /* of string */
TestTerraformCommonRulesExample 2022-11-29T13:56:14Z logger.go:66:     "protocol" = "-1"
TestTerraformCommonRulesExample 2022-11-29T13:56:14Z logger.go:66:     "security_group_id" = "sg-02d411a8c58febcab"
TestTerraformCommonRulesExample 2022-11-29T13:56:14Z logger.go:66:     "self" = false
TestTerraformCommonRulesExample 2022-11-29T13:56:14Z logger.go:66:     "source_security_group_id" = tostring(null)
TestTerraformCommonRulesExample 2022-11-29T13:56:14Z logger.go:66:     "timeouts" = null /* object */
TestTerraformCommonRulesExample 2022-11-29T13:56:14Z logger.go:66:     "to_port" = 0
TestTerraformCommonRulesExample 2022-11-29T13:56:14Z logger.go:66:     "type" = "egress"
TestTerraformCommonRulesExample 2022-11-29T13:56:14Z logger.go:66:   },
TestTerraformCommonRulesExample 2022-11-29T13:56:14Z logger.go:66: ]
TestTerraformCommonRulesExample 2022-11-29T13:56:14Z logger.go:66: public_https_ingress = [
TestTerraformCommonRulesExample 2022-11-29T13:56:14Z logger.go:66:   {
TestTerraformCommonRulesExample 2022-11-29T13:56:14Z logger.go:66:     "cidr_blocks" = tolist(null) /* of string */
TestTerraformCommonRulesExample 2022-11-29T13:56:14Z logger.go:66:     "description" = "All protocols to self"
TestTerraformCommonRulesExample 2022-11-29T13:56:14Z logger.go:66:     "from_port" = 0
TestTerraformCommonRulesExample 2022-11-29T13:56:14Z logger.go:66:     "id" = "sgrule-3331571371"
TestTerraformCommonRulesExample 2022-11-29T13:56:14Z logger.go:66:     "ipv6_cidr_blocks" = tolist(null) /* of string */
TestTerraformCommonRulesExample 2022-11-29T13:56:14Z logger.go:66:     "prefix_list_ids" = tolist(null) /* of string */
TestTerraformCommonRulesExample 2022-11-29T13:56:14Z logger.go:66:     "protocol" = "-1"
TestTerraformCommonRulesExample 2022-11-29T13:56:14Z logger.go:66:     "security_group_id" = "sg-02d411a8c58febcab"
TestTerraformCommonRulesExample 2022-11-29T13:56:14Z logger.go:66:     "self" = true
TestTerraformCommonRulesExample 2022-11-29T13:56:14Z logger.go:66:     "source_security_group_id" = tostring(null)
TestTerraformCommonRulesExample 2022-11-29T13:56:14Z logger.go:66:     "timeouts" = null /* object */
TestTerraformCommonRulesExample 2022-11-29T13:56:14Z logger.go:66:     "to_port" = 0
TestTerraformCommonRulesExample 2022-11-29T13:56:14Z logger.go:66:     "type" = "ingress"
TestTerraformCommonRulesExample 2022-11-29T13:56:14Z logger.go:66:   },
TestTerraformCommonRulesExample 2022-11-29T13:56:14Z logger.go:66:   {
TestTerraformCommonRulesExample 2022-11-29T13:56:14Z logger.go:66:     "cidr_blocks" = tolist([
TestTerraformCommonRulesExample 2022-11-29T13:56:14Z logger.go:66:       "0.0.0.0/0",
TestTerraformCommonRulesExample 2022-11-29T13:56:14Z logger.go:66:     ])
TestTerraformCommonRulesExample 2022-11-29T13:56:14Z logger.go:66:     "description" = "HTTPS from public"
TestTerraformCommonRulesExample 2022-11-29T13:56:14Z logger.go:66:     "from_port" = 443
TestTerraformCommonRulesExample 2022-11-29T13:56:14Z logger.go:66:     "id" = "sgrule-2308008142"
TestTerraformCommonRulesExample 2022-11-29T13:56:14Z logger.go:66:     "ipv6_cidr_blocks" = tolist([
TestTerraformCommonRulesExample 2022-11-29T13:56:14Z logger.go:66:       "::/0",
TestTerraformCommonRulesExample 2022-11-29T13:56:14Z logger.go:66:     ])
TestTerraformCommonRulesExample 2022-11-29T13:56:14Z logger.go:66:     "prefix_list_ids" = tolist(null) /* of string */
TestTerraformCommonRulesExample 2022-11-29T13:56:14Z logger.go:66:     "protocol" = "tcp"
TestTerraformCommonRulesExample 2022-11-29T13:56:14Z logger.go:66:     "security_group_id" = "sg-02d411a8c58febcab"
TestTerraformCommonRulesExample 2022-11-29T13:56:14Z logger.go:66:     "self" = false
TestTerraformCommonRulesExample 2022-11-29T13:56:14Z logger.go:66:     "source_security_group_id" = tostring(null)
TestTerraformCommonRulesExample 2022-11-29T13:56:14Z logger.go:66:     "timeouts" = null /* object */
TestTerraformCommonRulesExample 2022-11-29T13:56:14Z logger.go:66:     "to_port" = 443
TestTerraformCommonRulesExample 2022-11-29T13:56:14Z logger.go:66:     "type" = "ingress"
TestTerraformCommonRulesExample 2022-11-29T13:56:14Z logger.go:66:   },
TestTerraformCommonRulesExample 2022-11-29T13:56:14Z logger.go:66: ]
TestTerraformCommonRulesExample 2022-11-29T13:56:14Z logger.go:66: public_https_sg_id = "sg-02d411a8c58febcab"
TestTerraformCommonRulesExample 2022-11-29T13:56:14Z retry.go:91: terraform [output -no-color -json public_https_sg_id]
TestTerraformCommonRulesExample 2022-11-29T13:56:14Z logger.go:66: Running command terraform with args [output -no-color -json public_https_sg_id]
TestTerraformCommonRulesExample 2022-11-29T13:56:15Z logger.go:66: "sg-02d411a8c58febcab"
TestTerraformCommonRulesExample 2022-11-29T13:56:15Z retry.go:91: terraform [output -no-color -json public_https_ingress]
TestTerraformCommonRulesExample 2022-11-29T13:56:15Z logger.go:66: Running command terraform with args [output -no-color -json public_https_ingress]
TestTerraformCommonRulesExample 2022-11-29T13:56:15Z logger.go:66: [{"cidr_blocks":null,"description":"All protocols to self","from_port":0,"id":"sgrule-3331571371","ipv6_cidr_blocks":null,"prefix_list_ids":null,"protocol":"-1","security_group_id":"sg-02d411a8c58febcab","self":true,"source_security_group_id":null,"timeouts":null,"to_port":0,"type":"ingress"},{"cidr_blocks":["0.0.0.0/0"],"description":"HTTPS from public","from_port":443,"id":"sgrule-2308008142","ipv6_cidr_blocks":["::/0"],"prefix_list_ids":null,"protocol":"tcp","security_group_id":"sg-02d411a8c58febcab","self":false,"source_security_group_id":null,"timeouts":null,"to_port":443,"type":"ingress"}]
TestTerraformCommonRulesExample 2022-11-29T13:56:15Z retry.go:91: terraform [output -no-color -json public_https_egress]
TestTerraformCommonRulesExample 2022-11-29T13:56:15Z logger.go:66: Running command terraform with args [output -no-color -json public_https_egress]
TestTerraformCommonRulesExample 2022-11-29T13:56:16Z logger.go:66: [{"cidr_blocks":["0.0.0.0/0"],"description":"All to public","from_port":0,"id":"sgrule-74810193","ipv6_cidr_blocks":["::/0"],"prefix_list_ids":null,"protocol":"-1","security_group_id":"sg-02d411a8c58febcab","self":false,"source_security_group_id":null,"timeouts":null,"to_port":0,"type":"egress"}]
TestTerraformCommonRulesExample 2022-11-29T13:56:16Z retry.go:91: terraform [output -no-color -json public_http_sg_id]
TestTerraformCommonRulesExample 2022-11-29T13:56:16Z logger.go:66: Running command terraform with args [output -no-color -json public_http_sg_id]
TestTerraformCommonRulesExample 2022-11-29T13:56:17Z logger.go:66: "sg-0d90d1aab910f621a"
TestTerraformCommonRulesExample 2022-11-29T13:56:17Z retry.go:91: terraform [output -no-color -json public_http_ingress]
TestTerraformCommonRulesExample 2022-11-29T13:56:17Z logger.go:66: Running command terraform with args [output -no-color -json public_http_ingress]
TestTerraformCommonRulesExample 2022-11-29T13:56:18Z logger.go:66: [{"cidr_blocks":null,"description":"All protocols to self","from_port":0,"id":"sgrule-4210906840","ipv6_cidr_blocks":null,"prefix_list_ids":null,"protocol":"-1","security_group_id":"sg-0d90d1aab910f621a","self":true,"source_security_group_id":null,"timeouts":null,"to_port":0,"type":"ingress"},{"cidr_blocks":["0.0.0.0/0"],"description":"HTTP from public","from_port":80,"id":"sgrule-741228279","ipv6_cidr_blocks":["::/0"],"prefix_list_ids":null,"protocol":"tcp","security_group_id":"sg-0d90d1aab910f621a","self":false,"source_security_group_id":null,"timeouts":null,"to_port":80,"type":"ingress"}]
TestTerraformCommonRulesExample 2022-11-29T13:56:18Z retry.go:91: terraform [output -no-color -json public_http_egress]
TestTerraformCommonRulesExample 2022-11-29T13:56:18Z logger.go:66: Running command terraform with args [output -no-color -json public_http_egress]
TestTerraformCommonRulesExample 2022-11-29T13:56:19Z logger.go:66: [{"cidr_blocks":["0.0.0.0/0"],"description":"All to public","from_port":0,"id":"sgrule-2732692799","ipv6_cidr_blocks":["::/0"],"prefix_list_ids":null,"protocol":"-1","security_group_id":"sg-0d90d1aab910f621a","self":false,"source_security_group_id":null,"timeouts":null,"to_port":0,"type":"egress"}]
TestTerraformCommonRulesExample 2022-11-29T13:56:19Z retry.go:91: terraform [destroy -auto-approve -input=false -no-color -lock=false]
TestTerraformCommonRulesExample 2022-11-29T13:56:19Z logger.go:66: Running command terraform with args [destroy -auto-approve -input=false -no-color -lock=false]
TestTerraformCommonRulesExample 2022-11-29T13:56:23Z logger.go:66: data.aws_vpc.default: Reading...
TestTerraformCommonRulesExample 2022-11-29T13:56:24Z logger.go:66: data.aws_vpc.default: Read complete after 0s [id=vpc-9ce7cafb]
TestTerraformCommonRulesExample 2022-11-29T13:56:24Z logger.go:66: module.public_http_sg.aws_security_group.self[0]: Refreshing state... [id=sg-0d90d1aab910f621a]
TestTerraformCommonRulesExample 2022-11-29T13:56:24Z logger.go:66: module.public_https_sg.aws_security_group.self[0]: Refreshing state... [id=sg-02d411a8c58febcab]
TestTerraformCommonRulesExample 2022-11-29T13:56:24Z logger.go:66: module.public_https_sg.aws_security_group_rule.ingress["0-0-all-true"]: Refreshing state... [id=sgrule-3331571371]
TestTerraformCommonRulesExample 2022-11-29T13:56:24Z logger.go:66: module.public_https_sg.aws_security_group_rule.ingress["443-443-tcp-0.0.0.0/0-::/0"]: Refreshing state... [id=sgrule-2308008142]
TestTerraformCommonRulesExample 2022-11-29T13:56:24Z logger.go:66: module.public_https_sg.aws_security_group_rule.egress["0-0-all-0.0.0.0/0-::/0"]: Refreshing state... [id=sgrule-74810193]
TestTerraformCommonRulesExample 2022-11-29T13:56:24Z logger.go:66: module.public_http_sg.aws_security_group_rule.ingress["0-0-all-true"]: Refreshing state... [id=sgrule-4210906840]
TestTerraformCommonRulesExample 2022-11-29T13:56:24Z logger.go:66: module.public_http_sg.aws_security_group_rule.ingress["80-80-tcp-0.0.0.0/0-::/0"]: Refreshing state... [id=sgrule-741228279]
TestTerraformCommonRulesExample 2022-11-29T13:56:24Z logger.go:66: module.public_http_sg.aws_security_group_rule.egress["0-0-all-0.0.0.0/0-::/0"]: Refreshing state... [id=sgrule-2732692799]
TestTerraformCommonRulesExample 2022-11-29T13:56:25Z logger.go:66:
TestTerraformCommonRulesExample 2022-11-29T13:56:25Z logger.go:66: Terraform used the selected providers to generate the following execution
TestTerraformCommonRulesExample 2022-11-29T13:56:25Z logger.go:66: plan. Resource actions are indicated with the following symbols:
TestTerraformCommonRulesExample 2022-11-29T13:56:25Z logger.go:66:   - destroy
TestTerraformCommonRulesExample 2022-11-29T13:56:25Z logger.go:66:
TestTerraformCommonRulesExample 2022-11-29T13:56:25Z logger.go:66: Terraform will perform the following actions:
TestTerraformCommonRulesExample 2022-11-29T13:56:25Z logger.go:66:
TestTerraformCommonRulesExample 2022-11-29T13:56:25Z logger.go:66:   # module.public_http_sg.aws_security_group.self[0] will be destroyed
TestTerraformCommonRulesExample 2022-11-29T13:56:25Z logger.go:66:   - resource "aws_security_group" "self" {
TestTerraformCommonRulesExample 2022-11-29T13:56:25Z logger.go:66:       - arn                    = "arn:aws:ec2:us-west-2:326504147071:security-group/sg-0d90d1aab910f621a" -> null
TestTerraformCommonRulesExample 2022-11-29T13:56:25Z logger.go:66:       - description            = "ex-common-http" -> null
TestTerraformCommonRulesExample 2022-11-29T13:56:25Z logger.go:66:       - egress                 = [
TestTerraformCommonRulesExample 2022-11-29T13:56:25Z logger.go:66:           - {
TestTerraformCommonRulesExample 2022-11-29T13:56:25Z logger.go:66:               - cidr_blocks      = [
TestTerraformCommonRulesExample 2022-11-29T13:56:25Z logger.go:66:                   - "0.0.0.0/0",
TestTerraformCommonRulesExample 2022-11-29T13:56:25Z logger.go:66:                 ]
TestTerraformCommonRulesExample 2022-11-29T13:56:25Z logger.go:66:               - description      = "All to public"
TestTerraformCommonRulesExample 2022-11-29T13:56:25Z logger.go:66:               - from_port        = 0
TestTerraformCommonRulesExample 2022-11-29T13:56:25Z logger.go:66:               - ipv6_cidr_blocks = [
TestTerraformCommonRulesExample 2022-11-29T13:56:25Z logger.go:66:                   - "::/0",
TestTerraformCommonRulesExample 2022-11-29T13:56:25Z logger.go:66:                 ]
TestTerraformCommonRulesExample 2022-11-29T13:56:25Z logger.go:66:               - prefix_list_ids  = []
TestTerraformCommonRulesExample 2022-11-29T13:56:25Z logger.go:66:               - protocol         = "-1"
TestTerraformCommonRulesExample 2022-11-29T13:56:25Z logger.go:66:               - security_groups  = []
TestTerraformCommonRulesExample 2022-11-29T13:56:25Z logger.go:66:               - self             = false
TestTerraformCommonRulesExample 2022-11-29T13:56:25Z logger.go:66:               - to_port          = 0
TestTerraformCommonRulesExample 2022-11-29T13:56:25Z logger.go:66:             },
TestTerraformCommonRulesExample 2022-11-29T13:56:25Z logger.go:66:         ] -> null
TestTerraformCommonRulesExample 2022-11-29T13:56:25Z logger.go:66:       - id                     = "sg-0d90d1aab910f621a" -> null
TestTerraformCommonRulesExample 2022-11-29T13:56:25Z logger.go:66:       - ingress                = [
TestTerraformCommonRulesExample 2022-11-29T13:56:25Z logger.go:66:           - {
TestTerraformCommonRulesExample 2022-11-29T13:56:25Z logger.go:66:               - cidr_blocks      = [
TestTerraformCommonRulesExample 2022-11-29T13:56:25Z logger.go:66:                   - "0.0.0.0/0",
TestTerraformCommonRulesExample 2022-11-29T13:56:25Z logger.go:66:                 ]
TestTerraformCommonRulesExample 2022-11-29T13:56:25Z logger.go:66:               - description      = "HTTP from public"
TestTerraformCommonRulesExample 2022-11-29T13:56:25Z logger.go:66:               - from_port        = 80
TestTerraformCommonRulesExample 2022-11-29T13:56:25Z logger.go:66:               - ipv6_cidr_blocks = [
TestTerraformCommonRulesExample 2022-11-29T13:56:25Z logger.go:66:                   - "::/0",
TestTerraformCommonRulesExample 2022-11-29T13:56:25Z logger.go:66:                 ]
TestTerraformCommonRulesExample 2022-11-29T13:56:25Z logger.go:66:               - prefix_list_ids  = []
TestTerraformCommonRulesExample 2022-11-29T13:56:25Z logger.go:66:               - protocol         = "tcp"
TestTerraformCommonRulesExample 2022-11-29T13:56:25Z logger.go:66:               - security_groups  = []
TestTerraformCommonRulesExample 2022-11-29T13:56:25Z logger.go:66:               - self             = false
TestTerraformCommonRulesExample 2022-11-29T13:56:25Z logger.go:66:               - to_port          = 80
TestTerraformCommonRulesExample 2022-11-29T13:56:25Z logger.go:66:             },
TestTerraformCommonRulesExample 2022-11-29T13:56:25Z logger.go:66:           - {
TestTerraformCommonRulesExample 2022-11-29T13:56:25Z logger.go:66:               - cidr_blocks      = []
TestTerraformCommonRulesExample 2022-11-29T13:56:25Z logger.go:66:               - description      = "All protocols to self"
TestTerraformCommonRulesExample 2022-11-29T13:56:25Z logger.go:66:               - from_port        = 0
TestTerraformCommonRulesExample 2022-11-29T13:56:25Z logger.go:66:               - ipv6_cidr_blocks = []
TestTerraformCommonRulesExample 2022-11-29T13:56:25Z logger.go:66:               - prefix_list_ids  = []
TestTerraformCommonRulesExample 2022-11-29T13:56:25Z logger.go:66:               - protocol         = "-1"
TestTerraformCommonRulesExample 2022-11-29T13:56:25Z logger.go:66:               - security_groups  = []
TestTerraformCommonRulesExample 2022-11-29T13:56:25Z logger.go:66:               - self             = true
TestTerraformCommonRulesExample 2022-11-29T13:56:25Z logger.go:66:               - to_port          = 0
TestTerraformCommonRulesExample 2022-11-29T13:56:25Z logger.go:66:             },
TestTerraformCommonRulesExample 2022-11-29T13:56:25Z logger.go:66:         ] -> null
TestTerraformCommonRulesExample 2022-11-29T13:56:25Z logger.go:66:       - name                   = "ex-common-http" -> null
TestTerraformCommonRulesExample 2022-11-29T13:56:25Z logger.go:66:       - owner_id               = "326504147071" -> null
TestTerraformCommonRulesExample 2022-11-29T13:56:25Z logger.go:66:       - revoke_rules_on_delete = false -> null
TestTerraformCommonRulesExample 2022-11-29T13:56:25Z logger.go:66:       - tags                   = {
TestTerraformCommonRulesExample 2022-11-29T13:56:25Z logger.go:66:           - "Name" = "ex-common-http"
TestTerraformCommonRulesExample 2022-11-29T13:56:25Z logger.go:66:         } -> null
TestTerraformCommonRulesExample 2022-11-29T13:56:25Z logger.go:66:       - tags_all               = {
TestTerraformCommonRulesExample 2022-11-29T13:56:25Z logger.go:66:           - "Example"    = "ex-common"
TestTerraformCommonRulesExample 2022-11-29T13:56:25Z logger.go:66:           - "GithubOrg"  = "aidanmelen"
TestTerraformCommonRulesExample 2022-11-29T13:56:25Z logger.go:66:           - "GithubRepo" = "terraform-aws-security-group"
TestTerraformCommonRulesExample 2022-11-29T13:56:25Z logger.go:66:           - "Name"       = "ex-common-http"
TestTerraformCommonRulesExample 2022-11-29T13:56:25Z logger.go:66:         } -> null
TestTerraformCommonRulesExample 2022-11-29T13:56:25Z logger.go:66:       - vpc_id                 = "vpc-9ce7cafb" -> null
TestTerraformCommonRulesExample 2022-11-29T13:56:25Z logger.go:66:
TestTerraformCommonRulesExample 2022-11-29T13:56:25Z logger.go:66:       - timeouts {
TestTerraformCommonRulesExample 2022-11-29T13:56:25Z logger.go:66:           - create = "10m" -> null
TestTerraformCommonRulesExample 2022-11-29T13:56:25Z logger.go:66:           - delete = "15m" -> null
TestTerraformCommonRulesExample 2022-11-29T13:56:25Z logger.go:66:         }
TestTerraformCommonRulesExample 2022-11-29T13:56:25Z logger.go:66:     }
TestTerraformCommonRulesExample 2022-11-29T13:56:25Z logger.go:66:
TestTerraformCommonRulesExample 2022-11-29T13:56:25Z logger.go:66:   # module.public_http_sg.aws_security_group_rule.egress["0-0-all-0.0.0.0/0-::/0"] will be destroyed
TestTerraformCommonRulesExample 2022-11-29T13:56:25Z logger.go:66:   - resource "aws_security_group_rule" "egress" {
TestTerraformCommonRulesExample 2022-11-29T13:56:25Z logger.go:66:       - cidr_blocks       = [
TestTerraformCommonRulesExample 2022-11-29T13:56:25Z logger.go:66:           - "0.0.0.0/0",
TestTerraformCommonRulesExample 2022-11-29T13:56:25Z logger.go:66:         ] -> null
TestTerraformCommonRulesExample 2022-11-29T13:56:25Z logger.go:66:       - description       = "All to public" -> null
TestTerraformCommonRulesExample 2022-11-29T13:56:25Z logger.go:66:       - from_port         = 0 -> null
TestTerraformCommonRulesExample 2022-11-29T13:56:25Z logger.go:66:       - id                = "sgrule-2732692799" -> null
TestTerraformCommonRulesExample 2022-11-29T13:56:25Z logger.go:66:       - ipv6_cidr_blocks  = [
TestTerraformCommonRulesExample 2022-11-29T13:56:25Z logger.go:66:           - "::/0",
TestTerraformCommonRulesExample 2022-11-29T13:56:25Z logger.go:66:         ] -> null
TestTerraformCommonRulesExample 2022-11-29T13:56:25Z logger.go:66:       - protocol          = "-1" -> null
TestTerraformCommonRulesExample 2022-11-29T13:56:25Z logger.go:66:       - security_group_id = "sg-0d90d1aab910f621a" -> null
TestTerraformCommonRulesExample 2022-11-29T13:56:25Z logger.go:66:       - self              = false -> null
TestTerraformCommonRulesExample 2022-11-29T13:56:25Z logger.go:66:       - to_port           = 0 -> null
TestTerraformCommonRulesExample 2022-11-29T13:56:25Z logger.go:66:       - type              = "egress" -> null
TestTerraformCommonRulesExample 2022-11-29T13:56:25Z logger.go:66:     }
TestTerraformCommonRulesExample 2022-11-29T13:56:25Z logger.go:66:
TestTerraformCommonRulesExample 2022-11-29T13:56:25Z logger.go:66:   # module.public_http_sg.aws_security_group_rule.ingress["0-0-all-true"] will be destroyed
TestTerraformCommonRulesExample 2022-11-29T13:56:25Z logger.go:66:   - resource "aws_security_group_rule" "ingress" {
TestTerraformCommonRulesExample 2022-11-29T13:56:25Z logger.go:66:       - description       = "All protocols to self" -> null
TestTerraformCommonRulesExample 2022-11-29T13:56:25Z logger.go:66:       - from_port         = 0 -> null
TestTerraformCommonRulesExample 2022-11-29T13:56:25Z logger.go:66:       - id                = "sgrule-4210906840" -> null
TestTerraformCommonRulesExample 2022-11-29T13:56:25Z logger.go:66:       - protocol          = "-1" -> null
TestTerraformCommonRulesExample 2022-11-29T13:56:25Z logger.go:66:       - security_group_id = "sg-0d90d1aab910f621a" -> null
TestTerraformCommonRulesExample 2022-11-29T13:56:25Z logger.go:66:       - self              = true -> null
TestTerraformCommonRulesExample 2022-11-29T13:56:25Z logger.go:66:       - to_port           = 0 -> null
TestTerraformCommonRulesExample 2022-11-29T13:56:25Z logger.go:66:       - type              = "ingress" -> null
TestTerraformCommonRulesExample 2022-11-29T13:56:25Z logger.go:66:     }
TestTerraformCommonRulesExample 2022-11-29T13:56:25Z logger.go:66:
TestTerraformCommonRulesExample 2022-11-29T13:56:25Z logger.go:66:   # module.public_http_sg.aws_security_group_rule.ingress["80-80-tcp-0.0.0.0/0-::/0"] will be destroyed
TestTerraformCommonRulesExample 2022-11-29T13:56:25Z logger.go:66:   - resource "aws_security_group_rule" "ingress" {
TestTerraformCommonRulesExample 2022-11-29T13:56:25Z logger.go:66:       - cidr_blocks       = [
TestTerraformCommonRulesExample 2022-11-29T13:56:25Z logger.go:66:           - "0.0.0.0/0",
TestTerraformCommonRulesExample 2022-11-29T13:56:25Z logger.go:66:         ] -> null
TestTerraformCommonRulesExample 2022-11-29T13:56:25Z logger.go:66:       - description       = "HTTP from public" -> null
TestTerraformCommonRulesExample 2022-11-29T13:56:25Z logger.go:66:       - from_port         = 80 -> null
TestTerraformCommonRulesExample 2022-11-29T13:56:25Z logger.go:66:       - id                = "sgrule-741228279" -> null
TestTerraformCommonRulesExample 2022-11-29T13:56:25Z logger.go:66:       - ipv6_cidr_blocks  = [
TestTerraformCommonRulesExample 2022-11-29T13:56:25Z logger.go:66:           - "::/0",
TestTerraformCommonRulesExample 2022-11-29T13:56:25Z logger.go:66:         ] -> null
TestTerraformCommonRulesExample 2022-11-29T13:56:25Z logger.go:66:       - protocol          = "tcp" -> null
TestTerraformCommonRulesExample 2022-11-29T13:56:25Z logger.go:66:       - security_group_id = "sg-0d90d1aab910f621a" -> null
TestTerraformCommonRulesExample 2022-11-29T13:56:25Z logger.go:66:       - self              = false -> null
TestTerraformCommonRulesExample 2022-11-29T13:56:25Z logger.go:66:       - to_port           = 80 -> null
TestTerraformCommonRulesExample 2022-11-29T13:56:25Z logger.go:66:       - type              = "ingress" -> null
TestTerraformCommonRulesExample 2022-11-29T13:56:25Z logger.go:66:     }
TestTerraformCommonRulesExample 2022-11-29T13:56:25Z logger.go:66:
TestTerraformCommonRulesExample 2022-11-29T13:56:25Z logger.go:66:   # module.public_https_sg.aws_security_group.self[0] will be destroyed
TestTerraformCommonRulesExample 2022-11-29T13:56:25Z logger.go:66:   - resource "aws_security_group" "self" {
TestTerraformCommonRulesExample 2022-11-29T13:56:25Z logger.go:66:       - arn                    = "arn:aws:ec2:us-west-2:326504147071:security-group/sg-02d411a8c58febcab" -> null
TestTerraformCommonRulesExample 2022-11-29T13:56:25Z logger.go:66:       - description            = "ex-common-https" -> null
TestTerraformCommonRulesExample 2022-11-29T13:56:25Z logger.go:66:       - egress                 = [
TestTerraformCommonRulesExample 2022-11-29T13:56:25Z logger.go:66:           - {
TestTerraformCommonRulesExample 2022-11-29T13:56:25Z logger.go:66:               - cidr_blocks      = [
TestTerraformCommonRulesExample 2022-11-29T13:56:25Z logger.go:66:                   - "0.0.0.0/0",
TestTerraformCommonRulesExample 2022-11-29T13:56:25Z logger.go:66:                 ]
TestTerraformCommonRulesExample 2022-11-29T13:56:25Z logger.go:66:               - description      = "All to public"
TestTerraformCommonRulesExample 2022-11-29T13:56:25Z logger.go:66:               - from_port        = 0
TestTerraformCommonRulesExample 2022-11-29T13:56:25Z logger.go:66:               - ipv6_cidr_blocks = [
TestTerraformCommonRulesExample 2022-11-29T13:56:25Z logger.go:66:                   - "::/0",
TestTerraformCommonRulesExample 2022-11-29T13:56:25Z logger.go:66:                 ]
TestTerraformCommonRulesExample 2022-11-29T13:56:25Z logger.go:66:               - prefix_list_ids  = []
TestTerraformCommonRulesExample 2022-11-29T13:56:25Z logger.go:66:               - protocol         = "-1"
TestTerraformCommonRulesExample 2022-11-29T13:56:25Z logger.go:66:               - security_groups  = []
TestTerraformCommonRulesExample 2022-11-29T13:56:25Z logger.go:66:               - self             = false
TestTerraformCommonRulesExample 2022-11-29T13:56:25Z logger.go:66:               - to_port          = 0
TestTerraformCommonRulesExample 2022-11-29T13:56:25Z logger.go:66:             },
TestTerraformCommonRulesExample 2022-11-29T13:56:25Z logger.go:66:         ] -> null
TestTerraformCommonRulesExample 2022-11-29T13:56:25Z logger.go:66:       - id                     = "sg-02d411a8c58febcab" -> null
TestTerraformCommonRulesExample 2022-11-29T13:56:25Z logger.go:66:       - ingress                = [
TestTerraformCommonRulesExample 2022-11-29T13:56:25Z logger.go:66:           - {
TestTerraformCommonRulesExample 2022-11-29T13:56:25Z logger.go:66:               - cidr_blocks      = [
TestTerraformCommonRulesExample 2022-11-29T13:56:25Z logger.go:66:                   - "0.0.0.0/0",
TestTerraformCommonRulesExample 2022-11-29T13:56:25Z logger.go:66:                 ]
TestTerraformCommonRulesExample 2022-11-29T13:56:25Z logger.go:66:               - description      = "HTTPS from public"
TestTerraformCommonRulesExample 2022-11-29T13:56:25Z logger.go:66:               - from_port        = 443
TestTerraformCommonRulesExample 2022-11-29T13:56:25Z logger.go:66:               - ipv6_cidr_blocks = [
TestTerraformCommonRulesExample 2022-11-29T13:56:25Z logger.go:66:                   - "::/0",
TestTerraformCommonRulesExample 2022-11-29T13:56:25Z logger.go:66:                 ]
TestTerraformCommonRulesExample 2022-11-29T13:56:25Z logger.go:66:               - prefix_list_ids  = []
TestTerraformCommonRulesExample 2022-11-29T13:56:25Z logger.go:66:               - protocol         = "tcp"
TestTerraformCommonRulesExample 2022-11-29T13:56:25Z logger.go:66:               - security_groups  = []
TestTerraformCommonRulesExample 2022-11-29T13:56:25Z logger.go:66:               - self             = false
TestTerraformCommonRulesExample 2022-11-29T13:56:25Z logger.go:66:               - to_port          = 443
TestTerraformCommonRulesExample 2022-11-29T13:56:25Z logger.go:66:             },
TestTerraformCommonRulesExample 2022-11-29T13:56:25Z logger.go:66:           - {
TestTerraformCommonRulesExample 2022-11-29T13:56:25Z logger.go:66:               - cidr_blocks      = []
TestTerraformCommonRulesExample 2022-11-29T13:56:25Z logger.go:66:               - description      = "All protocols to self"
TestTerraformCommonRulesExample 2022-11-29T13:56:25Z logger.go:66:               - from_port        = 0
TestTerraformCommonRulesExample 2022-11-29T13:56:25Z logger.go:66:               - ipv6_cidr_blocks = []
TestTerraformCommonRulesExample 2022-11-29T13:56:25Z logger.go:66:               - prefix_list_ids  = []
TestTerraformCommonRulesExample 2022-11-29T13:56:25Z logger.go:66:               - protocol         = "-1"
TestTerraformCommonRulesExample 2022-11-29T13:56:25Z logger.go:66:               - security_groups  = []
TestTerraformCommonRulesExample 2022-11-29T13:56:25Z logger.go:66:               - self             = true
TestTerraformCommonRulesExample 2022-11-29T13:56:25Z logger.go:66:               - to_port          = 0
TestTerraformCommonRulesExample 2022-11-29T13:56:25Z logger.go:66:             },
TestTerraformCommonRulesExample 2022-11-29T13:56:25Z logger.go:66:         ] -> null
TestTerraformCommonRulesExample 2022-11-29T13:56:25Z logger.go:66:       - name                   = "ex-common-https" -> null
TestTerraformCommonRulesExample 2022-11-29T13:56:25Z logger.go:66:       - owner_id               = "326504147071" -> null
TestTerraformCommonRulesExample 2022-11-29T13:56:25Z logger.go:66:       - revoke_rules_on_delete = false -> null
TestTerraformCommonRulesExample 2022-11-29T13:56:25Z logger.go:66:       - tags                   = {
TestTerraformCommonRulesExample 2022-11-29T13:56:25Z logger.go:66:           - "Name" = "ex-common-https"
TestTerraformCommonRulesExample 2022-11-29T13:56:25Z logger.go:66:         } -> null
TestTerraformCommonRulesExample 2022-11-29T13:56:25Z logger.go:66:       - tags_all               = {
TestTerraformCommonRulesExample 2022-11-29T13:56:25Z logger.go:66:           - "Example"    = "ex-common"
TestTerraformCommonRulesExample 2022-11-29T13:56:25Z logger.go:66:           - "GithubOrg"  = "aidanmelen"
TestTerraformCommonRulesExample 2022-11-29T13:56:25Z logger.go:66:           - "GithubRepo" = "terraform-aws-security-group"
TestTerraformCommonRulesExample 2022-11-29T13:56:25Z logger.go:66:           - "Name"       = "ex-common-https"
TestTerraformCommonRulesExample 2022-11-29T13:56:25Z logger.go:66:         } -> null
TestTerraformCommonRulesExample 2022-11-29T13:56:25Z logger.go:66:       - vpc_id                 = "vpc-9ce7cafb" -> null
TestTerraformCommonRulesExample 2022-11-29T13:56:25Z logger.go:66:
TestTerraformCommonRulesExample 2022-11-29T13:56:25Z logger.go:66:       - timeouts {
TestTerraformCommonRulesExample 2022-11-29T13:56:25Z logger.go:66:           - create = "10m" -> null
TestTerraformCommonRulesExample 2022-11-29T13:56:25Z logger.go:66:           - delete = "15m" -> null
TestTerraformCommonRulesExample 2022-11-29T13:56:25Z logger.go:66:         }
TestTerraformCommonRulesExample 2022-11-29T13:56:25Z logger.go:66:     }
TestTerraformCommonRulesExample 2022-11-29T13:56:25Z logger.go:66:
TestTerraformCommonRulesExample 2022-11-29T13:56:25Z logger.go:66:   # module.public_https_sg.aws_security_group_rule.egress["0-0-all-0.0.0.0/0-::/0"] will be destroyed
TestTerraformCommonRulesExample 2022-11-29T13:56:25Z logger.go:66:   - resource "aws_security_group_rule" "egress" {
TestTerraformCommonRulesExample 2022-11-29T13:56:25Z logger.go:66:       - cidr_blocks       = [
TestTerraformCommonRulesExample 2022-11-29T13:56:25Z logger.go:66:           - "0.0.0.0/0",
TestTerraformCommonRulesExample 2022-11-29T13:56:25Z logger.go:66:         ] -> null
TestTerraformCommonRulesExample 2022-11-29T13:56:25Z logger.go:66:       - description       = "All to public" -> null
TestTerraformCommonRulesExample 2022-11-29T13:56:25Z logger.go:66:       - from_port         = 0 -> null
TestTerraformCommonRulesExample 2022-11-29T13:56:25Z logger.go:66:       - id                = "sgrule-74810193" -> null
TestTerraformCommonRulesExample 2022-11-29T13:56:25Z logger.go:66:       - ipv6_cidr_blocks  = [
TestTerraformCommonRulesExample 2022-11-29T13:56:25Z logger.go:66:           - "::/0",
TestTerraformCommonRulesExample 2022-11-29T13:56:25Z logger.go:66:         ] -> null
TestTerraformCommonRulesExample 2022-11-29T13:56:25Z logger.go:66:       - protocol          = "-1" -> null
TestTerraformCommonRulesExample 2022-11-29T13:56:25Z logger.go:66:       - security_group_id = "sg-02d411a8c58febcab" -> null
TestTerraformCommonRulesExample 2022-11-29T13:56:25Z logger.go:66:       - self              = false -> null
TestTerraformCommonRulesExample 2022-11-29T13:56:25Z logger.go:66:       - to_port           = 0 -> null
TestTerraformCommonRulesExample 2022-11-29T13:56:25Z logger.go:66:       - type              = "egress" -> null
TestTerraformCommonRulesExample 2022-11-29T13:56:25Z logger.go:66:     }
TestTerraformCommonRulesExample 2022-11-29T13:56:25Z logger.go:66:
TestTerraformCommonRulesExample 2022-11-29T13:56:25Z logger.go:66:   # module.public_https_sg.aws_security_group_rule.ingress["0-0-all-true"] will be destroyed
TestTerraformCommonRulesExample 2022-11-29T13:56:25Z logger.go:66:   - resource "aws_security_group_rule" "ingress" {
TestTerraformCommonRulesExample 2022-11-29T13:56:25Z logger.go:66:       - description       = "All protocols to self" -> null
TestTerraformCommonRulesExample 2022-11-29T13:56:25Z logger.go:66:       - from_port         = 0 -> null
TestTerraformCommonRulesExample 2022-11-29T13:56:25Z logger.go:66:       - id                = "sgrule-3331571371" -> null
TestTerraformCommonRulesExample 2022-11-29T13:56:25Z logger.go:66:       - protocol          = "-1" -> null
TestTerraformCommonRulesExample 2022-11-29T13:56:25Z logger.go:66:       - security_group_id = "sg-02d411a8c58febcab" -> null
TestTerraformCommonRulesExample 2022-11-29T13:56:25Z logger.go:66:       - self              = true -> null
TestTerraformCommonRulesExample 2022-11-29T13:56:25Z logger.go:66:       - to_port           = 0 -> null
TestTerraformCommonRulesExample 2022-11-29T13:56:25Z logger.go:66:       - type              = "ingress" -> null
TestTerraformCommonRulesExample 2022-11-29T13:56:25Z logger.go:66:     }
TestTerraformCommonRulesExample 2022-11-29T13:56:25Z logger.go:66:
TestTerraformCommonRulesExample 2022-11-29T13:56:25Z logger.go:66:   # module.public_https_sg.aws_security_group_rule.ingress["443-443-tcp-0.0.0.0/0-::/0"] will be destroyed
TestTerraformCommonRulesExample 2022-11-29T13:56:25Z logger.go:66:   - resource "aws_security_group_rule" "ingress" {
TestTerraformCommonRulesExample 2022-11-29T13:56:25Z logger.go:66:       - cidr_blocks       = [
TestTerraformCommonRulesExample 2022-11-29T13:56:25Z logger.go:66:           - "0.0.0.0/0",
TestTerraformCommonRulesExample 2022-11-29T13:56:25Z logger.go:66:         ] -> null
TestTerraformCommonRulesExample 2022-11-29T13:56:25Z logger.go:66:       - description       = "HTTPS from public" -> null
TestTerraformCommonRulesExample 2022-11-29T13:56:25Z logger.go:66:       - from_port         = 443 -> null
TestTerraformCommonRulesExample 2022-11-29T13:56:25Z logger.go:66:       - id                = "sgrule-2308008142" -> null
TestTerraformCommonRulesExample 2022-11-29T13:56:25Z logger.go:66:       - ipv6_cidr_blocks  = [
TestTerraformCommonRulesExample 2022-11-29T13:56:25Z logger.go:66:           - "::/0",
TestTerraformCommonRulesExample 2022-11-29T13:56:25Z logger.go:66:         ] -> null
TestTerraformCommonRulesExample 2022-11-29T13:56:25Z logger.go:66:       - protocol          = "tcp" -> null
TestTerraformCommonRulesExample 2022-11-29T13:56:25Z logger.go:66:       - security_group_id = "sg-02d411a8c58febcab" -> null
TestTerraformCommonRulesExample 2022-11-29T13:56:25Z logger.go:66:       - self              = false -> null
TestTerraformCommonRulesExample 2022-11-29T13:56:25Z logger.go:66:       - to_port           = 443 -> null
TestTerraformCommonRulesExample 2022-11-29T13:56:25Z logger.go:66:       - type              = "ingress" -> null
TestTerraformCommonRulesExample 2022-11-29T13:56:25Z logger.go:66:     }
TestTerraformCommonRulesExample 2022-11-29T13:56:25Z logger.go:66:
TestTerraformCommonRulesExample 2022-11-29T13:56:25Z logger.go:66: Plan: 0 to add, 0 to change, 8 to destroy.
TestTerraformCommonRulesExample 2022-11-29T13:56:25Z logger.go:66:
TestTerraformCommonRulesExample 2022-11-29T13:56:25Z logger.go:66: Changes to Outputs:
TestTerraformCommonRulesExample 2022-11-29T13:56:25Z logger.go:66:   - public_http_egress   = [
TestTerraformCommonRulesExample 2022-11-29T13:56:25Z logger.go:66:       - {
TestTerraformCommonRulesExample 2022-11-29T13:56:25Z logger.go:66:           - cidr_blocks              = [
TestTerraformCommonRulesExample 2022-11-29T13:56:25Z logger.go:66:               - "0.0.0.0/0",
TestTerraformCommonRulesExample 2022-11-29T13:56:25Z logger.go:66:             ]
TestTerraformCommonRulesExample 2022-11-29T13:56:25Z logger.go:66:           - description              = "All to public"
TestTerraformCommonRulesExample 2022-11-29T13:56:25Z logger.go:66:           - from_port                = 0
TestTerraformCommonRulesExample 2022-11-29T13:56:25Z logger.go:66:           - id                       = "sgrule-2732692799"
TestTerraformCommonRulesExample 2022-11-29T13:56:25Z logger.go:66:           - ipv6_cidr_blocks         = [
TestTerraformCommonRulesExample 2022-11-29T13:56:25Z logger.go:66:               - "::/0",
TestTerraformCommonRulesExample 2022-11-29T13:56:25Z logger.go:66:             ]
TestTerraformCommonRulesExample 2022-11-29T13:56:25Z logger.go:66:           - prefix_list_ids          = null
TestTerraformCommonRulesExample 2022-11-29T13:56:25Z logger.go:66:           - protocol                 = "-1"
TestTerraformCommonRulesExample 2022-11-29T13:56:25Z logger.go:66:           - security_group_id        = "sg-0d90d1aab910f621a"
TestTerraformCommonRulesExample 2022-11-29T13:56:25Z logger.go:66:           - self                     = false
TestTerraformCommonRulesExample 2022-11-29T13:56:25Z logger.go:66:           - source_security_group_id = null
TestTerraformCommonRulesExample 2022-11-29T13:56:25Z logger.go:66:           - timeouts                 = null
TestTerraformCommonRulesExample 2022-11-29T13:56:25Z logger.go:66:           - to_port                  = 0
TestTerraformCommonRulesExample 2022-11-29T13:56:25Z logger.go:66:           - type                     = "egress"
TestTerraformCommonRulesExample 2022-11-29T13:56:25Z logger.go:66:         },
TestTerraformCommonRulesExample 2022-11-29T13:56:25Z logger.go:66:     ] -> null
TestTerraformCommonRulesExample 2022-11-29T13:56:25Z logger.go:66:   - public_http_ingress  = [
TestTerraformCommonRulesExample 2022-11-29T13:56:25Z logger.go:66:       - {
TestTerraformCommonRulesExample 2022-11-29T13:56:25Z logger.go:66:           - cidr_blocks              = null
TestTerraformCommonRulesExample 2022-11-29T13:56:25Z logger.go:66:           - description              = "All protocols to self"
TestTerraformCommonRulesExample 2022-11-29T13:56:25Z logger.go:66:           - from_port                = 0
TestTerraformCommonRulesExample 2022-11-29T13:56:25Z logger.go:66:           - id                       = "sgrule-4210906840"
TestTerraformCommonRulesExample 2022-11-29T13:56:25Z logger.go:66:           - ipv6_cidr_blocks         = null
TestTerraformCommonRulesExample 2022-11-29T13:56:25Z logger.go:66:           - prefix_list_ids          = null
TestTerraformCommonRulesExample 2022-11-29T13:56:25Z logger.go:66:           - protocol                 = "-1"
TestTerraformCommonRulesExample 2022-11-29T13:56:25Z logger.go:66:           - security_group_id        = "sg-0d90d1aab910f621a"
TestTerraformCommonRulesExample 2022-11-29T13:56:25Z logger.go:66:           - self                     = true
TestTerraformCommonRulesExample 2022-11-29T13:56:25Z logger.go:66:           - source_security_group_id = null
TestTerraformCommonRulesExample 2022-11-29T13:56:25Z logger.go:66:           - timeouts                 = null
TestTerraformCommonRulesExample 2022-11-29T13:56:25Z logger.go:66:           - to_port                  = 0
TestTerraformCommonRulesExample 2022-11-29T13:56:25Z logger.go:66:           - type                     = "ingress"
TestTerraformCommonRulesExample 2022-11-29T13:56:25Z logger.go:66:         },
TestTerraformCommonRulesExample 2022-11-29T13:56:25Z logger.go:66:       - {
TestTerraformCommonRulesExample 2022-11-29T13:56:25Z logger.go:66:           - cidr_blocks              = [
TestTerraformCommonRulesExample 2022-11-29T13:56:25Z logger.go:66:               - "0.0.0.0/0",
TestTerraformCommonRulesExample 2022-11-29T13:56:25Z logger.go:66:             ]
TestTerraformCommonRulesExample 2022-11-29T13:56:25Z logger.go:66:           - description              = "HTTP from public"
TestTerraformCommonRulesExample 2022-11-29T13:56:25Z logger.go:66:           - from_port                = 80
TestTerraformCommonRulesExample 2022-11-29T13:56:25Z logger.go:66:           - id                       = "sgrule-741228279"
TestTerraformCommonRulesExample 2022-11-29T13:56:25Z logger.go:66:           - ipv6_cidr_blocks         = [
TestTerraformCommonRulesExample 2022-11-29T13:56:25Z logger.go:66:               - "::/0",
TestTerraformCommonRulesExample 2022-11-29T13:56:25Z logger.go:66:             ]
TestTerraformCommonRulesExample 2022-11-29T13:56:25Z logger.go:66:           - prefix_list_ids          = null
TestTerraformCommonRulesExample 2022-11-29T13:56:25Z logger.go:66:           - protocol                 = "tcp"
TestTerraformCommonRulesExample 2022-11-29T13:56:25Z logger.go:66:           - security_group_id        = "sg-0d90d1aab910f621a"
TestTerraformCommonRulesExample 2022-11-29T13:56:25Z logger.go:66:           - self                     = false
TestTerraformCommonRulesExample 2022-11-29T13:56:25Z logger.go:66:           - source_security_group_id = null
TestTerraformCommonRulesExample 2022-11-29T13:56:25Z logger.go:66:           - timeouts                 = null
TestTerraformCommonRulesExample 2022-11-29T13:56:25Z logger.go:66:           - to_port                  = 80
TestTerraformCommonRulesExample 2022-11-29T13:56:25Z logger.go:66:           - type                     = "ingress"
TestTerraformCommonRulesExample 2022-11-29T13:56:25Z logger.go:66:         },
TestTerraformCommonRulesExample 2022-11-29T13:56:25Z logger.go:66:     ] -> null
TestTerraformCommonRulesExample 2022-11-29T13:56:25Z logger.go:66:   - public_http_sg_id    = "sg-0d90d1aab910f621a" -> null
TestTerraformCommonRulesExample 2022-11-29T13:56:25Z logger.go:66:   - public_https_egress  = [
TestTerraformCommonRulesExample 2022-11-29T13:56:25Z logger.go:66:       - {
TestTerraformCommonRulesExample 2022-11-29T13:56:25Z logger.go:66:           - cidr_blocks              = [
TestTerraformCommonRulesExample 2022-11-29T13:56:25Z logger.go:66:               - "0.0.0.0/0",
TestTerraformCommonRulesExample 2022-11-29T13:56:25Z logger.go:66:             ]
TestTerraformCommonRulesExample 2022-11-29T13:56:25Z logger.go:66:           - description              = "All to public"
TestTerraformCommonRulesExample 2022-11-29T13:56:25Z logger.go:66:           - from_port                = 0
TestTerraformCommonRulesExample 2022-11-29T13:56:25Z logger.go:66:           - id                       = "sgrule-74810193"
TestTerraformCommonRulesExample 2022-11-29T13:56:25Z logger.go:66:           - ipv6_cidr_blocks         = [
TestTerraformCommonRulesExample 2022-11-29T13:56:25Z logger.go:66:               - "::/0",
TestTerraformCommonRulesExample 2022-11-29T13:56:25Z logger.go:66:             ]
TestTerraformCommonRulesExample 2022-11-29T13:56:25Z logger.go:66:           - prefix_list_ids          = null
TestTerraformCommonRulesExample 2022-11-29T13:56:25Z logger.go:66:           - protocol                 = "-1"
TestTerraformCommonRulesExample 2022-11-29T13:56:25Z logger.go:66:           - security_group_id        = "sg-02d411a8c58febcab"
TestTerraformCommonRulesExample 2022-11-29T13:56:25Z logger.go:66:           - self                     = false
TestTerraformCommonRulesExample 2022-11-29T13:56:25Z logger.go:66:           - source_security_group_id = null
TestTerraformCommonRulesExample 2022-11-29T13:56:25Z logger.go:66:           - timeouts                 = null
TestTerraformCommonRulesExample 2022-11-29T13:56:25Z logger.go:66:           - to_port                  = 0
TestTerraformCommonRulesExample 2022-11-29T13:56:25Z logger.go:66:           - type                     = "egress"
TestTerraformCommonRulesExample 2022-11-29T13:56:25Z logger.go:66:         },
TestTerraformCommonRulesExample 2022-11-29T13:56:25Z logger.go:66:     ] -> null
TestTerraformCommonRulesExample 2022-11-29T13:56:25Z logger.go:66:   - public_https_ingress = [
TestTerraformCommonRulesExample 2022-11-29T13:56:25Z logger.go:66:       - {
TestTerraformCommonRulesExample 2022-11-29T13:56:25Z logger.go:66:           - cidr_blocks              = null
TestTerraformCommonRulesExample 2022-11-29T13:56:25Z logger.go:66:           - description              = "All protocols to self"
TestTerraformCommonRulesExample 2022-11-29T13:56:25Z logger.go:66:           - from_port                = 0
TestTerraformCommonRulesExample 2022-11-29T13:56:25Z logger.go:66:           - id                       = "sgrule-3331571371"
TestTerraformCommonRulesExample 2022-11-29T13:56:25Z logger.go:66:           - ipv6_cidr_blocks         = null
TestTerraformCommonRulesExample 2022-11-29T13:56:25Z logger.go:66:           - prefix_list_ids          = null
TestTerraformCommonRulesExample 2022-11-29T13:56:25Z logger.go:66:           - protocol                 = "-1"
TestTerraformCommonRulesExample 2022-11-29T13:56:25Z logger.go:66:           - security_group_id        = "sg-02d411a8c58febcab"
TestTerraformCommonRulesExample 2022-11-29T13:56:25Z logger.go:66:           - self                     = true
TestTerraformCommonRulesExample 2022-11-29T13:56:25Z logger.go:66:           - source_security_group_id = null
TestTerraformCommonRulesExample 2022-11-29T13:56:25Z logger.go:66:           - timeouts                 = null
TestTerraformCommonRulesExample 2022-11-29T13:56:25Z logger.go:66:           - to_port                  = 0
TestTerraformCommonRulesExample 2022-11-29T13:56:25Z logger.go:66:           - type                     = "ingress"
TestTerraformCommonRulesExample 2022-11-29T13:56:25Z logger.go:66:         },
TestTerraformCommonRulesExample 2022-11-29T13:56:25Z logger.go:66:       - {
TestTerraformCommonRulesExample 2022-11-29T13:56:25Z logger.go:66:           - cidr_blocks              = [
TestTerraformCommonRulesExample 2022-11-29T13:56:25Z logger.go:66:               - "0.0.0.0/0",
TestTerraformCommonRulesExample 2022-11-29T13:56:25Z logger.go:66:             ]
TestTerraformCommonRulesExample 2022-11-29T13:56:25Z logger.go:66:           - description              = "HTTPS from public"
TestTerraformCommonRulesExample 2022-11-29T13:56:25Z logger.go:66:           - from_port                = 443
TestTerraformCommonRulesExample 2022-11-29T13:56:25Z logger.go:66:           - id                       = "sgrule-2308008142"
TestTerraformCommonRulesExample 2022-11-29T13:56:25Z logger.go:66:           - ipv6_cidr_blocks         = [
TestTerraformCommonRulesExample 2022-11-29T13:56:25Z logger.go:66:               - "::/0",
TestTerraformCommonRulesExample 2022-11-29T13:56:25Z logger.go:66:             ]
TestTerraformCommonRulesExample 2022-11-29T13:56:25Z logger.go:66:           - prefix_list_ids          = null
TestTerraformCommonRulesExample 2022-11-29T13:56:25Z logger.go:66:           - protocol                 = "tcp"
TestTerraformCommonRulesExample 2022-11-29T13:56:25Z logger.go:66:           - security_group_id        = "sg-02d411a8c58febcab"
TestTerraformCommonRulesExample 2022-11-29T13:56:25Z logger.go:66:           - self                     = false
TestTerraformCommonRulesExample 2022-11-29T13:56:25Z logger.go:66:           - source_security_group_id = null
TestTerraformCommonRulesExample 2022-11-29T13:56:25Z logger.go:66:           - timeouts                 = null
TestTerraformCommonRulesExample 2022-11-29T13:56:25Z logger.go:66:           - to_port                  = 443
TestTerraformCommonRulesExample 2022-11-29T13:56:25Z logger.go:66:           - type                     = "ingress"
TestTerraformCommonRulesExample 2022-11-29T13:56:25Z logger.go:66:         },
TestTerraformCommonRulesExample 2022-11-29T13:56:25Z logger.go:66:     ] -> null
TestTerraformCommonRulesExample 2022-11-29T13:56:25Z logger.go:66:   - public_https_sg_id   = "sg-02d411a8c58febcab" -> null
TestTerraformCommonRulesExample 2022-11-29T13:56:26Z logger.go:66: module.public_https_sg.aws_security_group_rule.ingress["443-443-tcp-0.0.0.0/0-::/0"]: Destroying... [id=sgrule-2308008142]
TestTerraformCommonRulesExample 2022-11-29T13:56:26Z logger.go:66: module.public_http_sg.aws_security_group_rule.ingress["80-80-tcp-0.0.0.0/0-::/0"]: Destroying... [id=sgrule-741228279]
TestTerraformCommonRulesExample 2022-11-29T13:56:26Z logger.go:66: module.public_https_sg.aws_security_group_rule.ingress["0-0-all-true"]: Destroying... [id=sgrule-3331571371]
TestTerraformCommonRulesExample 2022-11-29T13:56:26Z logger.go:66: module.public_https_sg.aws_security_group_rule.egress["0-0-all-0.0.0.0/0-::/0"]: Destroying... [id=sgrule-74810193]
TestTerraformCommonRulesExample 2022-11-29T13:56:26Z logger.go:66: module.public_http_sg.aws_security_group_rule.ingress["0-0-all-true"]: Destroying... [id=sgrule-4210906840]
TestTerraformCommonRulesExample 2022-11-29T13:56:26Z logger.go:66: module.public_http_sg.aws_security_group_rule.egress["0-0-all-0.0.0.0/0-::/0"]: Destroying... [id=sgrule-2732692799]
TestTerraformCommonRulesExample 2022-11-29T13:56:27Z logger.go:66: module.public_https_sg.aws_security_group_rule.ingress["0-0-all-true"]: Destruction complete after 0s
TestTerraformCommonRulesExample 2022-11-29T13:56:27Z logger.go:66: module.public_http_sg.aws_security_group_rule.ingress["80-80-tcp-0.0.0.0/0-::/0"]: Destruction complete after 0s
TestTerraformCommonRulesExample 2022-11-29T13:56:27Z logger.go:66: module.public_https_sg.aws_security_group_rule.ingress["443-443-tcp-0.0.0.0/0-::/0"]: Destruction complete after 1s
TestTerraformCommonRulesExample 2022-11-29T13:56:27Z logger.go:66: module.public_http_sg.aws_security_group_rule.ingress["0-0-all-true"]: Destruction complete after 1s
TestTerraformCommonRulesExample 2022-11-29T13:56:28Z logger.go:66: module.public_https_sg.aws_security_group_rule.egress["0-0-all-0.0.0.0/0-::/0"]: Destruction complete after 1s
TestTerraformCommonRulesExample 2022-11-29T13:56:28Z logger.go:66: module.public_https_sg.aws_security_group.self[0]: Destroying... [id=sg-02d411a8c58febcab]
TestTerraformCommonRulesExample 2022-11-29T13:56:28Z logger.go:66: module.public_http_sg.aws_security_group_rule.egress["0-0-all-0.0.0.0/0-::/0"]: Destruction complete after 1s
TestTerraformCommonRulesExample 2022-11-29T13:56:28Z logger.go:66: module.public_http_sg.aws_security_group.self[0]: Destroying... [id=sg-0d90d1aab910f621a]
TestTerraformCommonRulesExample 2022-11-29T13:56:29Z logger.go:66: module.public_http_sg.aws_security_group.self[0]: Destruction complete after 1s
TestTerraformCommonRulesExample 2022-11-29T13:56:29Z logger.go:66: module.public_https_sg.aws_security_group.self[0]: Destruction complete after 1s
TestTerraformCommonRulesExample 2022-11-29T13:56:29Z logger.go:66:
TestTerraformCommonRulesExample 2022-11-29T13:56:29Z logger.go:66: Destroy complete! Resources: 8 destroyed.
--- PASS: TestTerraformCommonRulesExample (27.61s)
PASS
ok  	command-line-arguments	27.636s
