=== RUN   TestTerraformMatrixRulesExample
TestTerraformMatrixRulesExample 2022-09-26T16:47:14Z retry.go:91: terraform [init -upgrade=false]
TestTerraformMatrixRulesExample 2022-09-26T16:47:14Z logger.go:66: Running command terraform with args [init -upgrade=false]
TestTerraformMatrixRulesExample 2022-09-26T16:47:14Z logger.go:66: [0m[1mInitializing modules...[0m
TestTerraformMatrixRulesExample 2022-09-26T16:47:14Z logger.go:66:
TestTerraformMatrixRulesExample 2022-09-26T16:47:14Z logger.go:66: [0m[1mInitializing the backend...[0m
TestTerraformMatrixRulesExample 2022-09-26T16:47:15Z logger.go:66:
TestTerraformMatrixRulesExample 2022-09-26T16:47:15Z logger.go:66: [0m[1mInitializing provider plugins...[0m
TestTerraformMatrixRulesExample 2022-09-26T16:47:15Z logger.go:66: - Reusing previous version of hashicorp/aws from the dependency lock file
TestTerraformMatrixRulesExample 2022-09-26T16:47:16Z logger.go:66: - Using previously-installed hashicorp/aws v4.27.0
TestTerraformMatrixRulesExample 2022-09-26T16:47:16Z logger.go:66:
TestTerraformMatrixRulesExample 2022-09-26T16:47:16Z logger.go:66: [0m[1m[32mTerraform has been successfully initialized![0m[32m[0m
TestTerraformMatrixRulesExample 2022-09-26T16:47:16Z logger.go:66: [0m[32m
TestTerraformMatrixRulesExample 2022-09-26T16:47:16Z logger.go:66: You may now begin working with Terraform. Try running "terraform plan" to see
TestTerraformMatrixRulesExample 2022-09-26T16:47:16Z logger.go:66: any changes that are required for your infrastructure. All Terraform commands
TestTerraformMatrixRulesExample 2022-09-26T16:47:16Z logger.go:66: should now work.
TestTerraformMatrixRulesExample 2022-09-26T16:47:16Z logger.go:66:
TestTerraformMatrixRulesExample 2022-09-26T16:47:16Z logger.go:66: If you ever set or change modules or backend configuration for Terraform,
TestTerraformMatrixRulesExample 2022-09-26T16:47:16Z logger.go:66: rerun this command to reinitialize your working directory. If you forget, other
TestTerraformMatrixRulesExample 2022-09-26T16:47:16Z logger.go:66: commands will detect it and remind you to do so if necessary.[0m
TestTerraformMatrixRulesExample 2022-09-26T16:47:16Z retry.go:91: terraform [apply -input=false -auto-approve -no-color -lock=false]
TestTerraformMatrixRulesExample 2022-09-26T16:47:16Z logger.go:66: Running command terraform with args [apply -input=false -auto-approve -no-color -lock=false]
TestTerraformMatrixRulesExample 2022-09-26T16:47:19Z logger.go:66: data.aws_vpc.default: Reading...
TestTerraformMatrixRulesExample 2022-09-26T16:47:19Z logger.go:66: data.aws_prefix_list.private_s3: Reading...
TestTerraformMatrixRulesExample 2022-09-26T16:47:20Z logger.go:66: data.aws_prefix_list.private_s3: Read complete after 0s [id=pl-1111111111111111]
TestTerraformMatrixRulesExample 2022-09-26T16:47:20Z logger.go:66: data.aws_vpc.default: Read complete after 0s [id=vpc-1111111111111111]
TestTerraformMatrixRulesExample 2022-09-26T16:47:20Z logger.go:66: data.aws_security_group.default: Reading...
TestTerraformMatrixRulesExample 2022-09-26T16:47:20Z logger.go:66: data.aws_security_group.default: Read complete after 1s [id=sg-1111111111111111]
TestTerraformMatrixRulesExample 2022-09-26T16:47:20Z logger.go:66:
TestTerraformMatrixRulesExample 2022-09-26T16:47:20Z logger.go:66: Terraform used the selected providers to generate the following execution
TestTerraformMatrixRulesExample 2022-09-26T16:47:20Z logger.go:66: plan. Resource actions are indicated with the following symbols:
TestTerraformMatrixRulesExample 2022-09-26T16:47:20Z logger.go:66:   + create
TestTerraformMatrixRulesExample 2022-09-26T16:47:20Z logger.go:66:
TestTerraformMatrixRulesExample 2022-09-26T16:47:20Z logger.go:66: Terraform will perform the following actions:
TestTerraformMatrixRulesExample 2022-09-26T16:47:20Z logger.go:66:
TestTerraformMatrixRulesExample 2022-09-26T16:47:20Z logger.go:66:   # aws_ec2_managed_prefix_list.other will be created
TestTerraformMatrixRulesExample 2022-09-26T16:47:20Z logger.go:66:   + resource "aws_ec2_managed_prefix_list" "other" {
TestTerraformMatrixRulesExample 2022-09-26T16:47:20Z logger.go:66:       + address_family = "IPv4"
TestTerraformMatrixRulesExample 2022-09-26T16:47:20Z logger.go:66:       + arn            = (known after apply)
TestTerraformMatrixRulesExample 2022-09-26T16:47:20Z logger.go:66:       + id             = (known after apply)
TestTerraformMatrixRulesExample 2022-09-26T16:47:20Z logger.go:66:       + max_entries    = 5
TestTerraformMatrixRulesExample 2022-09-26T16:47:20Z logger.go:66:       + name           = "ex-matrix-other"
TestTerraformMatrixRulesExample 2022-09-26T16:47:20Z logger.go:66:       + owner_id       = (known after apply)
TestTerraformMatrixRulesExample 2022-09-26T16:47:20Z logger.go:66:       + tags_all       = {
TestTerraformMatrixRulesExample 2022-09-26T16:47:20Z logger.go:66:           + "Example"    = "ex-matrix"
TestTerraformMatrixRulesExample 2022-09-26T16:47:20Z logger.go:66:           + "GithubOrg"  = "aidanmelen"
TestTerraformMatrixRulesExample 2022-09-26T16:47:20Z logger.go:66:           + "GithubRepo" = "terraform-aws-security-group"
TestTerraformMatrixRulesExample 2022-09-26T16:47:20Z logger.go:66:         }
TestTerraformMatrixRulesExample 2022-09-26T16:47:20Z logger.go:66:       + version        = (known after apply)
TestTerraformMatrixRulesExample 2022-09-26T16:47:20Z logger.go:66:
TestTerraformMatrixRulesExample 2022-09-26T16:47:20Z logger.go:66:       + entry {
TestTerraformMatrixRulesExample 2022-09-26T16:47:20Z logger.go:66:           + cidr        = "172.31.0.0/16"
TestTerraformMatrixRulesExample 2022-09-26T16:47:20Z logger.go:66:           + description = "Primary"
TestTerraformMatrixRulesExample 2022-09-26T16:47:20Z logger.go:66:         }
TestTerraformMatrixRulesExample 2022-09-26T16:47:20Z logger.go:66:     }
TestTerraformMatrixRulesExample 2022-09-26T16:47:20Z logger.go:66:
TestTerraformMatrixRulesExample 2022-09-26T16:47:20Z logger.go:66:   # aws_security_group.other will be created
TestTerraformMatrixRulesExample 2022-09-26T16:47:20Z logger.go:66:   + resource "aws_security_group" "other" {
TestTerraformMatrixRulesExample 2022-09-26T16:47:20Z logger.go:66:       + arn                    = (known after apply)
TestTerraformMatrixRulesExample 2022-09-26T16:47:20Z logger.go:66:       + description            = "ex-matrix-other"
TestTerraformMatrixRulesExample 2022-09-26T16:47:20Z logger.go:66:       + egress                 = (known after apply)
TestTerraformMatrixRulesExample 2022-09-26T16:47:20Z logger.go:66:       + id                     = (known after apply)
TestTerraformMatrixRulesExample 2022-09-26T16:47:20Z logger.go:66:       + ingress                = (known after apply)
TestTerraformMatrixRulesExample 2022-09-26T16:47:20Z logger.go:66:       + name                   = "ex-matrix-other"
TestTerraformMatrixRulesExample 2022-09-26T16:47:20Z logger.go:66:       + name_prefix            = (known after apply)
TestTerraformMatrixRulesExample 2022-09-26T16:47:20Z logger.go:66:       + owner_id               = (known after apply)
TestTerraformMatrixRulesExample 2022-09-26T16:47:20Z logger.go:66:       + revoke_rules_on_delete = false
TestTerraformMatrixRulesExample 2022-09-26T16:47:20Z logger.go:66:       + tags                   = {
TestTerraformMatrixRulesExample 2022-09-26T16:47:20Z logger.go:66:           + "Name" = "ex-matrix-other"
TestTerraformMatrixRulesExample 2022-09-26T16:47:20Z logger.go:66:         }
TestTerraformMatrixRulesExample 2022-09-26T16:47:20Z logger.go:66:       + tags_all               = {
TestTerraformMatrixRulesExample 2022-09-26T16:47:20Z logger.go:66:           + "Example"    = "ex-matrix"
TestTerraformMatrixRulesExample 2022-09-26T16:47:20Z logger.go:66:           + "GithubOrg"  = "aidanmelen"
TestTerraformMatrixRulesExample 2022-09-26T16:47:20Z logger.go:66:           + "GithubRepo" = "terraform-aws-security-group"
TestTerraformMatrixRulesExample 2022-09-26T16:47:20Z logger.go:66:           + "Name"       = "ex-matrix-other"
TestTerraformMatrixRulesExample 2022-09-26T16:47:20Z logger.go:66:         }
TestTerraformMatrixRulesExample 2022-09-26T16:47:20Z logger.go:66:       + vpc_id                 = "vpc-1111111111111111"
TestTerraformMatrixRulesExample 2022-09-26T16:47:20Z logger.go:66:     }
TestTerraformMatrixRulesExample 2022-09-26T16:47:20Z logger.go:66:
TestTerraformMatrixRulesExample 2022-09-26T16:47:20Z logger.go:66:   # module.security_group.aws_security_group.self[0] will be created
TestTerraformMatrixRulesExample 2022-09-26T16:47:20Z logger.go:66:   + resource "aws_security_group" "self" {
TestTerraformMatrixRulesExample 2022-09-26T16:47:20Z logger.go:66:       + arn                    = (known after apply)
TestTerraformMatrixRulesExample 2022-09-26T16:47:20Z logger.go:66:       + description            = "Managed by Terraform"
TestTerraformMatrixRulesExample 2022-09-26T16:47:20Z logger.go:66:       + egress                 = (known after apply)
TestTerraformMatrixRulesExample 2022-09-26T16:47:20Z logger.go:66:       + id                     = (known after apply)
TestTerraformMatrixRulesExample 2022-09-26T16:47:20Z logger.go:66:       + ingress                = (known after apply)
TestTerraformMatrixRulesExample 2022-09-26T16:47:20Z logger.go:66:       + name                   = "ex-matrix"
TestTerraformMatrixRulesExample 2022-09-26T16:47:20Z logger.go:66:       + name_prefix            = (known after apply)
TestTerraformMatrixRulesExample 2022-09-26T16:47:20Z logger.go:66:       + owner_id               = (known after apply)
TestTerraformMatrixRulesExample 2022-09-26T16:47:20Z logger.go:66:       + revoke_rules_on_delete = false
TestTerraformMatrixRulesExample 2022-09-26T16:47:20Z logger.go:66:       + tags                   = {
TestTerraformMatrixRulesExample 2022-09-26T16:47:20Z logger.go:66:           + "Name" = "ex-matrix"
TestTerraformMatrixRulesExample 2022-09-26T16:47:20Z logger.go:66:         }
TestTerraformMatrixRulesExample 2022-09-26T16:47:20Z logger.go:66:       + tags_all               = {
TestTerraformMatrixRulesExample 2022-09-26T16:47:20Z logger.go:66:           + "Example"    = "ex-matrix"
TestTerraformMatrixRulesExample 2022-09-26T16:47:20Z logger.go:66:           + "GithubOrg"  = "aidanmelen"
TestTerraformMatrixRulesExample 2022-09-26T16:47:20Z logger.go:66:           + "GithubRepo" = "terraform-aws-security-group"
TestTerraformMatrixRulesExample 2022-09-26T16:47:20Z logger.go:66:           + "Name"       = "ex-matrix"
TestTerraformMatrixRulesExample 2022-09-26T16:47:20Z logger.go:66:         }
TestTerraformMatrixRulesExample 2022-09-26T16:47:20Z logger.go:66:       + vpc_id                 = "vpc-1111111111111111"
TestTerraformMatrixRulesExample 2022-09-26T16:47:20Z logger.go:66:
TestTerraformMatrixRulesExample 2022-09-26T16:47:20Z logger.go:66:       + timeouts {
TestTerraformMatrixRulesExample 2022-09-26T16:47:20Z logger.go:66:           + create = "10m"
TestTerraformMatrixRulesExample 2022-09-26T16:47:20Z logger.go:66:           + delete = "15m"
TestTerraformMatrixRulesExample 2022-09-26T16:47:20Z logger.go:66:         }
TestTerraformMatrixRulesExample 2022-09-26T16:47:20Z logger.go:66:     }
TestTerraformMatrixRulesExample 2022-09-26T16:47:20Z logger.go:66:
TestTerraformMatrixRulesExample 2022-09-26T16:47:20Z logger.go:66:   # module.security_group.aws_security_group_rule.matrix_egress["10.0.0.0/24-10.0.1.0/24-managed-by-terraform-https-443-tcp-egress"] will be created
TestTerraformMatrixRulesExample 2022-09-26T16:47:20Z logger.go:66:   + resource "aws_security_group_rule" "matrix_egress" {
TestTerraformMatrixRulesExample 2022-09-26T16:47:20Z logger.go:66:       + cidr_blocks              = [
TestTerraformMatrixRulesExample 2022-09-26T16:47:20Z logger.go:66:           + "10.0.0.0/24",
TestTerraformMatrixRulesExample 2022-09-26T16:47:20Z logger.go:66:           + "10.0.1.0/24",
TestTerraformMatrixRulesExample 2022-09-26T16:47:20Z logger.go:66:         ]
TestTerraformMatrixRulesExample 2022-09-26T16:47:20Z logger.go:66:       + description              = "managed by Terraform"
TestTerraformMatrixRulesExample 2022-09-26T16:47:20Z logger.go:66:       + from_port                = 443
TestTerraformMatrixRulesExample 2022-09-26T16:47:20Z logger.go:66:       + id                       = (known after apply)
TestTerraformMatrixRulesExample 2022-09-26T16:47:20Z logger.go:66:       + protocol                 = "tcp"
TestTerraformMatrixRulesExample 2022-09-26T16:47:20Z logger.go:66:       + security_group_id        = (known after apply)
TestTerraformMatrixRulesExample 2022-09-26T16:47:20Z logger.go:66:       + self                     = false
TestTerraformMatrixRulesExample 2022-09-26T16:47:20Z logger.go:66:       + source_security_group_id = (known after apply)
TestTerraformMatrixRulesExample 2022-09-26T16:47:20Z logger.go:66:       + to_port                  = 443
TestTerraformMatrixRulesExample 2022-09-26T16:47:20Z logger.go:66:       + type                     = "egress"
TestTerraformMatrixRulesExample 2022-09-26T16:47:20Z logger.go:66:     }
TestTerraformMatrixRulesExample 2022-09-26T16:47:20Z logger.go:66:
TestTerraformMatrixRulesExample 2022-09-26T16:47:20Z logger.go:66:   # module.security_group.aws_security_group_rule.matrix_egress["managed-by-terraform-https-443-tcp-sg-1111111111111111-egress"] will be created
TestTerraformMatrixRulesExample 2022-09-26T16:47:20Z logger.go:66:   + resource "aws_security_group_rule" "matrix_egress" {
TestTerraformMatrixRulesExample 2022-09-26T16:47:20Z logger.go:66:       + description              = "managed by Terraform"
TestTerraformMatrixRulesExample 2022-09-26T16:47:20Z logger.go:66:       + from_port                = 443
TestTerraformMatrixRulesExample 2022-09-26T16:47:20Z logger.go:66:       + id                       = (known after apply)
TestTerraformMatrixRulesExample 2022-09-26T16:47:20Z logger.go:66:       + protocol                 = "tcp"
TestTerraformMatrixRulesExample 2022-09-26T16:47:20Z logger.go:66:       + security_group_id        = (known after apply)
TestTerraformMatrixRulesExample 2022-09-26T16:47:20Z logger.go:66:       + self                     = false
TestTerraformMatrixRulesExample 2022-09-26T16:47:20Z logger.go:66:       + source_security_group_id = "sg-1111111111111111"
TestTerraformMatrixRulesExample 2022-09-26T16:47:20Z logger.go:66:       + to_port                  = 443
TestTerraformMatrixRulesExample 2022-09-26T16:47:20Z logger.go:66:       + type                     = "egress"
TestTerraformMatrixRulesExample 2022-09-26T16:47:20Z logger.go:66:     }
TestTerraformMatrixRulesExample 2022-09-26T16:47:20Z logger.go:66:
TestTerraformMatrixRulesExample 2022-09-26T16:47:20Z logger.go:66:   # module.security_group.aws_security_group_rule.matrix_ingress["10.0.0.0/24-10.0.1.0/24-matrix-default-rule-example-80-pl-1111111111111111-tcp-80-ingress"] will be created
TestTerraformMatrixRulesExample 2022-09-26T16:47:20Z logger.go:66:   + resource "aws_security_group_rule" "matrix_ingress" {
TestTerraformMatrixRulesExample 2022-09-26T16:47:20Z logger.go:66:       + cidr_blocks              = [
TestTerraformMatrixRulesExample 2022-09-26T16:47:20Z logger.go:66:           + "10.0.0.0/24",
TestTerraformMatrixRulesExample 2022-09-26T16:47:20Z logger.go:66:           + "10.0.1.0/24",
TestTerraformMatrixRulesExample 2022-09-26T16:47:20Z logger.go:66:         ]
TestTerraformMatrixRulesExample 2022-09-26T16:47:20Z logger.go:66:       + description              = "matrix default rule example"
TestTerraformMatrixRulesExample 2022-09-26T16:47:20Z logger.go:66:       + from_port                = 80
TestTerraformMatrixRulesExample 2022-09-26T16:47:20Z logger.go:66:       + id                       = (known after apply)
TestTerraformMatrixRulesExample 2022-09-26T16:47:20Z logger.go:66:       + ipv6_cidr_blocks         = []
TestTerraformMatrixRulesExample 2022-09-26T16:47:20Z logger.go:66:       + prefix_list_ids          = [
TestTerraformMatrixRulesExample 2022-09-26T16:47:20Z logger.go:66:           + "pl-1111111111111111",
TestTerraformMatrixRulesExample 2022-09-26T16:47:20Z logger.go:66:         ]
TestTerraformMatrixRulesExample 2022-09-26T16:47:20Z logger.go:66:       + protocol                 = "tcp"
TestTerraformMatrixRulesExample 2022-09-26T16:47:20Z logger.go:66:       + security_group_id        = (known after apply)
TestTerraformMatrixRulesExample 2022-09-26T16:47:20Z logger.go:66:       + self                     = false
TestTerraformMatrixRulesExample 2022-09-26T16:47:20Z logger.go:66:       + source_security_group_id = (known after apply)
TestTerraformMatrixRulesExample 2022-09-26T16:47:20Z logger.go:66:       + to_port                  = 80
TestTerraformMatrixRulesExample 2022-09-26T16:47:20Z logger.go:66:       + type                     = "ingress"
TestTerraformMatrixRulesExample 2022-09-26T16:47:20Z logger.go:66:     }
TestTerraformMatrixRulesExample 2022-09-26T16:47:20Z logger.go:66:
TestTerraformMatrixRulesExample 2022-09-26T16:47:20Z logger.go:66:   # module.security_group.aws_security_group_rule.matrix_ingress["10.0.0.0/24-10.0.1.0/24-matrix-default-rule-example-pl-1111111111111111-https-443-tcp-ingress"] will be created
TestTerraformMatrixRulesExample 2022-09-26T16:47:20Z logger.go:66:   + resource "aws_security_group_rule" "matrix_ingress" {
TestTerraformMatrixRulesExample 2022-09-26T16:47:20Z logger.go:66:       + cidr_blocks              = [
TestTerraformMatrixRulesExample 2022-09-26T16:47:20Z logger.go:66:           + "10.0.0.0/24",
TestTerraformMatrixRulesExample 2022-09-26T16:47:20Z logger.go:66:           + "10.0.1.0/24",
TestTerraformMatrixRulesExample 2022-09-26T16:47:20Z logger.go:66:         ]
TestTerraformMatrixRulesExample 2022-09-26T16:47:20Z logger.go:66:       + description              = "matrix default rule example"
TestTerraformMatrixRulesExample 2022-09-26T16:47:20Z logger.go:66:       + from_port                = 443
TestTerraformMatrixRulesExample 2022-09-26T16:47:20Z logger.go:66:       + id                       = (known after apply)
TestTerraformMatrixRulesExample 2022-09-26T16:47:20Z logger.go:66:       + ipv6_cidr_blocks         = []
TestTerraformMatrixRulesExample 2022-09-26T16:47:20Z logger.go:66:       + prefix_list_ids          = [
TestTerraformMatrixRulesExample 2022-09-26T16:47:20Z logger.go:66:           + "pl-1111111111111111",
TestTerraformMatrixRulesExample 2022-09-26T16:47:20Z logger.go:66:         ]
TestTerraformMatrixRulesExample 2022-09-26T16:47:20Z logger.go:66:       + protocol                 = "tcp"
TestTerraformMatrixRulesExample 2022-09-26T16:47:20Z logger.go:66:       + security_group_id        = (known after apply)
TestTerraformMatrixRulesExample 2022-09-26T16:47:20Z logger.go:66:       + self                     = false
TestTerraformMatrixRulesExample 2022-09-26T16:47:20Z logger.go:66:       + source_security_group_id = (known after apply)
TestTerraformMatrixRulesExample 2022-09-26T16:47:20Z logger.go:66:       + to_port                  = 443
TestTerraformMatrixRulesExample 2022-09-26T16:47:20Z logger.go:66:       + type                     = "ingress"
TestTerraformMatrixRulesExample 2022-09-26T16:47:20Z logger.go:66:     }
TestTerraformMatrixRulesExample 2022-09-26T16:47:20Z logger.go:66:
TestTerraformMatrixRulesExample 2022-09-26T16:47:20Z logger.go:66:   # module.security_group.aws_security_group_rule.matrix_ingress["matrix-default-rule-example-80-tcp-sg-1111111111111111-80-ingress"] will be created
TestTerraformMatrixRulesExample 2022-09-26T16:47:20Z logger.go:66:   + resource "aws_security_group_rule" "matrix_ingress" {
TestTerraformMatrixRulesExample 2022-09-26T16:47:20Z logger.go:66:       + description              = "matrix default rule example"
TestTerraformMatrixRulesExample 2022-09-26T16:47:20Z logger.go:66:       + from_port                = 80
TestTerraformMatrixRulesExample 2022-09-26T16:47:20Z logger.go:66:       + id                       = (known after apply)
TestTerraformMatrixRulesExample 2022-09-26T16:47:20Z logger.go:66:       + protocol                 = "tcp"
TestTerraformMatrixRulesExample 2022-09-26T16:47:20Z logger.go:66:       + security_group_id        = (known after apply)
TestTerraformMatrixRulesExample 2022-09-26T16:47:20Z logger.go:66:       + self                     = false
TestTerraformMatrixRulesExample 2022-09-26T16:47:20Z logger.go:66:       + source_security_group_id = "sg-1111111111111111"
TestTerraformMatrixRulesExample 2022-09-26T16:47:20Z logger.go:66:       + to_port                  = 80
TestTerraformMatrixRulesExample 2022-09-26T16:47:20Z logger.go:66:       + type                     = "ingress"
TestTerraformMatrixRulesExample 2022-09-26T16:47:20Z logger.go:66:     }
TestTerraformMatrixRulesExample 2022-09-26T16:47:20Z logger.go:66:
TestTerraformMatrixRulesExample 2022-09-26T16:47:20Z logger.go:66:   # module.security_group.aws_security_group_rule.matrix_ingress["matrix-default-rule-example-80-tcp-true-80-ingress"] will be created
TestTerraformMatrixRulesExample 2022-09-26T16:47:20Z logger.go:66:   + resource "aws_security_group_rule" "matrix_ingress" {
TestTerraformMatrixRulesExample 2022-09-26T16:47:20Z logger.go:66:       + description              = "matrix default rule example"
TestTerraformMatrixRulesExample 2022-09-26T16:47:20Z logger.go:66:       + from_port                = 80
TestTerraformMatrixRulesExample 2022-09-26T16:47:20Z logger.go:66:       + id                       = (known after apply)
TestTerraformMatrixRulesExample 2022-09-26T16:47:20Z logger.go:66:       + protocol                 = "tcp"
TestTerraformMatrixRulesExample 2022-09-26T16:47:20Z logger.go:66:       + security_group_id        = (known after apply)
TestTerraformMatrixRulesExample 2022-09-26T16:47:20Z logger.go:66:       + self                     = true
TestTerraformMatrixRulesExample 2022-09-26T16:47:20Z logger.go:66:       + source_security_group_id = (known after apply)
TestTerraformMatrixRulesExample 2022-09-26T16:47:20Z logger.go:66:       + to_port                  = 80
TestTerraformMatrixRulesExample 2022-09-26T16:47:20Z logger.go:66:       + type                     = "ingress"
TestTerraformMatrixRulesExample 2022-09-26T16:47:20Z logger.go:66:     }
TestTerraformMatrixRulesExample 2022-09-26T16:47:20Z logger.go:66:
TestTerraformMatrixRulesExample 2022-09-26T16:47:20Z logger.go:66:   # module.security_group.aws_security_group_rule.matrix_ingress["matrix-default-rule-example-https-443-tcp-sg-1111111111111111-ingress"] will be created
TestTerraformMatrixRulesExample 2022-09-26T16:47:20Z logger.go:66:   + resource "aws_security_group_rule" "matrix_ingress" {
TestTerraformMatrixRulesExample 2022-09-26T16:47:20Z logger.go:66:       + description              = "matrix default rule example"
TestTerraformMatrixRulesExample 2022-09-26T16:47:20Z logger.go:66:       + from_port                = 443
TestTerraformMatrixRulesExample 2022-09-26T16:47:20Z logger.go:66:       + id                       = (known after apply)
TestTerraformMatrixRulesExample 2022-09-26T16:47:20Z logger.go:66:       + protocol                 = "tcp"
TestTerraformMatrixRulesExample 2022-09-26T16:47:20Z logger.go:66:       + security_group_id        = (known after apply)
TestTerraformMatrixRulesExample 2022-09-26T16:47:20Z logger.go:66:       + self                     = false
TestTerraformMatrixRulesExample 2022-09-26T16:47:20Z logger.go:66:       + source_security_group_id = "sg-1111111111111111"
TestTerraformMatrixRulesExample 2022-09-26T16:47:20Z logger.go:66:       + to_port                  = 443
TestTerraformMatrixRulesExample 2022-09-26T16:47:20Z logger.go:66:       + type                     = "ingress"
TestTerraformMatrixRulesExample 2022-09-26T16:47:20Z logger.go:66:     }
TestTerraformMatrixRulesExample 2022-09-26T16:47:20Z logger.go:66:
TestTerraformMatrixRulesExample 2022-09-26T16:47:20Z logger.go:66:   # module.security_group.aws_security_group_rule.matrix_ingress["matrix-default-rule-example-https-443-tcp-true-ingress"] will be created
TestTerraformMatrixRulesExample 2022-09-26T16:47:20Z logger.go:66:   + resource "aws_security_group_rule" "matrix_ingress" {
TestTerraformMatrixRulesExample 2022-09-26T16:47:20Z logger.go:66:       + description              = "matrix default rule example"
TestTerraformMatrixRulesExample 2022-09-26T16:47:20Z logger.go:66:       + from_port                = 443
TestTerraformMatrixRulesExample 2022-09-26T16:47:20Z logger.go:66:       + id                       = (known after apply)
TestTerraformMatrixRulesExample 2022-09-26T16:47:20Z logger.go:66:       + protocol                 = "tcp"
TestTerraformMatrixRulesExample 2022-09-26T16:47:20Z logger.go:66:       + security_group_id        = (known after apply)
TestTerraformMatrixRulesExample 2022-09-26T16:47:20Z logger.go:66:       + self                     = true
TestTerraformMatrixRulesExample 2022-09-26T16:47:20Z logger.go:66:       + source_security_group_id = (known after apply)
TestTerraformMatrixRulesExample 2022-09-26T16:47:20Z logger.go:66:       + to_port                  = 443
TestTerraformMatrixRulesExample 2022-09-26T16:47:20Z logger.go:66:       + type                     = "ingress"
TestTerraformMatrixRulesExample 2022-09-26T16:47:20Z logger.go:66:     }
TestTerraformMatrixRulesExample 2022-09-26T16:47:20Z logger.go:66:
TestTerraformMatrixRulesExample 2022-09-26T16:47:20Z logger.go:66: Plan: 11 to add, 0 to change, 0 to destroy.
TestTerraformMatrixRulesExample 2022-09-26T16:47:20Z logger.go:66:
TestTerraformMatrixRulesExample 2022-09-26T16:47:20Z logger.go:66: Changes to Outputs:
TestTerraformMatrixRulesExample 2022-09-26T16:47:20Z logger.go:66:   + arn       = (known after apply)
TestTerraformMatrixRulesExample 2022-09-26T16:47:20Z logger.go:66:   + egress    = (known after apply)
TestTerraformMatrixRulesExample 2022-09-26T16:47:20Z logger.go:66:   + id        = (known after apply)
TestTerraformMatrixRulesExample 2022-09-26T16:47:20Z logger.go:66:   + ingress   = (known after apply)
TestTerraformMatrixRulesExample 2022-09-26T16:47:20Z logger.go:66:   + terratest = {
TestTerraformMatrixRulesExample 2022-09-26T16:47:20Z logger.go:66:       + data_aws_prefix_list_private_s3_id = "pl-1111111111111111"
TestTerraformMatrixRulesExample 2022-09-26T16:47:20Z logger.go:66:       + data_aws_security_group_default_id = "sg-1111111111111111"
TestTerraformMatrixRulesExample 2022-09-26T16:47:20Z logger.go:66:     }
TestTerraformMatrixRulesExample 2022-09-26T16:47:22Z logger.go:66: aws_security_group.other: Creating...
TestTerraformMatrixRulesExample 2022-09-26T16:47:22Z logger.go:66: aws_ec2_managed_prefix_list.other: Creating...
TestTerraformMatrixRulesExample 2022-09-26T16:47:22Z logger.go:66: module.security_group.aws_security_group.self[0]: Creating...
TestTerraformMatrixRulesExample 2022-09-26T16:47:23Z logger.go:66: aws_ec2_managed_prefix_list.other: Creation complete after 1s [id=pl-1111111111111111]
TestTerraformMatrixRulesExample 2022-09-26T16:47:24Z logger.go:66: module.security_group.aws_security_group.self[0]: Creation complete after 2s [id=sg-1111111111111111]
TestTerraformMatrixRulesExample 2022-09-26T16:47:24Z logger.go:66: module.security_group.aws_security_group_rule.matrix_ingress["10.0.0.0/24-10.0.1.0/24-matrix-default-rule-example-pl-1111111111111111-https-443-tcp-ingress"]: Creating...
TestTerraformMatrixRulesExample 2022-09-26T16:47:24Z logger.go:66: module.security_group.aws_security_group_rule.matrix_ingress["matrix-default-rule-example-https-443-tcp-true-ingress"]: Creating...
TestTerraformMatrixRulesExample 2022-09-26T16:47:24Z logger.go:66: module.security_group.aws_security_group_rule.matrix_egress["managed-by-terraform-https-443-tcp-sg-1111111111111111-egress"]: Creating...
TestTerraformMatrixRulesExample 2022-09-26T16:47:24Z logger.go:66: module.security_group.aws_security_group_rule.matrix_ingress["matrix-default-rule-example-80-tcp-sg-1111111111111111-80-ingress"]: Creating...
TestTerraformMatrixRulesExample 2022-09-26T16:47:24Z logger.go:66: module.security_group.aws_security_group_rule.matrix_egress["10.0.0.0/24-10.0.1.0/24-managed-by-terraform-https-443-tcp-egress"]: Creating...
TestTerraformMatrixRulesExample 2022-09-26T16:47:24Z logger.go:66: module.security_group.aws_security_group_rule.matrix_ingress["matrix-default-rule-example-80-tcp-true-80-ingress"]: Creating...
TestTerraformMatrixRulesExample 2022-09-26T16:47:24Z logger.go:66: module.security_group.aws_security_group_rule.matrix_ingress["matrix-default-rule-example-https-443-tcp-sg-1111111111111111-ingress"]: Creating...
TestTerraformMatrixRulesExample 2022-09-26T16:47:24Z logger.go:66: module.security_group.aws_security_group_rule.matrix_ingress["10.0.0.0/24-10.0.1.0/24-matrix-default-rule-example-80-pl-1111111111111111-tcp-80-ingress"]: Creating...
TestTerraformMatrixRulesExample 2022-09-26T16:47:24Z logger.go:66: aws_security_group.other: Creation complete after 2s [id=sg-1111111111111111]
TestTerraformMatrixRulesExample 2022-09-26T16:47:25Z logger.go:66: module.security_group.aws_security_group_rule.matrix_ingress["matrix-default-rule-example-https-443-tcp-true-ingress"]: Creation complete after 1s [id=sgrule-1111111111]
TestTerraformMatrixRulesExample 2022-09-26T16:47:26Z logger.go:66: module.security_group.aws_security_group_rule.matrix_ingress["matrix-default-rule-example-80-tcp-sg-1111111111111111-80-ingress"]: Creation complete after 2s [id=sgrule-1111111111]
TestTerraformMatrixRulesExample 2022-09-26T16:47:27Z logger.go:66: module.security_group.aws_security_group_rule.matrix_egress["managed-by-terraform-https-443-tcp-sg-1111111111111111-egress"]: Creation complete after 3s [id=sgrule-1111111111]
TestTerraformMatrixRulesExample 2022-09-26T16:47:28Z logger.go:66: module.security_group.aws_security_group_rule.matrix_egress["10.0.0.0/24-10.0.1.0/24-managed-by-terraform-https-443-tcp-egress"]: Creation complete after 4s [id=sgrule-1111111111]
TestTerraformMatrixRulesExample 2022-09-26T16:47:29Z logger.go:66: module.security_group.aws_security_group_rule.matrix_ingress["10.0.0.0/24-10.0.1.0/24-matrix-default-rule-example-pl-1111111111111111-https-443-tcp-ingress"]: Creation complete after 5s [id=sgrule-1111111111]
TestTerraformMatrixRulesExample 2022-09-26T16:47:29Z logger.go:66: module.security_group.aws_security_group_rule.matrix_ingress["matrix-default-rule-example-80-tcp-true-80-ingress"]: Creation complete after 6s [id=sgrule-1111111111]
TestTerraformMatrixRulesExample 2022-09-26T16:47:30Z logger.go:66: module.security_group.aws_security_group_rule.matrix_ingress["10.0.0.0/24-10.0.1.0/24-matrix-default-rule-example-80-pl-1111111111111111-tcp-80-ingress"]: Creation complete after 7s [id=sgrule-1111111111]
TestTerraformMatrixRulesExample 2022-09-26T16:47:31Z logger.go:66: module.security_group.aws_security_group_rule.matrix_ingress["matrix-default-rule-example-https-443-tcp-sg-1111111111111111-ingress"]: Creation complete after 7s [id=sgrule-1111111111]
TestTerraformMatrixRulesExample 2022-09-26T16:47:31Z logger.go:66:
TestTerraformMatrixRulesExample 2022-09-26T16:47:31Z logger.go:66: Apply complete! Resources: 11 added, 0 changed, 0 destroyed.
TestTerraformMatrixRulesExample 2022-09-26T16:47:31Z logger.go:66:
TestTerraformMatrixRulesExample 2022-09-26T16:47:31Z logger.go:66: Outputs:
TestTerraformMatrixRulesExample 2022-09-26T16:47:31Z logger.go:66:
TestTerraformMatrixRulesExample 2022-09-26T16:47:31Z logger.go:66: arn = "arn:aws:ec2:us-west-2:111111111111:security-group/sg-1111111111111111"
TestTerraformMatrixRulesExample 2022-09-26T16:47:31Z logger.go:66: egress = [
TestTerraformMatrixRulesExample 2022-09-26T16:47:31Z logger.go:66:   {
TestTerraformMatrixRulesExample 2022-09-26T16:47:31Z logger.go:66:     "cidr_blocks" = tolist([
TestTerraformMatrixRulesExample 2022-09-26T16:47:31Z logger.go:66:       "10.0.0.0/24",
TestTerraformMatrixRulesExample 2022-09-26T16:47:31Z logger.go:66:       "10.0.1.0/24",
TestTerraformMatrixRulesExample 2022-09-26T16:47:31Z logger.go:66:     ])
TestTerraformMatrixRulesExample 2022-09-26T16:47:31Z logger.go:66:     "description" = "managed by Terraform"
TestTerraformMatrixRulesExample 2022-09-26T16:47:31Z logger.go:66:     "from_port" = 443
TestTerraformMatrixRulesExample 2022-09-26T16:47:31Z logger.go:66:     "id" = "sgrule-1111111111"
TestTerraformMatrixRulesExample 2022-09-26T16:47:31Z logger.go:66:     "ipv6_cidr_blocks" = tolist(null) /* of string */
TestTerraformMatrixRulesExample 2022-09-26T16:47:31Z logger.go:66:     "prefix_list_ids" = tolist(null) /* of string */
TestTerraformMatrixRulesExample 2022-09-26T16:47:31Z logger.go:66:     "protocol" = "tcp"
TestTerraformMatrixRulesExample 2022-09-26T16:47:31Z logger.go:66:     "security_group_id" = "sg-1111111111111111"
TestTerraformMatrixRulesExample 2022-09-26T16:47:31Z logger.go:66:     "self" = false
TestTerraformMatrixRulesExample 2022-09-26T16:47:31Z logger.go:66:     "source_security_group_id" = tostring(null)
TestTerraformMatrixRulesExample 2022-09-26T16:47:31Z logger.go:66:     "timeouts" = null /* object */
TestTerraformMatrixRulesExample 2022-09-26T16:47:31Z logger.go:66:     "to_port" = 443
TestTerraformMatrixRulesExample 2022-09-26T16:47:31Z logger.go:66:     "type" = "egress"
TestTerraformMatrixRulesExample 2022-09-26T16:47:31Z logger.go:66:   },
TestTerraformMatrixRulesExample 2022-09-26T16:47:31Z logger.go:66:   {
TestTerraformMatrixRulesExample 2022-09-26T16:47:31Z logger.go:66:     "cidr_blocks" = tolist(null) /* of string */
TestTerraformMatrixRulesExample 2022-09-26T16:47:31Z logger.go:66:     "description" = "managed by Terraform"
TestTerraformMatrixRulesExample 2022-09-26T16:47:31Z logger.go:66:     "from_port" = 443
TestTerraformMatrixRulesExample 2022-09-26T16:47:31Z logger.go:66:     "id" = "sgrule-1111111111"
TestTerraformMatrixRulesExample 2022-09-26T16:47:31Z logger.go:66:     "ipv6_cidr_blocks" = tolist(null) /* of string */
TestTerraformMatrixRulesExample 2022-09-26T16:47:31Z logger.go:66:     "prefix_list_ids" = tolist(null) /* of string */
TestTerraformMatrixRulesExample 2022-09-26T16:47:31Z logger.go:66:     "protocol" = "tcp"
TestTerraformMatrixRulesExample 2022-09-26T16:47:31Z logger.go:66:     "security_group_id" = "sg-1111111111111111"
TestTerraformMatrixRulesExample 2022-09-26T16:47:31Z logger.go:66:     "self" = false
TestTerraformMatrixRulesExample 2022-09-26T16:47:31Z logger.go:66:     "source_security_group_id" = "sg-1111111111111111"
TestTerraformMatrixRulesExample 2022-09-26T16:47:31Z logger.go:66:     "timeouts" = null /* object */
TestTerraformMatrixRulesExample 2022-09-26T16:47:31Z logger.go:66:     "to_port" = 443
TestTerraformMatrixRulesExample 2022-09-26T16:47:31Z logger.go:66:     "type" = "egress"
TestTerraformMatrixRulesExample 2022-09-26T16:47:31Z logger.go:66:   },
TestTerraformMatrixRulesExample 2022-09-26T16:47:31Z logger.go:66: ]
TestTerraformMatrixRulesExample 2022-09-26T16:47:31Z logger.go:66: id = "sg-1111111111111111"
TestTerraformMatrixRulesExample 2022-09-26T16:47:31Z logger.go:66: ingress = [
TestTerraformMatrixRulesExample 2022-09-26T16:47:31Z logger.go:66:   {
TestTerraformMatrixRulesExample 2022-09-26T16:47:31Z logger.go:66:     "cidr_blocks" = tolist([
TestTerraformMatrixRulesExample 2022-09-26T16:47:31Z logger.go:66:       "10.0.0.0/24",
TestTerraformMatrixRulesExample 2022-09-26T16:47:31Z logger.go:66:       "10.0.1.0/24",
TestTerraformMatrixRulesExample 2022-09-26T16:47:31Z logger.go:66:     ])
TestTerraformMatrixRulesExample 2022-09-26T16:47:31Z logger.go:66:     "description" = "matrix default rule example"
TestTerraformMatrixRulesExample 2022-09-26T16:47:31Z logger.go:66:     "from_port" = 80
TestTerraformMatrixRulesExample 2022-09-26T16:47:31Z logger.go:66:     "id" = "sgrule-1111111111"
TestTerraformMatrixRulesExample 2022-09-26T16:47:31Z logger.go:66:     "ipv6_cidr_blocks" = tolist([])
TestTerraformMatrixRulesExample 2022-09-26T16:47:31Z logger.go:66:     "prefix_list_ids" = tolist([
TestTerraformMatrixRulesExample 2022-09-26T16:47:31Z logger.go:66:       "pl-1111111111111111",
TestTerraformMatrixRulesExample 2022-09-26T16:47:31Z logger.go:66:     ])
TestTerraformMatrixRulesExample 2022-09-26T16:47:31Z logger.go:66:     "protocol" = "tcp"
TestTerraformMatrixRulesExample 2022-09-26T16:47:31Z logger.go:66:     "security_group_id" = "sg-1111111111111111"
TestTerraformMatrixRulesExample 2022-09-26T16:47:31Z logger.go:66:     "self" = false
TestTerraformMatrixRulesExample 2022-09-26T16:47:31Z logger.go:66:     "source_security_group_id" = tostring(null)
TestTerraformMatrixRulesExample 2022-09-26T16:47:31Z logger.go:66:     "timeouts" = null /* object */
TestTerraformMatrixRulesExample 2022-09-26T16:47:31Z logger.go:66:     "to_port" = 80
TestTerraformMatrixRulesExample 2022-09-26T16:47:31Z logger.go:66:     "type" = "ingress"
TestTerraformMatrixRulesExample 2022-09-26T16:47:31Z logger.go:66:   },
TestTerraformMatrixRulesExample 2022-09-26T16:47:31Z logger.go:66:   {
TestTerraformMatrixRulesExample 2022-09-26T16:47:31Z logger.go:66:     "cidr_blocks" = tolist([
TestTerraformMatrixRulesExample 2022-09-26T16:47:31Z logger.go:66:       "10.0.0.0/24",
TestTerraformMatrixRulesExample 2022-09-26T16:47:31Z logger.go:66:       "10.0.1.0/24",
TestTerraformMatrixRulesExample 2022-09-26T16:47:31Z logger.go:66:     ])
TestTerraformMatrixRulesExample 2022-09-26T16:47:31Z logger.go:66:     "description" = "matrix default rule example"
TestTerraformMatrixRulesExample 2022-09-26T16:47:31Z logger.go:66:     "from_port" = 443
TestTerraformMatrixRulesExample 2022-09-26T16:47:31Z logger.go:66:     "id" = "sgrule-1111111111"
TestTerraformMatrixRulesExample 2022-09-26T16:47:31Z logger.go:66:     "ipv6_cidr_blocks" = tolist([])
TestTerraformMatrixRulesExample 2022-09-26T16:47:31Z logger.go:66:     "prefix_list_ids" = tolist([
TestTerraformMatrixRulesExample 2022-09-26T16:47:31Z logger.go:66:       "pl-1111111111111111",
TestTerraformMatrixRulesExample 2022-09-26T16:47:31Z logger.go:66:     ])
TestTerraformMatrixRulesExample 2022-09-26T16:47:31Z logger.go:66:     "protocol" = "tcp"
TestTerraformMatrixRulesExample 2022-09-26T16:47:31Z logger.go:66:     "security_group_id" = "sg-1111111111111111"
TestTerraformMatrixRulesExample 2022-09-26T16:47:31Z logger.go:66:     "self" = false
TestTerraformMatrixRulesExample 2022-09-26T16:47:31Z logger.go:66:     "source_security_group_id" = tostring(null)
TestTerraformMatrixRulesExample 2022-09-26T16:47:31Z logger.go:66:     "timeouts" = null /* object */
TestTerraformMatrixRulesExample 2022-09-26T16:47:31Z logger.go:66:     "to_port" = 443
TestTerraformMatrixRulesExample 2022-09-26T16:47:31Z logger.go:66:     "type" = "ingress"
TestTerraformMatrixRulesExample 2022-09-26T16:47:31Z logger.go:66:   },
TestTerraformMatrixRulesExample 2022-09-26T16:47:31Z logger.go:66:   {
TestTerraformMatrixRulesExample 2022-09-26T16:47:31Z logger.go:66:     "cidr_blocks" = tolist(null) /* of string */
TestTerraformMatrixRulesExample 2022-09-26T16:47:31Z logger.go:66:     "description" = "matrix default rule example"
TestTerraformMatrixRulesExample 2022-09-26T16:47:31Z logger.go:66:     "from_port" = 80
TestTerraformMatrixRulesExample 2022-09-26T16:47:31Z logger.go:66:     "id" = "sgrule-1111111111"
TestTerraformMatrixRulesExample 2022-09-26T16:47:31Z logger.go:66:     "ipv6_cidr_blocks" = tolist(null) /* of string */
TestTerraformMatrixRulesExample 2022-09-26T16:47:31Z logger.go:66:     "prefix_list_ids" = tolist(null) /* of string */
TestTerraformMatrixRulesExample 2022-09-26T16:47:31Z logger.go:66:     "protocol" = "tcp"
TestTerraformMatrixRulesExample 2022-09-26T16:47:31Z logger.go:66:     "security_group_id" = "sg-1111111111111111"
TestTerraformMatrixRulesExample 2022-09-26T16:47:31Z logger.go:66:     "self" = false
TestTerraformMatrixRulesExample 2022-09-26T16:47:31Z logger.go:66:     "source_security_group_id" = "sg-1111111111111111"
TestTerraformMatrixRulesExample 2022-09-26T16:47:31Z logger.go:66:     "timeouts" = null /* object */
TestTerraformMatrixRulesExample 2022-09-26T16:47:31Z logger.go:66:     "to_port" = 80
TestTerraformMatrixRulesExample 2022-09-26T16:47:31Z logger.go:66:     "type" = "ingress"
TestTerraformMatrixRulesExample 2022-09-26T16:47:31Z logger.go:66:   },
TestTerraformMatrixRulesExample 2022-09-26T16:47:31Z logger.go:66:   {
TestTerraformMatrixRulesExample 2022-09-26T16:47:31Z logger.go:66:     "cidr_blocks" = tolist(null) /* of string */
TestTerraformMatrixRulesExample 2022-09-26T16:47:31Z logger.go:66:     "description" = "matrix default rule example"
TestTerraformMatrixRulesExample 2022-09-26T16:47:31Z logger.go:66:     "from_port" = 80
TestTerraformMatrixRulesExample 2022-09-26T16:47:31Z logger.go:66:     "id" = "sgrule-1111111111"
TestTerraformMatrixRulesExample 2022-09-26T16:47:31Z logger.go:66:     "ipv6_cidr_blocks" = tolist(null) /* of string */
TestTerraformMatrixRulesExample 2022-09-26T16:47:31Z logger.go:66:     "prefix_list_ids" = tolist(null) /* of string */
TestTerraformMatrixRulesExample 2022-09-26T16:47:31Z logger.go:66:     "protocol" = "tcp"
TestTerraformMatrixRulesExample 2022-09-26T16:47:31Z logger.go:66:     "security_group_id" = "sg-1111111111111111"
TestTerraformMatrixRulesExample 2022-09-26T16:47:31Z logger.go:66:     "self" = true
TestTerraformMatrixRulesExample 2022-09-26T16:47:31Z logger.go:66:     "source_security_group_id" = tostring(null)
TestTerraformMatrixRulesExample 2022-09-26T16:47:31Z logger.go:66:     "timeouts" = null /* object */
TestTerraformMatrixRulesExample 2022-09-26T16:47:31Z logger.go:66:     "to_port" = 80
TestTerraformMatrixRulesExample 2022-09-26T16:47:31Z logger.go:66:     "type" = "ingress"
TestTerraformMatrixRulesExample 2022-09-26T16:47:31Z logger.go:66:   },
TestTerraformMatrixRulesExample 2022-09-26T16:47:31Z logger.go:66:   {
TestTerraformMatrixRulesExample 2022-09-26T16:47:31Z logger.go:66:     "cidr_blocks" = tolist(null) /* of string */
TestTerraformMatrixRulesExample 2022-09-26T16:47:31Z logger.go:66:     "description" = "matrix default rule example"
TestTerraformMatrixRulesExample 2022-09-26T16:47:31Z logger.go:66:     "from_port" = 443
TestTerraformMatrixRulesExample 2022-09-26T16:47:31Z logger.go:66:     "id" = "sgrule-1111111111"
TestTerraformMatrixRulesExample 2022-09-26T16:47:31Z logger.go:66:     "ipv6_cidr_blocks" = tolist(null) /* of string */
TestTerraformMatrixRulesExample 2022-09-26T16:47:31Z logger.go:66:     "prefix_list_ids" = tolist(null) /* of string */
TestTerraformMatrixRulesExample 2022-09-26T16:47:31Z logger.go:66:     "protocol" = "tcp"
TestTerraformMatrixRulesExample 2022-09-26T16:47:31Z logger.go:66:     "security_group_id" = "sg-1111111111111111"
TestTerraformMatrixRulesExample 2022-09-26T16:47:31Z logger.go:66:     "self" = false
TestTerraformMatrixRulesExample 2022-09-26T16:47:31Z logger.go:66:     "source_security_group_id" = "sg-1111111111111111"
TestTerraformMatrixRulesExample 2022-09-26T16:47:31Z logger.go:66:     "timeouts" = null /* object */
TestTerraformMatrixRulesExample 2022-09-26T16:47:31Z logger.go:66:     "to_port" = 443
TestTerraformMatrixRulesExample 2022-09-26T16:47:31Z logger.go:66:     "type" = "ingress"
TestTerraformMatrixRulesExample 2022-09-26T16:47:31Z logger.go:66:   },
TestTerraformMatrixRulesExample 2022-09-26T16:47:31Z logger.go:66:   {
TestTerraformMatrixRulesExample 2022-09-26T16:47:31Z logger.go:66:     "cidr_blocks" = tolist(null) /* of string */
TestTerraformMatrixRulesExample 2022-09-26T16:47:31Z logger.go:66:     "description" = "matrix default rule example"
TestTerraformMatrixRulesExample 2022-09-26T16:47:31Z logger.go:66:     "from_port" = 443
TestTerraformMatrixRulesExample 2022-09-26T16:47:31Z logger.go:66:     "id" = "sgrule-1111111111"
TestTerraformMatrixRulesExample 2022-09-26T16:47:31Z logger.go:66:     "ipv6_cidr_blocks" = tolist(null) /* of string */
TestTerraformMatrixRulesExample 2022-09-26T16:47:31Z logger.go:66:     "prefix_list_ids" = tolist(null) /* of string */
TestTerraformMatrixRulesExample 2022-09-26T16:47:31Z logger.go:66:     "protocol" = "tcp"
TestTerraformMatrixRulesExample 2022-09-26T16:47:31Z logger.go:66:     "security_group_id" = "sg-1111111111111111"
TestTerraformMatrixRulesExample 2022-09-26T16:47:31Z logger.go:66:     "self" = true
TestTerraformMatrixRulesExample 2022-09-26T16:47:31Z logger.go:66:     "source_security_group_id" = tostring(null)
TestTerraformMatrixRulesExample 2022-09-26T16:47:31Z logger.go:66:     "timeouts" = null /* object */
TestTerraformMatrixRulesExample 2022-09-26T16:47:31Z logger.go:66:     "to_port" = 443
TestTerraformMatrixRulesExample 2022-09-26T16:47:31Z logger.go:66:     "type" = "ingress"
TestTerraformMatrixRulesExample 2022-09-26T16:47:31Z logger.go:66:   },
TestTerraformMatrixRulesExample 2022-09-26T16:47:31Z logger.go:66: ]
TestTerraformMatrixRulesExample 2022-09-26T16:47:31Z logger.go:66: terratest = {
TestTerraformMatrixRulesExample 2022-09-26T16:47:31Z logger.go:66:   "data_aws_prefix_list_private_s3_id" = "pl-1111111111111111"
TestTerraformMatrixRulesExample 2022-09-26T16:47:31Z logger.go:66:   "data_aws_security_group_default_id" = "sg-1111111111111111"
TestTerraformMatrixRulesExample 2022-09-26T16:47:31Z logger.go:66: }
TestTerraformMatrixRulesExample 2022-09-26T16:47:31Z retry.go:91: terraform [output -no-color -json id]
TestTerraformMatrixRulesExample 2022-09-26T16:47:31Z logger.go:66: Running command terraform with args [output -no-color -json id]
TestTerraformMatrixRulesExample 2022-09-26T16:47:32Z logger.go:66: "sg-1111111111111111"
TestTerraformMatrixRulesExample 2022-09-26T16:47:32Z retry.go:91: terraform [output -no-color -json ingress]
TestTerraformMatrixRulesExample 2022-09-26T16:47:32Z logger.go:66: Running command terraform with args [output -no-color -json ingress]
TestTerraformMatrixRulesExample 2022-09-26T16:47:33Z logger.go:66: [{"cidr_blocks":["10.0.0.0/24","10.0.1.0/24"],"description":"matrix default rule example","from_port":80,"id":"sgrule-1111111111","ipv6_cidr_blocks":[],"prefix_list_ids":["pl-1111111111111111"],"protocol":"tcp","security_group_id":"sg-1111111111111111","self":false,"source_security_group_id":null,"timeouts":null,"to_port":80,"type":"ingress"},{"cidr_blocks":["10.0.0.0/24","10.0.1.0/24"],"description":"matrix default rule example","from_port":443,"id":"sgrule-1111111111","ipv6_cidr_blocks":[],"prefix_list_ids":["pl-1111111111111111"],"protocol":"tcp","security_group_id":"sg-1111111111111111","self":false,"source_security_group_id":null,"timeouts":null,"to_port":443,"type":"ingress"},{"cidr_blocks":null,"description":"matrix default rule example","from_port":80,"id":"sgrule-1111111111","ipv6_cidr_blocks":null,"prefix_list_ids":null,"protocol":"tcp","security_group_id":"sg-1111111111111111","self":false,"source_security_group_id":"sg-1111111111111111","timeouts":null,"to_port":80,"type":"ingress"},{"cidr_blocks":null,"description":"matrix default rule example","from_port":80,"id":"sgrule-1111111111","ipv6_cidr_blocks":null,"prefix_list_ids":null,"protocol":"tcp","security_group_id":"sg-1111111111111111","self":true,"source_security_group_id":null,"timeouts":null,"to_port":80,"type":"ingress"},{"cidr_blocks":null,"description":"matrix default rule example","from_port":443,"id":"sgrule-1111111111","ipv6_cidr_blocks":null,"prefix_list_ids":null,"protocol":"tcp","security_group_id":"sg-1111111111111111","self":false,"source_security_group_id":"sg-1111111111111111","timeouts":null,"to_port":443,"type":"ingress"},{"cidr_blocks":null,"description":"matrix default rule example","from_port":443,"id":"sgrule-1111111111","ipv6_cidr_blocks":null,"prefix_list_ids":null,"protocol":"tcp","security_group_id":"sg-1111111111111111","self":true,"source_security_group_id":null,"timeouts":null,"to_port":443,"type":"ingress"}]
TestTerraformMatrixRulesExample 2022-09-26T16:47:33Z retry.go:91: terraform [output -no-color -json egress]
TestTerraformMatrixRulesExample 2022-09-26T16:47:33Z logger.go:66: Running command terraform with args [output -no-color -json egress]
TestTerraformMatrixRulesExample 2022-09-26T16:47:34Z logger.go:66: [{"cidr_blocks":["10.0.0.0/24","10.0.1.0/24"],"description":"managed by Terraform","from_port":443,"id":"sgrule-1111111111","ipv6_cidr_blocks":null,"prefix_list_ids":null,"protocol":"tcp","security_group_id":"sg-1111111111111111","self":false,"source_security_group_id":null,"timeouts":null,"to_port":443,"type":"egress"},{"cidr_blocks":null,"description":"managed by Terraform","from_port":443,"id":"sgrule-1111111111","ipv6_cidr_blocks":null,"prefix_list_ids":null,"protocol":"tcp","security_group_id":"sg-1111111111111111","self":false,"source_security_group_id":"sg-1111111111111111","timeouts":null,"to_port":443,"type":"egress"}]
TestTerraformMatrixRulesExample 2022-09-26T16:47:34Z retry.go:91: terraform [output -no-color -json terratest]
TestTerraformMatrixRulesExample 2022-09-26T16:47:34Z logger.go:66: Running command terraform with args [output -no-color -json terratest]
TestTerraformMatrixRulesExample 2022-09-26T16:47:34Z logger.go:66: {"data_aws_prefix_list_private_s3_id":"pl-1111111111111111","data_aws_security_group_default_id":"sg-1111111111111111"}
TestTerraformMatrixRulesExample 2022-09-26T16:47:34Z retry.go:91: terraform [destroy -auto-approve -input=false -no-color -lock=false]
TestTerraformMatrixRulesExample 2022-09-26T16:47:34Z logger.go:66: Running command terraform with args [destroy -auto-approve -input=false -no-color -lock=false]
TestTerraformMatrixRulesExample 2022-09-26T16:47:38Z logger.go:66: data.aws_vpc.default: Reading...
TestTerraformMatrixRulesExample 2022-09-26T16:47:38Z logger.go:66: data.aws_prefix_list.private_s3: Reading...
TestTerraformMatrixRulesExample 2022-09-26T16:47:38Z logger.go:66: data.aws_prefix_list.private_s3: Read complete after 1s [id=pl-1111111111111111]
TestTerraformMatrixRulesExample 2022-09-26T16:47:39Z logger.go:66: data.aws_vpc.default: Read complete after 1s [id=vpc-1111111111111111]
TestTerraformMatrixRulesExample 2022-09-26T16:47:39Z logger.go:66: aws_security_group.other: Refreshing state... [id=sg-1111111111111111]
TestTerraformMatrixRulesExample 2022-09-26T16:47:39Z logger.go:66: aws_ec2_managed_prefix_list.other: Refreshing state... [id=pl-1111111111111111]
TestTerraformMatrixRulesExample 2022-09-26T16:47:39Z logger.go:66: data.aws_security_group.default: Reading...
TestTerraformMatrixRulesExample 2022-09-26T16:47:39Z logger.go:66: module.security_group.aws_security_group.self[0]: Refreshing state... [id=sg-1111111111111111]
TestTerraformMatrixRulesExample 2022-09-26T16:47:39Z logger.go:66: data.aws_security_group.default: Read complete after 0s [id=sg-1111111111111111]
TestTerraformMatrixRulesExample 2022-09-26T16:47:39Z logger.go:66: module.security_group.aws_security_group_rule.matrix_ingress["10.0.0.0/24-10.0.1.0/24-matrix-default-rule-example-80-pl-1111111111111111-tcp-80-ingress"]: Refreshing state... [id=sgrule-1111111111]
TestTerraformMatrixRulesExample 2022-09-26T16:47:39Z logger.go:66: module.security_group.aws_security_group_rule.matrix_ingress["10.0.0.0/24-10.0.1.0/24-matrix-default-rule-example-pl-1111111111111111-https-443-tcp-ingress"]: Refreshing state... [id=sgrule-1111111111]
TestTerraformMatrixRulesExample 2022-09-26T16:47:39Z logger.go:66: module.security_group.aws_security_group_rule.matrix_ingress["matrix-default-rule-example-https-443-tcp-true-ingress"]: Refreshing state... [id=sgrule-1111111111]
TestTerraformMatrixRulesExample 2022-09-26T16:47:39Z logger.go:66: module.security_group.aws_security_group_rule.matrix_egress["10.0.0.0/24-10.0.1.0/24-managed-by-terraform-https-443-tcp-egress"]: Refreshing state... [id=sgrule-1111111111]
TestTerraformMatrixRulesExample 2022-09-26T16:47:39Z logger.go:66: module.security_group.aws_security_group_rule.matrix_ingress["matrix-default-rule-example-https-443-tcp-sg-1111111111111111-ingress"]: Refreshing state... [id=sgrule-1111111111]
TestTerraformMatrixRulesExample 2022-09-26T16:47:39Z logger.go:66: module.security_group.aws_security_group_rule.matrix_ingress["matrix-default-rule-example-80-tcp-true-80-ingress"]: Refreshing state... [id=sgrule-1111111111]
TestTerraformMatrixRulesExample 2022-09-26T16:47:39Z logger.go:66: module.security_group.aws_security_group_rule.matrix_ingress["matrix-default-rule-example-80-tcp-sg-1111111111111111-80-ingress"]: Refreshing state... [id=sgrule-1111111111]
TestTerraformMatrixRulesExample 2022-09-26T16:47:39Z logger.go:66: module.security_group.aws_security_group_rule.matrix_egress["managed-by-terraform-https-443-tcp-sg-1111111111111111-egress"]: Refreshing state... [id=sgrule-1111111111]
TestTerraformMatrixRulesExample 2022-09-26T16:47:40Z logger.go:66:
TestTerraformMatrixRulesExample 2022-09-26T16:47:40Z logger.go:66: Terraform used the selected providers to generate the following execution
TestTerraformMatrixRulesExample 2022-09-26T16:47:40Z logger.go:66: plan. Resource actions are indicated with the following symbols:
TestTerraformMatrixRulesExample 2022-09-26T16:47:40Z logger.go:66:   - destroy
TestTerraformMatrixRulesExample 2022-09-26T16:47:40Z logger.go:66:
TestTerraformMatrixRulesExample 2022-09-26T16:47:40Z logger.go:66: Terraform will perform the following actions:
TestTerraformMatrixRulesExample 2022-09-26T16:47:40Z logger.go:66:
TestTerraformMatrixRulesExample 2022-09-26T16:47:40Z logger.go:66:   # aws_ec2_managed_prefix_list.other will be destroyed
TestTerraformMatrixRulesExample 2022-09-26T16:47:40Z logger.go:66:   - resource "aws_ec2_managed_prefix_list" "other" {
TestTerraformMatrixRulesExample 2022-09-26T16:47:40Z logger.go:66:       - address_family = "IPv4" -> null
TestTerraformMatrixRulesExample 2022-09-26T16:47:40Z logger.go:66:       - arn            = "arn:aws:ec2:us-west-2:111111111111:prefix-list/pl-1111111111111111" -> null
TestTerraformMatrixRulesExample 2022-09-26T16:47:40Z logger.go:66:       - id             = "pl-1111111111111111" -> null
TestTerraformMatrixRulesExample 2022-09-26T16:47:40Z logger.go:66:       - max_entries    = 5 -> null
TestTerraformMatrixRulesExample 2022-09-26T16:47:40Z logger.go:66:       - name           = "ex-matrix-other" -> null
TestTerraformMatrixRulesExample 2022-09-26T16:47:40Z logger.go:66:       - owner_id       = "111111111111" -> null
TestTerraformMatrixRulesExample 2022-09-26T16:47:40Z logger.go:66:       - tags           = {} -> null
TestTerraformMatrixRulesExample 2022-09-26T16:47:40Z logger.go:66:       - tags_all       = {
TestTerraformMatrixRulesExample 2022-09-26T16:47:40Z logger.go:66:           - "Example"    = "ex-matrix"
TestTerraformMatrixRulesExample 2022-09-26T16:47:40Z logger.go:66:           - "GithubOrg"  = "aidanmelen"
TestTerraformMatrixRulesExample 2022-09-26T16:47:40Z logger.go:66:           - "GithubRepo" = "terraform-aws-security-group"
TestTerraformMatrixRulesExample 2022-09-26T16:47:40Z logger.go:66:         } -> null
TestTerraformMatrixRulesExample 2022-09-26T16:47:40Z logger.go:66:       - version        = 1 -> null
TestTerraformMatrixRulesExample 2022-09-26T16:47:40Z logger.go:66:
TestTerraformMatrixRulesExample 2022-09-26T16:47:40Z logger.go:66:       - entry {
TestTerraformMatrixRulesExample 2022-09-26T16:47:40Z logger.go:66:           - cidr        = "172.31.0.0/16" -> null
TestTerraformMatrixRulesExample 2022-09-26T16:47:40Z logger.go:66:           - description = "Primary" -> null
TestTerraformMatrixRulesExample 2022-09-26T16:47:40Z logger.go:66:         }
TestTerraformMatrixRulesExample 2022-09-26T16:47:40Z logger.go:66:     }
TestTerraformMatrixRulesExample 2022-09-26T16:47:40Z logger.go:66:
TestTerraformMatrixRulesExample 2022-09-26T16:47:40Z logger.go:66:   # aws_security_group.other will be destroyed
TestTerraformMatrixRulesExample 2022-09-26T16:47:40Z logger.go:66:   - resource "aws_security_group" "other" {
TestTerraformMatrixRulesExample 2022-09-26T16:47:40Z logger.go:66:       - arn                    = "arn:aws:ec2:us-west-2:111111111111:security-group/sg-1111111111111111" -> null
TestTerraformMatrixRulesExample 2022-09-26T16:47:40Z logger.go:66:       - description            = "ex-matrix-other" -> null
TestTerraformMatrixRulesExample 2022-09-26T16:47:40Z logger.go:66:       - egress                 = [] -> null
TestTerraformMatrixRulesExample 2022-09-26T16:47:40Z logger.go:66:       - id                     = "sg-1111111111111111" -> null
TestTerraformMatrixRulesExample 2022-09-26T16:47:40Z logger.go:66:       - ingress                = [] -> null
TestTerraformMatrixRulesExample 2022-09-26T16:47:40Z logger.go:66:       - name                   = "ex-matrix-other" -> null
TestTerraformMatrixRulesExample 2022-09-26T16:47:40Z logger.go:66:       - owner_id               = "111111111111" -> null
TestTerraformMatrixRulesExample 2022-09-26T16:47:40Z logger.go:66:       - revoke_rules_on_delete = false -> null
TestTerraformMatrixRulesExample 2022-09-26T16:47:40Z logger.go:66:       - tags                   = {
TestTerraformMatrixRulesExample 2022-09-26T16:47:40Z logger.go:66:           - "Name" = "ex-matrix-other"
TestTerraformMatrixRulesExample 2022-09-26T16:47:40Z logger.go:66:         } -> null
TestTerraformMatrixRulesExample 2022-09-26T16:47:40Z logger.go:66:       - tags_all               = {
TestTerraformMatrixRulesExample 2022-09-26T16:47:40Z logger.go:66:           - "Example"    = "ex-matrix"
TestTerraformMatrixRulesExample 2022-09-26T16:47:40Z logger.go:66:           - "GithubOrg"  = "aidanmelen"
TestTerraformMatrixRulesExample 2022-09-26T16:47:40Z logger.go:66:           - "GithubRepo" = "terraform-aws-security-group"
TestTerraformMatrixRulesExample 2022-09-26T16:47:40Z logger.go:66:           - "Name"       = "ex-matrix-other"
TestTerraformMatrixRulesExample 2022-09-26T16:47:40Z logger.go:66:         } -> null
TestTerraformMatrixRulesExample 2022-09-26T16:47:40Z logger.go:66:       - vpc_id                 = "vpc-1111111111111111" -> null
TestTerraformMatrixRulesExample 2022-09-26T16:47:40Z logger.go:66:     }
TestTerraformMatrixRulesExample 2022-09-26T16:47:40Z logger.go:66:
TestTerraformMatrixRulesExample 2022-09-26T16:47:40Z logger.go:66:   # module.security_group.aws_security_group.self[0] will be destroyed
TestTerraformMatrixRulesExample 2022-09-26T16:47:40Z logger.go:66:   - resource "aws_security_group" "self" {
TestTerraformMatrixRulesExample 2022-09-26T16:47:40Z logger.go:66:       - arn                    = "arn:aws:ec2:us-west-2:111111111111:security-group/sg-1111111111111111" -> null
TestTerraformMatrixRulesExample 2022-09-26T16:47:40Z logger.go:66:       - description            = "Managed by Terraform" -> null
TestTerraformMatrixRulesExample 2022-09-26T16:47:40Z logger.go:66:       - egress                 = [
TestTerraformMatrixRulesExample 2022-09-26T16:47:40Z logger.go:66:           - {
TestTerraformMatrixRulesExample 2022-09-26T16:47:40Z logger.go:66:               - cidr_blocks      = [
TestTerraformMatrixRulesExample 2022-09-26T16:47:40Z logger.go:66:                   - "10.0.0.0/24",
TestTerraformMatrixRulesExample 2022-09-26T16:47:40Z logger.go:66:                   - "10.0.1.0/24",
TestTerraformMatrixRulesExample 2022-09-26T16:47:40Z logger.go:66:                 ]
TestTerraformMatrixRulesExample 2022-09-26T16:47:40Z logger.go:66:               - description      = "managed by Terraform"
TestTerraformMatrixRulesExample 2022-09-26T16:47:40Z logger.go:66:               - from_port        = 443
TestTerraformMatrixRulesExample 2022-09-26T16:47:40Z logger.go:66:               - ipv6_cidr_blocks = []
TestTerraformMatrixRulesExample 2022-09-26T16:47:40Z logger.go:66:               - prefix_list_ids  = []
TestTerraformMatrixRulesExample 2022-09-26T16:47:40Z logger.go:66:               - protocol         = "tcp"
TestTerraformMatrixRulesExample 2022-09-26T16:47:40Z logger.go:66:               - security_groups  = [
TestTerraformMatrixRulesExample 2022-09-26T16:47:40Z logger.go:66:                   - "sg-1111111111111111",
TestTerraformMatrixRulesExample 2022-09-26T16:47:40Z logger.go:66:                 ]
TestTerraformMatrixRulesExample 2022-09-26T16:47:40Z logger.go:66:               - self             = false
TestTerraformMatrixRulesExample 2022-09-26T16:47:40Z logger.go:66:               - to_port          = 443
TestTerraformMatrixRulesExample 2022-09-26T16:47:40Z logger.go:66:             },
TestTerraformMatrixRulesExample 2022-09-26T16:47:40Z logger.go:66:         ] -> null
TestTerraformMatrixRulesExample 2022-09-26T16:47:40Z logger.go:66:       - id                     = "sg-1111111111111111" -> null
TestTerraformMatrixRulesExample 2022-09-26T16:47:40Z logger.go:66:       - ingress                = [
TestTerraformMatrixRulesExample 2022-09-26T16:47:40Z logger.go:66:           - {
TestTerraformMatrixRulesExample 2022-09-26T16:47:40Z logger.go:66:               - cidr_blocks      = [
TestTerraformMatrixRulesExample 2022-09-26T16:47:40Z logger.go:66:                   - "10.0.0.0/24",
TestTerraformMatrixRulesExample 2022-09-26T16:47:40Z logger.go:66:                   - "10.0.1.0/24",
TestTerraformMatrixRulesExample 2022-09-26T16:47:40Z logger.go:66:                 ]
TestTerraformMatrixRulesExample 2022-09-26T16:47:40Z logger.go:66:               - description      = "matrix default rule example"
TestTerraformMatrixRulesExample 2022-09-26T16:47:40Z logger.go:66:               - from_port        = 443
TestTerraformMatrixRulesExample 2022-09-26T16:47:40Z logger.go:66:               - ipv6_cidr_blocks = []
TestTerraformMatrixRulesExample 2022-09-26T16:47:40Z logger.go:66:               - prefix_list_ids  = [
TestTerraformMatrixRulesExample 2022-09-26T16:47:40Z logger.go:66:                   - "pl-1111111111111111",
TestTerraformMatrixRulesExample 2022-09-26T16:47:40Z logger.go:66:                 ]
TestTerraformMatrixRulesExample 2022-09-26T16:47:40Z logger.go:66:               - protocol         = "tcp"
TestTerraformMatrixRulesExample 2022-09-26T16:47:40Z logger.go:66:               - security_groups  = [
TestTerraformMatrixRulesExample 2022-09-26T16:47:40Z logger.go:66:                   - "sg-1111111111111111",
TestTerraformMatrixRulesExample 2022-09-26T16:47:40Z logger.go:66:                 ]
TestTerraformMatrixRulesExample 2022-09-26T16:47:40Z logger.go:66:               - self             = true
TestTerraformMatrixRulesExample 2022-09-26T16:47:40Z logger.go:66:               - to_port          = 443
TestTerraformMatrixRulesExample 2022-09-26T16:47:40Z logger.go:66:             },
TestTerraformMatrixRulesExample 2022-09-26T16:47:40Z logger.go:66:           - {
TestTerraformMatrixRulesExample 2022-09-26T16:47:40Z logger.go:66:               - cidr_blocks      = [
TestTerraformMatrixRulesExample 2022-09-26T16:47:40Z logger.go:66:                   - "10.0.0.0/24",
TestTerraformMatrixRulesExample 2022-09-26T16:47:40Z logger.go:66:                   - "10.0.1.0/24",
TestTerraformMatrixRulesExample 2022-09-26T16:47:40Z logger.go:66:                 ]
TestTerraformMatrixRulesExample 2022-09-26T16:47:40Z logger.go:66:               - description      = "matrix default rule example"
TestTerraformMatrixRulesExample 2022-09-26T16:47:40Z logger.go:66:               - from_port        = 80
TestTerraformMatrixRulesExample 2022-09-26T16:47:40Z logger.go:66:               - ipv6_cidr_blocks = []
TestTerraformMatrixRulesExample 2022-09-26T16:47:40Z logger.go:66:               - prefix_list_ids  = [
TestTerraformMatrixRulesExample 2022-09-26T16:47:40Z logger.go:66:                   - "pl-1111111111111111",
TestTerraformMatrixRulesExample 2022-09-26T16:47:40Z logger.go:66:                 ]
TestTerraformMatrixRulesExample 2022-09-26T16:47:40Z logger.go:66:               - protocol         = "tcp"
TestTerraformMatrixRulesExample 2022-09-26T16:47:40Z logger.go:66:               - security_groups  = [
TestTerraformMatrixRulesExample 2022-09-26T16:47:40Z logger.go:66:                   - "sg-1111111111111111",
TestTerraformMatrixRulesExample 2022-09-26T16:47:40Z logger.go:66:                 ]
TestTerraformMatrixRulesExample 2022-09-26T16:47:40Z logger.go:66:               - self             = true
TestTerraformMatrixRulesExample 2022-09-26T16:47:40Z logger.go:66:               - to_port          = 80
TestTerraformMatrixRulesExample 2022-09-26T16:47:40Z logger.go:66:             },
TestTerraformMatrixRulesExample 2022-09-26T16:47:40Z logger.go:66:         ] -> null
TestTerraformMatrixRulesExample 2022-09-26T16:47:40Z logger.go:66:       - name                   = "ex-matrix" -> null
TestTerraformMatrixRulesExample 2022-09-26T16:47:40Z logger.go:66:       - owner_id               = "111111111111" -> null
TestTerraformMatrixRulesExample 2022-09-26T16:47:40Z logger.go:66:       - revoke_rules_on_delete = false -> null
TestTerraformMatrixRulesExample 2022-09-26T16:47:40Z logger.go:66:       - tags                   = {
TestTerraformMatrixRulesExample 2022-09-26T16:47:40Z logger.go:66:           - "Name" = "ex-matrix"
TestTerraformMatrixRulesExample 2022-09-26T16:47:40Z logger.go:66:         } -> null
TestTerraformMatrixRulesExample 2022-09-26T16:47:40Z logger.go:66:       - tags_all               = {
TestTerraformMatrixRulesExample 2022-09-26T16:47:40Z logger.go:66:           - "Example"    = "ex-matrix"
TestTerraformMatrixRulesExample 2022-09-26T16:47:40Z logger.go:66:           - "GithubOrg"  = "aidanmelen"
TestTerraformMatrixRulesExample 2022-09-26T16:47:40Z logger.go:66:           - "GithubRepo" = "terraform-aws-security-group"
TestTerraformMatrixRulesExample 2022-09-26T16:47:40Z logger.go:66:           - "Name"       = "ex-matrix"
TestTerraformMatrixRulesExample 2022-09-26T16:47:40Z logger.go:66:         } -> null
TestTerraformMatrixRulesExample 2022-09-26T16:47:40Z logger.go:66:       - vpc_id                 = "vpc-1111111111111111" -> null
TestTerraformMatrixRulesExample 2022-09-26T16:47:40Z logger.go:66:
TestTerraformMatrixRulesExample 2022-09-26T16:47:40Z logger.go:66:       - timeouts {
TestTerraformMatrixRulesExample 2022-09-26T16:47:40Z logger.go:66:           - create = "10m" -> null
TestTerraformMatrixRulesExample 2022-09-26T16:47:40Z logger.go:66:           - delete = "15m" -> null
TestTerraformMatrixRulesExample 2022-09-26T16:47:40Z logger.go:66:         }
TestTerraformMatrixRulesExample 2022-09-26T16:47:40Z logger.go:66:     }
TestTerraformMatrixRulesExample 2022-09-26T16:47:40Z logger.go:66:
TestTerraformMatrixRulesExample 2022-09-26T16:47:40Z logger.go:66:   # module.security_group.aws_security_group_rule.matrix_egress["10.0.0.0/24-10.0.1.0/24-managed-by-terraform-https-443-tcp-egress"] will be destroyed
TestTerraformMatrixRulesExample 2022-09-26T16:47:40Z logger.go:66:   - resource "aws_security_group_rule" "matrix_egress" {
TestTerraformMatrixRulesExample 2022-09-26T16:47:40Z logger.go:66:       - cidr_blocks       = [
TestTerraformMatrixRulesExample 2022-09-26T16:47:40Z logger.go:66:           - "10.0.0.0/24",
TestTerraformMatrixRulesExample 2022-09-26T16:47:40Z logger.go:66:           - "10.0.1.0/24",
TestTerraformMatrixRulesExample 2022-09-26T16:47:40Z logger.go:66:         ] -> null
TestTerraformMatrixRulesExample 2022-09-26T16:47:40Z logger.go:66:       - description       = "managed by Terraform" -> null
TestTerraformMatrixRulesExample 2022-09-26T16:47:40Z logger.go:66:       - from_port         = 443 -> null
TestTerraformMatrixRulesExample 2022-09-26T16:47:40Z logger.go:66:       - id                = "sgrule-1111111111" -> null
TestTerraformMatrixRulesExample 2022-09-26T16:47:40Z logger.go:66:       - protocol          = "tcp" -> null
TestTerraformMatrixRulesExample 2022-09-26T16:47:40Z logger.go:66:       - security_group_id = "sg-1111111111111111" -> null
TestTerraformMatrixRulesExample 2022-09-26T16:47:40Z logger.go:66:       - self              = false -> null
TestTerraformMatrixRulesExample 2022-09-26T16:47:40Z logger.go:66:       - to_port           = 443 -> null
TestTerraformMatrixRulesExample 2022-09-26T16:47:40Z logger.go:66:       - type              = "egress" -> null
TestTerraformMatrixRulesExample 2022-09-26T16:47:40Z logger.go:66:     }
TestTerraformMatrixRulesExample 2022-09-26T16:47:40Z logger.go:66:
TestTerraformMatrixRulesExample 2022-09-26T16:47:40Z logger.go:66:   # module.security_group.aws_security_group_rule.matrix_egress["managed-by-terraform-https-443-tcp-sg-1111111111111111-egress"] will be destroyed
TestTerraformMatrixRulesExample 2022-09-26T16:47:40Z logger.go:66:   - resource "aws_security_group_rule" "matrix_egress" {
TestTerraformMatrixRulesExample 2022-09-26T16:47:40Z logger.go:66:       - description              = "managed by Terraform" -> null
TestTerraformMatrixRulesExample 2022-09-26T16:47:40Z logger.go:66:       - from_port                = 443 -> null
TestTerraformMatrixRulesExample 2022-09-26T16:47:40Z logger.go:66:       - id                       = "sgrule-1111111111" -> null
TestTerraformMatrixRulesExample 2022-09-26T16:47:40Z logger.go:66:       - protocol                 = "tcp" -> null
TestTerraformMatrixRulesExample 2022-09-26T16:47:40Z logger.go:66:       - security_group_id        = "sg-1111111111111111" -> null
TestTerraformMatrixRulesExample 2022-09-26T16:47:40Z logger.go:66:       - self                     = false -> null
TestTerraformMatrixRulesExample 2022-09-26T16:47:40Z logger.go:66:       - source_security_group_id = "sg-1111111111111111" -> null
TestTerraformMatrixRulesExample 2022-09-26T16:47:40Z logger.go:66:       - to_port                  = 443 -> null
TestTerraformMatrixRulesExample 2022-09-26T16:47:40Z logger.go:66:       - type                     = "egress" -> null
TestTerraformMatrixRulesExample 2022-09-26T16:47:40Z logger.go:66:     }
TestTerraformMatrixRulesExample 2022-09-26T16:47:40Z logger.go:66:
TestTerraformMatrixRulesExample 2022-09-26T16:47:40Z logger.go:66:   # module.security_group.aws_security_group_rule.matrix_ingress["10.0.0.0/24-10.0.1.0/24-matrix-default-rule-example-80-pl-1111111111111111-tcp-80-ingress"] will be destroyed
TestTerraformMatrixRulesExample 2022-09-26T16:47:40Z logger.go:66:   - resource "aws_security_group_rule" "matrix_ingress" {
TestTerraformMatrixRulesExample 2022-09-26T16:47:40Z logger.go:66:       - cidr_blocks       = [
TestTerraformMatrixRulesExample 2022-09-26T16:47:40Z logger.go:66:           - "10.0.0.0/24",
TestTerraformMatrixRulesExample 2022-09-26T16:47:40Z logger.go:66:           - "10.0.1.0/24",
TestTerraformMatrixRulesExample 2022-09-26T16:47:40Z logger.go:66:         ] -> null
TestTerraformMatrixRulesExample 2022-09-26T16:47:40Z logger.go:66:       - description       = "matrix default rule example" -> null
TestTerraformMatrixRulesExample 2022-09-26T16:47:40Z logger.go:66:       - from_port         = 80 -> null
TestTerraformMatrixRulesExample 2022-09-26T16:47:40Z logger.go:66:       - id                = "sgrule-1111111111" -> null
TestTerraformMatrixRulesExample 2022-09-26T16:47:40Z logger.go:66:       - ipv6_cidr_blocks  = [] -> null
TestTerraformMatrixRulesExample 2022-09-26T16:47:40Z logger.go:66:       - prefix_list_ids   = [
TestTerraformMatrixRulesExample 2022-09-26T16:47:40Z logger.go:66:           - "pl-1111111111111111",
TestTerraformMatrixRulesExample 2022-09-26T16:47:40Z logger.go:66:         ] -> null
TestTerraformMatrixRulesExample 2022-09-26T16:47:40Z logger.go:66:       - protocol          = "tcp" -> null
TestTerraformMatrixRulesExample 2022-09-26T16:47:40Z logger.go:66:       - security_group_id = "sg-1111111111111111" -> null
TestTerraformMatrixRulesExample 2022-09-26T16:47:40Z logger.go:66:       - self              = false -> null
TestTerraformMatrixRulesExample 2022-09-26T16:47:40Z logger.go:66:       - to_port           = 80 -> null
TestTerraformMatrixRulesExample 2022-09-26T16:47:40Z logger.go:66:       - type              = "ingress" -> null
TestTerraformMatrixRulesExample 2022-09-26T16:47:40Z logger.go:66:     }
TestTerraformMatrixRulesExample 2022-09-26T16:47:40Z logger.go:66:
TestTerraformMatrixRulesExample 2022-09-26T16:47:40Z logger.go:66:   # module.security_group.aws_security_group_rule.matrix_ingress["10.0.0.0/24-10.0.1.0/24-matrix-default-rule-example-pl-1111111111111111-https-443-tcp-ingress"] will be destroyed
TestTerraformMatrixRulesExample 2022-09-26T16:47:40Z logger.go:66:   - resource "aws_security_group_rule" "matrix_ingress" {
TestTerraformMatrixRulesExample 2022-09-26T16:47:40Z logger.go:66:       - cidr_blocks       = [
TestTerraformMatrixRulesExample 2022-09-26T16:47:40Z logger.go:66:           - "10.0.0.0/24",
TestTerraformMatrixRulesExample 2022-09-26T16:47:40Z logger.go:66:           - "10.0.1.0/24",
TestTerraformMatrixRulesExample 2022-09-26T16:47:40Z logger.go:66:         ] -> null
TestTerraformMatrixRulesExample 2022-09-26T16:47:40Z logger.go:66:       - description       = "matrix default rule example" -> null
TestTerraformMatrixRulesExample 2022-09-26T16:47:40Z logger.go:66:       - from_port         = 443 -> null
TestTerraformMatrixRulesExample 2022-09-26T16:47:40Z logger.go:66:       - id                = "sgrule-1111111111" -> null
TestTerraformMatrixRulesExample 2022-09-26T16:47:40Z logger.go:66:       - ipv6_cidr_blocks  = [] -> null
TestTerraformMatrixRulesExample 2022-09-26T16:47:40Z logger.go:66:       - prefix_list_ids   = [
TestTerraformMatrixRulesExample 2022-09-26T16:47:40Z logger.go:66:           - "pl-1111111111111111",
TestTerraformMatrixRulesExample 2022-09-26T16:47:40Z logger.go:66:         ] -> null
TestTerraformMatrixRulesExample 2022-09-26T16:47:40Z logger.go:66:       - protocol          = "tcp" -> null
TestTerraformMatrixRulesExample 2022-09-26T16:47:40Z logger.go:66:       - security_group_id = "sg-1111111111111111" -> null
TestTerraformMatrixRulesExample 2022-09-26T16:47:40Z logger.go:66:       - self              = false -> null
TestTerraformMatrixRulesExample 2022-09-26T16:47:40Z logger.go:66:       - to_port           = 443 -> null
TestTerraformMatrixRulesExample 2022-09-26T16:47:40Z logger.go:66:       - type              = "ingress" -> null
TestTerraformMatrixRulesExample 2022-09-26T16:47:40Z logger.go:66:     }
TestTerraformMatrixRulesExample 2022-09-26T16:47:40Z logger.go:66:
TestTerraformMatrixRulesExample 2022-09-26T16:47:40Z logger.go:66:   # module.security_group.aws_security_group_rule.matrix_ingress["matrix-default-rule-example-80-tcp-sg-1111111111111111-80-ingress"] will be destroyed
TestTerraformMatrixRulesExample 2022-09-26T16:47:40Z logger.go:66:   - resource "aws_security_group_rule" "matrix_ingress" {
TestTerraformMatrixRulesExample 2022-09-26T16:47:40Z logger.go:66:       - description              = "matrix default rule example" -> null
TestTerraformMatrixRulesExample 2022-09-26T16:47:40Z logger.go:66:       - from_port                = 80 -> null
TestTerraformMatrixRulesExample 2022-09-26T16:47:40Z logger.go:66:       - id                       = "sgrule-1111111111" -> null
TestTerraformMatrixRulesExample 2022-09-26T16:47:40Z logger.go:66:       - protocol                 = "tcp" -> null
TestTerraformMatrixRulesExample 2022-09-26T16:47:40Z logger.go:66:       - security_group_id        = "sg-1111111111111111" -> null
TestTerraformMatrixRulesExample 2022-09-26T16:47:40Z logger.go:66:       - self                     = false -> null
TestTerraformMatrixRulesExample 2022-09-26T16:47:40Z logger.go:66:       - source_security_group_id = "sg-1111111111111111" -> null
TestTerraformMatrixRulesExample 2022-09-26T16:47:40Z logger.go:66:       - to_port                  = 80 -> null
TestTerraformMatrixRulesExample 2022-09-26T16:47:40Z logger.go:66:       - type                     = "ingress" -> null
TestTerraformMatrixRulesExample 2022-09-26T16:47:40Z logger.go:66:     }
TestTerraformMatrixRulesExample 2022-09-26T16:47:40Z logger.go:66:
TestTerraformMatrixRulesExample 2022-09-26T16:47:40Z logger.go:66:   # module.security_group.aws_security_group_rule.matrix_ingress["matrix-default-rule-example-80-tcp-true-80-ingress"] will be destroyed
TestTerraformMatrixRulesExample 2022-09-26T16:47:40Z logger.go:66:   - resource "aws_security_group_rule" "matrix_ingress" {
TestTerraformMatrixRulesExample 2022-09-26T16:47:40Z logger.go:66:       - description       = "matrix default rule example" -> null
TestTerraformMatrixRulesExample 2022-09-26T16:47:40Z logger.go:66:       - from_port         = 80 -> null
TestTerraformMatrixRulesExample 2022-09-26T16:47:40Z logger.go:66:       - id                = "sgrule-1111111111" -> null
TestTerraformMatrixRulesExample 2022-09-26T16:47:40Z logger.go:66:       - protocol          = "tcp" -> null
TestTerraformMatrixRulesExample 2022-09-26T16:47:40Z logger.go:66:       - security_group_id = "sg-1111111111111111" -> null
TestTerraformMatrixRulesExample 2022-09-26T16:47:40Z logger.go:66:       - self              = true -> null
TestTerraformMatrixRulesExample 2022-09-26T16:47:40Z logger.go:66:       - to_port           = 80 -> null
TestTerraformMatrixRulesExample 2022-09-26T16:47:40Z logger.go:66:       - type              = "ingress" -> null
TestTerraformMatrixRulesExample 2022-09-26T16:47:40Z logger.go:66:     }
TestTerraformMatrixRulesExample 2022-09-26T16:47:40Z logger.go:66:
TestTerraformMatrixRulesExample 2022-09-26T16:47:40Z logger.go:66:   # module.security_group.aws_security_group_rule.matrix_ingress["matrix-default-rule-example-https-443-tcp-sg-1111111111111111-ingress"] will be destroyed
TestTerraformMatrixRulesExample 2022-09-26T16:47:40Z logger.go:66:   - resource "aws_security_group_rule" "matrix_ingress" {
TestTerraformMatrixRulesExample 2022-09-26T16:47:40Z logger.go:66:       - description              = "matrix default rule example" -> null
TestTerraformMatrixRulesExample 2022-09-26T16:47:40Z logger.go:66:       - from_port                = 443 -> null
TestTerraformMatrixRulesExample 2022-09-26T16:47:40Z logger.go:66:       - id                       = "sgrule-1111111111" -> null
TestTerraformMatrixRulesExample 2022-09-26T16:47:40Z logger.go:66:       - protocol                 = "tcp" -> null
TestTerraformMatrixRulesExample 2022-09-26T16:47:40Z logger.go:66:       - security_group_id        = "sg-1111111111111111" -> null
TestTerraformMatrixRulesExample 2022-09-26T16:47:40Z logger.go:66:       - self                     = false -> null
TestTerraformMatrixRulesExample 2022-09-26T16:47:40Z logger.go:66:       - source_security_group_id = "sg-1111111111111111" -> null
TestTerraformMatrixRulesExample 2022-09-26T16:47:40Z logger.go:66:       - to_port                  = 443 -> null
TestTerraformMatrixRulesExample 2022-09-26T16:47:40Z logger.go:66:       - type                     = "ingress" -> null
TestTerraformMatrixRulesExample 2022-09-26T16:47:40Z logger.go:66:     }
TestTerraformMatrixRulesExample 2022-09-26T16:47:40Z logger.go:66:
TestTerraformMatrixRulesExample 2022-09-26T16:47:40Z logger.go:66:   # module.security_group.aws_security_group_rule.matrix_ingress["matrix-default-rule-example-https-443-tcp-true-ingress"] will be destroyed
TestTerraformMatrixRulesExample 2022-09-26T16:47:40Z logger.go:66:   - resource "aws_security_group_rule" "matrix_ingress" {
TestTerraformMatrixRulesExample 2022-09-26T16:47:40Z logger.go:66:       - description       = "matrix default rule example" -> null
TestTerraformMatrixRulesExample 2022-09-26T16:47:40Z logger.go:66:       - from_port         = 443 -> null
TestTerraformMatrixRulesExample 2022-09-26T16:47:40Z logger.go:66:       - id                = "sgrule-1111111111" -> null
TestTerraformMatrixRulesExample 2022-09-26T16:47:40Z logger.go:66:       - protocol          = "tcp" -> null
TestTerraformMatrixRulesExample 2022-09-26T16:47:40Z logger.go:66:       - security_group_id = "sg-1111111111111111" -> null
TestTerraformMatrixRulesExample 2022-09-26T16:47:40Z logger.go:66:       - self              = true -> null
TestTerraformMatrixRulesExample 2022-09-26T16:47:40Z logger.go:66:       - to_port           = 443 -> null
TestTerraformMatrixRulesExample 2022-09-26T16:47:40Z logger.go:66:       - type              = "ingress" -> null
TestTerraformMatrixRulesExample 2022-09-26T16:47:40Z logger.go:66:     }
TestTerraformMatrixRulesExample 2022-09-26T16:47:40Z logger.go:66:
TestTerraformMatrixRulesExample 2022-09-26T16:47:40Z logger.go:66: Plan: 0 to add, 0 to change, 11 to destroy.
TestTerraformMatrixRulesExample 2022-09-26T16:47:40Z logger.go:66:
TestTerraformMatrixRulesExample 2022-09-26T16:47:40Z logger.go:66: Changes to Outputs:
TestTerraformMatrixRulesExample 2022-09-26T16:47:40Z logger.go:66:   - arn       = "arn:aws:ec2:us-west-2:111111111111:security-group/sg-1111111111111111" -> null
TestTerraformMatrixRulesExample 2022-09-26T16:47:40Z logger.go:66:   - egress    = [
TestTerraformMatrixRulesExample 2022-09-26T16:47:40Z logger.go:66:       - {
TestTerraformMatrixRulesExample 2022-09-26T16:47:40Z logger.go:66:           - cidr_blocks              = [
TestTerraformMatrixRulesExample 2022-09-26T16:47:40Z logger.go:66:               - "10.0.0.0/24",
TestTerraformMatrixRulesExample 2022-09-26T16:47:40Z logger.go:66:               - "10.0.1.0/24",
TestTerraformMatrixRulesExample 2022-09-26T16:47:40Z logger.go:66:             ]
TestTerraformMatrixRulesExample 2022-09-26T16:47:40Z logger.go:66:           - description              = "managed by Terraform"
TestTerraformMatrixRulesExample 2022-09-26T16:47:40Z logger.go:66:           - from_port                = 443
TestTerraformMatrixRulesExample 2022-09-26T16:47:40Z logger.go:66:           - id                       = "sgrule-1111111111"
TestTerraformMatrixRulesExample 2022-09-26T16:47:40Z logger.go:66:           - ipv6_cidr_blocks         = null
TestTerraformMatrixRulesExample 2022-09-26T16:47:40Z logger.go:66:           - prefix_list_ids          = null
TestTerraformMatrixRulesExample 2022-09-26T16:47:40Z logger.go:66:           - protocol                 = "tcp"
TestTerraformMatrixRulesExample 2022-09-26T16:47:40Z logger.go:66:           - security_group_id        = "sg-1111111111111111"
TestTerraformMatrixRulesExample 2022-09-26T16:47:40Z logger.go:66:           - self                     = false
TestTerraformMatrixRulesExample 2022-09-26T16:47:40Z logger.go:66:           - source_security_group_id = null
TestTerraformMatrixRulesExample 2022-09-26T16:47:40Z logger.go:66:           - timeouts                 = null
TestTerraformMatrixRulesExample 2022-09-26T16:47:40Z logger.go:66:           - to_port                  = 443
TestTerraformMatrixRulesExample 2022-09-26T16:47:40Z logger.go:66:           - type                     = "egress"
TestTerraformMatrixRulesExample 2022-09-26T16:47:40Z logger.go:66:         },
TestTerraformMatrixRulesExample 2022-09-26T16:47:40Z logger.go:66:       - {
TestTerraformMatrixRulesExample 2022-09-26T16:47:40Z logger.go:66:           - cidr_blocks              = null
TestTerraformMatrixRulesExample 2022-09-26T16:47:40Z logger.go:66:           - description              = "managed by Terraform"
TestTerraformMatrixRulesExample 2022-09-26T16:47:40Z logger.go:66:           - from_port                = 443
TestTerraformMatrixRulesExample 2022-09-26T16:47:40Z logger.go:66:           - id                       = "sgrule-1111111111"
TestTerraformMatrixRulesExample 2022-09-26T16:47:40Z logger.go:66:           - ipv6_cidr_blocks         = null
TestTerraformMatrixRulesExample 2022-09-26T16:47:40Z logger.go:66:           - prefix_list_ids          = null
TestTerraformMatrixRulesExample 2022-09-26T16:47:40Z logger.go:66:           - protocol                 = "tcp"
TestTerraformMatrixRulesExample 2022-09-26T16:47:40Z logger.go:66:           - security_group_id        = "sg-1111111111111111"
TestTerraformMatrixRulesExample 2022-09-26T16:47:40Z logger.go:66:           - self                     = false
TestTerraformMatrixRulesExample 2022-09-26T16:47:40Z logger.go:66:           - source_security_group_id = "sg-1111111111111111"
TestTerraformMatrixRulesExample 2022-09-26T16:47:40Z logger.go:66:           - timeouts                 = null
TestTerraformMatrixRulesExample 2022-09-26T16:47:40Z logger.go:66:           - to_port                  = 443
TestTerraformMatrixRulesExample 2022-09-26T16:47:40Z logger.go:66:           - type                     = "egress"
TestTerraformMatrixRulesExample 2022-09-26T16:47:40Z logger.go:66:         },
TestTerraformMatrixRulesExample 2022-09-26T16:47:40Z logger.go:66:     ] -> null
TestTerraformMatrixRulesExample 2022-09-26T16:47:40Z logger.go:66:   - id        = "sg-1111111111111111" -> null
TestTerraformMatrixRulesExample 2022-09-26T16:47:40Z logger.go:66:   - ingress   = [
TestTerraformMatrixRulesExample 2022-09-26T16:47:40Z logger.go:66:       - {
TestTerraformMatrixRulesExample 2022-09-26T16:47:40Z logger.go:66:           - cidr_blocks              = [
TestTerraformMatrixRulesExample 2022-09-26T16:47:40Z logger.go:66:               - "10.0.0.0/24",
TestTerraformMatrixRulesExample 2022-09-26T16:47:40Z logger.go:66:               - "10.0.1.0/24",
TestTerraformMatrixRulesExample 2022-09-26T16:47:40Z logger.go:66:             ]
TestTerraformMatrixRulesExample 2022-09-26T16:47:40Z logger.go:66:           - description              = "matrix default rule example"
TestTerraformMatrixRulesExample 2022-09-26T16:47:40Z logger.go:66:           - from_port                = 80
TestTerraformMatrixRulesExample 2022-09-26T16:47:40Z logger.go:66:           - id                       = "sgrule-1111111111"
TestTerraformMatrixRulesExample 2022-09-26T16:47:40Z logger.go:66:           - ipv6_cidr_blocks         = []
TestTerraformMatrixRulesExample 2022-09-26T16:47:40Z logger.go:66:           - prefix_list_ids          = [
TestTerraformMatrixRulesExample 2022-09-26T16:47:40Z logger.go:66:               - "pl-1111111111111111",
TestTerraformMatrixRulesExample 2022-09-26T16:47:40Z logger.go:66:             ]
TestTerraformMatrixRulesExample 2022-09-26T16:47:40Z logger.go:66:           - protocol                 = "tcp"
TestTerraformMatrixRulesExample 2022-09-26T16:47:40Z logger.go:66:           - security_group_id        = "sg-1111111111111111"
TestTerraformMatrixRulesExample 2022-09-26T16:47:40Z logger.go:66:           - self                     = false
TestTerraformMatrixRulesExample 2022-09-26T16:47:40Z logger.go:66:           - source_security_group_id = null
TestTerraformMatrixRulesExample 2022-09-26T16:47:40Z logger.go:66:           - timeouts                 = null
TestTerraformMatrixRulesExample 2022-09-26T16:47:40Z logger.go:66:           - to_port                  = 80
TestTerraformMatrixRulesExample 2022-09-26T16:47:40Z logger.go:66:           - type                     = "ingress"
TestTerraformMatrixRulesExample 2022-09-26T16:47:40Z logger.go:66:         },
TestTerraformMatrixRulesExample 2022-09-26T16:47:40Z logger.go:66:       - {
TestTerraformMatrixRulesExample 2022-09-26T16:47:40Z logger.go:66:           - cidr_blocks              = [
TestTerraformMatrixRulesExample 2022-09-26T16:47:40Z logger.go:66:               - "10.0.0.0/24",
TestTerraformMatrixRulesExample 2022-09-26T16:47:40Z logger.go:66:               - "10.0.1.0/24",
TestTerraformMatrixRulesExample 2022-09-26T16:47:40Z logger.go:66:             ]
TestTerraformMatrixRulesExample 2022-09-26T16:47:40Z logger.go:66:           - description              = "matrix default rule example"
TestTerraformMatrixRulesExample 2022-09-26T16:47:40Z logger.go:66:           - from_port                = 443
TestTerraformMatrixRulesExample 2022-09-26T16:47:40Z logger.go:66:           - id                       = "sgrule-1111111111"
TestTerraformMatrixRulesExample 2022-09-26T16:47:40Z logger.go:66:           - ipv6_cidr_blocks         = []
TestTerraformMatrixRulesExample 2022-09-26T16:47:40Z logger.go:66:           - prefix_list_ids          = [
TestTerraformMatrixRulesExample 2022-09-26T16:47:40Z logger.go:66:               - "pl-1111111111111111",
TestTerraformMatrixRulesExample 2022-09-26T16:47:40Z logger.go:66:             ]
TestTerraformMatrixRulesExample 2022-09-26T16:47:40Z logger.go:66:           - protocol                 = "tcp"
TestTerraformMatrixRulesExample 2022-09-26T16:47:40Z logger.go:66:           - security_group_id        = "sg-1111111111111111"
TestTerraformMatrixRulesExample 2022-09-26T16:47:40Z logger.go:66:           - self                     = false
TestTerraformMatrixRulesExample 2022-09-26T16:47:40Z logger.go:66:           - source_security_group_id = null
TestTerraformMatrixRulesExample 2022-09-26T16:47:40Z logger.go:66:           - timeouts                 = null
TestTerraformMatrixRulesExample 2022-09-26T16:47:40Z logger.go:66:           - to_port                  = 443
TestTerraformMatrixRulesExample 2022-09-26T16:47:40Z logger.go:66:           - type                     = "ingress"
TestTerraformMatrixRulesExample 2022-09-26T16:47:40Z logger.go:66:         },
TestTerraformMatrixRulesExample 2022-09-26T16:47:40Z logger.go:66:       - {
TestTerraformMatrixRulesExample 2022-09-26T16:47:40Z logger.go:66:           - cidr_blocks              = null
TestTerraformMatrixRulesExample 2022-09-26T16:47:40Z logger.go:66:           - description              = "matrix default rule example"
TestTerraformMatrixRulesExample 2022-09-26T16:47:40Z logger.go:66:           - from_port                = 80
TestTerraformMatrixRulesExample 2022-09-26T16:47:40Z logger.go:66:           - id                       = "sgrule-1111111111"
TestTerraformMatrixRulesExample 2022-09-26T16:47:40Z logger.go:66:           - ipv6_cidr_blocks         = null
TestTerraformMatrixRulesExample 2022-09-26T16:47:40Z logger.go:66:           - prefix_list_ids          = null
TestTerraformMatrixRulesExample 2022-09-26T16:47:40Z logger.go:66:           - protocol                 = "tcp"
TestTerraformMatrixRulesExample 2022-09-26T16:47:40Z logger.go:66:           - security_group_id        = "sg-1111111111111111"
TestTerraformMatrixRulesExample 2022-09-26T16:47:40Z logger.go:66:           - self                     = false
TestTerraformMatrixRulesExample 2022-09-26T16:47:40Z logger.go:66:           - source_security_group_id = "sg-1111111111111111"
TestTerraformMatrixRulesExample 2022-09-26T16:47:40Z logger.go:66:           - timeouts                 = null
TestTerraformMatrixRulesExample 2022-09-26T16:47:40Z logger.go:66:           - to_port                  = 80
TestTerraformMatrixRulesExample 2022-09-26T16:47:40Z logger.go:66:           - type                     = "ingress"
TestTerraformMatrixRulesExample 2022-09-26T16:47:40Z logger.go:66:         },
TestTerraformMatrixRulesExample 2022-09-26T16:47:40Z logger.go:66:       - {
TestTerraformMatrixRulesExample 2022-09-26T16:47:40Z logger.go:66:           - cidr_blocks              = null
TestTerraformMatrixRulesExample 2022-09-26T16:47:40Z logger.go:66:           - description              = "matrix default rule example"
TestTerraformMatrixRulesExample 2022-09-26T16:47:40Z logger.go:66:           - from_port                = 80
TestTerraformMatrixRulesExample 2022-09-26T16:47:40Z logger.go:66:           - id                       = "sgrule-1111111111"
TestTerraformMatrixRulesExample 2022-09-26T16:47:40Z logger.go:66:           - ipv6_cidr_blocks         = null
TestTerraformMatrixRulesExample 2022-09-26T16:47:40Z logger.go:66:           - prefix_list_ids          = null
TestTerraformMatrixRulesExample 2022-09-26T16:47:40Z logger.go:66:           - protocol                 = "tcp"
TestTerraformMatrixRulesExample 2022-09-26T16:47:40Z logger.go:66:           - security_group_id        = "sg-1111111111111111"
TestTerraformMatrixRulesExample 2022-09-26T16:47:40Z logger.go:66:           - self                     = true
TestTerraformMatrixRulesExample 2022-09-26T16:47:40Z logger.go:66:           - source_security_group_id = null
TestTerraformMatrixRulesExample 2022-09-26T16:47:40Z logger.go:66:           - timeouts                 = null
TestTerraformMatrixRulesExample 2022-09-26T16:47:40Z logger.go:66:           - to_port                  = 80
TestTerraformMatrixRulesExample 2022-09-26T16:47:40Z logger.go:66:           - type                     = "ingress"
TestTerraformMatrixRulesExample 2022-09-26T16:47:40Z logger.go:66:         },
TestTerraformMatrixRulesExample 2022-09-26T16:47:40Z logger.go:66:       - {
TestTerraformMatrixRulesExample 2022-09-26T16:47:40Z logger.go:66:           - cidr_blocks              = null
TestTerraformMatrixRulesExample 2022-09-26T16:47:40Z logger.go:66:           - description              = "matrix default rule example"
TestTerraformMatrixRulesExample 2022-09-26T16:47:40Z logger.go:66:           - from_port                = 443
TestTerraformMatrixRulesExample 2022-09-26T16:47:40Z logger.go:66:           - id                       = "sgrule-1111111111"
TestTerraformMatrixRulesExample 2022-09-26T16:47:40Z logger.go:66:           - ipv6_cidr_blocks         = null
TestTerraformMatrixRulesExample 2022-09-26T16:47:40Z logger.go:66:           - prefix_list_ids          = null
TestTerraformMatrixRulesExample 2022-09-26T16:47:40Z logger.go:66:           - protocol                 = "tcp"
TestTerraformMatrixRulesExample 2022-09-26T16:47:40Z logger.go:66:           - security_group_id        = "sg-1111111111111111"
TestTerraformMatrixRulesExample 2022-09-26T16:47:40Z logger.go:66:           - self                     = false
TestTerraformMatrixRulesExample 2022-09-26T16:47:40Z logger.go:66:           - source_security_group_id = "sg-1111111111111111"
TestTerraformMatrixRulesExample 2022-09-26T16:47:40Z logger.go:66:           - timeouts                 = null
TestTerraformMatrixRulesExample 2022-09-26T16:47:40Z logger.go:66:           - to_port                  = 443
TestTerraformMatrixRulesExample 2022-09-26T16:47:40Z logger.go:66:           - type                     = "ingress"
TestTerraformMatrixRulesExample 2022-09-26T16:47:40Z logger.go:66:         },
TestTerraformMatrixRulesExample 2022-09-26T16:47:40Z logger.go:66:       - {
TestTerraformMatrixRulesExample 2022-09-26T16:47:40Z logger.go:66:           - cidr_blocks              = null
TestTerraformMatrixRulesExample 2022-09-26T16:47:40Z logger.go:66:           - description              = "matrix default rule example"
TestTerraformMatrixRulesExample 2022-09-26T16:47:40Z logger.go:66:           - from_port                = 443
TestTerraformMatrixRulesExample 2022-09-26T16:47:40Z logger.go:66:           - id                       = "sgrule-1111111111"
TestTerraformMatrixRulesExample 2022-09-26T16:47:40Z logger.go:66:           - ipv6_cidr_blocks         = null
TestTerraformMatrixRulesExample 2022-09-26T16:47:40Z logger.go:66:           - prefix_list_ids          = null
TestTerraformMatrixRulesExample 2022-09-26T16:47:40Z logger.go:66:           - protocol                 = "tcp"
TestTerraformMatrixRulesExample 2022-09-26T16:47:40Z logger.go:66:           - security_group_id        = "sg-1111111111111111"
TestTerraformMatrixRulesExample 2022-09-26T16:47:40Z logger.go:66:           - self                     = true
TestTerraformMatrixRulesExample 2022-09-26T16:47:40Z logger.go:66:           - source_security_group_id = null
TestTerraformMatrixRulesExample 2022-09-26T16:47:40Z logger.go:66:           - timeouts                 = null
TestTerraformMatrixRulesExample 2022-09-26T16:47:40Z logger.go:66:           - to_port                  = 443
TestTerraformMatrixRulesExample 2022-09-26T16:47:40Z logger.go:66:           - type                     = "ingress"
TestTerraformMatrixRulesExample 2022-09-26T16:47:40Z logger.go:66:         },
TestTerraformMatrixRulesExample 2022-09-26T16:47:40Z logger.go:66:     ] -> null
TestTerraformMatrixRulesExample 2022-09-26T16:47:40Z logger.go:66:   - terratest = {
TestTerraformMatrixRulesExample 2022-09-26T16:47:40Z logger.go:66:       - data_aws_prefix_list_private_s3_id = "pl-1111111111111111"
TestTerraformMatrixRulesExample 2022-09-26T16:47:40Z logger.go:66:       - data_aws_security_group_default_id = "sg-1111111111111111"
TestTerraformMatrixRulesExample 2022-09-26T16:47:40Z logger.go:66:     } -> null
TestTerraformMatrixRulesExample 2022-09-26T16:47:41Z logger.go:66: module.security_group.aws_security_group_rule.matrix_egress["10.0.0.0/24-10.0.1.0/24-managed-by-terraform-https-443-tcp-egress"]: Destroying... [id=sgrule-1111111111]
TestTerraformMatrixRulesExample 2022-09-26T16:47:41Z logger.go:66: module.security_group.aws_security_group_rule.matrix_ingress["10.0.0.0/24-10.0.1.0/24-matrix-default-rule-example-pl-1111111111111111-https-443-tcp-ingress"]: Destroying... [id=sgrule-1111111111]
TestTerraformMatrixRulesExample 2022-09-26T16:47:41Z logger.go:66: module.security_group.aws_security_group_rule.matrix_ingress["matrix-default-rule-example-https-443-tcp-sg-1111111111111111-ingress"]: Destroying... [id=sgrule-1111111111]
TestTerraformMatrixRulesExample 2022-09-26T16:47:41Z logger.go:66: aws_ec2_managed_prefix_list.other: Destroying... [id=pl-1111111111111111]
TestTerraformMatrixRulesExample 2022-09-26T16:47:41Z logger.go:66: module.security_group.aws_security_group_rule.matrix_ingress["10.0.0.0/24-10.0.1.0/24-matrix-default-rule-example-80-pl-1111111111111111-tcp-80-ingress"]: Destroying... [id=sgrule-1111111111]
TestTerraformMatrixRulesExample 2022-09-26T16:47:41Z logger.go:66: module.security_group.aws_security_group_rule.matrix_ingress["matrix-default-rule-example-80-tcp-true-80-ingress"]: Destroying... [id=sgrule-1111111111]
TestTerraformMatrixRulesExample 2022-09-26T16:47:41Z logger.go:66: module.security_group.aws_security_group_rule.matrix_ingress["matrix-default-rule-example-https-443-tcp-true-ingress"]: Destroying... [id=sgrule-1111111111]
TestTerraformMatrixRulesExample 2022-09-26T16:47:41Z logger.go:66: aws_security_group.other: Destroying... [id=sg-1111111111111111]
TestTerraformMatrixRulesExample 2022-09-26T16:47:41Z logger.go:66: module.security_group.aws_security_group_rule.matrix_ingress["matrix-default-rule-example-80-tcp-sg-1111111111111111-80-ingress"]: Destroying... [id=sgrule-1111111111]
TestTerraformMatrixRulesExample 2022-09-26T16:47:41Z logger.go:66: module.security_group.aws_security_group_rule.matrix_egress["managed-by-terraform-https-443-tcp-sg-1111111111111111-egress"]: Destroying... [id=sgrule-1111111111]
TestTerraformMatrixRulesExample 2022-09-26T16:47:42Z logger.go:66: module.security_group.aws_security_group_rule.matrix_egress["10.0.0.0/24-10.0.1.0/24-managed-by-terraform-https-443-tcp-egress"]: Destruction complete after 0s
TestTerraformMatrixRulesExample 2022-09-26T16:47:42Z logger.go:66: module.security_group.aws_security_group_rule.matrix_ingress["matrix-default-rule-example-https-443-tcp-true-ingress"]: Destruction complete after 1s
TestTerraformMatrixRulesExample 2022-09-26T16:47:43Z logger.go:66: aws_security_group.other: Destruction complete after 1s
TestTerraformMatrixRulesExample 2022-09-26T16:47:43Z logger.go:66: module.security_group.aws_security_group_rule.matrix_ingress["matrix-default-rule-example-https-443-tcp-sg-1111111111111111-ingress"]: Destruction complete after 2s
TestTerraformMatrixRulesExample 2022-09-26T16:47:44Z logger.go:66: module.security_group.aws_security_group_rule.matrix_ingress["10.0.0.0/24-10.0.1.0/24-matrix-default-rule-example-pl-1111111111111111-https-443-tcp-ingress"]: Destruction complete after 2s
TestTerraformMatrixRulesExample 2022-09-26T16:47:44Z logger.go:66: module.security_group.aws_security_group_rule.matrix_ingress["matrix-default-rule-example-80-tcp-true-80-ingress"]: Destruction complete after 3s
TestTerraformMatrixRulesExample 2022-09-26T16:47:45Z logger.go:66: module.security_group.aws_security_group_rule.matrix_egress["managed-by-terraform-https-443-tcp-sg-1111111111111111-egress"]: Destruction complete after 3s
TestTerraformMatrixRulesExample 2022-09-26T16:47:46Z logger.go:66: module.security_group.aws_security_group_rule.matrix_ingress["10.0.0.0/24-10.0.1.0/24-matrix-default-rule-example-80-pl-1111111111111111-tcp-80-ingress"]: Destruction complete after 4s
TestTerraformMatrixRulesExample 2022-09-26T16:47:46Z logger.go:66: module.security_group.aws_security_group_rule.matrix_ingress["matrix-default-rule-example-80-tcp-sg-1111111111111111-80-ingress"]: Destruction complete after 5s
TestTerraformMatrixRulesExample 2022-09-26T16:47:46Z logger.go:66: module.security_group.aws_security_group.self[0]: Destroying... [id=sg-1111111111111111]
TestTerraformMatrixRulesExample 2022-09-26T16:47:47Z logger.go:66: module.security_group.aws_security_group.self[0]: Destruction complete after 1s
TestTerraformMatrixRulesExample 2022-09-26T16:47:49Z logger.go:66: aws_ec2_managed_prefix_list.other: Destruction complete after 7s
TestTerraformMatrixRulesExample 2022-09-26T16:47:49Z logger.go:66:
TestTerraformMatrixRulesExample 2022-09-26T16:47:49Z logger.go:66: Destroy complete! Resources: 11 destroyed.
--- PASS: TestTerraformMatrixRulesExample (34.64s)
PASS
ok  	command-line-arguments	34.660s
