=== RUN   TestTerraformCompleteExample
TestTerraformCompleteExample 2022-08-24T15:14:55Z retry.go:91: terraform [init -upgrade=false]
TestTerraformCompleteExample 2022-08-24T15:14:55Z logger.go:66: Running command terraform with args [init -upgrade=false]
TestTerraformCompleteExample 2022-08-24T15:14:55Z logger.go:66: [0m[1mInitializing modules...[0m
TestTerraformCompleteExample 2022-08-24T15:14:55Z logger.go:66:
TestTerraformCompleteExample 2022-08-24T15:14:55Z logger.go:66: [0m[1mInitializing the backend...[0m
TestTerraformCompleteExample 2022-08-24T15:14:56Z logger.go:66:
TestTerraformCompleteExample 2022-08-24T15:14:56Z logger.go:66: [0m[1mInitializing provider plugins...[0m
TestTerraformCompleteExample 2022-08-24T15:14:56Z logger.go:66: - Reusing previous version of hashicorp/aws from the dependency lock file
TestTerraformCompleteExample 2022-08-24T15:14:57Z logger.go:66: - Using previously-installed hashicorp/aws v4.27.0
TestTerraformCompleteExample 2022-08-24T15:14:57Z logger.go:66:
TestTerraformCompleteExample 2022-08-24T15:14:57Z logger.go:66: [0m[1m[32mTerraform has been successfully initialized![0m[32m[0m
TestTerraformCompleteExample 2022-08-24T15:14:57Z logger.go:66: [0m[32m
TestTerraformCompleteExample 2022-08-24T15:14:57Z logger.go:66: You may now begin working with Terraform. Try running "terraform plan" to see
TestTerraformCompleteExample 2022-08-24T15:14:57Z logger.go:66: any changes that are required for your infrastructure. All Terraform commands
TestTerraformCompleteExample 2022-08-24T15:14:57Z logger.go:66: should now work.
TestTerraformCompleteExample 2022-08-24T15:14:57Z logger.go:66:
TestTerraformCompleteExample 2022-08-24T15:14:57Z logger.go:66: If you ever set or change modules or backend configuration for Terraform,
TestTerraformCompleteExample 2022-08-24T15:14:57Z logger.go:66: rerun this command to reinitialize your working directory. If you forget, other
TestTerraformCompleteExample 2022-08-24T15:14:57Z logger.go:66: commands will detect it and remind you to do so if necessary.[0m
TestTerraformCompleteExample 2022-08-24T15:14:57Z retry.go:91: terraform [apply -input=false -auto-approve -no-color -lock=false]
TestTerraformCompleteExample 2022-08-24T15:14:57Z logger.go:66: Running command terraform with args [apply -input=false -auto-approve -no-color -lock=false]
TestTerraformCompleteExample 2022-08-24T15:14:59Z logger.go:66: data.aws_prefix_list.private_s3: Reading...
TestTerraformCompleteExample 2022-08-24T15:14:59Z logger.go:66: data.aws_vpc.default: Reading...
TestTerraformCompleteExample 2022-08-24T15:15:00Z logger.go:66: data.aws_prefix_list.private_s3: Read complete after 0s [id=pl-68a54001]
TestTerraformCompleteExample 2022-08-24T15:15:00Z logger.go:66: data.aws_vpc.default: Read complete after 0s [id=vpc-9ce7cafb]
TestTerraformCompleteExample 2022-08-24T15:15:00Z logger.go:66: data.aws_security_group.default: Reading...
TestTerraformCompleteExample 2022-08-24T15:15:00Z logger.go:66: data.aws_security_group.default: Read complete after 1s [id=sg-b551fece]
TestTerraformCompleteExample 2022-08-24T15:15:00Z logger.go:66:
TestTerraformCompleteExample 2022-08-24T15:15:00Z logger.go:66: Terraform used the selected providers to generate the following execution
TestTerraformCompleteExample 2022-08-24T15:15:00Z logger.go:66: plan. Resource actions are indicated with the following symbols:
TestTerraformCompleteExample 2022-08-24T15:15:00Z logger.go:66:   + create
TestTerraformCompleteExample 2022-08-24T15:15:00Z logger.go:66:
TestTerraformCompleteExample 2022-08-24T15:15:00Z logger.go:66: Terraform will perform the following actions:
TestTerraformCompleteExample 2022-08-24T15:15:00Z logger.go:66:
TestTerraformCompleteExample 2022-08-24T15:15:00Z logger.go:66:   # aws_ec2_managed_prefix_list.other will be created
TestTerraformCompleteExample 2022-08-24T15:15:00Z logger.go:66:   + resource "aws_ec2_managed_prefix_list" "other" {
TestTerraformCompleteExample 2022-08-24T15:15:00Z logger.go:66:       + address_family = "IPv4"
TestTerraformCompleteExample 2022-08-24T15:15:00Z logger.go:66:       + arn            = (known after apply)
TestTerraformCompleteExample 2022-08-24T15:15:00Z logger.go:66:       + id             = (known after apply)
TestTerraformCompleteExample 2022-08-24T15:15:00Z logger.go:66:       + max_entries    = 5
TestTerraformCompleteExample 2022-08-24T15:15:00Z logger.go:66:       + name           = "ex-complete-other"
TestTerraformCompleteExample 2022-08-24T15:15:00Z logger.go:66:       + owner_id       = (known after apply)
TestTerraformCompleteExample 2022-08-24T15:15:00Z logger.go:66:       + tags_all       = {
TestTerraformCompleteExample 2022-08-24T15:15:00Z logger.go:66:           + "Example"    = "ex-complete"
TestTerraformCompleteExample 2022-08-24T15:15:00Z logger.go:66:           + "GithubOrg"  = "aidanmelen"
TestTerraformCompleteExample 2022-08-24T15:15:00Z logger.go:66:           + "GithubRepo" = "terraform-aws-security-group"
TestTerraformCompleteExample 2022-08-24T15:15:00Z logger.go:66:         }
TestTerraformCompleteExample 2022-08-24T15:15:00Z logger.go:66:       + version        = (known after apply)
TestTerraformCompleteExample 2022-08-24T15:15:00Z logger.go:66:
TestTerraformCompleteExample 2022-08-24T15:15:00Z logger.go:66:       + entry {
TestTerraformCompleteExample 2022-08-24T15:15:00Z logger.go:66:           + cidr        = "172.31.0.0/16"
TestTerraformCompleteExample 2022-08-24T15:15:00Z logger.go:66:           + description = "Primary"
TestTerraformCompleteExample 2022-08-24T15:15:00Z logger.go:66:         }
TestTerraformCompleteExample 2022-08-24T15:15:00Z logger.go:66:     }
TestTerraformCompleteExample 2022-08-24T15:15:00Z logger.go:66:
TestTerraformCompleteExample 2022-08-24T15:15:00Z logger.go:66:   # aws_security_group.other will be created
TestTerraformCompleteExample 2022-08-24T15:15:00Z logger.go:66:   + resource "aws_security_group" "other" {
TestTerraformCompleteExample 2022-08-24T15:15:00Z logger.go:66:       + arn                    = (known after apply)
TestTerraformCompleteExample 2022-08-24T15:15:00Z logger.go:66:       + description            = "ex-complete-other"
TestTerraformCompleteExample 2022-08-24T15:15:00Z logger.go:66:       + egress                 = (known after apply)
TestTerraformCompleteExample 2022-08-24T15:15:00Z logger.go:66:       + id                     = (known after apply)
TestTerraformCompleteExample 2022-08-24T15:15:00Z logger.go:66:       + ingress                = (known after apply)
TestTerraformCompleteExample 2022-08-24T15:15:00Z logger.go:66:       + name                   = "ex-complete-other"
TestTerraformCompleteExample 2022-08-24T15:15:00Z logger.go:66:       + name_prefix            = (known after apply)
TestTerraformCompleteExample 2022-08-24T15:15:00Z logger.go:66:       + owner_id               = (known after apply)
TestTerraformCompleteExample 2022-08-24T15:15:00Z logger.go:66:       + revoke_rules_on_delete = false
TestTerraformCompleteExample 2022-08-24T15:15:00Z logger.go:66:       + tags                   = {
TestTerraformCompleteExample 2022-08-24T15:15:00Z logger.go:66:           + "Name" = "ex-complete-other"
TestTerraformCompleteExample 2022-08-24T15:15:00Z logger.go:66:         }
TestTerraformCompleteExample 2022-08-24T15:15:00Z logger.go:66:       + tags_all               = {
TestTerraformCompleteExample 2022-08-24T15:15:00Z logger.go:66:           + "Example"    = "ex-complete"
TestTerraformCompleteExample 2022-08-24T15:15:00Z logger.go:66:           + "GithubOrg"  = "aidanmelen"
TestTerraformCompleteExample 2022-08-24T15:15:00Z logger.go:66:           + "GithubRepo" = "terraform-aws-security-group"
TestTerraformCompleteExample 2022-08-24T15:15:00Z logger.go:66:           + "Name"       = "ex-complete-other"
TestTerraformCompleteExample 2022-08-24T15:15:00Z logger.go:66:         }
TestTerraformCompleteExample 2022-08-24T15:15:00Z logger.go:66:       + vpc_id                 = "vpc-9ce7cafb"
TestTerraformCompleteExample 2022-08-24T15:15:00Z logger.go:66:     }
TestTerraformCompleteExample 2022-08-24T15:15:00Z logger.go:66:
TestTerraformCompleteExample 2022-08-24T15:15:00Z logger.go:66:   # module.security_group.aws_security_group.self[0] will be created
TestTerraformCompleteExample 2022-08-24T15:15:00Z logger.go:66:   + resource "aws_security_group" "self" {
TestTerraformCompleteExample 2022-08-24T15:15:00Z logger.go:66:       + arn                    = (known after apply)
TestTerraformCompleteExample 2022-08-24T15:15:00Z logger.go:66:       + description            = "ex-complete"
TestTerraformCompleteExample 2022-08-24T15:15:00Z logger.go:66:       + egress                 = (known after apply)
TestTerraformCompleteExample 2022-08-24T15:15:00Z logger.go:66:       + id                     = (known after apply)
TestTerraformCompleteExample 2022-08-24T15:15:00Z logger.go:66:       + ingress                = (known after apply)
TestTerraformCompleteExample 2022-08-24T15:15:00Z logger.go:66:       + name                   = "ex-complete"
TestTerraformCompleteExample 2022-08-24T15:15:00Z logger.go:66:       + name_prefix            = (known after apply)
TestTerraformCompleteExample 2022-08-24T15:15:00Z logger.go:66:       + owner_id               = (known after apply)
TestTerraformCompleteExample 2022-08-24T15:15:00Z logger.go:66:       + revoke_rules_on_delete = false
TestTerraformCompleteExample 2022-08-24T15:15:00Z logger.go:66:       + tags                   = {
TestTerraformCompleteExample 2022-08-24T15:15:00Z logger.go:66:           + "Name" = "ex-complete"
TestTerraformCompleteExample 2022-08-24T15:15:00Z logger.go:66:         }
TestTerraformCompleteExample 2022-08-24T15:15:00Z logger.go:66:       + tags_all               = {
TestTerraformCompleteExample 2022-08-24T15:15:00Z logger.go:66:           + "Example"    = "ex-complete"
TestTerraformCompleteExample 2022-08-24T15:15:00Z logger.go:66:           + "GithubOrg"  = "aidanmelen"
TestTerraformCompleteExample 2022-08-24T15:15:00Z logger.go:66:           + "GithubRepo" = "terraform-aws-security-group"
TestTerraformCompleteExample 2022-08-24T15:15:00Z logger.go:66:           + "Name"       = "ex-complete"
TestTerraformCompleteExample 2022-08-24T15:15:00Z logger.go:66:         }
TestTerraformCompleteExample 2022-08-24T15:15:00Z logger.go:66:       + vpc_id                 = "vpc-9ce7cafb"
TestTerraformCompleteExample 2022-08-24T15:15:00Z logger.go:66:
TestTerraformCompleteExample 2022-08-24T15:15:00Z logger.go:66:       + timeouts {
TestTerraformCompleteExample 2022-08-24T15:15:00Z logger.go:66:           + create = "10m"
TestTerraformCompleteExample 2022-08-24T15:15:00Z logger.go:66:           + delete = "15m"
TestTerraformCompleteExample 2022-08-24T15:15:00Z logger.go:66:         }
TestTerraformCompleteExample 2022-08-24T15:15:00Z logger.go:66:     }
TestTerraformCompleteExample 2022-08-24T15:15:00Z logger.go:66:
TestTerraformCompleteExample 2022-08-24T15:15:00Z logger.go:66:   # module.security_group.aws_security_group_rule.auto_group_egress_all_to_public_internet_rules["egress-all-all-to-public-internet"] will be created
TestTerraformCompleteExample 2022-08-24T15:15:00Z logger.go:66:   + resource "aws_security_group_rule" "auto_group_egress_all_to_public_internet_rules" {
TestTerraformCompleteExample 2022-08-24T15:15:00Z logger.go:66:       + cidr_blocks              = [
TestTerraformCompleteExample 2022-08-24T15:15:00Z logger.go:66:           + "0.0.0.0/0",
TestTerraformCompleteExample 2022-08-24T15:15:00Z logger.go:66:         ]
TestTerraformCompleteExample 2022-08-24T15:15:00Z logger.go:66:       + description              = "Opening up ports to connect out to the public internet is generally to be avoided. Please see [no-public-egress-sgr](https://aquasecurity.github.io/tfsec/v0.61.3/checks/aws/vpc/no-public-egress-sgr/) for more information"
TestTerraformCompleteExample 2022-08-24T15:15:00Z logger.go:66:       + from_port                = -1
TestTerraformCompleteExample 2022-08-24T15:15:00Z logger.go:66:       + id                       = (known after apply)
TestTerraformCompleteExample 2022-08-24T15:15:00Z logger.go:66:       + ipv6_cidr_blocks         = [
TestTerraformCompleteExample 2022-08-24T15:15:00Z logger.go:66:           + "::/0",
TestTerraformCompleteExample 2022-08-24T15:15:00Z logger.go:66:         ]
TestTerraformCompleteExample 2022-08-24T15:15:00Z logger.go:66:       + protocol                 = "-1"
TestTerraformCompleteExample 2022-08-24T15:15:00Z logger.go:66:       + security_group_id        = (known after apply)
TestTerraformCompleteExample 2022-08-24T15:15:00Z logger.go:66:       + self                     = false
TestTerraformCompleteExample 2022-08-24T15:15:00Z logger.go:66:       + source_security_group_id = (known after apply)
TestTerraformCompleteExample 2022-08-24T15:15:00Z logger.go:66:       + to_port                  = -1
TestTerraformCompleteExample 2022-08-24T15:15:00Z logger.go:66:       + type                     = "egress"
TestTerraformCompleteExample 2022-08-24T15:15:00Z logger.go:66:     }
TestTerraformCompleteExample 2022-08-24T15:15:00Z logger.go:66:
TestTerraformCompleteExample 2022-08-24T15:15:00Z logger.go:66:   # module.security_group.aws_security_group_rule.auto_group_ingress_all_from_self_rules["ingress-all-all-from-self"] will be created
TestTerraformCompleteExample 2022-08-24T15:15:00Z logger.go:66:   + resource "aws_security_group_rule" "auto_group_ingress_all_from_self_rules" {
TestTerraformCompleteExample 2022-08-24T15:15:00Z logger.go:66:       + description              = "Opening up ingress all ports from self security group."
TestTerraformCompleteExample 2022-08-24T15:15:00Z logger.go:66:       + from_port                = -1
TestTerraformCompleteExample 2022-08-24T15:15:00Z logger.go:66:       + id                       = (known after apply)
TestTerraformCompleteExample 2022-08-24T15:15:00Z logger.go:66:       + protocol                 = "-1"
TestTerraformCompleteExample 2022-08-24T15:15:00Z logger.go:66:       + security_group_id        = (known after apply)
TestTerraformCompleteExample 2022-08-24T15:15:00Z logger.go:66:       + self                     = true
TestTerraformCompleteExample 2022-08-24T15:15:00Z logger.go:66:       + source_security_group_id = (known after apply)
TestTerraformCompleteExample 2022-08-24T15:15:00Z logger.go:66:       + to_port                  = -1
TestTerraformCompleteExample 2022-08-24T15:15:00Z logger.go:66:       + type                     = "ingress"
TestTerraformCompleteExample 2022-08-24T15:15:00Z logger.go:66:     }
TestTerraformCompleteExample 2022-08-24T15:15:00Z logger.go:66:
TestTerraformCompleteExample 2022-08-24T15:15:00Z logger.go:66:   # module.security_group.aws_security_group_rule.computed_egress_rules[0] will be created
TestTerraformCompleteExample 2022-08-24T15:15:00Z logger.go:66:   + resource "aws_security_group_rule" "computed_egress_rules" {
TestTerraformCompleteExample 2022-08-24T15:15:00Z logger.go:66:       + from_port                = 80
TestTerraformCompleteExample 2022-08-24T15:15:00Z logger.go:66:       + id                       = (known after apply)
TestTerraformCompleteExample 2022-08-24T15:15:00Z logger.go:66:       + prefix_list_ids          = (known after apply)
TestTerraformCompleteExample 2022-08-24T15:15:00Z logger.go:66:       + protocol                 = "tcp"
TestTerraformCompleteExample 2022-08-24T15:15:00Z logger.go:66:       + security_group_id        = (known after apply)
TestTerraformCompleteExample 2022-08-24T15:15:00Z logger.go:66:       + self                     = false
TestTerraformCompleteExample 2022-08-24T15:15:00Z logger.go:66:       + source_security_group_id = (known after apply)
TestTerraformCompleteExample 2022-08-24T15:15:00Z logger.go:66:       + to_port                  = 80
TestTerraformCompleteExample 2022-08-24T15:15:00Z logger.go:66:       + type                     = "egress"
TestTerraformCompleteExample 2022-08-24T15:15:00Z logger.go:66:     }
TestTerraformCompleteExample 2022-08-24T15:15:00Z logger.go:66:
TestTerraformCompleteExample 2022-08-24T15:15:00Z logger.go:66:   # module.security_group.aws_security_group_rule.computed_ingress_rules[0] will be created
TestTerraformCompleteExample 2022-08-24T15:15:00Z logger.go:66:   + resource "aws_security_group_rule" "computed_ingress_rules" {
TestTerraformCompleteExample 2022-08-24T15:15:00Z logger.go:66:       + from_port                = 80
TestTerraformCompleteExample 2022-08-24T15:15:00Z logger.go:66:       + id                       = (known after apply)
TestTerraformCompleteExample 2022-08-24T15:15:00Z logger.go:66:       + protocol                 = "tcp"
TestTerraformCompleteExample 2022-08-24T15:15:00Z logger.go:66:       + security_group_id        = (known after apply)
TestTerraformCompleteExample 2022-08-24T15:15:00Z logger.go:66:       + self                     = false
TestTerraformCompleteExample 2022-08-24T15:15:00Z logger.go:66:       + source_security_group_id = (known after apply)
TestTerraformCompleteExample 2022-08-24T15:15:00Z logger.go:66:       + to_port                  = 80
TestTerraformCompleteExample 2022-08-24T15:15:00Z logger.go:66:       + type                     = "ingress"
TestTerraformCompleteExample 2022-08-24T15:15:00Z logger.go:66:     }
TestTerraformCompleteExample 2022-08-24T15:15:00Z logger.go:66:
TestTerraformCompleteExample 2022-08-24T15:15:00Z logger.go:66:   # module.security_group.aws_security_group_rule.computed_managed_egress_rules[0] will be created
TestTerraformCompleteExample 2022-08-24T15:15:00Z logger.go:66:   + resource "aws_security_group_rule" "computed_managed_egress_rules" {
TestTerraformCompleteExample 2022-08-24T15:15:00Z logger.go:66:       + description              = "https-443-tcp"
TestTerraformCompleteExample 2022-08-24T15:15:00Z logger.go:66:       + from_port                = 443
TestTerraformCompleteExample 2022-08-24T15:15:00Z logger.go:66:       + id                       = (known after apply)
TestTerraformCompleteExample 2022-08-24T15:15:00Z logger.go:66:       + prefix_list_ids          = (known after apply)
TestTerraformCompleteExample 2022-08-24T15:15:00Z logger.go:66:       + protocol                 = "tcp"
TestTerraformCompleteExample 2022-08-24T15:15:00Z logger.go:66:       + security_group_id        = (known after apply)
TestTerraformCompleteExample 2022-08-24T15:15:00Z logger.go:66:       + self                     = false
TestTerraformCompleteExample 2022-08-24T15:15:00Z logger.go:66:       + source_security_group_id = (known after apply)
TestTerraformCompleteExample 2022-08-24T15:15:00Z logger.go:66:       + to_port                  = 443
TestTerraformCompleteExample 2022-08-24T15:15:00Z logger.go:66:       + type                     = "egress"
TestTerraformCompleteExample 2022-08-24T15:15:00Z logger.go:66:     }
TestTerraformCompleteExample 2022-08-24T15:15:00Z logger.go:66:
TestTerraformCompleteExample 2022-08-24T15:15:00Z logger.go:66:   # module.security_group.aws_security_group_rule.computed_managed_ingress_rules[0] will be created
TestTerraformCompleteExample 2022-08-24T15:15:00Z logger.go:66:   + resource "aws_security_group_rule" "computed_managed_ingress_rules" {
TestTerraformCompleteExample 2022-08-24T15:15:00Z logger.go:66:       + description              = "https-443-tcp"
TestTerraformCompleteExample 2022-08-24T15:15:00Z logger.go:66:       + from_port                = 443
TestTerraformCompleteExample 2022-08-24T15:15:00Z logger.go:66:       + id                       = (known after apply)
TestTerraformCompleteExample 2022-08-24T15:15:00Z logger.go:66:       + protocol                 = "tcp"
TestTerraformCompleteExample 2022-08-24T15:15:00Z logger.go:66:       + security_group_id        = (known after apply)
TestTerraformCompleteExample 2022-08-24T15:15:00Z logger.go:66:       + self                     = false
TestTerraformCompleteExample 2022-08-24T15:15:00Z logger.go:66:       + source_security_group_id = (known after apply)
TestTerraformCompleteExample 2022-08-24T15:15:00Z logger.go:66:       + to_port                  = 443
TestTerraformCompleteExample 2022-08-24T15:15:00Z logger.go:66:       + type                     = "ingress"
TestTerraformCompleteExample 2022-08-24T15:15:00Z logger.go:66:     }
TestTerraformCompleteExample 2022-08-24T15:15:00Z logger.go:66:
TestTerraformCompleteExample 2022-08-24T15:15:00Z logger.go:66:   # module.security_group.aws_security_group_rule.managed_rules["egress-https-443-tcp-to-10.10.0.0/16,10.20.0.0/24"] will be created
TestTerraformCompleteExample 2022-08-24T15:15:00Z logger.go:66:   + resource "aws_security_group_rule" "managed_rules" {
TestTerraformCompleteExample 2022-08-24T15:15:00Z logger.go:66:       + cidr_blocks              = [
TestTerraformCompleteExample 2022-08-24T15:15:00Z logger.go:66:           + "10.10.0.0/16",
TestTerraformCompleteExample 2022-08-24T15:15:00Z logger.go:66:           + "10.20.0.0/24",
TestTerraformCompleteExample 2022-08-24T15:15:00Z logger.go:66:         ]
TestTerraformCompleteExample 2022-08-24T15:15:00Z logger.go:66:       + description              = "egress-https-443-tcp-to-10.10.0.0/16,10.20.0.0/24"
TestTerraformCompleteExample 2022-08-24T15:15:00Z logger.go:66:       + from_port                = 443
TestTerraformCompleteExample 2022-08-24T15:15:00Z logger.go:66:       + id                       = (known after apply)
TestTerraformCompleteExample 2022-08-24T15:15:00Z logger.go:66:       + protocol                 = "tcp"
TestTerraformCompleteExample 2022-08-24T15:15:00Z logger.go:66:       + security_group_id        = (known after apply)
TestTerraformCompleteExample 2022-08-24T15:15:00Z logger.go:66:       + self                     = false
TestTerraformCompleteExample 2022-08-24T15:15:00Z logger.go:66:       + source_security_group_id = (known after apply)
TestTerraformCompleteExample 2022-08-24T15:15:00Z logger.go:66:       + to_port                  = 443
TestTerraformCompleteExample 2022-08-24T15:15:00Z logger.go:66:       + type                     = "egress"
TestTerraformCompleteExample 2022-08-24T15:15:00Z logger.go:66:     }
TestTerraformCompleteExample 2022-08-24T15:15:00Z logger.go:66:
TestTerraformCompleteExample 2022-08-24T15:15:00Z logger.go:66:   # module.security_group.aws_security_group_rule.managed_rules["egress-postgresql-tcp-to-2001:db8::/64"] will be created
TestTerraformCompleteExample 2022-08-24T15:15:00Z logger.go:66:   + resource "aws_security_group_rule" "managed_rules" {
TestTerraformCompleteExample 2022-08-24T15:15:00Z logger.go:66:       + description              = "egress-postgresql-tcp-to-2001:db8::/64"
TestTerraformCompleteExample 2022-08-24T15:15:00Z logger.go:66:       + from_port                = 5432
TestTerraformCompleteExample 2022-08-24T15:15:00Z logger.go:66:       + id                       = (known after apply)
TestTerraformCompleteExample 2022-08-24T15:15:00Z logger.go:66:       + ipv6_cidr_blocks         = [
TestTerraformCompleteExample 2022-08-24T15:15:00Z logger.go:66:           + "2001:db8::/64",
TestTerraformCompleteExample 2022-08-24T15:15:00Z logger.go:66:         ]
TestTerraformCompleteExample 2022-08-24T15:15:00Z logger.go:66:       + protocol                 = "tcp"
TestTerraformCompleteExample 2022-08-24T15:15:00Z logger.go:66:       + security_group_id        = (known after apply)
TestTerraformCompleteExample 2022-08-24T15:15:00Z logger.go:66:       + self                     = false
TestTerraformCompleteExample 2022-08-24T15:15:00Z logger.go:66:       + source_security_group_id = (known after apply)
TestTerraformCompleteExample 2022-08-24T15:15:00Z logger.go:66:       + to_port                  = 5432
TestTerraformCompleteExample 2022-08-24T15:15:00Z logger.go:66:       + type                     = "egress"
TestTerraformCompleteExample 2022-08-24T15:15:00Z logger.go:66:     }
TestTerraformCompleteExample 2022-08-24T15:15:00Z logger.go:66:
TestTerraformCompleteExample 2022-08-24T15:15:00Z logger.go:66:   # module.security_group.aws_security_group_rule.managed_rules["egress-ssh-tcp-to-pl-68a54001"] will be created
TestTerraformCompleteExample 2022-08-24T15:15:00Z logger.go:66:   + resource "aws_security_group_rule" "managed_rules" {
TestTerraformCompleteExample 2022-08-24T15:15:00Z logger.go:66:       + description              = "egress-ssh-tcp-to-pl-68a54001"
TestTerraformCompleteExample 2022-08-24T15:15:00Z logger.go:66:       + from_port                = 22
TestTerraformCompleteExample 2022-08-24T15:15:00Z logger.go:66:       + id                       = (known after apply)
TestTerraformCompleteExample 2022-08-24T15:15:00Z logger.go:66:       + prefix_list_ids          = [
TestTerraformCompleteExample 2022-08-24T15:15:00Z logger.go:66:           + "pl-68a54001",
TestTerraformCompleteExample 2022-08-24T15:15:00Z logger.go:66:         ]
TestTerraformCompleteExample 2022-08-24T15:15:00Z logger.go:66:       + protocol                 = "tcp"
TestTerraformCompleteExample 2022-08-24T15:15:00Z logger.go:66:       + security_group_id        = (known after apply)
TestTerraformCompleteExample 2022-08-24T15:15:00Z logger.go:66:       + self                     = false
TestTerraformCompleteExample 2022-08-24T15:15:00Z logger.go:66:       + source_security_group_id = (known after apply)
TestTerraformCompleteExample 2022-08-24T15:15:00Z logger.go:66:       + to_port                  = 22
TestTerraformCompleteExample 2022-08-24T15:15:00Z logger.go:66:       + type                     = "egress"
TestTerraformCompleteExample 2022-08-24T15:15:00Z logger.go:66:     }
TestTerraformCompleteExample 2022-08-24T15:15:00Z logger.go:66:
TestTerraformCompleteExample 2022-08-24T15:15:00Z logger.go:66:   # module.security_group.aws_security_group_rule.managed_rules["ingress-all-all-from-10.10.0.0/16,10.20.0.0/24"] will be created
TestTerraformCompleteExample 2022-08-24T15:15:00Z logger.go:66:   + resource "aws_security_group_rule" "managed_rules" {
TestTerraformCompleteExample 2022-08-24T15:15:00Z logger.go:66:       + cidr_blocks              = [
TestTerraformCompleteExample 2022-08-24T15:15:00Z logger.go:66:           + "10.10.0.0/16",
TestTerraformCompleteExample 2022-08-24T15:15:00Z logger.go:66:           + "10.20.0.0/24",
TestTerraformCompleteExample 2022-08-24T15:15:00Z logger.go:66:         ]
TestTerraformCompleteExample 2022-08-24T15:15:00Z logger.go:66:       + description              = "ingress-all-all-from-10.10.0.0/16,10.20.0.0/24"
TestTerraformCompleteExample 2022-08-24T15:15:00Z logger.go:66:       + from_port                = -1
TestTerraformCompleteExample 2022-08-24T15:15:00Z logger.go:66:       + id                       = (known after apply)
TestTerraformCompleteExample 2022-08-24T15:15:00Z logger.go:66:       + protocol                 = "-1"
TestTerraformCompleteExample 2022-08-24T15:15:00Z logger.go:66:       + security_group_id        = (known after apply)
TestTerraformCompleteExample 2022-08-24T15:15:00Z logger.go:66:       + self                     = false
TestTerraformCompleteExample 2022-08-24T15:15:00Z logger.go:66:       + source_security_group_id = (known after apply)
TestTerraformCompleteExample 2022-08-24T15:15:00Z logger.go:66:       + to_port                  = -1
TestTerraformCompleteExample 2022-08-24T15:15:00Z logger.go:66:       + type                     = "ingress"
TestTerraformCompleteExample 2022-08-24T15:15:00Z logger.go:66:     }
TestTerraformCompleteExample 2022-08-24T15:15:00Z logger.go:66:
TestTerraformCompleteExample 2022-08-24T15:15:00Z logger.go:66:   # module.security_group.aws_security_group_rule.managed_rules["ingress-postgresql-tcp-from-2001:db8::/64"] will be created
TestTerraformCompleteExample 2022-08-24T15:15:00Z logger.go:66:   + resource "aws_security_group_rule" "managed_rules" {
TestTerraformCompleteExample 2022-08-24T15:15:00Z logger.go:66:       + description              = "ingress-postgresql-tcp-from-2001:db8::/64"
TestTerraformCompleteExample 2022-08-24T15:15:00Z logger.go:66:       + from_port                = 5432
TestTerraformCompleteExample 2022-08-24T15:15:00Z logger.go:66:       + id                       = (known after apply)
TestTerraformCompleteExample 2022-08-24T15:15:00Z logger.go:66:       + ipv6_cidr_blocks         = [
TestTerraformCompleteExample 2022-08-24T15:15:00Z logger.go:66:           + "2001:db8::/64",
TestTerraformCompleteExample 2022-08-24T15:15:00Z logger.go:66:         ]
TestTerraformCompleteExample 2022-08-24T15:15:00Z logger.go:66:       + protocol                 = "tcp"
TestTerraformCompleteExample 2022-08-24T15:15:00Z logger.go:66:       + security_group_id        = (known after apply)
TestTerraformCompleteExample 2022-08-24T15:15:00Z logger.go:66:       + self                     = false
TestTerraformCompleteExample 2022-08-24T15:15:00Z logger.go:66:       + source_security_group_id = (known after apply)
TestTerraformCompleteExample 2022-08-24T15:15:00Z logger.go:66:       + to_port                  = 5432
TestTerraformCompleteExample 2022-08-24T15:15:00Z logger.go:66:       + type                     = "ingress"
TestTerraformCompleteExample 2022-08-24T15:15:00Z logger.go:66:     }
TestTerraformCompleteExample 2022-08-24T15:15:00Z logger.go:66:
TestTerraformCompleteExample 2022-08-24T15:15:00Z logger.go:66:   # module.security_group.aws_security_group_rule.managed_rules["ingress-ssh-tcp-from-pl-68a54001"] will be created
TestTerraformCompleteExample 2022-08-24T15:15:00Z logger.go:66:   + resource "aws_security_group_rule" "managed_rules" {
TestTerraformCompleteExample 2022-08-24T15:15:00Z logger.go:66:       + description              = "ingress-ssh-tcp-from-pl-68a54001"
TestTerraformCompleteExample 2022-08-24T15:15:00Z logger.go:66:       + from_port                = 22
TestTerraformCompleteExample 2022-08-24T15:15:00Z logger.go:66:       + id                       = (known after apply)
TestTerraformCompleteExample 2022-08-24T15:15:00Z logger.go:66:       + prefix_list_ids          = [
TestTerraformCompleteExample 2022-08-24T15:15:00Z logger.go:66:           + "pl-68a54001",
TestTerraformCompleteExample 2022-08-24T15:15:00Z logger.go:66:         ]
TestTerraformCompleteExample 2022-08-24T15:15:00Z logger.go:66:       + protocol                 = "tcp"
TestTerraformCompleteExample 2022-08-24T15:15:00Z logger.go:66:       + security_group_id        = (known after apply)
TestTerraformCompleteExample 2022-08-24T15:15:00Z logger.go:66:       + self                     = false
TestTerraformCompleteExample 2022-08-24T15:15:00Z logger.go:66:       + source_security_group_id = (known after apply)
TestTerraformCompleteExample 2022-08-24T15:15:00Z logger.go:66:       + to_port                  = 22
TestTerraformCompleteExample 2022-08-24T15:15:00Z logger.go:66:       + type                     = "ingress"
TestTerraformCompleteExample 2022-08-24T15:15:00Z logger.go:66:     }
TestTerraformCompleteExample 2022-08-24T15:15:00Z logger.go:66:
TestTerraformCompleteExample 2022-08-24T15:15:00Z logger.go:66:   # module.security_group.aws_security_group_rule.rules["egress-all-all-all-to-self"] will be created
TestTerraformCompleteExample 2022-08-24T15:15:00Z logger.go:66:   + resource "aws_security_group_rule" "rules" {
TestTerraformCompleteExample 2022-08-24T15:15:00Z logger.go:66:       + description              = "egress-all-all-all-to-self"
TestTerraformCompleteExample 2022-08-24T15:15:00Z logger.go:66:       + from_port                = -1
TestTerraformCompleteExample 2022-08-24T15:15:00Z logger.go:66:       + id                       = (known after apply)
TestTerraformCompleteExample 2022-08-24T15:15:00Z logger.go:66:       + protocol                 = "-1"
TestTerraformCompleteExample 2022-08-24T15:15:00Z logger.go:66:       + security_group_id        = (known after apply)
TestTerraformCompleteExample 2022-08-24T15:15:00Z logger.go:66:       + self                     = true
TestTerraformCompleteExample 2022-08-24T15:15:00Z logger.go:66:       + source_security_group_id = (known after apply)
TestTerraformCompleteExample 2022-08-24T15:15:00Z logger.go:66:       + to_port                  = -1
TestTerraformCompleteExample 2022-08-24T15:15:00Z logger.go:66:       + type                     = "egress"
TestTerraformCompleteExample 2022-08-24T15:15:00Z logger.go:66:     }
TestTerraformCompleteExample 2022-08-24T15:15:00Z logger.go:66:
TestTerraformCompleteExample 2022-08-24T15:15:00Z logger.go:66:   # module.security_group.aws_security_group_rule.rules["egress-all-all-icmp-to-sg-b551fece"] will be created
TestTerraformCompleteExample 2022-08-24T15:15:00Z logger.go:66:   + resource "aws_security_group_rule" "rules" {
TestTerraformCompleteExample 2022-08-24T15:15:00Z logger.go:66:       + description              = "egress-all-all-icmp-to-sg-b551fece"
TestTerraformCompleteExample 2022-08-24T15:15:00Z logger.go:66:       + from_port                = -1
TestTerraformCompleteExample 2022-08-24T15:15:00Z logger.go:66:       + id                       = (known after apply)
TestTerraformCompleteExample 2022-08-24T15:15:00Z logger.go:66:       + protocol                 = "icmp"
TestTerraformCompleteExample 2022-08-24T15:15:00Z logger.go:66:       + security_group_id        = (known after apply)
TestTerraformCompleteExample 2022-08-24T15:15:00Z logger.go:66:       + self                     = false
TestTerraformCompleteExample 2022-08-24T15:15:00Z logger.go:66:       + source_security_group_id = "sg-b551fece"
TestTerraformCompleteExample 2022-08-24T15:15:00Z logger.go:66:       + to_port                  = -1
TestTerraformCompleteExample 2022-08-24T15:15:00Z logger.go:66:       + type                     = "egress"
TestTerraformCompleteExample 2022-08-24T15:15:00Z logger.go:66:     }
TestTerraformCompleteExample 2022-08-24T15:15:00Z logger.go:66:
TestTerraformCompleteExample 2022-08-24T15:15:00Z logger.go:66:   # module.security_group.aws_security_group_rule.rules["ingress-all-all-all-from-self"] will be created
TestTerraformCompleteExample 2022-08-24T15:15:00Z logger.go:66:   + resource "aws_security_group_rule" "rules" {
TestTerraformCompleteExample 2022-08-24T15:15:00Z logger.go:66:       + description              = "ingress-all-all-all-from-self"
TestTerraformCompleteExample 2022-08-24T15:15:00Z logger.go:66:       + from_port                = -1
TestTerraformCompleteExample 2022-08-24T15:15:00Z logger.go:66:       + id                       = (known after apply)
TestTerraformCompleteExample 2022-08-24T15:15:00Z logger.go:66:       + protocol                 = "-1"
TestTerraformCompleteExample 2022-08-24T15:15:00Z logger.go:66:       + security_group_id        = (known after apply)
TestTerraformCompleteExample 2022-08-24T15:15:00Z logger.go:66:       + self                     = true
TestTerraformCompleteExample 2022-08-24T15:15:00Z logger.go:66:       + source_security_group_id = (known after apply)
TestTerraformCompleteExample 2022-08-24T15:15:00Z logger.go:66:       + to_port                  = -1
TestTerraformCompleteExample 2022-08-24T15:15:00Z logger.go:66:       + type                     = "ingress"
TestTerraformCompleteExample 2022-08-24T15:15:00Z logger.go:66:     }
TestTerraformCompleteExample 2022-08-24T15:15:00Z logger.go:66:
TestTerraformCompleteExample 2022-08-24T15:15:00Z logger.go:66:   # module.security_group.aws_security_group_rule.rules["ingress-all-all-icmp-from-sg-b551fece"] will be created
TestTerraformCompleteExample 2022-08-24T15:15:00Z logger.go:66:   + resource "aws_security_group_rule" "rules" {
TestTerraformCompleteExample 2022-08-24T15:15:00Z logger.go:66:       + description              = "ingress-all-all-icmp-from-sg-b551fece"
TestTerraformCompleteExample 2022-08-24T15:15:00Z logger.go:66:       + from_port                = -1
TestTerraformCompleteExample 2022-08-24T15:15:00Z logger.go:66:       + id                       = (known after apply)
TestTerraformCompleteExample 2022-08-24T15:15:00Z logger.go:66:       + protocol                 = "icmp"
TestTerraformCompleteExample 2022-08-24T15:15:00Z logger.go:66:       + security_group_id        = (known after apply)
TestTerraformCompleteExample 2022-08-24T15:15:00Z logger.go:66:       + self                     = false
TestTerraformCompleteExample 2022-08-24T15:15:00Z logger.go:66:       + source_security_group_id = "sg-b551fece"
TestTerraformCompleteExample 2022-08-24T15:15:00Z logger.go:66:       + to_port                  = -1
TestTerraformCompleteExample 2022-08-24T15:15:00Z logger.go:66:       + type                     = "ingress"
TestTerraformCompleteExample 2022-08-24T15:15:00Z logger.go:66:     }
TestTerraformCompleteExample 2022-08-24T15:15:00Z logger.go:66:
TestTerraformCompleteExample 2022-08-24T15:15:00Z logger.go:66: Plan: 19 to add, 0 to change, 0 to destroy.
TestTerraformCompleteExample 2022-08-24T15:15:00Z logger.go:66:
TestTerraformCompleteExample 2022-08-24T15:15:00Z logger.go:66: Changes to Outputs:
TestTerraformCompleteExample 2022-08-24T15:15:00Z logger.go:66:   + auto_group_egress_all_to_public_internet_rule_keys      = (known after apply)
TestTerraformCompleteExample 2022-08-24T15:15:00Z logger.go:66:   + auto_group_ingress_all_from_self_rule_keys              = (known after apply)
TestTerraformCompleteExample 2022-08-24T15:15:00Z logger.go:66:   + auto_group_ingress_http_from_public_internet_rule_keys  = []
TestTerraformCompleteExample 2022-08-24T15:15:00Z logger.go:66:   + auto_group_ingress_https_from_public_internet_rule_keys = []
TestTerraformCompleteExample 2022-08-24T15:15:00Z logger.go:66:   + computed_egress_rule_ids                                = (known after apply)
TestTerraformCompleteExample 2022-08-24T15:15:00Z logger.go:66:   + computed_ingress_rule_ids                               = (known after apply)
TestTerraformCompleteExample 2022-08-24T15:15:00Z logger.go:66:   + computed_managed_egress_rule_ids                        = (known after apply)
TestTerraformCompleteExample 2022-08-24T15:15:00Z logger.go:66:   + computed_managed_ingress_rule_ids                       = (known after apply)
TestTerraformCompleteExample 2022-08-24T15:15:00Z logger.go:66:   + disabled_sg_id                                          = "I was not created"
TestTerraformCompleteExample 2022-08-24T15:15:00Z logger.go:66:   + egress_rule_keys                                        = (known after apply)
TestTerraformCompleteExample 2022-08-24T15:15:00Z logger.go:66:   + ingress_rule_keys                                       = (known after apply)
TestTerraformCompleteExample 2022-08-24T15:15:00Z logger.go:66:   + managed_egress_rule_keys                                = (known after apply)
TestTerraformCompleteExample 2022-08-24T15:15:00Z logger.go:66:   + managed_ingress_rule_keys                               = (known after apply)
TestTerraformCompleteExample 2022-08-24T15:15:01Z logger.go:66: aws_ec2_managed_prefix_list.other: Creating...
TestTerraformCompleteExample 2022-08-24T15:15:01Z logger.go:66: aws_security_group.other: Creating...
TestTerraformCompleteExample 2022-08-24T15:15:01Z logger.go:66: module.security_group.aws_security_group.self[0]: Creating...
TestTerraformCompleteExample 2022-08-24T15:15:02Z logger.go:66: aws_ec2_managed_prefix_list.other: Creation complete after 1s [id=pl-0027f2e7276e6b628]
TestTerraformCompleteExample 2022-08-24T15:15:03Z logger.go:66: module.security_group.aws_security_group.self[0]: Creation complete after 2s [id=sg-088f339996d8a12c1]
TestTerraformCompleteExample 2022-08-24T15:15:03Z logger.go:66: module.security_group.aws_security_group_rule.computed_egress_rules[0]: Creating...
TestTerraformCompleteExample 2022-08-24T15:15:03Z logger.go:66: module.security_group.aws_security_group_rule.managed_rules["egress-https-443-tcp-to-10.10.0.0/16,10.20.0.0/24"]: Creating...
TestTerraformCompleteExample 2022-08-24T15:15:03Z logger.go:66: module.security_group.aws_security_group_rule.auto_group_egress_all_to_public_internet_rules["egress-all-all-to-public-internet"]: Creating...
TestTerraformCompleteExample 2022-08-24T15:15:03Z logger.go:66: module.security_group.aws_security_group_rule.auto_group_ingress_all_from_self_rules["ingress-all-all-from-self"]: Creating...
TestTerraformCompleteExample 2022-08-24T15:15:03Z logger.go:66: module.security_group.aws_security_group_rule.rules["egress-all-all-all-to-self"]: Creating...
TestTerraformCompleteExample 2022-08-24T15:15:03Z logger.go:66: module.security_group.aws_security_group_rule.rules["ingress-all-all-icmp-from-sg-b551fece"]: Creating...
TestTerraformCompleteExample 2022-08-24T15:15:03Z logger.go:66: module.security_group.aws_security_group_rule.managed_rules["ingress-postgresql-tcp-from-2001:db8::/64"]: Creating...
TestTerraformCompleteExample 2022-08-24T15:15:03Z logger.go:66: module.security_group.aws_security_group_rule.computed_managed_egress_rules[0]: Creating...
TestTerraformCompleteExample 2022-08-24T15:15:04Z logger.go:66: module.security_group.aws_security_group_rule.managed_rules["ingress-ssh-tcp-from-pl-68a54001"]: Creating...
TestTerraformCompleteExample 2022-08-24T15:15:04Z logger.go:66: aws_security_group.other: Creation complete after 2s [id=sg-0ce9760dd7fd54d43]
TestTerraformCompleteExample 2022-08-24T15:15:04Z logger.go:66: module.security_group.aws_security_group_rule.managed_rules["ingress-all-all-from-10.10.0.0/16,10.20.0.0/24"]: Creating...
TestTerraformCompleteExample 2022-08-24T15:15:04Z logger.go:66: module.security_group.aws_security_group_rule.managed_rules["egress-https-443-tcp-to-10.10.0.0/16,10.20.0.0/24"]: Creation complete after 1s [id=sgrule-1297727356]
TestTerraformCompleteExample 2022-08-24T15:15:04Z logger.go:66: module.security_group.aws_security_group_rule.rules["ingress-all-all-all-from-self"]: Creating...
TestTerraformCompleteExample 2022-08-24T15:15:05Z logger.go:66: module.security_group.aws_security_group_rule.auto_group_ingress_all_from_self_rules["ingress-all-all-from-self"]: Creation complete after 2s [id=sgrule-251523704]
TestTerraformCompleteExample 2022-08-24T15:15:05Z logger.go:66: module.security_group.aws_security_group_rule.rules["egress-all-all-icmp-to-sg-b551fece"]: Creating...
TestTerraformCompleteExample 2022-08-24T15:15:06Z logger.go:66: module.security_group.aws_security_group_rule.auto_group_egress_all_to_public_internet_rules["egress-all-all-to-public-internet"]: Creation complete after 2s [id=sgrule-2314322188]
TestTerraformCompleteExample 2022-08-24T15:15:06Z logger.go:66: module.security_group.aws_security_group_rule.managed_rules["egress-postgresql-tcp-to-2001:db8::/64"]: Creating...
TestTerraformCompleteExample 2022-08-24T15:15:06Z logger.go:66: module.security_group.aws_security_group_rule.computed_egress_rules[0]: Creation complete after 3s [id=sgrule-3316891827]
TestTerraformCompleteExample 2022-08-24T15:15:07Z logger.go:66: module.security_group.aws_security_group_rule.managed_rules["egress-ssh-tcp-to-pl-68a54001"]: Creating...
TestTerraformCompleteExample 2022-08-24T15:15:07Z logger.go:66: module.security_group.aws_security_group_rule.rules["ingress-all-all-icmp-from-sg-b551fece"]: Creation complete after 4s [id=sgrule-1184747838]
TestTerraformCompleteExample 2022-08-24T15:15:07Z logger.go:66: module.security_group.aws_security_group_rule.computed_ingress_rules[0]: Creating...
TestTerraformCompleteExample 2022-08-24T15:15:08Z logger.go:66: module.security_group.aws_security_group_rule.managed_rules["ingress-postgresql-tcp-from-2001:db8::/64"]: Creation complete after 4s [id=sgrule-1378512088]
TestTerraformCompleteExample 2022-08-24T15:15:08Z logger.go:66: module.security_group.aws_security_group_rule.computed_managed_ingress_rules[0]: Creating...
TestTerraformCompleteExample 2022-08-24T15:15:09Z logger.go:66: module.security_group.aws_security_group_rule.rules["egress-all-all-all-to-self"]: Creation complete after 5s [id=sgrule-1114986369]
TestTerraformCompleteExample 2022-08-24T15:15:09Z logger.go:66: module.security_group.aws_security_group_rule.computed_managed_egress_rules[0]: Creation complete after 6s [id=sgrule-1256776488]
TestTerraformCompleteExample 2022-08-24T15:15:10Z logger.go:66: module.security_group.aws_security_group_rule.managed_rules["ingress-ssh-tcp-from-pl-68a54001"]: Creation complete after 7s [id=sgrule-3451758508]
TestTerraformCompleteExample 2022-08-24T15:15:11Z logger.go:66: module.security_group.aws_security_group_rule.managed_rules["ingress-all-all-from-10.10.0.0/16,10.20.0.0/24"]: Creation complete after 7s [id=sgrule-3694565669]
TestTerraformCompleteExample 2022-08-24T15:15:12Z logger.go:66: module.security_group.aws_security_group_rule.rules["egress-all-all-icmp-to-sg-b551fece"]: Creation complete after 7s [id=sgrule-1492769384]
TestTerraformCompleteExample 2022-08-24T15:15:13Z logger.go:66: module.security_group.aws_security_group_rule.managed_rules["egress-postgresql-tcp-to-2001:db8::/64"]: Creation complete after 8s [id=sgrule-1316103192]
TestTerraformCompleteExample 2022-08-24T15:15:14Z logger.go:66: module.security_group.aws_security_group_rule.managed_rules["egress-ssh-tcp-to-pl-68a54001"]: Creation complete after 7s [id=sgrule-3267436176]
TestTerraformCompleteExample 2022-08-24T15:15:15Z logger.go:66: module.security_group.aws_security_group_rule.computed_ingress_rules[0]: Creation complete after 7s [id=sgrule-3333521439]
TestTerraformCompleteExample 2022-08-24T15:15:15Z logger.go:66: module.security_group.aws_security_group_rule.computed_managed_ingress_rules[0]: Creation complete after 8s [id=sgrule-4133694951]
TestTerraformCompleteExample 2022-08-24T15:15:15Z logger.go:66:
TestTerraformCompleteExample 2022-08-24T15:15:15Z logger.go:66: Error: [WARN] A duplicate Security Group rule was found on (sg-088f339996d8a12c1). This may be
TestTerraformCompleteExample 2022-08-24T15:15:15Z logger.go:66: a side effect of a now-fixed Terraform issue causing two security groups with
TestTerraformCompleteExample 2022-08-24T15:15:15Z logger.go:66: identical attributes but different source_security_group_ids to overwrite each
TestTerraformCompleteExample 2022-08-24T15:15:15Z logger.go:66: other in the state. See https://github.com/hashicorp/terraform/pull/2376 for more
TestTerraformCompleteExample 2022-08-24T15:15:15Z logger.go:66: information and instructions for recovery. Error: InvalidPermission.Duplicate: the specified rule "peer: sg-088f339996d8a12c1, ALL, ALLOW" already exists
TestTerraformCompleteExample 2022-08-24T15:15:15Z logger.go:66: 	status code: 400, request id: aabc3d09-09dd-42a4-b604-6a731bdcb613
TestTerraformCompleteExample 2022-08-24T15:15:15Z logger.go:66:
TestTerraformCompleteExample 2022-08-24T15:15:15Z logger.go:66:   with module.security_group.aws_security_group_rule.rules["ingress-all-all-all-from-self"],
TestTerraformCompleteExample 2022-08-24T15:15:15Z logger.go:66:   on ../../custom_rules.tf line 63, in resource "aws_security_group_rule" "rules":
TestTerraformCompleteExample 2022-08-24T15:15:15Z logger.go:66:   63: resource "aws_security_group_rule" "rules" {
TestTerraformCompleteExample 2022-08-24T15:15:15Z logger.go:66:
TestTerraformCompleteExample 2022-08-24T15:15:15Z retry.go:99: Returning due to fatal error: FatalError{Underlying: error while running command: exit status 1;
Error: [WARN] A duplicate Security Group rule was found on (sg-088f339996d8a12c1). This may be
a side effect of a now-fixed Terraform issue causing two security groups with
identical attributes but different source_security_group_ids to overwrite each
other in the state. See https://github.com/hashicorp/terraform/pull/2376 for more
information and instructions for recovery. Error: InvalidPermission.Duplicate: the specified rule "peer: sg-088f339996d8a12c1, ALL, ALLOW" already exists
	status code: 400, request id: aabc3d09-09dd-42a4-b604-6a731bdcb613

  with module.security_group.aws_security_group_rule.rules["ingress-all-all-all-from-self"],
  on ../../custom_rules.tf line 63, in resource "aws_security_group_rule" "rules":
  63: resource "aws_security_group_rule" "rules" {
}
    apply.go:15:
        	Error Trace:	/workspaces/terraform-aws-security-group/test/apply.go:15
        	            				/workspaces/terraform-aws-security-group/test/terraform_complete_test.go:23
        	Error:      	Received unexpected error:
        	            	FatalError{Underlying: error while running command: exit status 1;
        	            	Error: [WARN] A duplicate Security Group rule was found on (sg-088f339996d8a12c1). This may be
        	            	a side effect of a now-fixed Terraform issue causing two security groups with
        	            	identical attributes but different source_security_group_ids to overwrite each
        	            	other in the state. See https://github.com/hashicorp/terraform/pull/2376 for more
        	            	information and instructions for recovery. Error: InvalidPermission.Duplicate: the specified rule "peer: sg-088f339996d8a12c1, ALL, ALLOW" already exists
        	            		status code: 400, request id: aabc3d09-09dd-42a4-b604-6a731bdcb613

        	            	  with module.security_group.aws_security_group_rule.rules["ingress-all-all-all-from-self"],
        	            	  on ../../custom_rules.tf line 63, in resource "aws_security_group_rule" "rules":
        	            	  63: resource "aws_security_group_rule" "rules" {
        	            	}
        	Test:       	TestTerraformCompleteExample
TestTerraformCompleteExample 2022-08-24T15:15:15Z retry.go:91: terraform [destroy -auto-approve -input=false -no-color -lock=false]
TestTerraformCompleteExample 2022-08-24T15:15:15Z logger.go:66: Running command terraform with args [destroy -auto-approve -input=false -no-color -lock=false]
TestTerraformCompleteExample 2022-08-24T15:15:18Z logger.go:66: data.aws_prefix_list.private_s3: Reading...
TestTerraformCompleteExample 2022-08-24T15:15:18Z logger.go:66: data.aws_vpc.default: Reading...
TestTerraformCompleteExample 2022-08-24T15:15:18Z logger.go:66: data.aws_prefix_list.private_s3: Read complete after 0s [id=pl-68a54001]
TestTerraformCompleteExample 2022-08-24T15:15:19Z logger.go:66: data.aws_vpc.default: Read complete after 0s [id=vpc-9ce7cafb]
TestTerraformCompleteExample 2022-08-24T15:15:19Z logger.go:66: aws_security_group.other: Refreshing state... [id=sg-0ce9760dd7fd54d43]
TestTerraformCompleteExample 2022-08-24T15:15:19Z logger.go:66: data.aws_security_group.default: Reading...
TestTerraformCompleteExample 2022-08-24T15:15:19Z logger.go:66: module.security_group.aws_security_group.self[0]: Refreshing state... [id=sg-088f339996d8a12c1]
TestTerraformCompleteExample 2022-08-24T15:15:19Z logger.go:66: aws_ec2_managed_prefix_list.other: Refreshing state... [id=pl-0027f2e7276e6b628]
TestTerraformCompleteExample 2022-08-24T15:15:19Z logger.go:66: data.aws_security_group.default: Read complete after 0s [id=sg-b551fece]
TestTerraformCompleteExample 2022-08-24T15:15:19Z logger.go:66: module.security_group.aws_security_group_rule.computed_managed_ingress_rules[0]: Refreshing state... [id=sgrule-4133694951]
TestTerraformCompleteExample 2022-08-24T15:15:19Z logger.go:66: module.security_group.aws_security_group_rule.computed_ingress_rules[0]: Refreshing state... [id=sgrule-3333521439]
TestTerraformCompleteExample 2022-08-24T15:15:19Z logger.go:66: module.security_group.aws_security_group_rule.managed_rules["ingress-postgresql-tcp-from-2001:db8::/64"]: Refreshing state... [id=sgrule-1378512088]
TestTerraformCompleteExample 2022-08-24T15:15:19Z logger.go:66: module.security_group.aws_security_group_rule.auto_group_egress_all_to_public_internet_rules["egress-all-all-to-public-internet"]: Refreshing state... [id=sgrule-2314322188]
TestTerraformCompleteExample 2022-08-24T15:15:19Z logger.go:66: module.security_group.aws_security_group_rule.managed_rules["egress-postgresql-tcp-to-2001:db8::/64"]: Refreshing state... [id=sgrule-1316103192]
TestTerraformCompleteExample 2022-08-24T15:15:19Z logger.go:66: module.security_group.aws_security_group_rule.managed_rules["ingress-ssh-tcp-from-pl-68a54001"]: Refreshing state... [id=sgrule-3451758508]
TestTerraformCompleteExample 2022-08-24T15:15:19Z logger.go:66: module.security_group.aws_security_group_rule.managed_rules["egress-https-443-tcp-to-10.10.0.0/16,10.20.0.0/24"]: Refreshing state... [id=sgrule-1297727356]
TestTerraformCompleteExample 2022-08-24T15:15:19Z logger.go:66: module.security_group.aws_security_group_rule.managed_rules["ingress-all-all-from-10.10.0.0/16,10.20.0.0/24"]: Refreshing state... [id=sgrule-3694565669]
TestTerraformCompleteExample 2022-08-24T15:15:19Z logger.go:66: module.security_group.aws_security_group_rule.managed_rules["egress-ssh-tcp-to-pl-68a54001"]: Refreshing state... [id=sgrule-3267436176]
TestTerraformCompleteExample 2022-08-24T15:15:19Z logger.go:66: module.security_group.aws_security_group_rule.auto_group_ingress_all_from_self_rules["ingress-all-all-from-self"]: Refreshing state... [id=sgrule-251523704]
TestTerraformCompleteExample 2022-08-24T15:15:19Z logger.go:66: module.security_group.aws_security_group_rule.rules["egress-all-all-icmp-to-sg-b551fece"]: Refreshing state... [id=sgrule-1492769384]
TestTerraformCompleteExample 2022-08-24T15:15:19Z logger.go:66: module.security_group.aws_security_group_rule.rules["egress-all-all-all-to-self"]: Refreshing state... [id=sgrule-1114986369]
TestTerraformCompleteExample 2022-08-24T15:15:19Z logger.go:66: module.security_group.aws_security_group_rule.rules["ingress-all-all-icmp-from-sg-b551fece"]: Refreshing state... [id=sgrule-1184747838]
TestTerraformCompleteExample 2022-08-24T15:15:19Z logger.go:66: module.security_group.aws_security_group_rule.computed_managed_egress_rules[0]: Refreshing state... [id=sgrule-1256776488]
TestTerraformCompleteExample 2022-08-24T15:15:19Z logger.go:66: module.security_group.aws_security_group_rule.computed_egress_rules[0]: Refreshing state... [id=sgrule-3316891827]
TestTerraformCompleteExample 2022-08-24T15:15:20Z logger.go:66:
TestTerraformCompleteExample 2022-08-24T15:15:20Z logger.go:66: Terraform used the selected providers to generate the following execution
TestTerraformCompleteExample 2022-08-24T15:15:20Z logger.go:66: plan. Resource actions are indicated with the following symbols:
TestTerraformCompleteExample 2022-08-24T15:15:20Z logger.go:66:   - destroy
TestTerraformCompleteExample 2022-08-24T15:15:20Z logger.go:66:
TestTerraformCompleteExample 2022-08-24T15:15:20Z logger.go:66: Terraform will perform the following actions:
TestTerraformCompleteExample 2022-08-24T15:15:20Z logger.go:66:
TestTerraformCompleteExample 2022-08-24T15:15:20Z logger.go:66:   # aws_ec2_managed_prefix_list.other will be destroyed
TestTerraformCompleteExample 2022-08-24T15:15:20Z logger.go:66:   - resource "aws_ec2_managed_prefix_list" "other" {
TestTerraformCompleteExample 2022-08-24T15:15:20Z logger.go:66:       - address_family = "IPv4" -> null
TestTerraformCompleteExample 2022-08-24T15:15:20Z logger.go:66:       - arn            = "arn:aws:ec2:us-west-2:326504147071:prefix-list/pl-0027f2e7276e6b628" -> null
TestTerraformCompleteExample 2022-08-24T15:15:20Z logger.go:66:       - id             = "pl-0027f2e7276e6b628" -> null
TestTerraformCompleteExample 2022-08-24T15:15:20Z logger.go:66:       - max_entries    = 5 -> null
TestTerraformCompleteExample 2022-08-24T15:15:20Z logger.go:66:       - name           = "ex-complete-other" -> null
TestTerraformCompleteExample 2022-08-24T15:15:20Z logger.go:66:       - owner_id       = "326504147071" -> null
TestTerraformCompleteExample 2022-08-24T15:15:20Z logger.go:66:       - tags           = {} -> null
TestTerraformCompleteExample 2022-08-24T15:15:20Z logger.go:66:       - tags_all       = {
TestTerraformCompleteExample 2022-08-24T15:15:20Z logger.go:66:           - "Example"    = "ex-complete"
TestTerraformCompleteExample 2022-08-24T15:15:20Z logger.go:66:           - "GithubOrg"  = "aidanmelen"
TestTerraformCompleteExample 2022-08-24T15:15:20Z logger.go:66:           - "GithubRepo" = "terraform-aws-security-group"
TestTerraformCompleteExample 2022-08-24T15:15:20Z logger.go:66:         } -> null
TestTerraformCompleteExample 2022-08-24T15:15:20Z logger.go:66:       - version        = 1 -> null
TestTerraformCompleteExample 2022-08-24T15:15:20Z logger.go:66:
TestTerraformCompleteExample 2022-08-24T15:15:20Z logger.go:66:       - entry {
TestTerraformCompleteExample 2022-08-24T15:15:20Z logger.go:66:           - cidr        = "172.31.0.0/16" -> null
TestTerraformCompleteExample 2022-08-24T15:15:20Z logger.go:66:           - description = "Primary" -> null
TestTerraformCompleteExample 2022-08-24T15:15:20Z logger.go:66:         }
TestTerraformCompleteExample 2022-08-24T15:15:20Z logger.go:66:     }
TestTerraformCompleteExample 2022-08-24T15:15:20Z logger.go:66:
TestTerraformCompleteExample 2022-08-24T15:15:20Z logger.go:66:   # aws_security_group.other will be destroyed
TestTerraformCompleteExample 2022-08-24T15:15:20Z logger.go:66:   - resource "aws_security_group" "other" {
TestTerraformCompleteExample 2022-08-24T15:15:20Z logger.go:66:       - arn                    = "arn:aws:ec2:us-west-2:326504147071:security-group/sg-0ce9760dd7fd54d43" -> null
TestTerraformCompleteExample 2022-08-24T15:15:20Z logger.go:66:       - description            = "ex-complete-other" -> null
TestTerraformCompleteExample 2022-08-24T15:15:20Z logger.go:66:       - egress                 = [] -> null
TestTerraformCompleteExample 2022-08-24T15:15:20Z logger.go:66:       - id                     = "sg-0ce9760dd7fd54d43" -> null
TestTerraformCompleteExample 2022-08-24T15:15:20Z logger.go:66:       - ingress                = [] -> null
TestTerraformCompleteExample 2022-08-24T15:15:20Z logger.go:66:       - name                   = "ex-complete-other" -> null
TestTerraformCompleteExample 2022-08-24T15:15:20Z logger.go:66:       - owner_id               = "326504147071" -> null
TestTerraformCompleteExample 2022-08-24T15:15:20Z logger.go:66:       - revoke_rules_on_delete = false -> null
TestTerraformCompleteExample 2022-08-24T15:15:20Z logger.go:66:       - tags                   = {
TestTerraformCompleteExample 2022-08-24T15:15:20Z logger.go:66:           - "Name" = "ex-complete-other"
TestTerraformCompleteExample 2022-08-24T15:15:20Z logger.go:66:         } -> null
TestTerraformCompleteExample 2022-08-24T15:15:20Z logger.go:66:       - tags_all               = {
TestTerraformCompleteExample 2022-08-24T15:15:20Z logger.go:66:           - "Example"    = "ex-complete"
TestTerraformCompleteExample 2022-08-24T15:15:20Z logger.go:66:           - "GithubOrg"  = "aidanmelen"
TestTerraformCompleteExample 2022-08-24T15:15:20Z logger.go:66:           - "GithubRepo" = "terraform-aws-security-group"
TestTerraformCompleteExample 2022-08-24T15:15:20Z logger.go:66:           - "Name"       = "ex-complete-other"
TestTerraformCompleteExample 2022-08-24T15:15:20Z logger.go:66:         } -> null
TestTerraformCompleteExample 2022-08-24T15:15:20Z logger.go:66:       - vpc_id                 = "vpc-9ce7cafb" -> null
TestTerraformCompleteExample 2022-08-24T15:15:20Z logger.go:66:     }
TestTerraformCompleteExample 2022-08-24T15:15:20Z logger.go:66:
TestTerraformCompleteExample 2022-08-24T15:15:20Z logger.go:66:   # module.security_group.aws_security_group.self[0] will be destroyed
TestTerraformCompleteExample 2022-08-24T15:15:20Z logger.go:66:   - resource "aws_security_group" "self" {
TestTerraformCompleteExample 2022-08-24T15:15:20Z logger.go:66:       - arn                    = "arn:aws:ec2:us-west-2:326504147071:security-group/sg-088f339996d8a12c1" -> null
TestTerraformCompleteExample 2022-08-24T15:15:20Z logger.go:66:       - description            = "ex-complete" -> null
TestTerraformCompleteExample 2022-08-24T15:15:20Z logger.go:66:       - egress                 = [
TestTerraformCompleteExample 2022-08-24T15:15:20Z logger.go:66:           - {
TestTerraformCompleteExample 2022-08-24T15:15:20Z logger.go:66:               - cidr_blocks      = [
TestTerraformCompleteExample 2022-08-24T15:15:20Z logger.go:66:                   - "0.0.0.0/0",
TestTerraformCompleteExample 2022-08-24T15:15:20Z logger.go:66:                 ]
TestTerraformCompleteExample 2022-08-24T15:15:20Z logger.go:66:               - description      = "Opening up ports to connect out to the public internet is generally to be avoided. Please see [no-public-egress-sgr](https://aquasecurity.github.io/tfsec/v0.61.3/checks/aws/vpc/no-public-egress-sgr/) for more information"
TestTerraformCompleteExample 2022-08-24T15:15:20Z logger.go:66:               - from_port        = 0
TestTerraformCompleteExample 2022-08-24T15:15:20Z logger.go:66:               - ipv6_cidr_blocks = [
TestTerraformCompleteExample 2022-08-24T15:15:20Z logger.go:66:                   - "::/0",
TestTerraformCompleteExample 2022-08-24T15:15:20Z logger.go:66:                 ]
TestTerraformCompleteExample 2022-08-24T15:15:20Z logger.go:66:               - prefix_list_ids  = []
TestTerraformCompleteExample 2022-08-24T15:15:20Z logger.go:66:               - protocol         = "-1"
TestTerraformCompleteExample 2022-08-24T15:15:20Z logger.go:66:               - security_groups  = []
TestTerraformCompleteExample 2022-08-24T15:15:20Z logger.go:66:               - self             = false
TestTerraformCompleteExample 2022-08-24T15:15:20Z logger.go:66:               - to_port          = 0
TestTerraformCompleteExample 2022-08-24T15:15:20Z logger.go:66:             },
TestTerraformCompleteExample 2022-08-24T15:15:20Z logger.go:66:           - {
TestTerraformCompleteExample 2022-08-24T15:15:20Z logger.go:66:               - cidr_blocks      = [
TestTerraformCompleteExample 2022-08-24T15:15:20Z logger.go:66:                   - "10.10.0.0/16",
TestTerraformCompleteExample 2022-08-24T15:15:20Z logger.go:66:                   - "10.20.0.0/24",
TestTerraformCompleteExample 2022-08-24T15:15:20Z logger.go:66:                 ]
TestTerraformCompleteExample 2022-08-24T15:15:20Z logger.go:66:               - description      = "egress-https-443-tcp-to-10.10.0.0/16,10.20.0.0/24"
TestTerraformCompleteExample 2022-08-24T15:15:20Z logger.go:66:               - from_port        = 443
TestTerraformCompleteExample 2022-08-24T15:15:20Z logger.go:66:               - ipv6_cidr_blocks = []
TestTerraformCompleteExample 2022-08-24T15:15:20Z logger.go:66:               - prefix_list_ids  = []
TestTerraformCompleteExample 2022-08-24T15:15:20Z logger.go:66:               - protocol         = "tcp"
TestTerraformCompleteExample 2022-08-24T15:15:20Z logger.go:66:               - security_groups  = []
TestTerraformCompleteExample 2022-08-24T15:15:20Z logger.go:66:               - self             = false
TestTerraformCompleteExample 2022-08-24T15:15:20Z logger.go:66:               - to_port          = 443
TestTerraformCompleteExample 2022-08-24T15:15:20Z logger.go:66:             },
TestTerraformCompleteExample 2022-08-24T15:15:20Z logger.go:66:           - {
TestTerraformCompleteExample 2022-08-24T15:15:20Z logger.go:66:               - cidr_blocks      = []
TestTerraformCompleteExample 2022-08-24T15:15:20Z logger.go:66:               - description      = ""
TestTerraformCompleteExample 2022-08-24T15:15:20Z logger.go:66:               - from_port        = 80
TestTerraformCompleteExample 2022-08-24T15:15:20Z logger.go:66:               - ipv6_cidr_blocks = []
TestTerraformCompleteExample 2022-08-24T15:15:20Z logger.go:66:               - prefix_list_ids  = [
TestTerraformCompleteExample 2022-08-24T15:15:20Z logger.go:66:                   - "pl-0027f2e7276e6b628",
TestTerraformCompleteExample 2022-08-24T15:15:20Z logger.go:66:                 ]
TestTerraformCompleteExample 2022-08-24T15:15:20Z logger.go:66:               - protocol         = "tcp"
TestTerraformCompleteExample 2022-08-24T15:15:20Z logger.go:66:               - security_groups  = []
TestTerraformCompleteExample 2022-08-24T15:15:20Z logger.go:66:               - self             = false
TestTerraformCompleteExample 2022-08-24T15:15:20Z logger.go:66:               - to_port          = 80
TestTerraformCompleteExample 2022-08-24T15:15:20Z logger.go:66:             },
TestTerraformCompleteExample 2022-08-24T15:15:20Z logger.go:66:           - {
TestTerraformCompleteExample 2022-08-24T15:15:20Z logger.go:66:               - cidr_blocks      = []
TestTerraformCompleteExample 2022-08-24T15:15:20Z logger.go:66:               - description      = "egress-all-all-all-to-self"
TestTerraformCompleteExample 2022-08-24T15:15:20Z logger.go:66:               - from_port        = 0
TestTerraformCompleteExample 2022-08-24T15:15:20Z logger.go:66:               - ipv6_cidr_blocks = []
TestTerraformCompleteExample 2022-08-24T15:15:20Z logger.go:66:               - prefix_list_ids  = []
TestTerraformCompleteExample 2022-08-24T15:15:20Z logger.go:66:               - protocol         = "-1"
TestTerraformCompleteExample 2022-08-24T15:15:20Z logger.go:66:               - security_groups  = []
TestTerraformCompleteExample 2022-08-24T15:15:20Z logger.go:66:               - self             = true
TestTerraformCompleteExample 2022-08-24T15:15:20Z logger.go:66:               - to_port          = 0
TestTerraformCompleteExample 2022-08-24T15:15:20Z logger.go:66:             },
TestTerraformCompleteExample 2022-08-24T15:15:20Z logger.go:66:           - {
TestTerraformCompleteExample 2022-08-24T15:15:20Z logger.go:66:               - cidr_blocks      = []
TestTerraformCompleteExample 2022-08-24T15:15:20Z logger.go:66:               - description      = "egress-all-all-icmp-to-sg-b551fece"
TestTerraformCompleteExample 2022-08-24T15:15:20Z logger.go:66:               - from_port        = -1
TestTerraformCompleteExample 2022-08-24T15:15:20Z logger.go:66:               - ipv6_cidr_blocks = []
TestTerraformCompleteExample 2022-08-24T15:15:20Z logger.go:66:               - prefix_list_ids  = []
TestTerraformCompleteExample 2022-08-24T15:15:20Z logger.go:66:               - protocol         = "icmp"
TestTerraformCompleteExample 2022-08-24T15:15:20Z logger.go:66:               - security_groups  = [
TestTerraformCompleteExample 2022-08-24T15:15:20Z logger.go:66:                   - "sg-b551fece",
TestTerraformCompleteExample 2022-08-24T15:15:20Z logger.go:66:                 ]
TestTerraformCompleteExample 2022-08-24T15:15:20Z logger.go:66:               - self             = false
TestTerraformCompleteExample 2022-08-24T15:15:20Z logger.go:66:               - to_port          = -1
TestTerraformCompleteExample 2022-08-24T15:15:20Z logger.go:66:             },
TestTerraformCompleteExample 2022-08-24T15:15:20Z logger.go:66:           - {
TestTerraformCompleteExample 2022-08-24T15:15:20Z logger.go:66:               - cidr_blocks      = []
TestTerraformCompleteExample 2022-08-24T15:15:20Z logger.go:66:               - description      = "egress-postgresql-tcp-to-2001:db8::/64"
TestTerraformCompleteExample 2022-08-24T15:15:20Z logger.go:66:               - from_port        = 5432
TestTerraformCompleteExample 2022-08-24T15:15:20Z logger.go:66:               - ipv6_cidr_blocks = [
TestTerraformCompleteExample 2022-08-24T15:15:20Z logger.go:66:                   - "2001:db8::/64",
TestTerraformCompleteExample 2022-08-24T15:15:20Z logger.go:66:                 ]
TestTerraformCompleteExample 2022-08-24T15:15:20Z logger.go:66:               - prefix_list_ids  = []
TestTerraformCompleteExample 2022-08-24T15:15:20Z logger.go:66:               - protocol         = "tcp"
TestTerraformCompleteExample 2022-08-24T15:15:20Z logger.go:66:               - security_groups  = []
TestTerraformCompleteExample 2022-08-24T15:15:20Z logger.go:66:               - self             = false
TestTerraformCompleteExample 2022-08-24T15:15:20Z logger.go:66:               - to_port          = 5432
TestTerraformCompleteExample 2022-08-24T15:15:20Z logger.go:66:             },
TestTerraformCompleteExample 2022-08-24T15:15:20Z logger.go:66:           - {
TestTerraformCompleteExample 2022-08-24T15:15:20Z logger.go:66:               - cidr_blocks      = []
TestTerraformCompleteExample 2022-08-24T15:15:20Z logger.go:66:               - description      = "egress-ssh-tcp-to-pl-68a54001"
TestTerraformCompleteExample 2022-08-24T15:15:20Z logger.go:66:               - from_port        = 22
TestTerraformCompleteExample 2022-08-24T15:15:20Z logger.go:66:               - ipv6_cidr_blocks = []
TestTerraformCompleteExample 2022-08-24T15:15:20Z logger.go:66:               - prefix_list_ids  = [
TestTerraformCompleteExample 2022-08-24T15:15:20Z logger.go:66:                   - "pl-68a54001",
TestTerraformCompleteExample 2022-08-24T15:15:20Z logger.go:66:                 ]
TestTerraformCompleteExample 2022-08-24T15:15:20Z logger.go:66:               - protocol         = "tcp"
TestTerraformCompleteExample 2022-08-24T15:15:20Z logger.go:66:               - security_groups  = []
TestTerraformCompleteExample 2022-08-24T15:15:20Z logger.go:66:               - self             = false
TestTerraformCompleteExample 2022-08-24T15:15:20Z logger.go:66:               - to_port          = 22
TestTerraformCompleteExample 2022-08-24T15:15:20Z logger.go:66:             },
TestTerraformCompleteExample 2022-08-24T15:15:20Z logger.go:66:           - {
TestTerraformCompleteExample 2022-08-24T15:15:20Z logger.go:66:               - cidr_blocks      = []
TestTerraformCompleteExample 2022-08-24T15:15:20Z logger.go:66:               - description      = "https-443-tcp"
TestTerraformCompleteExample 2022-08-24T15:15:20Z logger.go:66:               - from_port        = 443
TestTerraformCompleteExample 2022-08-24T15:15:20Z logger.go:66:               - ipv6_cidr_blocks = []
TestTerraformCompleteExample 2022-08-24T15:15:20Z logger.go:66:               - prefix_list_ids  = [
TestTerraformCompleteExample 2022-08-24T15:15:20Z logger.go:66:                   - "pl-0027f2e7276e6b628",
TestTerraformCompleteExample 2022-08-24T15:15:20Z logger.go:66:                 ]
TestTerraformCompleteExample 2022-08-24T15:15:20Z logger.go:66:               - protocol         = "tcp"
TestTerraformCompleteExample 2022-08-24T15:15:20Z logger.go:66:               - security_groups  = []
TestTerraformCompleteExample 2022-08-24T15:15:20Z logger.go:66:               - self             = false
TestTerraformCompleteExample 2022-08-24T15:15:20Z logger.go:66:               - to_port          = 443
TestTerraformCompleteExample 2022-08-24T15:15:20Z logger.go:66:             },
TestTerraformCompleteExample 2022-08-24T15:15:20Z logger.go:66:         ] -> null
TestTerraformCompleteExample 2022-08-24T15:15:20Z logger.go:66:       - id                     = "sg-088f339996d8a12c1" -> null
TestTerraformCompleteExample 2022-08-24T15:15:20Z logger.go:66:       - ingress                = [
TestTerraformCompleteExample 2022-08-24T15:15:20Z logger.go:66:           - {
TestTerraformCompleteExample 2022-08-24T15:15:20Z logger.go:66:               - cidr_blocks      = [
TestTerraformCompleteExample 2022-08-24T15:15:20Z logger.go:66:                   - "10.10.0.0/16",
TestTerraformCompleteExample 2022-08-24T15:15:20Z logger.go:66:                   - "10.20.0.0/24",
TestTerraformCompleteExample 2022-08-24T15:15:20Z logger.go:66:                 ]
TestTerraformCompleteExample 2022-08-24T15:15:20Z logger.go:66:               - description      = "ingress-all-all-from-10.10.0.0/16,10.20.0.0/24"
TestTerraformCompleteExample 2022-08-24T15:15:20Z logger.go:66:               - from_port        = 0
TestTerraformCompleteExample 2022-08-24T15:15:20Z logger.go:66:               - ipv6_cidr_blocks = []
TestTerraformCompleteExample 2022-08-24T15:15:20Z logger.go:66:               - prefix_list_ids  = []
TestTerraformCompleteExample 2022-08-24T15:15:20Z logger.go:66:               - protocol         = "-1"
TestTerraformCompleteExample 2022-08-24T15:15:20Z logger.go:66:               - security_groups  = []
TestTerraformCompleteExample 2022-08-24T15:15:20Z logger.go:66:               - self             = false
TestTerraformCompleteExample 2022-08-24T15:15:20Z logger.go:66:               - to_port          = 0
TestTerraformCompleteExample 2022-08-24T15:15:20Z logger.go:66:             },
TestTerraformCompleteExample 2022-08-24T15:15:20Z logger.go:66:           - {
TestTerraformCompleteExample 2022-08-24T15:15:20Z logger.go:66:               - cidr_blocks      = []
TestTerraformCompleteExample 2022-08-24T15:15:20Z logger.go:66:               - description      = ""
TestTerraformCompleteExample 2022-08-24T15:15:20Z logger.go:66:               - from_port        = 80
TestTerraformCompleteExample 2022-08-24T15:15:20Z logger.go:66:               - ipv6_cidr_blocks = []
TestTerraformCompleteExample 2022-08-24T15:15:20Z logger.go:66:               - prefix_list_ids  = []
TestTerraformCompleteExample 2022-08-24T15:15:20Z logger.go:66:               - protocol         = "tcp"
TestTerraformCompleteExample 2022-08-24T15:15:20Z logger.go:66:               - security_groups  = [
TestTerraformCompleteExample 2022-08-24T15:15:20Z logger.go:66:                   - "sg-0ce9760dd7fd54d43",
TestTerraformCompleteExample 2022-08-24T15:15:20Z logger.go:66:                 ]
TestTerraformCompleteExample 2022-08-24T15:15:20Z logger.go:66:               - self             = false
TestTerraformCompleteExample 2022-08-24T15:15:20Z logger.go:66:               - to_port          = 80
TestTerraformCompleteExample 2022-08-24T15:15:20Z logger.go:66:             },
TestTerraformCompleteExample 2022-08-24T15:15:20Z logger.go:66:           - {
TestTerraformCompleteExample 2022-08-24T15:15:20Z logger.go:66:               - cidr_blocks      = []
TestTerraformCompleteExample 2022-08-24T15:15:20Z logger.go:66:               - description      = "Opening up ingress all ports from self security group."
TestTerraformCompleteExample 2022-08-24T15:15:20Z logger.go:66:               - from_port        = 0
TestTerraformCompleteExample 2022-08-24T15:15:20Z logger.go:66:               - ipv6_cidr_blocks = []
TestTerraformCompleteExample 2022-08-24T15:15:20Z logger.go:66:               - prefix_list_ids  = []
TestTerraformCompleteExample 2022-08-24T15:15:20Z logger.go:66:               - protocol         = "-1"
TestTerraformCompleteExample 2022-08-24T15:15:20Z logger.go:66:               - security_groups  = []
TestTerraformCompleteExample 2022-08-24T15:15:20Z logger.go:66:               - self             = true
TestTerraformCompleteExample 2022-08-24T15:15:20Z logger.go:66:               - to_port          = 0
TestTerraformCompleteExample 2022-08-24T15:15:20Z logger.go:66:             },
TestTerraformCompleteExample 2022-08-24T15:15:20Z logger.go:66:           - {
TestTerraformCompleteExample 2022-08-24T15:15:20Z logger.go:66:               - cidr_blocks      = []
TestTerraformCompleteExample 2022-08-24T15:15:20Z logger.go:66:               - description      = "https-443-tcp"
TestTerraformCompleteExample 2022-08-24T15:15:20Z logger.go:66:               - from_port        = 443
TestTerraformCompleteExample 2022-08-24T15:15:20Z logger.go:66:               - ipv6_cidr_blocks = []
TestTerraformCompleteExample 2022-08-24T15:15:20Z logger.go:66:               - prefix_list_ids  = []
TestTerraformCompleteExample 2022-08-24T15:15:20Z logger.go:66:               - protocol         = "tcp"
TestTerraformCompleteExample 2022-08-24T15:15:20Z logger.go:66:               - security_groups  = [
TestTerraformCompleteExample 2022-08-24T15:15:20Z logger.go:66:                   - "sg-0ce9760dd7fd54d43",
TestTerraformCompleteExample 2022-08-24T15:15:20Z logger.go:66:                 ]
TestTerraformCompleteExample 2022-08-24T15:15:20Z logger.go:66:               - self             = false
TestTerraformCompleteExample 2022-08-24T15:15:20Z logger.go:66:               - to_port          = 443
TestTerraformCompleteExample 2022-08-24T15:15:20Z logger.go:66:             },
TestTerraformCompleteExample 2022-08-24T15:15:20Z logger.go:66:           - {
TestTerraformCompleteExample 2022-08-24T15:15:20Z logger.go:66:               - cidr_blocks      = []
TestTerraformCompleteExample 2022-08-24T15:15:20Z logger.go:66:               - description      = "ingress-all-all-icmp-from-sg-b551fece"
TestTerraformCompleteExample 2022-08-24T15:15:20Z logger.go:66:               - from_port        = -1
TestTerraformCompleteExample 2022-08-24T15:15:20Z logger.go:66:               - ipv6_cidr_blocks = []
TestTerraformCompleteExample 2022-08-24T15:15:20Z logger.go:66:               - prefix_list_ids  = []
TestTerraformCompleteExample 2022-08-24T15:15:20Z logger.go:66:               - protocol         = "icmp"
TestTerraformCompleteExample 2022-08-24T15:15:20Z logger.go:66:               - security_groups  = [
TestTerraformCompleteExample 2022-08-24T15:15:20Z logger.go:66:                   - "sg-b551fece",
TestTerraformCompleteExample 2022-08-24T15:15:20Z logger.go:66:                 ]
TestTerraformCompleteExample 2022-08-24T15:15:20Z logger.go:66:               - self             = false
TestTerraformCompleteExample 2022-08-24T15:15:20Z logger.go:66:               - to_port          = -1
TestTerraformCompleteExample 2022-08-24T15:15:20Z logger.go:66:             },
TestTerraformCompleteExample 2022-08-24T15:15:20Z logger.go:66:           - {
TestTerraformCompleteExample 2022-08-24T15:15:20Z logger.go:66:               - cidr_blocks      = []
TestTerraformCompleteExample 2022-08-24T15:15:20Z logger.go:66:               - description      = "ingress-postgresql-tcp-from-2001:db8::/64"
TestTerraformCompleteExample 2022-08-24T15:15:20Z logger.go:66:               - from_port        = 5432
TestTerraformCompleteExample 2022-08-24T15:15:20Z logger.go:66:               - ipv6_cidr_blocks = [
TestTerraformCompleteExample 2022-08-24T15:15:20Z logger.go:66:                   - "2001:db8::/64",
TestTerraformCompleteExample 2022-08-24T15:15:20Z logger.go:66:                 ]
TestTerraformCompleteExample 2022-08-24T15:15:20Z logger.go:66:               - prefix_list_ids  = []
TestTerraformCompleteExample 2022-08-24T15:15:20Z logger.go:66:               - protocol         = "tcp"
TestTerraformCompleteExample 2022-08-24T15:15:20Z logger.go:66:               - security_groups  = []
TestTerraformCompleteExample 2022-08-24T15:15:20Z logger.go:66:               - self             = false
TestTerraformCompleteExample 2022-08-24T15:15:20Z logger.go:66:               - to_port          = 5432
TestTerraformCompleteExample 2022-08-24T15:15:20Z logger.go:66:             },
TestTerraformCompleteExample 2022-08-24T15:15:20Z logger.go:66:           - {
TestTerraformCompleteExample 2022-08-24T15:15:20Z logger.go:66:               - cidr_blocks      = []
TestTerraformCompleteExample 2022-08-24T15:15:20Z logger.go:66:               - description      = "ingress-ssh-tcp-from-pl-68a54001"
TestTerraformCompleteExample 2022-08-24T15:15:20Z logger.go:66:               - from_port        = 22
TestTerraformCompleteExample 2022-08-24T15:15:20Z logger.go:66:               - ipv6_cidr_blocks = []
TestTerraformCompleteExample 2022-08-24T15:15:20Z logger.go:66:               - prefix_list_ids  = [
TestTerraformCompleteExample 2022-08-24T15:15:20Z logger.go:66:                   - "pl-68a54001",
TestTerraformCompleteExample 2022-08-24T15:15:20Z logger.go:66:                 ]
TestTerraformCompleteExample 2022-08-24T15:15:20Z logger.go:66:               - protocol         = "tcp"
TestTerraformCompleteExample 2022-08-24T15:15:20Z logger.go:66:               - security_groups  = []
TestTerraformCompleteExample 2022-08-24T15:15:20Z logger.go:66:               - self             = false
TestTerraformCompleteExample 2022-08-24T15:15:20Z logger.go:66:               - to_port          = 22
TestTerraformCompleteExample 2022-08-24T15:15:20Z logger.go:66:             },
TestTerraformCompleteExample 2022-08-24T15:15:20Z logger.go:66:         ] -> null
TestTerraformCompleteExample 2022-08-24T15:15:20Z logger.go:66:       - name                   = "ex-complete" -> null
TestTerraformCompleteExample 2022-08-24T15:15:20Z logger.go:66:       - owner_id               = "326504147071" -> null
TestTerraformCompleteExample 2022-08-24T15:15:20Z logger.go:66:       - revoke_rules_on_delete = false -> null
TestTerraformCompleteExample 2022-08-24T15:15:20Z logger.go:66:       - tags                   = {
TestTerraformCompleteExample 2022-08-24T15:15:20Z logger.go:66:           - "Name" = "ex-complete"
TestTerraformCompleteExample 2022-08-24T15:15:20Z logger.go:66:         } -> null
TestTerraformCompleteExample 2022-08-24T15:15:20Z logger.go:66:       - tags_all               = {
TestTerraformCompleteExample 2022-08-24T15:15:20Z logger.go:66:           - "Example"    = "ex-complete"
TestTerraformCompleteExample 2022-08-24T15:15:20Z logger.go:66:           - "GithubOrg"  = "aidanmelen"
TestTerraformCompleteExample 2022-08-24T15:15:20Z logger.go:66:           - "GithubRepo" = "terraform-aws-security-group"
TestTerraformCompleteExample 2022-08-24T15:15:20Z logger.go:66:           - "Name"       = "ex-complete"
TestTerraformCompleteExample 2022-08-24T15:15:20Z logger.go:66:         } -> null
TestTerraformCompleteExample 2022-08-24T15:15:20Z logger.go:66:       - vpc_id                 = "vpc-9ce7cafb" -> null
TestTerraformCompleteExample 2022-08-24T15:15:20Z logger.go:66:
TestTerraformCompleteExample 2022-08-24T15:15:20Z logger.go:66:       - timeouts {
TestTerraformCompleteExample 2022-08-24T15:15:20Z logger.go:66:           - create = "10m" -> null
TestTerraformCompleteExample 2022-08-24T15:15:20Z logger.go:66:           - delete = "15m" -> null
TestTerraformCompleteExample 2022-08-24T15:15:20Z logger.go:66:         }
TestTerraformCompleteExample 2022-08-24T15:15:20Z logger.go:66:     }
TestTerraformCompleteExample 2022-08-24T15:15:20Z logger.go:66:
TestTerraformCompleteExample 2022-08-24T15:15:20Z logger.go:66:   # module.security_group.aws_security_group_rule.auto_group_egress_all_to_public_internet_rules["egress-all-all-to-public-internet"] will be destroyed
TestTerraformCompleteExample 2022-08-24T15:15:20Z logger.go:66:   - resource "aws_security_group_rule" "auto_group_egress_all_to_public_internet_rules" {
TestTerraformCompleteExample 2022-08-24T15:15:20Z logger.go:66:       - cidr_blocks       = [
TestTerraformCompleteExample 2022-08-24T15:15:20Z logger.go:66:           - "0.0.0.0/0",
TestTerraformCompleteExample 2022-08-24T15:15:20Z logger.go:66:         ] -> null
TestTerraformCompleteExample 2022-08-24T15:15:20Z logger.go:66:       - description       = "Opening up ports to connect out to the public internet is generally to be avoided. Please see [no-public-egress-sgr](https://aquasecurity.github.io/tfsec/v0.61.3/checks/aws/vpc/no-public-egress-sgr/) for more information" -> null
TestTerraformCompleteExample 2022-08-24T15:15:20Z logger.go:66:       - from_port         = 0 -> null
TestTerraformCompleteExample 2022-08-24T15:15:20Z logger.go:66:       - id                = "sgrule-2314322188" -> null
TestTerraformCompleteExample 2022-08-24T15:15:20Z logger.go:66:       - ipv6_cidr_blocks  = [
TestTerraformCompleteExample 2022-08-24T15:15:20Z logger.go:66:           - "::/0",
TestTerraformCompleteExample 2022-08-24T15:15:20Z logger.go:66:         ] -> null
TestTerraformCompleteExample 2022-08-24T15:15:20Z logger.go:66:       - protocol          = "-1" -> null
TestTerraformCompleteExample 2022-08-24T15:15:20Z logger.go:66:       - security_group_id = "sg-088f339996d8a12c1" -> null
TestTerraformCompleteExample 2022-08-24T15:15:20Z logger.go:66:       - self              = false -> null
TestTerraformCompleteExample 2022-08-24T15:15:20Z logger.go:66:       - to_port           = 0 -> null
TestTerraformCompleteExample 2022-08-24T15:15:20Z logger.go:66:       - type              = "egress" -> null
TestTerraformCompleteExample 2022-08-24T15:15:20Z logger.go:66:     }
TestTerraformCompleteExample 2022-08-24T15:15:20Z logger.go:66:
TestTerraformCompleteExample 2022-08-24T15:15:20Z logger.go:66:   # module.security_group.aws_security_group_rule.auto_group_ingress_all_from_self_rules["ingress-all-all-from-self"] will be destroyed
TestTerraformCompleteExample 2022-08-24T15:15:20Z logger.go:66:   - resource "aws_security_group_rule" "auto_group_ingress_all_from_self_rules" {
TestTerraformCompleteExample 2022-08-24T15:15:20Z logger.go:66:       - description       = "Opening up ingress all ports from self security group." -> null
TestTerraformCompleteExample 2022-08-24T15:15:20Z logger.go:66:       - from_port         = 0 -> null
TestTerraformCompleteExample 2022-08-24T15:15:20Z logger.go:66:       - id                = "sgrule-251523704" -> null
TestTerraformCompleteExample 2022-08-24T15:15:20Z logger.go:66:       - protocol          = "-1" -> null
TestTerraformCompleteExample 2022-08-24T15:15:20Z logger.go:66:       - security_group_id = "sg-088f339996d8a12c1" -> null
TestTerraformCompleteExample 2022-08-24T15:15:20Z logger.go:66:       - self              = true -> null
TestTerraformCompleteExample 2022-08-24T15:15:20Z logger.go:66:       - to_port           = 0 -> null
TestTerraformCompleteExample 2022-08-24T15:15:20Z logger.go:66:       - type              = "ingress" -> null
TestTerraformCompleteExample 2022-08-24T15:15:20Z logger.go:66:     }
TestTerraformCompleteExample 2022-08-24T15:15:20Z logger.go:66:
TestTerraformCompleteExample 2022-08-24T15:15:20Z logger.go:66:   # module.security_group.aws_security_group_rule.computed_egress_rules[0] will be destroyed
TestTerraformCompleteExample 2022-08-24T15:15:20Z logger.go:66:   - resource "aws_security_group_rule" "computed_egress_rules" {
TestTerraformCompleteExample 2022-08-24T15:15:20Z logger.go:66:       - from_port         = 80 -> null
TestTerraformCompleteExample 2022-08-24T15:15:20Z logger.go:66:       - id                = "sgrule-3316891827" -> null
TestTerraformCompleteExample 2022-08-24T15:15:20Z logger.go:66:       - prefix_list_ids   = [
TestTerraformCompleteExample 2022-08-24T15:15:20Z logger.go:66:           - "pl-0027f2e7276e6b628",
TestTerraformCompleteExample 2022-08-24T15:15:20Z logger.go:66:         ] -> null
TestTerraformCompleteExample 2022-08-24T15:15:20Z logger.go:66:       - protocol          = "tcp" -> null
TestTerraformCompleteExample 2022-08-24T15:15:20Z logger.go:66:       - security_group_id = "sg-088f339996d8a12c1" -> null
TestTerraformCompleteExample 2022-08-24T15:15:20Z logger.go:66:       - self              = false -> null
TestTerraformCompleteExample 2022-08-24T15:15:20Z logger.go:66:       - to_port           = 80 -> null
TestTerraformCompleteExample 2022-08-24T15:15:20Z logger.go:66:       - type              = "egress" -> null
TestTerraformCompleteExample 2022-08-24T15:15:20Z logger.go:66:     }
TestTerraformCompleteExample 2022-08-24T15:15:20Z logger.go:66:
TestTerraformCompleteExample 2022-08-24T15:15:20Z logger.go:66:   # module.security_group.aws_security_group_rule.computed_ingress_rules[0] will be destroyed
TestTerraformCompleteExample 2022-08-24T15:15:20Z logger.go:66:   - resource "aws_security_group_rule" "computed_ingress_rules" {
TestTerraformCompleteExample 2022-08-24T15:15:20Z logger.go:66:       - from_port                = 80 -> null
TestTerraformCompleteExample 2022-08-24T15:15:20Z logger.go:66:       - id                       = "sgrule-3333521439" -> null
TestTerraformCompleteExample 2022-08-24T15:15:20Z logger.go:66:       - protocol                 = "tcp" -> null
TestTerraformCompleteExample 2022-08-24T15:15:20Z logger.go:66:       - security_group_id        = "sg-088f339996d8a12c1" -> null
TestTerraformCompleteExample 2022-08-24T15:15:20Z logger.go:66:       - self                     = false -> null
TestTerraformCompleteExample 2022-08-24T15:15:20Z logger.go:66:       - source_security_group_id = "sg-0ce9760dd7fd54d43" -> null
TestTerraformCompleteExample 2022-08-24T15:15:20Z logger.go:66:       - to_port                  = 80 -> null
TestTerraformCompleteExample 2022-08-24T15:15:20Z logger.go:66:       - type                     = "ingress" -> null
TestTerraformCompleteExample 2022-08-24T15:15:20Z logger.go:66:     }
TestTerraformCompleteExample 2022-08-24T15:15:20Z logger.go:66:
TestTerraformCompleteExample 2022-08-24T15:15:20Z logger.go:66:   # module.security_group.aws_security_group_rule.computed_managed_egress_rules[0] will be destroyed
TestTerraformCompleteExample 2022-08-24T15:15:20Z logger.go:66:   - resource "aws_security_group_rule" "computed_managed_egress_rules" {
TestTerraformCompleteExample 2022-08-24T15:15:20Z logger.go:66:       - description       = "https-443-tcp" -> null
TestTerraformCompleteExample 2022-08-24T15:15:20Z logger.go:66:       - from_port         = 443 -> null
TestTerraformCompleteExample 2022-08-24T15:15:20Z logger.go:66:       - id                = "sgrule-1256776488" -> null
TestTerraformCompleteExample 2022-08-24T15:15:20Z logger.go:66:       - prefix_list_ids   = [
TestTerraformCompleteExample 2022-08-24T15:15:20Z logger.go:66:           - "pl-0027f2e7276e6b628",
TestTerraformCompleteExample 2022-08-24T15:15:20Z logger.go:66:         ] -> null
TestTerraformCompleteExample 2022-08-24T15:15:20Z logger.go:66:       - protocol          = "tcp" -> null
TestTerraformCompleteExample 2022-08-24T15:15:20Z logger.go:66:       - security_group_id = "sg-088f339996d8a12c1" -> null
TestTerraformCompleteExample 2022-08-24T15:15:20Z logger.go:66:       - self              = false -> null
TestTerraformCompleteExample 2022-08-24T15:15:20Z logger.go:66:       - to_port           = 443 -> null
TestTerraformCompleteExample 2022-08-24T15:15:20Z logger.go:66:       - type              = "egress" -> null
TestTerraformCompleteExample 2022-08-24T15:15:20Z logger.go:66:     }
TestTerraformCompleteExample 2022-08-24T15:15:20Z logger.go:66:
TestTerraformCompleteExample 2022-08-24T15:15:20Z logger.go:66:   # module.security_group.aws_security_group_rule.computed_managed_ingress_rules[0] will be destroyed
TestTerraformCompleteExample 2022-08-24T15:15:20Z logger.go:66:   - resource "aws_security_group_rule" "computed_managed_ingress_rules" {
TestTerraformCompleteExample 2022-08-24T15:15:20Z logger.go:66:       - description              = "https-443-tcp" -> null
TestTerraformCompleteExample 2022-08-24T15:15:20Z logger.go:66:       - from_port                = 443 -> null
TestTerraformCompleteExample 2022-08-24T15:15:20Z logger.go:66:       - id                       = "sgrule-4133694951" -> null
TestTerraformCompleteExample 2022-08-24T15:15:20Z logger.go:66:       - protocol                 = "tcp" -> null
TestTerraformCompleteExample 2022-08-24T15:15:20Z logger.go:66:       - security_group_id        = "sg-088f339996d8a12c1" -> null
TestTerraformCompleteExample 2022-08-24T15:15:20Z logger.go:66:       - self                     = false -> null
TestTerraformCompleteExample 2022-08-24T15:15:20Z logger.go:66:       - source_security_group_id = "sg-0ce9760dd7fd54d43" -> null
TestTerraformCompleteExample 2022-08-24T15:15:20Z logger.go:66:       - to_port                  = 443 -> null
TestTerraformCompleteExample 2022-08-24T15:15:20Z logger.go:66:       - type                     = "ingress" -> null
TestTerraformCompleteExample 2022-08-24T15:15:20Z logger.go:66:     }
TestTerraformCompleteExample 2022-08-24T15:15:20Z logger.go:66:
TestTerraformCompleteExample 2022-08-24T15:15:20Z logger.go:66:   # module.security_group.aws_security_group_rule.managed_rules["egress-https-443-tcp-to-10.10.0.0/16,10.20.0.0/24"] will be destroyed
TestTerraformCompleteExample 2022-08-24T15:15:20Z logger.go:66:   - resource "aws_security_group_rule" "managed_rules" {
TestTerraformCompleteExample 2022-08-24T15:15:20Z logger.go:66:       - cidr_blocks       = [
TestTerraformCompleteExample 2022-08-24T15:15:20Z logger.go:66:           - "10.10.0.0/16",
TestTerraformCompleteExample 2022-08-24T15:15:20Z logger.go:66:           - "10.20.0.0/24",
TestTerraformCompleteExample 2022-08-24T15:15:20Z logger.go:66:         ] -> null
TestTerraformCompleteExample 2022-08-24T15:15:20Z logger.go:66:       - description       = "egress-https-443-tcp-to-10.10.0.0/16,10.20.0.0/24" -> null
TestTerraformCompleteExample 2022-08-24T15:15:20Z logger.go:66:       - from_port         = 443 -> null
TestTerraformCompleteExample 2022-08-24T15:15:20Z logger.go:66:       - id                = "sgrule-1297727356" -> null
TestTerraformCompleteExample 2022-08-24T15:15:20Z logger.go:66:       - protocol          = "tcp" -> null
TestTerraformCompleteExample 2022-08-24T15:15:20Z logger.go:66:       - security_group_id = "sg-088f339996d8a12c1" -> null
TestTerraformCompleteExample 2022-08-24T15:15:20Z logger.go:66:       - self              = false -> null
TestTerraformCompleteExample 2022-08-24T15:15:20Z logger.go:66:       - to_port           = 443 -> null
TestTerraformCompleteExample 2022-08-24T15:15:20Z logger.go:66:       - type              = "egress" -> null
TestTerraformCompleteExample 2022-08-24T15:15:20Z logger.go:66:     }
TestTerraformCompleteExample 2022-08-24T15:15:20Z logger.go:66:
TestTerraformCompleteExample 2022-08-24T15:15:20Z logger.go:66:   # module.security_group.aws_security_group_rule.managed_rules["egress-postgresql-tcp-to-2001:db8::/64"] will be destroyed
TestTerraformCompleteExample 2022-08-24T15:15:20Z logger.go:66:   - resource "aws_security_group_rule" "managed_rules" {
TestTerraformCompleteExample 2022-08-24T15:15:20Z logger.go:66:       - description       = "egress-postgresql-tcp-to-2001:db8::/64" -> null
TestTerraformCompleteExample 2022-08-24T15:15:20Z logger.go:66:       - from_port         = 5432 -> null
TestTerraformCompleteExample 2022-08-24T15:15:20Z logger.go:66:       - id                = "sgrule-1316103192" -> null
TestTerraformCompleteExample 2022-08-24T15:15:20Z logger.go:66:       - ipv6_cidr_blocks  = [
TestTerraformCompleteExample 2022-08-24T15:15:20Z logger.go:66:           - "2001:db8::/64",
TestTerraformCompleteExample 2022-08-24T15:15:20Z logger.go:66:         ] -> null
TestTerraformCompleteExample 2022-08-24T15:15:20Z logger.go:66:       - protocol          = "tcp" -> null
TestTerraformCompleteExample 2022-08-24T15:15:20Z logger.go:66:       - security_group_id = "sg-088f339996d8a12c1" -> null
TestTerraformCompleteExample 2022-08-24T15:15:20Z logger.go:66:       - self              = false -> null
TestTerraformCompleteExample 2022-08-24T15:15:20Z logger.go:66:       - to_port           = 5432 -> null
TestTerraformCompleteExample 2022-08-24T15:15:20Z logger.go:66:       - type              = "egress" -> null
TestTerraformCompleteExample 2022-08-24T15:15:20Z logger.go:66:     }
TestTerraformCompleteExample 2022-08-24T15:15:20Z logger.go:66:
TestTerraformCompleteExample 2022-08-24T15:15:20Z logger.go:66:   # module.security_group.aws_security_group_rule.managed_rules["egress-ssh-tcp-to-pl-68a54001"] will be destroyed
TestTerraformCompleteExample 2022-08-24T15:15:20Z logger.go:66:   - resource "aws_security_group_rule" "managed_rules" {
TestTerraformCompleteExample 2022-08-24T15:15:20Z logger.go:66:       - description       = "egress-ssh-tcp-to-pl-68a54001" -> null
TestTerraformCompleteExample 2022-08-24T15:15:20Z logger.go:66:       - from_port         = 22 -> null
TestTerraformCompleteExample 2022-08-24T15:15:20Z logger.go:66:       - id                = "sgrule-3267436176" -> null
TestTerraformCompleteExample 2022-08-24T15:15:20Z logger.go:66:       - prefix_list_ids   = [
TestTerraformCompleteExample 2022-08-24T15:15:20Z logger.go:66:           - "pl-68a54001",
TestTerraformCompleteExample 2022-08-24T15:15:20Z logger.go:66:         ] -> null
TestTerraformCompleteExample 2022-08-24T15:15:20Z logger.go:66:       - protocol          = "tcp" -> null
TestTerraformCompleteExample 2022-08-24T15:15:20Z logger.go:66:       - security_group_id = "sg-088f339996d8a12c1" -> null
TestTerraformCompleteExample 2022-08-24T15:15:20Z logger.go:66:       - self              = false -> null
TestTerraformCompleteExample 2022-08-24T15:15:20Z logger.go:66:       - to_port           = 22 -> null
TestTerraformCompleteExample 2022-08-24T15:15:20Z logger.go:66:       - type              = "egress" -> null
TestTerraformCompleteExample 2022-08-24T15:15:20Z logger.go:66:     }
TestTerraformCompleteExample 2022-08-24T15:15:20Z logger.go:66:
TestTerraformCompleteExample 2022-08-24T15:15:20Z logger.go:66:   # module.security_group.aws_security_group_rule.managed_rules["ingress-all-all-from-10.10.0.0/16,10.20.0.0/24"] will be destroyed
TestTerraformCompleteExample 2022-08-24T15:15:20Z logger.go:66:   - resource "aws_security_group_rule" "managed_rules" {
TestTerraformCompleteExample 2022-08-24T15:15:20Z logger.go:66:       - cidr_blocks       = [
TestTerraformCompleteExample 2022-08-24T15:15:20Z logger.go:66:           - "10.10.0.0/16",
TestTerraformCompleteExample 2022-08-24T15:15:20Z logger.go:66:           - "10.20.0.0/24",
TestTerraformCompleteExample 2022-08-24T15:15:20Z logger.go:66:         ] -> null
TestTerraformCompleteExample 2022-08-24T15:15:20Z logger.go:66:       - description       = "ingress-all-all-from-10.10.0.0/16,10.20.0.0/24" -> null
TestTerraformCompleteExample 2022-08-24T15:15:20Z logger.go:66:       - from_port         = 0 -> null
TestTerraformCompleteExample 2022-08-24T15:15:20Z logger.go:66:       - id                = "sgrule-3694565669" -> null
TestTerraformCompleteExample 2022-08-24T15:15:20Z logger.go:66:       - protocol          = "-1" -> null
TestTerraformCompleteExample 2022-08-24T15:15:20Z logger.go:66:       - security_group_id = "sg-088f339996d8a12c1" -> null
TestTerraformCompleteExample 2022-08-24T15:15:20Z logger.go:66:       - self              = false -> null
TestTerraformCompleteExample 2022-08-24T15:15:20Z logger.go:66:       - to_port           = 0 -> null
TestTerraformCompleteExample 2022-08-24T15:15:20Z logger.go:66:       - type              = "ingress" -> null
TestTerraformCompleteExample 2022-08-24T15:15:20Z logger.go:66:     }
TestTerraformCompleteExample 2022-08-24T15:15:20Z logger.go:66:
TestTerraformCompleteExample 2022-08-24T15:15:20Z logger.go:66:   # module.security_group.aws_security_group_rule.managed_rules["ingress-postgresql-tcp-from-2001:db8::/64"] will be destroyed
TestTerraformCompleteExample 2022-08-24T15:15:20Z logger.go:66:   - resource "aws_security_group_rule" "managed_rules" {
TestTerraformCompleteExample 2022-08-24T15:15:20Z logger.go:66:       - description       = "ingress-postgresql-tcp-from-2001:db8::/64" -> null
TestTerraformCompleteExample 2022-08-24T15:15:20Z logger.go:66:       - from_port         = 5432 -> null
TestTerraformCompleteExample 2022-08-24T15:15:20Z logger.go:66:       - id                = "sgrule-1378512088" -> null
TestTerraformCompleteExample 2022-08-24T15:15:20Z logger.go:66:       - ipv6_cidr_blocks  = [
TestTerraformCompleteExample 2022-08-24T15:15:20Z logger.go:66:           - "2001:db8::/64",
TestTerraformCompleteExample 2022-08-24T15:15:20Z logger.go:66:         ] -> null
TestTerraformCompleteExample 2022-08-24T15:15:20Z logger.go:66:       - protocol          = "tcp" -> null
TestTerraformCompleteExample 2022-08-24T15:15:20Z logger.go:66:       - security_group_id = "sg-088f339996d8a12c1" -> null
TestTerraformCompleteExample 2022-08-24T15:15:20Z logger.go:66:       - self              = false -> null
TestTerraformCompleteExample 2022-08-24T15:15:20Z logger.go:66:       - to_port           = 5432 -> null
TestTerraformCompleteExample 2022-08-24T15:15:20Z logger.go:66:       - type              = "ingress" -> null
TestTerraformCompleteExample 2022-08-24T15:15:20Z logger.go:66:     }
TestTerraformCompleteExample 2022-08-24T15:15:20Z logger.go:66:
TestTerraformCompleteExample 2022-08-24T15:15:20Z logger.go:66:   # module.security_group.aws_security_group_rule.managed_rules["ingress-ssh-tcp-from-pl-68a54001"] will be destroyed
TestTerraformCompleteExample 2022-08-24T15:15:20Z logger.go:66:   - resource "aws_security_group_rule" "managed_rules" {
TestTerraformCompleteExample 2022-08-24T15:15:20Z logger.go:66:       - description       = "ingress-ssh-tcp-from-pl-68a54001" -> null
TestTerraformCompleteExample 2022-08-24T15:15:20Z logger.go:66:       - from_port         = 22 -> null
TestTerraformCompleteExample 2022-08-24T15:15:20Z logger.go:66:       - id                = "sgrule-3451758508" -> null
TestTerraformCompleteExample 2022-08-24T15:15:20Z logger.go:66:       - prefix_list_ids   = [
TestTerraformCompleteExample 2022-08-24T15:15:20Z logger.go:66:           - "pl-68a54001",
TestTerraformCompleteExample 2022-08-24T15:15:20Z logger.go:66:         ] -> null
TestTerraformCompleteExample 2022-08-24T15:15:20Z logger.go:66:       - protocol          = "tcp" -> null
TestTerraformCompleteExample 2022-08-24T15:15:20Z logger.go:66:       - security_group_id = "sg-088f339996d8a12c1" -> null
TestTerraformCompleteExample 2022-08-24T15:15:20Z logger.go:66:       - self              = false -> null
TestTerraformCompleteExample 2022-08-24T15:15:20Z logger.go:66:       - to_port           = 22 -> null
TestTerraformCompleteExample 2022-08-24T15:15:20Z logger.go:66:       - type              = "ingress" -> null
TestTerraformCompleteExample 2022-08-24T15:15:20Z logger.go:66:     }
TestTerraformCompleteExample 2022-08-24T15:15:20Z logger.go:66:
TestTerraformCompleteExample 2022-08-24T15:15:20Z logger.go:66:   # module.security_group.aws_security_group_rule.rules["egress-all-all-all-to-self"] will be destroyed
TestTerraformCompleteExample 2022-08-24T15:15:20Z logger.go:66:   - resource "aws_security_group_rule" "rules" {
TestTerraformCompleteExample 2022-08-24T15:15:20Z logger.go:66:       - description       = "egress-all-all-all-to-self" -> null
TestTerraformCompleteExample 2022-08-24T15:15:20Z logger.go:66:       - from_port         = 0 -> null
TestTerraformCompleteExample 2022-08-24T15:15:20Z logger.go:66:       - id                = "sgrule-1114986369" -> null
TestTerraformCompleteExample 2022-08-24T15:15:20Z logger.go:66:       - protocol          = "-1" -> null
TestTerraformCompleteExample 2022-08-24T15:15:20Z logger.go:66:       - security_group_id = "sg-088f339996d8a12c1" -> null
TestTerraformCompleteExample 2022-08-24T15:15:20Z logger.go:66:       - self              = true -> null
TestTerraformCompleteExample 2022-08-24T15:15:20Z logger.go:66:       - to_port           = 0 -> null
TestTerraformCompleteExample 2022-08-24T15:15:20Z logger.go:66:       - type              = "egress" -> null
TestTerraformCompleteExample 2022-08-24T15:15:20Z logger.go:66:     }
TestTerraformCompleteExample 2022-08-24T15:15:20Z logger.go:66:
TestTerraformCompleteExample 2022-08-24T15:15:20Z logger.go:66:   # module.security_group.aws_security_group_rule.rules["egress-all-all-icmp-to-sg-b551fece"] will be destroyed
TestTerraformCompleteExample 2022-08-24T15:15:20Z logger.go:66:   - resource "aws_security_group_rule" "rules" {
TestTerraformCompleteExample 2022-08-24T15:15:20Z logger.go:66:       - description              = "egress-all-all-icmp-to-sg-b551fece" -> null
TestTerraformCompleteExample 2022-08-24T15:15:20Z logger.go:66:       - from_port                = -1 -> null
TestTerraformCompleteExample 2022-08-24T15:15:20Z logger.go:66:       - id                       = "sgrule-1492769384" -> null
TestTerraformCompleteExample 2022-08-24T15:15:20Z logger.go:66:       - protocol                 = "icmp" -> null
TestTerraformCompleteExample 2022-08-24T15:15:20Z logger.go:66:       - security_group_id        = "sg-088f339996d8a12c1" -> null
TestTerraformCompleteExample 2022-08-24T15:15:20Z logger.go:66:       - self                     = false -> null
TestTerraformCompleteExample 2022-08-24T15:15:20Z logger.go:66:       - source_security_group_id = "sg-b551fece" -> null
TestTerraformCompleteExample 2022-08-24T15:15:20Z logger.go:66:       - to_port                  = -1 -> null
TestTerraformCompleteExample 2022-08-24T15:15:20Z logger.go:66:       - type                     = "egress" -> null
TestTerraformCompleteExample 2022-08-24T15:15:20Z logger.go:66:     }
TestTerraformCompleteExample 2022-08-24T15:15:20Z logger.go:66:
TestTerraformCompleteExample 2022-08-24T15:15:20Z logger.go:66:   # module.security_group.aws_security_group_rule.rules["ingress-all-all-icmp-from-sg-b551fece"] will be destroyed
TestTerraformCompleteExample 2022-08-24T15:15:20Z logger.go:66:   - resource "aws_security_group_rule" "rules" {
TestTerraformCompleteExample 2022-08-24T15:15:20Z logger.go:66:       - description              = "ingress-all-all-icmp-from-sg-b551fece" -> null
TestTerraformCompleteExample 2022-08-24T15:15:20Z logger.go:66:       - from_port                = -1 -> null
TestTerraformCompleteExample 2022-08-24T15:15:20Z logger.go:66:       - id                       = "sgrule-1184747838" -> null
TestTerraformCompleteExample 2022-08-24T15:15:20Z logger.go:66:       - protocol                 = "icmp" -> null
TestTerraformCompleteExample 2022-08-24T15:15:20Z logger.go:66:       - security_group_id        = "sg-088f339996d8a12c1" -> null
TestTerraformCompleteExample 2022-08-24T15:15:20Z logger.go:66:       - self                     = false -> null
TestTerraformCompleteExample 2022-08-24T15:15:20Z logger.go:66:       - source_security_group_id = "sg-b551fece" -> null
TestTerraformCompleteExample 2022-08-24T15:15:20Z logger.go:66:       - to_port                  = -1 -> null
TestTerraformCompleteExample 2022-08-24T15:15:20Z logger.go:66:       - type                     = "ingress" -> null
TestTerraformCompleteExample 2022-08-24T15:15:20Z logger.go:66:     }
TestTerraformCompleteExample 2022-08-24T15:15:20Z logger.go:66:
TestTerraformCompleteExample 2022-08-24T15:15:20Z logger.go:66: Plan: 0 to add, 0 to change, 18 to destroy.
TestTerraformCompleteExample 2022-08-24T15:15:20Z logger.go:66:
TestTerraformCompleteExample 2022-08-24T15:15:20Z logger.go:66: Changes to Outputs:
TestTerraformCompleteExample 2022-08-24T15:15:20Z logger.go:66:   - auto_group_egress_all_to_public_internet_rule_keys      = [
TestTerraformCompleteExample 2022-08-24T15:15:20Z logger.go:66:       - "egress-all-all-to-public-internet",
TestTerraformCompleteExample 2022-08-24T15:15:20Z logger.go:66:     ] -> null
TestTerraformCompleteExample 2022-08-24T15:15:20Z logger.go:66:   - auto_group_ingress_all_from_self_rule_keys              = [
TestTerraformCompleteExample 2022-08-24T15:15:20Z logger.go:66:       - "ingress-all-all-from-self",
TestTerraformCompleteExample 2022-08-24T15:15:20Z logger.go:66:     ] -> null
TestTerraformCompleteExample 2022-08-24T15:15:20Z logger.go:66:   - auto_group_ingress_http_from_public_internet_rule_keys  = [] -> null
TestTerraformCompleteExample 2022-08-24T15:15:20Z logger.go:66:   - auto_group_ingress_https_from_public_internet_rule_keys = [] -> null
TestTerraformCompleteExample 2022-08-24T15:15:20Z logger.go:66:   - computed_egress_rule_ids                                = [
TestTerraformCompleteExample 2022-08-24T15:15:20Z logger.go:66:       - "sgrule-3316891827",
TestTerraformCompleteExample 2022-08-24T15:15:20Z logger.go:66:     ] -> null
TestTerraformCompleteExample 2022-08-24T15:15:20Z logger.go:66:   - computed_ingress_rule_ids                               = [
TestTerraformCompleteExample 2022-08-24T15:15:20Z logger.go:66:       - "sgrule-3333521439",
TestTerraformCompleteExample 2022-08-24T15:15:20Z logger.go:66:     ] -> null
TestTerraformCompleteExample 2022-08-24T15:15:20Z logger.go:66:   - computed_managed_egress_rule_ids                        = [
TestTerraformCompleteExample 2022-08-24T15:15:20Z logger.go:66:       - "sgrule-1256776488",
TestTerraformCompleteExample 2022-08-24T15:15:20Z logger.go:66:     ] -> null
TestTerraformCompleteExample 2022-08-24T15:15:20Z logger.go:66:   - computed_managed_ingress_rule_ids                       = [
TestTerraformCompleteExample 2022-08-24T15:15:20Z logger.go:66:       - "sgrule-4133694951",
TestTerraformCompleteExample 2022-08-24T15:15:20Z logger.go:66:     ] -> null
TestTerraformCompleteExample 2022-08-24T15:15:20Z logger.go:66:   - disabled_sg_id                                          = "I was not created" -> null
TestTerraformCompleteExample 2022-08-24T15:15:20Z logger.go:66:   - managed_egress_rule_keys                                = [
TestTerraformCompleteExample 2022-08-24T15:15:20Z logger.go:66:       - "egress-https-443-tcp-to-10.10.0.0/16,10.20.0.0/24",
TestTerraformCompleteExample 2022-08-24T15:15:20Z logger.go:66:       - "egress-postgresql-tcp-to-2001:db8::/64",
TestTerraformCompleteExample 2022-08-24T15:15:20Z logger.go:66:       - "egress-ssh-tcp-to-pl-68a54001",
TestTerraformCompleteExample 2022-08-24T15:15:20Z logger.go:66:     ] -> null
TestTerraformCompleteExample 2022-08-24T15:15:20Z logger.go:66:   - managed_ingress_rule_keys                               = [
TestTerraformCompleteExample 2022-08-24T15:15:20Z logger.go:66:       - "ingress-all-all-from-10.10.0.0/16,10.20.0.0/24",
TestTerraformCompleteExample 2022-08-24T15:15:20Z logger.go:66:       - "ingress-postgresql-tcp-from-2001:db8::/64",
TestTerraformCompleteExample 2022-08-24T15:15:20Z logger.go:66:       - "ingress-ssh-tcp-from-pl-68a54001",
TestTerraformCompleteExample 2022-08-24T15:15:20Z logger.go:66:     ] -> null
TestTerraformCompleteExample 2022-08-24T15:15:21Z logger.go:66: module.security_group.aws_security_group_rule.managed_rules["ingress-postgresql-tcp-from-2001:db8::/64"]: Destroying... [id=sgrule-1378512088]
TestTerraformCompleteExample 2022-08-24T15:15:21Z logger.go:66: module.security_group.aws_security_group_rule.computed_egress_rules[0]: Destroying... [id=sgrule-3316891827]
TestTerraformCompleteExample 2022-08-24T15:15:21Z logger.go:66: module.security_group.aws_security_group_rule.rules["egress-all-all-icmp-to-sg-b551fece"]: Destroying... [id=sgrule-1492769384]
TestTerraformCompleteExample 2022-08-24T15:15:21Z logger.go:66: module.security_group.aws_security_group_rule.managed_rules["egress-ssh-tcp-to-pl-68a54001"]: Destroying... [id=sgrule-3267436176]
TestTerraformCompleteExample 2022-08-24T15:15:21Z logger.go:66: module.security_group.aws_security_group_rule.auto_group_ingress_all_from_self_rules["ingress-all-all-from-self"]: Destroying... [id=sgrule-251523704]
TestTerraformCompleteExample 2022-08-24T15:15:21Z logger.go:66: module.security_group.aws_security_group_rule.managed_rules["ingress-ssh-tcp-from-pl-68a54001"]: Destroying... [id=sgrule-3451758508]
TestTerraformCompleteExample 2022-08-24T15:15:21Z logger.go:66: module.security_group.aws_security_group_rule.managed_rules["egress-postgresql-tcp-to-2001:db8::/64"]: Destroying... [id=sgrule-1316103192]
TestTerraformCompleteExample 2022-08-24T15:15:21Z logger.go:66: module.security_group.aws_security_group_rule.computed_managed_ingress_rules[0]: Destroying... [id=sgrule-4133694951]
TestTerraformCompleteExample 2022-08-24T15:15:21Z logger.go:66: module.security_group.aws_security_group_rule.auto_group_egress_all_to_public_internet_rules["egress-all-all-to-public-internet"]: Destroying... [id=sgrule-2314322188]
TestTerraformCompleteExample 2022-08-24T15:15:21Z logger.go:66: module.security_group.aws_security_group_rule.rules["ingress-all-all-icmp-from-sg-b551fece"]: Destroying... [id=sgrule-1184747838]
TestTerraformCompleteExample 2022-08-24T15:15:21Z logger.go:66: module.security_group.aws_security_group_rule.managed_rules["egress-postgresql-tcp-to-2001:db8::/64"]: Destruction complete after 1s
TestTerraformCompleteExample 2022-08-24T15:15:21Z logger.go:66: module.security_group.aws_security_group_rule.managed_rules["ingress-all-all-from-10.10.0.0/16,10.20.0.0/24"]: Destroying... [id=sgrule-3694565669]
TestTerraformCompleteExample 2022-08-24T15:15:22Z logger.go:66: module.security_group.aws_security_group_rule.computed_managed_ingress_rules[0]: Destruction complete after 1s
TestTerraformCompleteExample 2022-08-24T15:15:22Z logger.go:66: module.security_group.aws_security_group_rule.computed_ingress_rules[0]: Destroying... [id=sgrule-3333521439]
TestTerraformCompleteExample 2022-08-24T15:15:23Z logger.go:66: module.security_group.aws_security_group_rule.rules["egress-all-all-icmp-to-sg-b551fece"]: Destruction complete after 2s
TestTerraformCompleteExample 2022-08-24T15:15:23Z logger.go:66: module.security_group.aws_security_group_rule.managed_rules["egress-https-443-tcp-to-10.10.0.0/16,10.20.0.0/24"]: Destroying... [id=sgrule-1297727356]
TestTerraformCompleteExample 2022-08-24T15:15:23Z logger.go:66: module.security_group.aws_security_group_rule.rules["ingress-all-all-icmp-from-sg-b551fece"]: Destruction complete after 3s
TestTerraformCompleteExample 2022-08-24T15:15:23Z logger.go:66: module.security_group.aws_security_group_rule.rules["egress-all-all-all-to-self"]: Destroying... [id=sgrule-1114986369]
TestTerraformCompleteExample 2022-08-24T15:15:24Z logger.go:66: module.security_group.aws_security_group_rule.managed_rules["egress-ssh-tcp-to-pl-68a54001"]: Destruction complete after 3s
TestTerraformCompleteExample 2022-08-24T15:15:24Z logger.go:66: module.security_group.aws_security_group_rule.computed_managed_egress_rules[0]: Destroying... [id=sgrule-1256776488]
TestTerraformCompleteExample 2022-08-24T15:15:24Z logger.go:66: module.security_group.aws_security_group_rule.managed_rules["ingress-postgresql-tcp-from-2001:db8::/64"]: Destruction complete after 4s
TestTerraformCompleteExample 2022-08-24T15:15:25Z logger.go:66: module.security_group.aws_security_group_rule.auto_group_ingress_all_from_self_rules["ingress-all-all-from-self"]: Destruction complete after 5s
TestTerraformCompleteExample 2022-08-24T15:15:26Z logger.go:66: module.security_group.aws_security_group_rule.computed_egress_rules[0]: Destruction complete after 5s
TestTerraformCompleteExample 2022-08-24T15:15:27Z logger.go:66: module.security_group.aws_security_group_rule.auto_group_egress_all_to_public_internet_rules["egress-all-all-to-public-internet"]: Destruction complete after 6s
TestTerraformCompleteExample 2022-08-24T15:15:27Z logger.go:66: module.security_group.aws_security_group_rule.managed_rules["ingress-ssh-tcp-from-pl-68a54001"]: Destruction complete after 7s
TestTerraformCompleteExample 2022-08-24T15:15:28Z logger.go:66: module.security_group.aws_security_group_rule.managed_rules["ingress-all-all-from-10.10.0.0/16,10.20.0.0/24"]: Destruction complete after 6s
TestTerraformCompleteExample 2022-08-24T15:15:28Z logger.go:66: module.security_group.aws_security_group_rule.computed_ingress_rules[0]: Destruction complete after 7s
TestTerraformCompleteExample 2022-08-24T15:15:28Z logger.go:66: aws_security_group.other: Destroying... [id=sg-0ce9760dd7fd54d43]
TestTerraformCompleteExample 2022-08-24T15:15:29Z logger.go:66: module.security_group.aws_security_group_rule.managed_rules["egress-https-443-tcp-to-10.10.0.0/16,10.20.0.0/24"]: Destruction complete after 7s
TestTerraformCompleteExample 2022-08-24T15:15:30Z logger.go:66: aws_security_group.other: Destruction complete after 1s
TestTerraformCompleteExample 2022-08-24T15:15:30Z logger.go:66: module.security_group.aws_security_group_rule.rules["egress-all-all-all-to-self"]: Destruction complete after 6s
TestTerraformCompleteExample 2022-08-24T15:15:31Z logger.go:66: module.security_group.aws_security_group_rule.computed_managed_egress_rules[0]: Destruction complete after 7s
TestTerraformCompleteExample 2022-08-24T15:15:31Z logger.go:66: aws_ec2_managed_prefix_list.other: Destroying... [id=pl-0027f2e7276e6b628]
TestTerraformCompleteExample 2022-08-24T15:15:31Z logger.go:66: module.security_group.aws_security_group.self[0]: Destroying... [id=sg-088f339996d8a12c1]
TestTerraformCompleteExample 2022-08-24T15:15:32Z logger.go:66: module.security_group.aws_security_group.self[0]: Destruction complete after 1s
TestTerraformCompleteExample 2022-08-24T15:15:38Z logger.go:66: aws_ec2_managed_prefix_list.other: Destruction complete after 7s
TestTerraformCompleteExample 2022-08-24T15:15:38Z logger.go:66:
TestTerraformCompleteExample 2022-08-24T15:15:38Z logger.go:66: Destroy complete! Resources: 18 destroyed.
--- FAIL: TestTerraformCompleteExample (42.89s)
FAIL
FAIL	command-line-arguments	42.905s
FAIL
