=== RUN   TestTerraformCompleteExample
TestTerraformCompleteExample 2022-12-01T02:48:50Z retry.go:91: terraform [init -upgrade=false]
TestTerraformCompleteExample 2022-12-01T02:48:50Z logger.go:66: Running command terraform with args [init -upgrade=false]
TestTerraformCompleteExample 2022-12-01T02:48:50Z logger.go:66: [0m[1mInitializing modules...[0m
TestTerraformCompleteExample 2022-12-01T02:48:51Z logger.go:66:
TestTerraformCompleteExample 2022-12-01T02:48:51Z logger.go:66: [0m[1mInitializing the backend...[0m
TestTerraformCompleteExample 2022-12-01T02:48:51Z logger.go:66:
TestTerraformCompleteExample 2022-12-01T02:48:51Z logger.go:66: [0m[1mInitializing provider plugins...[0m
TestTerraformCompleteExample 2022-12-01T02:48:51Z logger.go:66: - Reusing previous version of hashicorp/aws from the dependency lock file
TestTerraformCompleteExample 2022-12-01T02:48:52Z logger.go:66: - Using previously-installed hashicorp/aws v4.39.0
TestTerraformCompleteExample 2022-12-01T02:48:52Z logger.go:66:
TestTerraformCompleteExample 2022-12-01T02:48:52Z logger.go:66: [0m[1m[32mTerraform has been successfully initialized![0m[32m[0m
TestTerraformCompleteExample 2022-12-01T02:48:52Z logger.go:66: [0m[32m
TestTerraformCompleteExample 2022-12-01T02:48:52Z logger.go:66: You may now begin working with Terraform. Try running "terraform plan" to see
TestTerraformCompleteExample 2022-12-01T02:48:52Z logger.go:66: any changes that are required for your infrastructure. All Terraform commands
TestTerraformCompleteExample 2022-12-01T02:48:52Z logger.go:66: should now work.
TestTerraformCompleteExample 2022-12-01T02:48:52Z logger.go:66:
TestTerraformCompleteExample 2022-12-01T02:48:52Z logger.go:66: If you ever set or change modules or backend configuration for Terraform,
TestTerraformCompleteExample 2022-12-01T02:48:52Z logger.go:66: rerun this command to reinitialize your working directory. If you forget, other
TestTerraformCompleteExample 2022-12-01T02:48:52Z logger.go:66: commands will detect it and remind you to do so if necessary.[0m
TestTerraformCompleteExample 2022-12-01T02:48:52Z retry.go:91: terraform [apply -input=false -auto-approve -no-color -lock=false]
TestTerraformCompleteExample 2022-12-01T02:48:52Z logger.go:66: Running command terraform with args [apply -input=false -auto-approve -no-color -lock=false]
TestTerraformCompleteExample 2022-12-01T02:48:56Z logger.go:66: data.aws_prefix_list.private_s3: Reading...
TestTerraformCompleteExample 2022-12-01T02:48:56Z logger.go:66: data.aws_vpc.default: Reading...
TestTerraformCompleteExample 2022-12-01T02:48:56Z logger.go:66: data.aws_prefix_list.private_s3: Read complete after 0s [id=pl-1111111111111111]
TestTerraformCompleteExample 2022-12-01T02:48:56Z logger.go:66: data.aws_vpc.default: Read complete after 1s [id=vpc-1111111111111111]
TestTerraformCompleteExample 2022-12-01T02:48:56Z logger.go:66: data.aws_security_group.default: Reading...
TestTerraformCompleteExample 2022-12-01T02:48:56Z logger.go:66: data.aws_security_group.default: Read complete after 0s [id=sg-1111111111111111]
TestTerraformCompleteExample 2022-12-01T02:48:56Z logger.go:66:
TestTerraformCompleteExample 2022-12-01T02:48:56Z logger.go:66: Terraform used the selected providers to generate the following execution
TestTerraformCompleteExample 2022-12-01T02:48:56Z logger.go:66: plan. Resource actions are indicated with the following symbols:
TestTerraformCompleteExample 2022-12-01T02:48:56Z logger.go:66:   + create
TestTerraformCompleteExample 2022-12-01T02:48:56Z logger.go:66:
TestTerraformCompleteExample 2022-12-01T02:48:56Z logger.go:66: Terraform will perform the following actions:
TestTerraformCompleteExample 2022-12-01T02:48:56Z logger.go:66:
TestTerraformCompleteExample 2022-12-01T02:48:56Z logger.go:66:   # aws_ec2_managed_prefix_list.other will be created
TestTerraformCompleteExample 2022-12-01T02:48:56Z logger.go:66:   + resource "aws_ec2_managed_prefix_list" "other" {
TestTerraformCompleteExample 2022-12-01T02:48:56Z logger.go:66:       + address_family = "IPv4"
TestTerraformCompleteExample 2022-12-01T02:48:56Z logger.go:66:       + arn            = (known after apply)
TestTerraformCompleteExample 2022-12-01T02:48:56Z logger.go:66:       + id             = (known after apply)
TestTerraformCompleteExample 2022-12-01T02:48:56Z logger.go:66:       + max_entries    = 5
TestTerraformCompleteExample 2022-12-01T02:48:56Z logger.go:66:       + name           = "ex-complete-other"
TestTerraformCompleteExample 2022-12-01T02:48:56Z logger.go:66:       + owner_id       = (known after apply)
TestTerraformCompleteExample 2022-12-01T02:48:56Z logger.go:66:       + tags_all       = {
TestTerraformCompleteExample 2022-12-01T02:48:56Z logger.go:66:           + "Example"    = "ex-complete"
TestTerraformCompleteExample 2022-12-01T02:48:56Z logger.go:66:           + "GithubOrg"  = "aidanmelen"
TestTerraformCompleteExample 2022-12-01T02:48:56Z logger.go:66:           + "GithubRepo" = "terraform-aws-security-group"
TestTerraformCompleteExample 2022-12-01T02:48:56Z logger.go:66:         }
TestTerraformCompleteExample 2022-12-01T02:48:56Z logger.go:66:       + version        = (known after apply)
TestTerraformCompleteExample 2022-12-01T02:48:56Z logger.go:66:
TestTerraformCompleteExample 2022-12-01T02:48:56Z logger.go:66:       + entry {
TestTerraformCompleteExample 2022-12-01T02:48:56Z logger.go:66:           + cidr        = "172.31.0.0/16"
TestTerraformCompleteExample 2022-12-01T02:48:56Z logger.go:66:           + description = "Primary"
TestTerraformCompleteExample 2022-12-01T02:48:56Z logger.go:66:         }
TestTerraformCompleteExample 2022-12-01T02:48:56Z logger.go:66:     }
TestTerraformCompleteExample 2022-12-01T02:48:56Z logger.go:66:
TestTerraformCompleteExample 2022-12-01T02:48:56Z logger.go:66:   # aws_security_group.example will be created
TestTerraformCompleteExample 2022-12-01T02:48:56Z logger.go:66:   + resource "aws_security_group" "example" {
TestTerraformCompleteExample 2022-12-01T02:48:56Z logger.go:66:       + arn                    = (known after apply)
TestTerraformCompleteExample 2022-12-01T02:48:56Z logger.go:66:       + description            = "Security group rule with exported module rule aliases."
TestTerraformCompleteExample 2022-12-01T02:48:56Z logger.go:66:       + egress                 = (known after apply)
TestTerraformCompleteExample 2022-12-01T02:48:56Z logger.go:66:       + id                     = (known after apply)
TestTerraformCompleteExample 2022-12-01T02:48:56Z logger.go:66:       + ingress                = (known after apply)
TestTerraformCompleteExample 2022-12-01T02:48:56Z logger.go:66:       + name                   = "ex-complete-export-rule-alises"
TestTerraformCompleteExample 2022-12-01T02:48:56Z logger.go:66:       + name_prefix            = (known after apply)
TestTerraformCompleteExample 2022-12-01T02:48:56Z logger.go:66:       + owner_id               = (known after apply)
TestTerraformCompleteExample 2022-12-01T02:48:56Z logger.go:66:       + revoke_rules_on_delete = false
TestTerraformCompleteExample 2022-12-01T02:48:56Z logger.go:66:       + tags_all               = {
TestTerraformCompleteExample 2022-12-01T02:48:56Z logger.go:66:           + "Example"    = "ex-complete"
TestTerraformCompleteExample 2022-12-01T02:48:56Z logger.go:66:           + "GithubOrg"  = "aidanmelen"
TestTerraformCompleteExample 2022-12-01T02:48:56Z logger.go:66:           + "GithubRepo" = "terraform-aws-security-group"
TestTerraformCompleteExample 2022-12-01T02:48:56Z logger.go:66:         }
TestTerraformCompleteExample 2022-12-01T02:48:56Z logger.go:66:       + vpc_id                 = "vpc-1111111111111111"
TestTerraformCompleteExample 2022-12-01T02:48:56Z logger.go:66:     }
TestTerraformCompleteExample 2022-12-01T02:48:56Z logger.go:66:
TestTerraformCompleteExample 2022-12-01T02:48:56Z logger.go:66:   # aws_security_group.other will be created
TestTerraformCompleteExample 2022-12-01T02:48:56Z logger.go:66:   + resource "aws_security_group" "other" {
TestTerraformCompleteExample 2022-12-01T02:48:56Z logger.go:66:       + arn                    = (known after apply)
TestTerraformCompleteExample 2022-12-01T02:48:56Z logger.go:66:       + description            = "ex-complete-other"
TestTerraformCompleteExample 2022-12-01T02:48:56Z logger.go:66:       + egress                 = (known after apply)
TestTerraformCompleteExample 2022-12-01T02:48:56Z logger.go:66:       + id                     = (known after apply)
TestTerraformCompleteExample 2022-12-01T02:48:56Z logger.go:66:       + ingress                = (known after apply)
TestTerraformCompleteExample 2022-12-01T02:48:56Z logger.go:66:       + name                   = "ex-complete-other"
TestTerraformCompleteExample 2022-12-01T02:48:56Z logger.go:66:       + name_prefix            = (known after apply)
TestTerraformCompleteExample 2022-12-01T02:48:56Z logger.go:66:       + owner_id               = (known after apply)
TestTerraformCompleteExample 2022-12-01T02:48:56Z logger.go:66:       + revoke_rules_on_delete = false
TestTerraformCompleteExample 2022-12-01T02:48:56Z logger.go:66:       + tags                   = {
TestTerraformCompleteExample 2022-12-01T02:48:56Z logger.go:66:           + "Name" = "ex-complete-other"
TestTerraformCompleteExample 2022-12-01T02:48:56Z logger.go:66:         }
TestTerraformCompleteExample 2022-12-01T02:48:56Z logger.go:66:       + tags_all               = {
TestTerraformCompleteExample 2022-12-01T02:48:56Z logger.go:66:           + "Example"    = "ex-complete"
TestTerraformCompleteExample 2022-12-01T02:48:56Z logger.go:66:           + "GithubOrg"  = "aidanmelen"
TestTerraformCompleteExample 2022-12-01T02:48:56Z logger.go:66:           + "GithubRepo" = "terraform-aws-security-group"
TestTerraformCompleteExample 2022-12-01T02:48:56Z logger.go:66:           + "Name"       = "ex-complete-other"
TestTerraformCompleteExample 2022-12-01T02:48:56Z logger.go:66:         }
TestTerraformCompleteExample 2022-12-01T02:48:56Z logger.go:66:       + vpc_id                 = "vpc-1111111111111111"
TestTerraformCompleteExample 2022-12-01T02:48:56Z logger.go:66:     }
TestTerraformCompleteExample 2022-12-01T02:48:56Z logger.go:66:
TestTerraformCompleteExample 2022-12-01T02:48:56Z logger.go:66:   # aws_security_group_rule.example will be created
TestTerraformCompleteExample 2022-12-01T02:48:56Z logger.go:66:   + resource "aws_security_group_rule" "example" {
TestTerraformCompleteExample 2022-12-01T02:48:56Z logger.go:66:       + cidr_blocks              = [
TestTerraformCompleteExample 2022-12-01T02:48:56Z logger.go:66:           + "10.0.0.0/16",
TestTerraformCompleteExample 2022-12-01T02:48:56Z logger.go:66:         ]
TestTerraformCompleteExample 2022-12-01T02:48:56Z logger.go:66:       + description              = "HTTPS"
TestTerraformCompleteExample 2022-12-01T02:48:56Z logger.go:66:       + from_port                = 443
TestTerraformCompleteExample 2022-12-01T02:48:56Z logger.go:66:       + id                       = (known after apply)
TestTerraformCompleteExample 2022-12-01T02:48:56Z logger.go:66:       + protocol                 = "tcp"
TestTerraformCompleteExample 2022-12-01T02:48:56Z logger.go:66:       + security_group_id        = (known after apply)
TestTerraformCompleteExample 2022-12-01T02:48:56Z logger.go:66:       + self                     = false
TestTerraformCompleteExample 2022-12-01T02:48:56Z logger.go:66:       + source_security_group_id = (known after apply)
TestTerraformCompleteExample 2022-12-01T02:48:56Z logger.go:66:       + to_port                  = 443
TestTerraformCompleteExample 2022-12-01T02:48:56Z logger.go:66:       + type                     = "ingress"
TestTerraformCompleteExample 2022-12-01T02:48:56Z logger.go:66:     }
TestTerraformCompleteExample 2022-12-01T02:48:56Z logger.go:66:
TestTerraformCompleteExample 2022-12-01T02:48:56Z logger.go:66:   # module.security_group.aws_security_group.self[0] will be created
TestTerraformCompleteExample 2022-12-01T02:48:56Z logger.go:66:   + resource "aws_security_group" "self" {
TestTerraformCompleteExample 2022-12-01T02:48:56Z logger.go:66:       + arn                    = (known after apply)
TestTerraformCompleteExample 2022-12-01T02:48:56Z logger.go:66:       + description            = "ex-complete"
TestTerraformCompleteExample 2022-12-01T02:48:56Z logger.go:66:       + egress                 = (known after apply)
TestTerraformCompleteExample 2022-12-01T02:48:56Z logger.go:66:       + id                     = (known after apply)
TestTerraformCompleteExample 2022-12-01T02:48:56Z logger.go:66:       + ingress                = (known after apply)
TestTerraformCompleteExample 2022-12-01T02:48:56Z logger.go:66:       + name                   = "ex-complete"
TestTerraformCompleteExample 2022-12-01T02:48:56Z logger.go:66:       + name_prefix            = (known after apply)
TestTerraformCompleteExample 2022-12-01T02:48:56Z logger.go:66:       + owner_id               = (known after apply)
TestTerraformCompleteExample 2022-12-01T02:48:56Z logger.go:66:       + revoke_rules_on_delete = false
TestTerraformCompleteExample 2022-12-01T02:48:56Z logger.go:66:       + tags                   = {
TestTerraformCompleteExample 2022-12-01T02:48:56Z logger.go:66:           + "Name" = "ex-complete"
TestTerraformCompleteExample 2022-12-01T02:48:56Z logger.go:66:         }
TestTerraformCompleteExample 2022-12-01T02:48:56Z logger.go:66:       + tags_all               = {
TestTerraformCompleteExample 2022-12-01T02:48:56Z logger.go:66:           + "Example"    = "ex-complete"
TestTerraformCompleteExample 2022-12-01T02:48:56Z logger.go:66:           + "GithubOrg"  = "aidanmelen"
TestTerraformCompleteExample 2022-12-01T02:48:56Z logger.go:66:           + "GithubRepo" = "terraform-aws-security-group"
TestTerraformCompleteExample 2022-12-01T02:48:56Z logger.go:66:           + "Name"       = "ex-complete"
TestTerraformCompleteExample 2022-12-01T02:48:56Z logger.go:66:         }
TestTerraformCompleteExample 2022-12-01T02:48:56Z logger.go:66:       + vpc_id                 = "vpc-1111111111111111"
TestTerraformCompleteExample 2022-12-01T02:48:56Z logger.go:66:
TestTerraformCompleteExample 2022-12-01T02:48:56Z logger.go:66:       + timeouts {
TestTerraformCompleteExample 2022-12-01T02:48:56Z logger.go:66:           + create = "10m"
TestTerraformCompleteExample 2022-12-01T02:48:56Z logger.go:66:           + delete = "15m"
TestTerraformCompleteExample 2022-12-01T02:48:56Z logger.go:66:         }
TestTerraformCompleteExample 2022-12-01T02:48:56Z logger.go:66:     }
TestTerraformCompleteExample 2022-12-01T02:48:56Z logger.go:66:
TestTerraformCompleteExample 2022-12-01T02:48:56Z logger.go:66:   # module.security_group.aws_security_group_rule.computed_egress[0] will be created
TestTerraformCompleteExample 2022-12-01T02:48:56Z logger.go:66:   + resource "aws_security_group_rule" "computed_egress" {
TestTerraformCompleteExample 2022-12-01T02:48:56Z logger.go:66:       + cidr_blocks              = (known after apply)
TestTerraformCompleteExample 2022-12-01T02:48:56Z logger.go:66:       + description              = (known after apply)
TestTerraformCompleteExample 2022-12-01T02:48:56Z logger.go:66:       + from_port                = (known after apply)
TestTerraformCompleteExample 2022-12-01T02:48:56Z logger.go:66:       + id                       = (known after apply)
TestTerraformCompleteExample 2022-12-01T02:48:56Z logger.go:66:       + ipv6_cidr_blocks         = (known after apply)
TestTerraformCompleteExample 2022-12-01T02:48:56Z logger.go:66:       + prefix_list_ids          = (known after apply)
TestTerraformCompleteExample 2022-12-01T02:48:56Z logger.go:66:       + protocol                 = (known after apply)
TestTerraformCompleteExample 2022-12-01T02:48:56Z logger.go:66:       + security_group_id        = (known after apply)
TestTerraformCompleteExample 2022-12-01T02:48:56Z logger.go:66:       + self                     = (known after apply)
TestTerraformCompleteExample 2022-12-01T02:48:56Z logger.go:66:       + source_security_group_id = (known after apply)
TestTerraformCompleteExample 2022-12-01T02:48:56Z logger.go:66:       + to_port                  = (known after apply)
TestTerraformCompleteExample 2022-12-01T02:48:56Z logger.go:66:       + type                     = "egress"
TestTerraformCompleteExample 2022-12-01T02:48:56Z logger.go:66:     }
TestTerraformCompleteExample 2022-12-01T02:48:56Z logger.go:66:
TestTerraformCompleteExample 2022-12-01T02:48:56Z logger.go:66:   # module.security_group.aws_security_group_rule.computed_egress[1] will be created
TestTerraformCompleteExample 2022-12-01T02:48:56Z logger.go:66:   + resource "aws_security_group_rule" "computed_egress" {
TestTerraformCompleteExample 2022-12-01T02:48:56Z logger.go:66:       + cidr_blocks              = (known after apply)
TestTerraformCompleteExample 2022-12-01T02:48:56Z logger.go:66:       + description              = (known after apply)
TestTerraformCompleteExample 2022-12-01T02:48:56Z logger.go:66:       + from_port                = (known after apply)
TestTerraformCompleteExample 2022-12-01T02:48:56Z logger.go:66:       + id                       = (known after apply)
TestTerraformCompleteExample 2022-12-01T02:48:56Z logger.go:66:       + ipv6_cidr_blocks         = (known after apply)
TestTerraformCompleteExample 2022-12-01T02:48:56Z logger.go:66:       + prefix_list_ids          = (known after apply)
TestTerraformCompleteExample 2022-12-01T02:48:56Z logger.go:66:       + protocol                 = (known after apply)
TestTerraformCompleteExample 2022-12-01T02:48:56Z logger.go:66:       + security_group_id        = (known after apply)
TestTerraformCompleteExample 2022-12-01T02:48:56Z logger.go:66:       + self                     = (known after apply)
TestTerraformCompleteExample 2022-12-01T02:48:56Z logger.go:66:       + source_security_group_id = (known after apply)
TestTerraformCompleteExample 2022-12-01T02:48:56Z logger.go:66:       + to_port                  = (known after apply)
TestTerraformCompleteExample 2022-12-01T02:48:56Z logger.go:66:       + type                     = "egress"
TestTerraformCompleteExample 2022-12-01T02:48:56Z logger.go:66:     }
TestTerraformCompleteExample 2022-12-01T02:48:56Z logger.go:66:
TestTerraformCompleteExample 2022-12-01T02:48:56Z logger.go:66:   # module.security_group.aws_security_group_rule.computed_ingress[0] will be created
TestTerraformCompleteExample 2022-12-01T02:48:56Z logger.go:66:   + resource "aws_security_group_rule" "computed_ingress" {
TestTerraformCompleteExample 2022-12-01T02:48:56Z logger.go:66:       + cidr_blocks              = (known after apply)
TestTerraformCompleteExample 2022-12-01T02:48:56Z logger.go:66:       + description              = (known after apply)
TestTerraformCompleteExample 2022-12-01T02:48:56Z logger.go:66:       + from_port                = (known after apply)
TestTerraformCompleteExample 2022-12-01T02:48:56Z logger.go:66:       + id                       = (known after apply)
TestTerraformCompleteExample 2022-12-01T02:48:56Z logger.go:66:       + ipv6_cidr_blocks         = (known after apply)
TestTerraformCompleteExample 2022-12-01T02:48:56Z logger.go:66:       + prefix_list_ids          = (known after apply)
TestTerraformCompleteExample 2022-12-01T02:48:56Z logger.go:66:       + protocol                 = (known after apply)
TestTerraformCompleteExample 2022-12-01T02:48:56Z logger.go:66:       + security_group_id        = (known after apply)
TestTerraformCompleteExample 2022-12-01T02:48:56Z logger.go:66:       + self                     = (known after apply)
TestTerraformCompleteExample 2022-12-01T02:48:56Z logger.go:66:       + source_security_group_id = (known after apply)
TestTerraformCompleteExample 2022-12-01T02:48:56Z logger.go:66:       + to_port                  = (known after apply)
TestTerraformCompleteExample 2022-12-01T02:48:56Z logger.go:66:       + type                     = "ingress"
TestTerraformCompleteExample 2022-12-01T02:48:56Z logger.go:66:     }
TestTerraformCompleteExample 2022-12-01T02:48:56Z logger.go:66:
TestTerraformCompleteExample 2022-12-01T02:48:56Z logger.go:66:   # module.security_group.aws_security_group_rule.computed_ingress[1] will be created
TestTerraformCompleteExample 2022-12-01T02:48:56Z logger.go:66:   + resource "aws_security_group_rule" "computed_ingress" {
TestTerraformCompleteExample 2022-12-01T02:48:56Z logger.go:66:       + cidr_blocks              = (known after apply)
TestTerraformCompleteExample 2022-12-01T02:48:56Z logger.go:66:       + description              = (known after apply)
TestTerraformCompleteExample 2022-12-01T02:48:56Z logger.go:66:       + from_port                = (known after apply)
TestTerraformCompleteExample 2022-12-01T02:48:56Z logger.go:66:       + id                       = (known after apply)
TestTerraformCompleteExample 2022-12-01T02:48:56Z logger.go:66:       + ipv6_cidr_blocks         = (known after apply)
TestTerraformCompleteExample 2022-12-01T02:48:56Z logger.go:66:       + prefix_list_ids          = (known after apply)
TestTerraformCompleteExample 2022-12-01T02:48:56Z logger.go:66:       + protocol                 = (known after apply)
TestTerraformCompleteExample 2022-12-01T02:48:56Z logger.go:66:       + security_group_id        = (known after apply)
TestTerraformCompleteExample 2022-12-01T02:48:56Z logger.go:66:       + self                     = (known after apply)
TestTerraformCompleteExample 2022-12-01T02:48:56Z logger.go:66:       + source_security_group_id = (known after apply)
TestTerraformCompleteExample 2022-12-01T02:48:56Z logger.go:66:       + to_port                  = (known after apply)
TestTerraformCompleteExample 2022-12-01T02:48:56Z logger.go:66:       + type                     = "ingress"
TestTerraformCompleteExample 2022-12-01T02:48:56Z logger.go:66:     }
TestTerraformCompleteExample 2022-12-01T02:48:56Z logger.go:66:
TestTerraformCompleteExample 2022-12-01T02:48:56Z logger.go:66:   # module.security_group.aws_security_group_rule.egress["0-0-all-0.0.0.0/0-::/0"] will be created
TestTerraformCompleteExample 2022-12-01T02:48:56Z logger.go:66:   + resource "aws_security_group_rule" "egress" {
TestTerraformCompleteExample 2022-12-01T02:48:56Z logger.go:66:       + cidr_blocks              = [
TestTerraformCompleteExample 2022-12-01T02:48:56Z logger.go:66:           + "0.0.0.0/0",
TestTerraformCompleteExample 2022-12-01T02:48:56Z logger.go:66:         ]
TestTerraformCompleteExample 2022-12-01T02:48:56Z logger.go:66:       + description              = "common rule example"
TestTerraformCompleteExample 2022-12-01T02:48:56Z logger.go:66:       + from_port                = 0
TestTerraformCompleteExample 2022-12-01T02:48:56Z logger.go:66:       + id                       = (known after apply)
TestTerraformCompleteExample 2022-12-01T02:48:56Z logger.go:66:       + ipv6_cidr_blocks         = [
TestTerraformCompleteExample 2022-12-01T02:48:56Z logger.go:66:           + "::/0",
TestTerraformCompleteExample 2022-12-01T02:48:56Z logger.go:66:         ]
TestTerraformCompleteExample 2022-12-01T02:48:56Z logger.go:66:       + protocol                 = "-1"
TestTerraformCompleteExample 2022-12-01T02:48:56Z logger.go:66:       + security_group_id        = (known after apply)
TestTerraformCompleteExample 2022-12-01T02:48:56Z logger.go:66:       + self                     = false
TestTerraformCompleteExample 2022-12-01T02:48:56Z logger.go:66:       + source_security_group_id = (known after apply)
TestTerraformCompleteExample 2022-12-01T02:48:56Z logger.go:66:       + to_port                  = 0
TestTerraformCompleteExample 2022-12-01T02:48:56Z logger.go:66:       + type                     = "egress"
TestTerraformCompleteExample 2022-12-01T02:48:56Z logger.go:66:     }
TestTerraformCompleteExample 2022-12-01T02:48:56Z logger.go:66:
TestTerraformCompleteExample 2022-12-01T02:48:56Z logger.go:66:   # module.security_group.aws_security_group_rule.egress["0-0-icmp-sg-1111111111111111"] will be created
TestTerraformCompleteExample 2022-12-01T02:48:56Z logger.go:66:   + resource "aws_security_group_rule" "egress" {
TestTerraformCompleteExample 2022-12-01T02:48:56Z logger.go:66:       + description              = "customer rule example"
TestTerraformCompleteExample 2022-12-01T02:48:56Z logger.go:66:       + from_port                = 0
TestTerraformCompleteExample 2022-12-01T02:48:56Z logger.go:66:       + id                       = (known after apply)
TestTerraformCompleteExample 2022-12-01T02:48:56Z logger.go:66:       + protocol                 = "icmp"
TestTerraformCompleteExample 2022-12-01T02:48:56Z logger.go:66:       + security_group_id        = (known after apply)
TestTerraformCompleteExample 2022-12-01T02:48:56Z logger.go:66:       + self                     = false
TestTerraformCompleteExample 2022-12-01T02:48:56Z logger.go:66:       + source_security_group_id = "sg-1111111111111111"
TestTerraformCompleteExample 2022-12-01T02:48:56Z logger.go:66:       + to_port                  = 0
TestTerraformCompleteExample 2022-12-01T02:48:56Z logger.go:66:       + type                     = "egress"
TestTerraformCompleteExample 2022-12-01T02:48:56Z logger.go:66:     }
TestTerraformCompleteExample 2022-12-01T02:48:56Z logger.go:66:
TestTerraformCompleteExample 2022-12-01T02:48:56Z logger.go:66:   # module.security_group.aws_security_group_rule.egress["22-22-tcp-pl-1111111111111111"] will be created
TestTerraformCompleteExample 2022-12-01T02:48:56Z logger.go:66:   + resource "aws_security_group_rule" "egress" {
TestTerraformCompleteExample 2022-12-01T02:48:56Z logger.go:66:       + description              = "SSH"
TestTerraformCompleteExample 2022-12-01T02:48:56Z logger.go:66:       + from_port                = 22
TestTerraformCompleteExample 2022-12-01T02:48:56Z logger.go:66:       + id                       = (known after apply)
TestTerraformCompleteExample 2022-12-01T02:48:56Z logger.go:66:       + prefix_list_ids          = [
TestTerraformCompleteExample 2022-12-01T02:48:56Z logger.go:66:           + "pl-1111111111111111",
TestTerraformCompleteExample 2022-12-01T02:48:56Z logger.go:66:         ]
TestTerraformCompleteExample 2022-12-01T02:48:56Z logger.go:66:       + protocol                 = "tcp"
TestTerraformCompleteExample 2022-12-01T02:48:56Z logger.go:66:       + security_group_id        = (known after apply)
TestTerraformCompleteExample 2022-12-01T02:48:56Z logger.go:66:       + self                     = false
TestTerraformCompleteExample 2022-12-01T02:48:56Z logger.go:66:       + source_security_group_id = (known after apply)
TestTerraformCompleteExample 2022-12-01T02:48:56Z logger.go:66:       + to_port                  = 22
TestTerraformCompleteExample 2022-12-01T02:48:56Z logger.go:66:       + type                     = "egress"
TestTerraformCompleteExample 2022-12-01T02:48:56Z logger.go:66:     }
TestTerraformCompleteExample 2022-12-01T02:48:56Z logger.go:66:
TestTerraformCompleteExample 2022-12-01T02:48:56Z logger.go:66:   # module.security_group.aws_security_group_rule.egress["443-443-tcp-10.10.0.0/16-10.20.0.0/24"] will be created
TestTerraformCompleteExample 2022-12-01T02:48:56Z logger.go:66:   + resource "aws_security_group_rule" "egress" {
TestTerraformCompleteExample 2022-12-01T02:48:56Z logger.go:66:       + cidr_blocks              = [
TestTerraformCompleteExample 2022-12-01T02:48:56Z logger.go:66:           + "10.10.0.0/16",
TestTerraformCompleteExample 2022-12-01T02:48:56Z logger.go:66:           + "10.20.0.0/24",
TestTerraformCompleteExample 2022-12-01T02:48:56Z logger.go:66:         ]
TestTerraformCompleteExample 2022-12-01T02:48:56Z logger.go:66:       + description              = "managed rule example"
TestTerraformCompleteExample 2022-12-01T02:48:56Z logger.go:66:       + from_port                = 443
TestTerraformCompleteExample 2022-12-01T02:48:56Z logger.go:66:       + id                       = (known after apply)
TestTerraformCompleteExample 2022-12-01T02:48:56Z logger.go:66:       + protocol                 = "tcp"
TestTerraformCompleteExample 2022-12-01T02:48:56Z logger.go:66:       + security_group_id        = (known after apply)
TestTerraformCompleteExample 2022-12-01T02:48:56Z logger.go:66:       + self                     = false
TestTerraformCompleteExample 2022-12-01T02:48:56Z logger.go:66:       + source_security_group_id = (known after apply)
TestTerraformCompleteExample 2022-12-01T02:48:56Z logger.go:66:       + to_port                  = 443
TestTerraformCompleteExample 2022-12-01T02:48:56Z logger.go:66:       + type                     = "egress"
TestTerraformCompleteExample 2022-12-01T02:48:56Z logger.go:66:     }
TestTerraformCompleteExample 2022-12-01T02:48:56Z logger.go:66:
TestTerraformCompleteExample 2022-12-01T02:48:56Z logger.go:66:   # module.security_group.aws_security_group_rule.egress["5432-5432-tcp-2001:db8::/64"] will be created
TestTerraformCompleteExample 2022-12-01T02:48:56Z logger.go:66:   + resource "aws_security_group_rule" "egress" {
TestTerraformCompleteExample 2022-12-01T02:48:56Z logger.go:66:       + description              = "PostgreSQL"
TestTerraformCompleteExample 2022-12-01T02:48:56Z logger.go:66:       + from_port                = 5432
TestTerraformCompleteExample 2022-12-01T02:48:56Z logger.go:66:       + id                       = (known after apply)
TestTerraformCompleteExample 2022-12-01T02:48:56Z logger.go:66:       + ipv6_cidr_blocks         = [
TestTerraformCompleteExample 2022-12-01T02:48:56Z logger.go:66:           + "2001:db8::/64",
TestTerraformCompleteExample 2022-12-01T02:48:56Z logger.go:66:         ]
TestTerraformCompleteExample 2022-12-01T02:48:56Z logger.go:66:       + protocol                 = "tcp"
TestTerraformCompleteExample 2022-12-01T02:48:56Z logger.go:66:       + security_group_id        = (known after apply)
TestTerraformCompleteExample 2022-12-01T02:48:56Z logger.go:66:       + self                     = false
TestTerraformCompleteExample 2022-12-01T02:48:56Z logger.go:66:       + source_security_group_id = (known after apply)
TestTerraformCompleteExample 2022-12-01T02:48:56Z logger.go:66:       + to_port                  = 5432
TestTerraformCompleteExample 2022-12-01T02:48:56Z logger.go:66:       + type                     = "egress"
TestTerraformCompleteExample 2022-12-01T02:48:56Z logger.go:66:     }
TestTerraformCompleteExample 2022-12-01T02:48:56Z logger.go:66:
TestTerraformCompleteExample 2022-12-01T02:48:56Z logger.go:66:   # module.security_group.aws_security_group_rule.ingress["0-0-all-10.10.0.0/16-10.20.0.0/24"] will be created
TestTerraformCompleteExample 2022-12-01T02:48:56Z logger.go:66:   + resource "aws_security_group_rule" "ingress" {
TestTerraformCompleteExample 2022-12-01T02:48:56Z logger.go:66:       + cidr_blocks              = [
TestTerraformCompleteExample 2022-12-01T02:48:56Z logger.go:66:           + "10.10.0.0/16",
TestTerraformCompleteExample 2022-12-01T02:48:56Z logger.go:66:           + "10.20.0.0/24",
TestTerraformCompleteExample 2022-12-01T02:48:56Z logger.go:66:         ]
TestTerraformCompleteExample 2022-12-01T02:48:56Z logger.go:66:       + description              = "managed rule example"
TestTerraformCompleteExample 2022-12-01T02:48:56Z logger.go:66:       + from_port                = 0
TestTerraformCompleteExample 2022-12-01T02:48:56Z logger.go:66:       + id                       = (known after apply)
TestTerraformCompleteExample 2022-12-01T02:48:56Z logger.go:66:       + protocol                 = "-1"
TestTerraformCompleteExample 2022-12-01T02:48:56Z logger.go:66:       + security_group_id        = (known after apply)
TestTerraformCompleteExample 2022-12-01T02:48:56Z logger.go:66:       + self                     = false
TestTerraformCompleteExample 2022-12-01T02:48:56Z logger.go:66:       + source_security_group_id = (known after apply)
TestTerraformCompleteExample 2022-12-01T02:48:56Z logger.go:66:       + to_port                  = 0
TestTerraformCompleteExample 2022-12-01T02:48:56Z logger.go:66:       + type                     = "ingress"
TestTerraformCompleteExample 2022-12-01T02:48:56Z logger.go:66:     }
TestTerraformCompleteExample 2022-12-01T02:48:56Z logger.go:66:
TestTerraformCompleteExample 2022-12-01T02:48:56Z logger.go:66:   # module.security_group.aws_security_group_rule.ingress["0-0-all-true"] will be created
TestTerraformCompleteExample 2022-12-01T02:48:56Z logger.go:66:   + resource "aws_security_group_rule" "ingress" {
TestTerraformCompleteExample 2022-12-01T02:48:56Z logger.go:66:       + description              = "All protocols to self"
TestTerraformCompleteExample 2022-12-01T02:48:56Z logger.go:66:       + from_port                = 0
TestTerraformCompleteExample 2022-12-01T02:48:56Z logger.go:66:       + id                       = (known after apply)
TestTerraformCompleteExample 2022-12-01T02:48:56Z logger.go:66:       + protocol                 = "-1"
TestTerraformCompleteExample 2022-12-01T02:48:56Z logger.go:66:       + security_group_id        = (known after apply)
TestTerraformCompleteExample 2022-12-01T02:48:56Z logger.go:66:       + self                     = true
TestTerraformCompleteExample 2022-12-01T02:48:56Z logger.go:66:       + source_security_group_id = (known after apply)
TestTerraformCompleteExample 2022-12-01T02:48:56Z logger.go:66:       + to_port                  = 0
TestTerraformCompleteExample 2022-12-01T02:48:56Z logger.go:66:       + type                     = "ingress"
TestTerraformCompleteExample 2022-12-01T02:48:56Z logger.go:66:     }
TestTerraformCompleteExample 2022-12-01T02:48:56Z logger.go:66:
TestTerraformCompleteExample 2022-12-01T02:48:56Z logger.go:66:   # module.security_group.aws_security_group_rule.ingress["0-0-icmp-sg-1111111111111111"] will be created
TestTerraformCompleteExample 2022-12-01T02:48:56Z logger.go:66:   + resource "aws_security_group_rule" "ingress" {
TestTerraformCompleteExample 2022-12-01T02:48:56Z logger.go:66:       + description              = "customer rule example"
TestTerraformCompleteExample 2022-12-01T02:48:56Z logger.go:66:       + from_port                = 0
TestTerraformCompleteExample 2022-12-01T02:48:56Z logger.go:66:       + id                       = (known after apply)
TestTerraformCompleteExample 2022-12-01T02:48:56Z logger.go:66:       + protocol                 = "icmp"
TestTerraformCompleteExample 2022-12-01T02:48:56Z logger.go:66:       + security_group_id        = (known after apply)
TestTerraformCompleteExample 2022-12-01T02:48:56Z logger.go:66:       + self                     = false
TestTerraformCompleteExample 2022-12-01T02:48:56Z logger.go:66:       + source_security_group_id = "sg-1111111111111111"
TestTerraformCompleteExample 2022-12-01T02:48:56Z logger.go:66:       + to_port                  = 0
TestTerraformCompleteExample 2022-12-01T02:48:56Z logger.go:66:       + type                     = "ingress"
TestTerraformCompleteExample 2022-12-01T02:48:56Z logger.go:66:     }
TestTerraformCompleteExample 2022-12-01T02:48:56Z logger.go:66:
TestTerraformCompleteExample 2022-12-01T02:48:56Z logger.go:66:   # module.security_group.aws_security_group_rule.ingress["22-22-tcp-pl-1111111111111111"] will be created
TestTerraformCompleteExample 2022-12-01T02:48:56Z logger.go:66:   + resource "aws_security_group_rule" "ingress" {
TestTerraformCompleteExample 2022-12-01T02:48:56Z logger.go:66:       + description              = "SSH"
TestTerraformCompleteExample 2022-12-01T02:48:56Z logger.go:66:       + from_port                = 22
TestTerraformCompleteExample 2022-12-01T02:48:56Z logger.go:66:       + id                       = (known after apply)
TestTerraformCompleteExample 2022-12-01T02:48:56Z logger.go:66:       + prefix_list_ids          = [
TestTerraformCompleteExample 2022-12-01T02:48:56Z logger.go:66:           + "pl-1111111111111111",
TestTerraformCompleteExample 2022-12-01T02:48:56Z logger.go:66:         ]
TestTerraformCompleteExample 2022-12-01T02:48:56Z logger.go:66:       + protocol                 = "tcp"
TestTerraformCompleteExample 2022-12-01T02:48:56Z logger.go:66:       + security_group_id        = (known after apply)
TestTerraformCompleteExample 2022-12-01T02:48:56Z logger.go:66:       + self                     = false
TestTerraformCompleteExample 2022-12-01T02:48:56Z logger.go:66:       + source_security_group_id = (known after apply)
TestTerraformCompleteExample 2022-12-01T02:48:56Z logger.go:66:       + to_port                  = 22
TestTerraformCompleteExample 2022-12-01T02:48:56Z logger.go:66:       + type                     = "ingress"
TestTerraformCompleteExample 2022-12-01T02:48:56Z logger.go:66:     }
TestTerraformCompleteExample 2022-12-01T02:48:56Z logger.go:66:
TestTerraformCompleteExample 2022-12-01T02:48:56Z logger.go:66:   # module.security_group.aws_security_group_rule.ingress["443-443-tcp-0.0.0.0/0-::/0"] will be created
TestTerraformCompleteExample 2022-12-01T02:48:56Z logger.go:66:   + resource "aws_security_group_rule" "ingress" {
TestTerraformCompleteExample 2022-12-01T02:48:56Z logger.go:66:       + cidr_blocks              = [
TestTerraformCompleteExample 2022-12-01T02:48:56Z logger.go:66:           + "0.0.0.0/0",
TestTerraformCompleteExample 2022-12-01T02:48:56Z logger.go:66:         ]
TestTerraformCompleteExample 2022-12-01T02:48:56Z logger.go:66:       + description              = "common rule example"
TestTerraformCompleteExample 2022-12-01T02:48:56Z logger.go:66:       + from_port                = 443
TestTerraformCompleteExample 2022-12-01T02:48:56Z logger.go:66:       + id                       = (known after apply)
TestTerraformCompleteExample 2022-12-01T02:48:56Z logger.go:66:       + ipv6_cidr_blocks         = [
TestTerraformCompleteExample 2022-12-01T02:48:56Z logger.go:66:           + "::/0",
TestTerraformCompleteExample 2022-12-01T02:48:56Z logger.go:66:         ]
TestTerraformCompleteExample 2022-12-01T02:48:56Z logger.go:66:       + protocol                 = "tcp"
TestTerraformCompleteExample 2022-12-01T02:48:56Z logger.go:66:       + security_group_id        = (known after apply)
TestTerraformCompleteExample 2022-12-01T02:48:56Z logger.go:66:       + self                     = false
TestTerraformCompleteExample 2022-12-01T02:48:56Z logger.go:66:       + source_security_group_id = (known after apply)
TestTerraformCompleteExample 2022-12-01T02:48:56Z logger.go:66:       + to_port                  = 443
TestTerraformCompleteExample 2022-12-01T02:48:56Z logger.go:66:       + type                     = "ingress"
TestTerraformCompleteExample 2022-12-01T02:48:56Z logger.go:66:     }
TestTerraformCompleteExample 2022-12-01T02:48:56Z logger.go:66:
TestTerraformCompleteExample 2022-12-01T02:48:56Z logger.go:66:   # module.security_group.aws_security_group_rule.ingress["5432-5432-tcp-2001:db8::/64"] will be created
TestTerraformCompleteExample 2022-12-01T02:48:56Z logger.go:66:   + resource "aws_security_group_rule" "ingress" {
TestTerraformCompleteExample 2022-12-01T02:48:56Z logger.go:66:       + description              = "PostgreSQL"
TestTerraformCompleteExample 2022-12-01T02:48:56Z logger.go:66:       + from_port                = 5432
TestTerraformCompleteExample 2022-12-01T02:48:56Z logger.go:66:       + id                       = (known after apply)
TestTerraformCompleteExample 2022-12-01T02:48:56Z logger.go:66:       + ipv6_cidr_blocks         = [
TestTerraformCompleteExample 2022-12-01T02:48:56Z logger.go:66:           + "2001:db8::/64",
TestTerraformCompleteExample 2022-12-01T02:48:56Z logger.go:66:         ]
TestTerraformCompleteExample 2022-12-01T02:48:56Z logger.go:66:       + protocol                 = "tcp"
TestTerraformCompleteExample 2022-12-01T02:48:56Z logger.go:66:       + security_group_id        = (known after apply)
TestTerraformCompleteExample 2022-12-01T02:48:56Z logger.go:66:       + self                     = false
TestTerraformCompleteExample 2022-12-01T02:48:56Z logger.go:66:       + source_security_group_id = (known after apply)
TestTerraformCompleteExample 2022-12-01T02:48:56Z logger.go:66:       + to_port                  = 5432
TestTerraformCompleteExample 2022-12-01T02:48:56Z logger.go:66:       + type                     = "ingress"
TestTerraformCompleteExample 2022-12-01T02:48:56Z logger.go:66:     }
TestTerraformCompleteExample 2022-12-01T02:48:56Z logger.go:66:
TestTerraformCompleteExample 2022-12-01T02:48:56Z logger.go:66:   # module.security_group.aws_security_group_rule.ingress["80-80-tcp-0.0.0.0/0-::/0"] will be created
TestTerraformCompleteExample 2022-12-01T02:48:56Z logger.go:66:   + resource "aws_security_group_rule" "ingress" {
TestTerraformCompleteExample 2022-12-01T02:48:56Z logger.go:66:       + cidr_blocks              = [
TestTerraformCompleteExample 2022-12-01T02:48:56Z logger.go:66:           + "0.0.0.0/0",
TestTerraformCompleteExample 2022-12-01T02:48:56Z logger.go:66:         ]
TestTerraformCompleteExample 2022-12-01T02:48:56Z logger.go:66:       + description              = "HTTP from public"
TestTerraformCompleteExample 2022-12-01T02:48:56Z logger.go:66:       + from_port                = 80
TestTerraformCompleteExample 2022-12-01T02:48:56Z logger.go:66:       + id                       = (known after apply)
TestTerraformCompleteExample 2022-12-01T02:48:56Z logger.go:66:       + ipv6_cidr_blocks         = [
TestTerraformCompleteExample 2022-12-01T02:48:56Z logger.go:66:           + "::/0",
TestTerraformCompleteExample 2022-12-01T02:48:56Z logger.go:66:         ]
TestTerraformCompleteExample 2022-12-01T02:48:56Z logger.go:66:       + protocol                 = "tcp"
TestTerraformCompleteExample 2022-12-01T02:48:56Z logger.go:66:       + security_group_id        = (known after apply)
TestTerraformCompleteExample 2022-12-01T02:48:56Z logger.go:66:       + self                     = false
TestTerraformCompleteExample 2022-12-01T02:48:56Z logger.go:66:       + source_security_group_id = (known after apply)
TestTerraformCompleteExample 2022-12-01T02:48:56Z logger.go:66:       + to_port                  = 80
TestTerraformCompleteExample 2022-12-01T02:48:56Z logger.go:66:       + type                     = "ingress"
TestTerraformCompleteExample 2022-12-01T02:48:56Z logger.go:66:     }
TestTerraformCompleteExample 2022-12-01T02:48:56Z logger.go:66:
TestTerraformCompleteExample 2022-12-01T02:48:56Z logger.go:66: Plan: 21 to add, 0 to change, 0 to destroy.
TestTerraformCompleteExample 2022-12-01T02:48:56Z logger.go:66:
TestTerraformCompleteExample 2022-12-01T02:48:56Z logger.go:66: Changes to Outputs:
TestTerraformCompleteExample 2022-12-01T02:48:56Z logger.go:66:   + arn                                     = (known after apply)
TestTerraformCompleteExample 2022-12-01T02:48:56Z logger.go:66:   + disabled_sg_id                          = "I was not created"
TestTerraformCompleteExample 2022-12-01T02:48:56Z logger.go:66:   + egress                                  = (known after apply)
TestTerraformCompleteExample 2022-12-01T02:48:56Z logger.go:66:   + id                                      = (known after apply)
TestTerraformCompleteExample 2022-12-01T02:48:56Z logger.go:66:   + ingress                                 = (known after apply)
TestTerraformCompleteExample 2022-12-01T02:48:56Z logger.go:66:   + sg_rule_with_exported_module_rule_alias = {
TestTerraformCompleteExample 2022-12-01T02:48:56Z logger.go:66:       + cidr_blocks              = [
TestTerraformCompleteExample 2022-12-01T02:48:56Z logger.go:66:           + "10.0.0.0/16",
TestTerraformCompleteExample 2022-12-01T02:48:56Z logger.go:66:         ]
TestTerraformCompleteExample 2022-12-01T02:48:56Z logger.go:66:       + description              = "HTTPS"
TestTerraformCompleteExample 2022-12-01T02:48:56Z logger.go:66:       + from_port                = 443
TestTerraformCompleteExample 2022-12-01T02:48:56Z logger.go:66:       + id                       = (known after apply)
TestTerraformCompleteExample 2022-12-01T02:48:56Z logger.go:66:       + ipv6_cidr_blocks         = null
TestTerraformCompleteExample 2022-12-01T02:48:56Z logger.go:66:       + prefix_list_ids          = null
TestTerraformCompleteExample 2022-12-01T02:48:56Z logger.go:66:       + protocol                 = "tcp"
TestTerraformCompleteExample 2022-12-01T02:48:56Z logger.go:66:       + security_group_id        = (known after apply)
TestTerraformCompleteExample 2022-12-01T02:48:56Z logger.go:66:       + self                     = false
TestTerraformCompleteExample 2022-12-01T02:48:56Z logger.go:66:       + source_security_group_id = (known after apply)
TestTerraformCompleteExample 2022-12-01T02:48:56Z logger.go:66:       + timeouts                 = null
TestTerraformCompleteExample 2022-12-01T02:48:56Z logger.go:66:       + to_port                  = 443
TestTerraformCompleteExample 2022-12-01T02:48:56Z logger.go:66:       + type                     = "ingress"
TestTerraformCompleteExample 2022-12-01T02:48:56Z logger.go:66:     }
TestTerraformCompleteExample 2022-12-01T02:48:56Z logger.go:66:   + terratest                               = {
TestTerraformCompleteExample 2022-12-01T02:48:56Z logger.go:66:       + aws_ec2_managed_prefix_list_other_id  = (known after apply)
TestTerraformCompleteExample 2022-12-01T02:48:56Z logger.go:66:       + aws_security_group_other_id           = (known after apply)
TestTerraformCompleteExample 2022-12-01T02:48:56Z logger.go:66:       + data_aws_prefix_list_private_s3_id    = "pl-1111111111111111"
TestTerraformCompleteExample 2022-12-01T02:48:56Z logger.go:66:       + data_aws_security_group_default_id    = "sg-1111111111111111"
TestTerraformCompleteExample 2022-12-01T02:48:56Z logger.go:66:       + egress_count                          = (known after apply)
TestTerraformCompleteExample 2022-12-01T02:48:56Z logger.go:66:       + ingress_count                         = (known after apply)
TestTerraformCompleteExample 2022-12-01T02:48:56Z logger.go:66:       + sg_id_with_exported_module_rule_alias = (known after apply)
TestTerraformCompleteExample 2022-12-01T02:48:56Z logger.go:66:     }
TestTerraformCompleteExample 2022-12-01T02:48:58Z logger.go:66: aws_security_group.other: Creating...
TestTerraformCompleteExample 2022-12-01T02:48:58Z logger.go:66: aws_security_group.example: Creating...
TestTerraformCompleteExample 2022-12-01T02:48:58Z logger.go:66: aws_ec2_managed_prefix_list.other: Creating...
TestTerraformCompleteExample 2022-12-01T02:48:58Z logger.go:66: module.security_group.aws_security_group.self[0]: Creating...
TestTerraformCompleteExample 2022-12-01T02:48:59Z logger.go:66: aws_ec2_managed_prefix_list.other: Creation complete after 1s [id=pl-1111111111111111]
TestTerraformCompleteExample 2022-12-01T02:48:59Z logger.go:66: aws_security_group.example: Creation complete after 2s [id=sg-1111111111111111]
TestTerraformCompleteExample 2022-12-01T02:48:59Z logger.go:66: module.security_group.aws_security_group.self[0]: Creation complete after 2s [id=sg-1111111111111111]
TestTerraformCompleteExample 2022-12-01T02:48:59Z logger.go:66: aws_security_group.other: Creation complete after 2s [id=sg-1111111111111111]
TestTerraformCompleteExample 2022-12-01T02:48:59Z logger.go:66: module.security_group.aws_security_group_rule.egress["0-0-icmp-sg-1111111111111111"]: Creating...
TestTerraformCompleteExample 2022-12-01T02:48:59Z logger.go:66: module.security_group.aws_security_group_rule.computed_egress[0]: Creating...
TestTerraformCompleteExample 2022-12-01T02:48:59Z logger.go:66: module.security_group.aws_security_group_rule.ingress["0-0-icmp-sg-1111111111111111"]: Creating...
TestTerraformCompleteExample 2022-12-01T02:48:59Z logger.go:66: module.security_group.aws_security_group_rule.ingress["0-0-all-10.10.0.0/16-10.20.0.0/24"]: Creating...
TestTerraformCompleteExample 2022-12-01T02:48:59Z logger.go:66: module.security_group.aws_security_group_rule.ingress["80-80-tcp-0.0.0.0/0-::/0"]: Creating...
TestTerraformCompleteExample 2022-12-01T02:48:59Z logger.go:66: module.security_group.aws_security_group_rule.ingress["443-443-tcp-0.0.0.0/0-::/0"]: Creating...
TestTerraformCompleteExample 2022-12-01T02:48:59Z logger.go:66: module.security_group.aws_security_group_rule.computed_egress[1]: Creating...
TestTerraformCompleteExample 2022-12-01T02:48:59Z logger.go:66: module.security_group.aws_security_group_rule.egress["0-0-all-0.0.0.0/0-::/0"]: Creating...
TestTerraformCompleteExample 2022-12-01T02:48:59Z logger.go:66: module.security_group.aws_security_group_rule.ingress["0-0-all-true"]: Creating...
TestTerraformCompleteExample 2022-12-01T02:48:59Z logger.go:66: aws_security_group_rule.example: Creating...
TestTerraformCompleteExample 2022-12-01T02:49:00Z logger.go:66: aws_security_group_rule.example: Creation complete after 0s [id=sgrule-1111111111]
TestTerraformCompleteExample 2022-12-01T02:49:00Z logger.go:66: module.security_group.aws_security_group_rule.egress["22-22-tcp-pl-1111111111111111"]: Creating...
TestTerraformCompleteExample 2022-12-01T02:49:00Z logger.go:66: module.security_group.aws_security_group_rule.ingress["0-0-icmp-sg-1111111111111111"]: Creation complete after 0s [id=sgrule-1111111111]
TestTerraformCompleteExample 2022-12-01T02:49:00Z logger.go:66: module.security_group.aws_security_group_rule.ingress["5432-5432-tcp-2001:db8::/64"]: Creating...
TestTerraformCompleteExample 2022-12-01T02:49:00Z logger.go:66: module.security_group.aws_security_group_rule.egress["0-0-icmp-sg-1111111111111111"]: Creation complete after 1s [id=sgrule-1111111111]
TestTerraformCompleteExample 2022-12-01T02:49:00Z logger.go:66: module.security_group.aws_security_group_rule.ingress["22-22-tcp-pl-1111111111111111"]: Creating...
TestTerraformCompleteExample 2022-12-01T02:49:01Z logger.go:66: module.security_group.aws_security_group_rule.ingress["80-80-tcp-0.0.0.0/0-::/0"]: Creation complete after 2s [id=sgrule-1111111111]
TestTerraformCompleteExample 2022-12-01T02:49:01Z logger.go:66: module.security_group.aws_security_group_rule.egress["5432-5432-tcp-2001:db8::/64"]: Creating...
TestTerraformCompleteExample 2022-12-01T02:49:02Z logger.go:66: module.security_group.aws_security_group_rule.ingress["0-0-all-10.10.0.0/16-10.20.0.0/24"]: Creation complete after 2s [id=sgrule-1111111111]
TestTerraformCompleteExample 2022-12-01T02:49:02Z logger.go:66: module.security_group.aws_security_group_rule.egress["443-443-tcp-10.10.0.0/16-10.20.0.0/24"]: Creating...
TestTerraformCompleteExample 2022-12-01T02:49:02Z logger.go:66: module.security_group.aws_security_group_rule.computed_egress[0]: Creation complete after 3s [id=sgrule-1111111111]
TestTerraformCompleteExample 2022-12-01T02:49:02Z logger.go:66: module.security_group.aws_security_group_rule.computed_ingress[0]: Creating...
TestTerraformCompleteExample 2022-12-01T02:49:03Z logger.go:66: module.security_group.aws_security_group_rule.ingress["443-443-tcp-0.0.0.0/0-::/0"]: Creation complete after 3s [id=sgrule-1111111111]
TestTerraformCompleteExample 2022-12-01T02:49:03Z logger.go:66: module.security_group.aws_security_group_rule.computed_ingress[1]: Creating...
TestTerraformCompleteExample 2022-12-01T02:49:03Z logger.go:66: module.security_group.aws_security_group_rule.egress["0-0-all-0.0.0.0/0-::/0"]: Creation complete after 4s [id=sgrule-1111111111]
TestTerraformCompleteExample 2022-12-01T02:49:04Z logger.go:66: module.security_group.aws_security_group_rule.ingress["0-0-all-true"]: Creation complete after 4s [id=sgrule-1111111111]
TestTerraformCompleteExample 2022-12-01T02:49:04Z logger.go:66: module.security_group.aws_security_group_rule.computed_egress[1]: Creation complete after 5s [id=sgrule-1111111111]
TestTerraformCompleteExample 2022-12-01T02:49:05Z logger.go:66: module.security_group.aws_security_group_rule.egress["22-22-tcp-pl-1111111111111111"]: Creation complete after 6s [id=sgrule-1111111111]
TestTerraformCompleteExample 2022-12-01T02:49:06Z logger.go:66: module.security_group.aws_security_group_rule.ingress["5432-5432-tcp-2001:db8::/64"]: Creation complete after 6s [id=sgrule-1111111111]
TestTerraformCompleteExample 2022-12-01T02:49:06Z logger.go:66: module.security_group.aws_security_group_rule.ingress["22-22-tcp-pl-1111111111111111"]: Creation complete after 6s [id=sgrule-1111111111]
TestTerraformCompleteExample 2022-12-01T02:49:07Z logger.go:66: module.security_group.aws_security_group_rule.egress["5432-5432-tcp-2001:db8::/64"]: Creation complete after 5s [id=sgrule-1111111111]
TestTerraformCompleteExample 2022-12-01T02:49:07Z logger.go:66: module.security_group.aws_security_group_rule.egress["443-443-tcp-10.10.0.0/16-10.20.0.0/24"]: Creation complete after 6s [id=sgrule-1111111111]
TestTerraformCompleteExample 2022-12-01T02:49:08Z logger.go:66: module.security_group.aws_security_group_rule.computed_ingress[0]: Creation complete after 5s [id=sgrule-1111111111]
TestTerraformCompleteExample 2022-12-01T02:49:08Z logger.go:66: module.security_group.aws_security_group_rule.computed_ingress[1]: Creation complete after 6s [id=sgrule-1111111111]
TestTerraformCompleteExample 2022-12-01T02:49:08Z logger.go:66:
TestTerraformCompleteExample 2022-12-01T02:49:08Z logger.go:66: Apply complete! Resources: 21 added, 0 changed, 0 destroyed.
TestTerraformCompleteExample 2022-12-01T02:49:08Z logger.go:66:
TestTerraformCompleteExample 2022-12-01T02:49:08Z logger.go:66: Outputs:
TestTerraformCompleteExample 2022-12-01T02:49:08Z logger.go:66:
TestTerraformCompleteExample 2022-12-01T02:49:08Z logger.go:66: arn = "arn:aws:ec2:us-west-2:111111111111:security-group/sg-1111111111111111"
TestTerraformCompleteExample 2022-12-01T02:49:08Z logger.go:66: disabled_sg_id = "I was not created"
TestTerraformCompleteExample 2022-12-01T02:49:08Z logger.go:66: egress = [
TestTerraformCompleteExample 2022-12-01T02:49:08Z logger.go:66:   {
TestTerraformCompleteExample 2022-12-01T02:49:08Z logger.go:66:     "cidr_blocks" = tolist([
TestTerraformCompleteExample 2022-12-01T02:49:08Z logger.go:66:       "0.0.0.0/0",
TestTerraformCompleteExample 2022-12-01T02:49:08Z logger.go:66:     ])
TestTerraformCompleteExample 2022-12-01T02:49:08Z logger.go:66:     "description" = "common rule example"
TestTerraformCompleteExample 2022-12-01T02:49:08Z logger.go:66:     "from_port" = 0
TestTerraformCompleteExample 2022-12-01T02:49:08Z logger.go:66:     "id" = "sgrule-1111111111"
TestTerraformCompleteExample 2022-12-01T02:49:08Z logger.go:66:     "ipv6_cidr_blocks" = tolist([
TestTerraformCompleteExample 2022-12-01T02:49:08Z logger.go:66:       "::/0",
TestTerraformCompleteExample 2022-12-01T02:49:08Z logger.go:66:     ])
TestTerraformCompleteExample 2022-12-01T02:49:08Z logger.go:66:     "prefix_list_ids" = tolist(null) /* of string */
TestTerraformCompleteExample 2022-12-01T02:49:08Z logger.go:66:     "protocol" = "-1"
TestTerraformCompleteExample 2022-12-01T02:49:08Z logger.go:66:     "security_group_id" = "sg-1111111111111111"
TestTerraformCompleteExample 2022-12-01T02:49:08Z logger.go:66:     "self" = false
TestTerraformCompleteExample 2022-12-01T02:49:08Z logger.go:66:     "source_security_group_id" = tostring(null)
TestTerraformCompleteExample 2022-12-01T02:49:08Z logger.go:66:     "timeouts" = null /* object */
TestTerraformCompleteExample 2022-12-01T02:49:08Z logger.go:66:     "to_port" = 0
TestTerraformCompleteExample 2022-12-01T02:49:08Z logger.go:66:     "type" = "egress"
TestTerraformCompleteExample 2022-12-01T02:49:08Z logger.go:66:   },
TestTerraformCompleteExample 2022-12-01T02:49:08Z logger.go:66:   {
TestTerraformCompleteExample 2022-12-01T02:49:08Z logger.go:66:     "cidr_blocks" = tolist(null) /* of string */
TestTerraformCompleteExample 2022-12-01T02:49:08Z logger.go:66:     "description" = "customer rule example"
TestTerraformCompleteExample 2022-12-01T02:49:08Z logger.go:66:     "from_port" = 0
TestTerraformCompleteExample 2022-12-01T02:49:08Z logger.go:66:     "id" = "sgrule-1111111111"
TestTerraformCompleteExample 2022-12-01T02:49:08Z logger.go:66:     "ipv6_cidr_blocks" = tolist(null) /* of string */
TestTerraformCompleteExample 2022-12-01T02:49:08Z logger.go:66:     "prefix_list_ids" = tolist(null) /* of string */
TestTerraformCompleteExample 2022-12-01T02:49:08Z logger.go:66:     "protocol" = "icmp"
TestTerraformCompleteExample 2022-12-01T02:49:08Z logger.go:66:     "security_group_id" = "sg-1111111111111111"
TestTerraformCompleteExample 2022-12-01T02:49:08Z logger.go:66:     "self" = false
TestTerraformCompleteExample 2022-12-01T02:49:08Z logger.go:66:     "source_security_group_id" = "sg-1111111111111111"
TestTerraformCompleteExample 2022-12-01T02:49:08Z logger.go:66:     "timeouts" = null /* object */
TestTerraformCompleteExample 2022-12-01T02:49:08Z logger.go:66:     "to_port" = 0
TestTerraformCompleteExample 2022-12-01T02:49:08Z logger.go:66:     "type" = "egress"
TestTerraformCompleteExample 2022-12-01T02:49:08Z logger.go:66:   },
TestTerraformCompleteExample 2022-12-01T02:49:08Z logger.go:66:   {
TestTerraformCompleteExample 2022-12-01T02:49:08Z logger.go:66:     "cidr_blocks" = tolist(null) /* of string */
TestTerraformCompleteExample 2022-12-01T02:49:08Z logger.go:66:     "description" = "SSH"
TestTerraformCompleteExample 2022-12-01T02:49:08Z logger.go:66:     "from_port" = 22
TestTerraformCompleteExample 2022-12-01T02:49:08Z logger.go:66:     "id" = "sgrule-1111111111"
TestTerraformCompleteExample 2022-12-01T02:49:08Z logger.go:66:     "ipv6_cidr_blocks" = tolist(null) /* of string */
TestTerraformCompleteExample 2022-12-01T02:49:08Z logger.go:66:     "prefix_list_ids" = tolist([
TestTerraformCompleteExample 2022-12-01T02:49:08Z logger.go:66:       "pl-1111111111111111",
TestTerraformCompleteExample 2022-12-01T02:49:08Z logger.go:66:     ])
TestTerraformCompleteExample 2022-12-01T02:49:08Z logger.go:66:     "protocol" = "tcp"
TestTerraformCompleteExample 2022-12-01T02:49:08Z logger.go:66:     "security_group_id" = "sg-1111111111111111"
TestTerraformCompleteExample 2022-12-01T02:49:08Z logger.go:66:     "self" = false
TestTerraformCompleteExample 2022-12-01T02:49:08Z logger.go:66:     "source_security_group_id" = tostring(null)
TestTerraformCompleteExample 2022-12-01T02:49:08Z logger.go:66:     "timeouts" = null /* object */
TestTerraformCompleteExample 2022-12-01T02:49:08Z logger.go:66:     "to_port" = 22
TestTerraformCompleteExample 2022-12-01T02:49:08Z logger.go:66:     "type" = "egress"
TestTerraformCompleteExample 2022-12-01T02:49:08Z logger.go:66:   },
TestTerraformCompleteExample 2022-12-01T02:49:08Z logger.go:66:   {
TestTerraformCompleteExample 2022-12-01T02:49:08Z logger.go:66:     "cidr_blocks" = tolist([
TestTerraformCompleteExample 2022-12-01T02:49:08Z logger.go:66:       "10.10.0.0/16",
TestTerraformCompleteExample 2022-12-01T02:49:08Z logger.go:66:       "10.20.0.0/24",
TestTerraformCompleteExample 2022-12-01T02:49:08Z logger.go:66:     ])
TestTerraformCompleteExample 2022-12-01T02:49:08Z logger.go:66:     "description" = "managed rule example"
TestTerraformCompleteExample 2022-12-01T02:49:08Z logger.go:66:     "from_port" = 443
TestTerraformCompleteExample 2022-12-01T02:49:08Z logger.go:66:     "id" = "sgrule-1111111111"
TestTerraformCompleteExample 2022-12-01T02:49:08Z logger.go:66:     "ipv6_cidr_blocks" = tolist(null) /* of string */
TestTerraformCompleteExample 2022-12-01T02:49:08Z logger.go:66:     "prefix_list_ids" = tolist(null) /* of string */
TestTerraformCompleteExample 2022-12-01T02:49:08Z logger.go:66:     "protocol" = "tcp"
TestTerraformCompleteExample 2022-12-01T02:49:08Z logger.go:66:     "security_group_id" = "sg-1111111111111111"
TestTerraformCompleteExample 2022-12-01T02:49:08Z logger.go:66:     "self" = false
TestTerraformCompleteExample 2022-12-01T02:49:08Z logger.go:66:     "source_security_group_id" = tostring(null)
TestTerraformCompleteExample 2022-12-01T02:49:08Z logger.go:66:     "timeouts" = null /* object */
TestTerraformCompleteExample 2022-12-01T02:49:08Z logger.go:66:     "to_port" = 443
TestTerraformCompleteExample 2022-12-01T02:49:08Z logger.go:66:     "type" = "egress"
TestTerraformCompleteExample 2022-12-01T02:49:08Z logger.go:66:   },
TestTerraformCompleteExample 2022-12-01T02:49:08Z logger.go:66:   {
TestTerraformCompleteExample 2022-12-01T02:49:08Z logger.go:66:     "cidr_blocks" = tolist(null) /* of string */
TestTerraformCompleteExample 2022-12-01T02:49:08Z logger.go:66:     "description" = "PostgreSQL"
TestTerraformCompleteExample 2022-12-01T02:49:08Z logger.go:66:     "from_port" = 5432
TestTerraformCompleteExample 2022-12-01T02:49:08Z logger.go:66:     "id" = "sgrule-1111111111"
TestTerraformCompleteExample 2022-12-01T02:49:08Z logger.go:66:     "ipv6_cidr_blocks" = tolist([
TestTerraformCompleteExample 2022-12-01T02:49:08Z logger.go:66:       "2001:db8::/64",
TestTerraformCompleteExample 2022-12-01T02:49:08Z logger.go:66:     ])
TestTerraformCompleteExample 2022-12-01T02:49:08Z logger.go:66:     "prefix_list_ids" = tolist(null) /* of string */
TestTerraformCompleteExample 2022-12-01T02:49:08Z logger.go:66:     "protocol" = "tcp"
TestTerraformCompleteExample 2022-12-01T02:49:08Z logger.go:66:     "security_group_id" = "sg-1111111111111111"
TestTerraformCompleteExample 2022-12-01T02:49:08Z logger.go:66:     "self" = false
TestTerraformCompleteExample 2022-12-01T02:49:08Z logger.go:66:     "source_security_group_id" = tostring(null)
TestTerraformCompleteExample 2022-12-01T02:49:08Z logger.go:66:     "timeouts" = null /* object */
TestTerraformCompleteExample 2022-12-01T02:49:08Z logger.go:66:     "to_port" = 5432
TestTerraformCompleteExample 2022-12-01T02:49:08Z logger.go:66:     "type" = "egress"
TestTerraformCompleteExample 2022-12-01T02:49:08Z logger.go:66:   },
TestTerraformCompleteExample 2022-12-01T02:49:08Z logger.go:66:   {
TestTerraformCompleteExample 2022-12-01T02:49:08Z logger.go:66:     "cidr_blocks" = tolist(null) /* of string */
TestTerraformCompleteExample 2022-12-01T02:49:08Z logger.go:66:     "description" = "computed (customer) rule example"
TestTerraformCompleteExample 2022-12-01T02:49:08Z logger.go:66:     "from_port" = 80
TestTerraformCompleteExample 2022-12-01T02:49:08Z logger.go:66:     "id" = "sgrule-1111111111"
TestTerraformCompleteExample 2022-12-01T02:49:08Z logger.go:66:     "ipv6_cidr_blocks" = tolist(null) /* of string */
TestTerraformCompleteExample 2022-12-01T02:49:08Z logger.go:66:     "prefix_list_ids" = tolist([
TestTerraformCompleteExample 2022-12-01T02:49:08Z logger.go:66:       "pl-1111111111111111",
TestTerraformCompleteExample 2022-12-01T02:49:08Z logger.go:66:     ])
TestTerraformCompleteExample 2022-12-01T02:49:08Z logger.go:66:     "protocol" = "tcp"
TestTerraformCompleteExample 2022-12-01T02:49:08Z logger.go:66:     "security_group_id" = "sg-1111111111111111"
TestTerraformCompleteExample 2022-12-01T02:49:08Z logger.go:66:     "self" = false
TestTerraformCompleteExample 2022-12-01T02:49:08Z logger.go:66:     "source_security_group_id" = tostring(null)
TestTerraformCompleteExample 2022-12-01T02:49:08Z logger.go:66:     "timeouts" = null /* object */
TestTerraformCompleteExample 2022-12-01T02:49:08Z logger.go:66:     "to_port" = 80
TestTerraformCompleteExample 2022-12-01T02:49:08Z logger.go:66:     "type" = "egress"
TestTerraformCompleteExample 2022-12-01T02:49:08Z logger.go:66:   },
TestTerraformCompleteExample 2022-12-01T02:49:08Z logger.go:66:   {
TestTerraformCompleteExample 2022-12-01T02:49:08Z logger.go:66:     "cidr_blocks" = tolist(null) /* of string */
TestTerraformCompleteExample 2022-12-01T02:49:08Z logger.go:66:     "description" = "computed (managed) rule example"
TestTerraformCompleteExample 2022-12-01T02:49:08Z logger.go:66:     "from_port" = 443
TestTerraformCompleteExample 2022-12-01T02:49:08Z logger.go:66:     "id" = "sgrule-1111111111"
TestTerraformCompleteExample 2022-12-01T02:49:08Z logger.go:66:     "ipv6_cidr_blocks" = tolist(null) /* of string */
TestTerraformCompleteExample 2022-12-01T02:49:08Z logger.go:66:     "prefix_list_ids" = tolist([
TestTerraformCompleteExample 2022-12-01T02:49:08Z logger.go:66:       "pl-1111111111111111",
TestTerraformCompleteExample 2022-12-01T02:49:08Z logger.go:66:     ])
TestTerraformCompleteExample 2022-12-01T02:49:08Z logger.go:66:     "protocol" = "tcp"
TestTerraformCompleteExample 2022-12-01T02:49:08Z logger.go:66:     "security_group_id" = "sg-1111111111111111"
TestTerraformCompleteExample 2022-12-01T02:49:08Z logger.go:66:     "self" = false
TestTerraformCompleteExample 2022-12-01T02:49:08Z logger.go:66:     "source_security_group_id" = tostring(null)
TestTerraformCompleteExample 2022-12-01T02:49:08Z logger.go:66:     "timeouts" = null /* object */
TestTerraformCompleteExample 2022-12-01T02:49:08Z logger.go:66:     "to_port" = 443
TestTerraformCompleteExample 2022-12-01T02:49:08Z logger.go:66:     "type" = "egress"
TestTerraformCompleteExample 2022-12-01T02:49:08Z logger.go:66:   },
TestTerraformCompleteExample 2022-12-01T02:49:08Z logger.go:66: ]
TestTerraformCompleteExample 2022-12-01T02:49:08Z logger.go:66: id = "sg-1111111111111111"
TestTerraformCompleteExample 2022-12-01T02:49:08Z logger.go:66: ingress = [
TestTerraformCompleteExample 2022-12-01T02:49:08Z logger.go:66:   {
TestTerraformCompleteExample 2022-12-01T02:49:08Z logger.go:66:     "cidr_blocks" = tolist([
TestTerraformCompleteExample 2022-12-01T02:49:08Z logger.go:66:       "10.10.0.0/16",
TestTerraformCompleteExample 2022-12-01T02:49:08Z logger.go:66:       "10.20.0.0/24",
TestTerraformCompleteExample 2022-12-01T02:49:08Z logger.go:66:     ])
TestTerraformCompleteExample 2022-12-01T02:49:08Z logger.go:66:     "description" = "managed rule example"
TestTerraformCompleteExample 2022-12-01T02:49:08Z logger.go:66:     "from_port" = 0
TestTerraformCompleteExample 2022-12-01T02:49:08Z logger.go:66:     "id" = "sgrule-1111111111"
TestTerraformCompleteExample 2022-12-01T02:49:08Z logger.go:66:     "ipv6_cidr_blocks" = tolist(null) /* of string */
TestTerraformCompleteExample 2022-12-01T02:49:08Z logger.go:66:     "prefix_list_ids" = tolist(null) /* of string */
TestTerraformCompleteExample 2022-12-01T02:49:08Z logger.go:66:     "protocol" = "-1"
TestTerraformCompleteExample 2022-12-01T02:49:08Z logger.go:66:     "security_group_id" = "sg-1111111111111111"
TestTerraformCompleteExample 2022-12-01T02:49:08Z logger.go:66:     "self" = false
TestTerraformCompleteExample 2022-12-01T02:49:08Z logger.go:66:     "source_security_group_id" = tostring(null)
TestTerraformCompleteExample 2022-12-01T02:49:08Z logger.go:66:     "timeouts" = null /* object */
TestTerraformCompleteExample 2022-12-01T02:49:08Z logger.go:66:     "to_port" = 0
TestTerraformCompleteExample 2022-12-01T02:49:08Z logger.go:66:     "type" = "ingress"
TestTerraformCompleteExample 2022-12-01T02:49:08Z logger.go:66:   },
TestTerraformCompleteExample 2022-12-01T02:49:08Z logger.go:66:   {
TestTerraformCompleteExample 2022-12-01T02:49:08Z logger.go:66:     "cidr_blocks" = tolist(null) /* of string */
TestTerraformCompleteExample 2022-12-01T02:49:08Z logger.go:66:     "description" = "All protocols to self"
TestTerraformCompleteExample 2022-12-01T02:49:08Z logger.go:66:     "from_port" = 0
TestTerraformCompleteExample 2022-12-01T02:49:08Z logger.go:66:     "id" = "sgrule-1111111111"
TestTerraformCompleteExample 2022-12-01T02:49:08Z logger.go:66:     "ipv6_cidr_blocks" = tolist(null) /* of string */
TestTerraformCompleteExample 2022-12-01T02:49:08Z logger.go:66:     "prefix_list_ids" = tolist(null) /* of string */
TestTerraformCompleteExample 2022-12-01T02:49:08Z logger.go:66:     "protocol" = "-1"
TestTerraformCompleteExample 2022-12-01T02:49:08Z logger.go:66:     "security_group_id" = "sg-1111111111111111"
TestTerraformCompleteExample 2022-12-01T02:49:08Z logger.go:66:     "self" = true
TestTerraformCompleteExample 2022-12-01T02:49:08Z logger.go:66:     "source_security_group_id" = tostring(null)
TestTerraformCompleteExample 2022-12-01T02:49:08Z logger.go:66:     "timeouts" = null /* object */
TestTerraformCompleteExample 2022-12-01T02:49:08Z logger.go:66:     "to_port" = 0
TestTerraformCompleteExample 2022-12-01T02:49:08Z logger.go:66:     "type" = "ingress"
TestTerraformCompleteExample 2022-12-01T02:49:08Z logger.go:66:   },
TestTerraformCompleteExample 2022-12-01T02:49:08Z logger.go:66:   {
TestTerraformCompleteExample 2022-12-01T02:49:08Z logger.go:66:     "cidr_blocks" = tolist(null) /* of string */
TestTerraformCompleteExample 2022-12-01T02:49:08Z logger.go:66:     "description" = "customer rule example"
TestTerraformCompleteExample 2022-12-01T02:49:08Z logger.go:66:     "from_port" = 0
TestTerraformCompleteExample 2022-12-01T02:49:08Z logger.go:66:     "id" = "sgrule-1111111111"
TestTerraformCompleteExample 2022-12-01T02:49:08Z logger.go:66:     "ipv6_cidr_blocks" = tolist(null) /* of string */
TestTerraformCompleteExample 2022-12-01T02:49:08Z logger.go:66:     "prefix_list_ids" = tolist(null) /* of string */
TestTerraformCompleteExample 2022-12-01T02:49:08Z logger.go:66:     "protocol" = "icmp"
TestTerraformCompleteExample 2022-12-01T02:49:08Z logger.go:66:     "security_group_id" = "sg-1111111111111111"
TestTerraformCompleteExample 2022-12-01T02:49:08Z logger.go:66:     "self" = false
TestTerraformCompleteExample 2022-12-01T02:49:08Z logger.go:66:     "source_security_group_id" = "sg-1111111111111111"
TestTerraformCompleteExample 2022-12-01T02:49:08Z logger.go:66:     "timeouts" = null /* object */
TestTerraformCompleteExample 2022-12-01T02:49:08Z logger.go:66:     "to_port" = 0
TestTerraformCompleteExample 2022-12-01T02:49:08Z logger.go:66:     "type" = "ingress"
TestTerraformCompleteExample 2022-12-01T02:49:08Z logger.go:66:   },
TestTerraformCompleteExample 2022-12-01T02:49:08Z logger.go:66:   {
TestTerraformCompleteExample 2022-12-01T02:49:08Z logger.go:66:     "cidr_blocks" = tolist(null) /* of string */
TestTerraformCompleteExample 2022-12-01T02:49:08Z logger.go:66:     "description" = "SSH"
TestTerraformCompleteExample 2022-12-01T02:49:08Z logger.go:66:     "from_port" = 22
TestTerraformCompleteExample 2022-12-01T02:49:08Z logger.go:66:     "id" = "sgrule-1111111111"
TestTerraformCompleteExample 2022-12-01T02:49:08Z logger.go:66:     "ipv6_cidr_blocks" = tolist(null) /* of string */
TestTerraformCompleteExample 2022-12-01T02:49:08Z logger.go:66:     "prefix_list_ids" = tolist([
TestTerraformCompleteExample 2022-12-01T02:49:08Z logger.go:66:       "pl-1111111111111111",
TestTerraformCompleteExample 2022-12-01T02:49:08Z logger.go:66:     ])
TestTerraformCompleteExample 2022-12-01T02:49:08Z logger.go:66:     "protocol" = "tcp"
TestTerraformCompleteExample 2022-12-01T02:49:08Z logger.go:66:     "security_group_id" = "sg-1111111111111111"
TestTerraformCompleteExample 2022-12-01T02:49:08Z logger.go:66:     "self" = false
TestTerraformCompleteExample 2022-12-01T02:49:08Z logger.go:66:     "source_security_group_id" = tostring(null)
TestTerraformCompleteExample 2022-12-01T02:49:08Z logger.go:66:     "timeouts" = null /* object */
TestTerraformCompleteExample 2022-12-01T02:49:08Z logger.go:66:     "to_port" = 22
TestTerraformCompleteExample 2022-12-01T02:49:08Z logger.go:66:     "type" = "ingress"
TestTerraformCompleteExample 2022-12-01T02:49:08Z logger.go:66:   },
TestTerraformCompleteExample 2022-12-01T02:49:08Z logger.go:66:   {
TestTerraformCompleteExample 2022-12-01T02:49:08Z logger.go:66:     "cidr_blocks" = tolist([
TestTerraformCompleteExample 2022-12-01T02:49:08Z logger.go:66:       "0.0.0.0/0",
TestTerraformCompleteExample 2022-12-01T02:49:08Z logger.go:66:     ])
TestTerraformCompleteExample 2022-12-01T02:49:08Z logger.go:66:     "description" = "common rule example"
TestTerraformCompleteExample 2022-12-01T02:49:08Z logger.go:66:     "from_port" = 443
TestTerraformCompleteExample 2022-12-01T02:49:08Z logger.go:66:     "id" = "sgrule-1111111111"
TestTerraformCompleteExample 2022-12-01T02:49:08Z logger.go:66:     "ipv6_cidr_blocks" = tolist([
TestTerraformCompleteExample 2022-12-01T02:49:08Z logger.go:66:       "::/0",
TestTerraformCompleteExample 2022-12-01T02:49:08Z logger.go:66:     ])
TestTerraformCompleteExample 2022-12-01T02:49:08Z logger.go:66:     "prefix_list_ids" = tolist(null) /* of string */
TestTerraformCompleteExample 2022-12-01T02:49:08Z logger.go:66:     "protocol" = "tcp"
TestTerraformCompleteExample 2022-12-01T02:49:08Z logger.go:66:     "security_group_id" = "sg-1111111111111111"
TestTerraformCompleteExample 2022-12-01T02:49:08Z logger.go:66:     "self" = false
TestTerraformCompleteExample 2022-12-01T02:49:08Z logger.go:66:     "source_security_group_id" = tostring(null)
TestTerraformCompleteExample 2022-12-01T02:49:08Z logger.go:66:     "timeouts" = null /* object */
TestTerraformCompleteExample 2022-12-01T02:49:08Z logger.go:66:     "to_port" = 443
TestTerraformCompleteExample 2022-12-01T02:49:08Z logger.go:66:     "type" = "ingress"
TestTerraformCompleteExample 2022-12-01T02:49:08Z logger.go:66:   },
TestTerraformCompleteExample 2022-12-01T02:49:08Z logger.go:66:   {
TestTerraformCompleteExample 2022-12-01T02:49:08Z logger.go:66:     "cidr_blocks" = tolist(null) /* of string */
TestTerraformCompleteExample 2022-12-01T02:49:08Z logger.go:66:     "description" = "PostgreSQL"
TestTerraformCompleteExample 2022-12-01T02:49:08Z logger.go:66:     "from_port" = 5432
TestTerraformCompleteExample 2022-12-01T02:49:08Z logger.go:66:     "id" = "sgrule-1111111111"
TestTerraformCompleteExample 2022-12-01T02:49:08Z logger.go:66:     "ipv6_cidr_blocks" = tolist([
TestTerraformCompleteExample 2022-12-01T02:49:08Z logger.go:66:       "2001:db8::/64",
TestTerraformCompleteExample 2022-12-01T02:49:08Z logger.go:66:     ])
TestTerraformCompleteExample 2022-12-01T02:49:08Z logger.go:66:     "prefix_list_ids" = tolist(null) /* of string */
TestTerraformCompleteExample 2022-12-01T02:49:08Z logger.go:66:     "protocol" = "tcp"
TestTerraformCompleteExample 2022-12-01T02:49:08Z logger.go:66:     "security_group_id" = "sg-1111111111111111"
TestTerraformCompleteExample 2022-12-01T02:49:08Z logger.go:66:     "self" = false
TestTerraformCompleteExample 2022-12-01T02:49:08Z logger.go:66:     "source_security_group_id" = tostring(null)
TestTerraformCompleteExample 2022-12-01T02:49:08Z logger.go:66:     "timeouts" = null /* object */
TestTerraformCompleteExample 2022-12-01T02:49:08Z logger.go:66:     "to_port" = 5432
TestTerraformCompleteExample 2022-12-01T02:49:08Z logger.go:66:     "type" = "ingress"
TestTerraformCompleteExample 2022-12-01T02:49:08Z logger.go:66:   },
TestTerraformCompleteExample 2022-12-01T02:49:08Z logger.go:66:   {
TestTerraformCompleteExample 2022-12-01T02:49:08Z logger.go:66:     "cidr_blocks" = tolist([
TestTerraformCompleteExample 2022-12-01T02:49:08Z logger.go:66:       "0.0.0.0/0",
TestTerraformCompleteExample 2022-12-01T02:49:08Z logger.go:66:     ])
TestTerraformCompleteExample 2022-12-01T02:49:08Z logger.go:66:     "description" = "HTTP from public"
TestTerraformCompleteExample 2022-12-01T02:49:08Z logger.go:66:     "from_port" = 80
TestTerraformCompleteExample 2022-12-01T02:49:08Z logger.go:66:     "id" = "sgrule-1111111111"
TestTerraformCompleteExample 2022-12-01T02:49:08Z logger.go:66:     "ipv6_cidr_blocks" = tolist([
TestTerraformCompleteExample 2022-12-01T02:49:08Z logger.go:66:       "::/0",
TestTerraformCompleteExample 2022-12-01T02:49:08Z logger.go:66:     ])
TestTerraformCompleteExample 2022-12-01T02:49:08Z logger.go:66:     "prefix_list_ids" = tolist(null) /* of string */
TestTerraformCompleteExample 2022-12-01T02:49:08Z logger.go:66:     "protocol" = "tcp"
TestTerraformCompleteExample 2022-12-01T02:49:08Z logger.go:66:     "security_group_id" = "sg-1111111111111111"
TestTerraformCompleteExample 2022-12-01T02:49:08Z logger.go:66:     "self" = false
TestTerraformCompleteExample 2022-12-01T02:49:08Z logger.go:66:     "source_security_group_id" = tostring(null)
TestTerraformCompleteExample 2022-12-01T02:49:08Z logger.go:66:     "timeouts" = null /* object */
TestTerraformCompleteExample 2022-12-01T02:49:08Z logger.go:66:     "to_port" = 80
TestTerraformCompleteExample 2022-12-01T02:49:08Z logger.go:66:     "type" = "ingress"
TestTerraformCompleteExample 2022-12-01T02:49:08Z logger.go:66:   },
TestTerraformCompleteExample 2022-12-01T02:49:08Z logger.go:66:   {
TestTerraformCompleteExample 2022-12-01T02:49:08Z logger.go:66:     "cidr_blocks" = tolist(null) /* of string */
TestTerraformCompleteExample 2022-12-01T02:49:08Z logger.go:66:     "description" = "This rule must be computed because it is created in the same terraform run as this module and is unknown at plan time."
TestTerraformCompleteExample 2022-12-01T02:49:08Z logger.go:66:     "from_port" = 80
TestTerraformCompleteExample 2022-12-01T02:49:08Z logger.go:66:     "id" = "sgrule-1111111111"
TestTerraformCompleteExample 2022-12-01T02:49:08Z logger.go:66:     "ipv6_cidr_blocks" = tolist(null) /* of string */
TestTerraformCompleteExample 2022-12-01T02:49:08Z logger.go:66:     "prefix_list_ids" = tolist(null) /* of string */
TestTerraformCompleteExample 2022-12-01T02:49:08Z logger.go:66:     "protocol" = "tcp"
TestTerraformCompleteExample 2022-12-01T02:49:08Z logger.go:66:     "security_group_id" = "sg-1111111111111111"
TestTerraformCompleteExample 2022-12-01T02:49:08Z logger.go:66:     "self" = false
TestTerraformCompleteExample 2022-12-01T02:49:08Z logger.go:66:     "source_security_group_id" = "sg-1111111111111111"
TestTerraformCompleteExample 2022-12-01T02:49:08Z logger.go:66:     "timeouts" = null /* object */
TestTerraformCompleteExample 2022-12-01T02:49:08Z logger.go:66:     "to_port" = 80
TestTerraformCompleteExample 2022-12-01T02:49:08Z logger.go:66:     "type" = "ingress"
TestTerraformCompleteExample 2022-12-01T02:49:08Z logger.go:66:   },
TestTerraformCompleteExample 2022-12-01T02:49:08Z logger.go:66:   {
TestTerraformCompleteExample 2022-12-01T02:49:08Z logger.go:66:     "cidr_blocks" = tolist(null) /* of string */
TestTerraformCompleteExample 2022-12-01T02:49:08Z logger.go:66:     "description" = "HTTPS"
TestTerraformCompleteExample 2022-12-01T02:49:08Z logger.go:66:     "from_port" = 443
TestTerraformCompleteExample 2022-12-01T02:49:08Z logger.go:66:     "id" = "sgrule-1111111111"
TestTerraformCompleteExample 2022-12-01T02:49:08Z logger.go:66:     "ipv6_cidr_blocks" = tolist(null) /* of string */
TestTerraformCompleteExample 2022-12-01T02:49:08Z logger.go:66:     "prefix_list_ids" = tolist(null) /* of string */
TestTerraformCompleteExample 2022-12-01T02:49:08Z logger.go:66:     "protocol" = "tcp"
TestTerraformCompleteExample 2022-12-01T02:49:08Z logger.go:66:     "security_group_id" = "sg-1111111111111111"
TestTerraformCompleteExample 2022-12-01T02:49:08Z logger.go:66:     "self" = false
TestTerraformCompleteExample 2022-12-01T02:49:08Z logger.go:66:     "source_security_group_id" = "sg-1111111111111111"
TestTerraformCompleteExample 2022-12-01T02:49:08Z logger.go:66:     "timeouts" = null /* object */
TestTerraformCompleteExample 2022-12-01T02:49:08Z logger.go:66:     "to_port" = 443
TestTerraformCompleteExample 2022-12-01T02:49:08Z logger.go:66:     "type" = "ingress"
TestTerraformCompleteExample 2022-12-01T02:49:08Z logger.go:66:   },
TestTerraformCompleteExample 2022-12-01T02:49:08Z logger.go:66: ]
TestTerraformCompleteExample 2022-12-01T02:49:08Z logger.go:66: sg_rule_with_exported_module_rule_alias = {
TestTerraformCompleteExample 2022-12-01T02:49:08Z logger.go:66:   "cidr_blocks" = tolist([
TestTerraformCompleteExample 2022-12-01T02:49:08Z logger.go:66:     "10.0.0.0/16",
TestTerraformCompleteExample 2022-12-01T02:49:08Z logger.go:66:   ])
TestTerraformCompleteExample 2022-12-01T02:49:08Z logger.go:66:   "description" = "HTTPS"
TestTerraformCompleteExample 2022-12-01T02:49:08Z logger.go:66:   "from_port" = 443
TestTerraformCompleteExample 2022-12-01T02:49:08Z logger.go:66:   "id" = "sgrule-1111111111"
TestTerraformCompleteExample 2022-12-01T02:49:08Z logger.go:66:   "ipv6_cidr_blocks" = tolist(null) /* of string */
TestTerraformCompleteExample 2022-12-01T02:49:08Z logger.go:66:   "prefix_list_ids" = tolist(null) /* of string */
TestTerraformCompleteExample 2022-12-01T02:49:08Z logger.go:66:   "protocol" = "tcp"
TestTerraformCompleteExample 2022-12-01T02:49:08Z logger.go:66:   "security_group_id" = "sg-1111111111111111"
TestTerraformCompleteExample 2022-12-01T02:49:08Z logger.go:66:   "self" = false
TestTerraformCompleteExample 2022-12-01T02:49:08Z logger.go:66:   "source_security_group_id" = tostring(null)
TestTerraformCompleteExample 2022-12-01T02:49:08Z logger.go:66:   "timeouts" = null /* object */
TestTerraformCompleteExample 2022-12-01T02:49:08Z logger.go:66:   "to_port" = 443
TestTerraformCompleteExample 2022-12-01T02:49:08Z logger.go:66:   "type" = "ingress"
TestTerraformCompleteExample 2022-12-01T02:49:08Z logger.go:66: }
TestTerraformCompleteExample 2022-12-01T02:49:08Z logger.go:66: terratest = {
TestTerraformCompleteExample 2022-12-01T02:49:08Z logger.go:66:   "aws_ec2_managed_prefix_list_other_id" = "pl-1111111111111111"
TestTerraformCompleteExample 2022-12-01T02:49:08Z logger.go:66:   "aws_security_group_other_id" = "sg-1111111111111111"
TestTerraformCompleteExample 2022-12-01T02:49:08Z logger.go:66:   "data_aws_prefix_list_private_s3_id" = "pl-1111111111111111"
TestTerraformCompleteExample 2022-12-01T02:49:08Z logger.go:66:   "data_aws_security_group_default_id" = "sg-1111111111111111"
TestTerraformCompleteExample 2022-12-01T02:49:08Z logger.go:66:   "egress_count" = 7
TestTerraformCompleteExample 2022-12-01T02:49:08Z logger.go:66:   "ingress_count" = 9
TestTerraformCompleteExample 2022-12-01T02:49:08Z logger.go:66:   "sg_id_with_exported_module_rule_alias" = "sg-1111111111111111"
TestTerraformCompleteExample 2022-12-01T02:49:08Z logger.go:66: }
TestTerraformCompleteExample 2022-12-01T02:49:08Z retry.go:91: terraform [output -no-color -json id]
TestTerraformCompleteExample 2022-12-01T02:49:08Z logger.go:66: Running command terraform with args [output -no-color -json id]
TestTerraformCompleteExample 2022-12-01T02:49:09Z logger.go:66: "sg-1111111111111111"
TestTerraformCompleteExample 2022-12-01T02:49:09Z retry.go:91: terraform [output -no-color -json ingress]
TestTerraformCompleteExample 2022-12-01T02:49:09Z logger.go:66: Running command terraform with args [output -no-color -json ingress]
TestTerraformCompleteExample 2022-12-01T02:49:10Z logger.go:66: [{"cidr_blocks":["10.10.0.0/16","10.20.0.0/24"],"description":"managed rule example","from_port":0,"id":"sgrule-1111111111","ipv6_cidr_blocks":null,"prefix_list_ids":null,"protocol":"-1","security_group_id":"sg-1111111111111111","self":false,"source_security_group_id":null,"timeouts":null,"to_port":0,"type":"ingress"},{"cidr_blocks":null,"description":"All protocols to self","from_port":0,"id":"sgrule-1111111111","ipv6_cidr_blocks":null,"prefix_list_ids":null,"protocol":"-1","security_group_id":"sg-1111111111111111","self":true,"source_security_group_id":null,"timeouts":null,"to_port":0,"type":"ingress"},{"cidr_blocks":null,"description":"customer rule example","from_port":0,"id":"sgrule-1111111111","ipv6_cidr_blocks":null,"prefix_list_ids":null,"protocol":"icmp","security_group_id":"sg-1111111111111111","self":false,"source_security_group_id":"sg-1111111111111111","timeouts":null,"to_port":0,"type":"ingress"},{"cidr_blocks":null,"description":"SSH","from_port":22,"id":"sgrule-1111111111","ipv6_cidr_blocks":null,"prefix_list_ids":["pl-1111111111111111"],"protocol":"tcp","security_group_id":"sg-1111111111111111","self":false,"source_security_group_id":null,"timeouts":null,"to_port":22,"type":"ingress"},{"cidr_blocks":["0.0.0.0/0"],"description":"common rule example","from_port":443,"id":"sgrule-1111111111","ipv6_cidr_blocks":["::/0"],"prefix_list_ids":null,"protocol":"tcp","security_group_id":"sg-1111111111111111","self":false,"source_security_group_id":null,"timeouts":null,"to_port":443,"type":"ingress"},{"cidr_blocks":null,"description":"PostgreSQL","from_port":5432,"id":"sgrule-1111111111","ipv6_cidr_blocks":["2001:db8::/64"],"prefix_list_ids":null,"protocol":"tcp","security_group_id":"sg-1111111111111111","self":false,"source_security_group_id":null,"timeouts":null,"to_port":5432,"type":"ingress"},{"cidr_blocks":["0.0.0.0/0"],"description":"HTTP from public","from_port":80,"id":"sgrule-1111111111","ipv6_cidr_blocks":["::/0"],"prefix_list_ids":null,"protocol":"tcp","security_group_id":"sg-1111111111111111","self":false,"source_security_group_id":null,"timeouts":null,"to_port":80,"type":"ingress"},{"cidr_blocks":null,"description":"This rule must be computed because it is created in the same terraform run as this module and is unknown at plan time.","from_port":80,"id":"sgrule-1111111111","ipv6_cidr_blocks":null,"prefix_list_ids":null,"protocol":"tcp","security_group_id":"sg-1111111111111111","self":false,"source_security_group_id":"sg-1111111111111111","timeouts":null,"to_port":80,"type":"ingress"},{"cidr_blocks":null,"description":"HTTPS","from_port":443,"id":"sgrule-1111111111","ipv6_cidr_blocks":null,"prefix_list_ids":null,"protocol":"tcp","security_group_id":"sg-1111111111111111","self":false,"source_security_group_id":"sg-1111111111111111","timeouts":null,"to_port":443,"type":"ingress"}]
TestTerraformCompleteExample 2022-12-01T02:49:10Z retry.go:91: terraform [output -no-color -json egress]
TestTerraformCompleteExample 2022-12-01T02:49:10Z logger.go:66: Running command terraform with args [output -no-color -json egress]
TestTerraformCompleteExample 2022-12-01T02:49:11Z logger.go:66: [{"cidr_blocks":["0.0.0.0/0"],"description":"common rule example","from_port":0,"id":"sgrule-1111111111","ipv6_cidr_blocks":["::/0"],"prefix_list_ids":null,"protocol":"-1","security_group_id":"sg-1111111111111111","self":false,"source_security_group_id":null,"timeouts":null,"to_port":0,"type":"egress"},{"cidr_blocks":null,"description":"customer rule example","from_port":0,"id":"sgrule-1111111111","ipv6_cidr_blocks":null,"prefix_list_ids":null,"protocol":"icmp","security_group_id":"sg-1111111111111111","self":false,"source_security_group_id":"sg-1111111111111111","timeouts":null,"to_port":0,"type":"egress"},{"cidr_blocks":null,"description":"SSH","from_port":22,"id":"sgrule-1111111111","ipv6_cidr_blocks":null,"prefix_list_ids":["pl-1111111111111111"],"protocol":"tcp","security_group_id":"sg-1111111111111111","self":false,"source_security_group_id":null,"timeouts":null,"to_port":22,"type":"egress"},{"cidr_blocks":["10.10.0.0/16","10.20.0.0/24"],"description":"managed rule example","from_port":443,"id":"sgrule-1111111111","ipv6_cidr_blocks":null,"prefix_list_ids":null,"protocol":"tcp","security_group_id":"sg-1111111111111111","self":false,"source_security_group_id":null,"timeouts":null,"to_port":443,"type":"egress"},{"cidr_blocks":null,"description":"PostgreSQL","from_port":5432,"id":"sgrule-1111111111","ipv6_cidr_blocks":["2001:db8::/64"],"prefix_list_ids":null,"protocol":"tcp","security_group_id":"sg-1111111111111111","self":false,"source_security_group_id":null,"timeouts":null,"to_port":5432,"type":"egress"},{"cidr_blocks":null,"description":"computed (customer) rule example","from_port":80,"id":"sgrule-1111111111","ipv6_cidr_blocks":null,"prefix_list_ids":["pl-1111111111111111"],"protocol":"tcp","security_group_id":"sg-1111111111111111","self":false,"source_security_group_id":null,"timeouts":null,"to_port":80,"type":"egress"},{"cidr_blocks":null,"description":"computed (managed) rule example","from_port":443,"id":"sgrule-1111111111","ipv6_cidr_blocks":null,"prefix_list_ids":["pl-1111111111111111"],"protocol":"tcp","security_group_id":"sg-1111111111111111","self":false,"source_security_group_id":null,"timeouts":null,"to_port":443,"type":"egress"}]
TestTerraformCompleteExample 2022-12-01T02:49:11Z retry.go:91: terraform [output -no-color -json terratest]
TestTerraformCompleteExample 2022-12-01T02:49:11Z logger.go:66: Running command terraform with args [output -no-color -json terratest]
TestTerraformCompleteExample 2022-12-01T02:49:12Z logger.go:66: {"aws_ec2_managed_prefix_list_other_id":"pl-1111111111111111","aws_security_group_other_id":"sg-1111111111111111","data_aws_prefix_list_private_s3_id":"pl-1111111111111111","data_aws_security_group_default_id":"sg-1111111111111111","egress_count":7,"ingress_count":9,"sg_id_with_exported_module_rule_alias":"sg-1111111111111111"}
TestTerraformCompleteExample 2022-12-01T02:49:12Z retry.go:91: terraform [output -no-color -json sg_rule_with_exported_module_rule_alias]
TestTerraformCompleteExample 2022-12-01T02:49:12Z logger.go:66: Running command terraform with args [output -no-color -json sg_rule_with_exported_module_rule_alias]
TestTerraformCompleteExample 2022-12-01T02:49:13Z logger.go:66: {"cidr_blocks":["10.0.0.0/16"],"description":"HTTPS","from_port":443,"id":"sgrule-1111111111","ipv6_cidr_blocks":null,"prefix_list_ids":null,"protocol":"tcp","security_group_id":"sg-1111111111111111","self":false,"source_security_group_id":null,"timeouts":null,"to_port":443,"type":"ingress"}
TestTerraformCompleteExample 2022-12-01T02:49:13Z retry.go:91: terraform [output -no-color -json disabled_sg_id]
TestTerraformCompleteExample 2022-12-01T02:49:13Z logger.go:66: Running command terraform with args [output -no-color -json disabled_sg_id]
TestTerraformCompleteExample 2022-12-01T02:49:14Z logger.go:66: "I was not created"
TestTerraformCompleteExample 2022-12-01T02:49:14Z retry.go:91: terraform [destroy -auto-approve -input=false -no-color -lock=false]
TestTerraformCompleteExample 2022-12-01T02:49:14Z logger.go:66: Running command terraform with args [destroy -auto-approve -input=false -no-color -lock=false]
TestTerraformCompleteExample 2022-12-01T02:49:17Z logger.go:66: data.aws_vpc.default: Reading...
TestTerraformCompleteExample 2022-12-01T02:49:17Z logger.go:66: data.aws_prefix_list.private_s3: Reading...
TestTerraformCompleteExample 2022-12-01T02:49:17Z logger.go:66: data.aws_prefix_list.private_s3: Read complete after 1s [id=pl-1111111111111111]
TestTerraformCompleteExample 2022-12-01T02:49:17Z logger.go:66: data.aws_vpc.default: Read complete after 1s [id=vpc-1111111111111111]
TestTerraformCompleteExample 2022-12-01T02:49:17Z logger.go:66: data.aws_security_group.default: Reading...
TestTerraformCompleteExample 2022-12-01T02:49:17Z logger.go:66: aws_security_group.example: Refreshing state... [id=sg-1111111111111111]
TestTerraformCompleteExample 2022-12-01T02:49:17Z logger.go:66: module.security_group.aws_security_group.self[0]: Refreshing state... [id=sg-1111111111111111]
TestTerraformCompleteExample 2022-12-01T02:49:17Z logger.go:66: aws_ec2_managed_prefix_list.other: Refreshing state... [id=pl-1111111111111111]
TestTerraformCompleteExample 2022-12-01T02:49:18Z logger.go:66: aws_security_group.other: Refreshing state... [id=sg-1111111111111111]
TestTerraformCompleteExample 2022-12-01T02:49:18Z logger.go:66: aws_security_group_rule.example: Refreshing state... [id=sgrule-1111111111]
TestTerraformCompleteExample 2022-12-01T02:49:18Z logger.go:66: data.aws_security_group.default: Read complete after 0s [id=sg-1111111111111111]
TestTerraformCompleteExample 2022-12-01T02:49:18Z logger.go:66: module.security_group.aws_security_group_rule.computed_ingress[1]: Refreshing state... [id=sgrule-1111111111]
TestTerraformCompleteExample 2022-12-01T02:49:18Z logger.go:66: module.security_group.aws_security_group_rule.ingress["0-0-all-10.10.0.0/16-10.20.0.0/24"]: Refreshing state... [id=sgrule-1111111111]
TestTerraformCompleteExample 2022-12-01T02:49:18Z logger.go:66: module.security_group.aws_security_group_rule.ingress["5432-5432-tcp-2001:db8::/64"]: Refreshing state... [id=sgrule-1111111111]
TestTerraformCompleteExample 2022-12-01T02:49:18Z logger.go:66: module.security_group.aws_security_group_rule.ingress["22-22-tcp-pl-1111111111111111"]: Refreshing state... [id=sgrule-1111111111]
TestTerraformCompleteExample 2022-12-01T02:49:18Z logger.go:66: module.security_group.aws_security_group_rule.ingress["80-80-tcp-0.0.0.0/0-::/0"]: Refreshing state... [id=sgrule-1111111111]
TestTerraformCompleteExample 2022-12-01T02:49:18Z logger.go:66: module.security_group.aws_security_group_rule.ingress["0-0-all-true"]: Refreshing state... [id=sgrule-1111111111]
TestTerraformCompleteExample 2022-12-01T02:49:18Z logger.go:66: module.security_group.aws_security_group_rule.ingress["0-0-icmp-sg-1111111111111111"]: Refreshing state... [id=sgrule-1111111111]
TestTerraformCompleteExample 2022-12-01T02:49:18Z logger.go:66: module.security_group.aws_security_group_rule.computed_ingress[0]: Refreshing state... [id=sgrule-1111111111]
TestTerraformCompleteExample 2022-12-01T02:49:18Z logger.go:66: module.security_group.aws_security_group_rule.ingress["443-443-tcp-0.0.0.0/0-::/0"]: Refreshing state... [id=sgrule-1111111111]
TestTerraformCompleteExample 2022-12-01T02:49:18Z logger.go:66: module.security_group.aws_security_group_rule.egress["0-0-all-0.0.0.0/0-::/0"]: Refreshing state... [id=sgrule-1111111111]
TestTerraformCompleteExample 2022-12-01T02:49:18Z logger.go:66: module.security_group.aws_security_group_rule.egress["443-443-tcp-10.10.0.0/16-10.20.0.0/24"]: Refreshing state... [id=sgrule-1111111111]
TestTerraformCompleteExample 2022-12-01T02:49:18Z logger.go:66: module.security_group.aws_security_group_rule.egress["5432-5432-tcp-2001:db8::/64"]: Refreshing state... [id=sgrule-1111111111]
TestTerraformCompleteExample 2022-12-01T02:49:18Z logger.go:66: module.security_group.aws_security_group_rule.egress["0-0-icmp-sg-1111111111111111"]: Refreshing state... [id=sgrule-1111111111]
TestTerraformCompleteExample 2022-12-01T02:49:18Z logger.go:66: module.security_group.aws_security_group_rule.egress["22-22-tcp-pl-1111111111111111"]: Refreshing state... [id=sgrule-1111111111]
TestTerraformCompleteExample 2022-12-01T02:49:18Z logger.go:66: module.security_group.aws_security_group_rule.computed_egress[0]: Refreshing state... [id=sgrule-1111111111]
TestTerraformCompleteExample 2022-12-01T02:49:18Z logger.go:66: module.security_group.aws_security_group_rule.computed_egress[1]: Refreshing state... [id=sgrule-1111111111]
TestTerraformCompleteExample 2022-12-01T02:49:19Z logger.go:66:
TestTerraformCompleteExample 2022-12-01T02:49:19Z logger.go:66: Terraform used the selected providers to generate the following execution
TestTerraformCompleteExample 2022-12-01T02:49:19Z logger.go:66: plan. Resource actions are indicated with the following symbols:
TestTerraformCompleteExample 2022-12-01T02:49:19Z logger.go:66:   - destroy
TestTerraformCompleteExample 2022-12-01T02:49:19Z logger.go:66:
TestTerraformCompleteExample 2022-12-01T02:49:19Z logger.go:66: Terraform will perform the following actions:
TestTerraformCompleteExample 2022-12-01T02:49:19Z logger.go:66:
TestTerraformCompleteExample 2022-12-01T02:49:19Z logger.go:66:   # aws_ec2_managed_prefix_list.other will be destroyed
TestTerraformCompleteExample 2022-12-01T02:49:19Z logger.go:66:   - resource "aws_ec2_managed_prefix_list" "other" {
TestTerraformCompleteExample 2022-12-01T02:49:19Z logger.go:66:       - address_family = "IPv4" -> null
TestTerraformCompleteExample 2022-12-01T02:49:19Z logger.go:66:       - arn            = "arn:aws:ec2:us-west-2:111111111111:prefix-list/pl-1111111111111111" -> null
TestTerraformCompleteExample 2022-12-01T02:49:19Z logger.go:66:       - id             = "pl-1111111111111111" -> null
TestTerraformCompleteExample 2022-12-01T02:49:19Z logger.go:66:       - max_entries    = 5 -> null
TestTerraformCompleteExample 2022-12-01T02:49:19Z logger.go:66:       - name           = "ex-complete-other" -> null
TestTerraformCompleteExample 2022-12-01T02:49:19Z logger.go:66:       - owner_id       = "111111111111" -> null
TestTerraformCompleteExample 2022-12-01T02:49:19Z logger.go:66:       - tags           = {} -> null
TestTerraformCompleteExample 2022-12-01T02:49:19Z logger.go:66:       - tags_all       = {
TestTerraformCompleteExample 2022-12-01T02:49:19Z logger.go:66:           - "Example"    = "ex-complete"
TestTerraformCompleteExample 2022-12-01T02:49:19Z logger.go:66:           - "GithubOrg"  = "aidanmelen"
TestTerraformCompleteExample 2022-12-01T02:49:19Z logger.go:66:           - "GithubRepo" = "terraform-aws-security-group"
TestTerraformCompleteExample 2022-12-01T02:49:19Z logger.go:66:         } -> null
TestTerraformCompleteExample 2022-12-01T02:49:19Z logger.go:66:       - version        = 1 -> null
TestTerraformCompleteExample 2022-12-01T02:49:19Z logger.go:66:
TestTerraformCompleteExample 2022-12-01T02:49:19Z logger.go:66:       - entry {
TestTerraformCompleteExample 2022-12-01T02:49:19Z logger.go:66:           - cidr        = "172.31.0.0/16" -> null
TestTerraformCompleteExample 2022-12-01T02:49:19Z logger.go:66:           - description = "Primary" -> null
TestTerraformCompleteExample 2022-12-01T02:49:19Z logger.go:66:         }
TestTerraformCompleteExample 2022-12-01T02:49:19Z logger.go:66:     }
TestTerraformCompleteExample 2022-12-01T02:49:19Z logger.go:66:
TestTerraformCompleteExample 2022-12-01T02:49:19Z logger.go:66:   # aws_security_group.example will be destroyed
TestTerraformCompleteExample 2022-12-01T02:49:19Z logger.go:66:   - resource "aws_security_group" "example" {
TestTerraformCompleteExample 2022-12-01T02:49:19Z logger.go:66:       - arn                    = "arn:aws:ec2:us-west-2:111111111111:security-group/sg-1111111111111111" -> null
TestTerraformCompleteExample 2022-12-01T02:49:19Z logger.go:66:       - description            = "Security group rule with exported module rule aliases." -> null
TestTerraformCompleteExample 2022-12-01T02:49:19Z logger.go:66:       - egress                 = [] -> null
TestTerraformCompleteExample 2022-12-01T02:49:19Z logger.go:66:       - id                     = "sg-1111111111111111" -> null
TestTerraformCompleteExample 2022-12-01T02:49:19Z logger.go:66:       - ingress                = [
TestTerraformCompleteExample 2022-12-01T02:49:19Z logger.go:66:           - {
TestTerraformCompleteExample 2022-12-01T02:49:19Z logger.go:66:               - cidr_blocks      = [
TestTerraformCompleteExample 2022-12-01T02:49:19Z logger.go:66:                   - "10.0.0.0/16",
TestTerraformCompleteExample 2022-12-01T02:49:19Z logger.go:66:                 ]
TestTerraformCompleteExample 2022-12-01T02:49:19Z logger.go:66:               - description      = "HTTPS"
TestTerraformCompleteExample 2022-12-01T02:49:19Z logger.go:66:               - from_port        = 443
TestTerraformCompleteExample 2022-12-01T02:49:19Z logger.go:66:               - ipv6_cidr_blocks = []
TestTerraformCompleteExample 2022-12-01T02:49:19Z logger.go:66:               - prefix_list_ids  = []
TestTerraformCompleteExample 2022-12-01T02:49:19Z logger.go:66:               - protocol         = "tcp"
TestTerraformCompleteExample 2022-12-01T02:49:19Z logger.go:66:               - security_groups  = []
TestTerraformCompleteExample 2022-12-01T02:49:19Z logger.go:66:               - self             = false
TestTerraformCompleteExample 2022-12-01T02:49:19Z logger.go:66:               - to_port          = 443
TestTerraformCompleteExample 2022-12-01T02:49:19Z logger.go:66:             },
TestTerraformCompleteExample 2022-12-01T02:49:19Z logger.go:66:         ] -> null
TestTerraformCompleteExample 2022-12-01T02:49:19Z logger.go:66:       - name                   = "ex-complete-export-rule-alises" -> null
TestTerraformCompleteExample 2022-12-01T02:49:19Z logger.go:66:       - owner_id               = "111111111111" -> null
TestTerraformCompleteExample 2022-12-01T02:49:19Z logger.go:66:       - revoke_rules_on_delete = false -> null
TestTerraformCompleteExample 2022-12-01T02:49:19Z logger.go:66:       - tags                   = {} -> null
TestTerraformCompleteExample 2022-12-01T02:49:19Z logger.go:66:       - tags_all               = {
TestTerraformCompleteExample 2022-12-01T02:49:19Z logger.go:66:           - "Example"    = "ex-complete"
TestTerraformCompleteExample 2022-12-01T02:49:19Z logger.go:66:           - "GithubOrg"  = "aidanmelen"
TestTerraformCompleteExample 2022-12-01T02:49:19Z logger.go:66:           - "GithubRepo" = "terraform-aws-security-group"
TestTerraformCompleteExample 2022-12-01T02:49:19Z logger.go:66:         } -> null
TestTerraformCompleteExample 2022-12-01T02:49:19Z logger.go:66:       - vpc_id                 = "vpc-1111111111111111" -> null
TestTerraformCompleteExample 2022-12-01T02:49:19Z logger.go:66:     }
TestTerraformCompleteExample 2022-12-01T02:49:19Z logger.go:66:
TestTerraformCompleteExample 2022-12-01T02:49:19Z logger.go:66:   # aws_security_group.other will be destroyed
TestTerraformCompleteExample 2022-12-01T02:49:19Z logger.go:66:   - resource "aws_security_group" "other" {
TestTerraformCompleteExample 2022-12-01T02:49:19Z logger.go:66:       - arn                    = "arn:aws:ec2:us-west-2:111111111111:security-group/sg-1111111111111111" -> null
TestTerraformCompleteExample 2022-12-01T02:49:19Z logger.go:66:       - description            = "ex-complete-other" -> null
TestTerraformCompleteExample 2022-12-01T02:49:19Z logger.go:66:       - egress                 = [] -> null
TestTerraformCompleteExample 2022-12-01T02:49:19Z logger.go:66:       - id                     = "sg-1111111111111111" -> null
TestTerraformCompleteExample 2022-12-01T02:49:19Z logger.go:66:       - ingress                = [] -> null
TestTerraformCompleteExample 2022-12-01T02:49:19Z logger.go:66:       - name                   = "ex-complete-other" -> null
TestTerraformCompleteExample 2022-12-01T02:49:19Z logger.go:66:       - owner_id               = "111111111111" -> null
TestTerraformCompleteExample 2022-12-01T02:49:19Z logger.go:66:       - revoke_rules_on_delete = false -> null
TestTerraformCompleteExample 2022-12-01T02:49:19Z logger.go:66:       - tags                   = {
TestTerraformCompleteExample 2022-12-01T02:49:19Z logger.go:66:           - "Name" = "ex-complete-other"
TestTerraformCompleteExample 2022-12-01T02:49:19Z logger.go:66:         } -> null
TestTerraformCompleteExample 2022-12-01T02:49:19Z logger.go:66:       - tags_all               = {
TestTerraformCompleteExample 2022-12-01T02:49:19Z logger.go:66:           - "Example"    = "ex-complete"
TestTerraformCompleteExample 2022-12-01T02:49:19Z logger.go:66:           - "GithubOrg"  = "aidanmelen"
TestTerraformCompleteExample 2022-12-01T02:49:19Z logger.go:66:           - "GithubRepo" = "terraform-aws-security-group"
TestTerraformCompleteExample 2022-12-01T02:49:19Z logger.go:66:           - "Name"       = "ex-complete-other"
TestTerraformCompleteExample 2022-12-01T02:49:19Z logger.go:66:         } -> null
TestTerraformCompleteExample 2022-12-01T02:49:19Z logger.go:66:       - vpc_id                 = "vpc-1111111111111111" -> null
TestTerraformCompleteExample 2022-12-01T02:49:19Z logger.go:66:     }
TestTerraformCompleteExample 2022-12-01T02:49:19Z logger.go:66:
TestTerraformCompleteExample 2022-12-01T02:49:19Z logger.go:66:   # aws_security_group_rule.example will be destroyed
TestTerraformCompleteExample 2022-12-01T02:49:19Z logger.go:66:   - resource "aws_security_group_rule" "example" {
TestTerraformCompleteExample 2022-12-01T02:49:19Z logger.go:66:       - cidr_blocks       = [
TestTerraformCompleteExample 2022-12-01T02:49:19Z logger.go:66:           - "10.0.0.0/16",
TestTerraformCompleteExample 2022-12-01T02:49:19Z logger.go:66:         ] -> null
TestTerraformCompleteExample 2022-12-01T02:49:19Z logger.go:66:       - description       = "HTTPS" -> null
TestTerraformCompleteExample 2022-12-01T02:49:19Z logger.go:66:       - from_port         = 443 -> null
TestTerraformCompleteExample 2022-12-01T02:49:19Z logger.go:66:       - id                = "sgrule-1111111111" -> null
TestTerraformCompleteExample 2022-12-01T02:49:19Z logger.go:66:       - protocol          = "tcp" -> null
TestTerraformCompleteExample 2022-12-01T02:49:19Z logger.go:66:       - security_group_id = "sg-1111111111111111" -> null
TestTerraformCompleteExample 2022-12-01T02:49:19Z logger.go:66:       - self              = false -> null
TestTerraformCompleteExample 2022-12-01T02:49:19Z logger.go:66:       - to_port           = 443 -> null
TestTerraformCompleteExample 2022-12-01T02:49:19Z logger.go:66:       - type              = "ingress" -> null
TestTerraformCompleteExample 2022-12-01T02:49:19Z logger.go:66:     }
TestTerraformCompleteExample 2022-12-01T02:49:19Z logger.go:66:
TestTerraformCompleteExample 2022-12-01T02:49:19Z logger.go:66:   # module.security_group.aws_security_group.self[0] will be destroyed
TestTerraformCompleteExample 2022-12-01T02:49:19Z logger.go:66:   - resource "aws_security_group" "self" {
TestTerraformCompleteExample 2022-12-01T02:49:19Z logger.go:66:       - arn                    = "arn:aws:ec2:us-west-2:111111111111:security-group/sg-1111111111111111" -> null
TestTerraformCompleteExample 2022-12-01T02:49:19Z logger.go:66:       - description            = "ex-complete" -> null
TestTerraformCompleteExample 2022-12-01T02:49:19Z logger.go:66:       - egress                 = [
TestTerraformCompleteExample 2022-12-01T02:49:19Z logger.go:66:           - {
TestTerraformCompleteExample 2022-12-01T02:49:19Z logger.go:66:               - cidr_blocks      = [
TestTerraformCompleteExample 2022-12-01T02:49:19Z logger.go:66:                   - "0.0.0.0/0",
TestTerraformCompleteExample 2022-12-01T02:49:19Z logger.go:66:                 ]
TestTerraformCompleteExample 2022-12-01T02:49:19Z logger.go:66:               - description      = "common rule example"
TestTerraformCompleteExample 2022-12-01T02:49:19Z logger.go:66:               - from_port        = 0
TestTerraformCompleteExample 2022-12-01T02:49:19Z logger.go:66:               - ipv6_cidr_blocks = [
TestTerraformCompleteExample 2022-12-01T02:49:19Z logger.go:66:                   - "::/0",
TestTerraformCompleteExample 2022-12-01T02:49:19Z logger.go:66:                 ]
TestTerraformCompleteExample 2022-12-01T02:49:19Z logger.go:66:               - prefix_list_ids  = []
TestTerraformCompleteExample 2022-12-01T02:49:19Z logger.go:66:               - protocol         = "-1"
TestTerraformCompleteExample 2022-12-01T02:49:19Z logger.go:66:               - security_groups  = []
TestTerraformCompleteExample 2022-12-01T02:49:19Z logger.go:66:               - self             = false
TestTerraformCompleteExample 2022-12-01T02:49:19Z logger.go:66:               - to_port          = 0
TestTerraformCompleteExample 2022-12-01T02:49:19Z logger.go:66:             },
TestTerraformCompleteExample 2022-12-01T02:49:19Z logger.go:66:           - {
TestTerraformCompleteExample 2022-12-01T02:49:19Z logger.go:66:               - cidr_blocks      = [
TestTerraformCompleteExample 2022-12-01T02:49:19Z logger.go:66:                   - "10.10.0.0/16",
TestTerraformCompleteExample 2022-12-01T02:49:19Z logger.go:66:                   - "10.20.0.0/24",
TestTerraformCompleteExample 2022-12-01T02:49:19Z logger.go:66:                 ]
TestTerraformCompleteExample 2022-12-01T02:49:19Z logger.go:66:               - description      = "managed rule example"
TestTerraformCompleteExample 2022-12-01T02:49:19Z logger.go:66:               - from_port        = 443
TestTerraformCompleteExample 2022-12-01T02:49:19Z logger.go:66:               - ipv6_cidr_blocks = []
TestTerraformCompleteExample 2022-12-01T02:49:19Z logger.go:66:               - prefix_list_ids  = []
TestTerraformCompleteExample 2022-12-01T02:49:19Z logger.go:66:               - protocol         = "tcp"
TestTerraformCompleteExample 2022-12-01T02:49:19Z logger.go:66:               - security_groups  = []
TestTerraformCompleteExample 2022-12-01T02:49:19Z logger.go:66:               - self             = false
TestTerraformCompleteExample 2022-12-01T02:49:19Z logger.go:66:               - to_port          = 443
TestTerraformCompleteExample 2022-12-01T02:49:19Z logger.go:66:             },
TestTerraformCompleteExample 2022-12-01T02:49:19Z logger.go:66:           - {
TestTerraformCompleteExample 2022-12-01T02:49:19Z logger.go:66:               - cidr_blocks      = []
TestTerraformCompleteExample 2022-12-01T02:49:19Z logger.go:66:               - description      = "PostgreSQL"
TestTerraformCompleteExample 2022-12-01T02:49:19Z logger.go:66:               - from_port        = 5432
TestTerraformCompleteExample 2022-12-01T02:49:19Z logger.go:66:               - ipv6_cidr_blocks = [
TestTerraformCompleteExample 2022-12-01T02:49:19Z logger.go:66:                   - "2001:db8::/64",
TestTerraformCompleteExample 2022-12-01T02:49:19Z logger.go:66:                 ]
TestTerraformCompleteExample 2022-12-01T02:49:19Z logger.go:66:               - prefix_list_ids  = []
TestTerraformCompleteExample 2022-12-01T02:49:19Z logger.go:66:               - protocol         = "tcp"
TestTerraformCompleteExample 2022-12-01T02:49:19Z logger.go:66:               - security_groups  = []
TestTerraformCompleteExample 2022-12-01T02:49:19Z logger.go:66:               - self             = false
TestTerraformCompleteExample 2022-12-01T02:49:19Z logger.go:66:               - to_port          = 5432
TestTerraformCompleteExample 2022-12-01T02:49:19Z logger.go:66:             },
TestTerraformCompleteExample 2022-12-01T02:49:19Z logger.go:66:           - {
TestTerraformCompleteExample 2022-12-01T02:49:19Z logger.go:66:               - cidr_blocks      = []
TestTerraformCompleteExample 2022-12-01T02:49:19Z logger.go:66:               - description      = "SSH"
TestTerraformCompleteExample 2022-12-01T02:49:19Z logger.go:66:               - from_port        = 22
TestTerraformCompleteExample 2022-12-01T02:49:19Z logger.go:66:               - ipv6_cidr_blocks = []
TestTerraformCompleteExample 2022-12-01T02:49:19Z logger.go:66:               - prefix_list_ids  = [
TestTerraformCompleteExample 2022-12-01T02:49:19Z logger.go:66:                   - "pl-1111111111111111",
TestTerraformCompleteExample 2022-12-01T02:49:19Z logger.go:66:                 ]
TestTerraformCompleteExample 2022-12-01T02:49:19Z logger.go:66:               - protocol         = "tcp"
TestTerraformCompleteExample 2022-12-01T02:49:19Z logger.go:66:               - security_groups  = []
TestTerraformCompleteExample 2022-12-01T02:49:19Z logger.go:66:               - self             = false
TestTerraformCompleteExample 2022-12-01T02:49:19Z logger.go:66:               - to_port          = 22
TestTerraformCompleteExample 2022-12-01T02:49:19Z logger.go:66:             },
TestTerraformCompleteExample 2022-12-01T02:49:19Z logger.go:66:           - {
TestTerraformCompleteExample 2022-12-01T02:49:19Z logger.go:66:               - cidr_blocks      = []
TestTerraformCompleteExample 2022-12-01T02:49:19Z logger.go:66:               - description      = "computed (customer) rule example"
TestTerraformCompleteExample 2022-12-01T02:49:19Z logger.go:66:               - from_port        = 80
TestTerraformCompleteExample 2022-12-01T02:49:19Z logger.go:66:               - ipv6_cidr_blocks = []
TestTerraformCompleteExample 2022-12-01T02:49:19Z logger.go:66:               - prefix_list_ids  = [
TestTerraformCompleteExample 2022-12-01T02:49:19Z logger.go:66:                   - "pl-1111111111111111",
TestTerraformCompleteExample 2022-12-01T02:49:19Z logger.go:66:                 ]
TestTerraformCompleteExample 2022-12-01T02:49:19Z logger.go:66:               - protocol         = "tcp"
TestTerraformCompleteExample 2022-12-01T02:49:19Z logger.go:66:               - security_groups  = []
TestTerraformCompleteExample 2022-12-01T02:49:19Z logger.go:66:               - self             = false
TestTerraformCompleteExample 2022-12-01T02:49:19Z logger.go:66:               - to_port          = 80
TestTerraformCompleteExample 2022-12-01T02:49:19Z logger.go:66:             },
TestTerraformCompleteExample 2022-12-01T02:49:19Z logger.go:66:           - {
TestTerraformCompleteExample 2022-12-01T02:49:19Z logger.go:66:               - cidr_blocks      = []
TestTerraformCompleteExample 2022-12-01T02:49:19Z logger.go:66:               - description      = "computed (managed) rule example"
TestTerraformCompleteExample 2022-12-01T02:49:19Z logger.go:66:               - from_port        = 443
TestTerraformCompleteExample 2022-12-01T02:49:19Z logger.go:66:               - ipv6_cidr_blocks = []
TestTerraformCompleteExample 2022-12-01T02:49:19Z logger.go:66:               - prefix_list_ids  = [
TestTerraformCompleteExample 2022-12-01T02:49:19Z logger.go:66:                   - "pl-1111111111111111",
TestTerraformCompleteExample 2022-12-01T02:49:19Z logger.go:66:                 ]
TestTerraformCompleteExample 2022-12-01T02:49:19Z logger.go:66:               - protocol         = "tcp"
TestTerraformCompleteExample 2022-12-01T02:49:19Z logger.go:66:               - security_groups  = []
TestTerraformCompleteExample 2022-12-01T02:49:19Z logger.go:66:               - self             = false
TestTerraformCompleteExample 2022-12-01T02:49:19Z logger.go:66:               - to_port          = 443
TestTerraformCompleteExample 2022-12-01T02:49:19Z logger.go:66:             },
TestTerraformCompleteExample 2022-12-01T02:49:19Z logger.go:66:           - {
TestTerraformCompleteExample 2022-12-01T02:49:19Z logger.go:66:               - cidr_blocks      = []
TestTerraformCompleteExample 2022-12-01T02:49:19Z logger.go:66:               - description      = "customer rule example"
TestTerraformCompleteExample 2022-12-01T02:49:19Z logger.go:66:               - from_port        = 0
TestTerraformCompleteExample 2022-12-01T02:49:19Z logger.go:66:               - ipv6_cidr_blocks = []
TestTerraformCompleteExample 2022-12-01T02:49:19Z logger.go:66:               - prefix_list_ids  = []
TestTerraformCompleteExample 2022-12-01T02:49:19Z logger.go:66:               - protocol         = "icmp"
TestTerraformCompleteExample 2022-12-01T02:49:19Z logger.go:66:               - security_groups  = [
TestTerraformCompleteExample 2022-12-01T02:49:19Z logger.go:66:                   - "sg-1111111111111111",
TestTerraformCompleteExample 2022-12-01T02:49:19Z logger.go:66:                 ]
TestTerraformCompleteExample 2022-12-01T02:49:19Z logger.go:66:               - self             = false
TestTerraformCompleteExample 2022-12-01T02:49:19Z logger.go:66:               - to_port          = 0
TestTerraformCompleteExample 2022-12-01T02:49:19Z logger.go:66:             },
TestTerraformCompleteExample 2022-12-01T02:49:19Z logger.go:66:         ] -> null
TestTerraformCompleteExample 2022-12-01T02:49:19Z logger.go:66:       - id                     = "sg-1111111111111111" -> null
TestTerraformCompleteExample 2022-12-01T02:49:19Z logger.go:66:       - ingress                = [
TestTerraformCompleteExample 2022-12-01T02:49:19Z logger.go:66:           - {
TestTerraformCompleteExample 2022-12-01T02:49:19Z logger.go:66:               - cidr_blocks      = [
TestTerraformCompleteExample 2022-12-01T02:49:19Z logger.go:66:                   - "0.0.0.0/0",
TestTerraformCompleteExample 2022-12-01T02:49:19Z logger.go:66:                 ]
TestTerraformCompleteExample 2022-12-01T02:49:19Z logger.go:66:               - description      = "HTTP from public"
TestTerraformCompleteExample 2022-12-01T02:49:19Z logger.go:66:               - from_port        = 80
TestTerraformCompleteExample 2022-12-01T02:49:19Z logger.go:66:               - ipv6_cidr_blocks = [
TestTerraformCompleteExample 2022-12-01T02:49:19Z logger.go:66:                   - "::/0",
TestTerraformCompleteExample 2022-12-01T02:49:19Z logger.go:66:                 ]
TestTerraformCompleteExample 2022-12-01T02:49:19Z logger.go:66:               - prefix_list_ids  = []
TestTerraformCompleteExample 2022-12-01T02:49:19Z logger.go:66:               - protocol         = "tcp"
TestTerraformCompleteExample 2022-12-01T02:49:19Z logger.go:66:               - security_groups  = []
TestTerraformCompleteExample 2022-12-01T02:49:19Z logger.go:66:               - self             = false
TestTerraformCompleteExample 2022-12-01T02:49:19Z logger.go:66:               - to_port          = 80
TestTerraformCompleteExample 2022-12-01T02:49:19Z logger.go:66:             },
TestTerraformCompleteExample 2022-12-01T02:49:19Z logger.go:66:           - {
TestTerraformCompleteExample 2022-12-01T02:49:19Z logger.go:66:               - cidr_blocks      = [
TestTerraformCompleteExample 2022-12-01T02:49:19Z logger.go:66:                   - "0.0.0.0/0",
TestTerraformCompleteExample 2022-12-01T02:49:19Z logger.go:66:                 ]
TestTerraformCompleteExample 2022-12-01T02:49:19Z logger.go:66:               - description      = "common rule example"
TestTerraformCompleteExample 2022-12-01T02:49:19Z logger.go:66:               - from_port        = 443
TestTerraformCompleteExample 2022-12-01T02:49:19Z logger.go:66:               - ipv6_cidr_blocks = [
TestTerraformCompleteExample 2022-12-01T02:49:19Z logger.go:66:                   - "::/0",
TestTerraformCompleteExample 2022-12-01T02:49:19Z logger.go:66:                 ]
TestTerraformCompleteExample 2022-12-01T02:49:19Z logger.go:66:               - prefix_list_ids  = []
TestTerraformCompleteExample 2022-12-01T02:49:19Z logger.go:66:               - protocol         = "tcp"
TestTerraformCompleteExample 2022-12-01T02:49:19Z logger.go:66:               - security_groups  = []
TestTerraformCompleteExample 2022-12-01T02:49:19Z logger.go:66:               - self             = false
TestTerraformCompleteExample 2022-12-01T02:49:19Z logger.go:66:               - to_port          = 443
TestTerraformCompleteExample 2022-12-01T02:49:19Z logger.go:66:             },
TestTerraformCompleteExample 2022-12-01T02:49:19Z logger.go:66:           - {
TestTerraformCompleteExample 2022-12-01T02:49:19Z logger.go:66:               - cidr_blocks      = [
TestTerraformCompleteExample 2022-12-01T02:49:19Z logger.go:66:                   - "10.10.0.0/16",
TestTerraformCompleteExample 2022-12-01T02:49:19Z logger.go:66:                   - "10.20.0.0/24",
TestTerraformCompleteExample 2022-12-01T02:49:19Z logger.go:66:                 ]
TestTerraformCompleteExample 2022-12-01T02:49:19Z logger.go:66:               - description      = "managed rule example"
TestTerraformCompleteExample 2022-12-01T02:49:19Z logger.go:66:               - from_port        = 0
TestTerraformCompleteExample 2022-12-01T02:49:19Z logger.go:66:               - ipv6_cidr_blocks = []
TestTerraformCompleteExample 2022-12-01T02:49:19Z logger.go:66:               - prefix_list_ids  = []
TestTerraformCompleteExample 2022-12-01T02:49:19Z logger.go:66:               - protocol         = "-1"
TestTerraformCompleteExample 2022-12-01T02:49:19Z logger.go:66:               - security_groups  = []
TestTerraformCompleteExample 2022-12-01T02:49:19Z logger.go:66:               - self             = false
TestTerraformCompleteExample 2022-12-01T02:49:19Z logger.go:66:               - to_port          = 0
TestTerraformCompleteExample 2022-12-01T02:49:19Z logger.go:66:             },
TestTerraformCompleteExample 2022-12-01T02:49:19Z logger.go:66:           - {
TestTerraformCompleteExample 2022-12-01T02:49:19Z logger.go:66:               - cidr_blocks      = []
TestTerraformCompleteExample 2022-12-01T02:49:19Z logger.go:66:               - description      = "All protocols to self"
TestTerraformCompleteExample 2022-12-01T02:49:19Z logger.go:66:               - from_port        = 0
TestTerraformCompleteExample 2022-12-01T02:49:19Z logger.go:66:               - ipv6_cidr_blocks = []
TestTerraformCompleteExample 2022-12-01T02:49:19Z logger.go:66:               - prefix_list_ids  = []
TestTerraformCompleteExample 2022-12-01T02:49:19Z logger.go:66:               - protocol         = "-1"
TestTerraformCompleteExample 2022-12-01T02:49:19Z logger.go:66:               - security_groups  = []
TestTerraformCompleteExample 2022-12-01T02:49:19Z logger.go:66:               - self             = true
TestTerraformCompleteExample 2022-12-01T02:49:19Z logger.go:66:               - to_port          = 0
TestTerraformCompleteExample 2022-12-01T02:49:19Z logger.go:66:             },
TestTerraformCompleteExample 2022-12-01T02:49:19Z logger.go:66:           - {
TestTerraformCompleteExample 2022-12-01T02:49:19Z logger.go:66:               - cidr_blocks      = []
TestTerraformCompleteExample 2022-12-01T02:49:19Z logger.go:66:               - description      = "HTTPS"
TestTerraformCompleteExample 2022-12-01T02:49:19Z logger.go:66:               - from_port        = 443
TestTerraformCompleteExample 2022-12-01T02:49:19Z logger.go:66:               - ipv6_cidr_blocks = []
TestTerraformCompleteExample 2022-12-01T02:49:19Z logger.go:66:               - prefix_list_ids  = []
TestTerraformCompleteExample 2022-12-01T02:49:19Z logger.go:66:               - protocol         = "tcp"
TestTerraformCompleteExample 2022-12-01T02:49:19Z logger.go:66:               - security_groups  = [
TestTerraformCompleteExample 2022-12-01T02:49:19Z logger.go:66:                   - "sg-1111111111111111",
TestTerraformCompleteExample 2022-12-01T02:49:19Z logger.go:66:                 ]
TestTerraformCompleteExample 2022-12-01T02:49:19Z logger.go:66:               - self             = false
TestTerraformCompleteExample 2022-12-01T02:49:19Z logger.go:66:               - to_port          = 443
TestTerraformCompleteExample 2022-12-01T02:49:19Z logger.go:66:             },
TestTerraformCompleteExample 2022-12-01T02:49:19Z logger.go:66:           - {
TestTerraformCompleteExample 2022-12-01T02:49:19Z logger.go:66:               - cidr_blocks      = []
TestTerraformCompleteExample 2022-12-01T02:49:19Z logger.go:66:               - description      = "PostgreSQL"
TestTerraformCompleteExample 2022-12-01T02:49:19Z logger.go:66:               - from_port        = 5432
TestTerraformCompleteExample 2022-12-01T02:49:19Z logger.go:66:               - ipv6_cidr_blocks = [
TestTerraformCompleteExample 2022-12-01T02:49:19Z logger.go:66:                   - "2001:db8::/64",
TestTerraformCompleteExample 2022-12-01T02:49:19Z logger.go:66:                 ]
TestTerraformCompleteExample 2022-12-01T02:49:19Z logger.go:66:               - prefix_list_ids  = []
TestTerraformCompleteExample 2022-12-01T02:49:19Z logger.go:66:               - protocol         = "tcp"
TestTerraformCompleteExample 2022-12-01T02:49:19Z logger.go:66:               - security_groups  = []
TestTerraformCompleteExample 2022-12-01T02:49:19Z logger.go:66:               - self             = false
TestTerraformCompleteExample 2022-12-01T02:49:19Z logger.go:66:               - to_port          = 5432
TestTerraformCompleteExample 2022-12-01T02:49:19Z logger.go:66:             },
TestTerraformCompleteExample 2022-12-01T02:49:19Z logger.go:66:           - {
TestTerraformCompleteExample 2022-12-01T02:49:19Z logger.go:66:               - cidr_blocks      = []
TestTerraformCompleteExample 2022-12-01T02:49:19Z logger.go:66:               - description      = "SSH"
TestTerraformCompleteExample 2022-12-01T02:49:19Z logger.go:66:               - from_port        = 22
TestTerraformCompleteExample 2022-12-01T02:49:19Z logger.go:66:               - ipv6_cidr_blocks = []
TestTerraformCompleteExample 2022-12-01T02:49:19Z logger.go:66:               - prefix_list_ids  = [
TestTerraformCompleteExample 2022-12-01T02:49:19Z logger.go:66:                   - "pl-1111111111111111",
TestTerraformCompleteExample 2022-12-01T02:49:19Z logger.go:66:                 ]
TestTerraformCompleteExample 2022-12-01T02:49:19Z logger.go:66:               - protocol         = "tcp"
TestTerraformCompleteExample 2022-12-01T02:49:19Z logger.go:66:               - security_groups  = []
TestTerraformCompleteExample 2022-12-01T02:49:19Z logger.go:66:               - self             = false
TestTerraformCompleteExample 2022-12-01T02:49:19Z logger.go:66:               - to_port          = 22
TestTerraformCompleteExample 2022-12-01T02:49:19Z logger.go:66:             },
TestTerraformCompleteExample 2022-12-01T02:49:19Z logger.go:66:           - {
TestTerraformCompleteExample 2022-12-01T02:49:19Z logger.go:66:               - cidr_blocks      = []
TestTerraformCompleteExample 2022-12-01T02:49:19Z logger.go:66:               - description      = "This rule must be computed because it is created in the same terraform run as this module and is unknown at plan time."
TestTerraformCompleteExample 2022-12-01T02:49:19Z logger.go:66:               - from_port        = 80
TestTerraformCompleteExample 2022-12-01T02:49:19Z logger.go:66:               - ipv6_cidr_blocks = []
TestTerraformCompleteExample 2022-12-01T02:49:19Z logger.go:66:               - prefix_list_ids  = []
TestTerraformCompleteExample 2022-12-01T02:49:19Z logger.go:66:               - protocol         = "tcp"
TestTerraformCompleteExample 2022-12-01T02:49:19Z logger.go:66:               - security_groups  = [
TestTerraformCompleteExample 2022-12-01T02:49:19Z logger.go:66:                   - "sg-1111111111111111",
TestTerraformCompleteExample 2022-12-01T02:49:19Z logger.go:66:                 ]
TestTerraformCompleteExample 2022-12-01T02:49:19Z logger.go:66:               - self             = false
TestTerraformCompleteExample 2022-12-01T02:49:19Z logger.go:66:               - to_port          = 80
TestTerraformCompleteExample 2022-12-01T02:49:19Z logger.go:66:             },
TestTerraformCompleteExample 2022-12-01T02:49:19Z logger.go:66:           - {
TestTerraformCompleteExample 2022-12-01T02:49:19Z logger.go:66:               - cidr_blocks      = []
TestTerraformCompleteExample 2022-12-01T02:49:19Z logger.go:66:               - description      = "customer rule example"
TestTerraformCompleteExample 2022-12-01T02:49:19Z logger.go:66:               - from_port        = 0
TestTerraformCompleteExample 2022-12-01T02:49:19Z logger.go:66:               - ipv6_cidr_blocks = []
TestTerraformCompleteExample 2022-12-01T02:49:19Z logger.go:66:               - prefix_list_ids  = []
TestTerraformCompleteExample 2022-12-01T02:49:19Z logger.go:66:               - protocol         = "icmp"
TestTerraformCompleteExample 2022-12-01T02:49:19Z logger.go:66:               - security_groups  = [
TestTerraformCompleteExample 2022-12-01T02:49:19Z logger.go:66:                   - "sg-1111111111111111",
TestTerraformCompleteExample 2022-12-01T02:49:19Z logger.go:66:                 ]
TestTerraformCompleteExample 2022-12-01T02:49:19Z logger.go:66:               - self             = false
TestTerraformCompleteExample 2022-12-01T02:49:19Z logger.go:66:               - to_port          = 0
TestTerraformCompleteExample 2022-12-01T02:49:19Z logger.go:66:             },
TestTerraformCompleteExample 2022-12-01T02:49:19Z logger.go:66:         ] -> null
TestTerraformCompleteExample 2022-12-01T02:49:19Z logger.go:66:       - name                   = "ex-complete" -> null
TestTerraformCompleteExample 2022-12-01T02:49:19Z logger.go:66:       - owner_id               = "111111111111" -> null
TestTerraformCompleteExample 2022-12-01T02:49:19Z logger.go:66:       - revoke_rules_on_delete = false -> null
TestTerraformCompleteExample 2022-12-01T02:49:19Z logger.go:66:       - tags                   = {
TestTerraformCompleteExample 2022-12-01T02:49:19Z logger.go:66:           - "Name" = "ex-complete"
TestTerraformCompleteExample 2022-12-01T02:49:19Z logger.go:66:         } -> null
TestTerraformCompleteExample 2022-12-01T02:49:19Z logger.go:66:       - tags_all               = {
TestTerraformCompleteExample 2022-12-01T02:49:19Z logger.go:66:           - "Example"    = "ex-complete"
TestTerraformCompleteExample 2022-12-01T02:49:19Z logger.go:66:           - "GithubOrg"  = "aidanmelen"
TestTerraformCompleteExample 2022-12-01T02:49:19Z logger.go:66:           - "GithubRepo" = "terraform-aws-security-group"
TestTerraformCompleteExample 2022-12-01T02:49:19Z logger.go:66:           - "Name"       = "ex-complete"
TestTerraformCompleteExample 2022-12-01T02:49:19Z logger.go:66:         } -> null
TestTerraformCompleteExample 2022-12-01T02:49:19Z logger.go:66:       - vpc_id                 = "vpc-1111111111111111" -> null
TestTerraformCompleteExample 2022-12-01T02:49:19Z logger.go:66:
TestTerraformCompleteExample 2022-12-01T02:49:19Z logger.go:66:       - timeouts {
TestTerraformCompleteExample 2022-12-01T02:49:19Z logger.go:66:           - create = "10m" -> null
TestTerraformCompleteExample 2022-12-01T02:49:19Z logger.go:66:           - delete = "15m" -> null
TestTerraformCompleteExample 2022-12-01T02:49:19Z logger.go:66:         }
TestTerraformCompleteExample 2022-12-01T02:49:19Z logger.go:66:     }
TestTerraformCompleteExample 2022-12-01T02:49:19Z logger.go:66:
TestTerraformCompleteExample 2022-12-01T02:49:19Z logger.go:66:   # module.security_group.aws_security_group_rule.computed_egress[0] will be destroyed
TestTerraformCompleteExample 2022-12-01T02:49:19Z logger.go:66:   - resource "aws_security_group_rule" "computed_egress" {
TestTerraformCompleteExample 2022-12-01T02:49:19Z logger.go:66:       - description       = "computed (customer) rule example" -> null
TestTerraformCompleteExample 2022-12-01T02:49:19Z logger.go:66:       - from_port         = 80 -> null
TestTerraformCompleteExample 2022-12-01T02:49:19Z logger.go:66:       - id                = "sgrule-1111111111" -> null
TestTerraformCompleteExample 2022-12-01T02:49:19Z logger.go:66:       - prefix_list_ids   = [
TestTerraformCompleteExample 2022-12-01T02:49:19Z logger.go:66:           - "pl-1111111111111111",
TestTerraformCompleteExample 2022-12-01T02:49:19Z logger.go:66:         ] -> null
TestTerraformCompleteExample 2022-12-01T02:49:19Z logger.go:66:       - protocol          = "tcp" -> null
TestTerraformCompleteExample 2022-12-01T02:49:19Z logger.go:66:       - security_group_id = "sg-1111111111111111" -> null
TestTerraformCompleteExample 2022-12-01T02:49:19Z logger.go:66:       - self              = false -> null
TestTerraformCompleteExample 2022-12-01T02:49:19Z logger.go:66:       - to_port           = 80 -> null
TestTerraformCompleteExample 2022-12-01T02:49:19Z logger.go:66:       - type              = "egress" -> null
TestTerraformCompleteExample 2022-12-01T02:49:19Z logger.go:66:     }
TestTerraformCompleteExample 2022-12-01T02:49:19Z logger.go:66:
TestTerraformCompleteExample 2022-12-01T02:49:19Z logger.go:66:   # module.security_group.aws_security_group_rule.computed_egress[1] will be destroyed
TestTerraformCompleteExample 2022-12-01T02:49:19Z logger.go:66:   - resource "aws_security_group_rule" "computed_egress" {
TestTerraformCompleteExample 2022-12-01T02:49:19Z logger.go:66:       - description       = "computed (managed) rule example" -> null
TestTerraformCompleteExample 2022-12-01T02:49:19Z logger.go:66:       - from_port         = 443 -> null
TestTerraformCompleteExample 2022-12-01T02:49:19Z logger.go:66:       - id                = "sgrule-1111111111" -> null
TestTerraformCompleteExample 2022-12-01T02:49:19Z logger.go:66:       - prefix_list_ids   = [
TestTerraformCompleteExample 2022-12-01T02:49:19Z logger.go:66:           - "pl-1111111111111111",
TestTerraformCompleteExample 2022-12-01T02:49:19Z logger.go:66:         ] -> null
TestTerraformCompleteExample 2022-12-01T02:49:19Z logger.go:66:       - protocol          = "tcp" -> null
TestTerraformCompleteExample 2022-12-01T02:49:19Z logger.go:66:       - security_group_id = "sg-1111111111111111" -> null
TestTerraformCompleteExample 2022-12-01T02:49:19Z logger.go:66:       - self              = false -> null
TestTerraformCompleteExample 2022-12-01T02:49:19Z logger.go:66:       - to_port           = 443 -> null
TestTerraformCompleteExample 2022-12-01T02:49:19Z logger.go:66:       - type              = "egress" -> null
TestTerraformCompleteExample 2022-12-01T02:49:19Z logger.go:66:     }
TestTerraformCompleteExample 2022-12-01T02:49:19Z logger.go:66:
TestTerraformCompleteExample 2022-12-01T02:49:19Z logger.go:66:   # module.security_group.aws_security_group_rule.computed_ingress[0] will be destroyed
TestTerraformCompleteExample 2022-12-01T02:49:19Z logger.go:66:   - resource "aws_security_group_rule" "computed_ingress" {
TestTerraformCompleteExample 2022-12-01T02:49:19Z logger.go:66:       - description              = "This rule must be computed because it is created in the same terraform run as this module and is unknown at plan time." -> null
TestTerraformCompleteExample 2022-12-01T02:49:19Z logger.go:66:       - from_port                = 80 -> null
TestTerraformCompleteExample 2022-12-01T02:49:19Z logger.go:66:       - id                       = "sgrule-1111111111" -> null
TestTerraformCompleteExample 2022-12-01T02:49:19Z logger.go:66:       - protocol                 = "tcp" -> null
TestTerraformCompleteExample 2022-12-01T02:49:19Z logger.go:66:       - security_group_id        = "sg-1111111111111111" -> null
TestTerraformCompleteExample 2022-12-01T02:49:19Z logger.go:66:       - self                     = false -> null
TestTerraformCompleteExample 2022-12-01T02:49:19Z logger.go:66:       - source_security_group_id = "sg-1111111111111111" -> null
TestTerraformCompleteExample 2022-12-01T02:49:19Z logger.go:66:       - to_port                  = 80 -> null
TestTerraformCompleteExample 2022-12-01T02:49:19Z logger.go:66:       - type                     = "ingress" -> null
TestTerraformCompleteExample 2022-12-01T02:49:19Z logger.go:66:     }
TestTerraformCompleteExample 2022-12-01T02:49:19Z logger.go:66:
TestTerraformCompleteExample 2022-12-01T02:49:19Z logger.go:66:   # module.security_group.aws_security_group_rule.computed_ingress[1] will be destroyed
TestTerraformCompleteExample 2022-12-01T02:49:19Z logger.go:66:   - resource "aws_security_group_rule" "computed_ingress" {
TestTerraformCompleteExample 2022-12-01T02:49:19Z logger.go:66:       - description              = "HTTPS" -> null
TestTerraformCompleteExample 2022-12-01T02:49:19Z logger.go:66:       - from_port                = 443 -> null
TestTerraformCompleteExample 2022-12-01T02:49:19Z logger.go:66:       - id                       = "sgrule-1111111111" -> null
TestTerraformCompleteExample 2022-12-01T02:49:19Z logger.go:66:       - protocol                 = "tcp" -> null
TestTerraformCompleteExample 2022-12-01T02:49:19Z logger.go:66:       - security_group_id        = "sg-1111111111111111" -> null
TestTerraformCompleteExample 2022-12-01T02:49:19Z logger.go:66:       - self                     = false -> null
TestTerraformCompleteExample 2022-12-01T02:49:19Z logger.go:66:       - source_security_group_id = "sg-1111111111111111" -> null
TestTerraformCompleteExample 2022-12-01T02:49:19Z logger.go:66:       - to_port                  = 443 -> null
TestTerraformCompleteExample 2022-12-01T02:49:19Z logger.go:66:       - type                     = "ingress" -> null
TestTerraformCompleteExample 2022-12-01T02:49:19Z logger.go:66:     }
TestTerraformCompleteExample 2022-12-01T02:49:19Z logger.go:66:
TestTerraformCompleteExample 2022-12-01T02:49:19Z logger.go:66:   # module.security_group.aws_security_group_rule.egress["0-0-all-0.0.0.0/0-::/0"] will be destroyed
TestTerraformCompleteExample 2022-12-01T02:49:19Z logger.go:66:   - resource "aws_security_group_rule" "egress" {
TestTerraformCompleteExample 2022-12-01T02:49:19Z logger.go:66:       - cidr_blocks       = [
TestTerraformCompleteExample 2022-12-01T02:49:19Z logger.go:66:           - "0.0.0.0/0",
TestTerraformCompleteExample 2022-12-01T02:49:19Z logger.go:66:         ] -> null
TestTerraformCompleteExample 2022-12-01T02:49:19Z logger.go:66:       - description       = "common rule example" -> null
TestTerraformCompleteExample 2022-12-01T02:49:19Z logger.go:66:       - from_port         = 0 -> null
TestTerraformCompleteExample 2022-12-01T02:49:19Z logger.go:66:       - id                = "sgrule-1111111111" -> null
TestTerraformCompleteExample 2022-12-01T02:49:19Z logger.go:66:       - ipv6_cidr_blocks  = [
TestTerraformCompleteExample 2022-12-01T02:49:19Z logger.go:66:           - "::/0",
TestTerraformCompleteExample 2022-12-01T02:49:19Z logger.go:66:         ] -> null
TestTerraformCompleteExample 2022-12-01T02:49:19Z logger.go:66:       - protocol          = "-1" -> null
TestTerraformCompleteExample 2022-12-01T02:49:19Z logger.go:66:       - security_group_id = "sg-1111111111111111" -> null
TestTerraformCompleteExample 2022-12-01T02:49:19Z logger.go:66:       - self              = false -> null
TestTerraformCompleteExample 2022-12-01T02:49:19Z logger.go:66:       - to_port           = 0 -> null
TestTerraformCompleteExample 2022-12-01T02:49:19Z logger.go:66:       - type              = "egress" -> null
TestTerraformCompleteExample 2022-12-01T02:49:19Z logger.go:66:     }
TestTerraformCompleteExample 2022-12-01T02:49:19Z logger.go:66:
TestTerraformCompleteExample 2022-12-01T02:49:19Z logger.go:66:   # module.security_group.aws_security_group_rule.egress["0-0-icmp-sg-1111111111111111"] will be destroyed
TestTerraformCompleteExample 2022-12-01T02:49:19Z logger.go:66:   - resource "aws_security_group_rule" "egress" {
TestTerraformCompleteExample 2022-12-01T02:49:19Z logger.go:66:       - description              = "customer rule example" -> null
TestTerraformCompleteExample 2022-12-01T02:49:19Z logger.go:66:       - from_port                = 0 -> null
TestTerraformCompleteExample 2022-12-01T02:49:19Z logger.go:66:       - id                       = "sgrule-1111111111" -> null
TestTerraformCompleteExample 2022-12-01T02:49:19Z logger.go:66:       - protocol                 = "icmp" -> null
TestTerraformCompleteExample 2022-12-01T02:49:19Z logger.go:66:       - security_group_id        = "sg-1111111111111111" -> null
TestTerraformCompleteExample 2022-12-01T02:49:19Z logger.go:66:       - self                     = false -> null
TestTerraformCompleteExample 2022-12-01T02:49:19Z logger.go:66:       - source_security_group_id = "sg-1111111111111111" -> null
TestTerraformCompleteExample 2022-12-01T02:49:19Z logger.go:66:       - to_port                  = 0 -> null
TestTerraformCompleteExample 2022-12-01T02:49:19Z logger.go:66:       - type                     = "egress" -> null
TestTerraformCompleteExample 2022-12-01T02:49:19Z logger.go:66:     }
TestTerraformCompleteExample 2022-12-01T02:49:19Z logger.go:66:
TestTerraformCompleteExample 2022-12-01T02:49:19Z logger.go:66:   # module.security_group.aws_security_group_rule.egress["22-22-tcp-pl-1111111111111111"] will be destroyed
TestTerraformCompleteExample 2022-12-01T02:49:19Z logger.go:66:   - resource "aws_security_group_rule" "egress" {
TestTerraformCompleteExample 2022-12-01T02:49:19Z logger.go:66:       - description       = "SSH" -> null
TestTerraformCompleteExample 2022-12-01T02:49:19Z logger.go:66:       - from_port         = 22 -> null
TestTerraformCompleteExample 2022-12-01T02:49:19Z logger.go:66:       - id                = "sgrule-1111111111" -> null
TestTerraformCompleteExample 2022-12-01T02:49:19Z logger.go:66:       - prefix_list_ids   = [
TestTerraformCompleteExample 2022-12-01T02:49:19Z logger.go:66:           - "pl-1111111111111111",
TestTerraformCompleteExample 2022-12-01T02:49:19Z logger.go:66:         ] -> null
TestTerraformCompleteExample 2022-12-01T02:49:19Z logger.go:66:       - protocol          = "tcp" -> null
TestTerraformCompleteExample 2022-12-01T02:49:19Z logger.go:66:       - security_group_id = "sg-1111111111111111" -> null
TestTerraformCompleteExample 2022-12-01T02:49:19Z logger.go:66:       - self              = false -> null
TestTerraformCompleteExample 2022-12-01T02:49:19Z logger.go:66:       - to_port           = 22 -> null
TestTerraformCompleteExample 2022-12-01T02:49:19Z logger.go:66:       - type              = "egress" -> null
TestTerraformCompleteExample 2022-12-01T02:49:19Z logger.go:66:     }
TestTerraformCompleteExample 2022-12-01T02:49:19Z logger.go:66:
TestTerraformCompleteExample 2022-12-01T02:49:19Z logger.go:66:   # module.security_group.aws_security_group_rule.egress["443-443-tcp-10.10.0.0/16-10.20.0.0/24"] will be destroyed
TestTerraformCompleteExample 2022-12-01T02:49:19Z logger.go:66:   - resource "aws_security_group_rule" "egress" {
TestTerraformCompleteExample 2022-12-01T02:49:19Z logger.go:66:       - cidr_blocks       = [
TestTerraformCompleteExample 2022-12-01T02:49:19Z logger.go:66:           - "10.10.0.0/16",
TestTerraformCompleteExample 2022-12-01T02:49:19Z logger.go:66:           - "10.20.0.0/24",
TestTerraformCompleteExample 2022-12-01T02:49:19Z logger.go:66:         ] -> null
TestTerraformCompleteExample 2022-12-01T02:49:19Z logger.go:66:       - description       = "managed rule example" -> null
TestTerraformCompleteExample 2022-12-01T02:49:19Z logger.go:66:       - from_port         = 443 -> null
TestTerraformCompleteExample 2022-12-01T02:49:19Z logger.go:66:       - id                = "sgrule-1111111111" -> null
TestTerraformCompleteExample 2022-12-01T02:49:19Z logger.go:66:       - protocol          = "tcp" -> null
TestTerraformCompleteExample 2022-12-01T02:49:19Z logger.go:66:       - security_group_id = "sg-1111111111111111" -> null
TestTerraformCompleteExample 2022-12-01T02:49:19Z logger.go:66:       - self              = false -> null
TestTerraformCompleteExample 2022-12-01T02:49:19Z logger.go:66:       - to_port           = 443 -> null
TestTerraformCompleteExample 2022-12-01T02:49:19Z logger.go:66:       - type              = "egress" -> null
TestTerraformCompleteExample 2022-12-01T02:49:19Z logger.go:66:     }
TestTerraformCompleteExample 2022-12-01T02:49:19Z logger.go:66:
TestTerraformCompleteExample 2022-12-01T02:49:19Z logger.go:66:   # module.security_group.aws_security_group_rule.egress["5432-5432-tcp-2001:db8::/64"] will be destroyed
TestTerraformCompleteExample 2022-12-01T02:49:19Z logger.go:66:   - resource "aws_security_group_rule" "egress" {
TestTerraformCompleteExample 2022-12-01T02:49:19Z logger.go:66:       - description       = "PostgreSQL" -> null
TestTerraformCompleteExample 2022-12-01T02:49:19Z logger.go:66:       - from_port         = 5432 -> null
TestTerraformCompleteExample 2022-12-01T02:49:19Z logger.go:66:       - id                = "sgrule-1111111111" -> null
TestTerraformCompleteExample 2022-12-01T02:49:19Z logger.go:66:       - ipv6_cidr_blocks  = [
TestTerraformCompleteExample 2022-12-01T02:49:19Z logger.go:66:           - "2001:db8::/64",
TestTerraformCompleteExample 2022-12-01T02:49:19Z logger.go:66:         ] -> null
TestTerraformCompleteExample 2022-12-01T02:49:19Z logger.go:66:       - protocol          = "tcp" -> null
TestTerraformCompleteExample 2022-12-01T02:49:19Z logger.go:66:       - security_group_id = "sg-1111111111111111" -> null
TestTerraformCompleteExample 2022-12-01T02:49:19Z logger.go:66:       - self              = false -> null
TestTerraformCompleteExample 2022-12-01T02:49:19Z logger.go:66:       - to_port           = 5432 -> null
TestTerraformCompleteExample 2022-12-01T02:49:19Z logger.go:66:       - type              = "egress" -> null
TestTerraformCompleteExample 2022-12-01T02:49:19Z logger.go:66:     }
TestTerraformCompleteExample 2022-12-01T02:49:19Z logger.go:66:
TestTerraformCompleteExample 2022-12-01T02:49:19Z logger.go:66:   # module.security_group.aws_security_group_rule.ingress["0-0-all-10.10.0.0/16-10.20.0.0/24"] will be destroyed
TestTerraformCompleteExample 2022-12-01T02:49:19Z logger.go:66:   - resource "aws_security_group_rule" "ingress" {
TestTerraformCompleteExample 2022-12-01T02:49:19Z logger.go:66:       - cidr_blocks       = [
TestTerraformCompleteExample 2022-12-01T02:49:19Z logger.go:66:           - "10.10.0.0/16",
TestTerraformCompleteExample 2022-12-01T02:49:19Z logger.go:66:           - "10.20.0.0/24",
TestTerraformCompleteExample 2022-12-01T02:49:19Z logger.go:66:         ] -> null
TestTerraformCompleteExample 2022-12-01T02:49:19Z logger.go:66:       - description       = "managed rule example" -> null
TestTerraformCompleteExample 2022-12-01T02:49:19Z logger.go:66:       - from_port         = 0 -> null
TestTerraformCompleteExample 2022-12-01T02:49:19Z logger.go:66:       - id                = "sgrule-1111111111" -> null
TestTerraformCompleteExample 2022-12-01T02:49:19Z logger.go:66:       - protocol          = "-1" -> null
TestTerraformCompleteExample 2022-12-01T02:49:19Z logger.go:66:       - security_group_id = "sg-1111111111111111" -> null
TestTerraformCompleteExample 2022-12-01T02:49:19Z logger.go:66:       - self              = false -> null
TestTerraformCompleteExample 2022-12-01T02:49:19Z logger.go:66:       - to_port           = 0 -> null
TestTerraformCompleteExample 2022-12-01T02:49:19Z logger.go:66:       - type              = "ingress" -> null
TestTerraformCompleteExample 2022-12-01T02:49:19Z logger.go:66:     }
TestTerraformCompleteExample 2022-12-01T02:49:19Z logger.go:66:
TestTerraformCompleteExample 2022-12-01T02:49:19Z logger.go:66:   # module.security_group.aws_security_group_rule.ingress["0-0-all-true"] will be destroyed
TestTerraformCompleteExample 2022-12-01T02:49:19Z logger.go:66:   - resource "aws_security_group_rule" "ingress" {
TestTerraformCompleteExample 2022-12-01T02:49:19Z logger.go:66:       - description       = "All protocols to self" -> null
TestTerraformCompleteExample 2022-12-01T02:49:19Z logger.go:66:       - from_port         = 0 -> null
TestTerraformCompleteExample 2022-12-01T02:49:19Z logger.go:66:       - id                = "sgrule-1111111111" -> null
TestTerraformCompleteExample 2022-12-01T02:49:19Z logger.go:66:       - protocol          = "-1" -> null
TestTerraformCompleteExample 2022-12-01T02:49:19Z logger.go:66:       - security_group_id = "sg-1111111111111111" -> null
TestTerraformCompleteExample 2022-12-01T02:49:19Z logger.go:66:       - self              = true -> null
TestTerraformCompleteExample 2022-12-01T02:49:19Z logger.go:66:       - to_port           = 0 -> null
TestTerraformCompleteExample 2022-12-01T02:49:19Z logger.go:66:       - type              = "ingress" -> null
TestTerraformCompleteExample 2022-12-01T02:49:19Z logger.go:66:     }
TestTerraformCompleteExample 2022-12-01T02:49:19Z logger.go:66:
TestTerraformCompleteExample 2022-12-01T02:49:19Z logger.go:66:   # module.security_group.aws_security_group_rule.ingress["0-0-icmp-sg-1111111111111111"] will be destroyed
TestTerraformCompleteExample 2022-12-01T02:49:19Z logger.go:66:   - resource "aws_security_group_rule" "ingress" {
TestTerraformCompleteExample 2022-12-01T02:49:19Z logger.go:66:       - description              = "customer rule example" -> null
TestTerraformCompleteExample 2022-12-01T02:49:19Z logger.go:66:       - from_port                = 0 -> null
TestTerraformCompleteExample 2022-12-01T02:49:19Z logger.go:66:       - id                       = "sgrule-1111111111" -> null
TestTerraformCompleteExample 2022-12-01T02:49:19Z logger.go:66:       - protocol                 = "icmp" -> null
TestTerraformCompleteExample 2022-12-01T02:49:19Z logger.go:66:       - security_group_id        = "sg-1111111111111111" -> null
TestTerraformCompleteExample 2022-12-01T02:49:19Z logger.go:66:       - self                     = false -> null
TestTerraformCompleteExample 2022-12-01T02:49:19Z logger.go:66:       - source_security_group_id = "sg-1111111111111111" -> null
TestTerraformCompleteExample 2022-12-01T02:49:19Z logger.go:66:       - to_port                  = 0 -> null
TestTerraformCompleteExample 2022-12-01T02:49:19Z logger.go:66:       - type                     = "ingress" -> null
TestTerraformCompleteExample 2022-12-01T02:49:19Z logger.go:66:     }
TestTerraformCompleteExample 2022-12-01T02:49:19Z logger.go:66:
TestTerraformCompleteExample 2022-12-01T02:49:19Z logger.go:66:   # module.security_group.aws_security_group_rule.ingress["22-22-tcp-pl-1111111111111111"] will be destroyed
TestTerraformCompleteExample 2022-12-01T02:49:19Z logger.go:66:   - resource "aws_security_group_rule" "ingress" {
TestTerraformCompleteExample 2022-12-01T02:49:19Z logger.go:66:       - description       = "SSH" -> null
TestTerraformCompleteExample 2022-12-01T02:49:19Z logger.go:66:       - from_port         = 22 -> null
TestTerraformCompleteExample 2022-12-01T02:49:19Z logger.go:66:       - id                = "sgrule-1111111111" -> null
TestTerraformCompleteExample 2022-12-01T02:49:19Z logger.go:66:       - prefix_list_ids   = [
TestTerraformCompleteExample 2022-12-01T02:49:19Z logger.go:66:           - "pl-1111111111111111",
TestTerraformCompleteExample 2022-12-01T02:49:19Z logger.go:66:         ] -> null
TestTerraformCompleteExample 2022-12-01T02:49:19Z logger.go:66:       - protocol          = "tcp" -> null
TestTerraformCompleteExample 2022-12-01T02:49:19Z logger.go:66:       - security_group_id = "sg-1111111111111111" -> null
TestTerraformCompleteExample 2022-12-01T02:49:19Z logger.go:66:       - self              = false -> null
TestTerraformCompleteExample 2022-12-01T02:49:19Z logger.go:66:       - to_port           = 22 -> null
TestTerraformCompleteExample 2022-12-01T02:49:19Z logger.go:66:       - type              = "ingress" -> null
TestTerraformCompleteExample 2022-12-01T02:49:19Z logger.go:66:     }
TestTerraformCompleteExample 2022-12-01T02:49:19Z logger.go:66:
TestTerraformCompleteExample 2022-12-01T02:49:19Z logger.go:66:   # module.security_group.aws_security_group_rule.ingress["443-443-tcp-0.0.0.0/0-::/0"] will be destroyed
TestTerraformCompleteExample 2022-12-01T02:49:19Z logger.go:66:   - resource "aws_security_group_rule" "ingress" {
TestTerraformCompleteExample 2022-12-01T02:49:19Z logger.go:66:       - cidr_blocks       = [
TestTerraformCompleteExample 2022-12-01T02:49:19Z logger.go:66:           - "0.0.0.0/0",
TestTerraformCompleteExample 2022-12-01T02:49:19Z logger.go:66:         ] -> null
TestTerraformCompleteExample 2022-12-01T02:49:19Z logger.go:66:       - description       = "common rule example" -> null
TestTerraformCompleteExample 2022-12-01T02:49:19Z logger.go:66:       - from_port         = 443 -> null
TestTerraformCompleteExample 2022-12-01T02:49:19Z logger.go:66:       - id                = "sgrule-1111111111" -> null
TestTerraformCompleteExample 2022-12-01T02:49:19Z logger.go:66:       - ipv6_cidr_blocks  = [
TestTerraformCompleteExample 2022-12-01T02:49:19Z logger.go:66:           - "::/0",
TestTerraformCompleteExample 2022-12-01T02:49:19Z logger.go:66:         ] -> null
TestTerraformCompleteExample 2022-12-01T02:49:19Z logger.go:66:       - protocol          = "tcp" -> null
TestTerraformCompleteExample 2022-12-01T02:49:19Z logger.go:66:       - security_group_id = "sg-1111111111111111" -> null
TestTerraformCompleteExample 2022-12-01T02:49:19Z logger.go:66:       - self              = false -> null
TestTerraformCompleteExample 2022-12-01T02:49:19Z logger.go:66:       - to_port           = 443 -> null
TestTerraformCompleteExample 2022-12-01T02:49:19Z logger.go:66:       - type              = "ingress" -> null
TestTerraformCompleteExample 2022-12-01T02:49:19Z logger.go:66:     }
TestTerraformCompleteExample 2022-12-01T02:49:19Z logger.go:66:
TestTerraformCompleteExample 2022-12-01T02:49:19Z logger.go:66:   # module.security_group.aws_security_group_rule.ingress["5432-5432-tcp-2001:db8::/64"] will be destroyed
TestTerraformCompleteExample 2022-12-01T02:49:19Z logger.go:66:   - resource "aws_security_group_rule" "ingress" {
TestTerraformCompleteExample 2022-12-01T02:49:19Z logger.go:66:       - description       = "PostgreSQL" -> null
TestTerraformCompleteExample 2022-12-01T02:49:19Z logger.go:66:       - from_port         = 5432 -> null
TestTerraformCompleteExample 2022-12-01T02:49:19Z logger.go:66:       - id                = "sgrule-1111111111" -> null
TestTerraformCompleteExample 2022-12-01T02:49:19Z logger.go:66:       - ipv6_cidr_blocks  = [
TestTerraformCompleteExample 2022-12-01T02:49:19Z logger.go:66:           - "2001:db8::/64",
TestTerraformCompleteExample 2022-12-01T02:49:19Z logger.go:66:         ] -> null
TestTerraformCompleteExample 2022-12-01T02:49:19Z logger.go:66:       - protocol          = "tcp" -> null
TestTerraformCompleteExample 2022-12-01T02:49:19Z logger.go:66:       - security_group_id = "sg-1111111111111111" -> null
TestTerraformCompleteExample 2022-12-01T02:49:19Z logger.go:66:       - self              = false -> null
TestTerraformCompleteExample 2022-12-01T02:49:19Z logger.go:66:       - to_port           = 5432 -> null
TestTerraformCompleteExample 2022-12-01T02:49:19Z logger.go:66:       - type              = "ingress" -> null
TestTerraformCompleteExample 2022-12-01T02:49:19Z logger.go:66:     }
TestTerraformCompleteExample 2022-12-01T02:49:19Z logger.go:66:
TestTerraformCompleteExample 2022-12-01T02:49:19Z logger.go:66:   # module.security_group.aws_security_group_rule.ingress["80-80-tcp-0.0.0.0/0-::/0"] will be destroyed
TestTerraformCompleteExample 2022-12-01T02:49:19Z logger.go:66:   - resource "aws_security_group_rule" "ingress" {
TestTerraformCompleteExample 2022-12-01T02:49:19Z logger.go:66:       - cidr_blocks       = [
TestTerraformCompleteExample 2022-12-01T02:49:19Z logger.go:66:           - "0.0.0.0/0",
TestTerraformCompleteExample 2022-12-01T02:49:19Z logger.go:66:         ] -> null
TestTerraformCompleteExample 2022-12-01T02:49:19Z logger.go:66:       - description       = "HTTP from public" -> null
TestTerraformCompleteExample 2022-12-01T02:49:19Z logger.go:66:       - from_port         = 80 -> null
TestTerraformCompleteExample 2022-12-01T02:49:19Z logger.go:66:       - id                = "sgrule-1111111111" -> null
TestTerraformCompleteExample 2022-12-01T02:49:19Z logger.go:66:       - ipv6_cidr_blocks  = [
TestTerraformCompleteExample 2022-12-01T02:49:19Z logger.go:66:           - "::/0",
TestTerraformCompleteExample 2022-12-01T02:49:19Z logger.go:66:         ] -> null
TestTerraformCompleteExample 2022-12-01T02:49:19Z logger.go:66:       - protocol          = "tcp" -> null
TestTerraformCompleteExample 2022-12-01T02:49:19Z logger.go:66:       - security_group_id = "sg-1111111111111111" -> null
TestTerraformCompleteExample 2022-12-01T02:49:19Z logger.go:66:       - self              = false -> null
TestTerraformCompleteExample 2022-12-01T02:49:19Z logger.go:66:       - to_port           = 80 -> null
TestTerraformCompleteExample 2022-12-01T02:49:19Z logger.go:66:       - type              = "ingress" -> null
TestTerraformCompleteExample 2022-12-01T02:49:19Z logger.go:66:     }
TestTerraformCompleteExample 2022-12-01T02:49:19Z logger.go:66:
TestTerraformCompleteExample 2022-12-01T02:49:19Z logger.go:66: Plan: 0 to add, 0 to change, 21 to destroy.
TestTerraformCompleteExample 2022-12-01T02:49:19Z logger.go:66:
TestTerraformCompleteExample 2022-12-01T02:49:19Z logger.go:66: Changes to Outputs:
TestTerraformCompleteExample 2022-12-01T02:49:19Z logger.go:66:   - arn                                     = "arn:aws:ec2:us-west-2:111111111111:security-group/sg-1111111111111111" -> null
TestTerraformCompleteExample 2022-12-01T02:49:19Z logger.go:66:   - disabled_sg_id                          = "I was not created" -> null
TestTerraformCompleteExample 2022-12-01T02:49:19Z logger.go:66:   - egress                                  = [
TestTerraformCompleteExample 2022-12-01T02:49:19Z logger.go:66:       - {
TestTerraformCompleteExample 2022-12-01T02:49:19Z logger.go:66:           - cidr_blocks              = [
TestTerraformCompleteExample 2022-12-01T02:49:19Z logger.go:66:               - "0.0.0.0/0",
TestTerraformCompleteExample 2022-12-01T02:49:19Z logger.go:66:             ]
TestTerraformCompleteExample 2022-12-01T02:49:19Z logger.go:66:           - description              = "common rule example"
TestTerraformCompleteExample 2022-12-01T02:49:19Z logger.go:66:           - from_port                = 0
TestTerraformCompleteExample 2022-12-01T02:49:19Z logger.go:66:           - id                       = "sgrule-1111111111"
TestTerraformCompleteExample 2022-12-01T02:49:19Z logger.go:66:           - ipv6_cidr_blocks         = [
TestTerraformCompleteExample 2022-12-01T02:49:19Z logger.go:66:               - "::/0",
TestTerraformCompleteExample 2022-12-01T02:49:19Z logger.go:66:             ]
TestTerraformCompleteExample 2022-12-01T02:49:19Z logger.go:66:           - prefix_list_ids          = null
TestTerraformCompleteExample 2022-12-01T02:49:19Z logger.go:66:           - protocol                 = "-1"
TestTerraformCompleteExample 2022-12-01T02:49:19Z logger.go:66:           - security_group_id        = "sg-1111111111111111"
TestTerraformCompleteExample 2022-12-01T02:49:19Z logger.go:66:           - self                     = false
TestTerraformCompleteExample 2022-12-01T02:49:19Z logger.go:66:           - source_security_group_id = null
TestTerraformCompleteExample 2022-12-01T02:49:19Z logger.go:66:           - timeouts                 = null
TestTerraformCompleteExample 2022-12-01T02:49:19Z logger.go:66:           - to_port                  = 0
TestTerraformCompleteExample 2022-12-01T02:49:19Z logger.go:66:           - type                     = "egress"
TestTerraformCompleteExample 2022-12-01T02:49:19Z logger.go:66:         },
TestTerraformCompleteExample 2022-12-01T02:49:19Z logger.go:66:       - {
TestTerraformCompleteExample 2022-12-01T02:49:19Z logger.go:66:           - cidr_blocks              = null
TestTerraformCompleteExample 2022-12-01T02:49:19Z logger.go:66:           - description              = "customer rule example"
TestTerraformCompleteExample 2022-12-01T02:49:19Z logger.go:66:           - from_port                = 0
TestTerraformCompleteExample 2022-12-01T02:49:19Z logger.go:66:           - id                       = "sgrule-1111111111"
TestTerraformCompleteExample 2022-12-01T02:49:19Z logger.go:66:           - ipv6_cidr_blocks         = null
TestTerraformCompleteExample 2022-12-01T02:49:19Z logger.go:66:           - prefix_list_ids          = null
TestTerraformCompleteExample 2022-12-01T02:49:19Z logger.go:66:           - protocol                 = "icmp"
TestTerraformCompleteExample 2022-12-01T02:49:19Z logger.go:66:           - security_group_id        = "sg-1111111111111111"
TestTerraformCompleteExample 2022-12-01T02:49:19Z logger.go:66:           - self                     = false
TestTerraformCompleteExample 2022-12-01T02:49:19Z logger.go:66:           - source_security_group_id = "sg-1111111111111111"
TestTerraformCompleteExample 2022-12-01T02:49:19Z logger.go:66:           - timeouts                 = null
TestTerraformCompleteExample 2022-12-01T02:49:19Z logger.go:66:           - to_port                  = 0
TestTerraformCompleteExample 2022-12-01T02:49:19Z logger.go:66:           - type                     = "egress"
TestTerraformCompleteExample 2022-12-01T02:49:19Z logger.go:66:         },
TestTerraformCompleteExample 2022-12-01T02:49:19Z logger.go:66:       - {
TestTerraformCompleteExample 2022-12-01T02:49:19Z logger.go:66:           - cidr_blocks              = null
TestTerraformCompleteExample 2022-12-01T02:49:19Z logger.go:66:           - description              = "SSH"
TestTerraformCompleteExample 2022-12-01T02:49:19Z logger.go:66:           - from_port                = 22
TestTerraformCompleteExample 2022-12-01T02:49:19Z logger.go:66:           - id                       = "sgrule-1111111111"
TestTerraformCompleteExample 2022-12-01T02:49:19Z logger.go:66:           - ipv6_cidr_blocks         = null
TestTerraformCompleteExample 2022-12-01T02:49:19Z logger.go:66:           - prefix_list_ids          = [
TestTerraformCompleteExample 2022-12-01T02:49:19Z logger.go:66:               - "pl-1111111111111111",
TestTerraformCompleteExample 2022-12-01T02:49:19Z logger.go:66:             ]
TestTerraformCompleteExample 2022-12-01T02:49:19Z logger.go:66:           - protocol                 = "tcp"
TestTerraformCompleteExample 2022-12-01T02:49:19Z logger.go:66:           - security_group_id        = "sg-1111111111111111"
TestTerraformCompleteExample 2022-12-01T02:49:19Z logger.go:66:           - self                     = false
TestTerraformCompleteExample 2022-12-01T02:49:19Z logger.go:66:           - source_security_group_id = null
TestTerraformCompleteExample 2022-12-01T02:49:19Z logger.go:66:           - timeouts                 = null
TestTerraformCompleteExample 2022-12-01T02:49:19Z logger.go:66:           - to_port                  = 22
TestTerraformCompleteExample 2022-12-01T02:49:19Z logger.go:66:           - type                     = "egress"
TestTerraformCompleteExample 2022-12-01T02:49:19Z logger.go:66:         },
TestTerraformCompleteExample 2022-12-01T02:49:19Z logger.go:66:       - {
TestTerraformCompleteExample 2022-12-01T02:49:19Z logger.go:66:           - cidr_blocks              = [
TestTerraformCompleteExample 2022-12-01T02:49:19Z logger.go:66:               - "10.10.0.0/16",
TestTerraformCompleteExample 2022-12-01T02:49:19Z logger.go:66:               - "10.20.0.0/24",
TestTerraformCompleteExample 2022-12-01T02:49:19Z logger.go:66:             ]
TestTerraformCompleteExample 2022-12-01T02:49:19Z logger.go:66:           - description              = "managed rule example"
TestTerraformCompleteExample 2022-12-01T02:49:19Z logger.go:66:           - from_port                = 443
TestTerraformCompleteExample 2022-12-01T02:49:19Z logger.go:66:           - id                       = "sgrule-1111111111"
TestTerraformCompleteExample 2022-12-01T02:49:19Z logger.go:66:           - ipv6_cidr_blocks         = null
TestTerraformCompleteExample 2022-12-01T02:49:19Z logger.go:66:           - prefix_list_ids          = null
TestTerraformCompleteExample 2022-12-01T02:49:19Z logger.go:66:           - protocol                 = "tcp"
TestTerraformCompleteExample 2022-12-01T02:49:19Z logger.go:66:           - security_group_id        = "sg-1111111111111111"
TestTerraformCompleteExample 2022-12-01T02:49:19Z logger.go:66:           - self                     = false
TestTerraformCompleteExample 2022-12-01T02:49:19Z logger.go:66:           - source_security_group_id = null
TestTerraformCompleteExample 2022-12-01T02:49:19Z logger.go:66:           - timeouts                 = null
TestTerraformCompleteExample 2022-12-01T02:49:19Z logger.go:66:           - to_port                  = 443
TestTerraformCompleteExample 2022-12-01T02:49:19Z logger.go:66:           - type                     = "egress"
TestTerraformCompleteExample 2022-12-01T02:49:19Z logger.go:66:         },
TestTerraformCompleteExample 2022-12-01T02:49:19Z logger.go:66:       - {
TestTerraformCompleteExample 2022-12-01T02:49:19Z logger.go:66:           - cidr_blocks              = null
TestTerraformCompleteExample 2022-12-01T02:49:19Z logger.go:66:           - description              = "PostgreSQL"
TestTerraformCompleteExample 2022-12-01T02:49:19Z logger.go:66:           - from_port                = 5432
TestTerraformCompleteExample 2022-12-01T02:49:19Z logger.go:66:           - id                       = "sgrule-1111111111"
TestTerraformCompleteExample 2022-12-01T02:49:19Z logger.go:66:           - ipv6_cidr_blocks         = [
TestTerraformCompleteExample 2022-12-01T02:49:19Z logger.go:66:               - "2001:db8::/64",
TestTerraformCompleteExample 2022-12-01T02:49:19Z logger.go:66:             ]
TestTerraformCompleteExample 2022-12-01T02:49:19Z logger.go:66:           - prefix_list_ids          = null
TestTerraformCompleteExample 2022-12-01T02:49:19Z logger.go:66:           - protocol                 = "tcp"
TestTerraformCompleteExample 2022-12-01T02:49:19Z logger.go:66:           - security_group_id        = "sg-1111111111111111"
TestTerraformCompleteExample 2022-12-01T02:49:19Z logger.go:66:           - self                     = false
TestTerraformCompleteExample 2022-12-01T02:49:19Z logger.go:66:           - source_security_group_id = null
TestTerraformCompleteExample 2022-12-01T02:49:19Z logger.go:66:           - timeouts                 = null
TestTerraformCompleteExample 2022-12-01T02:49:19Z logger.go:66:           - to_port                  = 5432
TestTerraformCompleteExample 2022-12-01T02:49:19Z logger.go:66:           - type                     = "egress"
TestTerraformCompleteExample 2022-12-01T02:49:19Z logger.go:66:         },
TestTerraformCompleteExample 2022-12-01T02:49:19Z logger.go:66:       - {
TestTerraformCompleteExample 2022-12-01T02:49:19Z logger.go:66:           - cidr_blocks              = null
TestTerraformCompleteExample 2022-12-01T02:49:19Z logger.go:66:           - description              = "computed (customer) rule example"
TestTerraformCompleteExample 2022-12-01T02:49:19Z logger.go:66:           - from_port                = 80
TestTerraformCompleteExample 2022-12-01T02:49:19Z logger.go:66:           - id                       = "sgrule-1111111111"
TestTerraformCompleteExample 2022-12-01T02:49:19Z logger.go:66:           - ipv6_cidr_blocks         = null
TestTerraformCompleteExample 2022-12-01T02:49:19Z logger.go:66:           - prefix_list_ids          = [
TestTerraformCompleteExample 2022-12-01T02:49:19Z logger.go:66:               - "pl-1111111111111111",
TestTerraformCompleteExample 2022-12-01T02:49:19Z logger.go:66:             ]
TestTerraformCompleteExample 2022-12-01T02:49:19Z logger.go:66:           - protocol                 = "tcp"
TestTerraformCompleteExample 2022-12-01T02:49:19Z logger.go:66:           - security_group_id        = "sg-1111111111111111"
TestTerraformCompleteExample 2022-12-01T02:49:19Z logger.go:66:           - self                     = false
TestTerraformCompleteExample 2022-12-01T02:49:19Z logger.go:66:           - source_security_group_id = null
TestTerraformCompleteExample 2022-12-01T02:49:19Z logger.go:66:           - timeouts                 = null
TestTerraformCompleteExample 2022-12-01T02:49:19Z logger.go:66:           - to_port                  = 80
TestTerraformCompleteExample 2022-12-01T02:49:19Z logger.go:66:           - type                     = "egress"
TestTerraformCompleteExample 2022-12-01T02:49:19Z logger.go:66:         },
TestTerraformCompleteExample 2022-12-01T02:49:19Z logger.go:66:       - {
TestTerraformCompleteExample 2022-12-01T02:49:19Z logger.go:66:           - cidr_blocks              = null
TestTerraformCompleteExample 2022-12-01T02:49:19Z logger.go:66:           - description              = "computed (managed) rule example"
TestTerraformCompleteExample 2022-12-01T02:49:19Z logger.go:66:           - from_port                = 443
TestTerraformCompleteExample 2022-12-01T02:49:19Z logger.go:66:           - id                       = "sgrule-1111111111"
TestTerraformCompleteExample 2022-12-01T02:49:19Z logger.go:66:           - ipv6_cidr_blocks         = null
TestTerraformCompleteExample 2022-12-01T02:49:19Z logger.go:66:           - prefix_list_ids          = [
TestTerraformCompleteExample 2022-12-01T02:49:19Z logger.go:66:               - "pl-1111111111111111",
TestTerraformCompleteExample 2022-12-01T02:49:19Z logger.go:66:             ]
TestTerraformCompleteExample 2022-12-01T02:49:19Z logger.go:66:           - protocol                 = "tcp"
TestTerraformCompleteExample 2022-12-01T02:49:19Z logger.go:66:           - security_group_id        = "sg-1111111111111111"
TestTerraformCompleteExample 2022-12-01T02:49:19Z logger.go:66:           - self                     = false
TestTerraformCompleteExample 2022-12-01T02:49:19Z logger.go:66:           - source_security_group_id = null
TestTerraformCompleteExample 2022-12-01T02:49:19Z logger.go:66:           - timeouts                 = null
TestTerraformCompleteExample 2022-12-01T02:49:19Z logger.go:66:           - to_port                  = 443
TestTerraformCompleteExample 2022-12-01T02:49:19Z logger.go:66:           - type                     = "egress"
TestTerraformCompleteExample 2022-12-01T02:49:19Z logger.go:66:         },
TestTerraformCompleteExample 2022-12-01T02:49:19Z logger.go:66:     ] -> null
TestTerraformCompleteExample 2022-12-01T02:49:19Z logger.go:66:   - id                                      = "sg-1111111111111111" -> null
TestTerraformCompleteExample 2022-12-01T02:49:19Z logger.go:66:   - ingress                                 = [
TestTerraformCompleteExample 2022-12-01T02:49:19Z logger.go:66:       - {
TestTerraformCompleteExample 2022-12-01T02:49:19Z logger.go:66:           - cidr_blocks              = [
TestTerraformCompleteExample 2022-12-01T02:49:19Z logger.go:66:               - "10.10.0.0/16",
TestTerraformCompleteExample 2022-12-01T02:49:19Z logger.go:66:               - "10.20.0.0/24",
TestTerraformCompleteExample 2022-12-01T02:49:19Z logger.go:66:             ]
TestTerraformCompleteExample 2022-12-01T02:49:19Z logger.go:66:           - description              = "managed rule example"
TestTerraformCompleteExample 2022-12-01T02:49:19Z logger.go:66:           - from_port                = 0
TestTerraformCompleteExample 2022-12-01T02:49:19Z logger.go:66:           - id                       = "sgrule-1111111111"
TestTerraformCompleteExample 2022-12-01T02:49:19Z logger.go:66:           - ipv6_cidr_blocks         = null
TestTerraformCompleteExample 2022-12-01T02:49:19Z logger.go:66:           - prefix_list_ids          = null
TestTerraformCompleteExample 2022-12-01T02:49:19Z logger.go:66:           - protocol                 = "-1"
TestTerraformCompleteExample 2022-12-01T02:49:19Z logger.go:66:           - security_group_id        = "sg-1111111111111111"
TestTerraformCompleteExample 2022-12-01T02:49:19Z logger.go:66:           - self                     = false
TestTerraformCompleteExample 2022-12-01T02:49:19Z logger.go:66:           - source_security_group_id = null
TestTerraformCompleteExample 2022-12-01T02:49:19Z logger.go:66:           - timeouts                 = null
TestTerraformCompleteExample 2022-12-01T02:49:19Z logger.go:66:           - to_port                  = 0
TestTerraformCompleteExample 2022-12-01T02:49:19Z logger.go:66:           - type                     = "ingress"
TestTerraformCompleteExample 2022-12-01T02:49:19Z logger.go:66:         },
TestTerraformCompleteExample 2022-12-01T02:49:19Z logger.go:66:       - {
TestTerraformCompleteExample 2022-12-01T02:49:19Z logger.go:66:           - cidr_blocks              = null
TestTerraformCompleteExample 2022-12-01T02:49:19Z logger.go:66:           - description              = "All protocols to self"
TestTerraformCompleteExample 2022-12-01T02:49:19Z logger.go:66:           - from_port                = 0
TestTerraformCompleteExample 2022-12-01T02:49:19Z logger.go:66:           - id                       = "sgrule-1111111111"
TestTerraformCompleteExample 2022-12-01T02:49:19Z logger.go:66:           - ipv6_cidr_blocks         = null
TestTerraformCompleteExample 2022-12-01T02:49:19Z logger.go:66:           - prefix_list_ids          = null
TestTerraformCompleteExample 2022-12-01T02:49:19Z logger.go:66:           - protocol                 = "-1"
TestTerraformCompleteExample 2022-12-01T02:49:19Z logger.go:66:           - security_group_id        = "sg-1111111111111111"
TestTerraformCompleteExample 2022-12-01T02:49:19Z logger.go:66:           - self                     = true
TestTerraformCompleteExample 2022-12-01T02:49:19Z logger.go:66:           - source_security_group_id = null
TestTerraformCompleteExample 2022-12-01T02:49:19Z logger.go:66:           - timeouts                 = null
TestTerraformCompleteExample 2022-12-01T02:49:19Z logger.go:66:           - to_port                  = 0
TestTerraformCompleteExample 2022-12-01T02:49:19Z logger.go:66:           - type                     = "ingress"
TestTerraformCompleteExample 2022-12-01T02:49:19Z logger.go:66:         },
TestTerraformCompleteExample 2022-12-01T02:49:19Z logger.go:66:       - {
TestTerraformCompleteExample 2022-12-01T02:49:19Z logger.go:66:           - cidr_blocks              = null
TestTerraformCompleteExample 2022-12-01T02:49:19Z logger.go:66:           - description              = "customer rule example"
TestTerraformCompleteExample 2022-12-01T02:49:19Z logger.go:66:           - from_port                = 0
TestTerraformCompleteExample 2022-12-01T02:49:19Z logger.go:66:           - id                       = "sgrule-1111111111"
TestTerraformCompleteExample 2022-12-01T02:49:19Z logger.go:66:           - ipv6_cidr_blocks         = null
TestTerraformCompleteExample 2022-12-01T02:49:19Z logger.go:66:           - prefix_list_ids          = null
TestTerraformCompleteExample 2022-12-01T02:49:19Z logger.go:66:           - protocol                 = "icmp"
TestTerraformCompleteExample 2022-12-01T02:49:19Z logger.go:66:           - security_group_id        = "sg-1111111111111111"
TestTerraformCompleteExample 2022-12-01T02:49:19Z logger.go:66:           - self                     = false
TestTerraformCompleteExample 2022-12-01T02:49:19Z logger.go:66:           - source_security_group_id = "sg-1111111111111111"
TestTerraformCompleteExample 2022-12-01T02:49:19Z logger.go:66:           - timeouts                 = null
TestTerraformCompleteExample 2022-12-01T02:49:19Z logger.go:66:           - to_port                  = 0
TestTerraformCompleteExample 2022-12-01T02:49:19Z logger.go:66:           - type                     = "ingress"
TestTerraformCompleteExample 2022-12-01T02:49:19Z logger.go:66:         },
TestTerraformCompleteExample 2022-12-01T02:49:19Z logger.go:66:       - {
TestTerraformCompleteExample 2022-12-01T02:49:19Z logger.go:66:           - cidr_blocks              = null
TestTerraformCompleteExample 2022-12-01T02:49:19Z logger.go:66:           - description              = "SSH"
TestTerraformCompleteExample 2022-12-01T02:49:19Z logger.go:66:           - from_port                = 22
TestTerraformCompleteExample 2022-12-01T02:49:19Z logger.go:66:           - id                       = "sgrule-1111111111"
TestTerraformCompleteExample 2022-12-01T02:49:19Z logger.go:66:           - ipv6_cidr_blocks         = null
TestTerraformCompleteExample 2022-12-01T02:49:19Z logger.go:66:           - prefix_list_ids          = [
TestTerraformCompleteExample 2022-12-01T02:49:19Z logger.go:66:               - "pl-1111111111111111",
TestTerraformCompleteExample 2022-12-01T02:49:19Z logger.go:66:             ]
TestTerraformCompleteExample 2022-12-01T02:49:19Z logger.go:66:           - protocol                 = "tcp"
TestTerraformCompleteExample 2022-12-01T02:49:19Z logger.go:66:           - security_group_id        = "sg-1111111111111111"
TestTerraformCompleteExample 2022-12-01T02:49:19Z logger.go:66:           - self                     = false
TestTerraformCompleteExample 2022-12-01T02:49:19Z logger.go:66:           - source_security_group_id = null
TestTerraformCompleteExample 2022-12-01T02:49:19Z logger.go:66:           - timeouts                 = null
TestTerraformCompleteExample 2022-12-01T02:49:19Z logger.go:66:           - to_port                  = 22
TestTerraformCompleteExample 2022-12-01T02:49:19Z logger.go:66:           - type                     = "ingress"
TestTerraformCompleteExample 2022-12-01T02:49:19Z logger.go:66:         },
TestTerraformCompleteExample 2022-12-01T02:49:19Z logger.go:66:       - {
TestTerraformCompleteExample 2022-12-01T02:49:19Z logger.go:66:           - cidr_blocks              = [
TestTerraformCompleteExample 2022-12-01T02:49:19Z logger.go:66:               - "0.0.0.0/0",
TestTerraformCompleteExample 2022-12-01T02:49:19Z logger.go:66:             ]
TestTerraformCompleteExample 2022-12-01T02:49:19Z logger.go:66:           - description              = "common rule example"
TestTerraformCompleteExample 2022-12-01T02:49:19Z logger.go:66:           - from_port                = 443
TestTerraformCompleteExample 2022-12-01T02:49:19Z logger.go:66:           - id                       = "sgrule-1111111111"
TestTerraformCompleteExample 2022-12-01T02:49:19Z logger.go:66:           - ipv6_cidr_blocks         = [
TestTerraformCompleteExample 2022-12-01T02:49:19Z logger.go:66:               - "::/0",
TestTerraformCompleteExample 2022-12-01T02:49:19Z logger.go:66:             ]
TestTerraformCompleteExample 2022-12-01T02:49:19Z logger.go:66:           - prefix_list_ids          = null
TestTerraformCompleteExample 2022-12-01T02:49:19Z logger.go:66:           - protocol                 = "tcp"
TestTerraformCompleteExample 2022-12-01T02:49:19Z logger.go:66:           - security_group_id        = "sg-1111111111111111"
TestTerraformCompleteExample 2022-12-01T02:49:19Z logger.go:66:           - self                     = false
TestTerraformCompleteExample 2022-12-01T02:49:19Z logger.go:66:           - source_security_group_id = null
TestTerraformCompleteExample 2022-12-01T02:49:19Z logger.go:66:           - timeouts                 = null
TestTerraformCompleteExample 2022-12-01T02:49:19Z logger.go:66:           - to_port                  = 443
TestTerraformCompleteExample 2022-12-01T02:49:19Z logger.go:66:           - type                     = "ingress"
TestTerraformCompleteExample 2022-12-01T02:49:19Z logger.go:66:         },
TestTerraformCompleteExample 2022-12-01T02:49:19Z logger.go:66:       - {
TestTerraformCompleteExample 2022-12-01T02:49:19Z logger.go:66:           - cidr_blocks              = null
TestTerraformCompleteExample 2022-12-01T02:49:19Z logger.go:66:           - description              = "PostgreSQL"
TestTerraformCompleteExample 2022-12-01T02:49:19Z logger.go:66:           - from_port                = 5432
TestTerraformCompleteExample 2022-12-01T02:49:19Z logger.go:66:           - id                       = "sgrule-1111111111"
TestTerraformCompleteExample 2022-12-01T02:49:19Z logger.go:66:           - ipv6_cidr_blocks         = [
TestTerraformCompleteExample 2022-12-01T02:49:19Z logger.go:66:               - "2001:db8::/64",
TestTerraformCompleteExample 2022-12-01T02:49:19Z logger.go:66:             ]
TestTerraformCompleteExample 2022-12-01T02:49:19Z logger.go:66:           - prefix_list_ids          = null
TestTerraformCompleteExample 2022-12-01T02:49:19Z logger.go:66:           - protocol                 = "tcp"
TestTerraformCompleteExample 2022-12-01T02:49:19Z logger.go:66:           - security_group_id        = "sg-1111111111111111"
TestTerraformCompleteExample 2022-12-01T02:49:19Z logger.go:66:           - self                     = false
TestTerraformCompleteExample 2022-12-01T02:49:19Z logger.go:66:           - source_security_group_id = null
TestTerraformCompleteExample 2022-12-01T02:49:19Z logger.go:66:           - timeouts                 = null
TestTerraformCompleteExample 2022-12-01T02:49:19Z logger.go:66:           - to_port                  = 5432
TestTerraformCompleteExample 2022-12-01T02:49:19Z logger.go:66:           - type                     = "ingress"
TestTerraformCompleteExample 2022-12-01T02:49:19Z logger.go:66:         },
TestTerraformCompleteExample 2022-12-01T02:49:19Z logger.go:66:       - {
TestTerraformCompleteExample 2022-12-01T02:49:19Z logger.go:66:           - cidr_blocks              = [
TestTerraformCompleteExample 2022-12-01T02:49:19Z logger.go:66:               - "0.0.0.0/0",
TestTerraformCompleteExample 2022-12-01T02:49:19Z logger.go:66:             ]
TestTerraformCompleteExample 2022-12-01T02:49:19Z logger.go:66:           - description              = "HTTP from public"
TestTerraformCompleteExample 2022-12-01T02:49:19Z logger.go:66:           - from_port                = 80
TestTerraformCompleteExample 2022-12-01T02:49:19Z logger.go:66:           - id                       = "sgrule-1111111111"
TestTerraformCompleteExample 2022-12-01T02:49:19Z logger.go:66:           - ipv6_cidr_blocks         = [
TestTerraformCompleteExample 2022-12-01T02:49:19Z logger.go:66:               - "::/0",
TestTerraformCompleteExample 2022-12-01T02:49:19Z logger.go:66:             ]
TestTerraformCompleteExample 2022-12-01T02:49:19Z logger.go:66:           - prefix_list_ids          = null
TestTerraformCompleteExample 2022-12-01T02:49:19Z logger.go:66:           - protocol                 = "tcp"
TestTerraformCompleteExample 2022-12-01T02:49:19Z logger.go:66:           - security_group_id        = "sg-1111111111111111"
TestTerraformCompleteExample 2022-12-01T02:49:19Z logger.go:66:           - self                     = false
TestTerraformCompleteExample 2022-12-01T02:49:19Z logger.go:66:           - source_security_group_id = null
TestTerraformCompleteExample 2022-12-01T02:49:19Z logger.go:66:           - timeouts                 = null
TestTerraformCompleteExample 2022-12-01T02:49:19Z logger.go:66:           - to_port                  = 80
TestTerraformCompleteExample 2022-12-01T02:49:19Z logger.go:66:           - type                     = "ingress"
TestTerraformCompleteExample 2022-12-01T02:49:19Z logger.go:66:         },
TestTerraformCompleteExample 2022-12-01T02:49:19Z logger.go:66:       - {
TestTerraformCompleteExample 2022-12-01T02:49:19Z logger.go:66:           - cidr_blocks              = null
TestTerraformCompleteExample 2022-12-01T02:49:19Z logger.go:66:           - description              = "This rule must be computed because it is created in the same terraform run as this module and is unknown at plan time."
TestTerraformCompleteExample 2022-12-01T02:49:19Z logger.go:66:           - from_port                = 80
TestTerraformCompleteExample 2022-12-01T02:49:19Z logger.go:66:           - id                       = "sgrule-1111111111"
TestTerraformCompleteExample 2022-12-01T02:49:19Z logger.go:66:           - ipv6_cidr_blocks         = null
TestTerraformCompleteExample 2022-12-01T02:49:19Z logger.go:66:           - prefix_list_ids          = null
TestTerraformCompleteExample 2022-12-01T02:49:19Z logger.go:66:           - protocol                 = "tcp"
TestTerraformCompleteExample 2022-12-01T02:49:19Z logger.go:66:           - security_group_id        = "sg-1111111111111111"
TestTerraformCompleteExample 2022-12-01T02:49:19Z logger.go:66:           - self                     = false
TestTerraformCompleteExample 2022-12-01T02:49:19Z logger.go:66:           - source_security_group_id = "sg-1111111111111111"
TestTerraformCompleteExample 2022-12-01T02:49:19Z logger.go:66:           - timeouts                 = null
TestTerraformCompleteExample 2022-12-01T02:49:19Z logger.go:66:           - to_port                  = 80
TestTerraformCompleteExample 2022-12-01T02:49:19Z logger.go:66:           - type                     = "ingress"
TestTerraformCompleteExample 2022-12-01T02:49:19Z logger.go:66:         },
TestTerraformCompleteExample 2022-12-01T02:49:19Z logger.go:66:       - {
TestTerraformCompleteExample 2022-12-01T02:49:19Z logger.go:66:           - cidr_blocks              = null
TestTerraformCompleteExample 2022-12-01T02:49:19Z logger.go:66:           - description              = "HTTPS"
TestTerraformCompleteExample 2022-12-01T02:49:19Z logger.go:66:           - from_port                = 443
TestTerraformCompleteExample 2022-12-01T02:49:19Z logger.go:66:           - id                       = "sgrule-1111111111"
TestTerraformCompleteExample 2022-12-01T02:49:19Z logger.go:66:           - ipv6_cidr_blocks         = null
TestTerraformCompleteExample 2022-12-01T02:49:19Z logger.go:66:           - prefix_list_ids          = null
TestTerraformCompleteExample 2022-12-01T02:49:19Z logger.go:66:           - protocol                 = "tcp"
TestTerraformCompleteExample 2022-12-01T02:49:19Z logger.go:66:           - security_group_id        = "sg-1111111111111111"
TestTerraformCompleteExample 2022-12-01T02:49:19Z logger.go:66:           - self                     = false
TestTerraformCompleteExample 2022-12-01T02:49:19Z logger.go:66:           - source_security_group_id = "sg-1111111111111111"
TestTerraformCompleteExample 2022-12-01T02:49:19Z logger.go:66:           - timeouts                 = null
TestTerraformCompleteExample 2022-12-01T02:49:19Z logger.go:66:           - to_port                  = 443
TestTerraformCompleteExample 2022-12-01T02:49:19Z logger.go:66:           - type                     = "ingress"
TestTerraformCompleteExample 2022-12-01T02:49:19Z logger.go:66:         },
TestTerraformCompleteExample 2022-12-01T02:49:19Z logger.go:66:     ] -> null
TestTerraformCompleteExample 2022-12-01T02:49:19Z logger.go:66:   - sg_rule_with_exported_module_rule_alias = {
TestTerraformCompleteExample 2022-12-01T02:49:19Z logger.go:66:       - cidr_blocks              = [
TestTerraformCompleteExample 2022-12-01T02:49:19Z logger.go:66:           - "10.0.0.0/16",
TestTerraformCompleteExample 2022-12-01T02:49:19Z logger.go:66:         ]
TestTerraformCompleteExample 2022-12-01T02:49:19Z logger.go:66:       - description              = "HTTPS"
TestTerraformCompleteExample 2022-12-01T02:49:19Z logger.go:66:       - from_port                = 443
TestTerraformCompleteExample 2022-12-01T02:49:19Z logger.go:66:       - id                       = "sgrule-1111111111"
TestTerraformCompleteExample 2022-12-01T02:49:19Z logger.go:66:       - ipv6_cidr_blocks         = null
TestTerraformCompleteExample 2022-12-01T02:49:19Z logger.go:66:       - prefix_list_ids          = null
TestTerraformCompleteExample 2022-12-01T02:49:19Z logger.go:66:       - protocol                 = "tcp"
TestTerraformCompleteExample 2022-12-01T02:49:19Z logger.go:66:       - security_group_id        = "sg-1111111111111111"
TestTerraformCompleteExample 2022-12-01T02:49:19Z logger.go:66:       - self                     = false
TestTerraformCompleteExample 2022-12-01T02:49:19Z logger.go:66:       - source_security_group_id = null
TestTerraformCompleteExample 2022-12-01T02:49:19Z logger.go:66:       - timeouts                 = null
TestTerraformCompleteExample 2022-12-01T02:49:19Z logger.go:66:       - to_port                  = 443
TestTerraformCompleteExample 2022-12-01T02:49:19Z logger.go:66:       - type                     = "ingress"
TestTerraformCompleteExample 2022-12-01T02:49:19Z logger.go:66:     } -> null
TestTerraformCompleteExample 2022-12-01T02:49:19Z logger.go:66:   - terratest                               = {
TestTerraformCompleteExample 2022-12-01T02:49:19Z logger.go:66:       - aws_ec2_managed_prefix_list_other_id  = "pl-1111111111111111"
TestTerraformCompleteExample 2022-12-01T02:49:19Z logger.go:66:       - aws_security_group_other_id           = "sg-1111111111111111"
TestTerraformCompleteExample 2022-12-01T02:49:19Z logger.go:66:       - data_aws_prefix_list_private_s3_id    = "pl-1111111111111111"
TestTerraformCompleteExample 2022-12-01T02:49:19Z logger.go:66:       - data_aws_security_group_default_id    = "sg-1111111111111111"
TestTerraformCompleteExample 2022-12-01T02:49:19Z logger.go:66:       - egress_count                          = 7
TestTerraformCompleteExample 2022-12-01T02:49:19Z logger.go:66:       - ingress_count                         = 9
TestTerraformCompleteExample 2022-12-01T02:49:19Z logger.go:66:       - sg_id_with_exported_module_rule_alias = "sg-1111111111111111"
TestTerraformCompleteExample 2022-12-01T02:49:19Z logger.go:66:     } -> null
TestTerraformCompleteExample 2022-12-01T02:49:20Z logger.go:66: module.security_group.aws_security_group_rule.egress["22-22-tcp-pl-1111111111111111"]: Destroying... [id=sgrule-1111111111]
TestTerraformCompleteExample 2022-12-01T02:49:20Z logger.go:66: module.security_group.aws_security_group_rule.ingress["5432-5432-tcp-2001:db8::/64"]: Destroying... [id=sgrule-1111111111]
TestTerraformCompleteExample 2022-12-01T02:49:20Z logger.go:66: module.security_group.aws_security_group_rule.ingress["0-0-icmp-sg-1111111111111111"]: Destroying... [id=sgrule-1111111111]
TestTerraformCompleteExample 2022-12-01T02:49:20Z logger.go:66: module.security_group.aws_security_group_rule.ingress["0-0-all-10.10.0.0/16-10.20.0.0/24"]: Destroying... [id=sgrule-1111111111]
TestTerraformCompleteExample 2022-12-01T02:49:20Z logger.go:66: module.security_group.aws_security_group_rule.ingress["443-443-tcp-0.0.0.0/0-::/0"]: Destroying... [id=sgrule-1111111111]
TestTerraformCompleteExample 2022-12-01T02:49:20Z logger.go:66: module.security_group.aws_security_group_rule.computed_egress[0]: Destroying... [id=sgrule-1111111111]
TestTerraformCompleteExample 2022-12-01T02:49:20Z logger.go:66: module.security_group.aws_security_group_rule.computed_egress[1]: Destroying... [id=sgrule-1111111111]
TestTerraformCompleteExample 2022-12-01T02:49:20Z logger.go:66: module.security_group.aws_security_group_rule.egress["5432-5432-tcp-2001:db8::/64"]: Destroying... [id=sgrule-1111111111]
TestTerraformCompleteExample 2022-12-01T02:49:20Z logger.go:66: module.security_group.aws_security_group_rule.ingress["22-22-tcp-pl-1111111111111111"]: Destroying... [id=sgrule-1111111111]
TestTerraformCompleteExample 2022-12-01T02:49:20Z logger.go:66: module.security_group.aws_security_group_rule.computed_ingress[1]: Destroying... [id=sgrule-1111111111]
TestTerraformCompleteExample 2022-12-01T02:49:21Z logger.go:66: module.security_group.aws_security_group_rule.computed_egress[0]: Destruction complete after 0s
TestTerraformCompleteExample 2022-12-01T02:49:21Z logger.go:66: module.security_group.aws_security_group_rule.ingress["0-0-all-true"]: Destroying... [id=sgrule-1111111111]
TestTerraformCompleteExample 2022-12-01T02:49:21Z logger.go:66: module.security_group.aws_security_group_rule.ingress["0-0-all-10.10.0.0/16-10.20.0.0/24"]: Destruction complete after 1s
TestTerraformCompleteExample 2022-12-01T02:49:21Z logger.go:66: module.security_group.aws_security_group_rule.ingress["80-80-tcp-0.0.0.0/0-::/0"]: Destroying... [id=sgrule-1111111111]
TestTerraformCompleteExample 2022-12-01T02:49:22Z logger.go:66: module.security_group.aws_security_group_rule.computed_ingress[1]: Destruction complete after 1s
TestTerraformCompleteExample 2022-12-01T02:49:22Z logger.go:66: module.security_group.aws_security_group_rule.egress["443-443-tcp-10.10.0.0/16-10.20.0.0/24"]: Destroying... [id=sgrule-1111111111]
TestTerraformCompleteExample 2022-12-01T02:49:22Z logger.go:66: module.security_group.aws_security_group_rule.ingress["5432-5432-tcp-2001:db8::/64"]: Destruction complete after 2s
TestTerraformCompleteExample 2022-12-01T02:49:22Z logger.go:66: module.security_group.aws_security_group_rule.egress["0-0-all-0.0.0.0/0-::/0"]: Destroying... [id=sgrule-1111111111]
TestTerraformCompleteExample 2022-12-01T02:49:23Z logger.go:66: module.security_group.aws_security_group_rule.ingress["443-443-tcp-0.0.0.0/0-::/0"]: Destruction complete after 2s
TestTerraformCompleteExample 2022-12-01T02:49:23Z logger.go:66: module.security_group.aws_security_group_rule.egress["0-0-icmp-sg-1111111111111111"]: Destroying... [id=sgrule-1111111111]
TestTerraformCompleteExample 2022-12-01T02:49:23Z logger.go:66: module.security_group.aws_security_group_rule.egress["22-22-tcp-pl-1111111111111111"]: Destruction complete after 3s
TestTerraformCompleteExample 2022-12-01T02:49:23Z logger.go:66: aws_security_group_rule.example: Destroying... [id=sgrule-1111111111]
TestTerraformCompleteExample 2022-12-01T02:49:24Z logger.go:66: module.security_group.aws_security_group_rule.ingress["0-0-icmp-sg-1111111111111111"]: Destruction complete after 3s
TestTerraformCompleteExample 2022-12-01T02:49:24Z logger.go:66: module.security_group.aws_security_group_rule.computed_ingress[0]: Destroying... [id=sgrule-1111111111]
TestTerraformCompleteExample 2022-12-01T02:49:24Z logger.go:66: aws_security_group_rule.example: Destruction complete after 0s
TestTerraformCompleteExample 2022-12-01T02:49:24Z logger.go:66: aws_security_group.example: Destroying... [id=sg-1111111111111111]
TestTerraformCompleteExample 2022-12-01T02:49:24Z logger.go:66: module.security_group.aws_security_group_rule.ingress["22-22-tcp-pl-1111111111111111"]: Destruction complete after 4s
TestTerraformCompleteExample 2022-12-01T02:49:25Z logger.go:66: aws_security_group.example: Destruction complete after 1s
TestTerraformCompleteExample 2022-12-01T02:49:25Z logger.go:66: module.security_group.aws_security_group_rule.computed_egress[1]: Destruction complete after 4s
TestTerraformCompleteExample 2022-12-01T02:49:25Z logger.go:66: aws_ec2_managed_prefix_list.other: Destroying... [id=pl-1111111111111111]
TestTerraformCompleteExample 2022-12-01T02:49:25Z logger.go:66: module.security_group.aws_security_group_rule.egress["5432-5432-tcp-2001:db8::/64"]: Destruction complete after 5s
TestTerraformCompleteExample 2022-12-01T02:49:26Z logger.go:66: module.security_group.aws_security_group_rule.ingress["0-0-all-true"]: Destruction complete after 5s
TestTerraformCompleteExample 2022-12-01T02:49:26Z logger.go:66: module.security_group.aws_security_group_rule.ingress["80-80-tcp-0.0.0.0/0-::/0"]: Destruction complete after 4s
TestTerraformCompleteExample 2022-12-01T02:49:26Z logger.go:66: module.security_group.aws_security_group_rule.egress["443-443-tcp-10.10.0.0/16-10.20.0.0/24"]: Destruction complete after 5s
TestTerraformCompleteExample 2022-12-01T02:49:27Z logger.go:66: module.security_group.aws_security_group_rule.egress["0-0-all-0.0.0.0/0-::/0"]: Destruction complete after 4s
TestTerraformCompleteExample 2022-12-01T02:49:27Z logger.go:66: module.security_group.aws_security_group_rule.egress["0-0-icmp-sg-1111111111111111"]: Destruction complete after 5s
TestTerraformCompleteExample 2022-12-01T02:49:28Z logger.go:66: module.security_group.aws_security_group_rule.computed_ingress[0]: Destruction complete after 4s
TestTerraformCompleteExample 2022-12-01T02:49:28Z logger.go:66: aws_security_group.other: Destroying... [id=sg-1111111111111111]
TestTerraformCompleteExample 2022-12-01T02:49:28Z logger.go:66: module.security_group.aws_security_group.self[0]: Destroying... [id=sg-1111111111111111]
TestTerraformCompleteExample 2022-12-01T02:49:29Z logger.go:66: aws_security_group.other: Destruction complete after 1s
TestTerraformCompleteExample 2022-12-01T02:49:29Z logger.go:66: module.security_group.aws_security_group.self[0]: Destruction complete after 1s
TestTerraformCompleteExample 2022-12-01T02:49:32Z logger.go:66: aws_ec2_managed_prefix_list.other: Destruction complete after 7s
TestTerraformCompleteExample 2022-12-01T02:49:32Z logger.go:66:
TestTerraformCompleteExample 2022-12-01T02:49:32Z logger.go:66: Destroy complete! Resources: 21 destroyed.
--- PASS: TestTerraformCompleteExample (41.62s)
PASS
ok  	command-line-arguments	41.638s
