=== RUN   TestTerraformManagedRulesExample
TestTerraformManagedRulesExample 2022-12-01T02:50:05Z retry.go:91: terraform [init -upgrade=false]
TestTerraformManagedRulesExample 2022-12-01T02:50:05Z logger.go:66: Running command terraform with args [init -upgrade=false]
TestTerraformManagedRulesExample 2022-12-01T02:50:05Z logger.go:66: [0m[1mInitializing modules...[0m
TestTerraformManagedRulesExample 2022-12-01T02:50:05Z logger.go:66:
TestTerraformManagedRulesExample 2022-12-01T02:50:05Z logger.go:66: [0m[1mInitializing the backend...[0m
TestTerraformManagedRulesExample 2022-12-01T02:50:06Z logger.go:66:
TestTerraformManagedRulesExample 2022-12-01T02:50:06Z logger.go:66: [0m[1mInitializing provider plugins...[0m
TestTerraformManagedRulesExample 2022-12-01T02:50:06Z logger.go:66: - Reusing previous version of hashicorp/aws from the dependency lock file
TestTerraformManagedRulesExample 2022-12-01T02:50:07Z logger.go:66: - Using previously-installed hashicorp/aws v4.39.0
TestTerraformManagedRulesExample 2022-12-01T02:50:07Z logger.go:66:
TestTerraformManagedRulesExample 2022-12-01T02:50:07Z logger.go:66: [0m[1m[32mTerraform has been successfully initialized![0m[32m[0m
TestTerraformManagedRulesExample 2022-12-01T02:50:07Z logger.go:66: [0m[32m
TestTerraformManagedRulesExample 2022-12-01T02:50:07Z logger.go:66: You may now begin working with Terraform. Try running "terraform plan" to see
TestTerraformManagedRulesExample 2022-12-01T02:50:07Z logger.go:66: any changes that are required for your infrastructure. All Terraform commands
TestTerraformManagedRulesExample 2022-12-01T02:50:07Z logger.go:66: should now work.
TestTerraformManagedRulesExample 2022-12-01T02:50:07Z logger.go:66:
TestTerraformManagedRulesExample 2022-12-01T02:50:07Z logger.go:66: If you ever set or change modules or backend configuration for Terraform,
TestTerraformManagedRulesExample 2022-12-01T02:50:07Z logger.go:66: rerun this command to reinitialize your working directory. If you forget, other
TestTerraformManagedRulesExample 2022-12-01T02:50:07Z logger.go:66: commands will detect it and remind you to do so if necessary.[0m
TestTerraformManagedRulesExample 2022-12-01T02:50:07Z retry.go:91: terraform [apply -input=false -auto-approve -no-color -lock=false]
TestTerraformManagedRulesExample 2022-12-01T02:50:07Z logger.go:66: Running command terraform with args [apply -input=false -auto-approve -no-color -lock=false]
TestTerraformManagedRulesExample 2022-12-01T02:50:10Z logger.go:66: data.aws_vpc.default: Reading...
TestTerraformManagedRulesExample 2022-12-01T02:50:10Z logger.go:66: data.aws_prefix_list.private_s3: Reading...
TestTerraformManagedRulesExample 2022-12-01T02:50:10Z logger.go:66: data.aws_prefix_list.private_s3: Read complete after 1s [id=pl-1111111111111111]
TestTerraformManagedRulesExample 2022-12-01T02:50:11Z logger.go:66: data.aws_vpc.default: Read complete after 1s [id=vpc-1111111111111111]
TestTerraformManagedRulesExample 2022-12-01T02:50:11Z logger.go:66: data.aws_security_group.default: Reading...
TestTerraformManagedRulesExample 2022-12-01T02:50:11Z logger.go:66: data.aws_security_group.default: Read complete after 0s [id=sg-1111111111111111]
TestTerraformManagedRulesExample 2022-12-01T02:50:11Z logger.go:66:
TestTerraformManagedRulesExample 2022-12-01T02:50:11Z logger.go:66: Terraform used the selected providers to generate the following execution
TestTerraformManagedRulesExample 2022-12-01T02:50:11Z logger.go:66: plan. Resource actions are indicated with the following symbols:
TestTerraformManagedRulesExample 2022-12-01T02:50:11Z logger.go:66:   + create
TestTerraformManagedRulesExample 2022-12-01T02:50:11Z logger.go:66:
TestTerraformManagedRulesExample 2022-12-01T02:50:11Z logger.go:66: Terraform will perform the following actions:
TestTerraformManagedRulesExample 2022-12-01T02:50:11Z logger.go:66:
TestTerraformManagedRulesExample 2022-12-01T02:50:11Z logger.go:66:   # module.security_group.aws_security_group.self[0] will be created
TestTerraformManagedRulesExample 2022-12-01T02:50:11Z logger.go:66:   + resource "aws_security_group" "self" {
TestTerraformManagedRulesExample 2022-12-01T02:50:11Z logger.go:66:       + arn                    = (known after apply)
TestTerraformManagedRulesExample 2022-12-01T02:50:11Z logger.go:66:       + description            = "ex-managed"
TestTerraformManagedRulesExample 2022-12-01T02:50:11Z logger.go:66:       + egress                 = (known after apply)
TestTerraformManagedRulesExample 2022-12-01T02:50:11Z logger.go:66:       + id                     = (known after apply)
TestTerraformManagedRulesExample 2022-12-01T02:50:11Z logger.go:66:       + ingress                = (known after apply)
TestTerraformManagedRulesExample 2022-12-01T02:50:11Z logger.go:66:       + name                   = "ex-managed"
TestTerraformManagedRulesExample 2022-12-01T02:50:11Z logger.go:66:       + name_prefix            = (known after apply)
TestTerraformManagedRulesExample 2022-12-01T02:50:11Z logger.go:66:       + owner_id               = (known after apply)
TestTerraformManagedRulesExample 2022-12-01T02:50:11Z logger.go:66:       + revoke_rules_on_delete = false
TestTerraformManagedRulesExample 2022-12-01T02:50:11Z logger.go:66:       + tags                   = {
TestTerraformManagedRulesExample 2022-12-01T02:50:11Z logger.go:66:           + "Name" = "ex-managed"
TestTerraformManagedRulesExample 2022-12-01T02:50:11Z logger.go:66:         }
TestTerraformManagedRulesExample 2022-12-01T02:50:11Z logger.go:66:       + tags_all               = {
TestTerraformManagedRulesExample 2022-12-01T02:50:11Z logger.go:66:           + "Example"    = "ex-managed"
TestTerraformManagedRulesExample 2022-12-01T02:50:11Z logger.go:66:           + "GithubOrg"  = "aidanmelen"
TestTerraformManagedRulesExample 2022-12-01T02:50:11Z logger.go:66:           + "GithubRepo" = "terraform-aws-security-group"
TestTerraformManagedRulesExample 2022-12-01T02:50:11Z logger.go:66:           + "Name"       = "ex-managed"
TestTerraformManagedRulesExample 2022-12-01T02:50:11Z logger.go:66:         }
TestTerraformManagedRulesExample 2022-12-01T02:50:11Z logger.go:66:       + vpc_id                 = "vpc-1111111111111111"
TestTerraformManagedRulesExample 2022-12-01T02:50:11Z logger.go:66:
TestTerraformManagedRulesExample 2022-12-01T02:50:11Z logger.go:66:       + timeouts {
TestTerraformManagedRulesExample 2022-12-01T02:50:11Z logger.go:66:           + create = "10m"
TestTerraformManagedRulesExample 2022-12-01T02:50:11Z logger.go:66:           + delete = "15m"
TestTerraformManagedRulesExample 2022-12-01T02:50:11Z logger.go:66:         }
TestTerraformManagedRulesExample 2022-12-01T02:50:11Z logger.go:66:     }
TestTerraformManagedRulesExample 2022-12-01T02:50:11Z logger.go:66:
TestTerraformManagedRulesExample 2022-12-01T02:50:11Z logger.go:66:   # module.security_group.aws_security_group_rule.egress["0-0-all-true"] will be created
TestTerraformManagedRulesExample 2022-12-01T02:50:11Z logger.go:66:   + resource "aws_security_group_rule" "egress" {
TestTerraformManagedRulesExample 2022-12-01T02:50:11Z logger.go:66:       + description              = "All protocols"
TestTerraformManagedRulesExample 2022-12-01T02:50:11Z logger.go:66:       + from_port                = 0
TestTerraformManagedRulesExample 2022-12-01T02:50:11Z logger.go:66:       + id                       = (known after apply)
TestTerraformManagedRulesExample 2022-12-01T02:50:11Z logger.go:66:       + protocol                 = "-1"
TestTerraformManagedRulesExample 2022-12-01T02:50:11Z logger.go:66:       + security_group_id        = (known after apply)
TestTerraformManagedRulesExample 2022-12-01T02:50:11Z logger.go:66:       + self                     = true
TestTerraformManagedRulesExample 2022-12-01T02:50:11Z logger.go:66:       + source_security_group_id = (known after apply)
TestTerraformManagedRulesExample 2022-12-01T02:50:11Z logger.go:66:       + to_port                  = 0
TestTerraformManagedRulesExample 2022-12-01T02:50:11Z logger.go:66:       + type                     = "egress"
TestTerraformManagedRulesExample 2022-12-01T02:50:11Z logger.go:66:     }
TestTerraformManagedRulesExample 2022-12-01T02:50:11Z logger.go:66:
TestTerraformManagedRulesExample 2022-12-01T02:50:11Z logger.go:66:   # module.security_group.aws_security_group_rule.egress["0-0-icmp-sg-1111111111111111"] will be created
TestTerraformManagedRulesExample 2022-12-01T02:50:11Z logger.go:66:   + resource "aws_security_group_rule" "egress" {
TestTerraformManagedRulesExample 2022-12-01T02:50:11Z logger.go:66:       + description              = "All IPV4 ICMP"
TestTerraformManagedRulesExample 2022-12-01T02:50:11Z logger.go:66:       + from_port                = 0
TestTerraformManagedRulesExample 2022-12-01T02:50:11Z logger.go:66:       + id                       = (known after apply)
TestTerraformManagedRulesExample 2022-12-01T02:50:11Z logger.go:66:       + protocol                 = "icmp"
TestTerraformManagedRulesExample 2022-12-01T02:50:11Z logger.go:66:       + security_group_id        = (known after apply)
TestTerraformManagedRulesExample 2022-12-01T02:50:11Z logger.go:66:       + self                     = false
TestTerraformManagedRulesExample 2022-12-01T02:50:11Z logger.go:66:       + source_security_group_id = "sg-1111111111111111"
TestTerraformManagedRulesExample 2022-12-01T02:50:11Z logger.go:66:       + to_port                  = 0
TestTerraformManagedRulesExample 2022-12-01T02:50:11Z logger.go:66:       + type                     = "egress"
TestTerraformManagedRulesExample 2022-12-01T02:50:11Z logger.go:66:     }
TestTerraformManagedRulesExample 2022-12-01T02:50:11Z logger.go:66:
TestTerraformManagedRulesExample 2022-12-01T02:50:11Z logger.go:66:   # module.security_group.aws_security_group_rule.egress["22-22-tcp-pl-1111111111111111"] will be created
TestTerraformManagedRulesExample 2022-12-01T02:50:11Z logger.go:66:   + resource "aws_security_group_rule" "egress" {
TestTerraformManagedRulesExample 2022-12-01T02:50:11Z logger.go:66:       + description              = "SSH"
TestTerraformManagedRulesExample 2022-12-01T02:50:11Z logger.go:66:       + from_port                = 22
TestTerraformManagedRulesExample 2022-12-01T02:50:11Z logger.go:66:       + id                       = (known after apply)
TestTerraformManagedRulesExample 2022-12-01T02:50:11Z logger.go:66:       + prefix_list_ids          = [
TestTerraformManagedRulesExample 2022-12-01T02:50:11Z logger.go:66:           + "pl-1111111111111111",
TestTerraformManagedRulesExample 2022-12-01T02:50:11Z logger.go:66:         ]
TestTerraformManagedRulesExample 2022-12-01T02:50:11Z logger.go:66:       + protocol                 = "tcp"
TestTerraformManagedRulesExample 2022-12-01T02:50:11Z logger.go:66:       + security_group_id        = (known after apply)
TestTerraformManagedRulesExample 2022-12-01T02:50:11Z logger.go:66:       + self                     = false
TestTerraformManagedRulesExample 2022-12-01T02:50:11Z logger.go:66:       + source_security_group_id = (known after apply)
TestTerraformManagedRulesExample 2022-12-01T02:50:11Z logger.go:66:       + to_port                  = 22
TestTerraformManagedRulesExample 2022-12-01T02:50:11Z logger.go:66:       + type                     = "egress"
TestTerraformManagedRulesExample 2022-12-01T02:50:11Z logger.go:66:     }
TestTerraformManagedRulesExample 2022-12-01T02:50:11Z logger.go:66:
TestTerraformManagedRulesExample 2022-12-01T02:50:11Z logger.go:66:   # module.security_group.aws_security_group_rule.egress["443-443-tcp-10.10.0.0/16-10.20.0.0/24"] will be created
TestTerraformManagedRulesExample 2022-12-01T02:50:11Z logger.go:66:   + resource "aws_security_group_rule" "egress" {
TestTerraformManagedRulesExample 2022-12-01T02:50:11Z logger.go:66:       + cidr_blocks              = [
TestTerraformManagedRulesExample 2022-12-01T02:50:11Z logger.go:66:           + "10.10.0.0/16",
TestTerraformManagedRulesExample 2022-12-01T02:50:11Z logger.go:66:           + "10.20.0.0/24",
TestTerraformManagedRulesExample 2022-12-01T02:50:11Z logger.go:66:         ]
TestTerraformManagedRulesExample 2022-12-01T02:50:11Z logger.go:66:       + description              = "HTTPS"
TestTerraformManagedRulesExample 2022-12-01T02:50:11Z logger.go:66:       + from_port                = 443
TestTerraformManagedRulesExample 2022-12-01T02:50:11Z logger.go:66:       + id                       = (known after apply)
TestTerraformManagedRulesExample 2022-12-01T02:50:11Z logger.go:66:       + protocol                 = "tcp"
TestTerraformManagedRulesExample 2022-12-01T02:50:11Z logger.go:66:       + security_group_id        = (known after apply)
TestTerraformManagedRulesExample 2022-12-01T02:50:11Z logger.go:66:       + self                     = false
TestTerraformManagedRulesExample 2022-12-01T02:50:11Z logger.go:66:       + source_security_group_id = (known after apply)
TestTerraformManagedRulesExample 2022-12-01T02:50:11Z logger.go:66:       + to_port                  = 443
TestTerraformManagedRulesExample 2022-12-01T02:50:11Z logger.go:66:       + type                     = "egress"
TestTerraformManagedRulesExample 2022-12-01T02:50:11Z logger.go:66:     }
TestTerraformManagedRulesExample 2022-12-01T02:50:11Z logger.go:66:
TestTerraformManagedRulesExample 2022-12-01T02:50:11Z logger.go:66:   # module.security_group.aws_security_group_rule.egress["5432-5432-tcp-2001:db8::/64"] will be created
TestTerraformManagedRulesExample 2022-12-01T02:50:11Z logger.go:66:   + resource "aws_security_group_rule" "egress" {
TestTerraformManagedRulesExample 2022-12-01T02:50:11Z logger.go:66:       + description              = "PostgreSQL"
TestTerraformManagedRulesExample 2022-12-01T02:50:11Z logger.go:66:       + from_port                = 5432
TestTerraformManagedRulesExample 2022-12-01T02:50:11Z logger.go:66:       + id                       = (known after apply)
TestTerraformManagedRulesExample 2022-12-01T02:50:11Z logger.go:66:       + ipv6_cidr_blocks         = [
TestTerraformManagedRulesExample 2022-12-01T02:50:11Z logger.go:66:           + "2001:db8::/64",
TestTerraformManagedRulesExample 2022-12-01T02:50:11Z logger.go:66:         ]
TestTerraformManagedRulesExample 2022-12-01T02:50:11Z logger.go:66:       + protocol                 = "tcp"
TestTerraformManagedRulesExample 2022-12-01T02:50:11Z logger.go:66:       + security_group_id        = (known after apply)
TestTerraformManagedRulesExample 2022-12-01T02:50:11Z logger.go:66:       + self                     = false
TestTerraformManagedRulesExample 2022-12-01T02:50:11Z logger.go:66:       + source_security_group_id = (known after apply)
TestTerraformManagedRulesExample 2022-12-01T02:50:11Z logger.go:66:       + to_port                  = 5432
TestTerraformManagedRulesExample 2022-12-01T02:50:11Z logger.go:66:       + type                     = "egress"
TestTerraformManagedRulesExample 2022-12-01T02:50:11Z logger.go:66:     }
TestTerraformManagedRulesExample 2022-12-01T02:50:11Z logger.go:66:
TestTerraformManagedRulesExample 2022-12-01T02:50:11Z logger.go:66:   # module.security_group.aws_security_group_rule.ingress["0-0-all-10.10.0.0/16-10.20.0.0/24"] will be created
TestTerraformManagedRulesExample 2022-12-01T02:50:11Z logger.go:66:   + resource "aws_security_group_rule" "ingress" {
TestTerraformManagedRulesExample 2022-12-01T02:50:11Z logger.go:66:       + cidr_blocks              = [
TestTerraformManagedRulesExample 2022-12-01T02:50:11Z logger.go:66:           + "10.10.0.0/16",
TestTerraformManagedRulesExample 2022-12-01T02:50:11Z logger.go:66:           + "10.20.0.0/24",
TestTerraformManagedRulesExample 2022-12-01T02:50:11Z logger.go:66:         ]
TestTerraformManagedRulesExample 2022-12-01T02:50:11Z logger.go:66:       + description              = "All protocols"
TestTerraformManagedRulesExample 2022-12-01T02:50:11Z logger.go:66:       + from_port                = 0
TestTerraformManagedRulesExample 2022-12-01T02:50:11Z logger.go:66:       + id                       = (known after apply)
TestTerraformManagedRulesExample 2022-12-01T02:50:11Z logger.go:66:       + protocol                 = "-1"
TestTerraformManagedRulesExample 2022-12-01T02:50:11Z logger.go:66:       + security_group_id        = (known after apply)
TestTerraformManagedRulesExample 2022-12-01T02:50:11Z logger.go:66:       + self                     = false
TestTerraformManagedRulesExample 2022-12-01T02:50:11Z logger.go:66:       + source_security_group_id = (known after apply)
TestTerraformManagedRulesExample 2022-12-01T02:50:11Z logger.go:66:       + to_port                  = 0
TestTerraformManagedRulesExample 2022-12-01T02:50:11Z logger.go:66:       + type                     = "ingress"
TestTerraformManagedRulesExample 2022-12-01T02:50:11Z logger.go:66:     }
TestTerraformManagedRulesExample 2022-12-01T02:50:11Z logger.go:66:
TestTerraformManagedRulesExample 2022-12-01T02:50:11Z logger.go:66:   # module.security_group.aws_security_group_rule.ingress["0-0-all-true"] will be created
TestTerraformManagedRulesExample 2022-12-01T02:50:11Z logger.go:66:   + resource "aws_security_group_rule" "ingress" {
TestTerraformManagedRulesExample 2022-12-01T02:50:11Z logger.go:66:       + description              = "All protocols"
TestTerraformManagedRulesExample 2022-12-01T02:50:11Z logger.go:66:       + from_port                = 0
TestTerraformManagedRulesExample 2022-12-01T02:50:11Z logger.go:66:       + id                       = (known after apply)
TestTerraformManagedRulesExample 2022-12-01T02:50:11Z logger.go:66:       + protocol                 = "-1"
TestTerraformManagedRulesExample 2022-12-01T02:50:11Z logger.go:66:       + security_group_id        = (known after apply)
TestTerraformManagedRulesExample 2022-12-01T02:50:11Z logger.go:66:       + self                     = true
TestTerraformManagedRulesExample 2022-12-01T02:50:11Z logger.go:66:       + source_security_group_id = (known after apply)
TestTerraformManagedRulesExample 2022-12-01T02:50:11Z logger.go:66:       + to_port                  = 0
TestTerraformManagedRulesExample 2022-12-01T02:50:11Z logger.go:66:       + type                     = "ingress"
TestTerraformManagedRulesExample 2022-12-01T02:50:11Z logger.go:66:     }
TestTerraformManagedRulesExample 2022-12-01T02:50:11Z logger.go:66:
TestTerraformManagedRulesExample 2022-12-01T02:50:11Z logger.go:66:   # module.security_group.aws_security_group_rule.ingress["0-0-icmp-sg-1111111111111111"] will be created
TestTerraformManagedRulesExample 2022-12-01T02:50:11Z logger.go:66:   + resource "aws_security_group_rule" "ingress" {
TestTerraformManagedRulesExample 2022-12-01T02:50:11Z logger.go:66:       + description              = "All IPV4 ICMP"
TestTerraformManagedRulesExample 2022-12-01T02:50:11Z logger.go:66:       + from_port                = 0
TestTerraformManagedRulesExample 2022-12-01T02:50:11Z logger.go:66:       + id                       = (known after apply)
TestTerraformManagedRulesExample 2022-12-01T02:50:11Z logger.go:66:       + protocol                 = "icmp"
TestTerraformManagedRulesExample 2022-12-01T02:50:11Z logger.go:66:       + security_group_id        = (known after apply)
TestTerraformManagedRulesExample 2022-12-01T02:50:11Z logger.go:66:       + self                     = false
TestTerraformManagedRulesExample 2022-12-01T02:50:11Z logger.go:66:       + source_security_group_id = "sg-1111111111111111"
TestTerraformManagedRulesExample 2022-12-01T02:50:11Z logger.go:66:       + to_port                  = 0
TestTerraformManagedRulesExample 2022-12-01T02:50:11Z logger.go:66:       + type                     = "ingress"
TestTerraformManagedRulesExample 2022-12-01T02:50:11Z logger.go:66:     }
TestTerraformManagedRulesExample 2022-12-01T02:50:11Z logger.go:66:
TestTerraformManagedRulesExample 2022-12-01T02:50:11Z logger.go:66:   # module.security_group.aws_security_group_rule.ingress["22-22-tcp-pl-1111111111111111"] will be created
TestTerraformManagedRulesExample 2022-12-01T02:50:11Z logger.go:66:   + resource "aws_security_group_rule" "ingress" {
TestTerraformManagedRulesExample 2022-12-01T02:50:11Z logger.go:66:       + description              = "SSH"
TestTerraformManagedRulesExample 2022-12-01T02:50:11Z logger.go:66:       + from_port                = 22
TestTerraformManagedRulesExample 2022-12-01T02:50:11Z logger.go:66:       + id                       = (known after apply)
TestTerraformManagedRulesExample 2022-12-01T02:50:11Z logger.go:66:       + prefix_list_ids          = [
TestTerraformManagedRulesExample 2022-12-01T02:50:11Z logger.go:66:           + "pl-1111111111111111",
TestTerraformManagedRulesExample 2022-12-01T02:50:11Z logger.go:66:         ]
TestTerraformManagedRulesExample 2022-12-01T02:50:11Z logger.go:66:       + protocol                 = "tcp"
TestTerraformManagedRulesExample 2022-12-01T02:50:11Z logger.go:66:       + security_group_id        = (known after apply)
TestTerraformManagedRulesExample 2022-12-01T02:50:11Z logger.go:66:       + self                     = false
TestTerraformManagedRulesExample 2022-12-01T02:50:11Z logger.go:66:       + source_security_group_id = (known after apply)
TestTerraformManagedRulesExample 2022-12-01T02:50:11Z logger.go:66:       + to_port                  = 22
TestTerraformManagedRulesExample 2022-12-01T02:50:11Z logger.go:66:       + type                     = "ingress"
TestTerraformManagedRulesExample 2022-12-01T02:50:11Z logger.go:66:     }
TestTerraformManagedRulesExample 2022-12-01T02:50:11Z logger.go:66:
TestTerraformManagedRulesExample 2022-12-01T02:50:11Z logger.go:66:   # module.security_group.aws_security_group_rule.ingress["5432-5432-tcp-2001:db8::/64"] will be created
TestTerraformManagedRulesExample 2022-12-01T02:50:11Z logger.go:66:   + resource "aws_security_group_rule" "ingress" {
TestTerraformManagedRulesExample 2022-12-01T02:50:11Z logger.go:66:       + description              = "PostgreSQL"
TestTerraformManagedRulesExample 2022-12-01T02:50:11Z logger.go:66:       + from_port                = 5432
TestTerraformManagedRulesExample 2022-12-01T02:50:11Z logger.go:66:       + id                       = (known after apply)
TestTerraformManagedRulesExample 2022-12-01T02:50:11Z logger.go:66:       + ipv6_cidr_blocks         = [
TestTerraformManagedRulesExample 2022-12-01T02:50:11Z logger.go:66:           + "2001:db8::/64",
TestTerraformManagedRulesExample 2022-12-01T02:50:11Z logger.go:66:         ]
TestTerraformManagedRulesExample 2022-12-01T02:50:11Z logger.go:66:       + protocol                 = "tcp"
TestTerraformManagedRulesExample 2022-12-01T02:50:11Z logger.go:66:       + security_group_id        = (known after apply)
TestTerraformManagedRulesExample 2022-12-01T02:50:11Z logger.go:66:       + self                     = false
TestTerraformManagedRulesExample 2022-12-01T02:50:11Z logger.go:66:       + source_security_group_id = (known after apply)
TestTerraformManagedRulesExample 2022-12-01T02:50:11Z logger.go:66:       + to_port                  = 5432
TestTerraformManagedRulesExample 2022-12-01T02:50:11Z logger.go:66:       + type                     = "ingress"
TestTerraformManagedRulesExample 2022-12-01T02:50:11Z logger.go:66:     }
TestTerraformManagedRulesExample 2022-12-01T02:50:11Z logger.go:66:
TestTerraformManagedRulesExample 2022-12-01T02:50:11Z logger.go:66: Plan: 11 to add, 0 to change, 0 to destroy.
TestTerraformManagedRulesExample 2022-12-01T02:50:11Z logger.go:66:
TestTerraformManagedRulesExample 2022-12-01T02:50:11Z logger.go:66: Changes to Outputs:
TestTerraformManagedRulesExample 2022-12-01T02:50:11Z logger.go:66:   + arn       = (known after apply)
TestTerraformManagedRulesExample 2022-12-01T02:50:11Z logger.go:66:   + egress    = (known after apply)
TestTerraformManagedRulesExample 2022-12-01T02:50:11Z logger.go:66:   + id        = (known after apply)
TestTerraformManagedRulesExample 2022-12-01T02:50:11Z logger.go:66:   + ingress   = (known after apply)
TestTerraformManagedRulesExample 2022-12-01T02:50:11Z logger.go:66:   + terratest = {
TestTerraformManagedRulesExample 2022-12-01T02:50:11Z logger.go:66:       + data_aws_prefix_list_private_s3_id = "pl-1111111111111111"
TestTerraformManagedRulesExample 2022-12-01T02:50:11Z logger.go:66:       + data_aws_security_group_default_id = "sg-1111111111111111"
TestTerraformManagedRulesExample 2022-12-01T02:50:11Z logger.go:66:       + egress_count                       = (known after apply)
TestTerraformManagedRulesExample 2022-12-01T02:50:11Z logger.go:66:       + ingress_count                      = (known after apply)
TestTerraformManagedRulesExample 2022-12-01T02:50:11Z logger.go:66:     }
TestTerraformManagedRulesExample 2022-12-01T02:50:12Z logger.go:66: module.security_group.aws_security_group.self[0]: Creating...
TestTerraformManagedRulesExample 2022-12-01T02:50:14Z logger.go:66: module.security_group.aws_security_group.self[0]: Creation complete after 3s [id=sg-1111111111111111]
TestTerraformManagedRulesExample 2022-12-01T02:50:14Z logger.go:66: module.security_group.aws_security_group_rule.ingress["5432-5432-tcp-2001:db8::/64"]: Creating...
TestTerraformManagedRulesExample 2022-12-01T02:50:14Z logger.go:66: module.security_group.aws_security_group_rule.ingress["22-22-tcp-pl-1111111111111111"]: Creating...
TestTerraformManagedRulesExample 2022-12-01T02:50:14Z logger.go:66: module.security_group.aws_security_group_rule.egress["22-22-tcp-pl-1111111111111111"]: Creating...
TestTerraformManagedRulesExample 2022-12-01T02:50:14Z logger.go:66: module.security_group.aws_security_group_rule.egress["0-0-icmp-sg-1111111111111111"]: Creating...
TestTerraformManagedRulesExample 2022-12-01T02:50:14Z logger.go:66: module.security_group.aws_security_group_rule.egress["0-0-all-true"]: Creating...
TestTerraformManagedRulesExample 2022-12-01T02:50:14Z logger.go:66: module.security_group.aws_security_group_rule.ingress["0-0-icmp-sg-1111111111111111"]: Creating...
TestTerraformManagedRulesExample 2022-12-01T02:50:14Z logger.go:66: module.security_group.aws_security_group_rule.ingress["0-0-all-10.10.0.0/16-10.20.0.0/24"]: Creating...
TestTerraformManagedRulesExample 2022-12-01T02:50:14Z logger.go:66: module.security_group.aws_security_group_rule.egress["5432-5432-tcp-2001:db8::/64"]: Creating...
TestTerraformManagedRulesExample 2022-12-01T02:50:14Z logger.go:66: module.security_group.aws_security_group_rule.ingress["0-0-all-true"]: Creating...
TestTerraformManagedRulesExample 2022-12-01T02:50:14Z logger.go:66: module.security_group.aws_security_group_rule.egress["443-443-tcp-10.10.0.0/16-10.20.0.0/24"]: Creating...
TestTerraformManagedRulesExample 2022-12-01T02:50:15Z logger.go:66: module.security_group.aws_security_group_rule.egress["0-0-all-true"]: Creation complete after 0s [id=sgrule-1111111111]
TestTerraformManagedRulesExample 2022-12-01T02:50:15Z logger.go:66: module.security_group.aws_security_group_rule.ingress["5432-5432-tcp-2001:db8::/64"]: Creation complete after 1s [id=sgrule-1111111111]
TestTerraformManagedRulesExample 2022-12-01T02:50:16Z logger.go:66: module.security_group.aws_security_group_rule.ingress["0-0-all-10.10.0.0/16-10.20.0.0/24"]: Creation complete after 1s [id=sgrule-1111111111]
TestTerraformManagedRulesExample 2022-12-01T02:50:16Z logger.go:66: module.security_group.aws_security_group_rule.egress["22-22-tcp-pl-1111111111111111"]: Creation complete after 2s [id=sgrule-1111111111]
TestTerraformManagedRulesExample 2022-12-01T02:50:17Z logger.go:66: module.security_group.aws_security_group_rule.ingress["22-22-tcp-pl-1111111111111111"]: Creation complete after 2s [id=sgrule-1111111111]
TestTerraformManagedRulesExample 2022-12-01T02:50:17Z logger.go:66: module.security_group.aws_security_group_rule.egress["0-0-icmp-sg-1111111111111111"]: Creation complete after 3s [id=sgrule-1111111111]
TestTerraformManagedRulesExample 2022-12-01T02:50:18Z logger.go:66: module.security_group.aws_security_group_rule.egress["5432-5432-tcp-2001:db8::/64"]: Creation complete after 3s [id=sgrule-1111111111]
TestTerraformManagedRulesExample 2022-12-01T02:50:19Z logger.go:66: module.security_group.aws_security_group_rule.ingress["0-0-icmp-sg-1111111111111111"]: Creation complete after 4s [id=sgrule-1111111111]
TestTerraformManagedRulesExample 2022-12-01T02:50:19Z logger.go:66: module.security_group.aws_security_group_rule.egress["443-443-tcp-10.10.0.0/16-10.20.0.0/24"]: Creation complete after 5s [id=sgrule-1111111111]
TestTerraformManagedRulesExample 2022-12-01T02:50:20Z logger.go:66: module.security_group.aws_security_group_rule.ingress["0-0-all-true"]: Creation complete after 5s [id=sgrule-1111111111]
TestTerraformManagedRulesExample 2022-12-01T02:50:20Z logger.go:66:
TestTerraformManagedRulesExample 2022-12-01T02:50:20Z logger.go:66: Apply complete! Resources: 11 added, 0 changed, 0 destroyed.
TestTerraformManagedRulesExample 2022-12-01T02:50:20Z logger.go:66:
TestTerraformManagedRulesExample 2022-12-01T02:50:20Z logger.go:66: Outputs:
TestTerraformManagedRulesExample 2022-12-01T02:50:20Z logger.go:66:
TestTerraformManagedRulesExample 2022-12-01T02:50:20Z logger.go:66: arn = "arn:aws:ec2:us-west-2:111111111111:security-group/sg-1111111111111111"
TestTerraformManagedRulesExample 2022-12-01T02:50:20Z logger.go:66: egress = [
TestTerraformManagedRulesExample 2022-12-01T02:50:20Z logger.go:66:   {
TestTerraformManagedRulesExample 2022-12-01T02:50:20Z logger.go:66:     "cidr_blocks" = tolist(null) /* of string */
TestTerraformManagedRulesExample 2022-12-01T02:50:20Z logger.go:66:     "description" = "All protocols"
TestTerraformManagedRulesExample 2022-12-01T02:50:20Z logger.go:66:     "from_port" = 0
TestTerraformManagedRulesExample 2022-12-01T02:50:20Z logger.go:66:     "id" = "sgrule-1111111111"
TestTerraformManagedRulesExample 2022-12-01T02:50:20Z logger.go:66:     "ipv6_cidr_blocks" = tolist(null) /* of string */
TestTerraformManagedRulesExample 2022-12-01T02:50:20Z logger.go:66:     "prefix_list_ids" = tolist(null) /* of string */
TestTerraformManagedRulesExample 2022-12-01T02:50:20Z logger.go:66:     "protocol" = "-1"
TestTerraformManagedRulesExample 2022-12-01T02:50:20Z logger.go:66:     "security_group_id" = "sg-1111111111111111"
TestTerraformManagedRulesExample 2022-12-01T02:50:20Z logger.go:66:     "self" = true
TestTerraformManagedRulesExample 2022-12-01T02:50:20Z logger.go:66:     "source_security_group_id" = tostring(null)
TestTerraformManagedRulesExample 2022-12-01T02:50:20Z logger.go:66:     "timeouts" = null /* object */
TestTerraformManagedRulesExample 2022-12-01T02:50:20Z logger.go:66:     "to_port" = 0
TestTerraformManagedRulesExample 2022-12-01T02:50:20Z logger.go:66:     "type" = "egress"
TestTerraformManagedRulesExample 2022-12-01T02:50:20Z logger.go:66:   },
TestTerraformManagedRulesExample 2022-12-01T02:50:20Z logger.go:66:   {
TestTerraformManagedRulesExample 2022-12-01T02:50:20Z logger.go:66:     "cidr_blocks" = tolist(null) /* of string */
TestTerraformManagedRulesExample 2022-12-01T02:50:20Z logger.go:66:     "description" = "All IPV4 ICMP"
TestTerraformManagedRulesExample 2022-12-01T02:50:20Z logger.go:66:     "from_port" = 0
TestTerraformManagedRulesExample 2022-12-01T02:50:20Z logger.go:66:     "id" = "sgrule-1111111111"
TestTerraformManagedRulesExample 2022-12-01T02:50:20Z logger.go:66:     "ipv6_cidr_blocks" = tolist(null) /* of string */
TestTerraformManagedRulesExample 2022-12-01T02:50:20Z logger.go:66:     "prefix_list_ids" = tolist(null) /* of string */
TestTerraformManagedRulesExample 2022-12-01T02:50:20Z logger.go:66:     "protocol" = "icmp"
TestTerraformManagedRulesExample 2022-12-01T02:50:20Z logger.go:66:     "security_group_id" = "sg-1111111111111111"
TestTerraformManagedRulesExample 2022-12-01T02:50:20Z logger.go:66:     "self" = false
TestTerraformManagedRulesExample 2022-12-01T02:50:20Z logger.go:66:     "source_security_group_id" = "sg-1111111111111111"
TestTerraformManagedRulesExample 2022-12-01T02:50:20Z logger.go:66:     "timeouts" = null /* object */
TestTerraformManagedRulesExample 2022-12-01T02:50:20Z logger.go:66:     "to_port" = 0
TestTerraformManagedRulesExample 2022-12-01T02:50:20Z logger.go:66:     "type" = "egress"
TestTerraformManagedRulesExample 2022-12-01T02:50:20Z logger.go:66:   },
TestTerraformManagedRulesExample 2022-12-01T02:50:20Z logger.go:66:   {
TestTerraformManagedRulesExample 2022-12-01T02:50:20Z logger.go:66:     "cidr_blocks" = tolist(null) /* of string */
TestTerraformManagedRulesExample 2022-12-01T02:50:20Z logger.go:66:     "description" = "SSH"
TestTerraformManagedRulesExample 2022-12-01T02:50:20Z logger.go:66:     "from_port" = 22
TestTerraformManagedRulesExample 2022-12-01T02:50:20Z logger.go:66:     "id" = "sgrule-1111111111"
TestTerraformManagedRulesExample 2022-12-01T02:50:20Z logger.go:66:     "ipv6_cidr_blocks" = tolist(null) /* of string */
TestTerraformManagedRulesExample 2022-12-01T02:50:20Z logger.go:66:     "prefix_list_ids" = tolist([
TestTerraformManagedRulesExample 2022-12-01T02:50:20Z logger.go:66:       "pl-1111111111111111",
TestTerraformManagedRulesExample 2022-12-01T02:50:20Z logger.go:66:     ])
TestTerraformManagedRulesExample 2022-12-01T02:50:20Z logger.go:66:     "protocol" = "tcp"
TestTerraformManagedRulesExample 2022-12-01T02:50:20Z logger.go:66:     "security_group_id" = "sg-1111111111111111"
TestTerraformManagedRulesExample 2022-12-01T02:50:20Z logger.go:66:     "self" = false
TestTerraformManagedRulesExample 2022-12-01T02:50:20Z logger.go:66:     "source_security_group_id" = tostring(null)
TestTerraformManagedRulesExample 2022-12-01T02:50:20Z logger.go:66:     "timeouts" = null /* object */
TestTerraformManagedRulesExample 2022-12-01T02:50:20Z logger.go:66:     "to_port" = 22
TestTerraformManagedRulesExample 2022-12-01T02:50:20Z logger.go:66:     "type" = "egress"
TestTerraformManagedRulesExample 2022-12-01T02:50:20Z logger.go:66:   },
TestTerraformManagedRulesExample 2022-12-01T02:50:20Z logger.go:66:   {
TestTerraformManagedRulesExample 2022-12-01T02:50:20Z logger.go:66:     "cidr_blocks" = tolist([
TestTerraformManagedRulesExample 2022-12-01T02:50:20Z logger.go:66:       "10.10.0.0/16",
TestTerraformManagedRulesExample 2022-12-01T02:50:20Z logger.go:66:       "10.20.0.0/24",
TestTerraformManagedRulesExample 2022-12-01T02:50:20Z logger.go:66:     ])
TestTerraformManagedRulesExample 2022-12-01T02:50:20Z logger.go:66:     "description" = "HTTPS"
TestTerraformManagedRulesExample 2022-12-01T02:50:20Z logger.go:66:     "from_port" = 443
TestTerraformManagedRulesExample 2022-12-01T02:50:20Z logger.go:66:     "id" = "sgrule-1111111111"
TestTerraformManagedRulesExample 2022-12-01T02:50:20Z logger.go:66:     "ipv6_cidr_blocks" = tolist(null) /* of string */
TestTerraformManagedRulesExample 2022-12-01T02:50:20Z logger.go:66:     "prefix_list_ids" = tolist(null) /* of string */
TestTerraformManagedRulesExample 2022-12-01T02:50:20Z logger.go:66:     "protocol" = "tcp"
TestTerraformManagedRulesExample 2022-12-01T02:50:20Z logger.go:66:     "security_group_id" = "sg-1111111111111111"
TestTerraformManagedRulesExample 2022-12-01T02:50:20Z logger.go:66:     "self" = false
TestTerraformManagedRulesExample 2022-12-01T02:50:20Z logger.go:66:     "source_security_group_id" = tostring(null)
TestTerraformManagedRulesExample 2022-12-01T02:50:20Z logger.go:66:     "timeouts" = null /* object */
TestTerraformManagedRulesExample 2022-12-01T02:50:20Z logger.go:66:     "to_port" = 443
TestTerraformManagedRulesExample 2022-12-01T02:50:20Z logger.go:66:     "type" = "egress"
TestTerraformManagedRulesExample 2022-12-01T02:50:20Z logger.go:66:   },
TestTerraformManagedRulesExample 2022-12-01T02:50:20Z logger.go:66:   {
TestTerraformManagedRulesExample 2022-12-01T02:50:20Z logger.go:66:     "cidr_blocks" = tolist(null) /* of string */
TestTerraformManagedRulesExample 2022-12-01T02:50:20Z logger.go:66:     "description" = "PostgreSQL"
TestTerraformManagedRulesExample 2022-12-01T02:50:20Z logger.go:66:     "from_port" = 5432
TestTerraformManagedRulesExample 2022-12-01T02:50:20Z logger.go:66:     "id" = "sgrule-1111111111"
TestTerraformManagedRulesExample 2022-12-01T02:50:20Z logger.go:66:     "ipv6_cidr_blocks" = tolist([
TestTerraformManagedRulesExample 2022-12-01T02:50:20Z logger.go:66:       "2001:db8::/64",
TestTerraformManagedRulesExample 2022-12-01T02:50:20Z logger.go:66:     ])
TestTerraformManagedRulesExample 2022-12-01T02:50:20Z logger.go:66:     "prefix_list_ids" = tolist(null) /* of string */
TestTerraformManagedRulesExample 2022-12-01T02:50:20Z logger.go:66:     "protocol" = "tcp"
TestTerraformManagedRulesExample 2022-12-01T02:50:20Z logger.go:66:     "security_group_id" = "sg-1111111111111111"
TestTerraformManagedRulesExample 2022-12-01T02:50:20Z logger.go:66:     "self" = false
TestTerraformManagedRulesExample 2022-12-01T02:50:20Z logger.go:66:     "source_security_group_id" = tostring(null)
TestTerraformManagedRulesExample 2022-12-01T02:50:20Z logger.go:66:     "timeouts" = null /* object */
TestTerraformManagedRulesExample 2022-12-01T02:50:20Z logger.go:66:     "to_port" = 5432
TestTerraformManagedRulesExample 2022-12-01T02:50:20Z logger.go:66:     "type" = "egress"
TestTerraformManagedRulesExample 2022-12-01T02:50:20Z logger.go:66:   },
TestTerraformManagedRulesExample 2022-12-01T02:50:20Z logger.go:66: ]
TestTerraformManagedRulesExample 2022-12-01T02:50:20Z logger.go:66: id = "sg-1111111111111111"
TestTerraformManagedRulesExample 2022-12-01T02:50:20Z logger.go:66: ingress = [
TestTerraformManagedRulesExample 2022-12-01T02:50:20Z logger.go:66:   {
TestTerraformManagedRulesExample 2022-12-01T02:50:20Z logger.go:66:     "cidr_blocks" = tolist([
TestTerraformManagedRulesExample 2022-12-01T02:50:20Z logger.go:66:       "10.10.0.0/16",
TestTerraformManagedRulesExample 2022-12-01T02:50:20Z logger.go:66:       "10.20.0.0/24",
TestTerraformManagedRulesExample 2022-12-01T02:50:20Z logger.go:66:     ])
TestTerraformManagedRulesExample 2022-12-01T02:50:20Z logger.go:66:     "description" = "All protocols"
TestTerraformManagedRulesExample 2022-12-01T02:50:20Z logger.go:66:     "from_port" = 0
TestTerraformManagedRulesExample 2022-12-01T02:50:20Z logger.go:66:     "id" = "sgrule-1111111111"
TestTerraformManagedRulesExample 2022-12-01T02:50:20Z logger.go:66:     "ipv6_cidr_blocks" = tolist(null) /* of string */
TestTerraformManagedRulesExample 2022-12-01T02:50:20Z logger.go:66:     "prefix_list_ids" = tolist(null) /* of string */
TestTerraformManagedRulesExample 2022-12-01T02:50:20Z logger.go:66:     "protocol" = "-1"
TestTerraformManagedRulesExample 2022-12-01T02:50:20Z logger.go:66:     "security_group_id" = "sg-1111111111111111"
TestTerraformManagedRulesExample 2022-12-01T02:50:20Z logger.go:66:     "self" = false
TestTerraformManagedRulesExample 2022-12-01T02:50:20Z logger.go:66:     "source_security_group_id" = tostring(null)
TestTerraformManagedRulesExample 2022-12-01T02:50:20Z logger.go:66:     "timeouts" = null /* object */
TestTerraformManagedRulesExample 2022-12-01T02:50:20Z logger.go:66:     "to_port" = 0
TestTerraformManagedRulesExample 2022-12-01T02:50:20Z logger.go:66:     "type" = "ingress"
TestTerraformManagedRulesExample 2022-12-01T02:50:20Z logger.go:66:   },
TestTerraformManagedRulesExample 2022-12-01T02:50:20Z logger.go:66:   {
TestTerraformManagedRulesExample 2022-12-01T02:50:20Z logger.go:66:     "cidr_blocks" = tolist(null) /* of string */
TestTerraformManagedRulesExample 2022-12-01T02:50:20Z logger.go:66:     "description" = "All protocols"
TestTerraformManagedRulesExample 2022-12-01T02:50:20Z logger.go:66:     "from_port" = 0
TestTerraformManagedRulesExample 2022-12-01T02:50:20Z logger.go:66:     "id" = "sgrule-1111111111"
TestTerraformManagedRulesExample 2022-12-01T02:50:20Z logger.go:66:     "ipv6_cidr_blocks" = tolist(null) /* of string */
TestTerraformManagedRulesExample 2022-12-01T02:50:20Z logger.go:66:     "prefix_list_ids" = tolist(null) /* of string */
TestTerraformManagedRulesExample 2022-12-01T02:50:20Z logger.go:66:     "protocol" = "-1"
TestTerraformManagedRulesExample 2022-12-01T02:50:20Z logger.go:66:     "security_group_id" = "sg-1111111111111111"
TestTerraformManagedRulesExample 2022-12-01T02:50:20Z logger.go:66:     "self" = true
TestTerraformManagedRulesExample 2022-12-01T02:50:20Z logger.go:66:     "source_security_group_id" = tostring(null)
TestTerraformManagedRulesExample 2022-12-01T02:50:20Z logger.go:66:     "timeouts" = null /* object */
TestTerraformManagedRulesExample 2022-12-01T02:50:20Z logger.go:66:     "to_port" = 0
TestTerraformManagedRulesExample 2022-12-01T02:50:20Z logger.go:66:     "type" = "ingress"
TestTerraformManagedRulesExample 2022-12-01T02:50:20Z logger.go:66:   },
TestTerraformManagedRulesExample 2022-12-01T02:50:20Z logger.go:66:   {
TestTerraformManagedRulesExample 2022-12-01T02:50:20Z logger.go:66:     "cidr_blocks" = tolist(null) /* of string */
TestTerraformManagedRulesExample 2022-12-01T02:50:20Z logger.go:66:     "description" = "All IPV4 ICMP"
TestTerraformManagedRulesExample 2022-12-01T02:50:20Z logger.go:66:     "from_port" = 0
TestTerraformManagedRulesExample 2022-12-01T02:50:20Z logger.go:66:     "id" = "sgrule-1111111111"
TestTerraformManagedRulesExample 2022-12-01T02:50:20Z logger.go:66:     "ipv6_cidr_blocks" = tolist(null) /* of string */
TestTerraformManagedRulesExample 2022-12-01T02:50:20Z logger.go:66:     "prefix_list_ids" = tolist(null) /* of string */
TestTerraformManagedRulesExample 2022-12-01T02:50:20Z logger.go:66:     "protocol" = "icmp"
TestTerraformManagedRulesExample 2022-12-01T02:50:20Z logger.go:66:     "security_group_id" = "sg-1111111111111111"
TestTerraformManagedRulesExample 2022-12-01T02:50:20Z logger.go:66:     "self" = false
TestTerraformManagedRulesExample 2022-12-01T02:50:20Z logger.go:66:     "source_security_group_id" = "sg-1111111111111111"
TestTerraformManagedRulesExample 2022-12-01T02:50:20Z logger.go:66:     "timeouts" = null /* object */
TestTerraformManagedRulesExample 2022-12-01T02:50:20Z logger.go:66:     "to_port" = 0
TestTerraformManagedRulesExample 2022-12-01T02:50:20Z logger.go:66:     "type" = "ingress"
TestTerraformManagedRulesExample 2022-12-01T02:50:20Z logger.go:66:   },
TestTerraformManagedRulesExample 2022-12-01T02:50:20Z logger.go:66:   {
TestTerraformManagedRulesExample 2022-12-01T02:50:20Z logger.go:66:     "cidr_blocks" = tolist(null) /* of string */
TestTerraformManagedRulesExample 2022-12-01T02:50:20Z logger.go:66:     "description" = "SSH"
TestTerraformManagedRulesExample 2022-12-01T02:50:20Z logger.go:66:     "from_port" = 22
TestTerraformManagedRulesExample 2022-12-01T02:50:20Z logger.go:66:     "id" = "sgrule-1111111111"
TestTerraformManagedRulesExample 2022-12-01T02:50:20Z logger.go:66:     "ipv6_cidr_blocks" = tolist(null) /* of string */
TestTerraformManagedRulesExample 2022-12-01T02:50:20Z logger.go:66:     "prefix_list_ids" = tolist([
TestTerraformManagedRulesExample 2022-12-01T02:50:20Z logger.go:66:       "pl-1111111111111111",
TestTerraformManagedRulesExample 2022-12-01T02:50:20Z logger.go:66:     ])
TestTerraformManagedRulesExample 2022-12-01T02:50:20Z logger.go:66:     "protocol" = "tcp"
TestTerraformManagedRulesExample 2022-12-01T02:50:20Z logger.go:66:     "security_group_id" = "sg-1111111111111111"
TestTerraformManagedRulesExample 2022-12-01T02:50:20Z logger.go:66:     "self" = false
TestTerraformManagedRulesExample 2022-12-01T02:50:20Z logger.go:66:     "source_security_group_id" = tostring(null)
TestTerraformManagedRulesExample 2022-12-01T02:50:20Z logger.go:66:     "timeouts" = null /* object */
TestTerraformManagedRulesExample 2022-12-01T02:50:20Z logger.go:66:     "to_port" = 22
TestTerraformManagedRulesExample 2022-12-01T02:50:20Z logger.go:66:     "type" = "ingress"
TestTerraformManagedRulesExample 2022-12-01T02:50:20Z logger.go:66:   },
TestTerraformManagedRulesExample 2022-12-01T02:50:20Z logger.go:66:   {
TestTerraformManagedRulesExample 2022-12-01T02:50:20Z logger.go:66:     "cidr_blocks" = tolist(null) /* of string */
TestTerraformManagedRulesExample 2022-12-01T02:50:20Z logger.go:66:     "description" = "PostgreSQL"
TestTerraformManagedRulesExample 2022-12-01T02:50:20Z logger.go:66:     "from_port" = 5432
TestTerraformManagedRulesExample 2022-12-01T02:50:20Z logger.go:66:     "id" = "sgrule-1111111111"
TestTerraformManagedRulesExample 2022-12-01T02:50:20Z logger.go:66:     "ipv6_cidr_blocks" = tolist([
TestTerraformManagedRulesExample 2022-12-01T02:50:20Z logger.go:66:       "2001:db8::/64",
TestTerraformManagedRulesExample 2022-12-01T02:50:20Z logger.go:66:     ])
TestTerraformManagedRulesExample 2022-12-01T02:50:20Z logger.go:66:     "prefix_list_ids" = tolist(null) /* of string */
TestTerraformManagedRulesExample 2022-12-01T02:50:20Z logger.go:66:     "protocol" = "tcp"
TestTerraformManagedRulesExample 2022-12-01T02:50:20Z logger.go:66:     "security_group_id" = "sg-1111111111111111"
TestTerraformManagedRulesExample 2022-12-01T02:50:20Z logger.go:66:     "self" = false
TestTerraformManagedRulesExample 2022-12-01T02:50:20Z logger.go:66:     "source_security_group_id" = tostring(null)
TestTerraformManagedRulesExample 2022-12-01T02:50:20Z logger.go:66:     "timeouts" = null /* object */
TestTerraformManagedRulesExample 2022-12-01T02:50:20Z logger.go:66:     "to_port" = 5432
TestTerraformManagedRulesExample 2022-12-01T02:50:20Z logger.go:66:     "type" = "ingress"
TestTerraformManagedRulesExample 2022-12-01T02:50:20Z logger.go:66:   },
TestTerraformManagedRulesExample 2022-12-01T02:50:20Z logger.go:66: ]
TestTerraformManagedRulesExample 2022-12-01T02:50:20Z logger.go:66: terratest = {
TestTerraformManagedRulesExample 2022-12-01T02:50:20Z logger.go:66:   "data_aws_prefix_list_private_s3_id" = "pl-1111111111111111"
TestTerraformManagedRulesExample 2022-12-01T02:50:20Z logger.go:66:   "data_aws_security_group_default_id" = "sg-1111111111111111"
TestTerraformManagedRulesExample 2022-12-01T02:50:20Z logger.go:66:   "egress_count" = 5
TestTerraformManagedRulesExample 2022-12-01T02:50:20Z logger.go:66:   "ingress_count" = 5
TestTerraformManagedRulesExample 2022-12-01T02:50:20Z logger.go:66: }
TestTerraformManagedRulesExample 2022-12-01T02:50:20Z retry.go:91: terraform [output -no-color -json id]
TestTerraformManagedRulesExample 2022-12-01T02:50:20Z logger.go:66: Running command terraform with args [output -no-color -json id]
TestTerraformManagedRulesExample 2022-12-01T02:50:20Z logger.go:66: "sg-1111111111111111"
TestTerraformManagedRulesExample 2022-12-01T02:50:20Z retry.go:91: terraform [output -no-color -json ingress]
TestTerraformManagedRulesExample 2022-12-01T02:50:20Z logger.go:66: Running command terraform with args [output -no-color -json ingress]
TestTerraformManagedRulesExample 2022-12-01T02:50:21Z logger.go:66: [{"cidr_blocks":["10.10.0.0/16","10.20.0.0/24"],"description":"All protocols","from_port":0,"id":"sgrule-1111111111","ipv6_cidr_blocks":null,"prefix_list_ids":null,"protocol":"-1","security_group_id":"sg-1111111111111111","self":false,"source_security_group_id":null,"timeouts":null,"to_port":0,"type":"ingress"},{"cidr_blocks":null,"description":"All protocols","from_port":0,"id":"sgrule-1111111111","ipv6_cidr_blocks":null,"prefix_list_ids":null,"protocol":"-1","security_group_id":"sg-1111111111111111","self":true,"source_security_group_id":null,"timeouts":null,"to_port":0,"type":"ingress"},{"cidr_blocks":null,"description":"All IPV4 ICMP","from_port":0,"id":"sgrule-1111111111","ipv6_cidr_blocks":null,"prefix_list_ids":null,"protocol":"icmp","security_group_id":"sg-1111111111111111","self":false,"source_security_group_id":"sg-1111111111111111","timeouts":null,"to_port":0,"type":"ingress"},{"cidr_blocks":null,"description":"SSH","from_port":22,"id":"sgrule-1111111111","ipv6_cidr_blocks":null,"prefix_list_ids":["pl-1111111111111111"],"protocol":"tcp","security_group_id":"sg-1111111111111111","self":false,"source_security_group_id":null,"timeouts":null,"to_port":22,"type":"ingress"},{"cidr_blocks":null,"description":"PostgreSQL","from_port":5432,"id":"sgrule-1111111111","ipv6_cidr_blocks":["2001:db8::/64"],"prefix_list_ids":null,"protocol":"tcp","security_group_id":"sg-1111111111111111","self":false,"source_security_group_id":null,"timeouts":null,"to_port":5432,"type":"ingress"}]
TestTerraformManagedRulesExample 2022-12-01T02:50:21Z retry.go:91: terraform [output -no-color -json egress]
TestTerraformManagedRulesExample 2022-12-01T02:50:21Z logger.go:66: Running command terraform with args [output -no-color -json egress]
TestTerraformManagedRulesExample 2022-12-01T02:50:22Z logger.go:66: [{"cidr_blocks":null,"description":"All protocols","from_port":0,"id":"sgrule-1111111111","ipv6_cidr_blocks":null,"prefix_list_ids":null,"protocol":"-1","security_group_id":"sg-1111111111111111","self":true,"source_security_group_id":null,"timeouts":null,"to_port":0,"type":"egress"},{"cidr_blocks":null,"description":"All IPV4 ICMP","from_port":0,"id":"sgrule-1111111111","ipv6_cidr_blocks":null,"prefix_list_ids":null,"protocol":"icmp","security_group_id":"sg-1111111111111111","self":false,"source_security_group_id":"sg-1111111111111111","timeouts":null,"to_port":0,"type":"egress"},{"cidr_blocks":null,"description":"SSH","from_port":22,"id":"sgrule-1111111111","ipv6_cidr_blocks":null,"prefix_list_ids":["pl-1111111111111111"],"protocol":"tcp","security_group_id":"sg-1111111111111111","self":false,"source_security_group_id":null,"timeouts":null,"to_port":22,"type":"egress"},{"cidr_blocks":["10.10.0.0/16","10.20.0.0/24"],"description":"HTTPS","from_port":443,"id":"sgrule-1111111111","ipv6_cidr_blocks":null,"prefix_list_ids":null,"protocol":"tcp","security_group_id":"sg-1111111111111111","self":false,"source_security_group_id":null,"timeouts":null,"to_port":443,"type":"egress"},{"cidr_blocks":null,"description":"PostgreSQL","from_port":5432,"id":"sgrule-1111111111","ipv6_cidr_blocks":["2001:db8::/64"],"prefix_list_ids":null,"protocol":"tcp","security_group_id":"sg-1111111111111111","self":false,"source_security_group_id":null,"timeouts":null,"to_port":5432,"type":"egress"}]
TestTerraformManagedRulesExample 2022-12-01T02:50:22Z retry.go:91: terraform [output -no-color -json terratest]
TestTerraformManagedRulesExample 2022-12-01T02:50:22Z logger.go:66: Running command terraform with args [output -no-color -json terratest]
TestTerraformManagedRulesExample 2022-12-01T02:50:23Z logger.go:66: {"data_aws_prefix_list_private_s3_id":"pl-1111111111111111","data_aws_security_group_default_id":"sg-1111111111111111","egress_count":5,"ingress_count":5}
TestTerraformManagedRulesExample 2022-12-01T02:50:23Z retry.go:91: terraform [destroy -auto-approve -input=false -no-color -lock=false]
TestTerraformManagedRulesExample 2022-12-01T02:50:23Z logger.go:66: Running command terraform with args [destroy -auto-approve -input=false -no-color -lock=false]
TestTerraformManagedRulesExample 2022-12-01T02:50:26Z logger.go:66: data.aws_prefix_list.private_s3: Reading...
TestTerraformManagedRulesExample 2022-12-01T02:50:26Z logger.go:66: data.aws_vpc.default: Reading...
TestTerraformManagedRulesExample 2022-12-01T02:50:26Z logger.go:66: data.aws_prefix_list.private_s3: Read complete after 0s [id=pl-1111111111111111]
TestTerraformManagedRulesExample 2022-12-01T02:50:27Z logger.go:66: data.aws_vpc.default: Read complete after 0s [id=vpc-1111111111111111]
TestTerraformManagedRulesExample 2022-12-01T02:50:27Z logger.go:66: data.aws_security_group.default: Reading...
TestTerraformManagedRulesExample 2022-12-01T02:50:27Z logger.go:66: module.security_group.aws_security_group.self[0]: Refreshing state... [id=sg-1111111111111111]
TestTerraformManagedRulesExample 2022-12-01T02:50:27Z logger.go:66: data.aws_security_group.default: Read complete after 0s [id=sg-1111111111111111]
TestTerraformManagedRulesExample 2022-12-01T02:50:27Z logger.go:66: module.security_group.aws_security_group_rule.egress["5432-5432-tcp-2001:db8::/64"]: Refreshing state... [id=sgrule-1111111111]
TestTerraformManagedRulesExample 2022-12-01T02:50:27Z logger.go:66: module.security_group.aws_security_group_rule.egress["0-0-all-true"]: Refreshing state... [id=sgrule-1111111111]
TestTerraformManagedRulesExample 2022-12-01T02:50:27Z logger.go:66: module.security_group.aws_security_group_rule.egress["0-0-icmp-sg-1111111111111111"]: Refreshing state... [id=sgrule-1111111111]
TestTerraformManagedRulesExample 2022-12-01T02:50:27Z logger.go:66: module.security_group.aws_security_group_rule.egress["22-22-tcp-pl-1111111111111111"]: Refreshing state... [id=sgrule-1111111111]
TestTerraformManagedRulesExample 2022-12-01T02:50:27Z logger.go:66: module.security_group.aws_security_group_rule.ingress["5432-5432-tcp-2001:db8::/64"]: Refreshing state... [id=sgrule-1111111111]
TestTerraformManagedRulesExample 2022-12-01T02:50:27Z logger.go:66: module.security_group.aws_security_group_rule.ingress["22-22-tcp-pl-1111111111111111"]: Refreshing state... [id=sgrule-1111111111]
TestTerraformManagedRulesExample 2022-12-01T02:50:27Z logger.go:66: module.security_group.aws_security_group_rule.ingress["0-0-icmp-sg-1111111111111111"]: Refreshing state... [id=sgrule-1111111111]
TestTerraformManagedRulesExample 2022-12-01T02:50:27Z logger.go:66: module.security_group.aws_security_group_rule.ingress["0-0-all-10.10.0.0/16-10.20.0.0/24"]: Refreshing state... [id=sgrule-1111111111]
TestTerraformManagedRulesExample 2022-12-01T02:50:27Z logger.go:66: module.security_group.aws_security_group_rule.ingress["0-0-all-true"]: Refreshing state... [id=sgrule-1111111111]
TestTerraformManagedRulesExample 2022-12-01T02:50:27Z logger.go:66: module.security_group.aws_security_group_rule.egress["443-443-tcp-10.10.0.0/16-10.20.0.0/24"]: Refreshing state... [id=sgrule-1111111111]
TestTerraformManagedRulesExample 2022-12-01T02:50:28Z logger.go:66:
TestTerraformManagedRulesExample 2022-12-01T02:50:28Z logger.go:66: Terraform used the selected providers to generate the following execution
TestTerraformManagedRulesExample 2022-12-01T02:50:28Z logger.go:66: plan. Resource actions are indicated with the following symbols:
TestTerraformManagedRulesExample 2022-12-01T02:50:28Z logger.go:66:   - destroy
TestTerraformManagedRulesExample 2022-12-01T02:50:28Z logger.go:66:
TestTerraformManagedRulesExample 2022-12-01T02:50:28Z logger.go:66: Terraform will perform the following actions:
TestTerraformManagedRulesExample 2022-12-01T02:50:28Z logger.go:66:
TestTerraformManagedRulesExample 2022-12-01T02:50:28Z logger.go:66:   # module.security_group.aws_security_group.self[0] will be destroyed
TestTerraformManagedRulesExample 2022-12-01T02:50:28Z logger.go:66:   - resource "aws_security_group" "self" {
TestTerraformManagedRulesExample 2022-12-01T02:50:28Z logger.go:66:       - arn                    = "arn:aws:ec2:us-west-2:111111111111:security-group/sg-1111111111111111" -> null
TestTerraformManagedRulesExample 2022-12-01T02:50:28Z logger.go:66:       - description            = "ex-managed" -> null
TestTerraformManagedRulesExample 2022-12-01T02:50:28Z logger.go:66:       - egress                 = [
TestTerraformManagedRulesExample 2022-12-01T02:50:28Z logger.go:66:           - {
TestTerraformManagedRulesExample 2022-12-01T02:50:28Z logger.go:66:               - cidr_blocks      = [
TestTerraformManagedRulesExample 2022-12-01T02:50:28Z logger.go:66:                   - "10.10.0.0/16",
TestTerraformManagedRulesExample 2022-12-01T02:50:28Z logger.go:66:                   - "10.20.0.0/24",
TestTerraformManagedRulesExample 2022-12-01T02:50:28Z logger.go:66:                 ]
TestTerraformManagedRulesExample 2022-12-01T02:50:28Z logger.go:66:               - description      = "HTTPS"
TestTerraformManagedRulesExample 2022-12-01T02:50:28Z logger.go:66:               - from_port        = 443
TestTerraformManagedRulesExample 2022-12-01T02:50:28Z logger.go:66:               - ipv6_cidr_blocks = []
TestTerraformManagedRulesExample 2022-12-01T02:50:28Z logger.go:66:               - prefix_list_ids  = []
TestTerraformManagedRulesExample 2022-12-01T02:50:28Z logger.go:66:               - protocol         = "tcp"
TestTerraformManagedRulesExample 2022-12-01T02:50:28Z logger.go:66:               - security_groups  = []
TestTerraformManagedRulesExample 2022-12-01T02:50:28Z logger.go:66:               - self             = false
TestTerraformManagedRulesExample 2022-12-01T02:50:28Z logger.go:66:               - to_port          = 443
TestTerraformManagedRulesExample 2022-12-01T02:50:28Z logger.go:66:             },
TestTerraformManagedRulesExample 2022-12-01T02:50:28Z logger.go:66:           - {
TestTerraformManagedRulesExample 2022-12-01T02:50:28Z logger.go:66:               - cidr_blocks      = []
TestTerraformManagedRulesExample 2022-12-01T02:50:28Z logger.go:66:               - description      = "All IPV4 ICMP"
TestTerraformManagedRulesExample 2022-12-01T02:50:28Z logger.go:66:               - from_port        = 0
TestTerraformManagedRulesExample 2022-12-01T02:50:28Z logger.go:66:               - ipv6_cidr_blocks = []
TestTerraformManagedRulesExample 2022-12-01T02:50:28Z logger.go:66:               - prefix_list_ids  = []
TestTerraformManagedRulesExample 2022-12-01T02:50:28Z logger.go:66:               - protocol         = "icmp"
TestTerraformManagedRulesExample 2022-12-01T02:50:28Z logger.go:66:               - security_groups  = [
TestTerraformManagedRulesExample 2022-12-01T02:50:28Z logger.go:66:                   - "sg-1111111111111111",
TestTerraformManagedRulesExample 2022-12-01T02:50:28Z logger.go:66:                 ]
TestTerraformManagedRulesExample 2022-12-01T02:50:28Z logger.go:66:               - self             = false
TestTerraformManagedRulesExample 2022-12-01T02:50:28Z logger.go:66:               - to_port          = 0
TestTerraformManagedRulesExample 2022-12-01T02:50:28Z logger.go:66:             },
TestTerraformManagedRulesExample 2022-12-01T02:50:28Z logger.go:66:           - {
TestTerraformManagedRulesExample 2022-12-01T02:50:28Z logger.go:66:               - cidr_blocks      = []
TestTerraformManagedRulesExample 2022-12-01T02:50:28Z logger.go:66:               - description      = "All protocols"
TestTerraformManagedRulesExample 2022-12-01T02:50:28Z logger.go:66:               - from_port        = 0
TestTerraformManagedRulesExample 2022-12-01T02:50:28Z logger.go:66:               - ipv6_cidr_blocks = []
TestTerraformManagedRulesExample 2022-12-01T02:50:28Z logger.go:66:               - prefix_list_ids  = []
TestTerraformManagedRulesExample 2022-12-01T02:50:28Z logger.go:66:               - protocol         = "-1"
TestTerraformManagedRulesExample 2022-12-01T02:50:28Z logger.go:66:               - security_groups  = []
TestTerraformManagedRulesExample 2022-12-01T02:50:28Z logger.go:66:               - self             = true
TestTerraformManagedRulesExample 2022-12-01T02:50:28Z logger.go:66:               - to_port          = 0
TestTerraformManagedRulesExample 2022-12-01T02:50:28Z logger.go:66:             },
TestTerraformManagedRulesExample 2022-12-01T02:50:28Z logger.go:66:           - {
TestTerraformManagedRulesExample 2022-12-01T02:50:28Z logger.go:66:               - cidr_blocks      = []
TestTerraformManagedRulesExample 2022-12-01T02:50:28Z logger.go:66:               - description      = "PostgreSQL"
TestTerraformManagedRulesExample 2022-12-01T02:50:28Z logger.go:66:               - from_port        = 5432
TestTerraformManagedRulesExample 2022-12-01T02:50:28Z logger.go:66:               - ipv6_cidr_blocks = [
TestTerraformManagedRulesExample 2022-12-01T02:50:28Z logger.go:66:                   - "2001:db8::/64",
TestTerraformManagedRulesExample 2022-12-01T02:50:28Z logger.go:66:                 ]
TestTerraformManagedRulesExample 2022-12-01T02:50:28Z logger.go:66:               - prefix_list_ids  = []
TestTerraformManagedRulesExample 2022-12-01T02:50:28Z logger.go:66:               - protocol         = "tcp"
TestTerraformManagedRulesExample 2022-12-01T02:50:28Z logger.go:66:               - security_groups  = []
TestTerraformManagedRulesExample 2022-12-01T02:50:28Z logger.go:66:               - self             = false
TestTerraformManagedRulesExample 2022-12-01T02:50:28Z logger.go:66:               - to_port          = 5432
TestTerraformManagedRulesExample 2022-12-01T02:50:28Z logger.go:66:             },
TestTerraformManagedRulesExample 2022-12-01T02:50:28Z logger.go:66:           - {
TestTerraformManagedRulesExample 2022-12-01T02:50:28Z logger.go:66:               - cidr_blocks      = []
TestTerraformManagedRulesExample 2022-12-01T02:50:28Z logger.go:66:               - description      = "SSH"
TestTerraformManagedRulesExample 2022-12-01T02:50:28Z logger.go:66:               - from_port        = 22
TestTerraformManagedRulesExample 2022-12-01T02:50:28Z logger.go:66:               - ipv6_cidr_blocks = []
TestTerraformManagedRulesExample 2022-12-01T02:50:28Z logger.go:66:               - prefix_list_ids  = [
TestTerraformManagedRulesExample 2022-12-01T02:50:28Z logger.go:66:                   - "pl-1111111111111111",
TestTerraformManagedRulesExample 2022-12-01T02:50:28Z logger.go:66:                 ]
TestTerraformManagedRulesExample 2022-12-01T02:50:28Z logger.go:66:               - protocol         = "tcp"
TestTerraformManagedRulesExample 2022-12-01T02:50:28Z logger.go:66:               - security_groups  = []
TestTerraformManagedRulesExample 2022-12-01T02:50:28Z logger.go:66:               - self             = false
TestTerraformManagedRulesExample 2022-12-01T02:50:28Z logger.go:66:               - to_port          = 22
TestTerraformManagedRulesExample 2022-12-01T02:50:28Z logger.go:66:             },
TestTerraformManagedRulesExample 2022-12-01T02:50:28Z logger.go:66:         ] -> null
TestTerraformManagedRulesExample 2022-12-01T02:50:28Z logger.go:66:       - id                     = "sg-1111111111111111" -> null
TestTerraformManagedRulesExample 2022-12-01T02:50:28Z logger.go:66:       - ingress                = [
TestTerraformManagedRulesExample 2022-12-01T02:50:28Z logger.go:66:           - {
TestTerraformManagedRulesExample 2022-12-01T02:50:28Z logger.go:66:               - cidr_blocks      = [
TestTerraformManagedRulesExample 2022-12-01T02:50:28Z logger.go:66:                   - "10.10.0.0/16",
TestTerraformManagedRulesExample 2022-12-01T02:50:28Z logger.go:66:                   - "10.20.0.0/24",
TestTerraformManagedRulesExample 2022-12-01T02:50:28Z logger.go:66:                 ]
TestTerraformManagedRulesExample 2022-12-01T02:50:28Z logger.go:66:               - description      = "All protocols"
TestTerraformManagedRulesExample 2022-12-01T02:50:28Z logger.go:66:               - from_port        = 0
TestTerraformManagedRulesExample 2022-12-01T02:50:28Z logger.go:66:               - ipv6_cidr_blocks = []
TestTerraformManagedRulesExample 2022-12-01T02:50:28Z logger.go:66:               - prefix_list_ids  = []
TestTerraformManagedRulesExample 2022-12-01T02:50:28Z logger.go:66:               - protocol         = "-1"
TestTerraformManagedRulesExample 2022-12-01T02:50:28Z logger.go:66:               - security_groups  = []
TestTerraformManagedRulesExample 2022-12-01T02:50:28Z logger.go:66:               - self             = true
TestTerraformManagedRulesExample 2022-12-01T02:50:28Z logger.go:66:               - to_port          = 0
TestTerraformManagedRulesExample 2022-12-01T02:50:28Z logger.go:66:             },
TestTerraformManagedRulesExample 2022-12-01T02:50:28Z logger.go:66:           - {
TestTerraformManagedRulesExample 2022-12-01T02:50:28Z logger.go:66:               - cidr_blocks      = []
TestTerraformManagedRulesExample 2022-12-01T02:50:28Z logger.go:66:               - description      = "All IPV4 ICMP"
TestTerraformManagedRulesExample 2022-12-01T02:50:28Z logger.go:66:               - from_port        = 0
TestTerraformManagedRulesExample 2022-12-01T02:50:28Z logger.go:66:               - ipv6_cidr_blocks = []
TestTerraformManagedRulesExample 2022-12-01T02:50:28Z logger.go:66:               - prefix_list_ids  = []
TestTerraformManagedRulesExample 2022-12-01T02:50:28Z logger.go:66:               - protocol         = "icmp"
TestTerraformManagedRulesExample 2022-12-01T02:50:28Z logger.go:66:               - security_groups  = [
TestTerraformManagedRulesExample 2022-12-01T02:50:28Z logger.go:66:                   - "sg-1111111111111111",
TestTerraformManagedRulesExample 2022-12-01T02:50:28Z logger.go:66:                 ]
TestTerraformManagedRulesExample 2022-12-01T02:50:28Z logger.go:66:               - self             = false
TestTerraformManagedRulesExample 2022-12-01T02:50:28Z logger.go:66:               - to_port          = 0
TestTerraformManagedRulesExample 2022-12-01T02:50:28Z logger.go:66:             },
TestTerraformManagedRulesExample 2022-12-01T02:50:28Z logger.go:66:           - {
TestTerraformManagedRulesExample 2022-12-01T02:50:28Z logger.go:66:               - cidr_blocks      = []
TestTerraformManagedRulesExample 2022-12-01T02:50:28Z logger.go:66:               - description      = "PostgreSQL"
TestTerraformManagedRulesExample 2022-12-01T02:50:28Z logger.go:66:               - from_port        = 5432
TestTerraformManagedRulesExample 2022-12-01T02:50:28Z logger.go:66:               - ipv6_cidr_blocks = [
TestTerraformManagedRulesExample 2022-12-01T02:50:28Z logger.go:66:                   - "2001:db8::/64",
TestTerraformManagedRulesExample 2022-12-01T02:50:28Z logger.go:66:                 ]
TestTerraformManagedRulesExample 2022-12-01T02:50:28Z logger.go:66:               - prefix_list_ids  = []
TestTerraformManagedRulesExample 2022-12-01T02:50:28Z logger.go:66:               - protocol         = "tcp"
TestTerraformManagedRulesExample 2022-12-01T02:50:28Z logger.go:66:               - security_groups  = []
TestTerraformManagedRulesExample 2022-12-01T02:50:28Z logger.go:66:               - self             = false
TestTerraformManagedRulesExample 2022-12-01T02:50:28Z logger.go:66:               - to_port          = 5432
TestTerraformManagedRulesExample 2022-12-01T02:50:28Z logger.go:66:             },
TestTerraformManagedRulesExample 2022-12-01T02:50:28Z logger.go:66:           - {
TestTerraformManagedRulesExample 2022-12-01T02:50:28Z logger.go:66:               - cidr_blocks      = []
TestTerraformManagedRulesExample 2022-12-01T02:50:28Z logger.go:66:               - description      = "SSH"
TestTerraformManagedRulesExample 2022-12-01T02:50:28Z logger.go:66:               - from_port        = 22
TestTerraformManagedRulesExample 2022-12-01T02:50:28Z logger.go:66:               - ipv6_cidr_blocks = []
TestTerraformManagedRulesExample 2022-12-01T02:50:28Z logger.go:66:               - prefix_list_ids  = [
TestTerraformManagedRulesExample 2022-12-01T02:50:28Z logger.go:66:                   - "pl-1111111111111111",
TestTerraformManagedRulesExample 2022-12-01T02:50:28Z logger.go:66:                 ]
TestTerraformManagedRulesExample 2022-12-01T02:50:28Z logger.go:66:               - protocol         = "tcp"
TestTerraformManagedRulesExample 2022-12-01T02:50:28Z logger.go:66:               - security_groups  = []
TestTerraformManagedRulesExample 2022-12-01T02:50:28Z logger.go:66:               - self             = false
TestTerraformManagedRulesExample 2022-12-01T02:50:28Z logger.go:66:               - to_port          = 22
TestTerraformManagedRulesExample 2022-12-01T02:50:28Z logger.go:66:             },
TestTerraformManagedRulesExample 2022-12-01T02:50:28Z logger.go:66:         ] -> null
TestTerraformManagedRulesExample 2022-12-01T02:50:28Z logger.go:66:       - name                   = "ex-managed" -> null
TestTerraformManagedRulesExample 2022-12-01T02:50:28Z logger.go:66:       - owner_id               = "111111111111" -> null
TestTerraformManagedRulesExample 2022-12-01T02:50:28Z logger.go:66:       - revoke_rules_on_delete = false -> null
TestTerraformManagedRulesExample 2022-12-01T02:50:28Z logger.go:66:       - tags                   = {
TestTerraformManagedRulesExample 2022-12-01T02:50:28Z logger.go:66:           - "Name" = "ex-managed"
TestTerraformManagedRulesExample 2022-12-01T02:50:28Z logger.go:66:         } -> null
TestTerraformManagedRulesExample 2022-12-01T02:50:28Z logger.go:66:       - tags_all               = {
TestTerraformManagedRulesExample 2022-12-01T02:50:28Z logger.go:66:           - "Example"    = "ex-managed"
TestTerraformManagedRulesExample 2022-12-01T02:50:28Z logger.go:66:           - "GithubOrg"  = "aidanmelen"
TestTerraformManagedRulesExample 2022-12-01T02:50:28Z logger.go:66:           - "GithubRepo" = "terraform-aws-security-group"
TestTerraformManagedRulesExample 2022-12-01T02:50:28Z logger.go:66:           - "Name"       = "ex-managed"
TestTerraformManagedRulesExample 2022-12-01T02:50:28Z logger.go:66:         } -> null
TestTerraformManagedRulesExample 2022-12-01T02:50:28Z logger.go:66:       - vpc_id                 = "vpc-1111111111111111" -> null
TestTerraformManagedRulesExample 2022-12-01T02:50:28Z logger.go:66:
TestTerraformManagedRulesExample 2022-12-01T02:50:28Z logger.go:66:       - timeouts {
TestTerraformManagedRulesExample 2022-12-01T02:50:28Z logger.go:66:           - create = "10m" -> null
TestTerraformManagedRulesExample 2022-12-01T02:50:28Z logger.go:66:           - delete = "15m" -> null
TestTerraformManagedRulesExample 2022-12-01T02:50:28Z logger.go:66:         }
TestTerraformManagedRulesExample 2022-12-01T02:50:28Z logger.go:66:     }
TestTerraformManagedRulesExample 2022-12-01T02:50:28Z logger.go:66:
TestTerraformManagedRulesExample 2022-12-01T02:50:28Z logger.go:66:   # module.security_group.aws_security_group_rule.egress["0-0-all-true"] will be destroyed
TestTerraformManagedRulesExample 2022-12-01T02:50:28Z logger.go:66:   - resource "aws_security_group_rule" "egress" {
TestTerraformManagedRulesExample 2022-12-01T02:50:28Z logger.go:66:       - description       = "All protocols" -> null
TestTerraformManagedRulesExample 2022-12-01T02:50:28Z logger.go:66:       - from_port         = 0 -> null
TestTerraformManagedRulesExample 2022-12-01T02:50:28Z logger.go:66:       - id                = "sgrule-1111111111" -> null
TestTerraformManagedRulesExample 2022-12-01T02:50:28Z logger.go:66:       - protocol          = "-1" -> null
TestTerraformManagedRulesExample 2022-12-01T02:50:28Z logger.go:66:       - security_group_id = "sg-1111111111111111" -> null
TestTerraformManagedRulesExample 2022-12-01T02:50:28Z logger.go:66:       - self              = true -> null
TestTerraformManagedRulesExample 2022-12-01T02:50:28Z logger.go:66:       - to_port           = 0 -> null
TestTerraformManagedRulesExample 2022-12-01T02:50:28Z logger.go:66:       - type              = "egress" -> null
TestTerraformManagedRulesExample 2022-12-01T02:50:28Z logger.go:66:     }
TestTerraformManagedRulesExample 2022-12-01T02:50:28Z logger.go:66:
TestTerraformManagedRulesExample 2022-12-01T02:50:28Z logger.go:66:   # module.security_group.aws_security_group_rule.egress["0-0-icmp-sg-1111111111111111"] will be destroyed
TestTerraformManagedRulesExample 2022-12-01T02:50:28Z logger.go:66:   - resource "aws_security_group_rule" "egress" {
TestTerraformManagedRulesExample 2022-12-01T02:50:28Z logger.go:66:       - description              = "All IPV4 ICMP" -> null
TestTerraformManagedRulesExample 2022-12-01T02:50:28Z logger.go:66:       - from_port                = 0 -> null
TestTerraformManagedRulesExample 2022-12-01T02:50:28Z logger.go:66:       - id                       = "sgrule-1111111111" -> null
TestTerraformManagedRulesExample 2022-12-01T02:50:28Z logger.go:66:       - protocol                 = "icmp" -> null
TestTerraformManagedRulesExample 2022-12-01T02:50:28Z logger.go:66:       - security_group_id        = "sg-1111111111111111" -> null
TestTerraformManagedRulesExample 2022-12-01T02:50:28Z logger.go:66:       - self                     = false -> null
TestTerraformManagedRulesExample 2022-12-01T02:50:28Z logger.go:66:       - source_security_group_id = "sg-1111111111111111" -> null
TestTerraformManagedRulesExample 2022-12-01T02:50:28Z logger.go:66:       - to_port                  = 0 -> null
TestTerraformManagedRulesExample 2022-12-01T02:50:28Z logger.go:66:       - type                     = "egress" -> null
TestTerraformManagedRulesExample 2022-12-01T02:50:28Z logger.go:66:     }
TestTerraformManagedRulesExample 2022-12-01T02:50:28Z logger.go:66:
TestTerraformManagedRulesExample 2022-12-01T02:50:28Z logger.go:66:   # module.security_group.aws_security_group_rule.egress["22-22-tcp-pl-1111111111111111"] will be destroyed
TestTerraformManagedRulesExample 2022-12-01T02:50:28Z logger.go:66:   - resource "aws_security_group_rule" "egress" {
TestTerraformManagedRulesExample 2022-12-01T02:50:28Z logger.go:66:       - description       = "SSH" -> null
TestTerraformManagedRulesExample 2022-12-01T02:50:28Z logger.go:66:       - from_port         = 22 -> null
TestTerraformManagedRulesExample 2022-12-01T02:50:28Z logger.go:66:       - id                = "sgrule-1111111111" -> null
TestTerraformManagedRulesExample 2022-12-01T02:50:28Z logger.go:66:       - prefix_list_ids   = [
TestTerraformManagedRulesExample 2022-12-01T02:50:28Z logger.go:66:           - "pl-1111111111111111",
TestTerraformManagedRulesExample 2022-12-01T02:50:28Z logger.go:66:         ] -> null
TestTerraformManagedRulesExample 2022-12-01T02:50:28Z logger.go:66:       - protocol          = "tcp" -> null
TestTerraformManagedRulesExample 2022-12-01T02:50:28Z logger.go:66:       - security_group_id = "sg-1111111111111111" -> null
TestTerraformManagedRulesExample 2022-12-01T02:50:28Z logger.go:66:       - self              = false -> null
TestTerraformManagedRulesExample 2022-12-01T02:50:28Z logger.go:66:       - to_port           = 22 -> null
TestTerraformManagedRulesExample 2022-12-01T02:50:28Z logger.go:66:       - type              = "egress" -> null
TestTerraformManagedRulesExample 2022-12-01T02:50:28Z logger.go:66:     }
TestTerraformManagedRulesExample 2022-12-01T02:50:28Z logger.go:66:
TestTerraformManagedRulesExample 2022-12-01T02:50:28Z logger.go:66:   # module.security_group.aws_security_group_rule.egress["443-443-tcp-10.10.0.0/16-10.20.0.0/24"] will be destroyed
TestTerraformManagedRulesExample 2022-12-01T02:50:28Z logger.go:66:   - resource "aws_security_group_rule" "egress" {
TestTerraformManagedRulesExample 2022-12-01T02:50:28Z logger.go:66:       - cidr_blocks       = [
TestTerraformManagedRulesExample 2022-12-01T02:50:28Z logger.go:66:           - "10.10.0.0/16",
TestTerraformManagedRulesExample 2022-12-01T02:50:28Z logger.go:66:           - "10.20.0.0/24",
TestTerraformManagedRulesExample 2022-12-01T02:50:28Z logger.go:66:         ] -> null
TestTerraformManagedRulesExample 2022-12-01T02:50:28Z logger.go:66:       - description       = "HTTPS" -> null
TestTerraformManagedRulesExample 2022-12-01T02:50:28Z logger.go:66:       - from_port         = 443 -> null
TestTerraformManagedRulesExample 2022-12-01T02:50:28Z logger.go:66:       - id                = "sgrule-1111111111" -> null
TestTerraformManagedRulesExample 2022-12-01T02:50:28Z logger.go:66:       - protocol          = "tcp" -> null
TestTerraformManagedRulesExample 2022-12-01T02:50:28Z logger.go:66:       - security_group_id = "sg-1111111111111111" -> null
TestTerraformManagedRulesExample 2022-12-01T02:50:28Z logger.go:66:       - self              = false -> null
TestTerraformManagedRulesExample 2022-12-01T02:50:28Z logger.go:66:       - to_port           = 443 -> null
TestTerraformManagedRulesExample 2022-12-01T02:50:28Z logger.go:66:       - type              = "egress" -> null
TestTerraformManagedRulesExample 2022-12-01T02:50:28Z logger.go:66:     }
TestTerraformManagedRulesExample 2022-12-01T02:50:28Z logger.go:66:
TestTerraformManagedRulesExample 2022-12-01T02:50:28Z logger.go:66:   # module.security_group.aws_security_group_rule.egress["5432-5432-tcp-2001:db8::/64"] will be destroyed
TestTerraformManagedRulesExample 2022-12-01T02:50:28Z logger.go:66:   - resource "aws_security_group_rule" "egress" {
TestTerraformManagedRulesExample 2022-12-01T02:50:28Z logger.go:66:       - description       = "PostgreSQL" -> null
TestTerraformManagedRulesExample 2022-12-01T02:50:28Z logger.go:66:       - from_port         = 5432 -> null
TestTerraformManagedRulesExample 2022-12-01T02:50:28Z logger.go:66:       - id                = "sgrule-1111111111" -> null
TestTerraformManagedRulesExample 2022-12-01T02:50:28Z logger.go:66:       - ipv6_cidr_blocks  = [
TestTerraformManagedRulesExample 2022-12-01T02:50:28Z logger.go:66:           - "2001:db8::/64",
TestTerraformManagedRulesExample 2022-12-01T02:50:28Z logger.go:66:         ] -> null
TestTerraformManagedRulesExample 2022-12-01T02:50:28Z logger.go:66:       - protocol          = "tcp" -> null
TestTerraformManagedRulesExample 2022-12-01T02:50:28Z logger.go:66:       - security_group_id = "sg-1111111111111111" -> null
TestTerraformManagedRulesExample 2022-12-01T02:50:28Z logger.go:66:       - self              = false -> null
TestTerraformManagedRulesExample 2022-12-01T02:50:28Z logger.go:66:       - to_port           = 5432 -> null
TestTerraformManagedRulesExample 2022-12-01T02:50:28Z logger.go:66:       - type              = "egress" -> null
TestTerraformManagedRulesExample 2022-12-01T02:50:28Z logger.go:66:     }
TestTerraformManagedRulesExample 2022-12-01T02:50:28Z logger.go:66:
TestTerraformManagedRulesExample 2022-12-01T02:50:28Z logger.go:66:   # module.security_group.aws_security_group_rule.ingress["0-0-all-10.10.0.0/16-10.20.0.0/24"] will be destroyed
TestTerraformManagedRulesExample 2022-12-01T02:50:28Z logger.go:66:   - resource "aws_security_group_rule" "ingress" {
TestTerraformManagedRulesExample 2022-12-01T02:50:28Z logger.go:66:       - cidr_blocks       = [
TestTerraformManagedRulesExample 2022-12-01T02:50:28Z logger.go:66:           - "10.10.0.0/16",
TestTerraformManagedRulesExample 2022-12-01T02:50:28Z logger.go:66:           - "10.20.0.0/24",
TestTerraformManagedRulesExample 2022-12-01T02:50:28Z logger.go:66:         ] -> null
TestTerraformManagedRulesExample 2022-12-01T02:50:28Z logger.go:66:       - description       = "All protocols" -> null
TestTerraformManagedRulesExample 2022-12-01T02:50:28Z logger.go:66:       - from_port         = 0 -> null
TestTerraformManagedRulesExample 2022-12-01T02:50:28Z logger.go:66:       - id                = "sgrule-1111111111" -> null
TestTerraformManagedRulesExample 2022-12-01T02:50:28Z logger.go:66:       - protocol          = "-1" -> null
TestTerraformManagedRulesExample 2022-12-01T02:50:28Z logger.go:66:       - security_group_id = "sg-1111111111111111" -> null
TestTerraformManagedRulesExample 2022-12-01T02:50:28Z logger.go:66:       - self              = false -> null
TestTerraformManagedRulesExample 2022-12-01T02:50:28Z logger.go:66:       - to_port           = 0 -> null
TestTerraformManagedRulesExample 2022-12-01T02:50:28Z logger.go:66:       - type              = "ingress" -> null
TestTerraformManagedRulesExample 2022-12-01T02:50:28Z logger.go:66:     }
TestTerraformManagedRulesExample 2022-12-01T02:50:28Z logger.go:66:
TestTerraformManagedRulesExample 2022-12-01T02:50:28Z logger.go:66:   # module.security_group.aws_security_group_rule.ingress["0-0-all-true"] will be destroyed
TestTerraformManagedRulesExample 2022-12-01T02:50:28Z logger.go:66:   - resource "aws_security_group_rule" "ingress" {
TestTerraformManagedRulesExample 2022-12-01T02:50:28Z logger.go:66:       - description       = "All protocols" -> null
TestTerraformManagedRulesExample 2022-12-01T02:50:28Z logger.go:66:       - from_port         = 0 -> null
TestTerraformManagedRulesExample 2022-12-01T02:50:28Z logger.go:66:       - id                = "sgrule-1111111111" -> null
TestTerraformManagedRulesExample 2022-12-01T02:50:28Z logger.go:66:       - protocol          = "-1" -> null
TestTerraformManagedRulesExample 2022-12-01T02:50:28Z logger.go:66:       - security_group_id = "sg-1111111111111111" -> null
TestTerraformManagedRulesExample 2022-12-01T02:50:28Z logger.go:66:       - self              = true -> null
TestTerraformManagedRulesExample 2022-12-01T02:50:28Z logger.go:66:       - to_port           = 0 -> null
TestTerraformManagedRulesExample 2022-12-01T02:50:28Z logger.go:66:       - type              = "ingress" -> null
TestTerraformManagedRulesExample 2022-12-01T02:50:28Z logger.go:66:     }
TestTerraformManagedRulesExample 2022-12-01T02:50:28Z logger.go:66:
TestTerraformManagedRulesExample 2022-12-01T02:50:28Z logger.go:66:   # module.security_group.aws_security_group_rule.ingress["0-0-icmp-sg-1111111111111111"] will be destroyed
TestTerraformManagedRulesExample 2022-12-01T02:50:28Z logger.go:66:   - resource "aws_security_group_rule" "ingress" {
TestTerraformManagedRulesExample 2022-12-01T02:50:28Z logger.go:66:       - description              = "All IPV4 ICMP" -> null
TestTerraformManagedRulesExample 2022-12-01T02:50:28Z logger.go:66:       - from_port                = 0 -> null
TestTerraformManagedRulesExample 2022-12-01T02:50:28Z logger.go:66:       - id                       = "sgrule-1111111111" -> null
TestTerraformManagedRulesExample 2022-12-01T02:50:28Z logger.go:66:       - protocol                 = "icmp" -> null
TestTerraformManagedRulesExample 2022-12-01T02:50:28Z logger.go:66:       - security_group_id        = "sg-1111111111111111" -> null
TestTerraformManagedRulesExample 2022-12-01T02:50:28Z logger.go:66:       - self                     = false -> null
TestTerraformManagedRulesExample 2022-12-01T02:50:28Z logger.go:66:       - source_security_group_id = "sg-1111111111111111" -> null
TestTerraformManagedRulesExample 2022-12-01T02:50:28Z logger.go:66:       - to_port                  = 0 -> null
TestTerraformManagedRulesExample 2022-12-01T02:50:28Z logger.go:66:       - type                     = "ingress" -> null
TestTerraformManagedRulesExample 2022-12-01T02:50:28Z logger.go:66:     }
TestTerraformManagedRulesExample 2022-12-01T02:50:28Z logger.go:66:
TestTerraformManagedRulesExample 2022-12-01T02:50:28Z logger.go:66:   # module.security_group.aws_security_group_rule.ingress["22-22-tcp-pl-1111111111111111"] will be destroyed
TestTerraformManagedRulesExample 2022-12-01T02:50:28Z logger.go:66:   - resource "aws_security_group_rule" "ingress" {
TestTerraformManagedRulesExample 2022-12-01T02:50:28Z logger.go:66:       - description       = "SSH" -> null
TestTerraformManagedRulesExample 2022-12-01T02:50:28Z logger.go:66:       - from_port         = 22 -> null
TestTerraformManagedRulesExample 2022-12-01T02:50:28Z logger.go:66:       - id                = "sgrule-1111111111" -> null
TestTerraformManagedRulesExample 2022-12-01T02:50:28Z logger.go:66:       - prefix_list_ids   = [
TestTerraformManagedRulesExample 2022-12-01T02:50:28Z logger.go:66:           - "pl-1111111111111111",
TestTerraformManagedRulesExample 2022-12-01T02:50:28Z logger.go:66:         ] -> null
TestTerraformManagedRulesExample 2022-12-01T02:50:28Z logger.go:66:       - protocol          = "tcp" -> null
TestTerraformManagedRulesExample 2022-12-01T02:50:28Z logger.go:66:       - security_group_id = "sg-1111111111111111" -> null
TestTerraformManagedRulesExample 2022-12-01T02:50:28Z logger.go:66:       - self              = false -> null
TestTerraformManagedRulesExample 2022-12-01T02:50:28Z logger.go:66:       - to_port           = 22 -> null
TestTerraformManagedRulesExample 2022-12-01T02:50:28Z logger.go:66:       - type              = "ingress" -> null
TestTerraformManagedRulesExample 2022-12-01T02:50:28Z logger.go:66:     }
TestTerraformManagedRulesExample 2022-12-01T02:50:28Z logger.go:66:
TestTerraformManagedRulesExample 2022-12-01T02:50:28Z logger.go:66:   # module.security_group.aws_security_group_rule.ingress["5432-5432-tcp-2001:db8::/64"] will be destroyed
TestTerraformManagedRulesExample 2022-12-01T02:50:28Z logger.go:66:   - resource "aws_security_group_rule" "ingress" {
TestTerraformManagedRulesExample 2022-12-01T02:50:28Z logger.go:66:       - description       = "PostgreSQL" -> null
TestTerraformManagedRulesExample 2022-12-01T02:50:28Z logger.go:66:       - from_port         = 5432 -> null
TestTerraformManagedRulesExample 2022-12-01T02:50:28Z logger.go:66:       - id                = "sgrule-1111111111" -> null
TestTerraformManagedRulesExample 2022-12-01T02:50:28Z logger.go:66:       - ipv6_cidr_blocks  = [
TestTerraformManagedRulesExample 2022-12-01T02:50:28Z logger.go:66:           - "2001:db8::/64",
TestTerraformManagedRulesExample 2022-12-01T02:50:28Z logger.go:66:         ] -> null
TestTerraformManagedRulesExample 2022-12-01T02:50:28Z logger.go:66:       - protocol          = "tcp" -> null
TestTerraformManagedRulesExample 2022-12-01T02:50:28Z logger.go:66:       - security_group_id = "sg-1111111111111111" -> null
TestTerraformManagedRulesExample 2022-12-01T02:50:28Z logger.go:66:       - self              = false -> null
TestTerraformManagedRulesExample 2022-12-01T02:50:28Z logger.go:66:       - to_port           = 5432 -> null
TestTerraformManagedRulesExample 2022-12-01T02:50:28Z logger.go:66:       - type              = "ingress" -> null
TestTerraformManagedRulesExample 2022-12-01T02:50:28Z logger.go:66:     }
TestTerraformManagedRulesExample 2022-12-01T02:50:28Z logger.go:66:
TestTerraformManagedRulesExample 2022-12-01T02:50:28Z logger.go:66: Plan: 0 to add, 0 to change, 11 to destroy.
TestTerraformManagedRulesExample 2022-12-01T02:50:28Z logger.go:66:
TestTerraformManagedRulesExample 2022-12-01T02:50:28Z logger.go:66: Changes to Outputs:
TestTerraformManagedRulesExample 2022-12-01T02:50:28Z logger.go:66:   - arn       = "arn:aws:ec2:us-west-2:111111111111:security-group/sg-1111111111111111" -> null
TestTerraformManagedRulesExample 2022-12-01T02:50:28Z logger.go:66:   - egress    = [
TestTerraformManagedRulesExample 2022-12-01T02:50:28Z logger.go:66:       - {
TestTerraformManagedRulesExample 2022-12-01T02:50:28Z logger.go:66:           - cidr_blocks              = null
TestTerraformManagedRulesExample 2022-12-01T02:50:28Z logger.go:66:           - description              = "All protocols"
TestTerraformManagedRulesExample 2022-12-01T02:50:28Z logger.go:66:           - from_port                = 0
TestTerraformManagedRulesExample 2022-12-01T02:50:28Z logger.go:66:           - id                       = "sgrule-1111111111"
TestTerraformManagedRulesExample 2022-12-01T02:50:28Z logger.go:66:           - ipv6_cidr_blocks         = null
TestTerraformManagedRulesExample 2022-12-01T02:50:28Z logger.go:66:           - prefix_list_ids          = null
TestTerraformManagedRulesExample 2022-12-01T02:50:28Z logger.go:66:           - protocol                 = "-1"
TestTerraformManagedRulesExample 2022-12-01T02:50:28Z logger.go:66:           - security_group_id        = "sg-1111111111111111"
TestTerraformManagedRulesExample 2022-12-01T02:50:28Z logger.go:66:           - self                     = true
TestTerraformManagedRulesExample 2022-12-01T02:50:28Z logger.go:66:           - source_security_group_id = null
TestTerraformManagedRulesExample 2022-12-01T02:50:28Z logger.go:66:           - timeouts                 = null
TestTerraformManagedRulesExample 2022-12-01T02:50:28Z logger.go:66:           - to_port                  = 0
TestTerraformManagedRulesExample 2022-12-01T02:50:28Z logger.go:66:           - type                     = "egress"
TestTerraformManagedRulesExample 2022-12-01T02:50:28Z logger.go:66:         },
TestTerraformManagedRulesExample 2022-12-01T02:50:28Z logger.go:66:       - {
TestTerraformManagedRulesExample 2022-12-01T02:50:28Z logger.go:66:           - cidr_blocks              = null
TestTerraformManagedRulesExample 2022-12-01T02:50:28Z logger.go:66:           - description              = "All IPV4 ICMP"
TestTerraformManagedRulesExample 2022-12-01T02:50:28Z logger.go:66:           - from_port                = 0
TestTerraformManagedRulesExample 2022-12-01T02:50:28Z logger.go:66:           - id                       = "sgrule-1111111111"
TestTerraformManagedRulesExample 2022-12-01T02:50:28Z logger.go:66:           - ipv6_cidr_blocks         = null
TestTerraformManagedRulesExample 2022-12-01T02:50:28Z logger.go:66:           - prefix_list_ids          = null
TestTerraformManagedRulesExample 2022-12-01T02:50:28Z logger.go:66:           - protocol                 = "icmp"
TestTerraformManagedRulesExample 2022-12-01T02:50:28Z logger.go:66:           - security_group_id        = "sg-1111111111111111"
TestTerraformManagedRulesExample 2022-12-01T02:50:28Z logger.go:66:           - self                     = false
TestTerraformManagedRulesExample 2022-12-01T02:50:28Z logger.go:66:           - source_security_group_id = "sg-1111111111111111"
TestTerraformManagedRulesExample 2022-12-01T02:50:28Z logger.go:66:           - timeouts                 = null
TestTerraformManagedRulesExample 2022-12-01T02:50:28Z logger.go:66:           - to_port                  = 0
TestTerraformManagedRulesExample 2022-12-01T02:50:28Z logger.go:66:           - type                     = "egress"
TestTerraformManagedRulesExample 2022-12-01T02:50:28Z logger.go:66:         },
TestTerraformManagedRulesExample 2022-12-01T02:50:28Z logger.go:66:       - {
TestTerraformManagedRulesExample 2022-12-01T02:50:28Z logger.go:66:           - cidr_blocks              = null
TestTerraformManagedRulesExample 2022-12-01T02:50:28Z logger.go:66:           - description              = "SSH"
TestTerraformManagedRulesExample 2022-12-01T02:50:28Z logger.go:66:           - from_port                = 22
TestTerraformManagedRulesExample 2022-12-01T02:50:28Z logger.go:66:           - id                       = "sgrule-1111111111"
TestTerraformManagedRulesExample 2022-12-01T02:50:28Z logger.go:66:           - ipv6_cidr_blocks         = null
TestTerraformManagedRulesExample 2022-12-01T02:50:28Z logger.go:66:           - prefix_list_ids          = [
TestTerraformManagedRulesExample 2022-12-01T02:50:28Z logger.go:66:               - "pl-1111111111111111",
TestTerraformManagedRulesExample 2022-12-01T02:50:28Z logger.go:66:             ]
TestTerraformManagedRulesExample 2022-12-01T02:50:28Z logger.go:66:           - protocol                 = "tcp"
TestTerraformManagedRulesExample 2022-12-01T02:50:28Z logger.go:66:           - security_group_id        = "sg-1111111111111111"
TestTerraformManagedRulesExample 2022-12-01T02:50:28Z logger.go:66:           - self                     = false
TestTerraformManagedRulesExample 2022-12-01T02:50:28Z logger.go:66:           - source_security_group_id = null
TestTerraformManagedRulesExample 2022-12-01T02:50:28Z logger.go:66:           - timeouts                 = null
TestTerraformManagedRulesExample 2022-12-01T02:50:28Z logger.go:66:           - to_port                  = 22
TestTerraformManagedRulesExample 2022-12-01T02:50:28Z logger.go:66:           - type                     = "egress"
TestTerraformManagedRulesExample 2022-12-01T02:50:28Z logger.go:66:         },
TestTerraformManagedRulesExample 2022-12-01T02:50:28Z logger.go:66:       - {
TestTerraformManagedRulesExample 2022-12-01T02:50:28Z logger.go:66:           - cidr_blocks              = [
TestTerraformManagedRulesExample 2022-12-01T02:50:28Z logger.go:66:               - "10.10.0.0/16",
TestTerraformManagedRulesExample 2022-12-01T02:50:28Z logger.go:66:               - "10.20.0.0/24",
TestTerraformManagedRulesExample 2022-12-01T02:50:28Z logger.go:66:             ]
TestTerraformManagedRulesExample 2022-12-01T02:50:28Z logger.go:66:           - description              = "HTTPS"
TestTerraformManagedRulesExample 2022-12-01T02:50:28Z logger.go:66:           - from_port                = 443
TestTerraformManagedRulesExample 2022-12-01T02:50:28Z logger.go:66:           - id                       = "sgrule-1111111111"
TestTerraformManagedRulesExample 2022-12-01T02:50:28Z logger.go:66:           - ipv6_cidr_blocks         = null
TestTerraformManagedRulesExample 2022-12-01T02:50:28Z logger.go:66:           - prefix_list_ids          = null
TestTerraformManagedRulesExample 2022-12-01T02:50:28Z logger.go:66:           - protocol                 = "tcp"
TestTerraformManagedRulesExample 2022-12-01T02:50:28Z logger.go:66:           - security_group_id        = "sg-1111111111111111"
TestTerraformManagedRulesExample 2022-12-01T02:50:28Z logger.go:66:           - self                     = false
TestTerraformManagedRulesExample 2022-12-01T02:50:28Z logger.go:66:           - source_security_group_id = null
TestTerraformManagedRulesExample 2022-12-01T02:50:28Z logger.go:66:           - timeouts                 = null
TestTerraformManagedRulesExample 2022-12-01T02:50:28Z logger.go:66:           - to_port                  = 443
TestTerraformManagedRulesExample 2022-12-01T02:50:28Z logger.go:66:           - type                     = "egress"
TestTerraformManagedRulesExample 2022-12-01T02:50:28Z logger.go:66:         },
TestTerraformManagedRulesExample 2022-12-01T02:50:28Z logger.go:66:       - {
TestTerraformManagedRulesExample 2022-12-01T02:50:28Z logger.go:66:           - cidr_blocks              = null
TestTerraformManagedRulesExample 2022-12-01T02:50:28Z logger.go:66:           - description              = "PostgreSQL"
TestTerraformManagedRulesExample 2022-12-01T02:50:28Z logger.go:66:           - from_port                = 5432
TestTerraformManagedRulesExample 2022-12-01T02:50:28Z logger.go:66:           - id                       = "sgrule-1111111111"
TestTerraformManagedRulesExample 2022-12-01T02:50:28Z logger.go:66:           - ipv6_cidr_blocks         = [
TestTerraformManagedRulesExample 2022-12-01T02:50:28Z logger.go:66:               - "2001:db8::/64",
TestTerraformManagedRulesExample 2022-12-01T02:50:28Z logger.go:66:             ]
TestTerraformManagedRulesExample 2022-12-01T02:50:28Z logger.go:66:           - prefix_list_ids          = null
TestTerraformManagedRulesExample 2022-12-01T02:50:28Z logger.go:66:           - protocol                 = "tcp"
TestTerraformManagedRulesExample 2022-12-01T02:50:28Z logger.go:66:           - security_group_id        = "sg-1111111111111111"
TestTerraformManagedRulesExample 2022-12-01T02:50:28Z logger.go:66:           - self                     = false
TestTerraformManagedRulesExample 2022-12-01T02:50:28Z logger.go:66:           - source_security_group_id = null
TestTerraformManagedRulesExample 2022-12-01T02:50:28Z logger.go:66:           - timeouts                 = null
TestTerraformManagedRulesExample 2022-12-01T02:50:28Z logger.go:66:           - to_port                  = 5432
TestTerraformManagedRulesExample 2022-12-01T02:50:28Z logger.go:66:           - type                     = "egress"
TestTerraformManagedRulesExample 2022-12-01T02:50:28Z logger.go:66:         },
TestTerraformManagedRulesExample 2022-12-01T02:50:28Z logger.go:66:     ] -> null
TestTerraformManagedRulesExample 2022-12-01T02:50:28Z logger.go:66:   - id        = "sg-1111111111111111" -> null
TestTerraformManagedRulesExample 2022-12-01T02:50:28Z logger.go:66:   - ingress   = [
TestTerraformManagedRulesExample 2022-12-01T02:50:28Z logger.go:66:       - {
TestTerraformManagedRulesExample 2022-12-01T02:50:28Z logger.go:66:           - cidr_blocks              = [
TestTerraformManagedRulesExample 2022-12-01T02:50:28Z logger.go:66:               - "10.10.0.0/16",
TestTerraformManagedRulesExample 2022-12-01T02:50:28Z logger.go:66:               - "10.20.0.0/24",
TestTerraformManagedRulesExample 2022-12-01T02:50:28Z logger.go:66:             ]
TestTerraformManagedRulesExample 2022-12-01T02:50:28Z logger.go:66:           - description              = "All protocols"
TestTerraformManagedRulesExample 2022-12-01T02:50:28Z logger.go:66:           - from_port                = 0
TestTerraformManagedRulesExample 2022-12-01T02:50:28Z logger.go:66:           - id                       = "sgrule-1111111111"
TestTerraformManagedRulesExample 2022-12-01T02:50:28Z logger.go:66:           - ipv6_cidr_blocks         = null
TestTerraformManagedRulesExample 2022-12-01T02:50:28Z logger.go:66:           - prefix_list_ids          = null
TestTerraformManagedRulesExample 2022-12-01T02:50:28Z logger.go:66:           - protocol                 = "-1"
TestTerraformManagedRulesExample 2022-12-01T02:50:28Z logger.go:66:           - security_group_id        = "sg-1111111111111111"
TestTerraformManagedRulesExample 2022-12-01T02:50:28Z logger.go:66:           - self                     = false
TestTerraformManagedRulesExample 2022-12-01T02:50:28Z logger.go:66:           - source_security_group_id = null
TestTerraformManagedRulesExample 2022-12-01T02:50:28Z logger.go:66:           - timeouts                 = null
TestTerraformManagedRulesExample 2022-12-01T02:50:28Z logger.go:66:           - to_port                  = 0
TestTerraformManagedRulesExample 2022-12-01T02:50:28Z logger.go:66:           - type                     = "ingress"
TestTerraformManagedRulesExample 2022-12-01T02:50:28Z logger.go:66:         },
TestTerraformManagedRulesExample 2022-12-01T02:50:28Z logger.go:66:       - {
TestTerraformManagedRulesExample 2022-12-01T02:50:28Z logger.go:66:           - cidr_blocks              = null
TestTerraformManagedRulesExample 2022-12-01T02:50:28Z logger.go:66:           - description              = "All protocols"
TestTerraformManagedRulesExample 2022-12-01T02:50:28Z logger.go:66:           - from_port                = 0
TestTerraformManagedRulesExample 2022-12-01T02:50:28Z logger.go:66:           - id                       = "sgrule-1111111111"
TestTerraformManagedRulesExample 2022-12-01T02:50:28Z logger.go:66:           - ipv6_cidr_blocks         = null
TestTerraformManagedRulesExample 2022-12-01T02:50:28Z logger.go:66:           - prefix_list_ids          = null
TestTerraformManagedRulesExample 2022-12-01T02:50:28Z logger.go:66:           - protocol                 = "-1"
TestTerraformManagedRulesExample 2022-12-01T02:50:28Z logger.go:66:           - security_group_id        = "sg-1111111111111111"
TestTerraformManagedRulesExample 2022-12-01T02:50:28Z logger.go:66:           - self                     = true
TestTerraformManagedRulesExample 2022-12-01T02:50:28Z logger.go:66:           - source_security_group_id = null
TestTerraformManagedRulesExample 2022-12-01T02:50:28Z logger.go:66:           - timeouts                 = null
TestTerraformManagedRulesExample 2022-12-01T02:50:28Z logger.go:66:           - to_port                  = 0
TestTerraformManagedRulesExample 2022-12-01T02:50:28Z logger.go:66:           - type                     = "ingress"
TestTerraformManagedRulesExample 2022-12-01T02:50:28Z logger.go:66:         },
TestTerraformManagedRulesExample 2022-12-01T02:50:28Z logger.go:66:       - {
TestTerraformManagedRulesExample 2022-12-01T02:50:28Z logger.go:66:           - cidr_blocks              = null
TestTerraformManagedRulesExample 2022-12-01T02:50:28Z logger.go:66:           - description              = "All IPV4 ICMP"
TestTerraformManagedRulesExample 2022-12-01T02:50:28Z logger.go:66:           - from_port                = 0
TestTerraformManagedRulesExample 2022-12-01T02:50:28Z logger.go:66:           - id                       = "sgrule-1111111111"
TestTerraformManagedRulesExample 2022-12-01T02:50:28Z logger.go:66:           - ipv6_cidr_blocks         = null
TestTerraformManagedRulesExample 2022-12-01T02:50:28Z logger.go:66:           - prefix_list_ids          = null
TestTerraformManagedRulesExample 2022-12-01T02:50:28Z logger.go:66:           - protocol                 = "icmp"
TestTerraformManagedRulesExample 2022-12-01T02:50:28Z logger.go:66:           - security_group_id        = "sg-1111111111111111"
TestTerraformManagedRulesExample 2022-12-01T02:50:28Z logger.go:66:           - self                     = false
TestTerraformManagedRulesExample 2022-12-01T02:50:28Z logger.go:66:           - source_security_group_id = "sg-1111111111111111"
TestTerraformManagedRulesExample 2022-12-01T02:50:28Z logger.go:66:           - timeouts                 = null
TestTerraformManagedRulesExample 2022-12-01T02:50:28Z logger.go:66:           - to_port                  = 0
TestTerraformManagedRulesExample 2022-12-01T02:50:28Z logger.go:66:           - type                     = "ingress"
TestTerraformManagedRulesExample 2022-12-01T02:50:28Z logger.go:66:         },
TestTerraformManagedRulesExample 2022-12-01T02:50:28Z logger.go:66:       - {
TestTerraformManagedRulesExample 2022-12-01T02:50:28Z logger.go:66:           - cidr_blocks              = null
TestTerraformManagedRulesExample 2022-12-01T02:50:28Z logger.go:66:           - description              = "SSH"
TestTerraformManagedRulesExample 2022-12-01T02:50:28Z logger.go:66:           - from_port                = 22
TestTerraformManagedRulesExample 2022-12-01T02:50:28Z logger.go:66:           - id                       = "sgrule-1111111111"
TestTerraformManagedRulesExample 2022-12-01T02:50:28Z logger.go:66:           - ipv6_cidr_blocks         = null
TestTerraformManagedRulesExample 2022-12-01T02:50:28Z logger.go:66:           - prefix_list_ids          = [
TestTerraformManagedRulesExample 2022-12-01T02:50:28Z logger.go:66:               - "pl-1111111111111111",
TestTerraformManagedRulesExample 2022-12-01T02:50:28Z logger.go:66:             ]
TestTerraformManagedRulesExample 2022-12-01T02:50:28Z logger.go:66:           - protocol                 = "tcp"
TestTerraformManagedRulesExample 2022-12-01T02:50:28Z logger.go:66:           - security_group_id        = "sg-1111111111111111"
TestTerraformManagedRulesExample 2022-12-01T02:50:28Z logger.go:66:           - self                     = false
TestTerraformManagedRulesExample 2022-12-01T02:50:28Z logger.go:66:           - source_security_group_id = null
TestTerraformManagedRulesExample 2022-12-01T02:50:28Z logger.go:66:           - timeouts                 = null
TestTerraformManagedRulesExample 2022-12-01T02:50:28Z logger.go:66:           - to_port                  = 22
TestTerraformManagedRulesExample 2022-12-01T02:50:28Z logger.go:66:           - type                     = "ingress"
TestTerraformManagedRulesExample 2022-12-01T02:50:28Z logger.go:66:         },
TestTerraformManagedRulesExample 2022-12-01T02:50:28Z logger.go:66:       - {
TestTerraformManagedRulesExample 2022-12-01T02:50:28Z logger.go:66:           - cidr_blocks              = null
TestTerraformManagedRulesExample 2022-12-01T02:50:28Z logger.go:66:           - description              = "PostgreSQL"
TestTerraformManagedRulesExample 2022-12-01T02:50:28Z logger.go:66:           - from_port                = 5432
TestTerraformManagedRulesExample 2022-12-01T02:50:28Z logger.go:66:           - id                       = "sgrule-1111111111"
TestTerraformManagedRulesExample 2022-12-01T02:50:28Z logger.go:66:           - ipv6_cidr_blocks         = [
TestTerraformManagedRulesExample 2022-12-01T02:50:28Z logger.go:66:               - "2001:db8::/64",
TestTerraformManagedRulesExample 2022-12-01T02:50:28Z logger.go:66:             ]
TestTerraformManagedRulesExample 2022-12-01T02:50:28Z logger.go:66:           - prefix_list_ids          = null
TestTerraformManagedRulesExample 2022-12-01T02:50:28Z logger.go:66:           - protocol                 = "tcp"
TestTerraformManagedRulesExample 2022-12-01T02:50:28Z logger.go:66:           - security_group_id        = "sg-1111111111111111"
TestTerraformManagedRulesExample 2022-12-01T02:50:28Z logger.go:66:           - self                     = false
TestTerraformManagedRulesExample 2022-12-01T02:50:28Z logger.go:66:           - source_security_group_id = null
TestTerraformManagedRulesExample 2022-12-01T02:50:28Z logger.go:66:           - timeouts                 = null
TestTerraformManagedRulesExample 2022-12-01T02:50:28Z logger.go:66:           - to_port                  = 5432
TestTerraformManagedRulesExample 2022-12-01T02:50:28Z logger.go:66:           - type                     = "ingress"
TestTerraformManagedRulesExample 2022-12-01T02:50:28Z logger.go:66:         },
TestTerraformManagedRulesExample 2022-12-01T02:50:28Z logger.go:66:     ] -> null
TestTerraformManagedRulesExample 2022-12-01T02:50:28Z logger.go:66:   - terratest = {
TestTerraformManagedRulesExample 2022-12-01T02:50:28Z logger.go:66:       - data_aws_prefix_list_private_s3_id = "pl-1111111111111111"
TestTerraformManagedRulesExample 2022-12-01T02:50:28Z logger.go:66:       - data_aws_security_group_default_id = "sg-1111111111111111"
TestTerraformManagedRulesExample 2022-12-01T02:50:28Z logger.go:66:       - egress_count                       = 5
TestTerraformManagedRulesExample 2022-12-01T02:50:28Z logger.go:66:       - ingress_count                      = 5
TestTerraformManagedRulesExample 2022-12-01T02:50:28Z logger.go:66:     } -> null
TestTerraformManagedRulesExample 2022-12-01T02:50:29Z logger.go:66: module.security_group.aws_security_group_rule.egress["0-0-all-true"]: Destroying... [id=sgrule-1111111111]
TestTerraformManagedRulesExample 2022-12-01T02:50:29Z logger.go:66: module.security_group.aws_security_group_rule.ingress["5432-5432-tcp-2001:db8::/64"]: Destroying... [id=sgrule-1111111111]
TestTerraformManagedRulesExample 2022-12-01T02:50:29Z logger.go:66: module.security_group.aws_security_group_rule.ingress["0-0-icmp-sg-1111111111111111"]: Destroying... [id=sgrule-1111111111]
TestTerraformManagedRulesExample 2022-12-01T02:50:29Z logger.go:66: module.security_group.aws_security_group_rule.ingress["22-22-tcp-pl-1111111111111111"]: Destroying... [id=sgrule-1111111111]
TestTerraformManagedRulesExample 2022-12-01T02:50:29Z logger.go:66: module.security_group.aws_security_group_rule.ingress["0-0-all-true"]: Destroying... [id=sgrule-1111111111]
TestTerraformManagedRulesExample 2022-12-01T02:50:29Z logger.go:66: module.security_group.aws_security_group_rule.ingress["0-0-all-10.10.0.0/16-10.20.0.0/24"]: Destroying... [id=sgrule-1111111111]
TestTerraformManagedRulesExample 2022-12-01T02:50:29Z logger.go:66: module.security_group.aws_security_group_rule.egress["443-443-tcp-10.10.0.0/16-10.20.0.0/24"]: Destroying... [id=sgrule-1111111111]
TestTerraformManagedRulesExample 2022-12-01T02:50:29Z logger.go:66: module.security_group.aws_security_group_rule.egress["22-22-tcp-pl-1111111111111111"]: Destroying... [id=sgrule-1111111111]
TestTerraformManagedRulesExample 2022-12-01T02:50:29Z logger.go:66: module.security_group.aws_security_group_rule.egress["5432-5432-tcp-2001:db8::/64"]: Destroying... [id=sgrule-1111111111]
TestTerraformManagedRulesExample 2022-12-01T02:50:29Z logger.go:66: module.security_group.aws_security_group_rule.egress["0-0-icmp-sg-1111111111111111"]: Destroying... [id=sgrule-1111111111]
TestTerraformManagedRulesExample 2022-12-01T02:50:30Z logger.go:66: module.security_group.aws_security_group_rule.ingress["5432-5432-tcp-2001:db8::/64"]: Destruction complete after 0s
TestTerraformManagedRulesExample 2022-12-01T02:50:30Z logger.go:66: module.security_group.aws_security_group_rule.egress["0-0-all-true"]: Destruction complete after 1s
TestTerraformManagedRulesExample 2022-12-01T02:50:31Z logger.go:66: module.security_group.aws_security_group_rule.egress["22-22-tcp-pl-1111111111111111"]: Destruction complete after 1s
TestTerraformManagedRulesExample 2022-12-01T02:50:31Z logger.go:66: module.security_group.aws_security_group_rule.ingress["0-0-icmp-sg-1111111111111111"]: Destruction complete after 2s
TestTerraformManagedRulesExample 2022-12-01T02:50:32Z logger.go:66: module.security_group.aws_security_group_rule.ingress["22-22-tcp-pl-1111111111111111"]: Destruction complete after 2s
TestTerraformManagedRulesExample 2022-12-01T02:50:32Z logger.go:66: module.security_group.aws_security_group_rule.ingress["0-0-all-true"]: Destruction complete after 3s
TestTerraformManagedRulesExample 2022-12-01T02:50:33Z logger.go:66: module.security_group.aws_security_group_rule.egress["443-443-tcp-10.10.0.0/16-10.20.0.0/24"]: Destruction complete after 3s
TestTerraformManagedRulesExample 2022-12-01T02:50:33Z logger.go:66: module.security_group.aws_security_group_rule.egress["5432-5432-tcp-2001:db8::/64"]: Destruction complete after 4s
TestTerraformManagedRulesExample 2022-12-01T02:50:33Z logger.go:66: module.security_group.aws_security_group_rule.ingress["0-0-all-10.10.0.0/16-10.20.0.0/24"]: Destruction complete after 4s
TestTerraformManagedRulesExample 2022-12-01T02:50:34Z logger.go:66: module.security_group.aws_security_group_rule.egress["0-0-icmp-sg-1111111111111111"]: Destruction complete after 4s
TestTerraformManagedRulesExample 2022-12-01T02:50:34Z logger.go:66: module.security_group.aws_security_group.self[0]: Destroying... [id=sg-1111111111111111]
TestTerraformManagedRulesExample 2022-12-01T02:50:35Z logger.go:66: module.security_group.aws_security_group.self[0]: Destruction complete after 1s
TestTerraformManagedRulesExample 2022-12-01T02:50:35Z logger.go:66:
TestTerraformManagedRulesExample 2022-12-01T02:50:35Z logger.go:66: Destroy complete! Resources: 11 destroyed.
--- PASS: TestTerraformManagedRulesExample (30.15s)
PASS
ok  	command-line-arguments	30.162s
