=== RUN   TestTerraformComputedRulesExample
TestTerraformComputedRulesExample 2022-09-14T15:41:33Z retry.go:91: terraform [init -upgrade=false]
TestTerraformComputedRulesExample 2022-09-14T15:41:33Z logger.go:66: Running command terraform with args [init -upgrade=false]
TestTerraformComputedRulesExample 2022-09-14T15:41:33Z logger.go:66: [0m[1mInitializing modules...[0m
TestTerraformComputedRulesExample 2022-09-14T15:41:33Z logger.go:66:
TestTerraformComputedRulesExample 2022-09-14T15:41:33Z logger.go:66: [0m[1mInitializing the backend...[0m
TestTerraformComputedRulesExample 2022-09-14T15:41:34Z logger.go:66:
TestTerraformComputedRulesExample 2022-09-14T15:41:34Z logger.go:66: [0m[1mInitializing provider plugins...[0m
TestTerraformComputedRulesExample 2022-09-14T15:41:34Z logger.go:66: - Reusing previous version of hashicorp/aws from the dependency lock file
TestTerraformComputedRulesExample 2022-09-14T15:41:34Z logger.go:66: - Using previously-installed hashicorp/aws v4.27.0
TestTerraformComputedRulesExample 2022-09-14T15:41:34Z logger.go:66:
TestTerraformComputedRulesExample 2022-09-14T15:41:34Z logger.go:66: [0m[1m[32mTerraform has been successfully initialized![0m[32m[0m
TestTerraformComputedRulesExample 2022-09-14T15:41:34Z logger.go:66: [0m[32m
TestTerraformComputedRulesExample 2022-09-14T15:41:34Z logger.go:66: You may now begin working with Terraform. Try running "terraform plan" to see
TestTerraformComputedRulesExample 2022-09-14T15:41:34Z logger.go:66: any changes that are required for your infrastructure. All Terraform commands
TestTerraformComputedRulesExample 2022-09-14T15:41:34Z logger.go:66: should now work.
TestTerraformComputedRulesExample 2022-09-14T15:41:34Z logger.go:66:
TestTerraformComputedRulesExample 2022-09-14T15:41:34Z logger.go:66: If you ever set or change modules or backend configuration for Terraform,
TestTerraformComputedRulesExample 2022-09-14T15:41:34Z logger.go:66: rerun this command to reinitialize your working directory. If you forget, other
TestTerraformComputedRulesExample 2022-09-14T15:41:34Z logger.go:66: commands will detect it and remind you to do so if necessary.[0m
TestTerraformComputedRulesExample 2022-09-14T15:41:34Z retry.go:91: terraform [apply -input=false -auto-approve -no-color -lock=false]
TestTerraformComputedRulesExample 2022-09-14T15:41:34Z logger.go:66: Running command terraform with args [apply -input=false -auto-approve -no-color -lock=false]
TestTerraformComputedRulesExample 2022-09-14T15:41:37Z logger.go:66: data.aws_vpc.default: Reading...
TestTerraformComputedRulesExample 2022-09-14T15:41:38Z logger.go:66: data.aws_vpc.default: Read complete after 0s [id=vpc-1111111111111111]
TestTerraformComputedRulesExample 2022-09-14T15:41:38Z logger.go:66:
TestTerraformComputedRulesExample 2022-09-14T15:41:38Z logger.go:66: Terraform used the selected providers to generate the following execution
TestTerraformComputedRulesExample 2022-09-14T15:41:38Z logger.go:66: plan. Resource actions are indicated with the following symbols:
TestTerraformComputedRulesExample 2022-09-14T15:41:38Z logger.go:66:   + create
TestTerraformComputedRulesExample 2022-09-14T15:41:38Z logger.go:66:
TestTerraformComputedRulesExample 2022-09-14T15:41:38Z logger.go:66: Terraform will perform the following actions:
TestTerraformComputedRulesExample 2022-09-14T15:41:38Z logger.go:66:
TestTerraformComputedRulesExample 2022-09-14T15:41:38Z logger.go:66:   # aws_ec2_managed_prefix_list.other will be created
TestTerraformComputedRulesExample 2022-09-14T15:41:38Z logger.go:66:   + resource "aws_ec2_managed_prefix_list" "other" {
TestTerraformComputedRulesExample 2022-09-14T15:41:38Z logger.go:66:       + address_family = "IPv4"
TestTerraformComputedRulesExample 2022-09-14T15:41:38Z logger.go:66:       + arn            = (known after apply)
TestTerraformComputedRulesExample 2022-09-14T15:41:38Z logger.go:66:       + id             = (known after apply)
TestTerraformComputedRulesExample 2022-09-14T15:41:38Z logger.go:66:       + max_entries    = 5
TestTerraformComputedRulesExample 2022-09-14T15:41:38Z logger.go:66:       + name           = "ex-computed-other"
TestTerraformComputedRulesExample 2022-09-14T15:41:38Z logger.go:66:       + owner_id       = (known after apply)
TestTerraformComputedRulesExample 2022-09-14T15:41:38Z logger.go:66:       + tags_all       = {
TestTerraformComputedRulesExample 2022-09-14T15:41:38Z logger.go:66:           + "Example"    = "ex-computed"
TestTerraformComputedRulesExample 2022-09-14T15:41:38Z logger.go:66:           + "GithubOrg"  = "aidanmelen"
TestTerraformComputedRulesExample 2022-09-14T15:41:38Z logger.go:66:           + "GithubRepo" = "terraform-aws-security-group"
TestTerraformComputedRulesExample 2022-09-14T15:41:38Z logger.go:66:         }
TestTerraformComputedRulesExample 2022-09-14T15:41:38Z logger.go:66:       + version        = (known after apply)
TestTerraformComputedRulesExample 2022-09-14T15:41:38Z logger.go:66:
TestTerraformComputedRulesExample 2022-09-14T15:41:38Z logger.go:66:       + entry {
TestTerraformComputedRulesExample 2022-09-14T15:41:38Z logger.go:66:           + cidr        = "172.31.0.0/16"
TestTerraformComputedRulesExample 2022-09-14T15:41:38Z logger.go:66:           + description = "Primary"
TestTerraformComputedRulesExample 2022-09-14T15:41:38Z logger.go:66:         }
TestTerraformComputedRulesExample 2022-09-14T15:41:38Z logger.go:66:     }
TestTerraformComputedRulesExample 2022-09-14T15:41:38Z logger.go:66:
TestTerraformComputedRulesExample 2022-09-14T15:41:38Z logger.go:66:   # aws_security_group.other will be created
TestTerraformComputedRulesExample 2022-09-14T15:41:38Z logger.go:66:   + resource "aws_security_group" "other" {
TestTerraformComputedRulesExample 2022-09-14T15:41:38Z logger.go:66:       + arn                    = (known after apply)
TestTerraformComputedRulesExample 2022-09-14T15:41:38Z logger.go:66:       + description            = "ex-computed-other"
TestTerraformComputedRulesExample 2022-09-14T15:41:38Z logger.go:66:       + egress                 = (known after apply)
TestTerraformComputedRulesExample 2022-09-14T15:41:38Z logger.go:66:       + id                     = (known after apply)
TestTerraformComputedRulesExample 2022-09-14T15:41:38Z logger.go:66:       + ingress                = (known after apply)
TestTerraformComputedRulesExample 2022-09-14T15:41:38Z logger.go:66:       + name                   = "ex-computed-other"
TestTerraformComputedRulesExample 2022-09-14T15:41:38Z logger.go:66:       + name_prefix            = (known after apply)
TestTerraformComputedRulesExample 2022-09-14T15:41:38Z logger.go:66:       + owner_id               = (known after apply)
TestTerraformComputedRulesExample 2022-09-14T15:41:38Z logger.go:66:       + revoke_rules_on_delete = false
TestTerraformComputedRulesExample 2022-09-14T15:41:38Z logger.go:66:       + tags                   = {
TestTerraformComputedRulesExample 2022-09-14T15:41:38Z logger.go:66:           + "Name" = "ex-computed-other"
TestTerraformComputedRulesExample 2022-09-14T15:41:38Z logger.go:66:         }
TestTerraformComputedRulesExample 2022-09-14T15:41:38Z logger.go:66:       + tags_all               = {
TestTerraformComputedRulesExample 2022-09-14T15:41:38Z logger.go:66:           + "Example"    = "ex-computed"
TestTerraformComputedRulesExample 2022-09-14T15:41:38Z logger.go:66:           + "GithubOrg"  = "aidanmelen"
TestTerraformComputedRulesExample 2022-09-14T15:41:38Z logger.go:66:           + "GithubRepo" = "terraform-aws-security-group"
TestTerraformComputedRulesExample 2022-09-14T15:41:38Z logger.go:66:           + "Name"       = "ex-computed-other"
TestTerraformComputedRulesExample 2022-09-14T15:41:38Z logger.go:66:         }
TestTerraformComputedRulesExample 2022-09-14T15:41:38Z logger.go:66:       + vpc_id                 = "vpc-1111111111111111"
TestTerraformComputedRulesExample 2022-09-14T15:41:38Z logger.go:66:     }
TestTerraformComputedRulesExample 2022-09-14T15:41:38Z logger.go:66:
TestTerraformComputedRulesExample 2022-09-14T15:41:38Z logger.go:66:   # module.security_group.aws_security_group.self[0] will be created
TestTerraformComputedRulesExample 2022-09-14T15:41:38Z logger.go:66:   + resource "aws_security_group" "self" {
TestTerraformComputedRulesExample 2022-09-14T15:41:38Z logger.go:66:       + arn                    = (known after apply)
TestTerraformComputedRulesExample 2022-09-14T15:41:38Z logger.go:66:       + description            = "ex-computed"
TestTerraformComputedRulesExample 2022-09-14T15:41:38Z logger.go:66:       + egress                 = (known after apply)
TestTerraformComputedRulesExample 2022-09-14T15:41:38Z logger.go:66:       + id                     = (known after apply)
TestTerraformComputedRulesExample 2022-09-14T15:41:38Z logger.go:66:       + ingress                = (known after apply)
TestTerraformComputedRulesExample 2022-09-14T15:41:38Z logger.go:66:       + name                   = "ex-computed"
TestTerraformComputedRulesExample 2022-09-14T15:41:38Z logger.go:66:       + name_prefix            = (known after apply)
TestTerraformComputedRulesExample 2022-09-14T15:41:38Z logger.go:66:       + owner_id               = (known after apply)
TestTerraformComputedRulesExample 2022-09-14T15:41:38Z logger.go:66:       + revoke_rules_on_delete = false
TestTerraformComputedRulesExample 2022-09-14T15:41:38Z logger.go:66:       + tags                   = {
TestTerraformComputedRulesExample 2022-09-14T15:41:38Z logger.go:66:           + "Name" = "ex-computed"
TestTerraformComputedRulesExample 2022-09-14T15:41:38Z logger.go:66:         }
TestTerraformComputedRulesExample 2022-09-14T15:41:38Z logger.go:66:       + tags_all               = {
TestTerraformComputedRulesExample 2022-09-14T15:41:38Z logger.go:66:           + "Example"    = "ex-computed"
TestTerraformComputedRulesExample 2022-09-14T15:41:38Z logger.go:66:           + "GithubOrg"  = "aidanmelen"
TestTerraformComputedRulesExample 2022-09-14T15:41:38Z logger.go:66:           + "GithubRepo" = "terraform-aws-security-group"
TestTerraformComputedRulesExample 2022-09-14T15:41:38Z logger.go:66:           + "Name"       = "ex-computed"
TestTerraformComputedRulesExample 2022-09-14T15:41:38Z logger.go:66:         }
TestTerraformComputedRulesExample 2022-09-14T15:41:38Z logger.go:66:       + vpc_id                 = "vpc-1111111111111111"
TestTerraformComputedRulesExample 2022-09-14T15:41:38Z logger.go:66:
TestTerraformComputedRulesExample 2022-09-14T15:41:38Z logger.go:66:       + timeouts {
TestTerraformComputedRulesExample 2022-09-14T15:41:38Z logger.go:66:           + create = "10m"
TestTerraformComputedRulesExample 2022-09-14T15:41:38Z logger.go:66:           + delete = "15m"
TestTerraformComputedRulesExample 2022-09-14T15:41:38Z logger.go:66:         }
TestTerraformComputedRulesExample 2022-09-14T15:41:38Z logger.go:66:     }
TestTerraformComputedRulesExample 2022-09-14T15:41:38Z logger.go:66:
TestTerraformComputedRulesExample 2022-09-14T15:41:38Z logger.go:66:   # module.security_group.aws_security_group_rule.computed_egress[0] will be created
TestTerraformComputedRulesExample 2022-09-14T15:41:38Z logger.go:66:   + resource "aws_security_group_rule" "computed_egress" {
TestTerraformComputedRulesExample 2022-09-14T15:41:38Z logger.go:66:       + cidr_blocks              = (known after apply)
TestTerraformComputedRulesExample 2022-09-14T15:41:38Z logger.go:66:       + description              = (known after apply)
TestTerraformComputedRulesExample 2022-09-14T15:41:38Z logger.go:66:       + from_port                = (known after apply)
TestTerraformComputedRulesExample 2022-09-14T15:41:38Z logger.go:66:       + id                       = (known after apply)
TestTerraformComputedRulesExample 2022-09-14T15:41:38Z logger.go:66:       + ipv6_cidr_blocks         = (known after apply)
TestTerraformComputedRulesExample 2022-09-14T15:41:38Z logger.go:66:       + prefix_list_ids          = (known after apply)
TestTerraformComputedRulesExample 2022-09-14T15:41:38Z logger.go:66:       + protocol                 = (known after apply)
TestTerraformComputedRulesExample 2022-09-14T15:41:38Z logger.go:66:       + security_group_id        = (known after apply)
TestTerraformComputedRulesExample 2022-09-14T15:41:38Z logger.go:66:       + self                     = (known after apply)
TestTerraformComputedRulesExample 2022-09-14T15:41:38Z logger.go:66:       + source_security_group_id = (known after apply)
TestTerraformComputedRulesExample 2022-09-14T15:41:38Z logger.go:66:       + to_port                  = (known after apply)
TestTerraformComputedRulesExample 2022-09-14T15:41:38Z logger.go:66:       + type                     = "egress"
TestTerraformComputedRulesExample 2022-09-14T15:41:38Z logger.go:66:     }
TestTerraformComputedRulesExample 2022-09-14T15:41:38Z logger.go:66:
TestTerraformComputedRulesExample 2022-09-14T15:41:38Z logger.go:66:   # module.security_group.aws_security_group_rule.computed_egress[1] will be created
TestTerraformComputedRulesExample 2022-09-14T15:41:38Z logger.go:66:   + resource "aws_security_group_rule" "computed_egress" {
TestTerraformComputedRulesExample 2022-09-14T15:41:38Z logger.go:66:       + cidr_blocks              = (known after apply)
TestTerraformComputedRulesExample 2022-09-14T15:41:38Z logger.go:66:       + description              = (known after apply)
TestTerraformComputedRulesExample 2022-09-14T15:41:38Z logger.go:66:       + from_port                = (known after apply)
TestTerraformComputedRulesExample 2022-09-14T15:41:38Z logger.go:66:       + id                       = (known after apply)
TestTerraformComputedRulesExample 2022-09-14T15:41:38Z logger.go:66:       + ipv6_cidr_blocks         = (known after apply)
TestTerraformComputedRulesExample 2022-09-14T15:41:38Z logger.go:66:       + prefix_list_ids          = (known after apply)
TestTerraformComputedRulesExample 2022-09-14T15:41:38Z logger.go:66:       + protocol                 = (known after apply)
TestTerraformComputedRulesExample 2022-09-14T15:41:38Z logger.go:66:       + security_group_id        = (known after apply)
TestTerraformComputedRulesExample 2022-09-14T15:41:38Z logger.go:66:       + self                     = (known after apply)
TestTerraformComputedRulesExample 2022-09-14T15:41:38Z logger.go:66:       + source_security_group_id = (known after apply)
TestTerraformComputedRulesExample 2022-09-14T15:41:38Z logger.go:66:       + to_port                  = (known after apply)
TestTerraformComputedRulesExample 2022-09-14T15:41:38Z logger.go:66:       + type                     = "egress"
TestTerraformComputedRulesExample 2022-09-14T15:41:38Z logger.go:66:     }
TestTerraformComputedRulesExample 2022-09-14T15:41:38Z logger.go:66:
TestTerraformComputedRulesExample 2022-09-14T15:41:38Z logger.go:66:   # module.security_group.aws_security_group_rule.computed_ingress[0] will be created
TestTerraformComputedRulesExample 2022-09-14T15:41:38Z logger.go:66:   + resource "aws_security_group_rule" "computed_ingress" {
TestTerraformComputedRulesExample 2022-09-14T15:41:38Z logger.go:66:       + cidr_blocks              = (known after apply)
TestTerraformComputedRulesExample 2022-09-14T15:41:38Z logger.go:66:       + description              = (known after apply)
TestTerraformComputedRulesExample 2022-09-14T15:41:38Z logger.go:66:       + from_port                = (known after apply)
TestTerraformComputedRulesExample 2022-09-14T15:41:38Z logger.go:66:       + id                       = (known after apply)
TestTerraformComputedRulesExample 2022-09-14T15:41:38Z logger.go:66:       + ipv6_cidr_blocks         = (known after apply)
TestTerraformComputedRulesExample 2022-09-14T15:41:38Z logger.go:66:       + prefix_list_ids          = (known after apply)
TestTerraformComputedRulesExample 2022-09-14T15:41:38Z logger.go:66:       + protocol                 = (known after apply)
TestTerraformComputedRulesExample 2022-09-14T15:41:38Z logger.go:66:       + security_group_id        = (known after apply)
TestTerraformComputedRulesExample 2022-09-14T15:41:38Z logger.go:66:       + self                     = (known after apply)
TestTerraformComputedRulesExample 2022-09-14T15:41:38Z logger.go:66:       + source_security_group_id = (known after apply)
TestTerraformComputedRulesExample 2022-09-14T15:41:38Z logger.go:66:       + to_port                  = (known after apply)
TestTerraformComputedRulesExample 2022-09-14T15:41:38Z logger.go:66:       + type                     = "ingress"
TestTerraformComputedRulesExample 2022-09-14T15:41:38Z logger.go:66:     }
TestTerraformComputedRulesExample 2022-09-14T15:41:38Z logger.go:66:
TestTerraformComputedRulesExample 2022-09-14T15:41:38Z logger.go:66:   # module.security_group.aws_security_group_rule.computed_ingress[1] will be created
TestTerraformComputedRulesExample 2022-09-14T15:41:38Z logger.go:66:   + resource "aws_security_group_rule" "computed_ingress" {
TestTerraformComputedRulesExample 2022-09-14T15:41:38Z logger.go:66:       + cidr_blocks              = (known after apply)
TestTerraformComputedRulesExample 2022-09-14T15:41:38Z logger.go:66:       + description              = (known after apply)
TestTerraformComputedRulesExample 2022-09-14T15:41:38Z logger.go:66:       + from_port                = (known after apply)
TestTerraformComputedRulesExample 2022-09-14T15:41:38Z logger.go:66:       + id                       = (known after apply)
TestTerraformComputedRulesExample 2022-09-14T15:41:38Z logger.go:66:       + ipv6_cidr_blocks         = (known after apply)
TestTerraformComputedRulesExample 2022-09-14T15:41:38Z logger.go:66:       + prefix_list_ids          = (known after apply)
TestTerraformComputedRulesExample 2022-09-14T15:41:38Z logger.go:66:       + protocol                 = (known after apply)
TestTerraformComputedRulesExample 2022-09-14T15:41:38Z logger.go:66:       + security_group_id        = (known after apply)
TestTerraformComputedRulesExample 2022-09-14T15:41:38Z logger.go:66:       + self                     = (known after apply)
TestTerraformComputedRulesExample 2022-09-14T15:41:38Z logger.go:66:       + source_security_group_id = (known after apply)
TestTerraformComputedRulesExample 2022-09-14T15:41:38Z logger.go:66:       + to_port                  = (known after apply)
TestTerraformComputedRulesExample 2022-09-14T15:41:38Z logger.go:66:       + type                     = "ingress"
TestTerraformComputedRulesExample 2022-09-14T15:41:38Z logger.go:66:     }
TestTerraformComputedRulesExample 2022-09-14T15:41:38Z logger.go:66:
TestTerraformComputedRulesExample 2022-09-14T15:41:38Z logger.go:66:   # module.security_group.aws_security_group_rule.computed_matrix_egress_with_source_security_group_id[0] will be created
TestTerraformComputedRulesExample 2022-09-14T15:41:38Z logger.go:66:   + resource "aws_security_group_rule" "computed_matrix_egress_with_source_security_group_id" {
TestTerraformComputedRulesExample 2022-09-14T15:41:38Z logger.go:66:       + description              = "managed by Terraform"
TestTerraformComputedRulesExample 2022-09-14T15:41:38Z logger.go:66:       + from_port                = 5432
TestTerraformComputedRulesExample 2022-09-14T15:41:38Z logger.go:66:       + id                       = (known after apply)
TestTerraformComputedRulesExample 2022-09-14T15:41:38Z logger.go:66:       + protocol                 = "tcp"
TestTerraformComputedRulesExample 2022-09-14T15:41:38Z logger.go:66:       + security_group_id        = (known after apply)
TestTerraformComputedRulesExample 2022-09-14T15:41:38Z logger.go:66:       + self                     = false
TestTerraformComputedRulesExample 2022-09-14T15:41:38Z logger.go:66:       + source_security_group_id = (known after apply)
TestTerraformComputedRulesExample 2022-09-14T15:41:38Z logger.go:66:       + to_port                  = 5432
TestTerraformComputedRulesExample 2022-09-14T15:41:38Z logger.go:66:       + type                     = "egress"
TestTerraformComputedRulesExample 2022-09-14T15:41:38Z logger.go:66:     }
TestTerraformComputedRulesExample 2022-09-14T15:41:38Z logger.go:66:
TestTerraformComputedRulesExample 2022-09-14T15:41:38Z logger.go:66:   # module.security_group.aws_security_group_rule.computed_matrix_ingress_with_cidr_blocks_and_prefix_list_ids[0] will be created
TestTerraformComputedRulesExample 2022-09-14T15:41:38Z logger.go:66:   + resource "aws_security_group_rule" "computed_matrix_ingress_with_cidr_blocks_and_prefix_list_ids" {
TestTerraformComputedRulesExample 2022-09-14T15:41:38Z logger.go:66:       + cidr_blocks              = [
TestTerraformComputedRulesExample 2022-09-14T15:41:38Z logger.go:66:           + "10.0.0.0/24",
TestTerraformComputedRulesExample 2022-09-14T15:41:38Z logger.go:66:           + "10.0.1.0/24",
TestTerraformComputedRulesExample 2022-09-14T15:41:38Z logger.go:66:         ]
TestTerraformComputedRulesExample 2022-09-14T15:41:38Z logger.go:66:       + description              = "computed matrix default rule example"
TestTerraformComputedRulesExample 2022-09-14T15:41:38Z logger.go:66:       + from_port                = 5432
TestTerraformComputedRulesExample 2022-09-14T15:41:38Z logger.go:66:       + id                       = (known after apply)
TestTerraformComputedRulesExample 2022-09-14T15:41:38Z logger.go:66:       + ipv6_cidr_blocks         = []
TestTerraformComputedRulesExample 2022-09-14T15:41:38Z logger.go:66:       + prefix_list_ids          = (known after apply)
TestTerraformComputedRulesExample 2022-09-14T15:41:38Z logger.go:66:       + protocol                 = "tcp"
TestTerraformComputedRulesExample 2022-09-14T15:41:38Z logger.go:66:       + security_group_id        = (known after apply)
TestTerraformComputedRulesExample 2022-09-14T15:41:38Z logger.go:66:       + self                     = false
TestTerraformComputedRulesExample 2022-09-14T15:41:38Z logger.go:66:       + source_security_group_id = (known after apply)
TestTerraformComputedRulesExample 2022-09-14T15:41:38Z logger.go:66:       + to_port                  = 5432
TestTerraformComputedRulesExample 2022-09-14T15:41:38Z logger.go:66:       + type                     = "ingress"
TestTerraformComputedRulesExample 2022-09-14T15:41:38Z logger.go:66:     }
TestTerraformComputedRulesExample 2022-09-14T15:41:38Z logger.go:66:
TestTerraformComputedRulesExample 2022-09-14T15:41:38Z logger.go:66:   # module.security_group.aws_security_group_rule.computed_matrix_ingress_with_cidr_blocks_and_prefix_list_ids[1] will be created
TestTerraformComputedRulesExample 2022-09-14T15:41:38Z logger.go:66:   + resource "aws_security_group_rule" "computed_matrix_ingress_with_cidr_blocks_and_prefix_list_ids" {
TestTerraformComputedRulesExample 2022-09-14T15:41:38Z logger.go:66:       + cidr_blocks              = [
TestTerraformComputedRulesExample 2022-09-14T15:41:38Z logger.go:66:           + "10.0.0.0/24",
TestTerraformComputedRulesExample 2022-09-14T15:41:38Z logger.go:66:           + "10.0.1.0/24",
TestTerraformComputedRulesExample 2022-09-14T15:41:38Z logger.go:66:         ]
TestTerraformComputedRulesExample 2022-09-14T15:41:38Z logger.go:66:       + description              = "customer rule example"
TestTerraformComputedRulesExample 2022-09-14T15:41:38Z logger.go:66:       + from_port                = 22
TestTerraformComputedRulesExample 2022-09-14T15:41:38Z logger.go:66:       + id                       = (known after apply)
TestTerraformComputedRulesExample 2022-09-14T15:41:38Z logger.go:66:       + ipv6_cidr_blocks         = []
TestTerraformComputedRulesExample 2022-09-14T15:41:38Z logger.go:66:       + prefix_list_ids          = (known after apply)
TestTerraformComputedRulesExample 2022-09-14T15:41:38Z logger.go:66:       + protocol                 = "tcp"
TestTerraformComputedRulesExample 2022-09-14T15:41:38Z logger.go:66:       + security_group_id        = (known after apply)
TestTerraformComputedRulesExample 2022-09-14T15:41:38Z logger.go:66:       + self                     = false
TestTerraformComputedRulesExample 2022-09-14T15:41:38Z logger.go:66:       + source_security_group_id = (known after apply)
TestTerraformComputedRulesExample 2022-09-14T15:41:38Z logger.go:66:       + to_port                  = 22
TestTerraformComputedRulesExample 2022-09-14T15:41:38Z logger.go:66:       + type                     = "ingress"
TestTerraformComputedRulesExample 2022-09-14T15:41:38Z logger.go:66:     }
TestTerraformComputedRulesExample 2022-09-14T15:41:38Z logger.go:66:
TestTerraformComputedRulesExample 2022-09-14T15:41:38Z logger.go:66:   # module.security_group.aws_security_group_rule.computed_matrix_ingress_with_self[0] will be created
TestTerraformComputedRulesExample 2022-09-14T15:41:38Z logger.go:66:   + resource "aws_security_group_rule" "computed_matrix_ingress_with_self" {
TestTerraformComputedRulesExample 2022-09-14T15:41:38Z logger.go:66:       + description              = "computed matrix default rule example"
TestTerraformComputedRulesExample 2022-09-14T15:41:38Z logger.go:66:       + from_port                = 5432
TestTerraformComputedRulesExample 2022-09-14T15:41:38Z logger.go:66:       + id                       = (known after apply)
TestTerraformComputedRulesExample 2022-09-14T15:41:38Z logger.go:66:       + protocol                 = "tcp"
TestTerraformComputedRulesExample 2022-09-14T15:41:38Z logger.go:66:       + security_group_id        = (known after apply)
TestTerraformComputedRulesExample 2022-09-14T15:41:38Z logger.go:66:       + self                     = true
TestTerraformComputedRulesExample 2022-09-14T15:41:38Z logger.go:66:       + source_security_group_id = (known after apply)
TestTerraformComputedRulesExample 2022-09-14T15:41:38Z logger.go:66:       + to_port                  = 5432
TestTerraformComputedRulesExample 2022-09-14T15:41:38Z logger.go:66:       + type                     = "ingress"
TestTerraformComputedRulesExample 2022-09-14T15:41:38Z logger.go:66:     }
TestTerraformComputedRulesExample 2022-09-14T15:41:38Z logger.go:66:
TestTerraformComputedRulesExample 2022-09-14T15:41:38Z logger.go:66:   # module.security_group.aws_security_group_rule.computed_matrix_ingress_with_self[1] will be created
TestTerraformComputedRulesExample 2022-09-14T15:41:38Z logger.go:66:   + resource "aws_security_group_rule" "computed_matrix_ingress_with_self" {
TestTerraformComputedRulesExample 2022-09-14T15:41:38Z logger.go:66:       + description              = "customer rule example"
TestTerraformComputedRulesExample 2022-09-14T15:41:38Z logger.go:66:       + from_port                = 22
TestTerraformComputedRulesExample 2022-09-14T15:41:38Z logger.go:66:       + id                       = (known after apply)
TestTerraformComputedRulesExample 2022-09-14T15:41:38Z logger.go:66:       + protocol                 = "tcp"
TestTerraformComputedRulesExample 2022-09-14T15:41:38Z logger.go:66:       + security_group_id        = (known after apply)
TestTerraformComputedRulesExample 2022-09-14T15:41:38Z logger.go:66:       + self                     = true
TestTerraformComputedRulesExample 2022-09-14T15:41:38Z logger.go:66:       + source_security_group_id = (known after apply)
TestTerraformComputedRulesExample 2022-09-14T15:41:38Z logger.go:66:       + to_port                  = 22
TestTerraformComputedRulesExample 2022-09-14T15:41:38Z logger.go:66:       + type                     = "ingress"
TestTerraformComputedRulesExample 2022-09-14T15:41:38Z logger.go:66:     }
TestTerraformComputedRulesExample 2022-09-14T15:41:38Z logger.go:66:
TestTerraformComputedRulesExample 2022-09-14T15:41:38Z logger.go:66:   # module.security_group.aws_security_group_rule.computed_matrix_ingress_with_source_security_group_id[0] will be created
TestTerraformComputedRulesExample 2022-09-14T15:41:38Z logger.go:66:   + resource "aws_security_group_rule" "computed_matrix_ingress_with_source_security_group_id" {
TestTerraformComputedRulesExample 2022-09-14T15:41:38Z logger.go:66:       + description              = "computed matrix default rule example"
TestTerraformComputedRulesExample 2022-09-14T15:41:38Z logger.go:66:       + from_port                = 5432
TestTerraformComputedRulesExample 2022-09-14T15:41:38Z logger.go:66:       + id                       = (known after apply)
TestTerraformComputedRulesExample 2022-09-14T15:41:38Z logger.go:66:       + protocol                 = "tcp"
TestTerraformComputedRulesExample 2022-09-14T15:41:38Z logger.go:66:       + security_group_id        = (known after apply)
TestTerraformComputedRulesExample 2022-09-14T15:41:38Z logger.go:66:       + self                     = false
TestTerraformComputedRulesExample 2022-09-14T15:41:38Z logger.go:66:       + source_security_group_id = (known after apply)
TestTerraformComputedRulesExample 2022-09-14T15:41:38Z logger.go:66:       + to_port                  = 5432
TestTerraformComputedRulesExample 2022-09-14T15:41:38Z logger.go:66:       + type                     = "ingress"
TestTerraformComputedRulesExample 2022-09-14T15:41:38Z logger.go:66:     }
TestTerraformComputedRulesExample 2022-09-14T15:41:38Z logger.go:66:
TestTerraformComputedRulesExample 2022-09-14T15:41:38Z logger.go:66:   # module.security_group.aws_security_group_rule.computed_matrix_ingress_with_source_security_group_id[1] will be created
TestTerraformComputedRulesExample 2022-09-14T15:41:38Z logger.go:66:   + resource "aws_security_group_rule" "computed_matrix_ingress_with_source_security_group_id" {
TestTerraformComputedRulesExample 2022-09-14T15:41:38Z logger.go:66:       + description              = "customer rule example"
TestTerraformComputedRulesExample 2022-09-14T15:41:38Z logger.go:66:       + from_port                = 22
TestTerraformComputedRulesExample 2022-09-14T15:41:38Z logger.go:66:       + id                       = (known after apply)
TestTerraformComputedRulesExample 2022-09-14T15:41:38Z logger.go:66:       + protocol                 = "tcp"
TestTerraformComputedRulesExample 2022-09-14T15:41:38Z logger.go:66:       + security_group_id        = (known after apply)
TestTerraformComputedRulesExample 2022-09-14T15:41:38Z logger.go:66:       + self                     = false
TestTerraformComputedRulesExample 2022-09-14T15:41:38Z logger.go:66:       + source_security_group_id = (known after apply)
TestTerraformComputedRulesExample 2022-09-14T15:41:38Z logger.go:66:       + to_port                  = 22
TestTerraformComputedRulesExample 2022-09-14T15:41:38Z logger.go:66:       + type                     = "ingress"
TestTerraformComputedRulesExample 2022-09-14T15:41:38Z logger.go:66:     }
TestTerraformComputedRulesExample 2022-09-14T15:41:38Z logger.go:66:
TestTerraformComputedRulesExample 2022-09-14T15:41:38Z logger.go:66: Plan: 14 to add, 0 to change, 0 to destroy.
TestTerraformComputedRulesExample 2022-09-14T15:41:38Z logger.go:66:
TestTerraformComputedRulesExample 2022-09-14T15:41:38Z logger.go:66: Changes to Outputs:
TestTerraformComputedRulesExample 2022-09-14T15:41:38Z logger.go:66:   + arn       = (known after apply)
TestTerraformComputedRulesExample 2022-09-14T15:41:38Z logger.go:66:   + egress    = (known after apply)
TestTerraformComputedRulesExample 2022-09-14T15:41:38Z logger.go:66:   + id        = (known after apply)
TestTerraformComputedRulesExample 2022-09-14T15:41:38Z logger.go:66:   + ingress   = (known after apply)
TestTerraformComputedRulesExample 2022-09-14T15:41:38Z logger.go:66:   + terratest = {
TestTerraformComputedRulesExample 2022-09-14T15:41:38Z logger.go:66:       + aws_ec2_managed_prefix_list_other_id = (known after apply)
TestTerraformComputedRulesExample 2022-09-14T15:41:38Z logger.go:66:       + aws_security_group_other_id          = (known after apply)
TestTerraformComputedRulesExample 2022-09-14T15:41:38Z logger.go:66:     }
TestTerraformComputedRulesExample 2022-09-14T15:41:39Z logger.go:66: aws_ec2_managed_prefix_list.other: Creating...
TestTerraformComputedRulesExample 2022-09-14T15:41:39Z logger.go:66: aws_security_group.other: Creating...
TestTerraformComputedRulesExample 2022-09-14T15:41:39Z logger.go:66: module.security_group.aws_security_group.self[0]: Creating...
TestTerraformComputedRulesExample 2022-09-14T15:41:40Z logger.go:66: aws_ec2_managed_prefix_list.other: Creation complete after 1s [id=pl-1111111111111111]
TestTerraformComputedRulesExample 2022-09-14T15:41:41Z logger.go:66: module.security_group.aws_security_group.self[0]: Creation complete after 2s [id=sg-1111111111111111]
TestTerraformComputedRulesExample 2022-09-14T15:41:41Z logger.go:66: module.security_group.aws_security_group_rule.computed_egress[0]: Creating...
TestTerraformComputedRulesExample 2022-09-14T15:41:41Z logger.go:66: module.security_group.aws_security_group_rule.computed_egress[1]: Creating...
TestTerraformComputedRulesExample 2022-09-14T15:41:41Z logger.go:66: aws_security_group.other: Creation complete after 3s [id=sg-1111111111111111]
TestTerraformComputedRulesExample 2022-09-14T15:41:41Z logger.go:66: module.security_group.aws_security_group_rule.computed_matrix_egress_with_source_security_group_id[0]: Creating...
TestTerraformComputedRulesExample 2022-09-14T15:41:41Z logger.go:66: module.security_group.aws_security_group_rule.computed_matrix_ingress_with_source_security_group_id[1]: Creating...
TestTerraformComputedRulesExample 2022-09-14T15:41:41Z logger.go:66: module.security_group.aws_security_group_rule.computed_ingress[1]: Creating...
TestTerraformComputedRulesExample 2022-09-14T15:41:41Z logger.go:66: module.security_group.aws_security_group_rule.computed_matrix_ingress_with_self[0]: Creating...
TestTerraformComputedRulesExample 2022-09-14T15:41:41Z logger.go:66: module.security_group.aws_security_group_rule.computed_matrix_ingress_with_self[1]: Creating...
TestTerraformComputedRulesExample 2022-09-14T15:41:41Z logger.go:66: module.security_group.aws_security_group_rule.computed_ingress[0]: Creating...
TestTerraformComputedRulesExample 2022-09-14T15:41:41Z logger.go:66: module.security_group.aws_security_group_rule.computed_matrix_ingress_with_source_security_group_id[0]: Creating...
TestTerraformComputedRulesExample 2022-09-14T15:41:41Z logger.go:66: module.security_group.aws_security_group_rule.computed_matrix_ingress_with_cidr_blocks_and_prefix_list_ids[0]: Creating...
TestTerraformComputedRulesExample 2022-09-14T15:41:42Z logger.go:66: module.security_group.aws_security_group_rule.computed_egress[0]: Creation complete after 1s [id=sgrule-1111111111]
TestTerraformComputedRulesExample 2022-09-14T15:41:42Z logger.go:66: module.security_group.aws_security_group_rule.computed_matrix_ingress_with_cidr_blocks_and_prefix_list_ids[1]: Creating...
TestTerraformComputedRulesExample 2022-09-14T15:41:42Z logger.go:66: module.security_group.aws_security_group_rule.computed_egress[1]: Creation complete after 2s [id=sgrule-1111111111]
TestTerraformComputedRulesExample 2022-09-14T15:41:43Z logger.go:66: module.security_group.aws_security_group_rule.computed_matrix_egress_with_source_security_group_id[0]: Creation complete after 2s [id=sgrule-1111111111]
TestTerraformComputedRulesExample 2022-09-14T15:41:44Z logger.go:66: module.security_group.aws_security_group_rule.computed_matrix_ingress_with_source_security_group_id[1]: Creation complete after 2s [id=sgrule-1111111111]
TestTerraformComputedRulesExample 2022-09-14T15:41:44Z logger.go:66: module.security_group.aws_security_group_rule.computed_matrix_ingress_with_self[0]: Creation complete after 3s [id=sgrule-1111111111]
TestTerraformComputedRulesExample 2022-09-14T15:41:45Z logger.go:66: module.security_group.aws_security_group_rule.computed_matrix_ingress_with_self[1]: Creation complete after 4s [id=sgrule-1111111111]
TestTerraformComputedRulesExample 2022-09-14T15:41:46Z logger.go:66: module.security_group.aws_security_group_rule.computed_ingress[1]: Creation complete after 5s [id=sgrule-1111111111]
TestTerraformComputedRulesExample 2022-09-14T15:41:47Z logger.go:66: module.security_group.aws_security_group_rule.computed_matrix_ingress_with_source_security_group_id[0]: Creation complete after 6s [id=sgrule-1111111111]
TestTerraformComputedRulesExample 2022-09-14T15:41:48Z logger.go:66: module.security_group.aws_security_group_rule.computed_ingress[0]: Creation complete after 6s [id=sgrule-1111111111]
TestTerraformComputedRulesExample 2022-09-14T15:41:49Z logger.go:66: module.security_group.aws_security_group_rule.computed_matrix_ingress_with_cidr_blocks_and_prefix_list_ids[0]: Creation complete after 7s [id=sgrule-1111111111]
TestTerraformComputedRulesExample 2022-09-14T15:41:49Z logger.go:66: module.security_group.aws_security_group_rule.computed_matrix_ingress_with_cidr_blocks_and_prefix_list_ids[1]: Creation complete after 8s [id=sgrule-1111111111]
TestTerraformComputedRulesExample 2022-09-14T15:41:49Z logger.go:66:
TestTerraformComputedRulesExample 2022-09-14T15:41:49Z logger.go:66: Apply complete! Resources: 14 added, 0 changed, 0 destroyed.
TestTerraformComputedRulesExample 2022-09-14T15:41:49Z logger.go:66:
TestTerraformComputedRulesExample 2022-09-14T15:41:49Z logger.go:66: Outputs:
TestTerraformComputedRulesExample 2022-09-14T15:41:49Z logger.go:66:
TestTerraformComputedRulesExample 2022-09-14T15:41:49Z logger.go:66: arn = "arn:aws:ec2:us-west-2:111111111111:security-group/sg-1111111111111111"
TestTerraformComputedRulesExample 2022-09-14T15:41:49Z logger.go:66: egress = [
TestTerraformComputedRulesExample 2022-09-14T15:41:49Z logger.go:66:   {
TestTerraformComputedRulesExample 2022-09-14T15:41:49Z logger.go:66:     "cidr_blocks" = tolist(null) /* of string */
TestTerraformComputedRulesExample 2022-09-14T15:41:49Z logger.go:66:     "description" = "managed by Terraform"
TestTerraformComputedRulesExample 2022-09-14T15:41:49Z logger.go:66:     "from_port" = 80
TestTerraformComputedRulesExample 2022-09-14T15:41:49Z logger.go:66:     "id" = "sgrule-1111111111"
TestTerraformComputedRulesExample 2022-09-14T15:41:49Z logger.go:66:     "ipv6_cidr_blocks" = tolist(null) /* of string */
TestTerraformComputedRulesExample 2022-09-14T15:41:49Z logger.go:66:     "prefix_list_ids" = tolist([
TestTerraformComputedRulesExample 2022-09-14T15:41:49Z logger.go:66:       "pl-1111111111111111",
TestTerraformComputedRulesExample 2022-09-14T15:41:49Z logger.go:66:     ])
TestTerraformComputedRulesExample 2022-09-14T15:41:49Z logger.go:66:     "protocol" = "tcp"
TestTerraformComputedRulesExample 2022-09-14T15:41:49Z logger.go:66:     "security_group_id" = "sg-1111111111111111"
TestTerraformComputedRulesExample 2022-09-14T15:41:49Z logger.go:66:     "self" = false
TestTerraformComputedRulesExample 2022-09-14T15:41:49Z logger.go:66:     "source_security_group_id" = tostring(null)
TestTerraformComputedRulesExample 2022-09-14T15:41:49Z logger.go:66:     "timeouts" = null /* object */
TestTerraformComputedRulesExample 2022-09-14T15:41:49Z logger.go:66:     "to_port" = 80
TestTerraformComputedRulesExample 2022-09-14T15:41:49Z logger.go:66:     "type" = "egress"
TestTerraformComputedRulesExample 2022-09-14T15:41:49Z logger.go:66:   },
TestTerraformComputedRulesExample 2022-09-14T15:41:49Z logger.go:66:   {
TestTerraformComputedRulesExample 2022-09-14T15:41:49Z logger.go:66:     "cidr_blocks" = tolist(null) /* of string */
TestTerraformComputedRulesExample 2022-09-14T15:41:49Z logger.go:66:     "description" = "managed by Terraform"
TestTerraformComputedRulesExample 2022-09-14T15:41:49Z logger.go:66:     "from_port" = 443
TestTerraformComputedRulesExample 2022-09-14T15:41:49Z logger.go:66:     "id" = "sgrule-1111111111"
TestTerraformComputedRulesExample 2022-09-14T15:41:49Z logger.go:66:     "ipv6_cidr_blocks" = tolist(null) /* of string */
TestTerraformComputedRulesExample 2022-09-14T15:41:49Z logger.go:66:     "prefix_list_ids" = tolist([
TestTerraformComputedRulesExample 2022-09-14T15:41:49Z logger.go:66:       "pl-1111111111111111",
TestTerraformComputedRulesExample 2022-09-14T15:41:49Z logger.go:66:     ])
TestTerraformComputedRulesExample 2022-09-14T15:41:49Z logger.go:66:     "protocol" = "tcp"
TestTerraformComputedRulesExample 2022-09-14T15:41:49Z logger.go:66:     "security_group_id" = "sg-1111111111111111"
TestTerraformComputedRulesExample 2022-09-14T15:41:49Z logger.go:66:     "self" = false
TestTerraformComputedRulesExample 2022-09-14T15:41:49Z logger.go:66:     "source_security_group_id" = tostring(null)
TestTerraformComputedRulesExample 2022-09-14T15:41:49Z logger.go:66:     "timeouts" = null /* object */
TestTerraformComputedRulesExample 2022-09-14T15:41:49Z logger.go:66:     "to_port" = 443
TestTerraformComputedRulesExample 2022-09-14T15:41:49Z logger.go:66:     "type" = "egress"
TestTerraformComputedRulesExample 2022-09-14T15:41:49Z logger.go:66:   },
TestTerraformComputedRulesExample 2022-09-14T15:41:49Z logger.go:66:   {
TestTerraformComputedRulesExample 2022-09-14T15:41:49Z logger.go:66:     "cidr_blocks" = tolist(null) /* of string */
TestTerraformComputedRulesExample 2022-09-14T15:41:49Z logger.go:66:     "description" = "managed by Terraform"
TestTerraformComputedRulesExample 2022-09-14T15:41:49Z logger.go:66:     "from_port" = 5432
TestTerraformComputedRulesExample 2022-09-14T15:41:49Z logger.go:66:     "id" = "sgrule-1111111111"
TestTerraformComputedRulesExample 2022-09-14T15:41:49Z logger.go:66:     "ipv6_cidr_blocks" = tolist(null) /* of string */
TestTerraformComputedRulesExample 2022-09-14T15:41:49Z logger.go:66:     "prefix_list_ids" = tolist(null) /* of string */
TestTerraformComputedRulesExample 2022-09-14T15:41:49Z logger.go:66:     "protocol" = "tcp"
TestTerraformComputedRulesExample 2022-09-14T15:41:49Z logger.go:66:     "security_group_id" = "sg-1111111111111111"
TestTerraformComputedRulesExample 2022-09-14T15:41:49Z logger.go:66:     "self" = false
TestTerraformComputedRulesExample 2022-09-14T15:41:49Z logger.go:66:     "source_security_group_id" = "sg-1111111111111111"
TestTerraformComputedRulesExample 2022-09-14T15:41:49Z logger.go:66:     "timeouts" = null /* object */
TestTerraformComputedRulesExample 2022-09-14T15:41:49Z logger.go:66:     "to_port" = 5432
TestTerraformComputedRulesExample 2022-09-14T15:41:49Z logger.go:66:     "type" = "egress"
TestTerraformComputedRulesExample 2022-09-14T15:41:49Z logger.go:66:   },
TestTerraformComputedRulesExample 2022-09-14T15:41:49Z logger.go:66: ]
TestTerraformComputedRulesExample 2022-09-14T15:41:49Z logger.go:66: id = "sg-1111111111111111"
TestTerraformComputedRulesExample 2022-09-14T15:41:49Z logger.go:66: ingress = [
TestTerraformComputedRulesExample 2022-09-14T15:41:49Z logger.go:66:   {
TestTerraformComputedRulesExample 2022-09-14T15:41:49Z logger.go:66:     "cidr_blocks" = tolist(null) /* of string */
TestTerraformComputedRulesExample 2022-09-14T15:41:49Z logger.go:66:     "description" = "managed by Terraform"
TestTerraformComputedRulesExample 2022-09-14T15:41:49Z logger.go:66:     "from_port" = 80
TestTerraformComputedRulesExample 2022-09-14T15:41:49Z logger.go:66:     "id" = "sgrule-1111111111"
TestTerraformComputedRulesExample 2022-09-14T15:41:49Z logger.go:66:     "ipv6_cidr_blocks" = tolist(null) /* of string */
TestTerraformComputedRulesExample 2022-09-14T15:41:49Z logger.go:66:     "prefix_list_ids" = tolist(null) /* of string */
TestTerraformComputedRulesExample 2022-09-14T15:41:49Z logger.go:66:     "protocol" = "tcp"
TestTerraformComputedRulesExample 2022-09-14T15:41:49Z logger.go:66:     "security_group_id" = "sg-1111111111111111"
TestTerraformComputedRulesExample 2022-09-14T15:41:49Z logger.go:66:     "self" = false
TestTerraformComputedRulesExample 2022-09-14T15:41:49Z logger.go:66:     "source_security_group_id" = "sg-1111111111111111"
TestTerraformComputedRulesExample 2022-09-14T15:41:49Z logger.go:66:     "timeouts" = null /* object */
TestTerraformComputedRulesExample 2022-09-14T15:41:49Z logger.go:66:     "to_port" = 80
TestTerraformComputedRulesExample 2022-09-14T15:41:49Z logger.go:66:     "type" = "ingress"
TestTerraformComputedRulesExample 2022-09-14T15:41:49Z logger.go:66:   },
TestTerraformComputedRulesExample 2022-09-14T15:41:49Z logger.go:66:   {
TestTerraformComputedRulesExample 2022-09-14T15:41:49Z logger.go:66:     "cidr_blocks" = tolist(null) /* of string */
TestTerraformComputedRulesExample 2022-09-14T15:41:49Z logger.go:66:     "description" = "managed by Terraform"
TestTerraformComputedRulesExample 2022-09-14T15:41:49Z logger.go:66:     "from_port" = 443
TestTerraformComputedRulesExample 2022-09-14T15:41:49Z logger.go:66:     "id" = "sgrule-1111111111"
TestTerraformComputedRulesExample 2022-09-14T15:41:49Z logger.go:66:     "ipv6_cidr_blocks" = tolist(null) /* of string */
TestTerraformComputedRulesExample 2022-09-14T15:41:49Z logger.go:66:     "prefix_list_ids" = tolist(null) /* of string */
TestTerraformComputedRulesExample 2022-09-14T15:41:49Z logger.go:66:     "protocol" = "tcp"
TestTerraformComputedRulesExample 2022-09-14T15:41:49Z logger.go:66:     "security_group_id" = "sg-1111111111111111"
TestTerraformComputedRulesExample 2022-09-14T15:41:49Z logger.go:66:     "self" = false
TestTerraformComputedRulesExample 2022-09-14T15:41:49Z logger.go:66:     "source_security_group_id" = "sg-1111111111111111"
TestTerraformComputedRulesExample 2022-09-14T15:41:49Z logger.go:66:     "timeouts" = null /* object */
TestTerraformComputedRulesExample 2022-09-14T15:41:49Z logger.go:66:     "to_port" = 443
TestTerraformComputedRulesExample 2022-09-14T15:41:49Z logger.go:66:     "type" = "ingress"
TestTerraformComputedRulesExample 2022-09-14T15:41:49Z logger.go:66:   },
TestTerraformComputedRulesExample 2022-09-14T15:41:49Z logger.go:66:   {
TestTerraformComputedRulesExample 2022-09-14T15:41:49Z logger.go:66:     "cidr_blocks" = tolist([
TestTerraformComputedRulesExample 2022-09-14T15:41:49Z logger.go:66:       "10.0.0.0/24",
TestTerraformComputedRulesExample 2022-09-14T15:41:49Z logger.go:66:       "10.0.1.0/24",
TestTerraformComputedRulesExample 2022-09-14T15:41:49Z logger.go:66:     ])
TestTerraformComputedRulesExample 2022-09-14T15:41:49Z logger.go:66:     "description" = "computed matrix default rule example"
TestTerraformComputedRulesExample 2022-09-14T15:41:49Z logger.go:66:     "from_port" = 5432
TestTerraformComputedRulesExample 2022-09-14T15:41:49Z logger.go:66:     "id" = "sgrule-1111111111"
TestTerraformComputedRulesExample 2022-09-14T15:41:49Z logger.go:66:     "ipv6_cidr_blocks" = tolist([])
TestTerraformComputedRulesExample 2022-09-14T15:41:49Z logger.go:66:     "prefix_list_ids" = tolist([
TestTerraformComputedRulesExample 2022-09-14T15:41:49Z logger.go:66:       "pl-1111111111111111",
TestTerraformComputedRulesExample 2022-09-14T15:41:49Z logger.go:66:     ])
TestTerraformComputedRulesExample 2022-09-14T15:41:49Z logger.go:66:     "protocol" = "tcp"
TestTerraformComputedRulesExample 2022-09-14T15:41:49Z logger.go:66:     "security_group_id" = "sg-1111111111111111"
TestTerraformComputedRulesExample 2022-09-14T15:41:49Z logger.go:66:     "self" = false
TestTerraformComputedRulesExample 2022-09-14T15:41:49Z logger.go:66:     "source_security_group_id" = tostring(null)
TestTerraformComputedRulesExample 2022-09-14T15:41:49Z logger.go:66:     "timeouts" = null /* object */
TestTerraformComputedRulesExample 2022-09-14T15:41:49Z logger.go:66:     "to_port" = 5432
TestTerraformComputedRulesExample 2022-09-14T15:41:49Z logger.go:66:     "type" = "ingress"
TestTerraformComputedRulesExample 2022-09-14T15:41:49Z logger.go:66:   },
TestTerraformComputedRulesExample 2022-09-14T15:41:49Z logger.go:66:   {
TestTerraformComputedRulesExample 2022-09-14T15:41:49Z logger.go:66:     "cidr_blocks" = tolist([
TestTerraformComputedRulesExample 2022-09-14T15:41:49Z logger.go:66:       "10.0.0.0/24",
TestTerraformComputedRulesExample 2022-09-14T15:41:49Z logger.go:66:       "10.0.1.0/24",
TestTerraformComputedRulesExample 2022-09-14T15:41:49Z logger.go:66:     ])
TestTerraformComputedRulesExample 2022-09-14T15:41:49Z logger.go:66:     "description" = "customer rule example"
TestTerraformComputedRulesExample 2022-09-14T15:41:49Z logger.go:66:     "from_port" = 22
TestTerraformComputedRulesExample 2022-09-14T15:41:49Z logger.go:66:     "id" = "sgrule-1111111111"
TestTerraformComputedRulesExample 2022-09-14T15:41:49Z logger.go:66:     "ipv6_cidr_blocks" = tolist([])
TestTerraformComputedRulesExample 2022-09-14T15:41:49Z logger.go:66:     "prefix_list_ids" = tolist([
TestTerraformComputedRulesExample 2022-09-14T15:41:49Z logger.go:66:       "pl-1111111111111111",
TestTerraformComputedRulesExample 2022-09-14T15:41:49Z logger.go:66:     ])
TestTerraformComputedRulesExample 2022-09-14T15:41:49Z logger.go:66:     "protocol" = "tcp"
TestTerraformComputedRulesExample 2022-09-14T15:41:49Z logger.go:66:     "security_group_id" = "sg-1111111111111111"
TestTerraformComputedRulesExample 2022-09-14T15:41:49Z logger.go:66:     "self" = false
TestTerraformComputedRulesExample 2022-09-14T15:41:49Z logger.go:66:     "source_security_group_id" = tostring(null)
TestTerraformComputedRulesExample 2022-09-14T15:41:49Z logger.go:66:     "timeouts" = null /* object */
TestTerraformComputedRulesExample 2022-09-14T15:41:49Z logger.go:66:     "to_port" = 22
TestTerraformComputedRulesExample 2022-09-14T15:41:49Z logger.go:66:     "type" = "ingress"
TestTerraformComputedRulesExample 2022-09-14T15:41:49Z logger.go:66:   },
TestTerraformComputedRulesExample 2022-09-14T15:41:49Z logger.go:66:   {
TestTerraformComputedRulesExample 2022-09-14T15:41:49Z logger.go:66:     "cidr_blocks" = tolist(null) /* of string */
TestTerraformComputedRulesExample 2022-09-14T15:41:49Z logger.go:66:     "description" = "computed matrix default rule example"
TestTerraformComputedRulesExample 2022-09-14T15:41:49Z logger.go:66:     "from_port" = 5432
TestTerraformComputedRulesExample 2022-09-14T15:41:49Z logger.go:66:     "id" = "sgrule-1111111111"
TestTerraformComputedRulesExample 2022-09-14T15:41:49Z logger.go:66:     "ipv6_cidr_blocks" = tolist(null) /* of string */
TestTerraformComputedRulesExample 2022-09-14T15:41:49Z logger.go:66:     "prefix_list_ids" = tolist(null) /* of string */
TestTerraformComputedRulesExample 2022-09-14T15:41:49Z logger.go:66:     "protocol" = "tcp"
TestTerraformComputedRulesExample 2022-09-14T15:41:49Z logger.go:66:     "security_group_id" = "sg-1111111111111111"
TestTerraformComputedRulesExample 2022-09-14T15:41:49Z logger.go:66:     "self" = false
TestTerraformComputedRulesExample 2022-09-14T15:41:49Z logger.go:66:     "source_security_group_id" = "sg-1111111111111111"
TestTerraformComputedRulesExample 2022-09-14T15:41:49Z logger.go:66:     "timeouts" = null /* object */
TestTerraformComputedRulesExample 2022-09-14T15:41:49Z logger.go:66:     "to_port" = 5432
TestTerraformComputedRulesExample 2022-09-14T15:41:49Z logger.go:66:     "type" = "ingress"
TestTerraformComputedRulesExample 2022-09-14T15:41:49Z logger.go:66:   },
TestTerraformComputedRulesExample 2022-09-14T15:41:49Z logger.go:66:   {
TestTerraformComputedRulesExample 2022-09-14T15:41:49Z logger.go:66:     "cidr_blocks" = tolist(null) /* of string */
TestTerraformComputedRulesExample 2022-09-14T15:41:49Z logger.go:66:     "description" = "customer rule example"
TestTerraformComputedRulesExample 2022-09-14T15:41:49Z logger.go:66:     "from_port" = 22
TestTerraformComputedRulesExample 2022-09-14T15:41:49Z logger.go:66:     "id" = "sgrule-1111111111"
TestTerraformComputedRulesExample 2022-09-14T15:41:49Z logger.go:66:     "ipv6_cidr_blocks" = tolist(null) /* of string */
TestTerraformComputedRulesExample 2022-09-14T15:41:49Z logger.go:66:     "prefix_list_ids" = tolist(null) /* of string */
TestTerraformComputedRulesExample 2022-09-14T15:41:49Z logger.go:66:     "protocol" = "tcp"
TestTerraformComputedRulesExample 2022-09-14T15:41:49Z logger.go:66:     "security_group_id" = "sg-1111111111111111"
TestTerraformComputedRulesExample 2022-09-14T15:41:49Z logger.go:66:     "self" = false
TestTerraformComputedRulesExample 2022-09-14T15:41:49Z logger.go:66:     "source_security_group_id" = "sg-1111111111111111"
TestTerraformComputedRulesExample 2022-09-14T15:41:49Z logger.go:66:     "timeouts" = null /* object */
TestTerraformComputedRulesExample 2022-09-14T15:41:49Z logger.go:66:     "to_port" = 22
TestTerraformComputedRulesExample 2022-09-14T15:41:49Z logger.go:66:     "type" = "ingress"
TestTerraformComputedRulesExample 2022-09-14T15:41:49Z logger.go:66:   },
TestTerraformComputedRulesExample 2022-09-14T15:41:49Z logger.go:66:   {
TestTerraformComputedRulesExample 2022-09-14T15:41:49Z logger.go:66:     "cidr_blocks" = tolist(null) /* of string */
TestTerraformComputedRulesExample 2022-09-14T15:41:49Z logger.go:66:     "description" = "computed matrix default rule example"
TestTerraformComputedRulesExample 2022-09-14T15:41:49Z logger.go:66:     "from_port" = 5432
TestTerraformComputedRulesExample 2022-09-14T15:41:49Z logger.go:66:     "id" = "sgrule-1111111111"
TestTerraformComputedRulesExample 2022-09-14T15:41:49Z logger.go:66:     "ipv6_cidr_blocks" = tolist(null) /* of string */
TestTerraformComputedRulesExample 2022-09-14T15:41:49Z logger.go:66:     "prefix_list_ids" = tolist(null) /* of string */
TestTerraformComputedRulesExample 2022-09-14T15:41:49Z logger.go:66:     "protocol" = "tcp"
TestTerraformComputedRulesExample 2022-09-14T15:41:49Z logger.go:66:     "security_group_id" = "sg-1111111111111111"
TestTerraformComputedRulesExample 2022-09-14T15:41:49Z logger.go:66:     "self" = true
TestTerraformComputedRulesExample 2022-09-14T15:41:49Z logger.go:66:     "source_security_group_id" = tostring(null)
TestTerraformComputedRulesExample 2022-09-14T15:41:49Z logger.go:66:     "timeouts" = null /* object */
TestTerraformComputedRulesExample 2022-09-14T15:41:49Z logger.go:66:     "to_port" = 5432
TestTerraformComputedRulesExample 2022-09-14T15:41:49Z logger.go:66:     "type" = "ingress"
TestTerraformComputedRulesExample 2022-09-14T15:41:49Z logger.go:66:   },
TestTerraformComputedRulesExample 2022-09-14T15:41:49Z logger.go:66:   {
TestTerraformComputedRulesExample 2022-09-14T15:41:49Z logger.go:66:     "cidr_blocks" = tolist(null) /* of string */
TestTerraformComputedRulesExample 2022-09-14T15:41:49Z logger.go:66:     "description" = "customer rule example"
TestTerraformComputedRulesExample 2022-09-14T15:41:49Z logger.go:66:     "from_port" = 22
TestTerraformComputedRulesExample 2022-09-14T15:41:49Z logger.go:66:     "id" = "sgrule-1111111111"
TestTerraformComputedRulesExample 2022-09-14T15:41:49Z logger.go:66:     "ipv6_cidr_blocks" = tolist(null) /* of string */
TestTerraformComputedRulesExample 2022-09-14T15:41:49Z logger.go:66:     "prefix_list_ids" = tolist(null) /* of string */
TestTerraformComputedRulesExample 2022-09-14T15:41:49Z logger.go:66:     "protocol" = "tcp"
TestTerraformComputedRulesExample 2022-09-14T15:41:49Z logger.go:66:     "security_group_id" = "sg-1111111111111111"
TestTerraformComputedRulesExample 2022-09-14T15:41:49Z logger.go:66:     "self" = true
TestTerraformComputedRulesExample 2022-09-14T15:41:49Z logger.go:66:     "source_security_group_id" = tostring(null)
TestTerraformComputedRulesExample 2022-09-14T15:41:49Z logger.go:66:     "timeouts" = null /* object */
TestTerraformComputedRulesExample 2022-09-14T15:41:49Z logger.go:66:     "to_port" = 22
TestTerraformComputedRulesExample 2022-09-14T15:41:49Z logger.go:66:     "type" = "ingress"
TestTerraformComputedRulesExample 2022-09-14T15:41:49Z logger.go:66:   },
TestTerraformComputedRulesExample 2022-09-14T15:41:49Z logger.go:66: ]
TestTerraformComputedRulesExample 2022-09-14T15:41:49Z logger.go:66: terratest = {
TestTerraformComputedRulesExample 2022-09-14T15:41:49Z logger.go:66:   "aws_ec2_managed_prefix_list_other_id" = "pl-1111111111111111"
TestTerraformComputedRulesExample 2022-09-14T15:41:49Z logger.go:66:   "aws_security_group_other_id" = "sg-1111111111111111"
TestTerraformComputedRulesExample 2022-09-14T15:41:49Z logger.go:66: }
TestTerraformComputedRulesExample 2022-09-14T15:41:49Z retry.go:91: terraform [output -no-color -json id]
TestTerraformComputedRulesExample 2022-09-14T15:41:49Z logger.go:66: Running command terraform with args [output -no-color -json id]
TestTerraformComputedRulesExample 2022-09-14T15:41:50Z logger.go:66: "sg-1111111111111111"
TestTerraformComputedRulesExample 2022-09-14T15:41:50Z retry.go:91: terraform [output -no-color -json ingress]
TestTerraformComputedRulesExample 2022-09-14T15:41:50Z logger.go:66: Running command terraform with args [output -no-color -json ingress]
TestTerraformComputedRulesExample 2022-09-14T15:41:51Z logger.go:66: [{"cidr_blocks":null,"description":"managed by Terraform","from_port":80,"id":"sgrule-1111111111","ipv6_cidr_blocks":null,"prefix_list_ids":null,"protocol":"tcp","security_group_id":"sg-1111111111111111","self":false,"source_security_group_id":"sg-1111111111111111","timeouts":null,"to_port":80,"type":"ingress"},{"cidr_blocks":null,"description":"managed by Terraform","from_port":443,"id":"sgrule-1111111111","ipv6_cidr_blocks":null,"prefix_list_ids":null,"protocol":"tcp","security_group_id":"sg-1111111111111111","self":false,"source_security_group_id":"sg-1111111111111111","timeouts":null,"to_port":443,"type":"ingress"},{"cidr_blocks":["10.0.0.0/24","10.0.1.0/24"],"description":"computed matrix default rule example","from_port":5432,"id":"sgrule-1111111111","ipv6_cidr_blocks":[],"prefix_list_ids":["pl-1111111111111111"],"protocol":"tcp","security_group_id":"sg-1111111111111111","self":false,"source_security_group_id":null,"timeouts":null,"to_port":5432,"type":"ingress"},{"cidr_blocks":["10.0.0.0/24","10.0.1.0/24"],"description":"customer rule example","from_port":22,"id":"sgrule-1111111111","ipv6_cidr_blocks":[],"prefix_list_ids":["pl-1111111111111111"],"protocol":"tcp","security_group_id":"sg-1111111111111111","self":false,"source_security_group_id":null,"timeouts":null,"to_port":22,"type":"ingress"},{"cidr_blocks":null,"description":"computed matrix default rule example","from_port":5432,"id":"sgrule-1111111111","ipv6_cidr_blocks":null,"prefix_list_ids":null,"protocol":"tcp","security_group_id":"sg-1111111111111111","self":false,"source_security_group_id":"sg-1111111111111111","timeouts":null,"to_port":5432,"type":"ingress"},{"cidr_blocks":null,"description":"customer rule example","from_port":22,"id":"sgrule-1111111111","ipv6_cidr_blocks":null,"prefix_list_ids":null,"protocol":"tcp","security_group_id":"sg-1111111111111111","self":false,"source_security_group_id":"sg-1111111111111111","timeouts":null,"to_port":22,"type":"ingress"},{"cidr_blocks":null,"description":"computed matrix default rule example","from_port":5432,"id":"sgrule-1111111111","ipv6_cidr_blocks":null,"prefix_list_ids":null,"protocol":"tcp","security_group_id":"sg-1111111111111111","self":true,"source_security_group_id":null,"timeouts":null,"to_port":5432,"type":"ingress"},{"cidr_blocks":null,"description":"customer rule example","from_port":22,"id":"sgrule-1111111111","ipv6_cidr_blocks":null,"prefix_list_ids":null,"protocol":"tcp","security_group_id":"sg-1111111111111111","self":true,"source_security_group_id":null,"timeouts":null,"to_port":22,"type":"ingress"}]
TestTerraformComputedRulesExample 2022-09-14T15:41:51Z retry.go:91: terraform [output -no-color -json egress]
TestTerraformComputedRulesExample 2022-09-14T15:41:51Z logger.go:66: Running command terraform with args [output -no-color -json egress]
TestTerraformComputedRulesExample 2022-09-14T15:41:52Z logger.go:66: [{"cidr_blocks":null,"description":"managed by Terraform","from_port":80,"id":"sgrule-1111111111","ipv6_cidr_blocks":null,"prefix_list_ids":["pl-1111111111111111"],"protocol":"tcp","security_group_id":"sg-1111111111111111","self":false,"source_security_group_id":null,"timeouts":null,"to_port":80,"type":"egress"},{"cidr_blocks":null,"description":"managed by Terraform","from_port":443,"id":"sgrule-1111111111","ipv6_cidr_blocks":null,"prefix_list_ids":["pl-1111111111111111"],"protocol":"tcp","security_group_id":"sg-1111111111111111","self":false,"source_security_group_id":null,"timeouts":null,"to_port":443,"type":"egress"},{"cidr_blocks":null,"description":"managed by Terraform","from_port":5432,"id":"sgrule-1111111111","ipv6_cidr_blocks":null,"prefix_list_ids":null,"protocol":"tcp","security_group_id":"sg-1111111111111111","self":false,"source_security_group_id":"sg-1111111111111111","timeouts":null,"to_port":5432,"type":"egress"}]
TestTerraformComputedRulesExample 2022-09-14T15:41:52Z retry.go:91: terraform [output -no-color -json terratest]
TestTerraformComputedRulesExample 2022-09-14T15:41:52Z logger.go:66: Running command terraform with args [output -no-color -json terratest]
TestTerraformComputedRulesExample 2022-09-14T15:41:52Z logger.go:66: {"aws_ec2_managed_prefix_list_other_id":"pl-1111111111111111","aws_security_group_other_id":"sg-1111111111111111"}
TestTerraformComputedRulesExample 2022-09-14T15:41:52Z retry.go:91: terraform [destroy -auto-approve -input=false -no-color -lock=false]
TestTerraformComputedRulesExample 2022-09-14T15:41:52Z logger.go:66: Running command terraform with args [destroy -auto-approve -input=false -no-color -lock=false]
TestTerraformComputedRulesExample 2022-09-14T15:41:56Z logger.go:66: data.aws_vpc.default: Reading...
TestTerraformComputedRulesExample 2022-09-14T15:41:56Z logger.go:66: data.aws_vpc.default: Read complete after 1s [id=vpc-1111111111111111]
TestTerraformComputedRulesExample 2022-09-14T15:41:56Z logger.go:66: aws_ec2_managed_prefix_list.other: Refreshing state... [id=pl-1111111111111111]
TestTerraformComputedRulesExample 2022-09-14T15:41:56Z logger.go:66: aws_security_group.other: Refreshing state... [id=sg-1111111111111111]
TestTerraformComputedRulesExample 2022-09-14T15:41:56Z logger.go:66: module.security_group.aws_security_group.self[0]: Refreshing state... [id=sg-1111111111111111]
TestTerraformComputedRulesExample 2022-09-14T15:41:56Z logger.go:66: module.security_group.aws_security_group_rule.computed_ingress[1]: Refreshing state... [id=sgrule-1111111111]
TestTerraformComputedRulesExample 2022-09-14T15:41:56Z logger.go:66: module.security_group.aws_security_group_rule.computed_ingress[0]: Refreshing state... [id=sgrule-1111111111]
TestTerraformComputedRulesExample 2022-09-14T15:41:56Z logger.go:66: module.security_group.aws_security_group_rule.computed_matrix_egress_with_source_security_group_id[0]: Refreshing state... [id=sgrule-1111111111]
TestTerraformComputedRulesExample 2022-09-14T15:41:57Z logger.go:66: module.security_group.aws_security_group_rule.computed_matrix_ingress_with_self[1]: Refreshing state... [id=sgrule-1111111111]
TestTerraformComputedRulesExample 2022-09-14T15:41:57Z logger.go:66: module.security_group.aws_security_group_rule.computed_matrix_ingress_with_source_security_group_id[0]: Refreshing state... [id=sgrule-1111111111]
TestTerraformComputedRulesExample 2022-09-14T15:41:57Z logger.go:66: module.security_group.aws_security_group_rule.computed_egress[1]: Refreshing state... [id=sgrule-1111111111]
TestTerraformComputedRulesExample 2022-09-14T15:41:57Z logger.go:66: module.security_group.aws_security_group_rule.computed_matrix_ingress_with_self[0]: Refreshing state... [id=sgrule-1111111111]
TestTerraformComputedRulesExample 2022-09-14T15:41:57Z logger.go:66: module.security_group.aws_security_group_rule.computed_matrix_ingress_with_source_security_group_id[1]: Refreshing state... [id=sgrule-1111111111]
TestTerraformComputedRulesExample 2022-09-14T15:41:57Z logger.go:66: module.security_group.aws_security_group_rule.computed_egress[0]: Refreshing state... [id=sgrule-1111111111]
TestTerraformComputedRulesExample 2022-09-14T15:41:57Z logger.go:66: module.security_group.aws_security_group_rule.computed_matrix_ingress_with_cidr_blocks_and_prefix_list_ids[1]: Refreshing state... [id=sgrule-1111111111]
TestTerraformComputedRulesExample 2022-09-14T15:41:57Z logger.go:66: module.security_group.aws_security_group_rule.computed_matrix_ingress_with_cidr_blocks_and_prefix_list_ids[0]: Refreshing state... [id=sgrule-1111111111]
TestTerraformComputedRulesExample 2022-09-14T15:41:57Z logger.go:66:
TestTerraformComputedRulesExample 2022-09-14T15:41:57Z logger.go:66: Terraform used the selected providers to generate the following execution
TestTerraformComputedRulesExample 2022-09-14T15:41:57Z logger.go:66: plan. Resource actions are indicated with the following symbols:
TestTerraformComputedRulesExample 2022-09-14T15:41:57Z logger.go:66:   - destroy
TestTerraformComputedRulesExample 2022-09-14T15:41:57Z logger.go:66:
TestTerraformComputedRulesExample 2022-09-14T15:41:57Z logger.go:66: Terraform will perform the following actions:
TestTerraformComputedRulesExample 2022-09-14T15:41:57Z logger.go:66:
TestTerraformComputedRulesExample 2022-09-14T15:41:57Z logger.go:66:   # aws_ec2_managed_prefix_list.other will be destroyed
TestTerraformComputedRulesExample 2022-09-14T15:41:57Z logger.go:66:   - resource "aws_ec2_managed_prefix_list" "other" {
TestTerraformComputedRulesExample 2022-09-14T15:41:57Z logger.go:66:       - address_family = "IPv4" -> null
TestTerraformComputedRulesExample 2022-09-14T15:41:57Z logger.go:66:       - arn            = "arn:aws:ec2:us-west-2:111111111111:prefix-list/pl-1111111111111111" -> null
TestTerraformComputedRulesExample 2022-09-14T15:41:57Z logger.go:66:       - id             = "pl-1111111111111111" -> null
TestTerraformComputedRulesExample 2022-09-14T15:41:57Z logger.go:66:       - max_entries    = 5 -> null
TestTerraformComputedRulesExample 2022-09-14T15:41:57Z logger.go:66:       - name           = "ex-computed-other" -> null
TestTerraformComputedRulesExample 2022-09-14T15:41:57Z logger.go:66:       - owner_id       = "111111111111" -> null
TestTerraformComputedRulesExample 2022-09-14T15:41:57Z logger.go:66:       - tags           = {} -> null
TestTerraformComputedRulesExample 2022-09-14T15:41:57Z logger.go:66:       - tags_all       = {
TestTerraformComputedRulesExample 2022-09-14T15:41:57Z logger.go:66:           - "Example"    = "ex-computed"
TestTerraformComputedRulesExample 2022-09-14T15:41:57Z logger.go:66:           - "GithubOrg"  = "aidanmelen"
TestTerraformComputedRulesExample 2022-09-14T15:41:57Z logger.go:66:           - "GithubRepo" = "terraform-aws-security-group"
TestTerraformComputedRulesExample 2022-09-14T15:41:57Z logger.go:66:         } -> null
TestTerraformComputedRulesExample 2022-09-14T15:41:57Z logger.go:66:       - version        = 1 -> null
TestTerraformComputedRulesExample 2022-09-14T15:41:57Z logger.go:66:
TestTerraformComputedRulesExample 2022-09-14T15:41:57Z logger.go:66:       - entry {
TestTerraformComputedRulesExample 2022-09-14T15:41:57Z logger.go:66:           - cidr        = "172.31.0.0/16" -> null
TestTerraformComputedRulesExample 2022-09-14T15:41:57Z logger.go:66:           - description = "Primary" -> null
TestTerraformComputedRulesExample 2022-09-14T15:41:57Z logger.go:66:         }
TestTerraformComputedRulesExample 2022-09-14T15:41:57Z logger.go:66:     }
TestTerraformComputedRulesExample 2022-09-14T15:41:57Z logger.go:66:
TestTerraformComputedRulesExample 2022-09-14T15:41:57Z logger.go:66:   # aws_security_group.other will be destroyed
TestTerraformComputedRulesExample 2022-09-14T15:41:57Z logger.go:66:   - resource "aws_security_group" "other" {
TestTerraformComputedRulesExample 2022-09-14T15:41:57Z logger.go:66:       - arn                    = "arn:aws:ec2:us-west-2:111111111111:security-group/sg-1111111111111111" -> null
TestTerraformComputedRulesExample 2022-09-14T15:41:57Z logger.go:66:       - description            = "ex-computed-other" -> null
TestTerraformComputedRulesExample 2022-09-14T15:41:57Z logger.go:66:       - egress                 = [] -> null
TestTerraformComputedRulesExample 2022-09-14T15:41:57Z logger.go:66:       - id                     = "sg-1111111111111111" -> null
TestTerraformComputedRulesExample 2022-09-14T15:41:57Z logger.go:66:       - ingress                = [] -> null
TestTerraformComputedRulesExample 2022-09-14T15:41:57Z logger.go:66:       - name                   = "ex-computed-other" -> null
TestTerraformComputedRulesExample 2022-09-14T15:41:57Z logger.go:66:       - owner_id               = "111111111111" -> null
TestTerraformComputedRulesExample 2022-09-14T15:41:57Z logger.go:66:       - revoke_rules_on_delete = false -> null
TestTerraformComputedRulesExample 2022-09-14T15:41:57Z logger.go:66:       - tags                   = {
TestTerraformComputedRulesExample 2022-09-14T15:41:57Z logger.go:66:           - "Name" = "ex-computed-other"
TestTerraformComputedRulesExample 2022-09-14T15:41:57Z logger.go:66:         } -> null
TestTerraformComputedRulesExample 2022-09-14T15:41:57Z logger.go:66:       - tags_all               = {
TestTerraformComputedRulesExample 2022-09-14T15:41:57Z logger.go:66:           - "Example"    = "ex-computed"
TestTerraformComputedRulesExample 2022-09-14T15:41:57Z logger.go:66:           - "GithubOrg"  = "aidanmelen"
TestTerraformComputedRulesExample 2022-09-14T15:41:57Z logger.go:66:           - "GithubRepo" = "terraform-aws-security-group"
TestTerraformComputedRulesExample 2022-09-14T15:41:57Z logger.go:66:           - "Name"       = "ex-computed-other"
TestTerraformComputedRulesExample 2022-09-14T15:41:57Z logger.go:66:         } -> null
TestTerraformComputedRulesExample 2022-09-14T15:41:57Z logger.go:66:       - vpc_id                 = "vpc-1111111111111111" -> null
TestTerraformComputedRulesExample 2022-09-14T15:41:57Z logger.go:66:     }
TestTerraformComputedRulesExample 2022-09-14T15:41:57Z logger.go:66:
TestTerraformComputedRulesExample 2022-09-14T15:41:57Z logger.go:66:   # module.security_group.aws_security_group.self[0] will be destroyed
TestTerraformComputedRulesExample 2022-09-14T15:41:57Z logger.go:66:   - resource "aws_security_group" "self" {
TestTerraformComputedRulesExample 2022-09-14T15:41:57Z logger.go:66:       - arn                    = "arn:aws:ec2:us-west-2:111111111111:security-group/sg-1111111111111111" -> null
TestTerraformComputedRulesExample 2022-09-14T15:41:57Z logger.go:66:       - description            = "ex-computed" -> null
TestTerraformComputedRulesExample 2022-09-14T15:41:57Z logger.go:66:       - egress                 = [
TestTerraformComputedRulesExample 2022-09-14T15:41:57Z logger.go:66:           - {
TestTerraformComputedRulesExample 2022-09-14T15:41:57Z logger.go:66:               - cidr_blocks      = []
TestTerraformComputedRulesExample 2022-09-14T15:41:57Z logger.go:66:               - description      = "managed by Terraform"
TestTerraformComputedRulesExample 2022-09-14T15:41:57Z logger.go:66:               - from_port        = 443
TestTerraformComputedRulesExample 2022-09-14T15:41:57Z logger.go:66:               - ipv6_cidr_blocks = []
TestTerraformComputedRulesExample 2022-09-14T15:41:57Z logger.go:66:               - prefix_list_ids  = [
TestTerraformComputedRulesExample 2022-09-14T15:41:57Z logger.go:66:                   - "pl-1111111111111111",
TestTerraformComputedRulesExample 2022-09-14T15:41:57Z logger.go:66:                 ]
TestTerraformComputedRulesExample 2022-09-14T15:41:57Z logger.go:66:               - protocol         = "tcp"
TestTerraformComputedRulesExample 2022-09-14T15:41:57Z logger.go:66:               - security_groups  = []
TestTerraformComputedRulesExample 2022-09-14T15:41:57Z logger.go:66:               - self             = false
TestTerraformComputedRulesExample 2022-09-14T15:41:57Z logger.go:66:               - to_port          = 443
TestTerraformComputedRulesExample 2022-09-14T15:41:57Z logger.go:66:             },
TestTerraformComputedRulesExample 2022-09-14T15:41:57Z logger.go:66:           - {
TestTerraformComputedRulesExample 2022-09-14T15:41:57Z logger.go:66:               - cidr_blocks      = []
TestTerraformComputedRulesExample 2022-09-14T15:41:57Z logger.go:66:               - description      = "managed by Terraform"
TestTerraformComputedRulesExample 2022-09-14T15:41:57Z logger.go:66:               - from_port        = 5432
TestTerraformComputedRulesExample 2022-09-14T15:41:57Z logger.go:66:               - ipv6_cidr_blocks = []
TestTerraformComputedRulesExample 2022-09-14T15:41:57Z logger.go:66:               - prefix_list_ids  = []
TestTerraformComputedRulesExample 2022-09-14T15:41:57Z logger.go:66:               - protocol         = "tcp"
TestTerraformComputedRulesExample 2022-09-14T15:41:57Z logger.go:66:               - security_groups  = [
TestTerraformComputedRulesExample 2022-09-14T15:41:57Z logger.go:66:                   - "sg-1111111111111111",
TestTerraformComputedRulesExample 2022-09-14T15:41:57Z logger.go:66:                 ]
TestTerraformComputedRulesExample 2022-09-14T15:41:57Z logger.go:66:               - self             = false
TestTerraformComputedRulesExample 2022-09-14T15:41:57Z logger.go:66:               - to_port          = 5432
TestTerraformComputedRulesExample 2022-09-14T15:41:57Z logger.go:66:             },
TestTerraformComputedRulesExample 2022-09-14T15:41:57Z logger.go:66:           - {
TestTerraformComputedRulesExample 2022-09-14T15:41:57Z logger.go:66:               - cidr_blocks      = []
TestTerraformComputedRulesExample 2022-09-14T15:41:57Z logger.go:66:               - description      = "managed by Terraform"
TestTerraformComputedRulesExample 2022-09-14T15:41:57Z logger.go:66:               - from_port        = 80
TestTerraformComputedRulesExample 2022-09-14T15:41:57Z logger.go:66:               - ipv6_cidr_blocks = []
TestTerraformComputedRulesExample 2022-09-14T15:41:57Z logger.go:66:               - prefix_list_ids  = [
TestTerraformComputedRulesExample 2022-09-14T15:41:57Z logger.go:66:                   - "pl-1111111111111111",
TestTerraformComputedRulesExample 2022-09-14T15:41:57Z logger.go:66:                 ]
TestTerraformComputedRulesExample 2022-09-14T15:41:57Z logger.go:66:               - protocol         = "tcp"
TestTerraformComputedRulesExample 2022-09-14T15:41:57Z logger.go:66:               - security_groups  = []
TestTerraformComputedRulesExample 2022-09-14T15:41:57Z logger.go:66:               - self             = false
TestTerraformComputedRulesExample 2022-09-14T15:41:57Z logger.go:66:               - to_port          = 80
TestTerraformComputedRulesExample 2022-09-14T15:41:57Z logger.go:66:             },
TestTerraformComputedRulesExample 2022-09-14T15:41:57Z logger.go:66:         ] -> null
TestTerraformComputedRulesExample 2022-09-14T15:41:57Z logger.go:66:       - id                     = "sg-1111111111111111" -> null
TestTerraformComputedRulesExample 2022-09-14T15:41:57Z logger.go:66:       - ingress                = [
TestTerraformComputedRulesExample 2022-09-14T15:41:57Z logger.go:66:           - {
TestTerraformComputedRulesExample 2022-09-14T15:41:57Z logger.go:66:               - cidr_blocks      = [
TestTerraformComputedRulesExample 2022-09-14T15:41:57Z logger.go:66:                   - "10.0.0.0/24",
TestTerraformComputedRulesExample 2022-09-14T15:41:57Z logger.go:66:                   - "10.0.1.0/24",
TestTerraformComputedRulesExample 2022-09-14T15:41:57Z logger.go:66:                 ]
TestTerraformComputedRulesExample 2022-09-14T15:41:57Z logger.go:66:               - description      = "computed matrix default rule example"
TestTerraformComputedRulesExample 2022-09-14T15:41:57Z logger.go:66:               - from_port        = 5432
TestTerraformComputedRulesExample 2022-09-14T15:41:57Z logger.go:66:               - ipv6_cidr_blocks = []
TestTerraformComputedRulesExample 2022-09-14T15:41:57Z logger.go:66:               - prefix_list_ids  = [
TestTerraformComputedRulesExample 2022-09-14T15:41:57Z logger.go:66:                   - "pl-1111111111111111",
TestTerraformComputedRulesExample 2022-09-14T15:41:57Z logger.go:66:                 ]
TestTerraformComputedRulesExample 2022-09-14T15:41:57Z logger.go:66:               - protocol         = "tcp"
TestTerraformComputedRulesExample 2022-09-14T15:41:57Z logger.go:66:               - security_groups  = [
TestTerraformComputedRulesExample 2022-09-14T15:41:57Z logger.go:66:                   - "sg-1111111111111111",
TestTerraformComputedRulesExample 2022-09-14T15:41:57Z logger.go:66:                 ]
TestTerraformComputedRulesExample 2022-09-14T15:41:57Z logger.go:66:               - self             = true
TestTerraformComputedRulesExample 2022-09-14T15:41:57Z logger.go:66:               - to_port          = 5432
TestTerraformComputedRulesExample 2022-09-14T15:41:57Z logger.go:66:             },
TestTerraformComputedRulesExample 2022-09-14T15:41:57Z logger.go:66:           - {
TestTerraformComputedRulesExample 2022-09-14T15:41:57Z logger.go:66:               - cidr_blocks      = [
TestTerraformComputedRulesExample 2022-09-14T15:41:57Z logger.go:66:                   - "10.0.0.0/24",
TestTerraformComputedRulesExample 2022-09-14T15:41:57Z logger.go:66:                   - "10.0.1.0/24",
TestTerraformComputedRulesExample 2022-09-14T15:41:57Z logger.go:66:                 ]
TestTerraformComputedRulesExample 2022-09-14T15:41:57Z logger.go:66:               - description      = "customer rule example"
TestTerraformComputedRulesExample 2022-09-14T15:41:57Z logger.go:66:               - from_port        = 22
TestTerraformComputedRulesExample 2022-09-14T15:41:57Z logger.go:66:               - ipv6_cidr_blocks = []
TestTerraformComputedRulesExample 2022-09-14T15:41:57Z logger.go:66:               - prefix_list_ids  = [
TestTerraformComputedRulesExample 2022-09-14T15:41:57Z logger.go:66:                   - "pl-1111111111111111",
TestTerraformComputedRulesExample 2022-09-14T15:41:57Z logger.go:66:                 ]
TestTerraformComputedRulesExample 2022-09-14T15:41:57Z logger.go:66:               - protocol         = "tcp"
TestTerraformComputedRulesExample 2022-09-14T15:41:57Z logger.go:66:               - security_groups  = [
TestTerraformComputedRulesExample 2022-09-14T15:41:57Z logger.go:66:                   - "sg-1111111111111111",
TestTerraformComputedRulesExample 2022-09-14T15:41:57Z logger.go:66:                 ]
TestTerraformComputedRulesExample 2022-09-14T15:41:57Z logger.go:66:               - self             = true
TestTerraformComputedRulesExample 2022-09-14T15:41:57Z logger.go:66:               - to_port          = 22
TestTerraformComputedRulesExample 2022-09-14T15:41:57Z logger.go:66:             },
TestTerraformComputedRulesExample 2022-09-14T15:41:57Z logger.go:66:           - {
TestTerraformComputedRulesExample 2022-09-14T15:41:57Z logger.go:66:               - cidr_blocks      = []
TestTerraformComputedRulesExample 2022-09-14T15:41:57Z logger.go:66:               - description      = "managed by Terraform"
TestTerraformComputedRulesExample 2022-09-14T15:41:57Z logger.go:66:               - from_port        = 443
TestTerraformComputedRulesExample 2022-09-14T15:41:57Z logger.go:66:               - ipv6_cidr_blocks = []
TestTerraformComputedRulesExample 2022-09-14T15:41:57Z logger.go:66:               - prefix_list_ids  = []
TestTerraformComputedRulesExample 2022-09-14T15:41:57Z logger.go:66:               - protocol         = "tcp"
TestTerraformComputedRulesExample 2022-09-14T15:41:57Z logger.go:66:               - security_groups  = [
TestTerraformComputedRulesExample 2022-09-14T15:41:57Z logger.go:66:                   - "sg-1111111111111111",
TestTerraformComputedRulesExample 2022-09-14T15:41:57Z logger.go:66:                 ]
TestTerraformComputedRulesExample 2022-09-14T15:41:57Z logger.go:66:               - self             = false
TestTerraformComputedRulesExample 2022-09-14T15:41:57Z logger.go:66:               - to_port          = 443
TestTerraformComputedRulesExample 2022-09-14T15:41:57Z logger.go:66:             },
TestTerraformComputedRulesExample 2022-09-14T15:41:57Z logger.go:66:           - {
TestTerraformComputedRulesExample 2022-09-14T15:41:57Z logger.go:66:               - cidr_blocks      = []
TestTerraformComputedRulesExample 2022-09-14T15:41:57Z logger.go:66:               - description      = "managed by Terraform"
TestTerraformComputedRulesExample 2022-09-14T15:41:57Z logger.go:66:               - from_port        = 80
TestTerraformComputedRulesExample 2022-09-14T15:41:57Z logger.go:66:               - ipv6_cidr_blocks = []
TestTerraformComputedRulesExample 2022-09-14T15:41:57Z logger.go:66:               - prefix_list_ids  = []
TestTerraformComputedRulesExample 2022-09-14T15:41:57Z logger.go:66:               - protocol         = "tcp"
TestTerraformComputedRulesExample 2022-09-14T15:41:57Z logger.go:66:               - security_groups  = [
TestTerraformComputedRulesExample 2022-09-14T15:41:57Z logger.go:66:                   - "sg-1111111111111111",
TestTerraformComputedRulesExample 2022-09-14T15:41:57Z logger.go:66:                 ]
TestTerraformComputedRulesExample 2022-09-14T15:41:57Z logger.go:66:               - self             = false
TestTerraformComputedRulesExample 2022-09-14T15:41:57Z logger.go:66:               - to_port          = 80
TestTerraformComputedRulesExample 2022-09-14T15:41:57Z logger.go:66:             },
TestTerraformComputedRulesExample 2022-09-14T15:41:57Z logger.go:66:         ] -> null
TestTerraformComputedRulesExample 2022-09-14T15:41:57Z logger.go:66:       - name                   = "ex-computed" -> null
TestTerraformComputedRulesExample 2022-09-14T15:41:57Z logger.go:66:       - owner_id               = "111111111111" -> null
TestTerraformComputedRulesExample 2022-09-14T15:41:57Z logger.go:66:       - revoke_rules_on_delete = false -> null
TestTerraformComputedRulesExample 2022-09-14T15:41:57Z logger.go:66:       - tags                   = {
TestTerraformComputedRulesExample 2022-09-14T15:41:57Z logger.go:66:           - "Name" = "ex-computed"
TestTerraformComputedRulesExample 2022-09-14T15:41:57Z logger.go:66:         } -> null
TestTerraformComputedRulesExample 2022-09-14T15:41:57Z logger.go:66:       - tags_all               = {
TestTerraformComputedRulesExample 2022-09-14T15:41:57Z logger.go:66:           - "Example"    = "ex-computed"
TestTerraformComputedRulesExample 2022-09-14T15:41:57Z logger.go:66:           - "GithubOrg"  = "aidanmelen"
TestTerraformComputedRulesExample 2022-09-14T15:41:57Z logger.go:66:           - "GithubRepo" = "terraform-aws-security-group"
TestTerraformComputedRulesExample 2022-09-14T15:41:57Z logger.go:66:           - "Name"       = "ex-computed"
TestTerraformComputedRulesExample 2022-09-14T15:41:57Z logger.go:66:         } -> null
TestTerraformComputedRulesExample 2022-09-14T15:41:57Z logger.go:66:       - vpc_id                 = "vpc-1111111111111111" -> null
TestTerraformComputedRulesExample 2022-09-14T15:41:57Z logger.go:66:
TestTerraformComputedRulesExample 2022-09-14T15:41:57Z logger.go:66:       - timeouts {
TestTerraformComputedRulesExample 2022-09-14T15:41:57Z logger.go:66:           - create = "10m" -> null
TestTerraformComputedRulesExample 2022-09-14T15:41:57Z logger.go:66:           - delete = "15m" -> null
TestTerraformComputedRulesExample 2022-09-14T15:41:57Z logger.go:66:         }
TestTerraformComputedRulesExample 2022-09-14T15:41:57Z logger.go:66:     }
TestTerraformComputedRulesExample 2022-09-14T15:41:57Z logger.go:66:
TestTerraformComputedRulesExample 2022-09-14T15:41:57Z logger.go:66:   # module.security_group.aws_security_group_rule.computed_egress[0] will be destroyed
TestTerraformComputedRulesExample 2022-09-14T15:41:57Z logger.go:66:   - resource "aws_security_group_rule" "computed_egress" {
TestTerraformComputedRulesExample 2022-09-14T15:41:57Z logger.go:66:       - description       = "managed by Terraform" -> null
TestTerraformComputedRulesExample 2022-09-14T15:41:57Z logger.go:66:       - from_port         = 80 -> null
TestTerraformComputedRulesExample 2022-09-14T15:41:57Z logger.go:66:       - id                = "sgrule-1111111111" -> null
TestTerraformComputedRulesExample 2022-09-14T15:41:57Z logger.go:66:       - prefix_list_ids   = [
TestTerraformComputedRulesExample 2022-09-14T15:41:57Z logger.go:66:           - "pl-1111111111111111",
TestTerraformComputedRulesExample 2022-09-14T15:41:57Z logger.go:66:         ] -> null
TestTerraformComputedRulesExample 2022-09-14T15:41:57Z logger.go:66:       - protocol          = "tcp" -> null
TestTerraformComputedRulesExample 2022-09-14T15:41:57Z logger.go:66:       - security_group_id = "sg-1111111111111111" -> null
TestTerraformComputedRulesExample 2022-09-14T15:41:57Z logger.go:66:       - self              = false -> null
TestTerraformComputedRulesExample 2022-09-14T15:41:57Z logger.go:66:       - to_port           = 80 -> null
TestTerraformComputedRulesExample 2022-09-14T15:41:57Z logger.go:66:       - type              = "egress" -> null
TestTerraformComputedRulesExample 2022-09-14T15:41:57Z logger.go:66:     }
TestTerraformComputedRulesExample 2022-09-14T15:41:57Z logger.go:66:
TestTerraformComputedRulesExample 2022-09-14T15:41:57Z logger.go:66:   # module.security_group.aws_security_group_rule.computed_egress[1] will be destroyed
TestTerraformComputedRulesExample 2022-09-14T15:41:57Z logger.go:66:   - resource "aws_security_group_rule" "computed_egress" {
TestTerraformComputedRulesExample 2022-09-14T15:41:57Z logger.go:66:       - description       = "managed by Terraform" -> null
TestTerraformComputedRulesExample 2022-09-14T15:41:57Z logger.go:66:       - from_port         = 443 -> null
TestTerraformComputedRulesExample 2022-09-14T15:41:57Z logger.go:66:       - id                = "sgrule-1111111111" -> null
TestTerraformComputedRulesExample 2022-09-14T15:41:57Z logger.go:66:       - prefix_list_ids   = [
TestTerraformComputedRulesExample 2022-09-14T15:41:57Z logger.go:66:           - "pl-1111111111111111",
TestTerraformComputedRulesExample 2022-09-14T15:41:57Z logger.go:66:         ] -> null
TestTerraformComputedRulesExample 2022-09-14T15:41:57Z logger.go:66:       - protocol          = "tcp" -> null
TestTerraformComputedRulesExample 2022-09-14T15:41:57Z logger.go:66:       - security_group_id = "sg-1111111111111111" -> null
TestTerraformComputedRulesExample 2022-09-14T15:41:57Z logger.go:66:       - self              = false -> null
TestTerraformComputedRulesExample 2022-09-14T15:41:57Z logger.go:66:       - to_port           = 443 -> null
TestTerraformComputedRulesExample 2022-09-14T15:41:57Z logger.go:66:       - type              = "egress" -> null
TestTerraformComputedRulesExample 2022-09-14T15:41:57Z logger.go:66:     }
TestTerraformComputedRulesExample 2022-09-14T15:41:57Z logger.go:66:
TestTerraformComputedRulesExample 2022-09-14T15:41:57Z logger.go:66:   # module.security_group.aws_security_group_rule.computed_ingress[0] will be destroyed
TestTerraformComputedRulesExample 2022-09-14T15:41:57Z logger.go:66:   - resource "aws_security_group_rule" "computed_ingress" {
TestTerraformComputedRulesExample 2022-09-14T15:41:57Z logger.go:66:       - description              = "managed by Terraform" -> null
TestTerraformComputedRulesExample 2022-09-14T15:41:57Z logger.go:66:       - from_port                = 80 -> null
TestTerraformComputedRulesExample 2022-09-14T15:41:57Z logger.go:66:       - id                       = "sgrule-1111111111" -> null
TestTerraformComputedRulesExample 2022-09-14T15:41:57Z logger.go:66:       - protocol                 = "tcp" -> null
TestTerraformComputedRulesExample 2022-09-14T15:41:57Z logger.go:66:       - security_group_id        = "sg-1111111111111111" -> null
TestTerraformComputedRulesExample 2022-09-14T15:41:57Z logger.go:66:       - self                     = false -> null
TestTerraformComputedRulesExample 2022-09-14T15:41:57Z logger.go:66:       - source_security_group_id = "sg-1111111111111111" -> null
TestTerraformComputedRulesExample 2022-09-14T15:41:57Z logger.go:66:       - to_port                  = 80 -> null
TestTerraformComputedRulesExample 2022-09-14T15:41:57Z logger.go:66:       - type                     = "ingress" -> null
TestTerraformComputedRulesExample 2022-09-14T15:41:57Z logger.go:66:     }
TestTerraformComputedRulesExample 2022-09-14T15:41:57Z logger.go:66:
TestTerraformComputedRulesExample 2022-09-14T15:41:57Z logger.go:66:   # module.security_group.aws_security_group_rule.computed_ingress[1] will be destroyed
TestTerraformComputedRulesExample 2022-09-14T15:41:57Z logger.go:66:   - resource "aws_security_group_rule" "computed_ingress" {
TestTerraformComputedRulesExample 2022-09-14T15:41:57Z logger.go:66:       - description              = "managed by Terraform" -> null
TestTerraformComputedRulesExample 2022-09-14T15:41:57Z logger.go:66:       - from_port                = 443 -> null
TestTerraformComputedRulesExample 2022-09-14T15:41:57Z logger.go:66:       - id                       = "sgrule-1111111111" -> null
TestTerraformComputedRulesExample 2022-09-14T15:41:57Z logger.go:66:       - protocol                 = "tcp" -> null
TestTerraformComputedRulesExample 2022-09-14T15:41:57Z logger.go:66:       - security_group_id        = "sg-1111111111111111" -> null
TestTerraformComputedRulesExample 2022-09-14T15:41:57Z logger.go:66:       - self                     = false -> null
TestTerraformComputedRulesExample 2022-09-14T15:41:57Z logger.go:66:       - source_security_group_id = "sg-1111111111111111" -> null
TestTerraformComputedRulesExample 2022-09-14T15:41:57Z logger.go:66:       - to_port                  = 443 -> null
TestTerraformComputedRulesExample 2022-09-14T15:41:57Z logger.go:66:       - type                     = "ingress" -> null
TestTerraformComputedRulesExample 2022-09-14T15:41:57Z logger.go:66:     }
TestTerraformComputedRulesExample 2022-09-14T15:41:57Z logger.go:66:
TestTerraformComputedRulesExample 2022-09-14T15:41:57Z logger.go:66:   # module.security_group.aws_security_group_rule.computed_matrix_egress_with_source_security_group_id[0] will be destroyed
TestTerraformComputedRulesExample 2022-09-14T15:41:57Z logger.go:66:   - resource "aws_security_group_rule" "computed_matrix_egress_with_source_security_group_id" {
TestTerraformComputedRulesExample 2022-09-14T15:41:57Z logger.go:66:       - description              = "managed by Terraform" -> null
TestTerraformComputedRulesExample 2022-09-14T15:41:57Z logger.go:66:       - from_port                = 5432 -> null
TestTerraformComputedRulesExample 2022-09-14T15:41:57Z logger.go:66:       - id                       = "sgrule-1111111111" -> null
TestTerraformComputedRulesExample 2022-09-14T15:41:57Z logger.go:66:       - protocol                 = "tcp" -> null
TestTerraformComputedRulesExample 2022-09-14T15:41:57Z logger.go:66:       - security_group_id        = "sg-1111111111111111" -> null
TestTerraformComputedRulesExample 2022-09-14T15:41:57Z logger.go:66:       - self                     = false -> null
TestTerraformComputedRulesExample 2022-09-14T15:41:57Z logger.go:66:       - source_security_group_id = "sg-1111111111111111" -> null
TestTerraformComputedRulesExample 2022-09-14T15:41:57Z logger.go:66:       - to_port                  = 5432 -> null
TestTerraformComputedRulesExample 2022-09-14T15:41:57Z logger.go:66:       - type                     = "egress" -> null
TestTerraformComputedRulesExample 2022-09-14T15:41:57Z logger.go:66:     }
TestTerraformComputedRulesExample 2022-09-14T15:41:57Z logger.go:66:
TestTerraformComputedRulesExample 2022-09-14T15:41:57Z logger.go:66:   # module.security_group.aws_security_group_rule.computed_matrix_ingress_with_cidr_blocks_and_prefix_list_ids[0] will be destroyed
TestTerraformComputedRulesExample 2022-09-14T15:41:57Z logger.go:66:   - resource "aws_security_group_rule" "computed_matrix_ingress_with_cidr_blocks_and_prefix_list_ids" {
TestTerraformComputedRulesExample 2022-09-14T15:41:57Z logger.go:66:       - cidr_blocks       = [
TestTerraformComputedRulesExample 2022-09-14T15:41:57Z logger.go:66:           - "10.0.0.0/24",
TestTerraformComputedRulesExample 2022-09-14T15:41:57Z logger.go:66:           - "10.0.1.0/24",
TestTerraformComputedRulesExample 2022-09-14T15:41:57Z logger.go:66:         ] -> null
TestTerraformComputedRulesExample 2022-09-14T15:41:57Z logger.go:66:       - description       = "computed matrix default rule example" -> null
TestTerraformComputedRulesExample 2022-09-14T15:41:57Z logger.go:66:       - from_port         = 5432 -> null
TestTerraformComputedRulesExample 2022-09-14T15:41:57Z logger.go:66:       - id                = "sgrule-1111111111" -> null
TestTerraformComputedRulesExample 2022-09-14T15:41:57Z logger.go:66:       - ipv6_cidr_blocks  = [] -> null
TestTerraformComputedRulesExample 2022-09-14T15:41:57Z logger.go:66:       - prefix_list_ids   = [
TestTerraformComputedRulesExample 2022-09-14T15:41:57Z logger.go:66:           - "pl-1111111111111111",
TestTerraformComputedRulesExample 2022-09-14T15:41:57Z logger.go:66:         ] -> null
TestTerraformComputedRulesExample 2022-09-14T15:41:57Z logger.go:66:       - protocol          = "tcp" -> null
TestTerraformComputedRulesExample 2022-09-14T15:41:57Z logger.go:66:       - security_group_id = "sg-1111111111111111" -> null
TestTerraformComputedRulesExample 2022-09-14T15:41:57Z logger.go:66:       - self              = false -> null
TestTerraformComputedRulesExample 2022-09-14T15:41:57Z logger.go:66:       - to_port           = 5432 -> null
TestTerraformComputedRulesExample 2022-09-14T15:41:57Z logger.go:66:       - type              = "ingress" -> null
TestTerraformComputedRulesExample 2022-09-14T15:41:57Z logger.go:66:     }
TestTerraformComputedRulesExample 2022-09-14T15:41:57Z logger.go:66:
TestTerraformComputedRulesExample 2022-09-14T15:41:57Z logger.go:66:   # module.security_group.aws_security_group_rule.computed_matrix_ingress_with_cidr_blocks_and_prefix_list_ids[1] will be destroyed
TestTerraformComputedRulesExample 2022-09-14T15:41:57Z logger.go:66:   - resource "aws_security_group_rule" "computed_matrix_ingress_with_cidr_blocks_and_prefix_list_ids" {
TestTerraformComputedRulesExample 2022-09-14T15:41:57Z logger.go:66:       - cidr_blocks       = [
TestTerraformComputedRulesExample 2022-09-14T15:41:57Z logger.go:66:           - "10.0.0.0/24",
TestTerraformComputedRulesExample 2022-09-14T15:41:57Z logger.go:66:           - "10.0.1.0/24",
TestTerraformComputedRulesExample 2022-09-14T15:41:57Z logger.go:66:         ] -> null
TestTerraformComputedRulesExample 2022-09-14T15:41:57Z logger.go:66:       - description       = "customer rule example" -> null
TestTerraformComputedRulesExample 2022-09-14T15:41:57Z logger.go:66:       - from_port         = 22 -> null
TestTerraformComputedRulesExample 2022-09-14T15:41:57Z logger.go:66:       - id                = "sgrule-1111111111" -> null
TestTerraformComputedRulesExample 2022-09-14T15:41:57Z logger.go:66:       - ipv6_cidr_blocks  = [] -> null
TestTerraformComputedRulesExample 2022-09-14T15:41:57Z logger.go:66:       - prefix_list_ids   = [
TestTerraformComputedRulesExample 2022-09-14T15:41:57Z logger.go:66:           - "pl-1111111111111111",
TestTerraformComputedRulesExample 2022-09-14T15:41:57Z logger.go:66:         ] -> null
TestTerraformComputedRulesExample 2022-09-14T15:41:57Z logger.go:66:       - protocol          = "tcp" -> null
TestTerraformComputedRulesExample 2022-09-14T15:41:57Z logger.go:66:       - security_group_id = "sg-1111111111111111" -> null
TestTerraformComputedRulesExample 2022-09-14T15:41:57Z logger.go:66:       - self              = false -> null
TestTerraformComputedRulesExample 2022-09-14T15:41:57Z logger.go:66:       - to_port           = 22 -> null
TestTerraformComputedRulesExample 2022-09-14T15:41:57Z logger.go:66:       - type              = "ingress" -> null
TestTerraformComputedRulesExample 2022-09-14T15:41:57Z logger.go:66:     }
TestTerraformComputedRulesExample 2022-09-14T15:41:57Z logger.go:66:
TestTerraformComputedRulesExample 2022-09-14T15:41:57Z logger.go:66:   # module.security_group.aws_security_group_rule.computed_matrix_ingress_with_self[0] will be destroyed
TestTerraformComputedRulesExample 2022-09-14T15:41:57Z logger.go:66:   - resource "aws_security_group_rule" "computed_matrix_ingress_with_self" {
TestTerraformComputedRulesExample 2022-09-14T15:41:57Z logger.go:66:       - description       = "computed matrix default rule example" -> null
TestTerraformComputedRulesExample 2022-09-14T15:41:57Z logger.go:66:       - from_port         = 5432 -> null
TestTerraformComputedRulesExample 2022-09-14T15:41:57Z logger.go:66:       - id                = "sgrule-1111111111" -> null
TestTerraformComputedRulesExample 2022-09-14T15:41:57Z logger.go:66:       - protocol          = "tcp" -> null
TestTerraformComputedRulesExample 2022-09-14T15:41:57Z logger.go:66:       - security_group_id = "sg-1111111111111111" -> null
TestTerraformComputedRulesExample 2022-09-14T15:41:57Z logger.go:66:       - self              = true -> null
TestTerraformComputedRulesExample 2022-09-14T15:41:57Z logger.go:66:       - to_port           = 5432 -> null
TestTerraformComputedRulesExample 2022-09-14T15:41:57Z logger.go:66:       - type              = "ingress" -> null
TestTerraformComputedRulesExample 2022-09-14T15:41:57Z logger.go:66:     }
TestTerraformComputedRulesExample 2022-09-14T15:41:57Z logger.go:66:
TestTerraformComputedRulesExample 2022-09-14T15:41:57Z logger.go:66:   # module.security_group.aws_security_group_rule.computed_matrix_ingress_with_self[1] will be destroyed
TestTerraformComputedRulesExample 2022-09-14T15:41:57Z logger.go:66:   - resource "aws_security_group_rule" "computed_matrix_ingress_with_self" {
TestTerraformComputedRulesExample 2022-09-14T15:41:57Z logger.go:66:       - description       = "customer rule example" -> null
TestTerraformComputedRulesExample 2022-09-14T15:41:57Z logger.go:66:       - from_port         = 22 -> null
TestTerraformComputedRulesExample 2022-09-14T15:41:57Z logger.go:66:       - id                = "sgrule-1111111111" -> null
TestTerraformComputedRulesExample 2022-09-14T15:41:57Z logger.go:66:       - protocol          = "tcp" -> null
TestTerraformComputedRulesExample 2022-09-14T15:41:57Z logger.go:66:       - security_group_id = "sg-1111111111111111" -> null
TestTerraformComputedRulesExample 2022-09-14T15:41:57Z logger.go:66:       - self              = true -> null
TestTerraformComputedRulesExample 2022-09-14T15:41:57Z logger.go:66:       - to_port           = 22 -> null
TestTerraformComputedRulesExample 2022-09-14T15:41:57Z logger.go:66:       - type              = "ingress" -> null
TestTerraformComputedRulesExample 2022-09-14T15:41:57Z logger.go:66:     }
TestTerraformComputedRulesExample 2022-09-14T15:41:57Z logger.go:66:
TestTerraformComputedRulesExample 2022-09-14T15:41:57Z logger.go:66:   # module.security_group.aws_security_group_rule.computed_matrix_ingress_with_source_security_group_id[0] will be destroyed
TestTerraformComputedRulesExample 2022-09-14T15:41:57Z logger.go:66:   - resource "aws_security_group_rule" "computed_matrix_ingress_with_source_security_group_id" {
TestTerraformComputedRulesExample 2022-09-14T15:41:57Z logger.go:66:       - description              = "computed matrix default rule example" -> null
TestTerraformComputedRulesExample 2022-09-14T15:41:57Z logger.go:66:       - from_port                = 5432 -> null
TestTerraformComputedRulesExample 2022-09-14T15:41:57Z logger.go:66:       - id                       = "sgrule-1111111111" -> null
TestTerraformComputedRulesExample 2022-09-14T15:41:57Z logger.go:66:       - protocol                 = "tcp" -> null
TestTerraformComputedRulesExample 2022-09-14T15:41:57Z logger.go:66:       - security_group_id        = "sg-1111111111111111" -> null
TestTerraformComputedRulesExample 2022-09-14T15:41:57Z logger.go:66:       - self                     = false -> null
TestTerraformComputedRulesExample 2022-09-14T15:41:57Z logger.go:66:       - source_security_group_id = "sg-1111111111111111" -> null
TestTerraformComputedRulesExample 2022-09-14T15:41:57Z logger.go:66:       - to_port                  = 5432 -> null
TestTerraformComputedRulesExample 2022-09-14T15:41:57Z logger.go:66:       - type                     = "ingress" -> null
TestTerraformComputedRulesExample 2022-09-14T15:41:57Z logger.go:66:     }
TestTerraformComputedRulesExample 2022-09-14T15:41:57Z logger.go:66:
TestTerraformComputedRulesExample 2022-09-14T15:41:57Z logger.go:66:   # module.security_group.aws_security_group_rule.computed_matrix_ingress_with_source_security_group_id[1] will be destroyed
TestTerraformComputedRulesExample 2022-09-14T15:41:57Z logger.go:66:   - resource "aws_security_group_rule" "computed_matrix_ingress_with_source_security_group_id" {
TestTerraformComputedRulesExample 2022-09-14T15:41:57Z logger.go:66:       - description              = "customer rule example" -> null
TestTerraformComputedRulesExample 2022-09-14T15:41:57Z logger.go:66:       - from_port                = 22 -> null
TestTerraformComputedRulesExample 2022-09-14T15:41:57Z logger.go:66:       - id                       = "sgrule-1111111111" -> null
TestTerraformComputedRulesExample 2022-09-14T15:41:57Z logger.go:66:       - protocol                 = "tcp" -> null
TestTerraformComputedRulesExample 2022-09-14T15:41:57Z logger.go:66:       - security_group_id        = "sg-1111111111111111" -> null
TestTerraformComputedRulesExample 2022-09-14T15:41:57Z logger.go:66:       - self                     = false -> null
TestTerraformComputedRulesExample 2022-09-14T15:41:57Z logger.go:66:       - source_security_group_id = "sg-1111111111111111" -> null
TestTerraformComputedRulesExample 2022-09-14T15:41:57Z logger.go:66:       - to_port                  = 22 -> null
TestTerraformComputedRulesExample 2022-09-14T15:41:57Z logger.go:66:       - type                     = "ingress" -> null
TestTerraformComputedRulesExample 2022-09-14T15:41:57Z logger.go:66:     }
TestTerraformComputedRulesExample 2022-09-14T15:41:57Z logger.go:66:
TestTerraformComputedRulesExample 2022-09-14T15:41:57Z logger.go:66: Plan: 0 to add, 0 to change, 14 to destroy.
TestTerraformComputedRulesExample 2022-09-14T15:41:57Z logger.go:66:
TestTerraformComputedRulesExample 2022-09-14T15:41:57Z logger.go:66: Changes to Outputs:
TestTerraformComputedRulesExample 2022-09-14T15:41:57Z logger.go:66:   - arn       = "arn:aws:ec2:us-west-2:111111111111:security-group/sg-1111111111111111" -> null
TestTerraformComputedRulesExample 2022-09-14T15:41:57Z logger.go:66:   - egress    = [
TestTerraformComputedRulesExample 2022-09-14T15:41:57Z logger.go:66:       - {
TestTerraformComputedRulesExample 2022-09-14T15:41:57Z logger.go:66:           - cidr_blocks              = null
TestTerraformComputedRulesExample 2022-09-14T15:41:57Z logger.go:66:           - description              = "managed by Terraform"
TestTerraformComputedRulesExample 2022-09-14T15:41:57Z logger.go:66:           - from_port                = 80
TestTerraformComputedRulesExample 2022-09-14T15:41:57Z logger.go:66:           - id                       = "sgrule-1111111111"
TestTerraformComputedRulesExample 2022-09-14T15:41:57Z logger.go:66:           - ipv6_cidr_blocks         = null
TestTerraformComputedRulesExample 2022-09-14T15:41:57Z logger.go:66:           - prefix_list_ids          = [
TestTerraformComputedRulesExample 2022-09-14T15:41:57Z logger.go:66:               - "pl-1111111111111111",
TestTerraformComputedRulesExample 2022-09-14T15:41:57Z logger.go:66:             ]
TestTerraformComputedRulesExample 2022-09-14T15:41:57Z logger.go:66:           - protocol                 = "tcp"
TestTerraformComputedRulesExample 2022-09-14T15:41:57Z logger.go:66:           - security_group_id        = "sg-1111111111111111"
TestTerraformComputedRulesExample 2022-09-14T15:41:57Z logger.go:66:           - self                     = false
TestTerraformComputedRulesExample 2022-09-14T15:41:57Z logger.go:66:           - source_security_group_id = null
TestTerraformComputedRulesExample 2022-09-14T15:41:57Z logger.go:66:           - timeouts                 = null
TestTerraformComputedRulesExample 2022-09-14T15:41:57Z logger.go:66:           - to_port                  = 80
TestTerraformComputedRulesExample 2022-09-14T15:41:57Z logger.go:66:           - type                     = "egress"
TestTerraformComputedRulesExample 2022-09-14T15:41:57Z logger.go:66:         },
TestTerraformComputedRulesExample 2022-09-14T15:41:57Z logger.go:66:       - {
TestTerraformComputedRulesExample 2022-09-14T15:41:57Z logger.go:66:           - cidr_blocks              = null
TestTerraformComputedRulesExample 2022-09-14T15:41:57Z logger.go:66:           - description              = "managed by Terraform"
TestTerraformComputedRulesExample 2022-09-14T15:41:57Z logger.go:66:           - from_port                = 443
TestTerraformComputedRulesExample 2022-09-14T15:41:57Z logger.go:66:           - id                       = "sgrule-1111111111"
TestTerraformComputedRulesExample 2022-09-14T15:41:57Z logger.go:66:           - ipv6_cidr_blocks         = null
TestTerraformComputedRulesExample 2022-09-14T15:41:57Z logger.go:66:           - prefix_list_ids          = [
TestTerraformComputedRulesExample 2022-09-14T15:41:57Z logger.go:66:               - "pl-1111111111111111",
TestTerraformComputedRulesExample 2022-09-14T15:41:57Z logger.go:66:             ]
TestTerraformComputedRulesExample 2022-09-14T15:41:57Z logger.go:66:           - protocol                 = "tcp"
TestTerraformComputedRulesExample 2022-09-14T15:41:57Z logger.go:66:           - security_group_id        = "sg-1111111111111111"
TestTerraformComputedRulesExample 2022-09-14T15:41:57Z logger.go:66:           - self                     = false
TestTerraformComputedRulesExample 2022-09-14T15:41:57Z logger.go:66:           - source_security_group_id = null
TestTerraformComputedRulesExample 2022-09-14T15:41:57Z logger.go:66:           - timeouts                 = null
TestTerraformComputedRulesExample 2022-09-14T15:41:57Z logger.go:66:           - to_port                  = 443
TestTerraformComputedRulesExample 2022-09-14T15:41:57Z logger.go:66:           - type                     = "egress"
TestTerraformComputedRulesExample 2022-09-14T15:41:57Z logger.go:66:         },
TestTerraformComputedRulesExample 2022-09-14T15:41:57Z logger.go:66:       - {
TestTerraformComputedRulesExample 2022-09-14T15:41:57Z logger.go:66:           - cidr_blocks              = null
TestTerraformComputedRulesExample 2022-09-14T15:41:57Z logger.go:66:           - description              = "managed by Terraform"
TestTerraformComputedRulesExample 2022-09-14T15:41:57Z logger.go:66:           - from_port                = 5432
TestTerraformComputedRulesExample 2022-09-14T15:41:57Z logger.go:66:           - id                       = "sgrule-1111111111"
TestTerraformComputedRulesExample 2022-09-14T15:41:57Z logger.go:66:           - ipv6_cidr_blocks         = null
TestTerraformComputedRulesExample 2022-09-14T15:41:57Z logger.go:66:           - prefix_list_ids          = null
TestTerraformComputedRulesExample 2022-09-14T15:41:57Z logger.go:66:           - protocol                 = "tcp"
TestTerraformComputedRulesExample 2022-09-14T15:41:57Z logger.go:66:           - security_group_id        = "sg-1111111111111111"
TestTerraformComputedRulesExample 2022-09-14T15:41:57Z logger.go:66:           - self                     = false
TestTerraformComputedRulesExample 2022-09-14T15:41:57Z logger.go:66:           - source_security_group_id = "sg-1111111111111111"
TestTerraformComputedRulesExample 2022-09-14T15:41:57Z logger.go:66:           - timeouts                 = null
TestTerraformComputedRulesExample 2022-09-14T15:41:57Z logger.go:66:           - to_port                  = 5432
TestTerraformComputedRulesExample 2022-09-14T15:41:57Z logger.go:66:           - type                     = "egress"
TestTerraformComputedRulesExample 2022-09-14T15:41:57Z logger.go:66:         },
TestTerraformComputedRulesExample 2022-09-14T15:41:57Z logger.go:66:     ] -> null
TestTerraformComputedRulesExample 2022-09-14T15:41:57Z logger.go:66:   - id        = "sg-1111111111111111" -> null
TestTerraformComputedRulesExample 2022-09-14T15:41:57Z logger.go:66:   - ingress   = [
TestTerraformComputedRulesExample 2022-09-14T15:41:57Z logger.go:66:       - {
TestTerraformComputedRulesExample 2022-09-14T15:41:57Z logger.go:66:           - cidr_blocks              = null
TestTerraformComputedRulesExample 2022-09-14T15:41:57Z logger.go:66:           - description              = "managed by Terraform"
TestTerraformComputedRulesExample 2022-09-14T15:41:57Z logger.go:66:           - from_port                = 80
TestTerraformComputedRulesExample 2022-09-14T15:41:57Z logger.go:66:           - id                       = "sgrule-1111111111"
TestTerraformComputedRulesExample 2022-09-14T15:41:57Z logger.go:66:           - ipv6_cidr_blocks         = null
TestTerraformComputedRulesExample 2022-09-14T15:41:57Z logger.go:66:           - prefix_list_ids          = null
TestTerraformComputedRulesExample 2022-09-14T15:41:57Z logger.go:66:           - protocol                 = "tcp"
TestTerraformComputedRulesExample 2022-09-14T15:41:57Z logger.go:66:           - security_group_id        = "sg-1111111111111111"
TestTerraformComputedRulesExample 2022-09-14T15:41:57Z logger.go:66:           - self                     = false
TestTerraformComputedRulesExample 2022-09-14T15:41:57Z logger.go:66:           - source_security_group_id = "sg-1111111111111111"
TestTerraformComputedRulesExample 2022-09-14T15:41:57Z logger.go:66:           - timeouts                 = null
TestTerraformComputedRulesExample 2022-09-14T15:41:57Z logger.go:66:           - to_port                  = 80
TestTerraformComputedRulesExample 2022-09-14T15:41:57Z logger.go:66:           - type                     = "ingress"
TestTerraformComputedRulesExample 2022-09-14T15:41:57Z logger.go:66:         },
TestTerraformComputedRulesExample 2022-09-14T15:41:57Z logger.go:66:       - {
TestTerraformComputedRulesExample 2022-09-14T15:41:57Z logger.go:66:           - cidr_blocks              = null
TestTerraformComputedRulesExample 2022-09-14T15:41:57Z logger.go:66:           - description              = "managed by Terraform"
TestTerraformComputedRulesExample 2022-09-14T15:41:57Z logger.go:66:           - from_port                = 443
TestTerraformComputedRulesExample 2022-09-14T15:41:57Z logger.go:66:           - id                       = "sgrule-1111111111"
TestTerraformComputedRulesExample 2022-09-14T15:41:57Z logger.go:66:           - ipv6_cidr_blocks         = null
TestTerraformComputedRulesExample 2022-09-14T15:41:57Z logger.go:66:           - prefix_list_ids          = null
TestTerraformComputedRulesExample 2022-09-14T15:41:57Z logger.go:66:           - protocol                 = "tcp"
TestTerraformComputedRulesExample 2022-09-14T15:41:57Z logger.go:66:           - security_group_id        = "sg-1111111111111111"
TestTerraformComputedRulesExample 2022-09-14T15:41:57Z logger.go:66:           - self                     = false
TestTerraformComputedRulesExample 2022-09-14T15:41:57Z logger.go:66:           - source_security_group_id = "sg-1111111111111111"
TestTerraformComputedRulesExample 2022-09-14T15:41:57Z logger.go:66:           - timeouts                 = null
TestTerraformComputedRulesExample 2022-09-14T15:41:57Z logger.go:66:           - to_port                  = 443
TestTerraformComputedRulesExample 2022-09-14T15:41:57Z logger.go:66:           - type                     = "ingress"
TestTerraformComputedRulesExample 2022-09-14T15:41:57Z logger.go:66:         },
TestTerraformComputedRulesExample 2022-09-14T15:41:57Z logger.go:66:       - {
TestTerraformComputedRulesExample 2022-09-14T15:41:57Z logger.go:66:           - cidr_blocks              = [
TestTerraformComputedRulesExample 2022-09-14T15:41:57Z logger.go:66:               - "10.0.0.0/24",
TestTerraformComputedRulesExample 2022-09-14T15:41:57Z logger.go:66:               - "10.0.1.0/24",
TestTerraformComputedRulesExample 2022-09-14T15:41:57Z logger.go:66:             ]
TestTerraformComputedRulesExample 2022-09-14T15:41:57Z logger.go:66:           - description              = "computed matrix default rule example"
TestTerraformComputedRulesExample 2022-09-14T15:41:57Z logger.go:66:           - from_port                = 5432
TestTerraformComputedRulesExample 2022-09-14T15:41:57Z logger.go:66:           - id                       = "sgrule-1111111111"
TestTerraformComputedRulesExample 2022-09-14T15:41:57Z logger.go:66:           - ipv6_cidr_blocks         = []
TestTerraformComputedRulesExample 2022-09-14T15:41:57Z logger.go:66:           - prefix_list_ids          = [
TestTerraformComputedRulesExample 2022-09-14T15:41:57Z logger.go:66:               - "pl-1111111111111111",
TestTerraformComputedRulesExample 2022-09-14T15:41:57Z logger.go:66:             ]
TestTerraformComputedRulesExample 2022-09-14T15:41:57Z logger.go:66:           - protocol                 = "tcp"
TestTerraformComputedRulesExample 2022-09-14T15:41:57Z logger.go:66:           - security_group_id        = "sg-1111111111111111"
TestTerraformComputedRulesExample 2022-09-14T15:41:57Z logger.go:66:           - self                     = false
TestTerraformComputedRulesExample 2022-09-14T15:41:57Z logger.go:66:           - source_security_group_id = null
TestTerraformComputedRulesExample 2022-09-14T15:41:57Z logger.go:66:           - timeouts                 = null
TestTerraformComputedRulesExample 2022-09-14T15:41:57Z logger.go:66:           - to_port                  = 5432
TestTerraformComputedRulesExample 2022-09-14T15:41:57Z logger.go:66:           - type                     = "ingress"
TestTerraformComputedRulesExample 2022-09-14T15:41:57Z logger.go:66:         },
TestTerraformComputedRulesExample 2022-09-14T15:41:57Z logger.go:66:       - {
TestTerraformComputedRulesExample 2022-09-14T15:41:57Z logger.go:66:           - cidr_blocks              = [
TestTerraformComputedRulesExample 2022-09-14T15:41:57Z logger.go:66:               - "10.0.0.0/24",
TestTerraformComputedRulesExample 2022-09-14T15:41:57Z logger.go:66:               - "10.0.1.0/24",
TestTerraformComputedRulesExample 2022-09-14T15:41:57Z logger.go:66:             ]
TestTerraformComputedRulesExample 2022-09-14T15:41:57Z logger.go:66:           - description              = "customer rule example"
TestTerraformComputedRulesExample 2022-09-14T15:41:57Z logger.go:66:           - from_port                = 22
TestTerraformComputedRulesExample 2022-09-14T15:41:57Z logger.go:66:           - id                       = "sgrule-1111111111"
TestTerraformComputedRulesExample 2022-09-14T15:41:57Z logger.go:66:           - ipv6_cidr_blocks         = []
TestTerraformComputedRulesExample 2022-09-14T15:41:57Z logger.go:66:           - prefix_list_ids          = [
TestTerraformComputedRulesExample 2022-09-14T15:41:57Z logger.go:66:               - "pl-1111111111111111",
TestTerraformComputedRulesExample 2022-09-14T15:41:57Z logger.go:66:             ]
TestTerraformComputedRulesExample 2022-09-14T15:41:57Z logger.go:66:           - protocol                 = "tcp"
TestTerraformComputedRulesExample 2022-09-14T15:41:57Z logger.go:66:           - security_group_id        = "sg-1111111111111111"
TestTerraformComputedRulesExample 2022-09-14T15:41:57Z logger.go:66:           - self                     = false
TestTerraformComputedRulesExample 2022-09-14T15:41:57Z logger.go:66:           - source_security_group_id = null
TestTerraformComputedRulesExample 2022-09-14T15:41:57Z logger.go:66:           - timeouts                 = null
TestTerraformComputedRulesExample 2022-09-14T15:41:57Z logger.go:66:           - to_port                  = 22
TestTerraformComputedRulesExample 2022-09-14T15:41:57Z logger.go:66:           - type                     = "ingress"
TestTerraformComputedRulesExample 2022-09-14T15:41:57Z logger.go:66:         },
TestTerraformComputedRulesExample 2022-09-14T15:41:57Z logger.go:66:       - {
TestTerraformComputedRulesExample 2022-09-14T15:41:57Z logger.go:66:           - cidr_blocks              = null
TestTerraformComputedRulesExample 2022-09-14T15:41:57Z logger.go:66:           - description              = "computed matrix default rule example"
TestTerraformComputedRulesExample 2022-09-14T15:41:57Z logger.go:66:           - from_port                = 5432
TestTerraformComputedRulesExample 2022-09-14T15:41:57Z logger.go:66:           - id                       = "sgrule-1111111111"
TestTerraformComputedRulesExample 2022-09-14T15:41:57Z logger.go:66:           - ipv6_cidr_blocks         = null
TestTerraformComputedRulesExample 2022-09-14T15:41:57Z logger.go:66:           - prefix_list_ids          = null
TestTerraformComputedRulesExample 2022-09-14T15:41:57Z logger.go:66:           - protocol                 = "tcp"
TestTerraformComputedRulesExample 2022-09-14T15:41:57Z logger.go:66:           - security_group_id        = "sg-1111111111111111"
TestTerraformComputedRulesExample 2022-09-14T15:41:57Z logger.go:66:           - self                     = false
TestTerraformComputedRulesExample 2022-09-14T15:41:57Z logger.go:66:           - source_security_group_id = "sg-1111111111111111"
TestTerraformComputedRulesExample 2022-09-14T15:41:57Z logger.go:66:           - timeouts                 = null
TestTerraformComputedRulesExample 2022-09-14T15:41:57Z logger.go:66:           - to_port                  = 5432
TestTerraformComputedRulesExample 2022-09-14T15:41:57Z logger.go:66:           - type                     = "ingress"
TestTerraformComputedRulesExample 2022-09-14T15:41:57Z logger.go:66:         },
TestTerraformComputedRulesExample 2022-09-14T15:41:57Z logger.go:66:       - {
TestTerraformComputedRulesExample 2022-09-14T15:41:57Z logger.go:66:           - cidr_blocks              = null
TestTerraformComputedRulesExample 2022-09-14T15:41:57Z logger.go:66:           - description              = "customer rule example"
TestTerraformComputedRulesExample 2022-09-14T15:41:57Z logger.go:66:           - from_port                = 22
TestTerraformComputedRulesExample 2022-09-14T15:41:57Z logger.go:66:           - id                       = "sgrule-1111111111"
TestTerraformComputedRulesExample 2022-09-14T15:41:57Z logger.go:66:           - ipv6_cidr_blocks         = null
TestTerraformComputedRulesExample 2022-09-14T15:41:57Z logger.go:66:           - prefix_list_ids          = null
TestTerraformComputedRulesExample 2022-09-14T15:41:57Z logger.go:66:           - protocol                 = "tcp"
TestTerraformComputedRulesExample 2022-09-14T15:41:57Z logger.go:66:           - security_group_id        = "sg-1111111111111111"
TestTerraformComputedRulesExample 2022-09-14T15:41:57Z logger.go:66:           - self                     = false
TestTerraformComputedRulesExample 2022-09-14T15:41:57Z logger.go:66:           - source_security_group_id = "sg-1111111111111111"
TestTerraformComputedRulesExample 2022-09-14T15:41:57Z logger.go:66:           - timeouts                 = null
TestTerraformComputedRulesExample 2022-09-14T15:41:57Z logger.go:66:           - to_port                  = 22
TestTerraformComputedRulesExample 2022-09-14T15:41:57Z logger.go:66:           - type                     = "ingress"
TestTerraformComputedRulesExample 2022-09-14T15:41:57Z logger.go:66:         },
TestTerraformComputedRulesExample 2022-09-14T15:41:57Z logger.go:66:       - {
TestTerraformComputedRulesExample 2022-09-14T15:41:57Z logger.go:66:           - cidr_blocks              = null
TestTerraformComputedRulesExample 2022-09-14T15:41:57Z logger.go:66:           - description              = "computed matrix default rule example"
TestTerraformComputedRulesExample 2022-09-14T15:41:57Z logger.go:66:           - from_port                = 5432
TestTerraformComputedRulesExample 2022-09-14T15:41:57Z logger.go:66:           - id                       = "sgrule-1111111111"
TestTerraformComputedRulesExample 2022-09-14T15:41:57Z logger.go:66:           - ipv6_cidr_blocks         = null
TestTerraformComputedRulesExample 2022-09-14T15:41:57Z logger.go:66:           - prefix_list_ids          = null
TestTerraformComputedRulesExample 2022-09-14T15:41:57Z logger.go:66:           - protocol                 = "tcp"
TestTerraformComputedRulesExample 2022-09-14T15:41:57Z logger.go:66:           - security_group_id        = "sg-1111111111111111"
TestTerraformComputedRulesExample 2022-09-14T15:41:57Z logger.go:66:           - self                     = true
TestTerraformComputedRulesExample 2022-09-14T15:41:57Z logger.go:66:           - source_security_group_id = null
TestTerraformComputedRulesExample 2022-09-14T15:41:57Z logger.go:66:           - timeouts                 = null
TestTerraformComputedRulesExample 2022-09-14T15:41:57Z logger.go:66:           - to_port                  = 5432
TestTerraformComputedRulesExample 2022-09-14T15:41:57Z logger.go:66:           - type                     = "ingress"
TestTerraformComputedRulesExample 2022-09-14T15:41:57Z logger.go:66:         },
TestTerraformComputedRulesExample 2022-09-14T15:41:57Z logger.go:66:       - {
TestTerraformComputedRulesExample 2022-09-14T15:41:57Z logger.go:66:           - cidr_blocks              = null
TestTerraformComputedRulesExample 2022-09-14T15:41:57Z logger.go:66:           - description              = "customer rule example"
TestTerraformComputedRulesExample 2022-09-14T15:41:57Z logger.go:66:           - from_port                = 22
TestTerraformComputedRulesExample 2022-09-14T15:41:57Z logger.go:66:           - id                       = "sgrule-1111111111"
TestTerraformComputedRulesExample 2022-09-14T15:41:57Z logger.go:66:           - ipv6_cidr_blocks         = null
TestTerraformComputedRulesExample 2022-09-14T15:41:57Z logger.go:66:           - prefix_list_ids          = null
TestTerraformComputedRulesExample 2022-09-14T15:41:57Z logger.go:66:           - protocol                 = "tcp"
TestTerraformComputedRulesExample 2022-09-14T15:41:57Z logger.go:66:           - security_group_id        = "sg-1111111111111111"
TestTerraformComputedRulesExample 2022-09-14T15:41:57Z logger.go:66:           - self                     = true
TestTerraformComputedRulesExample 2022-09-14T15:41:57Z logger.go:66:           - source_security_group_id = null
TestTerraformComputedRulesExample 2022-09-14T15:41:57Z logger.go:66:           - timeouts                 = null
TestTerraformComputedRulesExample 2022-09-14T15:41:57Z logger.go:66:           - to_port                  = 22
TestTerraformComputedRulesExample 2022-09-14T15:41:57Z logger.go:66:           - type                     = "ingress"
TestTerraformComputedRulesExample 2022-09-14T15:41:57Z logger.go:66:         },
TestTerraformComputedRulesExample 2022-09-14T15:41:57Z logger.go:66:     ] -> null
TestTerraformComputedRulesExample 2022-09-14T15:41:57Z logger.go:66:   - terratest = {
TestTerraformComputedRulesExample 2022-09-14T15:41:57Z logger.go:66:       - aws_ec2_managed_prefix_list_other_id = "pl-1111111111111111"
TestTerraformComputedRulesExample 2022-09-14T15:41:57Z logger.go:66:       - aws_security_group_other_id          = "sg-1111111111111111"
TestTerraformComputedRulesExample 2022-09-14T15:41:57Z logger.go:66:     } -> null
TestTerraformComputedRulesExample 2022-09-14T15:41:58Z logger.go:66: module.security_group.aws_security_group_rule.computed_matrix_ingress_with_cidr_blocks_and_prefix_list_ids[0]: Destroying... [id=sgrule-1111111111]
TestTerraformComputedRulesExample 2022-09-14T15:41:58Z logger.go:66: module.security_group.aws_security_group_rule.computed_egress[1]: Destroying... [id=sgrule-1111111111]
TestTerraformComputedRulesExample 2022-09-14T15:41:58Z logger.go:66: module.security_group.aws_security_group_rule.computed_matrix_ingress_with_cidr_blocks_and_prefix_list_ids[1]: Destroying... [id=sgrule-1111111111]
TestTerraformComputedRulesExample 2022-09-14T15:41:58Z logger.go:66: module.security_group.aws_security_group_rule.computed_matrix_ingress_with_self[0]: Destroying... [id=sgrule-1111111111]
TestTerraformComputedRulesExample 2022-09-14T15:41:58Z logger.go:66: module.security_group.aws_security_group_rule.computed_egress[0]: Destroying... [id=sgrule-1111111111]
TestTerraformComputedRulesExample 2022-09-14T15:41:58Z logger.go:66: module.security_group.aws_security_group_rule.computed_matrix_egress_with_source_security_group_id[0]: Destroying... [id=sgrule-1111111111]
TestTerraformComputedRulesExample 2022-09-14T15:41:58Z logger.go:66: module.security_group.aws_security_group_rule.computed_matrix_ingress_with_source_security_group_id[0]: Destroying... [id=sgrule-1111111111]
TestTerraformComputedRulesExample 2022-09-14T15:41:58Z logger.go:66: module.security_group.aws_security_group_rule.computed_ingress[1]: Destroying... [id=sgrule-1111111111]
TestTerraformComputedRulesExample 2022-09-14T15:41:58Z logger.go:66: module.security_group.aws_security_group_rule.computed_matrix_ingress_with_source_security_group_id[1]: Destroying... [id=sgrule-1111111111]
TestTerraformComputedRulesExample 2022-09-14T15:41:58Z logger.go:66: module.security_group.aws_security_group_rule.computed_ingress[0]: Destroying... [id=sgrule-1111111111]
TestTerraformComputedRulesExample 2022-09-14T15:41:59Z logger.go:66: module.security_group.aws_security_group_rule.computed_matrix_ingress_with_cidr_blocks_and_prefix_list_ids[0]: Destruction complete after 0s
TestTerraformComputedRulesExample 2022-09-14T15:41:59Z logger.go:66: module.security_group.aws_security_group_rule.computed_matrix_ingress_with_self[1]: Destroying... [id=sgrule-1111111111]
TestTerraformComputedRulesExample 2022-09-14T15:41:59Z logger.go:66: module.security_group.aws_security_group_rule.computed_egress[1]: Destruction complete after 1s
TestTerraformComputedRulesExample 2022-09-14T15:42:00Z logger.go:66: module.security_group.aws_security_group_rule.computed_matrix_egress_with_source_security_group_id[0]: Destruction complete after 2s
TestTerraformComputedRulesExample 2022-09-14T15:42:01Z logger.go:66: module.security_group.aws_security_group_rule.computed_ingress[1]: Destruction complete after 2s
TestTerraformComputedRulesExample 2022-09-14T15:42:02Z logger.go:66: module.security_group.aws_security_group_rule.computed_matrix_ingress_with_self[0]: Destruction complete after 3s
TestTerraformComputedRulesExample 2022-09-14T15:42:02Z logger.go:66: module.security_group.aws_security_group_rule.computed_matrix_ingress_with_source_security_group_id[0]: Destruction complete after 4s
TestTerraformComputedRulesExample 2022-09-14T15:42:03Z logger.go:66: module.security_group.aws_security_group_rule.computed_matrix_ingress_with_cidr_blocks_and_prefix_list_ids[1]: Destruction complete after 5s
TestTerraformComputedRulesExample 2022-09-14T15:42:04Z logger.go:66: module.security_group.aws_security_group_rule.computed_matrix_ingress_with_source_security_group_id[1]: Destruction complete after 5s
TestTerraformComputedRulesExample 2022-09-14T15:42:05Z logger.go:66: module.security_group.aws_security_group_rule.computed_egress[0]: Destruction complete after 6s
TestTerraformComputedRulesExample 2022-09-14T15:42:05Z logger.go:66: module.security_group.aws_security_group_rule.computed_ingress[0]: Destruction complete after 7s
TestTerraformComputedRulesExample 2022-09-14T15:42:06Z logger.go:66: module.security_group.aws_security_group_rule.computed_matrix_ingress_with_self[1]: Destruction complete after 7s
TestTerraformComputedRulesExample 2022-09-14T15:42:06Z logger.go:66: aws_ec2_managed_prefix_list.other: Destroying... [id=pl-1111111111111111]
TestTerraformComputedRulesExample 2022-09-14T15:42:06Z logger.go:66: aws_security_group.other: Destroying... [id=sg-1111111111111111]
TestTerraformComputedRulesExample 2022-09-14T15:42:06Z logger.go:66: module.security_group.aws_security_group.self[0]: Destroying... [id=sg-1111111111111111]
TestTerraformComputedRulesExample 2022-09-14T15:42:07Z logger.go:66: aws_security_group.other: Destruction complete after 1s
TestTerraformComputedRulesExample 2022-09-14T15:42:07Z logger.go:66: module.security_group.aws_security_group.self[0]: Destruction complete after 1s
TestTerraformComputedRulesExample 2022-09-14T15:42:13Z logger.go:66: aws_ec2_managed_prefix_list.other: Destruction complete after 8s
TestTerraformComputedRulesExample 2022-09-14T15:42:13Z logger.go:66:
TestTerraformComputedRulesExample 2022-09-14T15:42:13Z logger.go:66: Destroy complete! Resources: 14 destroyed.
--- PASS: TestTerraformComputedRulesExample (40.40s)
PASS
ok  	command-line-arguments	40.417s
