=== RUN   TestTerraformBasicExample
TestTerraformBasicExample 2022-09-28T22:38:55Z retry.go:91: terraform [init -upgrade=false]
TestTerraformBasicExample 2022-09-28T22:38:55Z logger.go:66: Running command terraform with args [init -upgrade=false]
TestTerraformBasicExample 2022-09-28T22:38:55Z logger.go:66: [0m[1mInitializing modules...[0m
TestTerraformBasicExample 2022-09-28T22:38:55Z logger.go:66:
TestTerraformBasicExample 2022-09-28T22:38:55Z logger.go:66: [0m[1mInitializing the backend...[0m
TestTerraformBasicExample 2022-09-28T22:38:56Z logger.go:66:
TestTerraformBasicExample 2022-09-28T22:38:56Z logger.go:66: [0m[1mInitializing provider plugins...[0m
TestTerraformBasicExample 2022-09-28T22:38:56Z logger.go:66: - Reusing previous version of hashicorp/aws from the dependency lock file
TestTerraformBasicExample 2022-09-28T22:38:57Z logger.go:66: - Using previously-installed hashicorp/aws v4.27.0
TestTerraformBasicExample 2022-09-28T22:38:57Z logger.go:66:
TestTerraformBasicExample 2022-09-28T22:38:57Z logger.go:66: [0m[1m[32mTerraform has been successfully initialized![0m[32m[0m
TestTerraformBasicExample 2022-09-28T22:38:57Z logger.go:66: [0m[32m
TestTerraformBasicExample 2022-09-28T22:38:57Z logger.go:66: You may now begin working with Terraform. Try running "terraform plan" to see
TestTerraformBasicExample 2022-09-28T22:38:57Z logger.go:66: any changes that are required for your infrastructure. All Terraform commands
TestTerraformBasicExample 2022-09-28T22:38:57Z logger.go:66: should now work.
TestTerraformBasicExample 2022-09-28T22:38:57Z logger.go:66:
TestTerraformBasicExample 2022-09-28T22:38:57Z logger.go:66: If you ever set or change modules or backend configuration for Terraform,
TestTerraformBasicExample 2022-09-28T22:38:57Z logger.go:66: rerun this command to reinitialize your working directory. If you forget, other
TestTerraformBasicExample 2022-09-28T22:38:57Z logger.go:66: commands will detect it and remind you to do so if necessary.[0m
TestTerraformBasicExample 2022-09-28T22:38:57Z retry.go:91: terraform [apply -input=false -auto-approve -no-color -lock=false]
TestTerraformBasicExample 2022-09-28T22:38:57Z logger.go:66: Running command terraform with args [apply -input=false -auto-approve -no-color -lock=false]
TestTerraformBasicExample 2022-09-28T22:39:00Z logger.go:66: data.aws_vpc.default: Reading...
TestTerraformBasicExample 2022-09-28T22:39:01Z logger.go:66: data.aws_vpc.default: Read complete after 0s [id=vpc-1111111111111111]
TestTerraformBasicExample 2022-09-28T22:39:01Z logger.go:66:
TestTerraformBasicExample 2022-09-28T22:39:01Z logger.go:66: Terraform used the selected providers to generate the following execution
TestTerraformBasicExample 2022-09-28T22:39:01Z logger.go:66: plan. Resource actions are indicated with the following symbols:
TestTerraformBasicExample 2022-09-28T22:39:01Z logger.go:66:   + create
TestTerraformBasicExample 2022-09-28T22:39:01Z logger.go:66:
TestTerraformBasicExample 2022-09-28T22:39:01Z logger.go:66: Terraform will perform the following actions:
TestTerraformBasicExample 2022-09-28T22:39:01Z logger.go:66:
TestTerraformBasicExample 2022-09-28T22:39:01Z logger.go:66:   # module.security_group.aws_security_group.self[0] will be created
TestTerraformBasicExample 2022-09-28T22:39:01Z logger.go:66:   + resource "aws_security_group" "self" {
TestTerraformBasicExample 2022-09-28T22:39:01Z logger.go:66:       + arn                    = (known after apply)
TestTerraformBasicExample 2022-09-28T22:39:01Z logger.go:66:       + description            = "Allow TLS inbound traffic"
TestTerraformBasicExample 2022-09-28T22:39:01Z logger.go:66:       + egress                 = (known after apply)
TestTerraformBasicExample 2022-09-28T22:39:01Z logger.go:66:       + id                     = (known after apply)
TestTerraformBasicExample 2022-09-28T22:39:01Z logger.go:66:       + ingress                = (known after apply)
TestTerraformBasicExample 2022-09-28T22:39:01Z logger.go:66:       + name                   = "ex-basic"
TestTerraformBasicExample 2022-09-28T22:39:01Z logger.go:66:       + name_prefix            = (known after apply)
TestTerraformBasicExample 2022-09-28T22:39:01Z logger.go:66:       + owner_id               = (known after apply)
TestTerraformBasicExample 2022-09-28T22:39:01Z logger.go:66:       + revoke_rules_on_delete = false
TestTerraformBasicExample 2022-09-28T22:39:01Z logger.go:66:       + tags                   = {
TestTerraformBasicExample 2022-09-28T22:39:01Z logger.go:66:           + "Name" = "ex-basic"
TestTerraformBasicExample 2022-09-28T22:39:01Z logger.go:66:         }
TestTerraformBasicExample 2022-09-28T22:39:01Z logger.go:66:       + tags_all               = {
TestTerraformBasicExample 2022-09-28T22:39:01Z logger.go:66:           + "Example"    = "ex-basic"
TestTerraformBasicExample 2022-09-28T22:39:01Z logger.go:66:           + "GithubOrg"  = "aidanmelen"
TestTerraformBasicExample 2022-09-28T22:39:01Z logger.go:66:           + "GithubRepo" = "terraform-aws-security-group"
TestTerraformBasicExample 2022-09-28T22:39:01Z logger.go:66:           + "Name"       = "ex-basic"
TestTerraformBasicExample 2022-09-28T22:39:01Z logger.go:66:         }
TestTerraformBasicExample 2022-09-28T22:39:01Z logger.go:66:       + vpc_id                 = "vpc-1111111111111111"
TestTerraformBasicExample 2022-09-28T22:39:01Z logger.go:66:
TestTerraformBasicExample 2022-09-28T22:39:01Z logger.go:66:       + timeouts {
TestTerraformBasicExample 2022-09-28T22:39:01Z logger.go:66:           + create = "10m"
TestTerraformBasicExample 2022-09-28T22:39:01Z logger.go:66:           + delete = "15m"
TestTerraformBasicExample 2022-09-28T22:39:01Z logger.go:66:         }
TestTerraformBasicExample 2022-09-28T22:39:01Z logger.go:66:     }
TestTerraformBasicExample 2022-09-28T22:39:01Z logger.go:66:
TestTerraformBasicExample 2022-09-28T22:39:01Z logger.go:66:   # module.security_group.aws_security_group_rule.ingress["172.31.0.0/16-2600:1f13:b21:6500::/56-https-443-tcp-ingress"] will be created
TestTerraformBasicExample 2022-09-28T22:39:01Z logger.go:66:   + resource "aws_security_group_rule" "ingress" {
TestTerraformBasicExample 2022-09-28T22:39:01Z logger.go:66:       + cidr_blocks              = [
TestTerraformBasicExample 2022-09-28T22:39:01Z logger.go:66:           + "172.31.0.0/16",
TestTerraformBasicExample 2022-09-28T22:39:01Z logger.go:66:         ]
TestTerraformBasicExample 2022-09-28T22:39:01Z logger.go:66:       + description              = "managed by Terraform"
TestTerraformBasicExample 2022-09-28T22:39:01Z logger.go:66:       + from_port                = 443
TestTerraformBasicExample 2022-09-28T22:39:01Z logger.go:66:       + id                       = (known after apply)
TestTerraformBasicExample 2022-09-28T22:39:01Z logger.go:66:       + ipv6_cidr_blocks         = [
TestTerraformBasicExample 2022-09-28T22:39:01Z logger.go:66:           + "2600:1f13:b21:6500::/56",
TestTerraformBasicExample 2022-09-28T22:39:01Z logger.go:66:         ]
TestTerraformBasicExample 2022-09-28T22:39:01Z logger.go:66:       + protocol                 = "tcp"
TestTerraformBasicExample 2022-09-28T22:39:01Z logger.go:66:       + security_group_id        = (known after apply)
TestTerraformBasicExample 2022-09-28T22:39:01Z logger.go:66:       + self                     = false
TestTerraformBasicExample 2022-09-28T22:39:01Z logger.go:66:       + source_security_group_id = (known after apply)
TestTerraformBasicExample 2022-09-28T22:39:01Z logger.go:66:       + to_port                  = 443
TestTerraformBasicExample 2022-09-28T22:39:01Z logger.go:66:       + type                     = "ingress"
TestTerraformBasicExample 2022-09-28T22:39:01Z logger.go:66:     }
TestTerraformBasicExample 2022-09-28T22:39:01Z logger.go:66:
TestTerraformBasicExample 2022-09-28T22:39:01Z logger.go:66: Plan: 2 to add, 0 to change, 0 to destroy.
TestTerraformBasicExample 2022-09-28T22:39:01Z logger.go:66:
TestTerraformBasicExample 2022-09-28T22:39:01Z logger.go:66: Changes to Outputs:
TestTerraformBasicExample 2022-09-28T22:39:01Z logger.go:66:   + arn       = (known after apply)
TestTerraformBasicExample 2022-09-28T22:39:01Z logger.go:66:   + egress    = []
TestTerraformBasicExample 2022-09-28T22:39:01Z logger.go:66:   + id        = (known after apply)
TestTerraformBasicExample 2022-09-28T22:39:01Z logger.go:66:   + ingress   = (known after apply)
TestTerraformBasicExample 2022-09-28T22:39:01Z logger.go:66:   + terratest = {
TestTerraformBasicExample 2022-09-28T22:39:01Z logger.go:66:       + data_aws_vpc_default_cidr_block      = "172.31.0.0/16"
TestTerraformBasicExample 2022-09-28T22:39:01Z logger.go:66:       + data_aws_vpc_default_ipv6_cidr_block = "2600:1f13:b21:6500::/56"
TestTerraformBasicExample 2022-09-28T22:39:01Z logger.go:66:     }
TestTerraformBasicExample 2022-09-28T22:39:02Z logger.go:66: module.security_group.aws_security_group.self[0]: Creating...
TestTerraformBasicExample 2022-09-28T22:39:04Z logger.go:66: module.security_group.aws_security_group.self[0]: Creation complete after 2s [id=sg-1111111111111111]
TestTerraformBasicExample 2022-09-28T22:39:05Z logger.go:66: module.security_group.aws_security_group_rule.ingress["172.31.0.0/16-2600:1f13:b21:6500::/56-https-443-tcp-ingress"]: Creating...
TestTerraformBasicExample 2022-09-28T22:39:05Z logger.go:66: module.security_group.aws_security_group_rule.ingress["172.31.0.0/16-2600:1f13:b21:6500::/56-https-443-tcp-ingress"]: Creation complete after 1s [id=sgrule-1111111111]
TestTerraformBasicExample 2022-09-28T22:39:05Z logger.go:66:
TestTerraformBasicExample 2022-09-28T22:39:05Z logger.go:66: Apply complete! Resources: 2 added, 0 changed, 0 destroyed.
TestTerraformBasicExample 2022-09-28T22:39:05Z logger.go:66:
TestTerraformBasicExample 2022-09-28T22:39:05Z logger.go:66: Outputs:
TestTerraformBasicExample 2022-09-28T22:39:05Z logger.go:66:
TestTerraformBasicExample 2022-09-28T22:39:05Z logger.go:66: arn = "arn:aws:ec2:us-west-2:111111111111:security-group/sg-1111111111111111"
TestTerraformBasicExample 2022-09-28T22:39:05Z logger.go:66: egress = []
TestTerraformBasicExample 2022-09-28T22:39:05Z logger.go:66: id = "sg-1111111111111111"
TestTerraformBasicExample 2022-09-28T22:39:05Z logger.go:66: ingress = [
TestTerraformBasicExample 2022-09-28T22:39:05Z logger.go:66:   {
TestTerraformBasicExample 2022-09-28T22:39:05Z logger.go:66:     "cidr_blocks" = tolist([
TestTerraformBasicExample 2022-09-28T22:39:05Z logger.go:66:       "172.31.0.0/16",
TestTerraformBasicExample 2022-09-28T22:39:05Z logger.go:66:     ])
TestTerraformBasicExample 2022-09-28T22:39:05Z logger.go:66:     "description" = "managed by Terraform"
TestTerraformBasicExample 2022-09-28T22:39:05Z logger.go:66:     "from_port" = 443
TestTerraformBasicExample 2022-09-28T22:39:05Z logger.go:66:     "id" = "sgrule-1111111111"
TestTerraformBasicExample 2022-09-28T22:39:05Z logger.go:66:     "ipv6_cidr_blocks" = tolist([
TestTerraformBasicExample 2022-09-28T22:39:05Z logger.go:66:       "2600:1f13:b21:6500::/56",
TestTerraformBasicExample 2022-09-28T22:39:05Z logger.go:66:     ])
TestTerraformBasicExample 2022-09-28T22:39:05Z logger.go:66:     "prefix_list_ids" = tolist(null) /* of string */
TestTerraformBasicExample 2022-09-28T22:39:05Z logger.go:66:     "protocol" = "tcp"
TestTerraformBasicExample 2022-09-28T22:39:05Z logger.go:66:     "security_group_id" = "sg-1111111111111111"
TestTerraformBasicExample 2022-09-28T22:39:05Z logger.go:66:     "self" = false
TestTerraformBasicExample 2022-09-28T22:39:05Z logger.go:66:     "source_security_group_id" = tostring(null)
TestTerraformBasicExample 2022-09-28T22:39:05Z logger.go:66:     "timeouts" = null /* object */
TestTerraformBasicExample 2022-09-28T22:39:05Z logger.go:66:     "to_port" = 443
TestTerraformBasicExample 2022-09-28T22:39:05Z logger.go:66:     "type" = "ingress"
TestTerraformBasicExample 2022-09-28T22:39:05Z logger.go:66:   },
TestTerraformBasicExample 2022-09-28T22:39:05Z logger.go:66: ]
TestTerraformBasicExample 2022-09-28T22:39:05Z logger.go:66: terratest = {
TestTerraformBasicExample 2022-09-28T22:39:05Z logger.go:66:   "data_aws_vpc_default_cidr_block" = "172.31.0.0/16"
TestTerraformBasicExample 2022-09-28T22:39:05Z logger.go:66:   "data_aws_vpc_default_ipv6_cidr_block" = "2600:1f13:b21:6500::/56"
TestTerraformBasicExample 2022-09-28T22:39:05Z logger.go:66: }
TestTerraformBasicExample 2022-09-28T22:39:05Z retry.go:91: terraform [output -no-color -json id]
TestTerraformBasicExample 2022-09-28T22:39:05Z logger.go:66: Running command terraform with args [output -no-color -json id]
TestTerraformBasicExample 2022-09-28T22:39:06Z logger.go:66: "sg-1111111111111111"
TestTerraformBasicExample 2022-09-28T22:39:06Z retry.go:91: terraform [output -no-color -json ingress]
TestTerraformBasicExample 2022-09-28T22:39:06Z logger.go:66: Running command terraform with args [output -no-color -json ingress]
TestTerraformBasicExample 2022-09-28T22:39:07Z logger.go:66: [{"cidr_blocks":["172.31.0.0/16"],"description":"managed by Terraform","from_port":443,"id":"sgrule-1111111111","ipv6_cidr_blocks":["2600:1f13:b21:6500::/56"],"prefix_list_ids":null,"protocol":"tcp","security_group_id":"sg-1111111111111111","self":false,"source_security_group_id":null,"timeouts":null,"to_port":443,"type":"ingress"}]
TestTerraformBasicExample 2022-09-28T22:39:07Z retry.go:91: terraform [output -no-color -json egress]
TestTerraformBasicExample 2022-09-28T22:39:07Z logger.go:66: Running command terraform with args [output -no-color -json egress]
TestTerraformBasicExample 2022-09-28T22:39:08Z logger.go:66: []
TestTerraformBasicExample 2022-09-28T22:39:08Z retry.go:91: terraform [destroy -auto-approve -input=false -no-color -lock=false]
TestTerraformBasicExample 2022-09-28T22:39:08Z logger.go:66: Running command terraform with args [destroy -auto-approve -input=false -no-color -lock=false]
TestTerraformBasicExample 2022-09-28T22:39:11Z logger.go:66: data.aws_vpc.default: Reading...
TestTerraformBasicExample 2022-09-28T22:39:12Z logger.go:66: data.aws_vpc.default: Read complete after 0s [id=vpc-1111111111111111]
TestTerraformBasicExample 2022-09-28T22:39:12Z logger.go:66: module.security_group.aws_security_group.self[0]: Refreshing state... [id=sg-1111111111111111]
TestTerraformBasicExample 2022-09-28T22:39:12Z logger.go:66: module.security_group.aws_security_group_rule.ingress["172.31.0.0/16-2600:1f13:b21:6500::/56-https-443-tcp-ingress"]: Refreshing state... [id=sgrule-1111111111]
TestTerraformBasicExample 2022-09-28T22:39:12Z logger.go:66:
TestTerraformBasicExample 2022-09-28T22:39:12Z logger.go:66: Terraform used the selected providers to generate the following execution
TestTerraformBasicExample 2022-09-28T22:39:12Z logger.go:66: plan. Resource actions are indicated with the following symbols:
TestTerraformBasicExample 2022-09-28T22:39:12Z logger.go:66:   - destroy
TestTerraformBasicExample 2022-09-28T22:39:12Z logger.go:66:
TestTerraformBasicExample 2022-09-28T22:39:12Z logger.go:66: Terraform will perform the following actions:
TestTerraformBasicExample 2022-09-28T22:39:12Z logger.go:66:
TestTerraformBasicExample 2022-09-28T22:39:12Z logger.go:66:   # module.security_group.aws_security_group.self[0] will be destroyed
TestTerraformBasicExample 2022-09-28T22:39:12Z logger.go:66:   - resource "aws_security_group" "self" {
TestTerraformBasicExample 2022-09-28T22:39:12Z logger.go:66:       - arn                    = "arn:aws:ec2:us-west-2:111111111111:security-group/sg-1111111111111111" -> null
TestTerraformBasicExample 2022-09-28T22:39:12Z logger.go:66:       - description            = "Allow TLS inbound traffic" -> null
TestTerraformBasicExample 2022-09-28T22:39:12Z logger.go:66:       - egress                 = [] -> null
TestTerraformBasicExample 2022-09-28T22:39:12Z logger.go:66:       - id                     = "sg-1111111111111111" -> null
TestTerraformBasicExample 2022-09-28T22:39:12Z logger.go:66:       - ingress                = [
TestTerraformBasicExample 2022-09-28T22:39:12Z logger.go:66:           - {
TestTerraformBasicExample 2022-09-28T22:39:12Z logger.go:66:               - cidr_blocks      = [
TestTerraformBasicExample 2022-09-28T22:39:12Z logger.go:66:                   - "172.31.0.0/16",
TestTerraformBasicExample 2022-09-28T22:39:12Z logger.go:66:                 ]
TestTerraformBasicExample 2022-09-28T22:39:12Z logger.go:66:               - description      = "managed by Terraform"
TestTerraformBasicExample 2022-09-28T22:39:12Z logger.go:66:               - from_port        = 443
TestTerraformBasicExample 2022-09-28T22:39:12Z logger.go:66:               - ipv6_cidr_blocks = [
TestTerraformBasicExample 2022-09-28T22:39:12Z logger.go:66:                   - "2600:1f13:b21:6500::/56",
TestTerraformBasicExample 2022-09-28T22:39:12Z logger.go:66:                 ]
TestTerraformBasicExample 2022-09-28T22:39:12Z logger.go:66:               - prefix_list_ids  = []
TestTerraformBasicExample 2022-09-28T22:39:12Z logger.go:66:               - protocol         = "tcp"
TestTerraformBasicExample 2022-09-28T22:39:12Z logger.go:66:               - security_groups  = []
TestTerraformBasicExample 2022-09-28T22:39:12Z logger.go:66:               - self             = false
TestTerraformBasicExample 2022-09-28T22:39:12Z logger.go:66:               - to_port          = 443
TestTerraformBasicExample 2022-09-28T22:39:12Z logger.go:66:             },
TestTerraformBasicExample 2022-09-28T22:39:12Z logger.go:66:         ] -> null
TestTerraformBasicExample 2022-09-28T22:39:12Z logger.go:66:       - name                   = "ex-basic" -> null
TestTerraformBasicExample 2022-09-28T22:39:12Z logger.go:66:       - owner_id               = "111111111111" -> null
TestTerraformBasicExample 2022-09-28T22:39:12Z logger.go:66:       - revoke_rules_on_delete = false -> null
TestTerraformBasicExample 2022-09-28T22:39:12Z logger.go:66:       - tags                   = {
TestTerraformBasicExample 2022-09-28T22:39:12Z logger.go:66:           - "Name" = "ex-basic"
TestTerraformBasicExample 2022-09-28T22:39:12Z logger.go:66:         } -> null
TestTerraformBasicExample 2022-09-28T22:39:12Z logger.go:66:       - tags_all               = {
TestTerraformBasicExample 2022-09-28T22:39:12Z logger.go:66:           - "Example"    = "ex-basic"
TestTerraformBasicExample 2022-09-28T22:39:12Z logger.go:66:           - "GithubOrg"  = "aidanmelen"
TestTerraformBasicExample 2022-09-28T22:39:12Z logger.go:66:           - "GithubRepo" = "terraform-aws-security-group"
TestTerraformBasicExample 2022-09-28T22:39:12Z logger.go:66:           - "Name"       = "ex-basic"
TestTerraformBasicExample 2022-09-28T22:39:12Z logger.go:66:         } -> null
TestTerraformBasicExample 2022-09-28T22:39:12Z logger.go:66:       - vpc_id                 = "vpc-1111111111111111" -> null
TestTerraformBasicExample 2022-09-28T22:39:12Z logger.go:66:
TestTerraformBasicExample 2022-09-28T22:39:12Z logger.go:66:       - timeouts {
TestTerraformBasicExample 2022-09-28T22:39:12Z logger.go:66:           - create = "10m" -> null
TestTerraformBasicExample 2022-09-28T22:39:12Z logger.go:66:           - delete = "15m" -> null
TestTerraformBasicExample 2022-09-28T22:39:12Z logger.go:66:         }
TestTerraformBasicExample 2022-09-28T22:39:12Z logger.go:66:     }
TestTerraformBasicExample 2022-09-28T22:39:12Z logger.go:66:
TestTerraformBasicExample 2022-09-28T22:39:12Z logger.go:66:   # module.security_group.aws_security_group_rule.ingress["172.31.0.0/16-2600:1f13:b21:6500::/56-https-443-tcp-ingress"] will be destroyed
TestTerraformBasicExample 2022-09-28T22:39:12Z logger.go:66:   - resource "aws_security_group_rule" "ingress" {
TestTerraformBasicExample 2022-09-28T22:39:12Z logger.go:66:       - cidr_blocks       = [
TestTerraformBasicExample 2022-09-28T22:39:12Z logger.go:66:           - "172.31.0.0/16",
TestTerraformBasicExample 2022-09-28T22:39:12Z logger.go:66:         ] -> null
TestTerraformBasicExample 2022-09-28T22:39:12Z logger.go:66:       - description       = "managed by Terraform" -> null
TestTerraformBasicExample 2022-09-28T22:39:12Z logger.go:66:       - from_port         = 443 -> null
TestTerraformBasicExample 2022-09-28T22:39:12Z logger.go:66:       - id                = "sgrule-1111111111" -> null
TestTerraformBasicExample 2022-09-28T22:39:12Z logger.go:66:       - ipv6_cidr_blocks  = [
TestTerraformBasicExample 2022-09-28T22:39:12Z logger.go:66:           - "2600:1f13:b21:6500::/56",
TestTerraformBasicExample 2022-09-28T22:39:12Z logger.go:66:         ] -> null
TestTerraformBasicExample 2022-09-28T22:39:12Z logger.go:66:       - protocol          = "tcp" -> null
TestTerraformBasicExample 2022-09-28T22:39:12Z logger.go:66:       - security_group_id = "sg-1111111111111111" -> null
TestTerraformBasicExample 2022-09-28T22:39:12Z logger.go:66:       - self              = false -> null
TestTerraformBasicExample 2022-09-28T22:39:12Z logger.go:66:       - to_port           = 443 -> null
TestTerraformBasicExample 2022-09-28T22:39:12Z logger.go:66:       - type              = "ingress" -> null
TestTerraformBasicExample 2022-09-28T22:39:12Z logger.go:66:     }
TestTerraformBasicExample 2022-09-28T22:39:12Z logger.go:66:
TestTerraformBasicExample 2022-09-28T22:39:12Z logger.go:66: Plan: 0 to add, 0 to change, 2 to destroy.
TestTerraformBasicExample 2022-09-28T22:39:12Z logger.go:66:
TestTerraformBasicExample 2022-09-28T22:39:12Z logger.go:66: Changes to Outputs:
TestTerraformBasicExample 2022-09-28T22:39:12Z logger.go:66:   - arn       = "arn:aws:ec2:us-west-2:111111111111:security-group/sg-1111111111111111" -> null
TestTerraformBasicExample 2022-09-28T22:39:12Z logger.go:66:   - egress    = [] -> null
TestTerraformBasicExample 2022-09-28T22:39:12Z logger.go:66:   - id        = "sg-1111111111111111" -> null
TestTerraformBasicExample 2022-09-28T22:39:12Z logger.go:66:   - ingress   = [
TestTerraformBasicExample 2022-09-28T22:39:12Z logger.go:66:       - {
TestTerraformBasicExample 2022-09-28T22:39:12Z logger.go:66:           - cidr_blocks              = [
TestTerraformBasicExample 2022-09-28T22:39:12Z logger.go:66:               - "172.31.0.0/16",
TestTerraformBasicExample 2022-09-28T22:39:12Z logger.go:66:             ]
TestTerraformBasicExample 2022-09-28T22:39:12Z logger.go:66:           - description              = "managed by Terraform"
TestTerraformBasicExample 2022-09-28T22:39:12Z logger.go:66:           - from_port                = 443
TestTerraformBasicExample 2022-09-28T22:39:12Z logger.go:66:           - id                       = "sgrule-1111111111"
TestTerraformBasicExample 2022-09-28T22:39:12Z logger.go:66:           - ipv6_cidr_blocks         = [
TestTerraformBasicExample 2022-09-28T22:39:12Z logger.go:66:               - "2600:1f13:b21:6500::/56",
TestTerraformBasicExample 2022-09-28T22:39:12Z logger.go:66:             ]
TestTerraformBasicExample 2022-09-28T22:39:12Z logger.go:66:           - prefix_list_ids          = null
TestTerraformBasicExample 2022-09-28T22:39:12Z logger.go:66:           - protocol                 = "tcp"
TestTerraformBasicExample 2022-09-28T22:39:12Z logger.go:66:           - security_group_id        = "sg-1111111111111111"
TestTerraformBasicExample 2022-09-28T22:39:12Z logger.go:66:           - self                     = false
TestTerraformBasicExample 2022-09-28T22:39:12Z logger.go:66:           - source_security_group_id = null
TestTerraformBasicExample 2022-09-28T22:39:12Z logger.go:66:           - timeouts                 = null
TestTerraformBasicExample 2022-09-28T22:39:12Z logger.go:66:           - to_port                  = 443
TestTerraformBasicExample 2022-09-28T22:39:12Z logger.go:66:           - type                     = "ingress"
TestTerraformBasicExample 2022-09-28T22:39:12Z logger.go:66:         },
TestTerraformBasicExample 2022-09-28T22:39:12Z logger.go:66:     ] -> null
TestTerraformBasicExample 2022-09-28T22:39:12Z logger.go:66:   - terratest = {
TestTerraformBasicExample 2022-09-28T22:39:12Z logger.go:66:       - data_aws_vpc_default_cidr_block      = "172.31.0.0/16"
TestTerraformBasicExample 2022-09-28T22:39:12Z logger.go:66:       - data_aws_vpc_default_ipv6_cidr_block = "2600:1f13:b21:6500::/56"
TestTerraformBasicExample 2022-09-28T22:39:12Z logger.go:66:     } -> null
TestTerraformBasicExample 2022-09-28T22:39:14Z logger.go:66: module.security_group.aws_security_group_rule.ingress["172.31.0.0/16-2600:1f13:b21:6500::/56-https-443-tcp-ingress"]: Destroying... [id=sgrule-1111111111]
TestTerraformBasicExample 2022-09-28T22:39:14Z logger.go:66: module.security_group.aws_security_group_rule.ingress["172.31.0.0/16-2600:1f13:b21:6500::/56-https-443-tcp-ingress"]: Destruction complete after 1s
TestTerraformBasicExample 2022-09-28T22:39:14Z logger.go:66: module.security_group.aws_security_group.self[0]: Destroying... [id=sg-1111111111111111]
TestTerraformBasicExample 2022-09-28T22:39:15Z logger.go:66: module.security_group.aws_security_group.self[0]: Destruction complete after 1s
TestTerraformBasicExample 2022-09-28T22:39:15Z logger.go:66:
TestTerraformBasicExample 2022-09-28T22:39:15Z logger.go:66: Destroy complete! Resources: 2 destroyed.
--- FAIL: TestTerraformBasicExample (20.62s)
panic: runtime error: index out of range [0] with length 0 [recovered]
	panic: runtime error: index out of range [0] with length 0

goroutine 7 [running]:
testing.tRunner.func1.2({0xcbee40, 0xc0000394e8})
	/usr/local/go/src/testing/testing.go:1209 +0x24e
testing.tRunner.func1()
	/usr/local/go/src/testing/testing.go:1212 +0x218
panic({0xcbee40, 0xc0000394e8})
	/usr/local/go/src/runtime/panic.go:1038 +0x215
command-line-arguments.TestTerraformBasicExample(0xc0003e5520)
	/workspaces/terraform-aws-security-group-v2/test/terraform_basic_test.go:35 +0x649
testing.tRunner(0xc0003e5520, 0xd4eff8)
	/usr/local/go/src/testing/testing.go:1259 +0x102
created by testing.(*T).Run
	/usr/local/go/src/testing/testing.go:1306 +0x35a
FAIL	command-line-arguments	20.640s
FAIL
