=== RUN   TestTerraformBasicExample
TestTerraformBasicExample 2022-08-23T03:55:01Z retry.go:91: terraform [init -upgrade=false]
TestTerraformBasicExample 2022-08-23T03:55:01Z logger.go:66: Running command terraform with args [init -upgrade=false]
TestTerraformBasicExample 2022-08-23T03:55:01Z logger.go:66: [0m[1mInitializing modules...[0m
TestTerraformBasicExample 2022-08-23T03:55:01Z logger.go:66:
TestTerraformBasicExample 2022-08-23T03:55:01Z logger.go:66: [0m[1mInitializing the backend...[0m
TestTerraformBasicExample 2022-08-23T03:55:02Z logger.go:66:
TestTerraformBasicExample 2022-08-23T03:55:02Z logger.go:66: [0m[1mInitializing provider plugins...[0m
TestTerraformBasicExample 2022-08-23T03:55:02Z logger.go:66: - Reusing previous version of hashicorp/aws from the dependency lock file
TestTerraformBasicExample 2022-08-23T03:55:03Z logger.go:66: - Using previously-installed hashicorp/aws v4.27.0
TestTerraformBasicExample 2022-08-23T03:55:03Z logger.go:66:
TestTerraformBasicExample 2022-08-23T03:55:03Z logger.go:66: [0m[1m[32mTerraform has been successfully initialized![0m[32m[0m
TestTerraformBasicExample 2022-08-23T03:55:03Z logger.go:66: [0m[32m
TestTerraformBasicExample 2022-08-23T03:55:03Z logger.go:66: You may now begin working with Terraform. Try running "terraform plan" to see
TestTerraformBasicExample 2022-08-23T03:55:03Z logger.go:66: any changes that are required for your infrastructure. All Terraform commands
TestTerraformBasicExample 2022-08-23T03:55:03Z logger.go:66: should now work.
TestTerraformBasicExample 2022-08-23T03:55:03Z logger.go:66:
TestTerraformBasicExample 2022-08-23T03:55:03Z logger.go:66: If you ever set or change modules or backend configuration for Terraform,
TestTerraformBasicExample 2022-08-23T03:55:03Z logger.go:66: rerun this command to reinitialize your working directory. If you forget, other
TestTerraformBasicExample 2022-08-23T03:55:03Z logger.go:66: commands will detect it and remind you to do so if necessary.[0m
TestTerraformBasicExample 2022-08-23T03:55:03Z retry.go:91: terraform [apply -input=false -auto-approve -no-color -lock=false]
TestTerraformBasicExample 2022-08-23T03:55:03Z logger.go:66: Running command terraform with args [apply -input=false -auto-approve -no-color -lock=false]
TestTerraformBasicExample 2022-08-23T03:55:06Z logger.go:66: data.aws_vpc.default: Reading...
TestTerraformBasicExample 2022-08-23T03:55:06Z logger.go:66: data.aws_vpc.default: Read complete after 1s [id=vpc-9ce7cafb]
TestTerraformBasicExample 2022-08-23T03:55:06Z logger.go:66:
TestTerraformBasicExample 2022-08-23T03:55:06Z logger.go:66: Terraform used the selected providers to generate the following execution
TestTerraformBasicExample 2022-08-23T03:55:06Z logger.go:66: plan. Resource actions are indicated with the following symbols:
TestTerraformBasicExample 2022-08-23T03:55:06Z logger.go:66:   + create
TestTerraformBasicExample 2022-08-23T03:55:06Z logger.go:66:
TestTerraformBasicExample 2022-08-23T03:55:06Z logger.go:66: Terraform will perform the following actions:
TestTerraformBasicExample 2022-08-23T03:55:06Z logger.go:66:
TestTerraformBasicExample 2022-08-23T03:55:06Z logger.go:66:   # module.security_group.aws_security_group.self[0] will be created
TestTerraformBasicExample 2022-08-23T03:55:06Z logger.go:66:   + resource "aws_security_group" "self" {
TestTerraformBasicExample 2022-08-23T03:55:06Z logger.go:66:       + arn                    = (known after apply)
TestTerraformBasicExample 2022-08-23T03:55:06Z logger.go:66:       + description            = "ex-basic"
TestTerraformBasicExample 2022-08-23T03:55:06Z logger.go:66:       + egress                 = (known after apply)
TestTerraformBasicExample 2022-08-23T03:55:06Z logger.go:66:       + id                     = (known after apply)
TestTerraformBasicExample 2022-08-23T03:55:06Z logger.go:66:       + ingress                = (known after apply)
TestTerraformBasicExample 2022-08-23T03:55:06Z logger.go:66:       + name                   = "ex-basic"
TestTerraformBasicExample 2022-08-23T03:55:06Z logger.go:66:       + name_prefix            = (known after apply)
TestTerraformBasicExample 2022-08-23T03:55:06Z logger.go:66:       + owner_id               = (known after apply)
TestTerraformBasicExample 2022-08-23T03:55:06Z logger.go:66:       + revoke_rules_on_delete = false
TestTerraformBasicExample 2022-08-23T03:55:06Z logger.go:66:       + tags                   = {
TestTerraformBasicExample 2022-08-23T03:55:06Z logger.go:66:           + "Name" = "ex-basic"
TestTerraformBasicExample 2022-08-23T03:55:06Z logger.go:66:         }
TestTerraformBasicExample 2022-08-23T03:55:06Z logger.go:66:       + tags_all               = {
TestTerraformBasicExample 2022-08-23T03:55:06Z logger.go:66:           + "Example"    = "ex-basic"
TestTerraformBasicExample 2022-08-23T03:55:06Z logger.go:66:           + "GithubOrg"  = "aidanmelen"
TestTerraformBasicExample 2022-08-23T03:55:06Z logger.go:66:           + "GithubRepo" = "terraform-aws-security-group"
TestTerraformBasicExample 2022-08-23T03:55:06Z logger.go:66:           + "Name"       = "ex-basic"
TestTerraformBasicExample 2022-08-23T03:55:06Z logger.go:66:         }
TestTerraformBasicExample 2022-08-23T03:55:06Z logger.go:66:       + vpc_id                 = "vpc-9ce7cafb"
TestTerraformBasicExample 2022-08-23T03:55:06Z logger.go:66:
TestTerraformBasicExample 2022-08-23T03:55:06Z logger.go:66:       + timeouts {
TestTerraformBasicExample 2022-08-23T03:55:06Z logger.go:66:           + create = "10m"
TestTerraformBasicExample 2022-08-23T03:55:06Z logger.go:66:           + delete = "15m"
TestTerraformBasicExample 2022-08-23T03:55:06Z logger.go:66:         }
TestTerraformBasicExample 2022-08-23T03:55:06Z logger.go:66:     }
TestTerraformBasicExample 2022-08-23T03:55:06Z logger.go:66:
TestTerraformBasicExample 2022-08-23T03:55:06Z logger.go:66:   # module.security_group.aws_security_group_rule.managed_rules["egress-all-all-to-0.0.0.0/0"] will be created
TestTerraformBasicExample 2022-08-23T03:55:06Z logger.go:66:   + resource "aws_security_group_rule" "managed_rules" {
TestTerraformBasicExample 2022-08-23T03:55:06Z logger.go:66:       + cidr_blocks              = [
TestTerraformBasicExample 2022-08-23T03:55:06Z logger.go:66:           + "0.0.0.0/0",
TestTerraformBasicExample 2022-08-23T03:55:06Z logger.go:66:         ]
TestTerraformBasicExample 2022-08-23T03:55:06Z logger.go:66:       + description              = "Get security patches from WWW"
TestTerraformBasicExample 2022-08-23T03:55:06Z logger.go:66:       + from_port                = -1
TestTerraformBasicExample 2022-08-23T03:55:06Z logger.go:66:       + id                       = (known after apply)
TestTerraformBasicExample 2022-08-23T03:55:06Z logger.go:66:       + protocol                 = "-1"
TestTerraformBasicExample 2022-08-23T03:55:06Z logger.go:66:       + security_group_id        = (known after apply)
TestTerraformBasicExample 2022-08-23T03:55:06Z logger.go:66:       + self                     = false
TestTerraformBasicExample 2022-08-23T03:55:06Z logger.go:66:       + source_security_group_id = (known after apply)
TestTerraformBasicExample 2022-08-23T03:55:06Z logger.go:66:       + to_port                  = -1
TestTerraformBasicExample 2022-08-23T03:55:06Z logger.go:66:       + type                     = "egress"
TestTerraformBasicExample 2022-08-23T03:55:06Z logger.go:66:     }
TestTerraformBasicExample 2022-08-23T03:55:06Z logger.go:66:
TestTerraformBasicExample 2022-08-23T03:55:06Z logger.go:66:   # module.security_group.aws_security_group_rule.managed_rules["egress-all-all-to-::/0"] will be created
TestTerraformBasicExample 2022-08-23T03:55:06Z logger.go:66:   + resource "aws_security_group_rule" "managed_rules" {
TestTerraformBasicExample 2022-08-23T03:55:06Z logger.go:66:       + description              = "Get security patches from WWW"
TestTerraformBasicExample 2022-08-23T03:55:06Z logger.go:66:       + from_port                = -1
TestTerraformBasicExample 2022-08-23T03:55:06Z logger.go:66:       + id                       = (known after apply)
TestTerraformBasicExample 2022-08-23T03:55:06Z logger.go:66:       + ipv6_cidr_blocks         = [
TestTerraformBasicExample 2022-08-23T03:55:06Z logger.go:66:           + "::/0",
TestTerraformBasicExample 2022-08-23T03:55:06Z logger.go:66:         ]
TestTerraformBasicExample 2022-08-23T03:55:06Z logger.go:66:       + protocol                 = "-1"
TestTerraformBasicExample 2022-08-23T03:55:06Z logger.go:66:       + security_group_id        = (known after apply)
TestTerraformBasicExample 2022-08-23T03:55:06Z logger.go:66:       + self                     = false
TestTerraformBasicExample 2022-08-23T03:55:06Z logger.go:66:       + source_security_group_id = (known after apply)
TestTerraformBasicExample 2022-08-23T03:55:06Z logger.go:66:       + to_port                  = -1
TestTerraformBasicExample 2022-08-23T03:55:06Z logger.go:66:       + type                     = "egress"
TestTerraformBasicExample 2022-08-23T03:55:06Z logger.go:66:     }
TestTerraformBasicExample 2022-08-23T03:55:06Z logger.go:66:
TestTerraformBasicExample 2022-08-23T03:55:06Z logger.go:66:   # module.security_group.aws_security_group_rule.managed_rules["ingress-all-all-from-self"] will be created
TestTerraformBasicExample 2022-08-23T03:55:06Z logger.go:66:   + resource "aws_security_group_rule" "managed_rules" {
TestTerraformBasicExample 2022-08-23T03:55:06Z logger.go:66:       + description              = "ingress-all-all-from-self"
TestTerraformBasicExample 2022-08-23T03:55:06Z logger.go:66:       + from_port                = -1
TestTerraformBasicExample 2022-08-23T03:55:06Z logger.go:66:       + id                       = (known after apply)
TestTerraformBasicExample 2022-08-23T03:55:06Z logger.go:66:       + protocol                 = "-1"
TestTerraformBasicExample 2022-08-23T03:55:06Z logger.go:66:       + security_group_id        = (known after apply)
TestTerraformBasicExample 2022-08-23T03:55:06Z logger.go:66:       + self                     = true
TestTerraformBasicExample 2022-08-23T03:55:06Z logger.go:66:       + source_security_group_id = (known after apply)
TestTerraformBasicExample 2022-08-23T03:55:06Z logger.go:66:       + to_port                  = -1
TestTerraformBasicExample 2022-08-23T03:55:06Z logger.go:66:       + type                     = "ingress"
TestTerraformBasicExample 2022-08-23T03:55:06Z logger.go:66:     }
TestTerraformBasicExample 2022-08-23T03:55:06Z logger.go:66:
TestTerraformBasicExample 2022-08-23T03:55:06Z logger.go:66:   # module.security_group.aws_security_group_rule.managed_rules["ingress-https-443-tcp-from-10.0.0.0/24"] will be created
TestTerraformBasicExample 2022-08-23T03:55:06Z logger.go:66:   + resource "aws_security_group_rule" "managed_rules" {
TestTerraformBasicExample 2022-08-23T03:55:06Z logger.go:66:       + cidr_blocks              = [
TestTerraformBasicExample 2022-08-23T03:55:06Z logger.go:66:           + "10.0.0.0/24",
TestTerraformBasicExample 2022-08-23T03:55:06Z logger.go:66:         ]
TestTerraformBasicExample 2022-08-23T03:55:06Z logger.go:66:       + description              = "My Service"
TestTerraformBasicExample 2022-08-23T03:55:06Z logger.go:66:       + from_port                = 443
TestTerraformBasicExample 2022-08-23T03:55:06Z logger.go:66:       + id                       = (known after apply)
TestTerraformBasicExample 2022-08-23T03:55:06Z logger.go:66:       + protocol                 = "tcp"
TestTerraformBasicExample 2022-08-23T03:55:06Z logger.go:66:       + security_group_id        = (known after apply)
TestTerraformBasicExample 2022-08-23T03:55:06Z logger.go:66:       + self                     = false
TestTerraformBasicExample 2022-08-23T03:55:06Z logger.go:66:       + source_security_group_id = (known after apply)
TestTerraformBasicExample 2022-08-23T03:55:06Z logger.go:66:       + to_port                  = 443
TestTerraformBasicExample 2022-08-23T03:55:06Z logger.go:66:       + type                     = "ingress"
TestTerraformBasicExample 2022-08-23T03:55:06Z logger.go:66:     }
TestTerraformBasicExample 2022-08-23T03:55:06Z logger.go:66:
TestTerraformBasicExample 2022-08-23T03:55:06Z logger.go:66: Plan: 5 to add, 0 to change, 0 to destroy.
TestTerraformBasicExample 2022-08-23T03:55:06Z logger.go:66:
TestTerraformBasicExample 2022-08-23T03:55:06Z logger.go:66: Changes to Outputs:
TestTerraformBasicExample 2022-08-23T03:55:06Z logger.go:66:   + egress_rule_keys          = []
TestTerraformBasicExample 2022-08-23T03:55:06Z logger.go:66:   + ingress_rule_keys         = []
TestTerraformBasicExample 2022-08-23T03:55:06Z logger.go:66:   + managed_egress_rule_keys  = (known after apply)
TestTerraformBasicExample 2022-08-23T03:55:06Z logger.go:66:   + managed_ingress_rule_keys = (known after apply)
TestTerraformBasicExample 2022-08-23T03:55:07Z logger.go:66: module.security_group.aws_security_group.self[0]: Creating...
TestTerraformBasicExample 2022-08-23T03:55:10Z logger.go:66: module.security_group.aws_security_group.self[0]: Creation complete after 2s [id=sg-03fe72299a620ca96]
TestTerraformBasicExample 2022-08-23T03:55:10Z logger.go:66: module.security_group.aws_security_group_rule.managed_rules["egress-all-all-to-0.0.0.0/0"]: Creating...
TestTerraformBasicExample 2022-08-23T03:55:10Z logger.go:66: module.security_group.aws_security_group_rule.managed_rules["ingress-all-all-from-self"]: Creating...
TestTerraformBasicExample 2022-08-23T03:55:10Z logger.go:66: module.security_group.aws_security_group_rule.managed_rules["ingress-https-443-tcp-from-10.0.0.0/24"]: Creating...
TestTerraformBasicExample 2022-08-23T03:55:10Z logger.go:66: module.security_group.aws_security_group_rule.managed_rules["egress-all-all-to-::/0"]: Creating...
TestTerraformBasicExample 2022-08-23T03:55:10Z logger.go:66: module.security_group.aws_security_group_rule.managed_rules["egress-all-all-to-0.0.0.0/0"]: Creation complete after 1s [id=sgrule-3121819514]
TestTerraformBasicExample 2022-08-23T03:55:11Z logger.go:66: module.security_group.aws_security_group_rule.managed_rules["ingress-all-all-from-self"]: Creation complete after 2s [id=sgrule-287034247]
TestTerraformBasicExample 2022-08-23T03:55:12Z logger.go:66: module.security_group.aws_security_group_rule.managed_rules["ingress-https-443-tcp-from-10.0.0.0/24"]: Creation complete after 2s [id=sgrule-3391979632]
TestTerraformBasicExample 2022-08-23T03:55:13Z logger.go:66: module.security_group.aws_security_group_rule.managed_rules["egress-all-all-to-::/0"]: Creation complete after 3s [id=sgrule-3993697140]
TestTerraformBasicExample 2022-08-23T03:55:13Z logger.go:66:
TestTerraformBasicExample 2022-08-23T03:55:13Z logger.go:66: Apply complete! Resources: 5 added, 0 changed, 0 destroyed.
TestTerraformBasicExample 2022-08-23T03:55:13Z logger.go:66:
TestTerraformBasicExample 2022-08-23T03:55:13Z logger.go:66: Outputs:
TestTerraformBasicExample 2022-08-23T03:55:13Z logger.go:66:
TestTerraformBasicExample 2022-08-23T03:55:13Z logger.go:66: egress_rule_keys = []
TestTerraformBasicExample 2022-08-23T03:55:13Z logger.go:66: ingress_rule_keys = []
TestTerraformBasicExample 2022-08-23T03:55:13Z logger.go:66: managed_egress_rule_keys = [
TestTerraformBasicExample 2022-08-23T03:55:13Z logger.go:66:   "egress-all-all-to-0.0.0.0/0",
TestTerraformBasicExample 2022-08-23T03:55:13Z logger.go:66:   "egress-all-all-to-::/0",
TestTerraformBasicExample 2022-08-23T03:55:13Z logger.go:66: ]
TestTerraformBasicExample 2022-08-23T03:55:13Z logger.go:66: managed_ingress_rule_keys = [
TestTerraformBasicExample 2022-08-23T03:55:13Z logger.go:66:   "ingress-all-all-from-self",
TestTerraformBasicExample 2022-08-23T03:55:13Z logger.go:66:   "ingress-https-443-tcp-from-10.0.0.0/24",
TestTerraformBasicExample 2022-08-23T03:55:13Z logger.go:66: ]
TestTerraformBasicExample 2022-08-23T03:55:13Z retry.go:91: terraform [output -no-color -json ingress_rule_keys]
TestTerraformBasicExample 2022-08-23T03:55:13Z logger.go:66: Running command terraform with args [output -no-color -json ingress_rule_keys]
TestTerraformBasicExample 2022-08-23T03:55:14Z logger.go:66: []
TestTerraformBasicExample 2022-08-23T03:55:14Z retry.go:91: terraform [output -no-color -json managed_ingress_rule_keys]
TestTerraformBasicExample 2022-08-23T03:55:14Z logger.go:66: Running command terraform with args [output -no-color -json managed_ingress_rule_keys]
TestTerraformBasicExample 2022-08-23T03:55:14Z logger.go:66: ["ingress-all-all-from-self","ingress-https-443-tcp-from-10.0.0.0/24"]
TestTerraformBasicExample 2022-08-23T03:55:14Z retry.go:91: terraform [output -no-color -json egress_rule_keys]
TestTerraformBasicExample 2022-08-23T03:55:14Z logger.go:66: Running command terraform with args [output -no-color -json egress_rule_keys]
TestTerraformBasicExample 2022-08-23T03:55:15Z logger.go:66: []
TestTerraformBasicExample 2022-08-23T03:55:15Z retry.go:91: terraform [output -no-color -json managed_egress_rule_keys]
TestTerraformBasicExample 2022-08-23T03:55:15Z logger.go:66: Running command terraform with args [output -no-color -json managed_egress_rule_keys]
TestTerraformBasicExample 2022-08-23T03:55:16Z logger.go:66: ["egress-all-all-to-0.0.0.0/0","egress-all-all-to-::/0"]
TestTerraformBasicExample 2022-08-23T03:55:16Z retry.go:91: terraform [destroy -auto-approve -input=false -no-color -lock=false]
TestTerraformBasicExample 2022-08-23T03:55:16Z logger.go:66: Running command terraform with args [destroy -auto-approve -input=false -no-color -lock=false]
TestTerraformBasicExample 2022-08-23T03:55:19Z logger.go:66: data.aws_vpc.default: Reading...
TestTerraformBasicExample 2022-08-23T03:55:19Z logger.go:66: data.aws_vpc.default: Read complete after 1s [id=vpc-9ce7cafb]
TestTerraformBasicExample 2022-08-23T03:55:19Z logger.go:66: module.security_group.aws_security_group.self[0]: Refreshing state... [id=sg-03fe72299a620ca96]
TestTerraformBasicExample 2022-08-23T03:55:19Z logger.go:66: module.security_group.aws_security_group_rule.managed_rules["ingress-https-443-tcp-from-10.0.0.0/24"]: Refreshing state... [id=sgrule-3391979632]
TestTerraformBasicExample 2022-08-23T03:55:19Z logger.go:66: module.security_group.aws_security_group_rule.managed_rules["egress-all-all-to-::/0"]: Refreshing state... [id=sgrule-3993697140]
TestTerraformBasicExample 2022-08-23T03:55:19Z logger.go:66: module.security_group.aws_security_group_rule.managed_rules["egress-all-all-to-0.0.0.0/0"]: Refreshing state... [id=sgrule-3121819514]
TestTerraformBasicExample 2022-08-23T03:55:19Z logger.go:66: module.security_group.aws_security_group_rule.managed_rules["ingress-all-all-from-self"]: Refreshing state... [id=sgrule-287034247]
TestTerraformBasicExample 2022-08-23T03:55:20Z logger.go:66:
TestTerraformBasicExample 2022-08-23T03:55:20Z logger.go:66: Terraform used the selected providers to generate the following execution
TestTerraformBasicExample 2022-08-23T03:55:20Z logger.go:66: plan. Resource actions are indicated with the following symbols:
TestTerraformBasicExample 2022-08-23T03:55:20Z logger.go:66:   - destroy
TestTerraformBasicExample 2022-08-23T03:55:20Z logger.go:66:
TestTerraformBasicExample 2022-08-23T03:55:20Z logger.go:66: Terraform will perform the following actions:
TestTerraformBasicExample 2022-08-23T03:55:20Z logger.go:66:
TestTerraformBasicExample 2022-08-23T03:55:20Z logger.go:66:   # module.security_group.aws_security_group.self[0] will be destroyed
TestTerraformBasicExample 2022-08-23T03:55:20Z logger.go:66:   - resource "aws_security_group" "self" {
TestTerraformBasicExample 2022-08-23T03:55:20Z logger.go:66:       - arn                    = "arn:aws:ec2:us-west-2:326504147071:security-group/sg-03fe72299a620ca96" -> null
TestTerraformBasicExample 2022-08-23T03:55:20Z logger.go:66:       - description            = "ex-basic" -> null
TestTerraformBasicExample 2022-08-23T03:55:20Z logger.go:66:       - egress                 = [
TestTerraformBasicExample 2022-08-23T03:55:20Z logger.go:66:           - {
TestTerraformBasicExample 2022-08-23T03:55:20Z logger.go:66:               - cidr_blocks      = [
TestTerraformBasicExample 2022-08-23T03:55:20Z logger.go:66:                   - "0.0.0.0/0",
TestTerraformBasicExample 2022-08-23T03:55:20Z logger.go:66:                 ]
TestTerraformBasicExample 2022-08-23T03:55:20Z logger.go:66:               - description      = "Get security patches from WWW"
TestTerraformBasicExample 2022-08-23T03:55:20Z logger.go:66:               - from_port        = 0
TestTerraformBasicExample 2022-08-23T03:55:20Z logger.go:66:               - ipv6_cidr_blocks = [
TestTerraformBasicExample 2022-08-23T03:55:20Z logger.go:66:                   - "::/0",
TestTerraformBasicExample 2022-08-23T03:55:20Z logger.go:66:                 ]
TestTerraformBasicExample 2022-08-23T03:55:20Z logger.go:66:               - prefix_list_ids  = []
TestTerraformBasicExample 2022-08-23T03:55:20Z logger.go:66:               - protocol         = "-1"
TestTerraformBasicExample 2022-08-23T03:55:20Z logger.go:66:               - security_groups  = []
TestTerraformBasicExample 2022-08-23T03:55:20Z logger.go:66:               - self             = false
TestTerraformBasicExample 2022-08-23T03:55:20Z logger.go:66:               - to_port          = 0
TestTerraformBasicExample 2022-08-23T03:55:20Z logger.go:66:             },
TestTerraformBasicExample 2022-08-23T03:55:20Z logger.go:66:         ] -> null
TestTerraformBasicExample 2022-08-23T03:55:20Z logger.go:66:       - id                     = "sg-03fe72299a620ca96" -> null
TestTerraformBasicExample 2022-08-23T03:55:20Z logger.go:66:       - ingress                = [
TestTerraformBasicExample 2022-08-23T03:55:20Z logger.go:66:           - {
TestTerraformBasicExample 2022-08-23T03:55:20Z logger.go:66:               - cidr_blocks      = [
TestTerraformBasicExample 2022-08-23T03:55:20Z logger.go:66:                   - "10.0.0.0/24",
TestTerraformBasicExample 2022-08-23T03:55:20Z logger.go:66:                 ]
TestTerraformBasicExample 2022-08-23T03:55:20Z logger.go:66:               - description      = "My Service"
TestTerraformBasicExample 2022-08-23T03:55:20Z logger.go:66:               - from_port        = 443
TestTerraformBasicExample 2022-08-23T03:55:20Z logger.go:66:               - ipv6_cidr_blocks = []
TestTerraformBasicExample 2022-08-23T03:55:20Z logger.go:66:               - prefix_list_ids  = []
TestTerraformBasicExample 2022-08-23T03:55:20Z logger.go:66:               - protocol         = "tcp"
TestTerraformBasicExample 2022-08-23T03:55:20Z logger.go:66:               - security_groups  = []
TestTerraformBasicExample 2022-08-23T03:55:20Z logger.go:66:               - self             = false
TestTerraformBasicExample 2022-08-23T03:55:20Z logger.go:66:               - to_port          = 443
TestTerraformBasicExample 2022-08-23T03:55:20Z logger.go:66:             },
TestTerraformBasicExample 2022-08-23T03:55:20Z logger.go:66:           - {
TestTerraformBasicExample 2022-08-23T03:55:20Z logger.go:66:               - cidr_blocks      = []
TestTerraformBasicExample 2022-08-23T03:55:20Z logger.go:66:               - description      = "ingress-all-all-from-self"
TestTerraformBasicExample 2022-08-23T03:55:20Z logger.go:66:               - from_port        = 0
TestTerraformBasicExample 2022-08-23T03:55:20Z logger.go:66:               - ipv6_cidr_blocks = []
TestTerraformBasicExample 2022-08-23T03:55:20Z logger.go:66:               - prefix_list_ids  = []
TestTerraformBasicExample 2022-08-23T03:55:20Z logger.go:66:               - protocol         = "-1"
TestTerraformBasicExample 2022-08-23T03:55:20Z logger.go:66:               - security_groups  = []
TestTerraformBasicExample 2022-08-23T03:55:20Z logger.go:66:               - self             = true
TestTerraformBasicExample 2022-08-23T03:55:20Z logger.go:66:               - to_port          = 0
TestTerraformBasicExample 2022-08-23T03:55:20Z logger.go:66:             },
TestTerraformBasicExample 2022-08-23T03:55:20Z logger.go:66:         ] -> null
TestTerraformBasicExample 2022-08-23T03:55:20Z logger.go:66:       - name                   = "ex-basic" -> null
TestTerraformBasicExample 2022-08-23T03:55:20Z logger.go:66:       - owner_id               = "326504147071" -> null
TestTerraformBasicExample 2022-08-23T03:55:20Z logger.go:66:       - revoke_rules_on_delete = false -> null
TestTerraformBasicExample 2022-08-23T03:55:20Z logger.go:66:       - tags                   = {
TestTerraformBasicExample 2022-08-23T03:55:20Z logger.go:66:           - "Name" = "ex-basic"
TestTerraformBasicExample 2022-08-23T03:55:20Z logger.go:66:         } -> null
TestTerraformBasicExample 2022-08-23T03:55:20Z logger.go:66:       - tags_all               = {
TestTerraformBasicExample 2022-08-23T03:55:20Z logger.go:66:           - "Example"    = "ex-basic"
TestTerraformBasicExample 2022-08-23T03:55:20Z logger.go:66:           - "GithubOrg"  = "aidanmelen"
TestTerraformBasicExample 2022-08-23T03:55:20Z logger.go:66:           - "GithubRepo" = "terraform-aws-security-group"
TestTerraformBasicExample 2022-08-23T03:55:20Z logger.go:66:           - "Name"       = "ex-basic"
TestTerraformBasicExample 2022-08-23T03:55:20Z logger.go:66:         } -> null
TestTerraformBasicExample 2022-08-23T03:55:20Z logger.go:66:       - vpc_id                 = "vpc-9ce7cafb" -> null
TestTerraformBasicExample 2022-08-23T03:55:20Z logger.go:66:
TestTerraformBasicExample 2022-08-23T03:55:20Z logger.go:66:       - timeouts {
TestTerraformBasicExample 2022-08-23T03:55:20Z logger.go:66:           - create = "10m" -> null
TestTerraformBasicExample 2022-08-23T03:55:20Z logger.go:66:           - delete = "15m" -> null
TestTerraformBasicExample 2022-08-23T03:55:20Z logger.go:66:         }
TestTerraformBasicExample 2022-08-23T03:55:20Z logger.go:66:     }
TestTerraformBasicExample 2022-08-23T03:55:20Z logger.go:66:
TestTerraformBasicExample 2022-08-23T03:55:20Z logger.go:66:   # module.security_group.aws_security_group_rule.managed_rules["egress-all-all-to-0.0.0.0/0"] will be destroyed
TestTerraformBasicExample 2022-08-23T03:55:20Z logger.go:66:   - resource "aws_security_group_rule" "managed_rules" {
TestTerraformBasicExample 2022-08-23T03:55:20Z logger.go:66:       - cidr_blocks       = [
TestTerraformBasicExample 2022-08-23T03:55:20Z logger.go:66:           - "0.0.0.0/0",
TestTerraformBasicExample 2022-08-23T03:55:20Z logger.go:66:         ] -> null
TestTerraformBasicExample 2022-08-23T03:55:20Z logger.go:66:       - description       = "Get security patches from WWW" -> null
TestTerraformBasicExample 2022-08-23T03:55:20Z logger.go:66:       - from_port         = 0 -> null
TestTerraformBasicExample 2022-08-23T03:55:20Z logger.go:66:       - id                = "sgrule-3121819514" -> null
TestTerraformBasicExample 2022-08-23T03:55:20Z logger.go:66:       - protocol          = "-1" -> null
TestTerraformBasicExample 2022-08-23T03:55:20Z logger.go:66:       - security_group_id = "sg-03fe72299a620ca96" -> null
TestTerraformBasicExample 2022-08-23T03:55:20Z logger.go:66:       - self              = false -> null
TestTerraformBasicExample 2022-08-23T03:55:20Z logger.go:66:       - to_port           = 0 -> null
TestTerraformBasicExample 2022-08-23T03:55:20Z logger.go:66:       - type              = "egress" -> null
TestTerraformBasicExample 2022-08-23T03:55:20Z logger.go:66:     }
TestTerraformBasicExample 2022-08-23T03:55:20Z logger.go:66:
TestTerraformBasicExample 2022-08-23T03:55:20Z logger.go:66:   # module.security_group.aws_security_group_rule.managed_rules["egress-all-all-to-::/0"] will be destroyed
TestTerraformBasicExample 2022-08-23T03:55:20Z logger.go:66:   - resource "aws_security_group_rule" "managed_rules" {
TestTerraformBasicExample 2022-08-23T03:55:20Z logger.go:66:       - description       = "Get security patches from WWW" -> null
TestTerraformBasicExample 2022-08-23T03:55:20Z logger.go:66:       - from_port         = 0 -> null
TestTerraformBasicExample 2022-08-23T03:55:20Z logger.go:66:       - id                = "sgrule-3993697140" -> null
TestTerraformBasicExample 2022-08-23T03:55:20Z logger.go:66:       - ipv6_cidr_blocks  = [
TestTerraformBasicExample 2022-08-23T03:55:20Z logger.go:66:           - "::/0",
TestTerraformBasicExample 2022-08-23T03:55:20Z logger.go:66:         ] -> null
TestTerraformBasicExample 2022-08-23T03:55:20Z logger.go:66:       - protocol          = "-1" -> null
TestTerraformBasicExample 2022-08-23T03:55:20Z logger.go:66:       - security_group_id = "sg-03fe72299a620ca96" -> null
TestTerraformBasicExample 2022-08-23T03:55:20Z logger.go:66:       - self              = false -> null
TestTerraformBasicExample 2022-08-23T03:55:20Z logger.go:66:       - to_port           = 0 -> null
TestTerraformBasicExample 2022-08-23T03:55:20Z logger.go:66:       - type              = "egress" -> null
TestTerraformBasicExample 2022-08-23T03:55:20Z logger.go:66:     }
TestTerraformBasicExample 2022-08-23T03:55:20Z logger.go:66:
TestTerraformBasicExample 2022-08-23T03:55:20Z logger.go:66:   # module.security_group.aws_security_group_rule.managed_rules["ingress-all-all-from-self"] will be destroyed
TestTerraformBasicExample 2022-08-23T03:55:20Z logger.go:66:   - resource "aws_security_group_rule" "managed_rules" {
TestTerraformBasicExample 2022-08-23T03:55:20Z logger.go:66:       - description       = "ingress-all-all-from-self" -> null
TestTerraformBasicExample 2022-08-23T03:55:20Z logger.go:66:       - from_port         = 0 -> null
TestTerraformBasicExample 2022-08-23T03:55:20Z logger.go:66:       - id                = "sgrule-287034247" -> null
TestTerraformBasicExample 2022-08-23T03:55:20Z logger.go:66:       - protocol          = "-1" -> null
TestTerraformBasicExample 2022-08-23T03:55:20Z logger.go:66:       - security_group_id = "sg-03fe72299a620ca96" -> null
TestTerraformBasicExample 2022-08-23T03:55:20Z logger.go:66:       - self              = true -> null
TestTerraformBasicExample 2022-08-23T03:55:20Z logger.go:66:       - to_port           = 0 -> null
TestTerraformBasicExample 2022-08-23T03:55:20Z logger.go:66:       - type              = "ingress" -> null
TestTerraformBasicExample 2022-08-23T03:55:20Z logger.go:66:     }
TestTerraformBasicExample 2022-08-23T03:55:20Z logger.go:66:
TestTerraformBasicExample 2022-08-23T03:55:20Z logger.go:66:   # module.security_group.aws_security_group_rule.managed_rules["ingress-https-443-tcp-from-10.0.0.0/24"] will be destroyed
TestTerraformBasicExample 2022-08-23T03:55:20Z logger.go:66:   - resource "aws_security_group_rule" "managed_rules" {
TestTerraformBasicExample 2022-08-23T03:55:20Z logger.go:66:       - cidr_blocks       = [
TestTerraformBasicExample 2022-08-23T03:55:20Z logger.go:66:           - "10.0.0.0/24",
TestTerraformBasicExample 2022-08-23T03:55:20Z logger.go:66:         ] -> null
TestTerraformBasicExample 2022-08-23T03:55:20Z logger.go:66:       - description       = "My Service" -> null
TestTerraformBasicExample 2022-08-23T03:55:20Z logger.go:66:       - from_port         = 443 -> null
TestTerraformBasicExample 2022-08-23T03:55:20Z logger.go:66:       - id                = "sgrule-3391979632" -> null
TestTerraformBasicExample 2022-08-23T03:55:20Z logger.go:66:       - protocol          = "tcp" -> null
TestTerraformBasicExample 2022-08-23T03:55:20Z logger.go:66:       - security_group_id = "sg-03fe72299a620ca96" -> null
TestTerraformBasicExample 2022-08-23T03:55:20Z logger.go:66:       - self              = false -> null
TestTerraformBasicExample 2022-08-23T03:55:20Z logger.go:66:       - to_port           = 443 -> null
TestTerraformBasicExample 2022-08-23T03:55:20Z logger.go:66:       - type              = "ingress" -> null
TestTerraformBasicExample 2022-08-23T03:55:20Z logger.go:66:     }
TestTerraformBasicExample 2022-08-23T03:55:20Z logger.go:66:
TestTerraformBasicExample 2022-08-23T03:55:20Z logger.go:66: Plan: 0 to add, 0 to change, 5 to destroy.
TestTerraformBasicExample 2022-08-23T03:55:20Z logger.go:66:
TestTerraformBasicExample 2022-08-23T03:55:20Z logger.go:66: Changes to Outputs:
TestTerraformBasicExample 2022-08-23T03:55:20Z logger.go:66:   - egress_rule_keys          = [] -> null
TestTerraformBasicExample 2022-08-23T03:55:20Z logger.go:66:   - ingress_rule_keys         = [] -> null
TestTerraformBasicExample 2022-08-23T03:55:20Z logger.go:66:   - managed_egress_rule_keys  = [
TestTerraformBasicExample 2022-08-23T03:55:20Z logger.go:66:       - "egress-all-all-to-0.0.0.0/0",
TestTerraformBasicExample 2022-08-23T03:55:20Z logger.go:66:       - "egress-all-all-to-::/0",
TestTerraformBasicExample 2022-08-23T03:55:20Z logger.go:66:     ] -> null
TestTerraformBasicExample 2022-08-23T03:55:20Z logger.go:66:   - managed_ingress_rule_keys = [
TestTerraformBasicExample 2022-08-23T03:55:20Z logger.go:66:       - "ingress-all-all-from-self",
TestTerraformBasicExample 2022-08-23T03:55:20Z logger.go:66:       - "ingress-https-443-tcp-from-10.0.0.0/24",
TestTerraformBasicExample 2022-08-23T03:55:20Z logger.go:66:     ] -> null
TestTerraformBasicExample 2022-08-23T03:55:21Z logger.go:66: module.security_group.aws_security_group_rule.managed_rules["egress-all-all-to-0.0.0.0/0"]: Destroying... [id=sgrule-3121819514]
TestTerraformBasicExample 2022-08-23T03:55:21Z logger.go:66: module.security_group.aws_security_group_rule.managed_rules["egress-all-all-to-::/0"]: Destroying... [id=sgrule-3993697140]
TestTerraformBasicExample 2022-08-23T03:55:21Z logger.go:66: module.security_group.aws_security_group_rule.managed_rules["ingress-all-all-from-self"]: Destroying... [id=sgrule-287034247]
TestTerraformBasicExample 2022-08-23T03:55:21Z logger.go:66: module.security_group.aws_security_group_rule.managed_rules["ingress-https-443-tcp-from-10.0.0.0/24"]: Destroying... [id=sgrule-3391979632]
TestTerraformBasicExample 2022-08-23T03:55:21Z logger.go:66: module.security_group.aws_security_group_rule.managed_rules["ingress-all-all-from-self"]: Destruction complete after 1s
TestTerraformBasicExample 2022-08-23T03:55:22Z logger.go:66: module.security_group.aws_security_group_rule.managed_rules["egress-all-all-to-0.0.0.0/0"]: Destruction complete after 1s
TestTerraformBasicExample 2022-08-23T03:55:23Z logger.go:66: module.security_group.aws_security_group_rule.managed_rules["ingress-https-443-tcp-from-10.0.0.0/24"]: Destruction complete after 2s
TestTerraformBasicExample 2022-08-23T03:55:23Z logger.go:66: module.security_group.aws_security_group_rule.managed_rules["egress-all-all-to-::/0"]: Destruction complete after 3s
TestTerraformBasicExample 2022-08-23T03:55:23Z logger.go:66: module.security_group.aws_security_group.self[0]: Destroying... [id=sg-03fe72299a620ca96]
TestTerraformBasicExample 2022-08-23T03:55:24Z logger.go:66: module.security_group.aws_security_group.self[0]: Destruction complete after 1s
TestTerraformBasicExample 2022-08-23T03:55:24Z logger.go:66:
TestTerraformBasicExample 2022-08-23T03:55:24Z logger.go:66: Destroy complete! Resources: 5 destroyed.
--- PASS: TestTerraformBasicExample (22.85s)
PASS
ok  	command-line-arguments	22.870s
