=== RUN   TestTerraformUnpackRulesExample
TestTerraformUnpackRulesExample 2022-12-01T03:37:48Z retry.go:91: terraform [init -upgrade=false]
TestTerraformUnpackRulesExample 2022-12-01T03:37:48Z logger.go:66: Running command terraform with args [init -upgrade=false]
TestTerraformUnpackRulesExample 2022-12-01T03:37:48Z logger.go:66: [0m[1mInitializing modules...[0m
TestTerraformUnpackRulesExample 2022-12-01T03:37:49Z logger.go:66:
TestTerraformUnpackRulesExample 2022-12-01T03:37:49Z logger.go:66: [0m[1mInitializing the backend...[0m
TestTerraformUnpackRulesExample 2022-12-01T03:37:50Z logger.go:66:
TestTerraformUnpackRulesExample 2022-12-01T03:37:50Z logger.go:66: [0m[1mInitializing provider plugins...[0m
TestTerraformUnpackRulesExample 2022-12-01T03:37:50Z logger.go:66: - Reusing previous version of hashicorp/aws from the dependency lock file
TestTerraformUnpackRulesExample 2022-12-01T03:37:51Z logger.go:66: - Using previously-installed hashicorp/aws v4.39.0
TestTerraformUnpackRulesExample 2022-12-01T03:37:51Z logger.go:66:
TestTerraformUnpackRulesExample 2022-12-01T03:37:51Z logger.go:66: [0m[1m[32mTerraform has been successfully initialized![0m[32m[0m
TestTerraformUnpackRulesExample 2022-12-01T03:37:51Z logger.go:66: [0m[32m
TestTerraformUnpackRulesExample 2022-12-01T03:37:51Z logger.go:66: You may now begin working with Terraform. Try running "terraform plan" to see
TestTerraformUnpackRulesExample 2022-12-01T03:37:51Z logger.go:66: any changes that are required for your infrastructure. All Terraform commands
TestTerraformUnpackRulesExample 2022-12-01T03:37:51Z logger.go:66: should now work.
TestTerraformUnpackRulesExample 2022-12-01T03:37:51Z logger.go:66:
TestTerraformUnpackRulesExample 2022-12-01T03:37:51Z logger.go:66: If you ever set or change modules or backend configuration for Terraform,
TestTerraformUnpackRulesExample 2022-12-01T03:37:51Z logger.go:66: rerun this command to reinitialize your working directory. If you forget, other
TestTerraformUnpackRulesExample 2022-12-01T03:37:51Z logger.go:66: commands will detect it and remind you to do so if necessary.[0m
TestTerraformUnpackRulesExample 2022-12-01T03:37:51Z retry.go:91: terraform [apply -input=false -auto-approve -no-color -lock=false]
TestTerraformUnpackRulesExample 2022-12-01T03:37:51Z logger.go:66: Running command terraform with args [apply -input=false -auto-approve -no-color -lock=false]
TestTerraformUnpackRulesExample 2022-12-01T03:37:54Z logger.go:66: data.aws_vpc.default: Reading...
TestTerraformUnpackRulesExample 2022-12-01T03:37:54Z logger.go:66: data.aws_prefix_list.private_s3: Reading...
TestTerraformUnpackRulesExample 2022-12-01T03:37:54Z logger.go:66: data.aws_prefix_list.private_s3: Read complete after 0s [id=pl-1111111111111111]
TestTerraformUnpackRulesExample 2022-12-01T03:37:55Z logger.go:66: data.aws_vpc.default: Read complete after 0s [id=vpc-1111111111111111]
TestTerraformUnpackRulesExample 2022-12-01T03:37:55Z logger.go:66: data.aws_security_group.default: Reading...
TestTerraformUnpackRulesExample 2022-12-01T03:37:55Z logger.go:66: data.aws_security_group.default: Read complete after 0s [id=sg-1111111111111111]
TestTerraformUnpackRulesExample 2022-12-01T03:37:55Z logger.go:66:
TestTerraformUnpackRulesExample 2022-12-01T03:37:55Z logger.go:66: Terraform used the selected providers to generate the following execution
TestTerraformUnpackRulesExample 2022-12-01T03:37:55Z logger.go:66: plan. Resource actions are indicated with the following symbols:
TestTerraformUnpackRulesExample 2022-12-01T03:37:55Z logger.go:66:   + create
TestTerraformUnpackRulesExample 2022-12-01T03:37:55Z logger.go:66:
TestTerraformUnpackRulesExample 2022-12-01T03:37:55Z logger.go:66: Terraform will perform the following actions:
TestTerraformUnpackRulesExample 2022-12-01T03:37:55Z logger.go:66:
TestTerraformUnpackRulesExample 2022-12-01T03:37:55Z logger.go:66:   # module.security_group.aws_security_group.self[0] will be created
TestTerraformUnpackRulesExample 2022-12-01T03:37:55Z logger.go:66:   + resource "aws_security_group" "self" {
TestTerraformUnpackRulesExample 2022-12-01T03:37:55Z logger.go:66:       + arn                    = (known after apply)
TestTerraformUnpackRulesExample 2022-12-01T03:37:55Z logger.go:66:       + description            = "ex-unpack"
TestTerraformUnpackRulesExample 2022-12-01T03:37:55Z logger.go:66:       + egress                 = (known after apply)
TestTerraformUnpackRulesExample 2022-12-01T03:37:55Z logger.go:66:       + id                     = (known after apply)
TestTerraformUnpackRulesExample 2022-12-01T03:37:55Z logger.go:66:       + ingress                = (known after apply)
TestTerraformUnpackRulesExample 2022-12-01T03:37:55Z logger.go:66:       + name                   = "ex-unpack"
TestTerraformUnpackRulesExample 2022-12-01T03:37:55Z logger.go:66:       + name_prefix            = (known after apply)
TestTerraformUnpackRulesExample 2022-12-01T03:37:55Z logger.go:66:       + owner_id               = (known after apply)
TestTerraformUnpackRulesExample 2022-12-01T03:37:55Z logger.go:66:       + revoke_rules_on_delete = false
TestTerraformUnpackRulesExample 2022-12-01T03:37:55Z logger.go:66:       + tags                   = {
TestTerraformUnpackRulesExample 2022-12-01T03:37:55Z logger.go:66:           + "Name" = "ex-unpack"
TestTerraformUnpackRulesExample 2022-12-01T03:37:55Z logger.go:66:         }
TestTerraformUnpackRulesExample 2022-12-01T03:37:55Z logger.go:66:       + tags_all               = {
TestTerraformUnpackRulesExample 2022-12-01T03:37:55Z logger.go:66:           + "Example"    = "ex-unpack"
TestTerraformUnpackRulesExample 2022-12-01T03:37:55Z logger.go:66:           + "GithubOrg"  = "aidanmelen"
TestTerraformUnpackRulesExample 2022-12-01T03:37:55Z logger.go:66:           + "GithubRepo" = "terraform-aws-security-group"
TestTerraformUnpackRulesExample 2022-12-01T03:37:55Z logger.go:66:           + "Name"       = "ex-unpack"
TestTerraformUnpackRulesExample 2022-12-01T03:37:55Z logger.go:66:         }
TestTerraformUnpackRulesExample 2022-12-01T03:37:55Z logger.go:66:       + vpc_id                 = "vpc-1111111111111111"
TestTerraformUnpackRulesExample 2022-12-01T03:37:55Z logger.go:66:
TestTerraformUnpackRulesExample 2022-12-01T03:37:55Z logger.go:66:       + timeouts {
TestTerraformUnpackRulesExample 2022-12-01T03:37:55Z logger.go:66:           + create = "10m"
TestTerraformUnpackRulesExample 2022-12-01T03:37:55Z logger.go:66:           + delete = "15m"
TestTerraformUnpackRulesExample 2022-12-01T03:37:55Z logger.go:66:         }
TestTerraformUnpackRulesExample 2022-12-01T03:37:55Z logger.go:66:     }
TestTerraformUnpackRulesExample 2022-12-01T03:37:55Z logger.go:66:
TestTerraformUnpackRulesExample 2022-12-01T03:37:55Z logger.go:66:   # module.security_group.aws_security_group_rule.ingress["22-22-tcp-10.10.0.0/16"] will be created
TestTerraformUnpackRulesExample 2022-12-01T03:37:55Z logger.go:66:   + resource "aws_security_group_rule" "ingress" {
TestTerraformUnpackRulesExample 2022-12-01T03:37:55Z logger.go:66:       + cidr_blocks              = [
TestTerraformUnpackRulesExample 2022-12-01T03:37:55Z logger.go:66:           + "10.10.0.0/16",
TestTerraformUnpackRulesExample 2022-12-01T03:37:55Z logger.go:66:         ]
TestTerraformUnpackRulesExample 2022-12-01T03:37:55Z logger.go:66:       + description              = "unpack customer rules."
TestTerraformUnpackRulesExample 2022-12-01T03:37:55Z logger.go:66:       + from_port                = 22
TestTerraformUnpackRulesExample 2022-12-01T03:37:55Z logger.go:66:       + id                       = (known after apply)
TestTerraformUnpackRulesExample 2022-12-01T03:37:55Z logger.go:66:       + protocol                 = "tcp"
TestTerraformUnpackRulesExample 2022-12-01T03:37:55Z logger.go:66:       + security_group_id        = (known after apply)
TestTerraformUnpackRulesExample 2022-12-01T03:37:55Z logger.go:66:       + self                     = false
TestTerraformUnpackRulesExample 2022-12-01T03:37:55Z logger.go:66:       + source_security_group_id = (known after apply)
TestTerraformUnpackRulesExample 2022-12-01T03:37:55Z logger.go:66:       + to_port                  = 22
TestTerraformUnpackRulesExample 2022-12-01T03:37:55Z logger.go:66:       + type                     = "ingress"
TestTerraformUnpackRulesExample 2022-12-01T03:37:55Z logger.go:66:     }
TestTerraformUnpackRulesExample 2022-12-01T03:37:55Z logger.go:66:
TestTerraformUnpackRulesExample 2022-12-01T03:37:55Z logger.go:66:   # module.security_group.aws_security_group_rule.ingress["22-22-tcp-10.20.0.0/24"] will be created
TestTerraformUnpackRulesExample 2022-12-01T03:37:55Z logger.go:66:   + resource "aws_security_group_rule" "ingress" {
TestTerraformUnpackRulesExample 2022-12-01T03:37:55Z logger.go:66:       + cidr_blocks              = [
TestTerraformUnpackRulesExample 2022-12-01T03:37:55Z logger.go:66:           + "10.20.0.0/24",
TestTerraformUnpackRulesExample 2022-12-01T03:37:55Z logger.go:66:         ]
TestTerraformUnpackRulesExample 2022-12-01T03:37:55Z logger.go:66:       + description              = "unpack customer rules."
TestTerraformUnpackRulesExample 2022-12-01T03:37:55Z logger.go:66:       + from_port                = 22
TestTerraformUnpackRulesExample 2022-12-01T03:37:55Z logger.go:66:       + id                       = (known after apply)
TestTerraformUnpackRulesExample 2022-12-01T03:37:55Z logger.go:66:       + protocol                 = "tcp"
TestTerraformUnpackRulesExample 2022-12-01T03:37:55Z logger.go:66:       + security_group_id        = (known after apply)
TestTerraformUnpackRulesExample 2022-12-01T03:37:55Z logger.go:66:       + self                     = false
TestTerraformUnpackRulesExample 2022-12-01T03:37:55Z logger.go:66:       + source_security_group_id = (known after apply)
TestTerraformUnpackRulesExample 2022-12-01T03:37:55Z logger.go:66:       + to_port                  = 22
TestTerraformUnpackRulesExample 2022-12-01T03:37:55Z logger.go:66:       + type                     = "ingress"
TestTerraformUnpackRulesExample 2022-12-01T03:37:55Z logger.go:66:     }
TestTerraformUnpackRulesExample 2022-12-01T03:37:55Z logger.go:66:
TestTerraformUnpackRulesExample 2022-12-01T03:37:55Z logger.go:66:   # module.security_group.aws_security_group_rule.ingress["22-22-tcp-2001:db8::/64"] will be created
TestTerraformUnpackRulesExample 2022-12-01T03:37:55Z logger.go:66:   + resource "aws_security_group_rule" "ingress" {
TestTerraformUnpackRulesExample 2022-12-01T03:37:55Z logger.go:66:       + description              = "unpack customer rules."
TestTerraformUnpackRulesExample 2022-12-01T03:37:55Z logger.go:66:       + from_port                = 22
TestTerraformUnpackRulesExample 2022-12-01T03:37:55Z logger.go:66:       + id                       = (known after apply)
TestTerraformUnpackRulesExample 2022-12-01T03:37:55Z logger.go:66:       + ipv6_cidr_blocks         = [
TestTerraformUnpackRulesExample 2022-12-01T03:37:55Z logger.go:66:           + "2001:db8::/64",
TestTerraformUnpackRulesExample 2022-12-01T03:37:55Z logger.go:66:         ]
TestTerraformUnpackRulesExample 2022-12-01T03:37:55Z logger.go:66:       + protocol                 = "tcp"
TestTerraformUnpackRulesExample 2022-12-01T03:37:55Z logger.go:66:       + security_group_id        = (known after apply)
TestTerraformUnpackRulesExample 2022-12-01T03:37:55Z logger.go:66:       + self                     = false
TestTerraformUnpackRulesExample 2022-12-01T03:37:55Z logger.go:66:       + source_security_group_id = (known after apply)
TestTerraformUnpackRulesExample 2022-12-01T03:37:55Z logger.go:66:       + to_port                  = 22
TestTerraformUnpackRulesExample 2022-12-01T03:37:55Z logger.go:66:       + type                     = "ingress"
TestTerraformUnpackRulesExample 2022-12-01T03:37:55Z logger.go:66:     }
TestTerraformUnpackRulesExample 2022-12-01T03:37:55Z logger.go:66:
TestTerraformUnpackRulesExample 2022-12-01T03:37:55Z logger.go:66:   # module.security_group.aws_security_group_rule.ingress["22-22-tcp-pl-1111111111111111"] will be created
TestTerraformUnpackRulesExample 2022-12-01T03:37:55Z logger.go:66:   + resource "aws_security_group_rule" "ingress" {
TestTerraformUnpackRulesExample 2022-12-01T03:37:55Z logger.go:66:       + description              = "unpack customer rules."
TestTerraformUnpackRulesExample 2022-12-01T03:37:55Z logger.go:66:       + from_port                = 22
TestTerraformUnpackRulesExample 2022-12-01T03:37:55Z logger.go:66:       + id                       = (known after apply)
TestTerraformUnpackRulesExample 2022-12-01T03:37:55Z logger.go:66:       + prefix_list_ids          = [
TestTerraformUnpackRulesExample 2022-12-01T03:37:55Z logger.go:66:           + "pl-1111111111111111",
TestTerraformUnpackRulesExample 2022-12-01T03:37:55Z logger.go:66:         ]
TestTerraformUnpackRulesExample 2022-12-01T03:37:55Z logger.go:66:       + protocol                 = "tcp"
TestTerraformUnpackRulesExample 2022-12-01T03:37:55Z logger.go:66:       + security_group_id        = (known after apply)
TestTerraformUnpackRulesExample 2022-12-01T03:37:55Z logger.go:66:       + self                     = false
TestTerraformUnpackRulesExample 2022-12-01T03:37:55Z logger.go:66:       + source_security_group_id = (known after apply)
TestTerraformUnpackRulesExample 2022-12-01T03:37:55Z logger.go:66:       + to_port                  = 22
TestTerraformUnpackRulesExample 2022-12-01T03:37:55Z logger.go:66:       + type                     = "ingress"
TestTerraformUnpackRulesExample 2022-12-01T03:37:55Z logger.go:66:     }
TestTerraformUnpackRulesExample 2022-12-01T03:37:55Z logger.go:66:
TestTerraformUnpackRulesExample 2022-12-01T03:37:55Z logger.go:66:   # module.security_group.aws_security_group_rule.ingress["22-22-tcp-sg-1111111111111111"] will be created
TestTerraformUnpackRulesExample 2022-12-01T03:37:55Z logger.go:66:   + resource "aws_security_group_rule" "ingress" {
TestTerraformUnpackRulesExample 2022-12-01T03:37:55Z logger.go:66:       + description              = "unpack customer rules."
TestTerraformUnpackRulesExample 2022-12-01T03:37:55Z logger.go:66:       + from_port                = 22
TestTerraformUnpackRulesExample 2022-12-01T03:37:55Z logger.go:66:       + id                       = (known after apply)
TestTerraformUnpackRulesExample 2022-12-01T03:37:55Z logger.go:66:       + protocol                 = "tcp"
TestTerraformUnpackRulesExample 2022-12-01T03:37:55Z logger.go:66:       + security_group_id        = (known after apply)
TestTerraformUnpackRulesExample 2022-12-01T03:37:55Z logger.go:66:       + self                     = false
TestTerraformUnpackRulesExample 2022-12-01T03:37:55Z logger.go:66:       + source_security_group_id = "sg-1111111111111111"
TestTerraformUnpackRulesExample 2022-12-01T03:37:55Z logger.go:66:       + to_port                  = 22
TestTerraformUnpackRulesExample 2022-12-01T03:37:55Z logger.go:66:       + type                     = "ingress"
TestTerraformUnpackRulesExample 2022-12-01T03:37:55Z logger.go:66:     }
TestTerraformUnpackRulesExample 2022-12-01T03:37:55Z logger.go:66:
TestTerraformUnpackRulesExample 2022-12-01T03:37:55Z logger.go:66:   # module.security_group.aws_security_group_rule.ingress["22-22-tcp-true"] will be created
TestTerraformUnpackRulesExample 2022-12-01T03:37:55Z logger.go:66:   + resource "aws_security_group_rule" "ingress" {
TestTerraformUnpackRulesExample 2022-12-01T03:37:55Z logger.go:66:       + description              = "unpack customer rules."
TestTerraformUnpackRulesExample 2022-12-01T03:37:55Z logger.go:66:       + from_port                = 22
TestTerraformUnpackRulesExample 2022-12-01T03:37:55Z logger.go:66:       + id                       = (known after apply)
TestTerraformUnpackRulesExample 2022-12-01T03:37:55Z logger.go:66:       + protocol                 = "tcp"
TestTerraformUnpackRulesExample 2022-12-01T03:37:55Z logger.go:66:       + security_group_id        = (known after apply)
TestTerraformUnpackRulesExample 2022-12-01T03:37:55Z logger.go:66:       + self                     = true
TestTerraformUnpackRulesExample 2022-12-01T03:37:55Z logger.go:66:       + source_security_group_id = (known after apply)
TestTerraformUnpackRulesExample 2022-12-01T03:37:55Z logger.go:66:       + to_port                  = 22
TestTerraformUnpackRulesExample 2022-12-01T03:37:55Z logger.go:66:       + type                     = "ingress"
TestTerraformUnpackRulesExample 2022-12-01T03:37:55Z logger.go:66:     }
TestTerraformUnpackRulesExample 2022-12-01T03:37:55Z logger.go:66:
TestTerraformUnpackRulesExample 2022-12-01T03:37:55Z logger.go:66:   # module.security_group.aws_security_group_rule.ingress["443-443-tcp-0.0.0.0/0"] will be created
TestTerraformUnpackRulesExample 2022-12-01T03:37:55Z logger.go:66:   + resource "aws_security_group_rule" "ingress" {
TestTerraformUnpackRulesExample 2022-12-01T03:37:55Z logger.go:66:       + cidr_blocks              = [
TestTerraformUnpackRulesExample 2022-12-01T03:37:55Z logger.go:66:           + "0.0.0.0/0",
TestTerraformUnpackRulesExample 2022-12-01T03:37:55Z logger.go:66:         ]
TestTerraformUnpackRulesExample 2022-12-01T03:37:55Z logger.go:66:       + description              = "unpack common rule."
TestTerraformUnpackRulesExample 2022-12-01T03:37:55Z logger.go:66:       + from_port                = 443
TestTerraformUnpackRulesExample 2022-12-01T03:37:55Z logger.go:66:       + id                       = (known after apply)
TestTerraformUnpackRulesExample 2022-12-01T03:37:55Z logger.go:66:       + protocol                 = "tcp"
TestTerraformUnpackRulesExample 2022-12-01T03:37:55Z logger.go:66:       + security_group_id        = (known after apply)
TestTerraformUnpackRulesExample 2022-12-01T03:37:55Z logger.go:66:       + self                     = false
TestTerraformUnpackRulesExample 2022-12-01T03:37:55Z logger.go:66:       + source_security_group_id = (known after apply)
TestTerraformUnpackRulesExample 2022-12-01T03:37:55Z logger.go:66:       + to_port                  = 443
TestTerraformUnpackRulesExample 2022-12-01T03:37:55Z logger.go:66:       + type                     = "ingress"
TestTerraformUnpackRulesExample 2022-12-01T03:37:55Z logger.go:66:     }
TestTerraformUnpackRulesExample 2022-12-01T03:37:55Z logger.go:66:
TestTerraformUnpackRulesExample 2022-12-01T03:37:55Z logger.go:66:   # module.security_group.aws_security_group_rule.ingress["443-443-tcp-::/0"] will be created
TestTerraformUnpackRulesExample 2022-12-01T03:37:55Z logger.go:66:   + resource "aws_security_group_rule" "ingress" {
TestTerraformUnpackRulesExample 2022-12-01T03:37:55Z logger.go:66:       + description              = "unpack common rule."
TestTerraformUnpackRulesExample 2022-12-01T03:37:55Z logger.go:66:       + from_port                = 443
TestTerraformUnpackRulesExample 2022-12-01T03:37:55Z logger.go:66:       + id                       = (known after apply)
TestTerraformUnpackRulesExample 2022-12-01T03:37:55Z logger.go:66:       + ipv6_cidr_blocks         = [
TestTerraformUnpackRulesExample 2022-12-01T03:37:55Z logger.go:66:           + "::/0",
TestTerraformUnpackRulesExample 2022-12-01T03:37:55Z logger.go:66:         ]
TestTerraformUnpackRulesExample 2022-12-01T03:37:55Z logger.go:66:       + protocol                 = "tcp"
TestTerraformUnpackRulesExample 2022-12-01T03:37:55Z logger.go:66:       + security_group_id        = (known after apply)
TestTerraformUnpackRulesExample 2022-12-01T03:37:55Z logger.go:66:       + self                     = false
TestTerraformUnpackRulesExample 2022-12-01T03:37:55Z logger.go:66:       + source_security_group_id = (known after apply)
TestTerraformUnpackRulesExample 2022-12-01T03:37:55Z logger.go:66:       + to_port                  = 443
TestTerraformUnpackRulesExample 2022-12-01T03:37:55Z logger.go:66:       + type                     = "ingress"
TestTerraformUnpackRulesExample 2022-12-01T03:37:55Z logger.go:66:     }
TestTerraformUnpackRulesExample 2022-12-01T03:37:55Z logger.go:66:
TestTerraformUnpackRulesExample 2022-12-01T03:37:55Z logger.go:66:   # module.security_group.aws_security_group_rule.ingress["5432-5432-tcp-10.10.0.0/16"] will be created
TestTerraformUnpackRulesExample 2022-12-01T03:37:55Z logger.go:66:   + resource "aws_security_group_rule" "ingress" {
TestTerraformUnpackRulesExample 2022-12-01T03:37:55Z logger.go:66:       + cidr_blocks              = [
TestTerraformUnpackRulesExample 2022-12-01T03:37:55Z logger.go:66:           + "10.10.0.0/16",
TestTerraformUnpackRulesExample 2022-12-01T03:37:55Z logger.go:66:         ]
TestTerraformUnpackRulesExample 2022-12-01T03:37:55Z logger.go:66:       + description              = "unpack managed rules"
TestTerraformUnpackRulesExample 2022-12-01T03:37:55Z logger.go:66:       + from_port                = 5432
TestTerraformUnpackRulesExample 2022-12-01T03:37:55Z logger.go:66:       + id                       = (known after apply)
TestTerraformUnpackRulesExample 2022-12-01T03:37:55Z logger.go:66:       + protocol                 = "tcp"
TestTerraformUnpackRulesExample 2022-12-01T03:37:55Z logger.go:66:       + security_group_id        = (known after apply)
TestTerraformUnpackRulesExample 2022-12-01T03:37:55Z logger.go:66:       + self                     = false
TestTerraformUnpackRulesExample 2022-12-01T03:37:55Z logger.go:66:       + source_security_group_id = (known after apply)
TestTerraformUnpackRulesExample 2022-12-01T03:37:55Z logger.go:66:       + to_port                  = 5432
TestTerraformUnpackRulesExample 2022-12-01T03:37:55Z logger.go:66:       + type                     = "ingress"
TestTerraformUnpackRulesExample 2022-12-01T03:37:55Z logger.go:66:     }
TestTerraformUnpackRulesExample 2022-12-01T03:37:55Z logger.go:66:
TestTerraformUnpackRulesExample 2022-12-01T03:37:55Z logger.go:66:   # module.security_group.aws_security_group_rule.ingress["5432-5432-tcp-10.20.0.0/24"] will be created
TestTerraformUnpackRulesExample 2022-12-01T03:37:55Z logger.go:66:   + resource "aws_security_group_rule" "ingress" {
TestTerraformUnpackRulesExample 2022-12-01T03:37:55Z logger.go:66:       + cidr_blocks              = [
TestTerraformUnpackRulesExample 2022-12-01T03:37:55Z logger.go:66:           + "10.20.0.0/24",
TestTerraformUnpackRulesExample 2022-12-01T03:37:55Z logger.go:66:         ]
TestTerraformUnpackRulesExample 2022-12-01T03:37:55Z logger.go:66:       + description              = "unpack managed rules"
TestTerraformUnpackRulesExample 2022-12-01T03:37:55Z logger.go:66:       + from_port                = 5432
TestTerraformUnpackRulesExample 2022-12-01T03:37:55Z logger.go:66:       + id                       = (known after apply)
TestTerraformUnpackRulesExample 2022-12-01T03:37:55Z logger.go:66:       + protocol                 = "tcp"
TestTerraformUnpackRulesExample 2022-12-01T03:37:55Z logger.go:66:       + security_group_id        = (known after apply)
TestTerraformUnpackRulesExample 2022-12-01T03:37:55Z logger.go:66:       + self                     = false
TestTerraformUnpackRulesExample 2022-12-01T03:37:55Z logger.go:66:       + source_security_group_id = (known after apply)
TestTerraformUnpackRulesExample 2022-12-01T03:37:55Z logger.go:66:       + to_port                  = 5432
TestTerraformUnpackRulesExample 2022-12-01T03:37:55Z logger.go:66:       + type                     = "ingress"
TestTerraformUnpackRulesExample 2022-12-01T03:37:55Z logger.go:66:     }
TestTerraformUnpackRulesExample 2022-12-01T03:37:55Z logger.go:66:
TestTerraformUnpackRulesExample 2022-12-01T03:37:55Z logger.go:66:   # module.security_group.aws_security_group_rule.ingress["5432-5432-tcp-2001:db8::/64"] will be created
TestTerraformUnpackRulesExample 2022-12-01T03:37:55Z logger.go:66:   + resource "aws_security_group_rule" "ingress" {
TestTerraformUnpackRulesExample 2022-12-01T03:37:55Z logger.go:66:       + description              = "unpack managed rules"
TestTerraformUnpackRulesExample 2022-12-01T03:37:55Z logger.go:66:       + from_port                = 5432
TestTerraformUnpackRulesExample 2022-12-01T03:37:55Z logger.go:66:       + id                       = (known after apply)
TestTerraformUnpackRulesExample 2022-12-01T03:37:55Z logger.go:66:       + ipv6_cidr_blocks         = [
TestTerraformUnpackRulesExample 2022-12-01T03:37:55Z logger.go:66:           + "2001:db8::/64",
TestTerraformUnpackRulesExample 2022-12-01T03:37:55Z logger.go:66:         ]
TestTerraformUnpackRulesExample 2022-12-01T03:37:55Z logger.go:66:       + protocol                 = "tcp"
TestTerraformUnpackRulesExample 2022-12-01T03:37:55Z logger.go:66:       + security_group_id        = (known after apply)
TestTerraformUnpackRulesExample 2022-12-01T03:37:55Z logger.go:66:       + self                     = false
TestTerraformUnpackRulesExample 2022-12-01T03:37:55Z logger.go:66:       + source_security_group_id = (known after apply)
TestTerraformUnpackRulesExample 2022-12-01T03:37:55Z logger.go:66:       + to_port                  = 5432
TestTerraformUnpackRulesExample 2022-12-01T03:37:55Z logger.go:66:       + type                     = "ingress"
TestTerraformUnpackRulesExample 2022-12-01T03:37:55Z logger.go:66:     }
TestTerraformUnpackRulesExample 2022-12-01T03:37:55Z logger.go:66:
TestTerraformUnpackRulesExample 2022-12-01T03:37:55Z logger.go:66:   # module.security_group.aws_security_group_rule.ingress["5432-5432-tcp-pl-1111111111111111"] will be created
TestTerraformUnpackRulesExample 2022-12-01T03:37:55Z logger.go:66:   + resource "aws_security_group_rule" "ingress" {
TestTerraformUnpackRulesExample 2022-12-01T03:37:55Z logger.go:66:       + description              = "unpack managed rules"
TestTerraformUnpackRulesExample 2022-12-01T03:37:55Z logger.go:66:       + from_port                = 5432
TestTerraformUnpackRulesExample 2022-12-01T03:37:55Z logger.go:66:       + id                       = (known after apply)
TestTerraformUnpackRulesExample 2022-12-01T03:37:55Z logger.go:66:       + prefix_list_ids          = [
TestTerraformUnpackRulesExample 2022-12-01T03:37:55Z logger.go:66:           + "pl-1111111111111111",
TestTerraformUnpackRulesExample 2022-12-01T03:37:55Z logger.go:66:         ]
TestTerraformUnpackRulesExample 2022-12-01T03:37:55Z logger.go:66:       + protocol                 = "tcp"
TestTerraformUnpackRulesExample 2022-12-01T03:37:55Z logger.go:66:       + security_group_id        = (known after apply)
TestTerraformUnpackRulesExample 2022-12-01T03:37:55Z logger.go:66:       + self                     = false
TestTerraformUnpackRulesExample 2022-12-01T03:37:55Z logger.go:66:       + source_security_group_id = (known after apply)
TestTerraformUnpackRulesExample 2022-12-01T03:37:55Z logger.go:66:       + to_port                  = 5432
TestTerraformUnpackRulesExample 2022-12-01T03:37:55Z logger.go:66:       + type                     = "ingress"
TestTerraformUnpackRulesExample 2022-12-01T03:37:55Z logger.go:66:     }
TestTerraformUnpackRulesExample 2022-12-01T03:37:55Z logger.go:66:
TestTerraformUnpackRulesExample 2022-12-01T03:37:55Z logger.go:66:   # module.security_group.aws_security_group_rule.ingress["5432-5432-tcp-sg-1111111111111111"] will be created
TestTerraformUnpackRulesExample 2022-12-01T03:37:55Z logger.go:66:   + resource "aws_security_group_rule" "ingress" {
TestTerraformUnpackRulesExample 2022-12-01T03:37:55Z logger.go:66:       + description              = "unpack managed rules"
TestTerraformUnpackRulesExample 2022-12-01T03:37:55Z logger.go:66:       + from_port                = 5432
TestTerraformUnpackRulesExample 2022-12-01T03:37:55Z logger.go:66:       + id                       = (known after apply)
TestTerraformUnpackRulesExample 2022-12-01T03:37:55Z logger.go:66:       + protocol                 = "tcp"
TestTerraformUnpackRulesExample 2022-12-01T03:37:55Z logger.go:66:       + security_group_id        = (known after apply)
TestTerraformUnpackRulesExample 2022-12-01T03:37:55Z logger.go:66:       + self                     = false
TestTerraformUnpackRulesExample 2022-12-01T03:37:55Z logger.go:66:       + source_security_group_id = "sg-1111111111111111"
TestTerraformUnpackRulesExample 2022-12-01T03:37:55Z logger.go:66:       + to_port                  = 5432
TestTerraformUnpackRulesExample 2022-12-01T03:37:55Z logger.go:66:       + type                     = "ingress"
TestTerraformUnpackRulesExample 2022-12-01T03:37:55Z logger.go:66:     }
TestTerraformUnpackRulesExample 2022-12-01T03:37:55Z logger.go:66:
TestTerraformUnpackRulesExample 2022-12-01T03:37:55Z logger.go:66:   # module.security_group.aws_security_group_rule.ingress["5432-5432-tcp-true"] will be created
TestTerraformUnpackRulesExample 2022-12-01T03:37:55Z logger.go:66:   + resource "aws_security_group_rule" "ingress" {
TestTerraformUnpackRulesExample 2022-12-01T03:37:55Z logger.go:66:       + description              = "unpack managed rules"
TestTerraformUnpackRulesExample 2022-12-01T03:37:55Z logger.go:66:       + from_port                = 5432
TestTerraformUnpackRulesExample 2022-12-01T03:37:55Z logger.go:66:       + id                       = (known after apply)
TestTerraformUnpackRulesExample 2022-12-01T03:37:55Z logger.go:66:       + protocol                 = "tcp"
TestTerraformUnpackRulesExample 2022-12-01T03:37:55Z logger.go:66:       + security_group_id        = (known after apply)
TestTerraformUnpackRulesExample 2022-12-01T03:37:55Z logger.go:66:       + self                     = true
TestTerraformUnpackRulesExample 2022-12-01T03:37:55Z logger.go:66:       + source_security_group_id = (known after apply)
TestTerraformUnpackRulesExample 2022-12-01T03:37:55Z logger.go:66:       + to_port                  = 5432
TestTerraformUnpackRulesExample 2022-12-01T03:37:55Z logger.go:66:       + type                     = "ingress"
TestTerraformUnpackRulesExample 2022-12-01T03:37:55Z logger.go:66:     }
TestTerraformUnpackRulesExample 2022-12-01T03:37:55Z logger.go:66:
TestTerraformUnpackRulesExample 2022-12-01T03:37:55Z logger.go:66:   # module.security_group.aws_security_group_rule.matrix_ingress["25-25-tcp-10.0.0.0/24"] will be created
TestTerraformUnpackRulesExample 2022-12-01T03:37:55Z logger.go:66:   + resource "aws_security_group_rule" "matrix_ingress" {
TestTerraformUnpackRulesExample 2022-12-01T03:37:55Z logger.go:66:       + cidr_blocks              = [
TestTerraformUnpackRulesExample 2022-12-01T03:37:55Z logger.go:66:           + "10.0.0.0/24",
TestTerraformUnpackRulesExample 2022-12-01T03:37:55Z logger.go:66:         ]
TestTerraformUnpackRulesExample 2022-12-01T03:37:55Z logger.go:66:       + description              = "unpack matrix customer rule"
TestTerraformUnpackRulesExample 2022-12-01T03:37:55Z logger.go:66:       + from_port                = 25
TestTerraformUnpackRulesExample 2022-12-01T03:37:55Z logger.go:66:       + id                       = (known after apply)
TestTerraformUnpackRulesExample 2022-12-01T03:37:55Z logger.go:66:       + protocol                 = "tcp"
TestTerraformUnpackRulesExample 2022-12-01T03:37:55Z logger.go:66:       + security_group_id        = (known after apply)
TestTerraformUnpackRulesExample 2022-12-01T03:37:55Z logger.go:66:       + self                     = false
TestTerraformUnpackRulesExample 2022-12-01T03:37:55Z logger.go:66:       + source_security_group_id = (known after apply)
TestTerraformUnpackRulesExample 2022-12-01T03:37:55Z logger.go:66:       + to_port                  = 25
TestTerraformUnpackRulesExample 2022-12-01T03:37:55Z logger.go:66:       + type                     = "ingress"
TestTerraformUnpackRulesExample 2022-12-01T03:37:55Z logger.go:66:     }
TestTerraformUnpackRulesExample 2022-12-01T03:37:55Z logger.go:66:
TestTerraformUnpackRulesExample 2022-12-01T03:37:55Z logger.go:66:   # module.security_group.aws_security_group_rule.matrix_ingress["25-25-tcp-10.0.1.0/24"] will be created
TestTerraformUnpackRulesExample 2022-12-01T03:37:55Z logger.go:66:   + resource "aws_security_group_rule" "matrix_ingress" {
TestTerraformUnpackRulesExample 2022-12-01T03:37:55Z logger.go:66:       + cidr_blocks              = [
TestTerraformUnpackRulesExample 2022-12-01T03:37:55Z logger.go:66:           + "10.0.1.0/24",
TestTerraformUnpackRulesExample 2022-12-01T03:37:55Z logger.go:66:         ]
TestTerraformUnpackRulesExample 2022-12-01T03:37:55Z logger.go:66:       + description              = "unpack matrix customer rule"
TestTerraformUnpackRulesExample 2022-12-01T03:37:55Z logger.go:66:       + from_port                = 25
TestTerraformUnpackRulesExample 2022-12-01T03:37:55Z logger.go:66:       + id                       = (known after apply)
TestTerraformUnpackRulesExample 2022-12-01T03:37:55Z logger.go:66:       + protocol                 = "tcp"
TestTerraformUnpackRulesExample 2022-12-01T03:37:55Z logger.go:66:       + security_group_id        = (known after apply)
TestTerraformUnpackRulesExample 2022-12-01T03:37:55Z logger.go:66:       + self                     = false
TestTerraformUnpackRulesExample 2022-12-01T03:37:55Z logger.go:66:       + source_security_group_id = (known after apply)
TestTerraformUnpackRulesExample 2022-12-01T03:37:55Z logger.go:66:       + to_port                  = 25
TestTerraformUnpackRulesExample 2022-12-01T03:37:55Z logger.go:66:       + type                     = "ingress"
TestTerraformUnpackRulesExample 2022-12-01T03:37:55Z logger.go:66:     }
TestTerraformUnpackRulesExample 2022-12-01T03:37:55Z logger.go:66:
TestTerraformUnpackRulesExample 2022-12-01T03:37:55Z logger.go:66:   # module.security_group.aws_security_group_rule.matrix_ingress["25-25-tcp-pl-1111111111111111"] will be created
TestTerraformUnpackRulesExample 2022-12-01T03:37:55Z logger.go:66:   + resource "aws_security_group_rule" "matrix_ingress" {
TestTerraformUnpackRulesExample 2022-12-01T03:37:55Z logger.go:66:       + description              = "unpack matrix customer rule"
TestTerraformUnpackRulesExample 2022-12-01T03:37:55Z logger.go:66:       + from_port                = 25
TestTerraformUnpackRulesExample 2022-12-01T03:37:55Z logger.go:66:       + id                       = (known after apply)
TestTerraformUnpackRulesExample 2022-12-01T03:37:55Z logger.go:66:       + prefix_list_ids          = [
TestTerraformUnpackRulesExample 2022-12-01T03:37:55Z logger.go:66:           + "pl-1111111111111111",
TestTerraformUnpackRulesExample 2022-12-01T03:37:55Z logger.go:66:         ]
TestTerraformUnpackRulesExample 2022-12-01T03:37:55Z logger.go:66:       + protocol                 = "tcp"
TestTerraformUnpackRulesExample 2022-12-01T03:37:55Z logger.go:66:       + security_group_id        = (known after apply)
TestTerraformUnpackRulesExample 2022-12-01T03:37:55Z logger.go:66:       + self                     = false
TestTerraformUnpackRulesExample 2022-12-01T03:37:55Z logger.go:66:       + source_security_group_id = (known after apply)
TestTerraformUnpackRulesExample 2022-12-01T03:37:55Z logger.go:66:       + to_port                  = 25
TestTerraformUnpackRulesExample 2022-12-01T03:37:55Z logger.go:66:       + type                     = "ingress"
TestTerraformUnpackRulesExample 2022-12-01T03:37:55Z logger.go:66:     }
TestTerraformUnpackRulesExample 2022-12-01T03:37:55Z logger.go:66:
TestTerraformUnpackRulesExample 2022-12-01T03:37:55Z logger.go:66:   # module.security_group.aws_security_group_rule.matrix_ingress["25-25-tcp-sg-1111111111111111"] will be created
TestTerraformUnpackRulesExample 2022-12-01T03:37:55Z logger.go:66:   + resource "aws_security_group_rule" "matrix_ingress" {
TestTerraformUnpackRulesExample 2022-12-01T03:37:55Z logger.go:66:       + description              = "unpack matrix customer rule"
TestTerraformUnpackRulesExample 2022-12-01T03:37:55Z logger.go:66:       + from_port                = 25
TestTerraformUnpackRulesExample 2022-12-01T03:37:55Z logger.go:66:       + id                       = (known after apply)
TestTerraformUnpackRulesExample 2022-12-01T03:37:55Z logger.go:66:       + protocol                 = "tcp"
TestTerraformUnpackRulesExample 2022-12-01T03:37:55Z logger.go:66:       + security_group_id        = (known after apply)
TestTerraformUnpackRulesExample 2022-12-01T03:37:55Z logger.go:66:       + self                     = false
TestTerraformUnpackRulesExample 2022-12-01T03:37:55Z logger.go:66:       + source_security_group_id = "sg-1111111111111111"
TestTerraformUnpackRulesExample 2022-12-01T03:37:55Z logger.go:66:       + to_port                  = 25
TestTerraformUnpackRulesExample 2022-12-01T03:37:55Z logger.go:66:       + type                     = "ingress"
TestTerraformUnpackRulesExample 2022-12-01T03:37:55Z logger.go:66:     }
TestTerraformUnpackRulesExample 2022-12-01T03:37:55Z logger.go:66:
TestTerraformUnpackRulesExample 2022-12-01T03:37:55Z logger.go:66:   # module.security_group.aws_security_group_rule.matrix_ingress["25-25-tcp-true"] will be created
TestTerraformUnpackRulesExample 2022-12-01T03:37:55Z logger.go:66:   + resource "aws_security_group_rule" "matrix_ingress" {
TestTerraformUnpackRulesExample 2022-12-01T03:37:55Z logger.go:66:       + description              = "unpack matrix customer rule"
TestTerraformUnpackRulesExample 2022-12-01T03:37:55Z logger.go:66:       + from_port                = 25
TestTerraformUnpackRulesExample 2022-12-01T03:37:55Z logger.go:66:       + id                       = (known after apply)
TestTerraformUnpackRulesExample 2022-12-01T03:37:55Z logger.go:66:       + protocol                 = "tcp"
TestTerraformUnpackRulesExample 2022-12-01T03:37:55Z logger.go:66:       + security_group_id        = (known after apply)
TestTerraformUnpackRulesExample 2022-12-01T03:37:55Z logger.go:66:       + self                     = true
TestTerraformUnpackRulesExample 2022-12-01T03:37:55Z logger.go:66:       + source_security_group_id = (known after apply)
TestTerraformUnpackRulesExample 2022-12-01T03:37:55Z logger.go:66:       + to_port                  = 25
TestTerraformUnpackRulesExample 2022-12-01T03:37:55Z logger.go:66:       + type                     = "ingress"
TestTerraformUnpackRulesExample 2022-12-01T03:37:55Z logger.go:66:     }
TestTerraformUnpackRulesExample 2022-12-01T03:37:55Z logger.go:66:
TestTerraformUnpackRulesExample 2022-12-01T03:37:55Z logger.go:66:   # module.security_group.aws_security_group_rule.matrix_ingress["3306-3306-tcp-10.0.0.0/24"] will be created
TestTerraformUnpackRulesExample 2022-12-01T03:37:55Z logger.go:66:   + resource "aws_security_group_rule" "matrix_ingress" {
TestTerraformUnpackRulesExample 2022-12-01T03:37:55Z logger.go:66:       + cidr_blocks              = [
TestTerraformUnpackRulesExample 2022-12-01T03:37:55Z logger.go:66:           + "10.0.0.0/24",
TestTerraformUnpackRulesExample 2022-12-01T03:37:55Z logger.go:66:         ]
TestTerraformUnpackRulesExample 2022-12-01T03:37:55Z logger.go:66:       + description              = "unpack matrix managed rule"
TestTerraformUnpackRulesExample 2022-12-01T03:37:55Z logger.go:66:       + from_port                = 3306
TestTerraformUnpackRulesExample 2022-12-01T03:37:55Z logger.go:66:       + id                       = (known after apply)
TestTerraformUnpackRulesExample 2022-12-01T03:37:55Z logger.go:66:       + protocol                 = "tcp"
TestTerraformUnpackRulesExample 2022-12-01T03:37:55Z logger.go:66:       + security_group_id        = (known after apply)
TestTerraformUnpackRulesExample 2022-12-01T03:37:55Z logger.go:66:       + self                     = false
TestTerraformUnpackRulesExample 2022-12-01T03:37:55Z logger.go:66:       + source_security_group_id = (known after apply)
TestTerraformUnpackRulesExample 2022-12-01T03:37:55Z logger.go:66:       + to_port                  = 3306
TestTerraformUnpackRulesExample 2022-12-01T03:37:55Z logger.go:66:       + type                     = "ingress"
TestTerraformUnpackRulesExample 2022-12-01T03:37:55Z logger.go:66:     }
TestTerraformUnpackRulesExample 2022-12-01T03:37:55Z logger.go:66:
TestTerraformUnpackRulesExample 2022-12-01T03:37:55Z logger.go:66:   # module.security_group.aws_security_group_rule.matrix_ingress["3306-3306-tcp-10.0.1.0/24"] will be created
TestTerraformUnpackRulesExample 2022-12-01T03:37:55Z logger.go:66:   + resource "aws_security_group_rule" "matrix_ingress" {
TestTerraformUnpackRulesExample 2022-12-01T03:37:55Z logger.go:66:       + cidr_blocks              = [
TestTerraformUnpackRulesExample 2022-12-01T03:37:55Z logger.go:66:           + "10.0.1.0/24",
TestTerraformUnpackRulesExample 2022-12-01T03:37:55Z logger.go:66:         ]
TestTerraformUnpackRulesExample 2022-12-01T03:37:55Z logger.go:66:       + description              = "unpack matrix managed rule"
TestTerraformUnpackRulesExample 2022-12-01T03:37:55Z logger.go:66:       + from_port                = 3306
TestTerraformUnpackRulesExample 2022-12-01T03:37:55Z logger.go:66:       + id                       = (known after apply)
TestTerraformUnpackRulesExample 2022-12-01T03:37:55Z logger.go:66:       + protocol                 = "tcp"
TestTerraformUnpackRulesExample 2022-12-01T03:37:55Z logger.go:66:       + security_group_id        = (known after apply)
TestTerraformUnpackRulesExample 2022-12-01T03:37:55Z logger.go:66:       + self                     = false
TestTerraformUnpackRulesExample 2022-12-01T03:37:55Z logger.go:66:       + source_security_group_id = (known after apply)
TestTerraformUnpackRulesExample 2022-12-01T03:37:55Z logger.go:66:       + to_port                  = 3306
TestTerraformUnpackRulesExample 2022-12-01T03:37:55Z logger.go:66:       + type                     = "ingress"
TestTerraformUnpackRulesExample 2022-12-01T03:37:55Z logger.go:66:     }
TestTerraformUnpackRulesExample 2022-12-01T03:37:55Z logger.go:66:
TestTerraformUnpackRulesExample 2022-12-01T03:37:55Z logger.go:66:   # module.security_group.aws_security_group_rule.matrix_ingress["3306-3306-tcp-pl-1111111111111111"] will be created
TestTerraformUnpackRulesExample 2022-12-01T03:37:55Z logger.go:66:   + resource "aws_security_group_rule" "matrix_ingress" {
TestTerraformUnpackRulesExample 2022-12-01T03:37:55Z logger.go:66:       + description              = "unpack matrix managed rule"
TestTerraformUnpackRulesExample 2022-12-01T03:37:55Z logger.go:66:       + from_port                = 3306
TestTerraformUnpackRulesExample 2022-12-01T03:37:55Z logger.go:66:       + id                       = (known after apply)
TestTerraformUnpackRulesExample 2022-12-01T03:37:55Z logger.go:66:       + prefix_list_ids          = [
TestTerraformUnpackRulesExample 2022-12-01T03:37:55Z logger.go:66:           + "pl-1111111111111111",
TestTerraformUnpackRulesExample 2022-12-01T03:37:55Z logger.go:66:         ]
TestTerraformUnpackRulesExample 2022-12-01T03:37:55Z logger.go:66:       + protocol                 = "tcp"
TestTerraformUnpackRulesExample 2022-12-01T03:37:55Z logger.go:66:       + security_group_id        = (known after apply)
TestTerraformUnpackRulesExample 2022-12-01T03:37:55Z logger.go:66:       + self                     = false
TestTerraformUnpackRulesExample 2022-12-01T03:37:55Z logger.go:66:       + source_security_group_id = (known after apply)
TestTerraformUnpackRulesExample 2022-12-01T03:37:55Z logger.go:66:       + to_port                  = 3306
TestTerraformUnpackRulesExample 2022-12-01T03:37:55Z logger.go:66:       + type                     = "ingress"
TestTerraformUnpackRulesExample 2022-12-01T03:37:55Z logger.go:66:     }
TestTerraformUnpackRulesExample 2022-12-01T03:37:55Z logger.go:66:
TestTerraformUnpackRulesExample 2022-12-01T03:37:55Z logger.go:66:   # module.security_group.aws_security_group_rule.matrix_ingress["3306-3306-tcp-sg-1111111111111111"] will be created
TestTerraformUnpackRulesExample 2022-12-01T03:37:55Z logger.go:66:   + resource "aws_security_group_rule" "matrix_ingress" {
TestTerraformUnpackRulesExample 2022-12-01T03:37:55Z logger.go:66:       + description              = "unpack matrix managed rule"
TestTerraformUnpackRulesExample 2022-12-01T03:37:55Z logger.go:66:       + from_port                = 3306
TestTerraformUnpackRulesExample 2022-12-01T03:37:55Z logger.go:66:       + id                       = (known after apply)
TestTerraformUnpackRulesExample 2022-12-01T03:37:55Z logger.go:66:       + protocol                 = "tcp"
TestTerraformUnpackRulesExample 2022-12-01T03:37:55Z logger.go:66:       + security_group_id        = (known after apply)
TestTerraformUnpackRulesExample 2022-12-01T03:37:55Z logger.go:66:       + self                     = false
TestTerraformUnpackRulesExample 2022-12-01T03:37:55Z logger.go:66:       + source_security_group_id = "sg-1111111111111111"
TestTerraformUnpackRulesExample 2022-12-01T03:37:55Z logger.go:66:       + to_port                  = 3306
TestTerraformUnpackRulesExample 2022-12-01T03:37:55Z logger.go:66:       + type                     = "ingress"
TestTerraformUnpackRulesExample 2022-12-01T03:37:55Z logger.go:66:     }
TestTerraformUnpackRulesExample 2022-12-01T03:37:55Z logger.go:66:
TestTerraformUnpackRulesExample 2022-12-01T03:37:55Z logger.go:66:   # module.security_group.aws_security_group_rule.matrix_ingress["3306-3306-tcp-true"] will be created
TestTerraformUnpackRulesExample 2022-12-01T03:37:55Z logger.go:66:   + resource "aws_security_group_rule" "matrix_ingress" {
TestTerraformUnpackRulesExample 2022-12-01T03:37:55Z logger.go:66:       + description              = "unpack matrix managed rule"
TestTerraformUnpackRulesExample 2022-12-01T03:37:55Z logger.go:66:       + from_port                = 3306
TestTerraformUnpackRulesExample 2022-12-01T03:37:55Z logger.go:66:       + id                       = (known after apply)
TestTerraformUnpackRulesExample 2022-12-01T03:37:55Z logger.go:66:       + protocol                 = "tcp"
TestTerraformUnpackRulesExample 2022-12-01T03:37:55Z logger.go:66:       + security_group_id        = (known after apply)
TestTerraformUnpackRulesExample 2022-12-01T03:37:55Z logger.go:66:       + self                     = true
TestTerraformUnpackRulesExample 2022-12-01T03:37:55Z logger.go:66:       + source_security_group_id = (known after apply)
TestTerraformUnpackRulesExample 2022-12-01T03:37:55Z logger.go:66:       + to_port                  = 3306
TestTerraformUnpackRulesExample 2022-12-01T03:37:55Z logger.go:66:       + type                     = "ingress"
TestTerraformUnpackRulesExample 2022-12-01T03:37:55Z logger.go:66:     }
TestTerraformUnpackRulesExample 2022-12-01T03:37:55Z logger.go:66:
TestTerraformUnpackRulesExample 2022-12-01T03:37:55Z logger.go:66: Plan: 25 to add, 0 to change, 0 to destroy.
TestTerraformUnpackRulesExample 2022-12-01T03:37:55Z logger.go:66:
TestTerraformUnpackRulesExample 2022-12-01T03:37:55Z logger.go:66: Changes to Outputs:
TestTerraformUnpackRulesExample 2022-12-01T03:37:55Z logger.go:66:   + arn       = (known after apply)
TestTerraformUnpackRulesExample 2022-12-01T03:37:55Z logger.go:66:   + egress    = []
TestTerraformUnpackRulesExample 2022-12-01T03:37:55Z logger.go:66:   + id        = (known after apply)
TestTerraformUnpackRulesExample 2022-12-01T03:37:55Z logger.go:66:   + ingress   = (known after apply)
TestTerraformUnpackRulesExample 2022-12-01T03:37:55Z logger.go:66:   + terratest = {
TestTerraformUnpackRulesExample 2022-12-01T03:37:55Z logger.go:66:       + data_aws_prefix_list_private_s3_id = "pl-1111111111111111"
TestTerraformUnpackRulesExample 2022-12-01T03:37:55Z logger.go:66:       + data_aws_security_group_default_id = "sg-1111111111111111"
TestTerraformUnpackRulesExample 2022-12-01T03:37:55Z logger.go:66:       + egress_count                       = 0
TestTerraformUnpackRulesExample 2022-12-01T03:37:55Z logger.go:66:       + ingress_count                      = (known after apply)
TestTerraformUnpackRulesExample 2022-12-01T03:37:55Z logger.go:66:     }
TestTerraformUnpackRulesExample 2022-12-01T03:37:56Z logger.go:66: module.security_group.aws_security_group.self[0]: Creating...
TestTerraformUnpackRulesExample 2022-12-01T03:37:58Z logger.go:66: module.security_group.aws_security_group.self[0]: Creation complete after 1s [id=sg-1111111111111111]
TestTerraformUnpackRulesExample 2022-12-01T03:37:58Z logger.go:66: module.security_group.aws_security_group_rule.matrix_ingress["3306-3306-tcp-sg-1111111111111111"]: Creating...
TestTerraformUnpackRulesExample 2022-12-01T03:37:58Z logger.go:66: module.security_group.aws_security_group_rule.ingress["22-22-tcp-pl-1111111111111111"]: Creating...
TestTerraformUnpackRulesExample 2022-12-01T03:37:58Z logger.go:66: module.security_group.aws_security_group_rule.ingress["22-22-tcp-2001:db8::/64"]: Creating...
TestTerraformUnpackRulesExample 2022-12-01T03:37:58Z logger.go:66: module.security_group.aws_security_group_rule.matrix_ingress["3306-3306-tcp-pl-1111111111111111"]: Creating...
TestTerraformUnpackRulesExample 2022-12-01T03:37:58Z logger.go:66: module.security_group.aws_security_group_rule.ingress["5432-5432-tcp-10.20.0.0/24"]: Creating...
TestTerraformUnpackRulesExample 2022-12-01T03:37:58Z logger.go:66: module.security_group.aws_security_group_rule.ingress["22-22-tcp-sg-1111111111111111"]: Creating...
TestTerraformUnpackRulesExample 2022-12-01T03:37:58Z logger.go:66: module.security_group.aws_security_group_rule.ingress["5432-5432-tcp-true"]: Creating...
TestTerraformUnpackRulesExample 2022-12-01T03:37:58Z logger.go:66: module.security_group.aws_security_group_rule.matrix_ingress["25-25-tcp-10.0.1.0/24"]: Creating...
TestTerraformUnpackRulesExample 2022-12-01T03:37:58Z logger.go:66: module.security_group.aws_security_group_rule.ingress["443-443-tcp-0.0.0.0/0"]: Creating...
TestTerraformUnpackRulesExample 2022-12-01T03:37:58Z logger.go:66: module.security_group.aws_security_group_rule.matrix_ingress["3306-3306-tcp-10.0.1.0/24"]: Creating...
TestTerraformUnpackRulesExample 2022-12-01T03:37:58Z logger.go:66: module.security_group.aws_security_group_rule.matrix_ingress["3306-3306-tcp-sg-1111111111111111"]: Creation complete after 1s [id=sgrule-1111111111]
TestTerraformUnpackRulesExample 2022-12-01T03:37:58Z logger.go:66: module.security_group.aws_security_group_rule.matrix_ingress["25-25-tcp-10.0.0.0/24"]: Creating...
TestTerraformUnpackRulesExample 2022-12-01T03:37:59Z logger.go:66: module.security_group.aws_security_group_rule.ingress["22-22-tcp-pl-1111111111111111"]: Creation complete after 1s [id=sgrule-1111111111]
TestTerraformUnpackRulesExample 2022-12-01T03:37:59Z logger.go:66: module.security_group.aws_security_group_rule.ingress["5432-5432-tcp-sg-1111111111111111"]: Creating...
TestTerraformUnpackRulesExample 2022-12-01T03:38:00Z logger.go:66: module.security_group.aws_security_group_rule.matrix_ingress["3306-3306-tcp-pl-1111111111111111"]: Creation complete after 2s [id=sgrule-1111111111]
TestTerraformUnpackRulesExample 2022-12-01T03:38:00Z logger.go:66: module.security_group.aws_security_group_rule.matrix_ingress["3306-3306-tcp-10.0.0.0/24"]: Creating...
TestTerraformUnpackRulesExample 2022-12-01T03:38:00Z logger.go:66: module.security_group.aws_security_group_rule.ingress["22-22-tcp-sg-1111111111111111"]: Creation complete after 3s [id=sgrule-1111111111]
TestTerraformUnpackRulesExample 2022-12-01T03:38:00Z logger.go:66: module.security_group.aws_security_group_rule.ingress["443-443-tcp-::/0"]: Creating...
TestTerraformUnpackRulesExample 2022-12-01T03:38:01Z logger.go:66: module.security_group.aws_security_group_rule.ingress["5432-5432-tcp-10.20.0.0/24"]: Creation complete after 3s [id=sgrule-1111111111]
TestTerraformUnpackRulesExample 2022-12-01T03:38:01Z logger.go:66: module.security_group.aws_security_group_rule.matrix_ingress["3306-3306-tcp-true"]: Creating...
TestTerraformUnpackRulesExample 2022-12-01T03:38:01Z logger.go:66: module.security_group.aws_security_group_rule.matrix_ingress["25-25-tcp-10.0.1.0/24"]: Creation complete after 4s [id=sgrule-1111111111]
TestTerraformUnpackRulesExample 2022-12-01T03:38:01Z logger.go:66: module.security_group.aws_security_group_rule.matrix_ingress["25-25-tcp-true"]: Creating...
TestTerraformUnpackRulesExample 2022-12-01T03:38:02Z logger.go:66: module.security_group.aws_security_group_rule.ingress["5432-5432-tcp-true"]: Creation complete after 5s [id=sgrule-1111111111]
TestTerraformUnpackRulesExample 2022-12-01T03:38:02Z logger.go:66: module.security_group.aws_security_group_rule.matrix_ingress["25-25-tcp-pl-1111111111111111"]: Creating...
TestTerraformUnpackRulesExample 2022-12-01T03:38:03Z logger.go:66: module.security_group.aws_security_group_rule.matrix_ingress["3306-3306-tcp-10.0.1.0/24"]: Creation complete after 5s [id=sgrule-1111111111]
TestTerraformUnpackRulesExample 2022-12-01T03:38:03Z logger.go:66: module.security_group.aws_security_group_rule.ingress["22-22-tcp-true"]: Creating...
TestTerraformUnpackRulesExample 2022-12-01T03:38:03Z logger.go:66: module.security_group.aws_security_group_rule.ingress["443-443-tcp-0.0.0.0/0"]: Creation complete after 6s [id=sgrule-1111111111]
TestTerraformUnpackRulesExample 2022-12-01T03:38:03Z logger.go:66: module.security_group.aws_security_group_rule.ingress["5432-5432-tcp-10.10.0.0/16"]: Creating...
TestTerraformUnpackRulesExample 2022-12-01T03:38:04Z logger.go:66: module.security_group.aws_security_group_rule.ingress["22-22-tcp-2001:db8::/64"]: Creation complete after 6s [id=sgrule-1111111111]
TestTerraformUnpackRulesExample 2022-12-01T03:38:04Z logger.go:66: module.security_group.aws_security_group_rule.matrix_ingress["25-25-tcp-sg-1111111111111111"]: Creating...
TestTerraformUnpackRulesExample 2022-12-01T03:38:04Z logger.go:66: module.security_group.aws_security_group_rule.matrix_ingress["25-25-tcp-10.0.0.0/24"]: Creation complete after 6s [id=sgrule-1111111111]
TestTerraformUnpackRulesExample 2022-12-01T03:38:04Z logger.go:66: module.security_group.aws_security_group_rule.ingress["22-22-tcp-10.10.0.0/16"]: Creating...
TestTerraformUnpackRulesExample 2022-12-01T03:38:05Z logger.go:66: module.security_group.aws_security_group_rule.ingress["5432-5432-tcp-sg-1111111111111111"]: Creation complete after 6s [id=sgrule-1111111111]
TestTerraformUnpackRulesExample 2022-12-01T03:38:05Z logger.go:66: module.security_group.aws_security_group_rule.ingress["5432-5432-tcp-pl-1111111111111111"]: Creating...
TestTerraformUnpackRulesExample 2022-12-01T03:38:05Z logger.go:66: module.security_group.aws_security_group_rule.matrix_ingress["3306-3306-tcp-10.0.0.0/24"]: Creation complete after 6s [id=sgrule-1111111111]
TestTerraformUnpackRulesExample 2022-12-01T03:38:05Z logger.go:66: module.security_group.aws_security_group_rule.ingress["22-22-tcp-10.20.0.0/24"]: Creating...
TestTerraformUnpackRulesExample 2022-12-01T03:38:06Z logger.go:66: module.security_group.aws_security_group_rule.ingress["443-443-tcp-::/0"]: Creation complete after 5s [id=sgrule-1111111111]
TestTerraformUnpackRulesExample 2022-12-01T03:38:06Z logger.go:66: module.security_group.aws_security_group_rule.ingress["5432-5432-tcp-2001:db8::/64"]: Creating...
TestTerraformUnpackRulesExample 2022-12-01T03:38:06Z logger.go:66: module.security_group.aws_security_group_rule.matrix_ingress["3306-3306-tcp-true"]: Creation complete after 6s [id=sgrule-1111111111]
TestTerraformUnpackRulesExample 2022-12-01T03:38:07Z logger.go:66: module.security_group.aws_security_group_rule.matrix_ingress["25-25-tcp-true"]: Creation complete after 5s [id=sgrule-1111111111]
TestTerraformUnpackRulesExample 2022-12-01T03:38:07Z logger.go:66: module.security_group.aws_security_group_rule.matrix_ingress["25-25-tcp-pl-1111111111111111"]: Creation complete after 5s [id=sgrule-1111111111]
TestTerraformUnpackRulesExample 2022-12-01T03:38:08Z logger.go:66: module.security_group.aws_security_group_rule.ingress["22-22-tcp-true"]: Creation complete after 6s [id=sgrule-1111111111]
TestTerraformUnpackRulesExample 2022-12-01T03:38:09Z logger.go:66: module.security_group.aws_security_group_rule.ingress["5432-5432-tcp-10.10.0.0/16"]: Creation complete after 5s [id=sgrule-1111111111]
TestTerraformUnpackRulesExample 2022-12-01T03:38:09Z logger.go:66: module.security_group.aws_security_group_rule.matrix_ingress["25-25-tcp-sg-1111111111111111"]: Creation complete after 6s [id=sgrule-1111111111]
TestTerraformUnpackRulesExample 2022-12-01T03:38:10Z logger.go:66: module.security_group.aws_security_group_rule.ingress["22-22-tcp-10.10.0.0/16"]: Creation complete after 5s [id=sgrule-1111111111]
TestTerraformUnpackRulesExample 2022-12-01T03:38:10Z logger.go:66: module.security_group.aws_security_group_rule.ingress["5432-5432-tcp-pl-1111111111111111"]: Creation complete after 6s [id=sgrule-1111111111]
TestTerraformUnpackRulesExample 2022-12-01T03:38:11Z logger.go:66: module.security_group.aws_security_group_rule.ingress["22-22-tcp-10.20.0.0/24"]: Creation complete after 5s [id=sgrule-1111111111]
TestTerraformUnpackRulesExample 2022-12-01T03:38:11Z logger.go:66: module.security_group.aws_security_group_rule.ingress["5432-5432-tcp-2001:db8::/64"]: Creation complete after 6s [id=sgrule-1111111111]
TestTerraformUnpackRulesExample 2022-12-01T03:38:11Z logger.go:66:
TestTerraformUnpackRulesExample 2022-12-01T03:38:11Z logger.go:66: Apply complete! Resources: 25 added, 0 changed, 0 destroyed.
TestTerraformUnpackRulesExample 2022-12-01T03:38:11Z logger.go:66:
TestTerraformUnpackRulesExample 2022-12-01T03:38:11Z logger.go:66: Outputs:
TestTerraformUnpackRulesExample 2022-12-01T03:38:11Z logger.go:66:
TestTerraformUnpackRulesExample 2022-12-01T03:38:11Z logger.go:66: arn = "arn:aws:ec2:us-west-2:111111111111:security-group/sg-1111111111111111"
TestTerraformUnpackRulesExample 2022-12-01T03:38:11Z logger.go:66: egress = []
TestTerraformUnpackRulesExample 2022-12-01T03:38:11Z logger.go:66: id = "sg-1111111111111111"
TestTerraformUnpackRulesExample 2022-12-01T03:38:11Z logger.go:66: ingress = [
TestTerraformUnpackRulesExample 2022-12-01T03:38:11Z logger.go:66:   {
TestTerraformUnpackRulesExample 2022-12-01T03:38:11Z logger.go:66:     "cidr_blocks" = tolist([
TestTerraformUnpackRulesExample 2022-12-01T03:38:11Z logger.go:66:       "10.10.0.0/16",
TestTerraformUnpackRulesExample 2022-12-01T03:38:11Z logger.go:66:     ])
TestTerraformUnpackRulesExample 2022-12-01T03:38:11Z logger.go:66:     "description" = "unpack customer rules."
TestTerraformUnpackRulesExample 2022-12-01T03:38:11Z logger.go:66:     "from_port" = 22
TestTerraformUnpackRulesExample 2022-12-01T03:38:11Z logger.go:66:     "id" = "sgrule-1111111111"
TestTerraformUnpackRulesExample 2022-12-01T03:38:11Z logger.go:66:     "ipv6_cidr_blocks" = tolist(null) /* of string */
TestTerraformUnpackRulesExample 2022-12-01T03:38:11Z logger.go:66:     "prefix_list_ids" = tolist(null) /* of string */
TestTerraformUnpackRulesExample 2022-12-01T03:38:11Z logger.go:66:     "protocol" = "tcp"
TestTerraformUnpackRulesExample 2022-12-01T03:38:11Z logger.go:66:     "security_group_id" = "sg-1111111111111111"
TestTerraformUnpackRulesExample 2022-12-01T03:38:11Z logger.go:66:     "self" = false
TestTerraformUnpackRulesExample 2022-12-01T03:38:11Z logger.go:66:     "source_security_group_id" = tostring(null)
TestTerraformUnpackRulesExample 2022-12-01T03:38:11Z logger.go:66:     "timeouts" = null /* object */
TestTerraformUnpackRulesExample 2022-12-01T03:38:11Z logger.go:66:     "to_port" = 22
TestTerraformUnpackRulesExample 2022-12-01T03:38:11Z logger.go:66:     "type" = "ingress"
TestTerraformUnpackRulesExample 2022-12-01T03:38:11Z logger.go:66:   },
TestTerraformUnpackRulesExample 2022-12-01T03:38:11Z logger.go:66:   {
TestTerraformUnpackRulesExample 2022-12-01T03:38:11Z logger.go:66:     "cidr_blocks" = tolist([
TestTerraformUnpackRulesExample 2022-12-01T03:38:11Z logger.go:66:       "10.20.0.0/24",
TestTerraformUnpackRulesExample 2022-12-01T03:38:11Z logger.go:66:     ])
TestTerraformUnpackRulesExample 2022-12-01T03:38:11Z logger.go:66:     "description" = "unpack customer rules."
TestTerraformUnpackRulesExample 2022-12-01T03:38:11Z logger.go:66:     "from_port" = 22
TestTerraformUnpackRulesExample 2022-12-01T03:38:11Z logger.go:66:     "id" = "sgrule-1111111111"
TestTerraformUnpackRulesExample 2022-12-01T03:38:11Z logger.go:66:     "ipv6_cidr_blocks" = tolist(null) /* of string */
TestTerraformUnpackRulesExample 2022-12-01T03:38:11Z logger.go:66:     "prefix_list_ids" = tolist(null) /* of string */
TestTerraformUnpackRulesExample 2022-12-01T03:38:11Z logger.go:66:     "protocol" = "tcp"
TestTerraformUnpackRulesExample 2022-12-01T03:38:11Z logger.go:66:     "security_group_id" = "sg-1111111111111111"
TestTerraformUnpackRulesExample 2022-12-01T03:38:11Z logger.go:66:     "self" = false
TestTerraformUnpackRulesExample 2022-12-01T03:38:11Z logger.go:66:     "source_security_group_id" = tostring(null)
TestTerraformUnpackRulesExample 2022-12-01T03:38:11Z logger.go:66:     "timeouts" = null /* object */
TestTerraformUnpackRulesExample 2022-12-01T03:38:11Z logger.go:66:     "to_port" = 22
TestTerraformUnpackRulesExample 2022-12-01T03:38:11Z logger.go:66:     "type" = "ingress"
TestTerraformUnpackRulesExample 2022-12-01T03:38:11Z logger.go:66:   },
TestTerraformUnpackRulesExample 2022-12-01T03:38:11Z logger.go:66:   {
TestTerraformUnpackRulesExample 2022-12-01T03:38:11Z logger.go:66:     "cidr_blocks" = tolist(null) /* of string */
TestTerraformUnpackRulesExample 2022-12-01T03:38:11Z logger.go:66:     "description" = "unpack customer rules."
TestTerraformUnpackRulesExample 2022-12-01T03:38:11Z logger.go:66:     "from_port" = 22
TestTerraformUnpackRulesExample 2022-12-01T03:38:11Z logger.go:66:     "id" = "sgrule-1111111111"
TestTerraformUnpackRulesExample 2022-12-01T03:38:11Z logger.go:66:     "ipv6_cidr_blocks" = tolist([
TestTerraformUnpackRulesExample 2022-12-01T03:38:11Z logger.go:66:       "2001:db8::/64",
TestTerraformUnpackRulesExample 2022-12-01T03:38:11Z logger.go:66:     ])
TestTerraformUnpackRulesExample 2022-12-01T03:38:11Z logger.go:66:     "prefix_list_ids" = tolist(null) /* of string */
TestTerraformUnpackRulesExample 2022-12-01T03:38:11Z logger.go:66:     "protocol" = "tcp"
TestTerraformUnpackRulesExample 2022-12-01T03:38:11Z logger.go:66:     "security_group_id" = "sg-1111111111111111"
TestTerraformUnpackRulesExample 2022-12-01T03:38:11Z logger.go:66:     "self" = false
TestTerraformUnpackRulesExample 2022-12-01T03:38:11Z logger.go:66:     "source_security_group_id" = tostring(null)
TestTerraformUnpackRulesExample 2022-12-01T03:38:11Z logger.go:66:     "timeouts" = null /* object */
TestTerraformUnpackRulesExample 2022-12-01T03:38:11Z logger.go:66:     "to_port" = 22
TestTerraformUnpackRulesExample 2022-12-01T03:38:11Z logger.go:66:     "type" = "ingress"
TestTerraformUnpackRulesExample 2022-12-01T03:38:11Z logger.go:66:   },
TestTerraformUnpackRulesExample 2022-12-01T03:38:11Z logger.go:66:   {
TestTerraformUnpackRulesExample 2022-12-01T03:38:11Z logger.go:66:     "cidr_blocks" = tolist(null) /* of string */
TestTerraformUnpackRulesExample 2022-12-01T03:38:11Z logger.go:66:     "description" = "unpack customer rules."
TestTerraformUnpackRulesExample 2022-12-01T03:38:11Z logger.go:66:     "from_port" = 22
TestTerraformUnpackRulesExample 2022-12-01T03:38:11Z logger.go:66:     "id" = "sgrule-1111111111"
TestTerraformUnpackRulesExample 2022-12-01T03:38:11Z logger.go:66:     "ipv6_cidr_blocks" = tolist(null) /* of string */
TestTerraformUnpackRulesExample 2022-12-01T03:38:11Z logger.go:66:     "prefix_list_ids" = tolist([
TestTerraformUnpackRulesExample 2022-12-01T03:38:11Z logger.go:66:       "pl-1111111111111111",
TestTerraformUnpackRulesExample 2022-12-01T03:38:11Z logger.go:66:     ])
TestTerraformUnpackRulesExample 2022-12-01T03:38:11Z logger.go:66:     "protocol" = "tcp"
TestTerraformUnpackRulesExample 2022-12-01T03:38:11Z logger.go:66:     "security_group_id" = "sg-1111111111111111"
TestTerraformUnpackRulesExample 2022-12-01T03:38:11Z logger.go:66:     "self" = false
TestTerraformUnpackRulesExample 2022-12-01T03:38:11Z logger.go:66:     "source_security_group_id" = tostring(null)
TestTerraformUnpackRulesExample 2022-12-01T03:38:11Z logger.go:66:     "timeouts" = null /* object */
TestTerraformUnpackRulesExample 2022-12-01T03:38:11Z logger.go:66:     "to_port" = 22
TestTerraformUnpackRulesExample 2022-12-01T03:38:11Z logger.go:66:     "type" = "ingress"
TestTerraformUnpackRulesExample 2022-12-01T03:38:11Z logger.go:66:   },
TestTerraformUnpackRulesExample 2022-12-01T03:38:11Z logger.go:66:   {
TestTerraformUnpackRulesExample 2022-12-01T03:38:11Z logger.go:66:     "cidr_blocks" = tolist(null) /* of string */
TestTerraformUnpackRulesExample 2022-12-01T03:38:11Z logger.go:66:     "description" = "unpack customer rules."
TestTerraformUnpackRulesExample 2022-12-01T03:38:11Z logger.go:66:     "from_port" = 22
TestTerraformUnpackRulesExample 2022-12-01T03:38:11Z logger.go:66:     "id" = "sgrule-1111111111"
TestTerraformUnpackRulesExample 2022-12-01T03:38:11Z logger.go:66:     "ipv6_cidr_blocks" = tolist(null) /* of string */
TestTerraformUnpackRulesExample 2022-12-01T03:38:11Z logger.go:66:     "prefix_list_ids" = tolist(null) /* of string */
TestTerraformUnpackRulesExample 2022-12-01T03:38:11Z logger.go:66:     "protocol" = "tcp"
TestTerraformUnpackRulesExample 2022-12-01T03:38:11Z logger.go:66:     "security_group_id" = "sg-1111111111111111"
TestTerraformUnpackRulesExample 2022-12-01T03:38:11Z logger.go:66:     "self" = false
TestTerraformUnpackRulesExample 2022-12-01T03:38:11Z logger.go:66:     "source_security_group_id" = "sg-1111111111111111"
TestTerraformUnpackRulesExample 2022-12-01T03:38:11Z logger.go:66:     "timeouts" = null /* object */
TestTerraformUnpackRulesExample 2022-12-01T03:38:11Z logger.go:66:     "to_port" = 22
TestTerraformUnpackRulesExample 2022-12-01T03:38:11Z logger.go:66:     "type" = "ingress"
TestTerraformUnpackRulesExample 2022-12-01T03:38:11Z logger.go:66:   },
TestTerraformUnpackRulesExample 2022-12-01T03:38:11Z logger.go:66:   {
TestTerraformUnpackRulesExample 2022-12-01T03:38:11Z logger.go:66:     "cidr_blocks" = tolist(null) /* of string */
TestTerraformUnpackRulesExample 2022-12-01T03:38:11Z logger.go:66:     "description" = "unpack customer rules."
TestTerraformUnpackRulesExample 2022-12-01T03:38:11Z logger.go:66:     "from_port" = 22
TestTerraformUnpackRulesExample 2022-12-01T03:38:11Z logger.go:66:     "id" = "sgrule-1111111111"
TestTerraformUnpackRulesExample 2022-12-01T03:38:11Z logger.go:66:     "ipv6_cidr_blocks" = tolist(null) /* of string */
TestTerraformUnpackRulesExample 2022-12-01T03:38:11Z logger.go:66:     "prefix_list_ids" = tolist(null) /* of string */
TestTerraformUnpackRulesExample 2022-12-01T03:38:11Z logger.go:66:     "protocol" = "tcp"
TestTerraformUnpackRulesExample 2022-12-01T03:38:11Z logger.go:66:     "security_group_id" = "sg-1111111111111111"
TestTerraformUnpackRulesExample 2022-12-01T03:38:11Z logger.go:66:     "self" = true
TestTerraformUnpackRulesExample 2022-12-01T03:38:11Z logger.go:66:     "source_security_group_id" = tostring(null)
TestTerraformUnpackRulesExample 2022-12-01T03:38:11Z logger.go:66:     "timeouts" = null /* object */
TestTerraformUnpackRulesExample 2022-12-01T03:38:11Z logger.go:66:     "to_port" = 22
TestTerraformUnpackRulesExample 2022-12-01T03:38:11Z logger.go:66:     "type" = "ingress"
TestTerraformUnpackRulesExample 2022-12-01T03:38:11Z logger.go:66:   },
TestTerraformUnpackRulesExample 2022-12-01T03:38:11Z logger.go:66:   {
TestTerraformUnpackRulesExample 2022-12-01T03:38:11Z logger.go:66:     "cidr_blocks" = tolist([
TestTerraformUnpackRulesExample 2022-12-01T03:38:11Z logger.go:66:       "0.0.0.0/0",
TestTerraformUnpackRulesExample 2022-12-01T03:38:11Z logger.go:66:     ])
TestTerraformUnpackRulesExample 2022-12-01T03:38:11Z logger.go:66:     "description" = "unpack common rule."
TestTerraformUnpackRulesExample 2022-12-01T03:38:11Z logger.go:66:     "from_port" = 443
TestTerraformUnpackRulesExample 2022-12-01T03:38:11Z logger.go:66:     "id" = "sgrule-1111111111"
TestTerraformUnpackRulesExample 2022-12-01T03:38:11Z logger.go:66:     "ipv6_cidr_blocks" = tolist(null) /* of string */
TestTerraformUnpackRulesExample 2022-12-01T03:38:11Z logger.go:66:     "prefix_list_ids" = tolist(null) /* of string */
TestTerraformUnpackRulesExample 2022-12-01T03:38:11Z logger.go:66:     "protocol" = "tcp"
TestTerraformUnpackRulesExample 2022-12-01T03:38:11Z logger.go:66:     "security_group_id" = "sg-1111111111111111"
TestTerraformUnpackRulesExample 2022-12-01T03:38:11Z logger.go:66:     "self" = false
TestTerraformUnpackRulesExample 2022-12-01T03:38:11Z logger.go:66:     "source_security_group_id" = tostring(null)
TestTerraformUnpackRulesExample 2022-12-01T03:38:11Z logger.go:66:     "timeouts" = null /* object */
TestTerraformUnpackRulesExample 2022-12-01T03:38:11Z logger.go:66:     "to_port" = 443
TestTerraformUnpackRulesExample 2022-12-01T03:38:11Z logger.go:66:     "type" = "ingress"
TestTerraformUnpackRulesExample 2022-12-01T03:38:11Z logger.go:66:   },
TestTerraformUnpackRulesExample 2022-12-01T03:38:11Z logger.go:66:   {
TestTerraformUnpackRulesExample 2022-12-01T03:38:11Z logger.go:66:     "cidr_blocks" = tolist(null) /* of string */
TestTerraformUnpackRulesExample 2022-12-01T03:38:11Z logger.go:66:     "description" = "unpack common rule."
TestTerraformUnpackRulesExample 2022-12-01T03:38:11Z logger.go:66:     "from_port" = 443
TestTerraformUnpackRulesExample 2022-12-01T03:38:11Z logger.go:66:     "id" = "sgrule-1111111111"
TestTerraformUnpackRulesExample 2022-12-01T03:38:11Z logger.go:66:     "ipv6_cidr_blocks" = tolist([
TestTerraformUnpackRulesExample 2022-12-01T03:38:11Z logger.go:66:       "::/0",
TestTerraformUnpackRulesExample 2022-12-01T03:38:11Z logger.go:66:     ])
TestTerraformUnpackRulesExample 2022-12-01T03:38:11Z logger.go:66:     "prefix_list_ids" = tolist(null) /* of string */
TestTerraformUnpackRulesExample 2022-12-01T03:38:11Z logger.go:66:     "protocol" = "tcp"
TestTerraformUnpackRulesExample 2022-12-01T03:38:11Z logger.go:66:     "security_group_id" = "sg-1111111111111111"
TestTerraformUnpackRulesExample 2022-12-01T03:38:11Z logger.go:66:     "self" = false
TestTerraformUnpackRulesExample 2022-12-01T03:38:11Z logger.go:66:     "source_security_group_id" = tostring(null)
TestTerraformUnpackRulesExample 2022-12-01T03:38:11Z logger.go:66:     "timeouts" = null /* object */
TestTerraformUnpackRulesExample 2022-12-01T03:38:11Z logger.go:66:     "to_port" = 443
TestTerraformUnpackRulesExample 2022-12-01T03:38:11Z logger.go:66:     "type" = "ingress"
TestTerraformUnpackRulesExample 2022-12-01T03:38:11Z logger.go:66:   },
TestTerraformUnpackRulesExample 2022-12-01T03:38:11Z logger.go:66:   {
TestTerraformUnpackRulesExample 2022-12-01T03:38:11Z logger.go:66:     "cidr_blocks" = tolist([
TestTerraformUnpackRulesExample 2022-12-01T03:38:11Z logger.go:66:       "10.10.0.0/16",
TestTerraformUnpackRulesExample 2022-12-01T03:38:11Z logger.go:66:     ])
TestTerraformUnpackRulesExample 2022-12-01T03:38:11Z logger.go:66:     "description" = "unpack managed rules"
TestTerraformUnpackRulesExample 2022-12-01T03:38:11Z logger.go:66:     "from_port" = 5432
TestTerraformUnpackRulesExample 2022-12-01T03:38:11Z logger.go:66:     "id" = "sgrule-1111111111"
TestTerraformUnpackRulesExample 2022-12-01T03:38:11Z logger.go:66:     "ipv6_cidr_blocks" = tolist(null) /* of string */
TestTerraformUnpackRulesExample 2022-12-01T03:38:11Z logger.go:66:     "prefix_list_ids" = tolist(null) /* of string */
TestTerraformUnpackRulesExample 2022-12-01T03:38:11Z logger.go:66:     "protocol" = "tcp"
TestTerraformUnpackRulesExample 2022-12-01T03:38:11Z logger.go:66:     "security_group_id" = "sg-1111111111111111"
TestTerraformUnpackRulesExample 2022-12-01T03:38:11Z logger.go:66:     "self" = false
TestTerraformUnpackRulesExample 2022-12-01T03:38:11Z logger.go:66:     "source_security_group_id" = tostring(null)
TestTerraformUnpackRulesExample 2022-12-01T03:38:11Z logger.go:66:     "timeouts" = null /* object */
TestTerraformUnpackRulesExample 2022-12-01T03:38:11Z logger.go:66:     "to_port" = 5432
TestTerraformUnpackRulesExample 2022-12-01T03:38:11Z logger.go:66:     "type" = "ingress"
TestTerraformUnpackRulesExample 2022-12-01T03:38:11Z logger.go:66:   },
TestTerraformUnpackRulesExample 2022-12-01T03:38:11Z logger.go:66:   {
TestTerraformUnpackRulesExample 2022-12-01T03:38:11Z logger.go:66:     "cidr_blocks" = tolist([
TestTerraformUnpackRulesExample 2022-12-01T03:38:11Z logger.go:66:       "10.20.0.0/24",
TestTerraformUnpackRulesExample 2022-12-01T03:38:11Z logger.go:66:     ])
TestTerraformUnpackRulesExample 2022-12-01T03:38:11Z logger.go:66:     "description" = "unpack managed rules"
TestTerraformUnpackRulesExample 2022-12-01T03:38:11Z logger.go:66:     "from_port" = 5432
TestTerraformUnpackRulesExample 2022-12-01T03:38:11Z logger.go:66:     "id" = "sgrule-1111111111"
TestTerraformUnpackRulesExample 2022-12-01T03:38:11Z logger.go:66:     "ipv6_cidr_blocks" = tolist(null) /* of string */
TestTerraformUnpackRulesExample 2022-12-01T03:38:11Z logger.go:66:     "prefix_list_ids" = tolist(null) /* of string */
TestTerraformUnpackRulesExample 2022-12-01T03:38:11Z logger.go:66:     "protocol" = "tcp"
TestTerraformUnpackRulesExample 2022-12-01T03:38:11Z logger.go:66:     "security_group_id" = "sg-1111111111111111"
TestTerraformUnpackRulesExample 2022-12-01T03:38:11Z logger.go:66:     "self" = false
TestTerraformUnpackRulesExample 2022-12-01T03:38:11Z logger.go:66:     "source_security_group_id" = tostring(null)
TestTerraformUnpackRulesExample 2022-12-01T03:38:11Z logger.go:66:     "timeouts" = null /* object */
TestTerraformUnpackRulesExample 2022-12-01T03:38:11Z logger.go:66:     "to_port" = 5432
TestTerraformUnpackRulesExample 2022-12-01T03:38:11Z logger.go:66:     "type" = "ingress"
TestTerraformUnpackRulesExample 2022-12-01T03:38:11Z logger.go:66:   },
TestTerraformUnpackRulesExample 2022-12-01T03:38:11Z logger.go:66:   {
TestTerraformUnpackRulesExample 2022-12-01T03:38:11Z logger.go:66:     "cidr_blocks" = tolist(null) /* of string */
TestTerraformUnpackRulesExample 2022-12-01T03:38:11Z logger.go:66:     "description" = "unpack managed rules"
TestTerraformUnpackRulesExample 2022-12-01T03:38:11Z logger.go:66:     "from_port" = 5432
TestTerraformUnpackRulesExample 2022-12-01T03:38:11Z logger.go:66:     "id" = "sgrule-1111111111"
TestTerraformUnpackRulesExample 2022-12-01T03:38:11Z logger.go:66:     "ipv6_cidr_blocks" = tolist([
TestTerraformUnpackRulesExample 2022-12-01T03:38:11Z logger.go:66:       "2001:db8::/64",
TestTerraformUnpackRulesExample 2022-12-01T03:38:11Z logger.go:66:     ])
TestTerraformUnpackRulesExample 2022-12-01T03:38:11Z logger.go:66:     "prefix_list_ids" = tolist(null) /* of string */
TestTerraformUnpackRulesExample 2022-12-01T03:38:11Z logger.go:66:     "protocol" = "tcp"
TestTerraformUnpackRulesExample 2022-12-01T03:38:11Z logger.go:66:     "security_group_id" = "sg-1111111111111111"
TestTerraformUnpackRulesExample 2022-12-01T03:38:11Z logger.go:66:     "self" = false
TestTerraformUnpackRulesExample 2022-12-01T03:38:11Z logger.go:66:     "source_security_group_id" = tostring(null)
TestTerraformUnpackRulesExample 2022-12-01T03:38:11Z logger.go:66:     "timeouts" = null /* object */
TestTerraformUnpackRulesExample 2022-12-01T03:38:11Z logger.go:66:     "to_port" = 5432
TestTerraformUnpackRulesExample 2022-12-01T03:38:11Z logger.go:66:     "type" = "ingress"
TestTerraformUnpackRulesExample 2022-12-01T03:38:11Z logger.go:66:   },
TestTerraformUnpackRulesExample 2022-12-01T03:38:11Z logger.go:66:   {
TestTerraformUnpackRulesExample 2022-12-01T03:38:11Z logger.go:66:     "cidr_blocks" = tolist(null) /* of string */
TestTerraformUnpackRulesExample 2022-12-01T03:38:11Z logger.go:66:     "description" = "unpack managed rules"
TestTerraformUnpackRulesExample 2022-12-01T03:38:11Z logger.go:66:     "from_port" = 5432
TestTerraformUnpackRulesExample 2022-12-01T03:38:11Z logger.go:66:     "id" = "sgrule-1111111111"
TestTerraformUnpackRulesExample 2022-12-01T03:38:11Z logger.go:66:     "ipv6_cidr_blocks" = tolist(null) /* of string */
TestTerraformUnpackRulesExample 2022-12-01T03:38:11Z logger.go:66:     "prefix_list_ids" = tolist([
TestTerraformUnpackRulesExample 2022-12-01T03:38:11Z logger.go:66:       "pl-1111111111111111",
TestTerraformUnpackRulesExample 2022-12-01T03:38:11Z logger.go:66:     ])
TestTerraformUnpackRulesExample 2022-12-01T03:38:11Z logger.go:66:     "protocol" = "tcp"
TestTerraformUnpackRulesExample 2022-12-01T03:38:11Z logger.go:66:     "security_group_id" = "sg-1111111111111111"
TestTerraformUnpackRulesExample 2022-12-01T03:38:11Z logger.go:66:     "self" = false
TestTerraformUnpackRulesExample 2022-12-01T03:38:11Z logger.go:66:     "source_security_group_id" = tostring(null)
TestTerraformUnpackRulesExample 2022-12-01T03:38:11Z logger.go:66:     "timeouts" = null /* object */
TestTerraformUnpackRulesExample 2022-12-01T03:38:11Z logger.go:66:     "to_port" = 5432
TestTerraformUnpackRulesExample 2022-12-01T03:38:11Z logger.go:66:     "type" = "ingress"
TestTerraformUnpackRulesExample 2022-12-01T03:38:11Z logger.go:66:   },
TestTerraformUnpackRulesExample 2022-12-01T03:38:11Z logger.go:66:   {
TestTerraformUnpackRulesExample 2022-12-01T03:38:11Z logger.go:66:     "cidr_blocks" = tolist(null) /* of string */
TestTerraformUnpackRulesExample 2022-12-01T03:38:11Z logger.go:66:     "description" = "unpack managed rules"
TestTerraformUnpackRulesExample 2022-12-01T03:38:11Z logger.go:66:     "from_port" = 5432
TestTerraformUnpackRulesExample 2022-12-01T03:38:11Z logger.go:66:     "id" = "sgrule-1111111111"
TestTerraformUnpackRulesExample 2022-12-01T03:38:11Z logger.go:66:     "ipv6_cidr_blocks" = tolist(null) /* of string */
TestTerraformUnpackRulesExample 2022-12-01T03:38:11Z logger.go:66:     "prefix_list_ids" = tolist(null) /* of string */
TestTerraformUnpackRulesExample 2022-12-01T03:38:11Z logger.go:66:     "protocol" = "tcp"
TestTerraformUnpackRulesExample 2022-12-01T03:38:11Z logger.go:66:     "security_group_id" = "sg-1111111111111111"
TestTerraformUnpackRulesExample 2022-12-01T03:38:11Z logger.go:66:     "self" = false
TestTerraformUnpackRulesExample 2022-12-01T03:38:11Z logger.go:66:     "source_security_group_id" = "sg-1111111111111111"
TestTerraformUnpackRulesExample 2022-12-01T03:38:11Z logger.go:66:     "timeouts" = null /* object */
TestTerraformUnpackRulesExample 2022-12-01T03:38:11Z logger.go:66:     "to_port" = 5432
TestTerraformUnpackRulesExample 2022-12-01T03:38:11Z logger.go:66:     "type" = "ingress"
TestTerraformUnpackRulesExample 2022-12-01T03:38:11Z logger.go:66:   },
TestTerraformUnpackRulesExample 2022-12-01T03:38:11Z logger.go:66:   {
TestTerraformUnpackRulesExample 2022-12-01T03:38:11Z logger.go:66:     "cidr_blocks" = tolist(null) /* of string */
TestTerraformUnpackRulesExample 2022-12-01T03:38:11Z logger.go:66:     "description" = "unpack managed rules"
TestTerraformUnpackRulesExample 2022-12-01T03:38:11Z logger.go:66:     "from_port" = 5432
TestTerraformUnpackRulesExample 2022-12-01T03:38:11Z logger.go:66:     "id" = "sgrule-1111111111"
TestTerraformUnpackRulesExample 2022-12-01T03:38:11Z logger.go:66:     "ipv6_cidr_blocks" = tolist(null) /* of string */
TestTerraformUnpackRulesExample 2022-12-01T03:38:11Z logger.go:66:     "prefix_list_ids" = tolist(null) /* of string */
TestTerraformUnpackRulesExample 2022-12-01T03:38:11Z logger.go:66:     "protocol" = "tcp"
TestTerraformUnpackRulesExample 2022-12-01T03:38:11Z logger.go:66:     "security_group_id" = "sg-1111111111111111"
TestTerraformUnpackRulesExample 2022-12-01T03:38:11Z logger.go:66:     "self" = true
TestTerraformUnpackRulesExample 2022-12-01T03:38:11Z logger.go:66:     "source_security_group_id" = tostring(null)
TestTerraformUnpackRulesExample 2022-12-01T03:38:11Z logger.go:66:     "timeouts" = null /* object */
TestTerraformUnpackRulesExample 2022-12-01T03:38:11Z logger.go:66:     "to_port" = 5432
TestTerraformUnpackRulesExample 2022-12-01T03:38:11Z logger.go:66:     "type" = "ingress"
TestTerraformUnpackRulesExample 2022-12-01T03:38:11Z logger.go:66:   },
TestTerraformUnpackRulesExample 2022-12-01T03:38:11Z logger.go:66:   {
TestTerraformUnpackRulesExample 2022-12-01T03:38:11Z logger.go:66:     "cidr_blocks" = tolist([
TestTerraformUnpackRulesExample 2022-12-01T03:38:11Z logger.go:66:       "10.0.0.0/24",
TestTerraformUnpackRulesExample 2022-12-01T03:38:11Z logger.go:66:     ])
TestTerraformUnpackRulesExample 2022-12-01T03:38:11Z logger.go:66:     "description" = "unpack matrix customer rule"
TestTerraformUnpackRulesExample 2022-12-01T03:38:11Z logger.go:66:     "from_port" = 25
TestTerraformUnpackRulesExample 2022-12-01T03:38:11Z logger.go:66:     "id" = "sgrule-1111111111"
TestTerraformUnpackRulesExample 2022-12-01T03:38:11Z logger.go:66:     "ipv6_cidr_blocks" = tolist(null) /* of string */
TestTerraformUnpackRulesExample 2022-12-01T03:38:11Z logger.go:66:     "prefix_list_ids" = tolist(null) /* of string */
TestTerraformUnpackRulesExample 2022-12-01T03:38:11Z logger.go:66:     "protocol" = "tcp"
TestTerraformUnpackRulesExample 2022-12-01T03:38:11Z logger.go:66:     "security_group_id" = "sg-1111111111111111"
TestTerraformUnpackRulesExample 2022-12-01T03:38:11Z logger.go:66:     "self" = false
TestTerraformUnpackRulesExample 2022-12-01T03:38:11Z logger.go:66:     "source_security_group_id" = tostring(null)
TestTerraformUnpackRulesExample 2022-12-01T03:38:11Z logger.go:66:     "timeouts" = null /* object */
TestTerraformUnpackRulesExample 2022-12-01T03:38:11Z logger.go:66:     "to_port" = 25
TestTerraformUnpackRulesExample 2022-12-01T03:38:11Z logger.go:66:     "type" = "ingress"
TestTerraformUnpackRulesExample 2022-12-01T03:38:11Z logger.go:66:   },
TestTerraformUnpackRulesExample 2022-12-01T03:38:11Z logger.go:66:   {
TestTerraformUnpackRulesExample 2022-12-01T03:38:11Z logger.go:66:     "cidr_blocks" = tolist([
TestTerraformUnpackRulesExample 2022-12-01T03:38:11Z logger.go:66:       "10.0.1.0/24",
TestTerraformUnpackRulesExample 2022-12-01T03:38:11Z logger.go:66:     ])
TestTerraformUnpackRulesExample 2022-12-01T03:38:11Z logger.go:66:     "description" = "unpack matrix customer rule"
TestTerraformUnpackRulesExample 2022-12-01T03:38:11Z logger.go:66:     "from_port" = 25
TestTerraformUnpackRulesExample 2022-12-01T03:38:11Z logger.go:66:     "id" = "sgrule-1111111111"
TestTerraformUnpackRulesExample 2022-12-01T03:38:11Z logger.go:66:     "ipv6_cidr_blocks" = tolist(null) /* of string */
TestTerraformUnpackRulesExample 2022-12-01T03:38:11Z logger.go:66:     "prefix_list_ids" = tolist(null) /* of string */
TestTerraformUnpackRulesExample 2022-12-01T03:38:11Z logger.go:66:     "protocol" = "tcp"
TestTerraformUnpackRulesExample 2022-12-01T03:38:11Z logger.go:66:     "security_group_id" = "sg-1111111111111111"
TestTerraformUnpackRulesExample 2022-12-01T03:38:11Z logger.go:66:     "self" = false
TestTerraformUnpackRulesExample 2022-12-01T03:38:11Z logger.go:66:     "source_security_group_id" = tostring(null)
TestTerraformUnpackRulesExample 2022-12-01T03:38:11Z logger.go:66:     "timeouts" = null /* object */
TestTerraformUnpackRulesExample 2022-12-01T03:38:11Z logger.go:66:     "to_port" = 25
TestTerraformUnpackRulesExample 2022-12-01T03:38:11Z logger.go:66:     "type" = "ingress"
TestTerraformUnpackRulesExample 2022-12-01T03:38:11Z logger.go:66:   },
TestTerraformUnpackRulesExample 2022-12-01T03:38:11Z logger.go:66:   {
TestTerraformUnpackRulesExample 2022-12-01T03:38:11Z logger.go:66:     "cidr_blocks" = tolist(null) /* of string */
TestTerraformUnpackRulesExample 2022-12-01T03:38:11Z logger.go:66:     "description" = "unpack matrix customer rule"
TestTerraformUnpackRulesExample 2022-12-01T03:38:11Z logger.go:66:     "from_port" = 25
TestTerraformUnpackRulesExample 2022-12-01T03:38:11Z logger.go:66:     "id" = "sgrule-1111111111"
TestTerraformUnpackRulesExample 2022-12-01T03:38:11Z logger.go:66:     "ipv6_cidr_blocks" = tolist(null) /* of string */
TestTerraformUnpackRulesExample 2022-12-01T03:38:11Z logger.go:66:     "prefix_list_ids" = tolist([
TestTerraformUnpackRulesExample 2022-12-01T03:38:11Z logger.go:66:       "pl-1111111111111111",
TestTerraformUnpackRulesExample 2022-12-01T03:38:11Z logger.go:66:     ])
TestTerraformUnpackRulesExample 2022-12-01T03:38:11Z logger.go:66:     "protocol" = "tcp"
TestTerraformUnpackRulesExample 2022-12-01T03:38:11Z logger.go:66:     "security_group_id" = "sg-1111111111111111"
TestTerraformUnpackRulesExample 2022-12-01T03:38:11Z logger.go:66:     "self" = false
TestTerraformUnpackRulesExample 2022-12-01T03:38:11Z logger.go:66:     "source_security_group_id" = tostring(null)
TestTerraformUnpackRulesExample 2022-12-01T03:38:11Z logger.go:66:     "timeouts" = null /* object */
TestTerraformUnpackRulesExample 2022-12-01T03:38:11Z logger.go:66:     "to_port" = 25
TestTerraformUnpackRulesExample 2022-12-01T03:38:11Z logger.go:66:     "type" = "ingress"
TestTerraformUnpackRulesExample 2022-12-01T03:38:11Z logger.go:66:   },
TestTerraformUnpackRulesExample 2022-12-01T03:38:11Z logger.go:66:   {
TestTerraformUnpackRulesExample 2022-12-01T03:38:11Z logger.go:66:     "cidr_blocks" = tolist(null) /* of string */
TestTerraformUnpackRulesExample 2022-12-01T03:38:11Z logger.go:66:     "description" = "unpack matrix customer rule"
TestTerraformUnpackRulesExample 2022-12-01T03:38:11Z logger.go:66:     "from_port" = 25
TestTerraformUnpackRulesExample 2022-12-01T03:38:11Z logger.go:66:     "id" = "sgrule-1111111111"
TestTerraformUnpackRulesExample 2022-12-01T03:38:11Z logger.go:66:     "ipv6_cidr_blocks" = tolist(null) /* of string */
TestTerraformUnpackRulesExample 2022-12-01T03:38:11Z logger.go:66:     "prefix_list_ids" = tolist(null) /* of string */
TestTerraformUnpackRulesExample 2022-12-01T03:38:11Z logger.go:66:     "protocol" = "tcp"
TestTerraformUnpackRulesExample 2022-12-01T03:38:11Z logger.go:66:     "security_group_id" = "sg-1111111111111111"
TestTerraformUnpackRulesExample 2022-12-01T03:38:11Z logger.go:66:     "self" = false
TestTerraformUnpackRulesExample 2022-12-01T03:38:11Z logger.go:66:     "source_security_group_id" = "sg-1111111111111111"
TestTerraformUnpackRulesExample 2022-12-01T03:38:11Z logger.go:66:     "timeouts" = null /* object */
TestTerraformUnpackRulesExample 2022-12-01T03:38:11Z logger.go:66:     "to_port" = 25
TestTerraformUnpackRulesExample 2022-12-01T03:38:11Z logger.go:66:     "type" = "ingress"
TestTerraformUnpackRulesExample 2022-12-01T03:38:11Z logger.go:66:   },
TestTerraformUnpackRulesExample 2022-12-01T03:38:11Z logger.go:66:   {
TestTerraformUnpackRulesExample 2022-12-01T03:38:11Z logger.go:66:     "cidr_blocks" = tolist(null) /* of string */
TestTerraformUnpackRulesExample 2022-12-01T03:38:11Z logger.go:66:     "description" = "unpack matrix customer rule"
TestTerraformUnpackRulesExample 2022-12-01T03:38:11Z logger.go:66:     "from_port" = 25
TestTerraformUnpackRulesExample 2022-12-01T03:38:11Z logger.go:66:     "id" = "sgrule-1111111111"
TestTerraformUnpackRulesExample 2022-12-01T03:38:11Z logger.go:66:     "ipv6_cidr_blocks" = tolist(null) /* of string */
TestTerraformUnpackRulesExample 2022-12-01T03:38:11Z logger.go:66:     "prefix_list_ids" = tolist(null) /* of string */
TestTerraformUnpackRulesExample 2022-12-01T03:38:11Z logger.go:66:     "protocol" = "tcp"
TestTerraformUnpackRulesExample 2022-12-01T03:38:11Z logger.go:66:     "security_group_id" = "sg-1111111111111111"
TestTerraformUnpackRulesExample 2022-12-01T03:38:11Z logger.go:66:     "self" = true
TestTerraformUnpackRulesExample 2022-12-01T03:38:11Z logger.go:66:     "source_security_group_id" = tostring(null)
TestTerraformUnpackRulesExample 2022-12-01T03:38:11Z logger.go:66:     "timeouts" = null /* object */
TestTerraformUnpackRulesExample 2022-12-01T03:38:11Z logger.go:66:     "to_port" = 25
TestTerraformUnpackRulesExample 2022-12-01T03:38:11Z logger.go:66:     "type" = "ingress"
TestTerraformUnpackRulesExample 2022-12-01T03:38:11Z logger.go:66:   },
TestTerraformUnpackRulesExample 2022-12-01T03:38:11Z logger.go:66:   {
TestTerraformUnpackRulesExample 2022-12-01T03:38:11Z logger.go:66:     "cidr_blocks" = tolist([
TestTerraformUnpackRulesExample 2022-12-01T03:38:11Z logger.go:66:       "10.0.0.0/24",
TestTerraformUnpackRulesExample 2022-12-01T03:38:11Z logger.go:66:     ])
TestTerraformUnpackRulesExample 2022-12-01T03:38:11Z logger.go:66:     "description" = "unpack matrix managed rule"
TestTerraformUnpackRulesExample 2022-12-01T03:38:11Z logger.go:66:     "from_port" = 3306
TestTerraformUnpackRulesExample 2022-12-01T03:38:11Z logger.go:66:     "id" = "sgrule-1111111111"
TestTerraformUnpackRulesExample 2022-12-01T03:38:11Z logger.go:66:     "ipv6_cidr_blocks" = tolist(null) /* of string */
TestTerraformUnpackRulesExample 2022-12-01T03:38:11Z logger.go:66:     "prefix_list_ids" = tolist(null) /* of string */
TestTerraformUnpackRulesExample 2022-12-01T03:38:11Z logger.go:66:     "protocol" = "tcp"
TestTerraformUnpackRulesExample 2022-12-01T03:38:11Z logger.go:66:     "security_group_id" = "sg-1111111111111111"
TestTerraformUnpackRulesExample 2022-12-01T03:38:11Z logger.go:66:     "self" = false
TestTerraformUnpackRulesExample 2022-12-01T03:38:11Z logger.go:66:     "source_security_group_id" = tostring(null)
TestTerraformUnpackRulesExample 2022-12-01T03:38:11Z logger.go:66:     "timeouts" = null /* object */
TestTerraformUnpackRulesExample 2022-12-01T03:38:11Z logger.go:66:     "to_port" = 3306
TestTerraformUnpackRulesExample 2022-12-01T03:38:11Z logger.go:66:     "type" = "ingress"
TestTerraformUnpackRulesExample 2022-12-01T03:38:11Z logger.go:66:   },
TestTerraformUnpackRulesExample 2022-12-01T03:38:11Z logger.go:66:   {
TestTerraformUnpackRulesExample 2022-12-01T03:38:11Z logger.go:66:     "cidr_blocks" = tolist([
TestTerraformUnpackRulesExample 2022-12-01T03:38:11Z logger.go:66:       "10.0.1.0/24",
TestTerraformUnpackRulesExample 2022-12-01T03:38:11Z logger.go:66:     ])
TestTerraformUnpackRulesExample 2022-12-01T03:38:11Z logger.go:66:     "description" = "unpack matrix managed rule"
TestTerraformUnpackRulesExample 2022-12-01T03:38:11Z logger.go:66:     "from_port" = 3306
TestTerraformUnpackRulesExample 2022-12-01T03:38:11Z logger.go:66:     "id" = "sgrule-1111111111"
TestTerraformUnpackRulesExample 2022-12-01T03:38:11Z logger.go:66:     "ipv6_cidr_blocks" = tolist(null) /* of string */
TestTerraformUnpackRulesExample 2022-12-01T03:38:11Z logger.go:66:     "prefix_list_ids" = tolist(null) /* of string */
TestTerraformUnpackRulesExample 2022-12-01T03:38:11Z logger.go:66:     "protocol" = "tcp"
TestTerraformUnpackRulesExample 2022-12-01T03:38:11Z logger.go:66:     "security_group_id" = "sg-1111111111111111"
TestTerraformUnpackRulesExample 2022-12-01T03:38:11Z logger.go:66:     "self" = false
TestTerraformUnpackRulesExample 2022-12-01T03:38:11Z logger.go:66:     "source_security_group_id" = tostring(null)
TestTerraformUnpackRulesExample 2022-12-01T03:38:11Z logger.go:66:     "timeouts" = null /* object */
TestTerraformUnpackRulesExample 2022-12-01T03:38:11Z logger.go:66:     "to_port" = 3306
TestTerraformUnpackRulesExample 2022-12-01T03:38:11Z logger.go:66:     "type" = "ingress"
TestTerraformUnpackRulesExample 2022-12-01T03:38:11Z logger.go:66:   },
TestTerraformUnpackRulesExample 2022-12-01T03:38:11Z logger.go:66:   {
TestTerraformUnpackRulesExample 2022-12-01T03:38:11Z logger.go:66:     "cidr_blocks" = tolist(null) /* of string */
TestTerraformUnpackRulesExample 2022-12-01T03:38:11Z logger.go:66:     "description" = "unpack matrix managed rule"
TestTerraformUnpackRulesExample 2022-12-01T03:38:11Z logger.go:66:     "from_port" = 3306
TestTerraformUnpackRulesExample 2022-12-01T03:38:11Z logger.go:66:     "id" = "sgrule-1111111111"
TestTerraformUnpackRulesExample 2022-12-01T03:38:11Z logger.go:66:     "ipv6_cidr_blocks" = tolist(null) /* of string */
TestTerraformUnpackRulesExample 2022-12-01T03:38:11Z logger.go:66:     "prefix_list_ids" = tolist([
TestTerraformUnpackRulesExample 2022-12-01T03:38:11Z logger.go:66:       "pl-1111111111111111",
TestTerraformUnpackRulesExample 2022-12-01T03:38:11Z logger.go:66:     ])
TestTerraformUnpackRulesExample 2022-12-01T03:38:11Z logger.go:66:     "protocol" = "tcp"
TestTerraformUnpackRulesExample 2022-12-01T03:38:11Z logger.go:66:     "security_group_id" = "sg-1111111111111111"
TestTerraformUnpackRulesExample 2022-12-01T03:38:11Z logger.go:66:     "self" = false
TestTerraformUnpackRulesExample 2022-12-01T03:38:11Z logger.go:66:     "source_security_group_id" = tostring(null)
TestTerraformUnpackRulesExample 2022-12-01T03:38:11Z logger.go:66:     "timeouts" = null /* object */
TestTerraformUnpackRulesExample 2022-12-01T03:38:11Z logger.go:66:     "to_port" = 3306
TestTerraformUnpackRulesExample 2022-12-01T03:38:11Z logger.go:66:     "type" = "ingress"
TestTerraformUnpackRulesExample 2022-12-01T03:38:11Z logger.go:66:   },
TestTerraformUnpackRulesExample 2022-12-01T03:38:11Z logger.go:66:   {
TestTerraformUnpackRulesExample 2022-12-01T03:38:11Z logger.go:66:     "cidr_blocks" = tolist(null) /* of string */
TestTerraformUnpackRulesExample 2022-12-01T03:38:11Z logger.go:66:     "description" = "unpack matrix managed rule"
TestTerraformUnpackRulesExample 2022-12-01T03:38:11Z logger.go:66:     "from_port" = 3306
TestTerraformUnpackRulesExample 2022-12-01T03:38:11Z logger.go:66:     "id" = "sgrule-1111111111"
TestTerraformUnpackRulesExample 2022-12-01T03:38:11Z logger.go:66:     "ipv6_cidr_blocks" = tolist(null) /* of string */
TestTerraformUnpackRulesExample 2022-12-01T03:38:11Z logger.go:66:     "prefix_list_ids" = tolist(null) /* of string */
TestTerraformUnpackRulesExample 2022-12-01T03:38:11Z logger.go:66:     "protocol" = "tcp"
TestTerraformUnpackRulesExample 2022-12-01T03:38:11Z logger.go:66:     "security_group_id" = "sg-1111111111111111"
TestTerraformUnpackRulesExample 2022-12-01T03:38:11Z logger.go:66:     "self" = false
TestTerraformUnpackRulesExample 2022-12-01T03:38:11Z logger.go:66:     "source_security_group_id" = "sg-1111111111111111"
TestTerraformUnpackRulesExample 2022-12-01T03:38:11Z logger.go:66:     "timeouts" = null /* object */
TestTerraformUnpackRulesExample 2022-12-01T03:38:11Z logger.go:66:     "to_port" = 3306
TestTerraformUnpackRulesExample 2022-12-01T03:38:11Z logger.go:66:     "type" = "ingress"
TestTerraformUnpackRulesExample 2022-12-01T03:38:11Z logger.go:66:   },
TestTerraformUnpackRulesExample 2022-12-01T03:38:11Z logger.go:66:   {
TestTerraformUnpackRulesExample 2022-12-01T03:38:11Z logger.go:66:     "cidr_blocks" = tolist(null) /* of string */
TestTerraformUnpackRulesExample 2022-12-01T03:38:11Z logger.go:66:     "description" = "unpack matrix managed rule"
TestTerraformUnpackRulesExample 2022-12-01T03:38:11Z logger.go:66:     "from_port" = 3306
TestTerraformUnpackRulesExample 2022-12-01T03:38:11Z logger.go:66:     "id" = "sgrule-1111111111"
TestTerraformUnpackRulesExample 2022-12-01T03:38:11Z logger.go:66:     "ipv6_cidr_blocks" = tolist(null) /* of string */
TestTerraformUnpackRulesExample 2022-12-01T03:38:11Z logger.go:66:     "prefix_list_ids" = tolist(null) /* of string */
TestTerraformUnpackRulesExample 2022-12-01T03:38:11Z logger.go:66:     "protocol" = "tcp"
TestTerraformUnpackRulesExample 2022-12-01T03:38:11Z logger.go:66:     "security_group_id" = "sg-1111111111111111"
TestTerraformUnpackRulesExample 2022-12-01T03:38:11Z logger.go:66:     "self" = true
TestTerraformUnpackRulesExample 2022-12-01T03:38:11Z logger.go:66:     "source_security_group_id" = tostring(null)
TestTerraformUnpackRulesExample 2022-12-01T03:38:11Z logger.go:66:     "timeouts" = null /* object */
TestTerraformUnpackRulesExample 2022-12-01T03:38:11Z logger.go:66:     "to_port" = 3306
TestTerraformUnpackRulesExample 2022-12-01T03:38:11Z logger.go:66:     "type" = "ingress"
TestTerraformUnpackRulesExample 2022-12-01T03:38:11Z logger.go:66:   },
TestTerraformUnpackRulesExample 2022-12-01T03:38:11Z logger.go:66: ]
TestTerraformUnpackRulesExample 2022-12-01T03:38:11Z logger.go:66: terratest = {
TestTerraformUnpackRulesExample 2022-12-01T03:38:11Z logger.go:66:   "data_aws_prefix_list_private_s3_id" = "pl-1111111111111111"
TestTerraformUnpackRulesExample 2022-12-01T03:38:11Z logger.go:66:   "data_aws_security_group_default_id" = "sg-1111111111111111"
TestTerraformUnpackRulesExample 2022-12-01T03:38:11Z logger.go:66:   "egress_count" = 0
TestTerraformUnpackRulesExample 2022-12-01T03:38:11Z logger.go:66:   "ingress_count" = 24
TestTerraformUnpackRulesExample 2022-12-01T03:38:11Z logger.go:66: }
TestTerraformUnpackRulesExample 2022-12-01T03:38:11Z retry.go:91: terraform [output -no-color -json terratest]
TestTerraformUnpackRulesExample 2022-12-01T03:38:11Z logger.go:66: Running command terraform with args [output -no-color -json terratest]
TestTerraformUnpackRulesExample 2022-12-01T03:38:12Z logger.go:66: {"data_aws_prefix_list_private_s3_id":"pl-1111111111111111","data_aws_security_group_default_id":"sg-1111111111111111","egress_count":0,"ingress_count":24}
TestTerraformUnpackRulesExample 2022-12-01T03:38:12Z retry.go:91: terraform [destroy -auto-approve -input=false -no-color -lock=false]
TestTerraformUnpackRulesExample 2022-12-01T03:38:12Z logger.go:66: Running command terraform with args [destroy -auto-approve -input=false -no-color -lock=false]
TestTerraformUnpackRulesExample 2022-12-01T03:38:16Z logger.go:66: data.aws_prefix_list.private_s3: Reading...
TestTerraformUnpackRulesExample 2022-12-01T03:38:16Z logger.go:66: data.aws_vpc.default: Reading...
TestTerraformUnpackRulesExample 2022-12-01T03:38:16Z logger.go:66: data.aws_prefix_list.private_s3: Read complete after 0s [id=pl-1111111111111111]
TestTerraformUnpackRulesExample 2022-12-01T03:38:16Z logger.go:66: data.aws_vpc.default: Read complete after 1s [id=vpc-1111111111111111]
TestTerraformUnpackRulesExample 2022-12-01T03:38:16Z logger.go:66: data.aws_security_group.default: Reading...
TestTerraformUnpackRulesExample 2022-12-01T03:38:16Z logger.go:66: module.security_group.aws_security_group.self[0]: Refreshing state... [id=sg-1111111111111111]
TestTerraformUnpackRulesExample 2022-12-01T03:38:16Z logger.go:66: data.aws_security_group.default: Read complete after 0s [id=sg-1111111111111111]
TestTerraformUnpackRulesExample 2022-12-01T03:38:16Z logger.go:66: module.security_group.aws_security_group_rule.ingress["5432-5432-tcp-2001:db8::/64"]: Refreshing state... [id=sgrule-1111111111]
TestTerraformUnpackRulesExample 2022-12-01T03:38:16Z logger.go:66: module.security_group.aws_security_group_rule.ingress["22-22-tcp-pl-1111111111111111"]: Refreshing state... [id=sgrule-1111111111]
TestTerraformUnpackRulesExample 2022-12-01T03:38:16Z logger.go:66: module.security_group.aws_security_group_rule.ingress["5432-5432-tcp-10.20.0.0/24"]: Refreshing state... [id=sgrule-1111111111]
TestTerraformUnpackRulesExample 2022-12-01T03:38:16Z logger.go:66: module.security_group.aws_security_group_rule.ingress["22-22-tcp-10.20.0.0/24"]: Refreshing state... [id=sgrule-1111111111]
TestTerraformUnpackRulesExample 2022-12-01T03:38:16Z logger.go:66: module.security_group.aws_security_group_rule.ingress["5432-5432-tcp-10.10.0.0/16"]: Refreshing state... [id=sgrule-1111111111]
TestTerraformUnpackRulesExample 2022-12-01T03:38:16Z logger.go:66: module.security_group.aws_security_group_rule.ingress["22-22-tcp-10.10.0.0/16"]: Refreshing state... [id=sgrule-1111111111]
TestTerraformUnpackRulesExample 2022-12-01T03:38:16Z logger.go:66: module.security_group.aws_security_group_rule.ingress["443-443-tcp-0.0.0.0/0"]: Refreshing state... [id=sgrule-1111111111]
TestTerraformUnpackRulesExample 2022-12-01T03:38:16Z logger.go:66: module.security_group.aws_security_group_rule.ingress["5432-5432-tcp-true"]: Refreshing state... [id=sgrule-1111111111]
TestTerraformUnpackRulesExample 2022-12-01T03:38:16Z logger.go:66: module.security_group.aws_security_group_rule.ingress["5432-5432-tcp-pl-1111111111111111"]: Refreshing state... [id=sgrule-1111111111]
TestTerraformUnpackRulesExample 2022-12-01T03:38:17Z logger.go:66: module.security_group.aws_security_group_rule.ingress["5432-5432-tcp-sg-1111111111111111"]: Refreshing state... [id=sgrule-1111111111]
TestTerraformUnpackRulesExample 2022-12-01T03:38:17Z logger.go:66: module.security_group.aws_security_group_rule.ingress["22-22-tcp-true"]: Refreshing state... [id=sgrule-1111111111]
TestTerraformUnpackRulesExample 2022-12-01T03:38:17Z logger.go:66: module.security_group.aws_security_group_rule.ingress["22-22-tcp-sg-1111111111111111"]: Refreshing state... [id=sgrule-1111111111]
TestTerraformUnpackRulesExample 2022-12-01T03:38:17Z logger.go:66: module.security_group.aws_security_group_rule.ingress["22-22-tcp-2001:db8::/64"]: Refreshing state... [id=sgrule-1111111111]
TestTerraformUnpackRulesExample 2022-12-01T03:38:17Z logger.go:66: module.security_group.aws_security_group_rule.ingress["443-443-tcp-::/0"]: Refreshing state... [id=sgrule-1111111111]
TestTerraformUnpackRulesExample 2022-12-01T03:38:17Z logger.go:66: module.security_group.aws_security_group_rule.matrix_ingress["3306-3306-tcp-pl-1111111111111111"]: Refreshing state... [id=sgrule-1111111111]
TestTerraformUnpackRulesExample 2022-12-01T03:38:17Z logger.go:66: module.security_group.aws_security_group_rule.matrix_ingress["3306-3306-tcp-10.0.0.0/24"]: Refreshing state... [id=sgrule-1111111111]
TestTerraformUnpackRulesExample 2022-12-01T03:38:17Z logger.go:66: module.security_group.aws_security_group_rule.matrix_ingress["25-25-tcp-true"]: Refreshing state... [id=sgrule-1111111111]
TestTerraformUnpackRulesExample 2022-12-01T03:38:17Z logger.go:66: module.security_group.aws_security_group_rule.matrix_ingress["3306-3306-tcp-sg-1111111111111111"]: Refreshing state... [id=sgrule-1111111111]
TestTerraformUnpackRulesExample 2022-12-01T03:38:17Z logger.go:66: module.security_group.aws_security_group_rule.matrix_ingress["25-25-tcp-pl-1111111111111111"]: Refreshing state... [id=sgrule-1111111111]
TestTerraformUnpackRulesExample 2022-12-01T03:38:17Z logger.go:66: module.security_group.aws_security_group_rule.matrix_ingress["3306-3306-tcp-true"]: Refreshing state... [id=sgrule-1111111111]
TestTerraformUnpackRulesExample 2022-12-01T03:38:17Z logger.go:66: module.security_group.aws_security_group_rule.matrix_ingress["25-25-tcp-sg-1111111111111111"]: Refreshing state... [id=sgrule-1111111111]
TestTerraformUnpackRulesExample 2022-12-01T03:38:17Z logger.go:66: module.security_group.aws_security_group_rule.matrix_ingress["25-25-tcp-10.0.0.0/24"]: Refreshing state... [id=sgrule-1111111111]
TestTerraformUnpackRulesExample 2022-12-01T03:38:17Z logger.go:66: module.security_group.aws_security_group_rule.matrix_ingress["3306-3306-tcp-10.0.1.0/24"]: Refreshing state... [id=sgrule-1111111111]
TestTerraformUnpackRulesExample 2022-12-01T03:38:17Z logger.go:66: module.security_group.aws_security_group_rule.matrix_ingress["25-25-tcp-10.0.1.0/24"]: Refreshing state... [id=sgrule-1111111111]
TestTerraformUnpackRulesExample 2022-12-01T03:38:18Z logger.go:66:
TestTerraformUnpackRulesExample 2022-12-01T03:38:18Z logger.go:66: Terraform used the selected providers to generate the following execution
TestTerraformUnpackRulesExample 2022-12-01T03:38:18Z logger.go:66: plan. Resource actions are indicated with the following symbols:
TestTerraformUnpackRulesExample 2022-12-01T03:38:18Z logger.go:66:   - destroy
TestTerraformUnpackRulesExample 2022-12-01T03:38:18Z logger.go:66:
TestTerraformUnpackRulesExample 2022-12-01T03:38:18Z logger.go:66: Terraform will perform the following actions:
TestTerraformUnpackRulesExample 2022-12-01T03:38:18Z logger.go:66:
TestTerraformUnpackRulesExample 2022-12-01T03:38:18Z logger.go:66:   # module.security_group.aws_security_group.self[0] will be destroyed
TestTerraformUnpackRulesExample 2022-12-01T03:38:18Z logger.go:66:   - resource "aws_security_group" "self" {
TestTerraformUnpackRulesExample 2022-12-01T03:38:18Z logger.go:66:       - arn                    = "arn:aws:ec2:us-west-2:111111111111:security-group/sg-1111111111111111" -> null
TestTerraformUnpackRulesExample 2022-12-01T03:38:18Z logger.go:66:       - description            = "ex-unpack" -> null
TestTerraformUnpackRulesExample 2022-12-01T03:38:18Z logger.go:66:       - egress                 = [] -> null
TestTerraformUnpackRulesExample 2022-12-01T03:38:18Z logger.go:66:       - id                     = "sg-1111111111111111" -> null
TestTerraformUnpackRulesExample 2022-12-01T03:38:18Z logger.go:66:       - ingress                = [
TestTerraformUnpackRulesExample 2022-12-01T03:38:18Z logger.go:66:           - {
TestTerraformUnpackRulesExample 2022-12-01T03:38:18Z logger.go:66:               - cidr_blocks      = [
TestTerraformUnpackRulesExample 2022-12-01T03:38:18Z logger.go:66:                   - "0.0.0.0/0",
TestTerraformUnpackRulesExample 2022-12-01T03:38:18Z logger.go:66:                 ]
TestTerraformUnpackRulesExample 2022-12-01T03:38:18Z logger.go:66:               - description      = "unpack common rule."
TestTerraformUnpackRulesExample 2022-12-01T03:38:18Z logger.go:66:               - from_port        = 443
TestTerraformUnpackRulesExample 2022-12-01T03:38:18Z logger.go:66:               - ipv6_cidr_blocks = [
TestTerraformUnpackRulesExample 2022-12-01T03:38:18Z logger.go:66:                   - "::/0",
TestTerraformUnpackRulesExample 2022-12-01T03:38:18Z logger.go:66:                 ]
TestTerraformUnpackRulesExample 2022-12-01T03:38:18Z logger.go:66:               - prefix_list_ids  = []
TestTerraformUnpackRulesExample 2022-12-01T03:38:18Z logger.go:66:               - protocol         = "tcp"
TestTerraformUnpackRulesExample 2022-12-01T03:38:18Z logger.go:66:               - security_groups  = []
TestTerraformUnpackRulesExample 2022-12-01T03:38:18Z logger.go:66:               - self             = false
TestTerraformUnpackRulesExample 2022-12-01T03:38:18Z logger.go:66:               - to_port          = 443
TestTerraformUnpackRulesExample 2022-12-01T03:38:18Z logger.go:66:             },
TestTerraformUnpackRulesExample 2022-12-01T03:38:18Z logger.go:66:           - {
TestTerraformUnpackRulesExample 2022-12-01T03:38:18Z logger.go:66:               - cidr_blocks      = [
TestTerraformUnpackRulesExample 2022-12-01T03:38:18Z logger.go:66:                   - "10.0.1.0/24",
TestTerraformUnpackRulesExample 2022-12-01T03:38:18Z logger.go:66:                   - "10.0.0.0/24",
TestTerraformUnpackRulesExample 2022-12-01T03:38:18Z logger.go:66:                 ]
TestTerraformUnpackRulesExample 2022-12-01T03:38:18Z logger.go:66:               - description      = "unpack matrix customer rule"
TestTerraformUnpackRulesExample 2022-12-01T03:38:18Z logger.go:66:               - from_port        = 25
TestTerraformUnpackRulesExample 2022-12-01T03:38:18Z logger.go:66:               - ipv6_cidr_blocks = []
TestTerraformUnpackRulesExample 2022-12-01T03:38:18Z logger.go:66:               - prefix_list_ids  = [
TestTerraformUnpackRulesExample 2022-12-01T03:38:18Z logger.go:66:                   - "pl-1111111111111111",
TestTerraformUnpackRulesExample 2022-12-01T03:38:18Z logger.go:66:                 ]
TestTerraformUnpackRulesExample 2022-12-01T03:38:18Z logger.go:66:               - protocol         = "tcp"
TestTerraformUnpackRulesExample 2022-12-01T03:38:18Z logger.go:66:               - security_groups  = [
TestTerraformUnpackRulesExample 2022-12-01T03:38:18Z logger.go:66:                   - "sg-1111111111111111",
TestTerraformUnpackRulesExample 2022-12-01T03:38:18Z logger.go:66:                 ]
TestTerraformUnpackRulesExample 2022-12-01T03:38:18Z logger.go:66:               - self             = true
TestTerraformUnpackRulesExample 2022-12-01T03:38:18Z logger.go:66:               - to_port          = 25
TestTerraformUnpackRulesExample 2022-12-01T03:38:18Z logger.go:66:             },
TestTerraformUnpackRulesExample 2022-12-01T03:38:18Z logger.go:66:           - {
TestTerraformUnpackRulesExample 2022-12-01T03:38:18Z logger.go:66:               - cidr_blocks      = [
TestTerraformUnpackRulesExample 2022-12-01T03:38:18Z logger.go:66:                   - "10.0.1.0/24",
TestTerraformUnpackRulesExample 2022-12-01T03:38:18Z logger.go:66:                   - "10.0.0.0/24",
TestTerraformUnpackRulesExample 2022-12-01T03:38:18Z logger.go:66:                 ]
TestTerraformUnpackRulesExample 2022-12-01T03:38:18Z logger.go:66:               - description      = "unpack matrix managed rule"
TestTerraformUnpackRulesExample 2022-12-01T03:38:18Z logger.go:66:               - from_port        = 3306
TestTerraformUnpackRulesExample 2022-12-01T03:38:18Z logger.go:66:               - ipv6_cidr_blocks = []
TestTerraformUnpackRulesExample 2022-12-01T03:38:18Z logger.go:66:               - prefix_list_ids  = [
TestTerraformUnpackRulesExample 2022-12-01T03:38:18Z logger.go:66:                   - "pl-1111111111111111",
TestTerraformUnpackRulesExample 2022-12-01T03:38:18Z logger.go:66:                 ]
TestTerraformUnpackRulesExample 2022-12-01T03:38:18Z logger.go:66:               - protocol         = "tcp"
TestTerraformUnpackRulesExample 2022-12-01T03:38:18Z logger.go:66:               - security_groups  = [
TestTerraformUnpackRulesExample 2022-12-01T03:38:18Z logger.go:66:                   - "sg-1111111111111111",
TestTerraformUnpackRulesExample 2022-12-01T03:38:18Z logger.go:66:                 ]
TestTerraformUnpackRulesExample 2022-12-01T03:38:18Z logger.go:66:               - self             = true
TestTerraformUnpackRulesExample 2022-12-01T03:38:18Z logger.go:66:               - to_port          = 3306
TestTerraformUnpackRulesExample 2022-12-01T03:38:18Z logger.go:66:             },
TestTerraformUnpackRulesExample 2022-12-01T03:38:18Z logger.go:66:           - {
TestTerraformUnpackRulesExample 2022-12-01T03:38:18Z logger.go:66:               - cidr_blocks      = [
TestTerraformUnpackRulesExample 2022-12-01T03:38:18Z logger.go:66:                   - "10.10.0.0/16",
TestTerraformUnpackRulesExample 2022-12-01T03:38:18Z logger.go:66:                   - "10.20.0.0/24",
TestTerraformUnpackRulesExample 2022-12-01T03:38:18Z logger.go:66:                 ]
TestTerraformUnpackRulesExample 2022-12-01T03:38:18Z logger.go:66:               - description      = "unpack customer rules."
TestTerraformUnpackRulesExample 2022-12-01T03:38:18Z logger.go:66:               - from_port        = 22
TestTerraformUnpackRulesExample 2022-12-01T03:38:18Z logger.go:66:               - ipv6_cidr_blocks = [
TestTerraformUnpackRulesExample 2022-12-01T03:38:18Z logger.go:66:                   - "2001:db8::/64",
TestTerraformUnpackRulesExample 2022-12-01T03:38:18Z logger.go:66:                 ]
TestTerraformUnpackRulesExample 2022-12-01T03:38:18Z logger.go:66:               - prefix_list_ids  = [
TestTerraformUnpackRulesExample 2022-12-01T03:38:18Z logger.go:66:                   - "pl-1111111111111111",
TestTerraformUnpackRulesExample 2022-12-01T03:38:18Z logger.go:66:                 ]
TestTerraformUnpackRulesExample 2022-12-01T03:38:18Z logger.go:66:               - protocol         = "tcp"
TestTerraformUnpackRulesExample 2022-12-01T03:38:18Z logger.go:66:               - security_groups  = [
TestTerraformUnpackRulesExample 2022-12-01T03:38:18Z logger.go:66:                   - "sg-1111111111111111",
TestTerraformUnpackRulesExample 2022-12-01T03:38:18Z logger.go:66:                 ]
TestTerraformUnpackRulesExample 2022-12-01T03:38:18Z logger.go:66:               - self             = true
TestTerraformUnpackRulesExample 2022-12-01T03:38:18Z logger.go:66:               - to_port          = 22
TestTerraformUnpackRulesExample 2022-12-01T03:38:18Z logger.go:66:             },
TestTerraformUnpackRulesExample 2022-12-01T03:38:18Z logger.go:66:           - {
TestTerraformUnpackRulesExample 2022-12-01T03:38:18Z logger.go:66:               - cidr_blocks      = [
TestTerraformUnpackRulesExample 2022-12-01T03:38:18Z logger.go:66:                   - "10.20.0.0/24",
TestTerraformUnpackRulesExample 2022-12-01T03:38:18Z logger.go:66:                   - "10.10.0.0/16",
TestTerraformUnpackRulesExample 2022-12-01T03:38:18Z logger.go:66:                 ]
TestTerraformUnpackRulesExample 2022-12-01T03:38:18Z logger.go:66:               - description      = "unpack managed rules"
TestTerraformUnpackRulesExample 2022-12-01T03:38:18Z logger.go:66:               - from_port        = 5432
TestTerraformUnpackRulesExample 2022-12-01T03:38:18Z logger.go:66:               - ipv6_cidr_blocks = [
TestTerraformUnpackRulesExample 2022-12-01T03:38:18Z logger.go:66:                   - "2001:db8::/64",
TestTerraformUnpackRulesExample 2022-12-01T03:38:18Z logger.go:66:                 ]
TestTerraformUnpackRulesExample 2022-12-01T03:38:18Z logger.go:66:               - prefix_list_ids  = [
TestTerraformUnpackRulesExample 2022-12-01T03:38:18Z logger.go:66:                   - "pl-1111111111111111",
TestTerraformUnpackRulesExample 2022-12-01T03:38:18Z logger.go:66:                 ]
TestTerraformUnpackRulesExample 2022-12-01T03:38:18Z logger.go:66:               - protocol         = "tcp"
TestTerraformUnpackRulesExample 2022-12-01T03:38:18Z logger.go:66:               - security_groups  = [
TestTerraformUnpackRulesExample 2022-12-01T03:38:18Z logger.go:66:                   - "sg-1111111111111111",
TestTerraformUnpackRulesExample 2022-12-01T03:38:18Z logger.go:66:                 ]
TestTerraformUnpackRulesExample 2022-12-01T03:38:18Z logger.go:66:               - self             = true
TestTerraformUnpackRulesExample 2022-12-01T03:38:18Z logger.go:66:               - to_port          = 5432
TestTerraformUnpackRulesExample 2022-12-01T03:38:18Z logger.go:66:             },
TestTerraformUnpackRulesExample 2022-12-01T03:38:18Z logger.go:66:         ] -> null
TestTerraformUnpackRulesExample 2022-12-01T03:38:18Z logger.go:66:       - name                   = "ex-unpack" -> null
TestTerraformUnpackRulesExample 2022-12-01T03:38:18Z logger.go:66:       - owner_id               = "111111111111" -> null
TestTerraformUnpackRulesExample 2022-12-01T03:38:18Z logger.go:66:       - revoke_rules_on_delete = false -> null
TestTerraformUnpackRulesExample 2022-12-01T03:38:18Z logger.go:66:       - tags                   = {
TestTerraformUnpackRulesExample 2022-12-01T03:38:18Z logger.go:66:           - "Name" = "ex-unpack"
TestTerraformUnpackRulesExample 2022-12-01T03:38:18Z logger.go:66:         } -> null
TestTerraformUnpackRulesExample 2022-12-01T03:38:18Z logger.go:66:       - tags_all               = {
TestTerraformUnpackRulesExample 2022-12-01T03:38:18Z logger.go:66:           - "Example"    = "ex-unpack"
TestTerraformUnpackRulesExample 2022-12-01T03:38:18Z logger.go:66:           - "GithubOrg"  = "aidanmelen"
TestTerraformUnpackRulesExample 2022-12-01T03:38:18Z logger.go:66:           - "GithubRepo" = "terraform-aws-security-group"
TestTerraformUnpackRulesExample 2022-12-01T03:38:18Z logger.go:66:           - "Name"       = "ex-unpack"
TestTerraformUnpackRulesExample 2022-12-01T03:38:18Z logger.go:66:         } -> null
TestTerraformUnpackRulesExample 2022-12-01T03:38:18Z logger.go:66:       - vpc_id                 = "vpc-1111111111111111" -> null
TestTerraformUnpackRulesExample 2022-12-01T03:38:18Z logger.go:66:
TestTerraformUnpackRulesExample 2022-12-01T03:38:18Z logger.go:66:       - timeouts {
TestTerraformUnpackRulesExample 2022-12-01T03:38:18Z logger.go:66:           - create = "10m" -> null
TestTerraformUnpackRulesExample 2022-12-01T03:38:18Z logger.go:66:           - delete = "15m" -> null
TestTerraformUnpackRulesExample 2022-12-01T03:38:18Z logger.go:66:         }
TestTerraformUnpackRulesExample 2022-12-01T03:38:18Z logger.go:66:     }
TestTerraformUnpackRulesExample 2022-12-01T03:38:18Z logger.go:66:
TestTerraformUnpackRulesExample 2022-12-01T03:38:18Z logger.go:66:   # module.security_group.aws_security_group_rule.ingress["22-22-tcp-10.10.0.0/16"] will be destroyed
TestTerraformUnpackRulesExample 2022-12-01T03:38:18Z logger.go:66:   - resource "aws_security_group_rule" "ingress" {
TestTerraformUnpackRulesExample 2022-12-01T03:38:18Z logger.go:66:       - cidr_blocks       = [
TestTerraformUnpackRulesExample 2022-12-01T03:38:18Z logger.go:66:           - "10.10.0.0/16",
TestTerraformUnpackRulesExample 2022-12-01T03:38:18Z logger.go:66:         ] -> null
TestTerraformUnpackRulesExample 2022-12-01T03:38:18Z logger.go:66:       - description       = "unpack customer rules." -> null
TestTerraformUnpackRulesExample 2022-12-01T03:38:18Z logger.go:66:       - from_port         = 22 -> null
TestTerraformUnpackRulesExample 2022-12-01T03:38:18Z logger.go:66:       - id                = "sgrule-1111111111" -> null
TestTerraformUnpackRulesExample 2022-12-01T03:38:18Z logger.go:66:       - protocol          = "tcp" -> null
TestTerraformUnpackRulesExample 2022-12-01T03:38:18Z logger.go:66:       - security_group_id = "sg-1111111111111111" -> null
TestTerraformUnpackRulesExample 2022-12-01T03:38:18Z logger.go:66:       - self              = false -> null
TestTerraformUnpackRulesExample 2022-12-01T03:38:18Z logger.go:66:       - to_port           = 22 -> null
TestTerraformUnpackRulesExample 2022-12-01T03:38:18Z logger.go:66:       - type              = "ingress" -> null
TestTerraformUnpackRulesExample 2022-12-01T03:38:18Z logger.go:66:     }
TestTerraformUnpackRulesExample 2022-12-01T03:38:18Z logger.go:66:
TestTerraformUnpackRulesExample 2022-12-01T03:38:18Z logger.go:66:   # module.security_group.aws_security_group_rule.ingress["22-22-tcp-10.20.0.0/24"] will be destroyed
TestTerraformUnpackRulesExample 2022-12-01T03:38:18Z logger.go:66:   - resource "aws_security_group_rule" "ingress" {
TestTerraformUnpackRulesExample 2022-12-01T03:38:18Z logger.go:66:       - cidr_blocks       = [
TestTerraformUnpackRulesExample 2022-12-01T03:38:18Z logger.go:66:           - "10.20.0.0/24",
TestTerraformUnpackRulesExample 2022-12-01T03:38:18Z logger.go:66:         ] -> null
TestTerraformUnpackRulesExample 2022-12-01T03:38:18Z logger.go:66:       - description       = "unpack customer rules." -> null
TestTerraformUnpackRulesExample 2022-12-01T03:38:18Z logger.go:66:       - from_port         = 22 -> null
TestTerraformUnpackRulesExample 2022-12-01T03:38:18Z logger.go:66:       - id                = "sgrule-1111111111" -> null
TestTerraformUnpackRulesExample 2022-12-01T03:38:18Z logger.go:66:       - protocol          = "tcp" -> null
TestTerraformUnpackRulesExample 2022-12-01T03:38:18Z logger.go:66:       - security_group_id = "sg-1111111111111111" -> null
TestTerraformUnpackRulesExample 2022-12-01T03:38:18Z logger.go:66:       - self              = false -> null
TestTerraformUnpackRulesExample 2022-12-01T03:38:18Z logger.go:66:       - to_port           = 22 -> null
TestTerraformUnpackRulesExample 2022-12-01T03:38:18Z logger.go:66:       - type              = "ingress" -> null
TestTerraformUnpackRulesExample 2022-12-01T03:38:18Z logger.go:66:     }
TestTerraformUnpackRulesExample 2022-12-01T03:38:18Z logger.go:66:
TestTerraformUnpackRulesExample 2022-12-01T03:38:18Z logger.go:66:   # module.security_group.aws_security_group_rule.ingress["22-22-tcp-2001:db8::/64"] will be destroyed
TestTerraformUnpackRulesExample 2022-12-01T03:38:18Z logger.go:66:   - resource "aws_security_group_rule" "ingress" {
TestTerraformUnpackRulesExample 2022-12-01T03:38:18Z logger.go:66:       - description       = "unpack customer rules." -> null
TestTerraformUnpackRulesExample 2022-12-01T03:38:18Z logger.go:66:       - from_port         = 22 -> null
TestTerraformUnpackRulesExample 2022-12-01T03:38:18Z logger.go:66:       - id                = "sgrule-1111111111" -> null
TestTerraformUnpackRulesExample 2022-12-01T03:38:18Z logger.go:66:       - ipv6_cidr_blocks  = [
TestTerraformUnpackRulesExample 2022-12-01T03:38:18Z logger.go:66:           - "2001:db8::/64",
TestTerraformUnpackRulesExample 2022-12-01T03:38:18Z logger.go:66:         ] -> null
TestTerraformUnpackRulesExample 2022-12-01T03:38:18Z logger.go:66:       - protocol          = "tcp" -> null
TestTerraformUnpackRulesExample 2022-12-01T03:38:18Z logger.go:66:       - security_group_id = "sg-1111111111111111" -> null
TestTerraformUnpackRulesExample 2022-12-01T03:38:18Z logger.go:66:       - self              = false -> null
TestTerraformUnpackRulesExample 2022-12-01T03:38:18Z logger.go:66:       - to_port           = 22 -> null
TestTerraformUnpackRulesExample 2022-12-01T03:38:18Z logger.go:66:       - type              = "ingress" -> null
TestTerraformUnpackRulesExample 2022-12-01T03:38:18Z logger.go:66:     }
TestTerraformUnpackRulesExample 2022-12-01T03:38:18Z logger.go:66:
TestTerraformUnpackRulesExample 2022-12-01T03:38:18Z logger.go:66:   # module.security_group.aws_security_group_rule.ingress["22-22-tcp-pl-1111111111111111"] will be destroyed
TestTerraformUnpackRulesExample 2022-12-01T03:38:18Z logger.go:66:   - resource "aws_security_group_rule" "ingress" {
TestTerraformUnpackRulesExample 2022-12-01T03:38:18Z logger.go:66:       - description       = "unpack customer rules." -> null
TestTerraformUnpackRulesExample 2022-12-01T03:38:18Z logger.go:66:       - from_port         = 22 -> null
TestTerraformUnpackRulesExample 2022-12-01T03:38:18Z logger.go:66:       - id                = "sgrule-1111111111" -> null
TestTerraformUnpackRulesExample 2022-12-01T03:38:18Z logger.go:66:       - prefix_list_ids   = [
TestTerraformUnpackRulesExample 2022-12-01T03:38:18Z logger.go:66:           - "pl-1111111111111111",
TestTerraformUnpackRulesExample 2022-12-01T03:38:18Z logger.go:66:         ] -> null
TestTerraformUnpackRulesExample 2022-12-01T03:38:18Z logger.go:66:       - protocol          = "tcp" -> null
TestTerraformUnpackRulesExample 2022-12-01T03:38:18Z logger.go:66:       - security_group_id = "sg-1111111111111111" -> null
TestTerraformUnpackRulesExample 2022-12-01T03:38:18Z logger.go:66:       - self              = false -> null
TestTerraformUnpackRulesExample 2022-12-01T03:38:18Z logger.go:66:       - to_port           = 22 -> null
TestTerraformUnpackRulesExample 2022-12-01T03:38:18Z logger.go:66:       - type              = "ingress" -> null
TestTerraformUnpackRulesExample 2022-12-01T03:38:18Z logger.go:66:     }
TestTerraformUnpackRulesExample 2022-12-01T03:38:18Z logger.go:66:
TestTerraformUnpackRulesExample 2022-12-01T03:38:18Z logger.go:66:   # module.security_group.aws_security_group_rule.ingress["22-22-tcp-sg-1111111111111111"] will be destroyed
TestTerraformUnpackRulesExample 2022-12-01T03:38:18Z logger.go:66:   - resource "aws_security_group_rule" "ingress" {
TestTerraformUnpackRulesExample 2022-12-01T03:38:18Z logger.go:66:       - description              = "unpack customer rules." -> null
TestTerraformUnpackRulesExample 2022-12-01T03:38:18Z logger.go:66:       - from_port                = 22 -> null
TestTerraformUnpackRulesExample 2022-12-01T03:38:18Z logger.go:66:       - id                       = "sgrule-1111111111" -> null
TestTerraformUnpackRulesExample 2022-12-01T03:38:18Z logger.go:66:       - protocol                 = "tcp" -> null
TestTerraformUnpackRulesExample 2022-12-01T03:38:18Z logger.go:66:       - security_group_id        = "sg-1111111111111111" -> null
TestTerraformUnpackRulesExample 2022-12-01T03:38:18Z logger.go:66:       - self                     = false -> null
TestTerraformUnpackRulesExample 2022-12-01T03:38:18Z logger.go:66:       - source_security_group_id = "sg-1111111111111111" -> null
TestTerraformUnpackRulesExample 2022-12-01T03:38:18Z logger.go:66:       - to_port                  = 22 -> null
TestTerraformUnpackRulesExample 2022-12-01T03:38:18Z logger.go:66:       - type                     = "ingress" -> null
TestTerraformUnpackRulesExample 2022-12-01T03:38:18Z logger.go:66:     }
TestTerraformUnpackRulesExample 2022-12-01T03:38:18Z logger.go:66:
TestTerraformUnpackRulesExample 2022-12-01T03:38:18Z logger.go:66:   # module.security_group.aws_security_group_rule.ingress["22-22-tcp-true"] will be destroyed
TestTerraformUnpackRulesExample 2022-12-01T03:38:18Z logger.go:66:   - resource "aws_security_group_rule" "ingress" {
TestTerraformUnpackRulesExample 2022-12-01T03:38:18Z logger.go:66:       - description       = "unpack customer rules." -> null
TestTerraformUnpackRulesExample 2022-12-01T03:38:18Z logger.go:66:       - from_port         = 22 -> null
TestTerraformUnpackRulesExample 2022-12-01T03:38:18Z logger.go:66:       - id                = "sgrule-1111111111" -> null
TestTerraformUnpackRulesExample 2022-12-01T03:38:18Z logger.go:66:       - protocol          = "tcp" -> null
TestTerraformUnpackRulesExample 2022-12-01T03:38:18Z logger.go:66:       - security_group_id = "sg-1111111111111111" -> null
TestTerraformUnpackRulesExample 2022-12-01T03:38:18Z logger.go:66:       - self              = true -> null
TestTerraformUnpackRulesExample 2022-12-01T03:38:18Z logger.go:66:       - to_port           = 22 -> null
TestTerraformUnpackRulesExample 2022-12-01T03:38:18Z logger.go:66:       - type              = "ingress" -> null
TestTerraformUnpackRulesExample 2022-12-01T03:38:18Z logger.go:66:     }
TestTerraformUnpackRulesExample 2022-12-01T03:38:18Z logger.go:66:
TestTerraformUnpackRulesExample 2022-12-01T03:38:18Z logger.go:66:   # module.security_group.aws_security_group_rule.ingress["443-443-tcp-0.0.0.0/0"] will be destroyed
TestTerraformUnpackRulesExample 2022-12-01T03:38:18Z logger.go:66:   - resource "aws_security_group_rule" "ingress" {
TestTerraformUnpackRulesExample 2022-12-01T03:38:18Z logger.go:66:       - cidr_blocks       = [
TestTerraformUnpackRulesExample 2022-12-01T03:38:18Z logger.go:66:           - "0.0.0.0/0",
TestTerraformUnpackRulesExample 2022-12-01T03:38:18Z logger.go:66:         ] -> null
TestTerraformUnpackRulesExample 2022-12-01T03:38:18Z logger.go:66:       - description       = "unpack common rule." -> null
TestTerraformUnpackRulesExample 2022-12-01T03:38:18Z logger.go:66:       - from_port         = 443 -> null
TestTerraformUnpackRulesExample 2022-12-01T03:38:18Z logger.go:66:       - id                = "sgrule-1111111111" -> null
TestTerraformUnpackRulesExample 2022-12-01T03:38:18Z logger.go:66:       - protocol          = "tcp" -> null
TestTerraformUnpackRulesExample 2022-12-01T03:38:18Z logger.go:66:       - security_group_id = "sg-1111111111111111" -> null
TestTerraformUnpackRulesExample 2022-12-01T03:38:18Z logger.go:66:       - self              = false -> null
TestTerraformUnpackRulesExample 2022-12-01T03:38:18Z logger.go:66:       - to_port           = 443 -> null
TestTerraformUnpackRulesExample 2022-12-01T03:38:18Z logger.go:66:       - type              = "ingress" -> null
TestTerraformUnpackRulesExample 2022-12-01T03:38:18Z logger.go:66:     }
TestTerraformUnpackRulesExample 2022-12-01T03:38:18Z logger.go:66:
TestTerraformUnpackRulesExample 2022-12-01T03:38:18Z logger.go:66:   # module.security_group.aws_security_group_rule.ingress["443-443-tcp-::/0"] will be destroyed
TestTerraformUnpackRulesExample 2022-12-01T03:38:18Z logger.go:66:   - resource "aws_security_group_rule" "ingress" {
TestTerraformUnpackRulesExample 2022-12-01T03:38:18Z logger.go:66:       - description       = "unpack common rule." -> null
TestTerraformUnpackRulesExample 2022-12-01T03:38:18Z logger.go:66:       - from_port         = 443 -> null
TestTerraformUnpackRulesExample 2022-12-01T03:38:18Z logger.go:66:       - id                = "sgrule-1111111111" -> null
TestTerraformUnpackRulesExample 2022-12-01T03:38:18Z logger.go:66:       - ipv6_cidr_blocks  = [
TestTerraformUnpackRulesExample 2022-12-01T03:38:18Z logger.go:66:           - "::/0",
TestTerraformUnpackRulesExample 2022-12-01T03:38:18Z logger.go:66:         ] -> null
TestTerraformUnpackRulesExample 2022-12-01T03:38:18Z logger.go:66:       - protocol          = "tcp" -> null
TestTerraformUnpackRulesExample 2022-12-01T03:38:18Z logger.go:66:       - security_group_id = "sg-1111111111111111" -> null
TestTerraformUnpackRulesExample 2022-12-01T03:38:18Z logger.go:66:       - self              = false -> null
TestTerraformUnpackRulesExample 2022-12-01T03:38:18Z logger.go:66:       - to_port           = 443 -> null
TestTerraformUnpackRulesExample 2022-12-01T03:38:18Z logger.go:66:       - type              = "ingress" -> null
TestTerraformUnpackRulesExample 2022-12-01T03:38:18Z logger.go:66:     }
TestTerraformUnpackRulesExample 2022-12-01T03:38:18Z logger.go:66:
TestTerraformUnpackRulesExample 2022-12-01T03:38:18Z logger.go:66:   # module.security_group.aws_security_group_rule.ingress["5432-5432-tcp-10.10.0.0/16"] will be destroyed
TestTerraformUnpackRulesExample 2022-12-01T03:38:18Z logger.go:66:   - resource "aws_security_group_rule" "ingress" {
TestTerraformUnpackRulesExample 2022-12-01T03:38:18Z logger.go:66:       - cidr_blocks       = [
TestTerraformUnpackRulesExample 2022-12-01T03:38:18Z logger.go:66:           - "10.10.0.0/16",
TestTerraformUnpackRulesExample 2022-12-01T03:38:18Z logger.go:66:         ] -> null
TestTerraformUnpackRulesExample 2022-12-01T03:38:18Z logger.go:66:       - description       = "unpack managed rules" -> null
TestTerraformUnpackRulesExample 2022-12-01T03:38:18Z logger.go:66:       - from_port         = 5432 -> null
TestTerraformUnpackRulesExample 2022-12-01T03:38:18Z logger.go:66:       - id                = "sgrule-1111111111" -> null
TestTerraformUnpackRulesExample 2022-12-01T03:38:18Z logger.go:66:       - protocol          = "tcp" -> null
TestTerraformUnpackRulesExample 2022-12-01T03:38:18Z logger.go:66:       - security_group_id = "sg-1111111111111111" -> null
TestTerraformUnpackRulesExample 2022-12-01T03:38:18Z logger.go:66:       - self              = false -> null
TestTerraformUnpackRulesExample 2022-12-01T03:38:18Z logger.go:66:       - to_port           = 5432 -> null
TestTerraformUnpackRulesExample 2022-12-01T03:38:18Z logger.go:66:       - type              = "ingress" -> null
TestTerraformUnpackRulesExample 2022-12-01T03:38:18Z logger.go:66:     }
TestTerraformUnpackRulesExample 2022-12-01T03:38:18Z logger.go:66:
TestTerraformUnpackRulesExample 2022-12-01T03:38:18Z logger.go:66:   # module.security_group.aws_security_group_rule.ingress["5432-5432-tcp-10.20.0.0/24"] will be destroyed
TestTerraformUnpackRulesExample 2022-12-01T03:38:18Z logger.go:66:   - resource "aws_security_group_rule" "ingress" {
TestTerraformUnpackRulesExample 2022-12-01T03:38:18Z logger.go:66:       - cidr_blocks       = [
TestTerraformUnpackRulesExample 2022-12-01T03:38:18Z logger.go:66:           - "10.20.0.0/24",
TestTerraformUnpackRulesExample 2022-12-01T03:38:18Z logger.go:66:         ] -> null
TestTerraformUnpackRulesExample 2022-12-01T03:38:18Z logger.go:66:       - description       = "unpack managed rules" -> null
TestTerraformUnpackRulesExample 2022-12-01T03:38:18Z logger.go:66:       - from_port         = 5432 -> null
TestTerraformUnpackRulesExample 2022-12-01T03:38:18Z logger.go:66:       - id                = "sgrule-1111111111" -> null
TestTerraformUnpackRulesExample 2022-12-01T03:38:18Z logger.go:66:       - protocol          = "tcp" -> null
TestTerraformUnpackRulesExample 2022-12-01T03:38:18Z logger.go:66:       - security_group_id = "sg-1111111111111111" -> null
TestTerraformUnpackRulesExample 2022-12-01T03:38:18Z logger.go:66:       - self              = false -> null
TestTerraformUnpackRulesExample 2022-12-01T03:38:18Z logger.go:66:       - to_port           = 5432 -> null
TestTerraformUnpackRulesExample 2022-12-01T03:38:18Z logger.go:66:       - type              = "ingress" -> null
TestTerraformUnpackRulesExample 2022-12-01T03:38:18Z logger.go:66:     }
TestTerraformUnpackRulesExample 2022-12-01T03:38:18Z logger.go:66:
TestTerraformUnpackRulesExample 2022-12-01T03:38:18Z logger.go:66:   # module.security_group.aws_security_group_rule.ingress["5432-5432-tcp-2001:db8::/64"] will be destroyed
TestTerraformUnpackRulesExample 2022-12-01T03:38:18Z logger.go:66:   - resource "aws_security_group_rule" "ingress" {
TestTerraformUnpackRulesExample 2022-12-01T03:38:18Z logger.go:66:       - description       = "unpack managed rules" -> null
TestTerraformUnpackRulesExample 2022-12-01T03:38:18Z logger.go:66:       - from_port         = 5432 -> null
TestTerraformUnpackRulesExample 2022-12-01T03:38:18Z logger.go:66:       - id                = "sgrule-1111111111" -> null
TestTerraformUnpackRulesExample 2022-12-01T03:38:18Z logger.go:66:       - ipv6_cidr_blocks  = [
TestTerraformUnpackRulesExample 2022-12-01T03:38:18Z logger.go:66:           - "2001:db8::/64",
TestTerraformUnpackRulesExample 2022-12-01T03:38:18Z logger.go:66:         ] -> null
TestTerraformUnpackRulesExample 2022-12-01T03:38:18Z logger.go:66:       - protocol          = "tcp" -> null
TestTerraformUnpackRulesExample 2022-12-01T03:38:18Z logger.go:66:       - security_group_id = "sg-1111111111111111" -> null
TestTerraformUnpackRulesExample 2022-12-01T03:38:18Z logger.go:66:       - self              = false -> null
TestTerraformUnpackRulesExample 2022-12-01T03:38:18Z logger.go:66:       - to_port           = 5432 -> null
TestTerraformUnpackRulesExample 2022-12-01T03:38:18Z logger.go:66:       - type              = "ingress" -> null
TestTerraformUnpackRulesExample 2022-12-01T03:38:18Z logger.go:66:     }
TestTerraformUnpackRulesExample 2022-12-01T03:38:18Z logger.go:66:
TestTerraformUnpackRulesExample 2022-12-01T03:38:18Z logger.go:66:   # module.security_group.aws_security_group_rule.ingress["5432-5432-tcp-pl-1111111111111111"] will be destroyed
TestTerraformUnpackRulesExample 2022-12-01T03:38:18Z logger.go:66:   - resource "aws_security_group_rule" "ingress" {
TestTerraformUnpackRulesExample 2022-12-01T03:38:18Z logger.go:66:       - description       = "unpack managed rules" -> null
TestTerraformUnpackRulesExample 2022-12-01T03:38:18Z logger.go:66:       - from_port         = 5432 -> null
TestTerraformUnpackRulesExample 2022-12-01T03:38:18Z logger.go:66:       - id                = "sgrule-1111111111" -> null
TestTerraformUnpackRulesExample 2022-12-01T03:38:18Z logger.go:66:       - prefix_list_ids   = [
TestTerraformUnpackRulesExample 2022-12-01T03:38:18Z logger.go:66:           - "pl-1111111111111111",
TestTerraformUnpackRulesExample 2022-12-01T03:38:18Z logger.go:66:         ] -> null
TestTerraformUnpackRulesExample 2022-12-01T03:38:18Z logger.go:66:       - protocol          = "tcp" -> null
TestTerraformUnpackRulesExample 2022-12-01T03:38:18Z logger.go:66:       - security_group_id = "sg-1111111111111111" -> null
TestTerraformUnpackRulesExample 2022-12-01T03:38:18Z logger.go:66:       - self              = false -> null
TestTerraformUnpackRulesExample 2022-12-01T03:38:18Z logger.go:66:       - to_port           = 5432 -> null
TestTerraformUnpackRulesExample 2022-12-01T03:38:18Z logger.go:66:       - type              = "ingress" -> null
TestTerraformUnpackRulesExample 2022-12-01T03:38:18Z logger.go:66:     }
TestTerraformUnpackRulesExample 2022-12-01T03:38:18Z logger.go:66:
TestTerraformUnpackRulesExample 2022-12-01T03:38:18Z logger.go:66:   # module.security_group.aws_security_group_rule.ingress["5432-5432-tcp-sg-1111111111111111"] will be destroyed
TestTerraformUnpackRulesExample 2022-12-01T03:38:18Z logger.go:66:   - resource "aws_security_group_rule" "ingress" {
TestTerraformUnpackRulesExample 2022-12-01T03:38:18Z logger.go:66:       - description              = "unpack managed rules" -> null
TestTerraformUnpackRulesExample 2022-12-01T03:38:18Z logger.go:66:       - from_port                = 5432 -> null
TestTerraformUnpackRulesExample 2022-12-01T03:38:18Z logger.go:66:       - id                       = "sgrule-1111111111" -> null
TestTerraformUnpackRulesExample 2022-12-01T03:38:18Z logger.go:66:       - protocol                 = "tcp" -> null
TestTerraformUnpackRulesExample 2022-12-01T03:38:18Z logger.go:66:       - security_group_id        = "sg-1111111111111111" -> null
TestTerraformUnpackRulesExample 2022-12-01T03:38:18Z logger.go:66:       - self                     = false -> null
TestTerraformUnpackRulesExample 2022-12-01T03:38:18Z logger.go:66:       - source_security_group_id = "sg-1111111111111111" -> null
TestTerraformUnpackRulesExample 2022-12-01T03:38:18Z logger.go:66:       - to_port                  = 5432 -> null
TestTerraformUnpackRulesExample 2022-12-01T03:38:18Z logger.go:66:       - type                     = "ingress" -> null
TestTerraformUnpackRulesExample 2022-12-01T03:38:18Z logger.go:66:     }
TestTerraformUnpackRulesExample 2022-12-01T03:38:18Z logger.go:66:
TestTerraformUnpackRulesExample 2022-12-01T03:38:18Z logger.go:66:   # module.security_group.aws_security_group_rule.ingress["5432-5432-tcp-true"] will be destroyed
TestTerraformUnpackRulesExample 2022-12-01T03:38:18Z logger.go:66:   - resource "aws_security_group_rule" "ingress" {
TestTerraformUnpackRulesExample 2022-12-01T03:38:18Z logger.go:66:       - description       = "unpack managed rules" -> null
TestTerraformUnpackRulesExample 2022-12-01T03:38:18Z logger.go:66:       - from_port         = 5432 -> null
TestTerraformUnpackRulesExample 2022-12-01T03:38:18Z logger.go:66:       - id                = "sgrule-1111111111" -> null
TestTerraformUnpackRulesExample 2022-12-01T03:38:18Z logger.go:66:       - protocol          = "tcp" -> null
TestTerraformUnpackRulesExample 2022-12-01T03:38:18Z logger.go:66:       - security_group_id = "sg-1111111111111111" -> null
TestTerraformUnpackRulesExample 2022-12-01T03:38:18Z logger.go:66:       - self              = true -> null
TestTerraformUnpackRulesExample 2022-12-01T03:38:18Z logger.go:66:       - to_port           = 5432 -> null
TestTerraformUnpackRulesExample 2022-12-01T03:38:18Z logger.go:66:       - type              = "ingress" -> null
TestTerraformUnpackRulesExample 2022-12-01T03:38:18Z logger.go:66:     }
TestTerraformUnpackRulesExample 2022-12-01T03:38:18Z logger.go:66:
TestTerraformUnpackRulesExample 2022-12-01T03:38:18Z logger.go:66:   # module.security_group.aws_security_group_rule.matrix_ingress["25-25-tcp-10.0.0.0/24"] will be destroyed
TestTerraformUnpackRulesExample 2022-12-01T03:38:18Z logger.go:66:   - resource "aws_security_group_rule" "matrix_ingress" {
TestTerraformUnpackRulesExample 2022-12-01T03:38:18Z logger.go:66:       - cidr_blocks       = [
TestTerraformUnpackRulesExample 2022-12-01T03:38:18Z logger.go:66:           - "10.0.0.0/24",
TestTerraformUnpackRulesExample 2022-12-01T03:38:18Z logger.go:66:         ] -> null
TestTerraformUnpackRulesExample 2022-12-01T03:38:18Z logger.go:66:       - description       = "unpack matrix customer rule" -> null
TestTerraformUnpackRulesExample 2022-12-01T03:38:18Z logger.go:66:       - from_port         = 25 -> null
TestTerraformUnpackRulesExample 2022-12-01T03:38:18Z logger.go:66:       - id                = "sgrule-1111111111" -> null
TestTerraformUnpackRulesExample 2022-12-01T03:38:18Z logger.go:66:       - protocol          = "tcp" -> null
TestTerraformUnpackRulesExample 2022-12-01T03:38:18Z logger.go:66:       - security_group_id = "sg-1111111111111111" -> null
TestTerraformUnpackRulesExample 2022-12-01T03:38:18Z logger.go:66:       - self              = false -> null
TestTerraformUnpackRulesExample 2022-12-01T03:38:18Z logger.go:66:       - to_port           = 25 -> null
TestTerraformUnpackRulesExample 2022-12-01T03:38:18Z logger.go:66:       - type              = "ingress" -> null
TestTerraformUnpackRulesExample 2022-12-01T03:38:18Z logger.go:66:     }
TestTerraformUnpackRulesExample 2022-12-01T03:38:18Z logger.go:66:
TestTerraformUnpackRulesExample 2022-12-01T03:38:18Z logger.go:66:   # module.security_group.aws_security_group_rule.matrix_ingress["25-25-tcp-10.0.1.0/24"] will be destroyed
TestTerraformUnpackRulesExample 2022-12-01T03:38:18Z logger.go:66:   - resource "aws_security_group_rule" "matrix_ingress" {
TestTerraformUnpackRulesExample 2022-12-01T03:38:18Z logger.go:66:       - cidr_blocks       = [
TestTerraformUnpackRulesExample 2022-12-01T03:38:18Z logger.go:66:           - "10.0.1.0/24",
TestTerraformUnpackRulesExample 2022-12-01T03:38:18Z logger.go:66:         ] -> null
TestTerraformUnpackRulesExample 2022-12-01T03:38:18Z logger.go:66:       - description       = "unpack matrix customer rule" -> null
TestTerraformUnpackRulesExample 2022-12-01T03:38:18Z logger.go:66:       - from_port         = 25 -> null
TestTerraformUnpackRulesExample 2022-12-01T03:38:18Z logger.go:66:       - id                = "sgrule-1111111111" -> null
TestTerraformUnpackRulesExample 2022-12-01T03:38:18Z logger.go:66:       - protocol          = "tcp" -> null
TestTerraformUnpackRulesExample 2022-12-01T03:38:18Z logger.go:66:       - security_group_id = "sg-1111111111111111" -> null
TestTerraformUnpackRulesExample 2022-12-01T03:38:18Z logger.go:66:       - self              = false -> null
TestTerraformUnpackRulesExample 2022-12-01T03:38:18Z logger.go:66:       - to_port           = 25 -> null
TestTerraformUnpackRulesExample 2022-12-01T03:38:18Z logger.go:66:       - type              = "ingress" -> null
TestTerraformUnpackRulesExample 2022-12-01T03:38:18Z logger.go:66:     }
TestTerraformUnpackRulesExample 2022-12-01T03:38:18Z logger.go:66:
TestTerraformUnpackRulesExample 2022-12-01T03:38:18Z logger.go:66:   # module.security_group.aws_security_group_rule.matrix_ingress["25-25-tcp-pl-1111111111111111"] will be destroyed
TestTerraformUnpackRulesExample 2022-12-01T03:38:18Z logger.go:66:   - resource "aws_security_group_rule" "matrix_ingress" {
TestTerraformUnpackRulesExample 2022-12-01T03:38:18Z logger.go:66:       - description       = "unpack matrix customer rule" -> null
TestTerraformUnpackRulesExample 2022-12-01T03:38:18Z logger.go:66:       - from_port         = 25 -> null
TestTerraformUnpackRulesExample 2022-12-01T03:38:18Z logger.go:66:       - id                = "sgrule-1111111111" -> null
TestTerraformUnpackRulesExample 2022-12-01T03:38:18Z logger.go:66:       - prefix_list_ids   = [
TestTerraformUnpackRulesExample 2022-12-01T03:38:18Z logger.go:66:           - "pl-1111111111111111",
TestTerraformUnpackRulesExample 2022-12-01T03:38:18Z logger.go:66:         ] -> null
TestTerraformUnpackRulesExample 2022-12-01T03:38:18Z logger.go:66:       - protocol          = "tcp" -> null
TestTerraformUnpackRulesExample 2022-12-01T03:38:18Z logger.go:66:       - security_group_id = "sg-1111111111111111" -> null
TestTerraformUnpackRulesExample 2022-12-01T03:38:18Z logger.go:66:       - self              = false -> null
TestTerraformUnpackRulesExample 2022-12-01T03:38:18Z logger.go:66:       - to_port           = 25 -> null
TestTerraformUnpackRulesExample 2022-12-01T03:38:18Z logger.go:66:       - type              = "ingress" -> null
TestTerraformUnpackRulesExample 2022-12-01T03:38:18Z logger.go:66:     }
TestTerraformUnpackRulesExample 2022-12-01T03:38:18Z logger.go:66:
TestTerraformUnpackRulesExample 2022-12-01T03:38:18Z logger.go:66:   # module.security_group.aws_security_group_rule.matrix_ingress["25-25-tcp-sg-1111111111111111"] will be destroyed
TestTerraformUnpackRulesExample 2022-12-01T03:38:18Z logger.go:66:   - resource "aws_security_group_rule" "matrix_ingress" {
TestTerraformUnpackRulesExample 2022-12-01T03:38:18Z logger.go:66:       - description              = "unpack matrix customer rule" -> null
TestTerraformUnpackRulesExample 2022-12-01T03:38:18Z logger.go:66:       - from_port                = 25 -> null
TestTerraformUnpackRulesExample 2022-12-01T03:38:18Z logger.go:66:       - id                       = "sgrule-1111111111" -> null
TestTerraformUnpackRulesExample 2022-12-01T03:38:18Z logger.go:66:       - protocol                 = "tcp" -> null
TestTerraformUnpackRulesExample 2022-12-01T03:38:18Z logger.go:66:       - security_group_id        = "sg-1111111111111111" -> null
TestTerraformUnpackRulesExample 2022-12-01T03:38:18Z logger.go:66:       - self                     = false -> null
TestTerraformUnpackRulesExample 2022-12-01T03:38:18Z logger.go:66:       - source_security_group_id = "sg-1111111111111111" -> null
TestTerraformUnpackRulesExample 2022-12-01T03:38:18Z logger.go:66:       - to_port                  = 25 -> null
TestTerraformUnpackRulesExample 2022-12-01T03:38:18Z logger.go:66:       - type                     = "ingress" -> null
TestTerraformUnpackRulesExample 2022-12-01T03:38:18Z logger.go:66:     }
TestTerraformUnpackRulesExample 2022-12-01T03:38:18Z logger.go:66:
TestTerraformUnpackRulesExample 2022-12-01T03:38:18Z logger.go:66:   # module.security_group.aws_security_group_rule.matrix_ingress["25-25-tcp-true"] will be destroyed
TestTerraformUnpackRulesExample 2022-12-01T03:38:18Z logger.go:66:   - resource "aws_security_group_rule" "matrix_ingress" {
TestTerraformUnpackRulesExample 2022-12-01T03:38:18Z logger.go:66:       - description       = "unpack matrix customer rule" -> null
TestTerraformUnpackRulesExample 2022-12-01T03:38:18Z logger.go:66:       - from_port         = 25 -> null
TestTerraformUnpackRulesExample 2022-12-01T03:38:18Z logger.go:66:       - id                = "sgrule-1111111111" -> null
TestTerraformUnpackRulesExample 2022-12-01T03:38:18Z logger.go:66:       - protocol          = "tcp" -> null
TestTerraformUnpackRulesExample 2022-12-01T03:38:18Z logger.go:66:       - security_group_id = "sg-1111111111111111" -> null
TestTerraformUnpackRulesExample 2022-12-01T03:38:18Z logger.go:66:       - self              = true -> null
TestTerraformUnpackRulesExample 2022-12-01T03:38:18Z logger.go:66:       - to_port           = 25 -> null
TestTerraformUnpackRulesExample 2022-12-01T03:38:18Z logger.go:66:       - type              = "ingress" -> null
TestTerraformUnpackRulesExample 2022-12-01T03:38:18Z logger.go:66:     }
TestTerraformUnpackRulesExample 2022-12-01T03:38:18Z logger.go:66:
TestTerraformUnpackRulesExample 2022-12-01T03:38:18Z logger.go:66:   # module.security_group.aws_security_group_rule.matrix_ingress["3306-3306-tcp-10.0.0.0/24"] will be destroyed
TestTerraformUnpackRulesExample 2022-12-01T03:38:18Z logger.go:66:   - resource "aws_security_group_rule" "matrix_ingress" {
TestTerraformUnpackRulesExample 2022-12-01T03:38:18Z logger.go:66:       - cidr_blocks       = [
TestTerraformUnpackRulesExample 2022-12-01T03:38:18Z logger.go:66:           - "10.0.0.0/24",
TestTerraformUnpackRulesExample 2022-12-01T03:38:18Z logger.go:66:         ] -> null
TestTerraformUnpackRulesExample 2022-12-01T03:38:18Z logger.go:66:       - description       = "unpack matrix managed rule" -> null
TestTerraformUnpackRulesExample 2022-12-01T03:38:18Z logger.go:66:       - from_port         = 3306 -> null
TestTerraformUnpackRulesExample 2022-12-01T03:38:18Z logger.go:66:       - id                = "sgrule-1111111111" -> null
TestTerraformUnpackRulesExample 2022-12-01T03:38:18Z logger.go:66:       - protocol          = "tcp" -> null
TestTerraformUnpackRulesExample 2022-12-01T03:38:18Z logger.go:66:       - security_group_id = "sg-1111111111111111" -> null
TestTerraformUnpackRulesExample 2022-12-01T03:38:18Z logger.go:66:       - self              = false -> null
TestTerraformUnpackRulesExample 2022-12-01T03:38:18Z logger.go:66:       - to_port           = 3306 -> null
TestTerraformUnpackRulesExample 2022-12-01T03:38:18Z logger.go:66:       - type              = "ingress" -> null
TestTerraformUnpackRulesExample 2022-12-01T03:38:18Z logger.go:66:     }
TestTerraformUnpackRulesExample 2022-12-01T03:38:18Z logger.go:66:
TestTerraformUnpackRulesExample 2022-12-01T03:38:18Z logger.go:66:   # module.security_group.aws_security_group_rule.matrix_ingress["3306-3306-tcp-10.0.1.0/24"] will be destroyed
TestTerraformUnpackRulesExample 2022-12-01T03:38:18Z logger.go:66:   - resource "aws_security_group_rule" "matrix_ingress" {
TestTerraformUnpackRulesExample 2022-12-01T03:38:18Z logger.go:66:       - cidr_blocks       = [
TestTerraformUnpackRulesExample 2022-12-01T03:38:18Z logger.go:66:           - "10.0.1.0/24",
TestTerraformUnpackRulesExample 2022-12-01T03:38:18Z logger.go:66:         ] -> null
TestTerraformUnpackRulesExample 2022-12-01T03:38:18Z logger.go:66:       - description       = "unpack matrix managed rule" -> null
TestTerraformUnpackRulesExample 2022-12-01T03:38:18Z logger.go:66:       - from_port         = 3306 -> null
TestTerraformUnpackRulesExample 2022-12-01T03:38:18Z logger.go:66:       - id                = "sgrule-1111111111" -> null
TestTerraformUnpackRulesExample 2022-12-01T03:38:18Z logger.go:66:       - protocol          = "tcp" -> null
TestTerraformUnpackRulesExample 2022-12-01T03:38:18Z logger.go:66:       - security_group_id = "sg-1111111111111111" -> null
TestTerraformUnpackRulesExample 2022-12-01T03:38:18Z logger.go:66:       - self              = false -> null
TestTerraformUnpackRulesExample 2022-12-01T03:38:18Z logger.go:66:       - to_port           = 3306 -> null
TestTerraformUnpackRulesExample 2022-12-01T03:38:18Z logger.go:66:       - type              = "ingress" -> null
TestTerraformUnpackRulesExample 2022-12-01T03:38:18Z logger.go:66:     }
TestTerraformUnpackRulesExample 2022-12-01T03:38:18Z logger.go:66:
TestTerraformUnpackRulesExample 2022-12-01T03:38:18Z logger.go:66:   # module.security_group.aws_security_group_rule.matrix_ingress["3306-3306-tcp-pl-1111111111111111"] will be destroyed
TestTerraformUnpackRulesExample 2022-12-01T03:38:18Z logger.go:66:   - resource "aws_security_group_rule" "matrix_ingress" {
TestTerraformUnpackRulesExample 2022-12-01T03:38:18Z logger.go:66:       - description       = "unpack matrix managed rule" -> null
TestTerraformUnpackRulesExample 2022-12-01T03:38:18Z logger.go:66:       - from_port         = 3306 -> null
TestTerraformUnpackRulesExample 2022-12-01T03:38:18Z logger.go:66:       - id                = "sgrule-1111111111" -> null
TestTerraformUnpackRulesExample 2022-12-01T03:38:18Z logger.go:66:       - prefix_list_ids   = [
TestTerraformUnpackRulesExample 2022-12-01T03:38:18Z logger.go:66:           - "pl-1111111111111111",
TestTerraformUnpackRulesExample 2022-12-01T03:38:18Z logger.go:66:         ] -> null
TestTerraformUnpackRulesExample 2022-12-01T03:38:18Z logger.go:66:       - protocol          = "tcp" -> null
TestTerraformUnpackRulesExample 2022-12-01T03:38:18Z logger.go:66:       - security_group_id = "sg-1111111111111111" -> null
TestTerraformUnpackRulesExample 2022-12-01T03:38:18Z logger.go:66:       - self              = false -> null
TestTerraformUnpackRulesExample 2022-12-01T03:38:18Z logger.go:66:       - to_port           = 3306 -> null
TestTerraformUnpackRulesExample 2022-12-01T03:38:18Z logger.go:66:       - type              = "ingress" -> null
TestTerraformUnpackRulesExample 2022-12-01T03:38:18Z logger.go:66:     }
TestTerraformUnpackRulesExample 2022-12-01T03:38:18Z logger.go:66:
TestTerraformUnpackRulesExample 2022-12-01T03:38:18Z logger.go:66:   # module.security_group.aws_security_group_rule.matrix_ingress["3306-3306-tcp-sg-1111111111111111"] will be destroyed
TestTerraformUnpackRulesExample 2022-12-01T03:38:18Z logger.go:66:   - resource "aws_security_group_rule" "matrix_ingress" {
TestTerraformUnpackRulesExample 2022-12-01T03:38:18Z logger.go:66:       - description              = "unpack matrix managed rule" -> null
TestTerraformUnpackRulesExample 2022-12-01T03:38:18Z logger.go:66:       - from_port                = 3306 -> null
TestTerraformUnpackRulesExample 2022-12-01T03:38:18Z logger.go:66:       - id                       = "sgrule-1111111111" -> null
TestTerraformUnpackRulesExample 2022-12-01T03:38:18Z logger.go:66:       - protocol                 = "tcp" -> null
TestTerraformUnpackRulesExample 2022-12-01T03:38:18Z logger.go:66:       - security_group_id        = "sg-1111111111111111" -> null
TestTerraformUnpackRulesExample 2022-12-01T03:38:18Z logger.go:66:       - self                     = false -> null
TestTerraformUnpackRulesExample 2022-12-01T03:38:18Z logger.go:66:       - source_security_group_id = "sg-1111111111111111" -> null
TestTerraformUnpackRulesExample 2022-12-01T03:38:18Z logger.go:66:       - to_port                  = 3306 -> null
TestTerraformUnpackRulesExample 2022-12-01T03:38:18Z logger.go:66:       - type                     = "ingress" -> null
TestTerraformUnpackRulesExample 2022-12-01T03:38:18Z logger.go:66:     }
TestTerraformUnpackRulesExample 2022-12-01T03:38:18Z logger.go:66:
TestTerraformUnpackRulesExample 2022-12-01T03:38:18Z logger.go:66:   # module.security_group.aws_security_group_rule.matrix_ingress["3306-3306-tcp-true"] will be destroyed
TestTerraformUnpackRulesExample 2022-12-01T03:38:18Z logger.go:66:   - resource "aws_security_group_rule" "matrix_ingress" {
TestTerraformUnpackRulesExample 2022-12-01T03:38:18Z logger.go:66:       - description       = "unpack matrix managed rule" -> null
TestTerraformUnpackRulesExample 2022-12-01T03:38:18Z logger.go:66:       - from_port         = 3306 -> null
TestTerraformUnpackRulesExample 2022-12-01T03:38:18Z logger.go:66:       - id                = "sgrule-1111111111" -> null
TestTerraformUnpackRulesExample 2022-12-01T03:38:18Z logger.go:66:       - protocol          = "tcp" -> null
TestTerraformUnpackRulesExample 2022-12-01T03:38:18Z logger.go:66:       - security_group_id = "sg-1111111111111111" -> null
TestTerraformUnpackRulesExample 2022-12-01T03:38:18Z logger.go:66:       - self              = true -> null
TestTerraformUnpackRulesExample 2022-12-01T03:38:18Z logger.go:66:       - to_port           = 3306 -> null
TestTerraformUnpackRulesExample 2022-12-01T03:38:18Z logger.go:66:       - type              = "ingress" -> null
TestTerraformUnpackRulesExample 2022-12-01T03:38:18Z logger.go:66:     }
TestTerraformUnpackRulesExample 2022-12-01T03:38:18Z logger.go:66:
TestTerraformUnpackRulesExample 2022-12-01T03:38:18Z logger.go:66: Plan: 0 to add, 0 to change, 25 to destroy.
TestTerraformUnpackRulesExample 2022-12-01T03:38:18Z logger.go:66:
TestTerraformUnpackRulesExample 2022-12-01T03:38:18Z logger.go:66: Changes to Outputs:
TestTerraformUnpackRulesExample 2022-12-01T03:38:18Z logger.go:66:   - arn       = "arn:aws:ec2:us-west-2:111111111111:security-group/sg-1111111111111111" -> null
TestTerraformUnpackRulesExample 2022-12-01T03:38:18Z logger.go:66:   - egress    = [] -> null
TestTerraformUnpackRulesExample 2022-12-01T03:38:18Z logger.go:66:   - id        = "sg-1111111111111111" -> null
TestTerraformUnpackRulesExample 2022-12-01T03:38:18Z logger.go:66:   - ingress   = [
TestTerraformUnpackRulesExample 2022-12-01T03:38:18Z logger.go:66:       - {
TestTerraformUnpackRulesExample 2022-12-01T03:38:18Z logger.go:66:           - cidr_blocks              = [
TestTerraformUnpackRulesExample 2022-12-01T03:38:18Z logger.go:66:               - "10.10.0.0/16",
TestTerraformUnpackRulesExample 2022-12-01T03:38:18Z logger.go:66:             ]
TestTerraformUnpackRulesExample 2022-12-01T03:38:18Z logger.go:66:           - description              = "unpack customer rules."
TestTerraformUnpackRulesExample 2022-12-01T03:38:18Z logger.go:66:           - from_port                = 22
TestTerraformUnpackRulesExample 2022-12-01T03:38:18Z logger.go:66:           - id                       = "sgrule-1111111111"
TestTerraformUnpackRulesExample 2022-12-01T03:38:18Z logger.go:66:           - ipv6_cidr_blocks         = null
TestTerraformUnpackRulesExample 2022-12-01T03:38:18Z logger.go:66:           - prefix_list_ids          = null
TestTerraformUnpackRulesExample 2022-12-01T03:38:18Z logger.go:66:           - protocol                 = "tcp"
TestTerraformUnpackRulesExample 2022-12-01T03:38:18Z logger.go:66:           - security_group_id        = "sg-1111111111111111"
TestTerraformUnpackRulesExample 2022-12-01T03:38:18Z logger.go:66:           - self                     = false
TestTerraformUnpackRulesExample 2022-12-01T03:38:18Z logger.go:66:           - source_security_group_id = null
TestTerraformUnpackRulesExample 2022-12-01T03:38:18Z logger.go:66:           - timeouts                 = null
TestTerraformUnpackRulesExample 2022-12-01T03:38:18Z logger.go:66:           - to_port                  = 22
TestTerraformUnpackRulesExample 2022-12-01T03:38:18Z logger.go:66:           - type                     = "ingress"
TestTerraformUnpackRulesExample 2022-12-01T03:38:18Z logger.go:66:         },
TestTerraformUnpackRulesExample 2022-12-01T03:38:18Z logger.go:66:       - {
TestTerraformUnpackRulesExample 2022-12-01T03:38:18Z logger.go:66:           - cidr_blocks              = [
TestTerraformUnpackRulesExample 2022-12-01T03:38:18Z logger.go:66:               - "10.20.0.0/24",
TestTerraformUnpackRulesExample 2022-12-01T03:38:18Z logger.go:66:             ]
TestTerraformUnpackRulesExample 2022-12-01T03:38:18Z logger.go:66:           - description              = "unpack customer rules."
TestTerraformUnpackRulesExample 2022-12-01T03:38:18Z logger.go:66:           - from_port                = 22
TestTerraformUnpackRulesExample 2022-12-01T03:38:18Z logger.go:66:           - id                       = "sgrule-1111111111"
TestTerraformUnpackRulesExample 2022-12-01T03:38:18Z logger.go:66:           - ipv6_cidr_blocks         = null
TestTerraformUnpackRulesExample 2022-12-01T03:38:18Z logger.go:66:           - prefix_list_ids          = null
TestTerraformUnpackRulesExample 2022-12-01T03:38:18Z logger.go:66:           - protocol                 = "tcp"
TestTerraformUnpackRulesExample 2022-12-01T03:38:18Z logger.go:66:           - security_group_id        = "sg-1111111111111111"
TestTerraformUnpackRulesExample 2022-12-01T03:38:18Z logger.go:66:           - self                     = false
TestTerraformUnpackRulesExample 2022-12-01T03:38:18Z logger.go:66:           - source_security_group_id = null
TestTerraformUnpackRulesExample 2022-12-01T03:38:18Z logger.go:66:           - timeouts                 = null
TestTerraformUnpackRulesExample 2022-12-01T03:38:18Z logger.go:66:           - to_port                  = 22
TestTerraformUnpackRulesExample 2022-12-01T03:38:18Z logger.go:66:           - type                     = "ingress"
TestTerraformUnpackRulesExample 2022-12-01T03:38:18Z logger.go:66:         },
TestTerraformUnpackRulesExample 2022-12-01T03:38:18Z logger.go:66:       - {
TestTerraformUnpackRulesExample 2022-12-01T03:38:18Z logger.go:66:           - cidr_blocks              = null
TestTerraformUnpackRulesExample 2022-12-01T03:38:18Z logger.go:66:           - description              = "unpack customer rules."
TestTerraformUnpackRulesExample 2022-12-01T03:38:18Z logger.go:66:           - from_port                = 22
TestTerraformUnpackRulesExample 2022-12-01T03:38:18Z logger.go:66:           - id                       = "sgrule-1111111111"
TestTerraformUnpackRulesExample 2022-12-01T03:38:18Z logger.go:66:           - ipv6_cidr_blocks         = [
TestTerraformUnpackRulesExample 2022-12-01T03:38:18Z logger.go:66:               - "2001:db8::/64",
TestTerraformUnpackRulesExample 2022-12-01T03:38:18Z logger.go:66:             ]
TestTerraformUnpackRulesExample 2022-12-01T03:38:18Z logger.go:66:           - prefix_list_ids          = null
TestTerraformUnpackRulesExample 2022-12-01T03:38:18Z logger.go:66:           - protocol                 = "tcp"
TestTerraformUnpackRulesExample 2022-12-01T03:38:18Z logger.go:66:           - security_group_id        = "sg-1111111111111111"
TestTerraformUnpackRulesExample 2022-12-01T03:38:18Z logger.go:66:           - self                     = false
TestTerraformUnpackRulesExample 2022-12-01T03:38:18Z logger.go:66:           - source_security_group_id = null
TestTerraformUnpackRulesExample 2022-12-01T03:38:18Z logger.go:66:           - timeouts                 = null
TestTerraformUnpackRulesExample 2022-12-01T03:38:18Z logger.go:66:           - to_port                  = 22
TestTerraformUnpackRulesExample 2022-12-01T03:38:18Z logger.go:66:           - type                     = "ingress"
TestTerraformUnpackRulesExample 2022-12-01T03:38:18Z logger.go:66:         },
TestTerraformUnpackRulesExample 2022-12-01T03:38:18Z logger.go:66:       - {
TestTerraformUnpackRulesExample 2022-12-01T03:38:18Z logger.go:66:           - cidr_blocks              = null
TestTerraformUnpackRulesExample 2022-12-01T03:38:18Z logger.go:66:           - description              = "unpack customer rules."
TestTerraformUnpackRulesExample 2022-12-01T03:38:18Z logger.go:66:           - from_port                = 22
TestTerraformUnpackRulesExample 2022-12-01T03:38:18Z logger.go:66:           - id                       = "sgrule-1111111111"
TestTerraformUnpackRulesExample 2022-12-01T03:38:18Z logger.go:66:           - ipv6_cidr_blocks         = null
TestTerraformUnpackRulesExample 2022-12-01T03:38:18Z logger.go:66:           - prefix_list_ids          = [
TestTerraformUnpackRulesExample 2022-12-01T03:38:18Z logger.go:66:               - "pl-1111111111111111",
TestTerraformUnpackRulesExample 2022-12-01T03:38:18Z logger.go:66:             ]
TestTerraformUnpackRulesExample 2022-12-01T03:38:18Z logger.go:66:           - protocol                 = "tcp"
TestTerraformUnpackRulesExample 2022-12-01T03:38:18Z logger.go:66:           - security_group_id        = "sg-1111111111111111"
TestTerraformUnpackRulesExample 2022-12-01T03:38:18Z logger.go:66:           - self                     = false
TestTerraformUnpackRulesExample 2022-12-01T03:38:18Z logger.go:66:           - source_security_group_id = null
TestTerraformUnpackRulesExample 2022-12-01T03:38:18Z logger.go:66:           - timeouts                 = null
TestTerraformUnpackRulesExample 2022-12-01T03:38:18Z logger.go:66:           - to_port                  = 22
TestTerraformUnpackRulesExample 2022-12-01T03:38:18Z logger.go:66:           - type                     = "ingress"
TestTerraformUnpackRulesExample 2022-12-01T03:38:18Z logger.go:66:         },
TestTerraformUnpackRulesExample 2022-12-01T03:38:18Z logger.go:66:       - {
TestTerraformUnpackRulesExample 2022-12-01T03:38:18Z logger.go:66:           - cidr_blocks              = null
TestTerraformUnpackRulesExample 2022-12-01T03:38:18Z logger.go:66:           - description              = "unpack customer rules."
TestTerraformUnpackRulesExample 2022-12-01T03:38:18Z logger.go:66:           - from_port                = 22
TestTerraformUnpackRulesExample 2022-12-01T03:38:18Z logger.go:66:           - id                       = "sgrule-1111111111"
TestTerraformUnpackRulesExample 2022-12-01T03:38:18Z logger.go:66:           - ipv6_cidr_blocks         = null
TestTerraformUnpackRulesExample 2022-12-01T03:38:18Z logger.go:66:           - prefix_list_ids          = null
TestTerraformUnpackRulesExample 2022-12-01T03:38:18Z logger.go:66:           - protocol                 = "tcp"
TestTerraformUnpackRulesExample 2022-12-01T03:38:18Z logger.go:66:           - security_group_id        = "sg-1111111111111111"
TestTerraformUnpackRulesExample 2022-12-01T03:38:18Z logger.go:66:           - self                     = false
TestTerraformUnpackRulesExample 2022-12-01T03:38:18Z logger.go:66:           - source_security_group_id = "sg-1111111111111111"
TestTerraformUnpackRulesExample 2022-12-01T03:38:18Z logger.go:66:           - timeouts                 = null
TestTerraformUnpackRulesExample 2022-12-01T03:38:18Z logger.go:66:           - to_port                  = 22
TestTerraformUnpackRulesExample 2022-12-01T03:38:18Z logger.go:66:           - type                     = "ingress"
TestTerraformUnpackRulesExample 2022-12-01T03:38:18Z logger.go:66:         },
TestTerraformUnpackRulesExample 2022-12-01T03:38:18Z logger.go:66:       - {
TestTerraformUnpackRulesExample 2022-12-01T03:38:18Z logger.go:66:           - cidr_blocks              = null
TestTerraformUnpackRulesExample 2022-12-01T03:38:18Z logger.go:66:           - description              = "unpack customer rules."
TestTerraformUnpackRulesExample 2022-12-01T03:38:18Z logger.go:66:           - from_port                = 22
TestTerraformUnpackRulesExample 2022-12-01T03:38:18Z logger.go:66:           - id                       = "sgrule-1111111111"
TestTerraformUnpackRulesExample 2022-12-01T03:38:18Z logger.go:66:           - ipv6_cidr_blocks         = null
TestTerraformUnpackRulesExample 2022-12-01T03:38:18Z logger.go:66:           - prefix_list_ids          = null
TestTerraformUnpackRulesExample 2022-12-01T03:38:18Z logger.go:66:           - protocol                 = "tcp"
TestTerraformUnpackRulesExample 2022-12-01T03:38:18Z logger.go:66:           - security_group_id        = "sg-1111111111111111"
TestTerraformUnpackRulesExample 2022-12-01T03:38:18Z logger.go:66:           - self                     = true
TestTerraformUnpackRulesExample 2022-12-01T03:38:18Z logger.go:66:           - source_security_group_id = null
TestTerraformUnpackRulesExample 2022-12-01T03:38:18Z logger.go:66:           - timeouts                 = null
TestTerraformUnpackRulesExample 2022-12-01T03:38:18Z logger.go:66:           - to_port                  = 22
TestTerraformUnpackRulesExample 2022-12-01T03:38:18Z logger.go:66:           - type                     = "ingress"
TestTerraformUnpackRulesExample 2022-12-01T03:38:18Z logger.go:66:         },
TestTerraformUnpackRulesExample 2022-12-01T03:38:18Z logger.go:66:       - {
TestTerraformUnpackRulesExample 2022-12-01T03:38:18Z logger.go:66:           - cidr_blocks              = [
TestTerraformUnpackRulesExample 2022-12-01T03:38:18Z logger.go:66:               - "0.0.0.0/0",
TestTerraformUnpackRulesExample 2022-12-01T03:38:18Z logger.go:66:             ]
TestTerraformUnpackRulesExample 2022-12-01T03:38:18Z logger.go:66:           - description              = "unpack common rule."
TestTerraformUnpackRulesExample 2022-12-01T03:38:18Z logger.go:66:           - from_port                = 443
TestTerraformUnpackRulesExample 2022-12-01T03:38:18Z logger.go:66:           - id                       = "sgrule-1111111111"
TestTerraformUnpackRulesExample 2022-12-01T03:38:18Z logger.go:66:           - ipv6_cidr_blocks         = null
TestTerraformUnpackRulesExample 2022-12-01T03:38:18Z logger.go:66:           - prefix_list_ids          = null
TestTerraformUnpackRulesExample 2022-12-01T03:38:18Z logger.go:66:           - protocol                 = "tcp"
TestTerraformUnpackRulesExample 2022-12-01T03:38:18Z logger.go:66:           - security_group_id        = "sg-1111111111111111"
TestTerraformUnpackRulesExample 2022-12-01T03:38:18Z logger.go:66:           - self                     = false
TestTerraformUnpackRulesExample 2022-12-01T03:38:18Z logger.go:66:           - source_security_group_id = null
TestTerraformUnpackRulesExample 2022-12-01T03:38:18Z logger.go:66:           - timeouts                 = null
TestTerraformUnpackRulesExample 2022-12-01T03:38:18Z logger.go:66:           - to_port                  = 443
TestTerraformUnpackRulesExample 2022-12-01T03:38:18Z logger.go:66:           - type                     = "ingress"
TestTerraformUnpackRulesExample 2022-12-01T03:38:18Z logger.go:66:         },
TestTerraformUnpackRulesExample 2022-12-01T03:38:18Z logger.go:66:       - {
TestTerraformUnpackRulesExample 2022-12-01T03:38:18Z logger.go:66:           - cidr_blocks              = null
TestTerraformUnpackRulesExample 2022-12-01T03:38:18Z logger.go:66:           - description              = "unpack common rule."
TestTerraformUnpackRulesExample 2022-12-01T03:38:18Z logger.go:66:           - from_port                = 443
TestTerraformUnpackRulesExample 2022-12-01T03:38:18Z logger.go:66:           - id                       = "sgrule-1111111111"
TestTerraformUnpackRulesExample 2022-12-01T03:38:18Z logger.go:66:           - ipv6_cidr_blocks         = [
TestTerraformUnpackRulesExample 2022-12-01T03:38:18Z logger.go:66:               - "::/0",
TestTerraformUnpackRulesExample 2022-12-01T03:38:18Z logger.go:66:             ]
TestTerraformUnpackRulesExample 2022-12-01T03:38:18Z logger.go:66:           - prefix_list_ids          = null
TestTerraformUnpackRulesExample 2022-12-01T03:38:18Z logger.go:66:           - protocol                 = "tcp"
TestTerraformUnpackRulesExample 2022-12-01T03:38:18Z logger.go:66:           - security_group_id        = "sg-1111111111111111"
TestTerraformUnpackRulesExample 2022-12-01T03:38:18Z logger.go:66:           - self                     = false
TestTerraformUnpackRulesExample 2022-12-01T03:38:18Z logger.go:66:           - source_security_group_id = null
TestTerraformUnpackRulesExample 2022-12-01T03:38:18Z logger.go:66:           - timeouts                 = null
TestTerraformUnpackRulesExample 2022-12-01T03:38:18Z logger.go:66:           - to_port                  = 443
TestTerraformUnpackRulesExample 2022-12-01T03:38:18Z logger.go:66:           - type                     = "ingress"
TestTerraformUnpackRulesExample 2022-12-01T03:38:18Z logger.go:66:         },
TestTerraformUnpackRulesExample 2022-12-01T03:38:18Z logger.go:66:       - {
TestTerraformUnpackRulesExample 2022-12-01T03:38:18Z logger.go:66:           - cidr_blocks              = [
TestTerraformUnpackRulesExample 2022-12-01T03:38:18Z logger.go:66:               - "10.10.0.0/16",
TestTerraformUnpackRulesExample 2022-12-01T03:38:18Z logger.go:66:             ]
TestTerraformUnpackRulesExample 2022-12-01T03:38:18Z logger.go:66:           - description              = "unpack managed rules"
TestTerraformUnpackRulesExample 2022-12-01T03:38:18Z logger.go:66:           - from_port                = 5432
TestTerraformUnpackRulesExample 2022-12-01T03:38:18Z logger.go:66:           - id                       = "sgrule-1111111111"
TestTerraformUnpackRulesExample 2022-12-01T03:38:18Z logger.go:66:           - ipv6_cidr_blocks         = null
TestTerraformUnpackRulesExample 2022-12-01T03:38:18Z logger.go:66:           - prefix_list_ids          = null
TestTerraformUnpackRulesExample 2022-12-01T03:38:18Z logger.go:66:           - protocol                 = "tcp"
TestTerraformUnpackRulesExample 2022-12-01T03:38:18Z logger.go:66:           - security_group_id        = "sg-1111111111111111"
TestTerraformUnpackRulesExample 2022-12-01T03:38:18Z logger.go:66:           - self                     = false
TestTerraformUnpackRulesExample 2022-12-01T03:38:18Z logger.go:66:           - source_security_group_id = null
TestTerraformUnpackRulesExample 2022-12-01T03:38:18Z logger.go:66:           - timeouts                 = null
TestTerraformUnpackRulesExample 2022-12-01T03:38:18Z logger.go:66:           - to_port                  = 5432
TestTerraformUnpackRulesExample 2022-12-01T03:38:18Z logger.go:66:           - type                     = "ingress"
TestTerraformUnpackRulesExample 2022-12-01T03:38:18Z logger.go:66:         },
TestTerraformUnpackRulesExample 2022-12-01T03:38:18Z logger.go:66:       - {
TestTerraformUnpackRulesExample 2022-12-01T03:38:18Z logger.go:66:           - cidr_blocks              = [
TestTerraformUnpackRulesExample 2022-12-01T03:38:18Z logger.go:66:               - "10.20.0.0/24",
TestTerraformUnpackRulesExample 2022-12-01T03:38:18Z logger.go:66:             ]
TestTerraformUnpackRulesExample 2022-12-01T03:38:18Z logger.go:66:           - description              = "unpack managed rules"
TestTerraformUnpackRulesExample 2022-12-01T03:38:18Z logger.go:66:           - from_port                = 5432
TestTerraformUnpackRulesExample 2022-12-01T03:38:18Z logger.go:66:           - id                       = "sgrule-1111111111"
TestTerraformUnpackRulesExample 2022-12-01T03:38:18Z logger.go:66:           - ipv6_cidr_blocks         = null
TestTerraformUnpackRulesExample 2022-12-01T03:38:18Z logger.go:66:           - prefix_list_ids          = null
TestTerraformUnpackRulesExample 2022-12-01T03:38:18Z logger.go:66:           - protocol                 = "tcp"
TestTerraformUnpackRulesExample 2022-12-01T03:38:18Z logger.go:66:           - security_group_id        = "sg-1111111111111111"
TestTerraformUnpackRulesExample 2022-12-01T03:38:18Z logger.go:66:           - self                     = false
TestTerraformUnpackRulesExample 2022-12-01T03:38:18Z logger.go:66:           - source_security_group_id = null
TestTerraformUnpackRulesExample 2022-12-01T03:38:18Z logger.go:66:           - timeouts                 = null
TestTerraformUnpackRulesExample 2022-12-01T03:38:18Z logger.go:66:           - to_port                  = 5432
TestTerraformUnpackRulesExample 2022-12-01T03:38:18Z logger.go:66:           - type                     = "ingress"
TestTerraformUnpackRulesExample 2022-12-01T03:38:18Z logger.go:66:         },
TestTerraformUnpackRulesExample 2022-12-01T03:38:18Z logger.go:66:       - {
TestTerraformUnpackRulesExample 2022-12-01T03:38:18Z logger.go:66:           - cidr_blocks              = null
TestTerraformUnpackRulesExample 2022-12-01T03:38:18Z logger.go:66:           - description              = "unpack managed rules"
TestTerraformUnpackRulesExample 2022-12-01T03:38:18Z logger.go:66:           - from_port                = 5432
TestTerraformUnpackRulesExample 2022-12-01T03:38:18Z logger.go:66:           - id                       = "sgrule-1111111111"
TestTerraformUnpackRulesExample 2022-12-01T03:38:18Z logger.go:66:           - ipv6_cidr_blocks         = [
TestTerraformUnpackRulesExample 2022-12-01T03:38:18Z logger.go:66:               - "2001:db8::/64",
TestTerraformUnpackRulesExample 2022-12-01T03:38:18Z logger.go:66:             ]
TestTerraformUnpackRulesExample 2022-12-01T03:38:18Z logger.go:66:           - prefix_list_ids          = null
TestTerraformUnpackRulesExample 2022-12-01T03:38:18Z logger.go:66:           - protocol                 = "tcp"
TestTerraformUnpackRulesExample 2022-12-01T03:38:18Z logger.go:66:           - security_group_id        = "sg-1111111111111111"
TestTerraformUnpackRulesExample 2022-12-01T03:38:18Z logger.go:66:           - self                     = false
TestTerraformUnpackRulesExample 2022-12-01T03:38:18Z logger.go:66:           - source_security_group_id = null
TestTerraformUnpackRulesExample 2022-12-01T03:38:18Z logger.go:66:           - timeouts                 = null
TestTerraformUnpackRulesExample 2022-12-01T03:38:18Z logger.go:66:           - to_port                  = 5432
TestTerraformUnpackRulesExample 2022-12-01T03:38:18Z logger.go:66:           - type                     = "ingress"
TestTerraformUnpackRulesExample 2022-12-01T03:38:18Z logger.go:66:         },
TestTerraformUnpackRulesExample 2022-12-01T03:38:18Z logger.go:66:       - {
TestTerraformUnpackRulesExample 2022-12-01T03:38:18Z logger.go:66:           - cidr_blocks              = null
TestTerraformUnpackRulesExample 2022-12-01T03:38:18Z logger.go:66:           - description              = "unpack managed rules"
TestTerraformUnpackRulesExample 2022-12-01T03:38:18Z logger.go:66:           - from_port                = 5432
TestTerraformUnpackRulesExample 2022-12-01T03:38:18Z logger.go:66:           - id                       = "sgrule-1111111111"
TestTerraformUnpackRulesExample 2022-12-01T03:38:18Z logger.go:66:           - ipv6_cidr_blocks         = null
TestTerraformUnpackRulesExample 2022-12-01T03:38:18Z logger.go:66:           - prefix_list_ids          = [
TestTerraformUnpackRulesExample 2022-12-01T03:38:18Z logger.go:66:               - "pl-1111111111111111",
TestTerraformUnpackRulesExample 2022-12-01T03:38:18Z logger.go:66:             ]
TestTerraformUnpackRulesExample 2022-12-01T03:38:18Z logger.go:66:           - protocol                 = "tcp"
TestTerraformUnpackRulesExample 2022-12-01T03:38:18Z logger.go:66:           - security_group_id        = "sg-1111111111111111"
TestTerraformUnpackRulesExample 2022-12-01T03:38:18Z logger.go:66:           - self                     = false
TestTerraformUnpackRulesExample 2022-12-01T03:38:18Z logger.go:66:           - source_security_group_id = null
TestTerraformUnpackRulesExample 2022-12-01T03:38:18Z logger.go:66:           - timeouts                 = null
TestTerraformUnpackRulesExample 2022-12-01T03:38:18Z logger.go:66:           - to_port                  = 5432
TestTerraformUnpackRulesExample 2022-12-01T03:38:18Z logger.go:66:           - type                     = "ingress"
TestTerraformUnpackRulesExample 2022-12-01T03:38:18Z logger.go:66:         },
TestTerraformUnpackRulesExample 2022-12-01T03:38:18Z logger.go:66:       - {
TestTerraformUnpackRulesExample 2022-12-01T03:38:18Z logger.go:66:           - cidr_blocks              = null
TestTerraformUnpackRulesExample 2022-12-01T03:38:18Z logger.go:66:           - description              = "unpack managed rules"
TestTerraformUnpackRulesExample 2022-12-01T03:38:18Z logger.go:66:           - from_port                = 5432
TestTerraformUnpackRulesExample 2022-12-01T03:38:18Z logger.go:66:           - id                       = "sgrule-1111111111"
TestTerraformUnpackRulesExample 2022-12-01T03:38:18Z logger.go:66:           - ipv6_cidr_blocks         = null
TestTerraformUnpackRulesExample 2022-12-01T03:38:18Z logger.go:66:           - prefix_list_ids          = null
TestTerraformUnpackRulesExample 2022-12-01T03:38:18Z logger.go:66:           - protocol                 = "tcp"
TestTerraformUnpackRulesExample 2022-12-01T03:38:18Z logger.go:66:           - security_group_id        = "sg-1111111111111111"
TestTerraformUnpackRulesExample 2022-12-01T03:38:18Z logger.go:66:           - self                     = false
TestTerraformUnpackRulesExample 2022-12-01T03:38:18Z logger.go:66:           - source_security_group_id = "sg-1111111111111111"
TestTerraformUnpackRulesExample 2022-12-01T03:38:18Z logger.go:66:           - timeouts                 = null
TestTerraformUnpackRulesExample 2022-12-01T03:38:18Z logger.go:66:           - to_port                  = 5432
TestTerraformUnpackRulesExample 2022-12-01T03:38:18Z logger.go:66:           - type                     = "ingress"
TestTerraformUnpackRulesExample 2022-12-01T03:38:18Z logger.go:66:         },
TestTerraformUnpackRulesExample 2022-12-01T03:38:18Z logger.go:66:       - {
TestTerraformUnpackRulesExample 2022-12-01T03:38:18Z logger.go:66:           - cidr_blocks              = null
TestTerraformUnpackRulesExample 2022-12-01T03:38:18Z logger.go:66:           - description              = "unpack managed rules"
TestTerraformUnpackRulesExample 2022-12-01T03:38:18Z logger.go:66:           - from_port                = 5432
TestTerraformUnpackRulesExample 2022-12-01T03:38:18Z logger.go:66:           - id                       = "sgrule-1111111111"
TestTerraformUnpackRulesExample 2022-12-01T03:38:18Z logger.go:66:           - ipv6_cidr_blocks         = null
TestTerraformUnpackRulesExample 2022-12-01T03:38:18Z logger.go:66:           - prefix_list_ids          = null
TestTerraformUnpackRulesExample 2022-12-01T03:38:18Z logger.go:66:           - protocol                 = "tcp"
TestTerraformUnpackRulesExample 2022-12-01T03:38:18Z logger.go:66:           - security_group_id        = "sg-1111111111111111"
TestTerraformUnpackRulesExample 2022-12-01T03:38:18Z logger.go:66:           - self                     = true
TestTerraformUnpackRulesExample 2022-12-01T03:38:18Z logger.go:66:           - source_security_group_id = null
TestTerraformUnpackRulesExample 2022-12-01T03:38:18Z logger.go:66:           - timeouts                 = null
TestTerraformUnpackRulesExample 2022-12-01T03:38:18Z logger.go:66:           - to_port                  = 5432
TestTerraformUnpackRulesExample 2022-12-01T03:38:18Z logger.go:66:           - type                     = "ingress"
TestTerraformUnpackRulesExample 2022-12-01T03:38:18Z logger.go:66:         },
TestTerraformUnpackRulesExample 2022-12-01T03:38:18Z logger.go:66:       - {
TestTerraformUnpackRulesExample 2022-12-01T03:38:18Z logger.go:66:           - cidr_blocks              = [
TestTerraformUnpackRulesExample 2022-12-01T03:38:18Z logger.go:66:               - "10.0.0.0/24",
TestTerraformUnpackRulesExample 2022-12-01T03:38:18Z logger.go:66:             ]
TestTerraformUnpackRulesExample 2022-12-01T03:38:18Z logger.go:66:           - description              = "unpack matrix customer rule"
TestTerraformUnpackRulesExample 2022-12-01T03:38:18Z logger.go:66:           - from_port                = 25
TestTerraformUnpackRulesExample 2022-12-01T03:38:18Z logger.go:66:           - id                       = "sgrule-1111111111"
TestTerraformUnpackRulesExample 2022-12-01T03:38:18Z logger.go:66:           - ipv6_cidr_blocks         = null
TestTerraformUnpackRulesExample 2022-12-01T03:38:18Z logger.go:66:           - prefix_list_ids          = null
TestTerraformUnpackRulesExample 2022-12-01T03:38:18Z logger.go:66:           - protocol                 = "tcp"
TestTerraformUnpackRulesExample 2022-12-01T03:38:18Z logger.go:66:           - security_group_id        = "sg-1111111111111111"
TestTerraformUnpackRulesExample 2022-12-01T03:38:18Z logger.go:66:           - self                     = false
TestTerraformUnpackRulesExample 2022-12-01T03:38:18Z logger.go:66:           - source_security_group_id = null
TestTerraformUnpackRulesExample 2022-12-01T03:38:18Z logger.go:66:           - timeouts                 = null
TestTerraformUnpackRulesExample 2022-12-01T03:38:18Z logger.go:66:           - to_port                  = 25
TestTerraformUnpackRulesExample 2022-12-01T03:38:18Z logger.go:66:           - type                     = "ingress"
TestTerraformUnpackRulesExample 2022-12-01T03:38:18Z logger.go:66:         },
TestTerraformUnpackRulesExample 2022-12-01T03:38:18Z logger.go:66:       - {
TestTerraformUnpackRulesExample 2022-12-01T03:38:18Z logger.go:66:           - cidr_blocks              = [
TestTerraformUnpackRulesExample 2022-12-01T03:38:18Z logger.go:66:               - "10.0.1.0/24",
TestTerraformUnpackRulesExample 2022-12-01T03:38:18Z logger.go:66:             ]
TestTerraformUnpackRulesExample 2022-12-01T03:38:18Z logger.go:66:           - description              = "unpack matrix customer rule"
TestTerraformUnpackRulesExample 2022-12-01T03:38:18Z logger.go:66:           - from_port                = 25
TestTerraformUnpackRulesExample 2022-12-01T03:38:18Z logger.go:66:           - id                       = "sgrule-1111111111"
TestTerraformUnpackRulesExample 2022-12-01T03:38:18Z logger.go:66:           - ipv6_cidr_blocks         = null
TestTerraformUnpackRulesExample 2022-12-01T03:38:18Z logger.go:66:           - prefix_list_ids          = null
TestTerraformUnpackRulesExample 2022-12-01T03:38:18Z logger.go:66:           - protocol                 = "tcp"
TestTerraformUnpackRulesExample 2022-12-01T03:38:18Z logger.go:66:           - security_group_id        = "sg-1111111111111111"
TestTerraformUnpackRulesExample 2022-12-01T03:38:18Z logger.go:66:           - self                     = false
TestTerraformUnpackRulesExample 2022-12-01T03:38:18Z logger.go:66:           - source_security_group_id = null
TestTerraformUnpackRulesExample 2022-12-01T03:38:18Z logger.go:66:           - timeouts                 = null
TestTerraformUnpackRulesExample 2022-12-01T03:38:18Z logger.go:66:           - to_port                  = 25
TestTerraformUnpackRulesExample 2022-12-01T03:38:18Z logger.go:66:           - type                     = "ingress"
TestTerraformUnpackRulesExample 2022-12-01T03:38:18Z logger.go:66:         },
TestTerraformUnpackRulesExample 2022-12-01T03:38:18Z logger.go:66:       - {
TestTerraformUnpackRulesExample 2022-12-01T03:38:18Z logger.go:66:           - cidr_blocks              = null
TestTerraformUnpackRulesExample 2022-12-01T03:38:18Z logger.go:66:           - description              = "unpack matrix customer rule"
TestTerraformUnpackRulesExample 2022-12-01T03:38:18Z logger.go:66:           - from_port                = 25
TestTerraformUnpackRulesExample 2022-12-01T03:38:18Z logger.go:66:           - id                       = "sgrule-1111111111"
TestTerraformUnpackRulesExample 2022-12-01T03:38:18Z logger.go:66:           - ipv6_cidr_blocks         = null
TestTerraformUnpackRulesExample 2022-12-01T03:38:18Z logger.go:66:           - prefix_list_ids          = [
TestTerraformUnpackRulesExample 2022-12-01T03:38:18Z logger.go:66:               - "pl-1111111111111111",
TestTerraformUnpackRulesExample 2022-12-01T03:38:18Z logger.go:66:             ]
TestTerraformUnpackRulesExample 2022-12-01T03:38:18Z logger.go:66:           - protocol                 = "tcp"
TestTerraformUnpackRulesExample 2022-12-01T03:38:18Z logger.go:66:           - security_group_id        = "sg-1111111111111111"
TestTerraformUnpackRulesExample 2022-12-01T03:38:18Z logger.go:66:           - self                     = false
TestTerraformUnpackRulesExample 2022-12-01T03:38:18Z logger.go:66:           - source_security_group_id = null
TestTerraformUnpackRulesExample 2022-12-01T03:38:18Z logger.go:66:           - timeouts                 = null
TestTerraformUnpackRulesExample 2022-12-01T03:38:18Z logger.go:66:           - to_port                  = 25
TestTerraformUnpackRulesExample 2022-12-01T03:38:18Z logger.go:66:           - type                     = "ingress"
TestTerraformUnpackRulesExample 2022-12-01T03:38:18Z logger.go:66:         },
TestTerraformUnpackRulesExample 2022-12-01T03:38:18Z logger.go:66:       - {
TestTerraformUnpackRulesExample 2022-12-01T03:38:18Z logger.go:66:           - cidr_blocks              = null
TestTerraformUnpackRulesExample 2022-12-01T03:38:18Z logger.go:66:           - description              = "unpack matrix customer rule"
TestTerraformUnpackRulesExample 2022-12-01T03:38:18Z logger.go:66:           - from_port                = 25
TestTerraformUnpackRulesExample 2022-12-01T03:38:18Z logger.go:66:           - id                       = "sgrule-1111111111"
TestTerraformUnpackRulesExample 2022-12-01T03:38:18Z logger.go:66:           - ipv6_cidr_blocks         = null
TestTerraformUnpackRulesExample 2022-12-01T03:38:18Z logger.go:66:           - prefix_list_ids          = null
TestTerraformUnpackRulesExample 2022-12-01T03:38:18Z logger.go:66:           - protocol                 = "tcp"
TestTerraformUnpackRulesExample 2022-12-01T03:38:18Z logger.go:66:           - security_group_id        = "sg-1111111111111111"
TestTerraformUnpackRulesExample 2022-12-01T03:38:18Z logger.go:66:           - self                     = false
TestTerraformUnpackRulesExample 2022-12-01T03:38:18Z logger.go:66:           - source_security_group_id = "sg-1111111111111111"
TestTerraformUnpackRulesExample 2022-12-01T03:38:18Z logger.go:66:           - timeouts                 = null
TestTerraformUnpackRulesExample 2022-12-01T03:38:18Z logger.go:66:           - to_port                  = 25
TestTerraformUnpackRulesExample 2022-12-01T03:38:18Z logger.go:66:           - type                     = "ingress"
TestTerraformUnpackRulesExample 2022-12-01T03:38:18Z logger.go:66:         },
TestTerraformUnpackRulesExample 2022-12-01T03:38:18Z logger.go:66:       - {
TestTerraformUnpackRulesExample 2022-12-01T03:38:18Z logger.go:66:           - cidr_blocks              = null
TestTerraformUnpackRulesExample 2022-12-01T03:38:18Z logger.go:66:           - description              = "unpack matrix customer rule"
TestTerraformUnpackRulesExample 2022-12-01T03:38:18Z logger.go:66:           - from_port                = 25
TestTerraformUnpackRulesExample 2022-12-01T03:38:18Z logger.go:66:           - id                       = "sgrule-1111111111"
TestTerraformUnpackRulesExample 2022-12-01T03:38:18Z logger.go:66:           - ipv6_cidr_blocks         = null
TestTerraformUnpackRulesExample 2022-12-01T03:38:18Z logger.go:66:           - prefix_list_ids          = null
TestTerraformUnpackRulesExample 2022-12-01T03:38:18Z logger.go:66:           - protocol                 = "tcp"
TestTerraformUnpackRulesExample 2022-12-01T03:38:18Z logger.go:66:           - security_group_id        = "sg-1111111111111111"
TestTerraformUnpackRulesExample 2022-12-01T03:38:18Z logger.go:66:           - self                     = true
TestTerraformUnpackRulesExample 2022-12-01T03:38:18Z logger.go:66:           - source_security_group_id = null
TestTerraformUnpackRulesExample 2022-12-01T03:38:18Z logger.go:66:           - timeouts                 = null
TestTerraformUnpackRulesExample 2022-12-01T03:38:18Z logger.go:66:           - to_port                  = 25
TestTerraformUnpackRulesExample 2022-12-01T03:38:18Z logger.go:66:           - type                     = "ingress"
TestTerraformUnpackRulesExample 2022-12-01T03:38:18Z logger.go:66:         },
TestTerraformUnpackRulesExample 2022-12-01T03:38:18Z logger.go:66:       - {
TestTerraformUnpackRulesExample 2022-12-01T03:38:18Z logger.go:66:           - cidr_blocks              = [
TestTerraformUnpackRulesExample 2022-12-01T03:38:18Z logger.go:66:               - "10.0.0.0/24",
TestTerraformUnpackRulesExample 2022-12-01T03:38:18Z logger.go:66:             ]
TestTerraformUnpackRulesExample 2022-12-01T03:38:18Z logger.go:66:           - description              = "unpack matrix managed rule"
TestTerraformUnpackRulesExample 2022-12-01T03:38:18Z logger.go:66:           - from_port                = 3306
TestTerraformUnpackRulesExample 2022-12-01T03:38:18Z logger.go:66:           - id                       = "sgrule-1111111111"
TestTerraformUnpackRulesExample 2022-12-01T03:38:18Z logger.go:66:           - ipv6_cidr_blocks         = null
TestTerraformUnpackRulesExample 2022-12-01T03:38:18Z logger.go:66:           - prefix_list_ids          = null
TestTerraformUnpackRulesExample 2022-12-01T03:38:18Z logger.go:66:           - protocol                 = "tcp"
TestTerraformUnpackRulesExample 2022-12-01T03:38:18Z logger.go:66:           - security_group_id        = "sg-1111111111111111"
TestTerraformUnpackRulesExample 2022-12-01T03:38:18Z logger.go:66:           - self                     = false
TestTerraformUnpackRulesExample 2022-12-01T03:38:18Z logger.go:66:           - source_security_group_id = null
TestTerraformUnpackRulesExample 2022-12-01T03:38:18Z logger.go:66:           - timeouts                 = null
TestTerraformUnpackRulesExample 2022-12-01T03:38:18Z logger.go:66:           - to_port                  = 3306
TestTerraformUnpackRulesExample 2022-12-01T03:38:18Z logger.go:66:           - type                     = "ingress"
TestTerraformUnpackRulesExample 2022-12-01T03:38:18Z logger.go:66:         },
TestTerraformUnpackRulesExample 2022-12-01T03:38:18Z logger.go:66:       - {
TestTerraformUnpackRulesExample 2022-12-01T03:38:18Z logger.go:66:           - cidr_blocks              = [
TestTerraformUnpackRulesExample 2022-12-01T03:38:18Z logger.go:66:               - "10.0.1.0/24",
TestTerraformUnpackRulesExample 2022-12-01T03:38:18Z logger.go:66:             ]
TestTerraformUnpackRulesExample 2022-12-01T03:38:18Z logger.go:66:           - description              = "unpack matrix managed rule"
TestTerraformUnpackRulesExample 2022-12-01T03:38:18Z logger.go:66:           - from_port                = 3306
TestTerraformUnpackRulesExample 2022-12-01T03:38:18Z logger.go:66:           - id                       = "sgrule-1111111111"
TestTerraformUnpackRulesExample 2022-12-01T03:38:18Z logger.go:66:           - ipv6_cidr_blocks         = null
TestTerraformUnpackRulesExample 2022-12-01T03:38:18Z logger.go:66:           - prefix_list_ids          = null
TestTerraformUnpackRulesExample 2022-12-01T03:38:18Z logger.go:66:           - protocol                 = "tcp"
TestTerraformUnpackRulesExample 2022-12-01T03:38:18Z logger.go:66:           - security_group_id        = "sg-1111111111111111"
TestTerraformUnpackRulesExample 2022-12-01T03:38:18Z logger.go:66:           - self                     = false
TestTerraformUnpackRulesExample 2022-12-01T03:38:18Z logger.go:66:           - source_security_group_id = null
TestTerraformUnpackRulesExample 2022-12-01T03:38:18Z logger.go:66:           - timeouts                 = null
TestTerraformUnpackRulesExample 2022-12-01T03:38:18Z logger.go:66:           - to_port                  = 3306
TestTerraformUnpackRulesExample 2022-12-01T03:38:18Z logger.go:66:           - type                     = "ingress"
TestTerraformUnpackRulesExample 2022-12-01T03:38:18Z logger.go:66:         },
TestTerraformUnpackRulesExample 2022-12-01T03:38:18Z logger.go:66:       - {
TestTerraformUnpackRulesExample 2022-12-01T03:38:18Z logger.go:66:           - cidr_blocks              = null
TestTerraformUnpackRulesExample 2022-12-01T03:38:18Z logger.go:66:           - description              = "unpack matrix managed rule"
TestTerraformUnpackRulesExample 2022-12-01T03:38:18Z logger.go:66:           - from_port                = 3306
TestTerraformUnpackRulesExample 2022-12-01T03:38:18Z logger.go:66:           - id                       = "sgrule-1111111111"
TestTerraformUnpackRulesExample 2022-12-01T03:38:18Z logger.go:66:           - ipv6_cidr_blocks         = null
TestTerraformUnpackRulesExample 2022-12-01T03:38:18Z logger.go:66:           - prefix_list_ids          = [
TestTerraformUnpackRulesExample 2022-12-01T03:38:18Z logger.go:66:               - "pl-1111111111111111",
TestTerraformUnpackRulesExample 2022-12-01T03:38:18Z logger.go:66:             ]
TestTerraformUnpackRulesExample 2022-12-01T03:38:18Z logger.go:66:           - protocol                 = "tcp"
TestTerraformUnpackRulesExample 2022-12-01T03:38:18Z logger.go:66:           - security_group_id        = "sg-1111111111111111"
TestTerraformUnpackRulesExample 2022-12-01T03:38:18Z logger.go:66:           - self                     = false
TestTerraformUnpackRulesExample 2022-12-01T03:38:18Z logger.go:66:           - source_security_group_id = null
TestTerraformUnpackRulesExample 2022-12-01T03:38:18Z logger.go:66:           - timeouts                 = null
TestTerraformUnpackRulesExample 2022-12-01T03:38:18Z logger.go:66:           - to_port                  = 3306
TestTerraformUnpackRulesExample 2022-12-01T03:38:18Z logger.go:66:           - type                     = "ingress"
TestTerraformUnpackRulesExample 2022-12-01T03:38:18Z logger.go:66:         },
TestTerraformUnpackRulesExample 2022-12-01T03:38:18Z logger.go:66:       - {
TestTerraformUnpackRulesExample 2022-12-01T03:38:18Z logger.go:66:           - cidr_blocks              = null
TestTerraformUnpackRulesExample 2022-12-01T03:38:18Z logger.go:66:           - description              = "unpack matrix managed rule"
TestTerraformUnpackRulesExample 2022-12-01T03:38:18Z logger.go:66:           - from_port                = 3306
TestTerraformUnpackRulesExample 2022-12-01T03:38:18Z logger.go:66:           - id                       = "sgrule-1111111111"
TestTerraformUnpackRulesExample 2022-12-01T03:38:18Z logger.go:66:           - ipv6_cidr_blocks         = null
TestTerraformUnpackRulesExample 2022-12-01T03:38:18Z logger.go:66:           - prefix_list_ids          = null
TestTerraformUnpackRulesExample 2022-12-01T03:38:18Z logger.go:66:           - protocol                 = "tcp"
TestTerraformUnpackRulesExample 2022-12-01T03:38:18Z logger.go:66:           - security_group_id        = "sg-1111111111111111"
TestTerraformUnpackRulesExample 2022-12-01T03:38:18Z logger.go:66:           - self                     = false
TestTerraformUnpackRulesExample 2022-12-01T03:38:18Z logger.go:66:           - source_security_group_id = "sg-1111111111111111"
TestTerraformUnpackRulesExample 2022-12-01T03:38:18Z logger.go:66:           - timeouts                 = null
TestTerraformUnpackRulesExample 2022-12-01T03:38:18Z logger.go:66:           - to_port                  = 3306
TestTerraformUnpackRulesExample 2022-12-01T03:38:18Z logger.go:66:           - type                     = "ingress"
TestTerraformUnpackRulesExample 2022-12-01T03:38:18Z logger.go:66:         },
TestTerraformUnpackRulesExample 2022-12-01T03:38:18Z logger.go:66:       - {
TestTerraformUnpackRulesExample 2022-12-01T03:38:18Z logger.go:66:           - cidr_blocks              = null
TestTerraformUnpackRulesExample 2022-12-01T03:38:18Z logger.go:66:           - description              = "unpack matrix managed rule"
TestTerraformUnpackRulesExample 2022-12-01T03:38:18Z logger.go:66:           - from_port                = 3306
TestTerraformUnpackRulesExample 2022-12-01T03:38:18Z logger.go:66:           - id                       = "sgrule-1111111111"
TestTerraformUnpackRulesExample 2022-12-01T03:38:18Z logger.go:66:           - ipv6_cidr_blocks         = null
TestTerraformUnpackRulesExample 2022-12-01T03:38:18Z logger.go:66:           - prefix_list_ids          = null
TestTerraformUnpackRulesExample 2022-12-01T03:38:18Z logger.go:66:           - protocol                 = "tcp"
TestTerraformUnpackRulesExample 2022-12-01T03:38:18Z logger.go:66:           - security_group_id        = "sg-1111111111111111"
TestTerraformUnpackRulesExample 2022-12-01T03:38:18Z logger.go:66:           - self                     = true
TestTerraformUnpackRulesExample 2022-12-01T03:38:18Z logger.go:66:           - source_security_group_id = null
TestTerraformUnpackRulesExample 2022-12-01T03:38:18Z logger.go:66:           - timeouts                 = null
TestTerraformUnpackRulesExample 2022-12-01T03:38:18Z logger.go:66:           - to_port                  = 3306
TestTerraformUnpackRulesExample 2022-12-01T03:38:18Z logger.go:66:           - type                     = "ingress"
TestTerraformUnpackRulesExample 2022-12-01T03:38:18Z logger.go:66:         },
TestTerraformUnpackRulesExample 2022-12-01T03:38:18Z logger.go:66:     ] -> null
TestTerraformUnpackRulesExample 2022-12-01T03:38:18Z logger.go:66:   - terratest = {
TestTerraformUnpackRulesExample 2022-12-01T03:38:18Z logger.go:66:       - data_aws_prefix_list_private_s3_id = "pl-1111111111111111"
TestTerraformUnpackRulesExample 2022-12-01T03:38:18Z logger.go:66:       - data_aws_security_group_default_id = "sg-1111111111111111"
TestTerraformUnpackRulesExample 2022-12-01T03:38:18Z logger.go:66:       - egress_count                       = 0
TestTerraformUnpackRulesExample 2022-12-01T03:38:18Z logger.go:66:       - ingress_count                      = 24
TestTerraformUnpackRulesExample 2022-12-01T03:38:18Z logger.go:66:     } -> null
TestTerraformUnpackRulesExample 2022-12-01T03:38:19Z logger.go:66: module.security_group.aws_security_group_rule.matrix_ingress["25-25-tcp-sg-1111111111111111"]: Destroying... [id=sgrule-1111111111]
TestTerraformUnpackRulesExample 2022-12-01T03:38:19Z logger.go:66: module.security_group.aws_security_group_rule.ingress["5432-5432-tcp-pl-1111111111111111"]: Destroying... [id=sgrule-1111111111]
TestTerraformUnpackRulesExample 2022-12-01T03:38:19Z logger.go:66: module.security_group.aws_security_group_rule.ingress["22-22-tcp-pl-1111111111111111"]: Destroying... [id=sgrule-1111111111]
TestTerraformUnpackRulesExample 2022-12-01T03:38:19Z logger.go:66: module.security_group.aws_security_group_rule.ingress["22-22-tcp-sg-1111111111111111"]: Destroying... [id=sgrule-1111111111]
TestTerraformUnpackRulesExample 2022-12-01T03:38:19Z logger.go:66: module.security_group.aws_security_group_rule.ingress["22-22-tcp-10.10.0.0/16"]: Destroying... [id=sgrule-1111111111]
TestTerraformUnpackRulesExample 2022-12-01T03:38:19Z logger.go:66: module.security_group.aws_security_group_rule.ingress["22-22-tcp-10.20.0.0/24"]: Destroying... [id=sgrule-1111111111]
TestTerraformUnpackRulesExample 2022-12-01T03:38:19Z logger.go:66: module.security_group.aws_security_group_rule.ingress["22-22-tcp-true"]: Destroying... [id=sgrule-1111111111]
TestTerraformUnpackRulesExample 2022-12-01T03:38:19Z logger.go:66: module.security_group.aws_security_group_rule.matrix_ingress["25-25-tcp-pl-1111111111111111"]: Destroying... [id=sgrule-1111111111]
TestTerraformUnpackRulesExample 2022-12-01T03:38:19Z logger.go:66: module.security_group.aws_security_group_rule.matrix_ingress["3306-3306-tcp-10.0.0.0/24"]: Destroying... [id=sgrule-1111111111]
TestTerraformUnpackRulesExample 2022-12-01T03:38:19Z logger.go:66: module.security_group.aws_security_group_rule.matrix_ingress["3306-3306-tcp-pl-1111111111111111"]: Destroying... [id=sgrule-1111111111]
TestTerraformUnpackRulesExample 2022-12-01T03:38:20Z logger.go:66: module.security_group.aws_security_group_rule.ingress["5432-5432-tcp-pl-1111111111111111"]: Destruction complete after 0s
TestTerraformUnpackRulesExample 2022-12-01T03:38:20Z logger.go:66: module.security_group.aws_security_group_rule.ingress["22-22-tcp-2001:db8::/64"]: Destroying... [id=sgrule-1111111111]
TestTerraformUnpackRulesExample 2022-12-01T03:38:20Z logger.go:66: module.security_group.aws_security_group_rule.matrix_ingress["25-25-tcp-pl-1111111111111111"]: Destruction complete after 1s
TestTerraformUnpackRulesExample 2022-12-01T03:38:20Z logger.go:66: module.security_group.aws_security_group_rule.ingress["5432-5432-tcp-10.20.0.0/24"]: Destroying... [id=sgrule-1111111111]
TestTerraformUnpackRulesExample 2022-12-01T03:38:21Z logger.go:66: module.security_group.aws_security_group_rule.ingress["22-22-tcp-true"]: Destruction complete after 1s
TestTerraformUnpackRulesExample 2022-12-01T03:38:21Z logger.go:66: module.security_group.aws_security_group_rule.ingress["443-443-tcp-0.0.0.0/0"]: Destroying... [id=sgrule-1111111111]
TestTerraformUnpackRulesExample 2022-12-01T03:38:21Z logger.go:66: module.security_group.aws_security_group_rule.matrix_ingress["25-25-tcp-sg-1111111111111111"]: Destruction complete after 2s
TestTerraformUnpackRulesExample 2022-12-01T03:38:21Z logger.go:66: module.security_group.aws_security_group_rule.ingress["5432-5432-tcp-true"]: Destroying... [id=sgrule-1111111111]
TestTerraformUnpackRulesExample 2022-12-01T03:38:22Z logger.go:66: module.security_group.aws_security_group_rule.matrix_ingress["3306-3306-tcp-10.0.0.0/24"]: Destruction complete after 2s
TestTerraformUnpackRulesExample 2022-12-01T03:38:22Z logger.go:66: module.security_group.aws_security_group_rule.matrix_ingress["25-25-tcp-10.0.0.0/24"]: Destroying... [id=sgrule-1111111111]
TestTerraformUnpackRulesExample 2022-12-01T03:38:22Z logger.go:66: module.security_group.aws_security_group_rule.ingress["22-22-tcp-10.10.0.0/16"]: Destruction complete after 3s
TestTerraformUnpackRulesExample 2022-12-01T03:38:22Z logger.go:66: module.security_group.aws_security_group_rule.ingress["5432-5432-tcp-sg-1111111111111111"]: Destroying... [id=sgrule-1111111111]
TestTerraformUnpackRulesExample 2022-12-01T03:38:23Z logger.go:66: module.security_group.aws_security_group_rule.ingress["22-22-tcp-10.20.0.0/24"]: Destruction complete after 3s
TestTerraformUnpackRulesExample 2022-12-01T03:38:23Z logger.go:66: module.security_group.aws_security_group_rule.matrix_ingress["25-25-tcp-10.0.1.0/24"]: Destroying... [id=sgrule-1111111111]
TestTerraformUnpackRulesExample 2022-12-01T03:38:23Z logger.go:66: module.security_group.aws_security_group_rule.ingress["22-22-tcp-pl-1111111111111111"]: Destruction complete after 4s
TestTerraformUnpackRulesExample 2022-12-01T03:38:23Z logger.go:66: module.security_group.aws_security_group_rule.matrix_ingress["3306-3306-tcp-true"]: Destroying... [id=sgrule-1111111111]
TestTerraformUnpackRulesExample 2022-12-01T03:38:23Z logger.go:66: module.security_group.aws_security_group_rule.ingress["22-22-tcp-sg-1111111111111111"]: Destruction complete after 4s
TestTerraformUnpackRulesExample 2022-12-01T03:38:24Z logger.go:66: module.security_group.aws_security_group_rule.ingress["443-443-tcp-::/0"]: Destroying... [id=sgrule-1111111111]
TestTerraformUnpackRulesExample 2022-12-01T03:38:24Z logger.go:66: module.security_group.aws_security_group_rule.matrix_ingress["3306-3306-tcp-pl-1111111111111111"]: Destruction complete after 4s
TestTerraformUnpackRulesExample 2022-12-01T03:38:24Z logger.go:66: module.security_group.aws_security_group_rule.ingress["5432-5432-tcp-2001:db8::/64"]: Destroying... [id=sgrule-1111111111]
TestTerraformUnpackRulesExample 2022-12-01T03:38:24Z logger.go:66: module.security_group.aws_security_group_rule.ingress["22-22-tcp-2001:db8::/64"]: Destruction complete after 5s
TestTerraformUnpackRulesExample 2022-12-01T03:38:24Z logger.go:66: module.security_group.aws_security_group_rule.ingress["5432-5432-tcp-10.10.0.0/16"]: Destroying... [id=sgrule-1111111111]
TestTerraformUnpackRulesExample 2022-12-01T03:38:25Z logger.go:66: module.security_group.aws_security_group_rule.ingress["5432-5432-tcp-10.20.0.0/24"]: Destruction complete after 4s
TestTerraformUnpackRulesExample 2022-12-01T03:38:25Z logger.go:66: module.security_group.aws_security_group_rule.matrix_ingress["3306-3306-tcp-sg-1111111111111111"]: Destroying... [id=sgrule-1111111111]
TestTerraformUnpackRulesExample 2022-12-01T03:38:25Z logger.go:66: module.security_group.aws_security_group_rule.ingress["443-443-tcp-0.0.0.0/0"]: Destruction complete after 5s
TestTerraformUnpackRulesExample 2022-12-01T03:38:25Z logger.go:66: module.security_group.aws_security_group_rule.matrix_ingress["25-25-tcp-true"]: Destroying... [id=sgrule-1111111111]
TestTerraformUnpackRulesExample 2022-12-01T03:38:26Z logger.go:66: module.security_group.aws_security_group_rule.ingress["5432-5432-tcp-true"]: Destruction complete after 4s
TestTerraformUnpackRulesExample 2022-12-01T03:38:26Z logger.go:66: module.security_group.aws_security_group_rule.matrix_ingress["3306-3306-tcp-10.0.1.0/24"]: Destroying... [id=sgrule-1111111111]
TestTerraformUnpackRulesExample 2022-12-01T03:38:26Z logger.go:66: module.security_group.aws_security_group_rule.matrix_ingress["25-25-tcp-10.0.0.0/24"]: Destruction complete after 5s
TestTerraformUnpackRulesExample 2022-12-01T03:38:27Z logger.go:66: module.security_group.aws_security_group_rule.ingress["5432-5432-tcp-sg-1111111111111111"]: Destruction complete after 4s
TestTerraformUnpackRulesExample 2022-12-01T03:38:27Z logger.go:66: module.security_group.aws_security_group_rule.matrix_ingress["25-25-tcp-10.0.1.0/24"]: Destruction complete after 5s
TestTerraformUnpackRulesExample 2022-12-01T03:38:28Z logger.go:66: module.security_group.aws_security_group_rule.matrix_ingress["3306-3306-tcp-true"]: Destruction complete after 4s
TestTerraformUnpackRulesExample 2022-12-01T03:38:28Z logger.go:66: module.security_group.aws_security_group_rule.ingress["443-443-tcp-::/0"]: Destruction complete after 5s
TestTerraformUnpackRulesExample 2022-12-01T03:38:29Z logger.go:66: module.security_group.aws_security_group_rule.ingress["5432-5432-tcp-2001:db8::/64"]: Destruction complete after 4s
TestTerraformUnpackRulesExample 2022-12-01T03:38:29Z logger.go:66: module.security_group.aws_security_group_rule.ingress["5432-5432-tcp-10.10.0.0/16"]: Destruction complete after 5s
TestTerraformUnpackRulesExample 2022-12-01T03:38:30Z logger.go:66: module.security_group.aws_security_group_rule.matrix_ingress["3306-3306-tcp-sg-1111111111111111"]: Destruction complete after 5s
TestTerraformUnpackRulesExample 2022-12-01T03:38:30Z logger.go:66: module.security_group.aws_security_group_rule.matrix_ingress["25-25-tcp-true"]: Destruction complete after 4s
TestTerraformUnpackRulesExample 2022-12-01T03:38:30Z logger.go:66: module.security_group.aws_security_group_rule.matrix_ingress["3306-3306-tcp-10.0.1.0/24"]: Destruction complete after 5s
TestTerraformUnpackRulesExample 2022-12-01T03:38:31Z logger.go:66: module.security_group.aws_security_group.self[0]: Destroying... [id=sg-1111111111111111]
TestTerraformUnpackRulesExample 2022-12-01T03:38:31Z logger.go:66: module.security_group.aws_security_group.self[0]: Destruction complete after 1s
TestTerraformUnpackRulesExample 2022-12-01T03:38:31Z logger.go:66:
TestTerraformUnpackRulesExample 2022-12-01T03:38:31Z logger.go:66: Destroy complete! Resources: 25 destroyed.
--- PASS: TestTerraformUnpackRulesExample (43.05s)
PASS
ok  	command-line-arguments	43.068s
