=== RUN   TestTerraformCompleteExample
TestTerraformCompleteExample 2022-09-19T03:25:38Z retry.go:91: terraform [init -upgrade=false]
TestTerraformCompleteExample 2022-09-19T03:25:38Z logger.go:66: Running command terraform with args [init -upgrade=false]
TestTerraformCompleteExample 2022-09-19T03:25:38Z logger.go:66: [0m[1mInitializing modules...[0m
TestTerraformCompleteExample 2022-09-19T03:25:38Z logger.go:66:
TestTerraformCompleteExample 2022-09-19T03:25:38Z logger.go:66: [0m[1mInitializing the backend...[0m
TestTerraformCompleteExample 2022-09-19T03:25:39Z logger.go:66:
TestTerraformCompleteExample 2022-09-19T03:25:39Z logger.go:66: [0m[1mInitializing provider plugins...[0m
TestTerraformCompleteExample 2022-09-19T03:25:39Z logger.go:66: - Reusing previous version of hashicorp/aws from the dependency lock file
TestTerraformCompleteExample 2022-09-19T03:25:40Z logger.go:66: - Using previously-installed hashicorp/aws v4.27.0
TestTerraformCompleteExample 2022-09-19T03:25:40Z logger.go:66:
TestTerraformCompleteExample 2022-09-19T03:25:40Z logger.go:66: [0m[1m[32mTerraform has been successfully initialized![0m[32m[0m
TestTerraformCompleteExample 2022-09-19T03:25:40Z logger.go:66: [0m[32m
TestTerraformCompleteExample 2022-09-19T03:25:40Z logger.go:66: You may now begin working with Terraform. Try running "terraform plan" to see
TestTerraformCompleteExample 2022-09-19T03:25:40Z logger.go:66: any changes that are required for your infrastructure. All Terraform commands
TestTerraformCompleteExample 2022-09-19T03:25:40Z logger.go:66: should now work.
TestTerraformCompleteExample 2022-09-19T03:25:40Z logger.go:66:
TestTerraformCompleteExample 2022-09-19T03:25:40Z logger.go:66: If you ever set or change modules or backend configuration for Terraform,
TestTerraformCompleteExample 2022-09-19T03:25:40Z logger.go:66: rerun this command to reinitialize your working directory. If you forget, other
TestTerraformCompleteExample 2022-09-19T03:25:40Z logger.go:66: commands will detect it and remind you to do so if necessary.[0m
TestTerraformCompleteExample 2022-09-19T03:25:40Z retry.go:91: terraform [apply -input=false -auto-approve -no-color -lock=false]
TestTerraformCompleteExample 2022-09-19T03:25:40Z logger.go:66: Running command terraform with args [apply -input=false -auto-approve -no-color -lock=false]
TestTerraformCompleteExample 2022-09-19T03:25:44Z logger.go:66: data.aws_vpc.default: Reading...
TestTerraformCompleteExample 2022-09-19T03:25:44Z logger.go:66: data.aws_prefix_list.private_s3: Reading...
TestTerraformCompleteExample 2022-09-19T03:25:44Z logger.go:66: data.aws_prefix_list.private_s3: Read complete after 0s [id=pl-1111111111111111]
TestTerraformCompleteExample 2022-09-19T03:25:44Z logger.go:66: data.aws_vpc.default: Read complete after 1s [id=vpc-1111111111111111]
TestTerraformCompleteExample 2022-09-19T03:25:44Z logger.go:66: data.aws_security_group.default: Reading...
TestTerraformCompleteExample 2022-09-19T03:25:45Z logger.go:66: data.aws_security_group.default: Read complete after 0s [id=sg-1111111111111111]
TestTerraformCompleteExample 2022-09-19T03:25:45Z logger.go:66:
TestTerraformCompleteExample 2022-09-19T03:25:45Z logger.go:66: Terraform used the selected providers to generate the following execution
TestTerraformCompleteExample 2022-09-19T03:25:45Z logger.go:66: plan. Resource actions are indicated with the following symbols:
TestTerraformCompleteExample 2022-09-19T03:25:45Z logger.go:66:   + create
TestTerraformCompleteExample 2022-09-19T03:25:45Z logger.go:66:
TestTerraformCompleteExample 2022-09-19T03:25:45Z logger.go:66: Terraform will perform the following actions:
TestTerraformCompleteExample 2022-09-19T03:25:45Z logger.go:66:
TestTerraformCompleteExample 2022-09-19T03:25:45Z logger.go:66:   # aws_ec2_managed_prefix_list.other will be created
TestTerraformCompleteExample 2022-09-19T03:25:45Z logger.go:66:   + resource "aws_ec2_managed_prefix_list" "other" {
TestTerraformCompleteExample 2022-09-19T03:25:45Z logger.go:66:       + address_family = "IPv4"
TestTerraformCompleteExample 2022-09-19T03:25:45Z logger.go:66:       + arn            = (known after apply)
TestTerraformCompleteExample 2022-09-19T03:25:45Z logger.go:66:       + id             = (known after apply)
TestTerraformCompleteExample 2022-09-19T03:25:45Z logger.go:66:       + max_entries    = 5
TestTerraformCompleteExample 2022-09-19T03:25:45Z logger.go:66:       + name           = "ex-complete-other"
TestTerraformCompleteExample 2022-09-19T03:25:45Z logger.go:66:       + owner_id       = (known after apply)
TestTerraformCompleteExample 2022-09-19T03:25:45Z logger.go:66:       + tags_all       = {
TestTerraformCompleteExample 2022-09-19T03:25:45Z logger.go:66:           + "Example"    = "ex-complete"
TestTerraformCompleteExample 2022-09-19T03:25:45Z logger.go:66:           + "GithubOrg"  = "aidanmelen"
TestTerraformCompleteExample 2022-09-19T03:25:45Z logger.go:66:           + "GithubRepo" = "terraform-aws-security-group"
TestTerraformCompleteExample 2022-09-19T03:25:45Z logger.go:66:         }
TestTerraformCompleteExample 2022-09-19T03:25:45Z logger.go:66:       + version        = (known after apply)
TestTerraformCompleteExample 2022-09-19T03:25:45Z logger.go:66:
TestTerraformCompleteExample 2022-09-19T03:25:45Z logger.go:66:       + entry {
TestTerraformCompleteExample 2022-09-19T03:25:45Z logger.go:66:           + cidr        = "172.31.0.0/16"
TestTerraformCompleteExample 2022-09-19T03:25:45Z logger.go:66:           + description = "Primary"
TestTerraformCompleteExample 2022-09-19T03:25:45Z logger.go:66:         }
TestTerraformCompleteExample 2022-09-19T03:25:45Z logger.go:66:     }
TestTerraformCompleteExample 2022-09-19T03:25:45Z logger.go:66:
TestTerraformCompleteExample 2022-09-19T03:25:45Z logger.go:66:   # aws_security_group.other will be created
TestTerraformCompleteExample 2022-09-19T03:25:45Z logger.go:66:   + resource "aws_security_group" "other" {
TestTerraformCompleteExample 2022-09-19T03:25:45Z logger.go:66:       + arn                    = (known after apply)
TestTerraformCompleteExample 2022-09-19T03:25:45Z logger.go:66:       + description            = "ex-complete-other"
TestTerraformCompleteExample 2022-09-19T03:25:45Z logger.go:66:       + egress                 = (known after apply)
TestTerraformCompleteExample 2022-09-19T03:25:45Z logger.go:66:       + id                     = (known after apply)
TestTerraformCompleteExample 2022-09-19T03:25:45Z logger.go:66:       + ingress                = (known after apply)
TestTerraformCompleteExample 2022-09-19T03:25:45Z logger.go:66:       + name                   = "ex-complete-other"
TestTerraformCompleteExample 2022-09-19T03:25:45Z logger.go:66:       + name_prefix            = (known after apply)
TestTerraformCompleteExample 2022-09-19T03:25:45Z logger.go:66:       + owner_id               = (known after apply)
TestTerraformCompleteExample 2022-09-19T03:25:45Z logger.go:66:       + revoke_rules_on_delete = false
TestTerraformCompleteExample 2022-09-19T03:25:45Z logger.go:66:       + tags                   = {
TestTerraformCompleteExample 2022-09-19T03:25:45Z logger.go:66:           + "Name" = "ex-complete-other"
TestTerraformCompleteExample 2022-09-19T03:25:45Z logger.go:66:         }
TestTerraformCompleteExample 2022-09-19T03:25:45Z logger.go:66:       + tags_all               = {
TestTerraformCompleteExample 2022-09-19T03:25:45Z logger.go:66:           + "Example"    = "ex-complete"
TestTerraformCompleteExample 2022-09-19T03:25:45Z logger.go:66:           + "GithubOrg"  = "aidanmelen"
TestTerraformCompleteExample 2022-09-19T03:25:45Z logger.go:66:           + "GithubRepo" = "terraform-aws-security-group"
TestTerraformCompleteExample 2022-09-19T03:25:45Z logger.go:66:           + "Name"       = "ex-complete-other"
TestTerraformCompleteExample 2022-09-19T03:25:45Z logger.go:66:         }
TestTerraformCompleteExample 2022-09-19T03:25:45Z logger.go:66:       + vpc_id                 = "vpc-1111111111111111"
TestTerraformCompleteExample 2022-09-19T03:25:45Z logger.go:66:     }
TestTerraformCompleteExample 2022-09-19T03:25:45Z logger.go:66:
TestTerraformCompleteExample 2022-09-19T03:25:45Z logger.go:66:   # module.security_group.aws_security_group.self[0] will be created
TestTerraformCompleteExample 2022-09-19T03:25:45Z logger.go:66:   + resource "aws_security_group" "self" {
TestTerraformCompleteExample 2022-09-19T03:25:45Z logger.go:66:       + arn                    = (known after apply)
TestTerraformCompleteExample 2022-09-19T03:25:45Z logger.go:66:       + description            = "ex-complete"
TestTerraformCompleteExample 2022-09-19T03:25:45Z logger.go:66:       + egress                 = (known after apply)
TestTerraformCompleteExample 2022-09-19T03:25:45Z logger.go:66:       + id                     = (known after apply)
TestTerraformCompleteExample 2022-09-19T03:25:45Z logger.go:66:       + ingress                = (known after apply)
TestTerraformCompleteExample 2022-09-19T03:25:45Z logger.go:66:       + name                   = "ex-complete"
TestTerraformCompleteExample 2022-09-19T03:25:45Z logger.go:66:       + name_prefix            = (known after apply)
TestTerraformCompleteExample 2022-09-19T03:25:45Z logger.go:66:       + owner_id               = (known after apply)
TestTerraformCompleteExample 2022-09-19T03:25:45Z logger.go:66:       + revoke_rules_on_delete = false
TestTerraformCompleteExample 2022-09-19T03:25:45Z logger.go:66:       + tags                   = {
TestTerraformCompleteExample 2022-09-19T03:25:45Z logger.go:66:           + "Name" = "ex-complete"
TestTerraformCompleteExample 2022-09-19T03:25:45Z logger.go:66:         }
TestTerraformCompleteExample 2022-09-19T03:25:45Z logger.go:66:       + tags_all               = {
TestTerraformCompleteExample 2022-09-19T03:25:45Z logger.go:66:           + "Example"    = "ex-complete"
TestTerraformCompleteExample 2022-09-19T03:25:45Z logger.go:66:           + "GithubOrg"  = "aidanmelen"
TestTerraformCompleteExample 2022-09-19T03:25:45Z logger.go:66:           + "GithubRepo" = "terraform-aws-security-group"
TestTerraformCompleteExample 2022-09-19T03:25:45Z logger.go:66:           + "Name"       = "ex-complete"
TestTerraformCompleteExample 2022-09-19T03:25:45Z logger.go:66:         }
TestTerraformCompleteExample 2022-09-19T03:25:45Z logger.go:66:       + vpc_id                 = "vpc-1111111111111111"
TestTerraformCompleteExample 2022-09-19T03:25:45Z logger.go:66:
TestTerraformCompleteExample 2022-09-19T03:25:45Z logger.go:66:       + timeouts {
TestTerraformCompleteExample 2022-09-19T03:25:45Z logger.go:66:           + create = "10m"
TestTerraformCompleteExample 2022-09-19T03:25:45Z logger.go:66:           + delete = "15m"
TestTerraformCompleteExample 2022-09-19T03:25:45Z logger.go:66:         }
TestTerraformCompleteExample 2022-09-19T03:25:45Z logger.go:66:     }
TestTerraformCompleteExample 2022-09-19T03:25:45Z logger.go:66:
TestTerraformCompleteExample 2022-09-19T03:25:45Z logger.go:66:   # module.security_group.aws_security_group_rule.computed_egress[0] will be created
TestTerraformCompleteExample 2022-09-19T03:25:45Z logger.go:66:   + resource "aws_security_group_rule" "computed_egress" {
TestTerraformCompleteExample 2022-09-19T03:25:45Z logger.go:66:       + cidr_blocks              = (known after apply)
TestTerraformCompleteExample 2022-09-19T03:25:45Z logger.go:66:       + description              = (known after apply)
TestTerraformCompleteExample 2022-09-19T03:25:45Z logger.go:66:       + from_port                = (known after apply)
TestTerraformCompleteExample 2022-09-19T03:25:45Z logger.go:66:       + id                       = (known after apply)
TestTerraformCompleteExample 2022-09-19T03:25:45Z logger.go:66:       + ipv6_cidr_blocks         = (known after apply)
TestTerraformCompleteExample 2022-09-19T03:25:45Z logger.go:66:       + prefix_list_ids          = (known after apply)
TestTerraformCompleteExample 2022-09-19T03:25:45Z logger.go:66:       + protocol                 = (known after apply)
TestTerraformCompleteExample 2022-09-19T03:25:45Z logger.go:66:       + security_group_id        = (known after apply)
TestTerraformCompleteExample 2022-09-19T03:25:45Z logger.go:66:       + self                     = (known after apply)
TestTerraformCompleteExample 2022-09-19T03:25:45Z logger.go:66:       + source_security_group_id = (known after apply)
TestTerraformCompleteExample 2022-09-19T03:25:45Z logger.go:66:       + to_port                  = (known after apply)
TestTerraformCompleteExample 2022-09-19T03:25:45Z logger.go:66:       + type                     = (known after apply)
TestTerraformCompleteExample 2022-09-19T03:25:45Z logger.go:66:     }
TestTerraformCompleteExample 2022-09-19T03:25:45Z logger.go:66:
TestTerraformCompleteExample 2022-09-19T03:25:45Z logger.go:66:   # module.security_group.aws_security_group_rule.computed_egress[1] will be created
TestTerraformCompleteExample 2022-09-19T03:25:45Z logger.go:66:   + resource "aws_security_group_rule" "computed_egress" {
TestTerraformCompleteExample 2022-09-19T03:25:45Z logger.go:66:       + cidr_blocks              = (known after apply)
TestTerraformCompleteExample 2022-09-19T03:25:45Z logger.go:66:       + description              = (known after apply)
TestTerraformCompleteExample 2022-09-19T03:25:45Z logger.go:66:       + from_port                = (known after apply)
TestTerraformCompleteExample 2022-09-19T03:25:45Z logger.go:66:       + id                       = (known after apply)
TestTerraformCompleteExample 2022-09-19T03:25:45Z logger.go:66:       + ipv6_cidr_blocks         = (known after apply)
TestTerraformCompleteExample 2022-09-19T03:25:45Z logger.go:66:       + prefix_list_ids          = (known after apply)
TestTerraformCompleteExample 2022-09-19T03:25:45Z logger.go:66:       + protocol                 = (known after apply)
TestTerraformCompleteExample 2022-09-19T03:25:45Z logger.go:66:       + security_group_id        = (known after apply)
TestTerraformCompleteExample 2022-09-19T03:25:45Z logger.go:66:       + self                     = (known after apply)
TestTerraformCompleteExample 2022-09-19T03:25:45Z logger.go:66:       + source_security_group_id = (known after apply)
TestTerraformCompleteExample 2022-09-19T03:25:45Z logger.go:66:       + to_port                  = (known after apply)
TestTerraformCompleteExample 2022-09-19T03:25:45Z logger.go:66:       + type                     = (known after apply)
TestTerraformCompleteExample 2022-09-19T03:25:45Z logger.go:66:     }
TestTerraformCompleteExample 2022-09-19T03:25:45Z logger.go:66:
TestTerraformCompleteExample 2022-09-19T03:25:45Z logger.go:66:   # module.security_group.aws_security_group_rule.computed_ingress[0] will be created
TestTerraformCompleteExample 2022-09-19T03:25:45Z logger.go:66:   + resource "aws_security_group_rule" "computed_ingress" {
TestTerraformCompleteExample 2022-09-19T03:25:45Z logger.go:66:       + cidr_blocks              = (known after apply)
TestTerraformCompleteExample 2022-09-19T03:25:45Z logger.go:66:       + description              = (known after apply)
TestTerraformCompleteExample 2022-09-19T03:25:45Z logger.go:66:       + from_port                = (known after apply)
TestTerraformCompleteExample 2022-09-19T03:25:45Z logger.go:66:       + id                       = (known after apply)
TestTerraformCompleteExample 2022-09-19T03:25:45Z logger.go:66:       + ipv6_cidr_blocks         = (known after apply)
TestTerraformCompleteExample 2022-09-19T03:25:45Z logger.go:66:       + prefix_list_ids          = (known after apply)
TestTerraformCompleteExample 2022-09-19T03:25:45Z logger.go:66:       + protocol                 = (known after apply)
TestTerraformCompleteExample 2022-09-19T03:25:45Z logger.go:66:       + security_group_id        = (known after apply)
TestTerraformCompleteExample 2022-09-19T03:25:45Z logger.go:66:       + self                     = (known after apply)
TestTerraformCompleteExample 2022-09-19T03:25:45Z logger.go:66:       + source_security_group_id = (known after apply)
TestTerraformCompleteExample 2022-09-19T03:25:45Z logger.go:66:       + to_port                  = (known after apply)
TestTerraformCompleteExample 2022-09-19T03:25:45Z logger.go:66:       + type                     = (known after apply)
TestTerraformCompleteExample 2022-09-19T03:25:45Z logger.go:66:     }
TestTerraformCompleteExample 2022-09-19T03:25:45Z logger.go:66:
TestTerraformCompleteExample 2022-09-19T03:25:45Z logger.go:66:   # module.security_group.aws_security_group_rule.computed_ingress[1] will be created
TestTerraformCompleteExample 2022-09-19T03:25:45Z logger.go:66:   + resource "aws_security_group_rule" "computed_ingress" {
TestTerraformCompleteExample 2022-09-19T03:25:45Z logger.go:66:       + cidr_blocks              = (known after apply)
TestTerraformCompleteExample 2022-09-19T03:25:45Z logger.go:66:       + description              = (known after apply)
TestTerraformCompleteExample 2022-09-19T03:25:45Z logger.go:66:       + from_port                = (known after apply)
TestTerraformCompleteExample 2022-09-19T03:25:45Z logger.go:66:       + id                       = (known after apply)
TestTerraformCompleteExample 2022-09-19T03:25:45Z logger.go:66:       + ipv6_cidr_blocks         = (known after apply)
TestTerraformCompleteExample 2022-09-19T03:25:45Z logger.go:66:       + prefix_list_ids          = (known after apply)
TestTerraformCompleteExample 2022-09-19T03:25:45Z logger.go:66:       + protocol                 = (known after apply)
TestTerraformCompleteExample 2022-09-19T03:25:45Z logger.go:66:       + security_group_id        = (known after apply)
TestTerraformCompleteExample 2022-09-19T03:25:45Z logger.go:66:       + self                     = (known after apply)
TestTerraformCompleteExample 2022-09-19T03:25:45Z logger.go:66:       + source_security_group_id = (known after apply)
TestTerraformCompleteExample 2022-09-19T03:25:45Z logger.go:66:       + to_port                  = (known after apply)
TestTerraformCompleteExample 2022-09-19T03:25:45Z logger.go:66:       + type                     = (known after apply)
TestTerraformCompleteExample 2022-09-19T03:25:45Z logger.go:66:     }
TestTerraformCompleteExample 2022-09-19T03:25:45Z logger.go:66:
TestTerraformCompleteExample 2022-09-19T03:25:45Z logger.go:66:   # module.security_group.aws_security_group_rule.egress["10.10.0.0/16-10.20.0.0/24-managed-rule-example-https-443-tcp"] will be created
TestTerraformCompleteExample 2022-09-19T03:25:45Z logger.go:66:   + resource "aws_security_group_rule" "egress" {
TestTerraformCompleteExample 2022-09-19T03:25:45Z logger.go:66:       + cidr_blocks              = [
TestTerraformCompleteExample 2022-09-19T03:25:45Z logger.go:66:           + "10.10.0.0/16",
TestTerraformCompleteExample 2022-09-19T03:25:45Z logger.go:66:           + "10.20.0.0/24",
TestTerraformCompleteExample 2022-09-19T03:25:45Z logger.go:66:         ]
TestTerraformCompleteExample 2022-09-19T03:25:45Z logger.go:66:       + description              = "managed rule example"
TestTerraformCompleteExample 2022-09-19T03:25:45Z logger.go:66:       + from_port                = 443
TestTerraformCompleteExample 2022-09-19T03:25:45Z logger.go:66:       + id                       = (known after apply)
TestTerraformCompleteExample 2022-09-19T03:25:45Z logger.go:66:       + protocol                 = "tcp"
TestTerraformCompleteExample 2022-09-19T03:25:45Z logger.go:66:       + security_group_id        = (known after apply)
TestTerraformCompleteExample 2022-09-19T03:25:45Z logger.go:66:       + self                     = false
TestTerraformCompleteExample 2022-09-19T03:25:45Z logger.go:66:       + source_security_group_id = (known after apply)
TestTerraformCompleteExample 2022-09-19T03:25:45Z logger.go:66:       + to_port                  = 443
TestTerraformCompleteExample 2022-09-19T03:25:45Z logger.go:66:       + type                     = "egress"
TestTerraformCompleteExample 2022-09-19T03:25:45Z logger.go:66:     }
TestTerraformCompleteExample 2022-09-19T03:25:45Z logger.go:66:
TestTerraformCompleteExample 2022-09-19T03:25:45Z logger.go:66:   # module.security_group.aws_security_group_rule.egress["2001:db8::/64-postgresql-tcp"] will be created
TestTerraformCompleteExample 2022-09-19T03:25:45Z logger.go:66:   + resource "aws_security_group_rule" "egress" {
TestTerraformCompleteExample 2022-09-19T03:25:45Z logger.go:66:       + description              = "managed by Terraform"
TestTerraformCompleteExample 2022-09-19T03:25:45Z logger.go:66:       + from_port                = 5432
TestTerraformCompleteExample 2022-09-19T03:25:45Z logger.go:66:       + id                       = (known after apply)
TestTerraformCompleteExample 2022-09-19T03:25:45Z logger.go:66:       + ipv6_cidr_blocks         = [
TestTerraformCompleteExample 2022-09-19T03:25:45Z logger.go:66:           + "2001:db8::/64",
TestTerraformCompleteExample 2022-09-19T03:25:45Z logger.go:66:         ]
TestTerraformCompleteExample 2022-09-19T03:25:45Z logger.go:66:       + protocol                 = "tcp"
TestTerraformCompleteExample 2022-09-19T03:25:45Z logger.go:66:       + security_group_id        = (known after apply)
TestTerraformCompleteExample 2022-09-19T03:25:45Z logger.go:66:       + self                     = false
TestTerraformCompleteExample 2022-09-19T03:25:45Z logger.go:66:       + source_security_group_id = (known after apply)
TestTerraformCompleteExample 2022-09-19T03:25:45Z logger.go:66:       + to_port                  = 5432
TestTerraformCompleteExample 2022-09-19T03:25:45Z logger.go:66:       + type                     = "egress"
TestTerraformCompleteExample 2022-09-19T03:25:45Z logger.go:66:     }
TestTerraformCompleteExample 2022-09-19T03:25:45Z logger.go:66:
TestTerraformCompleteExample 2022-09-19T03:25:45Z logger.go:66:   # module.security_group.aws_security_group_rule.egress["common-rule-example-all-all-to-public"] will be created
TestTerraformCompleteExample 2022-09-19T03:25:45Z logger.go:66:   + resource "aws_security_group_rule" "egress" {
TestTerraformCompleteExample 2022-09-19T03:25:45Z logger.go:66:       + cidr_blocks              = [
TestTerraformCompleteExample 2022-09-19T03:25:45Z logger.go:66:           + "0.0.0.0/0",
TestTerraformCompleteExample 2022-09-19T03:25:45Z logger.go:66:         ]
TestTerraformCompleteExample 2022-09-19T03:25:45Z logger.go:66:       + description              = "common rule example"
TestTerraformCompleteExample 2022-09-19T03:25:45Z logger.go:66:       + from_port                = 0
TestTerraformCompleteExample 2022-09-19T03:25:45Z logger.go:66:       + id                       = (known after apply)
TestTerraformCompleteExample 2022-09-19T03:25:45Z logger.go:66:       + ipv6_cidr_blocks         = [
TestTerraformCompleteExample 2022-09-19T03:25:45Z logger.go:66:           + "::/0",
TestTerraformCompleteExample 2022-09-19T03:25:45Z logger.go:66:         ]
TestTerraformCompleteExample 2022-09-19T03:25:45Z logger.go:66:       + protocol                 = "-1"
TestTerraformCompleteExample 2022-09-19T03:25:45Z logger.go:66:       + security_group_id        = (known after apply)
TestTerraformCompleteExample 2022-09-19T03:25:45Z logger.go:66:       + self                     = false
TestTerraformCompleteExample 2022-09-19T03:25:45Z logger.go:66:       + source_security_group_id = (known after apply)
TestTerraformCompleteExample 2022-09-19T03:25:45Z logger.go:66:       + to_port                  = 0
TestTerraformCompleteExample 2022-09-19T03:25:45Z logger.go:66:       + type                     = "egress"
TestTerraformCompleteExample 2022-09-19T03:25:45Z logger.go:66:     }
TestTerraformCompleteExample 2022-09-19T03:25:45Z logger.go:66:
TestTerraformCompleteExample 2022-09-19T03:25:45Z logger.go:66:   # module.security_group.aws_security_group_rule.egress["customer-rule-example-0-icmp-sg-1111111111111111-0"] will be created
TestTerraformCompleteExample 2022-09-19T03:25:45Z logger.go:66:   + resource "aws_security_group_rule" "egress" {
TestTerraformCompleteExample 2022-09-19T03:25:45Z logger.go:66:       + description              = "customer rule example"
TestTerraformCompleteExample 2022-09-19T03:25:45Z logger.go:66:       + from_port                = 0
TestTerraformCompleteExample 2022-09-19T03:25:45Z logger.go:66:       + id                       = (known after apply)
TestTerraformCompleteExample 2022-09-19T03:25:45Z logger.go:66:       + protocol                 = "icmp"
TestTerraformCompleteExample 2022-09-19T03:25:45Z logger.go:66:       + security_group_id        = (known after apply)
TestTerraformCompleteExample 2022-09-19T03:25:45Z logger.go:66:       + self                     = false
TestTerraformCompleteExample 2022-09-19T03:25:45Z logger.go:66:       + source_security_group_id = "sg-1111111111111111"
TestTerraformCompleteExample 2022-09-19T03:25:45Z logger.go:66:       + to_port                  = 0
TestTerraformCompleteExample 2022-09-19T03:25:45Z logger.go:66:       + type                     = "egress"
TestTerraformCompleteExample 2022-09-19T03:25:45Z logger.go:66:     }
TestTerraformCompleteExample 2022-09-19T03:25:45Z logger.go:66:
TestTerraformCompleteExample 2022-09-19T03:25:45Z logger.go:66:   # module.security_group.aws_security_group_rule.egress["pl-1111111111111111-ssh-tcp"] will be created
TestTerraformCompleteExample 2022-09-19T03:25:45Z logger.go:66:   + resource "aws_security_group_rule" "egress" {
TestTerraformCompleteExample 2022-09-19T03:25:45Z logger.go:66:       + description              = "managed by Terraform"
TestTerraformCompleteExample 2022-09-19T03:25:45Z logger.go:66:       + from_port                = 22
TestTerraformCompleteExample 2022-09-19T03:25:45Z logger.go:66:       + id                       = (known after apply)
TestTerraformCompleteExample 2022-09-19T03:25:45Z logger.go:66:       + prefix_list_ids          = [
TestTerraformCompleteExample 2022-09-19T03:25:45Z logger.go:66:           + "pl-1111111111111111",
TestTerraformCompleteExample 2022-09-19T03:25:45Z logger.go:66:         ]
TestTerraformCompleteExample 2022-09-19T03:25:45Z logger.go:66:       + protocol                 = "tcp"
TestTerraformCompleteExample 2022-09-19T03:25:45Z logger.go:66:       + security_group_id        = (known after apply)
TestTerraformCompleteExample 2022-09-19T03:25:45Z logger.go:66:       + self                     = false
TestTerraformCompleteExample 2022-09-19T03:25:45Z logger.go:66:       + source_security_group_id = (known after apply)
TestTerraformCompleteExample 2022-09-19T03:25:45Z logger.go:66:       + to_port                  = 22
TestTerraformCompleteExample 2022-09-19T03:25:45Z logger.go:66:       + type                     = "egress"
TestTerraformCompleteExample 2022-09-19T03:25:45Z logger.go:66:     }
TestTerraformCompleteExample 2022-09-19T03:25:45Z logger.go:66:
TestTerraformCompleteExample 2022-09-19T03:25:45Z logger.go:66:   # module.security_group.aws_security_group_rule.ingress["10.10.0.0/16-10.20.0.0/24-managed-rule-example-all-all"] will be created
TestTerraformCompleteExample 2022-09-19T03:25:45Z logger.go:66:   + resource "aws_security_group_rule" "ingress" {
TestTerraformCompleteExample 2022-09-19T03:25:45Z logger.go:66:       + cidr_blocks              = [
TestTerraformCompleteExample 2022-09-19T03:25:45Z logger.go:66:           + "10.10.0.0/16",
TestTerraformCompleteExample 2022-09-19T03:25:45Z logger.go:66:           + "10.20.0.0/24",
TestTerraformCompleteExample 2022-09-19T03:25:45Z logger.go:66:         ]
TestTerraformCompleteExample 2022-09-19T03:25:45Z logger.go:66:       + description              = "managed rule example"
TestTerraformCompleteExample 2022-09-19T03:25:45Z logger.go:66:       + from_port                = 0
TestTerraformCompleteExample 2022-09-19T03:25:45Z logger.go:66:       + id                       = (known after apply)
TestTerraformCompleteExample 2022-09-19T03:25:45Z logger.go:66:       + protocol                 = "-1"
TestTerraformCompleteExample 2022-09-19T03:25:45Z logger.go:66:       + security_group_id        = (known after apply)
TestTerraformCompleteExample 2022-09-19T03:25:45Z logger.go:66:       + self                     = false
TestTerraformCompleteExample 2022-09-19T03:25:45Z logger.go:66:       + source_security_group_id = (known after apply)
TestTerraformCompleteExample 2022-09-19T03:25:45Z logger.go:66:       + to_port                  = 0
TestTerraformCompleteExample 2022-09-19T03:25:45Z logger.go:66:       + type                     = "ingress"
TestTerraformCompleteExample 2022-09-19T03:25:45Z logger.go:66:     }
TestTerraformCompleteExample 2022-09-19T03:25:45Z logger.go:66:
TestTerraformCompleteExample 2022-09-19T03:25:45Z logger.go:66:   # module.security_group.aws_security_group_rule.ingress["2001:db8::/64-postgresql-tcp"] will be created
TestTerraformCompleteExample 2022-09-19T03:25:45Z logger.go:66:   + resource "aws_security_group_rule" "ingress" {
TestTerraformCompleteExample 2022-09-19T03:25:45Z logger.go:66:       + description              = "managed by Terraform"
TestTerraformCompleteExample 2022-09-19T03:25:45Z logger.go:66:       + from_port                = 5432
TestTerraformCompleteExample 2022-09-19T03:25:45Z logger.go:66:       + id                       = (known after apply)
TestTerraformCompleteExample 2022-09-19T03:25:45Z logger.go:66:       + ipv6_cidr_blocks         = [
TestTerraformCompleteExample 2022-09-19T03:25:45Z logger.go:66:           + "2001:db8::/64",
TestTerraformCompleteExample 2022-09-19T03:25:45Z logger.go:66:         ]
TestTerraformCompleteExample 2022-09-19T03:25:45Z logger.go:66:       + protocol                 = "tcp"
TestTerraformCompleteExample 2022-09-19T03:25:45Z logger.go:66:       + security_group_id        = (known after apply)
TestTerraformCompleteExample 2022-09-19T03:25:45Z logger.go:66:       + self                     = false
TestTerraformCompleteExample 2022-09-19T03:25:45Z logger.go:66:       + source_security_group_id = (known after apply)
TestTerraformCompleteExample 2022-09-19T03:25:45Z logger.go:66:       + to_port                  = 5432
TestTerraformCompleteExample 2022-09-19T03:25:45Z logger.go:66:       + type                     = "ingress"
TestTerraformCompleteExample 2022-09-19T03:25:45Z logger.go:66:     }
TestTerraformCompleteExample 2022-09-19T03:25:45Z logger.go:66:
TestTerraformCompleteExample 2022-09-19T03:25:45Z logger.go:66:   # module.security_group.aws_security_group_rule.ingress["all-all-from-self"] will be created
TestTerraformCompleteExample 2022-09-19T03:25:45Z logger.go:66:   + resource "aws_security_group_rule" "ingress" {
TestTerraformCompleteExample 2022-09-19T03:25:45Z logger.go:66:       + description              = "managed by Terraform"
TestTerraformCompleteExample 2022-09-19T03:25:45Z logger.go:66:       + from_port                = 0
TestTerraformCompleteExample 2022-09-19T03:25:45Z logger.go:66:       + id                       = (known after apply)
TestTerraformCompleteExample 2022-09-19T03:25:45Z logger.go:66:       + protocol                 = "-1"
TestTerraformCompleteExample 2022-09-19T03:25:45Z logger.go:66:       + security_group_id        = (known after apply)
TestTerraformCompleteExample 2022-09-19T03:25:45Z logger.go:66:       + self                     = true
TestTerraformCompleteExample 2022-09-19T03:25:45Z logger.go:66:       + source_security_group_id = (known after apply)
TestTerraformCompleteExample 2022-09-19T03:25:45Z logger.go:66:       + to_port                  = 0
TestTerraformCompleteExample 2022-09-19T03:25:45Z logger.go:66:       + type                     = "ingress"
TestTerraformCompleteExample 2022-09-19T03:25:45Z logger.go:66:     }
TestTerraformCompleteExample 2022-09-19T03:25:45Z logger.go:66:
TestTerraformCompleteExample 2022-09-19T03:25:45Z logger.go:66:   # module.security_group.aws_security_group_rule.ingress["common-rule-example-https-tcp-from-public"] will be created
TestTerraformCompleteExample 2022-09-19T03:25:45Z logger.go:66:   + resource "aws_security_group_rule" "ingress" {
TestTerraformCompleteExample 2022-09-19T03:25:45Z logger.go:66:       + cidr_blocks              = [
TestTerraformCompleteExample 2022-09-19T03:25:45Z logger.go:66:           + "0.0.0.0/0",
TestTerraformCompleteExample 2022-09-19T03:25:45Z logger.go:66:         ]
TestTerraformCompleteExample 2022-09-19T03:25:45Z logger.go:66:       + description              = "common rule example"
TestTerraformCompleteExample 2022-09-19T03:25:45Z logger.go:66:       + from_port                = 443
TestTerraformCompleteExample 2022-09-19T03:25:45Z logger.go:66:       + id                       = (known after apply)
TestTerraformCompleteExample 2022-09-19T03:25:45Z logger.go:66:       + ipv6_cidr_blocks         = [
TestTerraformCompleteExample 2022-09-19T03:25:45Z logger.go:66:           + "::/0",
TestTerraformCompleteExample 2022-09-19T03:25:45Z logger.go:66:         ]
TestTerraformCompleteExample 2022-09-19T03:25:45Z logger.go:66:       + protocol                 = "tcp"
TestTerraformCompleteExample 2022-09-19T03:25:45Z logger.go:66:       + security_group_id        = (known after apply)
TestTerraformCompleteExample 2022-09-19T03:25:45Z logger.go:66:       + self                     = false
TestTerraformCompleteExample 2022-09-19T03:25:45Z logger.go:66:       + source_security_group_id = (known after apply)
TestTerraformCompleteExample 2022-09-19T03:25:45Z logger.go:66:       + to_port                  = 443
TestTerraformCompleteExample 2022-09-19T03:25:45Z logger.go:66:       + type                     = "ingress"
TestTerraformCompleteExample 2022-09-19T03:25:45Z logger.go:66:     }
TestTerraformCompleteExample 2022-09-19T03:25:45Z logger.go:66:
TestTerraformCompleteExample 2022-09-19T03:25:45Z logger.go:66:   # module.security_group.aws_security_group_rule.ingress["customer-rule-example-0-icmp-sg-1111111111111111-0"] will be created
TestTerraformCompleteExample 2022-09-19T03:25:45Z logger.go:66:   + resource "aws_security_group_rule" "ingress" {
TestTerraformCompleteExample 2022-09-19T03:25:45Z logger.go:66:       + description              = "customer rule example"
TestTerraformCompleteExample 2022-09-19T03:25:45Z logger.go:66:       + from_port                = 0
TestTerraformCompleteExample 2022-09-19T03:25:45Z logger.go:66:       + id                       = (known after apply)
TestTerraformCompleteExample 2022-09-19T03:25:45Z logger.go:66:       + protocol                 = "icmp"
TestTerraformCompleteExample 2022-09-19T03:25:45Z logger.go:66:       + security_group_id        = (known after apply)
TestTerraformCompleteExample 2022-09-19T03:25:45Z logger.go:66:       + self                     = false
TestTerraformCompleteExample 2022-09-19T03:25:45Z logger.go:66:       + source_security_group_id = "sg-1111111111111111"
TestTerraformCompleteExample 2022-09-19T03:25:45Z logger.go:66:       + to_port                  = 0
TestTerraformCompleteExample 2022-09-19T03:25:45Z logger.go:66:       + type                     = "ingress"
TestTerraformCompleteExample 2022-09-19T03:25:45Z logger.go:66:     }
TestTerraformCompleteExample 2022-09-19T03:25:45Z logger.go:66:
TestTerraformCompleteExample 2022-09-19T03:25:45Z logger.go:66:   # module.security_group.aws_security_group_rule.ingress["http-tcp-from-public"] will be created
TestTerraformCompleteExample 2022-09-19T03:25:45Z logger.go:66:   + resource "aws_security_group_rule" "ingress" {
TestTerraformCompleteExample 2022-09-19T03:25:45Z logger.go:66:       + cidr_blocks              = [
TestTerraformCompleteExample 2022-09-19T03:25:45Z logger.go:66:           + "0.0.0.0/0",
TestTerraformCompleteExample 2022-09-19T03:25:45Z logger.go:66:         ]
TestTerraformCompleteExample 2022-09-19T03:25:45Z logger.go:66:       + description              = "managed by Terraform"
TestTerraformCompleteExample 2022-09-19T03:25:45Z logger.go:66:       + from_port                = 80
TestTerraformCompleteExample 2022-09-19T03:25:45Z logger.go:66:       + id                       = (known after apply)
TestTerraformCompleteExample 2022-09-19T03:25:45Z logger.go:66:       + ipv6_cidr_blocks         = [
TestTerraformCompleteExample 2022-09-19T03:25:45Z logger.go:66:           + "::/0",
TestTerraformCompleteExample 2022-09-19T03:25:45Z logger.go:66:         ]
TestTerraformCompleteExample 2022-09-19T03:25:45Z logger.go:66:       + protocol                 = "tcp"
TestTerraformCompleteExample 2022-09-19T03:25:45Z logger.go:66:       + security_group_id        = (known after apply)
TestTerraformCompleteExample 2022-09-19T03:25:45Z logger.go:66:       + self                     = false
TestTerraformCompleteExample 2022-09-19T03:25:45Z logger.go:66:       + source_security_group_id = (known after apply)
TestTerraformCompleteExample 2022-09-19T03:25:45Z logger.go:66:       + to_port                  = 80
TestTerraformCompleteExample 2022-09-19T03:25:45Z logger.go:66:       + type                     = "ingress"
TestTerraformCompleteExample 2022-09-19T03:25:45Z logger.go:66:     }
TestTerraformCompleteExample 2022-09-19T03:25:45Z logger.go:66:
TestTerraformCompleteExample 2022-09-19T03:25:45Z logger.go:66:   # module.security_group.aws_security_group_rule.ingress["pl-1111111111111111-ssh-tcp"] will be created
TestTerraformCompleteExample 2022-09-19T03:25:45Z logger.go:66:   + resource "aws_security_group_rule" "ingress" {
TestTerraformCompleteExample 2022-09-19T03:25:45Z logger.go:66:       + description              = "managed by Terraform"
TestTerraformCompleteExample 2022-09-19T03:25:45Z logger.go:66:       + from_port                = 22
TestTerraformCompleteExample 2022-09-19T03:25:45Z logger.go:66:       + id                       = (known after apply)
TestTerraformCompleteExample 2022-09-19T03:25:45Z logger.go:66:       + prefix_list_ids          = [
TestTerraformCompleteExample 2022-09-19T03:25:45Z logger.go:66:           + "pl-1111111111111111",
TestTerraformCompleteExample 2022-09-19T03:25:45Z logger.go:66:         ]
TestTerraformCompleteExample 2022-09-19T03:25:45Z logger.go:66:       + protocol                 = "tcp"
TestTerraformCompleteExample 2022-09-19T03:25:45Z logger.go:66:       + security_group_id        = (known after apply)
TestTerraformCompleteExample 2022-09-19T03:25:45Z logger.go:66:       + self                     = false
TestTerraformCompleteExample 2022-09-19T03:25:45Z logger.go:66:       + source_security_group_id = (known after apply)
TestTerraformCompleteExample 2022-09-19T03:25:45Z logger.go:66:       + to_port                  = 22
TestTerraformCompleteExample 2022-09-19T03:25:45Z logger.go:66:       + type                     = "ingress"
TestTerraformCompleteExample 2022-09-19T03:25:45Z logger.go:66:     }
TestTerraformCompleteExample 2022-09-19T03:25:45Z logger.go:66:
TestTerraformCompleteExample 2022-09-19T03:25:45Z logger.go:66: Plan: 19 to add, 0 to change, 0 to destroy.
TestTerraformCompleteExample 2022-09-19T03:25:45Z logger.go:66:
TestTerraformCompleteExample 2022-09-19T03:25:45Z logger.go:66: Changes to Outputs:
TestTerraformCompleteExample 2022-09-19T03:25:45Z logger.go:66:   + arn            = (known after apply)
TestTerraformCompleteExample 2022-09-19T03:25:45Z logger.go:66:   + disabled_sg_id = "I was not created"
TestTerraformCompleteExample 2022-09-19T03:25:45Z logger.go:66:   + egress         = (known after apply)
TestTerraformCompleteExample 2022-09-19T03:25:45Z logger.go:66:   + id             = (known after apply)
TestTerraformCompleteExample 2022-09-19T03:25:45Z logger.go:66:   + ingress        = (known after apply)
TestTerraformCompleteExample 2022-09-19T03:25:45Z logger.go:66:   + terratest      = {
TestTerraformCompleteExample 2022-09-19T03:25:45Z logger.go:66:       + aws_ec2_managed_prefix_list_other_id = (known after apply)
TestTerraformCompleteExample 2022-09-19T03:25:45Z logger.go:66:       + aws_security_group_other_id          = (known after apply)
TestTerraformCompleteExample 2022-09-19T03:25:45Z logger.go:66:       + data_aws_prefix_list_private_s3_id   = "pl-1111111111111111"
TestTerraformCompleteExample 2022-09-19T03:25:45Z logger.go:66:       + data_aws_security_group_default_id   = "sg-1111111111111111"
TestTerraformCompleteExample 2022-09-19T03:25:45Z logger.go:66:     }
TestTerraformCompleteExample 2022-09-19T03:25:46Z logger.go:66: module.security_group.aws_security_group.self[0]: Creating...
TestTerraformCompleteExample 2022-09-19T03:25:46Z logger.go:66: aws_ec2_managed_prefix_list.other: Creating...
TestTerraformCompleteExample 2022-09-19T03:25:46Z logger.go:66: aws_security_group.other: Creating...
TestTerraformCompleteExample 2022-09-19T03:25:47Z logger.go:66: aws_ec2_managed_prefix_list.other: Creation complete after 1s [id=pl-1111111111111111]
TestTerraformCompleteExample 2022-09-19T03:25:49Z logger.go:66: module.security_group.aws_security_group.self[0]: Creation complete after 2s [id=sg-1111111111111111]
TestTerraformCompleteExample 2022-09-19T03:25:49Z logger.go:66: module.security_group.aws_security_group_rule.ingress["http-tcp-from-public"]: Creating...
TestTerraformCompleteExample 2022-09-19T03:25:49Z logger.go:66: module.security_group.aws_security_group_rule.egress["pl-1111111111111111-ssh-tcp"]: Creating...
TestTerraformCompleteExample 2022-09-19T03:25:49Z logger.go:66: module.security_group.aws_security_group_rule.egress["customer-rule-example-0-icmp-sg-1111111111111111-0"]: Creating...
TestTerraformCompleteExample 2022-09-19T03:25:49Z logger.go:66: module.security_group.aws_security_group_rule.ingress["common-rule-example-https-tcp-from-public"]: Creating...
TestTerraformCompleteExample 2022-09-19T03:25:49Z logger.go:66: module.security_group.aws_security_group_rule.ingress["all-all-from-self"]: Creating...
TestTerraformCompleteExample 2022-09-19T03:25:49Z logger.go:66: module.security_group.aws_security_group_rule.egress["10.10.0.0/16-10.20.0.0/24-managed-rule-example-https-443-tcp"]: Creating...
TestTerraformCompleteExample 2022-09-19T03:25:49Z logger.go:66: module.security_group.aws_security_group_rule.ingress["2001:db8::/64-postgresql-tcp"]: Creating...
TestTerraformCompleteExample 2022-09-19T03:25:49Z logger.go:66: module.security_group.aws_security_group_rule.ingress["pl-1111111111111111-ssh-tcp"]: Creating...
TestTerraformCompleteExample 2022-09-19T03:25:49Z logger.go:66: aws_security_group.other: Creation complete after 2s [id=sg-1111111111111111]
TestTerraformCompleteExample 2022-09-19T03:25:49Z logger.go:66: module.security_group.aws_security_group_rule.egress["common-rule-example-all-all-to-public"]: Creating...
TestTerraformCompleteExample 2022-09-19T03:25:49Z logger.go:66: module.security_group.aws_security_group_rule.ingress["customer-rule-example-0-icmp-sg-1111111111111111-0"]: Creating...
TestTerraformCompleteExample 2022-09-19T03:25:49Z logger.go:66: module.security_group.aws_security_group_rule.egress["pl-1111111111111111-ssh-tcp"]: Creation complete after 1s [id=sgrule-1111111111]
TestTerraformCompleteExample 2022-09-19T03:25:50Z logger.go:66: module.security_group.aws_security_group_rule.ingress["10.10.0.0/16-10.20.0.0/24-managed-rule-example-all-all"]: Creating...
TestTerraformCompleteExample 2022-09-19T03:25:50Z logger.go:66: module.security_group.aws_security_group_rule.egress["customer-rule-example-0-icmp-sg-1111111111111111-0"]: Creation complete after 2s [id=sgrule-1111111111]
TestTerraformCompleteExample 2022-09-19T03:25:50Z logger.go:66: module.security_group.aws_security_group_rule.egress["2001:db8::/64-postgresql-tcp"]: Creating...
TestTerraformCompleteExample 2022-09-19T03:25:51Z logger.go:66: module.security_group.aws_security_group_rule.ingress["common-rule-example-https-tcp-from-public"]: Creation complete after 3s [id=sgrule-1111111111]
TestTerraformCompleteExample 2022-09-19T03:25:51Z logger.go:66: module.security_group.aws_security_group_rule.computed_egress[1]: Creating...
TestTerraformCompleteExample 2022-09-19T03:25:52Z logger.go:66: module.security_group.aws_security_group_rule.egress["10.10.0.0/16-10.20.0.0/24-managed-rule-example-https-443-tcp"]: Creation complete after 3s [id=sgrule-1111111111]
TestTerraformCompleteExample 2022-09-19T03:25:52Z logger.go:66: module.security_group.aws_security_group_rule.computed_egress[0]: Creating...
TestTerraformCompleteExample 2022-09-19T03:25:53Z logger.go:66: module.security_group.aws_security_group_rule.ingress["http-tcp-from-public"]: Creation complete after 4s [id=sgrule-1111111111]
TestTerraformCompleteExample 2022-09-19T03:25:53Z logger.go:66: module.security_group.aws_security_group_rule.computed_ingress[1]: Creating...
TestTerraformCompleteExample 2022-09-19T03:25:54Z logger.go:66: module.security_group.aws_security_group_rule.ingress["all-all-from-self"]: Creation complete after 5s [id=sgrule-1111111111]
TestTerraformCompleteExample 2022-09-19T03:25:54Z logger.go:66: module.security_group.aws_security_group_rule.computed_ingress[0]: Creating...
TestTerraformCompleteExample 2022-09-19T03:25:54Z logger.go:66: module.security_group.aws_security_group_rule.ingress["2001:db8::/64-postgresql-tcp"]: Creation complete after 6s [id=sgrule-1111111111]
TestTerraformCompleteExample 2022-09-19T03:25:55Z logger.go:66: module.security_group.aws_security_group_rule.ingress["pl-1111111111111111-ssh-tcp"]: Creation complete after 7s [id=sgrule-1111111111]
TestTerraformCompleteExample 2022-09-19T03:25:56Z logger.go:66: module.security_group.aws_security_group_rule.egress["common-rule-example-all-all-to-public"]: Creation complete after 8s [id=sgrule-1111111111]
TestTerraformCompleteExample 2022-09-19T03:25:57Z logger.go:66: module.security_group.aws_security_group_rule.ingress["customer-rule-example-0-icmp-sg-1111111111111111-0"]: Creation complete after 9s [id=sgrule-1111111111]
TestTerraformCompleteExample 2022-09-19T03:25:58Z logger.go:66: module.security_group.aws_security_group_rule.ingress["10.10.0.0/16-10.20.0.0/24-managed-rule-example-all-all"]: Creation complete after 9s [id=sgrule-1111111111]
TestTerraformCompleteExample 2022-09-19T03:25:59Z logger.go:66: module.security_group.aws_security_group_rule.egress["2001:db8::/64-postgresql-tcp"]: Creation complete after 8s [id=sgrule-1111111111]
TestTerraformCompleteExample 2022-09-19T03:26:00Z logger.go:66: module.security_group.aws_security_group_rule.computed_egress[1]: Creation complete after 8s [id=sgrule-1111111111]
TestTerraformCompleteExample 2022-09-19T03:26:01Z logger.go:66: module.security_group.aws_security_group_rule.computed_egress[0]: Creation complete after 9s [id=sgrule-1111111111]
TestTerraformCompleteExample 2022-09-19T03:26:01Z logger.go:66: module.security_group.aws_security_group_rule.computed_ingress[1]: Creation complete after 9s [id=sgrule-1111111111]
TestTerraformCompleteExample 2022-09-19T03:26:02Z logger.go:66: module.security_group.aws_security_group_rule.computed_ingress[0]: Creation complete after 9s [id=sgrule-1111111111]
TestTerraformCompleteExample 2022-09-19T03:26:02Z logger.go:66:
TestTerraformCompleteExample 2022-09-19T03:26:02Z logger.go:66: Apply complete! Resources: 19 added, 0 changed, 0 destroyed.
TestTerraformCompleteExample 2022-09-19T03:26:02Z logger.go:66:
TestTerraformCompleteExample 2022-09-19T03:26:02Z logger.go:66: Outputs:
TestTerraformCompleteExample 2022-09-19T03:26:02Z logger.go:66:
TestTerraformCompleteExample 2022-09-19T03:26:02Z logger.go:66: arn = "arn:aws:ec2:us-west-2:111111111111:security-group/sg-1111111111111111"
TestTerraformCompleteExample 2022-09-19T03:26:02Z logger.go:66: disabled_sg_id = "I was not created"
TestTerraformCompleteExample 2022-09-19T03:26:02Z logger.go:66: egress = [
TestTerraformCompleteExample 2022-09-19T03:26:02Z logger.go:66:   {
TestTerraformCompleteExample 2022-09-19T03:26:02Z logger.go:66:     "cidr_blocks" = tolist([
TestTerraformCompleteExample 2022-09-19T03:26:02Z logger.go:66:       "10.10.0.0/16",
TestTerraformCompleteExample 2022-09-19T03:26:02Z logger.go:66:       "10.20.0.0/24",
TestTerraformCompleteExample 2022-09-19T03:26:02Z logger.go:66:     ])
TestTerraformCompleteExample 2022-09-19T03:26:02Z logger.go:66:     "description" = "managed rule example"
TestTerraformCompleteExample 2022-09-19T03:26:02Z logger.go:66:     "from_port" = 443
TestTerraformCompleteExample 2022-09-19T03:26:02Z logger.go:66:     "id" = "sgrule-1111111111"
TestTerraformCompleteExample 2022-09-19T03:26:02Z logger.go:66:     "ipv6_cidr_blocks" = tolist(null) /* of string */
TestTerraformCompleteExample 2022-09-19T03:26:02Z logger.go:66:     "prefix_list_ids" = tolist(null) /* of string */
TestTerraformCompleteExample 2022-09-19T03:26:02Z logger.go:66:     "protocol" = "tcp"
TestTerraformCompleteExample 2022-09-19T03:26:02Z logger.go:66:     "security_group_id" = "sg-1111111111111111"
TestTerraformCompleteExample 2022-09-19T03:26:02Z logger.go:66:     "self" = false
TestTerraformCompleteExample 2022-09-19T03:26:02Z logger.go:66:     "source_security_group_id" = tostring(null)
TestTerraformCompleteExample 2022-09-19T03:26:02Z logger.go:66:     "timeouts" = null /* object */
TestTerraformCompleteExample 2022-09-19T03:26:02Z logger.go:66:     "to_port" = 443
TestTerraformCompleteExample 2022-09-19T03:26:02Z logger.go:66:     "type" = "egress"
TestTerraformCompleteExample 2022-09-19T03:26:02Z logger.go:66:   },
TestTerraformCompleteExample 2022-09-19T03:26:02Z logger.go:66:   {
TestTerraformCompleteExample 2022-09-19T03:26:02Z logger.go:66:     "cidr_blocks" = tolist(null) /* of string */
TestTerraformCompleteExample 2022-09-19T03:26:02Z logger.go:66:     "description" = "managed by Terraform"
TestTerraformCompleteExample 2022-09-19T03:26:02Z logger.go:66:     "from_port" = 5432
TestTerraformCompleteExample 2022-09-19T03:26:02Z logger.go:66:     "id" = "sgrule-1111111111"
TestTerraformCompleteExample 2022-09-19T03:26:02Z logger.go:66:     "ipv6_cidr_blocks" = tolist([
TestTerraformCompleteExample 2022-09-19T03:26:02Z logger.go:66:       "2001:db8::/64",
TestTerraformCompleteExample 2022-09-19T03:26:02Z logger.go:66:     ])
TestTerraformCompleteExample 2022-09-19T03:26:02Z logger.go:66:     "prefix_list_ids" = tolist(null) /* of string */
TestTerraformCompleteExample 2022-09-19T03:26:02Z logger.go:66:     "protocol" = "tcp"
TestTerraformCompleteExample 2022-09-19T03:26:02Z logger.go:66:     "security_group_id" = "sg-1111111111111111"
TestTerraformCompleteExample 2022-09-19T03:26:02Z logger.go:66:     "self" = false
TestTerraformCompleteExample 2022-09-19T03:26:02Z logger.go:66:     "source_security_group_id" = tostring(null)
TestTerraformCompleteExample 2022-09-19T03:26:02Z logger.go:66:     "timeouts" = null /* object */
TestTerraformCompleteExample 2022-09-19T03:26:02Z logger.go:66:     "to_port" = 5432
TestTerraformCompleteExample 2022-09-19T03:26:02Z logger.go:66:     "type" = "egress"
TestTerraformCompleteExample 2022-09-19T03:26:02Z logger.go:66:   },
TestTerraformCompleteExample 2022-09-19T03:26:02Z logger.go:66:   {
TestTerraformCompleteExample 2022-09-19T03:26:02Z logger.go:66:     "cidr_blocks" = tolist([
TestTerraformCompleteExample 2022-09-19T03:26:02Z logger.go:66:       "0.0.0.0/0",
TestTerraformCompleteExample 2022-09-19T03:26:02Z logger.go:66:     ])
TestTerraformCompleteExample 2022-09-19T03:26:02Z logger.go:66:     "description" = "common rule example"
TestTerraformCompleteExample 2022-09-19T03:26:02Z logger.go:66:     "from_port" = 0
TestTerraformCompleteExample 2022-09-19T03:26:02Z logger.go:66:     "id" = "sgrule-1111111111"
TestTerraformCompleteExample 2022-09-19T03:26:02Z logger.go:66:     "ipv6_cidr_blocks" = tolist([
TestTerraformCompleteExample 2022-09-19T03:26:02Z logger.go:66:       "::/0",
TestTerraformCompleteExample 2022-09-19T03:26:02Z logger.go:66:     ])
TestTerraformCompleteExample 2022-09-19T03:26:02Z logger.go:66:     "prefix_list_ids" = tolist(null) /* of string */
TestTerraformCompleteExample 2022-09-19T03:26:02Z logger.go:66:     "protocol" = "-1"
TestTerraformCompleteExample 2022-09-19T03:26:02Z logger.go:66:     "security_group_id" = "sg-1111111111111111"
TestTerraformCompleteExample 2022-09-19T03:26:02Z logger.go:66:     "self" = false
TestTerraformCompleteExample 2022-09-19T03:26:02Z logger.go:66:     "source_security_group_id" = tostring(null)
TestTerraformCompleteExample 2022-09-19T03:26:02Z logger.go:66:     "timeouts" = null /* object */
TestTerraformCompleteExample 2022-09-19T03:26:02Z logger.go:66:     "to_port" = 0
TestTerraformCompleteExample 2022-09-19T03:26:02Z logger.go:66:     "type" = "egress"
TestTerraformCompleteExample 2022-09-19T03:26:02Z logger.go:66:   },
TestTerraformCompleteExample 2022-09-19T03:26:02Z logger.go:66:   {
TestTerraformCompleteExample 2022-09-19T03:26:02Z logger.go:66:     "cidr_blocks" = tolist(null) /* of string */
TestTerraformCompleteExample 2022-09-19T03:26:02Z logger.go:66:     "description" = "customer rule example"
TestTerraformCompleteExample 2022-09-19T03:26:02Z logger.go:66:     "from_port" = 0
TestTerraformCompleteExample 2022-09-19T03:26:02Z logger.go:66:     "id" = "sgrule-1111111111"
TestTerraformCompleteExample 2022-09-19T03:26:02Z logger.go:66:     "ipv6_cidr_blocks" = tolist(null) /* of string */
TestTerraformCompleteExample 2022-09-19T03:26:02Z logger.go:66:     "prefix_list_ids" = tolist(null) /* of string */
TestTerraformCompleteExample 2022-09-19T03:26:02Z logger.go:66:     "protocol" = "icmp"
TestTerraformCompleteExample 2022-09-19T03:26:02Z logger.go:66:     "security_group_id" = "sg-1111111111111111"
TestTerraformCompleteExample 2022-09-19T03:26:02Z logger.go:66:     "self" = false
TestTerraformCompleteExample 2022-09-19T03:26:02Z logger.go:66:     "source_security_group_id" = "sg-1111111111111111"
TestTerraformCompleteExample 2022-09-19T03:26:02Z logger.go:66:     "timeouts" = null /* object */
TestTerraformCompleteExample 2022-09-19T03:26:02Z logger.go:66:     "to_port" = 0
TestTerraformCompleteExample 2022-09-19T03:26:02Z logger.go:66:     "type" = "egress"
TestTerraformCompleteExample 2022-09-19T03:26:02Z logger.go:66:   },
TestTerraformCompleteExample 2022-09-19T03:26:02Z logger.go:66:   {
TestTerraformCompleteExample 2022-09-19T03:26:02Z logger.go:66:     "cidr_blocks" = tolist(null) /* of string */
TestTerraformCompleteExample 2022-09-19T03:26:02Z logger.go:66:     "description" = "managed by Terraform"
TestTerraformCompleteExample 2022-09-19T03:26:02Z logger.go:66:     "from_port" = 22
TestTerraformCompleteExample 2022-09-19T03:26:02Z logger.go:66:     "id" = "sgrule-1111111111"
TestTerraformCompleteExample 2022-09-19T03:26:02Z logger.go:66:     "ipv6_cidr_blocks" = tolist(null) /* of string */
TestTerraformCompleteExample 2022-09-19T03:26:02Z logger.go:66:     "prefix_list_ids" = tolist([
TestTerraformCompleteExample 2022-09-19T03:26:02Z logger.go:66:       "pl-1111111111111111",
TestTerraformCompleteExample 2022-09-19T03:26:02Z logger.go:66:     ])
TestTerraformCompleteExample 2022-09-19T03:26:02Z logger.go:66:     "protocol" = "tcp"
TestTerraformCompleteExample 2022-09-19T03:26:02Z logger.go:66:     "security_group_id" = "sg-1111111111111111"
TestTerraformCompleteExample 2022-09-19T03:26:02Z logger.go:66:     "self" = false
TestTerraformCompleteExample 2022-09-19T03:26:02Z logger.go:66:     "source_security_group_id" = tostring(null)
TestTerraformCompleteExample 2022-09-19T03:26:02Z logger.go:66:     "timeouts" = null /* object */
TestTerraformCompleteExample 2022-09-19T03:26:02Z logger.go:66:     "to_port" = 22
TestTerraformCompleteExample 2022-09-19T03:26:02Z logger.go:66:     "type" = "egress"
TestTerraformCompleteExample 2022-09-19T03:26:02Z logger.go:66:   },
TestTerraformCompleteExample 2022-09-19T03:26:02Z logger.go:66:   {
TestTerraformCompleteExample 2022-09-19T03:26:02Z logger.go:66:     "cidr_blocks" = tolist(null) /* of string */
TestTerraformCompleteExample 2022-09-19T03:26:02Z logger.go:66:     "description" = "computed (customer) rule example"
TestTerraformCompleteExample 2022-09-19T03:26:02Z logger.go:66:     "from_port" = 80
TestTerraformCompleteExample 2022-09-19T03:26:02Z logger.go:66:     "id" = "sgrule-1111111111"
TestTerraformCompleteExample 2022-09-19T03:26:02Z logger.go:66:     "ipv6_cidr_blocks" = tolist(null) /* of string */
TestTerraformCompleteExample 2022-09-19T03:26:02Z logger.go:66:     "prefix_list_ids" = tolist([
TestTerraformCompleteExample 2022-09-19T03:26:02Z logger.go:66:       "pl-1111111111111111",
TestTerraformCompleteExample 2022-09-19T03:26:02Z logger.go:66:     ])
TestTerraformCompleteExample 2022-09-19T03:26:02Z logger.go:66:     "protocol" = "tcp"
TestTerraformCompleteExample 2022-09-19T03:26:02Z logger.go:66:     "security_group_id" = "sg-1111111111111111"
TestTerraformCompleteExample 2022-09-19T03:26:02Z logger.go:66:     "self" = false
TestTerraformCompleteExample 2022-09-19T03:26:02Z logger.go:66:     "source_security_group_id" = tostring(null)
TestTerraformCompleteExample 2022-09-19T03:26:02Z logger.go:66:     "timeouts" = null /* object */
TestTerraformCompleteExample 2022-09-19T03:26:02Z logger.go:66:     "to_port" = 80
TestTerraformCompleteExample 2022-09-19T03:26:02Z logger.go:66:     "type" = "egress"
TestTerraformCompleteExample 2022-09-19T03:26:02Z logger.go:66:   },
TestTerraformCompleteExample 2022-09-19T03:26:02Z logger.go:66:   {
TestTerraformCompleteExample 2022-09-19T03:26:02Z logger.go:66:     "cidr_blocks" = tolist(null) /* of string */
TestTerraformCompleteExample 2022-09-19T03:26:02Z logger.go:66:     "description" = "computed (managed) rule example"
TestTerraformCompleteExample 2022-09-19T03:26:02Z logger.go:66:     "from_port" = 443
TestTerraformCompleteExample 2022-09-19T03:26:02Z logger.go:66:     "id" = "sgrule-1111111111"
TestTerraformCompleteExample 2022-09-19T03:26:02Z logger.go:66:     "ipv6_cidr_blocks" = tolist(null) /* of string */
TestTerraformCompleteExample 2022-09-19T03:26:02Z logger.go:66:     "prefix_list_ids" = tolist([
TestTerraformCompleteExample 2022-09-19T03:26:02Z logger.go:66:       "pl-1111111111111111",
TestTerraformCompleteExample 2022-09-19T03:26:02Z logger.go:66:     ])
TestTerraformCompleteExample 2022-09-19T03:26:02Z logger.go:66:     "protocol" = "tcp"
TestTerraformCompleteExample 2022-09-19T03:26:02Z logger.go:66:     "security_group_id" = "sg-1111111111111111"
TestTerraformCompleteExample 2022-09-19T03:26:02Z logger.go:66:     "self" = false
TestTerraformCompleteExample 2022-09-19T03:26:02Z logger.go:66:     "source_security_group_id" = tostring(null)
TestTerraformCompleteExample 2022-09-19T03:26:02Z logger.go:66:     "timeouts" = null /* object */
TestTerraformCompleteExample 2022-09-19T03:26:02Z logger.go:66:     "to_port" = 443
TestTerraformCompleteExample 2022-09-19T03:26:02Z logger.go:66:     "type" = "egress"
TestTerraformCompleteExample 2022-09-19T03:26:02Z logger.go:66:   },
TestTerraformCompleteExample 2022-09-19T03:26:02Z logger.go:66: ]
TestTerraformCompleteExample 2022-09-19T03:26:02Z logger.go:66: id = "sg-1111111111111111"
TestTerraformCompleteExample 2022-09-19T03:26:02Z logger.go:66: ingress = [
TestTerraformCompleteExample 2022-09-19T03:26:02Z logger.go:66:   {
TestTerraformCompleteExample 2022-09-19T03:26:02Z logger.go:66:     "cidr_blocks" = tolist([
TestTerraformCompleteExample 2022-09-19T03:26:02Z logger.go:66:       "10.10.0.0/16",
TestTerraformCompleteExample 2022-09-19T03:26:02Z logger.go:66:       "10.20.0.0/24",
TestTerraformCompleteExample 2022-09-19T03:26:02Z logger.go:66:     ])
TestTerraformCompleteExample 2022-09-19T03:26:02Z logger.go:66:     "description" = "managed rule example"
TestTerraformCompleteExample 2022-09-19T03:26:02Z logger.go:66:     "from_port" = 0
TestTerraformCompleteExample 2022-09-19T03:26:02Z logger.go:66:     "id" = "sgrule-1111111111"
TestTerraformCompleteExample 2022-09-19T03:26:02Z logger.go:66:     "ipv6_cidr_blocks" = tolist(null) /* of string */
TestTerraformCompleteExample 2022-09-19T03:26:02Z logger.go:66:     "prefix_list_ids" = tolist(null) /* of string */
TestTerraformCompleteExample 2022-09-19T03:26:02Z logger.go:66:     "protocol" = "-1"
TestTerraformCompleteExample 2022-09-19T03:26:02Z logger.go:66:     "security_group_id" = "sg-1111111111111111"
TestTerraformCompleteExample 2022-09-19T03:26:02Z logger.go:66:     "self" = false
TestTerraformCompleteExample 2022-09-19T03:26:02Z logger.go:66:     "source_security_group_id" = tostring(null)
TestTerraformCompleteExample 2022-09-19T03:26:02Z logger.go:66:     "timeouts" = null /* object */
TestTerraformCompleteExample 2022-09-19T03:26:02Z logger.go:66:     "to_port" = 0
TestTerraformCompleteExample 2022-09-19T03:26:02Z logger.go:66:     "type" = "ingress"
TestTerraformCompleteExample 2022-09-19T03:26:02Z logger.go:66:   },
TestTerraformCompleteExample 2022-09-19T03:26:02Z logger.go:66:   {
TestTerraformCompleteExample 2022-09-19T03:26:02Z logger.go:66:     "cidr_blocks" = tolist(null) /* of string */
TestTerraformCompleteExample 2022-09-19T03:26:02Z logger.go:66:     "description" = "managed by Terraform"
TestTerraformCompleteExample 2022-09-19T03:26:02Z logger.go:66:     "from_port" = 5432
TestTerraformCompleteExample 2022-09-19T03:26:02Z logger.go:66:     "id" = "sgrule-1111111111"
TestTerraformCompleteExample 2022-09-19T03:26:02Z logger.go:66:     "ipv6_cidr_blocks" = tolist([
TestTerraformCompleteExample 2022-09-19T03:26:02Z logger.go:66:       "2001:db8::/64",
TestTerraformCompleteExample 2022-09-19T03:26:02Z logger.go:66:     ])
TestTerraformCompleteExample 2022-09-19T03:26:02Z logger.go:66:     "prefix_list_ids" = tolist(null) /* of string */
TestTerraformCompleteExample 2022-09-19T03:26:02Z logger.go:66:     "protocol" = "tcp"
TestTerraformCompleteExample 2022-09-19T03:26:02Z logger.go:66:     "security_group_id" = "sg-1111111111111111"
TestTerraformCompleteExample 2022-09-19T03:26:02Z logger.go:66:     "self" = false
TestTerraformCompleteExample 2022-09-19T03:26:02Z logger.go:66:     "source_security_group_id" = tostring(null)
TestTerraformCompleteExample 2022-09-19T03:26:02Z logger.go:66:     "timeouts" = null /* object */
TestTerraformCompleteExample 2022-09-19T03:26:02Z logger.go:66:     "to_port" = 5432
TestTerraformCompleteExample 2022-09-19T03:26:02Z logger.go:66:     "type" = "ingress"
TestTerraformCompleteExample 2022-09-19T03:26:02Z logger.go:66:   },
TestTerraformCompleteExample 2022-09-19T03:26:02Z logger.go:66:   {
TestTerraformCompleteExample 2022-09-19T03:26:02Z logger.go:66:     "cidr_blocks" = tolist(null) /* of string */
TestTerraformCompleteExample 2022-09-19T03:26:02Z logger.go:66:     "description" = "managed by Terraform"
TestTerraformCompleteExample 2022-09-19T03:26:02Z logger.go:66:     "from_port" = 0
TestTerraformCompleteExample 2022-09-19T03:26:02Z logger.go:66:     "id" = "sgrule-1111111111"
TestTerraformCompleteExample 2022-09-19T03:26:02Z logger.go:66:     "ipv6_cidr_blocks" = tolist(null) /* of string */
TestTerraformCompleteExample 2022-09-19T03:26:02Z logger.go:66:     "prefix_list_ids" = tolist(null) /* of string */
TestTerraformCompleteExample 2022-09-19T03:26:02Z logger.go:66:     "protocol" = "-1"
TestTerraformCompleteExample 2022-09-19T03:26:02Z logger.go:66:     "security_group_id" = "sg-1111111111111111"
TestTerraformCompleteExample 2022-09-19T03:26:02Z logger.go:66:     "self" = true
TestTerraformCompleteExample 2022-09-19T03:26:02Z logger.go:66:     "source_security_group_id" = tostring(null)
TestTerraformCompleteExample 2022-09-19T03:26:02Z logger.go:66:     "timeouts" = null /* object */
TestTerraformCompleteExample 2022-09-19T03:26:02Z logger.go:66:     "to_port" = 0
TestTerraformCompleteExample 2022-09-19T03:26:02Z logger.go:66:     "type" = "ingress"
TestTerraformCompleteExample 2022-09-19T03:26:02Z logger.go:66:   },
TestTerraformCompleteExample 2022-09-19T03:26:02Z logger.go:66:   {
TestTerraformCompleteExample 2022-09-19T03:26:02Z logger.go:66:     "cidr_blocks" = tolist([
TestTerraformCompleteExample 2022-09-19T03:26:02Z logger.go:66:       "0.0.0.0/0",
TestTerraformCompleteExample 2022-09-19T03:26:02Z logger.go:66:     ])
TestTerraformCompleteExample 2022-09-19T03:26:02Z logger.go:66:     "description" = "common rule example"
TestTerraformCompleteExample 2022-09-19T03:26:02Z logger.go:66:     "from_port" = 443
TestTerraformCompleteExample 2022-09-19T03:26:02Z logger.go:66:     "id" = "sgrule-1111111111"
TestTerraformCompleteExample 2022-09-19T03:26:02Z logger.go:66:     "ipv6_cidr_blocks" = tolist([
TestTerraformCompleteExample 2022-09-19T03:26:02Z logger.go:66:       "::/0",
TestTerraformCompleteExample 2022-09-19T03:26:02Z logger.go:66:     ])
TestTerraformCompleteExample 2022-09-19T03:26:02Z logger.go:66:     "prefix_list_ids" = tolist(null) /* of string */
TestTerraformCompleteExample 2022-09-19T03:26:02Z logger.go:66:     "protocol" = "tcp"
TestTerraformCompleteExample 2022-09-19T03:26:02Z logger.go:66:     "security_group_id" = "sg-1111111111111111"
TestTerraformCompleteExample 2022-09-19T03:26:02Z logger.go:66:     "self" = false
TestTerraformCompleteExample 2022-09-19T03:26:02Z logger.go:66:     "source_security_group_id" = tostring(null)
TestTerraformCompleteExample 2022-09-19T03:26:02Z logger.go:66:     "timeouts" = null /* object */
TestTerraformCompleteExample 2022-09-19T03:26:02Z logger.go:66:     "to_port" = 443
TestTerraformCompleteExample 2022-09-19T03:26:02Z logger.go:66:     "type" = "ingress"
TestTerraformCompleteExample 2022-09-19T03:26:02Z logger.go:66:   },
TestTerraformCompleteExample 2022-09-19T03:26:02Z logger.go:66:   {
TestTerraformCompleteExample 2022-09-19T03:26:02Z logger.go:66:     "cidr_blocks" = tolist(null) /* of string */
TestTerraformCompleteExample 2022-09-19T03:26:02Z logger.go:66:     "description" = "customer rule example"
TestTerraformCompleteExample 2022-09-19T03:26:02Z logger.go:66:     "from_port" = 0
TestTerraformCompleteExample 2022-09-19T03:26:02Z logger.go:66:     "id" = "sgrule-1111111111"
TestTerraformCompleteExample 2022-09-19T03:26:02Z logger.go:66:     "ipv6_cidr_blocks" = tolist(null) /* of string */
TestTerraformCompleteExample 2022-09-19T03:26:02Z logger.go:66:     "prefix_list_ids" = tolist(null) /* of string */
TestTerraformCompleteExample 2022-09-19T03:26:02Z logger.go:66:     "protocol" = "icmp"
TestTerraformCompleteExample 2022-09-19T03:26:02Z logger.go:66:     "security_group_id" = "sg-1111111111111111"
TestTerraformCompleteExample 2022-09-19T03:26:02Z logger.go:66:     "self" = false
TestTerraformCompleteExample 2022-09-19T03:26:02Z logger.go:66:     "source_security_group_id" = "sg-1111111111111111"
TestTerraformCompleteExample 2022-09-19T03:26:02Z logger.go:66:     "timeouts" = null /* object */
TestTerraformCompleteExample 2022-09-19T03:26:02Z logger.go:66:     "to_port" = 0
TestTerraformCompleteExample 2022-09-19T03:26:02Z logger.go:66:     "type" = "ingress"
TestTerraformCompleteExample 2022-09-19T03:26:02Z logger.go:66:   },
TestTerraformCompleteExample 2022-09-19T03:26:02Z logger.go:66:   {
TestTerraformCompleteExample 2022-09-19T03:26:02Z logger.go:66:     "cidr_blocks" = tolist([
TestTerraformCompleteExample 2022-09-19T03:26:02Z logger.go:66:       "0.0.0.0/0",
TestTerraformCompleteExample 2022-09-19T03:26:02Z logger.go:66:     ])
TestTerraformCompleteExample 2022-09-19T03:26:02Z logger.go:66:     "description" = "managed by Terraform"
TestTerraformCompleteExample 2022-09-19T03:26:02Z logger.go:66:     "from_port" = 80
TestTerraformCompleteExample 2022-09-19T03:26:02Z logger.go:66:     "id" = "sgrule-1111111111"
TestTerraformCompleteExample 2022-09-19T03:26:02Z logger.go:66:     "ipv6_cidr_blocks" = tolist([
TestTerraformCompleteExample 2022-09-19T03:26:02Z logger.go:66:       "::/0",
TestTerraformCompleteExample 2022-09-19T03:26:02Z logger.go:66:     ])
TestTerraformCompleteExample 2022-09-19T03:26:02Z logger.go:66:     "prefix_list_ids" = tolist(null) /* of string */
TestTerraformCompleteExample 2022-09-19T03:26:02Z logger.go:66:     "protocol" = "tcp"
TestTerraformCompleteExample 2022-09-19T03:26:02Z logger.go:66:     "security_group_id" = "sg-1111111111111111"
TestTerraformCompleteExample 2022-09-19T03:26:02Z logger.go:66:     "self" = false
TestTerraformCompleteExample 2022-09-19T03:26:02Z logger.go:66:     "source_security_group_id" = tostring(null)
TestTerraformCompleteExample 2022-09-19T03:26:02Z logger.go:66:     "timeouts" = null /* object */
TestTerraformCompleteExample 2022-09-19T03:26:02Z logger.go:66:     "to_port" = 80
TestTerraformCompleteExample 2022-09-19T03:26:02Z logger.go:66:     "type" = "ingress"
TestTerraformCompleteExample 2022-09-19T03:26:02Z logger.go:66:   },
TestTerraformCompleteExample 2022-09-19T03:26:02Z logger.go:66:   {
TestTerraformCompleteExample 2022-09-19T03:26:02Z logger.go:66:     "cidr_blocks" = tolist(null) /* of string */
TestTerraformCompleteExample 2022-09-19T03:26:02Z logger.go:66:     "description" = "managed by Terraform"
TestTerraformCompleteExample 2022-09-19T03:26:02Z logger.go:66:     "from_port" = 22
TestTerraformCompleteExample 2022-09-19T03:26:02Z logger.go:66:     "id" = "sgrule-1111111111"
TestTerraformCompleteExample 2022-09-19T03:26:02Z logger.go:66:     "ipv6_cidr_blocks" = tolist(null) /* of string */
TestTerraformCompleteExample 2022-09-19T03:26:02Z logger.go:66:     "prefix_list_ids" = tolist([
TestTerraformCompleteExample 2022-09-19T03:26:02Z logger.go:66:       "pl-1111111111111111",
TestTerraformCompleteExample 2022-09-19T03:26:02Z logger.go:66:     ])
TestTerraformCompleteExample 2022-09-19T03:26:02Z logger.go:66:     "protocol" = "tcp"
TestTerraformCompleteExample 2022-09-19T03:26:02Z logger.go:66:     "security_group_id" = "sg-1111111111111111"
TestTerraformCompleteExample 2022-09-19T03:26:02Z logger.go:66:     "self" = false
TestTerraformCompleteExample 2022-09-19T03:26:02Z logger.go:66:     "source_security_group_id" = tostring(null)
TestTerraformCompleteExample 2022-09-19T03:26:02Z logger.go:66:     "timeouts" = null /* object */
TestTerraformCompleteExample 2022-09-19T03:26:02Z logger.go:66:     "to_port" = 22
TestTerraformCompleteExample 2022-09-19T03:26:02Z logger.go:66:     "type" = "ingress"
TestTerraformCompleteExample 2022-09-19T03:26:02Z logger.go:66:   },
TestTerraformCompleteExample 2022-09-19T03:26:02Z logger.go:66:   {
TestTerraformCompleteExample 2022-09-19T03:26:02Z logger.go:66:     "cidr_blocks" = tolist(null) /* of string */
TestTerraformCompleteExample 2022-09-19T03:26:02Z logger.go:66:     "description" = "This rule must be computed because it is created in the same terraform run as this module and is unknown at plan time."
TestTerraformCompleteExample 2022-09-19T03:26:02Z logger.go:66:     "from_port" = 80
TestTerraformCompleteExample 2022-09-19T03:26:02Z logger.go:66:     "id" = "sgrule-1111111111"
TestTerraformCompleteExample 2022-09-19T03:26:02Z logger.go:66:     "ipv6_cidr_blocks" = tolist(null) /* of string */
TestTerraformCompleteExample 2022-09-19T03:26:02Z logger.go:66:     "prefix_list_ids" = tolist(null) /* of string */
TestTerraformCompleteExample 2022-09-19T03:26:02Z logger.go:66:     "protocol" = "tcp"
TestTerraformCompleteExample 2022-09-19T03:26:02Z logger.go:66:     "security_group_id" = "sg-1111111111111111"
TestTerraformCompleteExample 2022-09-19T03:26:02Z logger.go:66:     "self" = false
TestTerraformCompleteExample 2022-09-19T03:26:02Z logger.go:66:     "source_security_group_id" = "sg-1111111111111111"
TestTerraformCompleteExample 2022-09-19T03:26:02Z logger.go:66:     "timeouts" = null /* object */
TestTerraformCompleteExample 2022-09-19T03:26:02Z logger.go:66:     "to_port" = 80
TestTerraformCompleteExample 2022-09-19T03:26:02Z logger.go:66:     "type" = "ingress"
TestTerraformCompleteExample 2022-09-19T03:26:02Z logger.go:66:   },
TestTerraformCompleteExample 2022-09-19T03:26:02Z logger.go:66:   {
TestTerraformCompleteExample 2022-09-19T03:26:02Z logger.go:66:     "cidr_blocks" = tolist(null) /* of string */
TestTerraformCompleteExample 2022-09-19T03:26:02Z logger.go:66:     "description" = "managed by Terraform"
TestTerraformCompleteExample 2022-09-19T03:26:02Z logger.go:66:     "from_port" = 443
TestTerraformCompleteExample 2022-09-19T03:26:02Z logger.go:66:     "id" = "sgrule-1111111111"
TestTerraformCompleteExample 2022-09-19T03:26:02Z logger.go:66:     "ipv6_cidr_blocks" = tolist(null) /* of string */
TestTerraformCompleteExample 2022-09-19T03:26:02Z logger.go:66:     "prefix_list_ids" = tolist(null) /* of string */
TestTerraformCompleteExample 2022-09-19T03:26:02Z logger.go:66:     "protocol" = "tcp"
TestTerraformCompleteExample 2022-09-19T03:26:02Z logger.go:66:     "security_group_id" = "sg-1111111111111111"
TestTerraformCompleteExample 2022-09-19T03:26:02Z logger.go:66:     "self" = false
TestTerraformCompleteExample 2022-09-19T03:26:02Z logger.go:66:     "source_security_group_id" = "sg-1111111111111111"
TestTerraformCompleteExample 2022-09-19T03:26:02Z logger.go:66:     "timeouts" = null /* object */
TestTerraformCompleteExample 2022-09-19T03:26:02Z logger.go:66:     "to_port" = 443
TestTerraformCompleteExample 2022-09-19T03:26:02Z logger.go:66:     "type" = "ingress"
TestTerraformCompleteExample 2022-09-19T03:26:02Z logger.go:66:   },
TestTerraformCompleteExample 2022-09-19T03:26:02Z logger.go:66: ]
TestTerraformCompleteExample 2022-09-19T03:26:02Z logger.go:66: terratest = {
TestTerraformCompleteExample 2022-09-19T03:26:02Z logger.go:66:   "aws_ec2_managed_prefix_list_other_id" = "pl-1111111111111111"
TestTerraformCompleteExample 2022-09-19T03:26:02Z logger.go:66:   "aws_security_group_other_id" = "sg-1111111111111111"
TestTerraformCompleteExample 2022-09-19T03:26:02Z logger.go:66:   "data_aws_prefix_list_private_s3_id" = "pl-1111111111111111"
TestTerraformCompleteExample 2022-09-19T03:26:02Z logger.go:66:   "data_aws_security_group_default_id" = "sg-1111111111111111"
TestTerraformCompleteExample 2022-09-19T03:26:02Z logger.go:66: }
TestTerraformCompleteExample 2022-09-19T03:26:02Z retry.go:91: terraform [output -no-color -json id]
TestTerraformCompleteExample 2022-09-19T03:26:02Z logger.go:66: Running command terraform with args [output -no-color -json id]
TestTerraformCompleteExample 2022-09-19T03:26:03Z logger.go:66: "sg-1111111111111111"
TestTerraformCompleteExample 2022-09-19T03:26:03Z retry.go:91: terraform [output -no-color -json ingress]
TestTerraformCompleteExample 2022-09-19T03:26:03Z logger.go:66: Running command terraform with args [output -no-color -json ingress]
TestTerraformCompleteExample 2022-09-19T03:26:04Z logger.go:66: [{"cidr_blocks":["10.10.0.0/16","10.20.0.0/24"],"description":"managed rule example","from_port":0,"id":"sgrule-1111111111","ipv6_cidr_blocks":null,"prefix_list_ids":null,"protocol":"-1","security_group_id":"sg-1111111111111111","self":false,"source_security_group_id":null,"timeouts":null,"to_port":0,"type":"ingress"},{"cidr_blocks":null,"description":"managed by Terraform","from_port":5432,"id":"sgrule-1111111111","ipv6_cidr_blocks":["2001:db8::/64"],"prefix_list_ids":null,"protocol":"tcp","security_group_id":"sg-1111111111111111","self":false,"source_security_group_id":null,"timeouts":null,"to_port":5432,"type":"ingress"},{"cidr_blocks":null,"description":"managed by Terraform","from_port":0,"id":"sgrule-1111111111","ipv6_cidr_blocks":null,"prefix_list_ids":null,"protocol":"-1","security_group_id":"sg-1111111111111111","self":true,"source_security_group_id":null,"timeouts":null,"to_port":0,"type":"ingress"},{"cidr_blocks":["0.0.0.0/0"],"description":"common rule example","from_port":443,"id":"sgrule-1111111111","ipv6_cidr_blocks":["::/0"],"prefix_list_ids":null,"protocol":"tcp","security_group_id":"sg-1111111111111111","self":false,"source_security_group_id":null,"timeouts":null,"to_port":443,"type":"ingress"},{"cidr_blocks":null,"description":"customer rule example","from_port":0,"id":"sgrule-1111111111","ipv6_cidr_blocks":null,"prefix_list_ids":null,"protocol":"icmp","security_group_id":"sg-1111111111111111","self":false,"source_security_group_id":"sg-1111111111111111","timeouts":null,"to_port":0,"type":"ingress"},{"cidr_blocks":["0.0.0.0/0"],"description":"managed by Terraform","from_port":80,"id":"sgrule-1111111111","ipv6_cidr_blocks":["::/0"],"prefix_list_ids":null,"protocol":"tcp","security_group_id":"sg-1111111111111111","self":false,"source_security_group_id":null,"timeouts":null,"to_port":80,"type":"ingress"},{"cidr_blocks":null,"description":"managed by Terraform","from_port":22,"id":"sgrule-1111111111","ipv6_cidr_blocks":null,"prefix_list_ids":["pl-1111111111111111"],"protocol":"tcp","security_group_id":"sg-1111111111111111","self":false,"source_security_group_id":null,"timeouts":null,"to_port":22,"type":"ingress"},{"cidr_blocks":null,"description":"This rule must be computed because it is created in the same terraform run as this module and is unknown at plan time.","from_port":80,"id":"sgrule-1111111111","ipv6_cidr_blocks":null,"prefix_list_ids":null,"protocol":"tcp","security_group_id":"sg-1111111111111111","self":false,"source_security_group_id":"sg-1111111111111111","timeouts":null,"to_port":80,"type":"ingress"},{"cidr_blocks":null,"description":"managed by Terraform","from_port":443,"id":"sgrule-1111111111","ipv6_cidr_blocks":null,"prefix_list_ids":null,"protocol":"tcp","security_group_id":"sg-1111111111111111","self":false,"source_security_group_id":"sg-1111111111111111","timeouts":null,"to_port":443,"type":"ingress"}]
TestTerraformCompleteExample 2022-09-19T03:26:04Z retry.go:91: terraform [output -no-color -json egress]
TestTerraformCompleteExample 2022-09-19T03:26:04Z logger.go:66: Running command terraform with args [output -no-color -json egress]
TestTerraformCompleteExample 2022-09-19T03:26:05Z logger.go:66: [{"cidr_blocks":["10.10.0.0/16","10.20.0.0/24"],"description":"managed rule example","from_port":443,"id":"sgrule-1111111111","ipv6_cidr_blocks":null,"prefix_list_ids":null,"protocol":"tcp","security_group_id":"sg-1111111111111111","self":false,"source_security_group_id":null,"timeouts":null,"to_port":443,"type":"egress"},{"cidr_blocks":null,"description":"managed by Terraform","from_port":5432,"id":"sgrule-1111111111","ipv6_cidr_blocks":["2001:db8::/64"],"prefix_list_ids":null,"protocol":"tcp","security_group_id":"sg-1111111111111111","self":false,"source_security_group_id":null,"timeouts":null,"to_port":5432,"type":"egress"},{"cidr_blocks":["0.0.0.0/0"],"description":"common rule example","from_port":0,"id":"sgrule-1111111111","ipv6_cidr_blocks":["::/0"],"prefix_list_ids":null,"protocol":"-1","security_group_id":"sg-1111111111111111","self":false,"source_security_group_id":null,"timeouts":null,"to_port":0,"type":"egress"},{"cidr_blocks":null,"description":"customer rule example","from_port":0,"id":"sgrule-1111111111","ipv6_cidr_blocks":null,"prefix_list_ids":null,"protocol":"icmp","security_group_id":"sg-1111111111111111","self":false,"source_security_group_id":"sg-1111111111111111","timeouts":null,"to_port":0,"type":"egress"},{"cidr_blocks":null,"description":"managed by Terraform","from_port":22,"id":"sgrule-1111111111","ipv6_cidr_blocks":null,"prefix_list_ids":["pl-1111111111111111"],"protocol":"tcp","security_group_id":"sg-1111111111111111","self":false,"source_security_group_id":null,"timeouts":null,"to_port":22,"type":"egress"},{"cidr_blocks":null,"description":"computed (customer) rule example","from_port":80,"id":"sgrule-1111111111","ipv6_cidr_blocks":null,"prefix_list_ids":["pl-1111111111111111"],"protocol":"tcp","security_group_id":"sg-1111111111111111","self":false,"source_security_group_id":null,"timeouts":null,"to_port":80,"type":"egress"},{"cidr_blocks":null,"description":"computed (managed) rule example","from_port":443,"id":"sgrule-1111111111","ipv6_cidr_blocks":null,"prefix_list_ids":["pl-1111111111111111"],"protocol":"tcp","security_group_id":"sg-1111111111111111","self":false,"source_security_group_id":null,"timeouts":null,"to_port":443,"type":"egress"}]
TestTerraformCompleteExample 2022-09-19T03:26:05Z retry.go:91: terraform [output -no-color -json disabled_sg_id]
TestTerraformCompleteExample 2022-09-19T03:26:05Z logger.go:66: Running command terraform with args [output -no-color -json disabled_sg_id]
TestTerraformCompleteExample 2022-09-19T03:26:05Z logger.go:66: "I was not created"
TestTerraformCompleteExample 2022-09-19T03:26:05Z retry.go:91: terraform [output -no-color -json terratest]
TestTerraformCompleteExample 2022-09-19T03:26:05Z logger.go:66: Running command terraform with args [output -no-color -json terratest]
TestTerraformCompleteExample 2022-09-19T03:26:06Z logger.go:66: {"aws_ec2_managed_prefix_list_other_id":"pl-1111111111111111","aws_security_group_other_id":"sg-1111111111111111","data_aws_prefix_list_private_s3_id":"pl-1111111111111111","data_aws_security_group_default_id":"sg-1111111111111111"}
TestTerraformCompleteExample 2022-09-19T03:26:06Z retry.go:91: terraform [destroy -auto-approve -input=false -no-color -lock=false]
TestTerraformCompleteExample 2022-09-19T03:26:06Z logger.go:66: Running command terraform with args [destroy -auto-approve -input=false -no-color -lock=false]
TestTerraformCompleteExample 2022-09-19T03:26:10Z logger.go:66: data.aws_vpc.default: Reading...
TestTerraformCompleteExample 2022-09-19T03:26:10Z logger.go:66: data.aws_prefix_list.private_s3: Reading...
TestTerraformCompleteExample 2022-09-19T03:26:10Z logger.go:66: data.aws_prefix_list.private_s3: Read complete after 0s [id=pl-1111111111111111]
TestTerraformCompleteExample 2022-09-19T03:26:10Z logger.go:66: data.aws_vpc.default: Read complete after 1s [id=vpc-1111111111111111]
TestTerraformCompleteExample 2022-09-19T03:26:10Z logger.go:66: module.security_group.aws_security_group.self[0]: Refreshing state... [id=sg-1111111111111111]
TestTerraformCompleteExample 2022-09-19T03:26:10Z logger.go:66: aws_security_group.other: Refreshing state... [id=sg-1111111111111111]
TestTerraformCompleteExample 2022-09-19T03:26:10Z logger.go:66: data.aws_security_group.default: Reading...
TestTerraformCompleteExample 2022-09-19T03:26:10Z logger.go:66: aws_ec2_managed_prefix_list.other: Refreshing state... [id=pl-1111111111111111]
TestTerraformCompleteExample 2022-09-19T03:26:11Z logger.go:66: module.security_group.aws_security_group_rule.computed_ingress[0]: Refreshing state... [id=sgrule-1111111111]
TestTerraformCompleteExample 2022-09-19T03:26:11Z logger.go:66: module.security_group.aws_security_group_rule.computed_ingress[1]: Refreshing state... [id=sgrule-1111111111]
TestTerraformCompleteExample 2022-09-19T03:26:11Z logger.go:66: data.aws_security_group.default: Read complete after 0s [id=sg-1111111111111111]
TestTerraformCompleteExample 2022-09-19T03:26:11Z logger.go:66: module.security_group.aws_security_group_rule.egress["customer-rule-example-0-icmp-sg-1111111111111111-0"]: Refreshing state... [id=sgrule-1111111111]
TestTerraformCompleteExample 2022-09-19T03:26:11Z logger.go:66: module.security_group.aws_security_group_rule.egress["common-rule-example-all-all-to-public"]: Refreshing state... [id=sgrule-1111111111]
TestTerraformCompleteExample 2022-09-19T03:26:11Z logger.go:66: module.security_group.aws_security_group_rule.egress["2001:db8::/64-postgresql-tcp"]: Refreshing state... [id=sgrule-1111111111]
TestTerraformCompleteExample 2022-09-19T03:26:11Z logger.go:66: module.security_group.aws_security_group_rule.ingress["pl-1111111111111111-ssh-tcp"]: Refreshing state... [id=sgrule-1111111111]
TestTerraformCompleteExample 2022-09-19T03:26:11Z logger.go:66: module.security_group.aws_security_group_rule.ingress["common-rule-example-https-tcp-from-public"]: Refreshing state... [id=sgrule-1111111111]
TestTerraformCompleteExample 2022-09-19T03:26:11Z logger.go:66: module.security_group.aws_security_group_rule.egress["10.10.0.0/16-10.20.0.0/24-managed-rule-example-https-443-tcp"]: Refreshing state... [id=sgrule-1111111111]
TestTerraformCompleteExample 2022-09-19T03:26:11Z logger.go:66: module.security_group.aws_security_group_rule.egress["pl-1111111111111111-ssh-tcp"]: Refreshing state... [id=sgrule-1111111111]
TestTerraformCompleteExample 2022-09-19T03:26:11Z logger.go:66: module.security_group.aws_security_group_rule.ingress["10.10.0.0/16-10.20.0.0/24-managed-rule-example-all-all"]: Refreshing state... [id=sgrule-1111111111]
TestTerraformCompleteExample 2022-09-19T03:26:11Z logger.go:66: module.security_group.aws_security_group_rule.ingress["2001:db8::/64-postgresql-tcp"]: Refreshing state... [id=sgrule-1111111111]
TestTerraformCompleteExample 2022-09-19T03:26:11Z logger.go:66: module.security_group.aws_security_group_rule.ingress["all-all-from-self"]: Refreshing state... [id=sgrule-1111111111]
TestTerraformCompleteExample 2022-09-19T03:26:11Z logger.go:66: module.security_group.aws_security_group_rule.ingress["customer-rule-example-0-icmp-sg-1111111111111111-0"]: Refreshing state... [id=sgrule-1111111111]
TestTerraformCompleteExample 2022-09-19T03:26:11Z logger.go:66: module.security_group.aws_security_group_rule.ingress["http-tcp-from-public"]: Refreshing state... [id=sgrule-1111111111]
TestTerraformCompleteExample 2022-09-19T03:26:11Z logger.go:66: module.security_group.aws_security_group_rule.computed_egress[0]: Refreshing state... [id=sgrule-1111111111]
TestTerraformCompleteExample 2022-09-19T03:26:11Z logger.go:66: module.security_group.aws_security_group_rule.computed_egress[1]: Refreshing state... [id=sgrule-1111111111]
TestTerraformCompleteExample 2022-09-19T03:26:12Z logger.go:66:
TestTerraformCompleteExample 2022-09-19T03:26:12Z logger.go:66: Terraform used the selected providers to generate the following execution
TestTerraformCompleteExample 2022-09-19T03:26:12Z logger.go:66: plan. Resource actions are indicated with the following symbols:
TestTerraformCompleteExample 2022-09-19T03:26:12Z logger.go:66:   - destroy
TestTerraformCompleteExample 2022-09-19T03:26:12Z logger.go:66:
TestTerraformCompleteExample 2022-09-19T03:26:12Z logger.go:66: Terraform will perform the following actions:
TestTerraformCompleteExample 2022-09-19T03:26:12Z logger.go:66:
TestTerraformCompleteExample 2022-09-19T03:26:12Z logger.go:66:   # aws_ec2_managed_prefix_list.other will be destroyed
TestTerraformCompleteExample 2022-09-19T03:26:12Z logger.go:66:   - resource "aws_ec2_managed_prefix_list" "other" {
TestTerraformCompleteExample 2022-09-19T03:26:12Z logger.go:66:       - address_family = "IPv4" -> null
TestTerraformCompleteExample 2022-09-19T03:26:12Z logger.go:66:       - arn            = "arn:aws:ec2:us-west-2:111111111111:prefix-list/pl-1111111111111111" -> null
TestTerraformCompleteExample 2022-09-19T03:26:12Z logger.go:66:       - id             = "pl-1111111111111111" -> null
TestTerraformCompleteExample 2022-09-19T03:26:12Z logger.go:66:       - max_entries    = 5 -> null
TestTerraformCompleteExample 2022-09-19T03:26:12Z logger.go:66:       - name           = "ex-complete-other" -> null
TestTerraformCompleteExample 2022-09-19T03:26:12Z logger.go:66:       - owner_id       = "111111111111" -> null
TestTerraformCompleteExample 2022-09-19T03:26:12Z logger.go:66:       - tags           = {} -> null
TestTerraformCompleteExample 2022-09-19T03:26:12Z logger.go:66:       - tags_all       = {
TestTerraformCompleteExample 2022-09-19T03:26:12Z logger.go:66:           - "Example"    = "ex-complete"
TestTerraformCompleteExample 2022-09-19T03:26:12Z logger.go:66:           - "GithubOrg"  = "aidanmelen"
TestTerraformCompleteExample 2022-09-19T03:26:12Z logger.go:66:           - "GithubRepo" = "terraform-aws-security-group"
TestTerraformCompleteExample 2022-09-19T03:26:12Z logger.go:66:         } -> null
TestTerraformCompleteExample 2022-09-19T03:26:12Z logger.go:66:       - version        = 1 -> null
TestTerraformCompleteExample 2022-09-19T03:26:12Z logger.go:66:
TestTerraformCompleteExample 2022-09-19T03:26:12Z logger.go:66:       - entry {
TestTerraformCompleteExample 2022-09-19T03:26:12Z logger.go:66:           - cidr        = "172.31.0.0/16" -> null
TestTerraformCompleteExample 2022-09-19T03:26:12Z logger.go:66:           - description = "Primary" -> null
TestTerraformCompleteExample 2022-09-19T03:26:12Z logger.go:66:         }
TestTerraformCompleteExample 2022-09-19T03:26:12Z logger.go:66:     }
TestTerraformCompleteExample 2022-09-19T03:26:12Z logger.go:66:
TestTerraformCompleteExample 2022-09-19T03:26:12Z logger.go:66:   # aws_security_group.other will be destroyed
TestTerraformCompleteExample 2022-09-19T03:26:12Z logger.go:66:   - resource "aws_security_group" "other" {
TestTerraformCompleteExample 2022-09-19T03:26:12Z logger.go:66:       - arn                    = "arn:aws:ec2:us-west-2:111111111111:security-group/sg-1111111111111111" -> null
TestTerraformCompleteExample 2022-09-19T03:26:12Z logger.go:66:       - description            = "ex-complete-other" -> null
TestTerraformCompleteExample 2022-09-19T03:26:12Z logger.go:66:       - egress                 = [] -> null
TestTerraformCompleteExample 2022-09-19T03:26:12Z logger.go:66:       - id                     = "sg-1111111111111111" -> null
TestTerraformCompleteExample 2022-09-19T03:26:12Z logger.go:66:       - ingress                = [] -> null
TestTerraformCompleteExample 2022-09-19T03:26:12Z logger.go:66:       - name                   = "ex-complete-other" -> null
TestTerraformCompleteExample 2022-09-19T03:26:12Z logger.go:66:       - owner_id               = "111111111111" -> null
TestTerraformCompleteExample 2022-09-19T03:26:12Z logger.go:66:       - revoke_rules_on_delete = false -> null
TestTerraformCompleteExample 2022-09-19T03:26:12Z logger.go:66:       - tags                   = {
TestTerraformCompleteExample 2022-09-19T03:26:12Z logger.go:66:           - "Name" = "ex-complete-other"
TestTerraformCompleteExample 2022-09-19T03:26:12Z logger.go:66:         } -> null
TestTerraformCompleteExample 2022-09-19T03:26:12Z logger.go:66:       - tags_all               = {
TestTerraformCompleteExample 2022-09-19T03:26:12Z logger.go:66:           - "Example"    = "ex-complete"
TestTerraformCompleteExample 2022-09-19T03:26:12Z logger.go:66:           - "GithubOrg"  = "aidanmelen"
TestTerraformCompleteExample 2022-09-19T03:26:12Z logger.go:66:           - "GithubRepo" = "terraform-aws-security-group"
TestTerraformCompleteExample 2022-09-19T03:26:12Z logger.go:66:           - "Name"       = "ex-complete-other"
TestTerraformCompleteExample 2022-09-19T03:26:12Z logger.go:66:         } -> null
TestTerraformCompleteExample 2022-09-19T03:26:12Z logger.go:66:       - vpc_id                 = "vpc-1111111111111111" -> null
TestTerraformCompleteExample 2022-09-19T03:26:12Z logger.go:66:     }
TestTerraformCompleteExample 2022-09-19T03:26:12Z logger.go:66:
TestTerraformCompleteExample 2022-09-19T03:26:12Z logger.go:66:   # module.security_group.aws_security_group.self[0] will be destroyed
TestTerraformCompleteExample 2022-09-19T03:26:12Z logger.go:66:   - resource "aws_security_group" "self" {
TestTerraformCompleteExample 2022-09-19T03:26:12Z logger.go:66:       - arn                    = "arn:aws:ec2:us-west-2:111111111111:security-group/sg-1111111111111111" -> null
TestTerraformCompleteExample 2022-09-19T03:26:12Z logger.go:66:       - description            = "ex-complete" -> null
TestTerraformCompleteExample 2022-09-19T03:26:12Z logger.go:66:       - egress                 = [
TestTerraformCompleteExample 2022-09-19T03:26:12Z logger.go:66:           - {
TestTerraformCompleteExample 2022-09-19T03:26:12Z logger.go:66:               - cidr_blocks      = [
TestTerraformCompleteExample 2022-09-19T03:26:12Z logger.go:66:                   - "0.0.0.0/0",
TestTerraformCompleteExample 2022-09-19T03:26:12Z logger.go:66:                 ]
TestTerraformCompleteExample 2022-09-19T03:26:12Z logger.go:66:               - description      = "common rule example"
TestTerraformCompleteExample 2022-09-19T03:26:12Z logger.go:66:               - from_port        = 0
TestTerraformCompleteExample 2022-09-19T03:26:12Z logger.go:66:               - ipv6_cidr_blocks = [
TestTerraformCompleteExample 2022-09-19T03:26:12Z logger.go:66:                   - "::/0",
TestTerraformCompleteExample 2022-09-19T03:26:12Z logger.go:66:                 ]
TestTerraformCompleteExample 2022-09-19T03:26:12Z logger.go:66:               - prefix_list_ids  = []
TestTerraformCompleteExample 2022-09-19T03:26:12Z logger.go:66:               - protocol         = "-1"
TestTerraformCompleteExample 2022-09-19T03:26:12Z logger.go:66:               - security_groups  = []
TestTerraformCompleteExample 2022-09-19T03:26:12Z logger.go:66:               - self             = false
TestTerraformCompleteExample 2022-09-19T03:26:12Z logger.go:66:               - to_port          = 0
TestTerraformCompleteExample 2022-09-19T03:26:12Z logger.go:66:             },
TestTerraformCompleteExample 2022-09-19T03:26:12Z logger.go:66:           - {
TestTerraformCompleteExample 2022-09-19T03:26:12Z logger.go:66:               - cidr_blocks      = [
TestTerraformCompleteExample 2022-09-19T03:26:12Z logger.go:66:                   - "10.10.0.0/16",
TestTerraformCompleteExample 2022-09-19T03:26:12Z logger.go:66:                   - "10.20.0.0/24",
TestTerraformCompleteExample 2022-09-19T03:26:12Z logger.go:66:                 ]
TestTerraformCompleteExample 2022-09-19T03:26:12Z logger.go:66:               - description      = "managed rule example"
TestTerraformCompleteExample 2022-09-19T03:26:12Z logger.go:66:               - from_port        = 443
TestTerraformCompleteExample 2022-09-19T03:26:12Z logger.go:66:               - ipv6_cidr_blocks = []
TestTerraformCompleteExample 2022-09-19T03:26:12Z logger.go:66:               - prefix_list_ids  = []
TestTerraformCompleteExample 2022-09-19T03:26:12Z logger.go:66:               - protocol         = "tcp"
TestTerraformCompleteExample 2022-09-19T03:26:12Z logger.go:66:               - security_groups  = []
TestTerraformCompleteExample 2022-09-19T03:26:12Z logger.go:66:               - self             = false
TestTerraformCompleteExample 2022-09-19T03:26:12Z logger.go:66:               - to_port          = 443
TestTerraformCompleteExample 2022-09-19T03:26:12Z logger.go:66:             },
TestTerraformCompleteExample 2022-09-19T03:26:12Z logger.go:66:           - {
TestTerraformCompleteExample 2022-09-19T03:26:12Z logger.go:66:               - cidr_blocks      = []
TestTerraformCompleteExample 2022-09-19T03:26:12Z logger.go:66:               - description      = "computed (customer) rule example"
TestTerraformCompleteExample 2022-09-19T03:26:12Z logger.go:66:               - from_port        = 80
TestTerraformCompleteExample 2022-09-19T03:26:12Z logger.go:66:               - ipv6_cidr_blocks = []
TestTerraformCompleteExample 2022-09-19T03:26:12Z logger.go:66:               - prefix_list_ids  = [
TestTerraformCompleteExample 2022-09-19T03:26:12Z logger.go:66:                   - "pl-1111111111111111",
TestTerraformCompleteExample 2022-09-19T03:26:12Z logger.go:66:                 ]
TestTerraformCompleteExample 2022-09-19T03:26:12Z logger.go:66:               - protocol         = "tcp"
TestTerraformCompleteExample 2022-09-19T03:26:12Z logger.go:66:               - security_groups  = []
TestTerraformCompleteExample 2022-09-19T03:26:12Z logger.go:66:               - self             = false
TestTerraformCompleteExample 2022-09-19T03:26:12Z logger.go:66:               - to_port          = 80
TestTerraformCompleteExample 2022-09-19T03:26:12Z logger.go:66:             },
TestTerraformCompleteExample 2022-09-19T03:26:12Z logger.go:66:           - {
TestTerraformCompleteExample 2022-09-19T03:26:12Z logger.go:66:               - cidr_blocks      = []
TestTerraformCompleteExample 2022-09-19T03:26:12Z logger.go:66:               - description      = "computed (managed) rule example"
TestTerraformCompleteExample 2022-09-19T03:26:12Z logger.go:66:               - from_port        = 443
TestTerraformCompleteExample 2022-09-19T03:26:12Z logger.go:66:               - ipv6_cidr_blocks = []
TestTerraformCompleteExample 2022-09-19T03:26:12Z logger.go:66:               - prefix_list_ids  = [
TestTerraformCompleteExample 2022-09-19T03:26:12Z logger.go:66:                   - "pl-1111111111111111",
TestTerraformCompleteExample 2022-09-19T03:26:12Z logger.go:66:                 ]
TestTerraformCompleteExample 2022-09-19T03:26:12Z logger.go:66:               - protocol         = "tcp"
TestTerraformCompleteExample 2022-09-19T03:26:12Z logger.go:66:               - security_groups  = []
TestTerraformCompleteExample 2022-09-19T03:26:12Z logger.go:66:               - self             = false
TestTerraformCompleteExample 2022-09-19T03:26:12Z logger.go:66:               - to_port          = 443
TestTerraformCompleteExample 2022-09-19T03:26:12Z logger.go:66:             },
TestTerraformCompleteExample 2022-09-19T03:26:12Z logger.go:66:           - {
TestTerraformCompleteExample 2022-09-19T03:26:12Z logger.go:66:               - cidr_blocks      = []
TestTerraformCompleteExample 2022-09-19T03:26:12Z logger.go:66:               - description      = "customer rule example"
TestTerraformCompleteExample 2022-09-19T03:26:12Z logger.go:66:               - from_port        = 0
TestTerraformCompleteExample 2022-09-19T03:26:12Z logger.go:66:               - ipv6_cidr_blocks = []
TestTerraformCompleteExample 2022-09-19T03:26:12Z logger.go:66:               - prefix_list_ids  = []
TestTerraformCompleteExample 2022-09-19T03:26:12Z logger.go:66:               - protocol         = "icmp"
TestTerraformCompleteExample 2022-09-19T03:26:12Z logger.go:66:               - security_groups  = [
TestTerraformCompleteExample 2022-09-19T03:26:12Z logger.go:66:                   - "sg-1111111111111111",
TestTerraformCompleteExample 2022-09-19T03:26:12Z logger.go:66:                 ]
TestTerraformCompleteExample 2022-09-19T03:26:12Z logger.go:66:               - self             = false
TestTerraformCompleteExample 2022-09-19T03:26:12Z logger.go:66:               - to_port          = 0
TestTerraformCompleteExample 2022-09-19T03:26:12Z logger.go:66:             },
TestTerraformCompleteExample 2022-09-19T03:26:12Z logger.go:66:           - {
TestTerraformCompleteExample 2022-09-19T03:26:12Z logger.go:66:               - cidr_blocks      = []
TestTerraformCompleteExample 2022-09-19T03:26:12Z logger.go:66:               - description      = "managed by Terraform"
TestTerraformCompleteExample 2022-09-19T03:26:12Z logger.go:66:               - from_port        = 22
TestTerraformCompleteExample 2022-09-19T03:26:12Z logger.go:66:               - ipv6_cidr_blocks = []
TestTerraformCompleteExample 2022-09-19T03:26:12Z logger.go:66:               - prefix_list_ids  = [
TestTerraformCompleteExample 2022-09-19T03:26:12Z logger.go:66:                   - "pl-1111111111111111",
TestTerraformCompleteExample 2022-09-19T03:26:12Z logger.go:66:                 ]
TestTerraformCompleteExample 2022-09-19T03:26:12Z logger.go:66:               - protocol         = "tcp"
TestTerraformCompleteExample 2022-09-19T03:26:12Z logger.go:66:               - security_groups  = []
TestTerraformCompleteExample 2022-09-19T03:26:12Z logger.go:66:               - self             = false
TestTerraformCompleteExample 2022-09-19T03:26:12Z logger.go:66:               - to_port          = 22
TestTerraformCompleteExample 2022-09-19T03:26:12Z logger.go:66:             },
TestTerraformCompleteExample 2022-09-19T03:26:12Z logger.go:66:           - {
TestTerraformCompleteExample 2022-09-19T03:26:12Z logger.go:66:               - cidr_blocks      = []
TestTerraformCompleteExample 2022-09-19T03:26:12Z logger.go:66:               - description      = "managed by Terraform"
TestTerraformCompleteExample 2022-09-19T03:26:12Z logger.go:66:               - from_port        = 5432
TestTerraformCompleteExample 2022-09-19T03:26:12Z logger.go:66:               - ipv6_cidr_blocks = [
TestTerraformCompleteExample 2022-09-19T03:26:12Z logger.go:66:                   - "2001:db8::/64",
TestTerraformCompleteExample 2022-09-19T03:26:12Z logger.go:66:                 ]
TestTerraformCompleteExample 2022-09-19T03:26:12Z logger.go:66:               - prefix_list_ids  = []
TestTerraformCompleteExample 2022-09-19T03:26:12Z logger.go:66:               - protocol         = "tcp"
TestTerraformCompleteExample 2022-09-19T03:26:12Z logger.go:66:               - security_groups  = []
TestTerraformCompleteExample 2022-09-19T03:26:12Z logger.go:66:               - self             = false
TestTerraformCompleteExample 2022-09-19T03:26:12Z logger.go:66:               - to_port          = 5432
TestTerraformCompleteExample 2022-09-19T03:26:12Z logger.go:66:             },
TestTerraformCompleteExample 2022-09-19T03:26:12Z logger.go:66:         ] -> null
TestTerraformCompleteExample 2022-09-19T03:26:12Z logger.go:66:       - id                     = "sg-1111111111111111" -> null
TestTerraformCompleteExample 2022-09-19T03:26:12Z logger.go:66:       - ingress                = [
TestTerraformCompleteExample 2022-09-19T03:26:12Z logger.go:66:           - {
TestTerraformCompleteExample 2022-09-19T03:26:12Z logger.go:66:               - cidr_blocks      = [
TestTerraformCompleteExample 2022-09-19T03:26:12Z logger.go:66:                   - "0.0.0.0/0",
TestTerraformCompleteExample 2022-09-19T03:26:12Z logger.go:66:                 ]
TestTerraformCompleteExample 2022-09-19T03:26:12Z logger.go:66:               - description      = "common rule example"
TestTerraformCompleteExample 2022-09-19T03:26:12Z logger.go:66:               - from_port        = 443
TestTerraformCompleteExample 2022-09-19T03:26:12Z logger.go:66:               - ipv6_cidr_blocks = [
TestTerraformCompleteExample 2022-09-19T03:26:12Z logger.go:66:                   - "::/0",
TestTerraformCompleteExample 2022-09-19T03:26:12Z logger.go:66:                 ]
TestTerraformCompleteExample 2022-09-19T03:26:12Z logger.go:66:               - prefix_list_ids  = []
TestTerraformCompleteExample 2022-09-19T03:26:12Z logger.go:66:               - protocol         = "tcp"
TestTerraformCompleteExample 2022-09-19T03:26:12Z logger.go:66:               - security_groups  = []
TestTerraformCompleteExample 2022-09-19T03:26:12Z logger.go:66:               - self             = false
TestTerraformCompleteExample 2022-09-19T03:26:12Z logger.go:66:               - to_port          = 443
TestTerraformCompleteExample 2022-09-19T03:26:12Z logger.go:66:             },
TestTerraformCompleteExample 2022-09-19T03:26:12Z logger.go:66:           - {
TestTerraformCompleteExample 2022-09-19T03:26:12Z logger.go:66:               - cidr_blocks      = [
TestTerraformCompleteExample 2022-09-19T03:26:12Z logger.go:66:                   - "0.0.0.0/0",
TestTerraformCompleteExample 2022-09-19T03:26:12Z logger.go:66:                 ]
TestTerraformCompleteExample 2022-09-19T03:26:12Z logger.go:66:               - description      = "managed by Terraform"
TestTerraformCompleteExample 2022-09-19T03:26:12Z logger.go:66:               - from_port        = 80
TestTerraformCompleteExample 2022-09-19T03:26:12Z logger.go:66:               - ipv6_cidr_blocks = [
TestTerraformCompleteExample 2022-09-19T03:26:12Z logger.go:66:                   - "::/0",
TestTerraformCompleteExample 2022-09-19T03:26:12Z logger.go:66:                 ]
TestTerraformCompleteExample 2022-09-19T03:26:12Z logger.go:66:               - prefix_list_ids  = []
TestTerraformCompleteExample 2022-09-19T03:26:12Z logger.go:66:               - protocol         = "tcp"
TestTerraformCompleteExample 2022-09-19T03:26:12Z logger.go:66:               - security_groups  = []
TestTerraformCompleteExample 2022-09-19T03:26:12Z logger.go:66:               - self             = false
TestTerraformCompleteExample 2022-09-19T03:26:12Z logger.go:66:               - to_port          = 80
TestTerraformCompleteExample 2022-09-19T03:26:12Z logger.go:66:             },
TestTerraformCompleteExample 2022-09-19T03:26:12Z logger.go:66:           - {
TestTerraformCompleteExample 2022-09-19T03:26:12Z logger.go:66:               - cidr_blocks      = [
TestTerraformCompleteExample 2022-09-19T03:26:12Z logger.go:66:                   - "10.10.0.0/16",
TestTerraformCompleteExample 2022-09-19T03:26:12Z logger.go:66:                   - "10.20.0.0/24",
TestTerraformCompleteExample 2022-09-19T03:26:12Z logger.go:66:                 ]
TestTerraformCompleteExample 2022-09-19T03:26:12Z logger.go:66:               - description      = "managed rule example"
TestTerraformCompleteExample 2022-09-19T03:26:12Z logger.go:66:               - from_port        = 0
TestTerraformCompleteExample 2022-09-19T03:26:12Z logger.go:66:               - ipv6_cidr_blocks = []
TestTerraformCompleteExample 2022-09-19T03:26:12Z logger.go:66:               - prefix_list_ids  = []
TestTerraformCompleteExample 2022-09-19T03:26:12Z logger.go:66:               - protocol         = "-1"
TestTerraformCompleteExample 2022-09-19T03:26:12Z logger.go:66:               - security_groups  = []
TestTerraformCompleteExample 2022-09-19T03:26:12Z logger.go:66:               - self             = false
TestTerraformCompleteExample 2022-09-19T03:26:12Z logger.go:66:               - to_port          = 0
TestTerraformCompleteExample 2022-09-19T03:26:12Z logger.go:66:             },
TestTerraformCompleteExample 2022-09-19T03:26:12Z logger.go:66:           - {
TestTerraformCompleteExample 2022-09-19T03:26:12Z logger.go:66:               - cidr_blocks      = []
TestTerraformCompleteExample 2022-09-19T03:26:12Z logger.go:66:               - description      = "This rule must be computed because it is created in the same terraform run as this module and is unknown at plan time."
TestTerraformCompleteExample 2022-09-19T03:26:12Z logger.go:66:               - from_port        = 80
TestTerraformCompleteExample 2022-09-19T03:26:12Z logger.go:66:               - ipv6_cidr_blocks = []
TestTerraformCompleteExample 2022-09-19T03:26:12Z logger.go:66:               - prefix_list_ids  = []
TestTerraformCompleteExample 2022-09-19T03:26:12Z logger.go:66:               - protocol         = "tcp"
TestTerraformCompleteExample 2022-09-19T03:26:12Z logger.go:66:               - security_groups  = [
TestTerraformCompleteExample 2022-09-19T03:26:12Z logger.go:66:                   - "sg-1111111111111111",
TestTerraformCompleteExample 2022-09-19T03:26:12Z logger.go:66:                 ]
TestTerraformCompleteExample 2022-09-19T03:26:12Z logger.go:66:               - self             = false
TestTerraformCompleteExample 2022-09-19T03:26:12Z logger.go:66:               - to_port          = 80
TestTerraformCompleteExample 2022-09-19T03:26:12Z logger.go:66:             },
TestTerraformCompleteExample 2022-09-19T03:26:12Z logger.go:66:           - {
TestTerraformCompleteExample 2022-09-19T03:26:12Z logger.go:66:               - cidr_blocks      = []
TestTerraformCompleteExample 2022-09-19T03:26:12Z logger.go:66:               - description      = "customer rule example"
TestTerraformCompleteExample 2022-09-19T03:26:12Z logger.go:66:               - from_port        = 0
TestTerraformCompleteExample 2022-09-19T03:26:12Z logger.go:66:               - ipv6_cidr_blocks = []
TestTerraformCompleteExample 2022-09-19T03:26:12Z logger.go:66:               - prefix_list_ids  = []
TestTerraformCompleteExample 2022-09-19T03:26:12Z logger.go:66:               - protocol         = "icmp"
TestTerraformCompleteExample 2022-09-19T03:26:12Z logger.go:66:               - security_groups  = [
TestTerraformCompleteExample 2022-09-19T03:26:12Z logger.go:66:                   - "sg-1111111111111111",
TestTerraformCompleteExample 2022-09-19T03:26:12Z logger.go:66:                 ]
TestTerraformCompleteExample 2022-09-19T03:26:12Z logger.go:66:               - self             = false
TestTerraformCompleteExample 2022-09-19T03:26:12Z logger.go:66:               - to_port          = 0
TestTerraformCompleteExample 2022-09-19T03:26:12Z logger.go:66:             },
TestTerraformCompleteExample 2022-09-19T03:26:12Z logger.go:66:           - {
TestTerraformCompleteExample 2022-09-19T03:26:12Z logger.go:66:               - cidr_blocks      = []
TestTerraformCompleteExample 2022-09-19T03:26:12Z logger.go:66:               - description      = "managed by Terraform"
TestTerraformCompleteExample 2022-09-19T03:26:12Z logger.go:66:               - from_port        = 0
TestTerraformCompleteExample 2022-09-19T03:26:12Z logger.go:66:               - ipv6_cidr_blocks = []
TestTerraformCompleteExample 2022-09-19T03:26:12Z logger.go:66:               - prefix_list_ids  = []
TestTerraformCompleteExample 2022-09-19T03:26:12Z logger.go:66:               - protocol         = "-1"
TestTerraformCompleteExample 2022-09-19T03:26:12Z logger.go:66:               - security_groups  = []
TestTerraformCompleteExample 2022-09-19T03:26:12Z logger.go:66:               - self             = true
TestTerraformCompleteExample 2022-09-19T03:26:12Z logger.go:66:               - to_port          = 0
TestTerraformCompleteExample 2022-09-19T03:26:12Z logger.go:66:             },
TestTerraformCompleteExample 2022-09-19T03:26:12Z logger.go:66:           - {
TestTerraformCompleteExample 2022-09-19T03:26:12Z logger.go:66:               - cidr_blocks      = []
TestTerraformCompleteExample 2022-09-19T03:26:12Z logger.go:66:               - description      = "managed by Terraform"
TestTerraformCompleteExample 2022-09-19T03:26:12Z logger.go:66:               - from_port        = 22
TestTerraformCompleteExample 2022-09-19T03:26:12Z logger.go:66:               - ipv6_cidr_blocks = []
TestTerraformCompleteExample 2022-09-19T03:26:12Z logger.go:66:               - prefix_list_ids  = [
TestTerraformCompleteExample 2022-09-19T03:26:12Z logger.go:66:                   - "pl-1111111111111111",
TestTerraformCompleteExample 2022-09-19T03:26:12Z logger.go:66:                 ]
TestTerraformCompleteExample 2022-09-19T03:26:12Z logger.go:66:               - protocol         = "tcp"
TestTerraformCompleteExample 2022-09-19T03:26:12Z logger.go:66:               - security_groups  = []
TestTerraformCompleteExample 2022-09-19T03:26:12Z logger.go:66:               - self             = false
TestTerraformCompleteExample 2022-09-19T03:26:12Z logger.go:66:               - to_port          = 22
TestTerraformCompleteExample 2022-09-19T03:26:12Z logger.go:66:             },
TestTerraformCompleteExample 2022-09-19T03:26:12Z logger.go:66:           - {
TestTerraformCompleteExample 2022-09-19T03:26:12Z logger.go:66:               - cidr_blocks      = []
TestTerraformCompleteExample 2022-09-19T03:26:12Z logger.go:66:               - description      = "managed by Terraform"
TestTerraformCompleteExample 2022-09-19T03:26:12Z logger.go:66:               - from_port        = 443
TestTerraformCompleteExample 2022-09-19T03:26:12Z logger.go:66:               - ipv6_cidr_blocks = []
TestTerraformCompleteExample 2022-09-19T03:26:12Z logger.go:66:               - prefix_list_ids  = []
TestTerraformCompleteExample 2022-09-19T03:26:12Z logger.go:66:               - protocol         = "tcp"
TestTerraformCompleteExample 2022-09-19T03:26:12Z logger.go:66:               - security_groups  = [
TestTerraformCompleteExample 2022-09-19T03:26:12Z logger.go:66:                   - "sg-1111111111111111",
TestTerraformCompleteExample 2022-09-19T03:26:12Z logger.go:66:                 ]
TestTerraformCompleteExample 2022-09-19T03:26:12Z logger.go:66:               - self             = false
TestTerraformCompleteExample 2022-09-19T03:26:12Z logger.go:66:               - to_port          = 443
TestTerraformCompleteExample 2022-09-19T03:26:12Z logger.go:66:             },
TestTerraformCompleteExample 2022-09-19T03:26:12Z logger.go:66:           - {
TestTerraformCompleteExample 2022-09-19T03:26:12Z logger.go:66:               - cidr_blocks      = []
TestTerraformCompleteExample 2022-09-19T03:26:12Z logger.go:66:               - description      = "managed by Terraform"
TestTerraformCompleteExample 2022-09-19T03:26:12Z logger.go:66:               - from_port        = 5432
TestTerraformCompleteExample 2022-09-19T03:26:12Z logger.go:66:               - ipv6_cidr_blocks = [
TestTerraformCompleteExample 2022-09-19T03:26:12Z logger.go:66:                   - "2001:db8::/64",
TestTerraformCompleteExample 2022-09-19T03:26:12Z logger.go:66:                 ]
TestTerraformCompleteExample 2022-09-19T03:26:12Z logger.go:66:               - prefix_list_ids  = []
TestTerraformCompleteExample 2022-09-19T03:26:12Z logger.go:66:               - protocol         = "tcp"
TestTerraformCompleteExample 2022-09-19T03:26:12Z logger.go:66:               - security_groups  = []
TestTerraformCompleteExample 2022-09-19T03:26:12Z logger.go:66:               - self             = false
TestTerraformCompleteExample 2022-09-19T03:26:12Z logger.go:66:               - to_port          = 5432
TestTerraformCompleteExample 2022-09-19T03:26:12Z logger.go:66:             },
TestTerraformCompleteExample 2022-09-19T03:26:12Z logger.go:66:         ] -> null
TestTerraformCompleteExample 2022-09-19T03:26:12Z logger.go:66:       - name                   = "ex-complete" -> null
TestTerraformCompleteExample 2022-09-19T03:26:12Z logger.go:66:       - owner_id               = "111111111111" -> null
TestTerraformCompleteExample 2022-09-19T03:26:12Z logger.go:66:       - revoke_rules_on_delete = false -> null
TestTerraformCompleteExample 2022-09-19T03:26:12Z logger.go:66:       - tags                   = {
TestTerraformCompleteExample 2022-09-19T03:26:12Z logger.go:66:           - "Name" = "ex-complete"
TestTerraformCompleteExample 2022-09-19T03:26:12Z logger.go:66:         } -> null
TestTerraformCompleteExample 2022-09-19T03:26:12Z logger.go:66:       - tags_all               = {
TestTerraformCompleteExample 2022-09-19T03:26:12Z logger.go:66:           - "Example"    = "ex-complete"
TestTerraformCompleteExample 2022-09-19T03:26:12Z logger.go:66:           - "GithubOrg"  = "aidanmelen"
TestTerraformCompleteExample 2022-09-19T03:26:12Z logger.go:66:           - "GithubRepo" = "terraform-aws-security-group"
TestTerraformCompleteExample 2022-09-19T03:26:12Z logger.go:66:           - "Name"       = "ex-complete"
TestTerraformCompleteExample 2022-09-19T03:26:12Z logger.go:66:         } -> null
TestTerraformCompleteExample 2022-09-19T03:26:12Z logger.go:66:       - vpc_id                 = "vpc-1111111111111111" -> null
TestTerraformCompleteExample 2022-09-19T03:26:12Z logger.go:66:
TestTerraformCompleteExample 2022-09-19T03:26:12Z logger.go:66:       - timeouts {
TestTerraformCompleteExample 2022-09-19T03:26:12Z logger.go:66:           - create = "10m" -> null
TestTerraformCompleteExample 2022-09-19T03:26:12Z logger.go:66:           - delete = "15m" -> null
TestTerraformCompleteExample 2022-09-19T03:26:12Z logger.go:66:         }
TestTerraformCompleteExample 2022-09-19T03:26:12Z logger.go:66:     }
TestTerraformCompleteExample 2022-09-19T03:26:12Z logger.go:66:
TestTerraformCompleteExample 2022-09-19T03:26:12Z logger.go:66:   # module.security_group.aws_security_group_rule.computed_egress[0] will be destroyed
TestTerraformCompleteExample 2022-09-19T03:26:12Z logger.go:66:   - resource "aws_security_group_rule" "computed_egress" {
TestTerraformCompleteExample 2022-09-19T03:26:12Z logger.go:66:       - description       = "computed (customer) rule example" -> null
TestTerraformCompleteExample 2022-09-19T03:26:12Z logger.go:66:       - from_port         = 80 -> null
TestTerraformCompleteExample 2022-09-19T03:26:12Z logger.go:66:       - id                = "sgrule-1111111111" -> null
TestTerraformCompleteExample 2022-09-19T03:26:12Z logger.go:66:       - prefix_list_ids   = [
TestTerraformCompleteExample 2022-09-19T03:26:12Z logger.go:66:           - "pl-1111111111111111",
TestTerraformCompleteExample 2022-09-19T03:26:12Z logger.go:66:         ] -> null
TestTerraformCompleteExample 2022-09-19T03:26:12Z logger.go:66:       - protocol          = "tcp" -> null
TestTerraformCompleteExample 2022-09-19T03:26:12Z logger.go:66:       - security_group_id = "sg-1111111111111111" -> null
TestTerraformCompleteExample 2022-09-19T03:26:12Z logger.go:66:       - self              = false -> null
TestTerraformCompleteExample 2022-09-19T03:26:12Z logger.go:66:       - to_port           = 80 -> null
TestTerraformCompleteExample 2022-09-19T03:26:12Z logger.go:66:       - type              = "egress" -> null
TestTerraformCompleteExample 2022-09-19T03:26:12Z logger.go:66:     }
TestTerraformCompleteExample 2022-09-19T03:26:12Z logger.go:66:
TestTerraformCompleteExample 2022-09-19T03:26:12Z logger.go:66:   # module.security_group.aws_security_group_rule.computed_egress[1] will be destroyed
TestTerraformCompleteExample 2022-09-19T03:26:12Z logger.go:66:   - resource "aws_security_group_rule" "computed_egress" {
TestTerraformCompleteExample 2022-09-19T03:26:12Z logger.go:66:       - description       = "computed (managed) rule example" -> null
TestTerraformCompleteExample 2022-09-19T03:26:12Z logger.go:66:       - from_port         = 443 -> null
TestTerraformCompleteExample 2022-09-19T03:26:12Z logger.go:66:       - id                = "sgrule-1111111111" -> null
TestTerraformCompleteExample 2022-09-19T03:26:12Z logger.go:66:       - prefix_list_ids   = [
TestTerraformCompleteExample 2022-09-19T03:26:12Z logger.go:66:           - "pl-1111111111111111",
TestTerraformCompleteExample 2022-09-19T03:26:12Z logger.go:66:         ] -> null
TestTerraformCompleteExample 2022-09-19T03:26:12Z logger.go:66:       - protocol          = "tcp" -> null
TestTerraformCompleteExample 2022-09-19T03:26:12Z logger.go:66:       - security_group_id = "sg-1111111111111111" -> null
TestTerraformCompleteExample 2022-09-19T03:26:12Z logger.go:66:       - self              = false -> null
TestTerraformCompleteExample 2022-09-19T03:26:12Z logger.go:66:       - to_port           = 443 -> null
TestTerraformCompleteExample 2022-09-19T03:26:12Z logger.go:66:       - type              = "egress" -> null
TestTerraformCompleteExample 2022-09-19T03:26:12Z logger.go:66:     }
TestTerraformCompleteExample 2022-09-19T03:26:12Z logger.go:66:
TestTerraformCompleteExample 2022-09-19T03:26:12Z logger.go:66:   # module.security_group.aws_security_group_rule.computed_ingress[0] will be destroyed
TestTerraformCompleteExample 2022-09-19T03:26:12Z logger.go:66:   - resource "aws_security_group_rule" "computed_ingress" {
TestTerraformCompleteExample 2022-09-19T03:26:12Z logger.go:66:       - description              = "This rule must be computed because it is created in the same terraform run as this module and is unknown at plan time." -> null
TestTerraformCompleteExample 2022-09-19T03:26:12Z logger.go:66:       - from_port                = 80 -> null
TestTerraformCompleteExample 2022-09-19T03:26:12Z logger.go:66:       - id                       = "sgrule-1111111111" -> null
TestTerraformCompleteExample 2022-09-19T03:26:12Z logger.go:66:       - protocol                 = "tcp" -> null
TestTerraformCompleteExample 2022-09-19T03:26:12Z logger.go:66:       - security_group_id        = "sg-1111111111111111" -> null
TestTerraformCompleteExample 2022-09-19T03:26:12Z logger.go:66:       - self                     = false -> null
TestTerraformCompleteExample 2022-09-19T03:26:12Z logger.go:66:       - source_security_group_id = "sg-1111111111111111" -> null
TestTerraformCompleteExample 2022-09-19T03:26:12Z logger.go:66:       - to_port                  = 80 -> null
TestTerraformCompleteExample 2022-09-19T03:26:12Z logger.go:66:       - type                     = "ingress" -> null
TestTerraformCompleteExample 2022-09-19T03:26:12Z logger.go:66:     }
TestTerraformCompleteExample 2022-09-19T03:26:12Z logger.go:66:
TestTerraformCompleteExample 2022-09-19T03:26:12Z logger.go:66:   # module.security_group.aws_security_group_rule.computed_ingress[1] will be destroyed
TestTerraformCompleteExample 2022-09-19T03:26:12Z logger.go:66:   - resource "aws_security_group_rule" "computed_ingress" {
TestTerraformCompleteExample 2022-09-19T03:26:12Z logger.go:66:       - description              = "managed by Terraform" -> null
TestTerraformCompleteExample 2022-09-19T03:26:12Z logger.go:66:       - from_port                = 443 -> null
TestTerraformCompleteExample 2022-09-19T03:26:12Z logger.go:66:       - id                       = "sgrule-1111111111" -> null
TestTerraformCompleteExample 2022-09-19T03:26:12Z logger.go:66:       - protocol                 = "tcp" -> null
TestTerraformCompleteExample 2022-09-19T03:26:12Z logger.go:66:       - security_group_id        = "sg-1111111111111111" -> null
TestTerraformCompleteExample 2022-09-19T03:26:12Z logger.go:66:       - self                     = false -> null
TestTerraformCompleteExample 2022-09-19T03:26:12Z logger.go:66:       - source_security_group_id = "sg-1111111111111111" -> null
TestTerraformCompleteExample 2022-09-19T03:26:12Z logger.go:66:       - to_port                  = 443 -> null
TestTerraformCompleteExample 2022-09-19T03:26:12Z logger.go:66:       - type                     = "ingress" -> null
TestTerraformCompleteExample 2022-09-19T03:26:12Z logger.go:66:     }
TestTerraformCompleteExample 2022-09-19T03:26:12Z logger.go:66:
TestTerraformCompleteExample 2022-09-19T03:26:12Z logger.go:66:   # module.security_group.aws_security_group_rule.egress["10.10.0.0/16-10.20.0.0/24-managed-rule-example-https-443-tcp"] will be destroyed
TestTerraformCompleteExample 2022-09-19T03:26:12Z logger.go:66:   - resource "aws_security_group_rule" "egress" {
TestTerraformCompleteExample 2022-09-19T03:26:12Z logger.go:66:       - cidr_blocks       = [
TestTerraformCompleteExample 2022-09-19T03:26:12Z logger.go:66:           - "10.10.0.0/16",
TestTerraformCompleteExample 2022-09-19T03:26:12Z logger.go:66:           - "10.20.0.0/24",
TestTerraformCompleteExample 2022-09-19T03:26:12Z logger.go:66:         ] -> null
TestTerraformCompleteExample 2022-09-19T03:26:12Z logger.go:66:       - description       = "managed rule example" -> null
TestTerraformCompleteExample 2022-09-19T03:26:12Z logger.go:66:       - from_port         = 443 -> null
TestTerraformCompleteExample 2022-09-19T03:26:12Z logger.go:66:       - id                = "sgrule-1111111111" -> null
TestTerraformCompleteExample 2022-09-19T03:26:12Z logger.go:66:       - protocol          = "tcp" -> null
TestTerraformCompleteExample 2022-09-19T03:26:12Z logger.go:66:       - security_group_id = "sg-1111111111111111" -> null
TestTerraformCompleteExample 2022-09-19T03:26:12Z logger.go:66:       - self              = false -> null
TestTerraformCompleteExample 2022-09-19T03:26:12Z logger.go:66:       - to_port           = 443 -> null
TestTerraformCompleteExample 2022-09-19T03:26:12Z logger.go:66:       - type              = "egress" -> null
TestTerraformCompleteExample 2022-09-19T03:26:12Z logger.go:66:     }
TestTerraformCompleteExample 2022-09-19T03:26:12Z logger.go:66:
TestTerraformCompleteExample 2022-09-19T03:26:12Z logger.go:66:   # module.security_group.aws_security_group_rule.egress["2001:db8::/64-postgresql-tcp"] will be destroyed
TestTerraformCompleteExample 2022-09-19T03:26:12Z logger.go:66:   - resource "aws_security_group_rule" "egress" {
TestTerraformCompleteExample 2022-09-19T03:26:12Z logger.go:66:       - description       = "managed by Terraform" -> null
TestTerraformCompleteExample 2022-09-19T03:26:12Z logger.go:66:       - from_port         = 5432 -> null
TestTerraformCompleteExample 2022-09-19T03:26:12Z logger.go:66:       - id                = "sgrule-1111111111" -> null
TestTerraformCompleteExample 2022-09-19T03:26:12Z logger.go:66:       - ipv6_cidr_blocks  = [
TestTerraformCompleteExample 2022-09-19T03:26:12Z logger.go:66:           - "2001:db8::/64",
TestTerraformCompleteExample 2022-09-19T03:26:12Z logger.go:66:         ] -> null
TestTerraformCompleteExample 2022-09-19T03:26:12Z logger.go:66:       - protocol          = "tcp" -> null
TestTerraformCompleteExample 2022-09-19T03:26:12Z logger.go:66:       - security_group_id = "sg-1111111111111111" -> null
TestTerraformCompleteExample 2022-09-19T03:26:12Z logger.go:66:       - self              = false -> null
TestTerraformCompleteExample 2022-09-19T03:26:12Z logger.go:66:       - to_port           = 5432 -> null
TestTerraformCompleteExample 2022-09-19T03:26:12Z logger.go:66:       - type              = "egress" -> null
TestTerraformCompleteExample 2022-09-19T03:26:12Z logger.go:66:     }
TestTerraformCompleteExample 2022-09-19T03:26:12Z logger.go:66:
TestTerraformCompleteExample 2022-09-19T03:26:12Z logger.go:66:   # module.security_group.aws_security_group_rule.egress["common-rule-example-all-all-to-public"] will be destroyed
TestTerraformCompleteExample 2022-09-19T03:26:12Z logger.go:66:   - resource "aws_security_group_rule" "egress" {
TestTerraformCompleteExample 2022-09-19T03:26:12Z logger.go:66:       - cidr_blocks       = [
TestTerraformCompleteExample 2022-09-19T03:26:12Z logger.go:66:           - "0.0.0.0/0",
TestTerraformCompleteExample 2022-09-19T03:26:12Z logger.go:66:         ] -> null
TestTerraformCompleteExample 2022-09-19T03:26:12Z logger.go:66:       - description       = "common rule example" -> null
TestTerraformCompleteExample 2022-09-19T03:26:12Z logger.go:66:       - from_port         = 0 -> null
TestTerraformCompleteExample 2022-09-19T03:26:12Z logger.go:66:       - id                = "sgrule-1111111111" -> null
TestTerraformCompleteExample 2022-09-19T03:26:12Z logger.go:66:       - ipv6_cidr_blocks  = [
TestTerraformCompleteExample 2022-09-19T03:26:12Z logger.go:66:           - "::/0",
TestTerraformCompleteExample 2022-09-19T03:26:12Z logger.go:66:         ] -> null
TestTerraformCompleteExample 2022-09-19T03:26:12Z logger.go:66:       - protocol          = "-1" -> null
TestTerraformCompleteExample 2022-09-19T03:26:12Z logger.go:66:       - security_group_id = "sg-1111111111111111" -> null
TestTerraformCompleteExample 2022-09-19T03:26:12Z logger.go:66:       - self              = false -> null
TestTerraformCompleteExample 2022-09-19T03:26:12Z logger.go:66:       - to_port           = 0 -> null
TestTerraformCompleteExample 2022-09-19T03:26:12Z logger.go:66:       - type              = "egress" -> null
TestTerraformCompleteExample 2022-09-19T03:26:12Z logger.go:66:     }
TestTerraformCompleteExample 2022-09-19T03:26:12Z logger.go:66:
TestTerraformCompleteExample 2022-09-19T03:26:12Z logger.go:66:   # module.security_group.aws_security_group_rule.egress["customer-rule-example-0-icmp-sg-1111111111111111-0"] will be destroyed
TestTerraformCompleteExample 2022-09-19T03:26:12Z logger.go:66:   - resource "aws_security_group_rule" "egress" {
TestTerraformCompleteExample 2022-09-19T03:26:12Z logger.go:66:       - description              = "customer rule example" -> null
TestTerraformCompleteExample 2022-09-19T03:26:12Z logger.go:66:       - from_port                = 0 -> null
TestTerraformCompleteExample 2022-09-19T03:26:12Z logger.go:66:       - id                       = "sgrule-1111111111" -> null
TestTerraformCompleteExample 2022-09-19T03:26:12Z logger.go:66:       - protocol                 = "icmp" -> null
TestTerraformCompleteExample 2022-09-19T03:26:12Z logger.go:66:       - security_group_id        = "sg-1111111111111111" -> null
TestTerraformCompleteExample 2022-09-19T03:26:12Z logger.go:66:       - self                     = false -> null
TestTerraformCompleteExample 2022-09-19T03:26:12Z logger.go:66:       - source_security_group_id = "sg-1111111111111111" -> null
TestTerraformCompleteExample 2022-09-19T03:26:12Z logger.go:66:       - to_port                  = 0 -> null
TestTerraformCompleteExample 2022-09-19T03:26:12Z logger.go:66:       - type                     = "egress" -> null
TestTerraformCompleteExample 2022-09-19T03:26:12Z logger.go:66:     }
TestTerraformCompleteExample 2022-09-19T03:26:12Z logger.go:66:
TestTerraformCompleteExample 2022-09-19T03:26:12Z logger.go:66:   # module.security_group.aws_security_group_rule.egress["pl-1111111111111111-ssh-tcp"] will be destroyed
TestTerraformCompleteExample 2022-09-19T03:26:12Z logger.go:66:   - resource "aws_security_group_rule" "egress" {
TestTerraformCompleteExample 2022-09-19T03:26:12Z logger.go:66:       - description       = "managed by Terraform" -> null
TestTerraformCompleteExample 2022-09-19T03:26:12Z logger.go:66:       - from_port         = 22 -> null
TestTerraformCompleteExample 2022-09-19T03:26:12Z logger.go:66:       - id                = "sgrule-1111111111" -> null
TestTerraformCompleteExample 2022-09-19T03:26:12Z logger.go:66:       - prefix_list_ids   = [
TestTerraformCompleteExample 2022-09-19T03:26:12Z logger.go:66:           - "pl-1111111111111111",
TestTerraformCompleteExample 2022-09-19T03:26:12Z logger.go:66:         ] -> null
TestTerraformCompleteExample 2022-09-19T03:26:12Z logger.go:66:       - protocol          = "tcp" -> null
TestTerraformCompleteExample 2022-09-19T03:26:12Z logger.go:66:       - security_group_id = "sg-1111111111111111" -> null
TestTerraformCompleteExample 2022-09-19T03:26:12Z logger.go:66:       - self              = false -> null
TestTerraformCompleteExample 2022-09-19T03:26:12Z logger.go:66:       - to_port           = 22 -> null
TestTerraformCompleteExample 2022-09-19T03:26:12Z logger.go:66:       - type              = "egress" -> null
TestTerraformCompleteExample 2022-09-19T03:26:12Z logger.go:66:     }
TestTerraformCompleteExample 2022-09-19T03:26:12Z logger.go:66:
TestTerraformCompleteExample 2022-09-19T03:26:12Z logger.go:66:   # module.security_group.aws_security_group_rule.ingress["10.10.0.0/16-10.20.0.0/24-managed-rule-example-all-all"] will be destroyed
TestTerraformCompleteExample 2022-09-19T03:26:12Z logger.go:66:   - resource "aws_security_group_rule" "ingress" {
TestTerraformCompleteExample 2022-09-19T03:26:12Z logger.go:66:       - cidr_blocks       = [
TestTerraformCompleteExample 2022-09-19T03:26:12Z logger.go:66:           - "10.10.0.0/16",
TestTerraformCompleteExample 2022-09-19T03:26:12Z logger.go:66:           - "10.20.0.0/24",
TestTerraformCompleteExample 2022-09-19T03:26:12Z logger.go:66:         ] -> null
TestTerraformCompleteExample 2022-09-19T03:26:12Z logger.go:66:       - description       = "managed rule example" -> null
TestTerraformCompleteExample 2022-09-19T03:26:12Z logger.go:66:       - from_port         = 0 -> null
TestTerraformCompleteExample 2022-09-19T03:26:12Z logger.go:66:       - id                = "sgrule-1111111111" -> null
TestTerraformCompleteExample 2022-09-19T03:26:12Z logger.go:66:       - protocol          = "-1" -> null
TestTerraformCompleteExample 2022-09-19T03:26:12Z logger.go:66:       - security_group_id = "sg-1111111111111111" -> null
TestTerraformCompleteExample 2022-09-19T03:26:12Z logger.go:66:       - self              = false -> null
TestTerraformCompleteExample 2022-09-19T03:26:12Z logger.go:66:       - to_port           = 0 -> null
TestTerraformCompleteExample 2022-09-19T03:26:12Z logger.go:66:       - type              = "ingress" -> null
TestTerraformCompleteExample 2022-09-19T03:26:12Z logger.go:66:     }
TestTerraformCompleteExample 2022-09-19T03:26:12Z logger.go:66:
TestTerraformCompleteExample 2022-09-19T03:26:12Z logger.go:66:   # module.security_group.aws_security_group_rule.ingress["2001:db8::/64-postgresql-tcp"] will be destroyed
TestTerraformCompleteExample 2022-09-19T03:26:12Z logger.go:66:   - resource "aws_security_group_rule" "ingress" {
TestTerraformCompleteExample 2022-09-19T03:26:12Z logger.go:66:       - description       = "managed by Terraform" -> null
TestTerraformCompleteExample 2022-09-19T03:26:12Z logger.go:66:       - from_port         = 5432 -> null
TestTerraformCompleteExample 2022-09-19T03:26:12Z logger.go:66:       - id                = "sgrule-1111111111" -> null
TestTerraformCompleteExample 2022-09-19T03:26:12Z logger.go:66:       - ipv6_cidr_blocks  = [
TestTerraformCompleteExample 2022-09-19T03:26:12Z logger.go:66:           - "2001:db8::/64",
TestTerraformCompleteExample 2022-09-19T03:26:12Z logger.go:66:         ] -> null
TestTerraformCompleteExample 2022-09-19T03:26:12Z logger.go:66:       - protocol          = "tcp" -> null
TestTerraformCompleteExample 2022-09-19T03:26:12Z logger.go:66:       - security_group_id = "sg-1111111111111111" -> null
TestTerraformCompleteExample 2022-09-19T03:26:12Z logger.go:66:       - self              = false -> null
TestTerraformCompleteExample 2022-09-19T03:26:12Z logger.go:66:       - to_port           = 5432 -> null
TestTerraformCompleteExample 2022-09-19T03:26:12Z logger.go:66:       - type              = "ingress" -> null
TestTerraformCompleteExample 2022-09-19T03:26:12Z logger.go:66:     }
TestTerraformCompleteExample 2022-09-19T03:26:12Z logger.go:66:
TestTerraformCompleteExample 2022-09-19T03:26:12Z logger.go:66:   # module.security_group.aws_security_group_rule.ingress["all-all-from-self"] will be destroyed
TestTerraformCompleteExample 2022-09-19T03:26:12Z logger.go:66:   - resource "aws_security_group_rule" "ingress" {
TestTerraformCompleteExample 2022-09-19T03:26:12Z logger.go:66:       - description       = "managed by Terraform" -> null
TestTerraformCompleteExample 2022-09-19T03:26:12Z logger.go:66:       - from_port         = 0 -> null
TestTerraformCompleteExample 2022-09-19T03:26:12Z logger.go:66:       - id                = "sgrule-1111111111" -> null
TestTerraformCompleteExample 2022-09-19T03:26:12Z logger.go:66:       - protocol          = "-1" -> null
TestTerraformCompleteExample 2022-09-19T03:26:12Z logger.go:66:       - security_group_id = "sg-1111111111111111" -> null
TestTerraformCompleteExample 2022-09-19T03:26:12Z logger.go:66:       - self              = true -> null
TestTerraformCompleteExample 2022-09-19T03:26:12Z logger.go:66:       - to_port           = 0 -> null
TestTerraformCompleteExample 2022-09-19T03:26:12Z logger.go:66:       - type              = "ingress" -> null
TestTerraformCompleteExample 2022-09-19T03:26:12Z logger.go:66:     }
TestTerraformCompleteExample 2022-09-19T03:26:12Z logger.go:66:
TestTerraformCompleteExample 2022-09-19T03:26:12Z logger.go:66:   # module.security_group.aws_security_group_rule.ingress["common-rule-example-https-tcp-from-public"] will be destroyed
TestTerraformCompleteExample 2022-09-19T03:26:12Z logger.go:66:   - resource "aws_security_group_rule" "ingress" {
TestTerraformCompleteExample 2022-09-19T03:26:12Z logger.go:66:       - cidr_blocks       = [
TestTerraformCompleteExample 2022-09-19T03:26:12Z logger.go:66:           - "0.0.0.0/0",
TestTerraformCompleteExample 2022-09-19T03:26:12Z logger.go:66:         ] -> null
TestTerraformCompleteExample 2022-09-19T03:26:12Z logger.go:66:       - description       = "common rule example" -> null
TestTerraformCompleteExample 2022-09-19T03:26:12Z logger.go:66:       - from_port         = 443 -> null
TestTerraformCompleteExample 2022-09-19T03:26:12Z logger.go:66:       - id                = "sgrule-1111111111" -> null
TestTerraformCompleteExample 2022-09-19T03:26:12Z logger.go:66:       - ipv6_cidr_blocks  = [
TestTerraformCompleteExample 2022-09-19T03:26:12Z logger.go:66:           - "::/0",
TestTerraformCompleteExample 2022-09-19T03:26:12Z logger.go:66:         ] -> null
TestTerraformCompleteExample 2022-09-19T03:26:12Z logger.go:66:       - protocol          = "tcp" -> null
TestTerraformCompleteExample 2022-09-19T03:26:12Z logger.go:66:       - security_group_id = "sg-1111111111111111" -> null
TestTerraformCompleteExample 2022-09-19T03:26:12Z logger.go:66:       - self              = false -> null
TestTerraformCompleteExample 2022-09-19T03:26:12Z logger.go:66:       - to_port           = 443 -> null
TestTerraformCompleteExample 2022-09-19T03:26:12Z logger.go:66:       - type              = "ingress" -> null
TestTerraformCompleteExample 2022-09-19T03:26:12Z logger.go:66:     }
TestTerraformCompleteExample 2022-09-19T03:26:12Z logger.go:66:
TestTerraformCompleteExample 2022-09-19T03:26:12Z logger.go:66:   # module.security_group.aws_security_group_rule.ingress["customer-rule-example-0-icmp-sg-1111111111111111-0"] will be destroyed
TestTerraformCompleteExample 2022-09-19T03:26:12Z logger.go:66:   - resource "aws_security_group_rule" "ingress" {
TestTerraformCompleteExample 2022-09-19T03:26:12Z logger.go:66:       - description              = "customer rule example" -> null
TestTerraformCompleteExample 2022-09-19T03:26:12Z logger.go:66:       - from_port                = 0 -> null
TestTerraformCompleteExample 2022-09-19T03:26:12Z logger.go:66:       - id                       = "sgrule-1111111111" -> null
TestTerraformCompleteExample 2022-09-19T03:26:12Z logger.go:66:       - protocol                 = "icmp" -> null
TestTerraformCompleteExample 2022-09-19T03:26:12Z logger.go:66:       - security_group_id        = "sg-1111111111111111" -> null
TestTerraformCompleteExample 2022-09-19T03:26:12Z logger.go:66:       - self                     = false -> null
TestTerraformCompleteExample 2022-09-19T03:26:12Z logger.go:66:       - source_security_group_id = "sg-1111111111111111" -> null
TestTerraformCompleteExample 2022-09-19T03:26:12Z logger.go:66:       - to_port                  = 0 -> null
TestTerraformCompleteExample 2022-09-19T03:26:12Z logger.go:66:       - type                     = "ingress" -> null
TestTerraformCompleteExample 2022-09-19T03:26:12Z logger.go:66:     }
TestTerraformCompleteExample 2022-09-19T03:26:12Z logger.go:66:
TestTerraformCompleteExample 2022-09-19T03:26:12Z logger.go:66:   # module.security_group.aws_security_group_rule.ingress["http-tcp-from-public"] will be destroyed
TestTerraformCompleteExample 2022-09-19T03:26:12Z logger.go:66:   - resource "aws_security_group_rule" "ingress" {
TestTerraformCompleteExample 2022-09-19T03:26:12Z logger.go:66:       - cidr_blocks       = [
TestTerraformCompleteExample 2022-09-19T03:26:12Z logger.go:66:           - "0.0.0.0/0",
TestTerraformCompleteExample 2022-09-19T03:26:12Z logger.go:66:         ] -> null
TestTerraformCompleteExample 2022-09-19T03:26:12Z logger.go:66:       - description       = "managed by Terraform" -> null
TestTerraformCompleteExample 2022-09-19T03:26:12Z logger.go:66:       - from_port         = 80 -> null
TestTerraformCompleteExample 2022-09-19T03:26:12Z logger.go:66:       - id                = "sgrule-1111111111" -> null
TestTerraformCompleteExample 2022-09-19T03:26:12Z logger.go:66:       - ipv6_cidr_blocks  = [
TestTerraformCompleteExample 2022-09-19T03:26:12Z logger.go:66:           - "::/0",
TestTerraformCompleteExample 2022-09-19T03:26:12Z logger.go:66:         ] -> null
TestTerraformCompleteExample 2022-09-19T03:26:12Z logger.go:66:       - protocol          = "tcp" -> null
TestTerraformCompleteExample 2022-09-19T03:26:12Z logger.go:66:       - security_group_id = "sg-1111111111111111" -> null
TestTerraformCompleteExample 2022-09-19T03:26:12Z logger.go:66:       - self              = false -> null
TestTerraformCompleteExample 2022-09-19T03:26:12Z logger.go:66:       - to_port           = 80 -> null
TestTerraformCompleteExample 2022-09-19T03:26:12Z logger.go:66:       - type              = "ingress" -> null
TestTerraformCompleteExample 2022-09-19T03:26:12Z logger.go:66:     }
TestTerraformCompleteExample 2022-09-19T03:26:12Z logger.go:66:
TestTerraformCompleteExample 2022-09-19T03:26:12Z logger.go:66:   # module.security_group.aws_security_group_rule.ingress["pl-1111111111111111-ssh-tcp"] will be destroyed
TestTerraformCompleteExample 2022-09-19T03:26:12Z logger.go:66:   - resource "aws_security_group_rule" "ingress" {
TestTerraformCompleteExample 2022-09-19T03:26:12Z logger.go:66:       - description       = "managed by Terraform" -> null
TestTerraformCompleteExample 2022-09-19T03:26:12Z logger.go:66:       - from_port         = 22 -> null
TestTerraformCompleteExample 2022-09-19T03:26:12Z logger.go:66:       - id                = "sgrule-1111111111" -> null
TestTerraformCompleteExample 2022-09-19T03:26:12Z logger.go:66:       - prefix_list_ids   = [
TestTerraformCompleteExample 2022-09-19T03:26:12Z logger.go:66:           - "pl-1111111111111111",
TestTerraformCompleteExample 2022-09-19T03:26:12Z logger.go:66:         ] -> null
TestTerraformCompleteExample 2022-09-19T03:26:12Z logger.go:66:       - protocol          = "tcp" -> null
TestTerraformCompleteExample 2022-09-19T03:26:12Z logger.go:66:       - security_group_id = "sg-1111111111111111" -> null
TestTerraformCompleteExample 2022-09-19T03:26:12Z logger.go:66:       - self              = false -> null
TestTerraformCompleteExample 2022-09-19T03:26:12Z logger.go:66:       - to_port           = 22 -> null
TestTerraformCompleteExample 2022-09-19T03:26:12Z logger.go:66:       - type              = "ingress" -> null
TestTerraformCompleteExample 2022-09-19T03:26:12Z logger.go:66:     }
TestTerraformCompleteExample 2022-09-19T03:26:12Z logger.go:66:
TestTerraformCompleteExample 2022-09-19T03:26:12Z logger.go:66: Plan: 0 to add, 0 to change, 19 to destroy.
TestTerraformCompleteExample 2022-09-19T03:26:12Z logger.go:66:
TestTerraformCompleteExample 2022-09-19T03:26:12Z logger.go:66: Changes to Outputs:
TestTerraformCompleteExample 2022-09-19T03:26:12Z logger.go:66:   - arn            = "arn:aws:ec2:us-west-2:111111111111:security-group/sg-1111111111111111" -> null
TestTerraformCompleteExample 2022-09-19T03:26:12Z logger.go:66:   - disabled_sg_id = "I was not created" -> null
TestTerraformCompleteExample 2022-09-19T03:26:12Z logger.go:66:   - egress         = [
TestTerraformCompleteExample 2022-09-19T03:26:12Z logger.go:66:       - {
TestTerraformCompleteExample 2022-09-19T03:26:12Z logger.go:66:           - cidr_blocks              = [
TestTerraformCompleteExample 2022-09-19T03:26:12Z logger.go:66:               - "10.10.0.0/16",
TestTerraformCompleteExample 2022-09-19T03:26:12Z logger.go:66:               - "10.20.0.0/24",
TestTerraformCompleteExample 2022-09-19T03:26:12Z logger.go:66:             ]
TestTerraformCompleteExample 2022-09-19T03:26:12Z logger.go:66:           - description              = "managed rule example"
TestTerraformCompleteExample 2022-09-19T03:26:12Z logger.go:66:           - from_port                = 443
TestTerraformCompleteExample 2022-09-19T03:26:12Z logger.go:66:           - id                       = "sgrule-1111111111"
TestTerraformCompleteExample 2022-09-19T03:26:12Z logger.go:66:           - ipv6_cidr_blocks         = null
TestTerraformCompleteExample 2022-09-19T03:26:12Z logger.go:66:           - prefix_list_ids          = null
TestTerraformCompleteExample 2022-09-19T03:26:12Z logger.go:66:           - protocol                 = "tcp"
TestTerraformCompleteExample 2022-09-19T03:26:12Z logger.go:66:           - security_group_id        = "sg-1111111111111111"
TestTerraformCompleteExample 2022-09-19T03:26:12Z logger.go:66:           - self                     = false
TestTerraformCompleteExample 2022-09-19T03:26:12Z logger.go:66:           - source_security_group_id = null
TestTerraformCompleteExample 2022-09-19T03:26:12Z logger.go:66:           - timeouts                 = null
TestTerraformCompleteExample 2022-09-19T03:26:12Z logger.go:66:           - to_port                  = 443
TestTerraformCompleteExample 2022-09-19T03:26:12Z logger.go:66:           - type                     = "egress"
TestTerraformCompleteExample 2022-09-19T03:26:12Z logger.go:66:         },
TestTerraformCompleteExample 2022-09-19T03:26:12Z logger.go:66:       - {
TestTerraformCompleteExample 2022-09-19T03:26:12Z logger.go:66:           - cidr_blocks              = null
TestTerraformCompleteExample 2022-09-19T03:26:12Z logger.go:66:           - description              = "managed by Terraform"
TestTerraformCompleteExample 2022-09-19T03:26:12Z logger.go:66:           - from_port                = 5432
TestTerraformCompleteExample 2022-09-19T03:26:12Z logger.go:66:           - id                       = "sgrule-1111111111"
TestTerraformCompleteExample 2022-09-19T03:26:12Z logger.go:66:           - ipv6_cidr_blocks         = [
TestTerraformCompleteExample 2022-09-19T03:26:12Z logger.go:66:               - "2001:db8::/64",
TestTerraformCompleteExample 2022-09-19T03:26:12Z logger.go:66:             ]
TestTerraformCompleteExample 2022-09-19T03:26:12Z logger.go:66:           - prefix_list_ids          = null
TestTerraformCompleteExample 2022-09-19T03:26:12Z logger.go:66:           - protocol                 = "tcp"
TestTerraformCompleteExample 2022-09-19T03:26:12Z logger.go:66:           - security_group_id        = "sg-1111111111111111"
TestTerraformCompleteExample 2022-09-19T03:26:12Z logger.go:66:           - self                     = false
TestTerraformCompleteExample 2022-09-19T03:26:12Z logger.go:66:           - source_security_group_id = null
TestTerraformCompleteExample 2022-09-19T03:26:12Z logger.go:66:           - timeouts                 = null
TestTerraformCompleteExample 2022-09-19T03:26:12Z logger.go:66:           - to_port                  = 5432
TestTerraformCompleteExample 2022-09-19T03:26:12Z logger.go:66:           - type                     = "egress"
TestTerraformCompleteExample 2022-09-19T03:26:12Z logger.go:66:         },
TestTerraformCompleteExample 2022-09-19T03:26:12Z logger.go:66:       - {
TestTerraformCompleteExample 2022-09-19T03:26:12Z logger.go:66:           - cidr_blocks              = [
TestTerraformCompleteExample 2022-09-19T03:26:12Z logger.go:66:               - "0.0.0.0/0",
TestTerraformCompleteExample 2022-09-19T03:26:12Z logger.go:66:             ]
TestTerraformCompleteExample 2022-09-19T03:26:12Z logger.go:66:           - description              = "common rule example"
TestTerraformCompleteExample 2022-09-19T03:26:12Z logger.go:66:           - from_port                = 0
TestTerraformCompleteExample 2022-09-19T03:26:12Z logger.go:66:           - id                       = "sgrule-1111111111"
TestTerraformCompleteExample 2022-09-19T03:26:12Z logger.go:66:           - ipv6_cidr_blocks         = [
TestTerraformCompleteExample 2022-09-19T03:26:12Z logger.go:66:               - "::/0",
TestTerraformCompleteExample 2022-09-19T03:26:12Z logger.go:66:             ]
TestTerraformCompleteExample 2022-09-19T03:26:12Z logger.go:66:           - prefix_list_ids          = null
TestTerraformCompleteExample 2022-09-19T03:26:12Z logger.go:66:           - protocol                 = "-1"
TestTerraformCompleteExample 2022-09-19T03:26:12Z logger.go:66:           - security_group_id        = "sg-1111111111111111"
TestTerraformCompleteExample 2022-09-19T03:26:12Z logger.go:66:           - self                     = false
TestTerraformCompleteExample 2022-09-19T03:26:12Z logger.go:66:           - source_security_group_id = null
TestTerraformCompleteExample 2022-09-19T03:26:12Z logger.go:66:           - timeouts                 = null
TestTerraformCompleteExample 2022-09-19T03:26:12Z logger.go:66:           - to_port                  = 0
TestTerraformCompleteExample 2022-09-19T03:26:12Z logger.go:66:           - type                     = "egress"
TestTerraformCompleteExample 2022-09-19T03:26:12Z logger.go:66:         },
TestTerraformCompleteExample 2022-09-19T03:26:12Z logger.go:66:       - {
TestTerraformCompleteExample 2022-09-19T03:26:12Z logger.go:66:           - cidr_blocks              = null
TestTerraformCompleteExample 2022-09-19T03:26:12Z logger.go:66:           - description              = "customer rule example"
TestTerraformCompleteExample 2022-09-19T03:26:12Z logger.go:66:           - from_port                = 0
TestTerraformCompleteExample 2022-09-19T03:26:12Z logger.go:66:           - id                       = "sgrule-1111111111"
TestTerraformCompleteExample 2022-09-19T03:26:12Z logger.go:66:           - ipv6_cidr_blocks         = null
TestTerraformCompleteExample 2022-09-19T03:26:12Z logger.go:66:           - prefix_list_ids          = null
TestTerraformCompleteExample 2022-09-19T03:26:12Z logger.go:66:           - protocol                 = "icmp"
TestTerraformCompleteExample 2022-09-19T03:26:12Z logger.go:66:           - security_group_id        = "sg-1111111111111111"
TestTerraformCompleteExample 2022-09-19T03:26:12Z logger.go:66:           - self                     = false
TestTerraformCompleteExample 2022-09-19T03:26:12Z logger.go:66:           - source_security_group_id = "sg-1111111111111111"
TestTerraformCompleteExample 2022-09-19T03:26:12Z logger.go:66:           - timeouts                 = null
TestTerraformCompleteExample 2022-09-19T03:26:12Z logger.go:66:           - to_port                  = 0
TestTerraformCompleteExample 2022-09-19T03:26:12Z logger.go:66:           - type                     = "egress"
TestTerraformCompleteExample 2022-09-19T03:26:12Z logger.go:66:         },
TestTerraformCompleteExample 2022-09-19T03:26:12Z logger.go:66:       - {
TestTerraformCompleteExample 2022-09-19T03:26:12Z logger.go:66:           - cidr_blocks              = null
TestTerraformCompleteExample 2022-09-19T03:26:12Z logger.go:66:           - description              = "managed by Terraform"
TestTerraformCompleteExample 2022-09-19T03:26:12Z logger.go:66:           - from_port                = 22
TestTerraformCompleteExample 2022-09-19T03:26:12Z logger.go:66:           - id                       = "sgrule-1111111111"
TestTerraformCompleteExample 2022-09-19T03:26:12Z logger.go:66:           - ipv6_cidr_blocks         = null
TestTerraformCompleteExample 2022-09-19T03:26:12Z logger.go:66:           - prefix_list_ids          = [
TestTerraformCompleteExample 2022-09-19T03:26:12Z logger.go:66:               - "pl-1111111111111111",
TestTerraformCompleteExample 2022-09-19T03:26:12Z logger.go:66:             ]
TestTerraformCompleteExample 2022-09-19T03:26:12Z logger.go:66:           - protocol                 = "tcp"
TestTerraformCompleteExample 2022-09-19T03:26:12Z logger.go:66:           - security_group_id        = "sg-1111111111111111"
TestTerraformCompleteExample 2022-09-19T03:26:12Z logger.go:66:           - self                     = false
TestTerraformCompleteExample 2022-09-19T03:26:12Z logger.go:66:           - source_security_group_id = null
TestTerraformCompleteExample 2022-09-19T03:26:12Z logger.go:66:           - timeouts                 = null
TestTerraformCompleteExample 2022-09-19T03:26:12Z logger.go:66:           - to_port                  = 22
TestTerraformCompleteExample 2022-09-19T03:26:12Z logger.go:66:           - type                     = "egress"
TestTerraformCompleteExample 2022-09-19T03:26:12Z logger.go:66:         },
TestTerraformCompleteExample 2022-09-19T03:26:12Z logger.go:66:       - {
TestTerraformCompleteExample 2022-09-19T03:26:12Z logger.go:66:           - cidr_blocks              = null
TestTerraformCompleteExample 2022-09-19T03:26:12Z logger.go:66:           - description              = "computed (customer) rule example"
TestTerraformCompleteExample 2022-09-19T03:26:12Z logger.go:66:           - from_port                = 80
TestTerraformCompleteExample 2022-09-19T03:26:12Z logger.go:66:           - id                       = "sgrule-1111111111"
TestTerraformCompleteExample 2022-09-19T03:26:12Z logger.go:66:           - ipv6_cidr_blocks         = null
TestTerraformCompleteExample 2022-09-19T03:26:12Z logger.go:66:           - prefix_list_ids          = [
TestTerraformCompleteExample 2022-09-19T03:26:12Z logger.go:66:               - "pl-1111111111111111",
TestTerraformCompleteExample 2022-09-19T03:26:12Z logger.go:66:             ]
TestTerraformCompleteExample 2022-09-19T03:26:12Z logger.go:66:           - protocol                 = "tcp"
TestTerraformCompleteExample 2022-09-19T03:26:12Z logger.go:66:           - security_group_id        = "sg-1111111111111111"
TestTerraformCompleteExample 2022-09-19T03:26:12Z logger.go:66:           - self                     = false
TestTerraformCompleteExample 2022-09-19T03:26:12Z logger.go:66:           - source_security_group_id = null
TestTerraformCompleteExample 2022-09-19T03:26:12Z logger.go:66:           - timeouts                 = null
TestTerraformCompleteExample 2022-09-19T03:26:12Z logger.go:66:           - to_port                  = 80
TestTerraformCompleteExample 2022-09-19T03:26:12Z logger.go:66:           - type                     = "egress"
TestTerraformCompleteExample 2022-09-19T03:26:12Z logger.go:66:         },
TestTerraformCompleteExample 2022-09-19T03:26:12Z logger.go:66:       - {
TestTerraformCompleteExample 2022-09-19T03:26:12Z logger.go:66:           - cidr_blocks              = null
TestTerraformCompleteExample 2022-09-19T03:26:12Z logger.go:66:           - description              = "computed (managed) rule example"
TestTerraformCompleteExample 2022-09-19T03:26:12Z logger.go:66:           - from_port                = 443
TestTerraformCompleteExample 2022-09-19T03:26:12Z logger.go:66:           - id                       = "sgrule-1111111111"
TestTerraformCompleteExample 2022-09-19T03:26:12Z logger.go:66:           - ipv6_cidr_blocks         = null
TestTerraformCompleteExample 2022-09-19T03:26:12Z logger.go:66:           - prefix_list_ids          = [
TestTerraformCompleteExample 2022-09-19T03:26:12Z logger.go:66:               - "pl-1111111111111111",
TestTerraformCompleteExample 2022-09-19T03:26:12Z logger.go:66:             ]
TestTerraformCompleteExample 2022-09-19T03:26:12Z logger.go:66:           - protocol                 = "tcp"
TestTerraformCompleteExample 2022-09-19T03:26:12Z logger.go:66:           - security_group_id        = "sg-1111111111111111"
TestTerraformCompleteExample 2022-09-19T03:26:12Z logger.go:66:           - self                     = false
TestTerraformCompleteExample 2022-09-19T03:26:12Z logger.go:66:           - source_security_group_id = null
TestTerraformCompleteExample 2022-09-19T03:26:12Z logger.go:66:           - timeouts                 = null
TestTerraformCompleteExample 2022-09-19T03:26:12Z logger.go:66:           - to_port                  = 443
TestTerraformCompleteExample 2022-09-19T03:26:12Z logger.go:66:           - type                     = "egress"
TestTerraformCompleteExample 2022-09-19T03:26:12Z logger.go:66:         },
TestTerraformCompleteExample 2022-09-19T03:26:12Z logger.go:66:     ] -> null
TestTerraformCompleteExample 2022-09-19T03:26:12Z logger.go:66:   - id             = "sg-1111111111111111" -> null
TestTerraformCompleteExample 2022-09-19T03:26:12Z logger.go:66:   - ingress        = [
TestTerraformCompleteExample 2022-09-19T03:26:12Z logger.go:66:       - {
TestTerraformCompleteExample 2022-09-19T03:26:12Z logger.go:66:           - cidr_blocks              = [
TestTerraformCompleteExample 2022-09-19T03:26:12Z logger.go:66:               - "10.10.0.0/16",
TestTerraformCompleteExample 2022-09-19T03:26:12Z logger.go:66:               - "10.20.0.0/24",
TestTerraformCompleteExample 2022-09-19T03:26:12Z logger.go:66:             ]
TestTerraformCompleteExample 2022-09-19T03:26:12Z logger.go:66:           - description              = "managed rule example"
TestTerraformCompleteExample 2022-09-19T03:26:12Z logger.go:66:           - from_port                = 0
TestTerraformCompleteExample 2022-09-19T03:26:12Z logger.go:66:           - id                       = "sgrule-1111111111"
TestTerraformCompleteExample 2022-09-19T03:26:12Z logger.go:66:           - ipv6_cidr_blocks         = null
TestTerraformCompleteExample 2022-09-19T03:26:12Z logger.go:66:           - prefix_list_ids          = null
TestTerraformCompleteExample 2022-09-19T03:26:12Z logger.go:66:           - protocol                 = "-1"
TestTerraformCompleteExample 2022-09-19T03:26:12Z logger.go:66:           - security_group_id        = "sg-1111111111111111"
TestTerraformCompleteExample 2022-09-19T03:26:12Z logger.go:66:           - self                     = false
TestTerraformCompleteExample 2022-09-19T03:26:12Z logger.go:66:           - source_security_group_id = null
TestTerraformCompleteExample 2022-09-19T03:26:12Z logger.go:66:           - timeouts                 = null
TestTerraformCompleteExample 2022-09-19T03:26:12Z logger.go:66:           - to_port                  = 0
TestTerraformCompleteExample 2022-09-19T03:26:12Z logger.go:66:           - type                     = "ingress"
TestTerraformCompleteExample 2022-09-19T03:26:12Z logger.go:66:         },
TestTerraformCompleteExample 2022-09-19T03:26:12Z logger.go:66:       - {
TestTerraformCompleteExample 2022-09-19T03:26:12Z logger.go:66:           - cidr_blocks              = null
TestTerraformCompleteExample 2022-09-19T03:26:12Z logger.go:66:           - description              = "managed by Terraform"
TestTerraformCompleteExample 2022-09-19T03:26:12Z logger.go:66:           - from_port                = 5432
TestTerraformCompleteExample 2022-09-19T03:26:12Z logger.go:66:           - id                       = "sgrule-1111111111"
TestTerraformCompleteExample 2022-09-19T03:26:12Z logger.go:66:           - ipv6_cidr_blocks         = [
TestTerraformCompleteExample 2022-09-19T03:26:12Z logger.go:66:               - "2001:db8::/64",
TestTerraformCompleteExample 2022-09-19T03:26:12Z logger.go:66:             ]
TestTerraformCompleteExample 2022-09-19T03:26:12Z logger.go:66:           - prefix_list_ids          = null
TestTerraformCompleteExample 2022-09-19T03:26:12Z logger.go:66:           - protocol                 = "tcp"
TestTerraformCompleteExample 2022-09-19T03:26:12Z logger.go:66:           - security_group_id        = "sg-1111111111111111"
TestTerraformCompleteExample 2022-09-19T03:26:12Z logger.go:66:           - self                     = false
TestTerraformCompleteExample 2022-09-19T03:26:12Z logger.go:66:           - source_security_group_id = null
TestTerraformCompleteExample 2022-09-19T03:26:12Z logger.go:66:           - timeouts                 = null
TestTerraformCompleteExample 2022-09-19T03:26:12Z logger.go:66:           - to_port                  = 5432
TestTerraformCompleteExample 2022-09-19T03:26:12Z logger.go:66:           - type                     = "ingress"
TestTerraformCompleteExample 2022-09-19T03:26:12Z logger.go:66:         },
TestTerraformCompleteExample 2022-09-19T03:26:12Z logger.go:66:       - {
TestTerraformCompleteExample 2022-09-19T03:26:12Z logger.go:66:           - cidr_blocks              = null
TestTerraformCompleteExample 2022-09-19T03:26:12Z logger.go:66:           - description              = "managed by Terraform"
TestTerraformCompleteExample 2022-09-19T03:26:12Z logger.go:66:           - from_port                = 0
TestTerraformCompleteExample 2022-09-19T03:26:12Z logger.go:66:           - id                       = "sgrule-1111111111"
TestTerraformCompleteExample 2022-09-19T03:26:12Z logger.go:66:           - ipv6_cidr_blocks         = null
TestTerraformCompleteExample 2022-09-19T03:26:12Z logger.go:66:           - prefix_list_ids          = null
TestTerraformCompleteExample 2022-09-19T03:26:12Z logger.go:66:           - protocol                 = "-1"
TestTerraformCompleteExample 2022-09-19T03:26:12Z logger.go:66:           - security_group_id        = "sg-1111111111111111"
TestTerraformCompleteExample 2022-09-19T03:26:12Z logger.go:66:           - self                     = true
TestTerraformCompleteExample 2022-09-19T03:26:12Z logger.go:66:           - source_security_group_id = null
TestTerraformCompleteExample 2022-09-19T03:26:12Z logger.go:66:           - timeouts                 = null
TestTerraformCompleteExample 2022-09-19T03:26:12Z logger.go:66:           - to_port                  = 0
TestTerraformCompleteExample 2022-09-19T03:26:12Z logger.go:66:           - type                     = "ingress"
TestTerraformCompleteExample 2022-09-19T03:26:12Z logger.go:66:         },
TestTerraformCompleteExample 2022-09-19T03:26:12Z logger.go:66:       - {
TestTerraformCompleteExample 2022-09-19T03:26:12Z logger.go:66:           - cidr_blocks              = [
TestTerraformCompleteExample 2022-09-19T03:26:12Z logger.go:66:               - "0.0.0.0/0",
TestTerraformCompleteExample 2022-09-19T03:26:12Z logger.go:66:             ]
TestTerraformCompleteExample 2022-09-19T03:26:12Z logger.go:66:           - description              = "common rule example"
TestTerraformCompleteExample 2022-09-19T03:26:12Z logger.go:66:           - from_port                = 443
TestTerraformCompleteExample 2022-09-19T03:26:12Z logger.go:66:           - id                       = "sgrule-1111111111"
TestTerraformCompleteExample 2022-09-19T03:26:12Z logger.go:66:           - ipv6_cidr_blocks         = [
TestTerraformCompleteExample 2022-09-19T03:26:12Z logger.go:66:               - "::/0",
TestTerraformCompleteExample 2022-09-19T03:26:12Z logger.go:66:             ]
TestTerraformCompleteExample 2022-09-19T03:26:12Z logger.go:66:           - prefix_list_ids          = null
TestTerraformCompleteExample 2022-09-19T03:26:12Z logger.go:66:           - protocol                 = "tcp"
TestTerraformCompleteExample 2022-09-19T03:26:12Z logger.go:66:           - security_group_id        = "sg-1111111111111111"
TestTerraformCompleteExample 2022-09-19T03:26:12Z logger.go:66:           - self                     = false
TestTerraformCompleteExample 2022-09-19T03:26:12Z logger.go:66:           - source_security_group_id = null
TestTerraformCompleteExample 2022-09-19T03:26:12Z logger.go:66:           - timeouts                 = null
TestTerraformCompleteExample 2022-09-19T03:26:12Z logger.go:66:           - to_port                  = 443
TestTerraformCompleteExample 2022-09-19T03:26:12Z logger.go:66:           - type                     = "ingress"
TestTerraformCompleteExample 2022-09-19T03:26:12Z logger.go:66:         },
TestTerraformCompleteExample 2022-09-19T03:26:12Z logger.go:66:       - {
TestTerraformCompleteExample 2022-09-19T03:26:12Z logger.go:66:           - cidr_blocks              = null
TestTerraformCompleteExample 2022-09-19T03:26:12Z logger.go:66:           - description              = "customer rule example"
TestTerraformCompleteExample 2022-09-19T03:26:12Z logger.go:66:           - from_port                = 0
TestTerraformCompleteExample 2022-09-19T03:26:12Z logger.go:66:           - id                       = "sgrule-1111111111"
TestTerraformCompleteExample 2022-09-19T03:26:12Z logger.go:66:           - ipv6_cidr_blocks         = null
TestTerraformCompleteExample 2022-09-19T03:26:12Z logger.go:66:           - prefix_list_ids          = null
TestTerraformCompleteExample 2022-09-19T03:26:12Z logger.go:66:           - protocol                 = "icmp"
TestTerraformCompleteExample 2022-09-19T03:26:12Z logger.go:66:           - security_group_id        = "sg-1111111111111111"
TestTerraformCompleteExample 2022-09-19T03:26:12Z logger.go:66:           - self                     = false
TestTerraformCompleteExample 2022-09-19T03:26:12Z logger.go:66:           - source_security_group_id = "sg-1111111111111111"
TestTerraformCompleteExample 2022-09-19T03:26:12Z logger.go:66:           - timeouts                 = null
TestTerraformCompleteExample 2022-09-19T03:26:12Z logger.go:66:           - to_port                  = 0
TestTerraformCompleteExample 2022-09-19T03:26:12Z logger.go:66:           - type                     = "ingress"
TestTerraformCompleteExample 2022-09-19T03:26:12Z logger.go:66:         },
TestTerraformCompleteExample 2022-09-19T03:26:12Z logger.go:66:       - {
TestTerraformCompleteExample 2022-09-19T03:26:12Z logger.go:66:           - cidr_blocks              = [
TestTerraformCompleteExample 2022-09-19T03:26:12Z logger.go:66:               - "0.0.0.0/0",
TestTerraformCompleteExample 2022-09-19T03:26:12Z logger.go:66:             ]
TestTerraformCompleteExample 2022-09-19T03:26:12Z logger.go:66:           - description              = "managed by Terraform"
TestTerraformCompleteExample 2022-09-19T03:26:12Z logger.go:66:           - from_port                = 80
TestTerraformCompleteExample 2022-09-19T03:26:12Z logger.go:66:           - id                       = "sgrule-1111111111"
TestTerraformCompleteExample 2022-09-19T03:26:12Z logger.go:66:           - ipv6_cidr_blocks         = [
TestTerraformCompleteExample 2022-09-19T03:26:12Z logger.go:66:               - "::/0",
TestTerraformCompleteExample 2022-09-19T03:26:12Z logger.go:66:             ]
TestTerraformCompleteExample 2022-09-19T03:26:12Z logger.go:66:           - prefix_list_ids          = null
TestTerraformCompleteExample 2022-09-19T03:26:12Z logger.go:66:           - protocol                 = "tcp"
TestTerraformCompleteExample 2022-09-19T03:26:12Z logger.go:66:           - security_group_id        = "sg-1111111111111111"
TestTerraformCompleteExample 2022-09-19T03:26:12Z logger.go:66:           - self                     = false
TestTerraformCompleteExample 2022-09-19T03:26:12Z logger.go:66:           - source_security_group_id = null
TestTerraformCompleteExample 2022-09-19T03:26:12Z logger.go:66:           - timeouts                 = null
TestTerraformCompleteExample 2022-09-19T03:26:12Z logger.go:66:           - to_port                  = 80
TestTerraformCompleteExample 2022-09-19T03:26:12Z logger.go:66:           - type                     = "ingress"
TestTerraformCompleteExample 2022-09-19T03:26:12Z logger.go:66:         },
TestTerraformCompleteExample 2022-09-19T03:26:12Z logger.go:66:       - {
TestTerraformCompleteExample 2022-09-19T03:26:12Z logger.go:66:           - cidr_blocks              = null
TestTerraformCompleteExample 2022-09-19T03:26:12Z logger.go:66:           - description              = "managed by Terraform"
TestTerraformCompleteExample 2022-09-19T03:26:12Z logger.go:66:           - from_port                = 22
TestTerraformCompleteExample 2022-09-19T03:26:12Z logger.go:66:           - id                       = "sgrule-1111111111"
TestTerraformCompleteExample 2022-09-19T03:26:12Z logger.go:66:           - ipv6_cidr_blocks         = null
TestTerraformCompleteExample 2022-09-19T03:26:12Z logger.go:66:           - prefix_list_ids          = [
TestTerraformCompleteExample 2022-09-19T03:26:12Z logger.go:66:               - "pl-1111111111111111",
TestTerraformCompleteExample 2022-09-19T03:26:12Z logger.go:66:             ]
TestTerraformCompleteExample 2022-09-19T03:26:12Z logger.go:66:           - protocol                 = "tcp"
TestTerraformCompleteExample 2022-09-19T03:26:12Z logger.go:66:           - security_group_id        = "sg-1111111111111111"
TestTerraformCompleteExample 2022-09-19T03:26:12Z logger.go:66:           - self                     = false
TestTerraformCompleteExample 2022-09-19T03:26:12Z logger.go:66:           - source_security_group_id = null
TestTerraformCompleteExample 2022-09-19T03:26:12Z logger.go:66:           - timeouts                 = null
TestTerraformCompleteExample 2022-09-19T03:26:12Z logger.go:66:           - to_port                  = 22
TestTerraformCompleteExample 2022-09-19T03:26:12Z logger.go:66:           - type                     = "ingress"
TestTerraformCompleteExample 2022-09-19T03:26:12Z logger.go:66:         },
TestTerraformCompleteExample 2022-09-19T03:26:12Z logger.go:66:       - {
TestTerraformCompleteExample 2022-09-19T03:26:12Z logger.go:66:           - cidr_blocks              = null
TestTerraformCompleteExample 2022-09-19T03:26:12Z logger.go:66:           - description              = "This rule must be computed because it is created in the same terraform run as this module and is unknown at plan time."
TestTerraformCompleteExample 2022-09-19T03:26:12Z logger.go:66:           - from_port                = 80
TestTerraformCompleteExample 2022-09-19T03:26:12Z logger.go:66:           - id                       = "sgrule-1111111111"
TestTerraformCompleteExample 2022-09-19T03:26:12Z logger.go:66:           - ipv6_cidr_blocks         = null
TestTerraformCompleteExample 2022-09-19T03:26:12Z logger.go:66:           - prefix_list_ids          = null
TestTerraformCompleteExample 2022-09-19T03:26:12Z logger.go:66:           - protocol                 = "tcp"
TestTerraformCompleteExample 2022-09-19T03:26:12Z logger.go:66:           - security_group_id        = "sg-1111111111111111"
TestTerraformCompleteExample 2022-09-19T03:26:12Z logger.go:66:           - self                     = false
TestTerraformCompleteExample 2022-09-19T03:26:12Z logger.go:66:           - source_security_group_id = "sg-1111111111111111"
TestTerraformCompleteExample 2022-09-19T03:26:12Z logger.go:66:           - timeouts                 = null
TestTerraformCompleteExample 2022-09-19T03:26:12Z logger.go:66:           - to_port                  = 80
TestTerraformCompleteExample 2022-09-19T03:26:12Z logger.go:66:           - type                     = "ingress"
TestTerraformCompleteExample 2022-09-19T03:26:12Z logger.go:66:         },
TestTerraformCompleteExample 2022-09-19T03:26:12Z logger.go:66:       - {
TestTerraformCompleteExample 2022-09-19T03:26:12Z logger.go:66:           - cidr_blocks              = null
TestTerraformCompleteExample 2022-09-19T03:26:12Z logger.go:66:           - description              = "managed by Terraform"
TestTerraformCompleteExample 2022-09-19T03:26:12Z logger.go:66:           - from_port                = 443
TestTerraformCompleteExample 2022-09-19T03:26:12Z logger.go:66:           - id                       = "sgrule-1111111111"
TestTerraformCompleteExample 2022-09-19T03:26:12Z logger.go:66:           - ipv6_cidr_blocks         = null
TestTerraformCompleteExample 2022-09-19T03:26:12Z logger.go:66:           - prefix_list_ids          = null
TestTerraformCompleteExample 2022-09-19T03:26:12Z logger.go:66:           - protocol                 = "tcp"
TestTerraformCompleteExample 2022-09-19T03:26:12Z logger.go:66:           - security_group_id        = "sg-1111111111111111"
TestTerraformCompleteExample 2022-09-19T03:26:12Z logger.go:66:           - self                     = false
TestTerraformCompleteExample 2022-09-19T03:26:12Z logger.go:66:           - source_security_group_id = "sg-1111111111111111"
TestTerraformCompleteExample 2022-09-19T03:26:12Z logger.go:66:           - timeouts                 = null
TestTerraformCompleteExample 2022-09-19T03:26:12Z logger.go:66:           - to_port                  = 443
TestTerraformCompleteExample 2022-09-19T03:26:12Z logger.go:66:           - type                     = "ingress"
TestTerraformCompleteExample 2022-09-19T03:26:12Z logger.go:66:         },
TestTerraformCompleteExample 2022-09-19T03:26:12Z logger.go:66:     ] -> null
TestTerraformCompleteExample 2022-09-19T03:26:12Z logger.go:66:   - terratest      = {
TestTerraformCompleteExample 2022-09-19T03:26:12Z logger.go:66:       - aws_ec2_managed_prefix_list_other_id = "pl-1111111111111111"
TestTerraformCompleteExample 2022-09-19T03:26:12Z logger.go:66:       - aws_security_group_other_id          = "sg-1111111111111111"
TestTerraformCompleteExample 2022-09-19T03:26:12Z logger.go:66:       - data_aws_prefix_list_private_s3_id   = "pl-1111111111111111"
TestTerraformCompleteExample 2022-09-19T03:26:12Z logger.go:66:       - data_aws_security_group_default_id   = "sg-1111111111111111"
TestTerraformCompleteExample 2022-09-19T03:26:12Z logger.go:66:     } -> null
TestTerraformCompleteExample 2022-09-19T03:26:13Z logger.go:66: module.security_group.aws_security_group_rule.egress["customer-rule-example-0-icmp-sg-1111111111111111-0"]: Destroying... [id=sgrule-1111111111]
TestTerraformCompleteExample 2022-09-19T03:26:13Z logger.go:66: module.security_group.aws_security_group_rule.computed_egress[1]: Destroying... [id=sgrule-1111111111]
TestTerraformCompleteExample 2022-09-19T03:26:13Z logger.go:66: module.security_group.aws_security_group_rule.computed_egress[0]: Destroying... [id=sgrule-1111111111]
TestTerraformCompleteExample 2022-09-19T03:26:13Z logger.go:66: module.security_group.aws_security_group_rule.egress["10.10.0.0/16-10.20.0.0/24-managed-rule-example-https-443-tcp"]: Destroying... [id=sgrule-1111111111]
TestTerraformCompleteExample 2022-09-19T03:26:13Z logger.go:66: module.security_group.aws_security_group_rule.ingress["all-all-from-self"]: Destroying... [id=sgrule-1111111111]
TestTerraformCompleteExample 2022-09-19T03:26:13Z logger.go:66: module.security_group.aws_security_group_rule.egress["common-rule-example-all-all-to-public"]: Destroying... [id=sgrule-1111111111]
TestTerraformCompleteExample 2022-09-19T03:26:13Z logger.go:66: module.security_group.aws_security_group_rule.ingress["customer-rule-example-0-icmp-sg-1111111111111111-0"]: Destroying... [id=sgrule-1111111111]
TestTerraformCompleteExample 2022-09-19T03:26:13Z logger.go:66: module.security_group.aws_security_group_rule.egress["pl-1111111111111111-ssh-tcp"]: Destroying... [id=sgrule-1111111111]
TestTerraformCompleteExample 2022-09-19T03:26:13Z logger.go:66: module.security_group.aws_security_group_rule.egress["2001:db8::/64-postgresql-tcp"]: Destroying... [id=sgrule-1111111111]
TestTerraformCompleteExample 2022-09-19T03:26:13Z logger.go:66: module.security_group.aws_security_group_rule.ingress["pl-1111111111111111-ssh-tcp"]: Destroying... [id=sgrule-1111111111]
TestTerraformCompleteExample 2022-09-19T03:26:14Z logger.go:66: module.security_group.aws_security_group_rule.computed_egress[1]: Destruction complete after 0s
TestTerraformCompleteExample 2022-09-19T03:26:14Z logger.go:66: module.security_group.aws_security_group_rule.ingress["http-tcp-from-public"]: Destroying... [id=sgrule-1111111111]
TestTerraformCompleteExample 2022-09-19T03:26:14Z logger.go:66: module.security_group.aws_security_group_rule.egress["10.10.0.0/16-10.20.0.0/24-managed-rule-example-https-443-tcp"]: Destruction complete after 1s
TestTerraformCompleteExample 2022-09-19T03:26:14Z logger.go:66: module.security_group.aws_security_group_rule.ingress["common-rule-example-https-tcp-from-public"]: Destroying... [id=sgrule-1111111111]
TestTerraformCompleteExample 2022-09-19T03:26:15Z logger.go:66: module.security_group.aws_security_group_rule.ingress["all-all-from-self"]: Destruction complete after 2s
TestTerraformCompleteExample 2022-09-19T03:26:15Z logger.go:66: module.security_group.aws_security_group_rule.ingress["10.10.0.0/16-10.20.0.0/24-managed-rule-example-all-all"]: Destroying... [id=sgrule-1111111111]
TestTerraformCompleteExample 2022-09-19T03:26:16Z logger.go:66: module.security_group.aws_security_group_rule.egress["customer-rule-example-0-icmp-sg-1111111111111111-0"]: Destruction complete after 2s
TestTerraformCompleteExample 2022-09-19T03:26:16Z logger.go:66: module.security_group.aws_security_group_rule.ingress["2001:db8::/64-postgresql-tcp"]: Destroying... [id=sgrule-1111111111]
TestTerraformCompleteExample 2022-09-19T03:26:17Z logger.go:66: module.security_group.aws_security_group_rule.egress["common-rule-example-all-all-to-public"]: Destruction complete after 3s
TestTerraformCompleteExample 2022-09-19T03:26:17Z logger.go:66: module.security_group.aws_security_group_rule.computed_ingress[1]: Destroying... [id=sgrule-1111111111]
TestTerraformCompleteExample 2022-09-19T03:26:17Z logger.go:66: module.security_group.aws_security_group_rule.computed_egress[0]: Destruction complete after 4s
TestTerraformCompleteExample 2022-09-19T03:26:17Z logger.go:66: module.security_group.aws_security_group_rule.computed_ingress[0]: Destroying... [id=sgrule-1111111111]
TestTerraformCompleteExample 2022-09-19T03:26:18Z logger.go:66: module.security_group.aws_security_group_rule.ingress["customer-rule-example-0-icmp-sg-1111111111111111-0"]: Destruction complete after 5s
TestTerraformCompleteExample 2022-09-19T03:26:18Z logger.go:66: aws_ec2_managed_prefix_list.other: Destroying... [id=pl-1111111111111111]
TestTerraformCompleteExample 2022-09-19T03:26:19Z logger.go:66: module.security_group.aws_security_group_rule.egress["pl-1111111111111111-ssh-tcp"]: Destruction complete after 6s
TestTerraformCompleteExample 2022-09-19T03:26:20Z logger.go:66: module.security_group.aws_security_group_rule.ingress["pl-1111111111111111-ssh-tcp"]: Destruction complete after 6s
TestTerraformCompleteExample 2022-09-19T03:26:21Z logger.go:66: module.security_group.aws_security_group_rule.egress["2001:db8::/64-postgresql-tcp"]: Destruction complete after 7s
TestTerraformCompleteExample 2022-09-19T03:26:21Z logger.go:66: module.security_group.aws_security_group_rule.ingress["http-tcp-from-public"]: Destruction complete after 8s
TestTerraformCompleteExample 2022-09-19T03:26:22Z logger.go:66: module.security_group.aws_security_group_rule.ingress["common-rule-example-https-tcp-from-public"]: Destruction complete after 7s
TestTerraformCompleteExample 2022-09-19T03:26:23Z logger.go:66: module.security_group.aws_security_group_rule.ingress["10.10.0.0/16-10.20.0.0/24-managed-rule-example-all-all"]: Destruction complete after 7s
TestTerraformCompleteExample 2022-09-19T03:26:24Z logger.go:66: module.security_group.aws_security_group_rule.ingress["2001:db8::/64-postgresql-tcp"]: Destruction complete after 8s
TestTerraformCompleteExample 2022-09-19T03:26:24Z logger.go:66: module.security_group.aws_security_group_rule.computed_ingress[1]: Destruction complete after 8s
TestTerraformCompleteExample 2022-09-19T03:26:25Z logger.go:66: module.security_group.aws_security_group_rule.computed_ingress[0]: Destruction complete after 7s
TestTerraformCompleteExample 2022-09-19T03:26:25Z logger.go:66: aws_security_group.other: Destroying... [id=sg-1111111111111111]
TestTerraformCompleteExample 2022-09-19T03:26:25Z logger.go:66: module.security_group.aws_security_group.self[0]: Destroying... [id=sg-1111111111111111]
TestTerraformCompleteExample 2022-09-19T03:26:26Z logger.go:66: aws_ec2_managed_prefix_list.other: Destruction complete after 8s
TestTerraformCompleteExample 2022-09-19T03:26:26Z logger.go:66: module.security_group.aws_security_group.self[0]: Destruction complete after 1s
TestTerraformCompleteExample 2022-09-19T03:26:26Z logger.go:66: aws_security_group.other: Destruction complete after 2s
TestTerraformCompleteExample 2022-09-19T03:26:26Z logger.go:66:
TestTerraformCompleteExample 2022-09-19T03:26:26Z logger.go:66: Destroy complete! Resources: 19 destroyed.
--- PASS: TestTerraformCompleteExample (48.71s)
PASS
ok  	command-line-arguments	48.727s
